{
  "_meta": {
    "hash": {
      "sha256": "62c4f1bb0441bbc775a47e435787b6304cef6d782961806e1a0947ff5afd1e3e"
    },
    "pipfile-spec": 6,
    "requires": {
      "python_version": "3.12.11"
    },
    "sources": [
      {
        "name": "pypi",
        "url": "https://pypi.org/simple",
        "verify_ssl": true
      }
    ]
  },
  "default": {},
  "develop": {}
}