{
    "_meta": {
        "hash": {
            "sha256": "498e3931ff7a9e563aa0ae78c5046296cff1e635098249a350d80ac67f29d2ab"
        },
        "pipfile-spec": 6,
        "requires": {
            "python_version": "3.12.11"
        },
        "sources": [
            {
                "name": "pypi",
                "url": "https://pypi.org/simple",
                "verify_ssl": true
            }
        ]
    },
    "default": {},
    "develop": {}
}
