{
    "_meta": {
        "hash": {
            "sha256": "50cf9e3ed1510e8ee3578a4ce670ced381fa5e225ff2db02950f2c5bad04ab03"
        },
        "pipfile-spec": 6,
        "requires": {
            "python_version": "3.12.11"
        },
        "sources": [
            {
                "name": "pypi",
                "url": "https://pypi.org/simple",
                "verify_ssl": true
            }
        ]
    },
    "default": {},
    "develop": {}
}