{
  "version": 4,
  "terraform_version": "1.12.2",
  "serial": 17,
  "lineage": "037c98a0-85e2-b004-4817-202f73de4934",
  "outputs": {
    "allowed_http_cidr": {
      "value": "192.168.1.0/24",
      "type": "string"
    },
    "allowed_ssh_cidr": {
      "value": "203.0.113.0/24",
      "type": "string"
    },
    "http_security_group_id": {
      "value": "sg-dd66b6715070d9455",
      "type": "string"
    },
    "internal_security_group_id": {
      "value": "sg-e14bcfdea993c0b2b",
      "type": "string"
    },
    "nat_gateway_id": {
      "value": "nat-7e3a157de7b17ed66",
      "type": "string"
    },
    "private_subnet_id": {
      "value": "subnet-34c84ba78849e2e41",
      "type": "string"
    },
    "public_subnet_id": {
      "value": "subnet-f9003c21dd4b6ea02",
      "type": "string"
    },
    "security_summary": {
      "value": {
        "encrypted_root_volume": true,
        "http_access_restricted_to": "192.168.1.0/24",
        "public_ip_assignment_disabled": true,
        "ssh_access_restricted_to": "203.0.113.0/24"
      },
      "type": [
        "object",
        {
          "encrypted_root_volume": "bool",
          "http_access_restricted_to": "string",
          "public_ip_assignment_disabled": "bool",
          "ssh_access_restricted_to": "string"
        }
      ]
    },
    "ssh_private_key": {
      "value": "-----BEGIN RSA PRIVATE KEY-----\nMIIJJwIBAAKCAgEA3fR2jLp8lXTZGrdEjFj0BwiXNcFjOqN/ugY4DCK5UP/V71WP\nGQOqG80YqwnQWasqs+20YDVtXKTNFg/L12E3yUiGecFpIDY5Ml9T6MVsRPFJKNuI\ntrdaPsmgQhxvv6tcxPBpZZdWFiwv5v6LWQnunaxb6EdAy/jKHgXMwi6n/AkXQoED\nXcBCWkheJSwQ9dXkMFTcwY2mCsdFP3x6W3mU//et0OyS06ioV7KNoyupSFYcFMkg\n+2HecvDzRgfEmFdG9Hzw8uTCMgdn/MMFlnw1SvVc1vf0eAVod6Ma0hHC0Kbblei7\nlxg/Q4bdgaldZpZrzydmQzXVKV+YfX0gbNQVhWSnjZXDavfQ/Q2hvnIDz6F1Zy3I\nYB/QBEHtZ//LRvFufZ9o5gcYHDXK/VmlUNg71ilSh+FwKzyl+K3ATqgOsTrzu7ou\nV8oaPN1BPJiHzMv8hS+UdBFbOA/lp22lpXgLxnrDmtXCQy+W2Y1XDMYrNlSBAnkg\nJo9E06IGlirZdrz6/E0ymzgdqCmtEqp3gvOw8Ie6L8JfWQB9G2WfWz/zsuvjcbTs\nngSoYchio0vWEqRIPediUDEyGBlqWAiNzAXZ5GsY00YifP2zVAG2uHXJ/uOrzeVt\nWL4UiXeWRev3XNbz02/ZO5PoFAcRRKmaY44IimxcaYbiCXfR49SgABto4wcCAwEA\nAQKCAgACpblpHzSYx6uDWUcQoND9FAMU8UYDyq4RWr001DsCV+p24JlyUpOzQDCm\nQKj5y336cp68OZt8NS+s8dslWtIwQlqx+narFWFX+656pxGB4wHTmTFpI/AagUih\nwHmaLQNikLnoVsBPkJVP4D0JTgIkSmfKIutu9a0F9gf8mWu4tO9WcgpNjEX2ts7I\neN0zx+1nMwh/U4+lnIznffkxpFxkTCbdqdFHwMb6NJ1QA9qQyPRvUHZaINt/gTv+\nW60HH3mpZhFYPFNedJVx6mGstGBTBNJVZotkJmyNx2wXWtPIZLY++nlzqV1yqqwe\nHxxXA9Zvf46LlKHeIg907Bn7jP1ICS28ebp3ZK0UqGUJqVogzSuNh+cG3o7f7sjH\n/q3rd6NzOIMH+uSmaArDOZIPWdAGFYrpR6wnNQLf9lxR5BaKr8B9uPuTq2JSX0RT\napjc2u4mf+e3du1KRiGu9SM26jLKWUmG/lG/lcTzhVjTTfVS/0CQ+LEcDVsdvuvc\nz2ETBeFZ51dzo84f8HbZbz8jZMbV/leDdtjdSIzh7lukwf6huCTwKBm7LhBK8ton\nmReZBqBsc19o22JVLf5eJo2U97DvcPDYkkyTIUROUCJ1RzC9VKgYwria5EGdRleL\nimIxfIHsdb2CzAD2d0kAdPo2GA8tMRlGC33EGk+693wPPZoqaQKCAQEA77bE5WaP\nllbTQJgGVoa9mQ3ryLwsfDxhAgWo9QAxzrQTvt6T9WBa3Hu151bWF6xYSjkvjgSZ\nrfMNqXMOjTyfkRHvZs2pZepvIQYtiyIPvA7eTpKqEb13dvVS9hQiVC7G/5/JQoyy\nxRqKW2jBezBPG/tQ/r+rrUhn3ojbbW7wd5zoU9mRLyUHRCftGT5CWolV4AnO0vmF\nQ33sukw6iP7mOxPvfA4q+Ge2etl60zCRX5UkF32LIl0QiUCY9VTbYdqOE1RkGVwP\nMPMrVUJJvK4a8AS7eQPygIAmEkklTmyEaZVv+gBBfyz5Jn0YyT6XMPx6f4Zj/P2B\n2lR0slC576rTyQKCAQEA7QjR6Mv2eiwyIQH3M7DTqgwpdSFwWo8SQ+fNkPQ4kGVf\njtFhxlftWYT6mCXtUOD+bj9GjyHL/CIsek123ZnaRHrJKyFWyJcfXJt+MSqwIa5x\n4G3nuuwrIRTm+n6eCfCD6W/wiNpZWBpPDPNoDP6ZJoc574gC7exnGqG9k7bC908R\ngl2/RjBE+UkrljKwC3IRTlvA3+Hbujqa+8895vpx8EsKJLnJiOuaI88ERbofNB2A\n8j2aC1TRT3OcmtapSC6v7BVQVcP495B5b7OO/MEc3FyiAwqLdOinT4r4C4EUKRmM\nFBWLJhi/VM+sQOwjU4QHybg2Jbe3xUfeIZ9nz5lITwKCAQAcFH/aE3qMdN1IOsa7\nSgtZq3zMRea8IuKGNx2EnaI4AXYyrKYOX1wlacR0NgLcQQ8SmsJMU5OhAdC+4cB5\noPlcKAqwMzU9wAmGh8+79aB8Og2mjJ2peFVPNQuj0dX3oIclGJWd2xdx6Vr9vDa1\n9IG/2F+zh8ZXhRzNv6BcoFtA17uLXvgX2rGQNVEb3OQu8NmDZgK5SgtnTY/2fsl4\nlMtpbjtmf85ezN9eYq11ocHVvYW9zrIGs3oladDBJFCSlOSBtSgIpHUPGd0gnqQ+\nmvKC3TsMwP6eOOS8zZ62IhYcvCmi0nbZq+3/qTXHFTLmxRygZaC+2P9mEPCelsBB\nJ/SpAoIBAHCmImxKkqbZXjGFp5/vR4inIwTBkY3YNMwE3BMpncAyDUnohFko7GoA\n4r9wNuqbIw/uDnBzlWgMLasqKXWDatHksLpIq9/EwmjWlRB0wyQerYwFb33MQ2sD\nbgpaJm1+2pIUWvIPIyrVxf/XpfmW/d3rokMOFqZQFWf4ugn7b4jtENsuBnsq8Xyv\no4FMMZIe8c6VmIJN6okE1ScbBMZC++dBIl711Ku3nJesCNHCdJXl96QoVo9QDfF+\ndky3+9eMKJtAPd+ktSuig7PsV+YTOM4ZT/22AzTaZLlOyDdfbt9hfssEug6u8C80\nSx7HmrpUIwdg/orKVxHw58Z+5W0p4c0CggEATVjzd5a85SWtocA03loWA7w9sIN2\nX70paobb2dzTe9Dn8WOt3JEOK7EAn6dJvWHc0sIHuGPhnnaYxiQA1G2PeajOT7V6\no8AmQIngeJ0J3b1y0nRwpbgNMCppL1sZnZuXuKOfo0tPKRhlGX9MUFNYy8KFRgB0\n84dl3gOVEfKhQi46dE7BWqnOtxJr/G6/3S/p/7OnVI9Zt2sn3n7EImGFeOyX5Jnd\nfCKQXH9f1I1IR5erARwfsU05J0YKVodTbJx+FfwcH1JbP/fKaIjymzN+3TP0dWSr\nx7oQdVJ0QUYshpLqG/NJH6eiBM+JWyvMHq0Fumr1AbYQ5gyrFkhFeahzaQ==\n-----END RSA PRIVATE KEY-----\n",
      "type": "string",
      "sensitive": true
    },
    "ssh_security_group_id": {
      "value": "sg-435f54d430b125a34",
      "type": "string"
    },
    "vpc_cidr_block": {
      "value": "10.0.0.0/16",
      "type": "string"
    },
    "vpc_id": {
      "value": "vpc-4e2616ef35a5fb381",
      "type": "string"
    }
  },
  "resources": [
    {
      "mode": "data",
      "type": "aws_ami",
      "name": "amazon_linux",
      "provider": "provider[\"registry.terraform.io/hashicorp/aws\"]",
      "instances": [
        {
          "schema_version": 0,
          "attributes": {
            "allow_unsafe_filter": null,
            "architecture": "x86_64",
            "arn": "arn:aws:ec2:us-east-1::image/ami-04681a1dbd79675a5",
            "block_device_mappings": [
              {
                "device_name": "/dev/xvda",
                "ebs": {
                  "delete_on_termination": "false",
                  "encrypted": "false",
                  "iops": "0",
                  "snapshot_id": "snap-41b51b45fa1f6937b",
                  "throughput": "0",
                  "volume_initialization_rate": "0",
                  "volume_size": "15",
                  "volume_type": "standard"
                },
                "no_device": "",
                "virtual_name": ""
              }
            ],
            "boot_mode": "uefi",
            "creation_date": "2025-12-25T06:02:42.000Z",
            "deprecation_time": "",
            "description": "Amazon Linux 2 AMI 2.0.20180810 x86_64 HVM gp2",
            "ena_support": false,
            "executable_users": null,
            "filter": [
              {
                "name": "name",
                "values": [
                  "amzn2-ami-hvm-*-x86_64-gp2"
                ]
              },
              {
                "name": "virtualization-type",
                "values": [
                  "hvm"
                ]
              }
            ],
            "hypervisor": "xen",
            "id": "ami-04681a1dbd79675a5",
            "image_id": "ami-04681a1dbd79675a5",
            "image_location": "amazon/amzn2-ami-hvm-2.0.20180810-x86_64-gp2",
            "image_owner_alias": "amazon",
            "image_type": "machine",
            "imds_support": "",
            "include_deprecated": false,
            "kernel_id": "",
            "last_launched_time": "",
            "most_recent": true,
            "name": "amzn2-ami-hvm-2.0.20180810-x86_64-gp2",
            "name_regex": null,
            "owner_id": "137112412989",
            "owners": [
              "amazon"
            ],
            "platform": "Linux/UNIX",
            "platform_details": "",
            "product_codes": [],
            "public": true,
            "ramdisk_id": "",
            "region": "us-east-1",
            "root_device_name": "/dev/xvda",
            "root_device_type": "ebs",
            "root_snapshot_id": "snap-41b51b45fa1f6937b",
            "sriov_net_support": "",
            "state": "available",
            "state_reason": {
              "code": "UNSET",
              "message": "UNSET"
            },
            "tags": {},
            "timeouts": null,
            "tpm_support": "",
            "uefi_data": null,
            "usage_operation": "",
            "virtualization_type": "hvm"
          },
          "sensitive_attributes": [],
          "identity_schema_version": 0
        }
      ]
    },
    {
      "mode": "data",
      "type": "aws_availability_zones",
      "name": "available",
      "provider": "provider[\"registry.terraform.io/hashicorp/aws\"]",
      "instances": [
        {
          "schema_version": 0,
          "attributes": {
            "all_availability_zones": null,
            "exclude_names": null,
            "exclude_zone_ids": null,
            "filter": null,
            "group_names": [
              ""
            ],
            "id": "us-east-1",
            "names": [
              "us-east-1a",
              "us-east-1b",
              "us-east-1c",
              "us-east-1d",
              "us-east-1e",
              "us-east-1f"
            ],
            "region": "us-east-1",
            "state": "available",
            "timeouts": null,
            "zone_ids": [
              "use1-az6",
              "use1-az1",
              "use1-az2",
              "use1-az4",
              "use1-az3",
              "use1-az5"
            ]
          },
          "sensitive_attributes": [],
          "identity_schema_version": 0
        }
      ]
    },
    {
      "mode": "managed",
      "type": "aws_eip",
      "name": "nat",
      "provider": "provider[\"registry.terraform.io/hashicorp/aws\"]",
      "instances": [
        {
          "schema_version": 0,
          "attributes": {
            "address": null,
            "allocation_id": "eipalloc-93dc42fc0043f842b",
            "arn": "arn:aws:ec2:us-east-1:000000000000:elastic-ip/eipalloc-93dc42fc0043f842b",
            "associate_with_private_ip": null,
            "association_id": "",
            "carrier_ip": "",
            "customer_owned_ip": "",
            "customer_owned_ipv4_pool": "",
            "domain": "vpc",
            "id": "eipalloc-93dc42fc0043f842b",
            "instance": "",
            "ipam_pool_id": null,
            "network_border_group": "",
            "network_interface": "",
            "private_dns": null,
            "private_ip": "",
            "ptr_record": "",
            "public_dns": "ec2-127-245-231-81.compute-1.amazonaws.com",
            "public_ip": "127.245.231.81",
            "public_ipv4_pool": "",
            "region": "us-east-1",
            "tags": {
              "Environment": "dev",
              "ManagedBy": "terraform",
              "Name": "dev-nat-eip-pr1711"
            },
            "tags_all": {
              "Environment": "dev",
              "ManagedBy": "terraform",
              "Name": "dev-nat-eip-pr1711"
            },
            "timeouts": null
          },
          "sensitive_attributes": [],
          "identity_schema_version": 0,
          "private": "eyJlMmJmYjczMC1lY2FhLTExZTYtOGY4OC0zNDM2M2JjN2M0YzAiOnsiZGVsZXRlIjoxODAwMDAwMDAwMDAsInJlYWQiOjkwMDAwMDAwMDAwMCwidXBkYXRlIjozMDAwMDAwMDAwMDB9fQ=="
        }
      ]
    },
    {
      "mode": "managed",
      "type": "aws_internet_gateway",
      "name": "main",
      "provider": "provider[\"registry.terraform.io/hashicorp/aws\"]",
      "instances": [
        {
          "schema_version": 0,
          "attributes": {
            "arn": "arn:aws:ec2:us-east-1:000000000000:internet-gateway/igw-3776ed742aa7d16e8",
            "id": "igw-3776ed742aa7d16e8",
            "owner_id": "000000000000",
            "region": "us-east-1",
            "tags": {
              "Environment": "dev",
              "ManagedBy": "terraform",
              "Name": "dev-igw-pr1711"
            },
            "tags_all": {
              "Environment": "dev",
              "ManagedBy": "terraform",
              "Name": "dev-igw-pr1711"
            },
            "timeouts": null,
            "vpc_id": "vpc-4e2616ef35a5fb381"
          },
          "sensitive_attributes": [],
          "identity_schema_version": 0,
          "private": "eyJlMmJmYjczMC1lY2FhLTExZTYtOGY4OC0zNDM2M2JjN2M0YzAiOnsiY3JlYXRlIjoxMjAwMDAwMDAwMDAwLCJkZWxldGUiOjEyMDAwMDAwMDAwMDAsInVwZGF0ZSI6MTIwMDAwMDAwMDAwMH19",
          "dependencies": [
            "aws_vpc.main"
          ]
        }
      ]
    },
    {
      "mode": "managed",
      "type": "aws_key_pair",
      "name": "generated_key",
      "provider": "provider[\"registry.terraform.io/hashicorp/aws\"]",
      "instances": [
        {
          "schema_version": 1,
          "attributes": {
            "arn": "arn:aws:ec2:us-east-1:000000000000:key-pair/dev-keypair-pr1711",
            "fingerprint": "dd:54:ef:7c:8a:5e:4c:94:4b:43:38:be:3b:54:7a:d4",
            "id": "dev-keypair-pr1711",
            "key_name": "dev-keypair-pr1711",
            "key_name_prefix": "",
            "key_pair_id": "key-6460e4f473ca82150",
            "key_type": "rsa",
            "public_key": "ssh-rsa AAAAB3NzaC1yc2EAAAADAQABAAACAQDd9HaMunyVdNkat0SMWPQHCJc1wWM6o3+6BjgMIrlQ/9XvVY8ZA6obzRirCdBZqyqz7bRgNW1cpM0WD8vXYTfJSIZ5wWkgNjkyX1PoxWxE8Uko24i2t1o+yaBCHG+/q1zE8Glll1YWLC/m/otZCe6drFvoR0DL+MoeBczCLqf8CRdCgQNdwEJaSF4lLBD11eQwVNzBjaYKx0U/fHpbeZT/963Q7JLTqKhXso2jK6lIVhwUySD7Yd5y8PNGB8SYV0b0fPDy5MIyB2f8wwWWfDVK9VzW9/R4BWh3oxrSEcLQptuV6LuXGD9Dht2BqV1mlmvPJ2ZDNdUpX5h9fSBs1BWFZKeNlcNq99D9DaG+cgPPoXVnLchgH9AEQe1n/8tG8W59n2jmBxgcNcr9WaVQ2DvWKVKH4XArPKX4rcBOqA6xOvO7ui5Xyho83UE8mIfMy/yFL5R0EVs4D+WnbaWleAvGesOa1cJDL5bZjVcMxis2VIECeSAmj0TTogaWKtl2vPr8TTKbOB2oKa0SqneC87Dwh7ovwl9ZAH0bZZ9bP/Oy6+NxtOyeBKhhyGKjS9YSpEg952JQMTIYGWpYCI3MBdnkaxjTRiJ8/bNUAba4dcn+46vN5W1YvhSJd5ZF6/dc1vPTb9k7k+gUBxFEqZpjjgiKbFxphuIJd9Hj1KAAG2jjBw==",
            "region": "us-east-1",
            "tags": {
              "Environment": "dev",
              "ManagedBy": "terraform",
              "Name": "dev-keypair-pr1711"
            },
            "tags_all": {
              "Environment": "dev",
              "ManagedBy": "terraform",
              "Name": "dev-keypair-pr1711"
            }
          },
          "sensitive_attributes": [],
          "identity_schema_version": 0,
          "private": "eyJzY2hlbWFfdmVyc2lvbiI6IjEifQ==",
          "dependencies": [
            "tls_private_key.ssh_key"
          ]
        }
      ]
    },
    {
      "mode": "managed",
      "type": "aws_nat_gateway",
      "name": "main",
      "provider": "provider[\"registry.terraform.io/hashicorp/aws\"]",
      "instances": [
        {
          "schema_version": 0,
          "attributes": {
            "allocation_id": "eipalloc-93dc42fc0043f842b",
            "association_id": "eipassoc-947bc721fd7ad0555",
            "connectivity_type": "public",
            "id": "nat-7e3a157de7b17ed66",
            "network_interface_id": "eni-ad87d5ebbe04ff7d9",
            "private_ip": "10.225.206.54",
            "public_ip": "127.245.231.81",
            "region": "us-east-1",
            "secondary_allocation_ids": [],
            "secondary_private_ip_address_count": 0,
            "secondary_private_ip_addresses": [],
            "subnet_id": "subnet-f9003c21dd4b6ea02",
            "tags": {
              "Environment": "dev",
              "ManagedBy": "terraform",
              "Name": "dev-nat-pr1711"
            },
            "tags_all": {
              "Environment": "dev",
              "ManagedBy": "terraform",
              "Name": "dev-nat-pr1711"
            },
            "timeouts": null
          },
          "sensitive_attributes": [],
          "identity_schema_version": 0,
          "private": "eyJlMmJmYjczMC1lY2FhLTExZTYtOGY4OC0zNDM2M2JjN2M0YzAiOnsiY3JlYXRlIjo2MDAwMDAwMDAwMDAsImRlbGV0ZSI6MTgwMDAwMDAwMDAwMCwidXBkYXRlIjo2MDAwMDAwMDAwMDB9fQ==",
          "dependencies": [
            "aws_eip.nat",
            "aws_internet_gateway.main",
            "aws_subnet.public",
            "aws_vpc.main",
            "data.aws_availability_zones.available"
          ]
        }
      ]
    },
    {
      "mode": "managed",
      "type": "aws_route_table",
      "name": "private",
      "provider": "provider[\"registry.terraform.io/hashicorp/aws\"]",
      "instances": [
        {
          "schema_version": 0,
          "attributes": {
            "arn": "arn:aws:ec2:us-east-1:000000000000:route-table/rtb-723e2b3d721bd93bf",
            "id": "rtb-723e2b3d721bd93bf",
            "owner_id": "000000000000",
            "propagating_vgws": [],
            "region": "us-east-1",
            "route": [
              {
                "carrier_gateway_id": "",
                "cidr_block": "0.0.0.0/0",
                "core_network_arn": "",
                "destination_prefix_list_id": "",
                "egress_only_gateway_id": "",
                "gateway_id": "",
                "ipv6_cidr_block": "",
                "local_gateway_id": "",
                "nat_gateway_id": "nat-7e3a157de7b17ed66",
                "network_interface_id": "",
                "transit_gateway_id": "",
                "vpc_endpoint_id": "",
                "vpc_peering_connection_id": ""
              }
            ],
            "tags": {
              "Environment": "dev",
              "ManagedBy": "terraform",
              "Name": "dev-private-rt-pr1711"
            },
            "tags_all": {
              "Environment": "dev",
              "ManagedBy": "terraform",
              "Name": "dev-private-rt-pr1711"
            },
            "timeouts": null,
            "vpc_id": "vpc-4e2616ef35a5fb381"
          },
          "sensitive_attributes": [],
          "identity_schema_version": 0,
          "private": "eyJlMmJmYjczMC1lY2FhLTExZTYtOGY4OC0zNDM2M2JjN2M0YzAiOnsiY3JlYXRlIjozMDAwMDAwMDAwMDAsImRlbGV0ZSI6MzAwMDAwMDAwMDAwLCJ1cGRhdGUiOjEyMDAwMDAwMDAwMH19",
          "dependencies": [
            "aws_eip.nat",
            "aws_internet_gateway.main",
            "aws_nat_gateway.main",
            "aws_subnet.public",
            "aws_vpc.main",
            "data.aws_availability_zones.available"
          ]
        }
      ]
    },
    {
      "mode": "managed",
      "type": "aws_route_table",
      "name": "public",
      "provider": "provider[\"registry.terraform.io/hashicorp/aws\"]",
      "instances": [
        {
          "schema_version": 0,
          "attributes": {
            "arn": "arn:aws:ec2:us-east-1:000000000000:route-table/rtb-0c7cf5a14ece034c6",
            "id": "rtb-0c7cf5a14ece034c6",
            "owner_id": "000000000000",
            "propagating_vgws": [],
            "region": "us-east-1",
            "route": [
              {
                "carrier_gateway_id": "",
                "cidr_block": "0.0.0.0/0",
                "core_network_arn": "",
                "destination_prefix_list_id": "",
                "egress_only_gateway_id": "",
                "gateway_id": "igw-3776ed742aa7d16e8",
                "ipv6_cidr_block": "",
                "local_gateway_id": "",
                "nat_gateway_id": "",
                "network_interface_id": "",
                "transit_gateway_id": "",
                "vpc_endpoint_id": "",
                "vpc_peering_connection_id": ""
              }
            ],
            "tags": {
              "Environment": "dev",
              "ManagedBy": "terraform",
              "Name": "dev-public-rt-pr1711"
            },
            "tags_all": {
              "Environment": "dev",
              "ManagedBy": "terraform",
              "Name": "dev-public-rt-pr1711"
            },
            "timeouts": null,
            "vpc_id": "vpc-4e2616ef35a5fb381"
          },
          "sensitive_attributes": [],
          "identity_schema_version": 0,
          "private": "eyJlMmJmYjczMC1lY2FhLTExZTYtOGY4OC0zNDM2M2JjN2M0YzAiOnsiY3JlYXRlIjozMDAwMDAwMDAwMDAsImRlbGV0ZSI6MzAwMDAwMDAwMDAwLCJ1cGRhdGUiOjEyMDAwMDAwMDAwMH19",
          "dependencies": [
            "aws_internet_gateway.main",
            "aws_vpc.main"
          ]
        }
      ]
    },
    {
      "mode": "managed",
      "type": "aws_route_table_association",
      "name": "private",
      "provider": "provider[\"registry.terraform.io/hashicorp/aws\"]",
      "instances": [
        {
          "schema_version": 0,
          "attributes": {
            "gateway_id": "",
            "id": "rtbassoc-2983f89a92c9d7039",
            "region": "us-east-1",
            "route_table_id": "rtb-723e2b3d721bd93bf",
            "subnet_id": "subnet-34c84ba78849e2e41",
            "timeouts": null
          },
          "sensitive_attributes": [],
          "identity_schema_version": 0,
          "private": "eyJlMmJmYjczMC1lY2FhLTExZTYtOGY4OC0zNDM2M2JjN2M0YzAiOnsiY3JlYXRlIjozMDAwMDAwMDAwMDAsImRlbGV0ZSI6MzAwMDAwMDAwMDAwLCJ1cGRhdGUiOjEyMDAwMDAwMDAwMH19",
          "dependencies": [
            "aws_eip.nat",
            "aws_internet_gateway.main",
            "aws_nat_gateway.main",
            "aws_route_table.private",
            "aws_subnet.private",
            "aws_subnet.public",
            "aws_vpc.main",
            "data.aws_availability_zones.available"
          ]
        }
      ]
    },
    {
      "mode": "managed",
      "type": "aws_route_table_association",
      "name": "public",
      "provider": "provider[\"registry.terraform.io/hashicorp/aws\"]",
      "instances": [
        {
          "schema_version": 0,
          "attributes": {
            "gateway_id": "",
            "id": "rtbassoc-c42caafd25daaea7b",
            "region": "us-east-1",
            "route_table_id": "rtb-0c7cf5a14ece034c6",
            "subnet_id": "subnet-f9003c21dd4b6ea02",
            "timeouts": null
          },
          "sensitive_attributes": [],
          "identity_schema_version": 0,
          "private": "eyJlMmJmYjczMC1lY2FhLTExZTYtOGY4OC0zNDM2M2JjN2M0YzAiOnsiY3JlYXRlIjozMDAwMDAwMDAwMDAsImRlbGV0ZSI6MzAwMDAwMDAwMDAwLCJ1cGRhdGUiOjEyMDAwMDAwMDAwMH19",
          "dependencies": [
            "aws_internet_gateway.main",
            "aws_route_table.public",
            "aws_subnet.public",
            "aws_vpc.main",
            "data.aws_availability_zones.available"
          ]
        }
      ]
    },
    {
      "mode": "managed",
      "type": "aws_security_group",
      "name": "http_access",
      "provider": "provider[\"registry.terraform.io/hashicorp/aws\"]",
      "instances": [
        {
          "schema_version": 1,
          "attributes": {
            "arn": "arn:aws:ec2:us-east-1:000000000000:security-group/sg-dd66b6715070d9455",
            "description": "Security group allowing HTTP access from specific CIDR only",
            "egress": [
              {
                "cidr_blocks": [
                  "0.0.0.0/0"
                ],
                "description": "All outbound traffic",
                "from_port": 0,
                "ipv6_cidr_blocks": [],
                "prefix_list_ids": [],
                "protocol": "-1",
                "security_groups": [],
                "self": false,
                "to_port": 0
              }
            ],
            "id": "sg-dd66b6715070d9455",
            "ingress": [
              {
                "cidr_blocks": [
                  "192.168.1.0/24"
                ],
                "description": "HTTP from allowed CIDR",
                "from_port": 80,
                "ipv6_cidr_blocks": [],
                "prefix_list_ids": [],
                "protocol": "tcp",
                "security_groups": [],
                "self": false,
                "to_port": 80
              },
              {
                "cidr_blocks": [
                  "192.168.1.0/24"
                ],
                "description": "HTTPS from allowed CIDR",
                "from_port": 443,
                "ipv6_cidr_blocks": [],
                "prefix_list_ids": [],
                "protocol": "tcp",
                "security_groups": [],
                "self": false,
                "to_port": 443
              }
            ],
            "name": "dev-http-access-pr1711",
            "name_prefix": "",
            "owner_id": "000000000000",
            "region": "us-east-1",
            "revoke_rules_on_delete": false,
            "tags": {
              "Environment": "dev",
              "ManagedBy": "terraform",
              "Name": "dev-http-sg-pr1711",
              "Purpose": "HTTP Access"
            },
            "tags_all": {
              "Environment": "dev",
              "ManagedBy": "terraform",
              "Name": "dev-http-sg-pr1711",
              "Purpose": "HTTP Access"
            },
            "timeouts": null,
            "vpc_id": "vpc-4e2616ef35a5fb381"
          },
          "sensitive_attributes": [],
          "identity_schema_version": 0,
          "identity": {
            "account_id": "000000000000",
            "id": "sg-dd66b6715070d9455",
            "region": "us-east-1"
          },
          "private": "eyJlMmJmYjczMC1lY2FhLTExZTYtOGY4OC0zNDM2M2JjN2M0YzAiOnsiY3JlYXRlIjo2MDAwMDAwMDAwMDAsImRlbGV0ZSI6OTAwMDAwMDAwMDAwfSwic2NoZW1hX3ZlcnNpb24iOiIxIn0=",
          "dependencies": [
            "aws_vpc.main"
          ]
        }
      ]
    },
    {
      "mode": "managed",
      "type": "aws_security_group",
      "name": "internal",
      "provider": "provider[\"registry.terraform.io/hashicorp/aws\"]",
      "instances": [
        {
          "schema_version": 1,
          "attributes": {
            "arn": "arn:aws:ec2:us-east-1:000000000000:security-group/sg-e14bcfdea993c0b2b",
            "description": "Security group for internal VPC communication",
            "egress": [
              {
                "cidr_blocks": [
                  "0.0.0.0/0"
                ],
                "description": "All outbound traffic",
                "from_port": 0,
                "ipv6_cidr_blocks": [],
                "prefix_list_ids": [],
                "protocol": "-1",
                "security_groups": [],
                "self": false,
                "to_port": 0
              }
            ],
            "id": "sg-e14bcfdea993c0b2b",
            "ingress": [
              {
                "cidr_blocks": [
                  "10.0.0.0/16"
                ],
                "description": "Internal VPC traffic",
                "from_port": 0,
                "ipv6_cidr_blocks": [],
                "prefix_list_ids": [],
                "protocol": "-1",
                "security_groups": [],
                "self": false,
                "to_port": 0
              }
            ],
            "name": "dev-internal-pr1711",
            "name_prefix": "",
            "owner_id": "000000000000",
            "region": "us-east-1",
            "revoke_rules_on_delete": false,
            "tags": {
              "Environment": "dev",
              "ManagedBy": "terraform",
              "Name": "dev-internal-sg-pr1711",
              "Purpose": "Internal Communication"
            },
            "tags_all": {
              "Environment": "dev",
              "ManagedBy": "terraform",
              "Name": "dev-internal-sg-pr1711",
              "Purpose": "Internal Communication"
            },
            "timeouts": null,
            "vpc_id": "vpc-4e2616ef35a5fb381"
          },
          "sensitive_attributes": [],
          "identity_schema_version": 0,
          "identity": {
            "account_id": "000000000000",
            "id": "sg-e14bcfdea993c0b2b",
            "region": "us-east-1"
          },
          "private": "eyJlMmJmYjczMC1lY2FhLTExZTYtOGY4OC0zNDM2M2JjN2M0YzAiOnsiY3JlYXRlIjo2MDAwMDAwMDAwMDAsImRlbGV0ZSI6OTAwMDAwMDAwMDAwfSwic2NoZW1hX3ZlcnNpb24iOiIxIn0=",
          "dependencies": [
            "aws_vpc.main"
          ]
        }
      ]
    },
    {
      "mode": "managed",
      "type": "aws_security_group",
      "name": "ssh_access",
      "provider": "provider[\"registry.terraform.io/hashicorp/aws\"]",
      "instances": [
        {
          "schema_version": 1,
          "attributes": {
            "arn": "arn:aws:ec2:us-east-1:000000000000:security-group/sg-435f54d430b125a34",
            "description": "Security group allowing SSH access from specific CIDR only",
            "egress": [
              {
                "cidr_blocks": [
                  "0.0.0.0/0"
                ],
                "description": "All outbound traffic",
                "from_port": 0,
                "ipv6_cidr_blocks": [],
                "prefix_list_ids": [],
                "protocol": "-1",
                "security_groups": [],
                "self": false,
                "to_port": 0
              }
            ],
            "id": "sg-435f54d430b125a34",
            "ingress": [
              {
                "cidr_blocks": [
                  "203.0.113.0/24"
                ],
                "description": "SSH from allowed CIDR",
                "from_port": 22,
                "ipv6_cidr_blocks": [],
                "prefix_list_ids": [],
                "protocol": "tcp",
                "security_groups": [],
                "self": false,
                "to_port": 22
              }
            ],
            "name": "dev-ssh-access-pr1711",
            "name_prefix": "",
            "owner_id": "000000000000",
            "region": "us-east-1",
            "revoke_rules_on_delete": false,
            "tags": {
              "Environment": "dev",
              "ManagedBy": "terraform",
              "Name": "dev-ssh-sg-pr1711",
              "Purpose": "SSH Access"
            },
            "tags_all": {
              "Environment": "dev",
              "ManagedBy": "terraform",
              "Name": "dev-ssh-sg-pr1711",
              "Purpose": "SSH Access"
            },
            "timeouts": null,
            "vpc_id": "vpc-4e2616ef35a5fb381"
          },
          "sensitive_attributes": [],
          "identity_schema_version": 0,
          "identity": {
            "account_id": "000000000000",
            "id": "sg-435f54d430b125a34",
            "region": "us-east-1"
          },
          "private": "eyJlMmJmYjczMC1lY2FhLTExZTYtOGY4OC0zNDM2M2JjN2M0YzAiOnsiY3JlYXRlIjo2MDAwMDAwMDAwMDAsImRlbGV0ZSI6OTAwMDAwMDAwMDAwfSwic2NoZW1hX3ZlcnNpb24iOiIxIn0=",
          "dependencies": [
            "aws_vpc.main"
          ]
        }
      ]
    },
    {
      "mode": "managed",
      "type": "aws_subnet",
      "name": "private",
      "provider": "provider[\"registry.terraform.io/hashicorp/aws\"]",
      "instances": [
        {
          "schema_version": 1,
          "attributes": {
            "arn": "arn:aws:ec2:us-east-1:000000000000:subnet/subnet-34c84ba78849e2e41",
            "assign_ipv6_address_on_creation": false,
            "availability_zone": "us-east-1b",
            "availability_zone_id": "use1-az1",
            "cidr_block": "10.0.2.0/24",
            "customer_owned_ipv4_pool": "",
            "enable_dns64": false,
            "enable_lni_at_device_index": 0,
            "enable_resource_name_dns_a_record_on_launch": false,
            "enable_resource_name_dns_aaaa_record_on_launch": false,
            "id": "subnet-34c84ba78849e2e41",
            "ipv6_cidr_block": "",
            "ipv6_cidr_block_association_id": "",
            "ipv6_native": false,
            "map_customer_owned_ip_on_launch": false,
            "map_public_ip_on_launch": false,
            "outpost_arn": "",
            "owner_id": "000000000000",
            "private_dns_hostname_type_on_launch": "ip-name",
            "region": "us-east-1",
            "tags": {
              "Environment": "dev",
              "ManagedBy": "terraform",
              "Name": "dev-private-subnet-pr1711",
              "Type": "Private"
            },
            "tags_all": {
              "Environment": "dev",
              "ManagedBy": "terraform",
              "Name": "dev-private-subnet-pr1711",
              "Type": "Private"
            },
            "timeouts": null,
            "vpc_id": "vpc-4e2616ef35a5fb381"
          },
          "sensitive_attributes": [],
          "identity_schema_version": 0,
          "identity": {
            "account_id": "000000000000",
            "id": "subnet-34c84ba78849e2e41",
            "region": "us-east-1"
          },
          "private": "eyJlMmJmYjczMC1lY2FhLTExZTYtOGY4OC0zNDM2M2JjN2M0YzAiOnsiY3JlYXRlIjo2MDAwMDAwMDAwMDAsImRlbGV0ZSI6MTIwMDAwMDAwMDAwMH0sInNjaGVtYV92ZXJzaW9uIjoiMSJ9",
          "dependencies": [
            "aws_vpc.main",
            "data.aws_availability_zones.available"
          ]
        }
      ]
    },
    {
      "mode": "managed",
      "type": "aws_subnet",
      "name": "public",
      "provider": "provider[\"registry.terraform.io/hashicorp/aws\"]",
      "instances": [
        {
          "schema_version": 1,
          "attributes": {
            "arn": "arn:aws:ec2:us-east-1:000000000000:subnet/subnet-f9003c21dd4b6ea02",
            "assign_ipv6_address_on_creation": false,
            "availability_zone": "us-east-1a",
            "availability_zone_id": "use1-az6",
            "cidr_block": "10.0.1.0/24",
            "customer_owned_ipv4_pool": "",
            "enable_dns64": false,
            "enable_lni_at_device_index": 0,
            "enable_resource_name_dns_a_record_on_launch": false,
            "enable_resource_name_dns_aaaa_record_on_launch": false,
            "id": "subnet-f9003c21dd4b6ea02",
            "ipv6_cidr_block": "",
            "ipv6_cidr_block_association_id": "",
            "ipv6_native": false,
            "map_customer_owned_ip_on_launch": false,
            "map_public_ip_on_launch": false,
            "outpost_arn": "",
            "owner_id": "000000000000",
            "private_dns_hostname_type_on_launch": "ip-name",
            "region": "us-east-1",
            "tags": {
              "Environment": "dev",
              "ManagedBy": "terraform",
              "Name": "dev-public-subnet-pr1711",
              "Type": "Public"
            },
            "tags_all": {
              "Environment": "dev",
              "ManagedBy": "terraform",
              "Name": "dev-public-subnet-pr1711",
              "Type": "Public"
            },
            "timeouts": null,
            "vpc_id": "vpc-4e2616ef35a5fb381"
          },
          "sensitive_attributes": [],
          "identity_schema_version": 0,
          "identity": {
            "account_id": "000000000000",
            "id": "subnet-f9003c21dd4b6ea02",
            "region": "us-east-1"
          },
          "private": "eyJlMmJmYjczMC1lY2FhLTExZTYtOGY4OC0zNDM2M2JjN2M0YzAiOnsiY3JlYXRlIjo2MDAwMDAwMDAwMDAsImRlbGV0ZSI6MTIwMDAwMDAwMDAwMH0sInNjaGVtYV92ZXJzaW9uIjoiMSJ9",
          "dependencies": [
            "aws_vpc.main",
            "data.aws_availability_zones.available"
          ]
        }
      ]
    },
    {
      "mode": "managed",
      "type": "aws_vpc",
      "name": "main",
      "provider": "provider[\"registry.terraform.io/hashicorp/aws\"]",
      "instances": [
        {
          "schema_version": 1,
          "attributes": {
            "arn": "arn:aws:ec2:us-east-1:000000000000:vpc/vpc-4e2616ef35a5fb381",
            "assign_generated_ipv6_cidr_block": false,
            "cidr_block": "10.0.0.0/16",
            "default_network_acl_id": "acl-67d56b9bdad3d5122",
            "default_route_table_id": "rtb-772c3c07421e4c7b1",
            "default_security_group_id": "sg-fce358a081c022376",
            "dhcp_options_id": "default",
            "enable_dns_hostnames": true,
            "enable_dns_support": true,
            "enable_network_address_usage_metrics": false,
            "id": "vpc-4e2616ef35a5fb381",
            "instance_tenancy": "default",
            "ipv4_ipam_pool_id": null,
            "ipv4_netmask_length": null,
            "ipv6_association_id": "",
            "ipv6_cidr_block": "",
            "ipv6_cidr_block_network_border_group": "",
            "ipv6_ipam_pool_id": "",
            "ipv6_netmask_length": 0,
            "main_route_table_id": "rtb-772c3c07421e4c7b1",
            "owner_id": "000000000000",
            "region": "us-east-1",
            "tags": {
              "Environment": "dev",
              "ManagedBy": "terraform",
              "Name": "dev-vpc-pr1711"
            },
            "tags_all": {
              "Environment": "dev",
              "ManagedBy": "terraform",
              "Name": "dev-vpc-pr1711"
            }
          },
          "sensitive_attributes": [],
          "identity_schema_version": 0,
          "private": "eyJzY2hlbWFfdmVyc2lvbiI6IjEifQ=="
        }
      ]
    },
    {
      "mode": "managed",
      "type": "tls_private_key",
      "name": "ssh_key",
      "provider": "provider[\"registry.terraform.io/hashicorp/tls\"]",
      "instances": [
        {
          "schema_version": 1,
          "attributes": {
            "algorithm": "RSA",
            "ecdsa_curve": "P224",
            "id": "75e305e2d6fab540af51e92b815202365014ee34",
            "private_key_openssh": "-----BEGIN OPENSSH PRIVATE KEY-----\nb3BlbnNzaC1rZXktdjEAAAAABG5vbmUAAAAEbm9uZQAAAAAAAAABAAACFwAAAAdz\nc2gtcnNhAAAAAwEAAQAAAgEA3fR2jLp8lXTZGrdEjFj0BwiXNcFjOqN/ugY4DCK5\nUP/V71WPGQOqG80YqwnQWasqs+20YDVtXKTNFg/L12E3yUiGecFpIDY5Ml9T6MVs\nRPFJKNuItrdaPsmgQhxvv6tcxPBpZZdWFiwv5v6LWQnunaxb6EdAy/jKHgXMwi6n\n/AkXQoEDXcBCWkheJSwQ9dXkMFTcwY2mCsdFP3x6W3mU//et0OyS06ioV7KNoyup\nSFYcFMkg+2HecvDzRgfEmFdG9Hzw8uTCMgdn/MMFlnw1SvVc1vf0eAVod6Ma0hHC\n0Kbblei7lxg/Q4bdgaldZpZrzydmQzXVKV+YfX0gbNQVhWSnjZXDavfQ/Q2hvnID\nz6F1Zy3IYB/QBEHtZ//LRvFufZ9o5gcYHDXK/VmlUNg71ilSh+FwKzyl+K3ATqgO\nsTrzu7ouV8oaPN1BPJiHzMv8hS+UdBFbOA/lp22lpXgLxnrDmtXCQy+W2Y1XDMYr\nNlSBAnkgJo9E06IGlirZdrz6/E0ymzgdqCmtEqp3gvOw8Ie6L8JfWQB9G2WfWz/z\nsuvjcbTsngSoYchio0vWEqRIPediUDEyGBlqWAiNzAXZ5GsY00YifP2zVAG2uHXJ\n/uOrzeVtWL4UiXeWRev3XNbz02/ZO5PoFAcRRKmaY44IimxcaYbiCXfR49SgABto\n4wcAAAc4oFxBW6BcQVsAAAAHc3NoLXJzYQAAAgEA3fR2jLp8lXTZGrdEjFj0BwiX\nNcFjOqN/ugY4DCK5UP/V71WPGQOqG80YqwnQWasqs+20YDVtXKTNFg/L12E3yUiG\necFpIDY5Ml9T6MVsRPFJKNuItrdaPsmgQhxvv6tcxPBpZZdWFiwv5v6LWQnunaxb\n6EdAy/jKHgXMwi6n/AkXQoEDXcBCWkheJSwQ9dXkMFTcwY2mCsdFP3x6W3mU//et\n0OyS06ioV7KNoyupSFYcFMkg+2HecvDzRgfEmFdG9Hzw8uTCMgdn/MMFlnw1SvVc\n1vf0eAVod6Ma0hHC0Kbblei7lxg/Q4bdgaldZpZrzydmQzXVKV+YfX0gbNQVhWSn\njZXDavfQ/Q2hvnIDz6F1Zy3IYB/QBEHtZ//LRvFufZ9o5gcYHDXK/VmlUNg71ilS\nh+FwKzyl+K3ATqgOsTrzu7ouV8oaPN1BPJiHzMv8hS+UdBFbOA/lp22lpXgLxnrD\nmtXCQy+W2Y1XDMYrNlSBAnkgJo9E06IGlirZdrz6/E0ymzgdqCmtEqp3gvOw8Ie6\nL8JfWQB9G2WfWz/zsuvjcbTsngSoYchio0vWEqRIPediUDEyGBlqWAiNzAXZ5GsY\n00YifP2zVAG2uHXJ/uOrzeVtWL4UiXeWRev3XNbz02/ZO5PoFAcRRKmaY44Iimxc\naYbiCXfR49SgABto4wcAAAADAQABAAACAAKluWkfNJjHq4NZRxCg0P0UAxTxRgPK\nrhFavTTUOwJX6nbgmXJSk7NAMKZAqPnLffpynrw5m3w1L6zx2yVa0jBCWrH6dqsV\nYVf7rnqnEYHjAdOZMWkj8BqBSKHAeZotA2KQuehWwE+QlU/gPQlOAiRKZ8oi6271\nrQX2B/yZa7i071ZyCk2MRfa2zsh43TPH7WczCH9Tj6WcjOd9+TGkXGRMJt2p0UfA\nxvo0nVAD2pDI9G9Qdlog23+BO/5brQcfealmEVg8U150lXHqYay0YFME0lVmi2Qm\nbI3HbBda08hktj76eXOpXXKqrB4fHFcD1m9/jouUod4iD3TsGfuM/UgJLbx5undk\nrRSoZQmpWiDNK42H5wbejt/uyMf+ret3o3M4gwf65KZoCsM5kg9Z0AYViulHrCc1\nAt/2XFHkFoqvwH24+5OrYlJfRFNqmNza7iZ/57d27UpGIa71IzbqMspZSYb+Ub+V\nxPOFWNNN9VL/QJD4sRwNWx2+69zPYRMF4VnnV3Ojzh/wdtlvPyNkxtX+V4N22N1I\njOHuW6TB/qG4JPAoGbsuEEry2ieZF5kGoGxzX2jbYlUt/l4mjZT3sO9w8NiSTJMh\nRE5QInVHML1UqBjCuJrkQZ1GV4uKYjF8gex1vYLMAPZ3SQB0+jYYDy0xGUYLfcQa\nT7r3fA89mippAAABAE1Y83eWvOUlraHANN5aFgO8PbCDdl+9KWqG29nc03vQ5/Fj\nrdyRDiuxAJ+nSb1h3NLCB7hj4Z52mMYkANRtj3mozk+1eqPAJkCJ4HidCd29ctJ0\ncKW4DTAqaS9bGZ2bl7ijn6NLTykYZRl/TFBTWMvChUYAdPOHZd4DlRHyoUIuOnRO\nwVqpzrcSa/xuv90v6f+zp1SPWbdrJ95+xCJhhXjsl+SZ3XwikFx/X9SNSEeXqwEc\nH7FNOSdGClaHU2ycfhX8HB9SWz/3ymiI8pszft0z9HVkq8e6EHVSdEFGLIaS6hvz\nSR+nogTPiVsrzB6tBbpq9QG2EOYMqxZIRXmoc2kAAAEBAO+2xOVmj5ZW00CYBlaG\nvZkN68i8LHw8YQIFqPUAMc60E77ek/VgWtx7tedW1hesWEo5L44Ema3zDalzDo08\nn5ER72bNqWXqbyEGLYsiD7wO3k6SqhG9d3b1UvYUIlQuxv+fyUKMssUailtowXsw\nTxv7UP6/q61IZ96I221u8Hec6FPZkS8lB0Qn7Rk+QlqJVeAJztL5hUN97LpMOoj+\n5jsT73wOKvhntnrZetMwkV+VJBd9iyJdEIlAmPVU22HajhNUZBlcDzDzK1VCSbyu\nGvAEu3kD8oCAJhJJJU5shGmVb/oAQX8s+SZ9GMk+lzD8en+GY/z9gdpUdLJQue+q\n08kAAAEBAO0I0ejL9nosMiEB9zOw06oMKXUhcFqPEkPnzZD0OJBlX47RYcZX7VmE\n+pgl7VDg/m4/Ro8hy/wiLHpNdt2Z2kR6ySshVsiXH1ybfjEqsCGuceBt57rsKyEU\n5vp+ngnwg+lv8IjaWVgaTwzzaAz+mSaHOe+IAu3sZxqhvZO2wvdPEYJdv0YwRPlJ\nK5YysAtyEU5bwN/h27o6mvvPPeb6cfBLCiS5yYjrmiPPBEW6HzQdgPI9mgtU0U9z\nnJrWqUgur+wVUFXD+PeQeW+zjvzBHNxcogMKi3Top0+K+AuBFCkZjBQViyYYv1TP\nrEDsI1OEB8m4NiW3t8VH3iGfZ8+ZSE8AAAAAAQID\n-----END OPENSSH PRIVATE KEY-----\n",
            "private_key_pem": "-----BEGIN RSA PRIVATE KEY-----\nMIIJJwIBAAKCAgEA3fR2jLp8lXTZGrdEjFj0BwiXNcFjOqN/ugY4DCK5UP/V71WP\nGQOqG80YqwnQWasqs+20YDVtXKTNFg/L12E3yUiGecFpIDY5Ml9T6MVsRPFJKNuI\ntrdaPsmgQhxvv6tcxPBpZZdWFiwv5v6LWQnunaxb6EdAy/jKHgXMwi6n/AkXQoED\nXcBCWkheJSwQ9dXkMFTcwY2mCsdFP3x6W3mU//et0OyS06ioV7KNoyupSFYcFMkg\n+2HecvDzRgfEmFdG9Hzw8uTCMgdn/MMFlnw1SvVc1vf0eAVod6Ma0hHC0Kbblei7\nlxg/Q4bdgaldZpZrzydmQzXVKV+YfX0gbNQVhWSnjZXDavfQ/Q2hvnIDz6F1Zy3I\nYB/QBEHtZ//LRvFufZ9o5gcYHDXK/VmlUNg71ilSh+FwKzyl+K3ATqgOsTrzu7ou\nV8oaPN1BPJiHzMv8hS+UdBFbOA/lp22lpXgLxnrDmtXCQy+W2Y1XDMYrNlSBAnkg\nJo9E06IGlirZdrz6/E0ymzgdqCmtEqp3gvOw8Ie6L8JfWQB9G2WfWz/zsuvjcbTs\nngSoYchio0vWEqRIPediUDEyGBlqWAiNzAXZ5GsY00YifP2zVAG2uHXJ/uOrzeVt\nWL4UiXeWRev3XNbz02/ZO5PoFAcRRKmaY44IimxcaYbiCXfR49SgABto4wcCAwEA\nAQKCAgACpblpHzSYx6uDWUcQoND9FAMU8UYDyq4RWr001DsCV+p24JlyUpOzQDCm\nQKj5y336cp68OZt8NS+s8dslWtIwQlqx+narFWFX+656pxGB4wHTmTFpI/AagUih\nwHmaLQNikLnoVsBPkJVP4D0JTgIkSmfKIutu9a0F9gf8mWu4tO9WcgpNjEX2ts7I\neN0zx+1nMwh/U4+lnIznffkxpFxkTCbdqdFHwMb6NJ1QA9qQyPRvUHZaINt/gTv+\nW60HH3mpZhFYPFNedJVx6mGstGBTBNJVZotkJmyNx2wXWtPIZLY++nlzqV1yqqwe\nHxxXA9Zvf46LlKHeIg907Bn7jP1ICS28ebp3ZK0UqGUJqVogzSuNh+cG3o7f7sjH\n/q3rd6NzOIMH+uSmaArDOZIPWdAGFYrpR6wnNQLf9lxR5BaKr8B9uPuTq2JSX0RT\napjc2u4mf+e3du1KRiGu9SM26jLKWUmG/lG/lcTzhVjTTfVS/0CQ+LEcDVsdvuvc\nz2ETBeFZ51dzo84f8HbZbz8jZMbV/leDdtjdSIzh7lukwf6huCTwKBm7LhBK8ton\nmReZBqBsc19o22JVLf5eJo2U97DvcPDYkkyTIUROUCJ1RzC9VKgYwria5EGdRleL\nimIxfIHsdb2CzAD2d0kAdPo2GA8tMRlGC33EGk+693wPPZoqaQKCAQEA77bE5WaP\nllbTQJgGVoa9mQ3ryLwsfDxhAgWo9QAxzrQTvt6T9WBa3Hu151bWF6xYSjkvjgSZ\nrfMNqXMOjTyfkRHvZs2pZepvIQYtiyIPvA7eTpKqEb13dvVS9hQiVC7G/5/JQoyy\nxRqKW2jBezBPG/tQ/r+rrUhn3ojbbW7wd5zoU9mRLyUHRCftGT5CWolV4AnO0vmF\nQ33sukw6iP7mOxPvfA4q+Ge2etl60zCRX5UkF32LIl0QiUCY9VTbYdqOE1RkGVwP\nMPMrVUJJvK4a8AS7eQPygIAmEkklTmyEaZVv+gBBfyz5Jn0YyT6XMPx6f4Zj/P2B\n2lR0slC576rTyQKCAQEA7QjR6Mv2eiwyIQH3M7DTqgwpdSFwWo8SQ+fNkPQ4kGVf\njtFhxlftWYT6mCXtUOD+bj9GjyHL/CIsek123ZnaRHrJKyFWyJcfXJt+MSqwIa5x\n4G3nuuwrIRTm+n6eCfCD6W/wiNpZWBpPDPNoDP6ZJoc574gC7exnGqG9k7bC908R\ngl2/RjBE+UkrljKwC3IRTlvA3+Hbujqa+8895vpx8EsKJLnJiOuaI88ERbofNB2A\n8j2aC1TRT3OcmtapSC6v7BVQVcP495B5b7OO/MEc3FyiAwqLdOinT4r4C4EUKRmM\nFBWLJhi/VM+sQOwjU4QHybg2Jbe3xUfeIZ9nz5lITwKCAQAcFH/aE3qMdN1IOsa7\nSgtZq3zMRea8IuKGNx2EnaI4AXYyrKYOX1wlacR0NgLcQQ8SmsJMU5OhAdC+4cB5\noPlcKAqwMzU9wAmGh8+79aB8Og2mjJ2peFVPNQuj0dX3oIclGJWd2xdx6Vr9vDa1\n9IG/2F+zh8ZXhRzNv6BcoFtA17uLXvgX2rGQNVEb3OQu8NmDZgK5SgtnTY/2fsl4\nlMtpbjtmf85ezN9eYq11ocHVvYW9zrIGs3oladDBJFCSlOSBtSgIpHUPGd0gnqQ+\nmvKC3TsMwP6eOOS8zZ62IhYcvCmi0nbZq+3/qTXHFTLmxRygZaC+2P9mEPCelsBB\nJ/SpAoIBAHCmImxKkqbZXjGFp5/vR4inIwTBkY3YNMwE3BMpncAyDUnohFko7GoA\n4r9wNuqbIw/uDnBzlWgMLasqKXWDatHksLpIq9/EwmjWlRB0wyQerYwFb33MQ2sD\nbgpaJm1+2pIUWvIPIyrVxf/XpfmW/d3rokMOFqZQFWf4ugn7b4jtENsuBnsq8Xyv\no4FMMZIe8c6VmIJN6okE1ScbBMZC++dBIl711Ku3nJesCNHCdJXl96QoVo9QDfF+\ndky3+9eMKJtAPd+ktSuig7PsV+YTOM4ZT/22AzTaZLlOyDdfbt9hfssEug6u8C80\nSx7HmrpUIwdg/orKVxHw58Z+5W0p4c0CggEATVjzd5a85SWtocA03loWA7w9sIN2\nX70paobb2dzTe9Dn8WOt3JEOK7EAn6dJvWHc0sIHuGPhnnaYxiQA1G2PeajOT7V6\no8AmQIngeJ0J3b1y0nRwpbgNMCppL1sZnZuXuKOfo0tPKRhlGX9MUFNYy8KFRgB0\n84dl3gOVEfKhQi46dE7BWqnOtxJr/G6/3S/p/7OnVI9Zt2sn3n7EImGFeOyX5Jnd\nfCKQXH9f1I1IR5erARwfsU05J0YKVodTbJx+FfwcH1JbP/fKaIjymzN+3TP0dWSr\nx7oQdVJ0QUYshpLqG/NJH6eiBM+JWyvMHq0Fumr1AbYQ5gyrFkhFeahzaQ==\n-----END RSA PRIVATE KEY-----\n",
            "private_key_pem_pkcs8": "-----BEGIN PRIVATE KEY-----\nMIIJQQIBADANBgkqhkiG9w0BAQEFAASCCSswggknAgEAAoICAQDd9HaMunyVdNka\nt0SMWPQHCJc1wWM6o3+6BjgMIrlQ/9XvVY8ZA6obzRirCdBZqyqz7bRgNW1cpM0W\nD8vXYTfJSIZ5wWkgNjkyX1PoxWxE8Uko24i2t1o+yaBCHG+/q1zE8Glll1YWLC/m\n/otZCe6drFvoR0DL+MoeBczCLqf8CRdCgQNdwEJaSF4lLBD11eQwVNzBjaYKx0U/\nfHpbeZT/963Q7JLTqKhXso2jK6lIVhwUySD7Yd5y8PNGB8SYV0b0fPDy5MIyB2f8\nwwWWfDVK9VzW9/R4BWh3oxrSEcLQptuV6LuXGD9Dht2BqV1mlmvPJ2ZDNdUpX5h9\nfSBs1BWFZKeNlcNq99D9DaG+cgPPoXVnLchgH9AEQe1n/8tG8W59n2jmBxgcNcr9\nWaVQ2DvWKVKH4XArPKX4rcBOqA6xOvO7ui5Xyho83UE8mIfMy/yFL5R0EVs4D+Wn\nbaWleAvGesOa1cJDL5bZjVcMxis2VIECeSAmj0TTogaWKtl2vPr8TTKbOB2oKa0S\nqneC87Dwh7ovwl9ZAH0bZZ9bP/Oy6+NxtOyeBKhhyGKjS9YSpEg952JQMTIYGWpY\nCI3MBdnkaxjTRiJ8/bNUAba4dcn+46vN5W1YvhSJd5ZF6/dc1vPTb9k7k+gUBxFE\nqZpjjgiKbFxphuIJd9Hj1KAAG2jjBwIDAQABAoICAAKluWkfNJjHq4NZRxCg0P0U\nAxTxRgPKrhFavTTUOwJX6nbgmXJSk7NAMKZAqPnLffpynrw5m3w1L6zx2yVa0jBC\nWrH6dqsVYVf7rnqnEYHjAdOZMWkj8BqBSKHAeZotA2KQuehWwE+QlU/gPQlOAiRK\nZ8oi6271rQX2B/yZa7i071ZyCk2MRfa2zsh43TPH7WczCH9Tj6WcjOd9+TGkXGRM\nJt2p0UfAxvo0nVAD2pDI9G9Qdlog23+BO/5brQcfealmEVg8U150lXHqYay0YFME\n0lVmi2QmbI3HbBda08hktj76eXOpXXKqrB4fHFcD1m9/jouUod4iD3TsGfuM/UgJ\nLbx5undkrRSoZQmpWiDNK42H5wbejt/uyMf+ret3o3M4gwf65KZoCsM5kg9Z0AYV\niulHrCc1At/2XFHkFoqvwH24+5OrYlJfRFNqmNza7iZ/57d27UpGIa71IzbqMspZ\nSYb+Ub+VxPOFWNNN9VL/QJD4sRwNWx2+69zPYRMF4VnnV3Ojzh/wdtlvPyNkxtX+\nV4N22N1IjOHuW6TB/qG4JPAoGbsuEEry2ieZF5kGoGxzX2jbYlUt/l4mjZT3sO9w\n8NiSTJMhRE5QInVHML1UqBjCuJrkQZ1GV4uKYjF8gex1vYLMAPZ3SQB0+jYYDy0x\nGUYLfcQaT7r3fA89mippAoIBAQDvtsTlZo+WVtNAmAZWhr2ZDevIvCx8PGECBaj1\nADHOtBO+3pP1YFrce7XnVtYXrFhKOS+OBJmt8w2pcw6NPJ+REe9mzall6m8hBi2L\nIg+8Dt5OkqoRvXd29VL2FCJULsb/n8lCjLLFGopbaMF7ME8b+1D+v6utSGfeiNtt\nbvB3nOhT2ZEvJQdEJ+0ZPkJaiVXgCc7S+YVDfey6TDqI/uY7E+98Dir4Z7Z62XrT\nMJFflSQXfYsiXRCJQJj1VNth2o4TVGQZXA8w8ytVQkm8rhrwBLt5A/KAgCYSSSVO\nbIRplW/6AEF/LPkmfRjJPpcw/Hp/hmP8/YHaVHSyULnvqtPJAoIBAQDtCNHoy/Z6\nLDIhAfczsNOqDCl1IXBajxJD582Q9DiQZV+O0WHGV+1ZhPqYJe1Q4P5uP0aPIcv8\nIix6TXbdmdpEeskrIVbIlx9cm34xKrAhrnHgbee67CshFOb6fp4J8IPpb/CI2llY\nGk8M82gM/pkmhznviALt7Gcaob2TtsL3TxGCXb9GMET5SSuWMrALchFOW8Df4du6\nOpr7zz3m+nHwSwokucmI65ojzwRFuh80HYDyPZoLVNFPc5ya1qlILq/sFVBVw/j3\nkHlvs478wRzcXKIDCot06KdPivgLgRQpGYwUFYsmGL9Uz6xA7CNThAfJuDYlt7fF\nR94hn2fPmUhPAoIBABwUf9oTeox03Ug6xrtKC1mrfMxF5rwi4oY3HYSdojgBdjKs\npg5fXCVpxHQ2AtxBDxKawkxTk6EB0L7hwHmg+VwoCrAzNT3ACYaHz7v1oHw6DaaM\nnal4VU81C6PR1feghyUYlZ3bF3HpWv28NrX0gb/YX7OHxleFHM2/oFygW0DXu4te\n+BfasZA1URvc5C7w2YNmArlKC2dNj/Z+yXiUy2luO2Z/zl7M315irXWhwdW9hb3O\nsgazeiVp0MEkUJKU5IG1KAikdQ8Z3SCepD6a8oLdOwzA/p445LzNnrYiFhy8KaLS\ndtmr7f+pNccVMubFHKBloL7Y/2YQ8J6WwEEn9KkCggEAcKYibEqSptleMYWnn+9H\niKcjBMGRjdg0zATcEymdwDINSeiEWSjsagDiv3A26psjD+4OcHOVaAwtqyopdYNq\n0eSwukir38TCaNaVEHTDJB6tjAVvfcxDawNuClombX7akhRa8g8jKtXF/9el+Zb9\n3euiQw4WplAVZ/i6CftviO0Q2y4GeyrxfK+jgUwxkh7xzpWYgk3qiQTVJxsExkL7\n50EiXvXUq7ecl6wI0cJ0leX3pChWj1AN8X52TLf714wom0A936S1K6KDs+xX5hM4\nzhlP/bYDNNpkuU7IN19u32F+ywS6Dq7wLzRLHseaulQjB2D+ispXEfDnxn7lbSnh\nzQKCAQBNWPN3lrzlJa2hwDTeWhYDvD2wg3ZfvSlqhtvZ3NN70OfxY63ckQ4rsQCf\np0m9YdzSwge4Y+GedpjGJADUbY95qM5PtXqjwCZAieB4nQndvXLSdHCluA0wKmkv\nWxmdm5e4o5+jS08pGGUZf0xQU1jLwoVGAHTzh2XeA5UR8qFCLjp0TsFaqc63Emv8\nbr/dL+n/s6dUj1m3ayfefsQiYYV47Jfkmd18IpBcf1/UjUhHl6sBHB+xTTknRgpW\nh1NsnH4V/BwfUls/98poiPKbM37dM/R1ZKvHuhB1UnRBRiyGkuob80kfp6IEz4lb\nK8werQW6avUBthDmDKsWSEV5qHNp\n-----END PRIVATE KEY-----\n",
            "public_key_fingerprint_md5": "1a:06:d7:cc:f6:e4:81:95:54:65:31:10:64:ea:01:bc",
            "public_key_fingerprint_sha256": "SHA256:qx0/ZFyL5UE9JA4Gmdb3x62lWkU3/yebfIaSH3M+JPg",
            "public_key_openssh": "ssh-rsa AAAAB3NzaC1yc2EAAAADAQABAAACAQDd9HaMunyVdNkat0SMWPQHCJc1wWM6o3+6BjgMIrlQ/9XvVY8ZA6obzRirCdBZqyqz7bRgNW1cpM0WD8vXYTfJSIZ5wWkgNjkyX1PoxWxE8Uko24i2t1o+yaBCHG+/q1zE8Glll1YWLC/m/otZCe6drFvoR0DL+MoeBczCLqf8CRdCgQNdwEJaSF4lLBD11eQwVNzBjaYKx0U/fHpbeZT/963Q7JLTqKhXso2jK6lIVhwUySD7Yd5y8PNGB8SYV0b0fPDy5MIyB2f8wwWWfDVK9VzW9/R4BWh3oxrSEcLQptuV6LuXGD9Dht2BqV1mlmvPJ2ZDNdUpX5h9fSBs1BWFZKeNlcNq99D9DaG+cgPPoXVnLchgH9AEQe1n/8tG8W59n2jmBxgcNcr9WaVQ2DvWKVKH4XArPKX4rcBOqA6xOvO7ui5Xyho83UE8mIfMy/yFL5R0EVs4D+WnbaWleAvGesOa1cJDL5bZjVcMxis2VIECeSAmj0TTogaWKtl2vPr8TTKbOB2oKa0SqneC87Dwh7ovwl9ZAH0bZZ9bP/Oy6+NxtOyeBKhhyGKjS9YSpEg952JQMTIYGWpYCI3MBdnkaxjTRiJ8/bNUAba4dcn+46vN5W1YvhSJd5ZF6/dc1vPTb9k7k+gUBxFEqZpjjgiKbFxphuIJd9Hj1KAAG2jjBw==\n",
            "public_key_pem": "-----BEGIN PUBLIC KEY-----\nMIICIjANBgkqhkiG9w0BAQEFAAOCAg8AMIICCgKCAgEA3fR2jLp8lXTZGrdEjFj0\nBwiXNcFjOqN/ugY4DCK5UP/V71WPGQOqG80YqwnQWasqs+20YDVtXKTNFg/L12E3\nyUiGecFpIDY5Ml9T6MVsRPFJKNuItrdaPsmgQhxvv6tcxPBpZZdWFiwv5v6LWQnu\nnaxb6EdAy/jKHgXMwi6n/AkXQoEDXcBCWkheJSwQ9dXkMFTcwY2mCsdFP3x6W3mU\n//et0OyS06ioV7KNoyupSFYcFMkg+2HecvDzRgfEmFdG9Hzw8uTCMgdn/MMFlnw1\nSvVc1vf0eAVod6Ma0hHC0Kbblei7lxg/Q4bdgaldZpZrzydmQzXVKV+YfX0gbNQV\nhWSnjZXDavfQ/Q2hvnIDz6F1Zy3IYB/QBEHtZ//LRvFufZ9o5gcYHDXK/VmlUNg7\n1ilSh+FwKzyl+K3ATqgOsTrzu7ouV8oaPN1BPJiHzMv8hS+UdBFbOA/lp22lpXgL\nxnrDmtXCQy+W2Y1XDMYrNlSBAnkgJo9E06IGlirZdrz6/E0ymzgdqCmtEqp3gvOw\n8Ie6L8JfWQB9G2WfWz/zsuvjcbTsngSoYchio0vWEqRIPediUDEyGBlqWAiNzAXZ\n5GsY00YifP2zVAG2uHXJ/uOrzeVtWL4UiXeWRev3XNbz02/ZO5PoFAcRRKmaY44I\nimxcaYbiCXfR49SgABto4wcCAwEAAQ==\n-----END PUBLIC KEY-----\n",
            "rsa_bits": 4096
          },
          "sensitive_attributes": [
            [
              {
                "type": "get_attr",
                "value": "private_key_openssh"
              }
            ],
            [
              {
                "type": "get_attr",
                "value": "private_key_pem"
              }
            ],
            [
              {
                "type": "get_attr",
                "value": "private_key_pem_pkcs8"
              }
            ]
          ],
          "identity_schema_version": 0
        }
      ]
    }
  ],
  "check_results": null
}
