{
  "version": 4,
  "terraform_version": "1.14.3",
  "serial": 43,
  "lineage": "e05eaa60-62bc-e814-7945-a9ac2db39f9e",
  "outputs": {
    "admin_role_arn": {
      "value": "arn:aws:iam::819351093730:role/production-security-admin-mfa-fcskjaun",
      "type": "string"
    },
    "config_bucket_name": {
      "value": "production-security-config-fcskjaun",
      "type": "string"
    },
    "environment_suffix": {
      "value": "fcskjaun",
      "type": "string"
    },
    "kms_primary_key_arn": {
      "value": "arn:aws:kms:us-east-1:819351093730:key/mrk-d84ec8f187bf4b78a6da3b26db2f4063",
      "type": "string"
    },
    "kms_primary_key_id": {
      "value": "mrk-d84ec8f187bf4b78a6da3b26db2f4063",
      "type": "string"
    },
    "lambda_rotation_function_name": {
      "value": "production-security-rotation-fcskjaun",
      "type": "string"
    },
    "scp_deny_root_policy": {
      "value": "{\"Statement\":[{\"Action\":\"*\",\"Condition\":{\"StringLike\":{\"aws:PrincipalArn\":\"arn:aws:iam::*:root\"}},\"Effect\":\"Deny\",\"Resource\":\"*\",\"Sid\":\"DenyRootAccountUsage\"}],\"Version\":\"2012-10-17\"}",
      "type": "string"
    },
    "scp_require_encryption_policy": {
      "value": "{\"Statement\":[{\"Action\":\"s3:PutObject\",\"Condition\":{\"StringNotEquals\":{\"s3:x-amz-server-side-encryption\":[\"aws:kms\",\"AES256\"]}},\"Effect\":\"Deny\",\"Resource\":\"*\",\"Sid\":\"DenyUnencryptedObjectUploads\"},{\"Action\":[\"rds:CreateDBInstance\",\"rds:CreateDBCluster\"],\"Condition\":{\"Bool\":{\"rds:StorageEncrypted\":\"false\"}},\"Effect\":\"Deny\",\"Resource\":\"*\",\"Sid\":\"RequireKMSEncryption\"},{\"Action\":[\"ec2:RunInstances\"],\"Condition\":{\"Bool\":{\"ec2:Encrypted\":\"false\"}},\"Effect\":\"Deny\",\"Resource\":\"arn:aws:ec2:*:*:volume/*\",\"Sid\":\"RequireEBSEncryption\"}],\"Version\":\"2012-10-17\"}",
      "type": "string"
    },
    "vpc_endpoint_kms_id": {
      "value": "vpce-0f9636c272a6d6bdc",
      "type": "string"
    },
    "vpc_endpoint_secretsmanager_id": {
      "value": "vpce-07ef4b719e1d48587",
      "type": "string"
    }
  },
  "resources": [
    {
      "mode": "data",
      "type": "archive_file",
      "name": "config_kms_rotation",
      "provider": "provider[\"registry.terraform.io/hashicorp/archive\"]",
      "instances": [
        {
          "schema_version": 0,
          "attributes": {
            "exclude_symlink_directories": null,
            "excludes": null,
            "id": "7dd8a4e8257d5d68d114eea682b043bb7fc3df79",
            "output_base64sha256": "bfkLIClu2T49x7qznPUfiwj47RXnATTr7itlQUlTm4M=",
            "output_base64sha512": "7NCZKSQcvaM981KcU+C/CDBWT4EBcS3HITCULpOWpSmmDwEFwpJidbQ9RcEKP13IBlnN4kwW2GaskQlTq1ulew==",
            "output_file_mode": null,
            "output_md5": "c177220222250d0a15a839ed27c9941a",
            "output_path": "./lambda/config_kms_rotation.zip",
            "output_sha": "7dd8a4e8257d5d68d114eea682b043bb7fc3df79",
            "output_sha256": "6df90b20296ed93e3dc7bab39cf51f8b08f8ed15e70134ebee2b654149539b83",
            "output_sha512": "ecd09929241cbda33df3529c53e0bf0830564f8101712dc72130942e9396a529a60f0105c2926275b43d45c10a3f5dc80659cde24c16d866ac910953ab5ba57b",
            "output_size": 683,
            "source": [],
            "source_content": null,
            "source_content_filename": null,
            "source_dir": null,
            "source_file": "./lambda/config_kms_rotation.py",
            "type": "zip"
          },
          "sensitive_attributes": [],
          "identity_schema_version": 0
        }
      ]
    },
    {
      "mode": "data",
      "type": "archive_file",
      "name": "secret_rotation",
      "provider": "provider[\"registry.terraform.io/hashicorp/archive\"]",
      "instances": [
        {
          "schema_version": 0,
          "attributes": {
            "exclude_symlink_directories": null,
            "excludes": null,
            "id": "ace1b59984efea055b482ccd14249362ffe1f03c",
            "output_base64sha256": "FfGKzLgi1A+wD5VpD2Cj9KqnHhBNZX7BRVye1X/tY0U=",
            "output_base64sha512": "hNda/3qQYg1Bf/rQxheoeBABHyRiI2GVNH0W0/q6hWl75M06B157L1w4NR0r3DQa5gHuZXQ62mDhyUplOHAsrA==",
            "output_file_mode": null,
            "output_md5": "51abdf7b9082f196e00d86c777649479",
            "output_path": "./lambda/secret_rotation.zip",
            "output_sha": "ace1b59984efea055b482ccd14249362ffe1f03c",
            "output_sha256": "15f18accb822d40fb00f95690f60a3f4aaa71e104d657ec1455c9ed57fed6345",
            "output_sha512": "84d75aff7a90620d417ffad0c617a87810011f2462236195347d16d3faba85697be4cd3a075e7b2f5c38351d2bdc341ae601ee65743ada60e1c94a6538702cac",
            "output_size": 1665,
            "source": [],
            "source_content": null,
            "source_content_filename": null,
            "source_dir": null,
            "source_file": "./lambda/secret_rotation.py",
            "type": "zip"
          },
          "sensitive_attributes": [],
          "identity_schema_version": 0
        }
      ]
    },
    {
      "mode": "data",
      "type": "aws_availability_zones",
      "name": "available",
      "provider": "provider[\"registry.terraform.io/hashicorp/aws\"]",
      "instances": [
        {
          "schema_version": 0,
          "attributes": {
            "all_availability_zones": null,
            "exclude_names": null,
            "exclude_zone_ids": null,
            "filter": null,
            "group_names": [
              "us-east-1-zg-1"
            ],
            "id": "us-east-1",
            "names": [
              "us-east-1a",
              "us-east-1b",
              "us-east-1c",
              "us-east-1d",
              "us-east-1e",
              "us-east-1f"
            ],
            "state": "available",
            "timeouts": null,
            "zone_ids": [
              "use1-az2",
              "use1-az4",
              "use1-az6",
              "use1-az1",
              "use1-az3",
              "use1-az5"
            ]
          },
          "sensitive_attributes": [],
          "identity_schema_version": 0
        }
      ]
    },
    {
      "mode": "data",
      "type": "aws_caller_identity",
      "name": "current",
      "provider": "provider[\"registry.terraform.io/hashicorp/aws\"]",
      "instances": [
        {
          "schema_version": 0,
          "attributes": {
            "account_id": "819351093730",
            "arn": "arn:aws:iam::819351093730:user/anurag.pathak@joblance.co",
            "id": "819351093730",
            "user_id": "AIDA35RJBQHREJX2UOTE3"
          },
          "sensitive_attributes": [],
          "identity_schema_version": 0
        }
      ]
    },
    {
      "mode": "data",
      "type": "aws_iam_policy_document",
      "name": "admin_mfa_assume",
      "provider": "provider[\"registry.terraform.io/hashicorp/aws\"]",
      "instances": [
        {
          "schema_version": 0,
          "attributes": {
            "id": "3650318792",
            "json": "{\n  \"Version\": \"2012-10-17\",\n  \"Statement\": [\n    {\n      \"Effect\": \"Allow\",\n      \"Action\": \"sts:AssumeRole\",\n      \"Principal\": {\n        \"AWS\": \"arn:aws:iam::819351093730:root\"\n      },\n      \"Condition\": {\n        \"Bool\": {\n          \"aws:MultiFactorAuthPresent\": \"true\"\n        },\n        \"NumericLessThan\": {\n          \"aws:MultiFactorAuthAge\": \"3600\"\n        }\n      }\n    }\n  ]\n}",
            "minified_json": "{\"Version\":\"2012-10-17\",\"Statement\":[{\"Effect\":\"Allow\",\"Action\":\"sts:AssumeRole\",\"Principal\":{\"AWS\":\"arn:aws:iam::819351093730:root\"},\"Condition\":{\"Bool\":{\"aws:MultiFactorAuthPresent\":\"true\"},\"NumericLessThan\":{\"aws:MultiFactorAuthAge\":\"3600\"}}}]}",
            "override_json": null,
            "override_policy_documents": null,
            "policy_id": null,
            "source_json": null,
            "source_policy_documents": null,
            "statement": [
              {
                "actions": [
                  "sts:AssumeRole"
                ],
                "condition": [
                  {
                    "test": "Bool",
                    "values": [
                      "true"
                    ],
                    "variable": "aws:MultiFactorAuthPresent"
                  },
                  {
                    "test": "NumericLessThan",
                    "values": [
                      "3600"
                    ],
                    "variable": "aws:MultiFactorAuthAge"
                  }
                ],
                "effect": "Allow",
                "not_actions": [],
                "not_principals": [],
                "not_resources": [],
                "principals": [
                  {
                    "identifiers": [
                      "arn:aws:iam::819351093730:root"
                    ],
                    "type": "AWS"
                  }
                ],
                "resources": [],
                "sid": ""
              }
            ],
            "version": "2012-10-17"
          },
          "sensitive_attributes": [],
          "identity_schema_version": 0
        }
      ]
    },
    {
      "mode": "data",
      "type": "aws_iam_policy_document",
      "name": "admin_policy",
      "provider": "provider[\"registry.terraform.io/hashicorp/aws\"]",
      "instances": [
        {
          "schema_version": 0,
          "attributes": {
            "id": "279049094",
            "json": "{\n  \"Version\": \"2012-10-17\",\n  \"Statement\": [\n    {\n      \"Sid\": \"EC2Management\",\n      \"Effect\": \"Allow\",\n      \"Action\": [\n        \"ec2:Stop*\",\n        \"ec2:Start*\",\n        \"ec2:Reboot*\",\n        \"ec2:Describe*\"\n      ],\n      \"Resource\": \"arn:aws:ec2:us-east-1:819351093730:instance/*\"\n    },\n    {\n      \"Sid\": \"S3Management\",\n      \"Effect\": \"Allow\",\n      \"Action\": [\n        \"s3:PutObject\",\n        \"s3:ListBucket\",\n        \"s3:GetObject\"\n      ],\n      \"Resource\": [\n        \"arn:aws:s3:::production-security-*/*\",\n        \"arn:aws:s3:::production-security-*\"\n      ]\n    },\n    {\n      \"Sid\": \"IAMReadOnly\",\n      \"Effect\": \"Allow\",\n      \"Action\": [\n        \"iam:List*\",\n        \"iam:Get*\"\n      ],\n      \"Resource\": [\n        \"arn:aws:iam::819351093730:user/*\",\n        \"arn:aws:iam::819351093730:role/*\"\n      ]\n    }\n  ]\n}",
            "minified_json": "{\"Version\":\"2012-10-17\",\"Statement\":[{\"Sid\":\"EC2Management\",\"Effect\":\"Allow\",\"Action\":[\"ec2:Stop*\",\"ec2:Start*\",\"ec2:Reboot*\",\"ec2:Describe*\"],\"Resource\":\"arn:aws:ec2:us-east-1:819351093730:instance/*\"},{\"Sid\":\"S3Management\",\"Effect\":\"Allow\",\"Action\":[\"s3:PutObject\",\"s3:ListBucket\",\"s3:GetObject\"],\"Resource\":[\"arn:aws:s3:::production-security-*/*\",\"arn:aws:s3:::production-security-*\"]},{\"Sid\":\"IAMReadOnly\",\"Effect\":\"Allow\",\"Action\":[\"iam:List*\",\"iam:Get*\"],\"Resource\":[\"arn:aws:iam::819351093730:user/*\",\"arn:aws:iam::819351093730:role/*\"]}]}",
            "override_json": null,
            "override_policy_documents": null,
            "policy_id": null,
            "source_json": null,
            "source_policy_documents": null,
            "statement": [
              {
                "actions": [
                  "ec2:Describe*",
                  "ec2:Reboot*",
                  "ec2:Start*",
                  "ec2:Stop*"
                ],
                "condition": [],
                "effect": "Allow",
                "not_actions": [],
                "not_principals": [],
                "not_resources": [],
                "principals": [],
                "resources": [
                  "arn:aws:ec2:us-east-1:819351093730:instance/*"
                ],
                "sid": "EC2Management"
              },
              {
                "actions": [
                  "s3:GetObject",
                  "s3:ListBucket",
                  "s3:PutObject"
                ],
                "condition": [],
                "effect": "Allow",
                "not_actions": [],
                "not_principals": [],
                "not_resources": [],
                "principals": [],
                "resources": [
                  "arn:aws:s3:::production-security-*",
                  "arn:aws:s3:::production-security-*/*"
                ],
                "sid": "S3Management"
              },
              {
                "actions": [
                  "iam:Get*",
                  "iam:List*"
                ],
                "condition": [],
                "effect": "Allow",
                "not_actions": [],
                "not_principals": [],
                "not_resources": [],
                "principals": [],
                "resources": [
                  "arn:aws:iam::819351093730:role/*",
                  "arn:aws:iam::819351093730:user/*"
                ],
                "sid": "IAMReadOnly"
              }
            ],
            "version": "2012-10-17"
          },
          "sensitive_attributes": [],
          "identity_schema_version": 0
        }
      ]
    },
    {
      "mode": "data",
      "type": "aws_iam_policy_document",
      "name": "config_assume",
      "provider": "provider[\"registry.terraform.io/hashicorp/aws\"]",
      "instances": [
        {
          "schema_version": 0,
          "attributes": {
            "id": "607352202",
            "json": "{\n  \"Version\": \"2012-10-17\",\n  \"Statement\": [\n    {\n      \"Effect\": \"Allow\",\n      \"Action\": \"sts:AssumeRole\",\n      \"Principal\": {\n        \"Service\": \"config.amazonaws.com\"\n      }\n    }\n  ]\n}",
            "minified_json": "{\"Version\":\"2012-10-17\",\"Statement\":[{\"Effect\":\"Allow\",\"Action\":\"sts:AssumeRole\",\"Principal\":{\"Service\":\"config.amazonaws.com\"}}]}",
            "override_json": null,
            "override_policy_documents": null,
            "policy_id": null,
            "source_json": null,
            "source_policy_documents": null,
            "statement": [
              {
                "actions": [
                  "sts:AssumeRole"
                ],
                "condition": [],
                "effect": "Allow",
                "not_actions": [],
                "not_principals": [],
                "not_resources": [],
                "principals": [
                  {
                    "identifiers": [
                      "config.amazonaws.com"
                    ],
                    "type": "Service"
                  }
                ],
                "resources": [],
                "sid": ""
              }
            ],
            "version": "2012-10-17"
          },
          "sensitive_attributes": [],
          "identity_schema_version": 0
        }
      ]
    },
    {
      "mode": "data",
      "type": "aws_iam_policy_document",
      "name": "config_bucket_policy",
      "provider": "provider[\"registry.terraform.io/hashicorp/aws\"]",
      "instances": [
        {
          "schema_version": 0,
          "attributes": {
            "id": "3373371404",
            "json": "{\n  \"Version\": \"2012-10-17\",\n  \"Statement\": [\n    {\n      \"Sid\": \"AWSConfigBucketPermissionsCheck\",\n      \"Effect\": \"Allow\",\n      \"Action\": \"s3:GetBucketAcl\",\n      \"Resource\": \"arn:aws:s3:::production-security-config-fcskjaun\",\n      \"Principal\": {\n        \"Service\": \"config.amazonaws.com\"\n      }\n    },\n    {\n      \"Sid\": \"AWSConfigBucketExistenceCheck\",\n      \"Effect\": \"Allow\",\n      \"Action\": \"s3:ListBucket\",\n      \"Resource\": \"arn:aws:s3:::production-security-config-fcskjaun\",\n      \"Principal\": {\n        \"Service\": \"config.amazonaws.com\"\n      }\n    },\n    {\n      \"Sid\": \"AWSConfigBucketPut\",\n      \"Effect\": \"Allow\",\n      \"Action\": \"s3:PutObject\",\n      \"Resource\": \"arn:aws:s3:::production-security-config-fcskjaun/*\",\n      \"Principal\": {\n        \"Service\": \"config.amazonaws.com\"\n      },\n      \"Condition\": {\n        \"StringEquals\": {\n          \"s3:x-amz-acl\": \"bucket-owner-full-control\"\n        }\n      }\n    }\n  ]\n}",
            "minified_json": "{\"Version\":\"2012-10-17\",\"Statement\":[{\"Sid\":\"AWSConfigBucketPermissionsCheck\",\"Effect\":\"Allow\",\"Action\":\"s3:GetBucketAcl\",\"Resource\":\"arn:aws:s3:::production-security-config-fcskjaun\",\"Principal\":{\"Service\":\"config.amazonaws.com\"}},{\"Sid\":\"AWSConfigBucketExistenceCheck\",\"Effect\":\"Allow\",\"Action\":\"s3:ListBucket\",\"Resource\":\"arn:aws:s3:::production-security-config-fcskjaun\",\"Principal\":{\"Service\":\"config.amazonaws.com\"}},{\"Sid\":\"AWSConfigBucketPut\",\"Effect\":\"Allow\",\"Action\":\"s3:PutObject\",\"Resource\":\"arn:aws:s3:::production-security-config-fcskjaun/*\",\"Principal\":{\"Service\":\"config.amazonaws.com\"},\"Condition\":{\"StringEquals\":{\"s3:x-amz-acl\":\"bucket-owner-full-control\"}}}]}",
            "override_json": null,
            "override_policy_documents": null,
            "policy_id": null,
            "source_json": null,
            "source_policy_documents": null,
            "statement": [
              {
                "actions": [
                  "s3:GetBucketAcl"
                ],
                "condition": [],
                "effect": "Allow",
                "not_actions": [],
                "not_principals": [],
                "not_resources": [],
                "principals": [
                  {
                    "identifiers": [
                      "config.amazonaws.com"
                    ],
                    "type": "Service"
                  }
                ],
                "resources": [
                  "arn:aws:s3:::production-security-config-fcskjaun"
                ],
                "sid": "AWSConfigBucketPermissionsCheck"
              },
              {
                "actions": [
                  "s3:ListBucket"
                ],
                "condition": [],
                "effect": "Allow",
                "not_actions": [],
                "not_principals": [],
                "not_resources": [],
                "principals": [
                  {
                    "identifiers": [
                      "config.amazonaws.com"
                    ],
                    "type": "Service"
                  }
                ],
                "resources": [
                  "arn:aws:s3:::production-security-config-fcskjaun"
                ],
                "sid": "AWSConfigBucketExistenceCheck"
              },
              {
                "actions": [
                  "s3:PutObject"
                ],
                "condition": [
                  {
                    "test": "StringEquals",
                    "values": [
                      "bucket-owner-full-control"
                    ],
                    "variable": "s3:x-amz-acl"
                  }
                ],
                "effect": "Allow",
                "not_actions": [],
                "not_principals": [],
                "not_resources": [],
                "principals": [
                  {
                    "identifiers": [
                      "config.amazonaws.com"
                    ],
                    "type": "Service"
                  }
                ],
                "resources": [
                  "arn:aws:s3:::production-security-config-fcskjaun/*"
                ],
                "sid": "AWSConfigBucketPut"
              }
            ],
            "version": "2012-10-17"
          },
          "sensitive_attributes": [],
          "identity_schema_version": 0
        }
      ]
    },
    {
      "mode": "data",
      "type": "aws_iam_policy_document",
      "name": "config_lambda_policy",
      "provider": "provider[\"registry.terraform.io/hashicorp/aws\"]",
      "instances": [
        {
          "schema_version": 0,
          "attributes": {
            "id": "4133136000",
            "json": "{\n  \"Version\": \"2012-10-17\",\n  \"Statement\": [\n    {\n      \"Sid\": \"KMSAccess\",\n      \"Effect\": \"Allow\",\n      \"Action\": [\n        \"kms:GetKeyRotationStatus\",\n        \"kms:DescribeKey\"\n      ],\n      \"Resource\": \"*\"\n    },\n    {\n      \"Sid\": \"ConfigAccess\",\n      \"Effect\": \"Allow\",\n      \"Action\": \"config:PutEvaluations\",\n      \"Resource\": \"*\"\n    },\n    {\n      \"Sid\": \"CloudWatchLogs\",\n      \"Effect\": \"Allow\",\n      \"Action\": [\n        \"logs:PutLogEvents\",\n        \"logs:CreateLogStream\",\n        \"logs:CreateLogGroup\"\n      ],\n      \"Resource\": \"arn:aws:logs:us-east-1:819351093730:log-group:/aws/lambda/production-security-config-*\"\n    }\n  ]\n}",
            "minified_json": "{\"Version\":\"2012-10-17\",\"Statement\":[{\"Sid\":\"KMSAccess\",\"Effect\":\"Allow\",\"Action\":[\"kms:GetKeyRotationStatus\",\"kms:DescribeKey\"],\"Resource\":\"*\"},{\"Sid\":\"ConfigAccess\",\"Effect\":\"Allow\",\"Action\":\"config:PutEvaluations\",\"Resource\":\"*\"},{\"Sid\":\"CloudWatchLogs\",\"Effect\":\"Allow\",\"Action\":[\"logs:PutLogEvents\",\"logs:CreateLogStream\",\"logs:CreateLogGroup\"],\"Resource\":\"arn:aws:logs:us-east-1:819351093730:log-group:/aws/lambda/production-security-config-*\"}]}",
            "override_json": null,
            "override_policy_documents": null,
            "policy_id": null,
            "source_json": null,
            "source_policy_documents": null,
            "statement": [
              {
                "actions": [
                  "kms:DescribeKey",
                  "kms:GetKeyRotationStatus"
                ],
                "condition": [],
                "effect": "Allow",
                "not_actions": [],
                "not_principals": [],
                "not_resources": [],
                "principals": [],
                "resources": [
                  "*"
                ],
                "sid": "KMSAccess"
              },
              {
                "actions": [
                  "config:PutEvaluations"
                ],
                "condition": [],
                "effect": "Allow",
                "not_actions": [],
                "not_principals": [],
                "not_resources": [],
                "principals": [],
                "resources": [
                  "*"
                ],
                "sid": "ConfigAccess"
              },
              {
                "actions": [
                  "logs:CreateLogGroup",
                  "logs:CreateLogStream",
                  "logs:PutLogEvents"
                ],
                "condition": [],
                "effect": "Allow",
                "not_actions": [],
                "not_principals": [],
                "not_resources": [],
                "principals": [],
                "resources": [
                  "arn:aws:logs:us-east-1:819351093730:log-group:/aws/lambda/production-security-config-*"
                ],
                "sid": "CloudWatchLogs"
              }
            ],
            "version": "2012-10-17"
          },
          "sensitive_attributes": [],
          "identity_schema_version": 0
        }
      ]
    },
    {
      "mode": "data",
      "type": "aws_iam_policy_document",
      "name": "config_s3_policy",
      "provider": "provider[\"registry.terraform.io/hashicorp/aws\"]",
      "instances": [
        {
          "schema_version": 0,
          "attributes": {
            "id": "3537693694",
            "json": "{\n  \"Version\": \"2012-10-17\",\n  \"Statement\": [\n    {\n      \"Sid\": \"ConfigS3Access\",\n      \"Effect\": \"Allow\",\n      \"Action\": [\n        \"s3:PutObject\",\n        \"s3:GetObject\",\n        \"s3:GetBucketVersioning\"\n      ],\n      \"Resource\": [\n        \"arn:aws:s3:::production-security-config-fcskjaun/*\",\n        \"arn:aws:s3:::production-security-config-fcskjaun\"\n      ]\n    }\n  ]\n}",
            "minified_json": "{\"Version\":\"2012-10-17\",\"Statement\":[{\"Sid\":\"ConfigS3Access\",\"Effect\":\"Allow\",\"Action\":[\"s3:PutObject\",\"s3:GetObject\",\"s3:GetBucketVersioning\"],\"Resource\":[\"arn:aws:s3:::production-security-config-fcskjaun/*\",\"arn:aws:s3:::production-security-config-fcskjaun\"]}]}",
            "override_json": null,
            "override_policy_documents": null,
            "policy_id": null,
            "source_json": null,
            "source_policy_documents": null,
            "statement": [
              {
                "actions": [
                  "s3:GetBucketVersioning",
                  "s3:GetObject",
                  "s3:PutObject"
                ],
                "condition": [],
                "effect": "Allow",
                "not_actions": [],
                "not_principals": [],
                "not_resources": [],
                "principals": [],
                "resources": [
                  "arn:aws:s3:::production-security-config-fcskjaun",
                  "arn:aws:s3:::production-security-config-fcskjaun/*"
                ],
                "sid": "ConfigS3Access"
              }
            ],
            "version": "2012-10-17"
          },
          "sensitive_attributes": [],
          "identity_schema_version": 0
        }
      ]
    },
    {
      "mode": "data",
      "type": "aws_iam_policy_document",
      "name": "kms_endpoint_policy",
      "provider": "provider[\"registry.terraform.io/hashicorp/aws\"]",
      "instances": [
        {
          "schema_version": 0,
          "attributes": {
            "id": "1976273083",
            "json": "{\n  \"Version\": \"2012-10-17\",\n  \"Statement\": [\n    {\n      \"Sid\": \"AllowKMSAccess\",\n      \"Effect\": \"Allow\",\n      \"Action\": [\n        \"kms:GenerateDataKey\",\n        \"kms:Encrypt\",\n        \"kms:DescribeKey\",\n        \"kms:Decrypt\"\n      ],\n      \"Resource\": \"*\",\n      \"Principal\": {\n        \"AWS\": \"*\"\n      }\n    }\n  ]\n}",
            "minified_json": "{\"Version\":\"2012-10-17\",\"Statement\":[{\"Sid\":\"AllowKMSAccess\",\"Effect\":\"Allow\",\"Action\":[\"kms:GenerateDataKey\",\"kms:Encrypt\",\"kms:DescribeKey\",\"kms:Decrypt\"],\"Resource\":\"*\",\"Principal\":{\"AWS\":\"*\"}}]}",
            "override_json": null,
            "override_policy_documents": null,
            "policy_id": null,
            "source_json": null,
            "source_policy_documents": null,
            "statement": [
              {
                "actions": [
                  "kms:Decrypt",
                  "kms:DescribeKey",
                  "kms:Encrypt",
                  "kms:GenerateDataKey"
                ],
                "condition": [],
                "effect": "Allow",
                "not_actions": [],
                "not_principals": [],
                "not_resources": [],
                "principals": [
                  {
                    "identifiers": [
                      "*"
                    ],
                    "type": "AWS"
                  }
                ],
                "resources": [
                  "*"
                ],
                "sid": "AllowKMSAccess"
              }
            ],
            "version": "2012-10-17"
          },
          "sensitive_attributes": [],
          "identity_schema_version": 0
        }
      ]
    },
    {
      "mode": "data",
      "type": "aws_iam_policy_document",
      "name": "kms_key_policy",
      "provider": "provider[\"registry.terraform.io/hashicorp/aws\"]",
      "instances": [
        {
          "schema_version": 0,
          "attributes": {
            "id": "3632713798",
            "json": "{\n  \"Version\": \"2012-10-17\",\n  \"Statement\": [\n    {\n      \"Sid\": \"Enable IAM User Permissions\",\n      \"Effect\": \"Allow\",\n      \"Action\": [\n        \"kms:Update*\",\n        \"kms:ScheduleKeyDeletion\",\n        \"kms:Revoke*\",\n        \"kms:ReplicateKey\",\n        \"kms:Put*\",\n        \"kms:List*\",\n        \"kms:Get*\",\n        \"kms:Enable*\",\n        \"kms:Disable*\",\n        \"kms:Describe*\",\n        \"kms:Delete*\",\n        \"kms:Create*\",\n        \"kms:CancelKeyDeletion\"\n      ],\n      \"Resource\": \"*\",\n      \"Principal\": {\n        \"AWS\": \"arn:aws:iam::819351093730:root\"\n      }\n    },\n    {\n      \"Sid\": \"DenyRootAccountDecrypt\",\n      \"Effect\": \"Deny\",\n      \"Action\": \"kms:Decrypt\",\n      \"Resource\": \"*\",\n      \"Principal\": {\n        \"AWS\": \"arn:aws:iam::819351093730:root\"\n      },\n      \"Condition\": {\n        \"StringEquals\": {\n          \"aws:PrincipalType\": \"Root\"\n        }\n      }\n    },\n    {\n      \"Sid\": \"AllowIAMRoleUsage\",\n      \"Effect\": \"Allow\",\n      \"Action\": [\n        \"kms:ReEncrypt*\",\n        \"kms:GenerateDataKey*\",\n        \"kms:Encrypt\",\n        \"kms:DescribeKey\",\n        \"kms:Decrypt\",\n        \"kms:CreateGrant\"\n      ],\n      \"Resource\": \"*\",\n      \"Principal\": {\n        \"AWS\": [\n          \"arn:aws:iam::819351093730:role/production-security-secrets-rotation-fcskjaun\",\n          \"arn:aws:iam::819351093730:role/production-security-config-fcskjaun\"\n        ]\n      }\n    },\n    {\n      \"Sid\": \"AllowCloudWatchLogs\",\n      \"Effect\": \"Allow\",\n      \"Action\": [\n        \"kms:ReEncrypt*\",\n        \"kms:GenerateDataKey*\",\n        \"kms:Encrypt\",\n        \"kms:DescribeKey\",\n        \"kms:Decrypt\",\n        \"kms:CreateGrant\"\n      ],\n      \"Resource\": \"*\",\n      \"Principal\": {\n        \"Service\": \"logs.us-east-1.amazonaws.com\"\n      },\n      \"Condition\": {\n        \"ArnLike\": {\n          \"kms:EncryptionContext:aws:logs:arn\": \"arn:aws:logs:us-east-1:819351093730:log-group:*\"\n        }\n      }\n    },\n    {\n      \"Sid\": \"AllowSecretsManager\",\n      \"Effect\": \"Allow\",\n      \"Action\": [\n        \"kms:ReEncrypt*\",\n        \"kms:GenerateDataKey*\",\n        \"kms:Encrypt\",\n        \"kms:DescribeKey\",\n        \"kms:Decrypt\",\n        \"kms:CreateGrant\"\n      ],\n      \"Resource\": \"*\",\n      \"Principal\": {\n        \"Service\": \"secretsmanager.us-east-1.amazonaws.com\"\n      }\n    }\n  ]\n}",
            "minified_json": "{\"Version\":\"2012-10-17\",\"Statement\":[{\"Sid\":\"Enable IAM User Permissions\",\"Effect\":\"Allow\",\"Action\":[\"kms:Update*\",\"kms:ScheduleKeyDeletion\",\"kms:Revoke*\",\"kms:ReplicateKey\",\"kms:Put*\",\"kms:List*\",\"kms:Get*\",\"kms:Enable*\",\"kms:Disable*\",\"kms:Describe*\",\"kms:Delete*\",\"kms:Create*\",\"kms:CancelKeyDeletion\"],\"Resource\":\"*\",\"Principal\":{\"AWS\":\"arn:aws:iam::819351093730:root\"}},{\"Sid\":\"DenyRootAccountDecrypt\",\"Effect\":\"Deny\",\"Action\":\"kms:Decrypt\",\"Resource\":\"*\",\"Principal\":{\"AWS\":\"arn:aws:iam::819351093730:root\"},\"Condition\":{\"StringEquals\":{\"aws:PrincipalType\":\"Root\"}}},{\"Sid\":\"AllowIAMRoleUsage\",\"Effect\":\"Allow\",\"Action\":[\"kms:ReEncrypt*\",\"kms:GenerateDataKey*\",\"kms:Encrypt\",\"kms:DescribeKey\",\"kms:Decrypt\",\"kms:CreateGrant\"],\"Resource\":\"*\",\"Principal\":{\"AWS\":[\"arn:aws:iam::819351093730:role/production-security-secrets-rotation-fcskjaun\",\"arn:aws:iam::819351093730:role/production-security-config-fcskjaun\"]}},{\"Sid\":\"AllowCloudWatchLogs\",\"Effect\":\"Allow\",\"Action\":[\"kms:ReEncrypt*\",\"kms:GenerateDataKey*\",\"kms:Encrypt\",\"kms:DescribeKey\",\"kms:Decrypt\",\"kms:CreateGrant\"],\"Resource\":\"*\",\"Principal\":{\"Service\":\"logs.us-east-1.amazonaws.com\"},\"Condition\":{\"ArnLike\":{\"kms:EncryptionContext:aws:logs:arn\":\"arn:aws:logs:us-east-1:819351093730:log-group:*\"}}},{\"Sid\":\"AllowSecretsManager\",\"Effect\":\"Allow\",\"Action\":[\"kms:ReEncrypt*\",\"kms:GenerateDataKey*\",\"kms:Encrypt\",\"kms:DescribeKey\",\"kms:Decrypt\",\"kms:CreateGrant\"],\"Resource\":\"*\",\"Principal\":{\"Service\":\"secretsmanager.us-east-1.amazonaws.com\"}}]}",
            "override_json": null,
            "override_policy_documents": null,
            "policy_id": null,
            "source_json": null,
            "source_policy_documents": null,
            "statement": [
              {
                "actions": [
                  "kms:CancelKeyDeletion",
                  "kms:Create*",
                  "kms:Delete*",
                  "kms:Describe*",
                  "kms:Disable*",
                  "kms:Enable*",
                  "kms:Get*",
                  "kms:List*",
                  "kms:Put*",
                  "kms:ReplicateKey",
                  "kms:Revoke*",
                  "kms:ScheduleKeyDeletion",
                  "kms:Update*"
                ],
                "condition": [],
                "effect": "Allow",
                "not_actions": [],
                "not_principals": [],
                "not_resources": [],
                "principals": [
                  {
                    "identifiers": [
                      "arn:aws:iam::819351093730:root"
                    ],
                    "type": "AWS"
                  }
                ],
                "resources": [
                  "*"
                ],
                "sid": "Enable IAM User Permissions"
              },
              {
                "actions": [
                  "kms:Decrypt"
                ],
                "condition": [
                  {
                    "test": "StringEquals",
                    "values": [
                      "Root"
                    ],
                    "variable": "aws:PrincipalType"
                  }
                ],
                "effect": "Deny",
                "not_actions": [],
                "not_principals": [],
                "not_resources": [],
                "principals": [
                  {
                    "identifiers": [
                      "arn:aws:iam::819351093730:root"
                    ],
                    "type": "AWS"
                  }
                ],
                "resources": [
                  "*"
                ],
                "sid": "DenyRootAccountDecrypt"
              },
              {
                "actions": [
                  "kms:CreateGrant",
                  "kms:Decrypt",
                  "kms:DescribeKey",
                  "kms:Encrypt",
                  "kms:GenerateDataKey*",
                  "kms:ReEncrypt*"
                ],
                "condition": [],
                "effect": "Allow",
                "not_actions": [],
                "not_principals": [],
                "not_resources": [],
                "principals": [
                  {
                    "identifiers": [
                      "arn:aws:iam::819351093730:role/production-security-config-fcskjaun",
                      "arn:aws:iam::819351093730:role/production-security-secrets-rotation-fcskjaun"
                    ],
                    "type": "AWS"
                  }
                ],
                "resources": [
                  "*"
                ],
                "sid": "AllowIAMRoleUsage"
              },
              {
                "actions": [
                  "kms:CreateGrant",
                  "kms:Decrypt",
                  "kms:DescribeKey",
                  "kms:Encrypt",
                  "kms:GenerateDataKey*",
                  "kms:ReEncrypt*"
                ],
                "condition": [
                  {
                    "test": "ArnLike",
                    "values": [
                      "arn:aws:logs:us-east-1:819351093730:log-group:*"
                    ],
                    "variable": "kms:EncryptionContext:aws:logs:arn"
                  }
                ],
                "effect": "Allow",
                "not_actions": [],
                "not_principals": [],
                "not_resources": [],
                "principals": [
                  {
                    "identifiers": [
                      "logs.us-east-1.amazonaws.com"
                    ],
                    "type": "Service"
                  }
                ],
                "resources": [
                  "*"
                ],
                "sid": "AllowCloudWatchLogs"
              },
              {
                "actions": [
                  "kms:CreateGrant",
                  "kms:Decrypt",
                  "kms:DescribeKey",
                  "kms:Encrypt",
                  "kms:GenerateDataKey*",
                  "kms:ReEncrypt*"
                ],
                "condition": [],
                "effect": "Allow",
                "not_actions": [],
                "not_principals": [],
                "not_resources": [],
                "principals": [
                  {
                    "identifiers": [
                      "secretsmanager.us-east-1.amazonaws.com"
                    ],
                    "type": "Service"
                  }
                ],
                "resources": [
                  "*"
                ],
                "sid": "AllowSecretsManager"
              }
            ],
            "version": "2012-10-17"
          },
          "sensitive_attributes": [],
          "identity_schema_version": 0
        }
      ]
    },
    {
      "mode": "data",
      "type": "aws_iam_policy_document",
      "name": "secrets_rotation_assume",
      "provider": "provider[\"registry.terraform.io/hashicorp/aws\"]",
      "instances": [
        {
          "schema_version": 0,
          "attributes": {
            "id": "2690255455",
            "json": "{\n  \"Version\": \"2012-10-17\",\n  \"Statement\": [\n    {\n      \"Effect\": \"Allow\",\n      \"Action\": \"sts:AssumeRole\",\n      \"Principal\": {\n        \"Service\": \"lambda.amazonaws.com\"\n      }\n    }\n  ]\n}",
            "minified_json": "{\"Version\":\"2012-10-17\",\"Statement\":[{\"Effect\":\"Allow\",\"Action\":\"sts:AssumeRole\",\"Principal\":{\"Service\":\"lambda.amazonaws.com\"}}]}",
            "override_json": null,
            "override_policy_documents": null,
            "policy_id": null,
            "source_json": null,
            "source_policy_documents": null,
            "statement": [
              {
                "actions": [
                  "sts:AssumeRole"
                ],
                "condition": [],
                "effect": "Allow",
                "not_actions": [],
                "not_principals": [],
                "not_resources": [],
                "principals": [
                  {
                    "identifiers": [
                      "lambda.amazonaws.com"
                    ],
                    "type": "Service"
                  }
                ],
                "resources": [],
                "sid": ""
              }
            ],
            "version": "2012-10-17"
          },
          "sensitive_attributes": [],
          "identity_schema_version": 0
        }
      ]
    },
    {
      "mode": "data",
      "type": "aws_iam_policy_document",
      "name": "secretsmanager_endpoint_policy",
      "provider": "provider[\"registry.terraform.io/hashicorp/aws\"]",
      "instances": [
        {
          "schema_version": 0,
          "attributes": {
            "id": "2115184536",
            "json": "{\n  \"Version\": \"2012-10-17\",\n  \"Statement\": [\n    {\n      \"Sid\": \"AllowSecretsManagerAccess\",\n      \"Effect\": \"Allow\",\n      \"Action\": [\n        \"secretsmanager:GetSecretValue\",\n        \"secretsmanager:DescribeSecret\"\n      ],\n      \"Resource\": \"*\",\n      \"Principal\": {\n        \"AWS\": \"*\"\n      }\n    }\n  ]\n}",
            "minified_json": "{\"Version\":\"2012-10-17\",\"Statement\":[{\"Sid\":\"AllowSecretsManagerAccess\",\"Effect\":\"Allow\",\"Action\":[\"secretsmanager:GetSecretValue\",\"secretsmanager:DescribeSecret\"],\"Resource\":\"*\",\"Principal\":{\"AWS\":\"*\"}}]}",
            "override_json": null,
            "override_policy_documents": null,
            "policy_id": null,
            "source_json": null,
            "source_policy_documents": null,
            "statement": [
              {
                "actions": [
                  "secretsmanager:DescribeSecret",
                  "secretsmanager:GetSecretValue"
                ],
                "condition": [],
                "effect": "Allow",
                "not_actions": [],
                "not_principals": [],
                "not_resources": [],
                "principals": [
                  {
                    "identifiers": [
                      "*"
                    ],
                    "type": "AWS"
                  }
                ],
                "resources": [
                  "*"
                ],
                "sid": "AllowSecretsManagerAccess"
              }
            ],
            "version": "2012-10-17"
          },
          "sensitive_attributes": [],
          "identity_schema_version": 0
        }
      ]
    },
    {
      "mode": "data",
      "type": "aws_iam_policy_document",
      "name": "vpc_flow_logs_assume",
      "provider": "provider[\"registry.terraform.io/hashicorp/aws\"]",
      "instances": [
        {
          "schema_version": 0,
          "attributes": {
            "id": "2717921857",
            "json": "{\n  \"Version\": \"2012-10-17\",\n  \"Statement\": [\n    {\n      \"Effect\": \"Allow\",\n      \"Action\": \"sts:AssumeRole\",\n      \"Principal\": {\n        \"Service\": \"vpc-flow-logs.amazonaws.com\"\n      }\n    }\n  ]\n}",
            "minified_json": "{\"Version\":\"2012-10-17\",\"Statement\":[{\"Effect\":\"Allow\",\"Action\":\"sts:AssumeRole\",\"Principal\":{\"Service\":\"vpc-flow-logs.amazonaws.com\"}}]}",
            "override_json": null,
            "override_policy_documents": null,
            "policy_id": null,
            "source_json": null,
            "source_policy_documents": null,
            "statement": [
              {
                "actions": [
                  "sts:AssumeRole"
                ],
                "condition": [],
                "effect": "Allow",
                "not_actions": [],
                "not_principals": [],
                "not_resources": [],
                "principals": [
                  {
                    "identifiers": [
                      "vpc-flow-logs.amazonaws.com"
                    ],
                    "type": "Service"
                  }
                ],
                "resources": [],
                "sid": ""
              }
            ],
            "version": "2012-10-17"
          },
          "sensitive_attributes": [],
          "identity_schema_version": 0
        }
      ]
    },
    {
      "mode": "data",
      "type": "aws_iam_policy_document",
      "name": "vpc_flow_logs_policy",
      "provider": "provider[\"registry.terraform.io/hashicorp/aws\"]",
      "instances": [
        {
          "schema_version": 0,
          "attributes": {
            "id": "1424534385",
            "json": "{\n  \"Version\": \"2012-10-17\",\n  \"Statement\": [\n    {\n      \"Effect\": \"Allow\",\n      \"Action\": [\n        \"logs:PutLogEvents\",\n        \"logs:DescribeLogStreams\",\n        \"logs:DescribeLogGroups\",\n        \"logs:CreateLogStream\",\n        \"logs:CreateLogGroup\"\n      ],\n      \"Resource\": [\n        \"arn:aws:logs:us-east-1:819351093730:log-group:/aws/vpc/production-security-flow-logs-fcskjaun:*\",\n        \"arn:aws:logs:us-east-1:819351093730:log-group:/aws/vpc/production-security-flow-logs-fcskjaun\"\n      ]\n    }\n  ]\n}",
            "minified_json": "{\"Version\":\"2012-10-17\",\"Statement\":[{\"Effect\":\"Allow\",\"Action\":[\"logs:PutLogEvents\",\"logs:DescribeLogStreams\",\"logs:DescribeLogGroups\",\"logs:CreateLogStream\",\"logs:CreateLogGroup\"],\"Resource\":[\"arn:aws:logs:us-east-1:819351093730:log-group:/aws/vpc/production-security-flow-logs-fcskjaun:*\",\"arn:aws:logs:us-east-1:819351093730:log-group:/aws/vpc/production-security-flow-logs-fcskjaun\"]}]}",
            "override_json": null,
            "override_policy_documents": null,
            "policy_id": null,
            "source_json": null,
            "source_policy_documents": null,
            "statement": [
              {
                "actions": [
                  "logs:CreateLogGroup",
                  "logs:CreateLogStream",
                  "logs:DescribeLogGroups",
                  "logs:DescribeLogStreams",
                  "logs:PutLogEvents"
                ],
                "condition": [],
                "effect": "Allow",
                "not_actions": [],
                "not_principals": [],
                "not_resources": [],
                "principals": [],
                "resources": [
                  "arn:aws:logs:us-east-1:819351093730:log-group:/aws/vpc/production-security-flow-logs-fcskjaun",
                  "arn:aws:logs:us-east-1:819351093730:log-group:/aws/vpc/production-security-flow-logs-fcskjaun:*"
                ],
                "sid": ""
              }
            ],
            "version": "2012-10-17"
          },
          "sensitive_attributes": [],
          "identity_schema_version": 0
        }
      ]
    },
    {
      "mode": "data",
      "type": "aws_vpc",
      "name": "selected",
      "provider": "provider[\"registry.terraform.io/hashicorp/aws\"]",
      "instances": [
        {
          "schema_version": 0,
          "attributes": {
            "arn": "arn:aws:ec2:us-east-1:819351093730:vpc/vpc-0c4a1febb5edd0dec",
            "cidr_block": "10.0.0.0/16",
            "cidr_block_associations": [
              {
                "association_id": "vpc-cidr-assoc-099b139983c2896bd",
                "cidr_block": "10.0.0.0/16",
                "state": "associated"
              }
            ],
            "default": false,
            "dhcp_options_id": "dopt-057e65e6be002aacd",
            "enable_dns_hostnames": true,
            "enable_dns_support": true,
            "enable_network_address_usage_metrics": false,
            "filter": null,
            "id": "vpc-0c4a1febb5edd0dec",
            "instance_tenancy": "default",
            "ipv6_association_id": "",
            "ipv6_cidr_block": "",
            "main_route_table_id": "rtb-0c51afd54e4711922",
            "owner_id": "819351093730",
            "state": null,
            "tags": {
              "Compliance": "PCI-DSS",
              "DataClassification": "Confidential",
              "Environment": "production",
              "ManagedBy": "Terraform",
              "Name": "production-security-vpc-fcskjaun",
              "Project": "SecurityFoundation"
            },
            "timeouts": null
          },
          "sensitive_attributes": [],
          "identity_schema_version": 0
        }
      ]
    },
    {
      "mode": "managed",
      "type": "aws_cloudwatch_log_group",
      "name": "lambda_rotation",
      "provider": "provider[\"registry.terraform.io/hashicorp/aws\"]",
      "instances": [
        {
          "schema_version": 0,
          "attributes": {
            "arn": "arn:aws:logs:us-east-1:819351093730:log-group:/aws/lambda/production-security-rotation-fcskjaun",
            "id": "/aws/lambda/production-security-rotation-fcskjaun",
            "kms_key_id": "arn:aws:kms:us-east-1:819351093730:key/mrk-d84ec8f187bf4b78a6da3b26db2f4063",
            "log_group_class": "STANDARD",
            "name": "/aws/lambda/production-security-rotation-fcskjaun",
            "name_prefix": "",
            "retention_in_days": 90,
            "skip_destroy": false,
            "tags": {
              "DataClassification": "Confidential",
              "Environment": "production",
              "ManagedBy": "Terraform",
              "Name": "production-security-lambda-logs-fcskjaun",
              "Project": "SecurityFoundation",
              "Purpose": "lambda-logging"
            },
            "tags_all": {
              "Compliance": "PCI-DSS",
              "DataClassification": "Confidential",
              "Environment": "production",
              "ManagedBy": "Terraform",
              "Name": "production-security-lambda-logs-fcskjaun",
              "Project": "SecurityFoundation",
              "Purpose": "lambda-logging"
            }
          },
          "sensitive_attributes": [],
          "identity_schema_version": 0,
          "private": "bnVsbA==",
          "dependencies": [
            "aws_iam_role.config_role",
            "aws_iam_role.secrets_rotation",
            "aws_kms_key.primary",
            "data.aws_caller_identity.current",
            "data.aws_iam_policy_document.config_assume",
            "data.aws_iam_policy_document.kms_key_policy",
            "data.aws_iam_policy_document.secrets_rotation_assume",
            "random_string.suffix"
          ]
        }
      ]
    },
    {
      "mode": "managed",
      "type": "aws_cloudwatch_log_group",
      "name": "vpc_flow_logs",
      "provider": "provider[\"registry.terraform.io/hashicorp/aws\"]",
      "instances": [
        {
          "schema_version": 0,
          "attributes": {
            "arn": "arn:aws:logs:us-east-1:819351093730:log-group:/aws/vpc/production-security-flow-logs-fcskjaun",
            "id": "/aws/vpc/production-security-flow-logs-fcskjaun",
            "kms_key_id": "arn:aws:kms:us-east-1:819351093730:key/mrk-d84ec8f187bf4b78a6da3b26db2f4063",
            "log_group_class": "STANDARD",
            "name": "/aws/vpc/production-security-flow-logs-fcskjaun",
            "name_prefix": "",
            "retention_in_days": 90,
            "skip_destroy": false,
            "tags": {
              "DataClassification": "Confidential",
              "Environment": "production",
              "ManagedBy": "Terraform",
              "Name": "production-security-vpc-logs-fcskjaun",
              "Project": "SecurityFoundation",
              "Purpose": "vpc-flow-logging"
            },
            "tags_all": {
              "Compliance": "PCI-DSS",
              "DataClassification": "Confidential",
              "Environment": "production",
              "ManagedBy": "Terraform",
              "Name": "production-security-vpc-logs-fcskjaun",
              "Project": "SecurityFoundation",
              "Purpose": "vpc-flow-logging"
            }
          },
          "sensitive_attributes": [],
          "identity_schema_version": 0,
          "private": "bnVsbA==",
          "dependencies": [
            "aws_iam_role.config_role",
            "aws_iam_role.secrets_rotation",
            "aws_kms_key.primary",
            "data.aws_caller_identity.current",
            "data.aws_iam_policy_document.config_assume",
            "data.aws_iam_policy_document.kms_key_policy",
            "data.aws_iam_policy_document.secrets_rotation_assume",
            "random_string.suffix"
          ]
        }
      ]
    },
    {
      "mode": "managed",
      "type": "aws_config_config_rule",
      "name": "cloudwatch_logs_encrypted",
      "provider": "provider[\"registry.terraform.io/hashicorp/aws\"]",
      "instances": []
    },
    {
      "mode": "managed",
      "type": "aws_config_config_rule",
      "name": "iam_mfa_required",
      "provider": "provider[\"registry.terraform.io/hashicorp/aws\"]",
      "instances": []
    },
    {
      "mode": "managed",
      "type": "aws_config_config_rule",
      "name": "kms_rotation_enabled",
      "provider": "provider[\"registry.terraform.io/hashicorp/aws\"]",
      "instances": []
    },
    {
      "mode": "managed",
      "type": "aws_config_config_rule",
      "name": "required_tags",
      "provider": "provider[\"registry.terraform.io/hashicorp/aws\"]",
      "instances": []
    },
    {
      "mode": "managed",
      "type": "aws_config_config_rule",
      "name": "s3_bucket_encrypted",
      "provider": "provider[\"registry.terraform.io/hashicorp/aws\"]",
      "instances": []
    },
    {
      "mode": "managed",
      "type": "aws_config_config_rule",
      "name": "secrets_encrypted",
      "provider": "provider[\"registry.terraform.io/hashicorp/aws\"]",
      "instances": []
    },
    {
      "mode": "managed",
      "type": "aws_config_config_rule",
      "name": "vpc_endpoint_service_enabled",
      "provider": "provider[\"registry.terraform.io/hashicorp/aws\"]",
      "instances": []
    },
    {
      "mode": "managed",
      "type": "aws_config_configuration_recorder",
      "name": "main",
      "provider": "provider[\"registry.terraform.io/hashicorp/aws\"]",
      "instances": []
    },
    {
      "mode": "managed",
      "type": "aws_config_configuration_recorder_status",
      "name": "main",
      "provider": "provider[\"registry.terraform.io/hashicorp/aws\"]",
      "instances": []
    },
    {
      "mode": "managed",
      "type": "aws_config_delivery_channel",
      "name": "main",
      "provider": "provider[\"registry.terraform.io/hashicorp/aws\"]",
      "instances": []
    },
    {
      "mode": "managed",
      "type": "aws_flow_log",
      "name": "security_vpc",
      "provider": "provider[\"registry.terraform.io/hashicorp/aws\"]",
      "instances": [
        {
          "index_key": 0,
          "schema_version": 0,
          "attributes": {
            "arn": "arn:aws:ec2:us-east-1:819351093730:vpc-flow-log/fl-0aa201969b8af7611",
            "deliver_cross_account_role": "",
            "destination_options": [],
            "eni_id": null,
            "iam_role_arn": "arn:aws:iam::819351093730:role/production-security-vpc-flow-logs-fcskjaun",
            "id": "fl-0aa201969b8af7611",
            "log_destination": "arn:aws:logs:us-east-1:819351093730:log-group:/aws/vpc/production-security-flow-logs-fcskjaun",
            "log_destination_type": "cloud-watch-logs",
            "log_format": "${version} ${account-id} ${interface-id} ${srcaddr} ${dstaddr} ${srcport} ${dstport} ${protocol} ${packets} ${bytes} ${start} ${end} ${action} ${log-status}",
            "log_group_name": "/aws/vpc/production-security-flow-logs-fcskjaun",
            "max_aggregation_interval": 60,
            "subnet_id": null,
            "tags": {
              "DataClassification": "Confidential",
              "Environment": "production",
              "ManagedBy": "Terraform",
              "Name": "production-security-flow-log-fcskjaun",
              "Project": "SecurityFoundation"
            },
            "tags_all": {
              "Compliance": "PCI-DSS",
              "DataClassification": "Confidential",
              "Environment": "production",
              "ManagedBy": "Terraform",
              "Name": "production-security-flow-log-fcskjaun",
              "Project": "SecurityFoundation"
            },
            "traffic_type": "ALL",
            "transit_gateway_attachment_id": null,
            "transit_gateway_id": null,
            "vpc_id": "vpc-0c4a1febb5edd0dec"
          },
          "sensitive_attributes": [],
          "identity_schema_version": 0,
          "private": "bnVsbA==",
          "dependencies": [
            "aws_cloudwatch_log_group.vpc_flow_logs",
            "aws_iam_role.config_role",
            "aws_iam_role.secrets_rotation",
            "aws_iam_role.vpc_flow_logs",
            "aws_kms_key.primary",
            "aws_vpc.security",
            "data.aws_caller_identity.current",
            "data.aws_iam_policy_document.config_assume",
            "data.aws_iam_policy_document.kms_key_policy",
            "data.aws_iam_policy_document.secrets_rotation_assume",
            "data.aws_iam_policy_document.vpc_flow_logs_assume",
            "random_string.suffix"
          ]
        }
      ]
    },
    {
      "mode": "managed",
      "type": "aws_iam_role",
      "name": "admin_with_mfa",
      "provider": "provider[\"registry.terraform.io/hashicorp/aws\"]",
      "instances": [
        {
          "schema_version": 0,
          "attributes": {
            "arn": "arn:aws:iam::819351093730:role/production-security-admin-mfa-fcskjaun",
            "assume_role_policy": "{\"Statement\":[{\"Action\":\"sts:AssumeRole\",\"Condition\":{\"Bool\":{\"aws:MultiFactorAuthPresent\":\"true\"},\"NumericLessThan\":{\"aws:MultiFactorAuthAge\":\"3600\"}},\"Effect\":\"Allow\",\"Principal\":{\"AWS\":\"arn:aws:iam::819351093730:root\"}}],\"Version\":\"2012-10-17\"}",
            "create_date": "2025-12-22T11:24:16Z",
            "description": "Admin role requiring MFA",
            "force_detach_policies": false,
            "id": "production-security-admin-mfa-fcskjaun",
            "inline_policy": [],
            "managed_policy_arns": [],
            "max_session_duration": 3600,
            "name": "production-security-admin-mfa-fcskjaun",
            "name_prefix": "",
            "path": "/",
            "permissions_boundary": "",
            "tags": {
              "DataClassification": "Confidential",
              "Environment": "production",
              "ManagedBy": "Terraform",
              "Name": "production-security-admin-mfa-fcskjaun",
              "Project": "SecurityFoundation",
              "Purpose": "admin-access",
              "RequiresMFA": "true"
            },
            "tags_all": {
              "Compliance": "PCI-DSS",
              "DataClassification": "Confidential",
              "Environment": "production",
              "ManagedBy": "Terraform",
              "Name": "production-security-admin-mfa-fcskjaun",
              "Project": "SecurityFoundation",
              "Purpose": "admin-access",
              "RequiresMFA": "true"
            },
            "unique_id": "AROA35RJBQHRPZODO3WWY"
          },
          "sensitive_attributes": [],
          "identity_schema_version": 0,
          "private": "bnVsbA==",
          "dependencies": [
            "data.aws_caller_identity.current",
            "data.aws_iam_policy_document.admin_mfa_assume",
            "random_string.suffix"
          ]
        }
      ]
    },
    {
      "mode": "managed",
      "type": "aws_iam_role",
      "name": "config_lambda",
      "provider": "provider[\"registry.terraform.io/hashicorp/aws\"]",
      "instances": [
        {
          "schema_version": 0,
          "attributes": {
            "arn": "arn:aws:iam::819351093730:role/production-security-config-lambda-fcskjaun",
            "assume_role_policy": "{\"Statement\":[{\"Action\":\"sts:AssumeRole\",\"Effect\":\"Allow\",\"Principal\":{\"Service\":\"lambda.amazonaws.com\"}}],\"Version\":\"2012-10-17\"}",
            "create_date": "2025-12-22T11:24:16Z",
            "description": "Role for Config custom rule Lambda function",
            "force_detach_policies": false,
            "id": "production-security-config-lambda-fcskjaun",
            "inline_policy": [],
            "managed_policy_arns": [],
            "max_session_duration": 3600,
            "name": "production-security-config-lambda-fcskjaun",
            "name_prefix": "",
            "path": "/",
            "permissions_boundary": "",
            "tags": {
              "DataClassification": "Confidential",
              "Environment": "production",
              "ManagedBy": "Terraform",
              "Name": "production-security-config-lambda-fcskjaun",
              "Project": "SecurityFoundation"
            },
            "tags_all": {
              "Compliance": "PCI-DSS",
              "DataClassification": "Confidential",
              "Environment": "production",
              "ManagedBy": "Terraform",
              "Name": "production-security-config-lambda-fcskjaun",
              "Project": "SecurityFoundation"
            },
            "unique_id": "AROA35RJBQHRDQP5WCN64"
          },
          "sensitive_attributes": [],
          "identity_schema_version": 0,
          "private": "bnVsbA==",
          "dependencies": [
            "random_string.suffix"
          ]
        }
      ]
    },
    {
      "mode": "managed",
      "type": "aws_iam_role",
      "name": "config_role",
      "provider": "provider[\"registry.terraform.io/hashicorp/aws\"]",
      "instances": [
        {
          "schema_version": 0,
          "attributes": {
            "arn": "arn:aws:iam::819351093730:role/production-security-config-fcskjaun",
            "assume_role_policy": "{\"Statement\":[{\"Action\":\"sts:AssumeRole\",\"Effect\":\"Allow\",\"Principal\":{\"Service\":\"config.amazonaws.com\"}}],\"Version\":\"2012-10-17\"}",
            "create_date": "2025-12-22T11:24:16Z",
            "description": "Role for AWS Config",
            "force_detach_policies": false,
            "id": "production-security-config-fcskjaun",
            "inline_policy": [],
            "managed_policy_arns": [],
            "max_session_duration": 3600,
            "name": "production-security-config-fcskjaun",
            "name_prefix": "",
            "path": "/",
            "permissions_boundary": "",
            "tags": {
              "DataClassification": "Confidential",
              "Environment": "production",
              "ManagedBy": "Terraform",
              "Name": "production-security-config-fcskjaun",
              "Project": "SecurityFoundation",
              "Purpose": "compliance-monitoring"
            },
            "tags_all": {
              "Compliance": "PCI-DSS",
              "DataClassification": "Confidential",
              "Environment": "production",
              "ManagedBy": "Terraform",
              "Name": "production-security-config-fcskjaun",
              "Project": "SecurityFoundation",
              "Purpose": "compliance-monitoring"
            },
            "unique_id": "AROA35RJBQHRPAQZB2WTS"
          },
          "sensitive_attributes": [],
          "identity_schema_version": 0,
          "private": "bnVsbA==",
          "dependencies": [
            "data.aws_iam_policy_document.config_assume",
            "random_string.suffix"
          ]
        }
      ]
    },
    {
      "mode": "managed",
      "type": "aws_iam_role",
      "name": "secrets_rotation",
      "provider": "provider[\"registry.terraform.io/hashicorp/aws\"]",
      "instances": [
        {
          "schema_version": 0,
          "attributes": {
            "arn": "arn:aws:iam::819351093730:role/production-security-secrets-rotation-fcskjaun",
            "assume_role_policy": "{\"Statement\":[{\"Action\":\"sts:AssumeRole\",\"Effect\":\"Allow\",\"Principal\":{\"Service\":\"lambda.amazonaws.com\"}}],\"Version\":\"2012-10-17\"}",
            "create_date": "2025-12-22T11:24:16Z",
            "description": "Role for Lambda function to rotate secrets",
            "force_detach_policies": false,
            "id": "production-security-secrets-rotation-fcskjaun",
            "inline_policy": [],
            "managed_policy_arns": [],
            "max_session_duration": 3600,
            "name": "production-security-secrets-rotation-fcskjaun",
            "name_prefix": "",
            "path": "/",
            "permissions_boundary": "",
            "tags": {
              "DataClassification": "Confidential",
              "Environment": "production",
              "ManagedBy": "Terraform",
              "Name": "production-security-secrets-rotation-fcskjaun",
              "Project": "SecurityFoundation",
              "Purpose": "secrets-rotation"
            },
            "tags_all": {
              "Compliance": "PCI-DSS",
              "DataClassification": "Confidential",
              "Environment": "production",
              "ManagedBy": "Terraform",
              "Name": "production-security-secrets-rotation-fcskjaun",
              "Project": "SecurityFoundation",
              "Purpose": "secrets-rotation"
            },
            "unique_id": "AROA35RJBQHRFLEHEQCYJ"
          },
          "sensitive_attributes": [],
          "identity_schema_version": 0,
          "private": "bnVsbA==",
          "dependencies": [
            "data.aws_iam_policy_document.secrets_rotation_assume",
            "random_string.suffix"
          ]
        }
      ]
    },
    {
      "mode": "managed",
      "type": "aws_iam_role",
      "name": "vpc_flow_logs",
      "provider": "provider[\"registry.terraform.io/hashicorp/aws\"]",
      "instances": [
        {
          "schema_version": 0,
          "attributes": {
            "arn": "arn:aws:iam::819351093730:role/production-security-vpc-flow-logs-fcskjaun",
            "assume_role_policy": "{\"Statement\":[{\"Action\":\"sts:AssumeRole\",\"Effect\":\"Allow\",\"Principal\":{\"Service\":\"vpc-flow-logs.amazonaws.com\"}}],\"Version\":\"2012-10-17\"}",
            "create_date": "2025-12-22T11:24:16Z",
            "description": "",
            "force_detach_policies": false,
            "id": "production-security-vpc-flow-logs-fcskjaun",
            "inline_policy": [],
            "managed_policy_arns": [],
            "max_session_duration": 3600,
            "name": "production-security-vpc-flow-logs-fcskjaun",
            "name_prefix": "",
            "path": "/",
            "permissions_boundary": "",
            "tags": {
              "DataClassification": "Confidential",
              "Environment": "production",
              "ManagedBy": "Terraform",
              "Name": "production-security-vpc-flow-logs-fcskjaun",
              "Project": "SecurityFoundation"
            },
            "tags_all": {
              "Compliance": "PCI-DSS",
              "DataClassification": "Confidential",
              "Environment": "production",
              "ManagedBy": "Terraform",
              "Name": "production-security-vpc-flow-logs-fcskjaun",
              "Project": "SecurityFoundation"
            },
            "unique_id": "AROA35RJBQHRP3AZIM6FN"
          },
          "sensitive_attributes": [],
          "identity_schema_version": 0,
          "private": "bnVsbA==",
          "dependencies": [
            "data.aws_iam_policy_document.vpc_flow_logs_assume",
            "random_string.suffix"
          ]
        }
      ]
    },
    {
      "mode": "managed",
      "type": "aws_iam_role_policy",
      "name": "admin_with_mfa",
      "provider": "provider[\"registry.terraform.io/hashicorp/aws\"]",
      "instances": [
        {
          "schema_version": 0,
          "attributes": {
            "id": "production-security-admin-mfa-fcskjaun:production-security-admin-policy-fcskjaun",
            "name": "production-security-admin-policy-fcskjaun",
            "name_prefix": "",
            "policy": "{\"Version\":\"2012-10-17\",\"Statement\":[{\"Action\":[\"ec2:Stop*\",\"ec2:Start*\",\"ec2:Reboot*\",\"ec2:Describe*\"],\"Effect\":\"Allow\",\"Resource\":\"arn:aws:ec2:us-east-1:819351093730:instance/*\",\"Sid\":\"EC2Management\"},{\"Action\":[\"s3:PutObject\",\"s3:ListBucket\",\"s3:GetObject\"],\"Effect\":\"Allow\",\"Resource\":[\"arn:aws:s3:::production-security-*/*\",\"arn:aws:s3:::production-security-*\"],\"Sid\":\"S3Management\"},{\"Action\":[\"iam:List*\",\"iam:Get*\"],\"Effect\":\"Allow\",\"Resource\":[\"arn:aws:iam::819351093730:user/*\",\"arn:aws:iam::819351093730:role/*\"],\"Sid\":\"IAMReadOnly\"}]}",
            "role": "production-security-admin-mfa-fcskjaun"
          },
          "sensitive_attributes": [],
          "identity_schema_version": 0,
          "private": "bnVsbA==",
          "dependencies": [
            "aws_iam_role.admin_with_mfa",
            "data.aws_caller_identity.current",
            "data.aws_iam_policy_document.admin_mfa_assume",
            "data.aws_iam_policy_document.admin_policy",
            "random_string.suffix"
          ]
        }
      ]
    },
    {
      "mode": "managed",
      "type": "aws_iam_role_policy",
      "name": "config_lambda",
      "provider": "provider[\"registry.terraform.io/hashicorp/aws\"]",
      "instances": [
        {
          "schema_version": 0,
          "attributes": {
            "id": "production-security-config-lambda-fcskjaun:production-security-config-lambda-policy-fcskjaun",
            "name": "production-security-config-lambda-policy-fcskjaun",
            "name_prefix": "",
            "policy": "{\"Version\":\"2012-10-17\",\"Statement\":[{\"Action\":[\"kms:GetKeyRotationStatus\",\"kms:DescribeKey\"],\"Effect\":\"Allow\",\"Resource\":\"*\",\"Sid\":\"KMSAccess\"},{\"Action\":\"config:PutEvaluations\",\"Effect\":\"Allow\",\"Resource\":\"*\",\"Sid\":\"ConfigAccess\"},{\"Action\":[\"logs:PutLogEvents\",\"logs:CreateLogStream\",\"logs:CreateLogGroup\"],\"Effect\":\"Allow\",\"Resource\":\"arn:aws:logs:us-east-1:819351093730:log-group:/aws/lambda/production-security-config-*\",\"Sid\":\"CloudWatchLogs\"}]}",
            "role": "production-security-config-lambda-fcskjaun"
          },
          "sensitive_attributes": [],
          "identity_schema_version": 0,
          "private": "bnVsbA==",
          "dependencies": [
            "aws_iam_role.config_lambda",
            "data.aws_caller_identity.current",
            "data.aws_iam_policy_document.config_lambda_policy",
            "random_string.suffix"
          ]
        }
      ]
    },
    {
      "mode": "managed",
      "type": "aws_iam_role_policy",
      "name": "config_s3_policy",
      "provider": "provider[\"registry.terraform.io/hashicorp/aws\"]",
      "instances": [
        {
          "schema_version": 0,
          "attributes": {
            "id": "production-security-config-fcskjaun:production-security-config-s3-policy-fcskjaun",
            "name": "production-security-config-s3-policy-fcskjaun",
            "name_prefix": "",
            "policy": "{\"Version\":\"2012-10-17\",\"Statement\":[{\"Action\":[\"s3:PutObject\",\"s3:GetObject\",\"s3:GetBucketVersioning\"],\"Effect\":\"Allow\",\"Resource\":[\"arn:aws:s3:::production-security-config-fcskjaun/*\",\"arn:aws:s3:::production-security-config-fcskjaun\"],\"Sid\":\"ConfigS3Access\"}]}",
            "role": "production-security-config-fcskjaun"
          },
          "sensitive_attributes": [],
          "identity_schema_version": 0,
          "private": "bnVsbA==",
          "dependencies": [
            "aws_iam_role.config_role",
            "aws_s3_bucket.config_bucket",
            "data.aws_iam_policy_document.config_assume",
            "data.aws_iam_policy_document.config_s3_policy",
            "random_string.suffix"
          ]
        }
      ]
    },
    {
      "mode": "managed",
      "type": "aws_iam_role_policy",
      "name": "vpc_flow_logs",
      "provider": "provider[\"registry.terraform.io/hashicorp/aws\"]",
      "instances": [
        {
          "schema_version": 0,
          "attributes": {
            "id": "production-security-vpc-flow-logs-fcskjaun:production-security-vpc-flow-logs-policy-fcskjaun",
            "name": "production-security-vpc-flow-logs-policy-fcskjaun",
            "name_prefix": "",
            "policy": "{\"Version\":\"2012-10-17\",\"Statement\":[{\"Action\":[\"logs:PutLogEvents\",\"logs:DescribeLogStreams\",\"logs:DescribeLogGroups\",\"logs:CreateLogStream\",\"logs:CreateLogGroup\"],\"Effect\":\"Allow\",\"Resource\":[\"arn:aws:logs:us-east-1:819351093730:log-group:/aws/vpc/production-security-flow-logs-fcskjaun:*\",\"arn:aws:logs:us-east-1:819351093730:log-group:/aws/vpc/production-security-flow-logs-fcskjaun\"]}]}",
            "role": "production-security-vpc-flow-logs-fcskjaun"
          },
          "sensitive_attributes": [],
          "identity_schema_version": 0,
          "private": "bnVsbA==",
          "dependencies": [
            "aws_cloudwatch_log_group.vpc_flow_logs",
            "aws_iam_role.config_role",
            "aws_iam_role.secrets_rotation",
            "aws_iam_role.vpc_flow_logs",
            "aws_kms_key.primary",
            "data.aws_caller_identity.current",
            "data.aws_iam_policy_document.config_assume",
            "data.aws_iam_policy_document.kms_key_policy",
            "data.aws_iam_policy_document.secrets_rotation_assume",
            "data.aws_iam_policy_document.vpc_flow_logs_assume",
            "data.aws_iam_policy_document.vpc_flow_logs_policy",
            "random_string.suffix"
          ]
        }
      ]
    },
    {
      "mode": "managed",
      "type": "aws_iam_role_policy_attachment",
      "name": "config_lambda_basic",
      "provider": "provider[\"registry.terraform.io/hashicorp/aws\"]",
      "instances": [
        {
          "schema_version": 0,
          "attributes": {
            "id": "production-security-config-lambda-fcskjaun-20251222112359885500000001",
            "policy_arn": "arn:aws:iam::aws:policy/service-role/AWSLambdaBasicExecutionRole",
            "role": "production-security-config-lambda-fcskjaun"
          },
          "sensitive_attributes": [],
          "identity_schema_version": 0,
          "private": "bnVsbA==",
          "dependencies": [
            "aws_iam_role.config_lambda",
            "random_string.suffix"
          ]
        }
      ]
    },
    {
      "mode": "managed",
      "type": "aws_iam_role_policy_attachment",
      "name": "config_policy",
      "provider": "provider[\"registry.terraform.io/hashicorp/aws\"]",
      "instances": [
        {
          "schema_version": 0,
          "attributes": {
            "id": "production-security-config-fcskjaun-20251222112400058600000003",
            "policy_arn": "arn:aws:iam::aws:policy/service-role/AWS_ConfigRole",
            "role": "production-security-config-fcskjaun"
          },
          "sensitive_attributes": [],
          "identity_schema_version": 0,
          "private": "bnVsbA==",
          "dependencies": [
            "aws_iam_role.config_role",
            "data.aws_iam_policy_document.config_assume",
            "random_string.suffix"
          ]
        }
      ]
    },
    {
      "mode": "managed",
      "type": "aws_iam_role_policy_attachment",
      "name": "secrets_rotation_vpc",
      "provider": "provider[\"registry.terraform.io/hashicorp/aws\"]",
      "instances": [
        {
          "schema_version": 0,
          "attributes": {
            "id": "production-security-secrets-rotation-fcskjaun-20251222112400040400000002",
            "policy_arn": "arn:aws:iam::aws:policy/service-role/AWSLambdaVPCAccessExecutionRole",
            "role": "production-security-secrets-rotation-fcskjaun"
          },
          "sensitive_attributes": [],
          "identity_schema_version": 0,
          "private": "bnVsbA==",
          "dependencies": [
            "aws_iam_role.secrets_rotation",
            "data.aws_iam_policy_document.secrets_rotation_assume",
            "random_string.suffix"
          ]
        }
      ]
    },
    {
      "mode": "managed",
      "type": "aws_kms_alias",
      "name": "ap_southeast_1",
      "provider": "provider[\"registry.terraform.io/hashicorp/aws\"].ap_southeast_1",
      "instances": []
    },
    {
      "mode": "managed",
      "type": "aws_kms_alias",
      "name": "eu_west_1",
      "provider": "provider[\"registry.terraform.io/hashicorp/aws\"].eu_west_1",
      "instances": []
    },
    {
      "mode": "managed",
      "type": "aws_kms_alias",
      "name": "primary",
      "provider": "provider[\"registry.terraform.io/hashicorp/aws\"]",
      "instances": [
        {
          "schema_version": 0,
          "attributes": {
            "arn": "arn:aws:kms:us-east-1:819351093730:alias/production-security-primary-fcskjaun",
            "id": "alias/production-security-primary-fcskjaun",
            "name": "alias/production-security-primary-fcskjaun",
            "name_prefix": "",
            "target_key_arn": "arn:aws:kms:us-east-1:819351093730:key/mrk-d84ec8f187bf4b78a6da3b26db2f4063",
            "target_key_id": "mrk-d84ec8f187bf4b78a6da3b26db2f4063"
          },
          "sensitive_attributes": [],
          "identity_schema_version": 0,
          "private": "bnVsbA==",
          "dependencies": [
            "aws_iam_role.config_role",
            "aws_iam_role.secrets_rotation",
            "aws_kms_key.primary",
            "data.aws_caller_identity.current",
            "data.aws_iam_policy_document.config_assume",
            "data.aws_iam_policy_document.kms_key_policy",
            "data.aws_iam_policy_document.secrets_rotation_assume",
            "random_string.suffix"
          ]
        }
      ]
    },
    {
      "mode": "managed",
      "type": "aws_kms_key",
      "name": "primary",
      "provider": "provider[\"registry.terraform.io/hashicorp/aws\"]",
      "instances": [
        {
          "schema_version": 0,
          "attributes": {
            "arn": "arn:aws:kms:us-east-1:819351093730:key/mrk-d84ec8f187bf4b78a6da3b26db2f4063",
            "bypass_policy_lockout_safety_check": false,
            "custom_key_store_id": "",
            "customer_master_key_spec": "SYMMETRIC_DEFAULT",
            "deletion_window_in_days": 7,
            "description": "production-security-primary-key-fcskjaun",
            "enable_key_rotation": true,
            "id": "mrk-d84ec8f187bf4b78a6da3b26db2f4063",
            "is_enabled": true,
            "key_id": "mrk-d84ec8f187bf4b78a6da3b26db2f4063",
            "key_usage": "ENCRYPT_DECRYPT",
            "multi_region": true,
            "policy": "{\"Statement\":[{\"Action\":[\"kms:Update*\",\"kms:ScheduleKeyDeletion\",\"kms:Revoke*\",\"kms:ReplicateKey\",\"kms:Put*\",\"kms:List*\",\"kms:Get*\",\"kms:Enable*\",\"kms:Disable*\",\"kms:Describe*\",\"kms:Delete*\",\"kms:Create*\",\"kms:CancelKeyDeletion\"],\"Effect\":\"Allow\",\"Principal\":{\"AWS\":\"arn:aws:iam::819351093730:root\"},\"Resource\":\"*\",\"Sid\":\"Enable IAM User Permissions\"},{\"Action\":\"kms:Decrypt\",\"Condition\":{\"StringEquals\":{\"aws:PrincipalType\":\"Root\"}},\"Effect\":\"Deny\",\"Principal\":{\"AWS\":\"arn:aws:iam::819351093730:root\"},\"Resource\":\"*\",\"Sid\":\"DenyRootAccountDecrypt\"},{\"Action\":[\"kms:ReEncrypt*\",\"kms:GenerateDataKey*\",\"kms:Encrypt\",\"kms:DescribeKey\",\"kms:Decrypt\",\"kms:CreateGrant\"],\"Effect\":\"Allow\",\"Principal\":{\"AWS\":[\"arn:aws:iam::819351093730:role/production-security-secrets-rotation-fcskjaun\",\"arn:aws:iam::819351093730:role/production-security-config-fcskjaun\"]},\"Resource\":\"*\",\"Sid\":\"AllowIAMRoleUsage\"},{\"Action\":[\"kms:ReEncrypt*\",\"kms:GenerateDataKey*\",\"kms:Encrypt\",\"kms:DescribeKey\",\"kms:Decrypt\",\"kms:CreateGrant\"],\"Condition\":{\"ArnLike\":{\"kms:EncryptionContext:aws:logs:arn\":\"arn:aws:logs:us-east-1:819351093730:log-group:*\"}},\"Effect\":\"Allow\",\"Principal\":{\"Service\":\"logs.us-east-1.amazonaws.com\"},\"Resource\":\"*\",\"Sid\":\"AllowCloudWatchLogs\"},{\"Action\":[\"kms:ReEncrypt*\",\"kms:GenerateDataKey*\",\"kms:Encrypt\",\"kms:DescribeKey\",\"kms:Decrypt\",\"kms:CreateGrant\"],\"Effect\":\"Allow\",\"Principal\":{\"Service\":\"secretsmanager.us-east-1.amazonaws.com\"},\"Resource\":\"*\",\"Sid\":\"AllowSecretsManager\"}],\"Version\":\"2012-10-17\"}",
            "rotation_period_in_days": 365,
            "tags": {
              "DataClassification": "Confidential",
              "Environment": "production",
              "ManagedBy": "Terraform",
              "Name": "production-security-primary-key-fcskjaun",
              "Project": "SecurityFoundation",
              "Purpose": "multi-region-encryption"
            },
            "tags_all": {
              "Compliance": "PCI-DSS",
              "DataClassification": "Confidential",
              "Environment": "production",
              "ManagedBy": "Terraform",
              "Name": "production-security-primary-key-fcskjaun",
              "Project": "SecurityFoundation",
              "Purpose": "multi-region-encryption"
            },
            "timeouts": null,
            "xks_key_id": ""
          },
          "sensitive_attributes": [],
          "identity_schema_version": 0,
          "private": "eyJlMmJmYjczMC1lY2FhLTExZTYtOGY4OC0zNDM2M2JjN2M0YzAiOnsiY3JlYXRlIjoxMjAwMDAwMDAwMDB9fQ==",
          "dependencies": [
            "aws_iam_role.config_role",
            "aws_iam_role.secrets_rotation",
            "data.aws_caller_identity.current",
            "data.aws_iam_policy_document.config_assume",
            "data.aws_iam_policy_document.kms_key_policy",
            "data.aws_iam_policy_document.secrets_rotation_assume",
            "random_string.suffix"
          ]
        }
      ]
    },
    {
      "mode": "managed",
      "type": "aws_kms_replica_key",
      "name": "ap_southeast_1",
      "provider": "provider[\"registry.terraform.io/hashicorp/aws\"].ap_southeast_1",
      "instances": []
    },
    {
      "mode": "managed",
      "type": "aws_kms_replica_key",
      "name": "eu_west_1",
      "provider": "provider[\"registry.terraform.io/hashicorp/aws\"].eu_west_1",
      "instances": []
    },
    {
      "mode": "managed",
      "type": "aws_lambda_function",
      "name": "config_kms_rotation",
      "provider": "provider[\"registry.terraform.io/hashicorp/aws\"]",
      "instances": [
        {
          "schema_version": 0,
          "attributes": {
            "architectures": [
              "x86_64"
            ],
            "arn": "arn:aws:lambda:us-east-1:819351093730:function:production-security-config-kms-rotation-fcskjaun",
            "code_sha256": "bfkLIClu2T49x7qznPUfiwj47RXnATTr7itlQUlTm4M=",
            "code_signing_config_arn": "",
            "dead_letter_config": [],
            "description": "",
            "environment": [],
            "ephemeral_storage": [
              {
                "size": 512
              }
            ],
            "file_system_config": [],
            "filename": "./lambda/config_kms_rotation.zip",
            "function_name": "production-security-config-kms-rotation-fcskjaun",
            "handler": "config_kms_rotation.lambda_handler",
            "id": "production-security-config-kms-rotation-fcskjaun",
            "image_config": [],
            "image_uri": "",
            "invoke_arn": "arn:aws:apigateway:us-east-1:lambda:path/2015-03-31/functions/arn:aws:lambda:us-east-1:819351093730:function:production-security-config-kms-rotation-fcskjaun/invocations",
            "kms_key_arn": "",
            "last_modified": "2025-12-22T11:24:27.349+0000",
            "layers": null,
            "logging_config": [
              {
                "application_log_level": "",
                "log_format": "Text",
                "log_group": "/aws/lambda/production-security-config-kms-rotation-fcskjaun",
                "system_log_level": ""
              }
            ],
            "memory_size": 128,
            "package_type": "Zip",
            "publish": false,
            "qualified_arn": "arn:aws:lambda:us-east-1:819351093730:function:production-security-config-kms-rotation-fcskjaun:$LATEST",
            "qualified_invoke_arn": "arn:aws:apigateway:us-east-1:lambda:path/2015-03-31/functions/arn:aws:lambda:us-east-1:819351093730:function:production-security-config-kms-rotation-fcskjaun:$LATEST/invocations",
            "replace_security_groups_on_destroy": null,
            "replacement_security_group_ids": null,
            "reserved_concurrent_executions": -1,
            "role": "arn:aws:iam::819351093730:role/production-security-config-lambda-fcskjaun",
            "runtime": "python3.9",
            "s3_bucket": null,
            "s3_key": null,
            "s3_object_version": null,
            "signing_job_arn": "",
            "signing_profile_version_arn": "",
            "skip_destroy": false,
            "snap_start": [],
            "source_code_hash": "bfkLIClu2T49x7qznPUfiwj47RXnATTr7itlQUlTm4M=",
            "source_code_size": 683,
            "tags": {
              "DataClassification": "Confidential",
              "Environment": "production",
              "ManagedBy": "Terraform",
              "Name": "production-security-config-kms-rotation-fcskjaun",
              "Project": "SecurityFoundation"
            },
            "tags_all": {
              "Compliance": "PCI-DSS",
              "DataClassification": "Confidential",
              "Environment": "production",
              "ManagedBy": "Terraform",
              "Name": "production-security-config-kms-rotation-fcskjaun",
              "Project": "SecurityFoundation"
            },
            "timeout": 60,
            "timeouts": null,
            "tracing_config": [
              {
                "mode": "PassThrough"
              }
            ],
            "version": "$LATEST",
            "vpc_config": []
          },
          "sensitive_attributes": [],
          "identity_schema_version": 0,
          "private": "eyJlMmJmYjczMC1lY2FhLTExZTYtOGY4OC0zNDM2M2JjN2M0YzAiOnsiY3JlYXRlIjo2MDAwMDAwMDAwMDAsImRlbGV0ZSI6NjAwMDAwMDAwMDAwLCJ1cGRhdGUiOjYwMDAwMDAwMDAwMH19",
          "dependencies": [
            "aws_iam_role.config_lambda",
            "data.archive_file.config_kms_rotation",
            "random_string.suffix"
          ]
        }
      ]
    },
    {
      "mode": "managed",
      "type": "aws_lambda_function",
      "name": "secret_rotation",
      "provider": "provider[\"registry.terraform.io/hashicorp/aws\"]",
      "instances": [
        {
          "schema_version": 0,
          "attributes": {
            "architectures": [
              "x86_64"
            ],
            "arn": "arn:aws:lambda:us-east-1:819351093730:function:production-security-rotation-fcskjaun",
            "code_sha256": "FfGKzLgi1A+wD5VpD2Cj9KqnHhBNZX7BRVye1X/tY0U=",
            "code_signing_config_arn": "",
            "dead_letter_config": [],
            "description": "",
            "environment": [
              {
                "variables": {
                  "SECRETS_MANAGER_ENDPOINT": "https://secretsmanager.us-east-1.amazonaws.com"
                }
              }
            ],
            "ephemeral_storage": [
              {
                "size": 512
              }
            ],
            "file_system_config": [],
            "filename": "./lambda/secret_rotation.zip",
            "function_name": "production-security-rotation-fcskjaun",
            "handler": "secret_rotation.lambda_handler",
            "id": "production-security-rotation-fcskjaun",
            "image_config": [],
            "image_uri": "",
            "invoke_arn": "arn:aws:apigateway:us-east-1:lambda:path/2015-03-31/functions/arn:aws:lambda:us-east-1:819351093730:function:production-security-rotation-fcskjaun/invocations",
            "kms_key_arn": "",
            "last_modified": "2025-12-22T11:24:47.940+0000",
            "layers": null,
            "logging_config": [
              {
                "application_log_level": "",
                "log_format": "Text",
                "log_group": "/aws/lambda/production-security-rotation-fcskjaun",
                "system_log_level": ""
              }
            ],
            "memory_size": 128,
            "package_type": "Zip",
            "publish": false,
            "qualified_arn": "arn:aws:lambda:us-east-1:819351093730:function:production-security-rotation-fcskjaun:$LATEST",
            "qualified_invoke_arn": "arn:aws:apigateway:us-east-1:lambda:path/2015-03-31/functions/arn:aws:lambda:us-east-1:819351093730:function:production-security-rotation-fcskjaun:$LATEST/invocations",
            "replace_security_groups_on_destroy": null,
            "replacement_security_group_ids": null,
            "reserved_concurrent_executions": -1,
            "role": "arn:aws:iam::819351093730:role/production-security-secrets-rotation-fcskjaun",
            "runtime": "python3.9",
            "s3_bucket": null,
            "s3_key": null,
            "s3_object_version": null,
            "signing_job_arn": "",
            "signing_profile_version_arn": "",
            "skip_destroy": false,
            "snap_start": [],
            "source_code_hash": "FfGKzLgi1A+wD5VpD2Cj9KqnHhBNZX7BRVye1X/tY0U=",
            "source_code_size": 1665,
            "tags": {
              "DataClassification": "Confidential",
              "Environment": "production",
              "ManagedBy": "Terraform",
              "Name": "production-security-rotation-fcskjaun",
              "Project": "SecurityFoundation",
              "Purpose": "secret-rotation"
            },
            "tags_all": {
              "Compliance": "PCI-DSS",
              "DataClassification": "Confidential",
              "Environment": "production",
              "ManagedBy": "Terraform",
              "Name": "production-security-rotation-fcskjaun",
              "Project": "SecurityFoundation",
              "Purpose": "secret-rotation"
            },
            "timeout": 30,
            "timeouts": null,
            "tracing_config": [
              {
                "mode": "PassThrough"
              }
            ],
            "version": "$LATEST",
            "vpc_config": [
              {
                "ipv6_allowed_for_dual_stack": false,
                "security_group_ids": [
                  "sg-015325bac37f79100"
                ],
                "subnet_ids": [
                  "subnet-038596e3ed3b999c9",
                  "subnet-091651e66bc7a5136"
                ],
                "vpc_id": "vpc-0c4a1febb5edd0dec"
              }
            ]
          },
          "sensitive_attributes": [],
          "identity_schema_version": 0,
          "private": "eyJlMmJmYjczMC1lY2FhLTExZTYtOGY4OC0zNDM2M2JjN2M0YzAiOnsiY3JlYXRlIjo2MDAwMDAwMDAwMDAsImRlbGV0ZSI6NjAwMDAwMDAwMDAwLCJ1cGRhdGUiOjYwMDAwMDAwMDAwMH19",
          "dependencies": [
            "aws_cloudwatch_log_group.lambda_rotation",
            "aws_iam_role.config_role",
            "aws_iam_role.secrets_rotation",
            "aws_kms_key.primary",
            "aws_security_group.lambda",
            "aws_subnet.security_private",
            "aws_vpc.security",
            "data.archive_file.secret_rotation",
            "data.aws_availability_zones.available",
            "data.aws_caller_identity.current",
            "data.aws_iam_policy_document.config_assume",
            "data.aws_iam_policy_document.kms_key_policy",
            "data.aws_iam_policy_document.secrets_rotation_assume",
            "random_string.suffix"
          ]
        }
      ]
    },
    {
      "mode": "managed",
      "type": "aws_lambda_permission",
      "name": "config_kms_rotation",
      "provider": "provider[\"registry.terraform.io/hashicorp/aws\"]",
      "instances": [
        {
          "schema_version": 0,
          "attributes": {
            "action": "lambda:InvokeFunction",
            "event_source_token": null,
            "function_name": "production-security-config-kms-rotation-fcskjaun",
            "function_url_auth_type": null,
            "id": "AllowConfigInvoke",
            "principal": "config.amazonaws.com",
            "principal_org_id": null,
            "qualifier": "",
            "source_account": null,
            "source_arn": null,
            "statement_id": "AllowConfigInvoke",
            "statement_id_prefix": ""
          },
          "sensitive_attributes": [],
          "identity_schema_version": 0,
          "private": "bnVsbA==",
          "dependencies": [
            "aws_iam_role.config_lambda",
            "aws_lambda_function.config_kms_rotation",
            "data.archive_file.config_kms_rotation",
            "random_string.suffix"
          ]
        }
      ]
    },
    {
      "mode": "managed",
      "type": "aws_lambda_permission",
      "name": "secrets_manager",
      "provider": "provider[\"registry.terraform.io/hashicorp/aws\"]",
      "instances": [
        {
          "schema_version": 0,
          "attributes": {
            "action": "lambda:InvokeFunction",
            "event_source_token": null,
            "function_name": "production-security-rotation-fcskjaun",
            "function_url_auth_type": null,
            "id": "AllowSecretsManagerInvoke",
            "principal": "secretsmanager.amazonaws.com",
            "principal_org_id": null,
            "qualifier": "",
            "source_account": null,
            "source_arn": null,
            "statement_id": "AllowSecretsManagerInvoke",
            "statement_id_prefix": ""
          },
          "sensitive_attributes": [],
          "identity_schema_version": 0,
          "private": "bnVsbA==",
          "dependencies": [
            "aws_cloudwatch_log_group.lambda_rotation",
            "aws_iam_role.config_role",
            "aws_iam_role.secrets_rotation",
            "aws_kms_key.primary",
            "aws_lambda_function.secret_rotation",
            "aws_security_group.lambda",
            "aws_subnet.security_private",
            "aws_vpc.security",
            "data.archive_file.secret_rotation",
            "data.aws_availability_zones.available",
            "data.aws_caller_identity.current",
            "data.aws_iam_policy_document.config_assume",
            "data.aws_iam_policy_document.kms_key_policy",
            "data.aws_iam_policy_document.secrets_rotation_assume",
            "random_string.suffix"
          ]
        }
      ]
    },
    {
      "mode": "managed",
      "type": "aws_s3_bucket",
      "name": "config_bucket",
      "provider": "provider[\"registry.terraform.io/hashicorp/aws\"]",
      "instances": [
        {
          "schema_version": 0,
          "attributes": {
            "acceleration_status": "",
            "acl": null,
            "arn": "arn:aws:s3:::production-security-config-fcskjaun",
            "bucket": "production-security-config-fcskjaun",
            "bucket_domain_name": "production-security-config-fcskjaun.s3.amazonaws.com",
            "bucket_prefix": "",
            "bucket_regional_domain_name": "production-security-config-fcskjaun.s3.us-east-1.amazonaws.com",
            "cors_rule": [],
            "force_destroy": false,
            "grant": [
              {
                "id": "334661bf09d4989f4f7631b24fe174fa982b9c21c732c11756f9b555a2c7e3a9",
                "permissions": [
                  "FULL_CONTROL"
                ],
                "type": "CanonicalUser",
                "uri": ""
              }
            ],
            "hosted_zone_id": "Z3AQBSTGFYJSTF",
            "id": "production-security-config-fcskjaun",
            "lifecycle_rule": [],
            "logging": [],
            "object_lock_configuration": [],
            "object_lock_enabled": false,
            "policy": "",
            "region": "us-east-1",
            "replication_configuration": [],
            "request_payer": "BucketOwner",
            "server_side_encryption_configuration": [
              {
                "rule": [
                  {
                    "apply_server_side_encryption_by_default": [
                      {
                        "kms_master_key_id": "",
                        "sse_algorithm": "AES256"
                      }
                    ],
                    "bucket_key_enabled": false
                  }
                ]
              }
            ],
            "tags": {
              "DataClassification": "Confidential",
              "Environment": "production",
              "ManagedBy": "Terraform",
              "Name": "production-security-config-fcskjaun",
              "Project": "SecurityFoundation",
              "Purpose": "config-storage"
            },
            "tags_all": {
              "Compliance": "PCI-DSS",
              "DataClassification": "Confidential",
              "Environment": "production",
              "ManagedBy": "Terraform",
              "Name": "production-security-config-fcskjaun",
              "Project": "SecurityFoundation",
              "Purpose": "config-storage"
            },
            "timeouts": null,
            "versioning": [
              {
                "enabled": false,
                "mfa_delete": false
              }
            ],
            "website": [],
            "website_domain": null,
            "website_endpoint": null
          },
          "sensitive_attributes": [],
          "identity_schema_version": 0,
          "private": "eyJlMmJmYjczMC1lY2FhLTExZTYtOGY4OC0zNDM2M2JjN2M0YzAiOnsiY3JlYXRlIjoxMjAwMDAwMDAwMDAwLCJkZWxldGUiOjM2MDAwMDAwMDAwMDAsInJlYWQiOjEyMDAwMDAwMDAwMDAsInVwZGF0ZSI6MTIwMDAwMDAwMDAwMH19",
          "dependencies": [
            "random_string.suffix"
          ]
        }
      ]
    },
    {
      "mode": "managed",
      "type": "aws_s3_bucket_policy",
      "name": "config_bucket",
      "provider": "provider[\"registry.terraform.io/hashicorp/aws\"]",
      "instances": [
        {
          "schema_version": 0,
          "attributes": {
            "bucket": "production-security-config-fcskjaun",
            "id": "production-security-config-fcskjaun",
            "policy": "{\"Statement\":[{\"Action\":\"s3:GetBucketAcl\",\"Effect\":\"Allow\",\"Principal\":{\"Service\":\"config.amazonaws.com\"},\"Resource\":\"arn:aws:s3:::production-security-config-fcskjaun\",\"Sid\":\"AWSConfigBucketPermissionsCheck\"},{\"Action\":\"s3:ListBucket\",\"Effect\":\"Allow\",\"Principal\":{\"Service\":\"config.amazonaws.com\"},\"Resource\":\"arn:aws:s3:::production-security-config-fcskjaun\",\"Sid\":\"AWSConfigBucketExistenceCheck\"},{\"Action\":\"s3:PutObject\",\"Condition\":{\"StringEquals\":{\"s3:x-amz-acl\":\"bucket-owner-full-control\"}},\"Effect\":\"Allow\",\"Principal\":{\"Service\":\"config.amazonaws.com\"},\"Resource\":\"arn:aws:s3:::production-security-config-fcskjaun/*\",\"Sid\":\"AWSConfigBucketPut\"}],\"Version\":\"2012-10-17\"}"
          },
          "sensitive_attributes": [],
          "identity_schema_version": 0,
          "private": "bnVsbA==",
          "dependencies": [
            "aws_s3_bucket.config_bucket",
            "data.aws_iam_policy_document.config_bucket_policy",
            "random_string.suffix"
          ]
        }
      ]
    },
    {
      "mode": "managed",
      "type": "aws_s3_bucket_public_access_block",
      "name": "config_bucket",
      "provider": "provider[\"registry.terraform.io/hashicorp/aws\"]",
      "instances": [
        {
          "schema_version": 0,
          "attributes": {
            "block_public_acls": true,
            "block_public_policy": true,
            "bucket": "production-security-config-fcskjaun",
            "id": "production-security-config-fcskjaun",
            "ignore_public_acls": true,
            "restrict_public_buckets": true
          },
          "sensitive_attributes": [],
          "identity_schema_version": 0,
          "private": "bnVsbA==",
          "dependencies": [
            "aws_s3_bucket.config_bucket",
            "random_string.suffix"
          ]
        }
      ]
    },
    {
      "mode": "managed",
      "type": "aws_s3_bucket_server_side_encryption_configuration",
      "name": "config_bucket",
      "provider": "provider[\"registry.terraform.io/hashicorp/aws\"]",
      "instances": [
        {
          "schema_version": 0,
          "attributes": {
            "bucket": "production-security-config-fcskjaun",
            "expected_bucket_owner": "",
            "id": "production-security-config-fcskjaun",
            "rule": [
              {
                "apply_server_side_encryption_by_default": [
                  {
                    "kms_master_key_id": "arn:aws:kms:us-east-1:819351093730:key/mrk-d84ec8f187bf4b78a6da3b26db2f4063",
                    "sse_algorithm": "aws:kms"
                  }
                ],
                "bucket_key_enabled": null
              }
            ]
          },
          "sensitive_attributes": [],
          "identity_schema_version": 0,
          "private": "bnVsbA==",
          "dependencies": [
            "aws_iam_role.config_role",
            "aws_iam_role.secrets_rotation",
            "aws_kms_key.primary",
            "aws_s3_bucket.config_bucket",
            "data.aws_caller_identity.current",
            "data.aws_iam_policy_document.config_assume",
            "data.aws_iam_policy_document.kms_key_policy",
            "data.aws_iam_policy_document.secrets_rotation_assume",
            "random_string.suffix"
          ]
        }
      ]
    },
    {
      "mode": "managed",
      "type": "aws_s3_bucket_versioning",
      "name": "config_bucket",
      "provider": "provider[\"registry.terraform.io/hashicorp/aws\"]",
      "instances": [
        {
          "schema_version": 0,
          "attributes": {
            "bucket": "production-security-config-fcskjaun",
            "expected_bucket_owner": "",
            "id": "production-security-config-fcskjaun",
            "mfa": null,
            "versioning_configuration": [
              {
                "mfa_delete": "",
                "status": "Enabled"
              }
            ]
          },
          "sensitive_attributes": [],
          "identity_schema_version": 0,
          "private": "bnVsbA==",
          "dependencies": [
            "aws_s3_bucket.config_bucket",
            "random_string.suffix"
          ]
        }
      ]
    },
    {
      "mode": "managed",
      "type": "aws_security_group",
      "name": "lambda",
      "provider": "provider[\"registry.terraform.io/hashicorp/aws\"]",
      "instances": [
        {
          "schema_version": 1,
          "attributes": {
            "arn": "arn:aws:ec2:us-east-1:819351093730:security-group/sg-015325bac37f79100",
            "description": "Security group for Lambda rotation function",
            "egress": [
              {
                "cidr_blocks": [
                  "0.0.0.0/0"
                ],
                "description": "HTTPS to AWS services",
                "from_port": 443,
                "ipv6_cidr_blocks": [],
                "prefix_list_ids": [],
                "protocol": "tcp",
                "security_groups": [],
                "self": false,
                "to_port": 443
              }
            ],
            "id": "sg-015325bac37f79100",
            "ingress": [],
            "name": "production-security-lambda-fcskjaun",
            "name_prefix": "",
            "owner_id": "819351093730",
            "revoke_rules_on_delete": false,
            "tags": {
              "DataClassification": "Confidential",
              "Environment": "production",
              "ManagedBy": "Terraform",
              "Name": "production-security-lambda-sg-fcskjaun",
              "Project": "SecurityFoundation"
            },
            "tags_all": {
              "Compliance": "PCI-DSS",
              "DataClassification": "Confidential",
              "Environment": "production",
              "ManagedBy": "Terraform",
              "Name": "production-security-lambda-sg-fcskjaun",
              "Project": "SecurityFoundation"
            },
            "timeouts": null,
            "vpc_id": "vpc-0c4a1febb5edd0dec"
          },
          "sensitive_attributes": [],
          "identity_schema_version": 0,
          "private": "eyJlMmJmYjczMC1lY2FhLTExZTYtOGY4OC0zNDM2M2JjN2M0YzAiOnsiY3JlYXRlIjo2MDAwMDAwMDAwMDAsImRlbGV0ZSI6OTAwMDAwMDAwMDAwfSwic2NoZW1hX3ZlcnNpb24iOiIxIn0=",
          "dependencies": [
            "aws_vpc.security",
            "random_string.suffix"
          ]
        }
      ]
    },
    {
      "mode": "managed",
      "type": "aws_security_group",
      "name": "vpc_endpoints",
      "provider": "provider[\"registry.terraform.io/hashicorp/aws\"]",
      "instances": [
        {
          "schema_version": 1,
          "attributes": {
            "arn": "arn:aws:ec2:us-east-1:819351093730:security-group/sg-0e5fa847c1d0d3edd",
            "description": "Security group for VPC endpoints",
            "egress": [
              {
                "cidr_blocks": [
                  "0.0.0.0/0"
                ],
                "description": "HTTPS to AWS services",
                "from_port": 443,
                "ipv6_cidr_blocks": [],
                "prefix_list_ids": [],
                "protocol": "tcp",
                "security_groups": [],
                "self": false,
                "to_port": 443
              }
            ],
            "id": "sg-0e5fa847c1d0d3edd",
            "ingress": [
              {
                "cidr_blocks": [
                  "10.0.0.0/16"
                ],
                "description": "HTTPS from VPC",
                "from_port": 443,
                "ipv6_cidr_blocks": [],
                "prefix_list_ids": [],
                "protocol": "tcp",
                "security_groups": [],
                "self": false,
                "to_port": 443
              }
            ],
            "name": "production-security-vpc-endpoints-fcskjaun",
            "name_prefix": "",
            "owner_id": "819351093730",
            "revoke_rules_on_delete": false,
            "tags": {
              "DataClassification": "Confidential",
              "Environment": "production",
              "ManagedBy": "Terraform",
              "Name": "production-security-vpc-endpoints-sg-fcskjaun",
              "Project": "SecurityFoundation"
            },
            "tags_all": {
              "Compliance": "PCI-DSS",
              "DataClassification": "Confidential",
              "Environment": "production",
              "ManagedBy": "Terraform",
              "Name": "production-security-vpc-endpoints-sg-fcskjaun",
              "Project": "SecurityFoundation"
            },
            "timeouts": null,
            "vpc_id": "vpc-0c4a1febb5edd0dec"
          },
          "sensitive_attributes": [],
          "identity_schema_version": 0,
          "private": "eyJlMmJmYjczMC1lY2FhLTExZTYtOGY4OC0zNDM2M2JjN2M0YzAiOnsiY3JlYXRlIjo2MDAwMDAwMDAwMDAsImRlbGV0ZSI6OTAwMDAwMDAwMDAwfSwic2NoZW1hX3ZlcnNpb24iOiIxIn0=",
          "dependencies": [
            "aws_vpc.security",
            "data.aws_vpc.selected",
            "random_string.suffix"
          ]
        }
      ]
    },
    {
      "mode": "managed",
      "type": "aws_subnet",
      "name": "security_private",
      "provider": "provider[\"registry.terraform.io/hashicorp/aws\"]",
      "instances": [
        {
          "index_key": 0,
          "schema_version": 1,
          "attributes": {
            "arn": "arn:aws:ec2:us-east-1:819351093730:subnet/subnet-091651e66bc7a5136",
            "assign_ipv6_address_on_creation": false,
            "availability_zone": "us-east-1a",
            "availability_zone_id": "use1-az2",
            "cidr_block": "10.0.1.0/24",
            "customer_owned_ipv4_pool": "",
            "enable_dns64": false,
            "enable_lni_at_device_index": 0,
            "enable_resource_name_dns_a_record_on_launch": false,
            "enable_resource_name_dns_aaaa_record_on_launch": false,
            "id": "subnet-091651e66bc7a5136",
            "ipv6_cidr_block": "",
            "ipv6_cidr_block_association_id": "",
            "ipv6_native": false,
            "map_customer_owned_ip_on_launch": false,
            "map_public_ip_on_launch": false,
            "outpost_arn": "",
            "owner_id": "819351093730",
            "private_dns_hostname_type_on_launch": "ip-name",
            "tags": {
              "DataClassification": "Confidential",
              "Environment": "production",
              "ManagedBy": "Terraform",
              "Name": "production-security-subnet-1-fcskjaun",
              "Project": "SecurityFoundation"
            },
            "tags_all": {
              "Compliance": "PCI-DSS",
              "DataClassification": "Confidential",
              "Environment": "production",
              "ManagedBy": "Terraform",
              "Name": "production-security-subnet-1-fcskjaun",
              "Project": "SecurityFoundation"
            },
            "timeouts": null,
            "vpc_id": "vpc-0c4a1febb5edd0dec"
          },
          "sensitive_attributes": [],
          "identity_schema_version": 0,
          "private": "eyJlMmJmYjczMC1lY2FhLTExZTYtOGY4OC0zNDM2M2JjN2M0YzAiOnsiY3JlYXRlIjo2MDAwMDAwMDAwMDAsImRlbGV0ZSI6MTIwMDAwMDAwMDAwMH0sInNjaGVtYV92ZXJzaW9uIjoiMSJ9",
          "dependencies": [
            "aws_vpc.security",
            "data.aws_availability_zones.available",
            "random_string.suffix"
          ]
        },
        {
          "index_key": 1,
          "schema_version": 1,
          "attributes": {
            "arn": "arn:aws:ec2:us-east-1:819351093730:subnet/subnet-038596e3ed3b999c9",
            "assign_ipv6_address_on_creation": false,
            "availability_zone": "us-east-1b",
            "availability_zone_id": "use1-az4",
            "cidr_block": "10.0.2.0/24",
            "customer_owned_ipv4_pool": "",
            "enable_dns64": false,
            "enable_lni_at_device_index": 0,
            "enable_resource_name_dns_a_record_on_launch": false,
            "enable_resource_name_dns_aaaa_record_on_launch": false,
            "id": "subnet-038596e3ed3b999c9",
            "ipv6_cidr_block": "",
            "ipv6_cidr_block_association_id": "",
            "ipv6_native": false,
            "map_customer_owned_ip_on_launch": false,
            "map_public_ip_on_launch": false,
            "outpost_arn": "",
            "owner_id": "819351093730",
            "private_dns_hostname_type_on_launch": "ip-name",
            "tags": {
              "DataClassification": "Confidential",
              "Environment": "production",
              "ManagedBy": "Terraform",
              "Name": "production-security-subnet-2-fcskjaun",
              "Project": "SecurityFoundation"
            },
            "tags_all": {
              "Compliance": "PCI-DSS",
              "DataClassification": "Confidential",
              "Environment": "production",
              "ManagedBy": "Terraform",
              "Name": "production-security-subnet-2-fcskjaun",
              "Project": "SecurityFoundation"
            },
            "timeouts": null,
            "vpc_id": "vpc-0c4a1febb5edd0dec"
          },
          "sensitive_attributes": [],
          "identity_schema_version": 0,
          "private": "eyJlMmJmYjczMC1lY2FhLTExZTYtOGY4OC0zNDM2M2JjN2M0YzAiOnsiY3JlYXRlIjo2MDAwMDAwMDAwMDAsImRlbGV0ZSI6MTIwMDAwMDAwMDAwMH0sInNjaGVtYV92ZXJzaW9uIjoiMSJ9",
          "dependencies": [
            "aws_vpc.security",
            "data.aws_availability_zones.available",
            "random_string.suffix"
          ]
        }
      ]
    },
    {
      "mode": "managed",
      "type": "aws_vpc",
      "name": "security",
      "provider": "provider[\"registry.terraform.io/hashicorp/aws\"]",
      "instances": [
        {
          "index_key": 0,
          "schema_version": 1,
          "attributes": {
            "arn": "arn:aws:ec2:us-east-1:819351093730:vpc/vpc-0c4a1febb5edd0dec",
            "assign_generated_ipv6_cidr_block": false,
            "cidr_block": "10.0.0.0/16",
            "default_network_acl_id": "acl-0a56f757d7116c8fd",
            "default_route_table_id": "rtb-0c51afd54e4711922",
            "default_security_group_id": "sg-043aff44de909fea4",
            "dhcp_options_id": "dopt-057e65e6be002aacd",
            "enable_dns_hostnames": true,
            "enable_dns_support": true,
            "enable_network_address_usage_metrics": false,
            "id": "vpc-0c4a1febb5edd0dec",
            "instance_tenancy": "default",
            "ipv4_ipam_pool_id": null,
            "ipv4_netmask_length": null,
            "ipv6_association_id": "",
            "ipv6_cidr_block": "",
            "ipv6_cidr_block_network_border_group": "",
            "ipv6_ipam_pool_id": "",
            "ipv6_netmask_length": 0,
            "main_route_table_id": "rtb-0c51afd54e4711922",
            "owner_id": "819351093730",
            "tags": {
              "DataClassification": "Confidential",
              "Environment": "production",
              "ManagedBy": "Terraform",
              "Name": "production-security-vpc-fcskjaun",
              "Project": "SecurityFoundation"
            },
            "tags_all": {
              "Compliance": "PCI-DSS",
              "DataClassification": "Confidential",
              "Environment": "production",
              "ManagedBy": "Terraform",
              "Name": "production-security-vpc-fcskjaun",
              "Project": "SecurityFoundation"
            }
          },
          "sensitive_attributes": [],
          "identity_schema_version": 0,
          "private": "eyJzY2hlbWFfdmVyc2lvbiI6IjEifQ==",
          "dependencies": [
            "random_string.suffix"
          ]
        }
      ]
    },
    {
      "mode": "managed",
      "type": "aws_vpc_endpoint",
      "name": "ec2",
      "provider": "provider[\"registry.terraform.io/hashicorp/aws\"]",
      "instances": [
        {
          "schema_version": 0,
          "attributes": {
            "arn": "arn:aws:ec2:us-east-1:819351093730:vpc-endpoint/vpce-0509fbafc9c0329c5",
            "auto_accept": null,
            "cidr_blocks": [],
            "dns_entry": [
              {
                "dns_name": "vpce-0509fbafc9c0329c5-0r22fk5o.ec2.us-east-1.vpce.amazonaws.com",
                "hosted_zone_id": "Z7HUB22UULQXV"
              },
              {
                "dns_name": "vpce-0509fbafc9c0329c5-0r22fk5o-us-east-1b.ec2.us-east-1.vpce.amazonaws.com",
                "hosted_zone_id": "Z7HUB22UULQXV"
              },
              {
                "dns_name": "vpce-0509fbafc9c0329c5-0r22fk5o-us-east-1a.ec2.us-east-1.vpce.amazonaws.com",
                "hosted_zone_id": "Z7HUB22UULQXV"
              },
              {
                "dns_name": "ec2.us-east-1.amazonaws.com",
                "hosted_zone_id": "Z0654129Z7KU4JFR7O4D"
              },
              {
                "dns_name": "ec2.us-east-1.api.aws",
                "hosted_zone_id": "Z068908510IGF0JBLRVC8"
              }
            ],
            "dns_options": [
              {
                "dns_record_ip_type": "ipv4",
                "private_dns_only_for_inbound_resolver_endpoint": false
              }
            ],
            "id": "vpce-0509fbafc9c0329c5",
            "ip_address_type": "ipv4",
            "network_interface_ids": [
              "eni-02ac189a0fe589ba8",
              "eni-0f5d12dde7f760f55"
            ],
            "owner_id": "819351093730",
            "policy": "{\"Statement\":[{\"Action\":\"*\",\"Effect\":\"Allow\",\"Principal\":\"*\",\"Resource\":\"*\"}]}",
            "prefix_list_id": null,
            "private_dns_enabled": true,
            "requester_managed": false,
            "resource_configuration_arn": "",
            "route_table_ids": [],
            "security_group_ids": [
              "sg-0e5fa847c1d0d3edd"
            ],
            "service_name": "com.amazonaws.us-east-1.ec2",
            "service_network_arn": "",
            "service_region": "us-east-1",
            "state": "available",
            "subnet_configuration": [
              {
                "ipv4": "10.0.1.59",
                "ipv6": "",
                "subnet_id": "subnet-091651e66bc7a5136"
              },
              {
                "ipv4": "10.0.2.218",
                "ipv6": "",
                "subnet_id": "subnet-038596e3ed3b999c9"
              }
            ],
            "subnet_ids": [
              "subnet-038596e3ed3b999c9",
              "subnet-091651e66bc7a5136"
            ],
            "tags": {
              "DataClassification": "Confidential",
              "Environment": "production",
              "ManagedBy": "Terraform",
              "Name": "production-security-ec2-endpoint-fcskjaun",
              "Project": "SecurityFoundation",
              "Service": "EC2"
            },
            "tags_all": {
              "Compliance": "PCI-DSS",
              "DataClassification": "Confidential",
              "Environment": "production",
              "ManagedBy": "Terraform",
              "Name": "production-security-ec2-endpoint-fcskjaun",
              "Project": "SecurityFoundation",
              "Service": "EC2"
            },
            "timeouts": null,
            "vpc_endpoint_type": "Interface",
            "vpc_id": "vpc-0c4a1febb5edd0dec"
          },
          "sensitive_attributes": [],
          "identity_schema_version": 0,
          "private": "eyJlMmJmYjczMC1lY2FhLTExZTYtOGY4OC0zNDM2M2JjN2M0YzAiOnsiY3JlYXRlIjo2MDAwMDAwMDAwMDAsImRlbGV0ZSI6NjAwMDAwMDAwMDAwLCJ1cGRhdGUiOjYwMDAwMDAwMDAwMH19",
          "dependencies": [
            "aws_security_group.vpc_endpoints",
            "aws_subnet.security_private",
            "aws_vpc.security",
            "data.aws_availability_zones.available",
            "data.aws_vpc.selected",
            "random_string.suffix"
          ]
        }
      ]
    },
    {
      "mode": "managed",
      "type": "aws_vpc_endpoint",
      "name": "kms",
      "provider": "provider[\"registry.terraform.io/hashicorp/aws\"]",
      "instances": [
        {
          "schema_version": 0,
          "attributes": {
            "arn": "arn:aws:ec2:us-east-1:819351093730:vpc-endpoint/vpce-0f9636c272a6d6bdc",
            "auto_accept": null,
            "cidr_blocks": [],
            "dns_entry": [
              {
                "dns_name": "vpce-0f9636c272a6d6bdc-gqoc14jv.kms.us-east-1.vpce.amazonaws.com",
                "hosted_zone_id": "Z7HUB22UULQXV"
              },
              {
                "dns_name": "vpce-0f9636c272a6d6bdc-gqoc14jv-us-east-1b.kms.us-east-1.vpce.amazonaws.com",
                "hosted_zone_id": "Z7HUB22UULQXV"
              },
              {
                "dns_name": "vpce-0f9636c272a6d6bdc-gqoc14jv-us-east-1a.kms.us-east-1.vpce.amazonaws.com",
                "hosted_zone_id": "Z7HUB22UULQXV"
              },
              {
                "dns_name": "kms.us-east-1.amazonaws.com",
                "hosted_zone_id": "Z069159516QOU8YQ492DD"
              },
              {
                "dns_name": "kms.us-east-1.api.aws",
                "hosted_zone_id": "Z083226728D8W11CT99GJ"
              }
            ],
            "dns_options": [
              {
                "dns_record_ip_type": "ipv4",
                "private_dns_only_for_inbound_resolver_endpoint": false
              }
            ],
            "id": "vpce-0f9636c272a6d6bdc",
            "ip_address_type": "ipv4",
            "network_interface_ids": [
              "eni-036cbc8c7d427cc56",
              "eni-085b515e7dc5e069e"
            ],
            "owner_id": "819351093730",
            "policy": "{\"Statement\":[{\"Action\":[\"kms:GenerateDataKey\",\"kms:Encrypt\",\"kms:DescribeKey\",\"kms:Decrypt\"],\"Effect\":\"Allow\",\"Principal\":{\"AWS\":\"*\"},\"Resource\":\"*\",\"Sid\":\"AllowKMSAccess\"}],\"Version\":\"2012-10-17\"}",
            "prefix_list_id": null,
            "private_dns_enabled": true,
            "requester_managed": false,
            "resource_configuration_arn": "",
            "route_table_ids": [],
            "security_group_ids": [
              "sg-0e5fa847c1d0d3edd"
            ],
            "service_name": "com.amazonaws.us-east-1.kms",
            "service_network_arn": "",
            "service_region": "us-east-1",
            "state": "available",
            "subnet_configuration": [
              {
                "ipv4": "10.0.1.148",
                "ipv6": "",
                "subnet_id": "subnet-091651e66bc7a5136"
              },
              {
                "ipv4": "10.0.2.242",
                "ipv6": "",
                "subnet_id": "subnet-038596e3ed3b999c9"
              }
            ],
            "subnet_ids": [
              "subnet-038596e3ed3b999c9",
              "subnet-091651e66bc7a5136"
            ],
            "tags": {
              "DataClassification": "Confidential",
              "Environment": "production",
              "ManagedBy": "Terraform",
              "Name": "production-security-kms-endpoint-fcskjaun",
              "Project": "SecurityFoundation",
              "Service": "KMS"
            },
            "tags_all": {
              "Compliance": "PCI-DSS",
              "DataClassification": "Confidential",
              "Environment": "production",
              "ManagedBy": "Terraform",
              "Name": "production-security-kms-endpoint-fcskjaun",
              "Project": "SecurityFoundation",
              "Service": "KMS"
            },
            "timeouts": null,
            "vpc_endpoint_type": "Interface",
            "vpc_id": "vpc-0c4a1febb5edd0dec"
          },
          "sensitive_attributes": [],
          "identity_schema_version": 0,
          "private": "eyJlMmJmYjczMC1lY2FhLTExZTYtOGY4OC0zNDM2M2JjN2M0YzAiOnsiY3JlYXRlIjo2MDAwMDAwMDAwMDAsImRlbGV0ZSI6NjAwMDAwMDAwMDAwLCJ1cGRhdGUiOjYwMDAwMDAwMDAwMH19",
          "dependencies": [
            "aws_security_group.vpc_endpoints",
            "aws_subnet.security_private",
            "aws_vpc.security",
            "data.aws_availability_zones.available",
            "data.aws_iam_policy_document.kms_endpoint_policy",
            "data.aws_vpc.selected",
            "random_string.suffix"
          ]
        }
      ]
    },
    {
      "mode": "managed",
      "type": "aws_vpc_endpoint",
      "name": "secretsmanager",
      "provider": "provider[\"registry.terraform.io/hashicorp/aws\"]",
      "instances": [
        {
          "schema_version": 0,
          "attributes": {
            "arn": "arn:aws:ec2:us-east-1:819351093730:vpc-endpoint/vpce-07ef4b719e1d48587",
            "auto_accept": null,
            "cidr_blocks": [],
            "dns_entry": [
              {
                "dns_name": "vpce-07ef4b719e1d48587-qm3s6xtx.secretsmanager.us-east-1.vpce.amazonaws.com",
                "hosted_zone_id": "Z7HUB22UULQXV"
              },
              {
                "dns_name": "vpce-07ef4b719e1d48587-qm3s6xtx-us-east-1a.secretsmanager.us-east-1.vpce.amazonaws.com",
                "hosted_zone_id": "Z7HUB22UULQXV"
              },
              {
                "dns_name": "vpce-07ef4b719e1d48587-qm3s6xtx-us-east-1b.secretsmanager.us-east-1.vpce.amazonaws.com",
                "hosted_zone_id": "Z7HUB22UULQXV"
              },
              {
                "dns_name": "secretsmanager.us-east-1.amazonaws.com",
                "hosted_zone_id": "Z08336713FY7TPLUL9H56"
              }
            ],
            "dns_options": [
              {
                "dns_record_ip_type": "ipv4",
                "private_dns_only_for_inbound_resolver_endpoint": false
              }
            ],
            "id": "vpce-07ef4b719e1d48587",
            "ip_address_type": "ipv4",
            "network_interface_ids": [
              "eni-05d29fc1a0c05ff8a",
              "eni-06cff6d449fd45468"
            ],
            "owner_id": "819351093730",
            "policy": "{\"Statement\":[{\"Action\":[\"secretsmanager:GetSecretValue\",\"secretsmanager:DescribeSecret\"],\"Effect\":\"Allow\",\"Principal\":{\"AWS\":\"*\"},\"Resource\":\"*\",\"Sid\":\"AllowSecretsManagerAccess\"}],\"Version\":\"2012-10-17\"}",
            "prefix_list_id": null,
            "private_dns_enabled": true,
            "requester_managed": false,
            "resource_configuration_arn": "",
            "route_table_ids": [],
            "security_group_ids": [
              "sg-0e5fa847c1d0d3edd"
            ],
            "service_name": "com.amazonaws.us-east-1.secretsmanager",
            "service_network_arn": "",
            "service_region": "us-east-1",
            "state": "available",
            "subnet_configuration": [
              {
                "ipv4": "10.0.1.62",
                "ipv6": "",
                "subnet_id": "subnet-091651e66bc7a5136"
              },
              {
                "ipv4": "10.0.2.87",
                "ipv6": "",
                "subnet_id": "subnet-038596e3ed3b999c9"
              }
            ],
            "subnet_ids": [
              "subnet-038596e3ed3b999c9",
              "subnet-091651e66bc7a5136"
            ],
            "tags": {
              "DataClassification": "Confidential",
              "Environment": "production",
              "ManagedBy": "Terraform",
              "Name": "production-security-secretsmanager-endpoint-fcskjaun",
              "Project": "SecurityFoundation",
              "Service": "SecretsManager"
            },
            "tags_all": {
              "Compliance": "PCI-DSS",
              "DataClassification": "Confidential",
              "Environment": "production",
              "ManagedBy": "Terraform",
              "Name": "production-security-secretsmanager-endpoint-fcskjaun",
              "Project": "SecurityFoundation",
              "Service": "SecretsManager"
            },
            "timeouts": null,
            "vpc_endpoint_type": "Interface",
            "vpc_id": "vpc-0c4a1febb5edd0dec"
          },
          "sensitive_attributes": [],
          "identity_schema_version": 0,
          "private": "eyJlMmJmYjczMC1lY2FhLTExZTYtOGY4OC0zNDM2M2JjN2M0YzAiOnsiY3JlYXRlIjo2MDAwMDAwMDAwMDAsImRlbGV0ZSI6NjAwMDAwMDAwMDAwLCJ1cGRhdGUiOjYwMDAwMDAwMDAwMH19",
          "dependencies": [
            "aws_security_group.vpc_endpoints",
            "aws_subnet.security_private",
            "aws_vpc.security",
            "data.aws_availability_zones.available",
            "data.aws_iam_policy_document.secretsmanager_endpoint_policy",
            "data.aws_vpc.selected",
            "random_string.suffix"
          ]
        }
      ]
    },
    {
      "mode": "managed",
      "type": "random_password",
      "name": "db_password",
      "provider": "provider[\"registry.terraform.io/hashicorp/random\"]",
      "instances": [
        {
          "schema_version": 3,
          "attributes": {
            "bcrypt_hash": "$2a$10$UnaF52kSzZhVqDcy34pFxOSq/ydHsTW63Rrm5N3fH9mpyoS7MUvNK",
            "id": "none",
            "keepers": null,
            "length": 32,
            "lower": true,
            "min_lower": 0,
            "min_numeric": 0,
            "min_special": 0,
            "min_upper": 0,
            "number": true,
            "numeric": true,
            "override_special": null,
            "result": "IrTTr:-2_#Om+bO-s4+\u003cJ\u0026udGb=l@sjJ",
            "special": true,
            "upper": true
          },
          "sensitive_attributes": [
            [
              {
                "type": "get_attr",
                "value": "bcrypt_hash"
              }
            ],
            [
              {
                "type": "get_attr",
                "value": "result"
              }
            ]
          ],
          "identity_schema_version": 0
        }
      ]
    },
    {
      "mode": "managed",
      "type": "random_string",
      "name": "suffix",
      "provider": "provider[\"registry.terraform.io/hashicorp/random\"]",
      "instances": [
        {
          "schema_version": 2,
          "attributes": {
            "id": "fcskjaun",
            "keepers": null,
            "length": 8,
            "lower": true,
            "min_lower": 0,
            "min_numeric": 0,
            "min_special": 0,
            "min_upper": 0,
            "number": true,
            "numeric": true,
            "override_special": null,
            "result": "fcskjaun",
            "special": false,
            "upper": false
          },
          "sensitive_attributes": [],
          "identity_schema_version": 0
        }
      ]
    }
  ],
  "check_results": [
    {
      "object_kind": "var",
      "config_addr": "var.kms_key_deletion_window",
      "status": "pass",
      "objects": [
        {
          "object_addr": "var.kms_key_deletion_window",
          "status": "pass"
        }
      ]
    },
    {
      "object_kind": "var",
      "config_addr": "var.iam_session_duration_seconds",
      "status": "pass",
      "objects": [
        {
          "object_addr": "var.iam_session_duration_seconds",
          "status": "pass"
        }
      ]
    }
  ]
}
