{
  "version": 4,
  "terraform_version": "1.5.7",
  "serial": 400,
  "lineage": "35194b14-9e4e-4457-687c-5bc150cb2538",
  "outputs": {},
  "resources": [
    {
      "mode": "data",
      "type": "aws_caller_identity",
      "name": "current",
      "provider": "provider[\"registry.terraform.io/hashicorp/aws\"]",
      "instances": [
        {
          "schema_version": 0,
          "attributes": {
            "account_id": "342597974367",
            "arn": "arn:aws:iam::342597974367:user/mayank.sethi",
            "id": "342597974367",
            "user_id": "AIDAU7RDOHFP2MZ572UQ5"
          },
          "sensitive_attributes": []
        }
      ]
    },
    {
      "mode": "managed",
      "type": "aws_s3_bucket",
      "name": "flow_logs",
      "provider": "provider[\"registry.terraform.io/hashicorp/aws\"].primary",
      "instances": [
        {
          "schema_version": 0,
          "attributes": {
            "acceleration_status": "",
            "acl": null,
            "arn": "arn:aws:s3:::vpc-flow-logs-342597974367-test-7ivau",
            "bucket": "vpc-flow-logs-342597974367-test-7ivau",
            "bucket_domain_name": "vpc-flow-logs-342597974367-test-7ivau.s3.amazonaws.com",
            "bucket_prefix": "",
            "bucket_region": "us-east-1",
            "bucket_regional_domain_name": "vpc-flow-logs-342597974367-test-7ivau.s3.us-east-1.amazonaws.com",
            "cors_rule": [],
            "force_destroy": false,
            "grant": [
              {
                "id": "5e11009481664687bf1ec517a9c41894392b4a057b0b19eeaaf7779a17ba0490",
                "permissions": [
                  "FULL_CONTROL"
                ],
                "type": "CanonicalUser",
                "uri": ""
              }
            ],
            "hosted_zone_id": "Z3AQBSTGFYJSTF",
            "id": "vpc-flow-logs-342597974367-test-7ivau",
            "lifecycle_rule": [
              {
                "abort_incomplete_multipart_upload_days": 0,
                "enabled": true,
                "expiration": [
                  {
                    "date": "",
                    "days": 7,
                    "expired_object_delete_marker": false
                  }
                ],
                "id": "expire-old-logs",
                "noncurrent_version_expiration": [],
                "noncurrent_version_transition": [],
                "prefix": "",
                "tags": {},
                "transition": []
              }
            ],
            "logging": [],
            "object_lock_configuration": [],
            "object_lock_enabled": false,
            "policy": "{\"Statement\":[{\"Action\":\"s3:PutObject\",\"Condition\":{\"StringEquals\":{\"s3:x-amz-acl\":\"bucket-owner-full-control\"}},\"Effect\":\"Allow\",\"Principal\":{\"Service\":\"delivery.logs.amazonaws.com\"},\"Resource\":\"arn:aws:s3:::vpc-flow-logs-342597974367-test-7ivau/AWSLogs/342597974367/*\",\"Sid\":\"AWSLogDeliveryWrite\"},{\"Action\":\"s3:GetBucketAcl\",\"Effect\":\"Allow\",\"Principal\":{\"Service\":\"delivery.logs.amazonaws.com\"},\"Resource\":\"arn:aws:s3:::vpc-flow-logs-342597974367-test-7ivau\",\"Sid\":\"AWSLogDeliveryAclCheck\"}],\"Version\":\"2012-10-17\"}",
            "region": "us-east-1",
            "replication_configuration": [],
            "request_payer": "BucketOwner",
            "server_side_encryption_configuration": [
              {
                "rule": [
                  {
                    "apply_server_side_encryption_by_default": [
                      {
                        "kms_master_key_id": "",
                        "sse_algorithm": "AES256"
                      }
                    ],
                    "bucket_key_enabled": false
                  }
                ]
              }
            ],
            "tags": {
              "CostCenter": "payment-processing",
              "Environment": "production",
              "ManagedBy": "Terraform",
              "Name": "vpc-flow-logs-test-7ivau",
              "Project": "fintech-payment"
            },
            "tags_all": {
              "CostCenter": "payment-processing",
              "Environment": "production",
              "ManagedBy": "Terraform",
              "Name": "vpc-flow-logs-test-7ivau",
              "Project": "fintech-payment"
            },
            "timeouts": null,
            "versioning": [
              {
                "enabled": false,
                "mfa_delete": false
              }
            ],
            "website": [],
            "website_domain": null,
            "website_endpoint": null
          },
          "sensitive_attributes": [],
          "private": "eyJlMmJmYjczMC1lY2FhLTExZTYtOGY4OC0zNDM2M2JjN2M0YzAiOnsiY3JlYXRlIjoxMjAwMDAwMDAwMDAwLCJkZWxldGUiOjM2MDAwMDAwMDAwMDAsInJlYWQiOjEyMDAwMDAwMDAwMDAsInVwZGF0ZSI6MTIwMDAwMDAwMDAwMH19",
          "dependencies": [
            "data.aws_caller_identity.current"
          ]
        }
      ]
    }
  ],
  "check_results": null
}
