github.com/aws/constructs-go/constructs/v10 v10.3.0 h1:LGJiY+XAxFaKcBzrXV4VUvjWlOJX8/VhYhZKJVJNZzM=
github.com/aws/constructs-go/constructs/v10 v10.3.0/go.mod h1:EObNgkXYXVIZWnWGGjPDJhZJZKoK8/VLaVgWKsqKrPE=
github.com/aws/jsii-runtime-go v1.103.1 h1:81tO8Ww9ajhKhH1/q6dBCGdFjGGGkHgwKKvyJBwJdpY=
github.com/aws/jsii-runtime-go v1.103.1/go.mod h1:x4pw61P3/GRCcSLypcQJE/Q2+E9f4X+5aRcZLXf20jM=
github.com/cdktf/cdktf-provider-aws-go/aws/v19 v19.65.1 h1:2vKJNzYxBOy+VTqKa7V7KUo7lKfKPdmh7bZmJU1nE8s=
github.com/cdktf/cdktf-provider-aws-go/aws/v19 v19.65.1/go.mod h1:aXvakqA8Pj8G2/0D3hni+7qAx+cAEQPOl5lUd8L2B8s=
github.com/hashicorp/terraform-cdk-go/cdktf v0.21.0 h1:VTmBhB6h3+/2DLKo8l1kJ7VNzYs9J1l1K8+VVYjzM8s=
github.com/hashicorp/terraform-cdk-go/cdktf v0.21.0/go.mod h1:x4pw61P3/GRCcSLypcQJE/Q2+E9f4X+5aRcZLXf20jM=
github.com/davecgh/go-spew v1.1.0/go.mod h1:J7Y8YcW2NihsgmVo/mv3lAwl/skON4iLHjSsI+c5H38=
github.com/davecgh/go-spew v1.1.1 h1:vj9j/u1bqnvCEfJOwUhtlOARqs3+rkHYY13jYWTU97c=
github.com/davecgh/go-spew v1.1.1/go.mod h1:J7Y8YcW2NihsgmVo/mv3lAwl/skON4iLHjSsI+c5H38=
github.com/pmezard/go-difflib v1.0.0 h1:4DBwDE0NGyQoBHbLQYPwSUPoCMWR5BEzIk/f1lZbAQM=
github.com/pmezard/go-difflib v1.0.0/go.mod h1:iKH77koFhYxTK1pcRnkKkqfTogsbg7gZNVY4sRDYZ/4=
github.com/stretchr/objx v0.1.0/go.mod h1:HFkY916IF+rwdDfMAkV7OtwuqBVzrE8GR6GFx+wExME=
github.com/stretchr/testify v1.3.0/go.mod h1:M5WIy9Dh21IEIfnGCwXGc5bZfKNJtfHm1UVUgZn+9EI=
github.com/stretchr/testify v1.7.0 h1:nwc3DEeHmmLAfoZucVR881uASk0Mfjw8xYJ99tb5CcY=
github.com/stretchr/testify v1.7.0/go.mod h1:6Fq8oRcR53rry900zMqJjRRixrwX3KX962/h/Wwjteg=
gopkg.in/check.v1 v0.0.0-20161208181325-20d25e280405/go.mod h1:Co6ibVJAznAaIkqp8huTwlJQCZ016jof/cbN4VW5Yz0=
gopkg.in/yaml.v3 v3.0.0-20200313102051-9f266ea9e77c h1:dUUwHk2QECo/6vqA44rthZ8ie2QXMNeKRTHCNY2nXvo=
gopkg.in/yaml.v3 v3.0.0-20200313102051-9f266ea9e77c/go.mod h1:K4uyk7z7BCEPqu6E+C64Yfv1cQ7kz7rIZviUmN+EgEM=
