{
  "version": 4,
  "terraform_version": "1.9.0",
  "serial": 137,
  "lineage": "1a9d487b-4fb4-6d1a-dc19-fdfce6d6d54c",
  "outputs": {
    "aws_load_balancer_controller_role_arn": {
      "value": "arn:aws:iam::342597974367:role/aws-lb-controller-synth101912832-20251128014454490500000014",
      "type": "string"
    },
    "configure_kubectl": {
      "value": "aws eks update-kubeconfig --region us-east-1 --name eks-cluster-synth101912832",
      "type": "string"
    },
    "eks_cluster_certificate_authority": {
      "value": "LS0tLS1CRUdJTiBDRVJUSUZJQ0FURS0tLS0tCk1JSURCVENDQWUyZ0F3SUJBZ0lJSllPc0laRFVkaXN3RFFZSktvWklodmNOQVFFTEJRQXdGVEVUTUJFR0ExVUUKQXhNS2EzVmlaWEp1WlhSbGN6QWVGdzB5TlRFeE1qZ3dNVE0yTVRKYUZ3MHpOVEV4TWpZd01UUXhNVEphTUJVeApFekFSQmdOVkJBTVRDbXQxWW1WeWJtVjBaWE13Z2dFaU1BMEdDU3FHU0liM0RRRUJBUVVBQTRJQkR3QXdnZ0VLCkFvSUJBUUN0UW1ieERhQzExMk9CM0NnOEhScE1ZKzk2TlprZnFwU2FmaW1EYmhNNUdOTk8vd2lpR2pFK1dDaHoKZDhFalM5UUtYOWFMbDY5c3pGNHFHQnFnckxodWNmOWRBL3ZydHFySXVEUCs3V0l1NFpOZ0luM1pERFJZbDF4RgpEZHZvaWtOVXFhZDJyRnZUaDJseFdtZGNWUEc0cEFSSWVBMmt0S2loUjlaaEozbkt1akFSYUxvOHBpaHA5QWlKCm9tSjRQV2pwQ012ZmJjVUlDdFI0YzhYdkhBMVdUWE93dmhzTS9ORURjUkIyUHMwc0VOU29mVElualFxWWY3QnIKWVRzV0M1STNzY1doN3IyeHRnS21Ib1JsbEtLZlg3Z3lYMkgxWXNQN2hUWWVNNjhXYWlsVnU3YVUyb0VBdnJzYgpxcE5xMHZjRnVWdStMQzJQRGdmLzZydm5HYjFEQWdNQkFBR2pXVEJYTUE0R0ExVWREd0VCL3dRRUF3SUNwREFQCkJnTlZIUk1CQWY4RUJUQURBUUgvTUIwR0ExVWREZ1FXQkJUbE85VnhvYWFPMXJWbEhmVWUwMUVhcjVoLzNUQVYKQmdOVkhSRUVEakFNZ2dwcmRXSmxjbTVsZEdWek1BMEdDU3FHU0liM0RRRUJDd1VBQTRJQkFRQnAzUVpCUGhmTQpMRDVIclNadGNpN05nalJmY21pZnBsU2hhUWZkSnpzeE05VUVaQ3dIdHFoNmtUMi9MS1cwaWVqUnpuUVY5eTRXClliTjRnTHlMRkdSNUoyczRVdk5ZanJCWVQrMVdVZUJEd0N6Y2JTYmhmWHpYY25HTTFyZkVxSGJOaFp4ZWdyakQKUE5nc1FtMmJHaUZBL0tSYmQzeFhhMTQzZ1RkaUp3K0dhWkxzYWlSMW9pSHVEYzk3T0xna0NRRzk4Z01MejlkcQorZlZEaDJXMGUxaXUvc2ZEbHgxbnZvYmFGNFZXMVJXcmVzYTQxTnptK2dEMVBFdjdPR2NjZmF6YUdTTWg1TTlzCk02Q0gzQU00U0FhQ3cyZXRITEVMNzY5TkNjaDhBQWJJMndNOTU3NVEzYVRiRDl5TWdGRE84bUpJVEdNR0dHNkkKbHZsNGRPQlcrZ2tFCi0tLS0tRU5EIENFUlRJRklDQVRFLS0tLS0K",
      "type": "string",
      "sensitive": true
    },
    "eks_cluster_endpoint": {
      "value": "https://89A3234E384B07878DD01B8CC3F40C07.sk1.us-east-1.eks.amazonaws.com",
      "type": "string"
    },
    "eks_cluster_name": {
      "value": "eks-cluster-synth101912832",
      "type": "string"
    },
    "eks_cluster_version": {
      "value": "1.29",
      "type": "string"
    },
    "eks_oidc_provider_arn": {
      "value": "arn:aws:iam::342597974367:oidc-provider/oidc.eks.us-east-1.amazonaws.com/id/89A3234E384B07878DD01B8CC3F40C07",
      "type": "string"
    },
    "karpenter_installation_status": {
      "value": "Karpenter installed via null_resource - check cluster for pods in karpenter namespace",
      "type": "string"
    },
    "karpenter_role_arn": {
      "value": "arn:aws:iam::342597974367:role/karpenter-controller-synth101912832-20251128014454488400000013",
      "type": "string"
    },
    "private_subnet_ids": {
      "value": [
        "subnet-0dac6daa63a87d66e",
        "subnet-0f1cfb7e58449f573",
        "subnet-02cc9fd0d94894f57"
      ],
      "type": [
        "tuple",
        [
          "string",
          "string",
          "string"
        ]
      ]
    },
    "public_subnet_ids": {
      "value": [
        "subnet-098d23a0b21e54d59",
        "subnet-0012c0703a277de86",
        "subnet-0f2635b3a19ee88ea"
      ],
      "type": [
        "tuple",
        [
          "string",
          "string",
          "string"
        ]
      ]
    },
    "vpc_id": {
      "value": "vpc-03b2a9cb0f3505b85",
      "type": "string"
    }
  },
  "resources": [
    {
      "mode": "data",
      "type": "aws_ami",
      "name": "amazon_linux_2",
      "provider": "provider[\"registry.terraform.io/hashicorp/aws\"]",
      "instances": [
        {
          "schema_version": 0,
          "attributes": {
            "allow_unsafe_filter": null,
            "architecture": "x86_64",
            "arn": "arn:aws:ec2:us-east-1::image/ami-0156001f0548e90b1",
            "block_device_mappings": [
              {
                "device_name": "/dev/xvda",
                "ebs": {
                  "delete_on_termination": "true",
                  "encrypted": "false",
                  "iops": "0",
                  "snapshot_id": "snap-0ea2b465cc56e487c",
                  "throughput": "0",
                  "volume_initialization_rate": "0",
                  "volume_size": "8",
                  "volume_type": "gp2"
                },
                "no_device": "",
                "virtual_name": ""
              }
            ],
            "boot_mode": "",
            "creation_date": "2025-11-21T08:38:04.000Z",
            "deprecation_time": "2026-02-19T00:00:00.000Z",
            "description": "Amazon Linux 2 AMI 2.0.20251121.0 x86_64 HVM gp2",
            "ena_support": true,
            "executable_users": null,
            "filter": [
              {
                "name": "name",
                "values": [
                  "amzn2-ami-hvm-*-x86_64-gp2"
                ]
              },
              {
                "name": "virtualization-type",
                "values": [
                  "hvm"
                ]
              }
            ],
            "hypervisor": "xen",
            "id": "ami-0156001f0548e90b1",
            "image_id": "ami-0156001f0548e90b1",
            "image_location": "amazon/amzn2-ami-hvm-2.0.20251121.0-x86_64-gp2",
            "image_owner_alias": "amazon",
            "image_type": "machine",
            "imds_support": "",
            "include_deprecated": false,
            "kernel_id": "",
            "last_launched_time": "",
            "most_recent": true,
            "name": "amzn2-ami-hvm-2.0.20251121.0-x86_64-gp2",
            "name_regex": null,
            "owner_id": "137112412989",
            "owners": [
              "amazon"
            ],
            "platform": "",
            "platform_details": "Linux/UNIX",
            "product_codes": [],
            "public": true,
            "ramdisk_id": "",
            "region": "us-east-1",
            "root_device_name": "/dev/xvda",
            "root_device_type": "ebs",
            "root_snapshot_id": "snap-0ea2b465cc56e487c",
            "sriov_net_support": "simple",
            "state": "available",
            "state_reason": {
              "code": "UNSET",
              "message": "UNSET"
            },
            "tags": {},
            "timeouts": null,
            "tpm_support": "",
            "uefi_data": null,
            "usage_operation": "RunInstances",
            "virtualization_type": "hvm"
          },
          "sensitive_attributes": []
        }
      ]
    },
    {
      "mode": "data",
      "type": "aws_availability_zones",
      "name": "available",
      "provider": "provider[\"registry.terraform.io/hashicorp/aws\"]",
      "instances": [
        {
          "schema_version": 0,
          "attributes": {
            "all_availability_zones": null,
            "exclude_names": null,
            "exclude_zone_ids": null,
            "filter": null,
            "group_names": [
              "us-east-1-zg-1"
            ],
            "id": "us-east-1",
            "names": [
              "us-east-1a",
              "us-east-1b",
              "us-east-1c",
              "us-east-1d",
              "us-east-1e",
              "us-east-1f"
            ],
            "region": "us-east-1",
            "state": "available",
            "timeouts": null,
            "zone_ids": [
              "use1-az1",
              "use1-az2",
              "use1-az4",
              "use1-az6",
              "use1-az3",
              "use1-az5"
            ]
          },
          "sensitive_attributes": []
        }
      ]
    },
    {
      "mode": "data",
      "type": "aws_iam_policy_document",
      "name": "aws_load_balancer_controller_assume_role",
      "provider": "provider[\"registry.terraform.io/hashicorp/aws\"]",
      "instances": [
        {
          "schema_version": 0,
          "attributes": {
            "id": "440862612",
            "json": "{\n  \"Version\": \"2012-10-17\",\n  \"Statement\": [\n    {\n      \"Effect\": \"Allow\",\n      \"Action\": \"sts:AssumeRoleWithWebIdentity\",\n      \"Principal\": {\n        \"Federated\": \"arn:aws:iam::342597974367:oidc-provider/oidc.eks.us-east-1.amazonaws.com/id/89A3234E384B07878DD01B8CC3F40C07\"\n      },\n      \"Condition\": {\n        \"StringEquals\": {\n          \"oidc.eks.us-east-1.amazonaws.com/id/89A3234E384B07878DD01B8CC3F40C07:aud\": \"sts.amazonaws.com\",\n          \"oidc.eks.us-east-1.amazonaws.com/id/89A3234E384B07878DD01B8CC3F40C07:sub\": \"system:serviceaccount:kube-system:aws-load-balancer-controller\"\n        }\n      }\n    }\n  ]\n}",
            "minified_json": "{\"Version\":\"2012-10-17\",\"Statement\":[{\"Effect\":\"Allow\",\"Action\":\"sts:AssumeRoleWithWebIdentity\",\"Principal\":{\"Federated\":\"arn:aws:iam::342597974367:oidc-provider/oidc.eks.us-east-1.amazonaws.com/id/89A3234E384B07878DD01B8CC3F40C07\"},\"Condition\":{\"StringEquals\":{\"oidc.eks.us-east-1.amazonaws.com/id/89A3234E384B07878DD01B8CC3F40C07:aud\":\"sts.amazonaws.com\",\"oidc.eks.us-east-1.amazonaws.com/id/89A3234E384B07878DD01B8CC3F40C07:sub\":\"system:serviceaccount:kube-system:aws-load-balancer-controller\"}}}]}",
            "override_json": null,
            "override_policy_documents": null,
            "policy_id": null,
            "source_json": null,
            "source_policy_documents": null,
            "statement": [
              {
                "actions": [
                  "sts:AssumeRoleWithWebIdentity"
                ],
                "condition": [
                  {
                    "test": "StringEquals",
                    "values": [
                      "sts.amazonaws.com"
                    ],
                    "variable": "oidc.eks.us-east-1.amazonaws.com/id/89A3234E384B07878DD01B8CC3F40C07:aud"
                  },
                  {
                    "test": "StringEquals",
                    "values": [
                      "system:serviceaccount:kube-system:aws-load-balancer-controller"
                    ],
                    "variable": "oidc.eks.us-east-1.amazonaws.com/id/89A3234E384B07878DD01B8CC3F40C07:sub"
                  }
                ],
                "effect": "Allow",
                "not_actions": [],
                "not_principals": [],
                "not_resources": [],
                "principals": [
                  {
                    "identifiers": [
                      "arn:aws:iam::342597974367:oidc-provider/oidc.eks.us-east-1.amazonaws.com/id/89A3234E384B07878DD01B8CC3F40C07"
                    ],
                    "type": "Federated"
                  }
                ],
                "resources": [],
                "sid": ""
              }
            ],
            "version": "2012-10-17"
          },
          "sensitive_attributes": []
        }
      ]
    },
    {
      "mode": "data",
      "type": "aws_iam_policy_document",
      "name": "karpenter_assume_role",
      "provider": "provider[\"registry.terraform.io/hashicorp/aws\"]",
      "instances": [
        {
          "schema_version": 0,
          "attributes": {
            "id": "1180942892",
            "json": "{\n  \"Version\": \"2012-10-17\",\n  \"Statement\": [\n    {\n      \"Effect\": \"Allow\",\n      \"Action\": \"sts:AssumeRoleWithWebIdentity\",\n      \"Principal\": {\n        \"Federated\": \"arn:aws:iam::342597974367:oidc-provider/oidc.eks.us-east-1.amazonaws.com/id/89A3234E384B07878DD01B8CC3F40C07\"\n      },\n      \"Condition\": {\n        \"StringEquals\": {\n          \"oidc.eks.us-east-1.amazonaws.com/id/89A3234E384B07878DD01B8CC3F40C07:aud\": \"sts.amazonaws.com\",\n          \"oidc.eks.us-east-1.amazonaws.com/id/89A3234E384B07878DD01B8CC3F40C07:sub\": \"system:serviceaccount:karpenter:karpenter\"\n        }\n      }\n    }\n  ]\n}",
            "minified_json": "{\"Version\":\"2012-10-17\",\"Statement\":[{\"Effect\":\"Allow\",\"Action\":\"sts:AssumeRoleWithWebIdentity\",\"Principal\":{\"Federated\":\"arn:aws:iam::342597974367:oidc-provider/oidc.eks.us-east-1.amazonaws.com/id/89A3234E384B07878DD01B8CC3F40C07\"},\"Condition\":{\"StringEquals\":{\"oidc.eks.us-east-1.amazonaws.com/id/89A3234E384B07878DD01B8CC3F40C07:aud\":\"sts.amazonaws.com\",\"oidc.eks.us-east-1.amazonaws.com/id/89A3234E384B07878DD01B8CC3F40C07:sub\":\"system:serviceaccount:karpenter:karpenter\"}}}]}",
            "override_json": null,
            "override_policy_documents": null,
            "policy_id": null,
            "source_json": null,
            "source_policy_documents": null,
            "statement": [
              {
                "actions": [
                  "sts:AssumeRoleWithWebIdentity"
                ],
                "condition": [
                  {
                    "test": "StringEquals",
                    "values": [
                      "sts.amazonaws.com"
                    ],
                    "variable": "oidc.eks.us-east-1.amazonaws.com/id/89A3234E384B07878DD01B8CC3F40C07:aud"
                  },
                  {
                    "test": "StringEquals",
                    "values": [
                      "system:serviceaccount:karpenter:karpenter"
                    ],
                    "variable": "oidc.eks.us-east-1.amazonaws.com/id/89A3234E384B07878DD01B8CC3F40C07:sub"
                  }
                ],
                "effect": "Allow",
                "not_actions": [],
                "not_principals": [],
                "not_resources": [],
                "principals": [
                  {
                    "identifiers": [
                      "arn:aws:iam::342597974367:oidc-provider/oidc.eks.us-east-1.amazonaws.com/id/89A3234E384B07878DD01B8CC3F40C07"
                    ],
                    "type": "Federated"
                  }
                ],
                "resources": [],
                "sid": ""
              }
            ],
            "version": "2012-10-17"
          },
          "sensitive_attributes": []
        }
      ]
    },
    {
      "mode": "data",
      "type": "tls_certificate",
      "name": "eks",
      "provider": "provider[\"registry.terraform.io/hashicorp/tls\"]",
      "instances": [
        {
          "schema_version": 0,
          "attributes": {
            "certificates": [
              {
                "cert_pem": "-----BEGIN CERTIFICATE-----\nMIIEkjCCA3qgAwIBAgITBn+USionzfP6wq4rAfkI7rnExjANBgkqhkiG9w0BAQsF\nADCBmDELMAkGA1UEBhMCVVMxEDAOBgNVBAgTB0FyaXpvbmExEzARBgNVBAcTClNj\nb3R0c2RhbGUxJTAjBgNVBAoTHFN0YXJmaWVsZCBUZWNobm9sb2dpZXMsIEluYy4x\nOzA5BgNVBAMTMlN0YXJmaWVsZCBTZXJ2aWNlcyBSb290IENlcnRpZmljYXRlIEF1\ndGhvcml0eSAtIEcyMB4XDTE1MDUyNTEyMDAwMFoXDTM3MTIzMTAxMDAwMFowOTEL\nMAkGA1UEBhMCVVMxDzANBgNVBAoTBkFtYXpvbjEZMBcGA1UEAxMQQW1hem9uIFJv\nb3QgQ0EgMTCCASIwDQYJKoZIhvcNAQEBBQADggEPADCCAQoCggEBALJ4gHHKeNXj\nca9HgFB0fW7Y14h29Jlo91ghYPl0hAEvrAIthtOgQ3pOsqTQNroBvo3bSMgHFzZM\n9O6II8c+6zf1tRn4SWiw3te5djgdYZ6k/oI2peVKVuRF4fn9tBb6dNqcmzU5L/qw\nIFAGbHrQgLKm+a/sRxmPUDgH3KKHOVj4utWp+UhnMJbulHheb4mjUcAwhmahRWa6\nVOujw5H5SNz/0egwLX0tdHA114gk957EWW67c4cX8jJGKLhD+rcdqsq08p8kDi1L\n93FcXmn/6pUCyziKrlA4b9v7LWIbxcceVOF34GfID5yHI9Y/QCB/IIDEgEw+OyQm\njgSubJrIqg0CAwEAAaOCATEwggEtMA8GA1UdEwEB/wQFMAMBAf8wDgYDVR0PAQH/\nBAQDAgGGMB0GA1UdDgQWBBSEGMyFNOy8DJSULghZnMeyEE4KCDAfBgNVHSMEGDAW\ngBScXwDfqgHXMCs4iKK4bUqc8hGRgzB4BggrBgEFBQcBAQRsMGowLgYIKwYBBQUH\nMAGGImh0dHA6Ly9vY3NwLnJvb3RnMi5hbWF6b250cnVzdC5jb20wOAYIKwYBBQUH\nMAKGLGh0dHA6Ly9jcnQucm9vdGcyLmFtYXpvbnRydXN0LmNvbS9yb290ZzIuY2Vy\nMD0GA1UdHwQ2MDQwMqAwoC6GLGh0dHA6Ly9jcmwucm9vdGcyLmFtYXpvbnRydXN0\nLmNvbS9yb290ZzIuY3JsMBEGA1UdIAQKMAgwBgYEVR0gADANBgkqhkiG9w0BAQsF\nAAOCAQEAYjdCXLwQtT6LLOkMm2xF4gcAevnFWAu5CIw+7bMlPLVvUOTNNWqnkzSW\nMiGpSESrnO09tKpzbeR/FoCJbM8oAxiDR3mjEH4wW6w7sGDgd9QIpuEdfF7Au/ma\neyKdpwAJfqxGF4PcnCZXmTA5YpaP7dreqsXMGz7KQ2hsVxa81Q4gLv7/wmpdLqBK\nbRRYh5TmOTFffHPLkIhqhBGWJ6bt2YFGpn6jcgAKUj6DiAdjd4lpFw85hdKrCEVN\n0FE6/V1dN2RMfjCyVSRCnTawXZwXgWHxyvkQAiSr6w10kY17RSlQOYiypok1JR4U\nakcjMS9cmvqtmg5iUaQqqcT5NJ0hGA==\n-----END CERTIFICATE-----\n",
                "is_ca": true,
                "issuer": "CN=Starfield Services Root Certificate Authority - G2,O=Starfield Technologies\\, Inc.,L=Scottsdale,ST=Arizona,C=US",
                "not_after": "2037-12-31T01:00:00Z",
                "not_before": "2015-05-25T12:00:00Z",
                "public_key_algorithm": "RSA",
                "serial_number": "144918191876577076464031512351042010504348870",
                "sha1_fingerprint": "06b25927c42a721631c1efd9431e648fa62e1e39",
                "signature_algorithm": "SHA256-RSA",
                "subject": "CN=Amazon Root CA 1,O=Amazon,C=US",
                "version": 3
              },
              {
                "cert_pem": "-----BEGIN CERTIFICATE-----\nMIIEXjCCA0agAwIBAgITB3MSOAudZoijOx7Zv5zNpo4ODzANBgkqhkiG9w0BAQsF\nADA5MQswCQYDVQQGEwJVUzEPMA0GA1UEChMGQW1hem9uMRkwFwYDVQQDExBBbWF6\nb24gUm9vdCBDQSAxMB4XDTIyMDgyMzIyMjEyOFoXDTMwMDgyMzIyMjEyOFowPDEL\nMAkGA1UEBhMCVVMxDzANBgNVBAoTBkFtYXpvbjEcMBoGA1UEAxMTQW1hem9uIFJT\nQSAyMDQ4IE0wMTCCASIwDQYJKoZIhvcNAQEBBQADggEPADCCAQoCggEBAOtxLKnL\nH4gokjIwr4pXD3i3NyWVVYesZ1yX0yLI2qIUZ2t88Gfa4gMqs1YSXca1R/lnCKeT\nepWSGA+0+fkQNpp/L4C2T7oTTsddUx7g3ZYzByDTlrwS5HRQQqEFE3O1T5tEJP4t\nf+28IoXsNiEzl3UGzicYgtzj2cWCB41eJgEmJmcf2T8TzzK6a614ZPyq/w4CPAff\nnAV4coz96nW3AyiE2uhuB4zQUIXvgVSycW7sbWLvj5TDXunEpNCRwC4kkZjK7rol\njtT2cbb7W2s4Bkg3R42G3PLqBvt2N32e/0JOTViCk8/iccJ4sXqrS1uUN4iB5Nmv\nJK74csVl+0u0UecCAwEAAaOCAVowggFWMBIGA1UdEwEB/wQIMAYBAf8CAQAwDgYD\nVR0PAQH/BAQDAgGGMB0GA1UdJQQWMBQGCCsGAQUFBwMBBggrBgEFBQcDAjAdBgNV\nHQ4EFgQUgbgOY4qJEhjl+js7UJWf5uWQE4UwHwYDVR0jBBgwFoAUhBjMhTTsvAyU\nlC4IWZzHshBOCggwewYIKwYBBQUHAQEEbzBtMC8GCCsGAQUFBzABhiNodHRwOi8v\nb2NzcC5yb290Y2ExLmFtYXpvbnRydXN0LmNvbTA6BggrBgEFBQcwAoYuaHR0cDov\nL2NydC5yb290Y2ExLmFtYXpvbnRydXN0LmNvbS9yb290Y2ExLmNlcjA/BgNVHR8E\nODA2MDSgMqAwhi5odHRwOi8vY3JsLnJvb3RjYTEuYW1hem9udHJ1c3QuY29tL3Jv\nb3RjYTEuY3JsMBMGA1UdIAQMMAowCAYGZ4EMAQIBMA0GCSqGSIb3DQEBCwUAA4IB\nAQCtAN4CBSMuBjJitGuxlBbkEUDeK/pZwTXv4KqPK0G50fOHOQAd8j21p0cMBgbG\nkfMHVwLU7b0XwZCav0h1ogdPMN1KakK1DT0VwA/+hFvGPJnMV1Kx2G4S1ZaSk0uU\n5QfoiYIIano01J5k4T2HapKQmmOhS/iPtuo00wW+IMLeBuKMn3OLn005hcrOGTad\nhcmeyfhQP7Z+iKHvyoQGi1C0ClymHETx/chhQGDyYSWqB/THwnN15AwLQo0E5V9E\nSJlbe4mBlqeInUsNYugExNf+tOiybcrswBy8OFsd34XOW3rjSUtsuafd9AWySa3h\nxRRrwszrzX/WWGm6wyB+f7C4\n-----END CERTIFICATE-----\n",
                "is_ca": true,
                "issuer": "CN=Amazon Root CA 1,O=Amazon,C=US",
                "not_after": "2030-08-23T22:21:28Z",
                "not_before": "2022-08-23T22:21:28Z",
                "public_key_algorithm": "RSA",
                "serial_number": "166129328851546858514271303855646110030630415",
                "sha1_fingerprint": "2ad974a775f73cbdbbd8f5ac3a49255fa8fb1f8c",
                "signature_algorithm": "SHA256-RSA",
                "subject": "CN=Amazon RSA 2048 M01,O=Amazon,C=US",
                "version": 3
              },
              {
                "cert_pem": "-----BEGIN CERTIFICATE-----\nMIIF3DCCBMSgAwIBAgIQB14f0Z6brALSpKigLOiS6jANBgkqhkiG9w0BAQsFADA8\nMQswCQYDVQQGEwJVUzEPMA0GA1UEChMGQW1hem9uMRwwGgYDVQQDExNBbWF6b24g\nUlNBIDIwNDggTTAxMB4XDTI1MTAwNjAwMDAwMFoXDTI2MDMyNzIzNTk1OVowKDEm\nMCQGA1UEAwwdKi5la3MudXMtZWFzdC0xLmFtYXpvbmF3cy5jb20wggEiMA0GCSqG\nSIb3DQEBAQUAA4IBDwAwggEKAoIBAQCwz97XCUOv8dM3smhrqq7RglkPLC/3B/Zy\nP4Zekfo/B/a2vNQ4F7HlvwH6S7ziPSuN2I0/py6CBULTg+ffrINzuSb3rwcQNzXd\nTct/JG/36hEejxCcPcP1ok+V2j3GHCt3tIdh80c2Ug2dSj5jIEhi3AwXPdXanHz6\nvyLi5Tst9sdZi0NXQwoY49PIpQEcxp70LVr5+OyMIGRt2/WaUJblHbDjjuj6IHEA\nICm6zd8Bimr1c+YzVAMXP2sw0sbX7yd0bgItKD7dUM/qokhJwGo3jHupXyh/K89/\nqnl4TF/yAzBq8r3Ipfxj6CIvPFfm0xTq8CRDNiYeekpeWYf041CBAgMBAAGjggLs\nMIIC6DAfBgNVHSMEGDAWgBSBuA5jiokSGOX6OztQlZ/m5ZAThTAdBgNVHQ4EFgQU\nV3222qV/dAUJo/pYeDTe95DKaQYwKAYDVR0RBCEwH4IdKi5la3MudXMtZWFzdC0x\nLmFtYXpvbmF3cy5jb20wEwYDVR0gBAwwCjAIBgZngQwBAgEwDgYDVR0PAQH/BAQD\nAgWgMBMGA1UdJQQMMAoGCCsGAQUFBwMBMDsGA1UdHwQ0MDIwMKAuoCyGKmh0dHA6\nLy9jcmwucjJtMDEuYW1hem9udHJ1c3QuY29tL3IybTAxLmNybDB1BggrBgEFBQcB\nAQRpMGcwLQYIKwYBBQUHMAGGIWh0dHA6Ly9vY3NwLnIybTAxLmFtYXpvbnRydXN0\nLmNvbTA2BggrBgEFBQcwAoYqaHR0cDovL2NydC5yMm0wMS5hbWF6b250cnVzdC5j\nb20vcjJtMDEuY2VyMAwGA1UdEwEB/wQCMAAwggF+BgorBgEEAdZ5AgQCBIIBbgSC\nAWoBaAB2AA5XlLzzrqk+MxssmQez95Dfm8I9cTIl3SGpJaxhxU4hAAABmbs7sv8A\nAAQDAEcwRQIhAL86q0K2FzUXW6WfqeuY+r+iIajJXNNyY3arS6evrfOeAiBElus1\n/3b0kY/e8L5gErtac/IHEufuNudmXd5vLiCDCAB2AGQRxGykEuyniRyiAi4AvKtP\nKAfUHjUnq+r+1QPJfc3wAAABmbs7sz8AAAQDAEcwRQIgG2ep4FQnhdrmTs0rUp6x\nr1pEIJ72DblPnqw3jFm8MGkCIQCuuEOvK3TMnnjVRALy8roN65umJw0IC8PiwLn1\ni9phfQB2AEmcm2neHXzs/DbezYdkprhbrwqHgBnRVVL76esp3fjDAAABmbs7s0sA\nAAQDAEcwRQIgKGFGo+2dXRe9CruBH/vrUjcLyxdkvTR9dNWsgDFWR5wCIQDTYce6\nL0yv1LRQvElypbWRRBD7jQHBqBvjldIjtfJ6yTANBgkqhkiG9w0BAQsFAAOCAQEA\ndomdsxTvmYQMT+HYareaMRBmrWGcfi3NRcTaoRTLMjDECu7HlJN6uqVEtqUyJ2Wt\nu4QMAcEEB8sfxG8oDlFNrl+zp0YpuxcyoBN5xsK7luLMDWTr9/3ypqd4mZWTRD7J\npE3yi8uYm5Jh4r+AtQ8pOcEVCZwvftmbbdVitFjrS4lf3KUiJDQdsp3KXfiHloy4\nb2JzrmW2u+IEhUrD4G4qC72QzmmqFnvjRJFGvzjmMNOZiK9G1hw8+hkg9qG9hDll\nAeVBncO+rSB1ZZv3E8UtOfd42CVuizIkC4iZgTOAtahPov2hYVzwU6CHq+67c7LD\n8GuVFisgUWRBu0QW++R6bA==\n-----END CERTIFICATE-----\n",
                "is_ca": false,
                "issuer": "CN=Amazon RSA 2048 M01,O=Amazon,C=US",
                "not_after": "2026-03-27T23:59:59Z",
                "not_before": "2025-10-06T00:00:00Z",
                "public_key_algorithm": "RSA",
                "serial_number": "9793317237667190943357987649422398186",
                "sha1_fingerprint": "d7d10ac1fd7e87f1a3787a9a8be9b0f8538ec059",
                "signature_algorithm": "SHA256-RSA",
                "subject": "CN=*.eks.us-east-1.amazonaws.com",
                "version": 3
              }
            ],
            "content": null,
            "id": "0c37bb608751c2a14704338d4b14c14e6dbe88ac",
            "url": "https://oidc.eks.us-east-1.amazonaws.com/id/89A3234E384B07878DD01B8CC3F40C07",
            "verify_chain": true
          },
          "sensitive_attributes": []
        }
      ]
    },
    {
      "mode": "managed",
      "type": "aws_cloudwatch_event_rule",
      "name": "karpenter_instance_state_change",
      "provider": "provider[\"registry.terraform.io/hashicorp/aws\"]",
      "instances": [
        {
          "schema_version": 1,
          "attributes": {
            "arn": "arn:aws:events:us-east-1:342597974367:rule/karpenter-instance-state-change-synth101912832",
            "description": "Karpenter instance state change",
            "event_bus_name": "default",
            "event_pattern": "{\"detail-type\":[\"EC2 Instance State-change Notification\"],\"source\":[\"aws.ec2\"]}",
            "force_destroy": false,
            "id": "karpenter-instance-state-change-synth101912832",
            "is_enabled": true,
            "name": "karpenter-instance-state-change-synth101912832",
            "name_prefix": "",
            "region": "us-east-1",
            "role_arn": "",
            "schedule_expression": "",
            "state": "ENABLED",
            "tags": {
              "Environment": "synth101912832",
              "ManagedBy": "terraform",
              "Name": "karpenter-instance-state-change-synth101912832",
              "TaskID": "101912832"
            },
            "tags_all": {
              "Author": "unknown",
              "Environment": "synth101912832",
              "ManagedBy": "terraform",
              "Name": "karpenter-instance-state-change-synth101912832",
              "PRNumber": "unknown",
              "Repository": "unknown",
              "TaskID": "101912832",
              "Team": "unknown"
            }
          },
          "sensitive_attributes": [],
          "private": "eyJzY2hlbWFfdmVyc2lvbiI6IjEifQ=="
        }
      ]
    },
    {
      "mode": "managed",
      "type": "aws_cloudwatch_event_rule",
      "name": "karpenter_spot_interruption",
      "provider": "provider[\"registry.terraform.io/hashicorp/aws\"]",
      "instances": [
        {
          "schema_version": 1,
          "attributes": {
            "arn": "arn:aws:events:us-east-1:342597974367:rule/karpenter-spot-interruption-synth101912832",
            "description": "Karpenter spot instance interruption warning",
            "event_bus_name": "default",
            "event_pattern": "{\"detail-type\":[\"EC2 Spot Instance Interruption Warning\"],\"source\":[\"aws.ec2\"]}",
            "force_destroy": false,
            "id": "karpenter-spot-interruption-synth101912832",
            "is_enabled": true,
            "name": "karpenter-spot-interruption-synth101912832",
            "name_prefix": "",
            "region": "us-east-1",
            "role_arn": "",
            "schedule_expression": "",
            "state": "ENABLED",
            "tags": {
              "Environment": "synth101912832",
              "ManagedBy": "terraform",
              "Name": "karpenter-spot-interruption-synth101912832",
              "TaskID": "101912832"
            },
            "tags_all": {
              "Author": "unknown",
              "Environment": "synth101912832",
              "ManagedBy": "terraform",
              "Name": "karpenter-spot-interruption-synth101912832",
              "PRNumber": "unknown",
              "Repository": "unknown",
              "TaskID": "101912832",
              "Team": "unknown"
            }
          },
          "sensitive_attributes": [],
          "private": "eyJzY2hlbWFfdmVyc2lvbiI6IjEifQ=="
        }
      ]
    },
    {
      "mode": "managed",
      "type": "aws_cloudwatch_event_target",
      "name": "karpenter_instance_state_change",
      "provider": "provider[\"registry.terraform.io/hashicorp/aws\"]",
      "instances": [
        {
          "schema_version": 1,
          "attributes": {
            "appsync_target": [],
            "arn": "arn:aws:sqs:us-east-1:342597974367:karpenter-synth101912832",
            "batch_target": [],
            "dead_letter_config": [],
            "ecs_target": [],
            "event_bus_name": "default",
            "force_destroy": false,
            "http_target": [],
            "id": "karpenter-instance-state-change-synth101912832-KarpenterInstanceStateChangeQueue",
            "input": "",
            "input_path": "",
            "input_transformer": [],
            "kinesis_target": [],
            "redshift_target": [],
            "region": "us-east-1",
            "retry_policy": [],
            "role_arn": "",
            "rule": "karpenter-instance-state-change-synth101912832",
            "run_command_targets": [],
            "sagemaker_pipeline_target": [],
            "sqs_target": [],
            "target_id": "KarpenterInstanceStateChangeQueue"
          },
          "sensitive_attributes": [],
          "private": "eyJzY2hlbWFfdmVyc2lvbiI6IjEifQ==",
          "dependencies": [
            "aws_cloudwatch_event_rule.karpenter_instance_state_change",
            "aws_sqs_queue.karpenter"
          ]
        }
      ]
    },
    {
      "mode": "managed",
      "type": "aws_cloudwatch_event_target",
      "name": "karpenter_spot_interruption",
      "provider": "provider[\"registry.terraform.io/hashicorp/aws\"]",
      "instances": [
        {
          "schema_version": 1,
          "attributes": {
            "appsync_target": [],
            "arn": "arn:aws:sqs:us-east-1:342597974367:karpenter-synth101912832",
            "batch_target": [],
            "dead_letter_config": [],
            "ecs_target": [],
            "event_bus_name": "default",
            "force_destroy": false,
            "http_target": [],
            "id": "karpenter-spot-interruption-synth101912832-KarpenterSpotInterruptionQueue",
            "input": "",
            "input_path": "",
            "input_transformer": [],
            "kinesis_target": [],
            "redshift_target": [],
            "region": "us-east-1",
            "retry_policy": [],
            "role_arn": "",
            "rule": "karpenter-spot-interruption-synth101912832",
            "run_command_targets": [],
            "sagemaker_pipeline_target": [],
            "sqs_target": [],
            "target_id": "KarpenterSpotInterruptionQueue"
          },
          "sensitive_attributes": [],
          "private": "eyJzY2hlbWFfdmVyc2lvbiI6IjEifQ==",
          "dependencies": [
            "aws_cloudwatch_event_rule.karpenter_spot_interruption",
            "aws_sqs_queue.karpenter"
          ]
        }
      ]
    },
    {
      "mode": "managed",
      "type": "aws_eks_addon",
      "name": "kube_proxy",
      "provider": "provider[\"registry.terraform.io/hashicorp/aws\"]",
      "instances": [
        {
          "schema_version": 0,
          "attributes": {
            "addon_name": "kube-proxy",
            "addon_version": "v1.29.0-eksbuild.1",
            "arn": "arn:aws:eks:us-east-1:342597974367:addon/eks-cluster-synth101912832/kube-proxy/cacd6411-4d9f-9560-a5dd-1ede161dcc26",
            "cluster_name": "eks-cluster-synth101912832",
            "configuration_values": "",
            "created_at": "2025-11-28T01:45:02Z",
            "id": "eks-cluster-synth101912832:kube-proxy",
            "modified_at": "2025-11-28T01:45:19Z",
            "pod_identity_association": [],
            "preserve": null,
            "region": "us-east-1",
            "resolve_conflicts_on_create": null,
            "resolve_conflicts_on_update": "OVERWRITE",
            "service_account_role_arn": "",
            "tags": {
              "Environment": "synth101912832",
              "ManagedBy": "terraform",
              "Name": "eks-kube-proxy-addon-synth101912832",
              "TaskID": "101912832"
            },
            "tags_all": {
              "Author": "unknown",
              "Environment": "synth101912832",
              "ManagedBy": "terraform",
              "Name": "eks-kube-proxy-addon-synth101912832",
              "PRNumber": "unknown",
              "Repository": "unknown",
              "TaskID": "101912832",
              "Team": "unknown"
            },
            "timeouts": null
          },
          "sensitive_attributes": [],
          "private": "eyJlMmJmYjczMC1lY2FhLTExZTYtOGY4OC0zNDM2M2JjN2M0YzAiOnsiY3JlYXRlIjoxMjAwMDAwMDAwMDAwLCJkZWxldGUiOjI0MDAwMDAwMDAwMDAsInVwZGF0ZSI6MTIwMDAwMDAwMDAwMH19",
          "dependencies": [
            "aws_eks_cluster.main",
            "aws_iam_role.eks_cluster",
            "aws_iam_role_policy_attachment.eks_cluster_policy",
            "aws_iam_role_policy_attachment.eks_vpc_resource_controller",
            "aws_security_group.eks_cluster",
            "aws_subnet.private",
            "aws_subnet.public",
            "aws_vpc.main",
            "data.aws_availability_zones.available"
          ]
        }
      ]
    },
    {
      "mode": "managed",
      "type": "aws_eks_addon",
      "name": "vpc_cni",
      "provider": "provider[\"registry.terraform.io/hashicorp/aws\"]",
      "instances": [
        {
          "schema_version": 0,
          "attributes": {
            "addon_name": "vpc-cni",
            "addon_version": "v1.16.0-eksbuild.1",
            "arn": "arn:aws:eks:us-east-1:342597974367:addon/eks-cluster-synth101912832/vpc-cni/c4cd6411-4da0-945c-637f-2439a5bd6f6c",
            "cluster_name": "eks-cluster-synth101912832",
            "configuration_values": "{\"enableNetworkPolicy\":\"true\"}",
            "created_at": "2025-11-28T01:45:02Z",
            "id": "eks-cluster-synth101912832:vpc-cni",
            "modified_at": "2025-11-28T01:45:20Z",
            "pod_identity_association": [],
            "preserve": null,
            "region": "us-east-1",
            "resolve_conflicts_on_create": null,
            "resolve_conflicts_on_update": "OVERWRITE",
            "service_account_role_arn": "",
            "tags": {
              "Environment": "synth101912832",
              "ManagedBy": "terraform",
              "Name": "eks-vpc-cni-addon-synth101912832",
              "TaskID": "101912832"
            },
            "tags_all": {
              "Author": "unknown",
              "Environment": "synth101912832",
              "ManagedBy": "terraform",
              "Name": "eks-vpc-cni-addon-synth101912832",
              "PRNumber": "unknown",
              "Repository": "unknown",
              "TaskID": "101912832",
              "Team": "unknown"
            },
            "timeouts": null
          },
          "sensitive_attributes": [],
          "private": "eyJlMmJmYjczMC1lY2FhLTExZTYtOGY4OC0zNDM2M2JjN2M0YzAiOnsiY3JlYXRlIjoxMjAwMDAwMDAwMDAwLCJkZWxldGUiOjI0MDAwMDAwMDAwMDAsInVwZGF0ZSI6MTIwMDAwMDAwMDAwMH19",
          "dependencies": [
            "aws_eks_cluster.main",
            "aws_iam_role.eks_cluster",
            "aws_iam_role_policy_attachment.eks_cluster_policy",
            "aws_iam_role_policy_attachment.eks_vpc_resource_controller",
            "aws_security_group.eks_cluster",
            "aws_subnet.private",
            "aws_subnet.public",
            "aws_vpc.main",
            "data.aws_availability_zones.available"
          ]
        }
      ]
    },
    {
      "mode": "managed",
      "type": "aws_eks_cluster",
      "name": "main",
      "provider": "provider[\"registry.terraform.io/hashicorp/aws\"]",
      "instances": [
        {
          "schema_version": 1,
          "attributes": {
            "access_config": [
              {
                "authentication_mode": "CONFIG_MAP",
                "bootstrap_cluster_creator_admin_permissions": true
              }
            ],
            "arn": "arn:aws:eks:us-east-1:342597974367:cluster/eks-cluster-synth101912832",
            "bootstrap_self_managed_addons": true,
            "certificate_authority": [
              {
                "data": "LS0tLS1CRUdJTiBDRVJUSUZJQ0FURS0tLS0tCk1JSURCVENDQWUyZ0F3SUJBZ0lJSllPc0laRFVkaXN3RFFZSktvWklodmNOQVFFTEJRQXdGVEVUTUJFR0ExVUUKQXhNS2EzVmlaWEp1WlhSbGN6QWVGdzB5TlRFeE1qZ3dNVE0yTVRKYUZ3MHpOVEV4TWpZd01UUXhNVEphTUJVeApFekFSQmdOVkJBTVRDbXQxWW1WeWJtVjBaWE13Z2dFaU1BMEdDU3FHU0liM0RRRUJBUVVBQTRJQkR3QXdnZ0VLCkFvSUJBUUN0UW1ieERhQzExMk9CM0NnOEhScE1ZKzk2TlprZnFwU2FmaW1EYmhNNUdOTk8vd2lpR2pFK1dDaHoKZDhFalM5UUtYOWFMbDY5c3pGNHFHQnFnckxodWNmOWRBL3ZydHFySXVEUCs3V0l1NFpOZ0luM1pERFJZbDF4RgpEZHZvaWtOVXFhZDJyRnZUaDJseFdtZGNWUEc0cEFSSWVBMmt0S2loUjlaaEozbkt1akFSYUxvOHBpaHA5QWlKCm9tSjRQV2pwQ012ZmJjVUlDdFI0YzhYdkhBMVdUWE93dmhzTS9ORURjUkIyUHMwc0VOU29mVElualFxWWY3QnIKWVRzV0M1STNzY1doN3IyeHRnS21Ib1JsbEtLZlg3Z3lYMkgxWXNQN2hUWWVNNjhXYWlsVnU3YVUyb0VBdnJzYgpxcE5xMHZjRnVWdStMQzJQRGdmLzZydm5HYjFEQWdNQkFBR2pXVEJYTUE0R0ExVWREd0VCL3dRRUF3SUNwREFQCkJnTlZIUk1CQWY4RUJUQURBUUgvTUIwR0ExVWREZ1FXQkJUbE85VnhvYWFPMXJWbEhmVWUwMUVhcjVoLzNUQVYKQmdOVkhSRUVEakFNZ2dwcmRXSmxjbTVsZEdWek1BMEdDU3FHU0liM0RRRUJDd1VBQTRJQkFRQnAzUVpCUGhmTQpMRDVIclNadGNpN05nalJmY21pZnBsU2hhUWZkSnpzeE05VUVaQ3dIdHFoNmtUMi9MS1cwaWVqUnpuUVY5eTRXClliTjRnTHlMRkdSNUoyczRVdk5ZanJCWVQrMVdVZUJEd0N6Y2JTYmhmWHpYY25HTTFyZkVxSGJOaFp4ZWdyakQKUE5nc1FtMmJHaUZBL0tSYmQzeFhhMTQzZ1RkaUp3K0dhWkxzYWlSMW9pSHVEYzk3T0xna0NRRzk4Z01MejlkcQorZlZEaDJXMGUxaXUvc2ZEbHgxbnZvYmFGNFZXMVJXcmVzYTQxTnptK2dEMVBFdjdPR2NjZmF6YUdTTWg1TTlzCk02Q0gzQU00U0FhQ3cyZXRITEVMNzY5TkNjaDhBQWJJMndNOTU3NVEzYVRiRDl5TWdGRE84bUpJVEdNR0dHNkkKbHZsNGRPQlcrZ2tFCi0tLS0tRU5EIENFUlRJRklDQVRFLS0tLS0K"
              }
            ],
            "cluster_id": null,
            "compute_config": [
              {
                "enabled": false,
                "node_pools": [],
                "node_role_arn": ""
              }
            ],
            "control_plane_scaling_config": [
              {
                "tier": "standard"
              }
            ],
            "created_at": "2025-11-28T01:35:11Z",
            "deletion_protection": false,
            "enabled_cluster_log_types": [
              "audit",
              "authenticator",
              "controllerManager"
            ],
            "encryption_config": [],
            "endpoint": "https://89A3234E384B07878DD01B8CC3F40C07.sk1.us-east-1.eks.amazonaws.com",
            "force_update_version": null,
            "id": "eks-cluster-synth101912832",
            "identity": [
              {
                "oidc": [
                  {
                    "issuer": "https://oidc.eks.us-east-1.amazonaws.com/id/89A3234E384B07878DD01B8CC3F40C07"
                  }
                ]
              }
            ],
            "kubernetes_network_config": [
              {
                "elastic_load_balancing": [
                  {
                    "enabled": false
                  }
                ],
                "ip_family": "ipv4",
                "service_ipv4_cidr": "172.20.0.0/16",
                "service_ipv6_cidr": ""
              }
            ],
            "name": "eks-cluster-synth101912832",
            "outpost_config": [],
            "platform_version": "eks.57",
            "region": "us-east-1",
            "remote_network_config": [],
            "role_arn": "arn:aws:iam::342597974367:role/eks-cluster-role-synth101912832-20251128013428158000000001",
            "status": "ACTIVE",
            "storage_config": [
              {
                "block_storage": [
                  {
                    "enabled": false
                  }
                ]
              }
            ],
            "tags": {
              "Environment": "synth101912832",
              "ManagedBy": "terraform",
              "Name": "eks-cluster-synth101912832",
              "TaskID": "101912832"
            },
            "tags_all": {
              "Author": "unknown",
              "Environment": "synth101912832",
              "ManagedBy": "terraform",
              "Name": "eks-cluster-synth101912832",
              "PRNumber": "unknown",
              "Repository": "unknown",
              "TaskID": "101912832",
              "Team": "unknown"
            },
            "timeouts": null,
            "upgrade_policy": [
              {
                "support_type": "EXTENDED"
              }
            ],
            "version": "1.29",
            "vpc_config": [
              {
                "cluster_security_group_id": "sg-022c21a5be2bbccf6",
                "endpoint_private_access": true,
                "endpoint_public_access": true,
                "public_access_cidrs": [
                  "0.0.0.0/0"
                ],
                "security_group_ids": [
                  "sg-0c259e56580b6d55c"
                ],
                "subnet_ids": [
                  "subnet-0012c0703a277de86",
                  "subnet-02cc9fd0d94894f57",
                  "subnet-098d23a0b21e54d59",
                  "subnet-0dac6daa63a87d66e",
                  "subnet-0f1cfb7e58449f573",
                  "subnet-0f2635b3a19ee88ea"
                ],
                "vpc_id": "vpc-03b2a9cb0f3505b85"
              }
            ],
            "zonal_shift_config": []
          },
          "sensitive_attributes": [],
          "private": "eyJlMmJmYjczMC1lY2FhLTExZTYtOGY4OC0zNDM2M2JjN2M0YzAiOnsiY3JlYXRlIjoxODAwMDAwMDAwMDAwLCJkZWxldGUiOjkwMDAwMDAwMDAwMCwidXBkYXRlIjozNjAwMDAwMDAwMDAwfSwic2NoZW1hX3ZlcnNpb24iOiIxIn0=",
          "dependencies": [
            "aws_iam_role.eks_cluster",
            "aws_iam_role_policy_attachment.eks_cluster_policy",
            "aws_iam_role_policy_attachment.eks_vpc_resource_controller",
            "aws_security_group.eks_cluster",
            "aws_subnet.private",
            "aws_subnet.public",
            "aws_vpc.main",
            "data.aws_availability_zones.available"
          ]
        }
      ]
    },
    {
      "mode": "managed",
      "type": "aws_iam_instance_profile",
      "name": "karpenter_node",
      "provider": "provider[\"registry.terraform.io/hashicorp/aws\"]",
      "instances": [
        {
          "schema_version": 0,
          "attributes": {
            "arn": "arn:aws:iam::342597974367:instance-profile/karpenter-node-synth101912832-20251128013430543600000004",
            "create_date": "2025-11-28T01:34:41Z",
            "id": "karpenter-node-synth101912832-20251128013430543600000004",
            "name": "karpenter-node-synth101912832-20251128013430543600000004",
            "name_prefix": "karpenter-node-synth101912832-",
            "path": "/",
            "role": "eks-node-group-role-synth101912832-20251128013428163000000003",
            "tags": {
              "Environment": "synth101912832",
              "ManagedBy": "terraform",
              "Name": "karpenter-node-instance-profile-synth101912832",
              "TaskID": "101912832"
            },
            "tags_all": {
              "Author": "unknown",
              "Environment": "synth101912832",
              "ManagedBy": "terraform",
              "Name": "karpenter-node-instance-profile-synth101912832",
              "PRNumber": "unknown",
              "Repository": "unknown",
              "TaskID": "101912832",
              "Team": "unknown"
            },
            "unique_id": "AIPAU7RDOHFPZLVF2O7MC"
          },
          "sensitive_attributes": [],
          "private": "bnVsbA==",
          "dependencies": [
            "aws_iam_role.eks_node_group"
          ]
        }
      ]
    },
    {
      "mode": "managed",
      "type": "aws_iam_openid_connect_provider",
      "name": "eks",
      "provider": "provider[\"registry.terraform.io/hashicorp/aws\"]",
      "instances": [
        {
          "schema_version": 0,
          "attributes": {
            "arn": "arn:aws:iam::342597974367:oidc-provider/oidc.eks.us-east-1.amazonaws.com/id/89A3234E384B07878DD01B8CC3F40C07",
            "client_id_list": [
              "sts.amazonaws.com"
            ],
            "id": "arn:aws:iam::342597974367:oidc-provider/oidc.eks.us-east-1.amazonaws.com/id/89A3234E384B07878DD01B8CC3F40C07",
            "tags": {
              "Environment": "synth101912832",
              "ManagedBy": "terraform",
              "Name": "eks-oidc-provider-synth101912832",
              "TaskID": "101912832"
            },
            "tags_all": {
              "Author": "unknown",
              "Environment": "synth101912832",
              "ManagedBy": "terraform",
              "Name": "eks-oidc-provider-synth101912832",
              "PRNumber": "unknown",
              "Repository": "unknown",
              "TaskID": "101912832",
              "Team": "unknown"
            },
            "thumbprint_list": [
              "06b25927c42a721631c1efd9431e648fa62e1e39"
            ],
            "url": "oidc.eks.us-east-1.amazonaws.com/id/89A3234E384B07878DD01B8CC3F40C07"
          },
          "sensitive_attributes": [],
          "private": "bnVsbA==",
          "dependencies": [
            "aws_eks_cluster.main",
            "aws_iam_role.eks_cluster",
            "aws_iam_role_policy_attachment.eks_cluster_policy",
            "aws_iam_role_policy_attachment.eks_vpc_resource_controller",
            "aws_security_group.eks_cluster",
            "aws_subnet.private",
            "aws_subnet.public",
            "aws_vpc.main",
            "data.aws_availability_zones.available",
            "data.tls_certificate.eks"
          ]
        }
      ]
    },
    {
      "mode": "managed",
      "type": "aws_iam_policy",
      "name": "aws_load_balancer_controller",
      "provider": "provider[\"registry.terraform.io/hashicorp/aws\"]",
      "instances": [
        {
          "schema_version": 0,
          "attributes": {
            "arn": "arn:aws:iam::342597974367:policy/aws-lb-controller-policy-synth101912832-20251128013428162000000002",
            "attachment_count": 0,
            "description": "",
            "id": "arn:aws:iam::342597974367:policy/aws-lb-controller-policy-synth101912832-20251128013428162000000002",
            "name": "aws-lb-controller-policy-synth101912832-20251128013428162000000002",
            "name_prefix": "aws-lb-controller-policy-synth101912832-",
            "path": "/",
            "policy": "{\"Statement\":[{\"Action\":[\"iam:CreateServiceLinkedRole\"],\"Condition\":{\"StringEquals\":{\"iam:AWSServiceName\":\"elasticloadbalancing.amazonaws.com\"}},\"Effect\":\"Allow\",\"Resource\":\"*\"},{\"Action\":[\"ec2:DescribeAccountAttributes\",\"ec2:DescribeAddresses\",\"ec2:DescribeAvailabilityZones\",\"ec2:DescribeInternetGateways\",\"ec2:DescribeVpcs\",\"ec2:DescribeVpcPeeringConnections\",\"ec2:DescribeSubnets\",\"ec2:DescribeSecurityGroups\",\"ec2:DescribeInstances\",\"ec2:DescribeNetworkInterfaces\",\"ec2:DescribeTags\",\"ec2:GetCoipPoolUsage\",\"ec2:DescribeCoipPools\",\"elasticloadbalancing:DescribeLoadBalancers\",\"elasticloadbalancing:DescribeLoadBalancerAttributes\",\"elasticloadbalancing:DescribeListeners\",\"elasticloadbalancing:DescribeListenerCertificates\",\"elasticloadbalancing:DescribeSSLPolicies\",\"elasticloadbalancing:DescribeRules\",\"elasticloadbalancing:DescribeTargetGroups\",\"elasticloadbalancing:DescribeTargetGroupAttributes\",\"elasticloadbalancing:DescribeTargetHealth\",\"elasticloadbalancing:DescribeTags\"],\"Effect\":\"Allow\",\"Resource\":\"*\"},{\"Action\":[\"cognito-idp:DescribeUserPoolClient\",\"acm:ListCertificates\",\"acm:DescribeCertificate\",\"iam:ListServerCertificates\",\"iam:GetServerCertificate\",\"waf-regional:GetWebACL\",\"waf-regional:GetWebACLForResource\",\"waf-regional:AssociateWebACL\",\"waf-regional:DisassociateWebACL\",\"wafv2:GetWebACL\",\"wafv2:GetWebACLForResource\",\"wafv2:AssociateWebACL\",\"wafv2:DisassociateWebACL\",\"shield:GetSubscriptionState\",\"shield:DescribeProtection\",\"shield:CreateProtection\",\"shield:DeleteProtection\"],\"Effect\":\"Allow\",\"Resource\":\"*\"},{\"Action\":[\"ec2:AuthorizeSecurityGroupIngress\",\"ec2:RevokeSecurityGroupIngress\"],\"Effect\":\"Allow\",\"Resource\":\"*\"},{\"Action\":[\"ec2:CreateSecurityGroup\"],\"Effect\":\"Allow\",\"Resource\":\"*\"},{\"Action\":[\"ec2:CreateTags\"],\"Condition\":{\"Null\":{\"aws:RequestTag/elbv2.k8s.aws/cluster\":\"false\"},\"StringEquals\":{\"ec2:CreateAction\":\"CreateSecurityGroup\"}},\"Effect\":\"Allow\",\"Resource\":\"arn:aws:ec2:*:*:security-group/*\"},{\"Action\":[\"ec2:CreateTags\",\"ec2:DeleteTags\"],\"Condition\":{\"Null\":{\"aws:RequestTag/elbv2.k8s.aws/cluster\":\"true\",\"aws:ResourceTag/elbv2.k8s.aws/cluster\":\"false\"}},\"Effect\":\"Allow\",\"Resource\":\"arn:aws:ec2:*:*:security-group/*\"},{\"Action\":[\"ec2:AuthorizeSecurityGroupIngress\",\"ec2:RevokeSecurityGroupIngress\",\"ec2:DeleteSecurityGroup\"],\"Condition\":{\"Null\":{\"aws:ResourceTag/elbv2.k8s.aws/cluster\":\"false\"}},\"Effect\":\"Allow\",\"Resource\":\"*\"},{\"Action\":[\"elasticloadbalancing:CreateLoadBalancer\",\"elasticloadbalancing:CreateTargetGroup\"],\"Condition\":{\"Null\":{\"aws:RequestTag/elbv2.k8s.aws/cluster\":\"false\"}},\"Effect\":\"Allow\",\"Resource\":\"*\"},{\"Action\":[\"elasticloadbalancing:CreateListener\",\"elasticloadbalancing:DeleteListener\",\"elasticloadbalancing:CreateRule\",\"elasticloadbalancing:DeleteRule\"],\"Effect\":\"Allow\",\"Resource\":\"*\"},{\"Action\":[\"elasticloadbalancing:AddTags\",\"elasticloadbalancing:RemoveTags\"],\"Condition\":{\"Null\":{\"aws:RequestTag/elbv2.k8s.aws/cluster\":\"true\",\"aws:ResourceTag/elbv2.k8s.aws/cluster\":\"false\"}},\"Effect\":\"Allow\",\"Resource\":[\"arn:aws:elasticloadbalancing:*:*:targetgroup/*/*\",\"arn:aws:elasticloadbalancing:*:*:loadbalancer/net/*/*\",\"arn:aws:elasticloadbalancing:*:*:loadbalancer/app/*/*\"]},{\"Action\":[\"elasticloadbalancing:AddTags\",\"elasticloadbalancing:RemoveTags\"],\"Effect\":\"Allow\",\"Resource\":[\"arn:aws:elasticloadbalancing:*:*:listener/net/*/*/*\",\"arn:aws:elasticloadbalancing:*:*:listener/app/*/*/*\",\"arn:aws:elasticloadbalancing:*:*:listener-rule/net/*/*/*\",\"arn:aws:elasticloadbalancing:*:*:listener-rule/app/*/*/*\"]},{\"Action\":[\"elasticloadbalancing:ModifyLoadBalancerAttributes\",\"elasticloadbalancing:SetIpAddressType\",\"elasticloadbalancing:SetSecurityGroups\",\"elasticloadbalancing:SetSubnets\",\"elasticloadbalancing:DeleteLoadBalancer\",\"elasticloadbalancing:ModifyTargetGroup\",\"elasticloadbalancing:ModifyTargetGroupAttributes\",\"elasticloadbalancing:DeleteTargetGroup\"],\"Condition\":{\"Null\":{\"aws:ResourceTag/elbv2.k8s.aws/cluster\":\"false\"}},\"Effect\":\"Allow\",\"Resource\":\"*\"},{\"Action\":[\"elasticloadbalancing:RegisterTargets\",\"elasticloadbalancing:DeregisterTargets\"],\"Effect\":\"Allow\",\"Resource\":\"arn:aws:elasticloadbalancing:*:*:targetgroup/*/*\"},{\"Action\":[\"elasticloadbalancing:SetWebAcl\",\"elasticloadbalancing:ModifyListener\",\"elasticloadbalancing:AddListenerCertificates\",\"elasticloadbalancing:RemoveListenerCertificates\",\"elasticloadbalancing:ModifyRule\"],\"Effect\":\"Allow\",\"Resource\":\"*\"}],\"Version\":\"2012-10-17\"}",
            "policy_id": "ANPAU7RDOHFP75M3K7Z2I",
            "tags": {
              "Environment": "synth101912832",
              "ManagedBy": "terraform",
              "Name": "aws-lb-controller-policy-synth101912832",
              "TaskID": "101912832"
            },
            "tags_all": {
              "Author": "unknown",
              "Environment": "synth101912832",
              "ManagedBy": "terraform",
              "Name": "aws-lb-controller-policy-synth101912832",
              "PRNumber": "unknown",
              "Repository": "unknown",
              "TaskID": "101912832",
              "Team": "unknown"
            }
          },
          "sensitive_attributes": [],
          "private": "bnVsbA=="
        }
      ]
    },
    {
      "mode": "managed",
      "type": "aws_iam_policy",
      "name": "karpenter",
      "provider": "provider[\"registry.terraform.io/hashicorp/aws\"]",
      "instances": [
        {
          "schema_version": 0,
          "attributes": {
            "arn": "arn:aws:iam::342597974367:policy/karpenter-policy-synth101912832-20251128014452379700000010",
            "attachment_count": 0,
            "description": "",
            "id": "arn:aws:iam::342597974367:policy/karpenter-policy-synth101912832-20251128014452379700000010",
            "name": "karpenter-policy-synth101912832-20251128014452379700000010",
            "name_prefix": "karpenter-policy-synth101912832-",
            "path": "/",
            "policy": "{\"Statement\":[{\"Action\":[\"ec2:CreateFleet\",\"ec2:CreateLaunchTemplate\",\"ec2:CreateTags\",\"ec2:DescribeAvailabilityZones\",\"ec2:DescribeImages\",\"ec2:DescribeInstances\",\"ec2:DescribeInstanceTypeOfferings\",\"ec2:DescribeInstanceTypes\",\"ec2:DescribeLaunchTemplates\",\"ec2:DescribeSecurityGroups\",\"ec2:DescribeSpotPriceHistory\",\"ec2:DescribeSubnets\",\"ec2:DeleteLaunchTemplate\",\"ec2:RunInstances\",\"ec2:TerminateInstances\"],\"Effect\":\"Allow\",\"Resource\":\"*\"},{\"Action\":[\"ssm:GetParameter\"],\"Effect\":\"Allow\",\"Resource\":\"arn:aws:ssm:*:*:parameter/aws/service/*\"},{\"Action\":[\"iam:PassRole\"],\"Effect\":\"Allow\",\"Resource\":\"arn:aws:iam::342597974367:role/eks-node-group-role-synth101912832-20251128013428163000000003\"},{\"Action\":[\"eks:DescribeCluster\"],\"Effect\":\"Allow\",\"Resource\":\"arn:aws:eks:us-east-1:342597974367:cluster/eks-cluster-synth101912832\"},{\"Action\":[\"pricing:GetProducts\"],\"Effect\":\"Allow\",\"Resource\":\"*\"}],\"Version\":\"2012-10-17\"}",
            "policy_id": "ANPAU7RDOHFP4JMXWA32B",
            "tags": {
              "Environment": "synth101912832",
              "ManagedBy": "terraform",
              "Name": "karpenter-policy-synth101912832",
              "TaskID": "101912832"
            },
            "tags_all": {
              "Author": "unknown",
              "Environment": "synth101912832",
              "ManagedBy": "terraform",
              "Name": "karpenter-policy-synth101912832",
              "PRNumber": "unknown",
              "Repository": "unknown",
              "TaskID": "101912832",
              "Team": "unknown"
            }
          },
          "sensitive_attributes": [],
          "private": "bnVsbA==",
          "dependencies": [
            "aws_eks_cluster.main",
            "aws_iam_role.eks_cluster",
            "aws_iam_role.eks_node_group",
            "aws_iam_role_policy_attachment.eks_cluster_policy",
            "aws_iam_role_policy_attachment.eks_vpc_resource_controller",
            "aws_security_group.eks_cluster",
            "aws_subnet.private",
            "aws_subnet.public",
            "aws_vpc.main",
            "data.aws_availability_zones.available"
          ]
        }
      ]
    },
    {
      "mode": "managed",
      "type": "aws_iam_role",
      "name": "aws_load_balancer_controller",
      "provider": "provider[\"registry.terraform.io/hashicorp/aws\"]",
      "instances": [
        {
          "schema_version": 0,
          "attributes": {
            "arn": "arn:aws:iam::342597974367:role/aws-lb-controller-synth101912832-20251128014454490500000014",
            "assume_role_policy": "{\"Statement\":[{\"Action\":\"sts:AssumeRoleWithWebIdentity\",\"Condition\":{\"StringEquals\":{\"oidc.eks.us-east-1.amazonaws.com/id/89A3234E384B07878DD01B8CC3F40C07:aud\":\"sts.amazonaws.com\",\"oidc.eks.us-east-1.amazonaws.com/id/89A3234E384B07878DD01B8CC3F40C07:sub\":\"system:serviceaccount:kube-system:aws-load-balancer-controller\"}},\"Effect\":\"Allow\",\"Principal\":{\"Federated\":\"arn:aws:iam::342597974367:oidc-provider/oidc.eks.us-east-1.amazonaws.com/id/89A3234E384B07878DD01B8CC3F40C07\"}}],\"Version\":\"2012-10-17\"}",
            "create_date": "2025-11-28T01:45:04Z",
            "description": "",
            "force_detach_policies": false,
            "id": "aws-lb-controller-synth101912832-20251128014454490500000014",
            "inline_policy": [],
            "managed_policy_arns": [],
            "max_session_duration": 3600,
            "name": "aws-lb-controller-synth101912832-20251128014454490500000014",
            "name_prefix": "aws-lb-controller-synth101912832-",
            "path": "/",
            "permissions_boundary": "",
            "tags": {
              "Environment": "synth101912832",
              "ManagedBy": "terraform",
              "Name": "aws-lb-controller-role-synth101912832",
              "TaskID": "101912832"
            },
            "tags_all": {
              "Author": "unknown",
              "Environment": "synth101912832",
              "ManagedBy": "terraform",
              "Name": "aws-lb-controller-role-synth101912832",
              "PRNumber": "unknown",
              "Repository": "unknown",
              "TaskID": "101912832",
              "Team": "unknown"
            },
            "unique_id": "AROAU7RDOHFPQ4TJVVR7N"
          },
          "sensitive_attributes": [],
          "private": "bnVsbA==",
          "dependencies": [
            "aws_eks_cluster.main",
            "aws_iam_openid_connect_provider.eks",
            "aws_iam_role.eks_cluster",
            "aws_iam_role_policy_attachment.eks_cluster_policy",
            "aws_iam_role_policy_attachment.eks_vpc_resource_controller",
            "aws_security_group.eks_cluster",
            "aws_subnet.private",
            "aws_subnet.public",
            "aws_vpc.main",
            "data.aws_availability_zones.available",
            "data.aws_iam_policy_document.aws_load_balancer_controller_assume_role",
            "data.tls_certificate.eks"
          ]
        }
      ]
    },
    {
      "mode": "managed",
      "type": "aws_iam_role",
      "name": "eks_cluster",
      "provider": "provider[\"registry.terraform.io/hashicorp/aws\"]",
      "instances": [
        {
          "schema_version": 0,
          "attributes": {
            "arn": "arn:aws:iam::342597974367:role/eks-cluster-role-synth101912832-20251128013428158000000001",
            "assume_role_policy": "{\"Statement\":[{\"Action\":\"sts:AssumeRole\",\"Effect\":\"Allow\",\"Principal\":{\"Service\":\"eks.amazonaws.com\"}}],\"Version\":\"2012-10-17\"}",
            "create_date": "2025-11-28T01:34:39Z",
            "description": "",
            "force_detach_policies": false,
            "id": "eks-cluster-role-synth101912832-20251128013428158000000001",
            "inline_policy": [],
            "managed_policy_arns": [],
            "max_session_duration": 3600,
            "name": "eks-cluster-role-synth101912832-20251128013428158000000001",
            "name_prefix": "eks-cluster-role-synth101912832-",
            "path": "/",
            "permissions_boundary": "",
            "tags": {
              "Environment": "synth101912832",
              "ManagedBy": "terraform",
              "Name": "eks-cluster-role-synth101912832",
              "TaskID": "101912832"
            },
            "tags_all": {
              "Author": "unknown",
              "Environment": "synth101912832",
              "ManagedBy": "terraform",
              "Name": "eks-cluster-role-synth101912832",
              "PRNumber": "unknown",
              "Repository": "unknown",
              "TaskID": "101912832",
              "Team": "unknown"
            },
            "unique_id": "AROAU7RDOHFP2VMSCEKUC"
          },
          "sensitive_attributes": [],
          "private": "bnVsbA=="
        }
      ]
    },
    {
      "mode": "managed",
      "type": "aws_iam_role",
      "name": "eks_node_group",
      "provider": "provider[\"registry.terraform.io/hashicorp/aws\"]",
      "instances": [
        {
          "schema_version": 0,
          "attributes": {
            "arn": "arn:aws:iam::342597974367:role/eks-node-group-role-synth101912832-20251128013428163000000003",
            "assume_role_policy": "{\"Statement\":[{\"Action\":\"sts:AssumeRole\",\"Effect\":\"Allow\",\"Principal\":{\"Service\":\"ec2.amazonaws.com\"}}],\"Version\":\"2012-10-17\"}",
            "create_date": "2025-11-28T01:34:39Z",
            "description": "",
            "force_detach_policies": false,
            "id": "eks-node-group-role-synth101912832-20251128013428163000000003",
            "inline_policy": [],
            "managed_policy_arns": [],
            "max_session_duration": 3600,
            "name": "eks-node-group-role-synth101912832-20251128013428163000000003",
            "name_prefix": "eks-node-group-role-synth101912832-",
            "path": "/",
            "permissions_boundary": "",
            "tags": {
              "Environment": "synth101912832",
              "ManagedBy": "terraform",
              "Name": "eks-node-group-role-synth101912832",
              "TaskID": "101912832"
            },
            "tags_all": {
              "Author": "unknown",
              "Environment": "synth101912832",
              "ManagedBy": "terraform",
              "Name": "eks-node-group-role-synth101912832",
              "PRNumber": "unknown",
              "Repository": "unknown",
              "TaskID": "101912832",
              "Team": "unknown"
            },
            "unique_id": "AROAU7RDOHFPSMJT3C4OP"
          },
          "sensitive_attributes": [],
          "private": "bnVsbA=="
        }
      ]
    },
    {
      "mode": "managed",
      "type": "aws_iam_role",
      "name": "karpenter",
      "provider": "provider[\"registry.terraform.io/hashicorp/aws\"]",
      "instances": [
        {
          "schema_version": 0,
          "attributes": {
            "arn": "arn:aws:iam::342597974367:role/karpenter-controller-synth101912832-20251128014454488400000013",
            "assume_role_policy": "{\"Statement\":[{\"Action\":\"sts:AssumeRoleWithWebIdentity\",\"Condition\":{\"StringEquals\":{\"oidc.eks.us-east-1.amazonaws.com/id/89A3234E384B07878DD01B8CC3F40C07:aud\":\"sts.amazonaws.com\",\"oidc.eks.us-east-1.amazonaws.com/id/89A3234E384B07878DD01B8CC3F40C07:sub\":\"system:serviceaccount:karpenter:karpenter\"}},\"Effect\":\"Allow\",\"Principal\":{\"Federated\":\"arn:aws:iam::342597974367:oidc-provider/oidc.eks.us-east-1.amazonaws.com/id/89A3234E384B07878DD01B8CC3F40C07\"}}],\"Version\":\"2012-10-17\"}",
            "create_date": "2025-11-28T01:45:04Z",
            "description": "",
            "force_detach_policies": false,
            "id": "karpenter-controller-synth101912832-20251128014454488400000013",
            "inline_policy": [],
            "managed_policy_arns": [],
            "max_session_duration": 3600,
            "name": "karpenter-controller-synth101912832-20251128014454488400000013",
            "name_prefix": "karpenter-controller-synth101912832-",
            "path": "/",
            "permissions_boundary": "",
            "tags": {
              "Environment": "synth101912832",
              "ManagedBy": "terraform",
              "Name": "karpenter-controller-role-synth101912832",
              "TaskID": "101912832"
            },
            "tags_all": {
              "Author": "unknown",
              "Environment": "synth101912832",
              "ManagedBy": "terraform",
              "Name": "karpenter-controller-role-synth101912832",
              "PRNumber": "unknown",
              "Repository": "unknown",
              "TaskID": "101912832",
              "Team": "unknown"
            },
            "unique_id": "AROAU7RDOHFPSJ676LODM"
          },
          "sensitive_attributes": [],
          "private": "bnVsbA==",
          "dependencies": [
            "aws_eks_cluster.main",
            "aws_iam_openid_connect_provider.eks",
            "aws_iam_role.eks_cluster",
            "aws_iam_role_policy_attachment.eks_cluster_policy",
            "aws_iam_role_policy_attachment.eks_vpc_resource_controller",
            "aws_security_group.eks_cluster",
            "aws_subnet.private",
            "aws_subnet.public",
            "aws_vpc.main",
            "data.aws_availability_zones.available",
            "data.aws_iam_policy_document.karpenter_assume_role",
            "data.tls_certificate.eks"
          ]
        }
      ]
    },
    {
      "mode": "managed",
      "type": "aws_iam_role_policy_attachment",
      "name": "aws_load_balancer_controller",
      "provider": "provider[\"registry.terraform.io/hashicorp/aws\"]",
      "instances": [
        {
          "schema_version": 0,
          "attributes": {
            "id": "aws-lb-controller-synth101912832-20251128014454490500000014/arn:aws:iam::342597974367:policy/aws-lb-controller-policy-synth101912832-20251128013428162000000002",
            "policy_arn": "arn:aws:iam::342597974367:policy/aws-lb-controller-policy-synth101912832-20251128013428162000000002",
            "role": "aws-lb-controller-synth101912832-20251128014454490500000014"
          },
          "sensitive_attributes": [],
          "private": "bnVsbA==",
          "dependencies": [
            "aws_eks_cluster.main",
            "aws_iam_openid_connect_provider.eks",
            "aws_iam_policy.aws_load_balancer_controller",
            "aws_iam_role.aws_load_balancer_controller",
            "aws_iam_role.eks_cluster",
            "aws_iam_role_policy_attachment.eks_cluster_policy",
            "aws_iam_role_policy_attachment.eks_vpc_resource_controller",
            "aws_security_group.eks_cluster",
            "aws_subnet.private",
            "aws_subnet.public",
            "aws_vpc.main",
            "data.aws_availability_zones.available",
            "data.aws_iam_policy_document.aws_load_balancer_controller_assume_role",
            "data.tls_certificate.eks"
          ]
        }
      ]
    },
    {
      "mode": "managed",
      "type": "aws_iam_role_policy_attachment",
      "name": "eks_cluster_policy",
      "provider": "provider[\"registry.terraform.io/hashicorp/aws\"]",
      "instances": [
        {
          "schema_version": 0,
          "attributes": {
            "id": "eks-cluster-role-synth101912832-20251128013428158000000001/arn:aws:iam::aws:policy/AmazonEKSClusterPolicy",
            "policy_arn": "arn:aws:iam::aws:policy/AmazonEKSClusterPolicy",
            "role": "eks-cluster-role-synth101912832-20251128013428158000000001"
          },
          "sensitive_attributes": [],
          "private": "bnVsbA==",
          "dependencies": [
            "aws_iam_role.eks_cluster"
          ]
        }
      ]
    },
    {
      "mode": "managed",
      "type": "aws_iam_role_policy_attachment",
      "name": "eks_cni_policy",
      "provider": "provider[\"registry.terraform.io/hashicorp/aws\"]",
      "instances": [
        {
          "schema_version": 0,
          "attributes": {
            "id": "eks-node-group-role-synth101912832-20251128013428163000000003/arn:aws:iam::aws:policy/AmazonEKS_CNI_Policy",
            "policy_arn": "arn:aws:iam::aws:policy/AmazonEKS_CNI_Policy",
            "role": "eks-node-group-role-synth101912832-20251128013428163000000003"
          },
          "sensitive_attributes": [],
          "private": "bnVsbA==",
          "dependencies": [
            "aws_iam_role.eks_node_group"
          ]
        }
      ]
    },
    {
      "mode": "managed",
      "type": "aws_iam_role_policy_attachment",
      "name": "eks_container_registry_policy",
      "provider": "provider[\"registry.terraform.io/hashicorp/aws\"]",
      "instances": [
        {
          "schema_version": 0,
          "attributes": {
            "id": "eks-node-group-role-synth101912832-20251128013428163000000003/arn:aws:iam::aws:policy/AmazonEC2ContainerRegistryReadOnly",
            "policy_arn": "arn:aws:iam::aws:policy/AmazonEC2ContainerRegistryReadOnly",
            "role": "eks-node-group-role-synth101912832-20251128013428163000000003"
          },
          "sensitive_attributes": [],
          "private": "bnVsbA==",
          "dependencies": [
            "aws_iam_role.eks_node_group"
          ]
        }
      ]
    },
    {
      "mode": "managed",
      "type": "aws_iam_role_policy_attachment",
      "name": "eks_vpc_resource_controller",
      "provider": "provider[\"registry.terraform.io/hashicorp/aws\"]",
      "instances": [
        {
          "schema_version": 0,
          "attributes": {
            "id": "eks-cluster-role-synth101912832-20251128013428158000000001/arn:aws:iam::aws:policy/AmazonEKSVPCResourceController",
            "policy_arn": "arn:aws:iam::aws:policy/AmazonEKSVPCResourceController",
            "role": "eks-cluster-role-synth101912832-20251128013428158000000001"
          },
          "sensitive_attributes": [],
          "private": "bnVsbA==",
          "dependencies": [
            "aws_iam_role.eks_cluster"
          ]
        }
      ]
    },
    {
      "mode": "managed",
      "type": "aws_iam_role_policy_attachment",
      "name": "eks_worker_node_policy",
      "provider": "provider[\"registry.terraform.io/hashicorp/aws\"]",
      "instances": [
        {
          "schema_version": 0,
          "attributes": {
            "id": "eks-node-group-role-synth101912832-20251128013428163000000003/arn:aws:iam::aws:policy/AmazonEKSWorkerNodePolicy",
            "policy_arn": "arn:aws:iam::aws:policy/AmazonEKSWorkerNodePolicy",
            "role": "eks-node-group-role-synth101912832-20251128013428163000000003"
          },
          "sensitive_attributes": [],
          "private": "bnVsbA==",
          "dependencies": [
            "aws_iam_role.eks_node_group"
          ]
        }
      ]
    },
    {
      "mode": "managed",
      "type": "aws_iam_role_policy_attachment",
      "name": "karpenter",
      "provider": "provider[\"registry.terraform.io/hashicorp/aws\"]",
      "instances": [
        {
          "schema_version": 0,
          "attributes": {
            "id": "karpenter-controller-synth101912832-20251128014454488400000013/arn:aws:iam::342597974367:policy/karpenter-policy-synth101912832-20251128014452379700000010",
            "policy_arn": "arn:aws:iam::342597974367:policy/karpenter-policy-synth101912832-20251128014452379700000010",
            "role": "karpenter-controller-synth101912832-20251128014454488400000013"
          },
          "sensitive_attributes": [],
          "private": "bnVsbA==",
          "dependencies": [
            "aws_eks_cluster.main",
            "aws_iam_openid_connect_provider.eks",
            "aws_iam_policy.karpenter",
            "aws_iam_role.eks_cluster",
            "aws_iam_role.eks_node_group",
            "aws_iam_role.karpenter",
            "aws_iam_role_policy_attachment.eks_cluster_policy",
            "aws_iam_role_policy_attachment.eks_vpc_resource_controller",
            "aws_security_group.eks_cluster",
            "aws_subnet.private",
            "aws_subnet.public",
            "aws_vpc.main",
            "data.aws_availability_zones.available",
            "data.aws_iam_policy_document.karpenter_assume_role",
            "data.tls_certificate.eks"
          ]
        }
      ]
    },
    {
      "mode": "managed",
      "type": "aws_instance",
      "name": "nat",
      "provider": "provider[\"registry.terraform.io/hashicorp/aws\"]",
      "instances": [
        {
          "index_key": 0,
          "schema_version": 2,
          "attributes": {
            "ami": "ami-0156001f0548e90b1",
            "arn": "arn:aws:ec2:us-east-1:342597974367:instance/i-0c7f4ce8ae69c0237",
            "associate_public_ip_address": true,
            "availability_zone": "us-east-1a",
            "capacity_reservation_specification": [
              {
                "capacity_reservation_preference": "open",
                "capacity_reservation_target": []
              }
            ],
            "cpu_options": [
              {
                "amd_sev_snp": "",
                "core_count": 1,
                "threads_per_core": 2
              }
            ],
            "credit_specification": [
              {
                "cpu_credits": "unlimited"
              }
            ],
            "disable_api_stop": false,
            "disable_api_termination": false,
            "ebs_block_device": [],
            "ebs_optimized": false,
            "enable_primary_ipv6": null,
            "enclave_options": [
              {
                "enabled": false
              }
            ],
            "ephemeral_block_device": [],
            "force_destroy": false,
            "get_password_data": false,
            "hibernation": false,
            "host_id": "",
            "host_resource_group_arn": null,
            "iam_instance_profile": "",
            "id": "i-0c7f4ce8ae69c0237",
            "instance_initiated_shutdown_behavior": "stop",
            "instance_lifecycle": "",
            "instance_market_options": [],
            "instance_state": "running",
            "instance_type": "t3.micro",
            "ipv6_address_count": 0,
            "ipv6_addresses": [],
            "key_name": "",
            "launch_template": [],
            "maintenance_options": [
              {
                "auto_recovery": "default"
              }
            ],
            "metadata_options": [
              {
                "http_endpoint": "enabled",
                "http_protocol_ipv6": "disabled",
                "http_put_response_hop_limit": 1,
                "http_tokens": "optional",
                "instance_metadata_tags": "disabled"
              }
            ],
            "monitoring": false,
            "network_interface": [],
            "outpost_arn": "",
            "password_data": "",
            "placement_group": "",
            "placement_group_id": "",
            "placement_partition_number": 0,
            "primary_network_interface": [
              {
                "delete_on_termination": true,
                "network_interface_id": "eni-0ae49a59641956b99"
              }
            ],
            "primary_network_interface_id": "eni-0ae49a59641956b99",
            "private_dns": "ip-10-0-10-213.ec2.internal",
            "private_dns_name_options": [
              {
                "enable_resource_name_dns_a_record": false,
                "enable_resource_name_dns_aaaa_record": false,
                "hostname_type": "ip-name"
              }
            ],
            "private_ip": "10.0.10.213",
            "public_dns": "ec2-98-92-202-241.compute-1.amazonaws.com",
            "public_ip": "98.92.202.241",
            "region": "us-east-1",
            "root_block_device": [
              {
                "delete_on_termination": true,
                "device_name": "/dev/xvda",
                "encrypted": false,
                "iops": 100,
                "kms_key_id": "",
                "tags": {
                  "Author": "unknown",
                  "Environment": "synth101912832",
                  "PRNumber": "unknown",
                  "Repository": "unknown",
                  "Team": "unknown"
                },
                "tags_all": {
                  "Author": "unknown",
                  "Environment": "synth101912832",
                  "PRNumber": "unknown",
                  "Repository": "unknown",
                  "Team": "unknown"
                },
                "throughput": 0,
                "volume_id": "vol-0abeb2cf5755fbb14",
                "volume_size": 8,
                "volume_type": "gp2"
              }
            ],
            "secondary_private_ips": [],
            "security_groups": [],
            "source_dest_check": false,
            "spot_instance_request_id": "",
            "subnet_id": "subnet-098d23a0b21e54d59",
            "tags": {
              "Environment": "synth101912832",
              "ManagedBy": "terraform",
              "Name": "nat-instance-1-synth101912832",
              "TaskID": "101912832"
            },
            "tags_all": {
              "Author": "unknown",
              "Environment": "synth101912832",
              "ManagedBy": "terraform",
              "Name": "nat-instance-1-synth101912832",
              "PRNumber": "unknown",
              "Repository": "unknown",
              "TaskID": "101912832",
              "Team": "unknown"
            },
            "tenancy": "default",
            "timeouts": null,
            "user_data": "#!/bin/bash\necho 1 \u003e /proc/sys/net/ipv4/ip_forward\niptables -t nat -A POSTROUTING -o eth0 -j MASQUERADE\nyum install -y iptables-services\nservice iptables save\n",
            "user_data_base64": null,
            "user_data_replace_on_change": false,
            "volume_tags": null,
            "vpc_security_group_ids": [
              "sg-00fa78db22f9518d6"
            ]
          },
          "sensitive_attributes": [],
          "private": "eyJlMmJmYjczMC1lY2FhLTExZTYtOGY4OC0zNDM2M2JjN2M0YzAiOnsiY3JlYXRlIjo2MDAwMDAwMDAwMDAsImRlbGV0ZSI6MTIwMDAwMDAwMDAwMCwicmVhZCI6OTAwMDAwMDAwMDAwLCJ1cGRhdGUiOjYwMDAwMDAwMDAwMH0sInNjaGVtYV92ZXJzaW9uIjoiMiJ9",
          "dependencies": [
            "aws_security_group.nat",
            "aws_subnet.private",
            "aws_subnet.public",
            "aws_vpc.main",
            "data.aws_ami.amazon_linux_2",
            "data.aws_availability_zones.available"
          ]
        },
        {
          "index_key": 1,
          "schema_version": 2,
          "attributes": {
            "ami": "ami-0156001f0548e90b1",
            "arn": "arn:aws:ec2:us-east-1:342597974367:instance/i-00123f1bd38e2e1d1",
            "associate_public_ip_address": true,
            "availability_zone": "us-east-1b",
            "capacity_reservation_specification": [
              {
                "capacity_reservation_preference": "open",
                "capacity_reservation_target": []
              }
            ],
            "cpu_options": [
              {
                "amd_sev_snp": "",
                "core_count": 1,
                "threads_per_core": 2
              }
            ],
            "credit_specification": [
              {
                "cpu_credits": "unlimited"
              }
            ],
            "disable_api_stop": false,
            "disable_api_termination": false,
            "ebs_block_device": [],
            "ebs_optimized": false,
            "enable_primary_ipv6": null,
            "enclave_options": [
              {
                "enabled": false
              }
            ],
            "ephemeral_block_device": [],
            "force_destroy": false,
            "get_password_data": false,
            "hibernation": false,
            "host_id": "",
            "host_resource_group_arn": null,
            "iam_instance_profile": "",
            "id": "i-00123f1bd38e2e1d1",
            "instance_initiated_shutdown_behavior": "stop",
            "instance_lifecycle": "",
            "instance_market_options": [],
            "instance_state": "running",
            "instance_type": "t3.micro",
            "ipv6_address_count": 0,
            "ipv6_addresses": [],
            "key_name": "",
            "launch_template": [],
            "maintenance_options": [
              {
                "auto_recovery": "default"
              }
            ],
            "metadata_options": [
              {
                "http_endpoint": "enabled",
                "http_protocol_ipv6": "disabled",
                "http_put_response_hop_limit": 1,
                "http_tokens": "optional",
                "instance_metadata_tags": "disabled"
              }
            ],
            "monitoring": false,
            "network_interface": [],
            "outpost_arn": "",
            "password_data": "",
            "placement_group": "",
            "placement_group_id": "",
            "placement_partition_number": 0,
            "primary_network_interface": [
              {
                "delete_on_termination": true,
                "network_interface_id": "eni-0f9e5acd872d0184d"
              }
            ],
            "primary_network_interface_id": "eni-0f9e5acd872d0184d",
            "private_dns": "ip-10-0-11-97.ec2.internal",
            "private_dns_name_options": [
              {
                "enable_resource_name_dns_a_record": false,
                "enable_resource_name_dns_aaaa_record": false,
                "hostname_type": "ip-name"
              }
            ],
            "private_ip": "10.0.11.97",
            "public_dns": "ec2-13-221-12-23.compute-1.amazonaws.com",
            "public_ip": "13.221.12.23",
            "region": "us-east-1",
            "root_block_device": [
              {
                "delete_on_termination": true,
                "device_name": "/dev/xvda",
                "encrypted": false,
                "iops": 100,
                "kms_key_id": "",
                "tags": {
                  "Author": "unknown",
                  "Environment": "synth101912832",
                  "PRNumber": "unknown",
                  "Repository": "unknown",
                  "Team": "unknown"
                },
                "tags_all": {
                  "Author": "unknown",
                  "Environment": "synth101912832",
                  "PRNumber": "unknown",
                  "Repository": "unknown",
                  "Team": "unknown"
                },
                "throughput": 0,
                "volume_id": "vol-0699797c52d2137fb",
                "volume_size": 8,
                "volume_type": "gp2"
              }
            ],
            "secondary_private_ips": [],
            "security_groups": [],
            "source_dest_check": false,
            "spot_instance_request_id": "",
            "subnet_id": "subnet-0012c0703a277de86",
            "tags": {
              "Environment": "synth101912832",
              "ManagedBy": "terraform",
              "Name": "nat-instance-2-synth101912832",
              "TaskID": "101912832"
            },
            "tags_all": {
              "Author": "unknown",
              "Environment": "synth101912832",
              "ManagedBy": "terraform",
              "Name": "nat-instance-2-synth101912832",
              "PRNumber": "unknown",
              "Repository": "unknown",
              "TaskID": "101912832",
              "Team": "unknown"
            },
            "tenancy": "default",
            "timeouts": null,
            "user_data": "#!/bin/bash\necho 1 \u003e /proc/sys/net/ipv4/ip_forward\niptables -t nat -A POSTROUTING -o eth0 -j MASQUERADE\nyum install -y iptables-services\nservice iptables save\n",
            "user_data_base64": null,
            "user_data_replace_on_change": false,
            "volume_tags": null,
            "vpc_security_group_ids": [
              "sg-00fa78db22f9518d6"
            ]
          },
          "sensitive_attributes": [],
          "private": "eyJlMmJmYjczMC1lY2FhLTExZTYtOGY4OC0zNDM2M2JjN2M0YzAiOnsiY3JlYXRlIjo2MDAwMDAwMDAwMDAsImRlbGV0ZSI6MTIwMDAwMDAwMDAwMCwicmVhZCI6OTAwMDAwMDAwMDAwLCJ1cGRhdGUiOjYwMDAwMDAwMDAwMH0sInNjaGVtYV92ZXJzaW9uIjoiMiJ9",
          "dependencies": [
            "aws_security_group.nat",
            "aws_subnet.private",
            "aws_subnet.public",
            "aws_vpc.main",
            "data.aws_ami.amazon_linux_2",
            "data.aws_availability_zones.available"
          ]
        },
        {
          "index_key": 2,
          "schema_version": 2,
          "attributes": {
            "ami": "ami-0156001f0548e90b1",
            "arn": "arn:aws:ec2:us-east-1:342597974367:instance/i-070047683b77657ed",
            "associate_public_ip_address": true,
            "availability_zone": "us-east-1c",
            "capacity_reservation_specification": [
              {
                "capacity_reservation_preference": "open",
                "capacity_reservation_target": []
              }
            ],
            "cpu_options": [
              {
                "amd_sev_snp": "",
                "core_count": 1,
                "threads_per_core": 2
              }
            ],
            "credit_specification": [
              {
                "cpu_credits": "unlimited"
              }
            ],
            "disable_api_stop": false,
            "disable_api_termination": false,
            "ebs_block_device": [],
            "ebs_optimized": false,
            "enable_primary_ipv6": null,
            "enclave_options": [
              {
                "enabled": false
              }
            ],
            "ephemeral_block_device": [],
            "force_destroy": false,
            "get_password_data": false,
            "hibernation": false,
            "host_id": "",
            "host_resource_group_arn": null,
            "iam_instance_profile": "",
            "id": "i-070047683b77657ed",
            "instance_initiated_shutdown_behavior": "stop",
            "instance_lifecycle": "",
            "instance_market_options": [],
            "instance_state": "running",
            "instance_type": "t3.micro",
            "ipv6_address_count": 0,
            "ipv6_addresses": [],
            "key_name": "",
            "launch_template": [],
            "maintenance_options": [
              {
                "auto_recovery": "default"
              }
            ],
            "metadata_options": [
              {
                "http_endpoint": "enabled",
                "http_protocol_ipv6": "disabled",
                "http_put_response_hop_limit": 1,
                "http_tokens": "optional",
                "instance_metadata_tags": "disabled"
              }
            ],
            "monitoring": false,
            "network_interface": [],
            "outpost_arn": "",
            "password_data": "",
            "placement_group": "",
            "placement_group_id": "",
            "placement_partition_number": 0,
            "primary_network_interface": [
              {
                "delete_on_termination": true,
                "network_interface_id": "eni-0817aab010e11df23"
              }
            ],
            "primary_network_interface_id": "eni-0817aab010e11df23",
            "private_dns": "ip-10-0-12-151.ec2.internal",
            "private_dns_name_options": [
              {
                "enable_resource_name_dns_a_record": false,
                "enable_resource_name_dns_aaaa_record": false,
                "hostname_type": "ip-name"
              }
            ],
            "private_ip": "10.0.12.151",
            "public_dns": "ec2-44-223-53-164.compute-1.amazonaws.com",
            "public_ip": "44.223.53.164",
            "region": "us-east-1",
            "root_block_device": [
              {
                "delete_on_termination": true,
                "device_name": "/dev/xvda",
                "encrypted": false,
                "iops": 100,
                "kms_key_id": "",
                "tags": {
                  "Author": "unknown",
                  "Environment": "synth101912832",
                  "PRNumber": "unknown",
                  "Repository": "unknown",
                  "Team": "unknown"
                },
                "tags_all": {
                  "Author": "unknown",
                  "Environment": "synth101912832",
                  "PRNumber": "unknown",
                  "Repository": "unknown",
                  "Team": "unknown"
                },
                "throughput": 0,
                "volume_id": "vol-0798b2a35062fa93f",
                "volume_size": 8,
                "volume_type": "gp2"
              }
            ],
            "secondary_private_ips": [],
            "security_groups": [],
            "source_dest_check": false,
            "spot_instance_request_id": "",
            "subnet_id": "subnet-0f2635b3a19ee88ea",
            "tags": {
              "Environment": "synth101912832",
              "ManagedBy": "terraform",
              "Name": "nat-instance-3-synth101912832",
              "TaskID": "101912832"
            },
            "tags_all": {
              "Author": "unknown",
              "Environment": "synth101912832",
              "ManagedBy": "terraform",
              "Name": "nat-instance-3-synth101912832",
              "PRNumber": "unknown",
              "Repository": "unknown",
              "TaskID": "101912832",
              "Team": "unknown"
            },
            "tenancy": "default",
            "timeouts": null,
            "user_data": "#!/bin/bash\necho 1 \u003e /proc/sys/net/ipv4/ip_forward\niptables -t nat -A POSTROUTING -o eth0 -j MASQUERADE\nyum install -y iptables-services\nservice iptables save\n",
            "user_data_base64": null,
            "user_data_replace_on_change": false,
            "volume_tags": null,
            "vpc_security_group_ids": [
              "sg-00fa78db22f9518d6"
            ]
          },
          "sensitive_attributes": [],
          "private": "eyJlMmJmYjczMC1lY2FhLTExZTYtOGY4OC0zNDM2M2JjN2M0YzAiOnsiY3JlYXRlIjo2MDAwMDAwMDAwMDAsImRlbGV0ZSI6MTIwMDAwMDAwMDAwMCwicmVhZCI6OTAwMDAwMDAwMDAwLCJ1cGRhdGUiOjYwMDAwMDAwMDAwMH0sInNjaGVtYV92ZXJzaW9uIjoiMiJ9",
          "dependencies": [
            "aws_security_group.nat",
            "aws_subnet.private",
            "aws_subnet.public",
            "aws_vpc.main",
            "data.aws_ami.amazon_linux_2",
            "data.aws_availability_zones.available"
          ]
        }
      ]
    },
    {
      "mode": "managed",
      "type": "aws_internet_gateway",
      "name": "main",
      "provider": "provider[\"registry.terraform.io/hashicorp/aws\"]",
      "instances": [
        {
          "schema_version": 0,
          "attributes": {
            "arn": "arn:aws:ec2:us-east-1:342597974367:internet-gateway/igw-0623c76ce932c5055",
            "id": "igw-0623c76ce932c5055",
            "owner_id": "342597974367",
            "region": "us-east-1",
            "tags": {
              "Environment": "synth101912832",
              "ManagedBy": "terraform",
              "Name": "eks-igw-synth101912832",
              "TaskID": "101912832"
            },
            "tags_all": {
              "Author": "unknown",
              "Environment": "synth101912832",
              "ManagedBy": "terraform",
              "Name": "eks-igw-synth101912832",
              "PRNumber": "unknown",
              "Repository": "unknown",
              "TaskID": "101912832",
              "Team": "unknown"
            },
            "timeouts": null,
            "vpc_id": "vpc-03b2a9cb0f3505b85"
          },
          "sensitive_attributes": [],
          "private": "eyJlMmJmYjczMC1lY2FhLTExZTYtOGY4OC0zNDM2M2JjN2M0YzAiOnsiY3JlYXRlIjoxMjAwMDAwMDAwMDAwLCJkZWxldGUiOjEyMDAwMDAwMDAwMDAsInVwZGF0ZSI6MTIwMDAwMDAwMDAwMH19",
          "dependencies": [
            "aws_vpc.main"
          ]
        }
      ]
    },
    {
      "mode": "managed",
      "type": "aws_route_table",
      "name": "private",
      "provider": "provider[\"registry.terraform.io/hashicorp/aws\"]",
      "instances": [
        {
          "index_key": 0,
          "schema_version": 0,
          "attributes": {
            "arn": "arn:aws:ec2:us-east-1:342597974367:route-table/rtb-0a0ae666cbd6b2ecf",
            "id": "rtb-0a0ae666cbd6b2ecf",
            "owner_id": "342597974367",
            "propagating_vgws": [],
            "region": "us-east-1",
            "route": [
              {
                "carrier_gateway_id": "",
                "cidr_block": "0.0.0.0/0",
                "core_network_arn": "",
                "destination_prefix_list_id": "",
                "egress_only_gateway_id": "",
                "gateway_id": "",
                "ipv6_cidr_block": "",
                "local_gateway_id": "",
                "nat_gateway_id": "",
                "network_interface_id": "eni-0ae49a59641956b99",
                "transit_gateway_id": "",
                "vpc_endpoint_id": "",
                "vpc_peering_connection_id": ""
              }
            ],
            "tags": {
              "Environment": "synth101912832",
              "ManagedBy": "terraform",
              "Name": "eks-private-rt-1-synth101912832",
              "TaskID": "101912832"
            },
            "tags_all": {
              "Author": "unknown",
              "Environment": "synth101912832",
              "ManagedBy": "terraform",
              "Name": "eks-private-rt-1-synth101912832",
              "PRNumber": "unknown",
              "Repository": "unknown",
              "TaskID": "101912832",
              "Team": "unknown"
            },
            "timeouts": null,
            "vpc_id": "vpc-03b2a9cb0f3505b85"
          },
          "sensitive_attributes": [],
          "private": "eyJlMmJmYjczMC1lY2FhLTExZTYtOGY4OC0zNDM2M2JjN2M0YzAiOnsiY3JlYXRlIjozMDAwMDAwMDAwMDAsImRlbGV0ZSI6MzAwMDAwMDAwMDAwLCJ1cGRhdGUiOjEyMDAwMDAwMDAwMH19",
          "dependencies": [
            "aws_instance.nat",
            "aws_security_group.nat",
            "aws_subnet.private",
            "aws_subnet.public",
            "aws_vpc.main",
            "data.aws_ami.amazon_linux_2",
            "data.aws_availability_zones.available"
          ]
        },
        {
          "index_key": 1,
          "schema_version": 0,
          "attributes": {
            "arn": "arn:aws:ec2:us-east-1:342597974367:route-table/rtb-01c6b2f407a01bc8e",
            "id": "rtb-01c6b2f407a01bc8e",
            "owner_id": "342597974367",
            "propagating_vgws": [],
            "region": "us-east-1",
            "route": [
              {
                "carrier_gateway_id": "",
                "cidr_block": "0.0.0.0/0",
                "core_network_arn": "",
                "destination_prefix_list_id": "",
                "egress_only_gateway_id": "",
                "gateway_id": "",
                "ipv6_cidr_block": "",
                "local_gateway_id": "",
                "nat_gateway_id": "",
                "network_interface_id": "eni-0f9e5acd872d0184d",
                "transit_gateway_id": "",
                "vpc_endpoint_id": "",
                "vpc_peering_connection_id": ""
              }
            ],
            "tags": {
              "Environment": "synth101912832",
              "ManagedBy": "terraform",
              "Name": "eks-private-rt-2-synth101912832",
              "TaskID": "101912832"
            },
            "tags_all": {
              "Author": "unknown",
              "Environment": "synth101912832",
              "ManagedBy": "terraform",
              "Name": "eks-private-rt-2-synth101912832",
              "PRNumber": "unknown",
              "Repository": "unknown",
              "TaskID": "101912832",
              "Team": "unknown"
            },
            "timeouts": null,
            "vpc_id": "vpc-03b2a9cb0f3505b85"
          },
          "sensitive_attributes": [],
          "private": "eyJlMmJmYjczMC1lY2FhLTExZTYtOGY4OC0zNDM2M2JjN2M0YzAiOnsiY3JlYXRlIjozMDAwMDAwMDAwMDAsImRlbGV0ZSI6MzAwMDAwMDAwMDAwLCJ1cGRhdGUiOjEyMDAwMDAwMDAwMH19",
          "dependencies": [
            "aws_instance.nat",
            "aws_security_group.nat",
            "aws_subnet.private",
            "aws_subnet.public",
            "aws_vpc.main",
            "data.aws_ami.amazon_linux_2",
            "data.aws_availability_zones.available"
          ]
        },
        {
          "index_key": 2,
          "schema_version": 0,
          "attributes": {
            "arn": "arn:aws:ec2:us-east-1:342597974367:route-table/rtb-0f0065b9f69b6c436",
            "id": "rtb-0f0065b9f69b6c436",
            "owner_id": "342597974367",
            "propagating_vgws": [],
            "region": "us-east-1",
            "route": [
              {
                "carrier_gateway_id": "",
                "cidr_block": "0.0.0.0/0",
                "core_network_arn": "",
                "destination_prefix_list_id": "",
                "egress_only_gateway_id": "",
                "gateway_id": "",
                "ipv6_cidr_block": "",
                "local_gateway_id": "",
                "nat_gateway_id": "",
                "network_interface_id": "eni-0817aab010e11df23",
                "transit_gateway_id": "",
                "vpc_endpoint_id": "",
                "vpc_peering_connection_id": ""
              }
            ],
            "tags": {
              "Environment": "synth101912832",
              "ManagedBy": "terraform",
              "Name": "eks-private-rt-3-synth101912832",
              "TaskID": "101912832"
            },
            "tags_all": {
              "Author": "unknown",
              "Environment": "synth101912832",
              "ManagedBy": "terraform",
              "Name": "eks-private-rt-3-synth101912832",
              "PRNumber": "unknown",
              "Repository": "unknown",
              "TaskID": "101912832",
              "Team": "unknown"
            },
            "timeouts": null,
            "vpc_id": "vpc-03b2a9cb0f3505b85"
          },
          "sensitive_attributes": [],
          "private": "eyJlMmJmYjczMC1lY2FhLTExZTYtOGY4OC0zNDM2M2JjN2M0YzAiOnsiY3JlYXRlIjozMDAwMDAwMDAwMDAsImRlbGV0ZSI6MzAwMDAwMDAwMDAwLCJ1cGRhdGUiOjEyMDAwMDAwMDAwMH19",
          "dependencies": [
            "aws_instance.nat",
            "aws_security_group.nat",
            "aws_subnet.private",
            "aws_subnet.public",
            "aws_vpc.main",
            "data.aws_ami.amazon_linux_2",
            "data.aws_availability_zones.available"
          ]
        }
      ]
    },
    {
      "mode": "managed",
      "type": "aws_route_table",
      "name": "public",
      "provider": "provider[\"registry.terraform.io/hashicorp/aws\"]",
      "instances": [
        {
          "schema_version": 0,
          "attributes": {
            "arn": "arn:aws:ec2:us-east-1:342597974367:route-table/rtb-0db3270279e6ab12f",
            "id": "rtb-0db3270279e6ab12f",
            "owner_id": "342597974367",
            "propagating_vgws": [],
            "region": "us-east-1",
            "route": [
              {
                "carrier_gateway_id": "",
                "cidr_block": "0.0.0.0/0",
                "core_network_arn": "",
                "destination_prefix_list_id": "",
                "egress_only_gateway_id": "",
                "gateway_id": "igw-0623c76ce932c5055",
                "ipv6_cidr_block": "",
                "local_gateway_id": "",
                "nat_gateway_id": "",
                "network_interface_id": "",
                "transit_gateway_id": "",
                "vpc_endpoint_id": "",
                "vpc_peering_connection_id": ""
              }
            ],
            "tags": {
              "Environment": "synth101912832",
              "ManagedBy": "terraform",
              "Name": "eks-public-rt-synth101912832",
              "TaskID": "101912832"
            },
            "tags_all": {
              "Author": "unknown",
              "Environment": "synth101912832",
              "ManagedBy": "terraform",
              "Name": "eks-public-rt-synth101912832",
              "PRNumber": "unknown",
              "Repository": "unknown",
              "TaskID": "101912832",
              "Team": "unknown"
            },
            "timeouts": null,
            "vpc_id": "vpc-03b2a9cb0f3505b85"
          },
          "sensitive_attributes": [],
          "private": "eyJlMmJmYjczMC1lY2FhLTExZTYtOGY4OC0zNDM2M2JjN2M0YzAiOnsiY3JlYXRlIjozMDAwMDAwMDAwMDAsImRlbGV0ZSI6MzAwMDAwMDAwMDAwLCJ1cGRhdGUiOjEyMDAwMDAwMDAwMH19",
          "dependencies": [
            "aws_internet_gateway.main",
            "aws_vpc.main"
          ]
        }
      ]
    },
    {
      "mode": "managed",
      "type": "aws_route_table_association",
      "name": "private",
      "provider": "provider[\"registry.terraform.io/hashicorp/aws\"]",
      "instances": [
        {
          "index_key": 0,
          "schema_version": 0,
          "attributes": {
            "gateway_id": "",
            "id": "rtbassoc-019fe9084484d975f",
            "region": "us-east-1",
            "route_table_id": "rtb-0a0ae666cbd6b2ecf",
            "subnet_id": "subnet-0dac6daa63a87d66e",
            "timeouts": null
          },
          "sensitive_attributes": [],
          "private": "eyJlMmJmYjczMC1lY2FhLTExZTYtOGY4OC0zNDM2M2JjN2M0YzAiOnsiY3JlYXRlIjozMDAwMDAwMDAwMDAsImRlbGV0ZSI6MzAwMDAwMDAwMDAwLCJ1cGRhdGUiOjEyMDAwMDAwMDAwMH19",
          "dependencies": [
            "aws_instance.nat",
            "aws_route_table.private",
            "aws_security_group.nat",
            "aws_subnet.private",
            "aws_subnet.public",
            "aws_vpc.main",
            "data.aws_ami.amazon_linux_2",
            "data.aws_availability_zones.available"
          ]
        },
        {
          "index_key": 1,
          "schema_version": 0,
          "attributes": {
            "gateway_id": "",
            "id": "rtbassoc-08695bc2556941272",
            "region": "us-east-1",
            "route_table_id": "rtb-01c6b2f407a01bc8e",
            "subnet_id": "subnet-0f1cfb7e58449f573",
            "timeouts": null
          },
          "sensitive_attributes": [],
          "private": "eyJlMmJmYjczMC1lY2FhLTExZTYtOGY4OC0zNDM2M2JjN2M0YzAiOnsiY3JlYXRlIjozMDAwMDAwMDAwMDAsImRlbGV0ZSI6MzAwMDAwMDAwMDAwLCJ1cGRhdGUiOjEyMDAwMDAwMDAwMH19",
          "dependencies": [
            "aws_instance.nat",
            "aws_route_table.private",
            "aws_security_group.nat",
            "aws_subnet.private",
            "aws_subnet.public",
            "aws_vpc.main",
            "data.aws_ami.amazon_linux_2",
            "data.aws_availability_zones.available"
          ]
        },
        {
          "index_key": 2,
          "schema_version": 0,
          "attributes": {
            "gateway_id": "",
            "id": "rtbassoc-064c7d3f0c722f26f",
            "region": "us-east-1",
            "route_table_id": "rtb-0f0065b9f69b6c436",
            "subnet_id": "subnet-02cc9fd0d94894f57",
            "timeouts": null
          },
          "sensitive_attributes": [],
          "private": "eyJlMmJmYjczMC1lY2FhLTExZTYtOGY4OC0zNDM2M2JjN2M0YzAiOnsiY3JlYXRlIjozMDAwMDAwMDAwMDAsImRlbGV0ZSI6MzAwMDAwMDAwMDAwLCJ1cGRhdGUiOjEyMDAwMDAwMDAwMH19",
          "dependencies": [
            "aws_instance.nat",
            "aws_route_table.private",
            "aws_security_group.nat",
            "aws_subnet.private",
            "aws_subnet.public",
            "aws_vpc.main",
            "data.aws_ami.amazon_linux_2",
            "data.aws_availability_zones.available"
          ]
        }
      ]
    },
    {
      "mode": "managed",
      "type": "aws_route_table_association",
      "name": "public",
      "provider": "provider[\"registry.terraform.io/hashicorp/aws\"]",
      "instances": [
        {
          "index_key": 0,
          "schema_version": 0,
          "attributes": {
            "gateway_id": "",
            "id": "rtbassoc-052bc7f316199f4b0",
            "region": "us-east-1",
            "route_table_id": "rtb-0db3270279e6ab12f",
            "subnet_id": "subnet-098d23a0b21e54d59",
            "timeouts": null
          },
          "sensitive_attributes": [],
          "private": "eyJlMmJmYjczMC1lY2FhLTExZTYtOGY4OC0zNDM2M2JjN2M0YzAiOnsiY3JlYXRlIjozMDAwMDAwMDAwMDAsImRlbGV0ZSI6MzAwMDAwMDAwMDAwLCJ1cGRhdGUiOjEyMDAwMDAwMDAwMH19",
          "dependencies": [
            "aws_internet_gateway.main",
            "aws_route_table.public",
            "aws_subnet.public",
            "aws_vpc.main",
            "data.aws_availability_zones.available"
          ]
        },
        {
          "index_key": 1,
          "schema_version": 0,
          "attributes": {
            "gateway_id": "",
            "id": "rtbassoc-093534b4726a4c846",
            "region": "us-east-1",
            "route_table_id": "rtb-0db3270279e6ab12f",
            "subnet_id": "subnet-0012c0703a277de86",
            "timeouts": null
          },
          "sensitive_attributes": [],
          "private": "eyJlMmJmYjczMC1lY2FhLTExZTYtOGY4OC0zNDM2M2JjN2M0YzAiOnsiY3JlYXRlIjozMDAwMDAwMDAwMDAsImRlbGV0ZSI6MzAwMDAwMDAwMDAwLCJ1cGRhdGUiOjEyMDAwMDAwMDAwMH19",
          "dependencies": [
            "aws_internet_gateway.main",
            "aws_route_table.public",
            "aws_subnet.public",
            "aws_vpc.main",
            "data.aws_availability_zones.available"
          ]
        },
        {
          "index_key": 2,
          "schema_version": 0,
          "attributes": {
            "gateway_id": "",
            "id": "rtbassoc-0d87c3eb5ca62db78",
            "region": "us-east-1",
            "route_table_id": "rtb-0db3270279e6ab12f",
            "subnet_id": "subnet-0f2635b3a19ee88ea",
            "timeouts": null
          },
          "sensitive_attributes": [],
          "private": "eyJlMmJmYjczMC1lY2FhLTExZTYtOGY4OC0zNDM2M2JjN2M0YzAiOnsiY3JlYXRlIjozMDAwMDAwMDAwMDAsImRlbGV0ZSI6MzAwMDAwMDAwMDAwLCJ1cGRhdGUiOjEyMDAwMDAwMDAwMH19",
          "dependencies": [
            "aws_internet_gateway.main",
            "aws_route_table.public",
            "aws_subnet.public",
            "aws_vpc.main",
            "data.aws_availability_zones.available"
          ]
        }
      ]
    },
    {
      "mode": "managed",
      "type": "aws_security_group",
      "name": "eks_cluster",
      "provider": "provider[\"registry.terraform.io/hashicorp/aws\"]",
      "instances": [
        {
          "schema_version": 1,
          "attributes": {
            "arn": "arn:aws:ec2:us-east-1:342597974367:security-group/sg-0c259e56580b6d55c",
            "description": "Security group for EKS cluster control plane",
            "egress": [
              {
                "cidr_blocks": [
                  "0.0.0.0/0"
                ],
                "description": "Allow all outbound traffic",
                "from_port": 0,
                "ipv6_cidr_blocks": [],
                "prefix_list_ids": [],
                "protocol": "-1",
                "security_groups": [],
                "self": false,
                "to_port": 0
              }
            ],
            "id": "sg-0c259e56580b6d55c",
            "ingress": [],
            "name": "eks-cluster-sg-synth101912832-20251128013443474300000005",
            "name_prefix": "eks-cluster-sg-synth101912832-",
            "owner_id": "342597974367",
            "region": "us-east-1",
            "revoke_rules_on_delete": false,
            "tags": {
              "Environment": "synth101912832",
              "ManagedBy": "terraform",
              "Name": "eks-cluster-sg-synth101912832",
              "TaskID": "101912832"
            },
            "tags_all": {
              "Author": "unknown",
              "Environment": "synth101912832",
              "ManagedBy": "terraform",
              "Name": "eks-cluster-sg-synth101912832",
              "PRNumber": "unknown",
              "Repository": "unknown",
              "TaskID": "101912832",
              "Team": "unknown"
            },
            "timeouts": null,
            "vpc_id": "vpc-03b2a9cb0f3505b85"
          },
          "sensitive_attributes": [],
          "private": "eyJlMmJmYjczMC1lY2FhLTExZTYtOGY4OC0zNDM2M2JjN2M0YzAiOnsiY3JlYXRlIjo2MDAwMDAwMDAwMDAsImRlbGV0ZSI6OTAwMDAwMDAwMDAwfSwic2NoZW1hX3ZlcnNpb24iOiIxIn0=",
          "dependencies": [
            "aws_vpc.main"
          ],
          "create_before_destroy": true
        }
      ]
    },
    {
      "mode": "managed",
      "type": "aws_security_group",
      "name": "eks_nodes",
      "provider": "provider[\"registry.terraform.io/hashicorp/aws\"]",
      "instances": [
        {
          "schema_version": 1,
          "attributes": {
            "arn": "arn:aws:ec2:us-east-1:342597974367:security-group/sg-075f863a60d9f3cad",
            "description": "Security group for EKS worker nodes",
            "egress": [
              {
                "cidr_blocks": [
                  "0.0.0.0/0"
                ],
                "description": "Allow all outbound traffic",
                "from_port": 0,
                "ipv6_cidr_blocks": [],
                "prefix_list_ids": [],
                "protocol": "-1",
                "security_groups": [],
                "self": false,
                "to_port": 0
              }
            ],
            "id": "sg-075f863a60d9f3cad",
            "ingress": [
              {
                "cidr_blocks": [],
                "description": "Allow cluster control plane to communicate with nodes",
                "from_port": 1025,
                "ipv6_cidr_blocks": [],
                "prefix_list_ids": [],
                "protocol": "tcp",
                "security_groups": [
                  "sg-0c259e56580b6d55c"
                ],
                "self": false,
                "to_port": 65535
              },
              {
                "cidr_blocks": [],
                "description": "Allow nodes to communicate with each other",
                "from_port": 0,
                "ipv6_cidr_blocks": [],
                "prefix_list_ids": [],
                "protocol": "-1",
                "security_groups": [],
                "self": true,
                "to_port": 0
              },
              {
                "cidr_blocks": [],
                "description": "Allow pods to communicate with cluster API",
                "from_port": 443,
                "ipv6_cidr_blocks": [],
                "prefix_list_ids": [],
                "protocol": "tcp",
                "security_groups": [
                  "sg-0c259e56580b6d55c"
                ],
                "self": false,
                "to_port": 443
              }
            ],
            "name": "eks-nodes-sg-synth101912832-20251128013448043300000007",
            "name_prefix": "eks-nodes-sg-synth101912832-",
            "owner_id": "342597974367",
            "region": "us-east-1",
            "revoke_rules_on_delete": false,
            "tags": {
              "Environment": "production",
              "ManagedBy": "terraform",
              "Name": "eks-nodes-sg-synth101912832",
              "TaskID": "101912832",
              "kubernetes.io/cluster/eks-cluster-synth101912832": "owned"
            },
            "tags_all": {
              "Author": "unknown",
              "Environment": "production",
              "ManagedBy": "terraform",
              "Name": "eks-nodes-sg-synth101912832",
              "PRNumber": "unknown",
              "Repository": "unknown",
              "TaskID": "101912832",
              "Team": "unknown",
              "kubernetes.io/cluster/eks-cluster-synth101912832": "owned"
            },
            "timeouts": null,
            "vpc_id": "vpc-03b2a9cb0f3505b85"
          },
          "sensitive_attributes": [],
          "private": "eyJlMmJmYjczMC1lY2FhLTExZTYtOGY4OC0zNDM2M2JjN2M0YzAiOnsiY3JlYXRlIjo2MDAwMDAwMDAwMDAsImRlbGV0ZSI6OTAwMDAwMDAwMDAwfSwic2NoZW1hX3ZlcnNpb24iOiIxIn0=",
          "dependencies": [
            "aws_security_group.eks_cluster",
            "aws_vpc.main"
          ],
          "create_before_destroy": true
        }
      ]
    },
    {
      "mode": "managed",
      "type": "aws_security_group",
      "name": "nat",
      "provider": "provider[\"registry.terraform.io/hashicorp/aws\"]",
      "instances": [
        {
          "schema_version": 1,
          "attributes": {
            "arn": "arn:aws:ec2:us-east-1:342597974367:security-group/sg-00fa78db22f9518d6",
            "description": "Security group for NAT instances",
            "egress": [
              {
                "cidr_blocks": [
                  "0.0.0.0/0"
                ],
                "description": "Allow all outbound traffic",
                "from_port": 0,
                "ipv6_cidr_blocks": [],
                "prefix_list_ids": [],
                "protocol": "-1",
                "security_groups": [],
                "self": false,
                "to_port": 0
              }
            ],
            "id": "sg-00fa78db22f9518d6",
            "ingress": [
              {
                "cidr_blocks": [
                  "10.0.0.0/24",
                  "10.0.1.0/24",
                  "10.0.2.0/24"
                ],
                "description": "Allow traffic from private subnets",
                "from_port": 0,
                "ipv6_cidr_blocks": [],
                "prefix_list_ids": [],
                "protocol": "-1",
                "security_groups": [],
                "self": false,
                "to_port": 0
              }
            ],
            "name": "nat-sg-synth101912832-20251128013449420600000008",
            "name_prefix": "nat-sg-synth101912832-",
            "owner_id": "342597974367",
            "region": "us-east-1",
            "revoke_rules_on_delete": false,
            "tags": {
              "Environment": "synth101912832",
              "ManagedBy": "terraform",
              "Name": "nat-sg-synth101912832",
              "TaskID": "101912832"
            },
            "tags_all": {
              "Author": "unknown",
              "Environment": "synth101912832",
              "ManagedBy": "terraform",
              "Name": "nat-sg-synth101912832",
              "PRNumber": "unknown",
              "Repository": "unknown",
              "TaskID": "101912832",
              "Team": "unknown"
            },
            "timeouts": null,
            "vpc_id": "vpc-03b2a9cb0f3505b85"
          },
          "sensitive_attributes": [],
          "private": "eyJlMmJmYjczMC1lY2FhLTExZTYtOGY4OC0zNDM2M2JjN2M0YzAiOnsiY3JlYXRlIjo2MDAwMDAwMDAwMDAsImRlbGV0ZSI6OTAwMDAwMDAwMDAwfSwic2NoZW1hX3ZlcnNpb24iOiIxIn0=",
          "dependencies": [
            "aws_subnet.private",
            "aws_vpc.main",
            "data.aws_availability_zones.available"
          ],
          "create_before_destroy": true
        }
      ]
    },
    {
      "mode": "managed",
      "type": "aws_security_group_rule",
      "name": "cluster_ingress_nodes",
      "provider": "provider[\"registry.terraform.io/hashicorp/aws\"]",
      "instances": [
        {
          "schema_version": 2,
          "attributes": {
            "cidr_blocks": null,
            "description": "Allow nodes to communicate with cluster API",
            "from_port": 443,
            "id": "sgrule-1455149539",
            "ipv6_cidr_blocks": null,
            "prefix_list_ids": null,
            "protocol": "tcp",
            "region": "us-east-1",
            "security_group_id": "sg-0c259e56580b6d55c",
            "security_group_rule_id": "sgr-02ad247d22762ce48",
            "self": false,
            "source_security_group_id": "sg-075f863a60d9f3cad",
            "timeouts": null,
            "to_port": 443,
            "type": "ingress"
          },
          "sensitive_attributes": [],
          "private": "eyJlMmJmYjczMC1lY2FhLTExZTYtOGY4OC0zNDM2M2JjN2M0YzAiOnsiY3JlYXRlIjozMDAwMDAwMDAwMDB9LCJzY2hlbWFfdmVyc2lvbiI6IjIifQ==",
          "dependencies": [
            "aws_security_group.eks_cluster",
            "aws_security_group.eks_nodes",
            "aws_vpc.main"
          ]
        }
      ]
    },
    {
      "mode": "managed",
      "type": "aws_sqs_queue",
      "name": "karpenter",
      "provider": "provider[\"registry.terraform.io/hashicorp/aws\"]",
      "instances": [
        {
          "schema_version": 0,
          "attributes": {
            "arn": "arn:aws:sqs:us-east-1:342597974367:karpenter-synth101912832",
            "content_based_deduplication": false,
            "deduplication_scope": "",
            "delay_seconds": 0,
            "fifo_queue": false,
            "fifo_throughput_limit": "",
            "id": "https://sqs.us-east-1.amazonaws.com/342597974367/karpenter-synth101912832",
            "kms_data_key_reuse_period_seconds": 300,
            "kms_master_key_id": "",
            "max_message_size": 262144,
            "message_retention_seconds": 300,
            "name": "karpenter-synth101912832",
            "name_prefix": "",
            "policy": "",
            "receive_wait_time_seconds": 0,
            "redrive_allow_policy": "",
            "redrive_policy": "",
            "region": "us-east-1",
            "sqs_managed_sse_enabled": true,
            "tags": {
              "Environment": "synth101912832",
              "ManagedBy": "terraform",
              "Name": "karpenter-queue-synth101912832",
              "TaskID": "101912832"
            },
            "tags_all": {
              "Author": "unknown",
              "Environment": "synth101912832",
              "ManagedBy": "terraform",
              "Name": "karpenter-queue-synth101912832",
              "PRNumber": "unknown",
              "Repository": "unknown",
              "TaskID": "101912832",
              "Team": "unknown"
            },
            "timeouts": null,
            "url": "https://sqs.us-east-1.amazonaws.com/342597974367/karpenter-synth101912832",
            "visibility_timeout_seconds": 30
          },
          "sensitive_attributes": [],
          "private": "eyJlMmJmYjczMC1lY2FhLTExZTYtOGY4OC0zNDM2M2JjN2M0YzAiOnsiY3JlYXRlIjoxODAwMDAwMDAwMDAsImRlbGV0ZSI6MTgwMDAwMDAwMDAwLCJ1cGRhdGUiOjE4MDAwMDAwMDAwMH19"
        }
      ]
    },
    {
      "mode": "managed",
      "type": "aws_sqs_queue_policy",
      "name": "karpenter",
      "provider": "provider[\"registry.terraform.io/hashicorp/aws\"]",
      "instances": [
        {
          "schema_version": 1,
          "attributes": {
            "id": "https://sqs.us-east-1.amazonaws.com/342597974367/karpenter-synth101912832",
            "policy": "{\"Statement\":[{\"Action\":\"sqs:SendMessage\",\"Effect\":\"Allow\",\"Principal\":{\"Service\":[\"events.amazonaws.com\",\"sqs.amazonaws.com\"]},\"Resource\":\"arn:aws:sqs:us-east-1:342597974367:karpenter-synth101912832\"}],\"Version\":\"2012-10-17\"}",
            "queue_url": "https://sqs.us-east-1.amazonaws.com/342597974367/karpenter-synth101912832",
            "region": "us-east-1"
          },
          "sensitive_attributes": [],
          "private": "eyJzY2hlbWFfdmVyc2lvbiI6IjEifQ==",
          "dependencies": [
            "aws_sqs_queue.karpenter"
          ]
        }
      ]
    },
    {
      "mode": "managed",
      "type": "aws_subnet",
      "name": "private",
      "provider": "provider[\"registry.terraform.io/hashicorp/aws\"]",
      "instances": [
        {
          "index_key": 0,
          "schema_version": 1,
          "attributes": {
            "arn": "arn:aws:ec2:us-east-1:342597974367:subnet/subnet-0dac6daa63a87d66e",
            "assign_ipv6_address_on_creation": false,
            "availability_zone": "us-east-1a",
            "availability_zone_id": "use1-az1",
            "cidr_block": "10.0.0.0/24",
            "customer_owned_ipv4_pool": "",
            "enable_dns64": false,
            "enable_lni_at_device_index": 0,
            "enable_resource_name_dns_a_record_on_launch": false,
            "enable_resource_name_dns_aaaa_record_on_launch": false,
            "id": "subnet-0dac6daa63a87d66e",
            "ipv6_cidr_block": "",
            "ipv6_cidr_block_association_id": "",
            "ipv6_native": false,
            "map_customer_owned_ip_on_launch": false,
            "map_public_ip_on_launch": false,
            "outpost_arn": "",
            "owner_id": "342597974367",
            "private_dns_hostname_type_on_launch": "ip-name",
            "region": "us-east-1",
            "tags": {
              "Environment": "production",
              "ManagedBy": "terraform",
              "Name": "eks-private-subnet-1-synth101912832",
              "TaskID": "101912832",
              "kubernetes.io/cluster/eks-cluster-synth101912832": "shared",
              "kubernetes.io/role/internal-elb": "1"
            },
            "tags_all": {
              "Author": "unknown",
              "Environment": "production",
              "ManagedBy": "terraform",
              "Name": "eks-private-subnet-1-synth101912832",
              "PRNumber": "unknown",
              "Repository": "unknown",
              "TaskID": "101912832",
              "Team": "unknown",
              "kubernetes.io/cluster/eks-cluster-synth101912832": "shared",
              "kubernetes.io/role/internal-elb": "1"
            },
            "timeouts": null,
            "vpc_id": "vpc-03b2a9cb0f3505b85"
          },
          "sensitive_attributes": [],
          "private": "eyJlMmJmYjczMC1lY2FhLTExZTYtOGY4OC0zNDM2M2JjN2M0YzAiOnsiY3JlYXRlIjo2MDAwMDAwMDAwMDAsImRlbGV0ZSI6MTIwMDAwMDAwMDAwMH0sInNjaGVtYV92ZXJzaW9uIjoiMSJ9",
          "dependencies": [
            "aws_vpc.main",
            "data.aws_availability_zones.available"
          ],
          "create_before_destroy": true
        },
        {
          "index_key": 1,
          "schema_version": 1,
          "attributes": {
            "arn": "arn:aws:ec2:us-east-1:342597974367:subnet/subnet-0f1cfb7e58449f573",
            "assign_ipv6_address_on_creation": false,
            "availability_zone": "us-east-1b",
            "availability_zone_id": "use1-az2",
            "cidr_block": "10.0.1.0/24",
            "customer_owned_ipv4_pool": "",
            "enable_dns64": false,
            "enable_lni_at_device_index": 0,
            "enable_resource_name_dns_a_record_on_launch": false,
            "enable_resource_name_dns_aaaa_record_on_launch": false,
            "id": "subnet-0f1cfb7e58449f573",
            "ipv6_cidr_block": "",
            "ipv6_cidr_block_association_id": "",
            "ipv6_native": false,
            "map_customer_owned_ip_on_launch": false,
            "map_public_ip_on_launch": false,
            "outpost_arn": "",
            "owner_id": "342597974367",
            "private_dns_hostname_type_on_launch": "ip-name",
            "region": "us-east-1",
            "tags": {
              "Environment": "production",
              "ManagedBy": "terraform",
              "Name": "eks-private-subnet-2-synth101912832",
              "TaskID": "101912832",
              "kubernetes.io/cluster/eks-cluster-synth101912832": "shared",
              "kubernetes.io/role/internal-elb": "1"
            },
            "tags_all": {
              "Author": "unknown",
              "Environment": "production",
              "ManagedBy": "terraform",
              "Name": "eks-private-subnet-2-synth101912832",
              "PRNumber": "unknown",
              "Repository": "unknown",
              "TaskID": "101912832",
              "Team": "unknown",
              "kubernetes.io/cluster/eks-cluster-synth101912832": "shared",
              "kubernetes.io/role/internal-elb": "1"
            },
            "timeouts": null,
            "vpc_id": "vpc-03b2a9cb0f3505b85"
          },
          "sensitive_attributes": [],
          "private": "eyJlMmJmYjczMC1lY2FhLTExZTYtOGY4OC0zNDM2M2JjN2M0YzAiOnsiY3JlYXRlIjo2MDAwMDAwMDAwMDAsImRlbGV0ZSI6MTIwMDAwMDAwMDAwMH0sInNjaGVtYV92ZXJzaW9uIjoiMSJ9",
          "dependencies": [
            "aws_vpc.main",
            "data.aws_availability_zones.available"
          ],
          "create_before_destroy": true
        },
        {
          "index_key": 2,
          "schema_version": 1,
          "attributes": {
            "arn": "arn:aws:ec2:us-east-1:342597974367:subnet/subnet-02cc9fd0d94894f57",
            "assign_ipv6_address_on_creation": false,
            "availability_zone": "us-east-1c",
            "availability_zone_id": "use1-az4",
            "cidr_block": "10.0.2.0/24",
            "customer_owned_ipv4_pool": "",
            "enable_dns64": false,
            "enable_lni_at_device_index": 0,
            "enable_resource_name_dns_a_record_on_launch": false,
            "enable_resource_name_dns_aaaa_record_on_launch": false,
            "id": "subnet-02cc9fd0d94894f57",
            "ipv6_cidr_block": "",
            "ipv6_cidr_block_association_id": "",
            "ipv6_native": false,
            "map_customer_owned_ip_on_launch": false,
            "map_public_ip_on_launch": false,
            "outpost_arn": "",
            "owner_id": "342597974367",
            "private_dns_hostname_type_on_launch": "ip-name",
            "region": "us-east-1",
            "tags": {
              "Environment": "production",
              "ManagedBy": "terraform",
              "Name": "eks-private-subnet-3-synth101912832",
              "TaskID": "101912832",
              "kubernetes.io/cluster/eks-cluster-synth101912832": "shared",
              "kubernetes.io/role/internal-elb": "1"
            },
            "tags_all": {
              "Author": "unknown",
              "Environment": "production",
              "ManagedBy": "terraform",
              "Name": "eks-private-subnet-3-synth101912832",
              "PRNumber": "unknown",
              "Repository": "unknown",
              "TaskID": "101912832",
              "Team": "unknown",
              "kubernetes.io/cluster/eks-cluster-synth101912832": "shared",
              "kubernetes.io/role/internal-elb": "1"
            },
            "timeouts": null,
            "vpc_id": "vpc-03b2a9cb0f3505b85"
          },
          "sensitive_attributes": [],
          "private": "eyJlMmJmYjczMC1lY2FhLTExZTYtOGY4OC0zNDM2M2JjN2M0YzAiOnsiY3JlYXRlIjo2MDAwMDAwMDAwMDAsImRlbGV0ZSI6MTIwMDAwMDAwMDAwMH0sInNjaGVtYV92ZXJzaW9uIjoiMSJ9",
          "dependencies": [
            "aws_vpc.main",
            "data.aws_availability_zones.available"
          ],
          "create_before_destroy": true
        }
      ]
    },
    {
      "mode": "managed",
      "type": "aws_subnet",
      "name": "public",
      "provider": "provider[\"registry.terraform.io/hashicorp/aws\"]",
      "instances": [
        {
          "index_key": 0,
          "schema_version": 1,
          "attributes": {
            "arn": "arn:aws:ec2:us-east-1:342597974367:subnet/subnet-098d23a0b21e54d59",
            "assign_ipv6_address_on_creation": false,
            "availability_zone": "us-east-1a",
            "availability_zone_id": "use1-az1",
            "cidr_block": "10.0.10.0/24",
            "customer_owned_ipv4_pool": "",
            "enable_dns64": false,
            "enable_lni_at_device_index": 0,
            "enable_resource_name_dns_a_record_on_launch": false,
            "enable_resource_name_dns_aaaa_record_on_launch": false,
            "id": "subnet-098d23a0b21e54d59",
            "ipv6_cidr_block": "",
            "ipv6_cidr_block_association_id": "",
            "ipv6_native": false,
            "map_customer_owned_ip_on_launch": false,
            "map_public_ip_on_launch": true,
            "outpost_arn": "",
            "owner_id": "342597974367",
            "private_dns_hostname_type_on_launch": "ip-name",
            "region": "us-east-1",
            "tags": {
              "Environment": "production",
              "ManagedBy": "terraform",
              "Name": "eks-public-subnet-1-synth101912832",
              "TaskID": "101912832",
              "kubernetes.io/cluster/eks-cluster-synth101912832": "shared",
              "kubernetes.io/role/elb": "1"
            },
            "tags_all": {
              "Author": "unknown",
              "Environment": "production",
              "ManagedBy": "terraform",
              "Name": "eks-public-subnet-1-synth101912832",
              "PRNumber": "unknown",
              "Repository": "unknown",
              "TaskID": "101912832",
              "Team": "unknown",
              "kubernetes.io/cluster/eks-cluster-synth101912832": "shared",
              "kubernetes.io/role/elb": "1"
            },
            "timeouts": null,
            "vpc_id": "vpc-03b2a9cb0f3505b85"
          },
          "sensitive_attributes": [],
          "private": "eyJlMmJmYjczMC1lY2FhLTExZTYtOGY4OC0zNDM2M2JjN2M0YzAiOnsiY3JlYXRlIjo2MDAwMDAwMDAwMDAsImRlbGV0ZSI6MTIwMDAwMDAwMDAwMH0sInNjaGVtYV92ZXJzaW9uIjoiMSJ9",
          "dependencies": [
            "aws_vpc.main",
            "data.aws_availability_zones.available"
          ]
        },
        {
          "index_key": 1,
          "schema_version": 1,
          "attributes": {
            "arn": "arn:aws:ec2:us-east-1:342597974367:subnet/subnet-0012c0703a277de86",
            "assign_ipv6_address_on_creation": false,
            "availability_zone": "us-east-1b",
            "availability_zone_id": "use1-az2",
            "cidr_block": "10.0.11.0/24",
            "customer_owned_ipv4_pool": "",
            "enable_dns64": false,
            "enable_lni_at_device_index": 0,
            "enable_resource_name_dns_a_record_on_launch": false,
            "enable_resource_name_dns_aaaa_record_on_launch": false,
            "id": "subnet-0012c0703a277de86",
            "ipv6_cidr_block": "",
            "ipv6_cidr_block_association_id": "",
            "ipv6_native": false,
            "map_customer_owned_ip_on_launch": false,
            "map_public_ip_on_launch": true,
            "outpost_arn": "",
            "owner_id": "342597974367",
            "private_dns_hostname_type_on_launch": "ip-name",
            "region": "us-east-1",
            "tags": {
              "Environment": "production",
              "ManagedBy": "terraform",
              "Name": "eks-public-subnet-2-synth101912832",
              "TaskID": "101912832",
              "kubernetes.io/cluster/eks-cluster-synth101912832": "shared",
              "kubernetes.io/role/elb": "1"
            },
            "tags_all": {
              "Author": "unknown",
              "Environment": "production",
              "ManagedBy": "terraform",
              "Name": "eks-public-subnet-2-synth101912832",
              "PRNumber": "unknown",
              "Repository": "unknown",
              "TaskID": "101912832",
              "Team": "unknown",
              "kubernetes.io/cluster/eks-cluster-synth101912832": "shared",
              "kubernetes.io/role/elb": "1"
            },
            "timeouts": null,
            "vpc_id": "vpc-03b2a9cb0f3505b85"
          },
          "sensitive_attributes": [],
          "private": "eyJlMmJmYjczMC1lY2FhLTExZTYtOGY4OC0zNDM2M2JjN2M0YzAiOnsiY3JlYXRlIjo2MDAwMDAwMDAwMDAsImRlbGV0ZSI6MTIwMDAwMDAwMDAwMH0sInNjaGVtYV92ZXJzaW9uIjoiMSJ9",
          "dependencies": [
            "aws_vpc.main",
            "data.aws_availability_zones.available"
          ]
        },
        {
          "index_key": 2,
          "schema_version": 1,
          "attributes": {
            "arn": "arn:aws:ec2:us-east-1:342597974367:subnet/subnet-0f2635b3a19ee88ea",
            "assign_ipv6_address_on_creation": false,
            "availability_zone": "us-east-1c",
            "availability_zone_id": "use1-az4",
            "cidr_block": "10.0.12.0/24",
            "customer_owned_ipv4_pool": "",
            "enable_dns64": false,
            "enable_lni_at_device_index": 0,
            "enable_resource_name_dns_a_record_on_launch": false,
            "enable_resource_name_dns_aaaa_record_on_launch": false,
            "id": "subnet-0f2635b3a19ee88ea",
            "ipv6_cidr_block": "",
            "ipv6_cidr_block_association_id": "",
            "ipv6_native": false,
            "map_customer_owned_ip_on_launch": false,
            "map_public_ip_on_launch": true,
            "outpost_arn": "",
            "owner_id": "342597974367",
            "private_dns_hostname_type_on_launch": "ip-name",
            "region": "us-east-1",
            "tags": {
              "Environment": "production",
              "ManagedBy": "terraform",
              "Name": "eks-public-subnet-3-synth101912832",
              "TaskID": "101912832",
              "kubernetes.io/cluster/eks-cluster-synth101912832": "shared",
              "kubernetes.io/role/elb": "1"
            },
            "tags_all": {
              "Author": "unknown",
              "Environment": "production",
              "ManagedBy": "terraform",
              "Name": "eks-public-subnet-3-synth101912832",
              "PRNumber": "unknown",
              "Repository": "unknown",
              "TaskID": "101912832",
              "Team": "unknown",
              "kubernetes.io/cluster/eks-cluster-synth101912832": "shared",
              "kubernetes.io/role/elb": "1"
            },
            "timeouts": null,
            "vpc_id": "vpc-03b2a9cb0f3505b85"
          },
          "sensitive_attributes": [],
          "private": "eyJlMmJmYjczMC1lY2FhLTExZTYtOGY4OC0zNDM2M2JjN2M0YzAiOnsiY3JlYXRlIjo2MDAwMDAwMDAwMDAsImRlbGV0ZSI6MTIwMDAwMDAwMDAwMH0sInNjaGVtYV92ZXJzaW9uIjoiMSJ9",
          "dependencies": [
            "aws_vpc.main",
            "data.aws_availability_zones.available"
          ]
        }
      ]
    },
    {
      "mode": "managed",
      "type": "aws_vpc",
      "name": "main",
      "provider": "provider[\"registry.terraform.io/hashicorp/aws\"]",
      "instances": [
        {
          "schema_version": 1,
          "attributes": {
            "arn": "arn:aws:ec2:us-east-1:342597974367:vpc/vpc-03b2a9cb0f3505b85",
            "assign_generated_ipv6_cidr_block": false,
            "cidr_block": "10.0.0.0/16",
            "default_network_acl_id": "acl-056da7c6738bc5af5",
            "default_route_table_id": "rtb-0de9dd288174f5e9d",
            "default_security_group_id": "sg-024e84d238a20007d",
            "dhcp_options_id": "dopt-096ea572b45cebc14",
            "enable_dns_hostnames": true,
            "enable_dns_support": true,
            "enable_network_address_usage_metrics": false,
            "id": "vpc-03b2a9cb0f3505b85",
            "instance_tenancy": "default",
            "ipv4_ipam_pool_id": null,
            "ipv4_netmask_length": null,
            "ipv6_association_id": "",
            "ipv6_cidr_block": "",
            "ipv6_cidr_block_network_border_group": "",
            "ipv6_ipam_pool_id": "",
            "ipv6_netmask_length": 0,
            "main_route_table_id": "rtb-0de9dd288174f5e9d",
            "owner_id": "342597974367",
            "region": "us-east-1",
            "tags": {
              "Environment": "production",
              "ManagedBy": "terraform",
              "Name": "eks-vpc-synth101912832",
              "TaskID": "101912832",
              "kubernetes.io/cluster/eks-cluster-synth101912832": "shared"
            },
            "tags_all": {
              "Author": "unknown",
              "Environment": "production",
              "ManagedBy": "terraform",
              "Name": "eks-vpc-synth101912832",
              "PRNumber": "unknown",
              "Repository": "unknown",
              "TaskID": "101912832",
              "Team": "unknown",
              "kubernetes.io/cluster/eks-cluster-synth101912832": "shared"
            }
          },
          "sensitive_attributes": [],
          "private": "eyJzY2hlbWFfdmVyc2lvbiI6IjEifQ==",
          "create_before_destroy": true
        }
      ]
    }
  ],
  "check_results": null
}
