{
  "version": 4,
  "terraform_version": "1.11.2",
  "serial": 6,
  "lineage": "c44f799a-ce49-d8ef-207a-7c66bfb28be8",
  "outputs": {
    "terraform_state_bucket_arn": {
      "value": "arn:aws:s3:::tap-stack-terraform-state-1d25e325c0ebf3b2",
      "type": "string"
    },
    "terraform_state_bucket_name": {
      "value": "tap-stack-terraform-state-1d25e325c0ebf3b2",
      "type": "string"
    },
    "terraform_state_kms_key_alias": {
      "value": "alias/tap-stack-terraform-state-1d25e325c0ebf3b2",
      "type": "string"
    },
    "terraform_state_kms_key_arn": {
      "value": "arn:aws:kms:us-west-2:718240086340:key/fae25776-13df-4c80-a152-ea6bdf4e9266",
      "type": "string"
    },
    "terraform_state_lock_table_name": {
      "value": "tap-stack-terraform-state-lock",
      "type": "string"
    }
  },
  "resources": [
    {
      "mode": "data",
      "type": "aws_caller_identity",
      "name": "current",
      "provider": "provider[\"registry.terraform.io/hashicorp/aws\"]",
      "instances": [
        {
          "schema_version": 0,
          "attributes": {
            "account_id": "718240086340",
            "arn": "arn:aws:iam::718240086340:user/sadaf-jamal-au27",
            "id": "718240086340",
            "user_id": "AIDA2OOTR7FCLRXE6H35S"
          },
          "sensitive_attributes": []
        }
      ]
    },
    {
      "mode": "managed",
      "type": "aws_kms_alias",
      "name": "terraform_state",
      "provider": "provider[\"registry.terraform.io/hashicorp/aws\"]",
      "instances": [
        {
          "schema_version": 0,
          "attributes": {
            "arn": "arn:aws:kms:us-west-2:718240086340:alias/tap-stack-terraform-state-1d25e325c0ebf3b2",
            "id": "alias/tap-stack-terraform-state-1d25e325c0ebf3b2",
            "name": "alias/tap-stack-terraform-state-1d25e325c0ebf3b2",
            "name_prefix": "",
            "target_key_arn": "arn:aws:kms:us-west-2:718240086340:key/fae25776-13df-4c80-a152-ea6bdf4e9266",
            "target_key_id": "fae25776-13df-4c80-a152-ea6bdf4e9266"
          },
          "sensitive_attributes": [],
          "private": "bnVsbA==",
          "dependencies": [
            "aws_kms_key.terraform_state",
            "data.aws_caller_identity.current",
            "random_id.backend_suffix"
          ]
        }
      ]
    },
    {
      "mode": "managed",
      "type": "aws_kms_key",
      "name": "terraform_state",
      "provider": "provider[\"registry.terraform.io/hashicorp/aws\"]",
      "instances": [
        {
          "schema_version": 0,
          "attributes": {
            "arn": "arn:aws:kms:us-west-2:718240086340:key/fae25776-13df-4c80-a152-ea6bdf4e9266",
            "bypass_policy_lockout_safety_check": false,
            "custom_key_store_id": "",
            "customer_master_key_spec": "SYMMETRIC_DEFAULT",
            "deletion_window_in_days": 7,
            "description": "KMS key for Terraform state encryption",
            "enable_key_rotation": true,
            "id": "fae25776-13df-4c80-a152-ea6bdf4e9266",
            "is_enabled": true,
            "key_id": "fae25776-13df-4c80-a152-ea6bdf4e9266",
            "key_usage": "ENCRYPT_DECRYPT",
            "multi_region": false,
            "policy": "{\"Statement\":[{\"Action\":\"kms:*\",\"Effect\":\"Allow\",\"Principal\":{\"AWS\":\"arn:aws:iam::718240086340:root\"},\"Resource\":\"*\",\"Sid\":\"EnableIAMUserPermissions\"},{\"Action\":[\"kms:Encrypt\",\"kms:Decrypt\",\"kms:ReEncrypt*\",\"kms:GenerateDataKey*\",\"kms:DescribeKey\"],\"Effect\":\"Allow\",\"Principal\":{\"Service\":\"s3.amazonaws.com\"},\"Resource\":\"*\",\"Sid\":\"AllowTerraformBackend\"}],\"Version\":\"2012-10-17\"}",
            "rotation_period_in_days": 365,
            "tags": {
              "Environment": "production",
              "ManagedBy": "terraform",
              "Name": "tap-stack-terraform-state-key",
              "Project": "tap-stack",
              "cost-center": "1234"
            },
            "tags_all": {
              "Environment": "production",
              "ManagedBy": "terraform",
              "Name": "tap-stack-terraform-state-key",
              "Project": "tap-stack",
              "cost-center": "1234"
            },
            "timeouts": null,
            "xks_key_id": ""
          },
          "sensitive_attributes": [],
          "private": "eyJlMmJmYjczMC1lY2FhLTExZTYtOGY4OC0zNDM2M2JjN2M0YzAiOnsiY3JlYXRlIjoxMjAwMDAwMDAwMDB9fQ==",
          "dependencies": [
            "data.aws_caller_identity.current"
          ]
        }
      ]
    },
    {
      "mode": "managed",
      "type": "aws_s3_bucket",
      "name": "terraform_state",
      "provider": "provider[\"registry.terraform.io/hashicorp/aws\"]",
      "instances": [
        {
          "schema_version": 0,
          "attributes": {
            "acceleration_status": "",
            "acl": null,
            "arn": "arn:aws:s3:::tap-stack-terraform-state-1d25e325c0ebf3b2",
            "bucket": "tap-stack-terraform-state-1d25e325c0ebf3b2",
            "bucket_domain_name": "tap-stack-terraform-state-1d25e325c0ebf3b2.s3.amazonaws.com",
            "bucket_prefix": "",
            "bucket_regional_domain_name": "tap-stack-terraform-state-1d25e325c0ebf3b2.s3.us-west-2.amazonaws.com",
            "cors_rule": [],
            "force_destroy": false,
            "grant": [
              {
                "id": "d8a58e48e926d80bcae2770b980bdafb0c8d4cb96c8b75742c6717edbb79aad1",
                "permissions": [
                  "FULL_CONTROL"
                ],
                "type": "CanonicalUser",
                "uri": ""
              }
            ],
            "hosted_zone_id": "Z3BJ6K6RIION7M",
            "id": "tap-stack-terraform-state-1d25e325c0ebf3b2",
            "lifecycle_rule": [],
            "logging": [],
            "object_lock_configuration": [],
            "object_lock_enabled": false,
            "policy": "",
            "region": "us-west-2",
            "replication_configuration": [],
            "request_payer": "BucketOwner",
            "server_side_encryption_configuration": [
              {
                "rule": [
                  {
                    "apply_server_side_encryption_by_default": [
                      {
                        "kms_master_key_id": "",
                        "sse_algorithm": "AES256"
                      }
                    ],
                    "bucket_key_enabled": false
                  }
                ]
              }
            ],
            "tags": {
              "Description": "S3 bucket for storing Terraform state",
              "Environment": "production",
              "ManagedBy": "terraform",
              "Name": "tap-stack-terraform-state",
              "Project": "tap-stack",
              "Purpose": "TerraformBackend",
              "cost-center": "1234"
            },
            "tags_all": {
              "Description": "S3 bucket for storing Terraform state",
              "Environment": "production",
              "ManagedBy": "terraform",
              "Name": "tap-stack-terraform-state",
              "Project": "tap-stack",
              "Purpose": "TerraformBackend",
              "cost-center": "1234"
            },
            "timeouts": null,
            "versioning": [
              {
                "enabled": false,
                "mfa_delete": false
              }
            ],
            "website": [],
            "website_domain": null,
            "website_endpoint": null
          },
          "sensitive_attributes": [],
          "private": "eyJlMmJmYjczMC1lY2FhLTExZTYtOGY4OC0zNDM2M2JjN2M0YzAiOnsiY3JlYXRlIjoxMjAwMDAwMDAwMDAwLCJkZWxldGUiOjM2MDAwMDAwMDAwMDAsInJlYWQiOjEyMDAwMDAwMDAwMDAsInVwZGF0ZSI6MTIwMDAwMDAwMDAwMH19",
          "dependencies": [
            "random_id.backend_suffix"
          ]
        }
      ]
    },
    {
      "mode": "managed",
      "type": "random_id",
      "name": "backend_suffix",
      "provider": "provider[\"registry.terraform.io/hashicorp/random\"]",
      "instances": [
        {
          "schema_version": 0,
          "attributes": {
            "b64_std": "HSXjJcDr87I=",
            "b64_url": "HSXjJcDr87I",
            "byte_length": 8,
            "dec": "2100334552528188338",
            "hex": "1d25e325c0ebf3b2",
            "id": "HSXjJcDr87I",
            "keepers": null,
            "prefix": null
          },
          "sensitive_attributes": []
        }
      ]
    }
  ],
  "check_results": null
}
