{
  "version": 4,
  "terraform_version": "1.6.6",
  "serial": 37,
  "lineage": "ed96f025-a652-5c1c-5247-af6adc6d06bb",
  "outputs": {
    "dynamodb_table_primary": {
      "value": "TapStack-staging-us-east-1",
      "type": "string"
    },
    "dynamodb_table_secondary": {
      "value": "TapStack-staging-us-west-2",
      "type": "string"
    },
    "kms_key_id": {
      "value": "929f3f4b-2300-4568-be94-eafce1b671a6",
      "type": "string"
    },
    "primary_alb_dns": {
      "value": "TapStack-staging-us-east-1.elb.localhost.localstack.cloud",
      "type": "string"
    },
    "rds_endpoint": {
      "value": "localhost.localstack.cloud:4521",
      "type": "string",
      "sensitive": true
    },
    "s3_logs_bucket": {
      "value": "tapstack-staging-us-east-1-logs-f6804972",
      "type": "string"
    },
    "secondary_alb_dns": {
      "value": "TapStack-staging-us-west-2.elb.localhost.localstack.cloud",
      "type": "string"
    }
  },
  "resources": [
    {
      "mode": "data",
      "type": "aws_ami",
      "name": "amazon_linux",
      "provider": "provider[\"registry.terraform.io/hashicorp/aws\"]",
      "instances": [
        {
          "schema_version": 0,
          "attributes": {
            "allow_unsafe_filter": null,
            "architecture": "x86_64",
            "arn": "arn:aws:ec2:us-east-1::image/ami-04681a1dbd79675a5",
            "block_device_mappings": [
              {
                "device_name": "/dev/xvda",
                "ebs": {
                  "delete_on_termination": "false",
                  "encrypted": "false",
                  "iops": "0",
                  "snapshot_id": "snap-f6db4068a7e6ed14c",
                  "throughput": "0",
                  "volume_initialization_rate": "0",
                  "volume_size": "15",
                  "volume_type": "standard"
                },
                "no_device": "",
                "virtual_name": ""
              }
            ],
            "boot_mode": "uefi",
            "creation_date": "2025-12-24T03:25:49.000Z",
            "deprecation_time": "",
            "description": "Amazon Linux 2 AMI 2.0.20180810 x86_64 HVM gp2",
            "ena_support": false,
            "executable_users": null,
            "filter": [
              {
                "name": "name",
                "values": [
                  "amzn2-ami-hvm-*-x86_64-gp2"
                ]
              }
            ],
            "hypervisor": "xen",
            "id": "ami-04681a1dbd79675a5",
            "image_id": "ami-04681a1dbd79675a5",
            "image_location": "amazon/amzn2-ami-hvm-2.0.20180810-x86_64-gp2",
            "image_owner_alias": "amazon",
            "image_type": "machine",
            "imds_support": "",
            "include_deprecated": false,
            "kernel_id": "",
            "last_launched_time": "",
            "most_recent": true,
            "name": "amzn2-ami-hvm-2.0.20180810-x86_64-gp2",
            "name_regex": null,
            "owner_id": "137112412989",
            "owners": [
              "amazon"
            ],
            "platform": "Linux/UNIX",
            "platform_details": "",
            "product_codes": [],
            "public": true,
            "ramdisk_id": "",
            "region": "us-east-1",
            "root_device_name": "/dev/xvda",
            "root_device_type": "ebs",
            "root_snapshot_id": "snap-f6db4068a7e6ed14c",
            "sriov_net_support": "",
            "state": "available",
            "state_reason": {
              "code": "UNSET",
              "message": "UNSET"
            },
            "tags": {},
            "timeouts": null,
            "tpm_support": "",
            "uefi_data": null,
            "usage_operation": "",
            "virtualization_type": "hvm"
          },
          "sensitive_attributes": []
        }
      ]
    },
    {
      "mode": "data",
      "type": "aws_ami",
      "name": "amazon_linux_secondary",
      "provider": "provider[\"registry.terraform.io/hashicorp/aws\"].secondary",
      "instances": [
        {
          "schema_version": 0,
          "attributes": {
            "allow_unsafe_filter": null,
            "architecture": "x86_64",
            "arn": "arn:aws:ec2:us-west-2::image/ami-04681a1dbd79675a5",
            "block_device_mappings": [
              {
                "device_name": "/dev/xvda",
                "ebs": {
                  "delete_on_termination": "false",
                  "encrypted": "false",
                  "iops": "0",
                  "snapshot_id": "snap-11d49edaf49087720",
                  "throughput": "0",
                  "volume_initialization_rate": "0",
                  "volume_size": "15",
                  "volume_type": "standard"
                },
                "no_device": "",
                "virtual_name": ""
              }
            ],
            "boot_mode": "uefi",
            "creation_date": "2025-12-24T03:27:38.000Z",
            "deprecation_time": "",
            "description": "Amazon Linux 2 AMI 2.0.20180810 x86_64 HVM gp2",
            "ena_support": false,
            "executable_users": null,
            "filter": [
              {
                "name": "name",
                "values": [
                  "amzn2-ami-hvm-*-x86_64-gp2"
                ]
              }
            ],
            "hypervisor": "xen",
            "id": "ami-04681a1dbd79675a5",
            "image_id": "ami-04681a1dbd79675a5",
            "image_location": "amazon/amzn2-ami-hvm-2.0.20180810-x86_64-gp2",
            "image_owner_alias": "amazon",
            "image_type": "machine",
            "imds_support": "",
            "include_deprecated": false,
            "kernel_id": "",
            "last_launched_time": "",
            "most_recent": true,
            "name": "amzn2-ami-hvm-2.0.20180810-x86_64-gp2",
            "name_regex": null,
            "owner_id": "137112412989",
            "owners": [
              "amazon"
            ],
            "platform": "Linux/UNIX",
            "platform_details": "",
            "product_codes": [],
            "public": true,
            "ramdisk_id": "",
            "region": "us-west-2",
            "root_device_name": "/dev/xvda",
            "root_device_type": "ebs",
            "root_snapshot_id": "snap-11d49edaf49087720",
            "sriov_net_support": "",
            "state": "available",
            "state_reason": {
              "code": "UNSET",
              "message": "UNSET"
            },
            "tags": {},
            "timeouts": null,
            "tpm_support": "",
            "uefi_data": null,
            "usage_operation": "",
            "virtualization_type": "hvm"
          },
          "sensitive_attributes": []
        }
      ]
    },
    {
      "mode": "data",
      "type": "aws_elb_service_account",
      "name": "main",
      "provider": "provider[\"registry.terraform.io/hashicorp/aws\"]",
      "instances": [
        {
          "schema_version": 0,
          "attributes": {
            "arn": "arn:aws:iam::127311923021:root",
            "id": "127311923021",
            "region": "us-east-1"
          },
          "sensitive_attributes": []
        }
      ]
    },
    {
      "mode": "data",
      "type": "aws_subnets",
      "name": "primary",
      "provider": "provider[\"registry.terraform.io/hashicorp/aws\"]",
      "instances": [
        {
          "schema_version": 0,
          "attributes": {
            "filter": [
              {
                "name": "vpc-id",
                "values": [
                  "vpc-b058746897c69e505"
                ]
              }
            ],
            "id": "us-east-1",
            "ids": [
              "subnet-0d8c7ba3b54de3d2e",
              "subnet-b00259efd276f8f55",
              "subnet-41c6bf9b37d1f0888",
              "subnet-5afcb8d2dc06d2034",
              "subnet-a897a87222799dacc",
              "subnet-28bff54fe8e61b0b3"
            ],
            "region": "us-east-1",
            "tags": null,
            "timeouts": null
          },
          "sensitive_attributes": []
        }
      ]
    },
    {
      "mode": "data",
      "type": "aws_subnets",
      "name": "secondary",
      "provider": "provider[\"registry.terraform.io/hashicorp/aws\"].secondary",
      "instances": [
        {
          "schema_version": 0,
          "attributes": {
            "filter": [
              {
                "name": "vpc-id",
                "values": [
                  "vpc-3a77a77fc6fad5f00"
                ]
              }
            ],
            "id": "us-west-2",
            "ids": [
              "subnet-d2d0f01bb332c4f10",
              "subnet-ebe76cf3c9258f427",
              "subnet-f0dbdad73c7bce68f",
              "subnet-11215833402b057a5"
            ],
            "region": "us-west-2",
            "tags": null,
            "timeouts": null
          },
          "sensitive_attributes": []
        }
      ]
    },
    {
      "mode": "data",
      "type": "aws_vpc",
      "name": "primary",
      "provider": "provider[\"registry.terraform.io/hashicorp/aws\"]",
      "instances": [
        {
          "schema_version": 0,
          "attributes": {
            "arn": "arn:aws:ec2:us-east-1:000000000000:vpc/vpc-b058746897c69e505",
            "cidr_block": "172.31.0.0/16",
            "cidr_block_associations": [
              {
                "association_id": "vpc-cidr-assoc-bccaf76b776f06035",
                "cidr_block": "172.31.0.0/16",
                "state": "associated"
              }
            ],
            "default": true,
            "dhcp_options_id": "default",
            "enable_dns_hostnames": true,
            "enable_dns_support": true,
            "enable_network_address_usage_metrics": false,
            "filter": null,
            "id": "vpc-b058746897c69e505",
            "instance_tenancy": "default",
            "ipv6_association_id": "",
            "ipv6_cidr_block": "",
            "main_route_table_id": "rtb-2d1032f21603f4c33",
            "owner_id": "000000000000",
            "region": "us-east-1",
            "state": null,
            "tags": {},
            "timeouts": null
          },
          "sensitive_attributes": []
        }
      ]
    },
    {
      "mode": "data",
      "type": "aws_vpc",
      "name": "secondary",
      "provider": "provider[\"registry.terraform.io/hashicorp/aws\"].secondary",
      "instances": [
        {
          "schema_version": 0,
          "attributes": {
            "arn": "arn:aws:ec2:us-west-2:000000000000:vpc/vpc-3a77a77fc6fad5f00",
            "cidr_block": "172.31.0.0/16",
            "cidr_block_associations": [
              {
                "association_id": "vpc-cidr-assoc-db604326bed8e5c7c",
                "cidr_block": "172.31.0.0/16",
                "state": "associated"
              }
            ],
            "default": true,
            "dhcp_options_id": "default",
            "enable_dns_hostnames": true,
            "enable_dns_support": true,
            "enable_network_address_usage_metrics": false,
            "filter": null,
            "id": "vpc-3a77a77fc6fad5f00",
            "instance_tenancy": "default",
            "ipv6_association_id": "",
            "ipv6_cidr_block": "",
            "main_route_table_id": "rtb-a68d060f783efe481",
            "owner_id": "000000000000",
            "region": "us-west-2",
            "state": null,
            "tags": {},
            "timeouts": null
          },
          "sensitive_attributes": []
        }
      ]
    },
    {
      "mode": "managed",
      "type": "aws_autoscaling_group",
      "name": "main",
      "provider": "provider[\"registry.terraform.io/hashicorp/aws\"]",
      "instances": [
        {
          "schema_version": 1,
          "attributes": {
            "arn": "arn:aws:autoscaling:us-east-1:000000000000:autoScalingGroup:6cc7f4ad-c53e-411e-a1f4-da7b58b08bf7:autoScalingGroupName/TapStack-staging-us-east-1",
            "availability_zone_distribution": [
              {
                "capacity_distribution_strategy": null
              }
            ],
            "availability_zones": [
              "us-east-1a",
              "us-east-1b",
              "us-east-1c",
              "us-east-1d",
              "us-east-1e",
              "us-east-1f"
            ],
            "capacity_rebalance": false,
            "capacity_reservation_specification": [
              {
                "capacity_reservation_preference": null,
                "capacity_reservation_target": null
              }
            ],
            "context": "",
            "default_cooldown": 300,
            "default_instance_warmup": 0,
            "desired_capacity": 1,
            "desired_capacity_type": "",
            "enabled_metrics": null,
            "force_delete": false,
            "force_delete_warm_pool": false,
            "health_check_grace_period": 300,
            "health_check_type": "ELB",
            "id": "TapStack-staging-us-east-1",
            "ignore_failed_scaling_activities": false,
            "initial_lifecycle_hook": [],
            "instance_maintenance_policy": [],
            "instance_refresh": [],
            "launch_configuration": "",
            "launch_template": [
              {
                "id": "lt-577af89b75bc84390",
                "name": "TapStack-staging-us-east-1-20251224042448791100000006",
                "version": "$Latest"
              }
            ],
            "load_balancers": [],
            "max_instance_lifetime": 0,
            "max_size": 3,
            "metrics_granularity": "1Minute",
            "min_elb_capacity": null,
            "min_size": 1,
            "mixed_instances_policy": [],
            "name": "TapStack-staging-us-east-1",
            "name_prefix": "",
            "placement_group": "",
            "predicted_capacity": 0,
            "protect_from_scale_in": false,
            "region": "us-east-1",
            "service_linked_role_arn": "arn:aws:iam::000000000000:role/aws-service-role/autoscaling.amazonaws.com/AWSServiceRoleForAutoScaling",
            "suspended_processes": null,
            "tag": [
              {
                "key": "Environment",
                "propagate_at_launch": true,
                "value": "staging"
              },
              {
                "key": "Name",
                "propagate_at_launch": true,
                "value": "TapStack-staging-us-east-1"
              },
              {
                "key": "Owner",
                "propagate_at_launch": true,
                "value": "terraform"
              },
              {
                "key": "Project",
                "propagate_at_launch": true,
                "value": "TapStack"
              }
            ],
            "target_group_arns": [
              "arn:aws:elasticloadbalancing:us-east-1:000000000000:targetgroup/TapStack-staging-us-east-1/51f8069d7bcb874c"
            ],
            "termination_policies": null,
            "timeouts": null,
            "traffic_source": [],
            "vpc_zone_identifier": [
              "subnet-0d8c7ba3b54de3d2e",
              "subnet-28bff54fe8e61b0b3",
              "subnet-41c6bf9b37d1f0888",
              "subnet-5afcb8d2dc06d2034",
              "subnet-a897a87222799dacc",
              "subnet-b00259efd276f8f55"
            ],
            "wait_for_capacity_timeout": "10m",
            "wait_for_elb_capacity": null,
            "warm_pool": [],
            "warm_pool_size": 0
          },
          "sensitive_attributes": [],
          "private": "eyJlMmJmYjczMC1lY2FhLTExZTYtOGY4OC0zNDM2M2JjN2M0YzAiOnsiZGVsZXRlIjo2MDAwMDAwMDAwMDAsInVwZGF0ZSI6NjAwMDAwMDAwMDAwfSwic2NoZW1hX3ZlcnNpb24iOiIxIn0=",
          "dependencies": [
            "aws_iam_instance_profile.ec2_profile",
            "aws_iam_role.ec2_role",
            "aws_launch_template.app",
            "aws_lb_target_group.main",
            "aws_security_group.alb",
            "aws_security_group.app",
            "data.aws_ami.amazon_linux",
            "data.aws_subnets.primary",
            "data.aws_vpc.primary"
          ]
        }
      ]
    },
    {
      "mode": "managed",
      "type": "aws_autoscaling_group",
      "name": "secondary",
      "provider": "provider[\"registry.terraform.io/hashicorp/aws\"].secondary",
      "instances": [
        {
          "schema_version": 1,
          "attributes": {
            "arn": "arn:aws:autoscaling:us-west-2:000000000000:autoScalingGroup:0d49bc83-79dc-4c87-8740-1470e3e2eefe:autoScalingGroupName/TapStack-staging-us-west-2",
            "availability_zone_distribution": [
              {
                "capacity_distribution_strategy": null
              }
            ],
            "availability_zones": [
              "us-west-2a",
              "us-west-2b",
              "us-west-2c",
              "us-west-2d"
            ],
            "capacity_rebalance": false,
            "capacity_reservation_specification": [
              {
                "capacity_reservation_preference": null,
                "capacity_reservation_target": null
              }
            ],
            "context": "",
            "default_cooldown": 300,
            "default_instance_warmup": 0,
            "desired_capacity": 1,
            "desired_capacity_type": "",
            "enabled_metrics": null,
            "force_delete": false,
            "force_delete_warm_pool": false,
            "health_check_grace_period": 300,
            "health_check_type": "ELB",
            "id": "TapStack-staging-us-west-2",
            "ignore_failed_scaling_activities": false,
            "initial_lifecycle_hook": [],
            "instance_maintenance_policy": [],
            "instance_refresh": [],
            "launch_configuration": "",
            "launch_template": [
              {
                "id": "lt-9950ae2d908a27a6b",
                "name": "TapStack-staging-us-west-2-20251224042452192700000003",
                "version": "$Latest"
              }
            ],
            "load_balancers": [],
            "max_instance_lifetime": 0,
            "max_size": 3,
            "metrics_granularity": "1Minute",
            "min_elb_capacity": null,
            "min_size": 1,
            "mixed_instances_policy": [],
            "name": "TapStack-staging-us-west-2",
            "name_prefix": "",
            "placement_group": "",
            "predicted_capacity": 0,
            "protect_from_scale_in": false,
            "region": "us-west-2",
            "service_linked_role_arn": "arn:aws:iam::000000000000:role/aws-service-role/autoscaling.amazonaws.com/AWSServiceRoleForAutoScaling",
            "suspended_processes": null,
            "tag": [
              {
                "key": "Environment",
                "propagate_at_launch": true,
                "value": "staging"
              },
              {
                "key": "Name",
                "propagate_at_launch": true,
                "value": "TapStack-staging-us-west-2"
              },
              {
                "key": "Owner",
                "propagate_at_launch": true,
                "value": "terraform"
              },
              {
                "key": "Project",
                "propagate_at_launch": true,
                "value": "TapStack"
              }
            ],
            "target_group_arns": [
              "arn:aws:elasticloadbalancing:us-west-2:000000000000:targetgroup/TapStack-staging-us-west-2/2fa1f2b9a165efb5"
            ],
            "termination_policies": null,
            "timeouts": null,
            "traffic_source": [],
            "vpc_zone_identifier": [
              "subnet-11215833402b057a5",
              "subnet-d2d0f01bb332c4f10",
              "subnet-ebe76cf3c9258f427",
              "subnet-f0dbdad73c7bce68f"
            ],
            "wait_for_capacity_timeout": "10m",
            "wait_for_elb_capacity": null,
            "warm_pool": [],
            "warm_pool_size": 0
          },
          "sensitive_attributes": [],
          "private": "eyJlMmJmYjczMC1lY2FhLTExZTYtOGY4OC0zNDM2M2JjN2M0YzAiOnsiZGVsZXRlIjo2MDAwMDAwMDAwMDAsInVwZGF0ZSI6NjAwMDAwMDAwMDAwfSwic2NoZW1hX3ZlcnNpb24iOiIxIn0=",
          "dependencies": [
            "aws_launch_template.app_secondary",
            "aws_lb_target_group.secondary",
            "aws_security_group.alb_secondary",
            "aws_security_group.app_secondary",
            "data.aws_ami.amazon_linux_secondary",
            "data.aws_subnets.secondary",
            "data.aws_vpc.secondary"
          ]
        }
      ]
    },
    {
      "mode": "managed",
      "type": "aws_db_instance",
      "name": "main",
      "provider": "provider[\"registry.terraform.io/hashicorp/aws\"]",
      "instances": [
        {
          "schema_version": 2,
          "attributes": {
            "address": "localhost.localstack.cloud",
            "allocated_storage": 20,
            "allow_major_version_upgrade": null,
            "apply_immediately": false,
            "arn": "arn:aws:rds:us-east-1:000000000000:db:tapstack-staging-us-east-1",
            "auto_minor_version_upgrade": true,
            "availability_zone": "us-east-1a",
            "backup_retention_period": 7,
            "backup_target": "",
            "backup_window": "03:00-04:00",
            "blue_green_update": [],
            "ca_cert_identifier": "",
            "character_set_name": "",
            "copy_tags_to_snapshot": false,
            "custom_iam_instance_profile": "",
            "customer_owned_ip_enabled": false,
            "database_insights_mode": "",
            "db_name": "tapstack",
            "db_subnet_group_name": "tapstack-staging-us-east-1",
            "dedicated_log_volume": false,
            "delete_automated_backups": true,
            "deletion_protection": false,
            "domain": "",
            "domain_auth_secret_arn": "",
            "domain_dns_ips": null,
            "domain_fqdn": "",
            "domain_iam_role_name": "",
            "domain_ou": "",
            "enabled_cloudwatch_logs_exports": null,
            "endpoint": "localhost.localstack.cloud:4521",
            "engine": "mysql",
            "engine_lifecycle_support": "",
            "engine_version": "8.0",
            "engine_version_actual": "8.0",
            "final_snapshot_identifier": null,
            "hosted_zone_id": "",
            "iam_database_authentication_enabled": false,
            "id": "db-20926955",
            "identifier": "tapstack-staging-us-east-1",
            "identifier_prefix": "",
            "instance_class": "db.t3.micro",
            "iops": 0,
            "kms_key_id": "arn:aws:kms:us-east-1:000000000000:key/929f3f4b-2300-4568-be94-eafce1b671a6",
            "latest_restorable_time": "",
            "license_model": "general-public-license",
            "listener_endpoint": [],
            "maintenance_window": "sun:04:00-sun:05:00",
            "manage_master_user_password": null,
            "master_user_secret": [],
            "master_user_secret_kms_key_id": null,
            "max_allocated_storage": 0,
            "monitoring_interval": 0,
            "monitoring_role_arn": "",
            "multi_az": false,
            "nchar_character_set_name": "",
            "network_type": "",
            "option_group_name": "default.mysql5.6",
            "parameter_group_name": "",
            "password": "(x[7tYD}Xo_HzDak",
            "password_wo": null,
            "password_wo_version": null,
            "performance_insights_enabled": false,
            "performance_insights_kms_key_id": "",
            "performance_insights_retention_period": 0,
            "port": 4521,
            "publicly_accessible": false,
            "region": "us-east-1",
            "replica_mode": "",
            "replicas": [],
            "replicate_source_db": "",
            "resource_id": "db-20926955",
            "restore_to_point_in_time": [],
            "s3_import": [],
            "skip_final_snapshot": true,
            "snapshot_identifier": null,
            "status": "available",
            "storage_encrypted": true,
            "storage_throughput": 0,
            "storage_type": "gp2",
            "tags": {
              "Environment": "staging",
              "Owner": "terraform",
              "Project": "TapStack"
            },
            "tags_all": {
              "Environment": "staging",
              "Owner": "terraform",
              "Project": "TapStack"
            },
            "timeouts": null,
            "timezone": "",
            "upgrade_rollout_order": "",
            "upgrade_storage_config": null,
            "username": "admin",
            "vpc_security_group_ids": [
              "sg-4d27e417ba5b09b6d"
            ]
          },
          "sensitive_attributes": [
            [
              {
                "type": "get_attr",
                "value": "password"
              }
            ]
          ],
          "private": "eyJlMmJmYjczMC1lY2FhLTExZTYtOGY4OC0zNDM2M2JjN2M0YzAiOnsiY3JlYXRlIjozMDAwMDAwMDAwMDAwLCJkZWxldGUiOjM2MDAwMDAwMDAwMDAsInVwZGF0ZSI6NDgwMDAwMDAwMDAwMH0sInNjaGVtYV92ZXJzaW9uIjoiMiJ9",
          "dependencies": [
            "aws_db_subnet_group.main",
            "aws_kms_key.main",
            "aws_security_group.alb",
            "aws_security_group.app",
            "aws_security_group.rds",
            "data.aws_subnets.primary",
            "data.aws_vpc.primary",
            "random_password.db_password"
          ]
        }
      ]
    },
    {
      "mode": "managed",
      "type": "aws_db_subnet_group",
      "name": "main",
      "provider": "provider[\"registry.terraform.io/hashicorp/aws\"]",
      "instances": [
        {
          "schema_version": 0,
          "attributes": {
            "arn": "arn:aws:rds:us-east-1:000000000000:subgrp:tapstack-staging-us-east-1",
            "description": "Managed by Terraform",
            "id": "tapstack-staging-us-east-1",
            "name": "tapstack-staging-us-east-1",
            "name_prefix": "",
            "region": "us-east-1",
            "subnet_ids": [
              "subnet-0d8c7ba3b54de3d2e",
              "subnet-28bff54fe8e61b0b3",
              "subnet-41c6bf9b37d1f0888",
              "subnet-5afcb8d2dc06d2034",
              "subnet-a897a87222799dacc",
              "subnet-b00259efd276f8f55"
            ],
            "supported_network_types": [
              "IPV4"
            ],
            "tags": {
              "Environment": "staging",
              "Owner": "terraform",
              "Project": "TapStack"
            },
            "tags_all": {
              "Environment": "staging",
              "Owner": "terraform",
              "Project": "TapStack"
            },
            "vpc_id": "vpc-b058746897c69e505"
          },
          "sensitive_attributes": [],
          "private": "bnVsbA==",
          "dependencies": [
            "data.aws_subnets.primary",
            "data.aws_vpc.primary"
          ]
        }
      ]
    },
    {
      "mode": "managed",
      "type": "aws_dynamodb_table",
      "name": "main",
      "provider": "provider[\"registry.terraform.io/hashicorp/aws\"]",
      "instances": [
        {
          "schema_version": 1,
          "attributes": {
            "arn": "arn:aws:dynamodb:us-east-1:000000000000:table/TapStack-staging-us-east-1",
            "attribute": [
              {
                "name": "id",
                "type": "S"
              }
            ],
            "billing_mode": "PAY_PER_REQUEST",
            "deletion_protection_enabled": false,
            "global_secondary_index": [],
            "global_table_witness": [],
            "hash_key": "id",
            "id": "TapStack-staging-us-east-1",
            "import_table": [],
            "local_secondary_index": [],
            "name": "TapStack-staging-us-east-1",
            "on_demand_throughput": [],
            "point_in_time_recovery": [
              {
                "enabled": true,
                "recovery_period_in_days": 0
              }
            ],
            "range_key": null,
            "read_capacity": 0,
            "region": "us-east-1",
            "replica": [],
            "restore_date_time": null,
            "restore_source_name": null,
            "restore_source_table_arn": null,
            "restore_to_latest_time": null,
            "server_side_encryption": [
              {
                "enabled": true,
                "kms_key_arn": "arn:aws:kms:us-east-1:000000000000:key/929f3f4b-2300-4568-be94-eafce1b671a6"
              }
            ],
            "stream_arn": "",
            "stream_enabled": false,
            "stream_label": "",
            "stream_view_type": "",
            "table_class": "STANDARD",
            "tags": {
              "Environment": "staging",
              "Owner": "terraform",
              "Project": "TapStack"
            },
            "tags_all": {
              "Environment": "staging",
              "Owner": "terraform",
              "Project": "TapStack"
            },
            "timeouts": null,
            "ttl": [
              {
                "attribute_name": "",
                "enabled": false
              }
            ],
            "warm_throughput": [],
            "write_capacity": 0
          },
          "sensitive_attributes": [],
          "private": "eyJlMmJmYjczMC1lY2FhLTExZTYtOGY4OC0zNDM2M2JjN2M0YzAiOnsiY3JlYXRlIjoxODAwMDAwMDAwMDAwLCJkZWxldGUiOjYwMDAwMDAwMDAwMCwidXBkYXRlIjozNjAwMDAwMDAwMDAwfSwic2NoZW1hX3ZlcnNpb24iOiIxIn0=",
          "dependencies": [
            "aws_kms_key.main"
          ]
        }
      ]
    },
    {
      "mode": "managed",
      "type": "aws_dynamodb_table",
      "name": "secondary",
      "provider": "provider[\"registry.terraform.io/hashicorp/aws\"].secondary",
      "instances": [
        {
          "schema_version": 1,
          "attributes": {
            "arn": "arn:aws:dynamodb:us-west-2:000000000000:table/TapStack-staging-us-west-2",
            "attribute": [
              {
                "name": "id",
                "type": "S"
              }
            ],
            "billing_mode": "PAY_PER_REQUEST",
            "deletion_protection_enabled": false,
            "global_secondary_index": [],
            "global_table_witness": [],
            "hash_key": "id",
            "id": "TapStack-staging-us-west-2",
            "import_table": [],
            "local_secondary_index": [],
            "name": "TapStack-staging-us-west-2",
            "on_demand_throughput": [],
            "point_in_time_recovery": [
              {
                "enabled": true,
                "recovery_period_in_days": 0
              }
            ],
            "range_key": null,
            "read_capacity": 0,
            "region": "us-west-2",
            "replica": [],
            "restore_date_time": null,
            "restore_source_name": null,
            "restore_source_table_arn": null,
            "restore_to_latest_time": null,
            "server_side_encryption": [
              {
                "enabled": true,
                "kms_key_arn": "arn:aws:kms:us-west-2:000000000000:key/f5d25e0d-aac8-4beb-946d-67cc535a5394"
              }
            ],
            "stream_arn": "",
            "stream_enabled": false,
            "stream_label": "",
            "stream_view_type": "",
            "table_class": "STANDARD",
            "tags": {
              "Environment": "staging",
              "Owner": "terraform",
              "Project": "TapStack"
            },
            "tags_all": {
              "Environment": "staging",
              "Owner": "terraform",
              "Project": "TapStack"
            },
            "timeouts": null,
            "ttl": [
              {
                "attribute_name": "",
                "enabled": false
              }
            ],
            "warm_throughput": [],
            "write_capacity": 0
          },
          "sensitive_attributes": [],
          "private": "eyJlMmJmYjczMC1lY2FhLTExZTYtOGY4OC0zNDM2M2JjN2M0YzAiOnsiY3JlYXRlIjoxODAwMDAwMDAwMDAwLCJkZWxldGUiOjYwMDAwMDAwMDAwMCwidXBkYXRlIjozNjAwMDAwMDAwMDAwfSwic2NoZW1hX3ZlcnNpb24iOiIxIn0="
        }
      ]
    },
    {
      "mode": "managed",
      "type": "aws_iam_instance_profile",
      "name": "ec2_profile",
      "provider": "provider[\"registry.terraform.io/hashicorp/aws\"]",
      "instances": [
        {
          "schema_version": 0,
          "attributes": {
            "arn": "arn:aws:iam::000000000000:instance-profile/TapStack-staging-us-east-1-ec2-profile",
            "create_date": "2025-12-24T04:23:59Z",
            "id": "TapStack-staging-us-east-1-ec2-profile",
            "name": "TapStack-staging-us-east-1-ec2-profile",
            "name_prefix": "",
            "path": "/",
            "role": "TapStack-staging-us-east-1-ec2-role",
            "tags": null,
            "tags_all": {},
            "unique_id": "5iaydaxu4txhvwbfjse8"
          },
          "sensitive_attributes": [],
          "private": "bnVsbA==",
          "dependencies": [
            "aws_iam_role.ec2_role"
          ]
        }
      ]
    },
    {
      "mode": "managed",
      "type": "aws_iam_role",
      "name": "ec2_role",
      "provider": "provider[\"registry.terraform.io/hashicorp/aws\"]",
      "instances": [
        {
          "schema_version": 0,
          "attributes": {
            "arn": "arn:aws:iam::000000000000:role/TapStack-staging-us-east-1-ec2-role",
            "assume_role_policy": "{\"Statement\":[{\"Action\":\"sts:AssumeRole\",\"Effect\":\"Allow\",\"Principal\":{\"Service\":\"ec2.amazonaws.com\"}}],\"Version\":\"2012-10-17\"}",
            "create_date": "2025-12-24T04:23:36Z",
            "description": "",
            "force_detach_policies": false,
            "id": "TapStack-staging-us-east-1-ec2-role",
            "inline_policy": [],
            "managed_policy_arns": [],
            "max_session_duration": 3600,
            "name": "TapStack-staging-us-east-1-ec2-role",
            "name_prefix": "",
            "path": "/",
            "permissions_boundary": "",
            "tags": {
              "Environment": "staging",
              "Owner": "terraform",
              "Project": "TapStack"
            },
            "tags_all": {
              "Environment": "staging",
              "Owner": "terraform",
              "Project": "TapStack"
            },
            "unique_id": "AROAQAAAAAAAIBFEM2P6J"
          },
          "sensitive_attributes": [],
          "private": "bnVsbA=="
        }
      ]
    },
    {
      "mode": "managed",
      "type": "aws_iam_role_policy",
      "name": "ec2_policy",
      "provider": "provider[\"registry.terraform.io/hashicorp/aws\"]",
      "instances": [
        {
          "schema_version": 0,
          "attributes": {
            "id": "TapStack-staging-us-east-1-ec2-role:TapStack-staging-us-east-1-ec2-policy",
            "name": "TapStack-staging-us-east-1-ec2-policy",
            "name_prefix": "",
            "policy": "{\"Version\":\"2012-10-17\",\"Statement\":[{\"Action\":[\"s3:PutObject\",\"s3:GetObject\",\"logs:CreateLogGroup\",\"logs:CreateLogStream\",\"logs:PutLogEvents\"],\"Effect\":\"Allow\",\"Resource\":[\"arn:aws:s3:::tapstack-staging-us-east-1-logs-f6804972/*\",\"arn:aws:logs:*:*:*\"]}]}",
            "role": "TapStack-staging-us-east-1-ec2-role"
          },
          "sensitive_attributes": [],
          "private": "bnVsbA==",
          "dependencies": [
            "aws_iam_role.ec2_role",
            "aws_s3_bucket.logs",
            "random_id.bucket_suffix"
          ]
        }
      ]
    },
    {
      "mode": "managed",
      "type": "aws_kms_alias",
      "name": "main",
      "provider": "provider[\"registry.terraform.io/hashicorp/aws\"]",
      "instances": [
        {
          "schema_version": 0,
          "attributes": {
            "arn": "arn:aws:kms:us-east-1:000000000000:alias/tapstack-staging-us-east-1",
            "id": "alias/tapstack-staging-us-east-1",
            "name": "alias/tapstack-staging-us-east-1",
            "name_prefix": "",
            "region": "us-east-1",
            "target_key_arn": "arn:aws:kms:us-east-1:000000000000:key/929f3f4b-2300-4568-be94-eafce1b671a6",
            "target_key_id": "929f3f4b-2300-4568-be94-eafce1b671a6"
          },
          "sensitive_attributes": [],
          "private": "bnVsbA==",
          "dependencies": [
            "aws_kms_key.main"
          ]
        }
      ]
    },
    {
      "mode": "managed",
      "type": "aws_kms_key",
      "name": "main",
      "provider": "provider[\"registry.terraform.io/hashicorp/aws\"]",
      "instances": [
        {
          "schema_version": 0,
          "attributes": {
            "arn": "arn:aws:kms:us-east-1:000000000000:key/929f3f4b-2300-4568-be94-eafce1b671a6",
            "bypass_policy_lockout_safety_check": false,
            "custom_key_store_id": "",
            "customer_master_key_spec": "SYMMETRIC_DEFAULT",
            "deletion_window_in_days": 7,
            "description": "KMS key for TapStack-staging-us-east-1",
            "enable_key_rotation": false,
            "id": "929f3f4b-2300-4568-be94-eafce1b671a6",
            "is_enabled": true,
            "key_id": "929f3f4b-2300-4568-be94-eafce1b671a6",
            "key_usage": "ENCRYPT_DECRYPT",
            "multi_region": false,
            "policy": "{\"Id\":\"key-default-1\",\"Statement\":[{\"Action\":\"kms:*\",\"Effect\":\"Allow\",\"Principal\":{\"AWS\":\"arn:aws:iam::000000000000:root\"},\"Resource\":\"*\",\"Sid\":\"Enable IAM User Permissions\"}],\"Version\":\"2012-10-17\"}",
            "region": "us-east-1",
            "rotation_period_in_days": 0,
            "tags": {
              "Environment": "staging",
              "Owner": "terraform",
              "Project": "TapStack"
            },
            "tags_all": {
              "Environment": "staging",
              "Owner": "terraform",
              "Project": "TapStack"
            },
            "timeouts": null,
            "xks_key_id": ""
          },
          "sensitive_attributes": [],
          "private": "eyJlMmJmYjczMC1lY2FhLTExZTYtOGY4OC0zNDM2M2JjN2M0YzAiOnsiY3JlYXRlIjoxMjAwMDAwMDAwMDB9fQ=="
        }
      ]
    },
    {
      "mode": "managed",
      "type": "aws_launch_template",
      "name": "app",
      "provider": "provider[\"registry.terraform.io/hashicorp/aws\"]",
      "instances": [
        {
          "schema_version": 1,
          "attributes": {
            "arn": "arn:aws:ec2:us-east-1:000000000000:launch-template/lt-577af89b75bc84390",
            "block_device_mappings": [],
            "capacity_reservation_specification": [],
            "cpu_options": [],
            "credit_specification": [],
            "default_version": 1,
            "description": "",
            "disable_api_stop": false,
            "disable_api_termination": false,
            "ebs_optimized": "",
            "enclave_options": [],
            "hibernation_options": [],
            "iam_instance_profile": [
              {
                "arn": "",
                "name": "TapStack-staging-us-east-1-ec2-profile"
              }
            ],
            "id": "lt-577af89b75bc84390",
            "image_id": "ami-04681a1dbd79675a5",
            "instance_initiated_shutdown_behavior": "",
            "instance_market_options": [],
            "instance_requirements": [],
            "instance_type": "t3.micro",
            "kernel_id": "",
            "key_name": "",
            "latest_version": 1,
            "license_specification": [],
            "maintenance_options": [],
            "metadata_options": [],
            "monitoring": [],
            "name": "TapStack-staging-us-east-1-20251224042448791100000006",
            "name_prefix": "TapStack-staging-us-east-1-",
            "network_interfaces": [],
            "placement": [],
            "private_dns_name_options": [],
            "ram_disk_id": "",
            "region": "us-east-1",
            "security_group_names": null,
            "tag_specifications": [
              {
                "resource_type": "instance",
                "tags": {
                  "Environment": "staging",
                  "Name": "TapStack-staging-us-east-1",
                  "Owner": "terraform",
                  "Project": "TapStack"
                }
              }
            ],
            "tags": null,
            "tags_all": {},
            "update_default_version": null,
            "user_data": "IyEvYmluL2Jhc2gKeXVtIHVwZGF0ZSAteQp5dW0gaW5zdGFsbCAteSBodHRwZApzeXN0ZW1jdGwgc3RhcnQgaHR0cGQKc3lzdGVtY3RsIGVuYWJsZSBodHRwZAplY2hvICI8aDE+VGFwU3RhY2sgc3RhZ2luZyAtIHVzLWVhc3QtMTwvaDE+IiA+IC92YXIvd3d3L2h0bWwvaW5kZXguaHRtbAo=",
            "vpc_security_group_ids": [
              "sg-3eb5852c674bfa2d6"
            ]
          },
          "sensitive_attributes": [],
          "private": "eyJzY2hlbWFfdmVyc2lvbiI6IjEifQ==",
          "dependencies": [
            "aws_iam_instance_profile.ec2_profile",
            "aws_iam_role.ec2_role",
            "aws_security_group.alb",
            "aws_security_group.app",
            "data.aws_ami.amazon_linux",
            "data.aws_vpc.primary"
          ]
        }
      ]
    },
    {
      "mode": "managed",
      "type": "aws_launch_template",
      "name": "app_secondary",
      "provider": "provider[\"registry.terraform.io/hashicorp/aws\"].secondary",
      "instances": [
        {
          "schema_version": 1,
          "attributes": {
            "arn": "arn:aws:ec2:us-west-2:000000000000:launch-template/lt-9950ae2d908a27a6b",
            "block_device_mappings": [],
            "capacity_reservation_specification": [],
            "cpu_options": [],
            "credit_specification": [],
            "default_version": 1,
            "description": "",
            "disable_api_stop": false,
            "disable_api_termination": false,
            "ebs_optimized": "",
            "enclave_options": [],
            "hibernation_options": [],
            "iam_instance_profile": [],
            "id": "lt-9950ae2d908a27a6b",
            "image_id": "ami-04681a1dbd79675a5",
            "instance_initiated_shutdown_behavior": "",
            "instance_market_options": [],
            "instance_requirements": [],
            "instance_type": "t3.micro",
            "kernel_id": "",
            "key_name": "",
            "latest_version": 1,
            "license_specification": [],
            "maintenance_options": [],
            "metadata_options": [],
            "monitoring": [],
            "name": "TapStack-staging-us-west-2-20251224042452192700000003",
            "name_prefix": "TapStack-staging-us-west-2-",
            "network_interfaces": [],
            "placement": [],
            "private_dns_name_options": [],
            "ram_disk_id": "",
            "region": "us-west-2",
            "security_group_names": null,
            "tag_specifications": [
              {
                "resource_type": "instance",
                "tags": {
                  "Environment": "staging",
                  "Name": "TapStack-staging-us-west-2",
                  "Owner": "terraform",
                  "Project": "TapStack"
                }
              }
            ],
            "tags": null,
            "tags_all": {},
            "update_default_version": null,
            "user_data": "IyEvYmluL2Jhc2gKeXVtIHVwZGF0ZSAteQp5dW0gaW5zdGFsbCAteSBodHRwZApzeXN0ZW1jdGwgc3RhcnQgaHR0cGQKc3lzdGVtY3RsIGVuYWJsZSBodHRwZAplY2hvICI8aDE+VGFwU3RhY2sgc3RhZ2luZyAtIHVzLXdlc3QtMjwvaDE+IiA+IC92YXIvd3d3L2h0bWwvaW5kZXguaHRtbAo=",
            "vpc_security_group_ids": [
              "sg-e94887057e3f8399b"
            ]
          },
          "sensitive_attributes": [],
          "private": "eyJzY2hlbWFfdmVyc2lvbiI6IjEifQ==",
          "dependencies": [
            "aws_security_group.alb_secondary",
            "aws_security_group.app_secondary",
            "data.aws_ami.amazon_linux_secondary",
            "data.aws_vpc.secondary"
          ]
        }
      ]
    },
    {
      "mode": "managed",
      "type": "aws_lb",
      "name": "main",
      "provider": "provider[\"registry.terraform.io/hashicorp/aws\"]",
      "instances": [
        {
          "schema_version": 0,
          "attributes": {
            "access_logs": [
              {
                "bucket": "tapstack-staging-us-east-1-logs-f6804972",
                "enabled": true,
                "prefix": "alb-logs"
              }
            ],
            "arn": "arn:aws:elasticloadbalancing:us-east-1:000000000000:loadbalancer/app/TapStack-staging-us-east-1/622c2de5f347fbfe",
            "arn_suffix": "app/TapStack-staging-us-east-1/622c2de5f347fbfe",
            "client_keep_alive": 3600,
            "connection_logs": [
              {
                "bucket": "",
                "enabled": false,
                "prefix": ""
              }
            ],
            "customer_owned_ipv4_pool": "",
            "desync_mitigation_mode": "defensive",
            "dns_name": "TapStack-staging-us-east-1.elb.localhost.localstack.cloud",
            "dns_record_client_routing_policy": null,
            "drop_invalid_header_fields": false,
            "enable_cross_zone_load_balancing": false,
            "enable_deletion_protection": false,
            "enable_http2": true,
            "enable_tls_version_and_cipher_suite_headers": false,
            "enable_waf_fail_open": false,
            "enable_xff_client_port": false,
            "enable_zonal_shift": false,
            "enforce_security_group_inbound_rules_on_private_link_traffic": "",
            "health_check_logs": [
              {
                "bucket": "",
                "enabled": false,
                "prefix": ""
              }
            ],
            "id": "arn:aws:elasticloadbalancing:us-east-1:000000000000:loadbalancer/app/TapStack-staging-us-east-1/622c2de5f347fbfe",
            "idle_timeout": 60,
            "internal": false,
            "ip_address_type": "ipv4",
            "ipam_pools": [],
            "load_balancer_type": "application",
            "minimum_load_balancer_capacity": [],
            "name": "TapStack-staging-us-east-1",
            "name_prefix": "",
            "preserve_host_header": false,
            "region": "us-east-1",
            "secondary_ips_auto_assigned_per_subnet": null,
            "security_groups": [
              "sg-ad7ea8e5fb61289ba"
            ],
            "subnet_mapping": [
              {
                "allocation_id": "",
                "ipv6_address": "",
                "outpost_id": "",
                "private_ipv4_address": "",
                "subnet_id": "subnet-0d8c7ba3b54de3d2e"
              },
              {
                "allocation_id": "",
                "ipv6_address": "",
                "outpost_id": "",
                "private_ipv4_address": "",
                "subnet_id": "subnet-28bff54fe8e61b0b3"
              },
              {
                "allocation_id": "",
                "ipv6_address": "",
                "outpost_id": "",
                "private_ipv4_address": "",
                "subnet_id": "subnet-41c6bf9b37d1f0888"
              },
              {
                "allocation_id": "",
                "ipv6_address": "",
                "outpost_id": "",
                "private_ipv4_address": "",
                "subnet_id": "subnet-5afcb8d2dc06d2034"
              },
              {
                "allocation_id": "",
                "ipv6_address": "",
                "outpost_id": "",
                "private_ipv4_address": "",
                "subnet_id": "subnet-a897a87222799dacc"
              },
              {
                "allocation_id": "",
                "ipv6_address": "",
                "outpost_id": "",
                "private_ipv4_address": "",
                "subnet_id": "subnet-b00259efd276f8f55"
              }
            ],
            "subnets": [
              "subnet-0d8c7ba3b54de3d2e",
              "subnet-28bff54fe8e61b0b3",
              "subnet-41c6bf9b37d1f0888",
              "subnet-5afcb8d2dc06d2034",
              "subnet-a897a87222799dacc",
              "subnet-b00259efd276f8f55"
            ],
            "tags": {
              "Environment": "staging",
              "Owner": "terraform",
              "Project": "TapStack"
            },
            "tags_all": {
              "Environment": "staging",
              "Owner": "terraform",
              "Project": "TapStack"
            },
            "timeouts": null,
            "vpc_id": "vpc-b058746897c69e505",
            "xff_header_processing_mode": "append",
            "zone_id": "Z2P70J7EXAMPLE"
          },
          "sensitive_attributes": [],
          "private": "eyJlMmJmYjczMC1lY2FhLTExZTYtOGY4OC0zNDM2M2JjN2M0YzAiOnsiY3JlYXRlIjo2MDAwMDAwMDAwMDAsImRlbGV0ZSI6NjAwMDAwMDAwMDAwLCJ1cGRhdGUiOjYwMDAwMDAwMDAwMH19",
          "dependencies": [
            "aws_s3_bucket.logs",
            "aws_security_group.alb",
            "data.aws_subnets.primary",
            "data.aws_vpc.primary",
            "random_id.bucket_suffix"
          ]
        }
      ]
    },
    {
      "mode": "managed",
      "type": "aws_lb",
      "name": "secondary",
      "provider": "provider[\"registry.terraform.io/hashicorp/aws\"].secondary",
      "instances": [
        {
          "schema_version": 0,
          "attributes": {
            "access_logs": [
              {
                "bucket": "",
                "enabled": false,
                "prefix": ""
              }
            ],
            "arn": "arn:aws:elasticloadbalancing:us-west-2:000000000000:loadbalancer/app/TapStack-staging-us-west-2/f01944f924273dec",
            "arn_suffix": "app/TapStack-staging-us-west-2/f01944f924273dec",
            "client_keep_alive": 3600,
            "connection_logs": [
              {
                "bucket": "",
                "enabled": false,
                "prefix": ""
              }
            ],
            "customer_owned_ipv4_pool": "",
            "desync_mitigation_mode": "defensive",
            "dns_name": "TapStack-staging-us-west-2.elb.localhost.localstack.cloud",
            "dns_record_client_routing_policy": null,
            "drop_invalid_header_fields": false,
            "enable_cross_zone_load_balancing": false,
            "enable_deletion_protection": false,
            "enable_http2": true,
            "enable_tls_version_and_cipher_suite_headers": false,
            "enable_waf_fail_open": false,
            "enable_xff_client_port": false,
            "enable_zonal_shift": false,
            "enforce_security_group_inbound_rules_on_private_link_traffic": "",
            "health_check_logs": [
              {
                "bucket": "",
                "enabled": false,
                "prefix": ""
              }
            ],
            "id": "arn:aws:elasticloadbalancing:us-west-2:000000000000:loadbalancer/app/TapStack-staging-us-west-2/f01944f924273dec",
            "idle_timeout": 60,
            "internal": false,
            "ip_address_type": "ipv4",
            "ipam_pools": [],
            "load_balancer_type": "application",
            "minimum_load_balancer_capacity": [],
            "name": "TapStack-staging-us-west-2",
            "name_prefix": "",
            "preserve_host_header": false,
            "region": "us-west-2",
            "secondary_ips_auto_assigned_per_subnet": null,
            "security_groups": [
              "sg-c9690a01a5a896a53"
            ],
            "subnet_mapping": [
              {
                "allocation_id": "",
                "ipv6_address": "",
                "outpost_id": "",
                "private_ipv4_address": "",
                "subnet_id": "subnet-11215833402b057a5"
              },
              {
                "allocation_id": "",
                "ipv6_address": "",
                "outpost_id": "",
                "private_ipv4_address": "",
                "subnet_id": "subnet-d2d0f01bb332c4f10"
              },
              {
                "allocation_id": "",
                "ipv6_address": "",
                "outpost_id": "",
                "private_ipv4_address": "",
                "subnet_id": "subnet-ebe76cf3c9258f427"
              },
              {
                "allocation_id": "",
                "ipv6_address": "",
                "outpost_id": "",
                "private_ipv4_address": "",
                "subnet_id": "subnet-f0dbdad73c7bce68f"
              }
            ],
            "subnets": [
              "subnet-11215833402b057a5",
              "subnet-d2d0f01bb332c4f10",
              "subnet-ebe76cf3c9258f427",
              "subnet-f0dbdad73c7bce68f"
            ],
            "tags": {
              "Environment": "staging",
              "Owner": "terraform",
              "Project": "TapStack"
            },
            "tags_all": {
              "Environment": "staging",
              "Owner": "terraform",
              "Project": "TapStack"
            },
            "timeouts": null,
            "vpc_id": "vpc-3a77a77fc6fad5f00",
            "xff_header_processing_mode": "append",
            "zone_id": "Z2P70J7EXAMPLE"
          },
          "sensitive_attributes": [],
          "private": "eyJlMmJmYjczMC1lY2FhLTExZTYtOGY4OC0zNDM2M2JjN2M0YzAiOnsiY3JlYXRlIjo2MDAwMDAwMDAwMDAsImRlbGV0ZSI6NjAwMDAwMDAwMDAwLCJ1cGRhdGUiOjYwMDAwMDAwMDAwMH19",
          "dependencies": [
            "aws_security_group.alb_secondary",
            "data.aws_subnets.secondary",
            "data.aws_vpc.secondary"
          ]
        }
      ]
    },
    {
      "mode": "managed",
      "type": "aws_lb_listener",
      "name": "main",
      "provider": "provider[\"registry.terraform.io/hashicorp/aws\"]",
      "instances": [
        {
          "schema_version": 0,
          "attributes": {
            "alpn_policy": null,
            "arn": "arn:aws:elasticloadbalancing:us-east-1:000000000000:listener/app/TapStack-staging-us-east-1/622c2de5f347fbfe/ea5a37abada965e2",
            "certificate_arn": null,
            "default_action": [
              {
                "authenticate_cognito": [],
                "authenticate_oidc": [],
                "fixed_response": [],
                "forward": [],
                "jwt_validation": [],
                "order": 1,
                "redirect": [],
                "target_group_arn": "arn:aws:elasticloadbalancing:us-east-1:000000000000:targetgroup/TapStack-staging-us-east-1/51f8069d7bcb874c",
                "type": "forward"
              }
            ],
            "id": "arn:aws:elasticloadbalancing:us-east-1:000000000000:listener/app/TapStack-staging-us-east-1/622c2de5f347fbfe/ea5a37abada965e2",
            "load_balancer_arn": "arn:aws:elasticloadbalancing:us-east-1:000000000000:loadbalancer/app/TapStack-staging-us-east-1/622c2de5f347fbfe",
            "mutual_authentication": [],
            "port": 4566,
            "protocol": "HTTP",
            "region": "us-east-1",
            "routing_http_request_x_amzn_mtls_clientcert_header_name": null,
            "routing_http_request_x_amzn_mtls_clientcert_issuer_header_name": null,
            "routing_http_request_x_amzn_mtls_clientcert_leaf_header_name": null,
            "routing_http_request_x_amzn_mtls_clientcert_serial_number_header_name": null,
            "routing_http_request_x_amzn_mtls_clientcert_subject_header_name": null,
            "routing_http_request_x_amzn_mtls_clientcert_validity_header_name": null,
            "routing_http_request_x_amzn_tls_cipher_suite_header_name": null,
            "routing_http_request_x_amzn_tls_version_header_name": null,
            "routing_http_response_access_control_allow_credentials_header_value": "",
            "routing_http_response_access_control_allow_headers_header_value": "",
            "routing_http_response_access_control_allow_methods_header_value": "",
            "routing_http_response_access_control_allow_origin_header_value": "",
            "routing_http_response_access_control_expose_headers_header_value": "",
            "routing_http_response_access_control_max_age_header_value": "",
            "routing_http_response_content_security_policy_header_value": "",
            "routing_http_response_server_enabled": true,
            "routing_http_response_strict_transport_security_header_value": "",
            "routing_http_response_x_content_type_options_header_value": "",
            "routing_http_response_x_frame_options_header_value": "",
            "ssl_policy": "ELBSecurityPolicy-2016-08",
            "tags": null,
            "tags_all": {},
            "tcp_idle_timeout_seconds": null,
            "timeouts": null
          },
          "sensitive_attributes": [],
          "private": "eyJlMmJmYjczMC1lY2FhLTExZTYtOGY4OC0zNDM2M2JjN2M0YzAiOnsiY3JlYXRlIjozMDAwMDAwMDAwMDAsInVwZGF0ZSI6MzAwMDAwMDAwMDAwfX0=",
          "dependencies": [
            "aws_lb.main",
            "aws_lb_target_group.main",
            "aws_s3_bucket.logs",
            "aws_security_group.alb",
            "data.aws_subnets.primary",
            "data.aws_vpc.primary",
            "random_id.bucket_suffix"
          ]
        }
      ]
    },
    {
      "mode": "managed",
      "type": "aws_lb_listener",
      "name": "secondary",
      "provider": "provider[\"registry.terraform.io/hashicorp/aws\"].secondary",
      "instances": [
        {
          "schema_version": 0,
          "attributes": {
            "alpn_policy": null,
            "arn": "arn:aws:elasticloadbalancing:us-west-2:000000000000:listener/app/TapStack-staging-us-west-2/f01944f924273dec/24b47d34ec84e15f",
            "certificate_arn": null,
            "default_action": [
              {
                "authenticate_cognito": [],
                "authenticate_oidc": [],
                "fixed_response": [],
                "forward": [],
                "jwt_validation": [],
                "order": 1,
                "redirect": [],
                "target_group_arn": "arn:aws:elasticloadbalancing:us-west-2:000000000000:targetgroup/TapStack-staging-us-west-2/2fa1f2b9a165efb5",
                "type": "forward"
              }
            ],
            "id": "arn:aws:elasticloadbalancing:us-west-2:000000000000:listener/app/TapStack-staging-us-west-2/f01944f924273dec/24b47d34ec84e15f",
            "load_balancer_arn": "arn:aws:elasticloadbalancing:us-west-2:000000000000:loadbalancer/app/TapStack-staging-us-west-2/f01944f924273dec",
            "mutual_authentication": [],
            "port": 4566,
            "protocol": "HTTP",
            "region": "us-west-2",
            "routing_http_request_x_amzn_mtls_clientcert_header_name": null,
            "routing_http_request_x_amzn_mtls_clientcert_issuer_header_name": null,
            "routing_http_request_x_amzn_mtls_clientcert_leaf_header_name": null,
            "routing_http_request_x_amzn_mtls_clientcert_serial_number_header_name": null,
            "routing_http_request_x_amzn_mtls_clientcert_subject_header_name": null,
            "routing_http_request_x_amzn_mtls_clientcert_validity_header_name": null,
            "routing_http_request_x_amzn_tls_cipher_suite_header_name": null,
            "routing_http_request_x_amzn_tls_version_header_name": null,
            "routing_http_response_access_control_allow_credentials_header_value": "",
            "routing_http_response_access_control_allow_headers_header_value": "",
            "routing_http_response_access_control_allow_methods_header_value": "",
            "routing_http_response_access_control_allow_origin_header_value": "",
            "routing_http_response_access_control_expose_headers_header_value": "",
            "routing_http_response_access_control_max_age_header_value": "",
            "routing_http_response_content_security_policy_header_value": "",
            "routing_http_response_server_enabled": true,
            "routing_http_response_strict_transport_security_header_value": "",
            "routing_http_response_x_content_type_options_header_value": "",
            "routing_http_response_x_frame_options_header_value": "",
            "ssl_policy": "ELBSecurityPolicy-2016-08",
            "tags": null,
            "tags_all": {},
            "tcp_idle_timeout_seconds": null,
            "timeouts": null
          },
          "sensitive_attributes": [],
          "private": "eyJlMmJmYjczMC1lY2FhLTExZTYtOGY4OC0zNDM2M2JjN2M0YzAiOnsiY3JlYXRlIjozMDAwMDAwMDAwMDAsInVwZGF0ZSI6MzAwMDAwMDAwMDAwfX0=",
          "dependencies": [
            "aws_lb.secondary",
            "aws_lb_target_group.secondary",
            "aws_security_group.alb_secondary",
            "data.aws_subnets.secondary",
            "data.aws_vpc.secondary"
          ]
        }
      ]
    },
    {
      "mode": "managed",
      "type": "aws_lb_target_group",
      "name": "main",
      "provider": "provider[\"registry.terraform.io/hashicorp/aws\"]",
      "instances": [
        {
          "schema_version": 0,
          "attributes": {
            "arn": "arn:aws:elasticloadbalancing:us-east-1:000000000000:targetgroup/TapStack-staging-us-east-1/51f8069d7bcb874c",
            "arn_suffix": "targetgroup/TapStack-staging-us-east-1/51f8069d7bcb874c",
            "connection_termination": null,
            "deregistration_delay": "300",
            "health_check": [
              {
                "enabled": true,
                "healthy_threshold": 2,
                "interval": 30,
                "matcher": "200",
                "path": "/",
                "port": "traffic-port",
                "protocol": "HTTP",
                "timeout": 5,
                "unhealthy_threshold": 2
              }
            ],
            "id": "arn:aws:elasticloadbalancing:us-east-1:000000000000:targetgroup/TapStack-staging-us-east-1/51f8069d7bcb874c",
            "ip_address_type": "ipv4",
            "lambda_multi_value_headers_enabled": false,
            "load_balancer_arns": [],
            "load_balancing_algorithm_type": "round_robin",
            "load_balancing_anomaly_mitigation": null,
            "load_balancing_cross_zone_enabled": "use_load_balancer_configuration",
            "name": "TapStack-staging-us-east-1",
            "name_prefix": "",
            "port": 80,
            "preserve_client_ip": null,
            "protocol": "HTTP",
            "protocol_version": "HTTP1",
            "proxy_protocol_v2": false,
            "region": "us-east-1",
            "slow_start": 0,
            "stickiness": [
              {
                "cookie_duration": 0,
                "cookie_name": "",
                "enabled": false,
                "type": "lb_cookie"
              }
            ],
            "tags": {
              "Environment": "staging",
              "Owner": "terraform",
              "Project": "TapStack"
            },
            "tags_all": {
              "Environment": "staging",
              "Owner": "terraform",
              "Project": "TapStack"
            },
            "target_control_port": 0,
            "target_failover": [
              {
                "on_deregistration": null,
                "on_unhealthy": null
              }
            ],
            "target_group_health": [
              {
                "dns_failover": [
                  {
                    "minimum_healthy_targets_count": null,
                    "minimum_healthy_targets_percentage": null
                  }
                ],
                "unhealthy_state_routing": [
                  {
                    "minimum_healthy_targets_count": null,
                    "minimum_healthy_targets_percentage": null
                  }
                ]
              }
            ],
            "target_health_state": [
              {
                "enable_unhealthy_connection_termination": null,
                "unhealthy_draining_interval": null
              }
            ],
            "target_type": "instance",
            "vpc_id": "vpc-b058746897c69e505"
          },
          "sensitive_attributes": [],
          "private": "bnVsbA==",
          "dependencies": [
            "data.aws_vpc.primary"
          ]
        }
      ]
    },
    {
      "mode": "managed",
      "type": "aws_lb_target_group",
      "name": "secondary",
      "provider": "provider[\"registry.terraform.io/hashicorp/aws\"].secondary",
      "instances": [
        {
          "schema_version": 0,
          "attributes": {
            "arn": "arn:aws:elasticloadbalancing:us-west-2:000000000000:targetgroup/TapStack-staging-us-west-2/2fa1f2b9a165efb5",
            "arn_suffix": "targetgroup/TapStack-staging-us-west-2/2fa1f2b9a165efb5",
            "connection_termination": null,
            "deregistration_delay": "300",
            "health_check": [
              {
                "enabled": true,
                "healthy_threshold": 2,
                "interval": 30,
                "matcher": "200",
                "path": "/",
                "port": "traffic-port",
                "protocol": "HTTP",
                "timeout": 5,
                "unhealthy_threshold": 2
              }
            ],
            "id": "arn:aws:elasticloadbalancing:us-west-2:000000000000:targetgroup/TapStack-staging-us-west-2/2fa1f2b9a165efb5",
            "ip_address_type": "ipv4",
            "lambda_multi_value_headers_enabled": false,
            "load_balancer_arns": [],
            "load_balancing_algorithm_type": "round_robin",
            "load_balancing_anomaly_mitigation": null,
            "load_balancing_cross_zone_enabled": "use_load_balancer_configuration",
            "name": "TapStack-staging-us-west-2",
            "name_prefix": "",
            "port": 80,
            "preserve_client_ip": null,
            "protocol": "HTTP",
            "protocol_version": "HTTP1",
            "proxy_protocol_v2": false,
            "region": "us-west-2",
            "slow_start": 0,
            "stickiness": [
              {
                "cookie_duration": 0,
                "cookie_name": "",
                "enabled": false,
                "type": "lb_cookie"
              }
            ],
            "tags": {
              "Environment": "staging",
              "Owner": "terraform",
              "Project": "TapStack"
            },
            "tags_all": {
              "Environment": "staging",
              "Owner": "terraform",
              "Project": "TapStack"
            },
            "target_control_port": 0,
            "target_failover": [
              {
                "on_deregistration": null,
                "on_unhealthy": null
              }
            ],
            "target_group_health": [
              {
                "dns_failover": [
                  {
                    "minimum_healthy_targets_count": null,
                    "minimum_healthy_targets_percentage": null
                  }
                ],
                "unhealthy_state_routing": [
                  {
                    "minimum_healthy_targets_count": null,
                    "minimum_healthy_targets_percentage": null
                  }
                ]
              }
            ],
            "target_health_state": [
              {
                "enable_unhealthy_connection_termination": null,
                "unhealthy_draining_interval": null
              }
            ],
            "target_type": "instance",
            "vpc_id": "vpc-3a77a77fc6fad5f00"
          },
          "sensitive_attributes": [],
          "private": "bnVsbA==",
          "dependencies": [
            "data.aws_vpc.secondary"
          ]
        }
      ]
    },
    {
      "mode": "managed",
      "type": "aws_s3_bucket",
      "name": "logs",
      "provider": "provider[\"registry.terraform.io/hashicorp/aws\"]",
      "instances": [
        {
          "schema_version": 0,
          "attributes": {
            "acceleration_status": "",
            "acl": null,
            "arn": "arn:aws:s3:::tapstack-staging-us-east-1-logs-f6804972",
            "bucket": "tapstack-staging-us-east-1-logs-f6804972",
            "bucket_domain_name": "tapstack-staging-us-east-1-logs-f6804972.s3.amazonaws.com",
            "bucket_prefix": "",
            "bucket_region": "us-east-1",
            "bucket_regional_domain_name": "tapstack-staging-us-east-1-logs-f6804972.s3.us-east-1.amazonaws.com",
            "cors_rule": [],
            "force_destroy": false,
            "grant": [
              {
                "id": "75aa57f09aa0c8caeab4f8c24e99d10f8e7faeebf76c078efc7c6caea54ba06a",
                "permissions": [
                  "FULL_CONTROL"
                ],
                "type": "CanonicalUser",
                "uri": ""
              }
            ],
            "hosted_zone_id": "Z3AQBSTGFYJSTF",
            "id": "tapstack-staging-us-east-1-logs-f6804972",
            "lifecycle_rule": [],
            "logging": [],
            "object_lock_configuration": [],
            "object_lock_enabled": false,
            "policy": "",
            "region": "us-east-1",
            "replication_configuration": [],
            "request_payer": "BucketOwner",
            "server_side_encryption_configuration": [
              {
                "rule": [
                  {
                    "apply_server_side_encryption_by_default": [
                      {
                        "kms_master_key_id": "",
                        "sse_algorithm": "AES256"
                      }
                    ],
                    "bucket_key_enabled": false
                  }
                ]
              }
            ],
            "tags": {
              "Environment": "staging",
              "Owner": "terraform",
              "Project": "TapStack"
            },
            "tags_all": {
              "Environment": "staging",
              "Owner": "terraform",
              "Project": "TapStack"
            },
            "timeouts": null,
            "versioning": [
              {
                "enabled": false,
                "mfa_delete": false
              }
            ],
            "website": [],
            "website_domain": null,
            "website_endpoint": null
          },
          "sensitive_attributes": [],
          "private": "eyJlMmJmYjczMC1lY2FhLTExZTYtOGY4OC0zNDM2M2JjN2M0YzAiOnsiY3JlYXRlIjoxMjAwMDAwMDAwMDAwLCJkZWxldGUiOjM2MDAwMDAwMDAwMDAsInJlYWQiOjEyMDAwMDAwMDAwMDAsInVwZGF0ZSI6MTIwMDAwMDAwMDAwMH19",
          "dependencies": [
            "random_id.bucket_suffix"
          ]
        }
      ]
    },
    {
      "mode": "managed",
      "type": "aws_s3_bucket_policy",
      "name": "logs",
      "provider": "provider[\"registry.terraform.io/hashicorp/aws\"]",
      "instances": [
        {
          "schema_version": 0,
          "attributes": {
            "bucket": "tapstack-staging-us-east-1-logs-f6804972",
            "id": "tapstack-staging-us-east-1-logs-f6804972",
            "policy": "{\"Statement\":[{\"Action\":\"s3:PutObject\",\"Effect\":\"Allow\",\"Principal\":{\"AWS\":\"arn:aws:iam::127311923021:root\"},\"Resource\":\"arn:aws:s3:::tapstack-staging-us-east-1-logs-f6804972/alb-logs/*\"}],\"Version\":\"2012-10-17\"}",
            "region": "us-east-1"
          },
          "sensitive_attributes": [],
          "private": "bnVsbA==",
          "dependencies": [
            "aws_s3_bucket.logs",
            "data.aws_elb_service_account.main",
            "random_id.bucket_suffix"
          ]
        }
      ]
    },
    {
      "mode": "managed",
      "type": "aws_s3_bucket_public_access_block",
      "name": "logs",
      "provider": "provider[\"registry.terraform.io/hashicorp/aws\"]",
      "instances": [
        {
          "schema_version": 0,
          "attributes": {
            "block_public_acls": true,
            "block_public_policy": true,
            "bucket": "tapstack-staging-us-east-1-logs-f6804972",
            "id": "tapstack-staging-us-east-1-logs-f6804972",
            "ignore_public_acls": true,
            "region": "us-east-1",
            "restrict_public_buckets": true,
            "skip_destroy": null
          },
          "sensitive_attributes": [],
          "private": "bnVsbA==",
          "dependencies": [
            "aws_s3_bucket.logs",
            "random_id.bucket_suffix"
          ]
        }
      ]
    },
    {
      "mode": "managed",
      "type": "aws_s3_bucket_server_side_encryption_configuration",
      "name": "logs",
      "provider": "provider[\"registry.terraform.io/hashicorp/aws\"]",
      "instances": [
        {
          "schema_version": 0,
          "attributes": {
            "bucket": "tapstack-staging-us-east-1-logs-f6804972",
            "expected_bucket_owner": "",
            "id": "tapstack-staging-us-east-1-logs-f6804972",
            "region": "us-east-1",
            "rule": [
              {
                "apply_server_side_encryption_by_default": [
                  {
                    "kms_master_key_id": "arn:aws:kms:us-east-1:000000000000:key/929f3f4b-2300-4568-be94-eafce1b671a6",
                    "sse_algorithm": "aws:kms"
                  }
                ],
                "blocked_encryption_types": [],
                "bucket_key_enabled": null
              }
            ]
          },
          "sensitive_attributes": [],
          "private": "bnVsbA==",
          "dependencies": [
            "aws_kms_key.main",
            "aws_s3_bucket.logs",
            "random_id.bucket_suffix"
          ]
        }
      ]
    },
    {
      "mode": "managed",
      "type": "aws_s3_bucket_versioning",
      "name": "logs",
      "provider": "provider[\"registry.terraform.io/hashicorp/aws\"]",
      "instances": [
        {
          "schema_version": 0,
          "attributes": {
            "bucket": "tapstack-staging-us-east-1-logs-f6804972",
            "expected_bucket_owner": "",
            "id": "tapstack-staging-us-east-1-logs-f6804972",
            "mfa": null,
            "region": "us-east-1",
            "versioning_configuration": [
              {
                "mfa_delete": "",
                "status": "Enabled"
              }
            ]
          },
          "sensitive_attributes": [],
          "private": "bnVsbA==",
          "dependencies": [
            "aws_s3_bucket.logs",
            "random_id.bucket_suffix"
          ]
        }
      ]
    },
    {
      "mode": "managed",
      "type": "aws_secretsmanager_secret",
      "name": "db_password",
      "provider": "provider[\"registry.terraform.io/hashicorp/aws\"]",
      "instances": [
        {
          "schema_version": 0,
          "attributes": {
            "arn": "arn:aws:secretsmanager:us-east-1:000000000000:secret:tapstack-staging-us-east-1-db-password-WcRWCV",
            "description": "Database password for TapStack",
            "force_overwrite_replica_secret": false,
            "id": "arn:aws:secretsmanager:us-east-1:000000000000:secret:tapstack-staging-us-east-1-db-password-WcRWCV",
            "kms_key_id": "",
            "name": "tapstack-staging-us-east-1-db-password",
            "name_prefix": "",
            "policy": "",
            "recovery_window_in_days": 7,
            "region": "us-east-1",
            "replica": [],
            "tags": {
              "Environment": "staging",
              "Owner": "terraform",
              "Project": "TapStack"
            },
            "tags_all": {
              "Environment": "staging",
              "Owner": "terraform",
              "Project": "TapStack"
            }
          },
          "sensitive_attributes": [],
          "private": "bnVsbA=="
        }
      ]
    },
    {
      "mode": "managed",
      "type": "aws_secretsmanager_secret_version",
      "name": "db_password",
      "provider": "provider[\"registry.terraform.io/hashicorp/aws\"]",
      "instances": [
        {
          "schema_version": 0,
          "attributes": {
            "arn": "arn:aws:secretsmanager:us-east-1:000000000000:secret:tapstack-staging-us-east-1-db-password-WcRWCV",
            "has_secret_string_wo": null,
            "id": "arn:aws:secretsmanager:us-east-1:000000000000:secret:tapstack-staging-us-east-1-db-password-WcRWCV|terraform-20251224042348029500000003",
            "region": "us-east-1",
            "secret_binary": "",
            "secret_id": "arn:aws:secretsmanager:us-east-1:000000000000:secret:tapstack-staging-us-east-1-db-password-WcRWCV",
            "secret_string": "(x[7tYD}Xo_HzDak",
            "secret_string_wo": null,
            "secret_string_wo_version": null,
            "version_id": "terraform-20251224042348029500000003",
            "version_stages": [
              "AWSCURRENT"
            ]
          },
          "sensitive_attributes": [
            [
              {
                "type": "get_attr",
                "value": "secret_string"
              }
            ]
          ],
          "private": "bnVsbA==",
          "dependencies": [
            "aws_secretsmanager_secret.db_password",
            "random_password.db_password"
          ]
        }
      ]
    },
    {
      "mode": "managed",
      "type": "aws_security_group",
      "name": "alb",
      "provider": "provider[\"registry.terraform.io/hashicorp/aws\"]",
      "instances": [
        {
          "schema_version": 1,
          "attributes": {
            "arn": "arn:aws:ec2:us-east-1:000000000000:security-group/sg-ad7ea8e5fb61289ba",
            "description": "Managed by Terraform",
            "egress": [
              {
                "cidr_blocks": [
                  "10.0.0.0/8"
                ],
                "description": "",
                "from_port": 0,
                "ipv6_cidr_blocks": [],
                "prefix_list_ids": [],
                "protocol": "tcp",
                "security_groups": [],
                "self": false,
                "to_port": 65535
              }
            ],
            "id": "sg-ad7ea8e5fb61289ba",
            "ingress": [
              {
                "cidr_blocks": [
                  "0.0.0.0/0"
                ],
                "description": "",
                "from_port": 443,
                "ipv6_cidr_blocks": [],
                "prefix_list_ids": [],
                "protocol": "tcp",
                "security_groups": [],
                "self": false,
                "to_port": 443
              },
              {
                "cidr_blocks": [
                  "0.0.0.0/0"
                ],
                "description": "",
                "from_port": 80,
                "ipv6_cidr_blocks": [],
                "prefix_list_ids": [],
                "protocol": "tcp",
                "security_groups": [],
                "self": false,
                "to_port": 80
              }
            ],
            "name": "TapStack-staging-us-east-1-alb-20251224042335463400000002",
            "name_prefix": "TapStack-staging-us-east-1-alb-",
            "owner_id": "000000000000",
            "region": "us-east-1",
            "revoke_rules_on_delete": false,
            "tags": {
              "Environment": "staging",
              "Owner": "terraform",
              "Project": "TapStack"
            },
            "tags_all": {
              "Environment": "staging",
              "Owner": "terraform",
              "Project": "TapStack"
            },
            "timeouts": null,
            "vpc_id": "vpc-b058746897c69e505"
          },
          "sensitive_attributes": [],
          "private": "eyJlMmJmYjczMC1lY2FhLTExZTYtOGY4OC0zNDM2M2JjN2M0YzAiOnsiY3JlYXRlIjo2MDAwMDAwMDAwMDAsImRlbGV0ZSI6OTAwMDAwMDAwMDAwfSwic2NoZW1hX3ZlcnNpb24iOiIxIn0=",
          "dependencies": [
            "data.aws_vpc.primary"
          ]
        }
      ]
    },
    {
      "mode": "managed",
      "type": "aws_security_group",
      "name": "alb_secondary",
      "provider": "provider[\"registry.terraform.io/hashicorp/aws\"].secondary",
      "instances": [
        {
          "schema_version": 1,
          "attributes": {
            "arn": "arn:aws:ec2:us-west-2:000000000000:security-group/sg-c9690a01a5a896a53",
            "description": "Managed by Terraform",
            "egress": [
              {
                "cidr_blocks": [
                  "10.0.0.0/8"
                ],
                "description": "",
                "from_port": 0,
                "ipv6_cidr_blocks": [],
                "prefix_list_ids": [],
                "protocol": "tcp",
                "security_groups": [],
                "self": false,
                "to_port": 65535
              }
            ],
            "id": "sg-c9690a01a5a896a53",
            "ingress": [
              {
                "cidr_blocks": [
                  "0.0.0.0/0"
                ],
                "description": "",
                "from_port": 443,
                "ipv6_cidr_blocks": [],
                "prefix_list_ids": [],
                "protocol": "tcp",
                "security_groups": [],
                "self": false,
                "to_port": 443
              },
              {
                "cidr_blocks": [
                  "0.0.0.0/0"
                ],
                "description": "",
                "from_port": 80,
                "ipv6_cidr_blocks": [],
                "prefix_list_ids": [],
                "protocol": "tcp",
                "security_groups": [],
                "self": false,
                "to_port": 80
              }
            ],
            "name": "TapStack-staging-us-west-2-alb-20251224042345221400000001",
            "name_prefix": "TapStack-staging-us-west-2-alb-",
            "owner_id": "000000000000",
            "region": "us-west-2",
            "revoke_rules_on_delete": false,
            "tags": {
              "Environment": "staging",
              "Owner": "terraform",
              "Project": "TapStack"
            },
            "tags_all": {
              "Environment": "staging",
              "Owner": "terraform",
              "Project": "TapStack"
            },
            "timeouts": null,
            "vpc_id": "vpc-3a77a77fc6fad5f00"
          },
          "sensitive_attributes": [],
          "private": "eyJlMmJmYjczMC1lY2FhLTExZTYtOGY4OC0zNDM2M2JjN2M0YzAiOnsiY3JlYXRlIjo2MDAwMDAwMDAwMDAsImRlbGV0ZSI6OTAwMDAwMDAwMDAwfSwic2NoZW1hX3ZlcnNpb24iOiIxIn0=",
          "dependencies": [
            "data.aws_vpc.secondary"
          ]
        }
      ]
    },
    {
      "mode": "managed",
      "type": "aws_security_group",
      "name": "app",
      "provider": "provider[\"registry.terraform.io/hashicorp/aws\"]",
      "instances": [
        {
          "schema_version": 1,
          "attributes": {
            "arn": "arn:aws:ec2:us-east-1:000000000000:security-group/sg-3eb5852c674bfa2d6",
            "description": "Managed by Terraform",
            "egress": [
              {
                "cidr_blocks": [
                  "0.0.0.0/0"
                ],
                "description": "",
                "from_port": 0,
                "ipv6_cidr_blocks": [],
                "prefix_list_ids": [],
                "protocol": "tcp",
                "security_groups": [],
                "self": false,
                "to_port": 65535
              }
            ],
            "id": "sg-3eb5852c674bfa2d6",
            "ingress": [
              {
                "cidr_blocks": [],
                "description": "",
                "from_port": 80,
                "ipv6_cidr_blocks": [],
                "prefix_list_ids": [],
                "protocol": "tcp",
                "security_groups": [
                  "sg-ad7ea8e5fb61289ba"
                ],
                "self": false,
                "to_port": 80
              }
            ],
            "name": "TapStack-staging-us-east-1-app-20251224042421335000000004",
            "name_prefix": "TapStack-staging-us-east-1-app-",
            "owner_id": "000000000000",
            "region": "us-east-1",
            "revoke_rules_on_delete": false,
            "tags": {
              "Environment": "staging",
              "Owner": "terraform",
              "Project": "TapStack"
            },
            "tags_all": {
              "Environment": "staging",
              "Owner": "terraform",
              "Project": "TapStack"
            },
            "timeouts": null,
            "vpc_id": "vpc-b058746897c69e505"
          },
          "sensitive_attributes": [],
          "private": "eyJlMmJmYjczMC1lY2FhLTExZTYtOGY4OC0zNDM2M2JjN2M0YzAiOnsiY3JlYXRlIjo2MDAwMDAwMDAwMDAsImRlbGV0ZSI6OTAwMDAwMDAwMDAwfSwic2NoZW1hX3ZlcnNpb24iOiIxIn0=",
          "dependencies": [
            "aws_security_group.alb",
            "data.aws_vpc.primary"
          ]
        }
      ]
    },
    {
      "mode": "managed",
      "type": "aws_security_group",
      "name": "app_secondary",
      "provider": "provider[\"registry.terraform.io/hashicorp/aws\"].secondary",
      "instances": [
        {
          "schema_version": 1,
          "attributes": {
            "arn": "arn:aws:ec2:us-west-2:000000000000:security-group/sg-e94887057e3f8399b",
            "description": "Managed by Terraform",
            "egress": [
              {
                "cidr_blocks": [
                  "0.0.0.0/0"
                ],
                "description": "",
                "from_port": 0,
                "ipv6_cidr_blocks": [],
                "prefix_list_ids": [],
                "protocol": "tcp",
                "security_groups": [],
                "self": false,
                "to_port": 65535
              }
            ],
            "id": "sg-e94887057e3f8399b",
            "ingress": [
              {
                "cidr_blocks": [],
                "description": "",
                "from_port": 80,
                "ipv6_cidr_blocks": [],
                "prefix_list_ids": [],
                "protocol": "tcp",
                "security_groups": [
                  "sg-c9690a01a5a896a53"
                ],
                "self": false,
                "to_port": 80
              }
            ],
            "name": "TapStack-staging-us-west-2-app-20251224042430123700000002",
            "name_prefix": "TapStack-staging-us-west-2-app-",
            "owner_id": "000000000000",
            "region": "us-west-2",
            "revoke_rules_on_delete": false,
            "tags": {
              "Environment": "staging",
              "Owner": "terraform",
              "Project": "TapStack"
            },
            "tags_all": {
              "Environment": "staging",
              "Owner": "terraform",
              "Project": "TapStack"
            },
            "timeouts": null,
            "vpc_id": "vpc-3a77a77fc6fad5f00"
          },
          "sensitive_attributes": [],
          "private": "eyJlMmJmYjczMC1lY2FhLTExZTYtOGY4OC0zNDM2M2JjN2M0YzAiOnsiY3JlYXRlIjo2MDAwMDAwMDAwMDAsImRlbGV0ZSI6OTAwMDAwMDAwMDAwfSwic2NoZW1hX3ZlcnNpb24iOiIxIn0=",
          "dependencies": [
            "aws_security_group.alb_secondary",
            "data.aws_vpc.secondary"
          ]
        }
      ]
    },
    {
      "mode": "managed",
      "type": "aws_security_group",
      "name": "rds",
      "provider": "provider[\"registry.terraform.io/hashicorp/aws\"]",
      "instances": [
        {
          "schema_version": 1,
          "attributes": {
            "arn": "arn:aws:ec2:us-east-1:000000000000:security-group/sg-4d27e417ba5b09b6d",
            "description": "Managed by Terraform",
            "egress": [
              {
                "cidr_blocks": [
                  "0.0.0.0/0"
                ],
                "description": "",
                "from_port": 0,
                "ipv6_cidr_blocks": [],
                "prefix_list_ids": [],
                "protocol": "tcp",
                "security_groups": [],
                "self": false,
                "to_port": 65535
              }
            ],
            "id": "sg-4d27e417ba5b09b6d",
            "ingress": [
              {
                "cidr_blocks": [],
                "description": "",
                "from_port": 3306,
                "ipv6_cidr_blocks": [],
                "prefix_list_ids": [],
                "protocol": "tcp",
                "security_groups": [
                  "sg-3eb5852c674bfa2d6"
                ],
                "self": false,
                "to_port": 3306
              }
            ],
            "name": "TapStack-staging-us-east-1-rds-20251224042448785100000005",
            "name_prefix": "TapStack-staging-us-east-1-rds-",
            "owner_id": "000000000000",
            "region": "us-east-1",
            "revoke_rules_on_delete": false,
            "tags": {
              "Environment": "staging",
              "Owner": "terraform",
              "Project": "TapStack"
            },
            "tags_all": {
              "Environment": "staging",
              "Owner": "terraform",
              "Project": "TapStack"
            },
            "timeouts": null,
            "vpc_id": "vpc-b058746897c69e505"
          },
          "sensitive_attributes": [],
          "private": "eyJlMmJmYjczMC1lY2FhLTExZTYtOGY4OC0zNDM2M2JjN2M0YzAiOnsiY3JlYXRlIjo2MDAwMDAwMDAwMDAsImRlbGV0ZSI6OTAwMDAwMDAwMDAwfSwic2NoZW1hX3ZlcnNpb24iOiIxIn0=",
          "dependencies": [
            "aws_security_group.alb",
            "aws_security_group.app",
            "data.aws_vpc.primary"
          ]
        }
      ]
    },
    {
      "mode": "managed",
      "type": "aws_vpc_peering_connection",
      "name": "main",
      "provider": "provider[\"registry.terraform.io/hashicorp/aws\"]",
      "instances": [
        {
          "schema_version": 0,
          "attributes": {
            "accept_status": "pending-acceptance",
            "accepter": [
              {
                "allow_remote_vpc_dns_resolution": false
              }
            ],
            "auto_accept": false,
            "id": "pcx-779dee7ec418529f0",
            "peer_owner_id": "000000000000",
            "peer_region": "us-west-2",
            "peer_vpc_id": "vpc-3a77a77fc6fad5f00",
            "region": "us-east-1",
            "requester": [
              {
                "allow_remote_vpc_dns_resolution": false
              }
            ],
            "tags": {
              "Environment": "staging",
              "Name": "TapStack-staging-peering",
              "Owner": "terraform",
              "Project": "TapStack"
            },
            "tags_all": {
              "Environment": "staging",
              "Name": "TapStack-staging-peering",
              "Owner": "terraform",
              "Project": "TapStack"
            },
            "timeouts": null,
            "vpc_id": "vpc-b058746897c69e505"
          },
          "sensitive_attributes": [],
          "private": "eyJlMmJmYjczMC1lY2FhLTExZTYtOGY4OC0zNDM2M2JjN2M0YzAiOnsiY3JlYXRlIjo2MDAwMDAwMDAwMCwiZGVsZXRlIjo2MDAwMDAwMDAwMCwidXBkYXRlIjo2MDAwMDAwMDAwMH19",
          "dependencies": [
            "data.aws_vpc.primary",
            "data.aws_vpc.secondary"
          ]
        }
      ]
    },
    {
      "mode": "managed",
      "type": "aws_vpc_peering_connection_accepter",
      "name": "main",
      "provider": "provider[\"registry.terraform.io/hashicorp/aws\"].secondary",
      "instances": [
        {
          "schema_version": 0,
          "attributes": {
            "accept_status": "active",
            "accepter": [
              {
                "allow_remote_vpc_dns_resolution": false
              }
            ],
            "auto_accept": true,
            "id": "pcx-779dee7ec418529f0",
            "peer_owner_id": "000000000000",
            "peer_region": "us-west-2",
            "peer_vpc_id": "vpc-3a77a77fc6fad5f00",
            "region": "us-west-2",
            "requester": [
              {
                "allow_remote_vpc_dns_resolution": false
              }
            ],
            "tags": {
              "Environment": "staging",
              "Name": "TapStack-staging-peering",
              "Owner": "terraform",
              "Project": "TapStack"
            },
            "tags_all": {
              "Environment": "staging",
              "Name": "TapStack-staging-peering",
              "Owner": "terraform",
              "Project": "TapStack"
            },
            "timeouts": null,
            "vpc_id": "vpc-b058746897c69e505",
            "vpc_peering_connection_id": "pcx-779dee7ec418529f0"
          },
          "sensitive_attributes": [],
          "private": "eyJlMmJmYjczMC1lY2FhLTExZTYtOGY4OC0zNDM2M2JjN2M0YzAiOnsiY3JlYXRlIjo2MDAwMDAwMDAwMCwidXBkYXRlIjo2MDAwMDAwMDAwMH19",
          "dependencies": [
            "aws_vpc_peering_connection.main",
            "data.aws_vpc.primary",
            "data.aws_vpc.secondary"
          ]
        }
      ]
    },
    {
      "mode": "managed",
      "type": "random_id",
      "name": "bucket_suffix",
      "provider": "provider[\"registry.terraform.io/hashicorp/random\"]",
      "instances": [
        {
          "schema_version": 0,
          "attributes": {
            "b64_std": "9oBJcg==",
            "b64_url": "9oBJcg",
            "byte_length": 4,
            "dec": "4135602546",
            "hex": "f6804972",
            "id": "9oBJcg",
            "keepers": null,
            "prefix": null
          },
          "sensitive_attributes": []
        }
      ]
    },
    {
      "mode": "managed",
      "type": "random_password",
      "name": "db_password",
      "provider": "provider[\"registry.terraform.io/hashicorp/random\"]",
      "instances": [
        {
          "schema_version": 3,
          "attributes": {
            "bcrypt_hash": "$2a$10$1i1rupIrlnR74V2SAe1S4uxPI1u61i0gHUgbaFGMKGOzju92PKWsu",
            "id": "none",
            "keepers": null,
            "length": 16,
            "lower": true,
            "min_lower": 0,
            "min_numeric": 0,
            "min_special": 0,
            "min_upper": 0,
            "number": true,
            "numeric": true,
            "override_special": null,
            "result": "(x[7tYD}Xo_HzDak",
            "special": true,
            "upper": true
          },
          "sensitive_attributes": []
        }
      ]
    }
  ],
  "check_results": null
}
