{
  "version": 4,
  "terraform_version": "1.12.2",
  "serial": 104,
  "lineage": "c8a21f8d-4cf0-ff4b-09ac-f08651bc4c65",
  "outputs": {
    "cloudfront_domain_name": {
      "value": "a0a27529.cloudfront.localhost.localstack.cloud",
      "type": "string"
    },
    "primary_kms_key_id": {
      "value": "5be6f61c-d743-4753-be4d-51f06882719d",
      "type": "string"
    },
    "primary_private_subnet_ids": {
      "value": [
        "subnet-0e59e7c7494ac22f7",
        "subnet-37f6cc6b1d7f7e04b"
      ],
      "type": [
        "tuple",
        [
          "string",
          "string"
        ]
      ]
    },
    "primary_rds_endpoint": {
      "value": "localhost.localstack.cloud:4510",
      "type": "string"
    },
    "primary_vpc_id": {
      "value": "vpc-bf6afcccbfbc5799e",
      "type": "string"
    },
    "route53_zone_id": {
      "value": "9QANE9IY8P0FU4WJ0MLTM9",
      "type": "string"
    },
    "secondary_kms_key_id": {
      "value": "84d8939c-2b16-46b3-87ce-02b910a01218",
      "type": "string"
    },
    "secondary_private_subnet_ids": {
      "value": [
        "subnet-5b6eba6fb96a8137b",
        "subnet-8d245ce287584e95f"
      ],
      "type": [
        "tuple",
        [
          "string",
          "string"
        ]
      ]
    },
    "secondary_rds_endpoint": {
      "value": "localhost.localstack.cloud:4511",
      "type": "string"
    },
    "secondary_vpc_id": {
      "value": "vpc-41cdcddb1af6f17ee",
      "type": "string"
    },
    "secret_arn": {
      "value": "arn:aws:secretsmanager:us-east-1:000000000000:secret:iac-aws-nova-model-breaking-pr1950-dev-db-password-ArLOoL",
      "type": "string"
    }
  },
  "resources": [
    {
      "mode": "data",
      "type": "aws_ami",
      "name": "amazon_linux_primary",
      "provider": "provider[\"registry.terraform.io/hashicorp/aws\"].primary",
      "instances": [
        {
          "schema_version": 0,
          "attributes": {
            "architecture": "x86_64",
            "arn": "arn:aws:ec2:us-east-1::image/ami-04681a1dbd79675a5",
            "block_device_mappings": [
              {
                "device_name": "/dev/xvda",
                "ebs": {
                  "delete_on_termination": "false",
                  "encrypted": "false",
                  "iops": "0",
                  "snapshot_id": "snap-9ab0957ed48378f06",
                  "throughput": "0",
                  "volume_initialization_rate": "0",
                  "volume_size": "15",
                  "volume_type": "standard"
                },
                "no_device": "",
                "virtual_name": ""
              }
            ],
            "boot_mode": "uefi",
            "creation_date": "2025-12-24T05:54:29.000Z",
            "deprecation_time": "",
            "description": "Amazon Linux 2 AMI 2.0.20180810 x86_64 HVM gp2",
            "ena_support": false,
            "executable_users": null,
            "filter": [
              {
                "name": "name",
                "values": [
                  "amzn2-ami-hvm-*-x86_64-gp2"
                ]
              }
            ],
            "hypervisor": "xen",
            "id": "ami-04681a1dbd79675a5",
            "image_id": "ami-04681a1dbd79675a5",
            "image_location": "amazon/amzn2-ami-hvm-2.0.20180810-x86_64-gp2",
            "image_owner_alias": "amazon",
            "image_type": "machine",
            "imds_support": "",
            "include_deprecated": false,
            "kernel_id": "",
            "last_launched_time": "",
            "most_recent": true,
            "name": "amzn2-ami-hvm-2.0.20180810-x86_64-gp2",
            "name_regex": null,
            "owner_id": "137112412989",
            "owners": [
              "amazon"
            ],
            "platform": "Linux/UNIX",
            "platform_details": "",
            "product_codes": [],
            "public": true,
            "ramdisk_id": "",
            "root_device_name": "/dev/xvda",
            "root_device_type": "ebs",
            "root_snapshot_id": "snap-9ab0957ed48378f06",
            "sriov_net_support": "",
            "state": "available",
            "state_reason": {
              "code": "UNSET",
              "message": "UNSET"
            },
            "tags": {},
            "timeouts": null,
            "tpm_support": "",
            "uefi_data": null,
            "usage_operation": "",
            "virtualization_type": "hvm"
          },
          "sensitive_attributes": [],
          "identity_schema_version": 0
        }
      ]
    },
    {
      "mode": "data",
      "type": "aws_ami",
      "name": "amazon_linux_secondary",
      "provider": "provider[\"registry.terraform.io/hashicorp/aws\"].secondary",
      "instances": [
        {
          "schema_version": 0,
          "attributes": {
            "architecture": "x86_64",
            "arn": "arn:aws:ec2:us-west-2::image/ami-04681a1dbd79675a5",
            "block_device_mappings": [
              {
                "device_name": "/dev/xvda",
                "ebs": {
                  "delete_on_termination": "false",
                  "encrypted": "false",
                  "iops": "0",
                  "snapshot_id": "snap-ae16a6c33eaa0ee8c",
                  "throughput": "0",
                  "volume_initialization_rate": "0",
                  "volume_size": "15",
                  "volume_type": "standard"
                },
                "no_device": "",
                "virtual_name": ""
              }
            ],
            "boot_mode": "uefi",
            "creation_date": "2025-12-24T05:55:02.000Z",
            "deprecation_time": "",
            "description": "Amazon Linux 2 AMI 2.0.20180810 x86_64 HVM gp2",
            "ena_support": false,
            "executable_users": null,
            "filter": [
              {
                "name": "name",
                "values": [
                  "amzn2-ami-hvm-*-x86_64-gp2"
                ]
              }
            ],
            "hypervisor": "xen",
            "id": "ami-04681a1dbd79675a5",
            "image_id": "ami-04681a1dbd79675a5",
            "image_location": "amazon/amzn2-ami-hvm-2.0.20180810-x86_64-gp2",
            "image_owner_alias": "amazon",
            "image_type": "machine",
            "imds_support": "",
            "include_deprecated": false,
            "kernel_id": "",
            "last_launched_time": "",
            "most_recent": true,
            "name": "amzn2-ami-hvm-2.0.20180810-x86_64-gp2",
            "name_regex": null,
            "owner_id": "137112412989",
            "owners": [
              "amazon"
            ],
            "platform": "Linux/UNIX",
            "platform_details": "",
            "product_codes": [],
            "public": true,
            "ramdisk_id": "",
            "root_device_name": "/dev/xvda",
            "root_device_type": "ebs",
            "root_snapshot_id": "snap-ae16a6c33eaa0ee8c",
            "sriov_net_support": "",
            "state": "available",
            "state_reason": {
              "code": "UNSET",
              "message": "UNSET"
            },
            "tags": {},
            "timeouts": null,
            "tpm_support": "",
            "uefi_data": null,
            "usage_operation": "",
            "virtualization_type": "hvm"
          },
          "sensitive_attributes": [],
          "identity_schema_version": 0
        }
      ]
    },
    {
      "mode": "managed",
      "type": "aws_cloudfront_distribution",
      "name": "main",
      "provider": "provider[\"registry.terraform.io/hashicorp/aws\"].global",
      "instances": [
        {
          "schema_version": 1,
          "attributes": {
            "aliases": null,
            "arn": "arn:aws:cloudfront::000000000000:distribution/a0a27529",
            "caller_reference": "terraform-20251224062038585300000002",
            "comment": null,
            "continuous_deployment_policy_id": "",
            "custom_error_response": [],
            "default_cache_behavior": [
              {
                "allowed_methods": [
                  "DELETE",
                  "GET",
                  "HEAD",
                  "OPTIONS",
                  "PATCH",
                  "POST",
                  "PUT"
                ],
                "cache_policy_id": "",
                "cached_methods": [
                  "GET",
                  "HEAD"
                ],
                "compress": true,
                "default_ttl": 0,
                "field_level_encryption_id": "",
                "forwarded_values": [],
                "function_association": [],
                "grpc_config": [
                  {
                    "enabled": false
                  }
                ],
                "lambda_function_association": [],
                "max_ttl": 0,
                "min_ttl": 0,
                "origin_request_policy_id": "",
                "realtime_log_config_arn": "",
                "response_headers_policy_id": "",
                "smooth_streaming": false,
                "target_origin_id": "primary",
                "trusted_key_groups": [],
                "trusted_signers": [],
                "viewer_protocol_policy": "redirect-to-https"
              }
            ],
            "default_root_object": "",
            "domain_name": "a0a27529.cloudfront.localhost.localstack.cloud",
            "enabled": true,
            "etag": "a8761313",
            "hosted_zone_id": "Z2FDTNDATAQYW2",
            "http_version": "http2",
            "id": "a0a27529",
            "in_progress_validation_batches": 0,
            "is_ipv6_enabled": false,
            "last_modified_time": "2025-12-24 06:20:38.606 +0000 UTC",
            "logging_config": [],
            "ordered_cache_behavior": [],
            "origin": [
              {
                "connection_attempts": 3,
                "connection_timeout": 10,
                "custom_header": [],
                "custom_origin_config": [
                  {
                    "http_port": 80,
                    "https_port": 443,
                    "origin_keepalive_timeout": 5,
                    "origin_protocol_policy": "https-only",
                    "origin_read_timeout": 30,
                    "origin_ssl_protocols": [
                      "TLSv1.2"
                    ]
                  }
                ],
                "domain_name": "iac-aws-nova-model-breaking-pr1950-dev.local",
                "origin_access_control_id": "",
                "origin_id": "primary",
                "origin_path": "",
                "origin_shield": [],
                "s3_origin_config": [],
                "vpc_origin_config": []
              }
            ],
            "origin_group": [],
            "price_class": "PriceClass_All",
            "restrictions": [
              {
                "geo_restriction": [
                  {
                    "locations": [],
                    "restriction_type": "none"
                  }
                ]
              }
            ],
            "retain_on_delete": false,
            "staging": false,
            "status": "Deployed",
            "tags": {
              "Environment": "dev",
              "EnvironmentSuffix": "pr1950",
              "ManagedBy": "terraform",
              "Name": "iac-aws-nova-model-breaking-pr1950-dev-cloudfront",
              "Owner": "platform-team",
              "Project": "iac-aws-nova-model-breaking"
            },
            "tags_all": {
              "Environment": "dev",
              "EnvironmentSuffix": "pr1950",
              "ManagedBy": "terraform",
              "Name": "iac-aws-nova-model-breaking-pr1950-dev-cloudfront",
              "Owner": "platform-team",
              "Project": "iac-aws-nova-model-breaking"
            },
            "trusted_key_groups": [
              {
                "enabled": false,
                "items": []
              }
            ],
            "trusted_signers": [
              {
                "enabled": false,
                "items": []
              }
            ],
            "viewer_certificate": [
              {
                "acm_certificate_arn": "",
                "cloudfront_default_certificate": true,
                "iam_certificate_id": "",
                "minimum_protocol_version": "TLSv1",
                "ssl_support_method": ""
              }
            ],
            "wait_for_deployment": true,
            "web_acl_id": ""
          },
          "sensitive_attributes": [],
          "identity_schema_version": 0,
          "private": "eyJzY2hlbWFfdmVyc2lvbiI6IjEifQ==",
          "dependencies": [
            "aws_route53_zone.main"
          ]
        }
      ]
    },
    {
      "mode": "managed",
      "type": "aws_db_instance",
      "name": "primary",
      "provider": "provider[\"registry.terraform.io/hashicorp/aws\"].primary",
      "instances": [
        {
          "schema_version": 2,
          "attributes": {
            "address": "localhost.localstack.cloud",
            "allocated_storage": 20,
            "allow_major_version_upgrade": null,
            "apply_immediately": false,
            "arn": "arn:aws:rds:us-east-1:000000000000:db:iac-aws-nova-model-breaking-pr1950-dev-db-primary",
            "auto_minor_version_upgrade": true,
            "availability_zone": "us-east-1a",
            "backup_retention_period": 7,
            "backup_target": "",
            "backup_window": "03:00-04:00",
            "blue_green_update": [],
            "ca_cert_identifier": "",
            "character_set_name": "",
            "copy_tags_to_snapshot": false,
            "custom_iam_instance_profile": "",
            "customer_owned_ip_enabled": false,
            "database_insights_mode": "",
            "db_name": "appdb",
            "db_subnet_group_name": "iac-aws-nova-model-breaking-pr1950-dev-db-subnet-group-primary",
            "dedicated_log_volume": false,
            "delete_automated_backups": true,
            "deletion_protection": false,
            "domain": "",
            "domain_auth_secret_arn": "",
            "domain_dns_ips": null,
            "domain_fqdn": "",
            "domain_iam_role_name": "",
            "domain_ou": "",
            "enabled_cloudwatch_logs_exports": null,
            "endpoint": "localhost.localstack.cloud:4510",
            "engine": "mysql",
            "engine_lifecycle_support": "",
            "engine_version": "8.0",
            "engine_version_actual": "8.0",
            "final_snapshot_identifier": null,
            "hosted_zone_id": "",
            "iam_database_authentication_enabled": false,
            "id": "db-1BE2F8B9",
            "identifier": "iac-aws-nova-model-breaking-pr1950-dev-db-primary",
            "identifier_prefix": "",
            "instance_class": "db.t3.micro",
            "iops": 0,
            "kms_key_id": "arn:aws:kms:us-east-1:000000000000:key/5be6f61c-d743-4753-be4d-51f06882719d",
            "latest_restorable_time": "",
            "license_model": "general-public-license",
            "listener_endpoint": [],
            "maintenance_window": "sun:04:00-sun:05:00",
            "manage_master_user_password": null,
            "master_user_secret": [],
            "master_user_secret_kms_key_id": null,
            "max_allocated_storage": 0,
            "monitoring_interval": 0,
            "monitoring_role_arn": "",
            "multi_az": false,
            "nchar_character_set_name": "",
            "network_type": "",
            "option_group_name": "default.mysql5.6",
            "parameter_group_name": "",
            "password": "hrd(jTL_BWQ9A)[\u003e",
            "password_wo": null,
            "password_wo_version": null,
            "performance_insights_enabled": false,
            "performance_insights_kms_key_id": "",
            "performance_insights_retention_period": 0,
            "port": 4510,
            "publicly_accessible": false,
            "replica_mode": "",
            "replicas": [],
            "replicate_source_db": "",
            "resource_id": "db-1BE2F8B9",
            "restore_to_point_in_time": [],
            "s3_import": [],
            "skip_final_snapshot": true,
            "snapshot_identifier": null,
            "status": "available",
            "storage_encrypted": true,
            "storage_throughput": 0,
            "storage_type": "gp2",
            "tags": {
              "Environment": "dev",
              "EnvironmentSuffix": "pr1950",
              "ManagedBy": "terraform",
              "Name": "iac-aws-nova-model-breaking-pr1950-dev-rds-primary",
              "Owner": "platform-team",
              "Project": "iac-aws-nova-model-breaking"
            },
            "tags_all": {
              "Environment": "dev",
              "EnvironmentSuffix": "pr1950",
              "ManagedBy": "terraform",
              "Name": "iac-aws-nova-model-breaking-pr1950-dev-rds-primary",
              "Owner": "platform-team",
              "Project": "iac-aws-nova-model-breaking"
            },
            "timeouts": null,
            "timezone": "",
            "upgrade_storage_config": null,
            "username": "admin",
            "vpc_security_group_ids": [
              "sg-099fffab46621ae8e"
            ]
          },
          "sensitive_attributes": [
            [
              {
                "type": "get_attr",
                "value": "password"
              }
            ],
            [
              {
                "type": "get_attr",
                "value": "password_wo"
              }
            ]
          ],
          "identity_schema_version": 0,
          "private": "eyJlMmJmYjczMC1lY2FhLTExZTYtOGY4OC0zNDM2M2JjN2M0YzAiOnsiY3JlYXRlIjozMDAwMDAwMDAwMDAwLCJkZWxldGUiOjM2MDAwMDAwMDAwMDAsInVwZGF0ZSI6NDgwMDAwMDAwMDAwMH0sInNjaGVtYV92ZXJzaW9uIjoiMiJ9",
          "dependencies": [
            "aws_db_subnet_group.primary",
            "aws_kms_key.main",
            "aws_security_group.database_primary",
            "aws_security_group.web_primary",
            "aws_subnet.database_primary",
            "aws_vpc.primary",
            "random_password.db_password"
          ]
        }
      ]
    },
    {
      "mode": "managed",
      "type": "aws_db_instance",
      "name": "secondary",
      "provider": "provider[\"registry.terraform.io/hashicorp/aws\"].secondary",
      "instances": [
        {
          "schema_version": 2,
          "attributes": {
            "address": "localhost.localstack.cloud",
            "allocated_storage": 20,
            "allow_major_version_upgrade": null,
            "apply_immediately": false,
            "arn": "arn:aws:rds:us-west-2:000000000000:db:iac-aws-nova-model-breaking-pr1950-dev-db-secondary",
            "auto_minor_version_upgrade": true,
            "availability_zone": "us-west-2a",
            "backup_retention_period": 7,
            "backup_target": "",
            "backup_window": "03:00-04:00",
            "blue_green_update": [],
            "ca_cert_identifier": "",
            "character_set_name": "",
            "copy_tags_to_snapshot": false,
            "custom_iam_instance_profile": "",
            "customer_owned_ip_enabled": false,
            "database_insights_mode": "",
            "db_name": "appdb",
            "db_subnet_group_name": "iac-aws-nova-model-breaking-pr1950-dev-db-subnet-group-secondary",
            "dedicated_log_volume": false,
            "delete_automated_backups": true,
            "deletion_protection": false,
            "domain": "",
            "domain_auth_secret_arn": "",
            "domain_dns_ips": null,
            "domain_fqdn": "",
            "domain_iam_role_name": "",
            "domain_ou": "",
            "enabled_cloudwatch_logs_exports": null,
            "endpoint": "localhost.localstack.cloud:4511",
            "engine": "mysql",
            "engine_lifecycle_support": "",
            "engine_version": "8.0",
            "engine_version_actual": "8.0",
            "final_snapshot_identifier": null,
            "hosted_zone_id": "",
            "iam_database_authentication_enabled": false,
            "id": "db-465F7395",
            "identifier": "iac-aws-nova-model-breaking-pr1950-dev-db-secondary",
            "identifier_prefix": "",
            "instance_class": "db.t3.micro",
            "iops": 0,
            "kms_key_id": "arn:aws:kms:us-west-2:000000000000:key/84d8939c-2b16-46b3-87ce-02b910a01218",
            "latest_restorable_time": "",
            "license_model": "general-public-license",
            "listener_endpoint": [],
            "maintenance_window": "sun:04:00-sun:05:00",
            "manage_master_user_password": null,
            "master_user_secret": [],
            "master_user_secret_kms_key_id": null,
            "max_allocated_storage": 0,
            "monitoring_interval": 0,
            "monitoring_role_arn": "",
            "multi_az": false,
            "nchar_character_set_name": "",
            "network_type": "",
            "option_group_name": "default.mysql5.6",
            "parameter_group_name": "",
            "password": "hrd(jTL_BWQ9A)[\u003e",
            "password_wo": null,
            "password_wo_version": null,
            "performance_insights_enabled": false,
            "performance_insights_kms_key_id": "",
            "performance_insights_retention_period": 0,
            "port": 4511,
            "publicly_accessible": false,
            "replica_mode": "",
            "replicas": [],
            "replicate_source_db": "",
            "resource_id": "db-465F7395",
            "restore_to_point_in_time": [],
            "s3_import": [],
            "skip_final_snapshot": true,
            "snapshot_identifier": null,
            "status": "available",
            "storage_encrypted": true,
            "storage_throughput": 0,
            "storage_type": "gp2",
            "tags": {
              "Environment": "dev",
              "EnvironmentSuffix": "pr1950",
              "ManagedBy": "terraform",
              "Name": "iac-aws-nova-model-breaking-pr1950-dev-rds-secondary",
              "Owner": "platform-team",
              "Project": "iac-aws-nova-model-breaking"
            },
            "tags_all": {
              "Environment": "dev",
              "EnvironmentSuffix": "pr1950",
              "ManagedBy": "terraform",
              "Name": "iac-aws-nova-model-breaking-pr1950-dev-rds-secondary",
              "Owner": "platform-team",
              "Project": "iac-aws-nova-model-breaking"
            },
            "timeouts": null,
            "timezone": "",
            "upgrade_storage_config": null,
            "username": "admin",
            "vpc_security_group_ids": [
              "sg-d8b49eee0deb98956"
            ]
          },
          "sensitive_attributes": [
            [
              {
                "type": "get_attr",
                "value": "password"
              }
            ],
            [
              {
                "type": "get_attr",
                "value": "password_wo"
              }
            ]
          ],
          "identity_schema_version": 0,
          "private": "eyJlMmJmYjczMC1lY2FhLTExZTYtOGY4OC0zNDM2M2JjN2M0YzAiOnsiY3JlYXRlIjozMDAwMDAwMDAwMDAwLCJkZWxldGUiOjM2MDAwMDAwMDAwMDAsInVwZGF0ZSI6NDgwMDAwMDAwMDAwMH0sInNjaGVtYV92ZXJzaW9uIjoiMiJ9",
          "dependencies": [
            "aws_db_subnet_group.secondary",
            "aws_kms_key.secondary",
            "aws_security_group.database_secondary",
            "aws_security_group.web_secondary",
            "aws_subnet.database_secondary",
            "aws_vpc.secondary",
            "random_password.db_password"
          ]
        }
      ]
    },
    {
      "mode": "managed",
      "type": "aws_db_subnet_group",
      "name": "primary",
      "provider": "provider[\"registry.terraform.io/hashicorp/aws\"].primary",
      "instances": [
        {
          "schema_version": 0,
          "attributes": {
            "arn": "arn:aws:rds:us-east-1:000000000000:subgrp:iac-aws-nova-model-breaking-pr1950-dev-db-subnet-group-primary",
            "description": "Managed by Terraform",
            "id": "iac-aws-nova-model-breaking-pr1950-dev-db-subnet-group-primary",
            "name": "iac-aws-nova-model-breaking-pr1950-dev-db-subnet-group-primary",
            "name_prefix": "",
            "subnet_ids": [
              "subnet-233926370cbe1a27c",
              "subnet-8e41f3d66a2f06da2"
            ],
            "supported_network_types": [
              "IPV4"
            ],
            "tags": {
              "Environment": "dev",
              "EnvironmentSuffix": "pr1950",
              "ManagedBy": "terraform",
              "Name": "iac-aws-nova-model-breaking-pr1950-dev-db-subnet-group-primary",
              "Owner": "platform-team",
              "Project": "iac-aws-nova-model-breaking"
            },
            "tags_all": {
              "Environment": "dev",
              "EnvironmentSuffix": "pr1950",
              "ManagedBy": "terraform",
              "Name": "iac-aws-nova-model-breaking-pr1950-dev-db-subnet-group-primary",
              "Owner": "platform-team",
              "Project": "iac-aws-nova-model-breaking"
            },
            "vpc_id": "vpc-bf6afcccbfbc5799e"
          },
          "sensitive_attributes": [],
          "identity_schema_version": 0,
          "private": "bnVsbA==",
          "dependencies": [
            "aws_subnet.database_primary",
            "aws_vpc.primary"
          ]
        }
      ]
    },
    {
      "mode": "managed",
      "type": "aws_db_subnet_group",
      "name": "secondary",
      "provider": "provider[\"registry.terraform.io/hashicorp/aws\"].secondary",
      "instances": [
        {
          "schema_version": 0,
          "attributes": {
            "arn": "arn:aws:rds:us-west-2:000000000000:subgrp:iac-aws-nova-model-breaking-pr1950-dev-db-subnet-group-secondary",
            "description": "Managed by Terraform",
            "id": "iac-aws-nova-model-breaking-pr1950-dev-db-subnet-group-secondary",
            "name": "iac-aws-nova-model-breaking-pr1950-dev-db-subnet-group-secondary",
            "name_prefix": "",
            "subnet_ids": [
              "subnet-71856e9b02549c110",
              "subnet-9419095fbb35cede0"
            ],
            "supported_network_types": [
              "IPV4"
            ],
            "tags": {
              "Environment": "dev",
              "EnvironmentSuffix": "pr1950",
              "ManagedBy": "terraform",
              "Name": "iac-aws-nova-model-breaking-pr1950-dev-db-subnet-group-secondary",
              "Owner": "platform-team",
              "Project": "iac-aws-nova-model-breaking"
            },
            "tags_all": {
              "Environment": "dev",
              "EnvironmentSuffix": "pr1950",
              "ManagedBy": "terraform",
              "Name": "iac-aws-nova-model-breaking-pr1950-dev-db-subnet-group-secondary",
              "Owner": "platform-team",
              "Project": "iac-aws-nova-model-breaking"
            },
            "vpc_id": "vpc-41cdcddb1af6f17ee"
          },
          "sensitive_attributes": [],
          "identity_schema_version": 0,
          "private": "bnVsbA==",
          "dependencies": [
            "aws_subnet.database_secondary",
            "aws_vpc.secondary"
          ]
        }
      ]
    },
    {
      "mode": "managed",
      "type": "aws_eip",
      "name": "nat_primary",
      "provider": "provider[\"registry.terraform.io/hashicorp/aws\"].primary",
      "instances": [
        {
          "index_key": 0,
          "schema_version": 0,
          "attributes": {
            "address": null,
            "allocation_id": "eipalloc-05e93ea7316e6beff",
            "arn": "arn:aws:ec2:us-east-1:000000000000:elastic-ip/eipalloc-05e93ea7316e6beff",
            "associate_with_private_ip": null,
            "association_id": "",
            "carrier_ip": "",
            "customer_owned_ip": "",
            "customer_owned_ipv4_pool": "",
            "domain": "vpc",
            "id": "eipalloc-05e93ea7316e6beff",
            "instance": "",
            "ipam_pool_id": null,
            "network_border_group": "",
            "network_interface": "",
            "private_dns": null,
            "private_ip": "",
            "ptr_record": "",
            "public_dns": "ec2-127-129-234-67.compute-1.amazonaws.com",
            "public_ip": "127.129.234.67",
            "public_ipv4_pool": "",
            "tags": {
              "Environment": "dev",
              "EnvironmentSuffix": "pr1950",
              "ManagedBy": "terraform",
              "Name": "iac-aws-nova-model-breaking-pr1950-dev-eip-nat-primary-1",
              "Owner": "platform-team",
              "Project": "iac-aws-nova-model-breaking"
            },
            "tags_all": {
              "Environment": "dev",
              "EnvironmentSuffix": "pr1950",
              "ManagedBy": "terraform",
              "Name": "iac-aws-nova-model-breaking-pr1950-dev-eip-nat-primary-1",
              "Owner": "platform-team",
              "Project": "iac-aws-nova-model-breaking"
            },
            "timeouts": null,
            "vpc": true
          },
          "sensitive_attributes": [],
          "identity_schema_version": 0,
          "private": "eyJlMmJmYjczMC1lY2FhLTExZTYtOGY4OC0zNDM2M2JjN2M0YzAiOnsiZGVsZXRlIjoxODAwMDAwMDAwMDAsInJlYWQiOjkwMDAwMDAwMDAwMCwidXBkYXRlIjozMDAwMDAwMDAwMDB9fQ==",
          "dependencies": [
            "aws_internet_gateway.primary",
            "aws_vpc.primary"
          ]
        },
        {
          "index_key": 1,
          "schema_version": 0,
          "attributes": {
            "address": null,
            "allocation_id": "eipalloc-f0f2597ffaae56451",
            "arn": "arn:aws:ec2:us-east-1:000000000000:elastic-ip/eipalloc-f0f2597ffaae56451",
            "associate_with_private_ip": null,
            "association_id": "",
            "carrier_ip": "",
            "customer_owned_ip": "",
            "customer_owned_ipv4_pool": "",
            "domain": "vpc",
            "id": "eipalloc-f0f2597ffaae56451",
            "instance": "",
            "ipam_pool_id": null,
            "network_border_group": "",
            "network_interface": "",
            "private_dns": null,
            "private_ip": "",
            "ptr_record": "",
            "public_dns": "ec2-127-127-211-31.compute-1.amazonaws.com",
            "public_ip": "127.127.211.31",
            "public_ipv4_pool": "",
            "tags": {
              "Environment": "dev",
              "EnvironmentSuffix": "pr1950",
              "ManagedBy": "terraform",
              "Name": "iac-aws-nova-model-breaking-pr1950-dev-eip-nat-primary-2",
              "Owner": "platform-team",
              "Project": "iac-aws-nova-model-breaking"
            },
            "tags_all": {
              "Environment": "dev",
              "EnvironmentSuffix": "pr1950",
              "ManagedBy": "terraform",
              "Name": "iac-aws-nova-model-breaking-pr1950-dev-eip-nat-primary-2",
              "Owner": "platform-team",
              "Project": "iac-aws-nova-model-breaking"
            },
            "timeouts": null,
            "vpc": true
          },
          "sensitive_attributes": [],
          "identity_schema_version": 0,
          "private": "eyJlMmJmYjczMC1lY2FhLTExZTYtOGY4OC0zNDM2M2JjN2M0YzAiOnsiZGVsZXRlIjoxODAwMDAwMDAwMDAsInJlYWQiOjkwMDAwMDAwMDAwMCwidXBkYXRlIjozMDAwMDAwMDAwMDB9fQ==",
          "dependencies": [
            "aws_internet_gateway.primary",
            "aws_vpc.primary"
          ]
        }
      ]
    },
    {
      "mode": "managed",
      "type": "aws_eip",
      "name": "nat_secondary",
      "provider": "provider[\"registry.terraform.io/hashicorp/aws\"].secondary",
      "instances": [
        {
          "index_key": 0,
          "schema_version": 0,
          "attributes": {
            "address": null,
            "allocation_id": "eipalloc-d152ee2790e5674ff",
            "arn": "arn:aws:ec2:us-west-2:000000000000:elastic-ip/eipalloc-d152ee2790e5674ff",
            "associate_with_private_ip": null,
            "association_id": "",
            "carrier_ip": "",
            "customer_owned_ip": "",
            "customer_owned_ipv4_pool": "",
            "domain": "vpc",
            "id": "eipalloc-d152ee2790e5674ff",
            "instance": "",
            "ipam_pool_id": null,
            "network_border_group": "",
            "network_interface": "",
            "private_dns": null,
            "private_ip": "",
            "ptr_record": "",
            "public_dns": "ec2-127-242-161-92.us-west-2.compute.amazonaws.com",
            "public_ip": "127.242.161.92",
            "public_ipv4_pool": "",
            "tags": {
              "Environment": "dev",
              "EnvironmentSuffix": "pr1950",
              "ManagedBy": "terraform",
              "Name": "iac-aws-nova-model-breaking-pr1950-dev-eip-nat-secondary-1",
              "Owner": "platform-team",
              "Project": "iac-aws-nova-model-breaking"
            },
            "tags_all": {
              "Environment": "dev",
              "EnvironmentSuffix": "pr1950",
              "ManagedBy": "terraform",
              "Name": "iac-aws-nova-model-breaking-pr1950-dev-eip-nat-secondary-1",
              "Owner": "platform-team",
              "Project": "iac-aws-nova-model-breaking"
            },
            "timeouts": null,
            "vpc": true
          },
          "sensitive_attributes": [],
          "identity_schema_version": 0,
          "private": "eyJlMmJmYjczMC1lY2FhLTExZTYtOGY4OC0zNDM2M2JjN2M0YzAiOnsiZGVsZXRlIjoxODAwMDAwMDAwMDAsInJlYWQiOjkwMDAwMDAwMDAwMCwidXBkYXRlIjozMDAwMDAwMDAwMDB9fQ==",
          "dependencies": [
            "aws_internet_gateway.secondary",
            "aws_vpc.secondary"
          ]
        },
        {
          "index_key": 1,
          "schema_version": 0,
          "attributes": {
            "address": null,
            "allocation_id": "eipalloc-ef7d670c93f22664a",
            "arn": "arn:aws:ec2:us-west-2:000000000000:elastic-ip/eipalloc-ef7d670c93f22664a",
            "associate_with_private_ip": null,
            "association_id": "",
            "carrier_ip": "",
            "customer_owned_ip": "",
            "customer_owned_ipv4_pool": "",
            "domain": "vpc",
            "id": "eipalloc-ef7d670c93f22664a",
            "instance": "",
            "ipam_pool_id": null,
            "network_border_group": "",
            "network_interface": "",
            "private_dns": null,
            "private_ip": "",
            "ptr_record": "",
            "public_dns": "ec2-127-192-164-100.us-west-2.compute.amazonaws.com",
            "public_ip": "127.192.164.100",
            "public_ipv4_pool": "",
            "tags": {
              "Environment": "dev",
              "EnvironmentSuffix": "pr1950",
              "ManagedBy": "terraform",
              "Name": "iac-aws-nova-model-breaking-pr1950-dev-eip-nat-secondary-2",
              "Owner": "platform-team",
              "Project": "iac-aws-nova-model-breaking"
            },
            "tags_all": {
              "Environment": "dev",
              "EnvironmentSuffix": "pr1950",
              "ManagedBy": "terraform",
              "Name": "iac-aws-nova-model-breaking-pr1950-dev-eip-nat-secondary-2",
              "Owner": "platform-team",
              "Project": "iac-aws-nova-model-breaking"
            },
            "timeouts": null,
            "vpc": true
          },
          "sensitive_attributes": [],
          "identity_schema_version": 0,
          "private": "eyJlMmJmYjczMC1lY2FhLTExZTYtOGY4OC0zNDM2M2JjN2M0YzAiOnsiZGVsZXRlIjoxODAwMDAwMDAwMDAsInJlYWQiOjkwMDAwMDAwMDAwMCwidXBkYXRlIjozMDAwMDAwMDAwMDB9fQ==",
          "dependencies": [
            "aws_internet_gateway.secondary",
            "aws_vpc.secondary"
          ]
        }
      ]
    },
    {
      "mode": "managed",
      "type": "aws_instance",
      "name": "web_primary",
      "provider": "provider[\"registry.terraform.io/hashicorp/aws\"].primary",
      "instances": [
        {
          "index_key": 0,
          "status": "tainted",
          "schema_version": 1,
          "attributes": {
            "ami": "ami-04681a1dbd79675a5",
            "arn": "arn:aws:ec2:us-east-1:000000000000:instance/i-0ee6043899b7070b3",
            "associate_public_ip_address": true,
            "availability_zone": "us-east-1a",
            "capacity_reservation_specification": null,
            "cpu_core_count": null,
            "cpu_options": [],
            "cpu_threads_per_core": null,
            "credit_specification": [],
            "disable_api_stop": false,
            "disable_api_termination": false,
            "ebs_block_device": [],
            "ebs_optimized": false,
            "enable_primary_ipv6": null,
            "enclave_options": [],
            "ephemeral_block_device": [],
            "get_password_data": false,
            "hibernation": false,
            "host_id": "",
            "host_resource_group_arn": null,
            "iam_instance_profile": "",
            "id": "i-0ee6043899b7070b3",
            "instance_initiated_shutdown_behavior": "stop",
            "instance_lifecycle": null,
            "instance_market_options": null,
            "instance_state": "running",
            "instance_type": "t3.micro",
            "ipv6_address_count": 0,
            "ipv6_addresses": [],
            "key_name": "",
            "launch_template": [],
            "maintenance_options": [],
            "metadata_options": [
              {
                "http_endpoint": "enabled",
                "http_protocol_ipv6": "disabled",
                "http_put_response_hop_limit": 1,
                "http_tokens": "optional",
                "instance_metadata_tags": "disabled"
              }
            ],
            "monitoring": false,
            "network_interface": [],
            "outpost_arn": "",
            "password_data": null,
            "placement_group": "",
            "placement_partition_number": 0,
            "primary_network_interface_id": "eni-16b54be26fd847b30",
            "private_dns": "ip-10-0-10-4.ec2.internal",
            "private_dns_name_options": [],
            "private_ip": "10.0.10.4",
            "public_dns": "",
            "public_ip": "",
            "root_block_device": [
              {
                "delete_on_termination": true,
                "device_name": "/dev/xvda",
                "encrypted": true,
                "iops": 3000,
                "kms_key_id": "arn:aws:kms:us-east-1:000000000000:key/a3dddca4-5938-4850-9888-7fab3ab82b83",
                "tags": null,
                "tags_all": {
                  "Environment": "dev",
                  "ManagedBy": "terraform",
                  "Owner": "platform-team",
                  "Project": "iac-aws-nova-model-breaking"
                },
                "throughput": 0,
                "volume_id": "vol-8e3598349118dc43e",
                "volume_size": 20,
                "volume_type": "gp3"
              }
            ],
            "secondary_private_ips": [],
            "security_groups": [],
            "source_dest_check": true,
            "spot_instance_request_id": null,
            "subnet_id": "subnet-0e59e7c7494ac22f7",
            "tags": {
              "Environment": "dev",
              "EnvironmentSuffix": "pr1950",
              "ManagedBy": "terraform",
              "Name": "iac-aws-nova-model-breaking-pr1950-dev-web-primary-1",
              "Owner": "platform-team",
              "Project": "iac-aws-nova-model-breaking"
            },
            "tags_all": {
              "Environment": "dev",
              "EnvironmentSuffix": "pr1950",
              "ManagedBy": "terraform",
              "Name": "iac-aws-nova-model-breaking-pr1950-dev-web-primary-1",
              "Owner": "platform-team",
              "Project": "iac-aws-nova-model-breaking"
            },
            "tenancy": "default",
            "timeouts": null,
            "user_data": null,
            "user_data_base64": null,
            "user_data_replace_on_change": false,
            "volume_tags": null,
            "vpc_security_group_ids": [
              "sg-829f3ceabf5871be0"
            ]
          },
          "sensitive_attributes": [],
          "identity_schema_version": 0,
          "private": "eyJlMmJmYjczMC1lY2FhLTExZTYtOGY4OC0zNDM2M2JjN2M0YzAiOnsiY3JlYXRlIjo2MDAwMDAwMDAwMDAsImRlbGV0ZSI6MTIwMDAwMDAwMDAwMCwicmVhZCI6OTAwMDAwMDAwMDAwLCJ1cGRhdGUiOjYwMDAwMDAwMDAwMH0sInNjaGVtYV92ZXJzaW9uIjoiMSJ9",
          "dependencies": [
            "aws_security_group.web_primary",
            "aws_subnet.private_primary",
            "aws_vpc.primary",
            "data.aws_ami.amazon_linux_primary"
          ]
        },
        {
          "index_key": 1,
          "status": "tainted",
          "schema_version": 1,
          "attributes": {
            "ami": "ami-04681a1dbd79675a5",
            "arn": "arn:aws:ec2:us-east-1:000000000000:instance/i-041e993552e8eb65e",
            "associate_public_ip_address": true,
            "availability_zone": "us-east-1b",
            "capacity_reservation_specification": null,
            "cpu_core_count": null,
            "cpu_options": [],
            "cpu_threads_per_core": null,
            "credit_specification": [],
            "disable_api_stop": false,
            "disable_api_termination": false,
            "ebs_block_device": [],
            "ebs_optimized": false,
            "enable_primary_ipv6": null,
            "enclave_options": [],
            "ephemeral_block_device": [],
            "get_password_data": false,
            "hibernation": false,
            "host_id": "",
            "host_resource_group_arn": null,
            "iam_instance_profile": "",
            "id": "i-041e993552e8eb65e",
            "instance_initiated_shutdown_behavior": "stop",
            "instance_lifecycle": null,
            "instance_market_options": null,
            "instance_state": "running",
            "instance_type": "t3.micro",
            "ipv6_address_count": 0,
            "ipv6_addresses": [],
            "key_name": "",
            "launch_template": [],
            "maintenance_options": [],
            "metadata_options": [
              {
                "http_endpoint": "enabled",
                "http_protocol_ipv6": "disabled",
                "http_put_response_hop_limit": 1,
                "http_tokens": "optional",
                "instance_metadata_tags": "disabled"
              }
            ],
            "monitoring": false,
            "network_interface": [],
            "outpost_arn": "",
            "password_data": null,
            "placement_group": "",
            "placement_partition_number": 0,
            "primary_network_interface_id": "eni-7413cc9eafec6aa8d",
            "private_dns": "ip-10-0-11-4.ec2.internal",
            "private_dns_name_options": [],
            "private_ip": "10.0.11.4",
            "public_dns": "",
            "public_ip": "",
            "root_block_device": [
              {
                "delete_on_termination": true,
                "device_name": "/dev/xvda",
                "encrypted": true,
                "iops": 3000,
                "kms_key_id": "arn:aws:kms:us-east-1:000000000000:key/a3dddca4-5938-4850-9888-7fab3ab82b83",
                "tags": null,
                "tags_all": {
                  "Environment": "dev",
                  "ManagedBy": "terraform",
                  "Owner": "platform-team",
                  "Project": "iac-aws-nova-model-breaking"
                },
                "throughput": 0,
                "volume_id": "vol-1029abe612874559f",
                "volume_size": 20,
                "volume_type": "gp3"
              }
            ],
            "secondary_private_ips": [],
            "security_groups": [],
            "source_dest_check": true,
            "spot_instance_request_id": null,
            "subnet_id": "subnet-37f6cc6b1d7f7e04b",
            "tags": {
              "Environment": "dev",
              "EnvironmentSuffix": "pr1950",
              "ManagedBy": "terraform",
              "Name": "iac-aws-nova-model-breaking-pr1950-dev-web-primary-2",
              "Owner": "platform-team",
              "Project": "iac-aws-nova-model-breaking"
            },
            "tags_all": {
              "Environment": "dev",
              "EnvironmentSuffix": "pr1950",
              "ManagedBy": "terraform",
              "Name": "iac-aws-nova-model-breaking-pr1950-dev-web-primary-2",
              "Owner": "platform-team",
              "Project": "iac-aws-nova-model-breaking"
            },
            "tenancy": "default",
            "timeouts": null,
            "user_data": null,
            "user_data_base64": null,
            "user_data_replace_on_change": false,
            "volume_tags": null,
            "vpc_security_group_ids": [
              "sg-829f3ceabf5871be0"
            ]
          },
          "sensitive_attributes": [],
          "identity_schema_version": 0,
          "private": "eyJlMmJmYjczMC1lY2FhLTExZTYtOGY4OC0zNDM2M2JjN2M0YzAiOnsiY3JlYXRlIjo2MDAwMDAwMDAwMDAsImRlbGV0ZSI6MTIwMDAwMDAwMDAwMCwicmVhZCI6OTAwMDAwMDAwMDAwLCJ1cGRhdGUiOjYwMDAwMDAwMDAwMH0sInNjaGVtYV92ZXJzaW9uIjoiMSJ9",
          "dependencies": [
            "aws_security_group.web_primary",
            "aws_subnet.private_primary",
            "aws_vpc.primary",
            "data.aws_ami.amazon_linux_primary"
          ]
        }
      ]
    },
    {
      "mode": "managed",
      "type": "aws_instance",
      "name": "web_secondary",
      "provider": "provider[\"registry.terraform.io/hashicorp/aws\"].secondary",
      "instances": [
        {
          "index_key": 0,
          "status": "tainted",
          "schema_version": 1,
          "attributes": {
            "ami": "ami-04681a1dbd79675a5",
            "arn": "arn:aws:ec2:us-west-2:000000000000:instance/i-41533c412395796bc",
            "associate_public_ip_address": true,
            "availability_zone": "us-west-2a",
            "capacity_reservation_specification": null,
            "cpu_core_count": null,
            "cpu_options": [],
            "cpu_threads_per_core": null,
            "credit_specification": [],
            "disable_api_stop": false,
            "disable_api_termination": false,
            "ebs_block_device": [],
            "ebs_optimized": false,
            "enable_primary_ipv6": null,
            "enclave_options": [],
            "ephemeral_block_device": [],
            "get_password_data": false,
            "hibernation": false,
            "host_id": "",
            "host_resource_group_arn": null,
            "iam_instance_profile": "",
            "id": "i-41533c412395796bc",
            "instance_initiated_shutdown_behavior": "stop",
            "instance_lifecycle": null,
            "instance_market_options": null,
            "instance_state": "running",
            "instance_type": "t3.micro",
            "ipv6_address_count": 0,
            "ipv6_addresses": [],
            "key_name": "",
            "launch_template": [],
            "maintenance_options": [],
            "metadata_options": [
              {
                "http_endpoint": "enabled",
                "http_protocol_ipv6": "disabled",
                "http_put_response_hop_limit": 1,
                "http_tokens": "optional",
                "instance_metadata_tags": "disabled"
              }
            ],
            "monitoring": false,
            "network_interface": [],
            "outpost_arn": "",
            "password_data": null,
            "placement_group": "",
            "placement_partition_number": 0,
            "primary_network_interface_id": "eni-bf2a5601c66eaca94",
            "private_dns": "ip-10-1-10-4.us-west-2.compute.internal",
            "private_dns_name_options": [],
            "private_ip": "10.1.10.4",
            "public_dns": "",
            "public_ip": "",
            "root_block_device": [
              {
                "delete_on_termination": true,
                "device_name": "/dev/xvda",
                "encrypted": true,
                "iops": 3000,
                "kms_key_id": "arn:aws:kms:us-west-2:000000000000:key/0f652a53-a4a3-4c18-bf78-4a7ef49a006e",
                "tags": null,
                "tags_all": {
                  "Environment": "dev",
                  "ManagedBy": "terraform",
                  "Owner": "platform-team",
                  "Project": "iac-aws-nova-model-breaking"
                },
                "throughput": 0,
                "volume_id": "vol-bbf815de8ee7839e4",
                "volume_size": 20,
                "volume_type": "gp3"
              }
            ],
            "secondary_private_ips": [],
            "security_groups": [],
            "source_dest_check": true,
            "spot_instance_request_id": null,
            "subnet_id": "subnet-5b6eba6fb96a8137b",
            "tags": {
              "Environment": "dev",
              "EnvironmentSuffix": "pr1950",
              "ManagedBy": "terraform",
              "Name": "iac-aws-nova-model-breaking-pr1950-dev-web-secondary-1",
              "Owner": "platform-team",
              "Project": "iac-aws-nova-model-breaking"
            },
            "tags_all": {
              "Environment": "dev",
              "EnvironmentSuffix": "pr1950",
              "ManagedBy": "terraform",
              "Name": "iac-aws-nova-model-breaking-pr1950-dev-web-secondary-1",
              "Owner": "platform-team",
              "Project": "iac-aws-nova-model-breaking"
            },
            "tenancy": "default",
            "timeouts": null,
            "user_data": null,
            "user_data_base64": null,
            "user_data_replace_on_change": false,
            "volume_tags": null,
            "vpc_security_group_ids": [
              "sg-f57657b2592db046f"
            ]
          },
          "sensitive_attributes": [],
          "identity_schema_version": 0,
          "private": "eyJlMmJmYjczMC1lY2FhLTExZTYtOGY4OC0zNDM2M2JjN2M0YzAiOnsiY3JlYXRlIjo2MDAwMDAwMDAwMDAsImRlbGV0ZSI6MTIwMDAwMDAwMDAwMCwicmVhZCI6OTAwMDAwMDAwMDAwLCJ1cGRhdGUiOjYwMDAwMDAwMDAwMH0sInNjaGVtYV92ZXJzaW9uIjoiMSJ9",
          "dependencies": [
            "aws_security_group.web_secondary",
            "aws_subnet.private_secondary",
            "aws_vpc.secondary",
            "data.aws_ami.amazon_linux_secondary"
          ]
        },
        {
          "index_key": 1,
          "status": "tainted",
          "schema_version": 1,
          "attributes": {
            "ami": "ami-04681a1dbd79675a5",
            "arn": "arn:aws:ec2:us-west-2:000000000000:instance/i-3e82a164f6cbd2b87",
            "associate_public_ip_address": true,
            "availability_zone": "us-west-2b",
            "capacity_reservation_specification": null,
            "cpu_core_count": null,
            "cpu_options": [],
            "cpu_threads_per_core": null,
            "credit_specification": [],
            "disable_api_stop": false,
            "disable_api_termination": false,
            "ebs_block_device": [],
            "ebs_optimized": false,
            "enable_primary_ipv6": null,
            "enclave_options": [],
            "ephemeral_block_device": [],
            "get_password_data": false,
            "hibernation": false,
            "host_id": "",
            "host_resource_group_arn": null,
            "iam_instance_profile": "",
            "id": "i-3e82a164f6cbd2b87",
            "instance_initiated_shutdown_behavior": "stop",
            "instance_lifecycle": null,
            "instance_market_options": null,
            "instance_state": "running",
            "instance_type": "t3.micro",
            "ipv6_address_count": 0,
            "ipv6_addresses": [],
            "key_name": "",
            "launch_template": [],
            "maintenance_options": [],
            "metadata_options": [
              {
                "http_endpoint": "enabled",
                "http_protocol_ipv6": "disabled",
                "http_put_response_hop_limit": 1,
                "http_tokens": "optional",
                "instance_metadata_tags": "disabled"
              }
            ],
            "monitoring": false,
            "network_interface": [],
            "outpost_arn": "",
            "password_data": null,
            "placement_group": "",
            "placement_partition_number": 0,
            "primary_network_interface_id": "eni-d5cce138f44abf9e4",
            "private_dns": "ip-10-1-11-4.us-west-2.compute.internal",
            "private_dns_name_options": [],
            "private_ip": "10.1.11.4",
            "public_dns": "",
            "public_ip": "",
            "root_block_device": [
              {
                "delete_on_termination": true,
                "device_name": "/dev/xvda",
                "encrypted": true,
                "iops": 3000,
                "kms_key_id": "arn:aws:kms:us-west-2:000000000000:key/0f652a53-a4a3-4c18-bf78-4a7ef49a006e",
                "tags": null,
                "tags_all": {
                  "Environment": "dev",
                  "ManagedBy": "terraform",
                  "Owner": "platform-team",
                  "Project": "iac-aws-nova-model-breaking"
                },
                "throughput": 0,
                "volume_id": "vol-214c1dc907d34a44c",
                "volume_size": 20,
                "volume_type": "gp3"
              }
            ],
            "secondary_private_ips": [],
            "security_groups": [],
            "source_dest_check": true,
            "spot_instance_request_id": null,
            "subnet_id": "subnet-8d245ce287584e95f",
            "tags": {
              "Environment": "dev",
              "EnvironmentSuffix": "pr1950",
              "ManagedBy": "terraform",
              "Name": "iac-aws-nova-model-breaking-pr1950-dev-web-secondary-2",
              "Owner": "platform-team",
              "Project": "iac-aws-nova-model-breaking"
            },
            "tags_all": {
              "Environment": "dev",
              "EnvironmentSuffix": "pr1950",
              "ManagedBy": "terraform",
              "Name": "iac-aws-nova-model-breaking-pr1950-dev-web-secondary-2",
              "Owner": "platform-team",
              "Project": "iac-aws-nova-model-breaking"
            },
            "tenancy": "default",
            "timeouts": null,
            "user_data": null,
            "user_data_base64": null,
            "user_data_replace_on_change": false,
            "volume_tags": null,
            "vpc_security_group_ids": [
              "sg-f57657b2592db046f"
            ]
          },
          "sensitive_attributes": [],
          "identity_schema_version": 0,
          "private": "eyJlMmJmYjczMC1lY2FhLTExZTYtOGY4OC0zNDM2M2JjN2M0YzAiOnsiY3JlYXRlIjo2MDAwMDAwMDAwMDAsImRlbGV0ZSI6MTIwMDAwMDAwMDAwMCwicmVhZCI6OTAwMDAwMDAwMDAwLCJ1cGRhdGUiOjYwMDAwMDAwMDAwMH0sInNjaGVtYV92ZXJzaW9uIjoiMSJ9",
          "dependencies": [
            "aws_security_group.web_secondary",
            "aws_subnet.private_secondary",
            "aws_vpc.secondary",
            "data.aws_ami.amazon_linux_secondary"
          ]
        }
      ]
    },
    {
      "mode": "managed",
      "type": "aws_internet_gateway",
      "name": "primary",
      "provider": "provider[\"registry.terraform.io/hashicorp/aws\"].primary",
      "instances": [
        {
          "schema_version": 0,
          "attributes": {
            "arn": "arn:aws:ec2:us-east-1:000000000000:internet-gateway/igw-92682b771b7bddb3e",
            "id": "igw-92682b771b7bddb3e",
            "owner_id": "000000000000",
            "tags": {
              "Environment": "dev",
              "EnvironmentSuffix": "pr1950",
              "ManagedBy": "terraform",
              "Name": "iac-aws-nova-model-breaking-pr1950-dev-igw-primary",
              "Owner": "platform-team",
              "Project": "iac-aws-nova-model-breaking"
            },
            "tags_all": {
              "Environment": "dev",
              "EnvironmentSuffix": "pr1950",
              "ManagedBy": "terraform",
              "Name": "iac-aws-nova-model-breaking-pr1950-dev-igw-primary",
              "Owner": "platform-team",
              "Project": "iac-aws-nova-model-breaking"
            },
            "timeouts": null,
            "vpc_id": "vpc-bf6afcccbfbc5799e"
          },
          "sensitive_attributes": [],
          "identity_schema_version": 0,
          "private": "eyJlMmJmYjczMC1lY2FhLTExZTYtOGY4OC0zNDM2M2JjN2M0YzAiOnsiY3JlYXRlIjoxMjAwMDAwMDAwMDAwLCJkZWxldGUiOjEyMDAwMDAwMDAwMDAsInVwZGF0ZSI6MTIwMDAwMDAwMDAwMH19",
          "dependencies": [
            "aws_vpc.primary"
          ]
        }
      ]
    },
    {
      "mode": "managed",
      "type": "aws_internet_gateway",
      "name": "secondary",
      "provider": "provider[\"registry.terraform.io/hashicorp/aws\"].secondary",
      "instances": [
        {
          "schema_version": 0,
          "attributes": {
            "arn": "arn:aws:ec2:us-west-2:000000000000:internet-gateway/igw-6cb556ed454952114",
            "id": "igw-6cb556ed454952114",
            "owner_id": "000000000000",
            "tags": {
              "Environment": "dev",
              "EnvironmentSuffix": "pr1950",
              "ManagedBy": "terraform",
              "Name": "iac-aws-nova-model-breaking-pr1950-dev-igw-secondary",
              "Owner": "platform-team",
              "Project": "iac-aws-nova-model-breaking"
            },
            "tags_all": {
              "Environment": "dev",
              "EnvironmentSuffix": "pr1950",
              "ManagedBy": "terraform",
              "Name": "iac-aws-nova-model-breaking-pr1950-dev-igw-secondary",
              "Owner": "platform-team",
              "Project": "iac-aws-nova-model-breaking"
            },
            "timeouts": null,
            "vpc_id": "vpc-41cdcddb1af6f17ee"
          },
          "sensitive_attributes": [],
          "identity_schema_version": 0,
          "private": "eyJlMmJmYjczMC1lY2FhLTExZTYtOGY4OC0zNDM2M2JjN2M0YzAiOnsiY3JlYXRlIjoxMjAwMDAwMDAwMDAwLCJkZWxldGUiOjEyMDAwMDAwMDAwMDAsInVwZGF0ZSI6MTIwMDAwMDAwMDAwMH19",
          "dependencies": [
            "aws_vpc.secondary"
          ]
        }
      ]
    },
    {
      "mode": "managed",
      "type": "aws_kms_alias",
      "name": "main",
      "provider": "provider[\"registry.terraform.io/hashicorp/aws\"].primary",
      "instances": [
        {
          "schema_version": 0,
          "attributes": {
            "arn": "arn:aws:kms:us-east-1:000000000000:alias/iac-aws-nova-model-breaking-pr1950-dev",
            "id": "alias/iac-aws-nova-model-breaking-pr1950-dev",
            "name": "alias/iac-aws-nova-model-breaking-pr1950-dev",
            "name_prefix": "",
            "target_key_arn": "arn:aws:kms:us-east-1:000000000000:key/5be6f61c-d743-4753-be4d-51f06882719d",
            "target_key_id": "5be6f61c-d743-4753-be4d-51f06882719d"
          },
          "sensitive_attributes": [],
          "identity_schema_version": 0,
          "private": "bnVsbA==",
          "dependencies": [
            "aws_kms_key.main"
          ]
        }
      ]
    },
    {
      "mode": "managed",
      "type": "aws_kms_alias",
      "name": "secondary",
      "provider": "provider[\"registry.terraform.io/hashicorp/aws\"].secondary",
      "instances": [
        {
          "schema_version": 0,
          "attributes": {
            "arn": "arn:aws:kms:us-west-2:000000000000:alias/iac-aws-nova-model-breaking-pr1950-dev-secondary",
            "id": "alias/iac-aws-nova-model-breaking-pr1950-dev-secondary",
            "name": "alias/iac-aws-nova-model-breaking-pr1950-dev-secondary",
            "name_prefix": "",
            "target_key_arn": "arn:aws:kms:us-west-2:000000000000:key/84d8939c-2b16-46b3-87ce-02b910a01218",
            "target_key_id": "84d8939c-2b16-46b3-87ce-02b910a01218"
          },
          "sensitive_attributes": [],
          "identity_schema_version": 0,
          "private": "bnVsbA==",
          "dependencies": [
            "aws_kms_key.secondary"
          ]
        }
      ]
    },
    {
      "mode": "managed",
      "type": "aws_kms_key",
      "name": "main",
      "provider": "provider[\"registry.terraform.io/hashicorp/aws\"].primary",
      "instances": [
        {
          "schema_version": 0,
          "attributes": {
            "arn": "arn:aws:kms:us-east-1:000000000000:key/5be6f61c-d743-4753-be4d-51f06882719d",
            "bypass_policy_lockout_safety_check": false,
            "custom_key_store_id": "",
            "customer_master_key_spec": "SYMMETRIC_DEFAULT",
            "deletion_window_in_days": 7,
            "description": "KMS key for iac-aws-nova-model-breaking-pr1950-dev",
            "enable_key_rotation": false,
            "id": "5be6f61c-d743-4753-be4d-51f06882719d",
            "is_enabled": true,
            "key_id": "5be6f61c-d743-4753-be4d-51f06882719d",
            "key_usage": "ENCRYPT_DECRYPT",
            "multi_region": false,
            "policy": "{\"Id\":\"key-default-1\",\"Statement\":[{\"Action\":\"kms:*\",\"Effect\":\"Allow\",\"Principal\":{\"AWS\":\"arn:aws:iam::000000000000:root\"},\"Resource\":\"*\",\"Sid\":\"Enable IAM User Permissions\"}],\"Version\":\"2012-10-17\"}",
            "rotation_period_in_days": 0,
            "tags": {
              "Environment": "dev",
              "EnvironmentSuffix": "pr1950",
              "ManagedBy": "terraform",
              "Name": "iac-aws-nova-model-breaking-pr1950-dev-kms-key",
              "Owner": "platform-team",
              "Project": "iac-aws-nova-model-breaking"
            },
            "tags_all": {
              "Environment": "dev",
              "EnvironmentSuffix": "pr1950",
              "ManagedBy": "terraform",
              "Name": "iac-aws-nova-model-breaking-pr1950-dev-kms-key",
              "Owner": "platform-team",
              "Project": "iac-aws-nova-model-breaking"
            },
            "timeouts": null,
            "xks_key_id": ""
          },
          "sensitive_attributes": [],
          "identity_schema_version": 0,
          "private": "eyJlMmJmYjczMC1lY2FhLTExZTYtOGY4OC0zNDM2M2JjN2M0YzAiOnsiY3JlYXRlIjoxMjAwMDAwMDAwMDB9fQ=="
        }
      ]
    },
    {
      "mode": "managed",
      "type": "aws_kms_key",
      "name": "secondary",
      "provider": "provider[\"registry.terraform.io/hashicorp/aws\"].secondary",
      "instances": [
        {
          "schema_version": 0,
          "attributes": {
            "arn": "arn:aws:kms:us-west-2:000000000000:key/84d8939c-2b16-46b3-87ce-02b910a01218",
            "bypass_policy_lockout_safety_check": false,
            "custom_key_store_id": "",
            "customer_master_key_spec": "SYMMETRIC_DEFAULT",
            "deletion_window_in_days": 7,
            "description": "KMS key for iac-aws-nova-model-breaking-pr1950-dev-secondary",
            "enable_key_rotation": false,
            "id": "84d8939c-2b16-46b3-87ce-02b910a01218",
            "is_enabled": true,
            "key_id": "84d8939c-2b16-46b3-87ce-02b910a01218",
            "key_usage": "ENCRYPT_DECRYPT",
            "multi_region": false,
            "policy": "{\"Id\":\"key-default-1\",\"Statement\":[{\"Action\":\"kms:*\",\"Effect\":\"Allow\",\"Principal\":{\"AWS\":\"arn:aws:iam::000000000000:root\"},\"Resource\":\"*\",\"Sid\":\"Enable IAM User Permissions\"}],\"Version\":\"2012-10-17\"}",
            "rotation_period_in_days": 0,
            "tags": {
              "Environment": "dev",
              "EnvironmentSuffix": "pr1950",
              "ManagedBy": "terraform",
              "Name": "iac-aws-nova-model-breaking-pr1950-dev-kms-key-secondary",
              "Owner": "platform-team",
              "Project": "iac-aws-nova-model-breaking"
            },
            "tags_all": {
              "Environment": "dev",
              "EnvironmentSuffix": "pr1950",
              "ManagedBy": "terraform",
              "Name": "iac-aws-nova-model-breaking-pr1950-dev-kms-key-secondary",
              "Owner": "platform-team",
              "Project": "iac-aws-nova-model-breaking"
            },
            "timeouts": null,
            "xks_key_id": ""
          },
          "sensitive_attributes": [],
          "identity_schema_version": 0,
          "private": "eyJlMmJmYjczMC1lY2FhLTExZTYtOGY4OC0zNDM2M2JjN2M0YzAiOnsiY3JlYXRlIjoxMjAwMDAwMDAwMDB9fQ=="
        }
      ]
    },
    {
      "mode": "managed",
      "type": "aws_nat_gateway",
      "name": "primary",
      "provider": "provider[\"registry.terraform.io/hashicorp/aws\"].primary",
      "instances": [
        {
          "index_key": 0,
          "schema_version": 0,
          "attributes": {
            "allocation_id": "eipalloc-05e93ea7316e6beff",
            "association_id": "eipassoc-f321493d7c8a0f2c8",
            "connectivity_type": "public",
            "id": "nat-efe6721d969bc132a",
            "network_interface_id": "eni-9dc2aa68cc5ea18e4",
            "private_ip": "10.52.119.102",
            "public_ip": "127.129.234.67",
            "secondary_allocation_ids": null,
            "secondary_private_ip_address_count": 0,
            "secondary_private_ip_addresses": [],
            "subnet_id": "subnet-9b21620a889ff74f7",
            "tags": {
              "Environment": "dev",
              "EnvironmentSuffix": "pr1950",
              "ManagedBy": "terraform",
              "Name": "iac-aws-nova-model-breaking-pr1950-dev-nat-gateway-primary-1",
              "Owner": "platform-team",
              "Project": "iac-aws-nova-model-breaking"
            },
            "tags_all": {
              "Environment": "dev",
              "EnvironmentSuffix": "pr1950",
              "ManagedBy": "terraform",
              "Name": "iac-aws-nova-model-breaking-pr1950-dev-nat-gateway-primary-1",
              "Owner": "platform-team",
              "Project": "iac-aws-nova-model-breaking"
            },
            "timeouts": null
          },
          "sensitive_attributes": [],
          "identity_schema_version": 0,
          "private": "eyJlMmJmYjczMC1lY2FhLTExZTYtOGY4OC0zNDM2M2JjN2M0YzAiOnsiY3JlYXRlIjo2MDAwMDAwMDAwMDAsImRlbGV0ZSI6MTgwMDAwMDAwMDAwMCwidXBkYXRlIjo2MDAwMDAwMDAwMDB9fQ==",
          "dependencies": [
            "aws_eip.nat_primary",
            "aws_internet_gateway.primary",
            "aws_subnet.public_primary",
            "aws_vpc.primary"
          ]
        },
        {
          "index_key": 1,
          "schema_version": 0,
          "attributes": {
            "allocation_id": "eipalloc-f0f2597ffaae56451",
            "association_id": "eipassoc-cbf5ca2cd46cea825",
            "connectivity_type": "public",
            "id": "nat-fd0a4f5c466ee1ce2",
            "network_interface_id": "eni-27f5e7ed92a32c641",
            "private_ip": "10.199.128.124",
            "public_ip": "127.127.211.31",
            "secondary_allocation_ids": null,
            "secondary_private_ip_address_count": 0,
            "secondary_private_ip_addresses": [],
            "subnet_id": "subnet-b29c7bd10139a9a26",
            "tags": {
              "Environment": "dev",
              "EnvironmentSuffix": "pr1950",
              "ManagedBy": "terraform",
              "Name": "iac-aws-nova-model-breaking-pr1950-dev-nat-gateway-primary-2",
              "Owner": "platform-team",
              "Project": "iac-aws-nova-model-breaking"
            },
            "tags_all": {
              "Environment": "dev",
              "EnvironmentSuffix": "pr1950",
              "ManagedBy": "terraform",
              "Name": "iac-aws-nova-model-breaking-pr1950-dev-nat-gateway-primary-2",
              "Owner": "platform-team",
              "Project": "iac-aws-nova-model-breaking"
            },
            "timeouts": null
          },
          "sensitive_attributes": [],
          "identity_schema_version": 0,
          "private": "eyJlMmJmYjczMC1lY2FhLTExZTYtOGY4OC0zNDM2M2JjN2M0YzAiOnsiY3JlYXRlIjo2MDAwMDAwMDAwMDAsImRlbGV0ZSI6MTgwMDAwMDAwMDAwMCwidXBkYXRlIjo2MDAwMDAwMDAwMDB9fQ==",
          "dependencies": [
            "aws_eip.nat_primary",
            "aws_internet_gateway.primary",
            "aws_subnet.public_primary",
            "aws_vpc.primary"
          ]
        }
      ]
    },
    {
      "mode": "managed",
      "type": "aws_nat_gateway",
      "name": "secondary",
      "provider": "provider[\"registry.terraform.io/hashicorp/aws\"].secondary",
      "instances": [
        {
          "index_key": 0,
          "schema_version": 0,
          "attributes": {
            "allocation_id": "eipalloc-d152ee2790e5674ff",
            "association_id": "eipassoc-631aed9eee85fe9c1",
            "connectivity_type": "public",
            "id": "nat-199a76f2b75e895e8",
            "network_interface_id": "eni-e3e467cc32375e94f",
            "private_ip": "10.80.178.190",
            "public_ip": "127.242.161.92",
            "secondary_allocation_ids": null,
            "secondary_private_ip_address_count": 0,
            "secondary_private_ip_addresses": [],
            "subnet_id": "subnet-88b7f9a03fb06c4ee",
            "tags": {
              "Environment": "dev",
              "EnvironmentSuffix": "pr1950",
              "ManagedBy": "terraform",
              "Name": "iac-aws-nova-model-breaking-pr1950-dev-nat-gateway-secondary-1",
              "Owner": "platform-team",
              "Project": "iac-aws-nova-model-breaking"
            },
            "tags_all": {
              "Environment": "dev",
              "EnvironmentSuffix": "pr1950",
              "ManagedBy": "terraform",
              "Name": "iac-aws-nova-model-breaking-pr1950-dev-nat-gateway-secondary-1",
              "Owner": "platform-team",
              "Project": "iac-aws-nova-model-breaking"
            },
            "timeouts": null
          },
          "sensitive_attributes": [],
          "identity_schema_version": 0,
          "private": "eyJlMmJmYjczMC1lY2FhLTExZTYtOGY4OC0zNDM2M2JjN2M0YzAiOnsiY3JlYXRlIjo2MDAwMDAwMDAwMDAsImRlbGV0ZSI6MTgwMDAwMDAwMDAwMCwidXBkYXRlIjo2MDAwMDAwMDAwMDB9fQ==",
          "dependencies": [
            "aws_eip.nat_secondary",
            "aws_internet_gateway.secondary",
            "aws_subnet.public_secondary",
            "aws_vpc.secondary"
          ]
        },
        {
          "index_key": 1,
          "schema_version": 0,
          "attributes": {
            "allocation_id": "eipalloc-ef7d670c93f22664a",
            "association_id": "eipassoc-0f02a3f66f7d30dd7",
            "connectivity_type": "public",
            "id": "nat-6f29490a99038b58b",
            "network_interface_id": "eni-18bf67fa000e6caf4",
            "private_ip": "10.32.186.89",
            "public_ip": "127.192.164.100",
            "secondary_allocation_ids": null,
            "secondary_private_ip_address_count": 0,
            "secondary_private_ip_addresses": [],
            "subnet_id": "subnet-c0fe8f5ad4a847617",
            "tags": {
              "Environment": "dev",
              "EnvironmentSuffix": "pr1950",
              "ManagedBy": "terraform",
              "Name": "iac-aws-nova-model-breaking-pr1950-dev-nat-gateway-secondary-2",
              "Owner": "platform-team",
              "Project": "iac-aws-nova-model-breaking"
            },
            "tags_all": {
              "Environment": "dev",
              "EnvironmentSuffix": "pr1950",
              "ManagedBy": "terraform",
              "Name": "iac-aws-nova-model-breaking-pr1950-dev-nat-gateway-secondary-2",
              "Owner": "platform-team",
              "Project": "iac-aws-nova-model-breaking"
            },
            "timeouts": null
          },
          "sensitive_attributes": [],
          "identity_schema_version": 0,
          "private": "eyJlMmJmYjczMC1lY2FhLTExZTYtOGY4OC0zNDM2M2JjN2M0YzAiOnsiY3JlYXRlIjo2MDAwMDAwMDAwMDAsImRlbGV0ZSI6MTgwMDAwMDAwMDAwMCwidXBkYXRlIjo2MDAwMDAwMDAwMDB9fQ==",
          "dependencies": [
            "aws_eip.nat_secondary",
            "aws_internet_gateway.secondary",
            "aws_subnet.public_secondary",
            "aws_vpc.secondary"
          ]
        }
      ]
    },
    {
      "mode": "managed",
      "type": "aws_route53_zone",
      "name": "main",
      "provider": "provider[\"registry.terraform.io/hashicorp/aws\"].global",
      "instances": [
        {
          "schema_version": 0,
          "attributes": {
            "arn": "arn:aws:route53:::hostedzone/9QANE9IY8P0FU4WJ0MLTM9",
            "comment": "Managed by Terraform",
            "delegation_set_id": "",
            "force_destroy": false,
            "id": "9QANE9IY8P0FU4WJ0MLTM9",
            "name": "iac-aws-nova-model-breaking-pr1950-dev.local",
            "name_servers": [
              "dns.localhost.localstack.cloud"
            ],
            "primary_name_server": "dns.localhost.localstack.cloud",
            "tags": {
              "Environment": "dev",
              "EnvironmentSuffix": "pr1950",
              "ManagedBy": "terraform",
              "Name": "iac-aws-nova-model-breaking-pr1950-dev-hosted-zone",
              "Owner": "platform-team",
              "Project": "iac-aws-nova-model-breaking"
            },
            "tags_all": {
              "Environment": "dev",
              "EnvironmentSuffix": "pr1950",
              "ManagedBy": "terraform",
              "Name": "iac-aws-nova-model-breaking-pr1950-dev-hosted-zone",
              "Owner": "platform-team",
              "Project": "iac-aws-nova-model-breaking"
            },
            "timeouts": null,
            "vpc": [],
            "zone_id": "9QANE9IY8P0FU4WJ0MLTM9"
          },
          "sensitive_attributes": [],
          "identity_schema_version": 0,
          "private": "eyJlMmJmYjczMC1lY2FhLTExZTYtOGY4OC0zNDM2M2JjN2M0YzAiOnsiY3JlYXRlIjoxODAwMDAwMDAwMDAwLCJkZWxldGUiOjE4MDAwMDAwMDAwMDAsInVwZGF0ZSI6MTgwMDAwMDAwMDAwMH19"
        }
      ]
    },
    {
      "mode": "managed",
      "type": "aws_route_table",
      "name": "private_primary",
      "provider": "provider[\"registry.terraform.io/hashicorp/aws\"].primary",
      "instances": [
        {
          "index_key": 0,
          "schema_version": 0,
          "attributes": {
            "arn": "arn:aws:ec2:us-east-1:000000000000:route-table/rtb-b64758d61efe579ce",
            "id": "rtb-b64758d61efe579ce",
            "owner_id": "000000000000",
            "propagating_vgws": [],
            "route": [
              {
                "carrier_gateway_id": "",
                "cidr_block": "0.0.0.0/0",
                "core_network_arn": "",
                "destination_prefix_list_id": "",
                "egress_only_gateway_id": "",
                "gateway_id": "",
                "ipv6_cidr_block": "",
                "local_gateway_id": "",
                "nat_gateway_id": "nat-efe6721d969bc132a",
                "network_interface_id": "",
                "transit_gateway_id": "",
                "vpc_endpoint_id": "",
                "vpc_peering_connection_id": ""
              }
            ],
            "tags": {
              "Environment": "dev",
              "EnvironmentSuffix": "pr1950",
              "ManagedBy": "terraform",
              "Name": "iac-aws-nova-model-breaking-pr1950-dev-rt-private-primary-1",
              "Owner": "platform-team",
              "Project": "iac-aws-nova-model-breaking"
            },
            "tags_all": {
              "Environment": "dev",
              "EnvironmentSuffix": "pr1950",
              "ManagedBy": "terraform",
              "Name": "iac-aws-nova-model-breaking-pr1950-dev-rt-private-primary-1",
              "Owner": "platform-team",
              "Project": "iac-aws-nova-model-breaking"
            },
            "timeouts": null,
            "vpc_id": "vpc-bf6afcccbfbc5799e"
          },
          "sensitive_attributes": [],
          "identity_schema_version": 0,
          "private": "eyJlMmJmYjczMC1lY2FhLTExZTYtOGY4OC0zNDM2M2JjN2M0YzAiOnsiY3JlYXRlIjozMDAwMDAwMDAwMDAsImRlbGV0ZSI6MzAwMDAwMDAwMDAwLCJ1cGRhdGUiOjEyMDAwMDAwMDAwMH19",
          "dependencies": [
            "aws_eip.nat_primary",
            "aws_internet_gateway.primary",
            "aws_nat_gateway.primary",
            "aws_subnet.public_primary",
            "aws_vpc.primary"
          ]
        },
        {
          "index_key": 1,
          "schema_version": 0,
          "attributes": {
            "arn": "arn:aws:ec2:us-east-1:000000000000:route-table/rtb-c8793a3b80026b01a",
            "id": "rtb-c8793a3b80026b01a",
            "owner_id": "000000000000",
            "propagating_vgws": [],
            "route": [
              {
                "carrier_gateway_id": "",
                "cidr_block": "0.0.0.0/0",
                "core_network_arn": "",
                "destination_prefix_list_id": "",
                "egress_only_gateway_id": "",
                "gateway_id": "",
                "ipv6_cidr_block": "",
                "local_gateway_id": "",
                "nat_gateway_id": "nat-fd0a4f5c466ee1ce2",
                "network_interface_id": "",
                "transit_gateway_id": "",
                "vpc_endpoint_id": "",
                "vpc_peering_connection_id": ""
              }
            ],
            "tags": {
              "Environment": "dev",
              "EnvironmentSuffix": "pr1950",
              "ManagedBy": "terraform",
              "Name": "iac-aws-nova-model-breaking-pr1950-dev-rt-private-primary-2",
              "Owner": "platform-team",
              "Project": "iac-aws-nova-model-breaking"
            },
            "tags_all": {
              "Environment": "dev",
              "EnvironmentSuffix": "pr1950",
              "ManagedBy": "terraform",
              "Name": "iac-aws-nova-model-breaking-pr1950-dev-rt-private-primary-2",
              "Owner": "platform-team",
              "Project": "iac-aws-nova-model-breaking"
            },
            "timeouts": null,
            "vpc_id": "vpc-bf6afcccbfbc5799e"
          },
          "sensitive_attributes": [],
          "identity_schema_version": 0,
          "private": "eyJlMmJmYjczMC1lY2FhLTExZTYtOGY4OC0zNDM2M2JjN2M0YzAiOnsiY3JlYXRlIjozMDAwMDAwMDAwMDAsImRlbGV0ZSI6MzAwMDAwMDAwMDAwLCJ1cGRhdGUiOjEyMDAwMDAwMDAwMH19",
          "dependencies": [
            "aws_eip.nat_primary",
            "aws_internet_gateway.primary",
            "aws_nat_gateway.primary",
            "aws_subnet.public_primary",
            "aws_vpc.primary"
          ]
        }
      ]
    },
    {
      "mode": "managed",
      "type": "aws_route_table",
      "name": "private_secondary",
      "provider": "provider[\"registry.terraform.io/hashicorp/aws\"].secondary",
      "instances": [
        {
          "index_key": 0,
          "schema_version": 0,
          "attributes": {
            "arn": "arn:aws:ec2:us-west-2:000000000000:route-table/rtb-9dd1d26f1baac65a9",
            "id": "rtb-9dd1d26f1baac65a9",
            "owner_id": "000000000000",
            "propagating_vgws": [],
            "route": [
              {
                "carrier_gateway_id": "",
                "cidr_block": "0.0.0.0/0",
                "core_network_arn": "",
                "destination_prefix_list_id": "",
                "egress_only_gateway_id": "",
                "gateway_id": "",
                "ipv6_cidr_block": "",
                "local_gateway_id": "",
                "nat_gateway_id": "nat-199a76f2b75e895e8",
                "network_interface_id": "",
                "transit_gateway_id": "",
                "vpc_endpoint_id": "",
                "vpc_peering_connection_id": ""
              }
            ],
            "tags": {
              "Environment": "dev",
              "EnvironmentSuffix": "pr1950",
              "ManagedBy": "terraform",
              "Name": "iac-aws-nova-model-breaking-pr1950-dev-rt-private-secondary-1",
              "Owner": "platform-team",
              "Project": "iac-aws-nova-model-breaking"
            },
            "tags_all": {
              "Environment": "dev",
              "EnvironmentSuffix": "pr1950",
              "ManagedBy": "terraform",
              "Name": "iac-aws-nova-model-breaking-pr1950-dev-rt-private-secondary-1",
              "Owner": "platform-team",
              "Project": "iac-aws-nova-model-breaking"
            },
            "timeouts": null,
            "vpc_id": "vpc-41cdcddb1af6f17ee"
          },
          "sensitive_attributes": [],
          "identity_schema_version": 0,
          "private": "eyJlMmJmYjczMC1lY2FhLTExZTYtOGY4OC0zNDM2M2JjN2M0YzAiOnsiY3JlYXRlIjozMDAwMDAwMDAwMDAsImRlbGV0ZSI6MzAwMDAwMDAwMDAwLCJ1cGRhdGUiOjEyMDAwMDAwMDAwMH19",
          "dependencies": [
            "aws_eip.nat_secondary",
            "aws_internet_gateway.secondary",
            "aws_nat_gateway.secondary",
            "aws_subnet.public_secondary",
            "aws_vpc.secondary"
          ]
        },
        {
          "index_key": 1,
          "schema_version": 0,
          "attributes": {
            "arn": "arn:aws:ec2:us-west-2:000000000000:route-table/rtb-cb2ea0709cea04df7",
            "id": "rtb-cb2ea0709cea04df7",
            "owner_id": "000000000000",
            "propagating_vgws": [],
            "route": [
              {
                "carrier_gateway_id": "",
                "cidr_block": "0.0.0.0/0",
                "core_network_arn": "",
                "destination_prefix_list_id": "",
                "egress_only_gateway_id": "",
                "gateway_id": "",
                "ipv6_cidr_block": "",
                "local_gateway_id": "",
                "nat_gateway_id": "nat-6f29490a99038b58b",
                "network_interface_id": "",
                "transit_gateway_id": "",
                "vpc_endpoint_id": "",
                "vpc_peering_connection_id": ""
              }
            ],
            "tags": {
              "Environment": "dev",
              "EnvironmentSuffix": "pr1950",
              "ManagedBy": "terraform",
              "Name": "iac-aws-nova-model-breaking-pr1950-dev-rt-private-secondary-2",
              "Owner": "platform-team",
              "Project": "iac-aws-nova-model-breaking"
            },
            "tags_all": {
              "Environment": "dev",
              "EnvironmentSuffix": "pr1950",
              "ManagedBy": "terraform",
              "Name": "iac-aws-nova-model-breaking-pr1950-dev-rt-private-secondary-2",
              "Owner": "platform-team",
              "Project": "iac-aws-nova-model-breaking"
            },
            "timeouts": null,
            "vpc_id": "vpc-41cdcddb1af6f17ee"
          },
          "sensitive_attributes": [],
          "identity_schema_version": 0,
          "private": "eyJlMmJmYjczMC1lY2FhLTExZTYtOGY4OC0zNDM2M2JjN2M0YzAiOnsiY3JlYXRlIjozMDAwMDAwMDAwMDAsImRlbGV0ZSI6MzAwMDAwMDAwMDAwLCJ1cGRhdGUiOjEyMDAwMDAwMDAwMH19",
          "dependencies": [
            "aws_eip.nat_secondary",
            "aws_internet_gateway.secondary",
            "aws_nat_gateway.secondary",
            "aws_subnet.public_secondary",
            "aws_vpc.secondary"
          ]
        }
      ]
    },
    {
      "mode": "managed",
      "type": "aws_route_table",
      "name": "public_primary",
      "provider": "provider[\"registry.terraform.io/hashicorp/aws\"].primary",
      "instances": [
        {
          "schema_version": 0,
          "attributes": {
            "arn": "arn:aws:ec2:us-east-1:000000000000:route-table/rtb-d9613b3ee9d61e9fa",
            "id": "rtb-d9613b3ee9d61e9fa",
            "owner_id": "000000000000",
            "propagating_vgws": [],
            "route": [
              {
                "carrier_gateway_id": "",
                "cidr_block": "0.0.0.0/0",
                "core_network_arn": "",
                "destination_prefix_list_id": "",
                "egress_only_gateway_id": "",
                "gateway_id": "igw-92682b771b7bddb3e",
                "ipv6_cidr_block": "",
                "local_gateway_id": "",
                "nat_gateway_id": "",
                "network_interface_id": "",
                "transit_gateway_id": "",
                "vpc_endpoint_id": "",
                "vpc_peering_connection_id": ""
              }
            ],
            "tags": {
              "Environment": "dev",
              "EnvironmentSuffix": "pr1950",
              "ManagedBy": "terraform",
              "Name": "iac-aws-nova-model-breaking-pr1950-dev-rt-public-primary",
              "Owner": "platform-team",
              "Project": "iac-aws-nova-model-breaking"
            },
            "tags_all": {
              "Environment": "dev",
              "EnvironmentSuffix": "pr1950",
              "ManagedBy": "terraform",
              "Name": "iac-aws-nova-model-breaking-pr1950-dev-rt-public-primary",
              "Owner": "platform-team",
              "Project": "iac-aws-nova-model-breaking"
            },
            "timeouts": null,
            "vpc_id": "vpc-bf6afcccbfbc5799e"
          },
          "sensitive_attributes": [],
          "identity_schema_version": 0,
          "private": "eyJlMmJmYjczMC1lY2FhLTExZTYtOGY4OC0zNDM2M2JjN2M0YzAiOnsiY3JlYXRlIjozMDAwMDAwMDAwMDAsImRlbGV0ZSI6MzAwMDAwMDAwMDAwLCJ1cGRhdGUiOjEyMDAwMDAwMDAwMH19",
          "dependencies": [
            "aws_internet_gateway.primary",
            "aws_vpc.primary"
          ]
        }
      ]
    },
    {
      "mode": "managed",
      "type": "aws_route_table",
      "name": "public_secondary",
      "provider": "provider[\"registry.terraform.io/hashicorp/aws\"].secondary",
      "instances": [
        {
          "schema_version": 0,
          "attributes": {
            "arn": "arn:aws:ec2:us-west-2:000000000000:route-table/rtb-89f503a8c739282ec",
            "id": "rtb-89f503a8c739282ec",
            "owner_id": "000000000000",
            "propagating_vgws": [],
            "route": [
              {
                "carrier_gateway_id": "",
                "cidr_block": "0.0.0.0/0",
                "core_network_arn": "",
                "destination_prefix_list_id": "",
                "egress_only_gateway_id": "",
                "gateway_id": "igw-6cb556ed454952114",
                "ipv6_cidr_block": "",
                "local_gateway_id": "",
                "nat_gateway_id": "",
                "network_interface_id": "",
                "transit_gateway_id": "",
                "vpc_endpoint_id": "",
                "vpc_peering_connection_id": ""
              }
            ],
            "tags": {
              "Environment": "dev",
              "EnvironmentSuffix": "pr1950",
              "ManagedBy": "terraform",
              "Name": "iac-aws-nova-model-breaking-pr1950-dev-rt-public-secondary",
              "Owner": "platform-team",
              "Project": "iac-aws-nova-model-breaking"
            },
            "tags_all": {
              "Environment": "dev",
              "EnvironmentSuffix": "pr1950",
              "ManagedBy": "terraform",
              "Name": "iac-aws-nova-model-breaking-pr1950-dev-rt-public-secondary",
              "Owner": "platform-team",
              "Project": "iac-aws-nova-model-breaking"
            },
            "timeouts": null,
            "vpc_id": "vpc-41cdcddb1af6f17ee"
          },
          "sensitive_attributes": [],
          "identity_schema_version": 0,
          "private": "eyJlMmJmYjczMC1lY2FhLTExZTYtOGY4OC0zNDM2M2JjN2M0YzAiOnsiY3JlYXRlIjozMDAwMDAwMDAwMDAsImRlbGV0ZSI6MzAwMDAwMDAwMDAwLCJ1cGRhdGUiOjEyMDAwMDAwMDAwMH19",
          "dependencies": [
            "aws_internet_gateway.secondary",
            "aws_vpc.secondary"
          ]
        }
      ]
    },
    {
      "mode": "managed",
      "type": "aws_route_table_association",
      "name": "private_primary",
      "provider": "provider[\"registry.terraform.io/hashicorp/aws\"].primary",
      "instances": [
        {
          "index_key": 0,
          "schema_version": 0,
          "attributes": {
            "gateway_id": "",
            "id": "rtbassoc-efb4d33dc992eb5f8",
            "route_table_id": "rtb-b64758d61efe579ce",
            "subnet_id": "subnet-0e59e7c7494ac22f7",
            "timeouts": null
          },
          "sensitive_attributes": [],
          "identity_schema_version": 0,
          "private": "eyJlMmJmYjczMC1lY2FhLTExZTYtOGY4OC0zNDM2M2JjN2M0YzAiOnsiY3JlYXRlIjozMDAwMDAwMDAwMDAsImRlbGV0ZSI6MzAwMDAwMDAwMDAwLCJ1cGRhdGUiOjEyMDAwMDAwMDAwMH19",
          "dependencies": [
            "aws_eip.nat_primary",
            "aws_internet_gateway.primary",
            "aws_nat_gateway.primary",
            "aws_route_table.private_primary",
            "aws_subnet.private_primary",
            "aws_subnet.public_primary",
            "aws_vpc.primary"
          ]
        },
        {
          "index_key": 1,
          "schema_version": 0,
          "attributes": {
            "gateway_id": "",
            "id": "rtbassoc-35741553017a0e755",
            "route_table_id": "rtb-c8793a3b80026b01a",
            "subnet_id": "subnet-37f6cc6b1d7f7e04b",
            "timeouts": null
          },
          "sensitive_attributes": [],
          "identity_schema_version": 0,
          "private": "eyJlMmJmYjczMC1lY2FhLTExZTYtOGY4OC0zNDM2M2JjN2M0YzAiOnsiY3JlYXRlIjozMDAwMDAwMDAwMDAsImRlbGV0ZSI6MzAwMDAwMDAwMDAwLCJ1cGRhdGUiOjEyMDAwMDAwMDAwMH19",
          "dependencies": [
            "aws_eip.nat_primary",
            "aws_internet_gateway.primary",
            "aws_nat_gateway.primary",
            "aws_route_table.private_primary",
            "aws_subnet.private_primary",
            "aws_subnet.public_primary",
            "aws_vpc.primary"
          ]
        }
      ]
    },
    {
      "mode": "managed",
      "type": "aws_route_table_association",
      "name": "private_secondary",
      "provider": "provider[\"registry.terraform.io/hashicorp/aws\"].secondary",
      "instances": [
        {
          "index_key": 0,
          "schema_version": 0,
          "attributes": {
            "gateway_id": "",
            "id": "rtbassoc-9e31ffdba2fee06d7",
            "route_table_id": "rtb-9dd1d26f1baac65a9",
            "subnet_id": "subnet-5b6eba6fb96a8137b",
            "timeouts": null
          },
          "sensitive_attributes": [],
          "identity_schema_version": 0,
          "private": "eyJlMmJmYjczMC1lY2FhLTExZTYtOGY4OC0zNDM2M2JjN2M0YzAiOnsiY3JlYXRlIjozMDAwMDAwMDAwMDAsImRlbGV0ZSI6MzAwMDAwMDAwMDAwLCJ1cGRhdGUiOjEyMDAwMDAwMDAwMH19",
          "dependencies": [
            "aws_eip.nat_secondary",
            "aws_internet_gateway.secondary",
            "aws_nat_gateway.secondary",
            "aws_route_table.private_secondary",
            "aws_subnet.private_secondary",
            "aws_subnet.public_secondary",
            "aws_vpc.secondary"
          ]
        },
        {
          "index_key": 1,
          "schema_version": 0,
          "attributes": {
            "gateway_id": "",
            "id": "rtbassoc-c9faf0e1501b81800",
            "route_table_id": "rtb-cb2ea0709cea04df7",
            "subnet_id": "subnet-8d245ce287584e95f",
            "timeouts": null
          },
          "sensitive_attributes": [],
          "identity_schema_version": 0,
          "private": "eyJlMmJmYjczMC1lY2FhLTExZTYtOGY4OC0zNDM2M2JjN2M0YzAiOnsiY3JlYXRlIjozMDAwMDAwMDAwMDAsImRlbGV0ZSI6MzAwMDAwMDAwMDAwLCJ1cGRhdGUiOjEyMDAwMDAwMDAwMH19",
          "dependencies": [
            "aws_eip.nat_secondary",
            "aws_internet_gateway.secondary",
            "aws_nat_gateway.secondary",
            "aws_route_table.private_secondary",
            "aws_subnet.private_secondary",
            "aws_subnet.public_secondary",
            "aws_vpc.secondary"
          ]
        }
      ]
    },
    {
      "mode": "managed",
      "type": "aws_route_table_association",
      "name": "public_primary",
      "provider": "provider[\"registry.terraform.io/hashicorp/aws\"].primary",
      "instances": [
        {
          "index_key": 0,
          "schema_version": 0,
          "attributes": {
            "gateway_id": "",
            "id": "rtbassoc-2ac7cc80fb46240bf",
            "route_table_id": "rtb-d9613b3ee9d61e9fa",
            "subnet_id": "subnet-9b21620a889ff74f7",
            "timeouts": null
          },
          "sensitive_attributes": [],
          "identity_schema_version": 0,
          "private": "eyJlMmJmYjczMC1lY2FhLTExZTYtOGY4OC0zNDM2M2JjN2M0YzAiOnsiY3JlYXRlIjozMDAwMDAwMDAwMDAsImRlbGV0ZSI6MzAwMDAwMDAwMDAwLCJ1cGRhdGUiOjEyMDAwMDAwMDAwMH19",
          "dependencies": [
            "aws_internet_gateway.primary",
            "aws_route_table.public_primary",
            "aws_subnet.public_primary",
            "aws_vpc.primary"
          ]
        },
        {
          "index_key": 1,
          "schema_version": 0,
          "attributes": {
            "gateway_id": "",
            "id": "rtbassoc-dd7fc0d1600f0f33e",
            "route_table_id": "rtb-d9613b3ee9d61e9fa",
            "subnet_id": "subnet-b29c7bd10139a9a26",
            "timeouts": null
          },
          "sensitive_attributes": [],
          "identity_schema_version": 0,
          "private": "eyJlMmJmYjczMC1lY2FhLTExZTYtOGY4OC0zNDM2M2JjN2M0YzAiOnsiY3JlYXRlIjozMDAwMDAwMDAwMDAsImRlbGV0ZSI6MzAwMDAwMDAwMDAwLCJ1cGRhdGUiOjEyMDAwMDAwMDAwMH19",
          "dependencies": [
            "aws_internet_gateway.primary",
            "aws_route_table.public_primary",
            "aws_subnet.public_primary",
            "aws_vpc.primary"
          ]
        }
      ]
    },
    {
      "mode": "managed",
      "type": "aws_route_table_association",
      "name": "public_secondary",
      "provider": "provider[\"registry.terraform.io/hashicorp/aws\"].secondary",
      "instances": [
        {
          "index_key": 0,
          "schema_version": 0,
          "attributes": {
            "gateway_id": "",
            "id": "rtbassoc-270e16c1717abe705",
            "route_table_id": "rtb-89f503a8c739282ec",
            "subnet_id": "subnet-88b7f9a03fb06c4ee",
            "timeouts": null
          },
          "sensitive_attributes": [],
          "identity_schema_version": 0,
          "private": "eyJlMmJmYjczMC1lY2FhLTExZTYtOGY4OC0zNDM2M2JjN2M0YzAiOnsiY3JlYXRlIjozMDAwMDAwMDAwMDAsImRlbGV0ZSI6MzAwMDAwMDAwMDAwLCJ1cGRhdGUiOjEyMDAwMDAwMDAwMH19",
          "dependencies": [
            "aws_internet_gateway.secondary",
            "aws_route_table.public_secondary",
            "aws_subnet.public_secondary",
            "aws_vpc.secondary"
          ]
        },
        {
          "index_key": 1,
          "schema_version": 0,
          "attributes": {
            "gateway_id": "",
            "id": "rtbassoc-a4f95c0917e58a3e0",
            "route_table_id": "rtb-89f503a8c739282ec",
            "subnet_id": "subnet-c0fe8f5ad4a847617",
            "timeouts": null
          },
          "sensitive_attributes": [],
          "identity_schema_version": 0,
          "private": "eyJlMmJmYjczMC1lY2FhLTExZTYtOGY4OC0zNDM2M2JjN2M0YzAiOnsiY3JlYXRlIjozMDAwMDAwMDAwMDAsImRlbGV0ZSI6MzAwMDAwMDAwMDAwLCJ1cGRhdGUiOjEyMDAwMDAwMDAwMH19",
          "dependencies": [
            "aws_internet_gateway.secondary",
            "aws_route_table.public_secondary",
            "aws_subnet.public_secondary",
            "aws_vpc.secondary"
          ]
        }
      ]
    },
    {
      "mode": "managed",
      "type": "aws_security_group",
      "name": "database_primary",
      "provider": "provider[\"registry.terraform.io/hashicorp/aws\"].primary",
      "instances": [
        {
          "schema_version": 1,
          "attributes": {
            "arn": "arn:aws:ec2:us-east-1:000000000000:security-group/sg-099fffab46621ae8e",
            "description": "Managed by Terraform",
            "egress": [],
            "id": "sg-099fffab46621ae8e",
            "ingress": [
              {
                "cidr_blocks": [],
                "description": "",
                "from_port": 3306,
                "ipv6_cidr_blocks": [],
                "prefix_list_ids": [],
                "protocol": "tcp",
                "security_groups": [
                  "sg-829f3ceabf5871be0"
                ],
                "self": false,
                "to_port": 3306
              }
            ],
            "name": "iac-aws-nova-model-breaking-pr1950-dev-database-primary-20251224055542825900000005",
            "name_prefix": "iac-aws-nova-model-breaking-pr1950-dev-database-primary-",
            "owner_id": "000000000000",
            "revoke_rules_on_delete": false,
            "tags": {
              "Environment": "dev",
              "EnvironmentSuffix": "pr1950",
              "ManagedBy": "terraform",
              "Name": "iac-aws-nova-model-breaking-pr1950-dev-sg-database-primary",
              "Owner": "platform-team",
              "Project": "iac-aws-nova-model-breaking"
            },
            "tags_all": {
              "Environment": "dev",
              "EnvironmentSuffix": "pr1950",
              "ManagedBy": "terraform",
              "Name": "iac-aws-nova-model-breaking-pr1950-dev-sg-database-primary",
              "Owner": "platform-team",
              "Project": "iac-aws-nova-model-breaking"
            },
            "timeouts": null,
            "vpc_id": "vpc-bf6afcccbfbc5799e"
          },
          "sensitive_attributes": [],
          "identity_schema_version": 0,
          "private": "eyJlMmJmYjczMC1lY2FhLTExZTYtOGY4OC0zNDM2M2JjN2M0YzAiOnsiY3JlYXRlIjo2MDAwMDAwMDAwMDAsImRlbGV0ZSI6OTAwMDAwMDAwMDAwfSwic2NoZW1hX3ZlcnNpb24iOiIxIn0=",
          "dependencies": [
            "aws_security_group.web_primary",
            "aws_vpc.primary"
          ]
        }
      ]
    },
    {
      "mode": "managed",
      "type": "aws_security_group",
      "name": "database_secondary",
      "provider": "provider[\"registry.terraform.io/hashicorp/aws\"].secondary",
      "instances": [
        {
          "schema_version": 1,
          "attributes": {
            "arn": "arn:aws:ec2:us-west-2:000000000000:security-group/sg-d8b49eee0deb98956",
            "description": "Managed by Terraform",
            "egress": [],
            "id": "sg-d8b49eee0deb98956",
            "ingress": [
              {
                "cidr_blocks": [],
                "description": "",
                "from_port": 3306,
                "ipv6_cidr_blocks": [],
                "prefix_list_ids": [],
                "protocol": "tcp",
                "security_groups": [
                  "sg-f57657b2592db046f"
                ],
                "self": false,
                "to_port": 3306
              }
            ],
            "name": "iac-aws-nova-model-breaking-pr1950-dev-database-secondary-20251224055544639100000003",
            "name_prefix": "iac-aws-nova-model-breaking-pr1950-dev-database-secondary-",
            "owner_id": "000000000000",
            "revoke_rules_on_delete": false,
            "tags": {
              "Environment": "dev",
              "EnvironmentSuffix": "pr1950",
              "ManagedBy": "terraform",
              "Name": "iac-aws-nova-model-breaking-pr1950-dev-sg-database-secondary",
              "Owner": "platform-team",
              "Project": "iac-aws-nova-model-breaking"
            },
            "tags_all": {
              "Environment": "dev",
              "EnvironmentSuffix": "pr1950",
              "ManagedBy": "terraform",
              "Name": "iac-aws-nova-model-breaking-pr1950-dev-sg-database-secondary",
              "Owner": "platform-team",
              "Project": "iac-aws-nova-model-breaking"
            },
            "timeouts": null,
            "vpc_id": "vpc-41cdcddb1af6f17ee"
          },
          "sensitive_attributes": [],
          "identity_schema_version": 0,
          "private": "eyJlMmJmYjczMC1lY2FhLTExZTYtOGY4OC0zNDM2M2JjN2M0YzAiOnsiY3JlYXRlIjo2MDAwMDAwMDAwMDAsImRlbGV0ZSI6OTAwMDAwMDAwMDAwfSwic2NoZW1hX3ZlcnNpb24iOiIxIn0=",
          "dependencies": [
            "aws_security_group.web_secondary",
            "aws_vpc.secondary"
          ]
        }
      ]
    },
    {
      "mode": "managed",
      "type": "aws_security_group",
      "name": "web_primary",
      "provider": "provider[\"registry.terraform.io/hashicorp/aws\"].primary",
      "instances": [
        {
          "schema_version": 1,
          "attributes": {
            "arn": "arn:aws:ec2:us-east-1:000000000000:security-group/sg-829f3ceabf5871be0",
            "description": "Managed by Terraform",
            "egress": [
              {
                "cidr_blocks": [
                  "0.0.0.0/0"
                ],
                "description": "",
                "from_port": 0,
                "ipv6_cidr_blocks": [],
                "prefix_list_ids": [],
                "protocol": "-1",
                "security_groups": [],
                "self": false,
                "to_port": 0
              }
            ],
            "id": "sg-829f3ceabf5871be0",
            "ingress": [
              {
                "cidr_blocks": [
                  "10.0.0.0/16"
                ],
                "description": "",
                "from_port": 443,
                "ipv6_cidr_blocks": [],
                "prefix_list_ids": [],
                "protocol": "tcp",
                "security_groups": [],
                "self": false,
                "to_port": 443
              },
              {
                "cidr_blocks": [
                  "10.0.0.0/16"
                ],
                "description": "",
                "from_port": 80,
                "ipv6_cidr_blocks": [],
                "prefix_list_ids": [],
                "protocol": "tcp",
                "security_groups": [],
                "self": false,
                "to_port": 80
              }
            ],
            "name": "iac-aws-nova-model-breaking-pr1950-dev-web-primary-20251224055541350200000003",
            "name_prefix": "iac-aws-nova-model-breaking-pr1950-dev-web-primary-",
            "owner_id": "000000000000",
            "revoke_rules_on_delete": false,
            "tags": {
              "Environment": "dev",
              "EnvironmentSuffix": "pr1950",
              "ManagedBy": "terraform",
              "Name": "iac-aws-nova-model-breaking-pr1950-dev-sg-web-primary",
              "Owner": "platform-team",
              "Project": "iac-aws-nova-model-breaking"
            },
            "tags_all": {
              "Environment": "dev",
              "EnvironmentSuffix": "pr1950",
              "ManagedBy": "terraform",
              "Name": "iac-aws-nova-model-breaking-pr1950-dev-sg-web-primary",
              "Owner": "platform-team",
              "Project": "iac-aws-nova-model-breaking"
            },
            "timeouts": null,
            "vpc_id": "vpc-bf6afcccbfbc5799e"
          },
          "sensitive_attributes": [],
          "identity_schema_version": 0,
          "private": "eyJlMmJmYjczMC1lY2FhLTExZTYtOGY4OC0zNDM2M2JjN2M0YzAiOnsiY3JlYXRlIjo2MDAwMDAwMDAwMDAsImRlbGV0ZSI6OTAwMDAwMDAwMDAwfSwic2NoZW1hX3ZlcnNpb24iOiIxIn0=",
          "dependencies": [
            "aws_vpc.primary"
          ]
        }
      ]
    },
    {
      "mode": "managed",
      "type": "aws_security_group",
      "name": "web_secondary",
      "provider": "provider[\"registry.terraform.io/hashicorp/aws\"].secondary",
      "instances": [
        {
          "schema_version": 1,
          "attributes": {
            "arn": "arn:aws:ec2:us-west-2:000000000000:security-group/sg-f57657b2592db046f",
            "description": "Managed by Terraform",
            "egress": [
              {
                "cidr_blocks": [
                  "0.0.0.0/0"
                ],
                "description": "",
                "from_port": 0,
                "ipv6_cidr_blocks": [],
                "prefix_list_ids": [],
                "protocol": "-1",
                "security_groups": [],
                "self": false,
                "to_port": 0
              }
            ],
            "id": "sg-f57657b2592db046f",
            "ingress": [
              {
                "cidr_blocks": [
                  "10.1.0.0/16"
                ],
                "description": "",
                "from_port": 443,
                "ipv6_cidr_blocks": [],
                "prefix_list_ids": [],
                "protocol": "tcp",
                "security_groups": [],
                "self": false,
                "to_port": 443
              },
              {
                "cidr_blocks": [
                  "10.1.0.0/16"
                ],
                "description": "",
                "from_port": 80,
                "ipv6_cidr_blocks": [],
                "prefix_list_ids": [],
                "protocol": "tcp",
                "security_groups": [],
                "self": false,
                "to_port": 80
              }
            ],
            "name": "iac-aws-nova-model-breaking-pr1950-dev-web-secondary-20251224055542196000000001",
            "name_prefix": "iac-aws-nova-model-breaking-pr1950-dev-web-secondary-",
            "owner_id": "000000000000",
            "revoke_rules_on_delete": false,
            "tags": {
              "Environment": "dev",
              "EnvironmentSuffix": "pr1950",
              "ManagedBy": "terraform",
              "Name": "iac-aws-nova-model-breaking-pr1950-dev-sg-web-secondary",
              "Owner": "platform-team",
              "Project": "iac-aws-nova-model-breaking"
            },
            "tags_all": {
              "Environment": "dev",
              "EnvironmentSuffix": "pr1950",
              "ManagedBy": "terraform",
              "Name": "iac-aws-nova-model-breaking-pr1950-dev-sg-web-secondary",
              "Owner": "platform-team",
              "Project": "iac-aws-nova-model-breaking"
            },
            "timeouts": null,
            "vpc_id": "vpc-41cdcddb1af6f17ee"
          },
          "sensitive_attributes": [],
          "identity_schema_version": 0,
          "private": "eyJlMmJmYjczMC1lY2FhLTExZTYtOGY4OC0zNDM2M2JjN2M0YzAiOnsiY3JlYXRlIjo2MDAwMDAwMDAwMDAsImRlbGV0ZSI6OTAwMDAwMDAwMDAwfSwic2NoZW1hX3ZlcnNpb24iOiIxIn0=",
          "dependencies": [
            "aws_vpc.secondary"
          ]
        }
      ]
    },
    {
      "mode": "managed",
      "type": "aws_subnet",
      "name": "database_primary",
      "provider": "provider[\"registry.terraform.io/hashicorp/aws\"].primary",
      "instances": [
        {
          "index_key": 0,
          "schema_version": 1,
          "attributes": {
            "arn": "arn:aws:ec2:us-east-1:000000000000:subnet/subnet-233926370cbe1a27c",
            "assign_ipv6_address_on_creation": false,
            "availability_zone": "us-east-1a",
            "availability_zone_id": "use1-az6",
            "cidr_block": "10.0.20.0/24",
            "customer_owned_ipv4_pool": "",
            "enable_dns64": false,
            "enable_lni_at_device_index": 0,
            "enable_resource_name_dns_a_record_on_launch": false,
            "enable_resource_name_dns_aaaa_record_on_launch": false,
            "id": "subnet-233926370cbe1a27c",
            "ipv6_cidr_block": "",
            "ipv6_cidr_block_association_id": "",
            "ipv6_native": false,
            "map_customer_owned_ip_on_launch": false,
            "map_public_ip_on_launch": false,
            "outpost_arn": "",
            "owner_id": "000000000000",
            "private_dns_hostname_type_on_launch": "ip-name",
            "tags": {
              "Environment": "dev",
              "EnvironmentSuffix": "pr1950",
              "ManagedBy": "terraform",
              "Name": "iac-aws-nova-model-breaking-pr1950-dev-database-subnet-primary-1",
              "Owner": "platform-team",
              "Project": "iac-aws-nova-model-breaking",
              "Type": "Database"
            },
            "tags_all": {
              "Environment": "dev",
              "EnvironmentSuffix": "pr1950",
              "ManagedBy": "terraform",
              "Name": "iac-aws-nova-model-breaking-pr1950-dev-database-subnet-primary-1",
              "Owner": "platform-team",
              "Project": "iac-aws-nova-model-breaking",
              "Type": "Database"
            },
            "timeouts": null,
            "vpc_id": "vpc-bf6afcccbfbc5799e"
          },
          "sensitive_attributes": [],
          "identity_schema_version": 0,
          "private": "eyJlMmJmYjczMC1lY2FhLTExZTYtOGY4OC0zNDM2M2JjN2M0YzAiOnsiY3JlYXRlIjo2MDAwMDAwMDAwMDAsImRlbGV0ZSI6MTIwMDAwMDAwMDAwMH0sInNjaGVtYV92ZXJzaW9uIjoiMSJ9",
          "dependencies": [
            "aws_vpc.primary"
          ]
        },
        {
          "index_key": 1,
          "schema_version": 1,
          "attributes": {
            "arn": "arn:aws:ec2:us-east-1:000000000000:subnet/subnet-8e41f3d66a2f06da2",
            "assign_ipv6_address_on_creation": false,
            "availability_zone": "us-east-1b",
            "availability_zone_id": "use1-az1",
            "cidr_block": "10.0.21.0/24",
            "customer_owned_ipv4_pool": "",
            "enable_dns64": false,
            "enable_lni_at_device_index": 0,
            "enable_resource_name_dns_a_record_on_launch": false,
            "enable_resource_name_dns_aaaa_record_on_launch": false,
            "id": "subnet-8e41f3d66a2f06da2",
            "ipv6_cidr_block": "",
            "ipv6_cidr_block_association_id": "",
            "ipv6_native": false,
            "map_customer_owned_ip_on_launch": false,
            "map_public_ip_on_launch": false,
            "outpost_arn": "",
            "owner_id": "000000000000",
            "private_dns_hostname_type_on_launch": "ip-name",
            "tags": {
              "Environment": "dev",
              "EnvironmentSuffix": "pr1950",
              "ManagedBy": "terraform",
              "Name": "iac-aws-nova-model-breaking-pr1950-dev-database-subnet-primary-2",
              "Owner": "platform-team",
              "Project": "iac-aws-nova-model-breaking",
              "Type": "Database"
            },
            "tags_all": {
              "Environment": "dev",
              "EnvironmentSuffix": "pr1950",
              "ManagedBy": "terraform",
              "Name": "iac-aws-nova-model-breaking-pr1950-dev-database-subnet-primary-2",
              "Owner": "platform-team",
              "Project": "iac-aws-nova-model-breaking",
              "Type": "Database"
            },
            "timeouts": null,
            "vpc_id": "vpc-bf6afcccbfbc5799e"
          },
          "sensitive_attributes": [],
          "identity_schema_version": 0,
          "private": "eyJlMmJmYjczMC1lY2FhLTExZTYtOGY4OC0zNDM2M2JjN2M0YzAiOnsiY3JlYXRlIjo2MDAwMDAwMDAwMDAsImRlbGV0ZSI6MTIwMDAwMDAwMDAwMH0sInNjaGVtYV92ZXJzaW9uIjoiMSJ9",
          "dependencies": [
            "aws_vpc.primary"
          ]
        }
      ]
    },
    {
      "mode": "managed",
      "type": "aws_subnet",
      "name": "database_secondary",
      "provider": "provider[\"registry.terraform.io/hashicorp/aws\"].secondary",
      "instances": [
        {
          "index_key": 0,
          "schema_version": 1,
          "attributes": {
            "arn": "arn:aws:ec2:us-west-2:000000000000:subnet/subnet-9419095fbb35cede0",
            "assign_ipv6_address_on_creation": false,
            "availability_zone": "us-west-2a",
            "availability_zone_id": "usw2-az2",
            "cidr_block": "10.1.20.0/24",
            "customer_owned_ipv4_pool": "",
            "enable_dns64": false,
            "enable_lni_at_device_index": 0,
            "enable_resource_name_dns_a_record_on_launch": false,
            "enable_resource_name_dns_aaaa_record_on_launch": false,
            "id": "subnet-9419095fbb35cede0",
            "ipv6_cidr_block": "",
            "ipv6_cidr_block_association_id": "",
            "ipv6_native": false,
            "map_customer_owned_ip_on_launch": false,
            "map_public_ip_on_launch": false,
            "outpost_arn": "",
            "owner_id": "000000000000",
            "private_dns_hostname_type_on_launch": "ip-name",
            "tags": {
              "Environment": "dev",
              "EnvironmentSuffix": "pr1950",
              "ManagedBy": "terraform",
              "Name": "iac-aws-nova-model-breaking-pr1950-dev-database-subnet-secondary-1",
              "Owner": "platform-team",
              "Project": "iac-aws-nova-model-breaking",
              "Type": "Database"
            },
            "tags_all": {
              "Environment": "dev",
              "EnvironmentSuffix": "pr1950",
              "ManagedBy": "terraform",
              "Name": "iac-aws-nova-model-breaking-pr1950-dev-database-subnet-secondary-1",
              "Owner": "platform-team",
              "Project": "iac-aws-nova-model-breaking",
              "Type": "Database"
            },
            "timeouts": null,
            "vpc_id": "vpc-41cdcddb1af6f17ee"
          },
          "sensitive_attributes": [],
          "identity_schema_version": 0,
          "private": "eyJlMmJmYjczMC1lY2FhLTExZTYtOGY4OC0zNDM2M2JjN2M0YzAiOnsiY3JlYXRlIjo2MDAwMDAwMDAwMDAsImRlbGV0ZSI6MTIwMDAwMDAwMDAwMH0sInNjaGVtYV92ZXJzaW9uIjoiMSJ9",
          "dependencies": [
            "aws_vpc.secondary"
          ]
        },
        {
          "index_key": 1,
          "schema_version": 1,
          "attributes": {
            "arn": "arn:aws:ec2:us-west-2:000000000000:subnet/subnet-71856e9b02549c110",
            "assign_ipv6_address_on_creation": false,
            "availability_zone": "us-west-2b",
            "availability_zone_id": "usw2-az1",
            "cidr_block": "10.1.21.0/24",
            "customer_owned_ipv4_pool": "",
            "enable_dns64": false,
            "enable_lni_at_device_index": 0,
            "enable_resource_name_dns_a_record_on_launch": false,
            "enable_resource_name_dns_aaaa_record_on_launch": false,
            "id": "subnet-71856e9b02549c110",
            "ipv6_cidr_block": "",
            "ipv6_cidr_block_association_id": "",
            "ipv6_native": false,
            "map_customer_owned_ip_on_launch": false,
            "map_public_ip_on_launch": false,
            "outpost_arn": "",
            "owner_id": "000000000000",
            "private_dns_hostname_type_on_launch": "ip-name",
            "tags": {
              "Environment": "dev",
              "EnvironmentSuffix": "pr1950",
              "ManagedBy": "terraform",
              "Name": "iac-aws-nova-model-breaking-pr1950-dev-database-subnet-secondary-2",
              "Owner": "platform-team",
              "Project": "iac-aws-nova-model-breaking",
              "Type": "Database"
            },
            "tags_all": {
              "Environment": "dev",
              "EnvironmentSuffix": "pr1950",
              "ManagedBy": "terraform",
              "Name": "iac-aws-nova-model-breaking-pr1950-dev-database-subnet-secondary-2",
              "Owner": "platform-team",
              "Project": "iac-aws-nova-model-breaking",
              "Type": "Database"
            },
            "timeouts": null,
            "vpc_id": "vpc-41cdcddb1af6f17ee"
          },
          "sensitive_attributes": [],
          "identity_schema_version": 0,
          "private": "eyJlMmJmYjczMC1lY2FhLTExZTYtOGY4OC0zNDM2M2JjN2M0YzAiOnsiY3JlYXRlIjo2MDAwMDAwMDAwMDAsImRlbGV0ZSI6MTIwMDAwMDAwMDAwMH0sInNjaGVtYV92ZXJzaW9uIjoiMSJ9",
          "dependencies": [
            "aws_vpc.secondary"
          ]
        }
      ]
    },
    {
      "mode": "managed",
      "type": "aws_subnet",
      "name": "private_primary",
      "provider": "provider[\"registry.terraform.io/hashicorp/aws\"].primary",
      "instances": [
        {
          "index_key": 0,
          "schema_version": 1,
          "attributes": {
            "arn": "arn:aws:ec2:us-east-1:000000000000:subnet/subnet-0e59e7c7494ac22f7",
            "assign_ipv6_address_on_creation": false,
            "availability_zone": "us-east-1a",
            "availability_zone_id": "use1-az6",
            "cidr_block": "10.0.10.0/24",
            "customer_owned_ipv4_pool": "",
            "enable_dns64": false,
            "enable_lni_at_device_index": 0,
            "enable_resource_name_dns_a_record_on_launch": false,
            "enable_resource_name_dns_aaaa_record_on_launch": false,
            "id": "subnet-0e59e7c7494ac22f7",
            "ipv6_cidr_block": "",
            "ipv6_cidr_block_association_id": "",
            "ipv6_native": false,
            "map_customer_owned_ip_on_launch": false,
            "map_public_ip_on_launch": false,
            "outpost_arn": "",
            "owner_id": "000000000000",
            "private_dns_hostname_type_on_launch": "ip-name",
            "tags": {
              "Environment": "dev",
              "EnvironmentSuffix": "pr1950",
              "ManagedBy": "terraform",
              "Name": "iac-aws-nova-model-breaking-pr1950-dev-private-subnet-primary-1",
              "Owner": "platform-team",
              "Project": "iac-aws-nova-model-breaking",
              "Type": "Private"
            },
            "tags_all": {
              "Environment": "dev",
              "EnvironmentSuffix": "pr1950",
              "ManagedBy": "terraform",
              "Name": "iac-aws-nova-model-breaking-pr1950-dev-private-subnet-primary-1",
              "Owner": "platform-team",
              "Project": "iac-aws-nova-model-breaking",
              "Type": "Private"
            },
            "timeouts": null,
            "vpc_id": "vpc-bf6afcccbfbc5799e"
          },
          "sensitive_attributes": [],
          "identity_schema_version": 0,
          "private": "eyJlMmJmYjczMC1lY2FhLTExZTYtOGY4OC0zNDM2M2JjN2M0YzAiOnsiY3JlYXRlIjo2MDAwMDAwMDAwMDAsImRlbGV0ZSI6MTIwMDAwMDAwMDAwMH0sInNjaGVtYV92ZXJzaW9uIjoiMSJ9",
          "dependencies": [
            "aws_vpc.primary"
          ]
        },
        {
          "index_key": 1,
          "schema_version": 1,
          "attributes": {
            "arn": "arn:aws:ec2:us-east-1:000000000000:subnet/subnet-37f6cc6b1d7f7e04b",
            "assign_ipv6_address_on_creation": false,
            "availability_zone": "us-east-1b",
            "availability_zone_id": "use1-az1",
            "cidr_block": "10.0.11.0/24",
            "customer_owned_ipv4_pool": "",
            "enable_dns64": false,
            "enable_lni_at_device_index": 0,
            "enable_resource_name_dns_a_record_on_launch": false,
            "enable_resource_name_dns_aaaa_record_on_launch": false,
            "id": "subnet-37f6cc6b1d7f7e04b",
            "ipv6_cidr_block": "",
            "ipv6_cidr_block_association_id": "",
            "ipv6_native": false,
            "map_customer_owned_ip_on_launch": false,
            "map_public_ip_on_launch": false,
            "outpost_arn": "",
            "owner_id": "000000000000",
            "private_dns_hostname_type_on_launch": "ip-name",
            "tags": {
              "Environment": "dev",
              "EnvironmentSuffix": "pr1950",
              "ManagedBy": "terraform",
              "Name": "iac-aws-nova-model-breaking-pr1950-dev-private-subnet-primary-2",
              "Owner": "platform-team",
              "Project": "iac-aws-nova-model-breaking",
              "Type": "Private"
            },
            "tags_all": {
              "Environment": "dev",
              "EnvironmentSuffix": "pr1950",
              "ManagedBy": "terraform",
              "Name": "iac-aws-nova-model-breaking-pr1950-dev-private-subnet-primary-2",
              "Owner": "platform-team",
              "Project": "iac-aws-nova-model-breaking",
              "Type": "Private"
            },
            "timeouts": null,
            "vpc_id": "vpc-bf6afcccbfbc5799e"
          },
          "sensitive_attributes": [],
          "identity_schema_version": 0,
          "private": "eyJlMmJmYjczMC1lY2FhLTExZTYtOGY4OC0zNDM2M2JjN2M0YzAiOnsiY3JlYXRlIjo2MDAwMDAwMDAwMDAsImRlbGV0ZSI6MTIwMDAwMDAwMDAwMH0sInNjaGVtYV92ZXJzaW9uIjoiMSJ9",
          "dependencies": [
            "aws_vpc.primary"
          ]
        }
      ]
    },
    {
      "mode": "managed",
      "type": "aws_subnet",
      "name": "private_secondary",
      "provider": "provider[\"registry.terraform.io/hashicorp/aws\"].secondary",
      "instances": [
        {
          "index_key": 0,
          "schema_version": 1,
          "attributes": {
            "arn": "arn:aws:ec2:us-west-2:000000000000:subnet/subnet-5b6eba6fb96a8137b",
            "assign_ipv6_address_on_creation": false,
            "availability_zone": "us-west-2a",
            "availability_zone_id": "usw2-az2",
            "cidr_block": "10.1.10.0/24",
            "customer_owned_ipv4_pool": "",
            "enable_dns64": false,
            "enable_lni_at_device_index": 0,
            "enable_resource_name_dns_a_record_on_launch": false,
            "enable_resource_name_dns_aaaa_record_on_launch": false,
            "id": "subnet-5b6eba6fb96a8137b",
            "ipv6_cidr_block": "",
            "ipv6_cidr_block_association_id": "",
            "ipv6_native": false,
            "map_customer_owned_ip_on_launch": false,
            "map_public_ip_on_launch": false,
            "outpost_arn": "",
            "owner_id": "000000000000",
            "private_dns_hostname_type_on_launch": "ip-name",
            "tags": {
              "Environment": "dev",
              "EnvironmentSuffix": "pr1950",
              "ManagedBy": "terraform",
              "Name": "iac-aws-nova-model-breaking-pr1950-dev-private-subnet-secondary-1",
              "Owner": "platform-team",
              "Project": "iac-aws-nova-model-breaking",
              "Type": "Private"
            },
            "tags_all": {
              "Environment": "dev",
              "EnvironmentSuffix": "pr1950",
              "ManagedBy": "terraform",
              "Name": "iac-aws-nova-model-breaking-pr1950-dev-private-subnet-secondary-1",
              "Owner": "platform-team",
              "Project": "iac-aws-nova-model-breaking",
              "Type": "Private"
            },
            "timeouts": null,
            "vpc_id": "vpc-41cdcddb1af6f17ee"
          },
          "sensitive_attributes": [],
          "identity_schema_version": 0,
          "private": "eyJlMmJmYjczMC1lY2FhLTExZTYtOGY4OC0zNDM2M2JjN2M0YzAiOnsiY3JlYXRlIjo2MDAwMDAwMDAwMDAsImRlbGV0ZSI6MTIwMDAwMDAwMDAwMH0sInNjaGVtYV92ZXJzaW9uIjoiMSJ9",
          "dependencies": [
            "aws_vpc.secondary"
          ]
        },
        {
          "index_key": 1,
          "schema_version": 1,
          "attributes": {
            "arn": "arn:aws:ec2:us-west-2:000000000000:subnet/subnet-8d245ce287584e95f",
            "assign_ipv6_address_on_creation": false,
            "availability_zone": "us-west-2b",
            "availability_zone_id": "usw2-az1",
            "cidr_block": "10.1.11.0/24",
            "customer_owned_ipv4_pool": "",
            "enable_dns64": false,
            "enable_lni_at_device_index": 0,
            "enable_resource_name_dns_a_record_on_launch": false,
            "enable_resource_name_dns_aaaa_record_on_launch": false,
            "id": "subnet-8d245ce287584e95f",
            "ipv6_cidr_block": "",
            "ipv6_cidr_block_association_id": "",
            "ipv6_native": false,
            "map_customer_owned_ip_on_launch": false,
            "map_public_ip_on_launch": false,
            "outpost_arn": "",
            "owner_id": "000000000000",
            "private_dns_hostname_type_on_launch": "ip-name",
            "tags": {
              "Environment": "dev",
              "EnvironmentSuffix": "pr1950",
              "ManagedBy": "terraform",
              "Name": "iac-aws-nova-model-breaking-pr1950-dev-private-subnet-secondary-2",
              "Owner": "platform-team",
              "Project": "iac-aws-nova-model-breaking",
              "Type": "Private"
            },
            "tags_all": {
              "Environment": "dev",
              "EnvironmentSuffix": "pr1950",
              "ManagedBy": "terraform",
              "Name": "iac-aws-nova-model-breaking-pr1950-dev-private-subnet-secondary-2",
              "Owner": "platform-team",
              "Project": "iac-aws-nova-model-breaking",
              "Type": "Private"
            },
            "timeouts": null,
            "vpc_id": "vpc-41cdcddb1af6f17ee"
          },
          "sensitive_attributes": [],
          "identity_schema_version": 0,
          "private": "eyJlMmJmYjczMC1lY2FhLTExZTYtOGY4OC0zNDM2M2JjN2M0YzAiOnsiY3JlYXRlIjo2MDAwMDAwMDAwMDAsImRlbGV0ZSI6MTIwMDAwMDAwMDAwMH0sInNjaGVtYV92ZXJzaW9uIjoiMSJ9",
          "dependencies": [
            "aws_vpc.secondary"
          ]
        }
      ]
    },
    {
      "mode": "managed",
      "type": "aws_subnet",
      "name": "public_primary",
      "provider": "provider[\"registry.terraform.io/hashicorp/aws\"].primary",
      "instances": [
        {
          "index_key": 0,
          "schema_version": 1,
          "attributes": {
            "arn": "arn:aws:ec2:us-east-1:000000000000:subnet/subnet-9b21620a889ff74f7",
            "assign_ipv6_address_on_creation": false,
            "availability_zone": "us-east-1a",
            "availability_zone_id": "use1-az6",
            "cidr_block": "10.0.0.0/24",
            "customer_owned_ipv4_pool": "",
            "enable_dns64": false,
            "enable_lni_at_device_index": 0,
            "enable_resource_name_dns_a_record_on_launch": false,
            "enable_resource_name_dns_aaaa_record_on_launch": false,
            "id": "subnet-9b21620a889ff74f7",
            "ipv6_cidr_block": "",
            "ipv6_cidr_block_association_id": "",
            "ipv6_native": false,
            "map_customer_owned_ip_on_launch": false,
            "map_public_ip_on_launch": true,
            "outpost_arn": "",
            "owner_id": "000000000000",
            "private_dns_hostname_type_on_launch": "ip-name",
            "tags": {
              "Environment": "dev",
              "EnvironmentSuffix": "pr1950",
              "ManagedBy": "terraform",
              "Name": "iac-aws-nova-model-breaking-pr1950-dev-public-subnet-primary-1",
              "Owner": "platform-team",
              "Project": "iac-aws-nova-model-breaking",
              "Type": "Public"
            },
            "tags_all": {
              "Environment": "dev",
              "EnvironmentSuffix": "pr1950",
              "ManagedBy": "terraform",
              "Name": "iac-aws-nova-model-breaking-pr1950-dev-public-subnet-primary-1",
              "Owner": "platform-team",
              "Project": "iac-aws-nova-model-breaking",
              "Type": "Public"
            },
            "timeouts": null,
            "vpc_id": "vpc-bf6afcccbfbc5799e"
          },
          "sensitive_attributes": [],
          "identity_schema_version": 0,
          "private": "eyJlMmJmYjczMC1lY2FhLTExZTYtOGY4OC0zNDM2M2JjN2M0YzAiOnsiY3JlYXRlIjo2MDAwMDAwMDAwMDAsImRlbGV0ZSI6MTIwMDAwMDAwMDAwMH0sInNjaGVtYV92ZXJzaW9uIjoiMSJ9",
          "dependencies": [
            "aws_vpc.primary"
          ]
        },
        {
          "index_key": 1,
          "schema_version": 1,
          "attributes": {
            "arn": "arn:aws:ec2:us-east-1:000000000000:subnet/subnet-b29c7bd10139a9a26",
            "assign_ipv6_address_on_creation": false,
            "availability_zone": "us-east-1b",
            "availability_zone_id": "use1-az1",
            "cidr_block": "10.0.1.0/24",
            "customer_owned_ipv4_pool": "",
            "enable_dns64": false,
            "enable_lni_at_device_index": 0,
            "enable_resource_name_dns_a_record_on_launch": false,
            "enable_resource_name_dns_aaaa_record_on_launch": false,
            "id": "subnet-b29c7bd10139a9a26",
            "ipv6_cidr_block": "",
            "ipv6_cidr_block_association_id": "",
            "ipv6_native": false,
            "map_customer_owned_ip_on_launch": false,
            "map_public_ip_on_launch": true,
            "outpost_arn": "",
            "owner_id": "000000000000",
            "private_dns_hostname_type_on_launch": "ip-name",
            "tags": {
              "Environment": "dev",
              "EnvironmentSuffix": "pr1950",
              "ManagedBy": "terraform",
              "Name": "iac-aws-nova-model-breaking-pr1950-dev-public-subnet-primary-2",
              "Owner": "platform-team",
              "Project": "iac-aws-nova-model-breaking",
              "Type": "Public"
            },
            "tags_all": {
              "Environment": "dev",
              "EnvironmentSuffix": "pr1950",
              "ManagedBy": "terraform",
              "Name": "iac-aws-nova-model-breaking-pr1950-dev-public-subnet-primary-2",
              "Owner": "platform-team",
              "Project": "iac-aws-nova-model-breaking",
              "Type": "Public"
            },
            "timeouts": null,
            "vpc_id": "vpc-bf6afcccbfbc5799e"
          },
          "sensitive_attributes": [],
          "identity_schema_version": 0,
          "private": "eyJlMmJmYjczMC1lY2FhLTExZTYtOGY4OC0zNDM2M2JjN2M0YzAiOnsiY3JlYXRlIjo2MDAwMDAwMDAwMDAsImRlbGV0ZSI6MTIwMDAwMDAwMDAwMH0sInNjaGVtYV92ZXJzaW9uIjoiMSJ9",
          "dependencies": [
            "aws_vpc.primary"
          ]
        }
      ]
    },
    {
      "mode": "managed",
      "type": "aws_subnet",
      "name": "public_secondary",
      "provider": "provider[\"registry.terraform.io/hashicorp/aws\"].secondary",
      "instances": [
        {
          "index_key": 0,
          "schema_version": 1,
          "attributes": {
            "arn": "arn:aws:ec2:us-west-2:000000000000:subnet/subnet-88b7f9a03fb06c4ee",
            "assign_ipv6_address_on_creation": false,
            "availability_zone": "us-west-2a",
            "availability_zone_id": "usw2-az2",
            "cidr_block": "10.1.0.0/24",
            "customer_owned_ipv4_pool": "",
            "enable_dns64": false,
            "enable_lni_at_device_index": 0,
            "enable_resource_name_dns_a_record_on_launch": false,
            "enable_resource_name_dns_aaaa_record_on_launch": false,
            "id": "subnet-88b7f9a03fb06c4ee",
            "ipv6_cidr_block": "",
            "ipv6_cidr_block_association_id": "",
            "ipv6_native": false,
            "map_customer_owned_ip_on_launch": false,
            "map_public_ip_on_launch": true,
            "outpost_arn": "",
            "owner_id": "000000000000",
            "private_dns_hostname_type_on_launch": "ip-name",
            "tags": {
              "Environment": "dev",
              "EnvironmentSuffix": "pr1950",
              "ManagedBy": "terraform",
              "Name": "iac-aws-nova-model-breaking-pr1950-dev-public-subnet-secondary-1",
              "Owner": "platform-team",
              "Project": "iac-aws-nova-model-breaking",
              "Type": "Public"
            },
            "tags_all": {
              "Environment": "dev",
              "EnvironmentSuffix": "pr1950",
              "ManagedBy": "terraform",
              "Name": "iac-aws-nova-model-breaking-pr1950-dev-public-subnet-secondary-1",
              "Owner": "platform-team",
              "Project": "iac-aws-nova-model-breaking",
              "Type": "Public"
            },
            "timeouts": null,
            "vpc_id": "vpc-41cdcddb1af6f17ee"
          },
          "sensitive_attributes": [],
          "identity_schema_version": 0,
          "private": "eyJlMmJmYjczMC1lY2FhLTExZTYtOGY4OC0zNDM2M2JjN2M0YzAiOnsiY3JlYXRlIjo2MDAwMDAwMDAwMDAsImRlbGV0ZSI6MTIwMDAwMDAwMDAwMH0sInNjaGVtYV92ZXJzaW9uIjoiMSJ9",
          "dependencies": [
            "aws_vpc.secondary"
          ]
        },
        {
          "index_key": 1,
          "schema_version": 1,
          "attributes": {
            "arn": "arn:aws:ec2:us-west-2:000000000000:subnet/subnet-c0fe8f5ad4a847617",
            "assign_ipv6_address_on_creation": false,
            "availability_zone": "us-west-2b",
            "availability_zone_id": "usw2-az1",
            "cidr_block": "10.1.1.0/24",
            "customer_owned_ipv4_pool": "",
            "enable_dns64": false,
            "enable_lni_at_device_index": 0,
            "enable_resource_name_dns_a_record_on_launch": false,
            "enable_resource_name_dns_aaaa_record_on_launch": false,
            "id": "subnet-c0fe8f5ad4a847617",
            "ipv6_cidr_block": "",
            "ipv6_cidr_block_association_id": "",
            "ipv6_native": false,
            "map_customer_owned_ip_on_launch": false,
            "map_public_ip_on_launch": true,
            "outpost_arn": "",
            "owner_id": "000000000000",
            "private_dns_hostname_type_on_launch": "ip-name",
            "tags": {
              "Environment": "dev",
              "EnvironmentSuffix": "pr1950",
              "ManagedBy": "terraform",
              "Name": "iac-aws-nova-model-breaking-pr1950-dev-public-subnet-secondary-2",
              "Owner": "platform-team",
              "Project": "iac-aws-nova-model-breaking",
              "Type": "Public"
            },
            "tags_all": {
              "Environment": "dev",
              "EnvironmentSuffix": "pr1950",
              "ManagedBy": "terraform",
              "Name": "iac-aws-nova-model-breaking-pr1950-dev-public-subnet-secondary-2",
              "Owner": "platform-team",
              "Project": "iac-aws-nova-model-breaking",
              "Type": "Public"
            },
            "timeouts": null,
            "vpc_id": "vpc-41cdcddb1af6f17ee"
          },
          "sensitive_attributes": [],
          "identity_schema_version": 0,
          "private": "eyJlMmJmYjczMC1lY2FhLTExZTYtOGY4OC0zNDM2M2JjN2M0YzAiOnsiY3JlYXRlIjo2MDAwMDAwMDAwMDAsImRlbGV0ZSI6MTIwMDAwMDAwMDAwMH0sInNjaGVtYV92ZXJzaW9uIjoiMSJ9",
          "dependencies": [
            "aws_vpc.secondary"
          ]
        }
      ]
    },
    {
      "mode": "managed",
      "type": "aws_vpc",
      "name": "primary",
      "provider": "provider[\"registry.terraform.io/hashicorp/aws\"].primary",
      "instances": [
        {
          "schema_version": 1,
          "attributes": {
            "arn": "arn:aws:ec2:us-east-1:000000000000:vpc/vpc-bf6afcccbfbc5799e",
            "assign_generated_ipv6_cidr_block": false,
            "cidr_block": "10.0.0.0/16",
            "default_network_acl_id": "acl-03677ecdcd1d47b55",
            "default_route_table_id": "rtb-d04bfcb93009f28a0",
            "default_security_group_id": "sg-3ac0677bf4fe71913",
            "dhcp_options_id": "default",
            "enable_dns_hostnames": true,
            "enable_dns_support": true,
            "enable_network_address_usage_metrics": false,
            "id": "vpc-bf6afcccbfbc5799e",
            "instance_tenancy": "default",
            "ipv4_ipam_pool_id": null,
            "ipv4_netmask_length": null,
            "ipv6_association_id": "",
            "ipv6_cidr_block": "",
            "ipv6_cidr_block_network_border_group": "",
            "ipv6_ipam_pool_id": "",
            "ipv6_netmask_length": 0,
            "main_route_table_id": "rtb-d04bfcb93009f28a0",
            "owner_id": "000000000000",
            "tags": {
              "Environment": "dev",
              "EnvironmentSuffix": "pr1950",
              "ManagedBy": "terraform",
              "Name": "iac-aws-nova-model-breaking-pr1950-dev-vpc-primary",
              "Owner": "platform-team",
              "Project": "iac-aws-nova-model-breaking"
            },
            "tags_all": {
              "Environment": "dev",
              "EnvironmentSuffix": "pr1950",
              "ManagedBy": "terraform",
              "Name": "iac-aws-nova-model-breaking-pr1950-dev-vpc-primary",
              "Owner": "platform-team",
              "Project": "iac-aws-nova-model-breaking"
            }
          },
          "sensitive_attributes": [],
          "identity_schema_version": 0,
          "private": "eyJzY2hlbWFfdmVyc2lvbiI6IjEifQ=="
        }
      ]
    },
    {
      "mode": "managed",
      "type": "aws_vpc",
      "name": "secondary",
      "provider": "provider[\"registry.terraform.io/hashicorp/aws\"].secondary",
      "instances": [
        {
          "schema_version": 1,
          "attributes": {
            "arn": "arn:aws:ec2:us-west-2:000000000000:vpc/vpc-41cdcddb1af6f17ee",
            "assign_generated_ipv6_cidr_block": false,
            "cidr_block": "10.1.0.0/16",
            "default_network_acl_id": "acl-f92ed5ee585140857",
            "default_route_table_id": "rtb-32beb1ab5b5b2a764",
            "default_security_group_id": "sg-dff712514018f33cf",
            "dhcp_options_id": "default",
            "enable_dns_hostnames": true,
            "enable_dns_support": true,
            "enable_network_address_usage_metrics": false,
            "id": "vpc-41cdcddb1af6f17ee",
            "instance_tenancy": "default",
            "ipv4_ipam_pool_id": null,
            "ipv4_netmask_length": null,
            "ipv6_association_id": "",
            "ipv6_cidr_block": "",
            "ipv6_cidr_block_network_border_group": "",
            "ipv6_ipam_pool_id": "",
            "ipv6_netmask_length": 0,
            "main_route_table_id": "rtb-32beb1ab5b5b2a764",
            "owner_id": "000000000000",
            "tags": {
              "Environment": "dev",
              "EnvironmentSuffix": "pr1950",
              "ManagedBy": "terraform",
              "Name": "iac-aws-nova-model-breaking-pr1950-dev-vpc-secondary",
              "Owner": "platform-team",
              "Project": "iac-aws-nova-model-breaking"
            },
            "tags_all": {
              "Environment": "dev",
              "EnvironmentSuffix": "pr1950",
              "ManagedBy": "terraform",
              "Name": "iac-aws-nova-model-breaking-pr1950-dev-vpc-secondary",
              "Owner": "platform-team",
              "Project": "iac-aws-nova-model-breaking"
            }
          },
          "sensitive_attributes": [],
          "identity_schema_version": 0,
          "private": "eyJzY2hlbWFfdmVyc2lvbiI6IjEifQ=="
        }
      ]
    },
    {
      "mode": "managed",
      "type": "random_password",
      "name": "db_password",
      "provider": "provider[\"registry.terraform.io/hashicorp/random\"]",
      "instances": [
        {
          "schema_version": 3,
          "attributes": {
            "bcrypt_hash": "$2a$10$x/Vd9Gt7Kkr9/c5mSjN01eoQwGQum97vmUf5yV1S4uApNn3HwhS9G",
            "id": "none",
            "keepers": null,
            "length": 16,
            "lower": true,
            "min_lower": 0,
            "min_numeric": 0,
            "min_special": 0,
            "min_upper": 0,
            "number": true,
            "numeric": true,
            "override_special": null,
            "result": "hrd(jTL_BWQ9A)[\u003e",
            "special": true,
            "upper": true
          },
          "sensitive_attributes": [
            [
              {
                "type": "get_attr",
                "value": "bcrypt_hash"
              }
            ],
            [
              {
                "type": "get_attr",
                "value": "result"
              }
            ]
          ],
          "identity_schema_version": 0
        }
      ]
    }
  ],
  "check_results": null
}
