{
  "version": 4,
  "terraform_version": "1.12.2",
  "serial": 31,
  "lineage": "3b9554e5-923a-b033-397a-f3047f479e51",
  "outputs": {
    "alb_dns_name": {
      "value": "webapp-ls-pr1885-alb.elb.localhost.localstack.cloud",
      "type": "string"
    },
    "alb_zone_id": {
      "value": "Z2P70J7EXAMPLE",
      "type": "string"
    },
    "asg_name": {
      "value": "webapp-ls-pr1885-asg",
      "type": "string"
    },
    "aws_region": {
      "value": "us-east-1",
      "type": "string"
    },
    "rds_endpoint": {
      "value": "localhost.localstack.cloud:4512",
      "type": "string"
    },
    "rds_port": {
      "value": 4512,
      "type": "number"
    },
    "subnet_ids": {
      "value": [
        "subnet-d21faccb8f118136e",
        "subnet-3092935673790a406",
        "subnet-f3a1b9cc8abe1b95d",
        "subnet-ea3ec583e29424070",
        "subnet-9518f175cf067e7b9",
        "subnet-1a0ad55bb96e1e1c5"
      ],
      "type": [
        "list",
        "string"
      ]
    },
    "vpc_id": {
      "value": "vpc-15b0553c927b04033",
      "type": "string"
    }
  },
  "resources": [
    {
      "mode": "data",
      "type": "aws_availability_zones",
      "name": "available",
      "provider": "provider[\"registry.terraform.io/hashicorp/aws\"]",
      "instances": [
        {
          "schema_version": 0,
          "attributes": {
            "all_availability_zones": null,
            "exclude_names": null,
            "exclude_zone_ids": null,
            "filter": null,
            "group_names": [
              ""
            ],
            "id": "us-east-1",
            "names": [
              "us-east-1a",
              "us-east-1b",
              "us-east-1c",
              "us-east-1d",
              "us-east-1e",
              "us-east-1f"
            ],
            "state": "available",
            "timeouts": null,
            "zone_ids": [
              "use1-az6",
              "use1-az1",
              "use1-az2",
              "use1-az4",
              "use1-az3",
              "use1-az5"
            ]
          },
          "sensitive_attributes": [],
          "identity_schema_version": 0
        }
      ]
    },
    {
      "mode": "data",
      "type": "aws_subnets",
      "name": "default",
      "provider": "provider[\"registry.terraform.io/hashicorp/aws\"]",
      "instances": [
        {
          "schema_version": 0,
          "attributes": {
            "filter": [
              {
                "name": "vpc-id",
                "values": [
                  "vpc-15b0553c927b04033"
                ]
              }
            ],
            "id": "us-east-1",
            "ids": [
              "subnet-d21faccb8f118136e",
              "subnet-3092935673790a406",
              "subnet-f3a1b9cc8abe1b95d",
              "subnet-ea3ec583e29424070",
              "subnet-9518f175cf067e7b9",
              "subnet-1a0ad55bb96e1e1c5"
            ],
            "tags": null,
            "timeouts": null
          },
          "sensitive_attributes": [],
          "identity_schema_version": 0
        }
      ]
    },
    {
      "mode": "data",
      "type": "aws_subnets",
      "name": "public",
      "provider": "provider[\"registry.terraform.io/hashicorp/aws\"]",
      "instances": [
        {
          "schema_version": 0,
          "attributes": {
            "filter": [
              {
                "name": "map-public-ip-on-launch",
                "values": [
                  "true"
                ]
              },
              {
                "name": "state",
                "values": [
                  "available"
                ]
              },
              {
                "name": "vpc-id",
                "values": [
                  "vpc-15b0553c927b04033"
                ]
              }
            ],
            "id": "us-east-1",
            "ids": [
              "subnet-d21faccb8f118136e",
              "subnet-3092935673790a406",
              "subnet-f3a1b9cc8abe1b95d",
              "subnet-ea3ec583e29424070",
              "subnet-9518f175cf067e7b9",
              "subnet-1a0ad55bb96e1e1c5"
            ],
            "tags": null,
            "timeouts": null
          },
          "sensitive_attributes": [],
          "identity_schema_version": 0
        }
      ]
    },
    {
      "mode": "data",
      "type": "aws_vpc",
      "name": "default",
      "provider": "provider[\"registry.terraform.io/hashicorp/aws\"]",
      "instances": [
        {
          "schema_version": 0,
          "attributes": {
            "arn": "arn:aws:ec2:us-east-1:000000000000:vpc/vpc-15b0553c927b04033",
            "cidr_block": "172.31.0.0/16",
            "cidr_block_associations": [
              {
                "association_id": "vpc-cidr-assoc-0f03da50a7e8a78ab",
                "cidr_block": "172.31.0.0/16",
                "state": "associated"
              }
            ],
            "default": true,
            "dhcp_options_id": "default",
            "enable_dns_hostnames": true,
            "enable_dns_support": true,
            "enable_network_address_usage_metrics": false,
            "filter": null,
            "id": "vpc-15b0553c927b04033",
            "instance_tenancy": "default",
            "ipv6_association_id": "",
            "ipv6_cidr_block": "",
            "main_route_table_id": "rtb-2db97a277720fb66d",
            "owner_id": "000000000000",
            "state": null,
            "tags": {},
            "timeouts": null
          },
          "sensitive_attributes": [],
          "identity_schema_version": 0
        }
      ]
    },
    {
      "mode": "managed",
      "type": "aws_autoscaling_group",
      "name": "app",
      "provider": "provider[\"registry.terraform.io/hashicorp/aws\"]",
      "instances": []
    },
    {
      "mode": "managed",
      "type": "aws_cloudwatch_log_group",
      "name": "app",
      "provider": "provider[\"registry.terraform.io/hashicorp/aws\"]",
      "instances": [
        {
          "schema_version": 0,
          "attributes": {
            "arn": "arn:aws:logs:us-east-1:000000000000:log-group:/aws/ec2/webapp-ls-pr1885",
            "id": "/aws/ec2/webapp-ls-pr1885",
            "kms_key_id": "",
            "log_group_class": "STANDARD",
            "name": "/aws/ec2/webapp-ls-pr1885",
            "name_prefix": "",
            "retention_in_days": 7,
            "skip_destroy": false,
            "tags": {
              "Environment": "Production",
              "ManagedBy": "terraform",
              "Name": "webapp-ls-pr1885-log-group"
            },
            "tags_all": {
              "Environment": "Production",
              "ManagedBy": "terraform",
              "Name": "webapp-ls-pr1885-log-group"
            }
          },
          "sensitive_attributes": [],
          "identity_schema_version": 0,
          "private": "bnVsbA=="
        }
      ]
    },
    {
      "mode": "managed",
      "type": "aws_cloudwatch_metric_alarm",
      "name": "alb_5xx",
      "provider": "provider[\"registry.terraform.io/hashicorp/aws\"]",
      "instances": [
        {
          "schema_version": 1,
          "attributes": {
            "actions_enabled": true,
            "alarm_actions": [],
            "alarm_description": "ALB 5XX errors are high",
            "alarm_name": "webapp-ls-pr1885-alb-5xx",
            "arn": "arn:aws:cloudwatch:us-east-1:000000000000:alarm:webapp-ls-pr1885-alb-5xx",
            "comparison_operator": "GreaterThanThreshold",
            "datapoints_to_alarm": 0,
            "dimensions": {
              "LoadBalancer": "app/webapp-ls-pr1885-alb/1813c1f7b106f5b7"
            },
            "evaluate_low_sample_count_percentiles": "",
            "evaluation_periods": 2,
            "extended_statistic": "",
            "id": "webapp-ls-pr1885-alb-5xx",
            "insufficient_data_actions": [],
            "metric_name": "HTTPCode_ELB_5XX_Count",
            "metric_query": [],
            "namespace": "AWS/ApplicationELB",
            "ok_actions": [],
            "period": 300,
            "statistic": "Sum",
            "tags": {},
            "tags_all": {},
            "threshold": 10,
            "threshold_metric_id": "",
            "treat_missing_data": "missing",
            "unit": ""
          },
          "sensitive_attributes": [],
          "identity_schema_version": 0,
          "private": "eyJzY2hlbWFfdmVyc2lvbiI6IjEifQ==",
          "dependencies": [
            "aws_lb.app",
            "aws_security_group.alb",
            "data.aws_subnets.public",
            "data.aws_vpc.default"
          ]
        }
      ]
    },
    {
      "mode": "managed",
      "type": "aws_db_instance",
      "name": "app",
      "provider": "provider[\"registry.terraform.io/hashicorp/aws\"]",
      "instances": [
        {
          "schema_version": 2,
          "attributes": {
            "address": "localhost.localstack.cloud",
            "allocated_storage": 20,
            "allow_major_version_upgrade": null,
            "apply_immediately": false,
            "arn": "arn:aws:rds:us-east-1:000000000000:db:webapp-ls-pr1885-db",
            "auto_minor_version_upgrade": true,
            "availability_zone": "us-east-1a",
            "backup_retention_period": 7,
            "backup_target": "",
            "backup_window": "03:00-04:00",
            "blue_green_update": [],
            "ca_cert_identifier": "",
            "character_set_name": "",
            "copy_tags_to_snapshot": false,
            "custom_iam_instance_profile": "",
            "customer_owned_ip_enabled": false,
            "database_insights_mode": "",
            "db_name": "webappdb",
            "db_subnet_group_name": "webapp-ls-pr1885-db-subnet-group",
            "dedicated_log_volume": false,
            "delete_automated_backups": true,
            "deletion_protection": false,
            "domain": "",
            "domain_auth_secret_arn": "",
            "domain_dns_ips": [],
            "domain_fqdn": "",
            "domain_iam_role_name": "",
            "domain_ou": "",
            "enabled_cloudwatch_logs_exports": [],
            "endpoint": "localhost.localstack.cloud:4512",
            "engine": "mysql",
            "engine_lifecycle_support": "",
            "engine_version": "8.0",
            "engine_version_actual": "8.0",
            "final_snapshot_identifier": null,
            "hosted_zone_id": "",
            "iam_database_authentication_enabled": false,
            "id": "db-3CE41F17",
            "identifier": "webapp-ls-pr1885-db",
            "identifier_prefix": "",
            "instance_class": "db.t3.micro",
            "iops": 0,
            "kms_key_id": "default_kms_key_id",
            "latest_restorable_time": "",
            "license_model": "general-public-license",
            "listener_endpoint": [],
            "maintenance_window": "sun:04:00-sun:05:00",
            "manage_master_user_password": null,
            "master_user_secret": [],
            "master_user_secret_kms_key_id": null,
            "max_allocated_storage": 0,
            "monitoring_interval": 0,
            "monitoring_role_arn": "",
            "multi_az": true,
            "nchar_character_set_name": "",
            "network_type": "",
            "option_group_name": "default.mysql5.6",
            "parameter_group_name": "",
            "password": "?oVrpf-%*n\u0026_s]5?",
            "password_wo": null,
            "password_wo_version": null,
            "performance_insights_enabled": false,
            "performance_insights_kms_key_id": "",
            "performance_insights_retention_period": 0,
            "port": 4512,
            "publicly_accessible": false,
            "replica_mode": "",
            "replicas": [],
            "replicate_source_db": "",
            "resource_id": "db-3CE41F17",
            "restore_to_point_in_time": [],
            "s3_import": [],
            "skip_final_snapshot": true,
            "snapshot_identifier": null,
            "status": "available",
            "storage_encrypted": true,
            "storage_throughput": 0,
            "storage_type": "gp2",
            "tags": {
              "Environment": "Production",
              "ManagedBy": "terraform",
              "Name": "webapp-ls-pr1885-db"
            },
            "tags_all": {
              "Environment": "Production",
              "ManagedBy": "terraform",
              "Name": "webapp-ls-pr1885-db"
            },
            "timeouts": null,
            "timezone": "",
            "upgrade_storage_config": null,
            "username": "admin",
            "vpc_security_group_ids": [
              "sg-b0fca5036ce31a004"
            ]
          },
          "sensitive_attributes": [
            [
              {
                "type": "get_attr",
                "value": "password"
              }
            ],
            [
              {
                "type": "get_attr",
                "value": "password_wo"
              }
            ]
          ],
          "identity_schema_version": 0,
          "private": "eyJlMmJmYjczMC1lY2FhLTExZTYtOGY4OC0zNDM2M2JjN2M0YzAiOnsiY3JlYXRlIjozMDAwMDAwMDAwMDAwLCJkZWxldGUiOjM2MDAwMDAwMDAwMDAsInVwZGF0ZSI6NDgwMDAwMDAwMDAwMH0sInNjaGVtYV92ZXJzaW9uIjoiMiJ9",
          "dependencies": [
            "aws_db_subnet_group.app",
            "aws_secretsmanager_secret.db_password",
            "aws_secretsmanager_secret_version.db_password",
            "aws_security_group.alb",
            "aws_security_group.ec2",
            "aws_security_group.rds",
            "data.aws_subnets.default",
            "data.aws_vpc.default",
            "random_password.db_password"
          ]
        }
      ]
    },
    {
      "mode": "managed",
      "type": "aws_db_subnet_group",
      "name": "app",
      "provider": "provider[\"registry.terraform.io/hashicorp/aws\"]",
      "instances": [
        {
          "schema_version": 0,
          "attributes": {
            "arn": "arn:aws:rds:us-east-1:000000000000:subgrp:webapp-ls-pr1885-db-subnet-group",
            "description": "Managed by Terraform",
            "id": "webapp-ls-pr1885-db-subnet-group",
            "name": "webapp-ls-pr1885-db-subnet-group",
            "name_prefix": "",
            "subnet_ids": [
              "subnet-3092935673790a406",
              "subnet-d21faccb8f118136e"
            ],
            "supported_network_types": [
              "IPV4"
            ],
            "tags": {
              "Environment": "Production",
              "ManagedBy": "terraform",
              "Name": "webapp-ls-pr1885-db-subnet-group"
            },
            "tags_all": {
              "Environment": "Production",
              "ManagedBy": "terraform",
              "Name": "webapp-ls-pr1885-db-subnet-group"
            },
            "vpc_id": "vpc-15b0553c927b04033"
          },
          "sensitive_attributes": [],
          "identity_schema_version": 0,
          "private": "bnVsbA==",
          "dependencies": [
            "data.aws_subnets.default",
            "data.aws_vpc.default"
          ]
        }
      ]
    },
    {
      "mode": "managed",
      "type": "aws_iam_instance_profile",
      "name": "ec2_profile",
      "provider": "provider[\"registry.terraform.io/hashicorp/aws\"]",
      "instances": [
        {
          "schema_version": 0,
          "attributes": {
            "arn": "arn:aws:iam::000000000000:instance-profile/webapp-ls-pr1885-ec2-profile",
            "create_date": "2025-12-24T06:14:09Z",
            "id": "webapp-ls-pr1885-ec2-profile",
            "name": "webapp-ls-pr1885-ec2-profile",
            "name_prefix": "",
            "path": "/",
            "role": "webapp-ls-pr1885-ec2-role",
            "tags": {},
            "tags_all": {},
            "unique_id": "1hjok4glean54gw0ebnu"
          },
          "sensitive_attributes": [],
          "identity_schema_version": 0,
          "private": "bnVsbA==",
          "dependencies": [
            "aws_iam_role.ec2_role"
          ]
        }
      ]
    },
    {
      "mode": "managed",
      "type": "aws_iam_role",
      "name": "ec2_role",
      "provider": "provider[\"registry.terraform.io/hashicorp/aws\"]",
      "instances": [
        {
          "schema_version": 0,
          "attributes": {
            "arn": "arn:aws:iam::000000000000:role/webapp-ls-pr1885-ec2-role",
            "assume_role_policy": "{\"Statement\":[{\"Action\":\"sts:AssumeRole\",\"Effect\":\"Allow\",\"Principal\":{\"Service\":\"ec2.amazonaws.com\"}}],\"Version\":\"2012-10-17\"}",
            "create_date": "2025-12-24T06:14:09Z",
            "description": "",
            "force_detach_policies": false,
            "id": "webapp-ls-pr1885-ec2-role",
            "inline_policy": [
              {
                "name": "webapp-ls-pr1885-cloudwatch-policy",
                "policy": "{\"Version\":\"2012-10-17\",\"Statement\":[{\"Action\":[\"cloudwatch:PutMetricData\",\"logs:CreateLogGroup\",\"logs:CreateLogStream\",\"logs:PutLogEvents\",\"logs:DescribeLogGroups\",\"logs:DescribeLogStreams\"],\"Effect\":\"Allow\",\"Resource\":\"*\"}]}"
              }
            ],
            "managed_policy_arns": [],
            "max_session_duration": 3600,
            "name": "webapp-ls-pr1885-ec2-role",
            "name_prefix": "",
            "path": "/",
            "permissions_boundary": "",
            "tags": {
              "Environment": "Production",
              "ManagedBy": "terraform",
              "Name": "webapp-ls-pr1885-ec2-role"
            },
            "tags_all": {
              "Environment": "Production",
              "ManagedBy": "terraform",
              "Name": "webapp-ls-pr1885-ec2-role"
            },
            "unique_id": "AROAQAAAAAAAICKPKA46J"
          },
          "sensitive_attributes": [],
          "identity_schema_version": 0,
          "private": "bnVsbA=="
        }
      ]
    },
    {
      "mode": "managed",
      "type": "aws_iam_role_policy",
      "name": "cloudwatch_policy",
      "provider": "provider[\"registry.terraform.io/hashicorp/aws\"]",
      "instances": [
        {
          "schema_version": 0,
          "attributes": {
            "id": "webapp-ls-pr1885-ec2-role:webapp-ls-pr1885-cloudwatch-policy",
            "name": "webapp-ls-pr1885-cloudwatch-policy",
            "name_prefix": "",
            "policy": "{\"Version\":\"2012-10-17\",\"Statement\":[{\"Action\":[\"cloudwatch:PutMetricData\",\"logs:CreateLogGroup\",\"logs:CreateLogStream\",\"logs:PutLogEvents\",\"logs:DescribeLogGroups\",\"logs:DescribeLogStreams\"],\"Effect\":\"Allow\",\"Resource\":\"*\"}]}",
            "role": "webapp-ls-pr1885-ec2-role"
          },
          "sensitive_attributes": [],
          "identity_schema_version": 0,
          "private": "bnVsbA==",
          "dependencies": [
            "aws_iam_role.ec2_role"
          ]
        }
      ]
    },
    {
      "mode": "managed",
      "type": "aws_launch_template",
      "name": "app",
      "provider": "provider[\"registry.terraform.io/hashicorp/aws\"]",
      "instances": [
        {
          "schema_version": 0,
          "attributes": {
            "arn": "arn:aws:ec2:us-east-1::launch-template/lt-59e3aa33e3117b4fc",
            "block_device_mappings": [],
            "capacity_reservation_specification": [],
            "cpu_options": [],
            "credit_specification": [],
            "default_version": 1,
            "description": "",
            "disable_api_stop": false,
            "disable_api_termination": false,
            "ebs_optimized": "",
            "elastic_gpu_specifications": [],
            "elastic_inference_accelerator": [],
            "enclave_options": [],
            "hibernation_options": [],
            "iam_instance_profile": [
              {
                "arn": "",
                "name": "webapp-ls-pr1885-ec2-profile"
              }
            ],
            "id": "lt-59e3aa33e3117b4fc",
            "image_id": "ami-0c02fb55956c7d316",
            "instance_initiated_shutdown_behavior": "",
            "instance_market_options": [],
            "instance_requirements": [],
            "instance_type": "t3.micro",
            "kernel_id": "",
            "key_name": "",
            "latest_version": 3,
            "license_specification": [],
            "maintenance_options": [],
            "metadata_options": [],
            "monitoring": [],
            "name": "webapp-ls-pr1885-template-20251224061415289400000003",
            "name_prefix": "webapp-ls-pr1885-template-",
            "network_interfaces": [
              {
                "associate_carrier_ip_address": "",
                "associate_public_ip_address": "false",
                "connection_tracking_specification": [],
                "delete_on_termination": "",
                "description": "",
                "device_index": 0,
                "ena_srd_specification": [],
                "interface_type": "",
                "ipv4_address_count": 0,
                "ipv4_addresses": [],
                "ipv4_prefix_count": 0,
                "ipv4_prefixes": [],
                "ipv6_address_count": 0,
                "ipv6_addresses": [],
                "ipv6_prefix_count": 0,
                "ipv6_prefixes": [],
                "network_card_index": 0,
                "network_interface_id": "",
                "primary_ipv6": "",
                "private_ip_address": "",
                "security_groups": [
                  "sg-ef3a1fbeaf24ff764"
                ],
                "subnet_id": ""
              }
            ],
            "placement": [],
            "private_dns_name_options": [],
            "ram_disk_id": "",
            "security_group_names": [],
            "tag_specifications": [
              {
                "resource_type": "instance",
                "tags": {
                  "Environment": "Production",
                  "ManagedBy": "terraform",
                  "Name": "webapp-ls-pr1885-instance"
                }
              }
            ],
            "tags": {
              "Environment": "Production",
              "ManagedBy": "terraform",
              "Name": "webapp-ls-pr1885-launch-template"
            },
            "tags_all": {
              "Environment": "Production",
              "ManagedBy": "terraform",
              "Name": "webapp-ls-pr1885-launch-template"
            },
            "update_default_version": null,
            "user_data": "IyEvYmluL2Jhc2gKIyBFbmFibGUgZGVidWdnaW5nCnNldCAteAogICAgICAgICAgICAgIAojIFVwZGF0ZSBzeXN0ZW0KeXVtIHVwZGF0ZSAteQp5dW0gaW5zdGFsbCAteSBodHRwZApzeXN0ZW1jdGwgc3RhcnQgaHR0cGQKc3lzdGVtY3RsIGVuYWJsZSBodHRwZAogICAgICAgICAgICAgIAojIENyZWF0ZSBhIHNpbXBsZSB3ZWIgcGFnZQpjYXQgPiAvdmFyL3d3dy9odG1sL2luZGV4Lmh0bWwgPDwgJ0hUTUxfRU9GJwo8IURPQ1RZUEUgaHRtbD4KPGh0bWw+CjxoZWFkPgogICAgPHRpdGxlPldlYiBBcHBsaWNhdGlvbjwvdGl0bGU+CiAgICA8c3R5bGU+CiAgICAgICAgYm9keSB7IGZvbnQtZmFtaWx5OiBBcmlhbCwgc2Fucy1zZXJpZjsgbWFyZ2luOiA0MHB4OyB9CiAgICAgICAgLmNvbnRhaW5lciB7IG1heC13aWR0aDogODAwcHg7IG1hcmdpbjogMCBhdXRvOyB9CiAgICAgICAgLmhlYWRlciB7IGJhY2tncm91bmQ6ICNmOGY5ZmE7IHBhZGRpbmc6IDIwcHg7IGJvcmRlci1yYWRpdXM6IDVweDsgfQogICAgICAgIC5pbmZvIHsgbWFyZ2luOiAyMHB4IDA7IH0KICAgIDwvc3R5bGU+CjwvaGVhZD4KPGJvZHk+CiAgICA8ZGl2IGNsYXNzPSJjb250YWluZXIiPgogICAgICAgIDxkaXYgY2xhc3M9ImhlYWRlciI+CiAgICAgICAgICAgIDxoMT5IaWdoIEF2YWlsYWJpbGl0eSBXZWIgQXBwbGljYXRpb248L2gxPgogICAgICAgICAgICA8cD5TdWNjZXNzZnVsbHkgZGVwbG95ZWQgd2l0aCBUZXJyYWZvcm08L3A+CiAgICAgICAgPC9kaXY+CiAgICAgICAgPGRpdiBjbGFzcz0iaW5mbyI+CiAgICAgICAgICAgIDxoMj5JbnN0YW5jZSBJbmZvcm1hdGlvbjwvaDI+CiAgICAgICAgICAgIDxwPjxzdHJvbmc+SG9zdG5hbWU6PC9zdHJvbmc+ICQoaG9zdG5hbWUgLWYpPC9wPgogICAgICAgICAgICA8cD48c3Ryb25nPkluc3RhbmNlIElEOjwvc3Ryb25nPiAkKGN1cmwgLXMgaHR0cDovLzE2OS4yNTQuMTY5LjI1NC9sYXRlc3QvbWV0YS1kYXRhL2luc3RhbmNlLWlkKTwvcD4KICAgICAgICAgICAgPHA+PHN0cm9uZz5BdmFpbGFiaWxpdHkgWm9uZTo8L3N0cm9uZz4gJChjdXJsIC1zIGh0dHA6Ly8xNjkuMjU0LjE2OS4yNTQvbGF0ZXN0L21ldGEtZGF0YS9wbGFjZW1lbnQvYXZhaWxhYmlsaXR5LXpvbmUpPC9wPgogICAgICAgICAgICA8cD48c3Ryb25nPkxhdW5jaCBUaW1lOjwvc3Ryb25nPiAkKGRhdGUpPC9wPgogICAgICAgIDwvZGl2PgogICAgPC9kaXY+CjwvYm9keT4KPC9odG1sPgpIVE1MX0VPRgogICAgICAgICAgICAgIAojIEluc3RhbGwgQ2xvdWRXYXRjaCBhZ2VudCBmb3IgbW9uaXRvcmluZwp5dW0gaW5zdGFsbCAteSBhbWF6b24tY2xvdWR3YXRjaC1hZ2VudApzeXN0ZW1jdGwgZW5hYmxlIGFtYXpvbi1jbG91ZHdhdGNoLWFnZW50CnN5c3RlbWN0bCBzdGFydCBhbWF6b24tY2xvdWR3YXRjaC1hZ2VudAogICAgICAgICAgICAgIAojIENyZWF0ZSBhIHNpbXBsZSBoZWFsdGggY2hlY2sgZW5kcG9pbnQKY2F0ID4gL3Zhci93d3cvaHRtbC9oZWFsdGggPDwgJ0hFQUxUSF9FT0YnCk9LCkhFQUxUSF9FT0YKICAgICAgICAgICAgICAKIyBWZXJpZnkgQXBhY2hlIGlzIHJ1bm5pbmcKc3lzdGVtY3RsIHN0YXR1cyBodHRwZApjdXJsIC1mIGh0dHA6Ly9sb2NhbGhvc3QvIHx8IGVjaG8gIkFwYWNoZSBoZWFsdGggY2hlY2sgZmFpbGVkIgo=",
            "vpc_security_group_ids": []
          },
          "sensitive_attributes": [],
          "identity_schema_version": 0,
          "private": "bnVsbA==",
          "dependencies": [
            "aws_iam_instance_profile.ec2_profile",
            "aws_iam_role.ec2_role",
            "aws_security_group.alb",
            "aws_security_group.ec2",
            "data.aws_vpc.default"
          ]
        }
      ]
    },
    {
      "mode": "managed",
      "type": "aws_lb",
      "name": "app",
      "provider": "provider[\"registry.terraform.io/hashicorp/aws\"]",
      "instances": [
        {
          "schema_version": 0,
          "attributes": {
            "access_logs": [
              {
                "bucket": "",
                "enabled": false,
                "prefix": ""
              }
            ],
            "arn": "arn:aws:elasticloadbalancing:us-east-1:000000000000:loadbalancer/app/webapp-ls-pr1885-alb/1813c1f7b106f5b7",
            "arn_suffix": "app/webapp-ls-pr1885-alb/1813c1f7b106f5b7",
            "client_keep_alive": 3600,
            "connection_logs": [
              {
                "bucket": "",
                "enabled": false,
                "prefix": ""
              }
            ],
            "customer_owned_ipv4_pool": "",
            "desync_mitigation_mode": "defensive",
            "dns_name": "webapp-ls-pr1885-alb.elb.localhost.localstack.cloud",
            "dns_record_client_routing_policy": null,
            "drop_invalid_header_fields": false,
            "enable_cross_zone_load_balancing": false,
            "enable_deletion_protection": false,
            "enable_http2": true,
            "enable_tls_version_and_cipher_suite_headers": false,
            "enable_waf_fail_open": false,
            "enable_xff_client_port": false,
            "enable_zonal_shift": false,
            "enforce_security_group_inbound_rules_on_private_link_traffic": "",
            "id": "arn:aws:elasticloadbalancing:us-east-1:000000000000:loadbalancer/app/webapp-ls-pr1885-alb/1813c1f7b106f5b7",
            "idle_timeout": 60,
            "internal": false,
            "ip_address_type": "ipv4",
            "ipam_pools": [],
            "load_balancer_type": "application",
            "minimum_load_balancer_capacity": [],
            "name": "webapp-ls-pr1885-alb",
            "name_prefix": "",
            "preserve_host_header": false,
            "security_groups": [
              "sg-c13954ef639ef12c1"
            ],
            "subnet_mapping": [
              {
                "allocation_id": "",
                "ipv6_address": "",
                "outpost_id": "",
                "private_ipv4_address": "",
                "subnet_id": "subnet-3092935673790a406"
              },
              {
                "allocation_id": "",
                "ipv6_address": "",
                "outpost_id": "",
                "private_ipv4_address": "",
                "subnet_id": "subnet-d21faccb8f118136e"
              }
            ],
            "subnets": [
              "subnet-3092935673790a406",
              "subnet-d21faccb8f118136e"
            ],
            "tags": {
              "Environment": "Production",
              "ManagedBy": "terraform",
              "Name": "webapp-ls-pr1885-alb"
            },
            "tags_all": {
              "Environment": "Production",
              "ManagedBy": "terraform",
              "Name": "webapp-ls-pr1885-alb"
            },
            "timeouts": null,
            "vpc_id": "vpc-15b0553c927b04033",
            "xff_header_processing_mode": "append",
            "zone_id": "Z2P70J7EXAMPLE"
          },
          "sensitive_attributes": [],
          "identity_schema_version": 0,
          "private": "eyJlMmJmYjczMC1lY2FhLTExZTYtOGY4OC0zNDM2M2JjN2M0YzAiOnsiY3JlYXRlIjo2MDAwMDAwMDAwMDAsImRlbGV0ZSI6NjAwMDAwMDAwMDAwLCJ1cGRhdGUiOjYwMDAwMDAwMDAwMH19",
          "dependencies": [
            "aws_security_group.alb",
            "data.aws_subnets.public",
            "data.aws_vpc.default"
          ]
        }
      ]
    },
    {
      "mode": "managed",
      "type": "aws_lb_listener",
      "name": "app",
      "provider": "provider[\"registry.terraform.io/hashicorp/aws\"]",
      "instances": [
        {
          "schema_version": 0,
          "attributes": {
            "alpn_policy": null,
            "arn": "arn:aws:elasticloadbalancing:us-east-1:000000000000:listener/app/webapp-ls-pr1885-alb/1813c1f7b106f5b7/198aaf90ca35f98c",
            "certificate_arn": null,
            "default_action": [
              {
                "authenticate_cognito": [],
                "authenticate_oidc": [],
                "fixed_response": [],
                "forward": [],
                "order": 1,
                "redirect": [],
                "target_group_arn": "arn:aws:elasticloadbalancing:us-east-1:000000000000:targetgroup/webapp-ls-pr1885-tg/3f9301a2957fa123",
                "type": "forward"
              }
            ],
            "id": "arn:aws:elasticloadbalancing:us-east-1:000000000000:listener/app/webapp-ls-pr1885-alb/1813c1f7b106f5b7/198aaf90ca35f98c",
            "load_balancer_arn": "arn:aws:elasticloadbalancing:us-east-1:000000000000:loadbalancer/app/webapp-ls-pr1885-alb/1813c1f7b106f5b7",
            "mutual_authentication": [],
            "port": 80,
            "protocol": "HTTP",
            "routing_http_request_x_amzn_mtls_clientcert_header_name": null,
            "routing_http_request_x_amzn_mtls_clientcert_issuer_header_name": null,
            "routing_http_request_x_amzn_mtls_clientcert_leaf_header_name": null,
            "routing_http_request_x_amzn_mtls_clientcert_serial_number_header_name": null,
            "routing_http_request_x_amzn_mtls_clientcert_subject_header_name": null,
            "routing_http_request_x_amzn_mtls_clientcert_validity_header_name": null,
            "routing_http_request_x_amzn_tls_cipher_suite_header_name": null,
            "routing_http_request_x_amzn_tls_version_header_name": null,
            "routing_http_response_access_control_allow_credentials_header_value": "",
            "routing_http_response_access_control_allow_headers_header_value": "",
            "routing_http_response_access_control_allow_methods_header_value": "",
            "routing_http_response_access_control_allow_origin_header_value": "",
            "routing_http_response_access_control_expose_headers_header_value": "",
            "routing_http_response_access_control_max_age_header_value": "",
            "routing_http_response_content_security_policy_header_value": "",
            "routing_http_response_server_enabled": true,
            "routing_http_response_strict_transport_security_header_value": "",
            "routing_http_response_x_content_type_options_header_value": "",
            "routing_http_response_x_frame_options_header_value": "",
            "ssl_policy": "ELBSecurityPolicy-2016-08",
            "tags": {},
            "tags_all": {},
            "tcp_idle_timeout_seconds": null,
            "timeouts": null
          },
          "sensitive_attributes": [],
          "identity_schema_version": 0,
          "private": "eyJlMmJmYjczMC1lY2FhLTExZTYtOGY4OC0zNDM2M2JjN2M0YzAiOnsiY3JlYXRlIjozMDAwMDAwMDAwMDAsInVwZGF0ZSI6MzAwMDAwMDAwMDAwfX0=",
          "dependencies": [
            "aws_lb.app",
            "aws_lb_target_group.app",
            "aws_security_group.alb",
            "data.aws_subnets.public",
            "data.aws_vpc.default"
          ]
        }
      ]
    },
    {
      "mode": "managed",
      "type": "aws_lb_target_group",
      "name": "app",
      "provider": "provider[\"registry.terraform.io/hashicorp/aws\"]",
      "instances": [
        {
          "schema_version": 0,
          "attributes": {
            "arn": "arn:aws:elasticloadbalancing:us-east-1:000000000000:targetgroup/webapp-ls-pr1885-tg/3f9301a2957fa123",
            "arn_suffix": "targetgroup/webapp-ls-pr1885-tg/3f9301a2957fa123",
            "connection_termination": null,
            "deregistration_delay": "300",
            "health_check": [
              {
                "enabled": true,
                "healthy_threshold": 2,
                "interval": 30,
                "matcher": "200",
                "path": "/health",
                "port": "traffic-port",
                "protocol": "HTTP",
                "timeout": 10,
                "unhealthy_threshold": 3
              }
            ],
            "id": "arn:aws:elasticloadbalancing:us-east-1:000000000000:targetgroup/webapp-ls-pr1885-tg/3f9301a2957fa123",
            "ip_address_type": "ipv4",
            "lambda_multi_value_headers_enabled": false,
            "load_balancer_arns": [
              "arn:aws:elasticloadbalancing:us-east-1:000000000000:loadbalancer/app/webapp-ls-pr1885-alb/1813c1f7b106f5b7"
            ],
            "load_balancing_algorithm_type": "round_robin",
            "load_balancing_anomaly_mitigation": null,
            "load_balancing_cross_zone_enabled": "use_load_balancer_configuration",
            "name": "webapp-ls-pr1885-tg",
            "name_prefix": "",
            "port": 80,
            "preserve_client_ip": null,
            "protocol": "HTTP",
            "protocol_version": "HTTP1",
            "proxy_protocol_v2": false,
            "slow_start": 0,
            "stickiness": [
              {
                "cookie_duration": 0,
                "cookie_name": "",
                "enabled": false,
                "type": "lb_cookie"
              }
            ],
            "tags": {
              "Environment": "Production",
              "ManagedBy": "terraform",
              "Name": "webapp-ls-pr1885-target-group"
            },
            "tags_all": {
              "Environment": "Production",
              "ManagedBy": "terraform",
              "Name": "webapp-ls-pr1885-target-group"
            },
            "target_failover": [
              {
                "on_deregistration": null,
                "on_unhealthy": null
              }
            ],
            "target_group_health": [
              {
                "dns_failover": [
                  {
                    "minimum_healthy_targets_count": null,
                    "minimum_healthy_targets_percentage": null
                  }
                ],
                "unhealthy_state_routing": [
                  {
                    "minimum_healthy_targets_count": null,
                    "minimum_healthy_targets_percentage": null
                  }
                ]
              }
            ],
            "target_health_state": [
              {
                "enable_unhealthy_connection_termination": null,
                "unhealthy_draining_interval": null
              }
            ],
            "target_type": "instance",
            "vpc_id": "vpc-15b0553c927b04033"
          },
          "sensitive_attributes": [],
          "identity_schema_version": 0,
          "private": "bnVsbA==",
          "dependencies": [
            "data.aws_vpc.default"
          ]
        }
      ]
    },
    {
      "mode": "managed",
      "type": "aws_secretsmanager_secret",
      "name": "db_password",
      "provider": "provider[\"registry.terraform.io/hashicorp/aws\"]",
      "instances": [
        {
          "schema_version": 0,
          "attributes": {
            "arn": "arn:aws:secretsmanager:us-east-1:000000000000:secret:webapp-ls-pr1885-db-password-GWcHvC",
            "description": "Database password for webapp application",
            "force_overwrite_replica_secret": false,
            "id": "arn:aws:secretsmanager:us-east-1:000000000000:secret:webapp-ls-pr1885-db-password-GWcHvC",
            "kms_key_id": "",
            "name": "webapp-ls-pr1885-db-password",
            "name_prefix": "",
            "policy": "",
            "recovery_window_in_days": 30,
            "replica": [],
            "tags": {
              "Environment": "Production",
              "ManagedBy": "terraform",
              "Name": "webapp-ls-pr1885-db-password"
            },
            "tags_all": {
              "Environment": "Production",
              "ManagedBy": "terraform",
              "Name": "webapp-ls-pr1885-db-password"
            }
          },
          "sensitive_attributes": [],
          "identity_schema_version": 0,
          "private": "bnVsbA=="
        }
      ]
    },
    {
      "mode": "managed",
      "type": "aws_secretsmanager_secret_version",
      "name": "db_password",
      "provider": "provider[\"registry.terraform.io/hashicorp/aws\"]",
      "instances": [
        {
          "schema_version": 0,
          "attributes": {
            "arn": "arn:aws:secretsmanager:us-east-1:000000000000:secret:webapp-ls-pr1885-db-password-GWcHvC",
            "has_secret_string_wo": null,
            "id": "arn:aws:secretsmanager:us-east-1:000000000000:secret:webapp-ls-pr1885-db-password-GWcHvC|terraform-20251224061409640400000002",
            "secret_binary": "",
            "secret_id": "arn:aws:secretsmanager:us-east-1:000000000000:secret:webapp-ls-pr1885-db-password-GWcHvC",
            "secret_string": "?oVrpf-%*n\u0026_s]5?",
            "secret_string_wo": null,
            "secret_string_wo_version": null,
            "version_id": "terraform-20251224061409640400000002",
            "version_stages": [
              "AWSCURRENT"
            ]
          },
          "sensitive_attributes": [
            [
              {
                "type": "get_attr",
                "value": "secret_binary"
              }
            ],
            [
              {
                "type": "get_attr",
                "value": "secret_string"
              }
            ],
            [
              {
                "type": "get_attr",
                "value": "secret_string_wo"
              }
            ]
          ],
          "identity_schema_version": 0,
          "private": "bnVsbA==",
          "dependencies": [
            "aws_secretsmanager_secret.db_password",
            "random_password.db_password"
          ]
        }
      ]
    },
    {
      "mode": "managed",
      "type": "aws_security_group",
      "name": "alb",
      "provider": "provider[\"registry.terraform.io/hashicorp/aws\"]",
      "instances": [
        {
          "schema_version": 1,
          "attributes": {
            "arn": "arn:aws:ec2:us-east-1:000000000000:security-group/sg-c13954ef639ef12c1",
            "description": "Security group for Application Load Balancer",
            "egress": [
              {
                "cidr_blocks": [
                  "0.0.0.0/0"
                ],
                "description": "Allow all outbound traffic",
                "from_port": 0,
                "ipv6_cidr_blocks": [],
                "prefix_list_ids": [],
                "protocol": "-1",
                "security_groups": [],
                "self": false,
                "to_port": 0
              }
            ],
            "id": "sg-c13954ef639ef12c1",
            "ingress": [
              {
                "cidr_blocks": [
                  "0.0.0.0/0"
                ],
                "description": "HTTP access",
                "from_port": 80,
                "ipv6_cidr_blocks": [],
                "prefix_list_ids": [],
                "protocol": "tcp",
                "security_groups": [],
                "self": false,
                "to_port": 80
              },
              {
                "cidr_blocks": [
                  "0.0.0.0/0"
                ],
                "description": "HTTPS access",
                "from_port": 443,
                "ipv6_cidr_blocks": [],
                "prefix_list_ids": [],
                "protocol": "tcp",
                "security_groups": [],
                "self": false,
                "to_port": 443
              }
            ],
            "name": "webapp-ls-pr1885-alb-sg",
            "name_prefix": "",
            "owner_id": "000000000000",
            "revoke_rules_on_delete": false,
            "tags": {
              "Environment": "Production",
              "ManagedBy": "terraform",
              "Name": "webapp-ls-pr1885-alb-sg"
            },
            "tags_all": {
              "Environment": "Production",
              "ManagedBy": "terraform",
              "Name": "webapp-ls-pr1885-alb-sg"
            },
            "timeouts": null,
            "vpc_id": "vpc-15b0553c927b04033"
          },
          "sensitive_attributes": [],
          "identity_schema_version": 0,
          "private": "eyJlMmJmYjczMC1lY2FhLTExZTYtOGY4OC0zNDM2M2JjN2M0YzAiOnsiY3JlYXRlIjo2MDAwMDAwMDAwMDAsImRlbGV0ZSI6OTAwMDAwMDAwMDAwfSwic2NoZW1hX3ZlcnNpb24iOiIxIn0=",
          "dependencies": [
            "data.aws_vpc.default"
          ]
        }
      ]
    },
    {
      "mode": "managed",
      "type": "aws_security_group",
      "name": "ec2",
      "provider": "provider[\"registry.terraform.io/hashicorp/aws\"]",
      "instances": [
        {
          "schema_version": 1,
          "attributes": {
            "arn": "arn:aws:ec2:us-east-1:000000000000:security-group/sg-ef3a1fbeaf24ff764",
            "description": "Security group for EC2 instances",
            "egress": [
              {
                "cidr_blocks": [
                  "0.0.0.0/0"
                ],
                "description": "Allow all outbound traffic",
                "from_port": 0,
                "ipv6_cidr_blocks": [],
                "prefix_list_ids": [],
                "protocol": "-1",
                "security_groups": [],
                "self": false,
                "to_port": 0
              }
            ],
            "id": "sg-ef3a1fbeaf24ff764",
            "ingress": [
              {
                "cidr_blocks": [],
                "description": "Allow traffic from ALB",
                "from_port": 80,
                "ipv6_cidr_blocks": [],
                "prefix_list_ids": [],
                "protocol": "tcp",
                "security_groups": [
                  "sg-c13954ef639ef12c1"
                ],
                "self": false,
                "to_port": 80
              }
            ],
            "name": "webapp-ls-pr1885-ec2-sg",
            "name_prefix": "",
            "owner_id": "000000000000",
            "revoke_rules_on_delete": false,
            "tags": {
              "Environment": "Production",
              "ManagedBy": "terraform",
              "Name": "webapp-ls-pr1885-ec2-sg"
            },
            "tags_all": {
              "Environment": "Production",
              "ManagedBy": "terraform",
              "Name": "webapp-ls-pr1885-ec2-sg"
            },
            "timeouts": null,
            "vpc_id": "vpc-15b0553c927b04033"
          },
          "sensitive_attributes": [],
          "identity_schema_version": 0,
          "private": "eyJlMmJmYjczMC1lY2FhLTExZTYtOGY4OC0zNDM2M2JjN2M0YzAiOnsiY3JlYXRlIjo2MDAwMDAwMDAwMDAsImRlbGV0ZSI6OTAwMDAwMDAwMDAwfSwic2NoZW1hX3ZlcnNpb24iOiIxIn0=",
          "dependencies": [
            "aws_security_group.alb",
            "data.aws_vpc.default"
          ]
        }
      ]
    },
    {
      "mode": "managed",
      "type": "aws_security_group",
      "name": "rds",
      "provider": "provider[\"registry.terraform.io/hashicorp/aws\"]",
      "instances": [
        {
          "schema_version": 1,
          "attributes": {
            "arn": "arn:aws:ec2:us-east-1:000000000000:security-group/sg-b0fca5036ce31a004",
            "description": "Security group for RDS database",
            "egress": [],
            "id": "sg-b0fca5036ce31a004",
            "ingress": [
              {
                "cidr_blocks": [],
                "description": "Allow MySQL access from EC2 instances",
                "from_port": 3306,
                "ipv6_cidr_blocks": [],
                "prefix_list_ids": [],
                "protocol": "tcp",
                "security_groups": [
                  "sg-ef3a1fbeaf24ff764"
                ],
                "self": false,
                "to_port": 3306
              }
            ],
            "name": "webapp-ls-pr1885-rds-sg",
            "name_prefix": "",
            "owner_id": "000000000000",
            "revoke_rules_on_delete": false,
            "tags": {
              "Environment": "Production",
              "ManagedBy": "terraform",
              "Name": "webapp-ls-pr1885-rds-sg"
            },
            "tags_all": {
              "Environment": "Production",
              "ManagedBy": "terraform",
              "Name": "webapp-ls-pr1885-rds-sg"
            },
            "timeouts": null,
            "vpc_id": "vpc-15b0553c927b04033"
          },
          "sensitive_attributes": [],
          "identity_schema_version": 0,
          "private": "eyJlMmJmYjczMC1lY2FhLTExZTYtOGY4OC0zNDM2M2JjN2M0YzAiOnsiY3JlYXRlIjo2MDAwMDAwMDAwMDAsImRlbGV0ZSI6OTAwMDAwMDAwMDAwfSwic2NoZW1hX3ZlcnNpb24iOiIxIn0=",
          "dependencies": [
            "aws_security_group.alb",
            "aws_security_group.ec2",
            "data.aws_vpc.default"
          ]
        }
      ]
    },
    {
      "mode": "managed",
      "type": "random_password",
      "name": "db_password",
      "provider": "provider[\"registry.terraform.io/hashicorp/random\"]",
      "instances": [
        {
          "schema_version": 3,
          "attributes": {
            "bcrypt_hash": "$2a$10$DnGrzTE6WZlMRJ6cbdcSXeF4FKdJh/ZgF8pBJNNsHyRdXpDXfvehq",
            "id": "none",
            "keepers": null,
            "length": 16,
            "lower": true,
            "min_lower": 0,
            "min_numeric": 0,
            "min_special": 0,
            "min_upper": 0,
            "number": true,
            "numeric": true,
            "override_special": "!#$%\u0026*()-_=+[]{}\u003c\u003e:?",
            "result": "?oVrpf-%*n\u0026_s]5?",
            "special": true,
            "upper": true
          },
          "sensitive_attributes": [
            [
              {
                "type": "get_attr",
                "value": "bcrypt_hash"
              }
            ],
            [
              {
                "type": "get_attr",
                "value": "result"
              }
            ]
          ],
          "identity_schema_version": 0
        }
      ]
    }
  ],
  "check_results": null
}
