{
  "version": 4,
  "terraform_version": "1.5.7",
  "serial": 109,
  "lineage": "9389afa7-3a2c-d964-c7b8-8e6d91e3cd80",
  "outputs": {
    "primary_backup_bucket": {
      "value": "db-exports-primary-l6p3z2w4-342597974367",
      "type": "string"
    },
    "primary_cluster_endpoint": {
      "value": "aurora-primary-l6p3z2w4.cluster-covy6ema0nuv.us-east-1.rds.amazonaws.com",
      "type": "string"
    },
    "primary_cluster_reader_endpoint": {
      "value": "aurora-primary-l6p3z2w4.cluster-ro-covy6ema0nuv.us-east-1.rds.amazonaws.com",
      "type": "string"
    },
    "primary_kms_key_id": {
      "value": "7b97eb53-d940-4676-9214-48196d09e7b8",
      "type": "string"
    },
    "primary_secret_arn": {
      "value": "arn:aws:secretsmanager:us-east-1:342597974367:secret:rds-master-password-primary-l6p3z2w4-en6ZRM",
      "type": "string",
      "sensitive": true
    },
    "primary_sns_topic_arn": {
      "value": "arn:aws:sns:us-east-1:342597974367:db-events-primary-l6p3z2w4",
      "type": "string"
    },
    "secondary_backup_bucket": {
      "value": "db-exports-secondary-l6p3z2w4-342597974367",
      "type": "string"
    },
    "secondary_secret_arn": {
      "value": "arn:aws:secretsmanager:us-west-2:342597974367:secret:rds-master-password-secondary-l6p3z2w4-CdnMu6",
      "type": "string",
      "sensitive": true
    }
  },
  "resources": [
    {
      "mode": "data",
      "type": "aws_availability_zones",
      "name": "primary",
      "provider": "provider[\"registry.terraform.io/hashicorp/aws\"]",
      "instances": [
        {
          "schema_version": 0,
          "attributes": {
            "all_availability_zones": null,
            "exclude_names": null,
            "exclude_zone_ids": null,
            "filter": null,
            "group_names": [
              "us-east-1-zg-1"
            ],
            "id": "us-east-1",
            "names": [
              "us-east-1a",
              "us-east-1b",
              "us-east-1c",
              "us-east-1d",
              "us-east-1e",
              "us-east-1f"
            ],
            "state": "available",
            "timeouts": null,
            "zone_ids": [
              "use1-az1",
              "use1-az2",
              "use1-az4",
              "use1-az6",
              "use1-az3",
              "use1-az5"
            ]
          },
          "sensitive_attributes": []
        }
      ]
    },
    {
      "mode": "data",
      "type": "aws_availability_zones",
      "name": "secondary",
      "provider": "provider[\"registry.terraform.io/hashicorp/aws\"].secondary",
      "instances": [
        {
          "schema_version": 0,
          "attributes": {
            "all_availability_zones": null,
            "exclude_names": null,
            "exclude_zone_ids": null,
            "filter": null,
            "group_names": [
              "us-west-2-zg-1"
            ],
            "id": "us-west-2",
            "names": [
              "us-west-2a",
              "us-west-2b",
              "us-west-2c",
              "us-west-2d"
            ],
            "state": "available",
            "timeouts": null,
            "zone_ids": [
              "usw2-az2",
              "usw2-az1",
              "usw2-az3",
              "usw2-az4"
            ]
          },
          "sensitive_attributes": []
        }
      ]
    },
    {
      "mode": "data",
      "type": "aws_caller_identity",
      "name": "current",
      "provider": "provider[\"registry.terraform.io/hashicorp/aws\"]",
      "instances": [
        {
          "schema_version": 0,
          "attributes": {
            "account_id": "342597974367",
            "arn": "arn:aws:iam::342597974367:user/mayank.sethi",
            "id": "342597974367",
            "user_id": "AIDAU7RDOHFP2MZ572UQ5"
          },
          "sensitive_attributes": []
        }
      ]
    },
    {
      "mode": "data",
      "type": "aws_iam_policy_document",
      "name": "rds_monitoring_assume",
      "provider": "provider[\"registry.terraform.io/hashicorp/aws\"]",
      "instances": [
        {
          "schema_version": 0,
          "attributes": {
            "id": "76086537",
            "json": "{\n  \"Version\": \"2012-10-17\",\n  \"Statement\": [\n    {\n      \"Effect\": \"Allow\",\n      \"Action\": \"sts:AssumeRole\",\n      \"Principal\": {\n        \"Service\": \"monitoring.rds.amazonaws.com\"\n      }\n    }\n  ]\n}",
            "minified_json": "{\"Version\":\"2012-10-17\",\"Statement\":[{\"Effect\":\"Allow\",\"Action\":\"sts:AssumeRole\",\"Principal\":{\"Service\":\"monitoring.rds.amazonaws.com\"}}]}",
            "override_json": null,
            "override_policy_documents": null,
            "policy_id": null,
            "source_json": null,
            "source_policy_documents": null,
            "statement": [
              {
                "actions": [
                  "sts:AssumeRole"
                ],
                "condition": [],
                "effect": "Allow",
                "not_actions": [],
                "not_principals": [],
                "not_resources": [],
                "principals": [
                  {
                    "identifiers": [
                      "monitoring.rds.amazonaws.com"
                    ],
                    "type": "Service"
                  }
                ],
                "resources": [],
                "sid": ""
              }
            ],
            "version": "2012-10-17"
          },
          "sensitive_attributes": []
        }
      ]
    },
    {
      "mode": "managed",
      "type": "aws_cloudwatch_log_group",
      "name": "primary_db",
      "provider": "provider[\"registry.terraform.io/hashicorp/aws\"]",
      "instances": [
        {
          "schema_version": 0,
          "attributes": {
            "arn": "arn:aws:logs:us-east-1:342597974367:log-group:/aws/rds/cluster/aurora-primary-l6p3z2w4/postgresql",
            "id": "/aws/rds/cluster/aurora-primary-l6p3z2w4/postgresql",
            "kms_key_id": "",
            "log_group_class": "STANDARD",
            "name": "/aws/rds/cluster/aurora-primary-l6p3z2w4/postgresql",
            "name_prefix": "",
            "retention_in_days": 30,
            "skip_destroy": false,
            "tags": {
              "DR-Tier": "critical",
              "Environment": "qa",
              "ManagedBy": "terraform",
              "Name": "rds-logs-primary-l6p3z2w4",
              "Region": "us-east-1",
              "TaskID": "l6p3z2w4",
              "Team": "synth"
            },
            "tags_all": {
              "DR-Tier": "critical",
              "Environment": "qa",
              "ManagedBy": "terraform",
              "Name": "rds-logs-primary-l6p3z2w4",
              "Region": "us-east-1",
              "TaskID": "l6p3z2w4",
              "Team": "synth"
            }
          },
          "sensitive_attributes": [],
          "private": "bnVsbA=="
        }
      ]
    },
    {
      "mode": "managed",
      "type": "aws_cloudwatch_log_group",
      "name": "secondary_db",
      "provider": "provider[\"registry.terraform.io/hashicorp/aws\"].secondary",
      "instances": [
        {
          "schema_version": 0,
          "attributes": {
            "arn": "arn:aws:logs:us-west-2:342597974367:log-group:/aws/rds/cluster/aurora-secondary-l6p3z2w4/postgresql",
            "id": "/aws/rds/cluster/aurora-secondary-l6p3z2w4/postgresql",
            "kms_key_id": "",
            "log_group_class": "STANDARD",
            "name": "/aws/rds/cluster/aurora-secondary-l6p3z2w4/postgresql",
            "name_prefix": "",
            "retention_in_days": 30,
            "skip_destroy": false,
            "tags": {
              "DR-Tier": "critical",
              "Environment": "qa",
              "ManagedBy": "terraform",
              "Name": "rds-logs-secondary-l6p3z2w4",
              "Region": "us-west-2",
              "TaskID": "l6p3z2w4",
              "Team": "synth"
            },
            "tags_all": {
              "DR-Tier": "critical",
              "Environment": "qa",
              "ManagedBy": "terraform",
              "Name": "rds-logs-secondary-l6p3z2w4",
              "Region": "us-west-2",
              "TaskID": "l6p3z2w4",
              "Team": "synth"
            }
          },
          "sensitive_attributes": [],
          "private": "bnVsbA=="
        }
      ]
    },
    {
      "mode": "managed",
      "type": "aws_cloudwatch_metric_alarm",
      "name": "primary_connections",
      "provider": "provider[\"registry.terraform.io/hashicorp/aws\"]",
      "instances": [
        {
          "schema_version": 1,
          "attributes": {
            "actions_enabled": true,
            "alarm_actions": [
              "arn:aws:sns:us-east-1:342597974367:db-events-primary-l6p3z2w4"
            ],
            "alarm_description": "Alert when database connections exceed 100",
            "alarm_name": "aurora-connections-primary-l6p3z2w4",
            "arn": "arn:aws:cloudwatch:us-east-1:342597974367:alarm:aurora-connections-primary-l6p3z2w4",
            "comparison_operator": "GreaterThanThreshold",
            "datapoints_to_alarm": 0,
            "dimensions": {
              "DBClusterIdentifier": "aurora-primary-l6p3z2w4"
            },
            "evaluate_low_sample_count_percentiles": "",
            "evaluation_periods": 2,
            "extended_statistic": "",
            "id": "aurora-connections-primary-l6p3z2w4",
            "insufficient_data_actions": [],
            "metric_name": "DatabaseConnections",
            "metric_query": [],
            "namespace": "AWS/RDS",
            "ok_actions": [],
            "period": 300,
            "statistic": "Average",
            "tags": {
              "DR-Tier": "critical",
              "Environment": "qa",
              "ManagedBy": "terraform",
              "Name": "connections-alarm-primary-l6p3z2w4",
              "Region": "us-east-1",
              "TaskID": "l6p3z2w4",
              "Team": "synth"
            },
            "tags_all": {
              "DR-Tier": "critical",
              "Environment": "qa",
              "ManagedBy": "terraform",
              "Name": "connections-alarm-primary-l6p3z2w4",
              "Region": "us-east-1",
              "TaskID": "l6p3z2w4",
              "Team": "synth"
            },
            "threshold": 100,
            "threshold_metric_id": "",
            "treat_missing_data": "missing",
            "unit": ""
          },
          "sensitive_attributes": [],
          "private": "eyJzY2hlbWFfdmVyc2lvbiI6IjEifQ==",
          "dependencies": [
            "aws_db_subnet_group.primary",
            "aws_kms_key.primary_db",
            "aws_kms_key.primary_sns",
            "aws_rds_cluster.primary",
            "aws_rds_cluster_parameter_group.primary",
            "aws_security_group.primary_db",
            "aws_sns_topic.primary_db_events",
            "aws_subnet.primary",
            "aws_vpc.primary",
            "data.aws_availability_zones.primary",
            "random_password.master_password"
          ]
        }
      ]
    },
    {
      "mode": "managed",
      "type": "aws_cloudwatch_metric_alarm",
      "name": "primary_cpu",
      "provider": "provider[\"registry.terraform.io/hashicorp/aws\"]",
      "instances": [
        {
          "schema_version": 1,
          "attributes": {
            "actions_enabled": true,
            "alarm_actions": [
              "arn:aws:sns:us-east-1:342597974367:db-events-primary-l6p3z2w4"
            ],
            "alarm_description": "Alert when CPU utilization exceeds 80%",
            "alarm_name": "aurora-cpu-primary-l6p3z2w4",
            "arn": "arn:aws:cloudwatch:us-east-1:342597974367:alarm:aurora-cpu-primary-l6p3z2w4",
            "comparison_operator": "GreaterThanThreshold",
            "datapoints_to_alarm": 0,
            "dimensions": {
              "DBClusterIdentifier": "aurora-primary-l6p3z2w4"
            },
            "evaluate_low_sample_count_percentiles": "",
            "evaluation_periods": 2,
            "extended_statistic": "",
            "id": "aurora-cpu-primary-l6p3z2w4",
            "insufficient_data_actions": [],
            "metric_name": "CPUUtilization",
            "metric_query": [],
            "namespace": "AWS/RDS",
            "ok_actions": [],
            "period": 300,
            "statistic": "Average",
            "tags": {
              "DR-Tier": "critical",
              "Environment": "qa",
              "ManagedBy": "terraform",
              "Name": "cpu-alarm-primary-l6p3z2w4",
              "Region": "us-east-1",
              "TaskID": "l6p3z2w4",
              "Team": "synth"
            },
            "tags_all": {
              "DR-Tier": "critical",
              "Environment": "qa",
              "ManagedBy": "terraform",
              "Name": "cpu-alarm-primary-l6p3z2w4",
              "Region": "us-east-1",
              "TaskID": "l6p3z2w4",
              "Team": "synth"
            },
            "threshold": 80,
            "threshold_metric_id": "",
            "treat_missing_data": "missing",
            "unit": ""
          },
          "sensitive_attributes": [],
          "private": "eyJzY2hlbWFfdmVyc2lvbiI6IjEifQ==",
          "dependencies": [
            "aws_db_subnet_group.primary",
            "aws_kms_key.primary_db",
            "aws_kms_key.primary_sns",
            "aws_rds_cluster.primary",
            "aws_rds_cluster_parameter_group.primary",
            "aws_security_group.primary_db",
            "aws_sns_topic.primary_db_events",
            "aws_subnet.primary",
            "aws_vpc.primary",
            "data.aws_availability_zones.primary",
            "random_password.master_password"
          ]
        }
      ]
    },
    {
      "mode": "managed",
      "type": "aws_cloudwatch_metric_alarm",
      "name": "primary_replication_lag",
      "provider": "provider[\"registry.terraform.io/hashicorp/aws\"]",
      "instances": [
        {
          "schema_version": 1,
          "attributes": {
            "actions_enabled": true,
            "alarm_actions": [
              "arn:aws:sns:us-east-1:342597974367:db-events-primary-l6p3z2w4"
            ],
            "alarm_description": "Alert when replication lag exceeds 60 seconds",
            "alarm_name": "aurora-replication-lag-primary-l6p3z2w4",
            "arn": "arn:aws:cloudwatch:us-east-1:342597974367:alarm:aurora-replication-lag-primary-l6p3z2w4",
            "comparison_operator": "GreaterThanThreshold",
            "datapoints_to_alarm": 0,
            "dimensions": {
              "DBClusterIdentifier": "aurora-primary-l6p3z2w4"
            },
            "evaluate_low_sample_count_percentiles": "",
            "evaluation_periods": 2,
            "extended_statistic": "",
            "id": "aurora-replication-lag-primary-l6p3z2w4",
            "insufficient_data_actions": [],
            "metric_name": "AuroraGlobalDBReplicationLag",
            "metric_query": [],
            "namespace": "AWS/RDS",
            "ok_actions": [],
            "period": 60,
            "statistic": "Average",
            "tags": {
              "DR-Tier": "critical",
              "Environment": "qa",
              "ManagedBy": "terraform",
              "Name": "replication-lag-alarm-primary-l6p3z2w4",
              "Region": "us-east-1",
              "TaskID": "l6p3z2w4",
              "Team": "synth"
            },
            "tags_all": {
              "DR-Tier": "critical",
              "Environment": "qa",
              "ManagedBy": "terraform",
              "Name": "replication-lag-alarm-primary-l6p3z2w4",
              "Region": "us-east-1",
              "TaskID": "l6p3z2w4",
              "Team": "synth"
            },
            "threshold": 60000,
            "threshold_metric_id": "",
            "treat_missing_data": "missing",
            "unit": ""
          },
          "sensitive_attributes": [],
          "private": "eyJzY2hlbWFfdmVyc2lvbiI6IjEifQ==",
          "dependencies": [
            "aws_db_subnet_group.primary",
            "aws_kms_key.primary_db",
            "aws_kms_key.primary_sns",
            "aws_rds_cluster.primary",
            "aws_rds_cluster_parameter_group.primary",
            "aws_security_group.primary_db",
            "aws_sns_topic.primary_db_events",
            "aws_subnet.primary",
            "aws_vpc.primary",
            "data.aws_availability_zones.primary",
            "random_password.master_password"
          ]
        }
      ]
    },
    {
      "mode": "managed",
      "type": "aws_db_event_subscription",
      "name": "primary",
      "provider": "provider[\"registry.terraform.io/hashicorp/aws\"]",
      "instances": [
        {
          "schema_version": 0,
          "attributes": {
            "arn": "arn:aws:rds:us-east-1:342597974367:es:rds-event-sub-primary-l6p3z2w4",
            "customer_aws_id": "342597974367",
            "enabled": true,
            "event_categories": [
              "failover",
              "failure",
              "maintenance",
              "notification"
            ],
            "id": "rds-event-sub-primary-l6p3z2w4",
            "name": "rds-event-sub-primary-l6p3z2w4",
            "name_prefix": "",
            "sns_topic": "arn:aws:sns:us-east-1:342597974367:db-events-primary-l6p3z2w4",
            "source_ids": [
              "aurora-primary-l6p3z2w4"
            ],
            "source_type": "db-cluster",
            "tags": {
              "DR-Tier": "critical",
              "Environment": "qa",
              "ManagedBy": "terraform",
              "Name": "rds-event-sub-primary-l6p3z2w4",
              "Region": "us-east-1",
              "TaskID": "l6p3z2w4",
              "Team": "synth"
            },
            "tags_all": {
              "DR-Tier": "critical",
              "Environment": "qa",
              "ManagedBy": "terraform",
              "Name": "rds-event-sub-primary-l6p3z2w4",
              "Region": "us-east-1",
              "TaskID": "l6p3z2w4",
              "Team": "synth"
            },
            "timeouts": null
          },
          "sensitive_attributes": [],
          "private": "eyJlMmJmYjczMC1lY2FhLTExZTYtOGY4OC0zNDM2M2JjN2M0YzAiOnsiY3JlYXRlIjoyNDAwMDAwMDAwMDAwLCJkZWxldGUiOjI0MDAwMDAwMDAwMDAsInVwZGF0ZSI6MjQwMDAwMDAwMDAwMH19",
          "dependencies": [
            "aws_db_subnet_group.primary",
            "aws_kms_key.primary_db",
            "aws_kms_key.primary_sns",
            "aws_rds_cluster.primary",
            "aws_rds_cluster_parameter_group.primary",
            "aws_security_group.primary_db",
            "aws_sns_topic.primary_db_events",
            "aws_subnet.primary",
            "aws_vpc.primary",
            "data.aws_availability_zones.primary",
            "random_password.master_password"
          ]
        }
      ]
    },
    {
      "mode": "managed",
      "type": "aws_db_parameter_group",
      "name": "primary",
      "provider": "provider[\"registry.terraform.io/hashicorp/aws\"]",
      "instances": [
        {
          "schema_version": 0,
          "attributes": {
            "arn": "arn:aws:rds:us-east-1:342597974367:pg:aurora-postgresql-instance-l6p3z2w4",
            "description": "Instance parameter group for Aurora PostgreSQL",
            "family": "aurora-postgresql14",
            "id": "aurora-postgresql-instance-l6p3z2w4",
            "name": "aurora-postgresql-instance-l6p3z2w4",
            "name_prefix": "",
            "parameter": [
              {
                "apply_method": "immediate",
                "name": "log_connections",
                "value": "1"
              },
              {
                "apply_method": "immediate",
                "name": "log_disconnections",
                "value": "1"
              },
              {
                "apply_method": "immediate",
                "name": "shared_preload_libraries",
                "value": "pg_stat_statements"
              }
            ],
            "skip_destroy": false,
            "tags": {
              "DR-Tier": "critical",
              "Environment": "qa",
              "ManagedBy": "terraform",
              "Name": "aurora-instance-params-l6p3z2w4",
              "TaskID": "l6p3z2w4",
              "Team": "synth"
            },
            "tags_all": {
              "DR-Tier": "critical",
              "Environment": "qa",
              "ManagedBy": "terraform",
              "Name": "aurora-instance-params-l6p3z2w4",
              "TaskID": "l6p3z2w4",
              "Team": "synth"
            }
          },
          "sensitive_attributes": [],
          "private": "bnVsbA=="
        }
      ]
    },
    {
      "mode": "managed",
      "type": "aws_db_subnet_group",
      "name": "primary",
      "provider": "provider[\"registry.terraform.io/hashicorp/aws\"]",
      "instances": [
        {
          "schema_version": 0,
          "attributes": {
            "arn": "arn:aws:rds:us-east-1:342597974367:subgrp:aurora-subnet-primary-l6p3z2w4",
            "description": "Managed by Terraform",
            "id": "aurora-subnet-primary-l6p3z2w4",
            "name": "aurora-subnet-primary-l6p3z2w4",
            "name_prefix": "",
            "subnet_ids": [
              "subnet-009cac915aab65954",
              "subnet-0366a44cecc254f35",
              "subnet-05d6abcca4ffc5bff"
            ],
            "supported_network_types": [
              "IPV4"
            ],
            "tags": {
              "DR-Tier": "critical",
              "Environment": "qa",
              "ManagedBy": "terraform",
              "Name": "aurora-subnet-primary-l6p3z2w4",
              "Region": "us-east-1",
              "TaskID": "l6p3z2w4",
              "Team": "synth"
            },
            "tags_all": {
              "DR-Tier": "critical",
              "Environment": "qa",
              "ManagedBy": "terraform",
              "Name": "aurora-subnet-primary-l6p3z2w4",
              "Region": "us-east-1",
              "TaskID": "l6p3z2w4",
              "Team": "synth"
            },
            "vpc_id": "vpc-0ccb36d56852ef077"
          },
          "sensitive_attributes": [],
          "private": "bnVsbA==",
          "dependencies": [
            "aws_subnet.primary",
            "aws_vpc.primary",
            "data.aws_availability_zones.primary"
          ]
        }
      ]
    },
    {
      "mode": "managed",
      "type": "aws_db_subnet_group",
      "name": "secondary",
      "provider": "provider[\"registry.terraform.io/hashicorp/aws\"].secondary",
      "instances": [
        {
          "schema_version": 0,
          "attributes": {
            "arn": "arn:aws:rds:us-west-2:342597974367:subgrp:aurora-subnet-secondary-l6p3z2w4",
            "description": "Managed by Terraform",
            "id": "aurora-subnet-secondary-l6p3z2w4",
            "name": "aurora-subnet-secondary-l6p3z2w4",
            "name_prefix": "",
            "subnet_ids": [
              "subnet-023fc60e69b87d178",
              "subnet-085d7c9823e569a25",
              "subnet-098c243ee1712979a"
            ],
            "supported_network_types": [
              "IPV4"
            ],
            "tags": {
              "DR-Tier": "critical",
              "Environment": "qa",
              "ManagedBy": "terraform",
              "Name": "aurora-subnet-secondary-l6p3z2w4",
              "Region": "us-west-2",
              "TaskID": "l6p3z2w4",
              "Team": "synth"
            },
            "tags_all": {
              "DR-Tier": "critical",
              "Environment": "qa",
              "ManagedBy": "terraform",
              "Name": "aurora-subnet-secondary-l6p3z2w4",
              "Region": "us-west-2",
              "TaskID": "l6p3z2w4",
              "Team": "synth"
            },
            "vpc_id": "vpc-0588089c30c4f2e07"
          },
          "sensitive_attributes": [],
          "private": "bnVsbA==",
          "dependencies": [
            "aws_subnet.secondary",
            "aws_vpc.secondary",
            "data.aws_availability_zones.secondary"
          ]
        }
      ]
    },
    {
      "mode": "managed",
      "type": "aws_iam_policy",
      "name": "replication",
      "provider": "provider[\"registry.terraform.io/hashicorp/aws\"]",
      "instances": [
        {
          "schema_version": 0,
          "attributes": {
            "arn": "arn:aws:iam::342597974367:policy/s3-replication-policy-l6p3z2w4",
            "attachment_count": 1,
            "description": "",
            "id": "arn:aws:iam::342597974367:policy/s3-replication-policy-l6p3z2w4",
            "name": "s3-replication-policy-l6p3z2w4",
            "name_prefix": "",
            "path": "/",
            "policy": "{\"Statement\":[{\"Action\":[\"s3:GetReplicationConfiguration\",\"s3:ListBucket\"],\"Effect\":\"Allow\",\"Resource\":[\"arn:aws:s3:::db-exports-primary-l6p3z2w4-342597974367\"]},{\"Action\":[\"s3:GetObjectVersionForReplication\",\"s3:GetObjectVersionAcl\",\"s3:GetObjectVersionTagging\"],\"Effect\":\"Allow\",\"Resource\":[\"arn:aws:s3:::db-exports-primary-l6p3z2w4-342597974367/*\"]},{\"Action\":[\"s3:ReplicateObject\",\"s3:ReplicateDelete\",\"s3:ReplicateTags\"],\"Effect\":\"Allow\",\"Resource\":[\"arn:aws:s3:::db-exports-secondary-l6p3z2w4-342597974367/*\"]}],\"Version\":\"2012-10-17\"}",
            "policy_id": "ANPAU7RDOHFPS56KONYU4",
            "tags": {},
            "tags_all": {
              "DR-Tier": "critical",
              "Environment": "qa",
              "ManagedBy": "terraform",
              "TaskID": "l6p3z2w4",
              "Team": "synth"
            }
          },
          "sensitive_attributes": [],
          "private": "bnVsbA==",
          "dependencies": [
            "aws_s3_bucket.primary_backup",
            "aws_s3_bucket.secondary_backup",
            "data.aws_caller_identity.current"
          ]
        }
      ]
    },
    {
      "mode": "managed",
      "type": "aws_iam_role",
      "name": "rds_monitoring",
      "provider": "provider[\"registry.terraform.io/hashicorp/aws\"]",
      "instances": [
        {
          "schema_version": 0,
          "attributes": {
            "arn": "arn:aws:iam::342597974367:role/rds-monitoring-role-l6p3z2w4",
            "assume_role_policy": "{\"Statement\":[{\"Action\":\"sts:AssumeRole\",\"Effect\":\"Allow\",\"Principal\":{\"Service\":\"monitoring.rds.amazonaws.com\"}}],\"Version\":\"2012-10-17\"}",
            "create_date": "2025-11-25T21:28:43Z",
            "description": "",
            "force_detach_policies": false,
            "id": "rds-monitoring-role-l6p3z2w4",
            "inline_policy": [],
            "managed_policy_arns": [
              "arn:aws:iam::aws:policy/service-role/AmazonRDSEnhancedMonitoringRole"
            ],
            "max_session_duration": 3600,
            "name": "rds-monitoring-role-l6p3z2w4",
            "name_prefix": "",
            "path": "/",
            "permissions_boundary": "",
            "tags": {
              "DR-Tier": "critical",
              "Environment": "qa",
              "ManagedBy": "terraform",
              "Name": "rds-monitoring-role-l6p3z2w4",
              "Region": "us-east-1",
              "TaskID": "l6p3z2w4",
              "Team": "synth"
            },
            "tags_all": {
              "DR-Tier": "critical",
              "Environment": "qa",
              "ManagedBy": "terraform",
              "Name": "rds-monitoring-role-l6p3z2w4",
              "Region": "us-east-1",
              "TaskID": "l6p3z2w4",
              "Team": "synth"
            },
            "unique_id": "AROAU7RDOHFP5GVWEA5EA"
          },
          "sensitive_attributes": [],
          "private": "bnVsbA==",
          "dependencies": [
            "data.aws_iam_policy_document.rds_monitoring_assume"
          ]
        }
      ]
    },
    {
      "mode": "managed",
      "type": "aws_iam_role",
      "name": "rds_monitoring_secondary",
      "provider": "provider[\"registry.terraform.io/hashicorp/aws\"].secondary",
      "instances": [
        {
          "schema_version": 0,
          "attributes": {
            "arn": "arn:aws:iam::342597974367:role/rds-monitoring-role-secondary-l6p3z2w4",
            "assume_role_policy": "{\"Statement\":[{\"Action\":\"sts:AssumeRole\",\"Effect\":\"Allow\",\"Principal\":{\"Service\":\"monitoring.rds.amazonaws.com\"}}],\"Version\":\"2012-10-17\"}",
            "create_date": "2025-11-25T18:22:53Z",
            "description": "",
            "force_detach_policies": false,
            "id": "rds-monitoring-role-secondary-l6p3z2w4",
            "inline_policy": [],
            "managed_policy_arns": [
              "arn:aws:iam::aws:policy/service-role/AmazonRDSEnhancedMonitoringRole"
            ],
            "max_session_duration": 3600,
            "name": "rds-monitoring-role-secondary-l6p3z2w4",
            "name_prefix": "",
            "path": "/",
            "permissions_boundary": "",
            "tags": {
              "DR-Tier": "critical",
              "Environment": "qa",
              "ManagedBy": "terraform",
              "Name": "rds-monitoring-role-secondary-l6p3z2w4",
              "Region": "us-west-2",
              "TaskID": "l6p3z2w4",
              "Team": "synth"
            },
            "tags_all": {
              "DR-Tier": "critical",
              "Environment": "qa",
              "ManagedBy": "terraform",
              "Name": "rds-monitoring-role-secondary-l6p3z2w4",
              "Region": "us-west-2",
              "TaskID": "l6p3z2w4",
              "Team": "synth"
            },
            "unique_id": "AROAU7RDOHFP6EZ5E6GYL"
          },
          "sensitive_attributes": [],
          "private": "bnVsbA==",
          "dependencies": [
            "data.aws_iam_policy_document.rds_monitoring_assume"
          ]
        }
      ]
    },
    {
      "mode": "managed",
      "type": "aws_iam_role",
      "name": "replication",
      "provider": "provider[\"registry.terraform.io/hashicorp/aws\"]",
      "instances": [
        {
          "schema_version": 0,
          "attributes": {
            "arn": "arn:aws:iam::342597974367:role/s3-replication-role-l6p3z2w4",
            "assume_role_policy": "{\"Statement\":[{\"Action\":\"sts:AssumeRole\",\"Effect\":\"Allow\",\"Principal\":{\"Service\":\"s3.amazonaws.com\"}}],\"Version\":\"2012-10-17\"}",
            "create_date": "2025-11-25T18:22:48Z",
            "description": "",
            "force_detach_policies": false,
            "id": "s3-replication-role-l6p3z2w4",
            "inline_policy": [],
            "managed_policy_arns": [
              "arn:aws:iam::342597974367:policy/s3-replication-policy-l6p3z2w4"
            ],
            "max_session_duration": 3600,
            "name": "s3-replication-role-l6p3z2w4",
            "name_prefix": "",
            "path": "/",
            "permissions_boundary": "",
            "tags": {
              "DR-Tier": "critical",
              "Environment": "qa",
              "ManagedBy": "terraform",
              "Name": "s3-replication-role-l6p3z2w4",
              "TaskID": "l6p3z2w4",
              "Team": "synth"
            },
            "tags_all": {
              "DR-Tier": "critical",
              "Environment": "qa",
              "ManagedBy": "terraform",
              "Name": "s3-replication-role-l6p3z2w4",
              "TaskID": "l6p3z2w4",
              "Team": "synth"
            },
            "unique_id": "AROAU7RDOHFP56RBASRAX"
          },
          "sensitive_attributes": [],
          "private": "bnVsbA=="
        }
      ]
    },
    {
      "mode": "managed",
      "type": "aws_iam_role",
      "name": "route53_health_check",
      "provider": "provider[\"registry.terraform.io/hashicorp/aws\"]",
      "instances": [
        {
          "schema_version": 0,
          "attributes": {
            "arn": "arn:aws:iam::342597974367:role/route53-health-check-l6p3z2w4",
            "assume_role_policy": "{\"Statement\":[{\"Action\":\"sts:AssumeRole\",\"Effect\":\"Allow\",\"Principal\":{\"Service\":\"route53.amazonaws.com\"}}],\"Version\":\"2012-10-17\"}",
            "create_date": "2025-11-25T18:22:48Z",
            "description": "",
            "force_detach_policies": false,
            "id": "route53-health-check-l6p3z2w4",
            "inline_policy": [
              {
                "name": "route53-cloudwatch-access-l6p3z2w4",
                "policy": "{\"Version\":\"2012-10-17\",\"Statement\":[{\"Action\":[\"cloudwatch:DescribeAlarms\",\"cloudwatch:GetMetricStatistics\"],\"Effect\":\"Allow\",\"Resource\":\"*\"}]}"
              }
            ],
            "managed_policy_arns": [],
            "max_session_duration": 3600,
            "name": "route53-health-check-l6p3z2w4",
            "name_prefix": "",
            "path": "/",
            "permissions_boundary": "",
            "tags": {
              "DR-Tier": "critical",
              "Environment": "qa",
              "ManagedBy": "terraform",
              "Name": "route53-health-check-role-l6p3z2w4",
              "TaskID": "l6p3z2w4",
              "Team": "synth"
            },
            "tags_all": {
              "DR-Tier": "critical",
              "Environment": "qa",
              "ManagedBy": "terraform",
              "Name": "route53-health-check-role-l6p3z2w4",
              "TaskID": "l6p3z2w4",
              "Team": "synth"
            },
            "unique_id": "AROAU7RDOHFP4G2OBHJ4Q"
          },
          "sensitive_attributes": [],
          "private": "bnVsbA=="
        }
      ]
    },
    {
      "mode": "managed",
      "type": "aws_iam_role",
      "name": "secret_rotation",
      "provider": "provider[\"registry.terraform.io/hashicorp/aws\"]",
      "instances": [
        {
          "schema_version": 0,
          "attributes": {
            "arn": "arn:aws:iam::342597974367:role/secret-rotation-lambda-l6p3z2w4",
            "assume_role_policy": "{\"Statement\":[{\"Action\":\"sts:AssumeRole\",\"Effect\":\"Allow\",\"Principal\":{\"Service\":\"lambda.amazonaws.com\"}}],\"Version\":\"2012-10-17\"}",
            "create_date": "2025-11-25T18:22:48Z",
            "description": "",
            "force_detach_policies": false,
            "id": "secret-rotation-lambda-l6p3z2w4",
            "inline_policy": [
              {
                "name": "secret-rotation-policy-l6p3z2w4",
                "policy": "{\"Version\":\"2012-10-17\",\"Statement\":[{\"Action\":[\"secretsmanager:DescribeSecret\",\"secretsmanager:GetSecretValue\",\"secretsmanager:PutSecretValue\",\"secretsmanager:UpdateSecretVersionStage\"],\"Effect\":\"Allow\",\"Resource\":[\"arn:aws:secretsmanager:us-east-1:342597974367:secret:rds-master-password-primary-l6p3z2w4-en6ZRM\",\"arn:aws:secretsmanager:us-west-2:342597974367:secret:rds-master-password-secondary-l6p3z2w4-CdnMu6\"]},{\"Action\":[\"secretsmanager:GetRandomPassword\"],\"Effect\":\"Allow\",\"Resource\":\"*\"}]}"
              }
            ],
            "managed_policy_arns": [
              "arn:aws:iam::aws:policy/service-role/AWSLambdaBasicExecutionRole",
              "arn:aws:iam::aws:policy/service-role/AWSLambdaVPCAccessExecutionRole"
            ],
            "max_session_duration": 3600,
            "name": "secret-rotation-lambda-l6p3z2w4",
            "name_prefix": "",
            "path": "/",
            "permissions_boundary": "",
            "tags": {
              "DR-Tier": "critical",
              "Environment": "qa",
              "ManagedBy": "terraform",
              "Name": "secret-rotation-role-l6p3z2w4",
              "TaskID": "l6p3z2w4",
              "Team": "synth"
            },
            "tags_all": {
              "DR-Tier": "critical",
              "Environment": "qa",
              "ManagedBy": "terraform",
              "Name": "secret-rotation-role-l6p3z2w4",
              "TaskID": "l6p3z2w4",
              "Team": "synth"
            },
            "unique_id": "AROAU7RDOHFPRAOX6XOJO"
          },
          "sensitive_attributes": [],
          "private": "bnVsbA=="
        }
      ]
    },
    {
      "mode": "managed",
      "type": "aws_iam_role_policy",
      "name": "route53_health_check",
      "provider": "provider[\"registry.terraform.io/hashicorp/aws\"]",
      "instances": [
        {
          "schema_version": 0,
          "attributes": {
            "id": "route53-health-check-l6p3z2w4:route53-cloudwatch-access-l6p3z2w4",
            "name": "route53-cloudwatch-access-l6p3z2w4",
            "name_prefix": "",
            "policy": "{\"Version\":\"2012-10-17\",\"Statement\":[{\"Action\":[\"cloudwatch:DescribeAlarms\",\"cloudwatch:GetMetricStatistics\"],\"Effect\":\"Allow\",\"Resource\":\"*\"}]}",
            "role": "route53-health-check-l6p3z2w4"
          },
          "sensitive_attributes": [],
          "private": "bnVsbA==",
          "dependencies": [
            "aws_iam_role.route53_health_check"
          ]
        }
      ]
    },
    {
      "mode": "managed",
      "type": "aws_iam_role_policy",
      "name": "secret_rotation",
      "provider": "provider[\"registry.terraform.io/hashicorp/aws\"]",
      "instances": [
        {
          "schema_version": 0,
          "attributes": {
            "id": "secret-rotation-lambda-l6p3z2w4:secret-rotation-policy-l6p3z2w4",
            "name": "secret-rotation-policy-l6p3z2w4",
            "name_prefix": "",
            "policy": "{\"Version\":\"2012-10-17\",\"Statement\":[{\"Action\":[\"secretsmanager:DescribeSecret\",\"secretsmanager:GetSecretValue\",\"secretsmanager:PutSecretValue\",\"secretsmanager:UpdateSecretVersionStage\"],\"Effect\":\"Allow\",\"Resource\":[\"arn:aws:secretsmanager:us-east-1:342597974367:secret:rds-master-password-primary-l6p3z2w4-en6ZRM\",\"arn:aws:secretsmanager:us-west-2:342597974367:secret:rds-master-password-secondary-l6p3z2w4-CdnMu6\"]},{\"Action\":[\"secretsmanager:GetRandomPassword\"],\"Effect\":\"Allow\",\"Resource\":\"*\"}]}",
            "role": "secret-rotation-lambda-l6p3z2w4"
          },
          "sensitive_attributes": [],
          "private": "bnVsbA==",
          "dependencies": [
            "aws_iam_role.secret_rotation",
            "aws_secretsmanager_secret.primary_db",
            "aws_secretsmanager_secret.secondary_db"
          ]
        }
      ]
    },
    {
      "mode": "managed",
      "type": "aws_iam_role_policy_attachment",
      "name": "rds_monitoring",
      "provider": "provider[\"registry.terraform.io/hashicorp/aws\"]",
      "instances": [
        {
          "schema_version": 0,
          "attributes": {
            "id": "rds-monitoring-role-l6p3z2w4-20251125212844779900000001",
            "policy_arn": "arn:aws:iam::aws:policy/service-role/AmazonRDSEnhancedMonitoringRole",
            "role": "rds-monitoring-role-l6p3z2w4"
          },
          "sensitive_attributes": [],
          "private": "bnVsbA==",
          "dependencies": [
            "aws_iam_role.rds_monitoring",
            "data.aws_iam_policy_document.rds_monitoring_assume"
          ]
        }
      ]
    },
    {
      "mode": "managed",
      "type": "aws_iam_role_policy_attachment",
      "name": "rds_monitoring_secondary",
      "provider": "provider[\"registry.terraform.io/hashicorp/aws\"].secondary",
      "instances": [
        {
          "schema_version": 0,
          "attributes": {
            "id": "rds-monitoring-role-secondary-l6p3z2w4-20251125182258597000000002",
            "policy_arn": "arn:aws:iam::aws:policy/service-role/AmazonRDSEnhancedMonitoringRole",
            "role": "rds-monitoring-role-secondary-l6p3z2w4"
          },
          "sensitive_attributes": [],
          "private": "bnVsbA==",
          "dependencies": [
            "aws_iam_role.rds_monitoring_secondary",
            "data.aws_iam_policy_document.rds_monitoring_assume"
          ]
        }
      ]
    },
    {
      "mode": "managed",
      "type": "aws_iam_role_policy_attachment",
      "name": "replication",
      "provider": "provider[\"registry.terraform.io/hashicorp/aws\"]",
      "instances": [
        {
          "schema_version": 0,
          "attributes": {
            "id": "s3-replication-role-l6p3z2w4-20251125182310134700000005",
            "policy_arn": "arn:aws:iam::342597974367:policy/s3-replication-policy-l6p3z2w4",
            "role": "s3-replication-role-l6p3z2w4"
          },
          "sensitive_attributes": [],
          "private": "bnVsbA==",
          "dependencies": [
            "aws_iam_policy.replication",
            "aws_iam_role.replication",
            "aws_s3_bucket.primary_backup",
            "aws_s3_bucket.secondary_backup",
            "data.aws_caller_identity.current"
          ]
        }
      ]
    },
    {
      "mode": "managed",
      "type": "aws_iam_role_policy_attachment",
      "name": "secret_rotation_basic",
      "provider": "provider[\"registry.terraform.io/hashicorp/aws\"]",
      "instances": [
        {
          "schema_version": 0,
          "attributes": {
            "id": "secret-rotation-lambda-l6p3z2w4-20251125182250578900000003",
            "policy_arn": "arn:aws:iam::aws:policy/service-role/AWSLambdaBasicExecutionRole",
            "role": "secret-rotation-lambda-l6p3z2w4"
          },
          "sensitive_attributes": [],
          "private": "bnVsbA==",
          "dependencies": [
            "aws_iam_role.secret_rotation"
          ]
        }
      ]
    },
    {
      "mode": "managed",
      "type": "aws_iam_role_policy_attachment",
      "name": "secret_rotation_vpc",
      "provider": "provider[\"registry.terraform.io/hashicorp/aws\"]",
      "instances": [
        {
          "schema_version": 0,
          "attributes": {
            "id": "secret-rotation-lambda-l6p3z2w4-20251125182250296300000002",
            "policy_arn": "arn:aws:iam::aws:policy/service-role/AWSLambdaVPCAccessExecutionRole",
            "role": "secret-rotation-lambda-l6p3z2w4"
          },
          "sensitive_attributes": [],
          "private": "bnVsbA==",
          "dependencies": [
            "aws_iam_role.secret_rotation"
          ]
        }
      ]
    },
    {
      "mode": "managed",
      "type": "aws_internet_gateway",
      "name": "primary",
      "provider": "provider[\"registry.terraform.io/hashicorp/aws\"]",
      "instances": [
        {
          "schema_version": 0,
          "attributes": {
            "arn": "arn:aws:ec2:us-east-1:342597974367:internet-gateway/igw-07a5c4f71ab0f59ae",
            "id": "igw-07a5c4f71ab0f59ae",
            "owner_id": "342597974367",
            "tags": {
              "DR-Tier": "critical",
              "Environment": "qa",
              "ManagedBy": "terraform",
              "Name": "aurora-dr-primary-igw-l6p3z2w4",
              "Region": "us-east-1",
              "TaskID": "l6p3z2w4",
              "Team": "synth"
            },
            "tags_all": {
              "DR-Tier": "critical",
              "Environment": "qa",
              "ManagedBy": "terraform",
              "Name": "aurora-dr-primary-igw-l6p3z2w4",
              "Region": "us-east-1",
              "TaskID": "l6p3z2w4",
              "Team": "synth"
            },
            "timeouts": null,
            "vpc_id": "vpc-0ccb36d56852ef077"
          },
          "sensitive_attributes": [],
          "private": "eyJlMmJmYjczMC1lY2FhLTExZTYtOGY4OC0zNDM2M2JjN2M0YzAiOnsiY3JlYXRlIjoxMjAwMDAwMDAwMDAwLCJkZWxldGUiOjEyMDAwMDAwMDAwMDAsInVwZGF0ZSI6MTIwMDAwMDAwMDAwMH19",
          "dependencies": [
            "aws_vpc.primary"
          ]
        }
      ]
    },
    {
      "mode": "managed",
      "type": "aws_internet_gateway",
      "name": "secondary",
      "provider": "provider[\"registry.terraform.io/hashicorp/aws\"].secondary",
      "instances": [
        {
          "schema_version": 0,
          "attributes": {
            "arn": "arn:aws:ec2:us-west-2:342597974367:internet-gateway/igw-0ec2b63eff8ca10df",
            "id": "igw-0ec2b63eff8ca10df",
            "owner_id": "342597974367",
            "tags": {
              "DR-Tier": "critical",
              "Environment": "qa",
              "ManagedBy": "terraform",
              "Name": "aurora-dr-secondary-igw-l6p3z2w4",
              "Region": "us-west-2",
              "TaskID": "l6p3z2w4",
              "Team": "synth"
            },
            "tags_all": {
              "DR-Tier": "critical",
              "Environment": "qa",
              "ManagedBy": "terraform",
              "Name": "aurora-dr-secondary-igw-l6p3z2w4",
              "Region": "us-west-2",
              "TaskID": "l6p3z2w4",
              "Team": "synth"
            },
            "timeouts": null,
            "vpc_id": "vpc-0588089c30c4f2e07"
          },
          "sensitive_attributes": [],
          "private": "eyJlMmJmYjczMC1lY2FhLTExZTYtOGY4OC0zNDM2M2JjN2M0YzAiOnsiY3JlYXRlIjoxMjAwMDAwMDAwMDAwLCJkZWxldGUiOjEyMDAwMDAwMDAwMDAsInVwZGF0ZSI6MTIwMDAwMDAwMDAwMH19",
          "dependencies": [
            "aws_vpc.secondary"
          ]
        }
      ]
    },
    {
      "mode": "managed",
      "type": "aws_kms_alias",
      "name": "primary_db",
      "provider": "provider[\"registry.terraform.io/hashicorp/aws\"]",
      "instances": [
        {
          "schema_version": 0,
          "attributes": {
            "arn": "arn:aws:kms:us-east-1:342597974367:alias/rds-aurora-us-east-1-l6p3z2w4",
            "id": "alias/rds-aurora-us-east-1-l6p3z2w4",
            "name": "alias/rds-aurora-us-east-1-l6p3z2w4",
            "name_prefix": "",
            "target_key_arn": "arn:aws:kms:us-east-1:342597974367:key/7b97eb53-d940-4676-9214-48196d09e7b8",
            "target_key_id": "7b97eb53-d940-4676-9214-48196d09e7b8"
          },
          "sensitive_attributes": [],
          "private": "bnVsbA==",
          "dependencies": [
            "aws_kms_key.primary_db"
          ]
        }
      ]
    },
    {
      "mode": "managed",
      "type": "aws_kms_alias",
      "name": "primary_sns",
      "provider": "provider[\"registry.terraform.io/hashicorp/aws\"]",
      "instances": [
        {
          "schema_version": 0,
          "attributes": {
            "arn": "arn:aws:kms:us-east-1:342597974367:alias/sns-us-east-1-l6p3z2w4",
            "id": "alias/sns-us-east-1-l6p3z2w4",
            "name": "alias/sns-us-east-1-l6p3z2w4",
            "name_prefix": "",
            "target_key_arn": "arn:aws:kms:us-east-1:342597974367:key/82e1e10a-ae8b-441a-8c52-7c53804224db",
            "target_key_id": "82e1e10a-ae8b-441a-8c52-7c53804224db"
          },
          "sensitive_attributes": [],
          "private": "bnVsbA==",
          "dependencies": [
            "aws_kms_key.primary_sns"
          ]
        }
      ]
    },
    {
      "mode": "managed",
      "type": "aws_kms_alias",
      "name": "secondary_db",
      "provider": "provider[\"registry.terraform.io/hashicorp/aws\"].secondary",
      "instances": [
        {
          "schema_version": 0,
          "attributes": {
            "arn": "arn:aws:kms:us-west-2:342597974367:alias/rds-aurora-us-west-2-l6p3z2w4",
            "id": "alias/rds-aurora-us-west-2-l6p3z2w4",
            "name": "alias/rds-aurora-us-west-2-l6p3z2w4",
            "name_prefix": "",
            "target_key_arn": "arn:aws:kms:us-west-2:342597974367:key/ef403fce-4e6e-4bfa-a2fc-39773dcfbd8b",
            "target_key_id": "ef403fce-4e6e-4bfa-a2fc-39773dcfbd8b"
          },
          "sensitive_attributes": [],
          "private": "bnVsbA==",
          "dependencies": [
            "aws_kms_key.secondary_db"
          ]
        }
      ]
    },
    {
      "mode": "managed",
      "type": "aws_kms_alias",
      "name": "secondary_sns",
      "provider": "provider[\"registry.terraform.io/hashicorp/aws\"].secondary",
      "instances": [
        {
          "schema_version": 0,
          "attributes": {
            "arn": "arn:aws:kms:us-west-2:342597974367:alias/sns-us-west-2-l6p3z2w4",
            "id": "alias/sns-us-west-2-l6p3z2w4",
            "name": "alias/sns-us-west-2-l6p3z2w4",
            "name_prefix": "",
            "target_key_arn": "arn:aws:kms:us-west-2:342597974367:key/c9ef3e0b-bdb9-4c0b-89ad-c0430ee850fd",
            "target_key_id": "c9ef3e0b-bdb9-4c0b-89ad-c0430ee850fd"
          },
          "sensitive_attributes": [],
          "private": "bnVsbA==",
          "dependencies": [
            "aws_kms_key.secondary_sns"
          ]
        }
      ]
    },
    {
      "mode": "managed",
      "type": "aws_kms_key",
      "name": "primary_db",
      "provider": "provider[\"registry.terraform.io/hashicorp/aws\"]",
      "instances": [
        {
          "schema_version": 0,
          "attributes": {
            "arn": "arn:aws:kms:us-east-1:342597974367:key/7b97eb53-d940-4676-9214-48196d09e7b8",
            "bypass_policy_lockout_safety_check": false,
            "custom_key_store_id": "",
            "customer_master_key_spec": "SYMMETRIC_DEFAULT",
            "deletion_window_in_days": 7,
            "description": "KMS key for RDS encryption in us-east-1-l6p3z2w4",
            "enable_key_rotation": true,
            "id": "7b97eb53-d940-4676-9214-48196d09e7b8",
            "is_enabled": true,
            "key_id": "7b97eb53-d940-4676-9214-48196d09e7b8",
            "key_usage": "ENCRYPT_DECRYPT",
            "multi_region": false,
            "policy": "{\"Statement\":[{\"Action\":\"kms:*\",\"Effect\":\"Allow\",\"Principal\":{\"AWS\":\"arn:aws:iam::342597974367:root\"},\"Resource\":\"*\",\"Sid\":\"Enable IAM User Permissions\"},{\"Action\":[\"kms:Decrypt\",\"kms:GenerateDataKey\",\"kms:CreateGrant\"],\"Effect\":\"Allow\",\"Principal\":{\"Service\":\"rds.amazonaws.com\"},\"Resource\":\"*\",\"Sid\":\"Allow RDS to use the key\"}],\"Version\":\"2012-10-17\"}",
            "rotation_period_in_days": 365,
            "tags": {
              "DR-Tier": "critical",
              "Environment": "qa",
              "ManagedBy": "terraform",
              "Name": "rds-kms-us-east-1-l6p3z2w4",
              "Region": "us-east-1",
              "TaskID": "l6p3z2w4",
              "Team": "synth"
            },
            "tags_all": {
              "DR-Tier": "critical",
              "Environment": "qa",
              "ManagedBy": "terraform",
              "Name": "rds-kms-us-east-1-l6p3z2w4",
              "Region": "us-east-1",
              "TaskID": "l6p3z2w4",
              "Team": "synth"
            },
            "timeouts": null,
            "xks_key_id": ""
          },
          "sensitive_attributes": [],
          "private": "eyJlMmJmYjczMC1lY2FhLTExZTYtOGY4OC0zNDM2M2JjN2M0YzAiOnsiY3JlYXRlIjoxMjAwMDAwMDAwMDB9fQ=="
        }
      ]
    },
    {
      "mode": "managed",
      "type": "aws_kms_key",
      "name": "primary_sns",
      "provider": "provider[\"registry.terraform.io/hashicorp/aws\"]",
      "instances": [
        {
          "schema_version": 0,
          "attributes": {
            "arn": "arn:aws:kms:us-east-1:342597974367:key/82e1e10a-ae8b-441a-8c52-7c53804224db",
            "bypass_policy_lockout_safety_check": false,
            "custom_key_store_id": "",
            "customer_master_key_spec": "SYMMETRIC_DEFAULT",
            "deletion_window_in_days": 7,
            "description": "KMS key for SNS encryption in us-east-1-l6p3z2w4",
            "enable_key_rotation": true,
            "id": "82e1e10a-ae8b-441a-8c52-7c53804224db",
            "is_enabled": true,
            "key_id": "82e1e10a-ae8b-441a-8c52-7c53804224db",
            "key_usage": "ENCRYPT_DECRYPT",
            "multi_region": false,
            "policy": "{\"Statement\":[{\"Action\":\"kms:*\",\"Effect\":\"Allow\",\"Principal\":{\"AWS\":\"arn:aws:iam::342597974367:root\"},\"Resource\":\"*\",\"Sid\":\"Enable IAM User Permissions\"},{\"Action\":[\"kms:Decrypt\",\"kms:GenerateDataKey\"],\"Effect\":\"Allow\",\"Principal\":{\"Service\":\"sns.amazonaws.com\"},\"Resource\":\"*\",\"Sid\":\"Allow SNS to use the key\"}],\"Version\":\"2012-10-17\"}",
            "rotation_period_in_days": 365,
            "tags": {
              "DR-Tier": "critical",
              "Environment": "qa",
              "ManagedBy": "terraform",
              "Name": "sns-kms-us-east-1-l6p3z2w4",
              "Region": "us-east-1",
              "TaskID": "l6p3z2w4",
              "Team": "synth"
            },
            "tags_all": {
              "DR-Tier": "critical",
              "Environment": "qa",
              "ManagedBy": "terraform",
              "Name": "sns-kms-us-east-1-l6p3z2w4",
              "Region": "us-east-1",
              "TaskID": "l6p3z2w4",
              "Team": "synth"
            },
            "timeouts": null,
            "xks_key_id": ""
          },
          "sensitive_attributes": [],
          "private": "eyJlMmJmYjczMC1lY2FhLTExZTYtOGY4OC0zNDM2M2JjN2M0YzAiOnsiY3JlYXRlIjoxMjAwMDAwMDAwMDB9fQ=="
        }
      ]
    },
    {
      "mode": "managed",
      "type": "aws_kms_key",
      "name": "secondary_db",
      "provider": "provider[\"registry.terraform.io/hashicorp/aws\"].secondary",
      "instances": [
        {
          "schema_version": 0,
          "attributes": {
            "arn": "arn:aws:kms:us-west-2:342597974367:key/ef403fce-4e6e-4bfa-a2fc-39773dcfbd8b",
            "bypass_policy_lockout_safety_check": false,
            "custom_key_store_id": "",
            "customer_master_key_spec": "SYMMETRIC_DEFAULT",
            "deletion_window_in_days": 7,
            "description": "KMS key for RDS encryption in us-west-2-l6p3z2w4",
            "enable_key_rotation": true,
            "id": "ef403fce-4e6e-4bfa-a2fc-39773dcfbd8b",
            "is_enabled": true,
            "key_id": "ef403fce-4e6e-4bfa-a2fc-39773dcfbd8b",
            "key_usage": "ENCRYPT_DECRYPT",
            "multi_region": false,
            "policy": "{\"Statement\":[{\"Action\":\"kms:*\",\"Effect\":\"Allow\",\"Principal\":{\"AWS\":\"arn:aws:iam::342597974367:root\"},\"Resource\":\"*\",\"Sid\":\"Enable IAM User Permissions\"},{\"Action\":[\"kms:Decrypt\",\"kms:GenerateDataKey\",\"kms:CreateGrant\"],\"Effect\":\"Allow\",\"Principal\":{\"Service\":\"rds.amazonaws.com\"},\"Resource\":\"*\",\"Sid\":\"Allow RDS to use the key\"}],\"Version\":\"2012-10-17\"}",
            "rotation_period_in_days": 365,
            "tags": {
              "DR-Tier": "critical",
              "Environment": "qa",
              "ManagedBy": "terraform",
              "Name": "rds-kms-us-west-2-l6p3z2w4",
              "Region": "us-west-2",
              "TaskID": "l6p3z2w4",
              "Team": "synth"
            },
            "tags_all": {
              "DR-Tier": "critical",
              "Environment": "qa",
              "ManagedBy": "terraform",
              "Name": "rds-kms-us-west-2-l6p3z2w4",
              "Region": "us-west-2",
              "TaskID": "l6p3z2w4",
              "Team": "synth"
            },
            "timeouts": null,
            "xks_key_id": ""
          },
          "sensitive_attributes": [],
          "private": "eyJlMmJmYjczMC1lY2FhLTExZTYtOGY4OC0zNDM2M2JjN2M0YzAiOnsiY3JlYXRlIjoxMjAwMDAwMDAwMDB9fQ=="
        }
      ]
    },
    {
      "mode": "managed",
      "type": "aws_kms_key",
      "name": "secondary_sns",
      "provider": "provider[\"registry.terraform.io/hashicorp/aws\"].secondary",
      "instances": [
        {
          "schema_version": 0,
          "attributes": {
            "arn": "arn:aws:kms:us-west-2:342597974367:key/c9ef3e0b-bdb9-4c0b-89ad-c0430ee850fd",
            "bypass_policy_lockout_safety_check": false,
            "custom_key_store_id": "",
            "customer_master_key_spec": "SYMMETRIC_DEFAULT",
            "deletion_window_in_days": 7,
            "description": "KMS key for SNS encryption in us-west-2-l6p3z2w4",
            "enable_key_rotation": true,
            "id": "c9ef3e0b-bdb9-4c0b-89ad-c0430ee850fd",
            "is_enabled": true,
            "key_id": "c9ef3e0b-bdb9-4c0b-89ad-c0430ee850fd",
            "key_usage": "ENCRYPT_DECRYPT",
            "multi_region": false,
            "policy": "{\"Statement\":[{\"Action\":\"kms:*\",\"Effect\":\"Allow\",\"Principal\":{\"AWS\":\"arn:aws:iam::342597974367:root\"},\"Resource\":\"*\",\"Sid\":\"Enable IAM User Permissions\"},{\"Action\":[\"kms:Decrypt\",\"kms:GenerateDataKey\"],\"Effect\":\"Allow\",\"Principal\":{\"Service\":\"sns.amazonaws.com\"},\"Resource\":\"*\",\"Sid\":\"Allow SNS to use the key\"}],\"Version\":\"2012-10-17\"}",
            "rotation_period_in_days": 365,
            "tags": {
              "DR-Tier": "critical",
              "Environment": "qa",
              "ManagedBy": "terraform",
              "Name": "sns-kms-us-west-2-l6p3z2w4",
              "Region": "us-west-2",
              "TaskID": "l6p3z2w4",
              "Team": "synth"
            },
            "tags_all": {
              "DR-Tier": "critical",
              "Environment": "qa",
              "ManagedBy": "terraform",
              "Name": "sns-kms-us-west-2-l6p3z2w4",
              "Region": "us-west-2",
              "TaskID": "l6p3z2w4",
              "Team": "synth"
            },
            "timeouts": null,
            "xks_key_id": ""
          },
          "sensitive_attributes": [],
          "private": "eyJlMmJmYjczMC1lY2FhLTExZTYtOGY4OC0zNDM2M2JjN2M0YzAiOnsiY3JlYXRlIjoxMjAwMDAwMDAwMDB9fQ=="
        }
      ]
    },
    {
      "mode": "managed",
      "type": "aws_kms_key_policy",
      "name": "primary_db",
      "provider": "provider[\"registry.terraform.io/hashicorp/aws\"]",
      "instances": [
        {
          "schema_version": 0,
          "attributes": {
            "bypass_policy_lockout_safety_check": false,
            "id": "7b97eb53-d940-4676-9214-48196d09e7b8",
            "key_id": "7b97eb53-d940-4676-9214-48196d09e7b8",
            "policy": "{\"Statement\":[{\"Action\":\"kms:*\",\"Effect\":\"Allow\",\"Principal\":{\"AWS\":\"arn:aws:iam::342597974367:root\"},\"Resource\":\"*\",\"Sid\":\"Enable IAM User Permissions\"},{\"Action\":[\"kms:Decrypt\",\"kms:GenerateDataKey\",\"kms:CreateGrant\"],\"Effect\":\"Allow\",\"Principal\":{\"Service\":\"rds.amazonaws.com\"},\"Resource\":\"*\",\"Sid\":\"Allow RDS to use the key\"}],\"Version\":\"2012-10-17\"}"
          },
          "sensitive_attributes": [],
          "private": "bnVsbA==",
          "dependencies": [
            "aws_kms_key.primary_db",
            "data.aws_caller_identity.current"
          ]
        }
      ]
    },
    {
      "mode": "managed",
      "type": "aws_kms_key_policy",
      "name": "primary_sns",
      "provider": "provider[\"registry.terraform.io/hashicorp/aws\"]",
      "instances": [
        {
          "schema_version": 0,
          "attributes": {
            "bypass_policy_lockout_safety_check": false,
            "id": "82e1e10a-ae8b-441a-8c52-7c53804224db",
            "key_id": "82e1e10a-ae8b-441a-8c52-7c53804224db",
            "policy": "{\"Statement\":[{\"Action\":\"kms:*\",\"Effect\":\"Allow\",\"Principal\":{\"AWS\":\"arn:aws:iam::342597974367:root\"},\"Resource\":\"*\",\"Sid\":\"Enable IAM User Permissions\"},{\"Action\":[\"kms:Decrypt\",\"kms:GenerateDataKey\"],\"Effect\":\"Allow\",\"Principal\":{\"Service\":\"sns.amazonaws.com\"},\"Resource\":\"*\",\"Sid\":\"Allow SNS to use the key\"}],\"Version\":\"2012-10-17\"}"
          },
          "sensitive_attributes": [],
          "private": "bnVsbA==",
          "dependencies": [
            "aws_kms_key.primary_sns",
            "data.aws_caller_identity.current"
          ]
        }
      ]
    },
    {
      "mode": "managed",
      "type": "aws_kms_key_policy",
      "name": "secondary_db",
      "provider": "provider[\"registry.terraform.io/hashicorp/aws\"].secondary",
      "instances": [
        {
          "schema_version": 0,
          "attributes": {
            "bypass_policy_lockout_safety_check": false,
            "id": "ef403fce-4e6e-4bfa-a2fc-39773dcfbd8b",
            "key_id": "ef403fce-4e6e-4bfa-a2fc-39773dcfbd8b",
            "policy": "{\"Statement\":[{\"Action\":\"kms:*\",\"Effect\":\"Allow\",\"Principal\":{\"AWS\":\"arn:aws:iam::342597974367:root\"},\"Resource\":\"*\",\"Sid\":\"Enable IAM User Permissions\"},{\"Action\":[\"kms:Decrypt\",\"kms:GenerateDataKey\",\"kms:CreateGrant\"],\"Effect\":\"Allow\",\"Principal\":{\"Service\":\"rds.amazonaws.com\"},\"Resource\":\"*\",\"Sid\":\"Allow RDS to use the key\"}],\"Version\":\"2012-10-17\"}"
          },
          "sensitive_attributes": [],
          "private": "bnVsbA==",
          "dependencies": [
            "aws_kms_key.secondary_db",
            "data.aws_caller_identity.current"
          ]
        }
      ]
    },
    {
      "mode": "managed",
      "type": "aws_kms_key_policy",
      "name": "secondary_sns",
      "provider": "provider[\"registry.terraform.io/hashicorp/aws\"].secondary",
      "instances": [
        {
          "schema_version": 0,
          "attributes": {
            "bypass_policy_lockout_safety_check": false,
            "id": "c9ef3e0b-bdb9-4c0b-89ad-c0430ee850fd",
            "key_id": "c9ef3e0b-bdb9-4c0b-89ad-c0430ee850fd",
            "policy": "{\"Statement\":[{\"Action\":\"kms:*\",\"Effect\":\"Allow\",\"Principal\":{\"AWS\":\"arn:aws:iam::342597974367:root\"},\"Resource\":\"*\",\"Sid\":\"Enable IAM User Permissions\"},{\"Action\":[\"kms:Decrypt\",\"kms:GenerateDataKey\"],\"Effect\":\"Allow\",\"Principal\":{\"Service\":\"sns.amazonaws.com\"},\"Resource\":\"*\",\"Sid\":\"Allow SNS to use the key\"}],\"Version\":\"2012-10-17\"}"
          },
          "sensitive_attributes": [],
          "private": "bnVsbA==",
          "dependencies": [
            "aws_kms_key.secondary_sns",
            "data.aws_caller_identity.current"
          ]
        }
      ]
    },
    {
      "mode": "managed",
      "type": "aws_rds_cluster",
      "name": "primary",
      "provider": "provider[\"registry.terraform.io/hashicorp/aws\"]",
      "instances": [
        {
          "schema_version": 1,
          "attributes": {
            "allocated_storage": 1,
            "allow_major_version_upgrade": null,
            "apply_immediately": null,
            "arn": "arn:aws:rds:us-east-1:342597974367:cluster:aurora-primary-l6p3z2w4",
            "availability_zones": [
              "us-east-1a",
              "us-east-1b",
              "us-east-1c"
            ],
            "backtrack_window": 0,
            "backup_retention_period": 7,
            "ca_certificate_identifier": null,
            "ca_certificate_valid_till": null,
            "cluster_identifier": "aurora-primary-l6p3z2w4",
            "cluster_identifier_prefix": "",
            "cluster_members": [
              "aurora-primary-instance-1-l6p3z2w4",
              "aurora-primary-instance-2-l6p3z2w4"
            ],
            "cluster_resource_id": "cluster-Q6S3BPXBUN2POE7AM5WWVQ6BXY",
            "cluster_scalability_type": "",
            "copy_tags_to_snapshot": false,
            "database_insights_mode": "standard",
            "database_name": "transactiondb",
            "db_cluster_instance_class": "",
            "db_cluster_parameter_group_name": "aurora-postgresql-cluster-l6p3z2w4",
            "db_instance_parameter_group_name": null,
            "db_subnet_group_name": "aurora-subnet-primary-l6p3z2w4",
            "db_system_id": "",
            "delete_automated_backups": true,
            "deletion_protection": false,
            "domain": "",
            "domain_iam_role_name": "",
            "enable_global_write_forwarding": false,
            "enable_http_endpoint": false,
            "enable_local_write_forwarding": false,
            "enabled_cloudwatch_logs_exports": [
              "postgresql"
            ],
            "endpoint": "aurora-primary-l6p3z2w4.cluster-covy6ema0nuv.us-east-1.rds.amazonaws.com",
            "engine": "aurora-postgresql",
            "engine_lifecycle_support": "open-source-rds-extended-support",
            "engine_mode": "provisioned",
            "engine_version": "14.13",
            "engine_version_actual": "14.13",
            "final_snapshot_identifier": null,
            "global_cluster_identifier": "",
            "hosted_zone_id": "Z2R2ITUGPM61AM",
            "iam_database_authentication_enabled": false,
            "iam_roles": [],
            "id": "aurora-primary-l6p3z2w4",
            "iops": 0,
            "kms_key_id": "arn:aws:kms:us-east-1:342597974367:key/7b97eb53-d940-4676-9214-48196d09e7b8",
            "manage_master_user_password": null,
            "master_password": "z\u003e?FM:lxsPcbinv_",
            "master_password_wo": null,
            "master_password_wo_version": null,
            "master_user_secret": [],
            "master_user_secret_kms_key_id": null,
            "master_username": "dbadmin",
            "monitoring_interval": 0,
            "monitoring_role_arn": "",
            "network_type": "IPV4",
            "performance_insights_enabled": false,
            "performance_insights_kms_key_id": "",
            "performance_insights_retention_period": 0,
            "port": 5432,
            "preferred_backup_window": "03:00-04:00",
            "preferred_maintenance_window": "mon:04:00-mon:05:00",
            "reader_endpoint": "aurora-primary-l6p3z2w4.cluster-ro-covy6ema0nuv.us-east-1.rds.amazonaws.com",
            "replication_source_identifier": "",
            "restore_to_point_in_time": [],
            "s3_import": [],
            "scaling_configuration": [],
            "serverlessv2_scaling_configuration": [],
            "skip_final_snapshot": true,
            "snapshot_identifier": null,
            "source_region": null,
            "storage_encrypted": true,
            "storage_type": "",
            "tags": {
              "DR-Tier": "critical",
              "Environment": "qa",
              "ManagedBy": "terraform",
              "Name": "aurora-primary-l6p3z2w4",
              "Region": "us-east-1",
              "Role": "primary",
              "TaskID": "l6p3z2w4",
              "Team": "synth"
            },
            "tags_all": {
              "DR-Tier": "critical",
              "Environment": "qa",
              "ManagedBy": "terraform",
              "Name": "aurora-primary-l6p3z2w4",
              "Region": "us-east-1",
              "Role": "primary",
              "TaskID": "l6p3z2w4",
              "Team": "synth"
            },
            "timeouts": null,
            "vpc_security_group_ids": [
              "sg-01d587665ed14dc1a"
            ]
          },
          "sensitive_attributes": [
            [
              {
                "type": "get_attr",
                "value": "master_password"
              }
            ]
          ],
          "private": "eyJlMmJmYjczMC1lY2FhLTExZTYtOGY4OC0zNDM2M2JjN2M0YzAiOnsiY3JlYXRlIjo3MjAwMDAwMDAwMDAwLCJkZWxldGUiOjcyMDAwMDAwMDAwMDAsInVwZGF0ZSI6NzIwMDAwMDAwMDAwMH0sInNjaGVtYV92ZXJzaW9uIjoiMSJ9",
          "dependencies": [
            "aws_db_subnet_group.primary",
            "aws_kms_key.primary_db",
            "aws_rds_cluster_parameter_group.primary",
            "aws_security_group.primary_db",
            "aws_subnet.primary",
            "aws_vpc.primary",
            "data.aws_availability_zones.primary",
            "random_password.master_password"
          ]
        }
      ]
    },
    {
      "mode": "managed",
      "type": "aws_rds_cluster_instance",
      "name": "primary",
      "provider": "provider[\"registry.terraform.io/hashicorp/aws\"]",
      "instances": [
        {
          "index_key": 0,
          "schema_version": 0,
          "attributes": {
            "apply_immediately": null,
            "arn": "arn:aws:rds:us-east-1:342597974367:db:aurora-primary-instance-1-l6p3z2w4",
            "auto_minor_version_upgrade": false,
            "availability_zone": "us-east-1a",
            "ca_cert_identifier": "rds-ca-rsa2048-g1",
            "cluster_identifier": "aurora-primary-l6p3z2w4",
            "copy_tags_to_snapshot": false,
            "custom_iam_instance_profile": "",
            "db_parameter_group_name": "aurora-postgresql-instance-l6p3z2w4",
            "db_subnet_group_name": "aurora-subnet-primary-l6p3z2w4",
            "dbi_resource_id": "db-3KVP56XF52U3MWDAJT7GR2TYDQ",
            "endpoint": "aurora-primary-instance-1-l6p3z2w4.covy6ema0nuv.us-east-1.rds.amazonaws.com",
            "engine": "aurora-postgresql",
            "engine_version": "14.13",
            "engine_version_actual": "14.13",
            "force_destroy": false,
            "id": "aurora-primary-instance-1-l6p3z2w4",
            "identifier": "aurora-primary-instance-1-l6p3z2w4",
            "identifier_prefix": "",
            "instance_class": "db.t3.medium",
            "kms_key_id": "arn:aws:kms:us-east-1:342597974367:key/7b97eb53-d940-4676-9214-48196d09e7b8",
            "monitoring_interval": 60,
            "monitoring_role_arn": "arn:aws:iam::342597974367:role/rds-monitoring-role-l6p3z2w4",
            "network_type": "IPV4",
            "performance_insights_enabled": true,
            "performance_insights_kms_key_id": "arn:aws:kms:us-east-1:342597974367:key/7b97eb53-d940-4676-9214-48196d09e7b8",
            "performance_insights_retention_period": 7,
            "port": 5432,
            "preferred_backup_window": "03:00-04:00",
            "preferred_maintenance_window": "sat:07:33-sat:08:03",
            "promotion_tier": 0,
            "publicly_accessible": false,
            "storage_encrypted": true,
            "tags": {
              "DR-Tier": "critical",
              "Environment": "qa",
              "ManagedBy": "terraform",
              "Name": "aurora-primary-instance-1-l6p3z2w4",
              "Region": "us-east-1",
              "Role": "primary",
              "TaskID": "l6p3z2w4",
              "Team": "synth"
            },
            "tags_all": {
              "DR-Tier": "critical",
              "Environment": "qa",
              "ManagedBy": "terraform",
              "Name": "aurora-primary-instance-1-l6p3z2w4",
              "Region": "us-east-1",
              "Role": "primary",
              "TaskID": "l6p3z2w4",
              "Team": "synth"
            },
            "timeouts": null,
            "writer": true
          },
          "sensitive_attributes": [],
          "private": "eyJlMmJmYjczMC1lY2FhLTExZTYtOGY4OC0zNDM2M2JjN2M0YzAiOnsiY3JlYXRlIjo1NDAwMDAwMDAwMDAwLCJkZWxldGUiOjU0MDAwMDAwMDAwMDAsInVwZGF0ZSI6NTQwMDAwMDAwMDAwMH19",
          "dependencies": [
            "aws_db_parameter_group.primary",
            "aws_db_subnet_group.primary",
            "aws_iam_role.rds_monitoring",
            "aws_kms_key.primary_db",
            "aws_rds_cluster.primary",
            "aws_rds_cluster_parameter_group.primary",
            "aws_security_group.primary_db",
            "aws_subnet.primary",
            "aws_vpc.primary",
            "data.aws_availability_zones.primary",
            "data.aws_iam_policy_document.rds_monitoring_assume",
            "random_password.master_password"
          ]
        },
        {
          "index_key": 1,
          "schema_version": 0,
          "attributes": {
            "apply_immediately": null,
            "arn": "arn:aws:rds:us-east-1:342597974367:db:aurora-primary-instance-2-l6p3z2w4",
            "auto_minor_version_upgrade": false,
            "availability_zone": "us-east-1b",
            "ca_cert_identifier": "rds-ca-rsa2048-g1",
            "cluster_identifier": "aurora-primary-l6p3z2w4",
            "copy_tags_to_snapshot": false,
            "custom_iam_instance_profile": "",
            "db_parameter_group_name": "aurora-postgresql-instance-l6p3z2w4",
            "db_subnet_group_name": "aurora-subnet-primary-l6p3z2w4",
            "dbi_resource_id": "db-HINLFGBIOCQZM23Y2OQAXUNBKE",
            "endpoint": "aurora-primary-instance-2-l6p3z2w4.covy6ema0nuv.us-east-1.rds.amazonaws.com",
            "engine": "aurora-postgresql",
            "engine_version": "14.13",
            "engine_version_actual": "14.13",
            "force_destroy": false,
            "id": "aurora-primary-instance-2-l6p3z2w4",
            "identifier": "aurora-primary-instance-2-l6p3z2w4",
            "identifier_prefix": "",
            "instance_class": "db.t3.medium",
            "kms_key_id": "arn:aws:kms:us-east-1:342597974367:key/7b97eb53-d940-4676-9214-48196d09e7b8",
            "monitoring_interval": 60,
            "monitoring_role_arn": "arn:aws:iam::342597974367:role/rds-monitoring-role-l6p3z2w4",
            "network_type": "IPV4",
            "performance_insights_enabled": true,
            "performance_insights_kms_key_id": "arn:aws:kms:us-east-1:342597974367:key/7b97eb53-d940-4676-9214-48196d09e7b8",
            "performance_insights_retention_period": 7,
            "port": 5432,
            "preferred_backup_window": "03:00-04:00",
            "preferred_maintenance_window": "wed:06:01-wed:06:31",
            "promotion_tier": 0,
            "publicly_accessible": false,
            "storage_encrypted": true,
            "tags": {
              "DR-Tier": "critical",
              "Environment": "qa",
              "ManagedBy": "terraform",
              "Name": "aurora-primary-instance-2-l6p3z2w4",
              "Region": "us-east-1",
              "Role": "primary",
              "TaskID": "l6p3z2w4",
              "Team": "synth"
            },
            "tags_all": {
              "DR-Tier": "critical",
              "Environment": "qa",
              "ManagedBy": "terraform",
              "Name": "aurora-primary-instance-2-l6p3z2w4",
              "Region": "us-east-1",
              "Role": "primary",
              "TaskID": "l6p3z2w4",
              "Team": "synth"
            },
            "timeouts": null,
            "writer": false
          },
          "sensitive_attributes": [],
          "private": "eyJlMmJmYjczMC1lY2FhLTExZTYtOGY4OC0zNDM2M2JjN2M0YzAiOnsiY3JlYXRlIjo1NDAwMDAwMDAwMDAwLCJkZWxldGUiOjU0MDAwMDAwMDAwMDAsInVwZGF0ZSI6NTQwMDAwMDAwMDAwMH19",
          "dependencies": [
            "aws_db_parameter_group.primary",
            "aws_db_subnet_group.primary",
            "aws_iam_role.rds_monitoring",
            "aws_kms_key.primary_db",
            "aws_rds_cluster.primary",
            "aws_rds_cluster_parameter_group.primary",
            "aws_security_group.primary_db",
            "aws_subnet.primary",
            "aws_vpc.primary",
            "data.aws_availability_zones.primary",
            "data.aws_iam_policy_document.rds_monitoring_assume",
            "random_password.master_password"
          ]
        }
      ]
    },
    {
      "mode": "managed",
      "type": "aws_rds_cluster_parameter_group",
      "name": "primary",
      "provider": "provider[\"registry.terraform.io/hashicorp/aws\"]",
      "instances": [
        {
          "schema_version": 0,
          "attributes": {
            "arn": "arn:aws:rds:us-east-1:342597974367:cluster-pg:aurora-postgresql-cluster-l6p3z2w4",
            "description": "Cluster parameter group for Aurora PostgreSQL with pg_stat_statements",
            "family": "aurora-postgresql14",
            "id": "aurora-postgresql-cluster-l6p3z2w4",
            "name": "aurora-postgresql-cluster-l6p3z2w4",
            "name_prefix": "",
            "parameter": [
              {
                "apply_method": "immediate",
                "name": "log_min_duration_statement",
                "value": "1000"
              },
              {
                "apply_method": "immediate",
                "name": "log_statement",
                "value": "all"
              },
              {
                "apply_method": "immediate",
                "name": "pg_stat_statements.track",
                "value": "ALL"
              },
              {
                "apply_method": "immediate",
                "name": "shared_preload_libraries",
                "value": "pg_stat_statements"
              }
            ],
            "tags": {
              "DR-Tier": "critical",
              "Environment": "qa",
              "ManagedBy": "terraform",
              "Name": "aurora-cluster-params-l6p3z2w4",
              "TaskID": "l6p3z2w4",
              "Team": "synth"
            },
            "tags_all": {
              "DR-Tier": "critical",
              "Environment": "qa",
              "ManagedBy": "terraform",
              "Name": "aurora-cluster-params-l6p3z2w4",
              "TaskID": "l6p3z2w4",
              "Team": "synth"
            }
          },
          "sensitive_attributes": [],
          "private": "bnVsbA=="
        }
      ]
    },
    {
      "mode": "managed",
      "type": "aws_route53_health_check",
      "name": "primary_db",
      "provider": "provider[\"registry.terraform.io/hashicorp/aws\"]",
      "instances": [
        {
          "schema_version": 0,
          "attributes": {
            "arn": "arn:aws:route53:::healthcheck/3abcbe0d-ef5a-49bd-822b-fc1f9232ee41",
            "child_health_threshold": 0,
            "child_healthchecks": [],
            "cloudwatch_alarm_name": "aurora-replication-lag-primary-l6p3z2w4",
            "cloudwatch_alarm_region": "us-east-1",
            "disabled": false,
            "enable_sni": false,
            "failure_threshold": 0,
            "fqdn": "",
            "id": "3abcbe0d-ef5a-49bd-822b-fc1f9232ee41",
            "insufficient_data_health_status": "Unhealthy",
            "invert_healthcheck": false,
            "ip_address": "",
            "measure_latency": false,
            "port": 0,
            "reference_name": null,
            "regions": [],
            "request_interval": 0,
            "resource_path": "",
            "routing_control_arn": "",
            "search_string": "",
            "tags": {
              "DR-Tier": "critical",
              "Environment": "qa",
              "ManagedBy": "terraform",
              "Name": "health-check-primary-l6p3z2w4",
              "Region": "us-east-1",
              "TaskID": "l6p3z2w4",
              "Team": "synth"
            },
            "tags_all": {
              "DR-Tier": "critical",
              "Environment": "qa",
              "ManagedBy": "terraform",
              "Name": "health-check-primary-l6p3z2w4",
              "Region": "us-east-1",
              "TaskID": "l6p3z2w4",
              "Team": "synth"
            },
            "triggers": {},
            "type": "CLOUDWATCH_METRIC"
          },
          "sensitive_attributes": [],
          "private": "bnVsbA==",
          "dependencies": [
            "aws_cloudwatch_metric_alarm.primary_replication_lag",
            "aws_db_subnet_group.primary",
            "aws_kms_key.primary_db",
            "aws_kms_key.primary_sns",
            "aws_rds_cluster.primary",
            "aws_rds_cluster_parameter_group.primary",
            "aws_security_group.primary_db",
            "aws_sns_topic.primary_db_events",
            "aws_subnet.primary",
            "aws_vpc.primary",
            "data.aws_availability_zones.primary",
            "random_password.master_password"
          ]
        }
      ]
    },
    {
      "mode": "managed",
      "type": "aws_route_table",
      "name": "primary",
      "provider": "provider[\"registry.terraform.io/hashicorp/aws\"]",
      "instances": [
        {
          "schema_version": 0,
          "attributes": {
            "arn": "arn:aws:ec2:us-east-1:342597974367:route-table/rtb-06ce4e08050553933",
            "id": "rtb-06ce4e08050553933",
            "owner_id": "342597974367",
            "propagating_vgws": [],
            "route": [
              {
                "carrier_gateway_id": "",
                "cidr_block": "0.0.0.0/0",
                "core_network_arn": "",
                "destination_prefix_list_id": "",
                "egress_only_gateway_id": "",
                "gateway_id": "igw-07a5c4f71ab0f59ae",
                "ipv6_cidr_block": "",
                "local_gateway_id": "",
                "nat_gateway_id": "",
                "network_interface_id": "",
                "transit_gateway_id": "",
                "vpc_endpoint_id": "",
                "vpc_peering_connection_id": ""
              }
            ],
            "tags": {
              "DR-Tier": "critical",
              "Environment": "qa",
              "ManagedBy": "terraform",
              "Name": "aurora-dr-primary-rt-l6p3z2w4",
              "Region": "us-east-1",
              "TaskID": "l6p3z2w4",
              "Team": "synth"
            },
            "tags_all": {
              "DR-Tier": "critical",
              "Environment": "qa",
              "ManagedBy": "terraform",
              "Name": "aurora-dr-primary-rt-l6p3z2w4",
              "Region": "us-east-1",
              "TaskID": "l6p3z2w4",
              "Team": "synth"
            },
            "timeouts": null,
            "vpc_id": "vpc-0ccb36d56852ef077"
          },
          "sensitive_attributes": [],
          "private": "eyJlMmJmYjczMC1lY2FhLTExZTYtOGY4OC0zNDM2M2JjN2M0YzAiOnsiY3JlYXRlIjozMDAwMDAwMDAwMDAsImRlbGV0ZSI6MzAwMDAwMDAwMDAwLCJ1cGRhdGUiOjEyMDAwMDAwMDAwMH19",
          "dependencies": [
            "aws_internet_gateway.primary",
            "aws_vpc.primary"
          ]
        }
      ]
    },
    {
      "mode": "managed",
      "type": "aws_route_table",
      "name": "secondary",
      "provider": "provider[\"registry.terraform.io/hashicorp/aws\"].secondary",
      "instances": [
        {
          "schema_version": 0,
          "attributes": {
            "arn": "arn:aws:ec2:us-west-2:342597974367:route-table/rtb-0ab7fbcb2339820d8",
            "id": "rtb-0ab7fbcb2339820d8",
            "owner_id": "342597974367",
            "propagating_vgws": [],
            "route": [
              {
                "carrier_gateway_id": "",
                "cidr_block": "0.0.0.0/0",
                "core_network_arn": "",
                "destination_prefix_list_id": "",
                "egress_only_gateway_id": "",
                "gateway_id": "igw-0ec2b63eff8ca10df",
                "ipv6_cidr_block": "",
                "local_gateway_id": "",
                "nat_gateway_id": "",
                "network_interface_id": "",
                "transit_gateway_id": "",
                "vpc_endpoint_id": "",
                "vpc_peering_connection_id": ""
              }
            ],
            "tags": {
              "DR-Tier": "critical",
              "Environment": "qa",
              "ManagedBy": "terraform",
              "Name": "aurora-dr-secondary-rt-l6p3z2w4",
              "Region": "us-west-2",
              "TaskID": "l6p3z2w4",
              "Team": "synth"
            },
            "tags_all": {
              "DR-Tier": "critical",
              "Environment": "qa",
              "ManagedBy": "terraform",
              "Name": "aurora-dr-secondary-rt-l6p3z2w4",
              "Region": "us-west-2",
              "TaskID": "l6p3z2w4",
              "Team": "synth"
            },
            "timeouts": null,
            "vpc_id": "vpc-0588089c30c4f2e07"
          },
          "sensitive_attributes": [],
          "private": "eyJlMmJmYjczMC1lY2FhLTExZTYtOGY4OC0zNDM2M2JjN2M0YzAiOnsiY3JlYXRlIjozMDAwMDAwMDAwMDAsImRlbGV0ZSI6MzAwMDAwMDAwMDAwLCJ1cGRhdGUiOjEyMDAwMDAwMDAwMH19",
          "dependencies": [
            "aws_internet_gateway.secondary",
            "aws_vpc.secondary"
          ]
        }
      ]
    },
    {
      "mode": "managed",
      "type": "aws_route_table_association",
      "name": "primary",
      "provider": "provider[\"registry.terraform.io/hashicorp/aws\"]",
      "instances": [
        {
          "index_key": 0,
          "schema_version": 0,
          "attributes": {
            "gateway_id": "",
            "id": "rtbassoc-0584a94153dff5aad",
            "route_table_id": "rtb-06ce4e08050553933",
            "subnet_id": "subnet-05d6abcca4ffc5bff",
            "timeouts": null
          },
          "sensitive_attributes": [],
          "private": "eyJlMmJmYjczMC1lY2FhLTExZTYtOGY4OC0zNDM2M2JjN2M0YzAiOnsiY3JlYXRlIjozMDAwMDAwMDAwMDAsImRlbGV0ZSI6MzAwMDAwMDAwMDAwLCJ1cGRhdGUiOjEyMDAwMDAwMDAwMH19",
          "dependencies": [
            "aws_internet_gateway.primary",
            "aws_route_table.primary",
            "aws_subnet.primary",
            "aws_vpc.primary",
            "data.aws_availability_zones.primary"
          ]
        },
        {
          "index_key": 1,
          "schema_version": 0,
          "attributes": {
            "gateway_id": "",
            "id": "rtbassoc-06919ec1d6e267d2a",
            "route_table_id": "rtb-06ce4e08050553933",
            "subnet_id": "subnet-009cac915aab65954",
            "timeouts": null
          },
          "sensitive_attributes": [],
          "private": "eyJlMmJmYjczMC1lY2FhLTExZTYtOGY4OC0zNDM2M2JjN2M0YzAiOnsiY3JlYXRlIjozMDAwMDAwMDAwMDAsImRlbGV0ZSI6MzAwMDAwMDAwMDAwLCJ1cGRhdGUiOjEyMDAwMDAwMDAwMH19",
          "dependencies": [
            "aws_internet_gateway.primary",
            "aws_route_table.primary",
            "aws_subnet.primary",
            "aws_vpc.primary",
            "data.aws_availability_zones.primary"
          ]
        },
        {
          "index_key": 2,
          "schema_version": 0,
          "attributes": {
            "gateway_id": "",
            "id": "rtbassoc-0c5dbcf55976660f1",
            "route_table_id": "rtb-06ce4e08050553933",
            "subnet_id": "subnet-0366a44cecc254f35",
            "timeouts": null
          },
          "sensitive_attributes": [],
          "private": "eyJlMmJmYjczMC1lY2FhLTExZTYtOGY4OC0zNDM2M2JjN2M0YzAiOnsiY3JlYXRlIjozMDAwMDAwMDAwMDAsImRlbGV0ZSI6MzAwMDAwMDAwMDAwLCJ1cGRhdGUiOjEyMDAwMDAwMDAwMH19",
          "dependencies": [
            "aws_internet_gateway.primary",
            "aws_route_table.primary",
            "aws_subnet.primary",
            "aws_vpc.primary",
            "data.aws_availability_zones.primary"
          ]
        }
      ]
    },
    {
      "mode": "managed",
      "type": "aws_route_table_association",
      "name": "secondary",
      "provider": "provider[\"registry.terraform.io/hashicorp/aws\"].secondary",
      "instances": [
        {
          "index_key": 0,
          "schema_version": 0,
          "attributes": {
            "gateway_id": "",
            "id": "rtbassoc-0c400a0990dcdc26a",
            "route_table_id": "rtb-0ab7fbcb2339820d8",
            "subnet_id": "subnet-098c243ee1712979a",
            "timeouts": null
          },
          "sensitive_attributes": [],
          "private": "eyJlMmJmYjczMC1lY2FhLTExZTYtOGY4OC0zNDM2M2JjN2M0YzAiOnsiY3JlYXRlIjozMDAwMDAwMDAwMDAsImRlbGV0ZSI6MzAwMDAwMDAwMDAwLCJ1cGRhdGUiOjEyMDAwMDAwMDAwMH19",
          "dependencies": [
            "aws_internet_gateway.secondary",
            "aws_route_table.secondary",
            "aws_subnet.secondary",
            "aws_vpc.secondary",
            "data.aws_availability_zones.secondary"
          ]
        },
        {
          "index_key": 1,
          "schema_version": 0,
          "attributes": {
            "gateway_id": "",
            "id": "rtbassoc-0f388592052beeedb",
            "route_table_id": "rtb-0ab7fbcb2339820d8",
            "subnet_id": "subnet-023fc60e69b87d178",
            "timeouts": null
          },
          "sensitive_attributes": [],
          "private": "eyJlMmJmYjczMC1lY2FhLTExZTYtOGY4OC0zNDM2M2JjN2M0YzAiOnsiY3JlYXRlIjozMDAwMDAwMDAwMDAsImRlbGV0ZSI6MzAwMDAwMDAwMDAwLCJ1cGRhdGUiOjEyMDAwMDAwMDAwMH19",
          "dependencies": [
            "aws_internet_gateway.secondary",
            "aws_route_table.secondary",
            "aws_subnet.secondary",
            "aws_vpc.secondary",
            "data.aws_availability_zones.secondary"
          ]
        },
        {
          "index_key": 2,
          "schema_version": 0,
          "attributes": {
            "gateway_id": "",
            "id": "rtbassoc-0c098152fdb5374a4",
            "route_table_id": "rtb-0ab7fbcb2339820d8",
            "subnet_id": "subnet-085d7c9823e569a25",
            "timeouts": null
          },
          "sensitive_attributes": [],
          "private": "eyJlMmJmYjczMC1lY2FhLTExZTYtOGY4OC0zNDM2M2JjN2M0YzAiOnsiY3JlYXRlIjozMDAwMDAwMDAwMDAsImRlbGV0ZSI6MzAwMDAwMDAwMDAwLCJ1cGRhdGUiOjEyMDAwMDAwMDAwMH19",
          "dependencies": [
            "aws_internet_gateway.secondary",
            "aws_route_table.secondary",
            "aws_subnet.secondary",
            "aws_vpc.secondary",
            "data.aws_availability_zones.secondary"
          ]
        }
      ]
    },
    {
      "mode": "managed",
      "type": "aws_s3_bucket",
      "name": "primary_backup",
      "provider": "provider[\"registry.terraform.io/hashicorp/aws\"]",
      "instances": [
        {
          "schema_version": 0,
          "attributes": {
            "acceleration_status": "",
            "acl": null,
            "arn": "arn:aws:s3:::db-exports-primary-l6p3z2w4-342597974367",
            "bucket": "db-exports-primary-l6p3z2w4-342597974367",
            "bucket_domain_name": "db-exports-primary-l6p3z2w4-342597974367.s3.amazonaws.com",
            "bucket_prefix": "",
            "bucket_regional_domain_name": "db-exports-primary-l6p3z2w4-342597974367.s3.us-east-1.amazonaws.com",
            "cors_rule": [],
            "force_destroy": false,
            "grant": [
              {
                "id": "5e11009481664687bf1ec517a9c41894392b4a057b0b19eeaaf7779a17ba0490",
                "permissions": [
                  "FULL_CONTROL"
                ],
                "type": "CanonicalUser",
                "uri": ""
              }
            ],
            "hosted_zone_id": "Z3AQBSTGFYJSTF",
            "id": "db-exports-primary-l6p3z2w4-342597974367",
            "lifecycle_rule": [
              {
                "abort_incomplete_multipart_upload_days": 0,
                "enabled": true,
                "expiration": [
                  {
                    "date": "",
                    "days": 365,
                    "expired_object_delete_marker": false
                  }
                ],
                "id": "transition-to-glacier",
                "noncurrent_version_expiration": [],
                "noncurrent_version_transition": [],
                "prefix": "",
                "tags": {},
                "transition": [
                  {
                    "date": "",
                    "days": 30,
                    "storage_class": "GLACIER"
                  }
                ]
              },
              {
                "abort_incomplete_multipart_upload_days": 0,
                "enabled": true,
                "expiration": [],
                "id": "delete-old-versions",
                "noncurrent_version_expiration": [
                  {
                    "days": 90
                  }
                ],
                "noncurrent_version_transition": [],
                "prefix": "",
                "tags": {},
                "transition": []
              }
            ],
            "logging": [],
            "object_lock_configuration": [],
            "object_lock_enabled": false,
            "policy": "",
            "region": "us-east-1",
            "replication_configuration": [
              {
                "role": "arn:aws:iam::342597974367:role/s3-replication-role-l6p3z2w4",
                "rules": [
                  {
                    "delete_marker_replication_status": "Enabled",
                    "destination": [
                      {
                        "access_control_translation": [],
                        "account_id": "",
                        "bucket": "arn:aws:s3:::db-exports-secondary-l6p3z2w4-342597974367",
                        "metrics": [],
                        "replica_kms_key_id": "",
                        "replication_time": [],
                        "storage_class": "STANDARD"
                      }
                    ],
                    "filter": [
                      {
                        "prefix": null,
                        "tags": null
                      }
                    ],
                    "id": "replicate-all",
                    "prefix": "",
                    "priority": 0,
                    "source_selection_criteria": [],
                    "status": "Enabled"
                  }
                ]
              }
            ],
            "request_payer": "BucketOwner",
            "server_side_encryption_configuration": [
              {
                "rule": [
                  {
                    "apply_server_side_encryption_by_default": [
                      {
                        "kms_master_key_id": "",
                        "sse_algorithm": "AES256"
                      }
                    ],
                    "bucket_key_enabled": false
                  }
                ]
              }
            ],
            "tags": {
              "DR-Tier": "critical",
              "Environment": "qa",
              "ManagedBy": "terraform",
              "Name": "db-exports-primary-l6p3z2w4",
              "Region": "us-east-1",
              "TaskID": "l6p3z2w4",
              "Team": "synth"
            },
            "tags_all": {
              "DR-Tier": "critical",
              "Environment": "qa",
              "ManagedBy": "terraform",
              "Name": "db-exports-primary-l6p3z2w4",
              "Region": "us-east-1",
              "TaskID": "l6p3z2w4",
              "Team": "synth"
            },
            "timeouts": null,
            "versioning": [
              {
                "enabled": true,
                "mfa_delete": false
              }
            ],
            "website": [],
            "website_domain": null,
            "website_endpoint": null
          },
          "sensitive_attributes": [],
          "private": "eyJlMmJmYjczMC1lY2FhLTExZTYtOGY4OC0zNDM2M2JjN2M0YzAiOnsiY3JlYXRlIjoxMjAwMDAwMDAwMDAwLCJkZWxldGUiOjM2MDAwMDAwMDAwMDAsInJlYWQiOjEyMDAwMDAwMDAwMDAsInVwZGF0ZSI6MTIwMDAwMDAwMDAwMH19",
          "dependencies": [
            "data.aws_caller_identity.current"
          ]
        }
      ]
    },
    {
      "mode": "managed",
      "type": "aws_s3_bucket",
      "name": "secondary_backup",
      "provider": "provider[\"registry.terraform.io/hashicorp/aws\"].secondary",
      "instances": [
        {
          "schema_version": 0,
          "attributes": {
            "acceleration_status": "",
            "acl": null,
            "arn": "arn:aws:s3:::db-exports-secondary-l6p3z2w4-342597974367",
            "bucket": "db-exports-secondary-l6p3z2w4-342597974367",
            "bucket_domain_name": "db-exports-secondary-l6p3z2w4-342597974367.s3.amazonaws.com",
            "bucket_prefix": "",
            "bucket_regional_domain_name": "db-exports-secondary-l6p3z2w4-342597974367.s3.us-west-2.amazonaws.com",
            "cors_rule": [],
            "force_destroy": false,
            "grant": [
              {
                "id": "5e11009481664687bf1ec517a9c41894392b4a057b0b19eeaaf7779a17ba0490",
                "permissions": [
                  "FULL_CONTROL"
                ],
                "type": "CanonicalUser",
                "uri": ""
              }
            ],
            "hosted_zone_id": "Z3BJ6K6RIION7M",
            "id": "db-exports-secondary-l6p3z2w4-342597974367",
            "lifecycle_rule": [],
            "logging": [],
            "object_lock_configuration": [],
            "object_lock_enabled": false,
            "policy": "",
            "region": "us-west-2",
            "replication_configuration": [],
            "request_payer": "BucketOwner",
            "server_side_encryption_configuration": [
              {
                "rule": [
                  {
                    "apply_server_side_encryption_by_default": [
                      {
                        "kms_master_key_id": "",
                        "sse_algorithm": "AES256"
                      }
                    ],
                    "bucket_key_enabled": false
                  }
                ]
              }
            ],
            "tags": {
              "DR-Tier": "critical",
              "Environment": "qa",
              "ManagedBy": "terraform",
              "Name": "db-exports-secondary-l6p3z2w4",
              "Region": "us-west-2",
              "TaskID": "l6p3z2w4",
              "Team": "synth"
            },
            "tags_all": {
              "DR-Tier": "critical",
              "Environment": "qa",
              "ManagedBy": "terraform",
              "Name": "db-exports-secondary-l6p3z2w4",
              "Region": "us-west-2",
              "TaskID": "l6p3z2w4",
              "Team": "synth"
            },
            "timeouts": null,
            "versioning": [
              {
                "enabled": true,
                "mfa_delete": false
              }
            ],
            "website": [],
            "website_domain": null,
            "website_endpoint": null
          },
          "sensitive_attributes": [],
          "private": "eyJlMmJmYjczMC1lY2FhLTExZTYtOGY4OC0zNDM2M2JjN2M0YzAiOnsiY3JlYXRlIjoxMjAwMDAwMDAwMDAwLCJkZWxldGUiOjM2MDAwMDAwMDAwMDAsInJlYWQiOjEyMDAwMDAwMDAwMDAsInVwZGF0ZSI6MTIwMDAwMDAwMDAwMH19",
          "dependencies": [
            "data.aws_caller_identity.current"
          ]
        }
      ]
    },
    {
      "mode": "managed",
      "type": "aws_s3_bucket_lifecycle_configuration",
      "name": "primary_backup",
      "provider": "provider[\"registry.terraform.io/hashicorp/aws\"]",
      "instances": [
        {
          "schema_version": 1,
          "attributes": {
            "bucket": "db-exports-primary-l6p3z2w4-342597974367",
            "expected_bucket_owner": "",
            "id": "db-exports-primary-l6p3z2w4-342597974367",
            "rule": [
              {
                "abort_incomplete_multipart_upload": [],
                "expiration": [
                  {
                    "date": null,
                    "days": 365,
                    "expired_object_delete_marker": false
                  }
                ],
                "filter": [
                  {
                    "and": [],
                    "object_size_greater_than": null,
                    "object_size_less_than": null,
                    "prefix": "",
                    "tag": []
                  }
                ],
                "id": "transition-to-glacier",
                "noncurrent_version_expiration": [],
                "noncurrent_version_transition": [],
                "prefix": "",
                "status": "Enabled",
                "transition": [
                  {
                    "date": null,
                    "days": 30,
                    "storage_class": "GLACIER"
                  }
                ]
              },
              {
                "abort_incomplete_multipart_upload": [],
                "expiration": [],
                "filter": [
                  {
                    "and": [],
                    "object_size_greater_than": null,
                    "object_size_less_than": null,
                    "prefix": "",
                    "tag": []
                  }
                ],
                "id": "delete-old-versions",
                "noncurrent_version_expiration": [
                  {
                    "newer_noncurrent_versions": null,
                    "noncurrent_days": 90
                  }
                ],
                "noncurrent_version_transition": [],
                "prefix": "",
                "status": "Enabled",
                "transition": []
              }
            ],
            "timeouts": null,
            "transition_default_minimum_object_size": "all_storage_classes_128K"
          },
          "sensitive_attributes": [],
          "dependencies": [
            "aws_s3_bucket.primary_backup",
            "data.aws_caller_identity.current"
          ]
        }
      ]
    },
    {
      "mode": "managed",
      "type": "aws_s3_bucket_public_access_block",
      "name": "primary_backup",
      "provider": "provider[\"registry.terraform.io/hashicorp/aws\"]",
      "instances": [
        {
          "schema_version": 0,
          "attributes": {
            "block_public_acls": true,
            "block_public_policy": true,
            "bucket": "db-exports-primary-l6p3z2w4-342597974367",
            "id": "db-exports-primary-l6p3z2w4-342597974367",
            "ignore_public_acls": true,
            "restrict_public_buckets": true
          },
          "sensitive_attributes": [],
          "private": "bnVsbA==",
          "dependencies": [
            "aws_s3_bucket.primary_backup",
            "data.aws_caller_identity.current"
          ]
        }
      ]
    },
    {
      "mode": "managed",
      "type": "aws_s3_bucket_public_access_block",
      "name": "secondary_backup",
      "provider": "provider[\"registry.terraform.io/hashicorp/aws\"].secondary",
      "instances": [
        {
          "schema_version": 0,
          "attributes": {
            "block_public_acls": true,
            "block_public_policy": true,
            "bucket": "db-exports-secondary-l6p3z2w4-342597974367",
            "id": "db-exports-secondary-l6p3z2w4-342597974367",
            "ignore_public_acls": true,
            "restrict_public_buckets": true
          },
          "sensitive_attributes": [],
          "private": "bnVsbA==",
          "dependencies": [
            "aws_s3_bucket.secondary_backup",
            "data.aws_caller_identity.current"
          ]
        }
      ]
    },
    {
      "mode": "managed",
      "type": "aws_s3_bucket_replication_configuration",
      "name": "primary_to_secondary",
      "provider": "provider[\"registry.terraform.io/hashicorp/aws\"]",
      "instances": [
        {
          "schema_version": 0,
          "attributes": {
            "bucket": "db-exports-primary-l6p3z2w4-342597974367",
            "id": "db-exports-primary-l6p3z2w4-342597974367",
            "role": "arn:aws:iam::342597974367:role/s3-replication-role-l6p3z2w4",
            "rule": [
              {
                "delete_marker_replication": [
                  {
                    "status": "Enabled"
                  }
                ],
                "destination": [
                  {
                    "access_control_translation": [],
                    "account": "",
                    "bucket": "arn:aws:s3:::db-exports-secondary-l6p3z2w4-342597974367",
                    "encryption_configuration": [],
                    "metrics": [],
                    "replication_time": [],
                    "storage_class": "STANDARD"
                  }
                ],
                "existing_object_replication": [],
                "filter": [
                  {
                    "and": [],
                    "prefix": null,
                    "tag": []
                  }
                ],
                "id": "replicate-all",
                "prefix": "",
                "priority": 0,
                "source_selection_criteria": [],
                "status": "Enabled"
              }
            ],
            "token": null
          },
          "sensitive_attributes": [],
          "private": "bnVsbA==",
          "dependencies": [
            "aws_iam_role.replication",
            "aws_s3_bucket.primary_backup",
            "aws_s3_bucket.secondary_backup",
            "aws_s3_bucket_versioning.primary_backup",
            "data.aws_caller_identity.current"
          ]
        }
      ]
    },
    {
      "mode": "managed",
      "type": "aws_s3_bucket_server_side_encryption_configuration",
      "name": "primary_backup",
      "provider": "provider[\"registry.terraform.io/hashicorp/aws\"]",
      "instances": [
        {
          "schema_version": 0,
          "attributes": {
            "bucket": "db-exports-primary-l6p3z2w4-342597974367",
            "expected_bucket_owner": "",
            "id": "db-exports-primary-l6p3z2w4-342597974367",
            "rule": [
              {
                "apply_server_side_encryption_by_default": [
                  {
                    "kms_master_key_id": "",
                    "sse_algorithm": "AES256"
                  }
                ],
                "bucket_key_enabled": false
              }
            ]
          },
          "sensitive_attributes": [],
          "private": "bnVsbA==",
          "dependencies": [
            "aws_s3_bucket.primary_backup",
            "data.aws_caller_identity.current"
          ]
        }
      ]
    },
    {
      "mode": "managed",
      "type": "aws_s3_bucket_server_side_encryption_configuration",
      "name": "secondary_backup",
      "provider": "provider[\"registry.terraform.io/hashicorp/aws\"].secondary",
      "instances": [
        {
          "schema_version": 0,
          "attributes": {
            "bucket": "db-exports-secondary-l6p3z2w4-342597974367",
            "expected_bucket_owner": "",
            "id": "db-exports-secondary-l6p3z2w4-342597974367",
            "rule": [
              {
                "apply_server_side_encryption_by_default": [
                  {
                    "kms_master_key_id": "",
                    "sse_algorithm": "AES256"
                  }
                ],
                "bucket_key_enabled": false
              }
            ]
          },
          "sensitive_attributes": [],
          "private": "bnVsbA==",
          "dependencies": [
            "aws_s3_bucket.secondary_backup",
            "data.aws_caller_identity.current"
          ]
        }
      ]
    },
    {
      "mode": "managed",
      "type": "aws_s3_bucket_versioning",
      "name": "primary_backup",
      "provider": "provider[\"registry.terraform.io/hashicorp/aws\"]",
      "instances": [
        {
          "schema_version": 0,
          "attributes": {
            "bucket": "db-exports-primary-l6p3z2w4-342597974367",
            "expected_bucket_owner": "",
            "id": "db-exports-primary-l6p3z2w4-342597974367",
            "mfa": null,
            "versioning_configuration": [
              {
                "mfa_delete": "",
                "status": "Enabled"
              }
            ]
          },
          "sensitive_attributes": [],
          "private": "bnVsbA==",
          "dependencies": [
            "aws_s3_bucket.primary_backup",
            "data.aws_caller_identity.current"
          ]
        }
      ]
    },
    {
      "mode": "managed",
      "type": "aws_s3_bucket_versioning",
      "name": "secondary_backup",
      "provider": "provider[\"registry.terraform.io/hashicorp/aws\"].secondary",
      "instances": [
        {
          "schema_version": 0,
          "attributes": {
            "bucket": "db-exports-secondary-l6p3z2w4-342597974367",
            "expected_bucket_owner": "",
            "id": "db-exports-secondary-l6p3z2w4-342597974367",
            "mfa": null,
            "versioning_configuration": [
              {
                "mfa_delete": "",
                "status": "Enabled"
              }
            ]
          },
          "sensitive_attributes": [],
          "private": "bnVsbA==",
          "dependencies": [
            "aws_s3_bucket.secondary_backup",
            "data.aws_caller_identity.current"
          ]
        }
      ]
    },
    {
      "mode": "managed",
      "type": "aws_secretsmanager_secret",
      "name": "primary_db",
      "provider": "provider[\"registry.terraform.io/hashicorp/aws\"]",
      "instances": [
        {
          "schema_version": 0,
          "attributes": {
            "arn": "arn:aws:secretsmanager:us-east-1:342597974367:secret:rds-master-password-primary-l6p3z2w4-en6ZRM",
            "description": "Master password for RDS Aurora in us-east-1",
            "force_overwrite_replica_secret": false,
            "id": "arn:aws:secretsmanager:us-east-1:342597974367:secret:rds-master-password-primary-l6p3z2w4-en6ZRM",
            "kms_key_id": "",
            "name": "rds-master-password-primary-l6p3z2w4",
            "name_prefix": "",
            "policy": "",
            "recovery_window_in_days": 7,
            "replica": [],
            "tags": {
              "DR-Tier": "critical",
              "Environment": "qa",
              "ManagedBy": "terraform",
              "Name": "rds-secret-primary-l6p3z2w4",
              "Region": "us-east-1",
              "TaskID": "l6p3z2w4",
              "Team": "synth"
            },
            "tags_all": {
              "DR-Tier": "critical",
              "Environment": "qa",
              "ManagedBy": "terraform",
              "Name": "rds-secret-primary-l6p3z2w4",
              "Region": "us-east-1",
              "TaskID": "l6p3z2w4",
              "Team": "synth"
            }
          },
          "sensitive_attributes": [],
          "private": "bnVsbA=="
        }
      ]
    },
    {
      "mode": "managed",
      "type": "aws_secretsmanager_secret",
      "name": "secondary_db",
      "provider": "provider[\"registry.terraform.io/hashicorp/aws\"].secondary",
      "instances": [
        {
          "schema_version": 0,
          "attributes": {
            "arn": "arn:aws:secretsmanager:us-west-2:342597974367:secret:rds-master-password-secondary-l6p3z2w4-CdnMu6",
            "description": "Master password for RDS Aurora in us-west-2",
            "force_overwrite_replica_secret": false,
            "id": "arn:aws:secretsmanager:us-west-2:342597974367:secret:rds-master-password-secondary-l6p3z2w4-CdnMu6",
            "kms_key_id": "",
            "name": "rds-master-password-secondary-l6p3z2w4",
            "name_prefix": "",
            "policy": "",
            "recovery_window_in_days": 7,
            "replica": [],
            "tags": {
              "DR-Tier": "critical",
              "Environment": "qa",
              "ManagedBy": "terraform",
              "Name": "rds-secret-secondary-l6p3z2w4",
              "Region": "us-west-2",
              "TaskID": "l6p3z2w4",
              "Team": "synth"
            },
            "tags_all": {
              "DR-Tier": "critical",
              "Environment": "qa",
              "ManagedBy": "terraform",
              "Name": "rds-secret-secondary-l6p3z2w4",
              "Region": "us-west-2",
              "TaskID": "l6p3z2w4",
              "Team": "synth"
            }
          },
          "sensitive_attributes": [],
          "private": "bnVsbA=="
        }
      ]
    },
    {
      "mode": "managed",
      "type": "aws_secretsmanager_secret_version",
      "name": "primary_db",
      "provider": "provider[\"registry.terraform.io/hashicorp/aws\"]",
      "instances": [
        {
          "schema_version": 0,
          "attributes": {
            "arn": "arn:aws:secretsmanager:us-east-1:342597974367:secret:rds-master-password-primary-l6p3z2w4-en6ZRM",
            "has_secret_string_wo": null,
            "id": "arn:aws:secretsmanager:us-east-1:342597974367:secret:rds-master-password-primary-l6p3z2w4-en6ZRM|terraform-20251125213051967100000001",
            "secret_binary": "",
            "secret_id": "arn:aws:secretsmanager:us-east-1:342597974367:secret:rds-master-password-primary-l6p3z2w4-en6ZRM",
            "secret_string": "{\"dbname\":\"transactiondb\",\"engine\":\"postgres\",\"host\":\"aurora-primary-l6p3z2w4.cluster-covy6ema0nuv.us-east-1.rds.amazonaws.com\",\"password\":\"z\\u003e?FM:lxsPcbinv_\",\"port\":5432,\"username\":\"dbadmin\"}",
            "secret_string_wo": null,
            "secret_string_wo_version": null,
            "version_id": "terraform-20251125213051967100000001",
            "version_stages": [
              "AWSCURRENT"
            ]
          },
          "sensitive_attributes": [
            [
              {
                "type": "get_attr",
                "value": "secret_string"
              }
            ]
          ],
          "private": "bnVsbA==",
          "dependencies": [
            "aws_db_subnet_group.primary",
            "aws_kms_key.primary_db",
            "aws_rds_cluster.primary",
            "aws_rds_cluster_parameter_group.primary",
            "aws_secretsmanager_secret.primary_db",
            "aws_security_group.primary_db",
            "aws_subnet.primary",
            "aws_vpc.primary",
            "data.aws_availability_zones.primary",
            "random_password.master_password"
          ]
        }
      ]
    },
    {
      "mode": "managed",
      "type": "aws_security_group",
      "name": "primary_db",
      "provider": "provider[\"registry.terraform.io/hashicorp/aws\"]",
      "instances": [
        {
          "schema_version": 1,
          "attributes": {
            "arn": "arn:aws:ec2:us-east-1:342597974367:security-group/sg-01d587665ed14dc1a",
            "description": "Security group for RDS Aurora primary cluster",
            "egress": [
              {
                "cidr_blocks": [
                  "0.0.0.0/0"
                ],
                "description": "Allow all outbound traffic",
                "from_port": 0,
                "ipv6_cidr_blocks": [],
                "prefix_list_ids": [],
                "protocol": "-1",
                "security_groups": [],
                "self": false,
                "to_port": 0
              }
            ],
            "id": "sg-01d587665ed14dc1a",
            "ingress": [
              {
                "cidr_blocks": [
                  "10.0.1.0/24",
                  "10.0.2.0/24",
                  "10.0.3.0/24"
                ],
                "description": "Allow PostgreSQL access from application subnets",
                "from_port": 5432,
                "ipv6_cidr_blocks": [],
                "prefix_list_ids": [],
                "protocol": "tcp",
                "security_groups": [],
                "self": false,
                "to_port": 5432
              }
            ],
            "name": "rds-aurora-primary-l6p3z2w4",
            "name_prefix": "",
            "owner_id": "342597974367",
            "revoke_rules_on_delete": false,
            "tags": {
              "DR-Tier": "critical",
              "Environment": "qa",
              "ManagedBy": "terraform",
              "Name": "rds-sg-primary-l6p3z2w4",
              "Region": "us-east-1",
              "TaskID": "l6p3z2w4",
              "Team": "synth"
            },
            "tags_all": {
              "DR-Tier": "critical",
              "Environment": "qa",
              "ManagedBy": "terraform",
              "Name": "rds-sg-primary-l6p3z2w4",
              "Region": "us-east-1",
              "TaskID": "l6p3z2w4",
              "Team": "synth"
            },
            "timeouts": null,
            "vpc_id": "vpc-0ccb36d56852ef077"
          },
          "sensitive_attributes": [],
          "private": "eyJlMmJmYjczMC1lY2FhLTExZTYtOGY4OC0zNDM2M2JjN2M0YzAiOnsiY3JlYXRlIjo2MDAwMDAwMDAwMDAsImRlbGV0ZSI6OTAwMDAwMDAwMDAwfSwic2NoZW1hX3ZlcnNpb24iOiIxIn0=",
          "dependencies": [
            "aws_vpc.primary"
          ]
        }
      ]
    },
    {
      "mode": "managed",
      "type": "aws_security_group",
      "name": "secondary_db",
      "provider": "provider[\"registry.terraform.io/hashicorp/aws\"].secondary",
      "instances": [
        {
          "schema_version": 1,
          "attributes": {
            "arn": "arn:aws:ec2:us-west-2:342597974367:security-group/sg-0e3be954b956e18d3",
            "description": "Security group for RDS Aurora secondary cluster",
            "egress": [
              {
                "cidr_blocks": [
                  "0.0.0.0/0"
                ],
                "description": "Allow all outbound traffic",
                "from_port": 0,
                "ipv6_cidr_blocks": [],
                "prefix_list_ids": [],
                "protocol": "-1",
                "security_groups": [],
                "self": false,
                "to_port": 0
              }
            ],
            "id": "sg-0e3be954b956e18d3",
            "ingress": [
              {
                "cidr_blocks": [
                  "10.0.1.0/24",
                  "10.0.2.0/24",
                  "10.0.3.0/24"
                ],
                "description": "Allow PostgreSQL access from application subnets",
                "from_port": 5432,
                "ipv6_cidr_blocks": [],
                "prefix_list_ids": [],
                "protocol": "tcp",
                "security_groups": [],
                "self": false,
                "to_port": 5432
              }
            ],
            "name": "rds-aurora-secondary-l6p3z2w4",
            "name_prefix": "",
            "owner_id": "342597974367",
            "revoke_rules_on_delete": false,
            "tags": {
              "DR-Tier": "critical",
              "Environment": "qa",
              "ManagedBy": "terraform",
              "Name": "rds-sg-secondary-l6p3z2w4",
              "Region": "us-west-2",
              "TaskID": "l6p3z2w4",
              "Team": "synth"
            },
            "tags_all": {
              "DR-Tier": "critical",
              "Environment": "qa",
              "ManagedBy": "terraform",
              "Name": "rds-sg-secondary-l6p3z2w4",
              "Region": "us-west-2",
              "TaskID": "l6p3z2w4",
              "Team": "synth"
            },
            "timeouts": null,
            "vpc_id": "vpc-0588089c30c4f2e07"
          },
          "sensitive_attributes": [],
          "private": "eyJlMmJmYjczMC1lY2FhLTExZTYtOGY4OC0zNDM2M2JjN2M0YzAiOnsiY3JlYXRlIjo2MDAwMDAwMDAwMDAsImRlbGV0ZSI6OTAwMDAwMDAwMDAwfSwic2NoZW1hX3ZlcnNpb24iOiIxIn0=",
          "dependencies": [
            "aws_vpc.secondary"
          ]
        }
      ]
    },
    {
      "mode": "managed",
      "type": "aws_security_group_rule",
      "name": "primary_db_egress",
      "provider": "provider[\"registry.terraform.io/hashicorp/aws\"]",
      "instances": [
        {
          "schema_version": 2,
          "attributes": {
            "cidr_blocks": [
              "0.0.0.0/0"
            ],
            "description": "Allow all outbound traffic",
            "from_port": 0,
            "id": "sgrule-2596590993",
            "ipv6_cidr_blocks": null,
            "prefix_list_ids": null,
            "protocol": "-1",
            "security_group_id": "sg-01d587665ed14dc1a",
            "security_group_rule_id": "sgr-08f1a5bb11391c7fc",
            "self": false,
            "source_security_group_id": null,
            "timeouts": null,
            "to_port": 0,
            "type": "egress"
          },
          "sensitive_attributes": [],
          "private": "eyJlMmJmYjczMC1lY2FhLTExZTYtOGY4OC0zNDM2M2JjN2M0YzAiOnsiY3JlYXRlIjozMDAwMDAwMDAwMDB9LCJzY2hlbWFfdmVyc2lvbiI6IjIifQ==",
          "dependencies": [
            "aws_security_group.primary_db",
            "aws_vpc.primary"
          ]
        }
      ]
    },
    {
      "mode": "managed",
      "type": "aws_security_group_rule",
      "name": "primary_db_ingress",
      "provider": "provider[\"registry.terraform.io/hashicorp/aws\"]",
      "instances": [
        {
          "schema_version": 2,
          "attributes": {
            "cidr_blocks": [
              "10.0.1.0/24",
              "10.0.2.0/24",
              "10.0.3.0/24"
            ],
            "description": "Allow PostgreSQL access from application subnets",
            "from_port": 5432,
            "id": "sgrule-4000236512",
            "ipv6_cidr_blocks": null,
            "prefix_list_ids": null,
            "protocol": "tcp",
            "security_group_id": "sg-01d587665ed14dc1a",
            "security_group_rule_id": "",
            "self": false,
            "source_security_group_id": null,
            "timeouts": null,
            "to_port": 5432,
            "type": "ingress"
          },
          "sensitive_attributes": [],
          "private": "eyJlMmJmYjczMC1lY2FhLTExZTYtOGY4OC0zNDM2M2JjN2M0YzAiOnsiY3JlYXRlIjozMDAwMDAwMDAwMDB9LCJzY2hlbWFfdmVyc2lvbiI6IjIifQ==",
          "dependencies": [
            "aws_security_group.primary_db",
            "aws_vpc.primary"
          ]
        }
      ]
    },
    {
      "mode": "managed",
      "type": "aws_security_group_rule",
      "name": "secondary_db_egress",
      "provider": "provider[\"registry.terraform.io/hashicorp/aws\"].secondary",
      "instances": [
        {
          "schema_version": 2,
          "attributes": {
            "cidr_blocks": [
              "0.0.0.0/0"
            ],
            "description": "Allow all outbound traffic",
            "from_port": 0,
            "id": "sgrule-1397574902",
            "ipv6_cidr_blocks": null,
            "prefix_list_ids": null,
            "protocol": "-1",
            "security_group_id": "sg-0e3be954b956e18d3",
            "security_group_rule_id": "sgr-0d66d4e37e6180864",
            "self": false,
            "source_security_group_id": null,
            "timeouts": null,
            "to_port": 0,
            "type": "egress"
          },
          "sensitive_attributes": [],
          "private": "eyJlMmJmYjczMC1lY2FhLTExZTYtOGY4OC0zNDM2M2JjN2M0YzAiOnsiY3JlYXRlIjozMDAwMDAwMDAwMDB9LCJzY2hlbWFfdmVyc2lvbiI6IjIifQ==",
          "dependencies": [
            "aws_security_group.secondary_db",
            "aws_vpc.secondary"
          ]
        }
      ]
    },
    {
      "mode": "managed",
      "type": "aws_security_group_rule",
      "name": "secondary_db_ingress",
      "provider": "provider[\"registry.terraform.io/hashicorp/aws\"].secondary",
      "instances": [
        {
          "schema_version": 2,
          "attributes": {
            "cidr_blocks": [
              "10.0.1.0/24",
              "10.0.2.0/24",
              "10.0.3.0/24"
            ],
            "description": "Allow PostgreSQL access from application subnets",
            "from_port": 5432,
            "id": "sgrule-453898738",
            "ipv6_cidr_blocks": null,
            "prefix_list_ids": null,
            "protocol": "tcp",
            "security_group_id": "sg-0e3be954b956e18d3",
            "security_group_rule_id": "",
            "self": false,
            "source_security_group_id": null,
            "timeouts": null,
            "to_port": 5432,
            "type": "ingress"
          },
          "sensitive_attributes": [],
          "private": "eyJlMmJmYjczMC1lY2FhLTExZTYtOGY4OC0zNDM2M2JjN2M0YzAiOnsiY3JlYXRlIjozMDAwMDAwMDAwMDB9LCJzY2hlbWFfdmVyc2lvbiI6IjIifQ==",
          "dependencies": [
            "aws_security_group.secondary_db",
            "aws_vpc.secondary"
          ]
        }
      ]
    },
    {
      "mode": "managed",
      "type": "aws_sns_topic",
      "name": "primary_db_events",
      "provider": "provider[\"registry.terraform.io/hashicorp/aws\"]",
      "instances": [
        {
          "schema_version": 0,
          "attributes": {
            "application_failure_feedback_role_arn": "",
            "application_success_feedback_role_arn": "",
            "application_success_feedback_sample_rate": 0,
            "archive_policy": "",
            "arn": "arn:aws:sns:us-east-1:342597974367:db-events-primary-l6p3z2w4",
            "beginning_archive_time": "",
            "content_based_deduplication": false,
            "delivery_policy": "",
            "display_name": "",
            "fifo_throughput_scope": "",
            "fifo_topic": false,
            "firehose_failure_feedback_role_arn": "",
            "firehose_success_feedback_role_arn": "",
            "firehose_success_feedback_sample_rate": 0,
            "http_failure_feedback_role_arn": "",
            "http_success_feedback_role_arn": "",
            "http_success_feedback_sample_rate": 0,
            "id": "arn:aws:sns:us-east-1:342597974367:db-events-primary-l6p3z2w4",
            "kms_master_key_id": "82e1e10a-ae8b-441a-8c52-7c53804224db",
            "lambda_failure_feedback_role_arn": "",
            "lambda_success_feedback_role_arn": "",
            "lambda_success_feedback_sample_rate": 0,
            "name": "db-events-primary-l6p3z2w4",
            "name_prefix": "",
            "owner": "342597974367",
            "policy": "{\"Id\":\"__default_policy_ID\",\"Statement\":[{\"Action\":[\"SNS:GetTopicAttributes\",\"SNS:SetTopicAttributes\",\"SNS:AddPermission\",\"SNS:RemovePermission\",\"SNS:DeleteTopic\",\"SNS:Subscribe\",\"SNS:ListSubscriptionsByTopic\",\"SNS:Publish\"],\"Condition\":{\"StringEquals\":{\"AWS:SourceOwner\":\"342597974367\"}},\"Effect\":\"Allow\",\"Principal\":{\"AWS\":\"*\"},\"Resource\":\"arn:aws:sns:us-east-1:342597974367:db-events-primary-l6p3z2w4\",\"Sid\":\"__default_statement_ID\"}],\"Version\":\"2008-10-17\"}",
            "signature_version": 0,
            "sqs_failure_feedback_role_arn": "",
            "sqs_success_feedback_role_arn": "",
            "sqs_success_feedback_sample_rate": 0,
            "tags": {
              "DR-Tier": "critical",
              "Environment": "qa",
              "ManagedBy": "terraform",
              "Name": "db-events-primary-l6p3z2w4",
              "Region": "us-east-1",
              "TaskID": "l6p3z2w4",
              "Team": "synth"
            },
            "tags_all": {
              "DR-Tier": "critical",
              "Environment": "qa",
              "ManagedBy": "terraform",
              "Name": "db-events-primary-l6p3z2w4",
              "Region": "us-east-1",
              "TaskID": "l6p3z2w4",
              "Team": "synth"
            },
            "tracing_config": ""
          },
          "sensitive_attributes": [],
          "private": "bnVsbA==",
          "dependencies": [
            "aws_kms_key.primary_sns"
          ]
        }
      ]
    },
    {
      "mode": "managed",
      "type": "aws_sns_topic",
      "name": "secondary_db_events",
      "provider": "provider[\"registry.terraform.io/hashicorp/aws\"].secondary",
      "instances": [
        {
          "schema_version": 0,
          "attributes": {
            "application_failure_feedback_role_arn": "",
            "application_success_feedback_role_arn": "",
            "application_success_feedback_sample_rate": 0,
            "archive_policy": "",
            "arn": "arn:aws:sns:us-west-2:342597974367:db-events-secondary-l6p3z2w4",
            "beginning_archive_time": "",
            "content_based_deduplication": false,
            "delivery_policy": "",
            "display_name": "",
            "fifo_throughput_scope": "",
            "fifo_topic": false,
            "firehose_failure_feedback_role_arn": "",
            "firehose_success_feedback_role_arn": "",
            "firehose_success_feedback_sample_rate": 0,
            "http_failure_feedback_role_arn": "",
            "http_success_feedback_role_arn": "",
            "http_success_feedback_sample_rate": 0,
            "id": "arn:aws:sns:us-west-2:342597974367:db-events-secondary-l6p3z2w4",
            "kms_master_key_id": "c9ef3e0b-bdb9-4c0b-89ad-c0430ee850fd",
            "lambda_failure_feedback_role_arn": "",
            "lambda_success_feedback_role_arn": "",
            "lambda_success_feedback_sample_rate": 0,
            "name": "db-events-secondary-l6p3z2w4",
            "name_prefix": "",
            "owner": "342597974367",
            "policy": "{\"Id\":\"__default_policy_ID\",\"Statement\":[{\"Action\":[\"SNS:GetTopicAttributes\",\"SNS:SetTopicAttributes\",\"SNS:AddPermission\",\"SNS:RemovePermission\",\"SNS:DeleteTopic\",\"SNS:Subscribe\",\"SNS:ListSubscriptionsByTopic\",\"SNS:Publish\"],\"Condition\":{\"StringEquals\":{\"AWS:SourceOwner\":\"342597974367\"}},\"Effect\":\"Allow\",\"Principal\":{\"AWS\":\"*\"},\"Resource\":\"arn:aws:sns:us-west-2:342597974367:db-events-secondary-l6p3z2w4\",\"Sid\":\"__default_statement_ID\"}],\"Version\":\"2008-10-17\"}",
            "signature_version": 0,
            "sqs_failure_feedback_role_arn": "",
            "sqs_success_feedback_role_arn": "",
            "sqs_success_feedback_sample_rate": 0,
            "tags": {
              "DR-Tier": "critical",
              "Environment": "qa",
              "ManagedBy": "terraform",
              "Name": "db-events-secondary-l6p3z2w4",
              "Region": "us-west-2",
              "TaskID": "l6p3z2w4",
              "Team": "synth"
            },
            "tags_all": {
              "DR-Tier": "critical",
              "Environment": "qa",
              "ManagedBy": "terraform",
              "Name": "db-events-secondary-l6p3z2w4",
              "Region": "us-west-2",
              "TaskID": "l6p3z2w4",
              "Team": "synth"
            },
            "tracing_config": ""
          },
          "sensitive_attributes": [],
          "private": "bnVsbA==",
          "dependencies": [
            "aws_kms_key.secondary_sns"
          ]
        }
      ]
    },
    {
      "mode": "managed",
      "type": "aws_sqs_queue",
      "name": "primary_dlq",
      "provider": "provider[\"registry.terraform.io/hashicorp/aws\"]",
      "instances": [
        {
          "schema_version": 0,
          "attributes": {
            "arn": "arn:aws:sqs:us-east-1:342597974367:db-events-dlq-primary-l6p3z2w4",
            "content_based_deduplication": false,
            "deduplication_scope": "",
            "delay_seconds": 0,
            "fifo_queue": false,
            "fifo_throughput_limit": "",
            "id": "https://sqs.us-east-1.amazonaws.com/342597974367/db-events-dlq-primary-l6p3z2w4",
            "kms_data_key_reuse_period_seconds": 300,
            "kms_master_key_id": "",
            "max_message_size": 262144,
            "message_retention_seconds": 1209600,
            "name": "db-events-dlq-primary-l6p3z2w4",
            "name_prefix": "",
            "policy": "{\"Statement\":[{\"Action\":\"sqs:SendMessage\",\"Condition\":{\"ArnEquals\":{\"aws:SourceArn\":\"arn:aws:sns:us-east-1:342597974367:db-events-primary-l6p3z2w4\"}},\"Effect\":\"Allow\",\"Principal\":{\"Service\":\"sns.amazonaws.com\"},\"Resource\":\"arn:aws:sqs:us-east-1:342597974367:db-events-dlq-primary-l6p3z2w4\"}],\"Version\":\"2012-10-17\"}",
            "receive_wait_time_seconds": 0,
            "redrive_allow_policy": "",
            "redrive_policy": "",
            "sqs_managed_sse_enabled": true,
            "tags": {
              "DR-Tier": "critical",
              "Environment": "qa",
              "ManagedBy": "terraform",
              "Name": "db-events-dlq-primary-l6p3z2w4",
              "Region": "us-east-1",
              "TaskID": "l6p3z2w4",
              "Team": "synth"
            },
            "tags_all": {
              "DR-Tier": "critical",
              "Environment": "qa",
              "ManagedBy": "terraform",
              "Name": "db-events-dlq-primary-l6p3z2w4",
              "Region": "us-east-1",
              "TaskID": "l6p3z2w4",
              "Team": "synth"
            },
            "timeouts": null,
            "url": "https://sqs.us-east-1.amazonaws.com/342597974367/db-events-dlq-primary-l6p3z2w4",
            "visibility_timeout_seconds": 30
          },
          "sensitive_attributes": [],
          "private": "eyJlMmJmYjczMC1lY2FhLTExZTYtOGY4OC0zNDM2M2JjN2M0YzAiOnsiY3JlYXRlIjoxODAwMDAwMDAwMDAsImRlbGV0ZSI6MTgwMDAwMDAwMDAwLCJ1cGRhdGUiOjE4MDAwMDAwMDAwMH19"
        }
      ]
    },
    {
      "mode": "managed",
      "type": "aws_sqs_queue",
      "name": "secondary_dlq",
      "provider": "provider[\"registry.terraform.io/hashicorp/aws\"].secondary",
      "instances": [
        {
          "schema_version": 0,
          "attributes": {
            "arn": "arn:aws:sqs:us-west-2:342597974367:db-events-dlq-secondary-l6p3z2w4",
            "content_based_deduplication": false,
            "deduplication_scope": "",
            "delay_seconds": 0,
            "fifo_queue": false,
            "fifo_throughput_limit": "",
            "id": "https://sqs.us-west-2.amazonaws.com/342597974367/db-events-dlq-secondary-l6p3z2w4",
            "kms_data_key_reuse_period_seconds": 300,
            "kms_master_key_id": "",
            "max_message_size": 262144,
            "message_retention_seconds": 1209600,
            "name": "db-events-dlq-secondary-l6p3z2w4",
            "name_prefix": "",
            "policy": "{\"Statement\":[{\"Action\":\"sqs:SendMessage\",\"Condition\":{\"ArnEquals\":{\"aws:SourceArn\":\"arn:aws:sns:us-west-2:342597974367:db-events-secondary-l6p3z2w4\"}},\"Effect\":\"Allow\",\"Principal\":{\"Service\":\"sns.amazonaws.com\"},\"Resource\":\"arn:aws:sqs:us-west-2:342597974367:db-events-dlq-secondary-l6p3z2w4\"}],\"Version\":\"2012-10-17\"}",
            "receive_wait_time_seconds": 0,
            "redrive_allow_policy": "",
            "redrive_policy": "",
            "sqs_managed_sse_enabled": true,
            "tags": {
              "DR-Tier": "critical",
              "Environment": "qa",
              "ManagedBy": "terraform",
              "Name": "db-events-dlq-secondary-l6p3z2w4",
              "Region": "us-west-2",
              "TaskID": "l6p3z2w4",
              "Team": "synth"
            },
            "tags_all": {
              "DR-Tier": "critical",
              "Environment": "qa",
              "ManagedBy": "terraform",
              "Name": "db-events-dlq-secondary-l6p3z2w4",
              "Region": "us-west-2",
              "TaskID": "l6p3z2w4",
              "Team": "synth"
            },
            "timeouts": null,
            "url": "https://sqs.us-west-2.amazonaws.com/342597974367/db-events-dlq-secondary-l6p3z2w4",
            "visibility_timeout_seconds": 30
          },
          "sensitive_attributes": [],
          "private": "eyJlMmJmYjczMC1lY2FhLTExZTYtOGY4OC0zNDM2M2JjN2M0YzAiOnsiY3JlYXRlIjoxODAwMDAwMDAwMDAsImRlbGV0ZSI6MTgwMDAwMDAwMDAwLCJ1cGRhdGUiOjE4MDAwMDAwMDAwMH19"
        }
      ]
    },
    {
      "mode": "managed",
      "type": "aws_sqs_queue_policy",
      "name": "primary_dlq",
      "provider": "provider[\"registry.terraform.io/hashicorp/aws\"]",
      "instances": [
        {
          "schema_version": 1,
          "attributes": {
            "id": "https://sqs.us-east-1.amazonaws.com/342597974367/db-events-dlq-primary-l6p3z2w4",
            "policy": "{\"Statement\":[{\"Action\":\"sqs:SendMessage\",\"Condition\":{\"ArnEquals\":{\"aws:SourceArn\":\"arn:aws:sns:us-east-1:342597974367:db-events-primary-l6p3z2w4\"}},\"Effect\":\"Allow\",\"Principal\":{\"Service\":\"sns.amazonaws.com\"},\"Resource\":\"arn:aws:sqs:us-east-1:342597974367:db-events-dlq-primary-l6p3z2w4\"}],\"Version\":\"2012-10-17\"}",
            "queue_url": "https://sqs.us-east-1.amazonaws.com/342597974367/db-events-dlq-primary-l6p3z2w4"
          },
          "sensitive_attributes": [],
          "private": "eyJzY2hlbWFfdmVyc2lvbiI6IjEifQ==",
          "dependencies": [
            "aws_kms_key.primary_sns",
            "aws_sns_topic.primary_db_events",
            "aws_sqs_queue.primary_dlq"
          ]
        }
      ]
    },
    {
      "mode": "managed",
      "type": "aws_sqs_queue_policy",
      "name": "secondary_dlq",
      "provider": "provider[\"registry.terraform.io/hashicorp/aws\"].secondary",
      "instances": [
        {
          "schema_version": 1,
          "attributes": {
            "id": "https://sqs.us-west-2.amazonaws.com/342597974367/db-events-dlq-secondary-l6p3z2w4",
            "policy": "{\"Statement\":[{\"Action\":\"sqs:SendMessage\",\"Condition\":{\"ArnEquals\":{\"aws:SourceArn\":\"arn:aws:sns:us-west-2:342597974367:db-events-secondary-l6p3z2w4\"}},\"Effect\":\"Allow\",\"Principal\":{\"Service\":\"sns.amazonaws.com\"},\"Resource\":\"arn:aws:sqs:us-west-2:342597974367:db-events-dlq-secondary-l6p3z2w4\"}],\"Version\":\"2012-10-17\"}",
            "queue_url": "https://sqs.us-west-2.amazonaws.com/342597974367/db-events-dlq-secondary-l6p3z2w4"
          },
          "sensitive_attributes": [],
          "private": "eyJzY2hlbWFfdmVyc2lvbiI6IjEifQ==",
          "dependencies": [
            "aws_kms_key.secondary_sns",
            "aws_sns_topic.secondary_db_events",
            "aws_sqs_queue.secondary_dlq"
          ]
        }
      ]
    },
    {
      "mode": "managed",
      "type": "aws_subnet",
      "name": "primary",
      "provider": "provider[\"registry.terraform.io/hashicorp/aws\"]",
      "instances": [
        {
          "index_key": 0,
          "schema_version": 1,
          "attributes": {
            "arn": "arn:aws:ec2:us-east-1:342597974367:subnet/subnet-05d6abcca4ffc5bff",
            "assign_ipv6_address_on_creation": false,
            "availability_zone": "us-east-1a",
            "availability_zone_id": "use1-az1",
            "cidr_block": "10.0.0.0/24",
            "customer_owned_ipv4_pool": "",
            "enable_dns64": false,
            "enable_lni_at_device_index": 0,
            "enable_resource_name_dns_a_record_on_launch": false,
            "enable_resource_name_dns_aaaa_record_on_launch": false,
            "id": "subnet-05d6abcca4ffc5bff",
            "ipv6_cidr_block": "",
            "ipv6_cidr_block_association_id": "",
            "ipv6_native": false,
            "map_customer_owned_ip_on_launch": false,
            "map_public_ip_on_launch": false,
            "outpost_arn": "",
            "owner_id": "342597974367",
            "private_dns_hostname_type_on_launch": "ip-name",
            "tags": {
              "DR-Tier": "critical",
              "Environment": "qa",
              "ManagedBy": "terraform",
              "Name": "aurora-dr-primary-subnet-1-l6p3z2w4",
              "Region": "us-east-1",
              "TaskID": "l6p3z2w4",
              "Team": "synth"
            },
            "tags_all": {
              "DR-Tier": "critical",
              "Environment": "qa",
              "ManagedBy": "terraform",
              "Name": "aurora-dr-primary-subnet-1-l6p3z2w4",
              "Region": "us-east-1",
              "TaskID": "l6p3z2w4",
              "Team": "synth"
            },
            "timeouts": null,
            "vpc_id": "vpc-0ccb36d56852ef077"
          },
          "sensitive_attributes": [],
          "private": "eyJlMmJmYjczMC1lY2FhLTExZTYtOGY4OC0zNDM2M2JjN2M0YzAiOnsiY3JlYXRlIjo2MDAwMDAwMDAwMDAsImRlbGV0ZSI6MTIwMDAwMDAwMDAwMH0sInNjaGVtYV92ZXJzaW9uIjoiMSJ9",
          "dependencies": [
            "aws_vpc.primary",
            "data.aws_availability_zones.primary"
          ]
        },
        {
          "index_key": 1,
          "schema_version": 1,
          "attributes": {
            "arn": "arn:aws:ec2:us-east-1:342597974367:subnet/subnet-009cac915aab65954",
            "assign_ipv6_address_on_creation": false,
            "availability_zone": "us-east-1b",
            "availability_zone_id": "use1-az2",
            "cidr_block": "10.0.1.0/24",
            "customer_owned_ipv4_pool": "",
            "enable_dns64": false,
            "enable_lni_at_device_index": 0,
            "enable_resource_name_dns_a_record_on_launch": false,
            "enable_resource_name_dns_aaaa_record_on_launch": false,
            "id": "subnet-009cac915aab65954",
            "ipv6_cidr_block": "",
            "ipv6_cidr_block_association_id": "",
            "ipv6_native": false,
            "map_customer_owned_ip_on_launch": false,
            "map_public_ip_on_launch": false,
            "outpost_arn": "",
            "owner_id": "342597974367",
            "private_dns_hostname_type_on_launch": "ip-name",
            "tags": {
              "DR-Tier": "critical",
              "Environment": "qa",
              "ManagedBy": "terraform",
              "Name": "aurora-dr-primary-subnet-2-l6p3z2w4",
              "Region": "us-east-1",
              "TaskID": "l6p3z2w4",
              "Team": "synth"
            },
            "tags_all": {
              "DR-Tier": "critical",
              "Environment": "qa",
              "ManagedBy": "terraform",
              "Name": "aurora-dr-primary-subnet-2-l6p3z2w4",
              "Region": "us-east-1",
              "TaskID": "l6p3z2w4",
              "Team": "synth"
            },
            "timeouts": null,
            "vpc_id": "vpc-0ccb36d56852ef077"
          },
          "sensitive_attributes": [],
          "private": "eyJlMmJmYjczMC1lY2FhLTExZTYtOGY4OC0zNDM2M2JjN2M0YzAiOnsiY3JlYXRlIjo2MDAwMDAwMDAwMDAsImRlbGV0ZSI6MTIwMDAwMDAwMDAwMH0sInNjaGVtYV92ZXJzaW9uIjoiMSJ9",
          "dependencies": [
            "aws_vpc.primary",
            "data.aws_availability_zones.primary"
          ]
        },
        {
          "index_key": 2,
          "schema_version": 1,
          "attributes": {
            "arn": "arn:aws:ec2:us-east-1:342597974367:subnet/subnet-0366a44cecc254f35",
            "assign_ipv6_address_on_creation": false,
            "availability_zone": "us-east-1c",
            "availability_zone_id": "use1-az4",
            "cidr_block": "10.0.2.0/24",
            "customer_owned_ipv4_pool": "",
            "enable_dns64": false,
            "enable_lni_at_device_index": 0,
            "enable_resource_name_dns_a_record_on_launch": false,
            "enable_resource_name_dns_aaaa_record_on_launch": false,
            "id": "subnet-0366a44cecc254f35",
            "ipv6_cidr_block": "",
            "ipv6_cidr_block_association_id": "",
            "ipv6_native": false,
            "map_customer_owned_ip_on_launch": false,
            "map_public_ip_on_launch": false,
            "outpost_arn": "",
            "owner_id": "342597974367",
            "private_dns_hostname_type_on_launch": "ip-name",
            "tags": {
              "DR-Tier": "critical",
              "Environment": "qa",
              "ManagedBy": "terraform",
              "Name": "aurora-dr-primary-subnet-3-l6p3z2w4",
              "Region": "us-east-1",
              "TaskID": "l6p3z2w4",
              "Team": "synth"
            },
            "tags_all": {
              "DR-Tier": "critical",
              "Environment": "qa",
              "ManagedBy": "terraform",
              "Name": "aurora-dr-primary-subnet-3-l6p3z2w4",
              "Region": "us-east-1",
              "TaskID": "l6p3z2w4",
              "Team": "synth"
            },
            "timeouts": null,
            "vpc_id": "vpc-0ccb36d56852ef077"
          },
          "sensitive_attributes": [],
          "private": "eyJlMmJmYjczMC1lY2FhLTExZTYtOGY4OC0zNDM2M2JjN2M0YzAiOnsiY3JlYXRlIjo2MDAwMDAwMDAwMDAsImRlbGV0ZSI6MTIwMDAwMDAwMDAwMH0sInNjaGVtYV92ZXJzaW9uIjoiMSJ9",
          "dependencies": [
            "aws_vpc.primary",
            "data.aws_availability_zones.primary"
          ]
        }
      ]
    },
    {
      "mode": "managed",
      "type": "aws_subnet",
      "name": "secondary",
      "provider": "provider[\"registry.terraform.io/hashicorp/aws\"].secondary",
      "instances": [
        {
          "index_key": 0,
          "schema_version": 1,
          "attributes": {
            "arn": "arn:aws:ec2:us-west-2:342597974367:subnet/subnet-098c243ee1712979a",
            "assign_ipv6_address_on_creation": false,
            "availability_zone": "us-west-2a",
            "availability_zone_id": "usw2-az2",
            "cidr_block": "10.1.0.0/24",
            "customer_owned_ipv4_pool": "",
            "enable_dns64": false,
            "enable_lni_at_device_index": 0,
            "enable_resource_name_dns_a_record_on_launch": false,
            "enable_resource_name_dns_aaaa_record_on_launch": false,
            "id": "subnet-098c243ee1712979a",
            "ipv6_cidr_block": "",
            "ipv6_cidr_block_association_id": "",
            "ipv6_native": false,
            "map_customer_owned_ip_on_launch": false,
            "map_public_ip_on_launch": false,
            "outpost_arn": "",
            "owner_id": "342597974367",
            "private_dns_hostname_type_on_launch": "ip-name",
            "tags": {
              "DR-Tier": "critical",
              "Environment": "qa",
              "ManagedBy": "terraform",
              "Name": "aurora-dr-secondary-subnet-1-l6p3z2w4",
              "Region": "us-west-2",
              "TaskID": "l6p3z2w4",
              "Team": "synth"
            },
            "tags_all": {
              "DR-Tier": "critical",
              "Environment": "qa",
              "ManagedBy": "terraform",
              "Name": "aurora-dr-secondary-subnet-1-l6p3z2w4",
              "Region": "us-west-2",
              "TaskID": "l6p3z2w4",
              "Team": "synth"
            },
            "timeouts": null,
            "vpc_id": "vpc-0588089c30c4f2e07"
          },
          "sensitive_attributes": [],
          "private": "eyJlMmJmYjczMC1lY2FhLTExZTYtOGY4OC0zNDM2M2JjN2M0YzAiOnsiY3JlYXRlIjo2MDAwMDAwMDAwMDAsImRlbGV0ZSI6MTIwMDAwMDAwMDAwMH0sInNjaGVtYV92ZXJzaW9uIjoiMSJ9",
          "dependencies": [
            "aws_vpc.secondary",
            "data.aws_availability_zones.secondary"
          ]
        },
        {
          "index_key": 1,
          "schema_version": 1,
          "attributes": {
            "arn": "arn:aws:ec2:us-west-2:342597974367:subnet/subnet-023fc60e69b87d178",
            "assign_ipv6_address_on_creation": false,
            "availability_zone": "us-west-2b",
            "availability_zone_id": "usw2-az1",
            "cidr_block": "10.1.1.0/24",
            "customer_owned_ipv4_pool": "",
            "enable_dns64": false,
            "enable_lni_at_device_index": 0,
            "enable_resource_name_dns_a_record_on_launch": false,
            "enable_resource_name_dns_aaaa_record_on_launch": false,
            "id": "subnet-023fc60e69b87d178",
            "ipv6_cidr_block": "",
            "ipv6_cidr_block_association_id": "",
            "ipv6_native": false,
            "map_customer_owned_ip_on_launch": false,
            "map_public_ip_on_launch": false,
            "outpost_arn": "",
            "owner_id": "342597974367",
            "private_dns_hostname_type_on_launch": "ip-name",
            "tags": {
              "DR-Tier": "critical",
              "Environment": "qa",
              "ManagedBy": "terraform",
              "Name": "aurora-dr-secondary-subnet-2-l6p3z2w4",
              "Region": "us-west-2",
              "TaskID": "l6p3z2w4",
              "Team": "synth"
            },
            "tags_all": {
              "DR-Tier": "critical",
              "Environment": "qa",
              "ManagedBy": "terraform",
              "Name": "aurora-dr-secondary-subnet-2-l6p3z2w4",
              "Region": "us-west-2",
              "TaskID": "l6p3z2w4",
              "Team": "synth"
            },
            "timeouts": null,
            "vpc_id": "vpc-0588089c30c4f2e07"
          },
          "sensitive_attributes": [],
          "private": "eyJlMmJmYjczMC1lY2FhLTExZTYtOGY4OC0zNDM2M2JjN2M0YzAiOnsiY3JlYXRlIjo2MDAwMDAwMDAwMDAsImRlbGV0ZSI6MTIwMDAwMDAwMDAwMH0sInNjaGVtYV92ZXJzaW9uIjoiMSJ9",
          "dependencies": [
            "aws_vpc.secondary",
            "data.aws_availability_zones.secondary"
          ]
        },
        {
          "index_key": 2,
          "schema_version": 1,
          "attributes": {
            "arn": "arn:aws:ec2:us-west-2:342597974367:subnet/subnet-085d7c9823e569a25",
            "assign_ipv6_address_on_creation": false,
            "availability_zone": "us-west-2c",
            "availability_zone_id": "usw2-az3",
            "cidr_block": "10.1.2.0/24",
            "customer_owned_ipv4_pool": "",
            "enable_dns64": false,
            "enable_lni_at_device_index": 0,
            "enable_resource_name_dns_a_record_on_launch": false,
            "enable_resource_name_dns_aaaa_record_on_launch": false,
            "id": "subnet-085d7c9823e569a25",
            "ipv6_cidr_block": "",
            "ipv6_cidr_block_association_id": "",
            "ipv6_native": false,
            "map_customer_owned_ip_on_launch": false,
            "map_public_ip_on_launch": false,
            "outpost_arn": "",
            "owner_id": "342597974367",
            "private_dns_hostname_type_on_launch": "ip-name",
            "tags": {
              "DR-Tier": "critical",
              "Environment": "qa",
              "ManagedBy": "terraform",
              "Name": "aurora-dr-secondary-subnet-3-l6p3z2w4",
              "Region": "us-west-2",
              "TaskID": "l6p3z2w4",
              "Team": "synth"
            },
            "tags_all": {
              "DR-Tier": "critical",
              "Environment": "qa",
              "ManagedBy": "terraform",
              "Name": "aurora-dr-secondary-subnet-3-l6p3z2w4",
              "Region": "us-west-2",
              "TaskID": "l6p3z2w4",
              "Team": "synth"
            },
            "timeouts": null,
            "vpc_id": "vpc-0588089c30c4f2e07"
          },
          "sensitive_attributes": [],
          "private": "eyJlMmJmYjczMC1lY2FhLTExZTYtOGY4OC0zNDM2M2JjN2M0YzAiOnsiY3JlYXRlIjo2MDAwMDAwMDAwMDAsImRlbGV0ZSI6MTIwMDAwMDAwMDAwMH0sInNjaGVtYV92ZXJzaW9uIjoiMSJ9",
          "dependencies": [
            "aws_vpc.secondary",
            "data.aws_availability_zones.secondary"
          ]
        }
      ]
    },
    {
      "mode": "managed",
      "type": "aws_vpc",
      "name": "primary",
      "provider": "provider[\"registry.terraform.io/hashicorp/aws\"]",
      "instances": [
        {
          "schema_version": 1,
          "attributes": {
            "arn": "arn:aws:ec2:us-east-1:342597974367:vpc/vpc-0ccb36d56852ef077",
            "assign_generated_ipv6_cidr_block": false,
            "cidr_block": "10.0.0.0/16",
            "default_network_acl_id": "acl-0ba3164ae22bde096",
            "default_route_table_id": "rtb-0888828becdbb241c",
            "default_security_group_id": "sg-026ba020a3fefaaef",
            "dhcp_options_id": "dopt-096ea572b45cebc14",
            "enable_dns_hostnames": true,
            "enable_dns_support": true,
            "enable_network_address_usage_metrics": false,
            "id": "vpc-0ccb36d56852ef077",
            "instance_tenancy": "default",
            "ipv4_ipam_pool_id": null,
            "ipv4_netmask_length": null,
            "ipv6_association_id": "",
            "ipv6_cidr_block": "",
            "ipv6_cidr_block_network_border_group": "",
            "ipv6_ipam_pool_id": "",
            "ipv6_netmask_length": 0,
            "main_route_table_id": "rtb-0888828becdbb241c",
            "owner_id": "342597974367",
            "tags": {
              "DR-Tier": "critical",
              "Environment": "qa",
              "ManagedBy": "terraform",
              "Name": "aurora-dr-primary-l6p3z2w4",
              "Region": "us-east-1",
              "TaskID": "l6p3z2w4",
              "Team": "synth"
            },
            "tags_all": {
              "DR-Tier": "critical",
              "Environment": "qa",
              "ManagedBy": "terraform",
              "Name": "aurora-dr-primary-l6p3z2w4",
              "Region": "us-east-1",
              "TaskID": "l6p3z2w4",
              "Team": "synth"
            }
          },
          "sensitive_attributes": [],
          "private": "eyJzY2hlbWFfdmVyc2lvbiI6IjEifQ=="
        }
      ]
    },
    {
      "mode": "managed",
      "type": "aws_vpc",
      "name": "secondary",
      "provider": "provider[\"registry.terraform.io/hashicorp/aws\"].secondary",
      "instances": [
        {
          "schema_version": 1,
          "attributes": {
            "arn": "arn:aws:ec2:us-west-2:342597974367:vpc/vpc-0588089c30c4f2e07",
            "assign_generated_ipv6_cidr_block": false,
            "cidr_block": "10.1.0.0/16",
            "default_network_acl_id": "acl-0eaef1933b55e66fc",
            "default_route_table_id": "rtb-066f08c5f8c033df4",
            "default_security_group_id": "sg-0eb9158a02469407d",
            "dhcp_options_id": "dopt-0b2631f0c84fa4ba5",
            "enable_dns_hostnames": true,
            "enable_dns_support": true,
            "enable_network_address_usage_metrics": false,
            "id": "vpc-0588089c30c4f2e07",
            "instance_tenancy": "default",
            "ipv4_ipam_pool_id": null,
            "ipv4_netmask_length": null,
            "ipv6_association_id": "",
            "ipv6_cidr_block": "",
            "ipv6_cidr_block_network_border_group": "",
            "ipv6_ipam_pool_id": "",
            "ipv6_netmask_length": 0,
            "main_route_table_id": "rtb-066f08c5f8c033df4",
            "owner_id": "342597974367",
            "tags": {
              "DR-Tier": "critical",
              "Environment": "qa",
              "ManagedBy": "terraform",
              "Name": "aurora-dr-secondary-l6p3z2w4",
              "Region": "us-west-2",
              "TaskID": "l6p3z2w4",
              "Team": "synth"
            },
            "tags_all": {
              "DR-Tier": "critical",
              "Environment": "qa",
              "ManagedBy": "terraform",
              "Name": "aurora-dr-secondary-l6p3z2w4",
              "Region": "us-west-2",
              "TaskID": "l6p3z2w4",
              "Team": "synth"
            }
          },
          "sensitive_attributes": [],
          "private": "eyJzY2hlbWFfdmVyc2lvbiI6IjEifQ=="
        }
      ]
    },
    {
      "mode": "managed",
      "type": "random_password",
      "name": "master_password",
      "provider": "provider[\"registry.terraform.io/hashicorp/random\"]",
      "instances": [
        {
          "schema_version": 3,
          "attributes": {
            "bcrypt_hash": "$2a$10$pgKvivXkVYXSaG7K5dk/5OR5dVo43jubtGMyiTxKt6ohzH8SYQ17q",
            "id": "none",
            "keepers": null,
            "length": 16,
            "lower": true,
            "min_lower": 0,
            "min_numeric": 0,
            "min_special": 0,
            "min_upper": 0,
            "number": true,
            "numeric": true,
            "override_special": "!#$%\u0026*()-_=+[]{}\u003c\u003e:?",
            "result": "z\u003e?FM:lxsPcbinv_",
            "special": true,
            "upper": true
          },
          "sensitive_attributes": []
        }
      ]
    }
  ],
  "check_results": null
}
