{
  "version": 4,
  "terraform_version": "1.5.7",
  "serial": 49,
  "lineage": "33ad3f93-9247-6f71-cf60-222953f7a91c",
  "outputs": {
    "appsync_api_id": {
      "value": "b4q53zoq3zfebdgk23mz6dcguu",
      "type": "string"
    },
    "appsync_api_key": {
      "value": "da2-g76in4hes5anhepkvz3ufofboe",
      "type": "string",
      "sensitive": true
    },
    "appsync_api_url": {
      "value": "https://vrkmr5e6aneijgyabqf2fxzg7y.appsync-api.us-east-1.amazonaws.com/graphql",
      "type": "string"
    },
    "cloudwatch_log_group_arn": {
      "value": "arn:aws:logs:us-east-1:342597974367:log-group:/aws/audit-logging-synth73926581/audit-events",
      "type": "string"
    },
    "cloudwatch_log_group_name": {
      "value": "/aws/audit-logging-synth73926581/audit-events",
      "type": "string"
    },
    "eventbridge_rule_critical_events": {
      "value": "audit-logging-synth73926581-critical-events",
      "type": "string"
    },
    "kms_key_arn": {
      "value": "arn:aws:kms:us-east-1:342597974367:key/9327dfc0-cc3d-4618-b1dd-662767ac64d8",
      "type": "string"
    },
    "kms_key_id": {
      "value": "9327dfc0-cc3d-4618-b1dd-662767ac64d8",
      "type": "string"
    },
    "lambda_function_arn": {
      "value": "arn:aws:lambda:us-east-1:342597974367:function:audit-logging-synth73926581-log-processor",
      "type": "string"
    },
    "lambda_function_name": {
      "value": "audit-logging-synth73926581-log-processor",
      "type": "string"
    },
    "s3_bucket_arn": {
      "value": "arn:aws:s3:::audit-logging-synth73926581-logs-342597974367",
      "type": "string"
    },
    "s3_bucket_name": {
      "value": "audit-logging-synth73926581-logs-342597974367",
      "type": "string"
    },
    "sns_topic_arn": {
      "value": "arn:aws:sns:us-east-1:342597974367:audit-logging-synth73926581-critical-alerts",
      "type": "string"
    }
  },
  "resources": [
    {
      "mode": "data",
      "type": "archive_file",
      "name": "lambda_zip",
      "provider": "provider[\"registry.terraform.io/hashicorp/archive\"]",
      "instances": [
        {
          "schema_version": 0,
          "attributes": {
            "exclude_symlink_directories": null,
            "excludes": null,
            "id": "017ba347cb6ad13364011b6cf07c53e9d8b074f5",
            "output_base64sha256": "RZNBA6heaya+YeWUPTEDL6Zd4ugGs5xHyj5WWKtjZpU=",
            "output_base64sha512": "XSYLRY4/8dA8+vQ2SM04WuLl1lISOz/p1EQKUzfd45+hLkOV21jtMdDn+oWhVwKvi/3elaXPR07o1XAfQxHtOg==",
            "output_file_mode": null,
            "output_md5": "d44927f6dae7f8891c59017631792e9d",
            "output_path": "./lambda_function.zip",
            "output_sha": "017ba347cb6ad13364011b6cf07c53e9d8b074f5",
            "output_sha256": "45934103a85e6b26be61e5943d31032fa65de2e806b39c47ca3e5658ab636695",
            "output_sha512": "5d260b458e3ff1d03cfaf43648cd385ae2e5d652123b3fe9d4440a5337dde39fa12e4395db58ed31d0e7fa85a15702af8bfdde95a5cf474ee8d5701f4311ed3a",
            "output_size": 1122,
            "source": [
              {
                "content": "import json\nimport boto3\nimport gzip\nimport base64\nimport os\nfrom datetime import datetime\n\ns3_client = boto3.client('s3')\nlogs_client = boto3.client('logs')\n\nS3_BUCKET = os.environ['S3_BUCKET']\nS3_PREFIX = os.environ['S3_PREFIX']\nKMS_KEY_ID = os.environ['KMS_KEY_ID']\n\ndef handler(event, context):\n    \"\"\"\n    Process CloudWatch Logs and archive to S3 with Object Lock\n    \"\"\"\n    try:\n        # Decode and decompress CloudWatch Logs data\n        compressed_payload = base64.b64decode(event['awslogs']['data'])\n        uncompressed_payload = gzip.decompress(compressed_payload)\n        log_data = json.loads(uncompressed_payload)\n\n        # Process each log event\n        processed_events = []\n        for log_event in log_data['logEvents']:\n            try:\n                # Try to parse as JSON\n                message = json.loads(log_event['message'])\n            except json.JSONDecodeError:\n                # If not JSON, keep as string\n                message = log_event['message']\n\n            processed_event = {\n                'timestamp': log_event['timestamp'],\n                'message': message,\n                'ingestionTime': log_event.get('ingestionTime'),\n                'logGroup': log_data['logGroup'],\n                'logStream': log_data['logStream']\n            }\n            processed_events.append(processed_event)\n\n        # Generate S3 key based on timestamp\n        timestamp = datetime.utcnow()\n        s3_key = f\"{S3_PREFIX}/{timestamp.year}/{timestamp.month:02d}/{timestamp.day:02d}/{timestamp.strftime('%Y%m%d-%H%M%S')}-{context.request_id}.json.gz\"\n\n        # Compress processed events\n        compressed_data = gzip.compress(\n            json.dumps(processed_events, indent=2).encode('utf-8')\n        )\n\n        # Upload to S3 with encryption\n        s3_client.put_object(\n            Bucket=S3_BUCKET,\n            Key=s3_key,\n            Body=compressed_data,\n            ServerSideEncryption='aws:kms',\n            SSEKMSKeyId=KMS_KEY_ID,\n            ContentType='application/json',\n            ContentEncoding='gzip',\n            Metadata={\n                'log-group': log_data['logGroup'],\n                'log-stream': log_data['logStream'],\n                'event-count': str(len(processed_events))\n            }\n        )\n\n        print(f\"Successfully processed {len(processed_events)} events and stored to {s3_key}\")\n\n        return {\n            'statusCode': 200,\n            'body': json.dumps({\n                'message': 'Successfully processed logs',\n                'eventCount': len(processed_events),\n                's3Key': s3_key\n            })\n        }\n\n    except Exception as e:\n        print(f\"Error processing logs: {str(e)}\")\n        raise\n",
                "filename": "index.py"
              }
            ],
            "source_content": null,
            "source_content_filename": null,
            "source_dir": null,
            "source_file": null,
            "type": "zip"
          },
          "sensitive_attributes": []
        }
      ]
    },
    {
      "mode": "data",
      "type": "aws_caller_identity",
      "name": "current",
      "provider": "provider[\"registry.terraform.io/hashicorp/aws\"]",
      "instances": [
        {
          "schema_version": 0,
          "attributes": {
            "account_id": "342597974367",
            "arn": "arn:aws:iam::342597974367:user/mayank.sethi",
            "id": "342597974367",
            "user_id": "AIDAU7RDOHFP2MZ572UQ5"
          },
          "sensitive_attributes": []
        }
      ]
    },
    {
      "mode": "data",
      "type": "aws_partition",
      "name": "current",
      "provider": "provider[\"registry.terraform.io/hashicorp/aws\"]",
      "instances": [
        {
          "schema_version": 0,
          "attributes": {
            "dns_suffix": "amazonaws.com",
            "id": "aws",
            "partition": "aws",
            "reverse_dns_prefix": "com.amazonaws"
          },
          "sensitive_attributes": []
        }
      ]
    },
    {
      "mode": "managed",
      "type": "aws_appsync_api_key",
      "name": "monitoring",
      "provider": "provider[\"registry.terraform.io/hashicorp/aws\"]",
      "instances": [
        {
          "schema_version": 0,
          "attributes": {
            "api_id": "b4q53zoq3zfebdgk23mz6dcguu",
            "api_key_id": "da2-g76in4hes5anhepkvz3ufofboe",
            "description": "Managed by Terraform",
            "expires": "2026-10-08T10:00:00Z",
            "id": "b4q53zoq3zfebdgk23mz6dcguu:da2-g76in4hes5anhepkvz3ufofboe",
            "key": "da2-g76in4hes5anhepkvz3ufofboe",
            "region": "us-east-1"
          },
          "sensitive_attributes": [],
          "private": "bnVsbA==",
          "dependencies": [
            "aws_appsync_graphql_api.monitoring"
          ]
        }
      ]
    },
    {
      "mode": "managed",
      "type": "aws_appsync_graphql_api",
      "name": "monitoring",
      "provider": "provider[\"registry.terraform.io/hashicorp/aws\"]",
      "instances": [
        {
          "schema_version": 0,
          "attributes": {
            "additional_authentication_provider": [],
            "api_type": "GRAPHQL",
            "arn": "arn:aws:appsync:us-east-1:342597974367:apis/b4q53zoq3zfebdgk23mz6dcguu",
            "authentication_type": "API_KEY",
            "enhanced_metrics_config": [],
            "id": "b4q53zoq3zfebdgk23mz6dcguu",
            "introspection_config": "ENABLED",
            "lambda_authorizer_config": [],
            "log_config": [
              {
                "cloudwatch_logs_role_arn": "arn:aws:iam::342597974367:role/audit-logging-synth73926581-appsync-logs",
                "exclude_verbose_content": false,
                "field_log_level": "ERROR"
              }
            ],
            "merged_api_execution_role_arn": "",
            "name": "audit-logging-synth73926581-monitoring-api",
            "openid_connect_config": [],
            "query_depth_limit": 0,
            "region": "us-east-1",
            "resolver_count_limit": 0,
            "schema": null,
            "tags": {
              "Compliance": "Audit-Logs",
              "Environment": "production",
              "ManagedBy": "Terraform",
              "Name": "audit-logging-synth73926581-monitoring-api",
              "Project": "audit-logging"
            },
            "tags_all": {
              "Compliance": "Audit-Logs",
              "Environment": "production",
              "ManagedBy": "Terraform",
              "Name": "audit-logging-synth73926581-monitoring-api",
              "Project": "audit-logging"
            },
            "uris": {
              "GRAPHQL": "https://vrkmr5e6aneijgyabqf2fxzg7y.appsync-api.us-east-1.amazonaws.com/graphql",
              "REALTIME": "wss://vrkmr5e6aneijgyabqf2fxzg7y.appsync-realtime-api.us-east-1.amazonaws.com/graphql"
            },
            "user_pool_config": [],
            "visibility": "GLOBAL",
            "xray_enabled": false
          },
          "sensitive_attributes": [],
          "private": "bnVsbA==",
          "dependencies": [
            "aws_iam_role.appsync_logs"
          ]
        }
      ]
    },
    {
      "mode": "managed",
      "type": "aws_cloudwatch_event_rule",
      "name": "critical_events",
      "provider": "provider[\"registry.terraform.io/hashicorp/aws\"]",
      "instances": [
        {
          "schema_version": 1,
          "attributes": {
            "arn": "arn:aws:events:us-east-1:342597974367:rule/audit-logging-synth73926581-critical-events",
            "description": "Capture critical audit events",
            "event_bus_name": "default",
            "event_pattern": "{\"detail\":{\"eventName\":[\"DeleteLogGroup\",\"DeleteLogStream\",\"PutBucketPolicy\",\"DeleteBucket\",\"PutBucketObjectLockConfiguration\"]},\"detail-type\":[\"AWS API Call via CloudTrail\"],\"source\":[\"aws.logs\"]}",
            "force_destroy": false,
            "id": "audit-logging-synth73926581-critical-events",
            "is_enabled": true,
            "name": "audit-logging-synth73926581-critical-events",
            "name_prefix": "",
            "region": "us-east-1",
            "role_arn": "",
            "schedule_expression": "",
            "state": "ENABLED",
            "tags": {
              "Compliance": "Audit-Logs",
              "Environment": "production",
              "ManagedBy": "Terraform",
              "Project": "audit-logging"
            },
            "tags_all": {
              "Compliance": "Audit-Logs",
              "Environment": "production",
              "ManagedBy": "Terraform",
              "Project": "audit-logging"
            }
          },
          "sensitive_attributes": [],
          "private": "eyJzY2hlbWFfdmVyc2lvbiI6IjEifQ=="
        }
      ]
    },
    {
      "mode": "managed",
      "type": "aws_cloudwatch_event_target",
      "name": "cloudwatch_logs",
      "provider": "provider[\"registry.terraform.io/hashicorp/aws\"]",
      "instances": [
        {
          "schema_version": 1,
          "attributes": {
            "appsync_target": [],
            "arn": "arn:aws:logs:us-east-1:342597974367:log-group:/aws/events/audit-logging-synth73926581-critical-events",
            "batch_target": [],
            "dead_letter_config": [],
            "ecs_target": [],
            "event_bus_name": "default",
            "force_destroy": false,
            "http_target": [],
            "id": "audit-logging-synth73926581-critical-events-SendToCloudWatchLogs",
            "input": "",
            "input_path": "",
            "input_transformer": [],
            "kinesis_target": [],
            "redshift_target": [],
            "region": "us-east-1",
            "retry_policy": [],
            "role_arn": "",
            "rule": "audit-logging-synth73926581-critical-events",
            "run_command_targets": [],
            "sagemaker_pipeline_target": [],
            "sqs_target": [],
            "target_id": "SendToCloudWatchLogs"
          },
          "sensitive_attributes": [],
          "private": "eyJzY2hlbWFfdmVyc2lvbiI6IjEifQ==",
          "dependencies": [
            "aws_cloudwatch_event_rule.critical_events",
            "aws_cloudwatch_log_group.eventbridge_logs",
            "aws_kms_key.audit_logs",
            "data.aws_caller_identity.current"
          ]
        }
      ]
    },
    {
      "mode": "managed",
      "type": "aws_cloudwatch_event_target",
      "name": "sns",
      "provider": "provider[\"registry.terraform.io/hashicorp/aws\"]",
      "instances": [
        {
          "schema_version": 1,
          "attributes": {
            "appsync_target": [],
            "arn": "arn:aws:sns:us-east-1:342597974367:audit-logging-synth73926581-critical-alerts",
            "batch_target": [],
            "dead_letter_config": [],
            "ecs_target": [],
            "event_bus_name": "default",
            "force_destroy": false,
            "http_target": [],
            "id": "audit-logging-synth73926581-critical-events-SendToSNS",
            "input": "",
            "input_path": "",
            "input_transformer": [],
            "kinesis_target": [],
            "redshift_target": [],
            "region": "us-east-1",
            "retry_policy": [],
            "role_arn": "",
            "rule": "audit-logging-synth73926581-critical-events",
            "run_command_targets": [],
            "sagemaker_pipeline_target": [],
            "sqs_target": [],
            "target_id": "SendToSNS"
          },
          "sensitive_attributes": [],
          "private": "eyJzY2hlbWFfdmVyc2lvbiI6IjEifQ==",
          "dependencies": [
            "aws_cloudwatch_event_rule.critical_events",
            "aws_kms_key.audit_logs",
            "aws_sns_topic.critical_alerts",
            "data.aws_caller_identity.current"
          ]
        }
      ]
    },
    {
      "mode": "managed",
      "type": "aws_cloudwatch_log_group",
      "name": "appsync",
      "provider": "provider[\"registry.terraform.io/hashicorp/aws\"]",
      "instances": [
        {
          "schema_version": 0,
          "attributes": {
            "arn": "arn:aws:logs:us-east-1:342597974367:log-group:/aws/appsync/audit-logging-synth73926581-monitoring",
            "id": "/aws/appsync/audit-logging-synth73926581-monitoring",
            "kms_key_id": "arn:aws:kms:us-east-1:342597974367:key/9327dfc0-cc3d-4618-b1dd-662767ac64d8",
            "log_group_class": "STANDARD",
            "name": "/aws/appsync/audit-logging-synth73926581-monitoring",
            "name_prefix": "",
            "region": "us-east-1",
            "retention_in_days": 30,
            "skip_destroy": false,
            "tags": {
              "Compliance": "Audit-Logs",
              "Environment": "production",
              "ManagedBy": "Terraform",
              "Project": "audit-logging"
            },
            "tags_all": {
              "Compliance": "Audit-Logs",
              "Environment": "production",
              "ManagedBy": "Terraform",
              "Project": "audit-logging"
            }
          },
          "sensitive_attributes": [],
          "private": "bnVsbA==",
          "dependencies": [
            "aws_kms_key.audit_logs",
            "data.aws_caller_identity.current"
          ]
        }
      ]
    },
    {
      "mode": "managed",
      "type": "aws_cloudwatch_log_group",
      "name": "audit_events",
      "provider": "provider[\"registry.terraform.io/hashicorp/aws\"]",
      "instances": [
        {
          "schema_version": 0,
          "attributes": {
            "arn": "arn:aws:logs:us-east-1:342597974367:log-group:/aws/audit-logging-synth73926581/audit-events",
            "id": "/aws/audit-logging-synth73926581/audit-events",
            "kms_key_id": "arn:aws:kms:us-east-1:342597974367:key/9327dfc0-cc3d-4618-b1dd-662767ac64d8",
            "log_group_class": "STANDARD",
            "name": "/aws/audit-logging-synth73926581/audit-events",
            "name_prefix": "",
            "region": "us-east-1",
            "retention_in_days": 3653,
            "skip_destroy": false,
            "tags": {
              "Compliance": "Audit-Logs",
              "Environment": "production",
              "ManagedBy": "Terraform",
              "Name": "audit-logging-synth73926581-audit-events",
              "Project": "audit-logging"
            },
            "tags_all": {
              "Compliance": "Audit-Logs",
              "Environment": "production",
              "ManagedBy": "Terraform",
              "Name": "audit-logging-synth73926581-audit-events",
              "Project": "audit-logging"
            }
          },
          "sensitive_attributes": [],
          "private": "bnVsbA==",
          "dependencies": [
            "aws_kms_key.audit_logs",
            "data.aws_caller_identity.current"
          ]
        }
      ]
    },
    {
      "mode": "managed",
      "type": "aws_cloudwatch_log_group",
      "name": "eventbridge_logs",
      "provider": "provider[\"registry.terraform.io/hashicorp/aws\"]",
      "instances": [
        {
          "schema_version": 0,
          "attributes": {
            "arn": "arn:aws:logs:us-east-1:342597974367:log-group:/aws/events/audit-logging-synth73926581-critical-events",
            "id": "/aws/events/audit-logging-synth73926581-critical-events",
            "kms_key_id": "arn:aws:kms:us-east-1:342597974367:key/9327dfc0-cc3d-4618-b1dd-662767ac64d8",
            "log_group_class": "STANDARD",
            "name": "/aws/events/audit-logging-synth73926581-critical-events",
            "name_prefix": "",
            "region": "us-east-1",
            "retention_in_days": 3653,
            "skip_destroy": false,
            "tags": {
              "Compliance": "Audit-Logs",
              "Environment": "production",
              "ManagedBy": "Terraform",
              "Name": "audit-logging-synth73926581-eventbridge-logs",
              "Project": "audit-logging"
            },
            "tags_all": {
              "Compliance": "Audit-Logs",
              "Environment": "production",
              "ManagedBy": "Terraform",
              "Name": "audit-logging-synth73926581-eventbridge-logs",
              "Project": "audit-logging"
            }
          },
          "sensitive_attributes": [],
          "private": "bnVsbA==",
          "dependencies": [
            "aws_kms_key.audit_logs",
            "data.aws_caller_identity.current"
          ]
        }
      ]
    },
    {
      "mode": "managed",
      "type": "aws_cloudwatch_log_group",
      "name": "lambda_log_processor",
      "provider": "provider[\"registry.terraform.io/hashicorp/aws\"]",
      "instances": [
        {
          "schema_version": 0,
          "attributes": {
            "arn": "arn:aws:logs:us-east-1:342597974367:log-group:/aws/lambda/audit-logging-synth73926581-log-processor",
            "id": "/aws/lambda/audit-logging-synth73926581-log-processor",
            "kms_key_id": "arn:aws:kms:us-east-1:342597974367:key/9327dfc0-cc3d-4618-b1dd-662767ac64d8",
            "log_group_class": "STANDARD",
            "name": "/aws/lambda/audit-logging-synth73926581-log-processor",
            "name_prefix": "",
            "region": "us-east-1",
            "retention_in_days": 30,
            "skip_destroy": false,
            "tags": {
              "Compliance": "Audit-Logs",
              "Environment": "production",
              "ManagedBy": "Terraform",
              "Project": "audit-logging"
            },
            "tags_all": {
              "Compliance": "Audit-Logs",
              "Environment": "production",
              "ManagedBy": "Terraform",
              "Project": "audit-logging"
            }
          },
          "sensitive_attributes": [],
          "private": "bnVsbA==",
          "dependencies": [
            "aws_cloudwatch_log_group.audit_events",
            "aws_iam_role.lambda_log_processor",
            "aws_kms_key.audit_logs",
            "aws_lambda_function.log_processor",
            "aws_s3_bucket.audit_logs",
            "data.archive_file.lambda_zip",
            "data.aws_caller_identity.current"
          ]
        }
      ]
    },
    {
      "mode": "managed",
      "type": "aws_cloudwatch_log_subscription_filter",
      "name": "lambda_processor",
      "provider": "provider[\"registry.terraform.io/hashicorp/aws\"]",
      "instances": [
        {
          "schema_version": 0,
          "attributes": {
            "destination_arn": "arn:aws:lambda:us-east-1:342597974367:function:audit-logging-synth73926581-log-processor",
            "distribution": "ByLogStream",
            "filter_pattern": "",
            "id": "cwlsf-3793420392",
            "log_group_name": "/aws/audit-logging-synth73926581/audit-events",
            "name": "audit-logging-synth73926581-log-processor-filter",
            "region": "us-east-1",
            "role_arn": ""
          },
          "sensitive_attributes": [],
          "private": "bnVsbA==",
          "dependencies": [
            "aws_cloudwatch_log_group.audit_events",
            "aws_iam_role.lambda_log_processor",
            "aws_kms_key.audit_logs",
            "aws_lambda_function.log_processor",
            "aws_lambda_permission.allow_cloudwatch",
            "aws_s3_bucket.audit_logs",
            "data.archive_file.lambda_zip",
            "data.aws_caller_identity.current"
          ]
        }
      ]
    },
    {
      "mode": "managed",
      "type": "aws_cloudwatch_query_definition",
      "name": "audit_query",
      "provider": "provider[\"registry.terraform.io/hashicorp/aws\"]",
      "instances": [
        {
          "schema_version": 0,
          "attributes": {
            "id": "00d0e05f-ff9c-4f91-a33d-090597050bee",
            "log_group_names": [
              "/aws/audit-logging-synth73926581/audit-events"
            ],
            "name": "audit-logging-synth73926581-audit-insights",
            "query_definition_id": "00d0e05f-ff9c-4f91-a33d-090597050bee",
            "query_string": "fields @timestamp, requestId, transactionId, eventType, userId, @message\n| filter eventType = \"CRITICAL\" or eventType = \"SECURITY\"\n| sort @timestamp desc\n| limit 1000\n",
            "region": "us-east-1"
          },
          "sensitive_attributes": [],
          "private": "bnVsbA==",
          "dependencies": [
            "aws_cloudwatch_log_group.audit_events",
            "aws_kms_key.audit_logs",
            "data.aws_caller_identity.current"
          ]
        }
      ]
    },
    {
      "mode": "managed",
      "type": "aws_iam_policy",
      "name": "audit_log_admin",
      "provider": "provider[\"registry.terraform.io/hashicorp/aws\"]",
      "instances": [
        {
          "schema_version": 0,
          "attributes": {
            "arn": "arn:aws:iam::342597974367:policy/audit-logging-synth73926581-audit-log-admin",
            "attachment_count": 0,
            "description": "Administrative access to audit logs with Object Lock bypass",
            "id": "arn:aws:iam::342597974367:policy/audit-logging-synth73926581-audit-log-admin",
            "name": "audit-logging-synth73926581-audit-log-admin",
            "name_prefix": "",
            "path": "/",
            "policy": "{\"Statement\":[{\"Action\":[\"logs:*\"],\"Effect\":\"Allow\",\"Resource\":[\"arn:aws:logs:us-east-1:342597974367:log-group:/aws/audit-logging-synth73926581/audit-events\",\"arn:aws:logs:us-east-1:342597974367:log-group:/aws/audit-logging-synth73926581/audit-events:*\"]},{\"Action\":[\"s3:*\"],\"Effect\":\"Allow\",\"Resource\":[\"arn:aws:s3:::audit-logging-synth73926581-logs-342597974367\",\"arn:aws:s3:::audit-logging-synth73926581-logs-342597974367/*\"]},{\"Action\":[\"s3:BypassGovernanceRetention\"],\"Effect\":\"Allow\",\"Resource\":\"arn:aws:s3:::audit-logging-synth73926581-logs-342597974367/*\"},{\"Action\":[\"kms:*\"],\"Effect\":\"Allow\",\"Resource\":\"arn:aws:kms:us-east-1:342597974367:key/9327dfc0-cc3d-4618-b1dd-662767ac64d8\"}],\"Version\":\"2012-10-17\"}",
            "policy_id": "ANPAU7RDOHFP2AUMWG5PN",
            "tags": {
              "Compliance": "Audit-Logs",
              "Environment": "production",
              "ManagedBy": "Terraform",
              "Project": "audit-logging"
            },
            "tags_all": {
              "Compliance": "Audit-Logs",
              "Environment": "production",
              "ManagedBy": "Terraform",
              "Project": "audit-logging"
            }
          },
          "sensitive_attributes": [],
          "private": "bnVsbA==",
          "dependencies": [
            "aws_cloudwatch_log_group.audit_events",
            "aws_kms_key.audit_logs",
            "aws_s3_bucket.audit_logs"
          ]
        }
      ]
    },
    {
      "mode": "managed",
      "type": "aws_iam_policy",
      "name": "audit_log_reader",
      "provider": "provider[\"registry.terraform.io/hashicorp/aws\"]",
      "instances": [
        {
          "schema_version": 0,
          "attributes": {
            "arn": "arn:aws:iam::342597974367:policy/audit-logging-synth73926581-audit-log-reader",
            "attachment_count": 0,
            "description": "Read-only access to audit logs",
            "id": "arn:aws:iam::342597974367:policy/audit-logging-synth73926581-audit-log-reader",
            "name": "audit-logging-synth73926581-audit-log-reader",
            "name_prefix": "",
            "path": "/",
            "policy": "{\"Statement\":[{\"Action\":[\"logs:GetLogEvents\",\"logs:FilterLogEvents\",\"logs:DescribeLogGroups\",\"logs:DescribeLogStreams\"],\"Effect\":\"Allow\",\"Resource\":[\"arn:aws:logs:us-east-1:342597974367:log-group:/aws/audit-logging-synth73926581/audit-events\",\"arn:aws:logs:us-east-1:342597974367:log-group:/aws/audit-logging-synth73926581/audit-events:*\"]},{\"Action\":[\"s3:GetObject\",\"s3:GetObjectVersion\",\"s3:ListBucket\"],\"Effect\":\"Allow\",\"Resource\":[\"arn:aws:s3:::audit-logging-synth73926581-logs-342597974367\",\"arn:aws:s3:::audit-logging-synth73926581-logs-342597974367/*\"]},{\"Action\":[\"kms:Decrypt\",\"kms:DescribeKey\"],\"Effect\":\"Allow\",\"Resource\":\"arn:aws:kms:us-east-1:342597974367:key/9327dfc0-cc3d-4618-b1dd-662767ac64d8\"}],\"Version\":\"2012-10-17\"}",
            "policy_id": "ANPAU7RDOHFP3XDR2K6I3",
            "tags": {
              "Compliance": "Audit-Logs",
              "Environment": "production",
              "ManagedBy": "Terraform",
              "Project": "audit-logging"
            },
            "tags_all": {
              "Compliance": "Audit-Logs",
              "Environment": "production",
              "ManagedBy": "Terraform",
              "Project": "audit-logging"
            }
          },
          "sensitive_attributes": [],
          "private": "bnVsbA==",
          "dependencies": [
            "aws_cloudwatch_log_group.audit_events",
            "aws_kms_key.audit_logs",
            "aws_s3_bucket.audit_logs",
            "data.aws_caller_identity.current"
          ]
        }
      ]
    },
    {
      "mode": "managed",
      "type": "aws_iam_policy",
      "name": "deny_log_modification",
      "provider": "provider[\"registry.terraform.io/hashicorp/aws\"]",
      "instances": [
        {
          "schema_version": 0,
          "attributes": {
            "arn": "arn:aws:iam::342597974367:policy/audit-logging-synth73926581-deny-log-modification",
            "attachment_count": 0,
            "description": "Explicitly deny log modification operations",
            "id": "arn:aws:iam::342597974367:policy/audit-logging-synth73926581-deny-log-modification",
            "name": "audit-logging-synth73926581-deny-log-modification",
            "name_prefix": "",
            "path": "/",
            "policy": "{\"Statement\":[{\"Action\":[\"logs:DeleteLogGroup\",\"logs:DeleteLogStream\",\"logs:PutRetentionPolicy\",\"logs:DeleteRetentionPolicy\"],\"Effect\":\"Deny\",\"Resource\":[\"arn:aws:logs:us-east-1:342597974367:log-group:/aws/audit-logging-synth73926581/audit-events\",\"arn:aws:logs:us-east-1:342597974367:log-group:/aws/audit-logging-synth73926581/audit-events:*\"]},{\"Action\":[\"s3:DeleteBucket\",\"s3:DeleteObject\",\"s3:DeleteObjectVersion\",\"s3:PutBucketObjectLockConfiguration\",\"s3:PutObjectLegalHold\",\"s3:PutObjectRetention\"],\"Condition\":{\"StringNotLike\":{\"aws:userid\":[\"AIDA*\"]}},\"Effect\":\"Deny\",\"Resource\":[\"arn:aws:s3:::audit-logging-synth73926581-logs-342597974367\",\"arn:aws:s3:::audit-logging-synth73926581-logs-342597974367/*\"]}],\"Version\":\"2012-10-17\"}",
            "policy_id": "ANPAU7RDOHFP4OLGF3I7P",
            "tags": {
              "Compliance": "Audit-Logs",
              "Environment": "production",
              "ManagedBy": "Terraform",
              "Project": "audit-logging"
            },
            "tags_all": {
              "Compliance": "Audit-Logs",
              "Environment": "production",
              "ManagedBy": "Terraform",
              "Project": "audit-logging"
            }
          },
          "sensitive_attributes": [],
          "private": "bnVsbA==",
          "dependencies": [
            "aws_cloudwatch_log_group.audit_events",
            "aws_kms_key.audit_logs",
            "aws_s3_bucket.audit_logs",
            "data.aws_caller_identity.current"
          ]
        }
      ]
    },
    {
      "mode": "managed",
      "type": "aws_iam_role",
      "name": "appsync_logs",
      "provider": "provider[\"registry.terraform.io/hashicorp/aws\"]",
      "instances": [
        {
          "schema_version": 0,
          "attributes": {
            "arn": "arn:aws:iam::342597974367:role/audit-logging-synth73926581-appsync-logs",
            "assume_role_policy": "{\"Statement\":[{\"Action\":\"sts:AssumeRole\",\"Effect\":\"Allow\",\"Principal\":{\"Service\":\"appsync.amazonaws.com\"}}],\"Version\":\"2012-10-17\"}",
            "create_date": "2025-10-08T10:03:54Z",
            "description": "",
            "force_detach_policies": false,
            "id": "audit-logging-synth73926581-appsync-logs",
            "inline_policy": [
              {
                "name": "audit-logging-synth73926581-appsync-logs-policy",
                "policy": "{\"Version\":\"2012-10-17\",\"Statement\":[{\"Action\":[\"logs:CreateLogGroup\",\"logs:CreateLogStream\",\"logs:PutLogEvents\"],\"Effect\":\"Allow\",\"Resource\":\"arn:aws:logs:us-east-1:342597974367:log-group:/aws/appsync/audit-logging-synth73926581-monitoring:*\"}]}"
              }
            ],
            "managed_policy_arns": [],
            "max_session_duration": 3600,
            "name": "audit-logging-synth73926581-appsync-logs",
            "name_prefix": "",
            "path": "/",
            "permissions_boundary": "",
            "tags": {
              "Compliance": "Audit-Logs",
              "Environment": "production",
              "ManagedBy": "Terraform",
              "Project": "audit-logging"
            },
            "tags_all": {
              "Compliance": "Audit-Logs",
              "Environment": "production",
              "ManagedBy": "Terraform",
              "Project": "audit-logging"
            },
            "unique_id": "AROAU7RDOHFPTSZVG6JI4"
          },
          "sensitive_attributes": [],
          "private": "bnVsbA=="
        }
      ]
    },
    {
      "mode": "managed",
      "type": "aws_iam_role",
      "name": "lambda_log_processor",
      "provider": "provider[\"registry.terraform.io/hashicorp/aws\"]",
      "instances": [
        {
          "schema_version": 0,
          "attributes": {
            "arn": "arn:aws:iam::342597974367:role/audit-logging-synth73926581-lambda-log-processor",
            "assume_role_policy": "{\"Statement\":[{\"Action\":\"sts:AssumeRole\",\"Effect\":\"Allow\",\"Principal\":{\"Service\":\"lambda.amazonaws.com\"}}],\"Version\":\"2012-10-17\"}",
            "create_date": "2025-10-08T10:03:54Z",
            "description": "",
            "force_detach_policies": false,
            "id": "audit-logging-synth73926581-lambda-log-processor",
            "inline_policy": [
              {
                "name": "audit-logging-synth73926581-lambda-log-processor-policy",
                "policy": "{\"Version\":\"2012-10-17\",\"Statement\":[{\"Action\":[\"logs:CreateLogGroup\",\"logs:CreateLogStream\",\"logs:PutLogEvents\"],\"Effect\":\"Allow\",\"Resource\":\"arn:aws:logs:us-east-1:342597974367:log-group:/aws/lambda/audit-logging-synth73926581-*\"},{\"Action\":[\"logs:GetLogEvents\",\"logs:FilterLogEvents\"],\"Effect\":\"Allow\",\"Resource\":\"arn:aws:logs:us-east-1:342597974367:log-group:/aws/audit-logging-synth73926581/audit-events\"},{\"Action\":[\"s3:PutObject\",\"s3:PutObjectRetention\"],\"Effect\":\"Allow\",\"Resource\":\"arn:aws:s3:::audit-logging-synth73926581-logs-342597974367/processed-logs/*\"},{\"Action\":[\"kms:Decrypt\",\"kms:GenerateDataKey\"],\"Effect\":\"Allow\",\"Resource\":\"arn:aws:kms:us-east-1:342597974367:key/9327dfc0-cc3d-4618-b1dd-662767ac64d8\"}]}"
              }
            ],
            "managed_policy_arns": [],
            "max_session_duration": 3600,
            "name": "audit-logging-synth73926581-lambda-log-processor",
            "name_prefix": "",
            "path": "/",
            "permissions_boundary": "",
            "tags": {
              "Compliance": "Audit-Logs",
              "Environment": "production",
              "ManagedBy": "Terraform",
              "Project": "audit-logging"
            },
            "tags_all": {
              "Compliance": "Audit-Logs",
              "Environment": "production",
              "ManagedBy": "Terraform",
              "Project": "audit-logging"
            },
            "unique_id": "AROAU7RDOHFP7H64XDV53"
          },
          "sensitive_attributes": [],
          "private": "bnVsbA=="
        }
      ]
    },
    {
      "mode": "managed",
      "type": "aws_iam_role_policy",
      "name": "appsync_logs",
      "provider": "provider[\"registry.terraform.io/hashicorp/aws\"]",
      "instances": [
        {
          "schema_version": 0,
          "attributes": {
            "id": "audit-logging-synth73926581-appsync-logs:audit-logging-synth73926581-appsync-logs-policy",
            "name": "audit-logging-synth73926581-appsync-logs-policy",
            "name_prefix": "",
            "policy": "{\"Version\":\"2012-10-17\",\"Statement\":[{\"Action\":[\"logs:CreateLogGroup\",\"logs:CreateLogStream\",\"logs:PutLogEvents\"],\"Effect\":\"Allow\",\"Resource\":\"arn:aws:logs:us-east-1:342597974367:log-group:/aws/appsync/audit-logging-synth73926581-monitoring:*\"}]}",
            "role": "audit-logging-synth73926581-appsync-logs"
          },
          "sensitive_attributes": [],
          "private": "bnVsbA==",
          "dependencies": [
            "aws_cloudwatch_log_group.appsync",
            "aws_iam_role.appsync_logs",
            "aws_kms_key.audit_logs",
            "data.aws_caller_identity.current"
          ]
        }
      ]
    },
    {
      "mode": "managed",
      "type": "aws_iam_role_policy",
      "name": "lambda_log_processor",
      "provider": "provider[\"registry.terraform.io/hashicorp/aws\"]",
      "instances": [
        {
          "schema_version": 0,
          "attributes": {
            "id": "audit-logging-synth73926581-lambda-log-processor:audit-logging-synth73926581-lambda-log-processor-policy",
            "name": "audit-logging-synth73926581-lambda-log-processor-policy",
            "name_prefix": "",
            "policy": "{\"Version\":\"2012-10-17\",\"Statement\":[{\"Action\":[\"logs:CreateLogGroup\",\"logs:CreateLogStream\",\"logs:PutLogEvents\"],\"Effect\":\"Allow\",\"Resource\":\"arn:aws:logs:us-east-1:342597974367:log-group:/aws/lambda/audit-logging-synth73926581-*\"},{\"Action\":[\"logs:GetLogEvents\",\"logs:FilterLogEvents\"],\"Effect\":\"Allow\",\"Resource\":\"arn:aws:logs:us-east-1:342597974367:log-group:/aws/audit-logging-synth73926581/audit-events\"},{\"Action\":[\"s3:PutObject\",\"s3:PutObjectRetention\"],\"Effect\":\"Allow\",\"Resource\":\"arn:aws:s3:::audit-logging-synth73926581-logs-342597974367/processed-logs/*\"},{\"Action\":[\"kms:Decrypt\",\"kms:GenerateDataKey\"],\"Effect\":\"Allow\",\"Resource\":\"arn:aws:kms:us-east-1:342597974367:key/9327dfc0-cc3d-4618-b1dd-662767ac64d8\"}]}",
            "role": "audit-logging-synth73926581-lambda-log-processor"
          },
          "sensitive_attributes": [],
          "private": "bnVsbA==",
          "dependencies": [
            "aws_cloudwatch_log_group.audit_events",
            "aws_iam_role.lambda_log_processor",
            "aws_kms_key.audit_logs",
            "aws_s3_bucket.audit_logs",
            "data.aws_caller_identity.current"
          ]
        }
      ]
    },
    {
      "mode": "managed",
      "type": "aws_kms_alias",
      "name": "audit_logs",
      "provider": "provider[\"registry.terraform.io/hashicorp/aws\"]",
      "instances": [
        {
          "schema_version": 0,
          "attributes": {
            "arn": "arn:aws:kms:us-east-1:342597974367:alias/audit-logging-synth73926581-audit-logs",
            "id": "alias/audit-logging-synth73926581-audit-logs",
            "name": "alias/audit-logging-synth73926581-audit-logs",
            "name_prefix": "",
            "region": "us-east-1",
            "target_key_arn": "arn:aws:kms:us-east-1:342597974367:key/9327dfc0-cc3d-4618-b1dd-662767ac64d8",
            "target_key_id": "9327dfc0-cc3d-4618-b1dd-662767ac64d8"
          },
          "sensitive_attributes": [],
          "private": "bnVsbA==",
          "dependencies": [
            "aws_kms_key.audit_logs",
            "data.aws_caller_identity.current"
          ]
        }
      ]
    },
    {
      "mode": "managed",
      "type": "aws_kms_key",
      "name": "audit_logs",
      "provider": "provider[\"registry.terraform.io/hashicorp/aws\"]",
      "instances": [
        {
          "schema_version": 0,
          "attributes": {
            "arn": "arn:aws:kms:us-east-1:342597974367:key/9327dfc0-cc3d-4618-b1dd-662767ac64d8",
            "bypass_policy_lockout_safety_check": false,
            "custom_key_store_id": "",
            "customer_master_key_spec": "SYMMETRIC_DEFAULT",
            "deletion_window_in_days": 30,
            "description": "KMS key for audit log encryption",
            "enable_key_rotation": true,
            "id": "9327dfc0-cc3d-4618-b1dd-662767ac64d8",
            "is_enabled": true,
            "key_id": "9327dfc0-cc3d-4618-b1dd-662767ac64d8",
            "key_usage": "ENCRYPT_DECRYPT",
            "multi_region": false,
            "policy": "{\"Statement\":[{\"Action\":\"kms:*\",\"Effect\":\"Allow\",\"Principal\":{\"AWS\":\"arn:aws:iam::342597974367:root\"},\"Resource\":\"*\",\"Sid\":\"Enable IAM User Permissions\"},{\"Action\":[\"kms:Encrypt\",\"kms:Decrypt\",\"kms:ReEncrypt*\",\"kms:GenerateDataKey*\",\"kms:CreateGrant\",\"kms:DescribeKey\"],\"Condition\":{\"ArnLike\":{\"kms:EncryptionContext:aws:logs:arn\":\"arn:aws:logs:us-east-1:342597974367:log-group:*\"}},\"Effect\":\"Allow\",\"Principal\":{\"Service\":\"logs.us-east-1.amazonaws.com\"},\"Resource\":\"*\",\"Sid\":\"Allow CloudWatch Logs\"},{\"Action\":[\"kms:GenerateDataKey*\",\"kms:DecryptDataKey\"],\"Condition\":{\"StringLike\":{\"kms:EncryptionContext:aws:cloudtrail:arn\":\"arn:aws:cloudtrail:*:342597974367:trail/*\"}},\"Effect\":\"Allow\",\"Principal\":{\"Service\":\"cloudtrail.amazonaws.com\"},\"Resource\":\"*\",\"Sid\":\"Allow CloudTrail\"},{\"Action\":[\"kms:Decrypt\",\"kms:GenerateDataKey\"],\"Effect\":\"Allow\",\"Principal\":{\"Service\":\"s3.amazonaws.com\"},\"Resource\":\"*\",\"Sid\":\"Allow S3\"}],\"Version\":\"2012-10-17\"}",
            "region": "us-east-1",
            "rotation_period_in_days": 365,
            "tags": {
              "Compliance": "Audit-Logs",
              "Environment": "production",
              "ManagedBy": "Terraform",
              "Name": "audit-logging-synth73926581-kms-key",
              "Project": "audit-logging"
            },
            "tags_all": {
              "Compliance": "Audit-Logs",
              "Environment": "production",
              "ManagedBy": "Terraform",
              "Name": "audit-logging-synth73926581-kms-key",
              "Project": "audit-logging"
            },
            "timeouts": null,
            "xks_key_id": ""
          },
          "sensitive_attributes": [],
          "private": "eyJlMmJmYjczMC1lY2FhLTExZTYtOGY4OC0zNDM2M2JjN2M0YzAiOnsiY3JlYXRlIjoxMjAwMDAwMDAwMDB9fQ==",
          "dependencies": [
            "data.aws_caller_identity.current"
          ]
        }
      ]
    },
    {
      "mode": "managed",
      "type": "aws_lambda_function",
      "name": "log_processor",
      "provider": "provider[\"registry.terraform.io/hashicorp/aws\"]",
      "instances": [
        {
          "schema_version": 0,
          "attributes": {
            "architectures": [
              "x86_64"
            ],
            "arn": "arn:aws:lambda:us-east-1:342597974367:function:audit-logging-synth73926581-log-processor",
            "code_sha256": "RZNBA6heaya+YeWUPTEDL6Zd4ugGs5xHyj5WWKtjZpU=",
            "code_signing_config_arn": "",
            "dead_letter_config": [],
            "description": "",
            "environment": [
              {
                "variables": {
                  "KMS_KEY_ID": "arn:aws:kms:us-east-1:342597974367:key/9327dfc0-cc3d-4618-b1dd-662767ac64d8",
                  "LOG_GROUP": "/aws/audit-logging-synth73926581/audit-events",
                  "S3_BUCKET": "audit-logging-synth73926581-logs-342597974367",
                  "S3_PREFIX": "processed-logs"
                }
              }
            ],
            "ephemeral_storage": [
              {
                "size": 512
              }
            ],
            "file_system_config": [],
            "filename": "./lambda_function.zip",
            "function_name": "audit-logging-synth73926581-log-processor",
            "handler": "index.handler",
            "id": "audit-logging-synth73926581-log-processor",
            "image_config": [],
            "image_uri": "",
            "invoke_arn": "arn:aws:apigateway:us-east-1:lambda:path/2015-03-31/functions/arn:aws:lambda:us-east-1:342597974367:function:audit-logging-synth73926581-log-processor/invocations",
            "kms_key_arn": "",
            "last_modified": "2025-10-08T10:04:16.791+0000",
            "layers": [],
            "logging_config": [
              {
                "application_log_level": "",
                "log_format": "Text",
                "log_group": "/aws/lambda/audit-logging-synth73926581-log-processor",
                "system_log_level": ""
              }
            ],
            "memory_size": 512,
            "package_type": "Zip",
            "publish": false,
            "qualified_arn": "arn:aws:lambda:us-east-1:342597974367:function:audit-logging-synth73926581-log-processor:$LATEST",
            "qualified_invoke_arn": "arn:aws:apigateway:us-east-1:lambda:path/2015-03-31/functions/arn:aws:lambda:us-east-1:342597974367:function:audit-logging-synth73926581-log-processor:$LATEST/invocations",
            "region": "us-east-1",
            "replace_security_groups_on_destroy": null,
            "replacement_security_group_ids": null,
            "reserved_concurrent_executions": -1,
            "role": "arn:aws:iam::342597974367:role/audit-logging-synth73926581-lambda-log-processor",
            "runtime": "python3.11",
            "s3_bucket": null,
            "s3_key": null,
            "s3_object_version": null,
            "signing_job_arn": "",
            "signing_profile_version_arn": "",
            "skip_destroy": false,
            "snap_start": [],
            "source_code_hash": "RZNBA6heaya+YeWUPTEDL6Zd4ugGs5xHyj5WWKtjZpU=",
            "source_code_size": 1122,
            "source_kms_key_arn": "",
            "tags": {
              "Compliance": "Audit-Logs",
              "Environment": "production",
              "ManagedBy": "Terraform",
              "Name": "audit-logging-synth73926581-log-processor",
              "Project": "audit-logging"
            },
            "tags_all": {
              "Compliance": "Audit-Logs",
              "Environment": "production",
              "ManagedBy": "Terraform",
              "Name": "audit-logging-synth73926581-log-processor",
              "Project": "audit-logging"
            },
            "timeout": 300,
            "timeouts": null,
            "tracing_config": [
              {
                "mode": "PassThrough"
              }
            ],
            "version": "$LATEST",
            "vpc_config": []
          },
          "sensitive_attributes": [],
          "private": "eyJlMmJmYjczMC1lY2FhLTExZTYtOGY4OC0zNDM2M2JjN2M0YzAiOnsiY3JlYXRlIjo2MDAwMDAwMDAwMDAsImRlbGV0ZSI6NjAwMDAwMDAwMDAwLCJ1cGRhdGUiOjYwMDAwMDAwMDAwMH19",
          "dependencies": [
            "aws_cloudwatch_log_group.audit_events",
            "aws_iam_role.lambda_log_processor",
            "aws_kms_key.audit_logs",
            "aws_s3_bucket.audit_logs",
            "data.archive_file.lambda_zip",
            "data.aws_caller_identity.current"
          ]
        }
      ]
    },
    {
      "mode": "managed",
      "type": "aws_lambda_permission",
      "name": "allow_cloudwatch",
      "provider": "provider[\"registry.terraform.io/hashicorp/aws\"]",
      "instances": [
        {
          "schema_version": 0,
          "attributes": {
            "action": "lambda:InvokeFunction",
            "event_source_token": null,
            "function_name": "audit-logging-synth73926581-log-processor",
            "function_url_auth_type": null,
            "id": "AllowExecutionFromCloudWatch",
            "principal": "logs.amazonaws.com",
            "principal_org_id": null,
            "qualifier": "",
            "region": "us-east-1",
            "source_account": null,
            "source_arn": "arn:aws:logs:us-east-1:342597974367:log-group:/aws/audit-logging-synth73926581/audit-events:*",
            "statement_id": "AllowExecutionFromCloudWatch",
            "statement_id_prefix": ""
          },
          "sensitive_attributes": [],
          "private": "bnVsbA==",
          "dependencies": [
            "aws_cloudwatch_log_group.audit_events",
            "aws_iam_role.lambda_log_processor",
            "aws_kms_key.audit_logs",
            "aws_lambda_function.log_processor",
            "aws_s3_bucket.audit_logs",
            "data.archive_file.lambda_zip",
            "data.aws_caller_identity.current"
          ]
        }
      ]
    },
    {
      "mode": "managed",
      "type": "aws_s3_bucket",
      "name": "audit_logs",
      "provider": "provider[\"registry.terraform.io/hashicorp/aws\"]",
      "instances": [
        {
          "schema_version": 0,
          "attributes": {
            "acceleration_status": "",
            "acl": null,
            "arn": "arn:aws:s3:::audit-logging-synth73926581-logs-342597974367",
            "bucket": "audit-logging-synth73926581-logs-342597974367",
            "bucket_domain_name": "audit-logging-synth73926581-logs-342597974367.s3.amazonaws.com",
            "bucket_prefix": "",
            "bucket_region": "us-east-1",
            "bucket_regional_domain_name": "audit-logging-synth73926581-logs-342597974367.s3.us-east-1.amazonaws.com",
            "cors_rule": [],
            "force_destroy": false,
            "grant": [
              {
                "id": "5e11009481664687bf1ec517a9c41894392b4a057b0b19eeaaf7779a17ba0490",
                "permissions": [
                  "FULL_CONTROL"
                ],
                "type": "CanonicalUser",
                "uri": ""
              }
            ],
            "hosted_zone_id": "Z3AQBSTGFYJSTF",
            "id": "audit-logging-synth73926581-logs-342597974367",
            "lifecycle_rule": [
              {
                "abort_incomplete_multipart_upload_days": 0,
                "enabled": true,
                "expiration": [],
                "id": "transition-to-glacier",
                "noncurrent_version_expiration": [],
                "noncurrent_version_transition": [],
                "prefix": "",
                "tags": {},
                "transition": [
                  {
                    "date": "",
                    "days": 180,
                    "storage_class": "DEEP_ARCHIVE"
                  },
                  {
                    "date": "",
                    "days": 90,
                    "storage_class": "GLACIER"
                  }
                ]
              }
            ],
            "logging": [],
            "object_lock_configuration": [
              {
                "object_lock_enabled": "Enabled",
                "rule": [
                  {
                    "default_retention": [
                      {
                        "days": 0,
                        "mode": "GOVERNANCE",
                        "years": 10
                      }
                    ]
                  }
                ]
              }
            ],
            "object_lock_enabled": true,
            "policy": "{\"Statement\":[{\"Action\":\"s3:PutObject\",\"Condition\":{\"StringNotEquals\":{\"s3:x-amz-server-side-encryption\":\"aws:kms\"}},\"Effect\":\"Deny\",\"Principal\":\"*\",\"Resource\":\"arn:aws:s3:::audit-logging-synth73926581-logs-342597974367/*\",\"Sid\":\"DenyUnencryptedObjectUploads\"},{\"Action\":\"s3:*\",\"Condition\":{\"Bool\":{\"aws:SecureTransport\":\"false\"}},\"Effect\":\"Deny\",\"Principal\":\"*\",\"Resource\":[\"arn:aws:s3:::audit-logging-synth73926581-logs-342597974367\",\"arn:aws:s3:::audit-logging-synth73926581-logs-342597974367/*\"],\"Sid\":\"DenyInsecureTransport\"},{\"Action\":\"s3:PutObject\",\"Condition\":{\"StringEquals\":{\"s3:x-amz-acl\":\"bucket-owner-full-control\"}},\"Effect\":\"Allow\",\"Principal\":{\"Service\":\"cloudtrail.amazonaws.com\"},\"Resource\":\"arn:aws:s3:::audit-logging-synth73926581-logs-342597974367/cloudtrail/*\",\"Sid\":\"AllowCloudTrailWrite\"},{\"Action\":\"s3:GetBucketAcl\",\"Effect\":\"Allow\",\"Principal\":{\"Service\":\"cloudtrail.amazonaws.com\"},\"Resource\":\"arn:aws:s3:::audit-logging-synth73926581-logs-342597974367\",\"Sid\":\"AllowCloudTrailAclCheck\"}],\"Version\":\"2012-10-17\"}",
            "region": "us-east-1",
            "replication_configuration": [],
            "request_payer": "BucketOwner",
            "server_side_encryption_configuration": [
              {
                "rule": [
                  {
                    "apply_server_side_encryption_by_default": [
                      {
                        "kms_master_key_id": "arn:aws:kms:us-east-1:342597974367:key/9327dfc0-cc3d-4618-b1dd-662767ac64d8",
                        "sse_algorithm": "aws:kms"
                      }
                    ],
                    "bucket_key_enabled": true
                  }
                ]
              }
            ],
            "tags": {
              "Compliance": "Audit-Logs",
              "Environment": "production",
              "ManagedBy": "Terraform",
              "Name": "audit-logging-synth73926581-audit-logs-bucket",
              "Project": "audit-logging"
            },
            "tags_all": {
              "Compliance": "Audit-Logs",
              "Environment": "production",
              "ManagedBy": "Terraform",
              "Name": "audit-logging-synth73926581-audit-logs-bucket",
              "Project": "audit-logging"
            },
            "timeouts": null,
            "versioning": [
              {
                "enabled": true,
                "mfa_delete": false
              }
            ],
            "website": [],
            "website_domain": null,
            "website_endpoint": null
          },
          "sensitive_attributes": [],
          "private": "eyJlMmJmYjczMC1lY2FhLTExZTYtOGY4OC0zNDM2M2JjN2M0YzAiOnsiY3JlYXRlIjoxMjAwMDAwMDAwMDAwLCJkZWxldGUiOjM2MDAwMDAwMDAwMDAsInJlYWQiOjEyMDAwMDAwMDAwMDAsInVwZGF0ZSI6MTIwMDAwMDAwMDAwMH19",
          "dependencies": [
            "data.aws_caller_identity.current"
          ]
        }
      ]
    },
    {
      "mode": "managed",
      "type": "aws_s3_bucket_lifecycle_configuration",
      "name": "audit_logs",
      "provider": "provider[\"registry.terraform.io/hashicorp/aws\"]",
      "instances": [
        {
          "schema_version": 1,
          "attributes": {
            "bucket": "audit-logging-synth73926581-logs-342597974367",
            "expected_bucket_owner": "",
            "id": "audit-logging-synth73926581-logs-342597974367",
            "region": "us-east-1",
            "rule": [
              {
                "abort_incomplete_multipart_upload": [],
                "expiration": [],
                "filter": [],
                "id": "transition-to-glacier",
                "noncurrent_version_expiration": [],
                "noncurrent_version_transition": [],
                "prefix": "",
                "status": "Enabled",
                "transition": [
                  {
                    "date": null,
                    "days": 180,
                    "storage_class": "DEEP_ARCHIVE"
                  },
                  {
                    "date": null,
                    "days": 90,
                    "storage_class": "GLACIER"
                  }
                ]
              }
            ],
            "timeouts": null,
            "transition_default_minimum_object_size": "all_storage_classes_128K"
          },
          "sensitive_attributes": [],
          "dependencies": [
            "aws_s3_bucket.audit_logs",
            "data.aws_caller_identity.current"
          ]
        }
      ]
    },
    {
      "mode": "managed",
      "type": "aws_s3_bucket_object_lock_configuration",
      "name": "audit_logs",
      "provider": "provider[\"registry.terraform.io/hashicorp/aws\"]",
      "instances": [
        {
          "schema_version": 0,
          "attributes": {
            "bucket": "audit-logging-synth73926581-logs-342597974367",
            "expected_bucket_owner": "",
            "id": "audit-logging-synth73926581-logs-342597974367",
            "object_lock_enabled": "Enabled",
            "region": "us-east-1",
            "rule": [
              {
                "default_retention": [
                  {
                    "days": 0,
                    "mode": "GOVERNANCE",
                    "years": 10
                  }
                ]
              }
            ],
            "token": null
          },
          "sensitive_attributes": [],
          "private": "bnVsbA==",
          "dependencies": [
            "aws_s3_bucket.audit_logs",
            "data.aws_caller_identity.current"
          ]
        }
      ]
    },
    {
      "mode": "managed",
      "type": "aws_s3_bucket_policy",
      "name": "audit_logs",
      "provider": "provider[\"registry.terraform.io/hashicorp/aws\"]",
      "instances": [
        {
          "schema_version": 0,
          "attributes": {
            "bucket": "audit-logging-synth73926581-logs-342597974367",
            "id": "audit-logging-synth73926581-logs-342597974367",
            "policy": "{\"Statement\":[{\"Action\":\"s3:PutObject\",\"Condition\":{\"StringNotEquals\":{\"s3:x-amz-server-side-encryption\":\"aws:kms\"}},\"Effect\":\"Deny\",\"Principal\":\"*\",\"Resource\":\"arn:aws:s3:::audit-logging-synth73926581-logs-342597974367/*\",\"Sid\":\"DenyUnencryptedObjectUploads\"},{\"Action\":\"s3:*\",\"Condition\":{\"Bool\":{\"aws:SecureTransport\":\"false\"}},\"Effect\":\"Deny\",\"Principal\":\"*\",\"Resource\":[\"arn:aws:s3:::audit-logging-synth73926581-logs-342597974367\",\"arn:aws:s3:::audit-logging-synth73926581-logs-342597974367/*\"],\"Sid\":\"DenyInsecureTransport\"}],\"Version\":\"2012-10-17\"}",
            "region": "us-east-1"
          },
          "sensitive_attributes": [],
          "private": "bnVsbA==",
          "dependencies": [
            "aws_s3_bucket.audit_logs"
          ]
        }
      ]
    },
    {
      "mode": "managed",
      "type": "aws_s3_bucket_public_access_block",
      "name": "audit_logs",
      "provider": "provider[\"registry.terraform.io/hashicorp/aws\"]",
      "instances": [
        {
          "schema_version": 0,
          "attributes": {
            "block_public_acls": true,
            "block_public_policy": true,
            "bucket": "audit-logging-synth73926581-logs-342597974367",
            "id": "audit-logging-synth73926581-logs-342597974367",
            "ignore_public_acls": true,
            "region": "us-east-1",
            "restrict_public_buckets": true,
            "skip_destroy": null
          },
          "sensitive_attributes": [],
          "private": "bnVsbA==",
          "dependencies": [
            "aws_s3_bucket.audit_logs",
            "data.aws_caller_identity.current"
          ]
        }
      ]
    },
    {
      "mode": "managed",
      "type": "aws_s3_bucket_server_side_encryption_configuration",
      "name": "audit_logs",
      "provider": "provider[\"registry.terraform.io/hashicorp/aws\"]",
      "instances": [
        {
          "schema_version": 0,
          "attributes": {
            "bucket": "audit-logging-synth73926581-logs-342597974367",
            "expected_bucket_owner": "",
            "id": "audit-logging-synth73926581-logs-342597974367",
            "region": "us-east-1",
            "rule": [
              {
                "apply_server_side_encryption_by_default": [
                  {
                    "kms_master_key_id": "arn:aws:kms:us-east-1:342597974367:key/9327dfc0-cc3d-4618-b1dd-662767ac64d8",
                    "sse_algorithm": "aws:kms"
                  }
                ],
                "bucket_key_enabled": true
              }
            ]
          },
          "sensitive_attributes": [],
          "private": "bnVsbA==",
          "dependencies": [
            "aws_kms_key.audit_logs",
            "aws_s3_bucket.audit_logs",
            "data.aws_caller_identity.current"
          ]
        }
      ]
    },
    {
      "mode": "managed",
      "type": "aws_s3_bucket_versioning",
      "name": "audit_logs",
      "provider": "provider[\"registry.terraform.io/hashicorp/aws\"]",
      "instances": [
        {
          "schema_version": 0,
          "attributes": {
            "bucket": "audit-logging-synth73926581-logs-342597974367",
            "expected_bucket_owner": "",
            "id": "audit-logging-synth73926581-logs-342597974367",
            "mfa": null,
            "region": "us-east-1",
            "versioning_configuration": [
              {
                "mfa_delete": "Disabled",
                "status": "Enabled"
              }
            ]
          },
          "sensitive_attributes": [],
          "private": "bnVsbA==",
          "dependencies": [
            "aws_s3_bucket.audit_logs",
            "data.aws_caller_identity.current"
          ]
        }
      ]
    },
    {
      "mode": "managed",
      "type": "aws_sns_topic",
      "name": "critical_alerts",
      "provider": "provider[\"registry.terraform.io/hashicorp/aws\"]",
      "instances": [
        {
          "schema_version": 0,
          "attributes": {
            "application_failure_feedback_role_arn": "",
            "application_success_feedback_role_arn": "",
            "application_success_feedback_sample_rate": 0,
            "archive_policy": "",
            "arn": "arn:aws:sns:us-east-1:342597974367:audit-logging-synth73926581-critical-alerts",
            "beginning_archive_time": "",
            "content_based_deduplication": false,
            "delivery_policy": "",
            "display_name": "",
            "fifo_throughput_scope": "",
            "fifo_topic": false,
            "firehose_failure_feedback_role_arn": "",
            "firehose_success_feedback_role_arn": "",
            "firehose_success_feedback_sample_rate": 0,
            "http_failure_feedback_role_arn": "",
            "http_success_feedback_role_arn": "",
            "http_success_feedback_sample_rate": 0,
            "id": "arn:aws:sns:us-east-1:342597974367:audit-logging-synth73926581-critical-alerts",
            "kms_master_key_id": "9327dfc0-cc3d-4618-b1dd-662767ac64d8",
            "lambda_failure_feedback_role_arn": "",
            "lambda_success_feedback_role_arn": "",
            "lambda_success_feedback_sample_rate": 0,
            "name": "audit-logging-synth73926581-critical-alerts",
            "name_prefix": "",
            "owner": "342597974367",
            "policy": "{\"Statement\":[{\"Action\":\"SNS:Publish\",\"Effect\":\"Allow\",\"Principal\":{\"Service\":\"events.amazonaws.com\"},\"Resource\":\"arn:aws:sns:us-east-1:342597974367:audit-logging-synth73926581-critical-alerts\"}],\"Version\":\"2012-10-17\"}",
            "region": "us-east-1",
            "signature_version": 0,
            "sqs_failure_feedback_role_arn": "",
            "sqs_success_feedback_role_arn": "",
            "sqs_success_feedback_sample_rate": 0,
            "tags": {
              "Compliance": "Audit-Logs",
              "Environment": "production",
              "ManagedBy": "Terraform",
              "Name": "audit-logging-synth73926581-critical-alerts",
              "Project": "audit-logging"
            },
            "tags_all": {
              "Compliance": "Audit-Logs",
              "Environment": "production",
              "ManagedBy": "Terraform",
              "Name": "audit-logging-synth73926581-critical-alerts",
              "Project": "audit-logging"
            },
            "tracing_config": ""
          },
          "sensitive_attributes": [],
          "private": "bnVsbA==",
          "dependencies": [
            "aws_kms_key.audit_logs",
            "data.aws_caller_identity.current"
          ]
        }
      ]
    },
    {
      "mode": "managed",
      "type": "aws_sns_topic_policy",
      "name": "critical_alerts",
      "provider": "provider[\"registry.terraform.io/hashicorp/aws\"]",
      "instances": [
        {
          "schema_version": 0,
          "attributes": {
            "arn": "arn:aws:sns:us-east-1:342597974367:audit-logging-synth73926581-critical-alerts",
            "id": "arn:aws:sns:us-east-1:342597974367:audit-logging-synth73926581-critical-alerts",
            "owner": "342597974367",
            "policy": "{\"Statement\":[{\"Action\":\"SNS:Publish\",\"Effect\":\"Allow\",\"Principal\":{\"Service\":\"events.amazonaws.com\"},\"Resource\":\"arn:aws:sns:us-east-1:342597974367:audit-logging-synth73926581-critical-alerts\"}],\"Version\":\"2012-10-17\"}",
            "region": "us-east-1"
          },
          "sensitive_attributes": [],
          "private": "bnVsbA==",
          "dependencies": [
            "aws_kms_key.audit_logs",
            "aws_sns_topic.critical_alerts",
            "data.aws_caller_identity.current"
          ]
        }
      ]
    }
  ],
  "check_results": null
}
