{
  "version": 4,
  "terraform_version": "1.9.0",
  "serial": 85,
  "lineage": "c45a6524-7751-2a94-ed6f-ec1b2525aeec",
  "outputs": {
    "alb_security_group_id": {
      "value": "sg-0812a121f1a9a70b8",
      "type": "string"
    },
    "aurora_cluster_endpoint": {
      "value": "payment-aurora-cluster-s101912699.cluster-covy6ema0nuv.us-east-1.rds.amazonaws.com",
      "type": "string",
      "sensitive": true
    },
    "aurora_cluster_id": {
      "value": "payment-aurora-cluster-s101912699",
      "type": "string"
    },
    "aurora_cluster_reader_endpoint": {
      "value": "payment-aurora-cluster-s101912699.cluster-ro-covy6ema0nuv.us-east-1.rds.amazonaws.com",
      "type": "string",
      "sensitive": true
    },
    "aurora_master_password_secret_arn": {
      "value": "arn:aws:secretsmanager:us-east-1:342597974367:secret:payment-aurora-master-s101912699-20251126092144809500000009-rjN9xA",
      "type": "string",
      "sensitive": true
    },
    "aws_region": {
      "value": "us-east-1",
      "type": "string"
    },
    "cloudfront_distribution_domain": {
      "value": "d27m2etzctdg4.cloudfront.net",
      "type": "string"
    },
    "cloudfront_distribution_id": {
      "value": "E3SHP07HXLG9CN",
      "type": "string"
    },
    "ecs_cluster_name": {
      "value": "payment-cluster-s101912699",
      "type": "string"
    },
    "ecs_service_name": {
      "value": "payment-app-service-s101912699",
      "type": "string"
    },
    "ecs_task_execution_role_arn": {
      "value": "arn:aws:iam::342597974367:role/payment-ecs-exec-s101912699-2025112609214601990000000c",
      "type": "string"
    },
    "ecs_task_role_arn": {
      "value": "arn:aws:iam::342597974367:role/payment-ecs-task-s101912699-20251126092142672600000005",
      "type": "string"
    },
    "ecs_task_security_group_id": {
      "value": "sg-027d20932a3470aae",
      "type": "string"
    },
    "environment_suffix": {
      "value": "s101912699",
      "type": "string"
    },
    "kms_cloudwatch_key_id": {
      "value": "8dcb5307-9920-4d6d-9439-2f44ff0933ac",
      "type": "string"
    },
    "kms_database_key_id": {
      "value": "5ecf8a4f-05b6-4ac5-9bee-2ac77ee0f662",
      "type": "string"
    },
    "kms_s3_key_id": {
      "value": "1b5d0232-873e-4268-8c68-0b2170c3c5c1",
      "type": "string"
    },
    "private_app_subnet_ids": {
      "value": [
        "subnet-075eca5687db3d019",
        "subnet-00eddc195df2628aa",
        "subnet-022cc880fdb800b88"
      ],
      "type": [
        "tuple",
        [
          "string",
          "string",
          "string"
        ]
      ]
    },
    "private_db_subnet_ids": {
      "value": [
        "subnet-081efa1857008c637",
        "subnet-022f7201ba14e30a0",
        "subnet-00ea7eda97ea657b9"
      ],
      "type": [
        "tuple",
        [
          "string",
          "string",
          "string"
        ]
      ]
    },
    "public_subnet_ids": {
      "value": [
        "subnet-01a4325361d786430",
        "subnet-0cb70096e89576fbb",
        "subnet-0ca0cfe497560eb3f"
      ],
      "type": [
        "tuple",
        [
          "string",
          "string",
          "string"
        ]
      ]
    },
    "s3_static_assets_bucket_name": {
      "value": "payment-static-assets-s101912699-20251126092144544500000008",
      "type": "string"
    },
    "vpc_id": {
      "value": "vpc-08e66165e8bcdc4ff",
      "type": "string"
    },
    "waf_web_acl_arn": {
      "value": "arn:aws:wafv2:us-east-1:342597974367:regional/webacl/payment-waf-s101912699/efd06179-9d05-4888-b629-233505d4e8f6",
      "type": "string"
    },
    "waf_web_acl_id": {
      "value": "efd06179-9d05-4888-b629-233505d4e8f6",
      "type": "string"
    }
  },
  "resources": [
    {
      "mode": "data",
      "type": "aws_availability_zones",
      "name": "available",
      "provider": "provider[\"registry.terraform.io/hashicorp/aws\"]",
      "instances": [
        {
          "schema_version": 0,
          "attributes": {
            "all_availability_zones": null,
            "exclude_names": null,
            "exclude_zone_ids": null,
            "filter": null,
            "group_names": [
              "us-east-1-zg-1"
            ],
            "id": "us-east-1",
            "names": [
              "us-east-1a",
              "us-east-1b",
              "us-east-1c",
              "us-east-1d",
              "us-east-1e",
              "us-east-1f"
            ],
            "region": "us-east-1",
            "state": "available",
            "timeouts": null,
            "zone_ids": [
              "use1-az1",
              "use1-az2",
              "use1-az4",
              "use1-az6",
              "use1-az3",
              "use1-az5"
            ]
          },
          "sensitive_attributes": []
        }
      ]
    },
    {
      "mode": "data",
      "type": "aws_caller_identity",
      "name": "current",
      "provider": "provider[\"registry.terraform.io/hashicorp/aws\"]",
      "instances": [
        {
          "schema_version": 0,
          "attributes": {
            "account_id": "342597974367",
            "arn": "arn:aws:iam::342597974367:user/iac-synth-deploy",
            "id": "342597974367",
            "user_id": "AIDAU7RDOHFP6S4NLVPKQ"
          },
          "sensitive_attributes": []
        }
      ]
    },
    {
      "mode": "data",
      "type": "aws_elb_service_account",
      "name": "main",
      "provider": "provider[\"registry.terraform.io/hashicorp/aws\"]",
      "instances": [
        {
          "schema_version": 0,
          "attributes": {
            "arn": "arn:aws:iam::127311923021:root",
            "id": "127311923021",
            "region": "us-east-1"
          },
          "sensitive_attributes": []
        }
      ]
    },
    {
      "mode": "managed",
      "type": "aws_acm_certificate",
      "name": "app",
      "provider": "provider[\"registry.terraform.io/hashicorp/aws\"]",
      "instances": [
        {
          "status": "tainted",
          "schema_version": 0,
          "attributes": {
            "arn": null,
            "certificate_authority_arn": null,
            "certificate_body": null,
            "certificate_chain": null,
            "domain_name": "payment-app-s101912699.example.com",
            "domain_validation_options": [
              {
                "domain_name": "*.payment-app-s101912699.example.com",
                "resource_record_name": "",
                "resource_record_type": "",
                "resource_record_value": ""
              },
              {
                "domain_name": "payment-app-s101912699.example.com",
                "resource_record_name": "",
                "resource_record_type": "",
                "resource_record_value": ""
              }
            ],
            "early_renewal_duration": null,
            "id": "arn:aws:acm:us-east-1:342597974367:certificate/230e5297-3c5a-4048-af1f-3a89e0d3478d",
            "key_algorithm": null,
            "not_after": null,
            "not_before": null,
            "options": null,
            "pending_renewal": null,
            "private_key": null,
            "region": "us-east-1",
            "renewal_eligibility": null,
            "renewal_summary": null,
            "status": null,
            "subject_alternative_names": [
              "*.payment-app-s101912699.example.com",
              "payment-app-s101912699.example.com"
            ],
            "tags": {
              "Compliance": "PCI-DSS",
              "CostCenter": "Engineering",
              "Name": "payment-app-cert-s101912699"
            },
            "tags_all": {
              "Author": "QA-Agent",
              "Compliance": "PCI-DSS",
              "CostCenter": "Engineering",
              "Environment": "s101912699",
              "Name": "payment-app-cert-s101912699",
              "PRNumber": "101912699",
              "Repository": "iac-test-automations",
              "Team": "synth"
            },
            "type": null,
            "validation_emails": null,
            "validation_method": "DNS",
            "validation_option": []
          },
          "sensitive_attributes": [
            [
              {
                "type": "get_attr",
                "value": "private_key"
              }
            ]
          ],
          "private": "bnVsbA==",
          "create_before_destroy": true
        }
      ]
    },
    {
      "mode": "managed",
      "type": "aws_cloudfront_distribution",
      "name": "static_assets",
      "provider": "provider[\"registry.terraform.io/hashicorp/aws\"]",
      "instances": [
        {
          "schema_version": 1,
          "attributes": {
            "aliases": null,
            "anycast_ip_list_id": "",
            "arn": "arn:aws:cloudfront::342597974367:distribution/E3SHP07HXLG9CN",
            "caller_reference": "terraform-2025112609215627950000000f",
            "comment": "CloudFront distribution for payment static assets - s101912699",
            "continuous_deployment_policy_id": "",
            "custom_error_response": [],
            "default_cache_behavior": [
              {
                "allowed_methods": [
                  "GET",
                  "HEAD",
                  "OPTIONS"
                ],
                "cache_policy_id": "",
                "cached_methods": [
                  "GET",
                  "HEAD"
                ],
                "compress": true,
                "default_ttl": 3600,
                "field_level_encryption_id": "",
                "forwarded_values": [
                  {
                    "cookies": [
                      {
                        "forward": "none",
                        "whitelisted_names": []
                      }
                    ],
                    "headers": [],
                    "query_string": false,
                    "query_string_cache_keys": []
                  }
                ],
                "function_association": [],
                "grpc_config": [
                  {
                    "enabled": false
                  }
                ],
                "lambda_function_association": [],
                "max_ttl": 86400,
                "min_ttl": 0,
                "origin_request_policy_id": "",
                "realtime_log_config_arn": "",
                "response_headers_policy_id": "",
                "smooth_streaming": false,
                "target_origin_id": "S3-payment-static-assets-s101912699-20251126092144544500000008",
                "trusted_key_groups": [],
                "trusted_signers": [],
                "viewer_protocol_policy": "redirect-to-https"
              }
            ],
            "default_root_object": "index.html",
            "domain_name": "d27m2etzctdg4.cloudfront.net",
            "enabled": true,
            "etag": "EKTGH467BLHAY",
            "hosted_zone_id": "Z2FDTNDATAQYW2",
            "http_version": "http2",
            "id": "E3SHP07HXLG9CN",
            "in_progress_validation_batches": 0,
            "is_ipv6_enabled": true,
            "last_modified_time": "2025-11-26 09:22:07.532 +0000 UTC",
            "logging_config": [
              {
                "bucket": "payment-cloudfront-logs-s101912699-20251126092142689400000006.s3.amazonaws.com",
                "include_cookies": false,
                "prefix": "cloudfront-logs/"
              }
            ],
            "ordered_cache_behavior": [],
            "origin": [
              {
                "connection_attempts": 3,
                "connection_timeout": 10,
                "custom_header": [],
                "custom_origin_config": [],
                "domain_name": "payment-static-assets-s101912699-20251126092144544500000008.s3.us-east-1.amazonaws.com",
                "origin_access_control_id": "",
                "origin_id": "S3-payment-static-assets-s101912699-20251126092144544500000008",
                "origin_path": "",
                "origin_shield": [],
                "s3_origin_config": [
                  {
                    "origin_access_identity": "origin-access-identity/cloudfront/E22IVFT3XY1FF6"
                  }
                ],
                "vpc_origin_config": []
              }
            ],
            "origin_group": [],
            "price_class": "PriceClass_100",
            "restrictions": [
              {
                "geo_restriction": [
                  {
                    "locations": [],
                    "restriction_type": "none"
                  }
                ]
              }
            ],
            "retain_on_delete": false,
            "staging": false,
            "status": "Deployed",
            "tags": {
              "Compliance": "PCI-DSS",
              "CostCenter": "Engineering",
              "Name": "payment-cloudfront-s101912699"
            },
            "tags_all": {
              "Author": "QA-Agent",
              "Compliance": "PCI-DSS",
              "CostCenter": "Engineering",
              "Environment": "s101912699",
              "Name": "payment-cloudfront-s101912699",
              "PRNumber": "101912699",
              "Repository": "iac-test-automations",
              "Team": "synth"
            },
            "trusted_key_groups": [
              {
                "enabled": false,
                "items": []
              }
            ],
            "trusted_signers": [
              {
                "enabled": false,
                "items": []
              }
            ],
            "viewer_certificate": [
              {
                "acm_certificate_arn": "",
                "cloudfront_default_certificate": true,
                "iam_certificate_id": "",
                "minimum_protocol_version": "TLSv1",
                "ssl_support_method": ""
              }
            ],
            "wait_for_deployment": true,
            "web_acl_id": ""
          },
          "sensitive_attributes": [],
          "private": "eyJzY2hlbWFfdmVyc2lvbiI6IjEifQ==",
          "dependencies": [
            "aws_cloudfront_origin_access_identity.static_assets",
            "aws_s3_bucket.cloudfront_logs",
            "aws_s3_bucket.static_assets"
          ]
        }
      ]
    },
    {
      "mode": "managed",
      "type": "aws_cloudfront_origin_access_identity",
      "name": "static_assets",
      "provider": "provider[\"registry.terraform.io/hashicorp/aws\"]",
      "instances": [
        {
          "schema_version": 0,
          "attributes": {
            "arn": "arn:aws:cloudfront::342597974367:origin-access-identity/E22IVFT3XY1FF6",
            "caller_reference": "terraform-20251126092142643000000001",
            "cloudfront_access_identity_path": "origin-access-identity/cloudfront/E22IVFT3XY1FF6",
            "comment": "OAI for payment static assets - s101912699",
            "etag": "E3UN6WX5RRO2AG",
            "iam_arn": "arn:aws:iam::cloudfront:user/CloudFront Origin Access Identity E22IVFT3XY1FF6",
            "id": "E22IVFT3XY1FF6",
            "s3_canonical_user_id": "98ea380369dbcac9c58c0c2de317684d8d7f4b01405b2faefbe28ff53e0b5d5a562ec78449afaeec9279eb31b385bcea"
          },
          "sensitive_attributes": [],
          "private": "bnVsbA=="
        }
      ]
    },
    {
      "mode": "managed",
      "type": "aws_cloudwatch_log_group",
      "name": "ecs",
      "provider": "provider[\"registry.terraform.io/hashicorp/aws\"]",
      "instances": [
        {
          "schema_version": 0,
          "attributes": {
            "arn": "arn:aws:logs:us-east-1:342597974367:log-group:/ecs/payment-app-s101912699",
            "id": "/ecs/payment-app-s101912699",
            "kms_key_id": "arn:aws:kms:us-east-1:342597974367:key/8dcb5307-9920-4d6d-9439-2f44ff0933ac",
            "log_group_class": "STANDARD",
            "name": "/ecs/payment-app-s101912699",
            "name_prefix": "",
            "region": "us-east-1",
            "retention_in_days": 7,
            "skip_destroy": false,
            "tags": {
              "Compliance": "PCI-DSS",
              "CostCenter": "Engineering",
              "Name": "payment-ecs-logs-s101912699"
            },
            "tags_all": {
              "Author": "QA-Agent",
              "Compliance": "PCI-DSS",
              "CostCenter": "Engineering",
              "Environment": "s101912699",
              "Name": "payment-ecs-logs-s101912699",
              "PRNumber": "101912699",
              "Repository": "iac-test-automations",
              "Team": "synth"
            }
          },
          "sensitive_attributes": [],
          "private": "bnVsbA==",
          "dependencies": [
            "aws_kms_key.cloudwatch",
            "data.aws_caller_identity.current"
          ]
        }
      ]
    },
    {
      "mode": "managed",
      "type": "aws_cloudwatch_log_group",
      "name": "waf",
      "provider": "provider[\"registry.terraform.io/hashicorp/aws\"]",
      "instances": [
        {
          "schema_version": 0,
          "attributes": {
            "arn": "arn:aws:logs:us-east-1:342597974367:log-group:/aws/waf/payment-s101912699",
            "id": "/aws/waf/payment-s101912699",
            "kms_key_id": "arn:aws:kms:us-east-1:342597974367:key/8dcb5307-9920-4d6d-9439-2f44ff0933ac",
            "log_group_class": "STANDARD",
            "name": "/aws/waf/payment-s101912699",
            "name_prefix": "",
            "region": "us-east-1",
            "retention_in_days": 7,
            "skip_destroy": false,
            "tags": {
              "Compliance": "PCI-DSS",
              "CostCenter": "Engineering",
              "Name": "payment-waf-logs-s101912699"
            },
            "tags_all": {
              "Author": "QA-Agent",
              "Compliance": "PCI-DSS",
              "CostCenter": "Engineering",
              "Environment": "s101912699",
              "Name": "payment-waf-logs-s101912699",
              "PRNumber": "101912699",
              "Repository": "iac-test-automations",
              "Team": "synth"
            }
          },
          "sensitive_attributes": [],
          "private": "bnVsbA==",
          "dependencies": [
            "aws_kms_key.cloudwatch",
            "data.aws_caller_identity.current"
          ]
        }
      ]
    },
    {
      "mode": "managed",
      "type": "aws_cloudwatch_log_metric_filter",
      "name": "critical_error_count",
      "provider": "provider[\"registry.terraform.io/hashicorp/aws\"]",
      "instances": [
        {
          "schema_version": 0,
          "attributes": {
            "apply_on_transformed_logs": false,
            "id": "payment-critical-error-count-s101912699",
            "log_group_name": "/ecs/payment-app-s101912699",
            "metric_transformation": [
              {
                "default_value": "0",
                "dimensions": null,
                "name": "CriticalErrorCount",
                "namespace": "Payment/Application",
                "unit": "None",
                "value": "1"
              }
            ],
            "name": "payment-critical-error-count-s101912699",
            "pattern": "[time, request_id, level = CRITICAL*, ...]",
            "region": "us-east-1"
          },
          "sensitive_attributes": [],
          "private": "bnVsbA==",
          "dependencies": [
            "aws_cloudwatch_log_group.ecs",
            "aws_kms_key.cloudwatch",
            "data.aws_caller_identity.current"
          ]
        }
      ]
    },
    {
      "mode": "managed",
      "type": "aws_cloudwatch_log_metric_filter",
      "name": "error_count",
      "provider": "provider[\"registry.terraform.io/hashicorp/aws\"]",
      "instances": [
        {
          "schema_version": 0,
          "attributes": {
            "apply_on_transformed_logs": false,
            "id": "payment-error-count-s101912699",
            "log_group_name": "/ecs/payment-app-s101912699",
            "metric_transformation": [
              {
                "default_value": "0",
                "dimensions": null,
                "name": "ErrorCount",
                "namespace": "Payment/Application",
                "unit": "None",
                "value": "1"
              }
            ],
            "name": "payment-error-count-s101912699",
            "pattern": "[time, request_id, level = ERROR*, ...]",
            "region": "us-east-1"
          },
          "sensitive_attributes": [],
          "private": "bnVsbA==",
          "dependencies": [
            "aws_cloudwatch_log_group.ecs",
            "aws_kms_key.cloudwatch",
            "data.aws_caller_identity.current"
          ]
        }
      ]
    },
    {
      "mode": "managed",
      "type": "aws_cloudwatch_metric_alarm",
      "name": "aurora_high_connections",
      "provider": "provider[\"registry.terraform.io/hashicorp/aws\"]",
      "instances": [
        {
          "schema_version": 1,
          "attributes": {
            "actions_enabled": true,
            "alarm_actions": null,
            "alarm_description": "This alarm monitors Aurora database connections",
            "alarm_name": "payment-aurora-high-connections-s101912699",
            "arn": "arn:aws:cloudwatch:us-east-1:342597974367:alarm:payment-aurora-high-connections-s101912699",
            "comparison_operator": "GreaterThanThreshold",
            "datapoints_to_alarm": 0,
            "dimensions": {
              "DBClusterIdentifier": "payment-aurora-cluster-s101912699"
            },
            "evaluate_low_sample_count_percentiles": "",
            "evaluation_periods": 2,
            "extended_statistic": "",
            "id": "payment-aurora-high-connections-s101912699",
            "insufficient_data_actions": null,
            "metric_name": "DatabaseConnections",
            "metric_query": [],
            "namespace": "AWS/RDS",
            "ok_actions": null,
            "period": 300,
            "region": "us-east-1",
            "statistic": "Average",
            "tags": {
              "Compliance": "PCI-DSS",
              "CostCenter": "Engineering",
              "Name": "payment-aurora-high-connections-s101912699"
            },
            "tags_all": {
              "Author": "QA-Agent",
              "Compliance": "PCI-DSS",
              "CostCenter": "Engineering",
              "Environment": "s101912699",
              "Name": "payment-aurora-high-connections-s101912699",
              "PRNumber": "101912699",
              "Repository": "iac-test-automations",
              "Team": "synth"
            },
            "threshold": 80,
            "threshold_metric_id": "",
            "treat_missing_data": "notBreaching",
            "unit": ""
          },
          "sensitive_attributes": [],
          "private": "eyJzY2hlbWFfdmVyc2lvbiI6IjEifQ==",
          "dependencies": [
            "aws_db_subnet_group.aurora",
            "aws_kms_key.database",
            "aws_rds_cluster.aurora",
            "aws_rds_cluster_parameter_group.aurora",
            "aws_security_group.alb",
            "aws_security_group.aurora",
            "aws_security_group.ecs_tasks",
            "aws_subnet.private_db",
            "aws_vpc.main",
            "data.aws_availability_zones.available",
            "random_password.aurora_master"
          ]
        }
      ]
    },
    {
      "mode": "managed",
      "type": "aws_cloudwatch_metric_alarm",
      "name": "aurora_high_cpu",
      "provider": "provider[\"registry.terraform.io/hashicorp/aws\"]",
      "instances": [
        {
          "schema_version": 1,
          "attributes": {
            "actions_enabled": true,
            "alarm_actions": null,
            "alarm_description": "This alarm monitors Aurora CPU utilization",
            "alarm_name": "payment-aurora-high-cpu-s101912699",
            "arn": "arn:aws:cloudwatch:us-east-1:342597974367:alarm:payment-aurora-high-cpu-s101912699",
            "comparison_operator": "GreaterThanThreshold",
            "datapoints_to_alarm": 0,
            "dimensions": {
              "DBClusterIdentifier": "payment-aurora-cluster-s101912699"
            },
            "evaluate_low_sample_count_percentiles": "",
            "evaluation_periods": 2,
            "extended_statistic": "",
            "id": "payment-aurora-high-cpu-s101912699",
            "insufficient_data_actions": null,
            "metric_name": "CPUUtilization",
            "metric_query": [],
            "namespace": "AWS/RDS",
            "ok_actions": null,
            "period": 300,
            "region": "us-east-1",
            "statistic": "Average",
            "tags": {
              "Compliance": "PCI-DSS",
              "CostCenter": "Engineering",
              "Name": "payment-aurora-high-cpu-s101912699"
            },
            "tags_all": {
              "Author": "QA-Agent",
              "Compliance": "PCI-DSS",
              "CostCenter": "Engineering",
              "Environment": "s101912699",
              "Name": "payment-aurora-high-cpu-s101912699",
              "PRNumber": "101912699",
              "Repository": "iac-test-automations",
              "Team": "synth"
            },
            "threshold": 80,
            "threshold_metric_id": "",
            "treat_missing_data": "notBreaching",
            "unit": ""
          },
          "sensitive_attributes": [],
          "private": "eyJzY2hlbWFfdmVyc2lvbiI6IjEifQ==",
          "dependencies": [
            "aws_db_subnet_group.aurora",
            "aws_kms_key.database",
            "aws_rds_cluster.aurora",
            "aws_rds_cluster_parameter_group.aurora",
            "aws_security_group.alb",
            "aws_security_group.aurora",
            "aws_security_group.ecs_tasks",
            "aws_subnet.private_db",
            "aws_vpc.main",
            "data.aws_availability_zones.available",
            "random_password.aurora_master"
          ]
        }
      ]
    },
    {
      "mode": "managed",
      "type": "aws_cloudwatch_metric_alarm",
      "name": "high_error_rate",
      "provider": "provider[\"registry.terraform.io/hashicorp/aws\"]",
      "instances": [
        {
          "schema_version": 1,
          "attributes": {
            "actions_enabled": true,
            "alarm_actions": null,
            "alarm_description": "This alarm monitors application error rate",
            "alarm_name": "payment-high-error-rate-s101912699",
            "arn": "arn:aws:cloudwatch:us-east-1:342597974367:alarm:payment-high-error-rate-s101912699",
            "comparison_operator": "GreaterThanThreshold",
            "datapoints_to_alarm": 0,
            "dimensions": null,
            "evaluate_low_sample_count_percentiles": "",
            "evaluation_periods": 2,
            "extended_statistic": "",
            "id": "payment-high-error-rate-s101912699",
            "insufficient_data_actions": null,
            "metric_name": "ErrorCount",
            "metric_query": [],
            "namespace": "Payment/Application",
            "ok_actions": null,
            "period": 300,
            "region": "us-east-1",
            "statistic": "Sum",
            "tags": {
              "Compliance": "PCI-DSS",
              "CostCenter": "Engineering",
              "Name": "payment-high-error-rate-s101912699"
            },
            "tags_all": {
              "Author": "QA-Agent",
              "Compliance": "PCI-DSS",
              "CostCenter": "Engineering",
              "Environment": "s101912699",
              "Name": "payment-high-error-rate-s101912699",
              "PRNumber": "101912699",
              "Repository": "iac-test-automations",
              "Team": "synth"
            },
            "threshold": 10,
            "threshold_metric_id": "",
            "treat_missing_data": "notBreaching",
            "unit": ""
          },
          "sensitive_attributes": [],
          "private": "eyJzY2hlbWFfdmVyc2lvbiI6IjEifQ=="
        }
      ]
    },
    {
      "mode": "managed",
      "type": "aws_db_parameter_group",
      "name": "aurora",
      "provider": "provider[\"registry.terraform.io/hashicorp/aws\"]",
      "instances": [
        {
          "schema_version": 0,
          "attributes": {
            "arn": "arn:aws:rds:us-east-1:342597974367:pg:payment-aurora-instance-s101912699-20251126092142666600000004",
            "description": "Aurora MySQL instance parameter group for payment processing",
            "family": "aurora-mysql8.0",
            "id": "payment-aurora-instance-s101912699-20251126092142666600000004",
            "name": "payment-aurora-instance-s101912699-20251126092142666600000004",
            "name_prefix": "payment-aurora-instance-s101912699-",
            "parameter": [],
            "region": "us-east-1",
            "skip_destroy": false,
            "tags": {
              "Compliance": "PCI-DSS",
              "CostCenter": "Engineering",
              "Name": "payment-aurora-instance-params-s101912699"
            },
            "tags_all": {
              "Author": "QA-Agent",
              "Compliance": "PCI-DSS",
              "CostCenter": "Engineering",
              "Environment": "s101912699",
              "Name": "payment-aurora-instance-params-s101912699",
              "PRNumber": "101912699",
              "Repository": "iac-test-automations",
              "Team": "synth"
            }
          },
          "sensitive_attributes": [],
          "private": "bnVsbA==",
          "create_before_destroy": true
        }
      ]
    },
    {
      "mode": "managed",
      "type": "aws_db_subnet_group",
      "name": "aurora",
      "provider": "provider[\"registry.terraform.io/hashicorp/aws\"]",
      "instances": [
        {
          "schema_version": 0,
          "attributes": {
            "arn": "arn:aws:rds:us-east-1:342597974367:subgrp:payment-aurora-subnet-group-s101912699",
            "description": "Managed by Terraform",
            "id": "payment-aurora-subnet-group-s101912699",
            "name": "payment-aurora-subnet-group-s101912699",
            "name_prefix": "",
            "region": "us-east-1",
            "subnet_ids": [
              "subnet-00ea7eda97ea657b9",
              "subnet-022f7201ba14e30a0",
              "subnet-081efa1857008c637"
            ],
            "supported_network_types": [
              "IPV4"
            ],
            "tags": {
              "Compliance": "PCI-DSS",
              "CostCenter": "Engineering",
              "Name": "payment-aurora-subnet-group-s101912699"
            },
            "tags_all": {
              "Author": "QA-Agent",
              "Compliance": "PCI-DSS",
              "CostCenter": "Engineering",
              "Environment": "s101912699",
              "Name": "payment-aurora-subnet-group-s101912699",
              "PRNumber": "101912699",
              "Repository": "iac-test-automations",
              "Team": "synth"
            },
            "vpc_id": "vpc-08e66165e8bcdc4ff"
          },
          "sensitive_attributes": [],
          "private": "bnVsbA==",
          "dependencies": [
            "aws_subnet.private_db",
            "aws_vpc.main",
            "data.aws_availability_zones.available"
          ]
        }
      ]
    },
    {
      "mode": "managed",
      "type": "aws_ecs_cluster",
      "name": "main",
      "provider": "provider[\"registry.terraform.io/hashicorp/aws\"]",
      "instances": [
        {
          "schema_version": 0,
          "attributes": {
            "arn": "arn:aws:ecs:us-east-1:342597974367:cluster/payment-cluster-s101912699",
            "configuration": [],
            "id": "arn:aws:ecs:us-east-1:342597974367:cluster/payment-cluster-s101912699",
            "name": "payment-cluster-s101912699",
            "region": "us-east-1",
            "service_connect_defaults": [],
            "setting": [
              {
                "name": "containerInsights",
                "value": "enabled"
              }
            ],
            "tags": {
              "Compliance": "PCI-DSS",
              "CostCenter": "Engineering",
              "Name": "payment-ecs-cluster-s101912699"
            },
            "tags_all": {
              "Author": "QA-Agent",
              "Compliance": "PCI-DSS",
              "CostCenter": "Engineering",
              "Environment": "s101912699",
              "Name": "payment-ecs-cluster-s101912699",
              "PRNumber": "101912699",
              "Repository": "iac-test-automations",
              "Team": "synth"
            }
          },
          "sensitive_attributes": [],
          "private": "bnVsbA=="
        }
      ]
    },
    {
      "mode": "managed",
      "type": "aws_ecs_task_definition",
      "name": "app",
      "provider": "provider[\"registry.terraform.io/hashicorp/aws\"]",
      "instances": [
        {
          "schema_version": 1,
          "attributes": {
            "arn": "arn:aws:ecs:us-east-1:342597974367:task-definition/payment-app-s101912699:1",
            "arn_without_revision": "arn:aws:ecs:us-east-1:342597974367:task-definition/payment-app-s101912699",
            "container_definitions": "[{\"environment\":[{\"name\":\"DB_HOST\",\"value\":\"payment-aurora-cluster-s101912699.cluster-covy6ema0nuv.us-east-1.rds.amazonaws.com\"},{\"name\":\"DB_PORT\",\"value\":\"3306\"},{\"name\":\"ENVIRONMENT\",\"value\":\"s101912699\"}],\"essential\":true,\"healthCheck\":{\"command\":[\"CMD-SHELL\",\"curl -f http://localhost:8080/health || exit 1\"],\"interval\":30,\"retries\":3,\"startPeriod\":60,\"timeout\":5},\"image\":\"nginx:latest\",\"logConfiguration\":{\"logDriver\":\"awslogs\",\"options\":{\"awslogs-group\":\"/ecs/payment-app-s101912699\",\"awslogs-region\":\"us-east-1\",\"awslogs-stream-prefix\":\"ecs\"}},\"mountPoints\":[],\"name\":\"payment-app\",\"portMappings\":[{\"containerPort\":8080,\"hostPort\":8080,\"protocol\":\"tcp\"}],\"secrets\":[{\"name\":\"DB_PASSWORD\",\"valueFrom\":\"arn:aws:secretsmanager:us-east-1:342597974367:secret:payment-aurora-master-s101912699-20251126092144809500000009-rjN9xA\"}],\"systemControls\":[],\"volumesFrom\":[]}]",
            "cpu": "512",
            "enable_fault_injection": false,
            "ephemeral_storage": [],
            "execution_role_arn": "arn:aws:iam::342597974367:role/payment-ecs-exec-s101912699-2025112609214601990000000c",
            "family": "payment-app-s101912699",
            "id": "payment-app-s101912699",
            "ipc_mode": "",
            "memory": "1024",
            "network_mode": "awsvpc",
            "pid_mode": "",
            "placement_constraints": [],
            "proxy_configuration": [],
            "region": "us-east-1",
            "requires_compatibilities": [
              "FARGATE"
            ],
            "revision": 1,
            "runtime_platform": [],
            "skip_destroy": false,
            "tags": {
              "Compliance": "PCI-DSS",
              "CostCenter": "Engineering",
              "Name": "payment-app-task-s101912699"
            },
            "tags_all": {
              "Author": "QA-Agent",
              "Compliance": "PCI-DSS",
              "CostCenter": "Engineering",
              "Environment": "s101912699",
              "Name": "payment-app-task-s101912699",
              "PRNumber": "101912699",
              "Repository": "iac-test-automations",
              "Team": "synth"
            },
            "task_role_arn": "arn:aws:iam::342597974367:role/payment-ecs-task-s101912699-20251126092142672600000005",
            "track_latest": false,
            "volume": []
          },
          "sensitive_attributes": [],
          "private": "eyJzY2hlbWFfdmVyc2lvbiI6IjEifQ==",
          "dependencies": [
            "aws_cloudwatch_log_group.ecs",
            "aws_db_subnet_group.aurora",
            "aws_iam_role.ecs_task",
            "aws_iam_role.ecs_task_execution",
            "aws_kms_key.cloudwatch",
            "aws_kms_key.database",
            "aws_rds_cluster.aurora",
            "aws_rds_cluster_parameter_group.aurora",
            "aws_secretsmanager_secret.aurora_master_password",
            "aws_security_group.alb",
            "aws_security_group.aurora",
            "aws_security_group.ecs_tasks",
            "aws_subnet.private_db",
            "aws_vpc.main",
            "data.aws_availability_zones.available",
            "data.aws_caller_identity.current",
            "random_password.aurora_master"
          ]
        }
      ]
    },
    {
      "mode": "managed",
      "type": "aws_iam_role",
      "name": "ecs_autoscaling",
      "provider": "provider[\"registry.terraform.io/hashicorp/aws\"]",
      "instances": [
        {
          "schema_version": 0,
          "attributes": {
            "arn": "arn:aws:iam::342597974367:role/payment-ecs-autoscaling-s101912699-20251126092142649000000003",
            "assume_role_policy": "{\"Statement\":[{\"Action\":\"sts:AssumeRole\",\"Effect\":\"Allow\",\"Principal\":{\"Service\":\"application-autoscaling.amazonaws.com\"}}],\"Version\":\"2012-10-17\"}",
            "create_date": "2025-11-26T09:21:53Z",
            "description": "",
            "force_detach_policies": false,
            "id": "payment-ecs-autoscaling-s101912699-20251126092142649000000003",
            "inline_policy": [],
            "managed_policy_arns": [],
            "max_session_duration": 3600,
            "name": "payment-ecs-autoscaling-s101912699-20251126092142649000000003",
            "name_prefix": "payment-ecs-autoscaling-s101912699-",
            "path": "/",
            "permissions_boundary": "",
            "tags": {
              "Compliance": "PCI-DSS",
              "CostCenter": "Engineering",
              "Name": "payment-ecs-autoscaling-role-s101912699"
            },
            "tags_all": {
              "Author": "QA-Agent",
              "Compliance": "PCI-DSS",
              "CostCenter": "Engineering",
              "Environment": "s101912699",
              "Name": "payment-ecs-autoscaling-role-s101912699",
              "PRNumber": "101912699",
              "Repository": "iac-test-automations",
              "Team": "synth"
            },
            "unique_id": "AROAU7RDOHFP2RJVHVI3E"
          },
          "sensitive_attributes": [],
          "private": "bnVsbA=="
        }
      ]
    },
    {
      "mode": "managed",
      "type": "aws_iam_role",
      "name": "ecs_task",
      "provider": "provider[\"registry.terraform.io/hashicorp/aws\"]",
      "instances": [
        {
          "schema_version": 0,
          "attributes": {
            "arn": "arn:aws:iam::342597974367:role/payment-ecs-task-s101912699-20251126092142672600000005",
            "assume_role_policy": "{\"Statement\":[{\"Action\":\"sts:AssumeRole\",\"Condition\":{\"StringEquals\":{\"sts:ExternalId\":\"payment-app-s101912699\"}},\"Effect\":\"Allow\",\"Principal\":{\"Service\":\"ecs-tasks.amazonaws.com\"}}],\"Version\":\"2012-10-17\"}",
            "create_date": "2025-11-26T09:21:53Z",
            "description": "",
            "force_detach_policies": false,
            "id": "payment-ecs-task-s101912699-20251126092142672600000005",
            "inline_policy": [],
            "managed_policy_arns": [],
            "max_session_duration": 3600,
            "name": "payment-ecs-task-s101912699-20251126092142672600000005",
            "name_prefix": "payment-ecs-task-s101912699-",
            "path": "/",
            "permissions_boundary": "",
            "tags": {
              "Compliance": "PCI-DSS",
              "CostCenter": "Engineering",
              "Name": "payment-ecs-task-role-s101912699"
            },
            "tags_all": {
              "Author": "QA-Agent",
              "Compliance": "PCI-DSS",
              "CostCenter": "Engineering",
              "Environment": "s101912699",
              "Name": "payment-ecs-task-role-s101912699",
              "PRNumber": "101912699",
              "Repository": "iac-test-automations",
              "Team": "synth"
            },
            "unique_id": "AROAU7RDOHFP6YGEIG2AU"
          },
          "sensitive_attributes": [],
          "private": "bnVsbA=="
        }
      ]
    },
    {
      "mode": "managed",
      "type": "aws_iam_role",
      "name": "ecs_task_execution",
      "provider": "provider[\"registry.terraform.io/hashicorp/aws\"]",
      "instances": [
        {
          "schema_version": 0,
          "attributes": {
            "arn": "arn:aws:iam::342597974367:role/payment-ecs-exec-s101912699-2025112609214601990000000c",
            "assume_role_policy": "{\"Statement\":[{\"Action\":\"sts:AssumeRole\",\"Condition\":{\"StringEquals\":{\"sts:ExternalId\":\"payment-app-s101912699\"}},\"Effect\":\"Allow\",\"Principal\":{\"Service\":\"ecs-tasks.amazonaws.com\"}}],\"Version\":\"2012-10-17\"}",
            "create_date": "2025-11-26T09:21:56Z",
            "description": "",
            "force_detach_policies": false,
            "id": "payment-ecs-exec-s101912699-2025112609214601990000000c",
            "inline_policy": [],
            "managed_policy_arns": [],
            "max_session_duration": 3600,
            "name": "payment-ecs-exec-s101912699-2025112609214601990000000c",
            "name_prefix": "payment-ecs-exec-s101912699-",
            "path": "/",
            "permissions_boundary": "",
            "tags": {
              "Compliance": "PCI-DSS",
              "CostCenter": "Engineering",
              "Name": "payment-ecs-task-execution-role-s101912699"
            },
            "tags_all": {
              "Author": "QA-Agent",
              "Compliance": "PCI-DSS",
              "CostCenter": "Engineering",
              "Environment": "s101912699",
              "Name": "payment-ecs-task-execution-role-s101912699",
              "PRNumber": "101912699",
              "Repository": "iac-test-automations",
              "Team": "synth"
            },
            "unique_id": "AROAU7RDOHFPVSI4PE56M"
          },
          "sensitive_attributes": [],
          "private": "bnVsbA=="
        }
      ]
    },
    {
      "mode": "managed",
      "type": "aws_iam_role_policy",
      "name": "ecs_task_cloudwatch",
      "provider": "provider[\"registry.terraform.io/hashicorp/aws\"]",
      "instances": [
        {
          "schema_version": 0,
          "attributes": {
            "id": "payment-ecs-task-s101912699-20251126092142672600000005:ecs-cloudwatch-s101912699-20251126092220021900000018",
            "name": "ecs-cloudwatch-s101912699-20251126092220021900000018",
            "name_prefix": "ecs-cloudwatch-s101912699-",
            "policy": "{\"Version\":\"2012-10-17\",\"Statement\":[{\"Action\":[\"logs:CreateLogStream\",\"logs:PutLogEvents\"],\"Effect\":\"Allow\",\"Resource\":\"arn:aws:logs:us-east-1:342597974367:log-group:/ecs/payment-app-s101912699:*\"}]}",
            "role": "payment-ecs-task-s101912699-20251126092142672600000005"
          },
          "sensitive_attributes": [],
          "private": "bnVsbA==",
          "dependencies": [
            "aws_cloudwatch_log_group.ecs",
            "aws_iam_role.ecs_task",
            "aws_kms_key.cloudwatch",
            "data.aws_caller_identity.current"
          ]
        }
      ]
    },
    {
      "mode": "managed",
      "type": "aws_iam_role_policy",
      "name": "ecs_task_execution_secrets",
      "provider": "provider[\"registry.terraform.io/hashicorp/aws\"]",
      "instances": [
        {
          "schema_version": 0,
          "attributes": {
            "id": "payment-ecs-exec-s101912699-2025112609214601990000000c:ecs-secrets-s101912699-20251126092159518700000010",
            "name": "ecs-secrets-s101912699-20251126092159518700000010",
            "name_prefix": "ecs-secrets-s101912699-",
            "policy": "{\"Version\":\"2012-10-17\",\"Statement\":[{\"Action\":[\"secretsmanager:GetSecretValue\",\"kms:Decrypt\"],\"Effect\":\"Allow\",\"Resource\":[\"arn:aws:secretsmanager:us-east-1:342597974367:secret:payment-aurora-master-s101912699-20251126092144809500000009-rjN9xA\",\"arn:aws:kms:us-east-1:342597974367:key/5ecf8a4f-05b6-4ac5-9bee-2ac77ee0f662\"]}]}",
            "role": "payment-ecs-exec-s101912699-2025112609214601990000000c"
          },
          "sensitive_attributes": [],
          "private": "bnVsbA==",
          "dependencies": [
            "aws_iam_role.ecs_task_execution",
            "aws_kms_key.database",
            "aws_secretsmanager_secret.aurora_master_password"
          ]
        }
      ]
    },
    {
      "mode": "managed",
      "type": "aws_iam_role_policy",
      "name": "ecs_task_s3",
      "provider": "provider[\"registry.terraform.io/hashicorp/aws\"]",
      "instances": [
        {
          "schema_version": 0,
          "attributes": {
            "id": "payment-ecs-task-s101912699-20251126092142672600000005:ecs-s3-s101912699-2025112609215625150000000e",
            "name": "ecs-s3-s101912699-2025112609215625150000000e",
            "name_prefix": "ecs-s3-s101912699-",
            "policy": "{\"Version\":\"2012-10-17\",\"Statement\":[{\"Action\":[\"s3:GetObject\",\"s3:PutObject\",\"s3:DeleteObject\"],\"Effect\":\"Allow\",\"Resource\":\"arn:aws:s3:::payment-static-assets-s101912699-20251126092144544500000008/*\"},{\"Action\":[\"s3:ListBucket\"],\"Effect\":\"Allow\",\"Resource\":\"arn:aws:s3:::payment-static-assets-s101912699-20251126092144544500000008\"}]}",
            "role": "payment-ecs-task-s101912699-20251126092142672600000005"
          },
          "sensitive_attributes": [],
          "private": "bnVsbA==",
          "dependencies": [
            "aws_iam_role.ecs_task",
            "aws_s3_bucket.static_assets"
          ]
        }
      ]
    },
    {
      "mode": "managed",
      "type": "aws_iam_role_policy_attachment",
      "name": "ecs_autoscaling",
      "provider": "provider[\"registry.terraform.io/hashicorp/aws\"]",
      "instances": [
        {
          "schema_version": 0,
          "attributes": {
            "id": "payment-ecs-autoscaling-s101912699-20251126092142649000000003/arn:aws:iam::aws:policy/service-role/AmazonEC2ContainerServiceAutoscaleRole",
            "policy_arn": "arn:aws:iam::aws:policy/service-role/AmazonEC2ContainerServiceAutoscaleRole",
            "role": "payment-ecs-autoscaling-s101912699-20251126092142649000000003"
          },
          "sensitive_attributes": [],
          "private": "bnVsbA==",
          "dependencies": [
            "aws_iam_role.ecs_autoscaling"
          ]
        }
      ]
    },
    {
      "mode": "managed",
      "type": "aws_iam_role_policy_attachment",
      "name": "ecs_task_execution",
      "provider": "provider[\"registry.terraform.io/hashicorp/aws\"]",
      "instances": [
        {
          "schema_version": 0,
          "attributes": {
            "id": "payment-ecs-exec-s101912699-2025112609214601990000000c/arn:aws:iam::aws:policy/service-role/AmazonECSTaskExecutionRolePolicy",
            "policy_arn": "arn:aws:iam::aws:policy/service-role/AmazonECSTaskExecutionRolePolicy",
            "role": "payment-ecs-exec-s101912699-2025112609214601990000000c"
          },
          "sensitive_attributes": [],
          "private": "bnVsbA==",
          "dependencies": [
            "aws_iam_role.ecs_task_execution"
          ]
        }
      ]
    },
    {
      "mode": "managed",
      "type": "aws_internet_gateway",
      "name": "main",
      "provider": "provider[\"registry.terraform.io/hashicorp/aws\"]",
      "instances": [
        {
          "schema_version": 0,
          "attributes": {
            "arn": "arn:aws:ec2:us-east-1:342597974367:internet-gateway/igw-01395e7fb07a6c7e8",
            "id": "igw-01395e7fb07a6c7e8",
            "owner_id": "342597974367",
            "region": "us-east-1",
            "tags": {
              "Compliance": "PCI-DSS",
              "CostCenter": "Engineering",
              "Name": "payment-igw-s101912699"
            },
            "tags_all": {
              "Author": "QA-Agent",
              "Compliance": "PCI-DSS",
              "CostCenter": "Engineering",
              "Environment": "s101912699",
              "Name": "payment-igw-s101912699",
              "PRNumber": "101912699",
              "Repository": "iac-test-automations",
              "Team": "synth"
            },
            "timeouts": null,
            "vpc_id": "vpc-08e66165e8bcdc4ff"
          },
          "sensitive_attributes": [],
          "private": "eyJlMmJmYjczMC1lY2FhLTExZTYtOGY4OC0zNDM2M2JjN2M0YzAiOnsiY3JlYXRlIjoxMjAwMDAwMDAwMDAwLCJkZWxldGUiOjEyMDAwMDAwMDAwMDAsInVwZGF0ZSI6MTIwMDAwMDAwMDAwMH19",
          "dependencies": [
            "aws_vpc.main"
          ]
        }
      ]
    },
    {
      "mode": "managed",
      "type": "aws_kms_alias",
      "name": "cloudwatch",
      "provider": "provider[\"registry.terraform.io/hashicorp/aws\"]",
      "instances": [
        {
          "schema_version": 0,
          "attributes": {
            "arn": "arn:aws:kms:us-east-1:342597974367:alias/payment-logs-s101912699",
            "id": "alias/payment-logs-s101912699",
            "name": "alias/payment-logs-s101912699",
            "name_prefix": "",
            "region": "us-east-1",
            "target_key_arn": "arn:aws:kms:us-east-1:342597974367:key/8dcb5307-9920-4d6d-9439-2f44ff0933ac",
            "target_key_id": "8dcb5307-9920-4d6d-9439-2f44ff0933ac"
          },
          "sensitive_attributes": [],
          "private": "bnVsbA==",
          "dependencies": [
            "aws_kms_key.cloudwatch",
            "data.aws_caller_identity.current"
          ]
        }
      ]
    },
    {
      "mode": "managed",
      "type": "aws_kms_alias",
      "name": "database",
      "provider": "provider[\"registry.terraform.io/hashicorp/aws\"]",
      "instances": [
        {
          "schema_version": 0,
          "attributes": {
            "arn": "arn:aws:kms:us-east-1:342597974367:alias/payment-db-s101912699",
            "id": "alias/payment-db-s101912699",
            "name": "alias/payment-db-s101912699",
            "name_prefix": "",
            "region": "us-east-1",
            "target_key_arn": "arn:aws:kms:us-east-1:342597974367:key/5ecf8a4f-05b6-4ac5-9bee-2ac77ee0f662",
            "target_key_id": "5ecf8a4f-05b6-4ac5-9bee-2ac77ee0f662"
          },
          "sensitive_attributes": [],
          "private": "bnVsbA==",
          "dependencies": [
            "aws_kms_key.database"
          ]
        }
      ]
    },
    {
      "mode": "managed",
      "type": "aws_kms_alias",
      "name": "s3",
      "provider": "provider[\"registry.terraform.io/hashicorp/aws\"]",
      "instances": [
        {
          "schema_version": 0,
          "attributes": {
            "arn": "arn:aws:kms:us-east-1:342597974367:alias/payment-s3-s101912699",
            "id": "alias/payment-s3-s101912699",
            "name": "alias/payment-s3-s101912699",
            "name_prefix": "",
            "region": "us-east-1",
            "target_key_arn": "arn:aws:kms:us-east-1:342597974367:key/1b5d0232-873e-4268-8c68-0b2170c3c5c1",
            "target_key_id": "1b5d0232-873e-4268-8c68-0b2170c3c5c1"
          },
          "sensitive_attributes": [],
          "private": "bnVsbA==",
          "dependencies": [
            "aws_kms_key.s3"
          ]
        }
      ]
    },
    {
      "mode": "managed",
      "type": "aws_kms_key",
      "name": "cloudwatch",
      "provider": "provider[\"registry.terraform.io/hashicorp/aws\"]",
      "instances": [
        {
          "schema_version": 0,
          "attributes": {
            "arn": "arn:aws:kms:us-east-1:342597974367:key/8dcb5307-9920-4d6d-9439-2f44ff0933ac",
            "bypass_policy_lockout_safety_check": false,
            "custom_key_store_id": "",
            "customer_master_key_spec": "SYMMETRIC_DEFAULT",
            "deletion_window_in_days": 7,
            "description": "KMS key for CloudWatch Logs encryption - s101912699",
            "enable_key_rotation": true,
            "id": "8dcb5307-9920-4d6d-9439-2f44ff0933ac",
            "is_enabled": true,
            "key_id": "8dcb5307-9920-4d6d-9439-2f44ff0933ac",
            "key_usage": "ENCRYPT_DECRYPT",
            "multi_region": false,
            "policy": "{\"Statement\":[{\"Action\":\"kms:*\",\"Effect\":\"Allow\",\"Principal\":{\"AWS\":\"arn:aws:iam::342597974367:root\"},\"Resource\":\"*\",\"Sid\":\"Enable IAM User Permissions\"},{\"Action\":[\"kms:Encrypt\",\"kms:Decrypt\",\"kms:ReEncrypt*\",\"kms:GenerateDataKey*\",\"kms:CreateGrant\",\"kms:DescribeKey\"],\"Condition\":{\"ArnLike\":{\"kms:EncryptionContext:aws:logs:arn\":\"arn:aws:logs:us-east-1:342597974367:*\"}},\"Effect\":\"Allow\",\"Principal\":{\"Service\":\"logs.us-east-1.amazonaws.com\"},\"Resource\":\"*\",\"Sid\":\"Allow CloudWatch Logs\"}],\"Version\":\"2012-10-17\"}",
            "region": "us-east-1",
            "rotation_period_in_days": 365,
            "tags": {
              "Compliance": "PCI-DSS",
              "CostCenter": "Engineering",
              "Name": "payment-logs-kms-s101912699"
            },
            "tags_all": {
              "Author": "QA-Agent",
              "Compliance": "PCI-DSS",
              "CostCenter": "Engineering",
              "Environment": "s101912699",
              "Name": "payment-logs-kms-s101912699",
              "PRNumber": "101912699",
              "Repository": "iac-test-automations",
              "Team": "synth"
            },
            "timeouts": null,
            "xks_key_id": ""
          },
          "sensitive_attributes": [],
          "private": "eyJlMmJmYjczMC1lY2FhLTExZTYtOGY4OC0zNDM2M2JjN2M0YzAiOnsiY3JlYXRlIjoxMjAwMDAwMDAwMDB9fQ==",
          "dependencies": [
            "data.aws_caller_identity.current"
          ]
        }
      ]
    },
    {
      "mode": "managed",
      "type": "aws_kms_key",
      "name": "database",
      "provider": "provider[\"registry.terraform.io/hashicorp/aws\"]",
      "instances": [
        {
          "schema_version": 0,
          "attributes": {
            "arn": "arn:aws:kms:us-east-1:342597974367:key/5ecf8a4f-05b6-4ac5-9bee-2ac77ee0f662",
            "bypass_policy_lockout_safety_check": false,
            "custom_key_store_id": "",
            "customer_master_key_spec": "SYMMETRIC_DEFAULT",
            "deletion_window_in_days": 7,
            "description": "KMS key for database encryption - s101912699",
            "enable_key_rotation": true,
            "id": "5ecf8a4f-05b6-4ac5-9bee-2ac77ee0f662",
            "is_enabled": true,
            "key_id": "5ecf8a4f-05b6-4ac5-9bee-2ac77ee0f662",
            "key_usage": "ENCRYPT_DECRYPT",
            "multi_region": false,
            "policy": "{\"Id\":\"key-default-1\",\"Statement\":[{\"Action\":\"kms:*\",\"Effect\":\"Allow\",\"Principal\":{\"AWS\":\"arn:aws:iam::342597974367:root\"},\"Resource\":\"*\",\"Sid\":\"Enable IAM User Permissions\"}],\"Version\":\"2012-10-17\"}",
            "region": "us-east-1",
            "rotation_period_in_days": 365,
            "tags": {
              "Compliance": "PCI-DSS",
              "CostCenter": "Engineering",
              "Name": "payment-db-kms-s101912699"
            },
            "tags_all": {
              "Author": "QA-Agent",
              "Compliance": "PCI-DSS",
              "CostCenter": "Engineering",
              "Environment": "s101912699",
              "Name": "payment-db-kms-s101912699",
              "PRNumber": "101912699",
              "Repository": "iac-test-automations",
              "Team": "synth"
            },
            "timeouts": null,
            "xks_key_id": ""
          },
          "sensitive_attributes": [],
          "private": "eyJlMmJmYjczMC1lY2FhLTExZTYtOGY4OC0zNDM2M2JjN2M0YzAiOnsiY3JlYXRlIjoxMjAwMDAwMDAwMDB9fQ=="
        }
      ]
    },
    {
      "mode": "managed",
      "type": "aws_kms_key",
      "name": "s3",
      "provider": "provider[\"registry.terraform.io/hashicorp/aws\"]",
      "instances": [
        {
          "schema_version": 0,
          "attributes": {
            "arn": "arn:aws:kms:us-east-1:342597974367:key/1b5d0232-873e-4268-8c68-0b2170c3c5c1",
            "bypass_policy_lockout_safety_check": false,
            "custom_key_store_id": "",
            "customer_master_key_spec": "SYMMETRIC_DEFAULT",
            "deletion_window_in_days": 7,
            "description": "KMS key for S3 encryption - s101912699",
            "enable_key_rotation": true,
            "id": "1b5d0232-873e-4268-8c68-0b2170c3c5c1",
            "is_enabled": true,
            "key_id": "1b5d0232-873e-4268-8c68-0b2170c3c5c1",
            "key_usage": "ENCRYPT_DECRYPT",
            "multi_region": false,
            "policy": "{\"Id\":\"key-default-1\",\"Statement\":[{\"Action\":\"kms:*\",\"Effect\":\"Allow\",\"Principal\":{\"AWS\":\"arn:aws:iam::342597974367:root\"},\"Resource\":\"*\",\"Sid\":\"Enable IAM User Permissions\"}],\"Version\":\"2012-10-17\"}",
            "region": "us-east-1",
            "rotation_period_in_days": 365,
            "tags": {
              "Compliance": "PCI-DSS",
              "CostCenter": "Engineering",
              "Name": "payment-s3-kms-s101912699"
            },
            "tags_all": {
              "Author": "QA-Agent",
              "Compliance": "PCI-DSS",
              "CostCenter": "Engineering",
              "Environment": "s101912699",
              "Name": "payment-s3-kms-s101912699",
              "PRNumber": "101912699",
              "Repository": "iac-test-automations",
              "Team": "synth"
            },
            "timeouts": null,
            "xks_key_id": ""
          },
          "sensitive_attributes": [],
          "private": "eyJlMmJmYjczMC1lY2FhLTExZTYtOGY4OC0zNDM2M2JjN2M0YzAiOnsiY3JlYXRlIjoxMjAwMDAwMDAwMDB9fQ=="
        }
      ]
    },
    {
      "mode": "managed",
      "type": "aws_lb",
      "name": "main",
      "provider": "provider[\"registry.terraform.io/hashicorp/aws\"]",
      "instances": [
        {
          "status": "tainted",
          "schema_version": 0,
          "attributes": {
            "access_logs": [
              {
                "bucket": "payment-alb-logs-s101912699-20251126092144378200000007",
                "enabled": true,
                "prefix": "alb-logs"
              }
            ],
            "arn": null,
            "arn_suffix": null,
            "client_keep_alive": 3600,
            "connection_logs": [],
            "customer_owned_ipv4_pool": null,
            "desync_mitigation_mode": "defensive",
            "dns_name": null,
            "dns_record_client_routing_policy": null,
            "drop_invalid_header_fields": false,
            "enable_cross_zone_load_balancing": null,
            "enable_deletion_protection": false,
            "enable_http2": true,
            "enable_tls_version_and_cipher_suite_headers": false,
            "enable_waf_fail_open": false,
            "enable_xff_client_port": false,
            "enable_zonal_shift": false,
            "enforce_security_group_inbound_rules_on_private_link_traffic": null,
            "id": "arn:aws:elasticloadbalancing:us-east-1:342597974367:loadbalancer/app/payment-alb-s101912699/e5c8ae46b07578ba",
            "idle_timeout": 60,
            "internal": false,
            "ip_address_type": null,
            "ipam_pools": [],
            "load_balancer_type": "application",
            "minimum_load_balancer_capacity": [],
            "name": "payment-alb-s101912699",
            "name_prefix": null,
            "preserve_host_header": false,
            "region": "us-east-1",
            "security_groups": [
              "sg-0812a121f1a9a70b8"
            ],
            "subnet_mapping": [],
            "subnets": [
              "subnet-01a4325361d786430",
              "subnet-0ca0cfe497560eb3f",
              "subnet-0cb70096e89576fbb"
            ],
            "tags": {
              "Compliance": "PCI-DSS",
              "CostCenter": "Engineering",
              "Name": "payment-alb-s101912699"
            },
            "tags_all": {
              "Author": "QA-Agent",
              "Compliance": "PCI-DSS",
              "CostCenter": "Engineering",
              "Environment": "s101912699",
              "Name": "payment-alb-s101912699",
              "PRNumber": "101912699",
              "Repository": "iac-test-automations",
              "Team": "synth"
            },
            "timeouts": null,
            "vpc_id": null,
            "xff_header_processing_mode": "append",
            "zone_id": null
          },
          "sensitive_attributes": [],
          "private": "eyJlMmJmYjczMC1lY2FhLTExZTYtOGY4OC0zNDM2M2JjN2M0YzAiOnsiY3JlYXRlIjo2MDAwMDAwMDAwMDAsImRlbGV0ZSI6NjAwMDAwMDAwMDAwLCJ1cGRhdGUiOjYwMDAwMDAwMDAwMH19",
          "dependencies": [
            "aws_s3_bucket.alb_logs",
            "aws_security_group.alb",
            "aws_subnet.public",
            "aws_vpc.main",
            "data.aws_availability_zones.available"
          ]
        }
      ]
    },
    {
      "mode": "managed",
      "type": "aws_lb_target_group",
      "name": "app",
      "provider": "provider[\"registry.terraform.io/hashicorp/aws\"]",
      "instances": [
        {
          "schema_version": 0,
          "attributes": {
            "arn": "arn:aws:elasticloadbalancing:us-east-1:342597974367:targetgroup/payment-app-tg-s101912699/1dfc1d15bf061565",
            "arn_suffix": "targetgroup/payment-app-tg-s101912699/1dfc1d15bf061565",
            "connection_termination": null,
            "deregistration_delay": "30",
            "health_check": [
              {
                "enabled": true,
                "healthy_threshold": 2,
                "interval": 30,
                "matcher": "200",
                "path": "/health",
                "port": "traffic-port",
                "protocol": "HTTP",
                "timeout": 5,
                "unhealthy_threshold": 3
              }
            ],
            "id": "arn:aws:elasticloadbalancing:us-east-1:342597974367:targetgroup/payment-app-tg-s101912699/1dfc1d15bf061565",
            "ip_address_type": "ipv4",
            "lambda_multi_value_headers_enabled": false,
            "load_balancer_arns": [],
            "load_balancing_algorithm_type": "round_robin",
            "load_balancing_anomaly_mitigation": "off",
            "load_balancing_cross_zone_enabled": "use_load_balancer_configuration",
            "name": "payment-app-tg-s101912699",
            "name_prefix": "",
            "port": 8080,
            "preserve_client_ip": null,
            "protocol": "HTTP",
            "protocol_version": "HTTP1",
            "proxy_protocol_v2": false,
            "region": "us-east-1",
            "slow_start": 0,
            "stickiness": [
              {
                "cookie_duration": 86400,
                "cookie_name": "",
                "enabled": false,
                "type": "lb_cookie"
              }
            ],
            "tags": {
              "Compliance": "PCI-DSS",
              "CostCenter": "Engineering",
              "Name": "payment-app-tg-s101912699"
            },
            "tags_all": {
              "Author": "QA-Agent",
              "Compliance": "PCI-DSS",
              "CostCenter": "Engineering",
              "Environment": "s101912699",
              "Name": "payment-app-tg-s101912699",
              "PRNumber": "101912699",
              "Repository": "iac-test-automations",
              "Team": "synth"
            },
            "target_failover": [
              {
                "on_deregistration": null,
                "on_unhealthy": null
              }
            ],
            "target_group_health": [
              {
                "dns_failover": [
                  {
                    "minimum_healthy_targets_count": "1",
                    "minimum_healthy_targets_percentage": "off"
                  }
                ],
                "unhealthy_state_routing": [
                  {
                    "minimum_healthy_targets_count": 1,
                    "minimum_healthy_targets_percentage": "off"
                  }
                ]
              }
            ],
            "target_health_state": [
              {
                "enable_unhealthy_connection_termination": null,
                "unhealthy_draining_interval": null
              }
            ],
            "target_type": "ip",
            "vpc_id": "vpc-08e66165e8bcdc4ff"
          },
          "sensitive_attributes": [],
          "private": "bnVsbA==",
          "dependencies": [
            "aws_vpc.main"
          ]
        }
      ]
    },
    {
      "mode": "managed",
      "type": "aws_rds_cluster",
      "name": "aurora",
      "provider": "provider[\"registry.terraform.io/hashicorp/aws\"]",
      "instances": [
        {
          "schema_version": 1,
          "attributes": {
            "allocated_storage": 1,
            "allow_major_version_upgrade": null,
            "apply_immediately": null,
            "arn": "arn:aws:rds:us-east-1:342597974367:cluster:payment-aurora-cluster-s101912699",
            "availability_zones": [
              "us-east-1a",
              "us-east-1b",
              "us-east-1c"
            ],
            "backtrack_window": 0,
            "backup_retention_period": 7,
            "ca_certificate_identifier": null,
            "ca_certificate_valid_till": null,
            "cluster_identifier": "payment-aurora-cluster-s101912699",
            "cluster_identifier_prefix": "",
            "cluster_members": [],
            "cluster_resource_id": "cluster-GDOMCUYNEQECSCKR3H6XNSQCQ4",
            "cluster_scalability_type": "",
            "copy_tags_to_snapshot": false,
            "database_insights_mode": "standard",
            "database_name": "paymentdb",
            "db_cluster_instance_class": "",
            "db_cluster_parameter_group_name": "payment-aurora-s101912699-2025112609214482970000000b",
            "db_instance_parameter_group_name": null,
            "db_subnet_group_name": "payment-aurora-subnet-group-s101912699",
            "db_system_id": "",
            "delete_automated_backups": true,
            "deletion_protection": false,
            "domain": "",
            "domain_iam_role_name": "",
            "enable_global_write_forwarding": false,
            "enable_http_endpoint": false,
            "enable_local_write_forwarding": false,
            "enabled_cloudwatch_logs_exports": [
              "audit",
              "error",
              "general",
              "slowquery"
            ],
            "endpoint": "payment-aurora-cluster-s101912699.cluster-covy6ema0nuv.us-east-1.rds.amazonaws.com",
            "engine": "aurora-mysql",
            "engine_lifecycle_support": "open-source-rds-extended-support",
            "engine_mode": "provisioned",
            "engine_version": "8.0.mysql_aurora.3.04.0",
            "engine_version_actual": "8.0.mysql_aurora.3.04.0",
            "final_snapshot_identifier": null,
            "global_cluster_identifier": "",
            "hosted_zone_id": "Z2R2ITUGPM61AM",
            "iam_database_authentication_enabled": false,
            "iam_roles": [],
            "id": "payment-aurora-cluster-s101912699",
            "iops": 0,
            "kms_key_id": "arn:aws:kms:us-east-1:342597974367:key/5ecf8a4f-05b6-4ac5-9bee-2ac77ee0f662",
            "manage_master_user_password": null,
            "master_password": "KDLQxxcIGj*SIr0]4=!?MDs\u003c+W?#!]U1",
            "master_password_wo": null,
            "master_password_wo_version": null,
            "master_user_secret": [],
            "master_user_secret_kms_key_id": null,
            "master_username": "admin",
            "monitoring_interval": 0,
            "monitoring_role_arn": "",
            "network_type": "IPV4",
            "performance_insights_enabled": false,
            "performance_insights_kms_key_id": "",
            "performance_insights_retention_period": 0,
            "port": 3306,
            "preferred_backup_window": "03:00-04:00",
            "preferred_maintenance_window": "sun:04:00-sun:05:00",
            "reader_endpoint": "payment-aurora-cluster-s101912699.cluster-ro-covy6ema0nuv.us-east-1.rds.amazonaws.com",
            "region": "us-east-1",
            "replication_source_identifier": "",
            "restore_to_point_in_time": [],
            "s3_import": [],
            "scaling_configuration": [],
            "serverlessv2_scaling_configuration": [
              {
                "max_capacity": 2,
                "min_capacity": 0.5,
                "seconds_until_auto_pause": 0
              }
            ],
            "skip_final_snapshot": true,
            "snapshot_identifier": null,
            "source_region": null,
            "storage_encrypted": true,
            "storage_type": "",
            "tags": {
              "Compliance": "PCI-DSS",
              "CostCenter": "Engineering",
              "Name": "payment-aurora-cluster-s101912699"
            },
            "tags_all": {
              "Author": "QA-Agent",
              "Compliance": "PCI-DSS",
              "CostCenter": "Engineering",
              "Environment": "s101912699",
              "Name": "payment-aurora-cluster-s101912699",
              "PRNumber": "101912699",
              "Repository": "iac-test-automations",
              "Team": "synth"
            },
            "timeouts": null,
            "vpc_security_group_ids": [
              "sg-050d87ea0b86e67b3"
            ]
          },
          "sensitive_attributes": [
            [
              {
                "type": "get_attr",
                "value": "master_password_wo"
              }
            ],
            [
              {
                "type": "get_attr",
                "value": "master_password"
              }
            ]
          ],
          "private": "eyJlMmJmYjczMC1lY2FhLTExZTYtOGY4OC0zNDM2M2JjN2M0YzAiOnsiY3JlYXRlIjo3MjAwMDAwMDAwMDAwLCJkZWxldGUiOjcyMDAwMDAwMDAwMDAsInVwZGF0ZSI6NzIwMDAwMDAwMDAwMH0sInNjaGVtYV92ZXJzaW9uIjoiMSJ9",
          "dependencies": [
            "aws_db_subnet_group.aurora",
            "aws_kms_key.database",
            "aws_rds_cluster_parameter_group.aurora",
            "aws_security_group.alb",
            "aws_security_group.aurora",
            "aws_security_group.ecs_tasks",
            "aws_subnet.private_db",
            "aws_vpc.main",
            "data.aws_availability_zones.available",
            "random_password.aurora_master"
          ]
        }
      ]
    },
    {
      "mode": "managed",
      "type": "aws_rds_cluster_instance",
      "name": "aurora",
      "provider": "provider[\"registry.terraform.io/hashicorp/aws\"]",
      "instances": [
        {
          "index_key": 0,
          "status": "tainted",
          "schema_version": 0,
          "attributes": {
            "apply_immediately": null,
            "arn": null,
            "auto_minor_version_upgrade": true,
            "availability_zone": null,
            "ca_cert_identifier": null,
            "cluster_identifier": "payment-aurora-cluster-s101912699",
            "copy_tags_to_snapshot": false,
            "custom_iam_instance_profile": null,
            "db_parameter_group_name": "payment-aurora-instance-s101912699-20251126092142666600000004",
            "db_subnet_group_name": null,
            "dbi_resource_id": null,
            "endpoint": null,
            "engine": "aurora-mysql",
            "engine_version": "8.0.mysql_aurora.3.04.0",
            "engine_version_actual": null,
            "force_destroy": false,
            "id": "payment-aurora-instance-1-s101912699",
            "identifier": "payment-aurora-instance-1-s101912699",
            "identifier_prefix": null,
            "instance_class": "db.serverless",
            "kms_key_id": null,
            "monitoring_interval": 0,
            "monitoring_role_arn": null,
            "network_type": null,
            "performance_insights_enabled": true,
            "performance_insights_kms_key_id": "arn:aws:kms:us-east-1:342597974367:key/5ecf8a4f-05b6-4ac5-9bee-2ac77ee0f662",
            "performance_insights_retention_period": null,
            "port": null,
            "preferred_backup_window": null,
            "preferred_maintenance_window": null,
            "promotion_tier": 0,
            "publicly_accessible": null,
            "region": "us-east-1",
            "storage_encrypted": null,
            "tags": {
              "Compliance": "PCI-DSS",
              "CostCenter": "Engineering",
              "Name": "payment-aurora-instance-1-s101912699"
            },
            "tags_all": {
              "Author": "QA-Agent",
              "Compliance": "PCI-DSS",
              "CostCenter": "Engineering",
              "Environment": "s101912699",
              "Name": "payment-aurora-instance-1-s101912699",
              "PRNumber": "101912699",
              "Repository": "iac-test-automations",
              "Team": "synth"
            },
            "timeouts": null,
            "writer": null
          },
          "sensitive_attributes": [],
          "private": "eyJlMmJmYjczMC1lY2FhLTExZTYtOGY4OC0zNDM2M2JjN2M0YzAiOnsiY3JlYXRlIjo1NDAwMDAwMDAwMDAwLCJkZWxldGUiOjU0MDAwMDAwMDAwMDAsInVwZGF0ZSI6NTQwMDAwMDAwMDAwMH19",
          "dependencies": [
            "aws_db_parameter_group.aurora",
            "aws_db_subnet_group.aurora",
            "aws_kms_key.database",
            "aws_rds_cluster.aurora",
            "aws_rds_cluster_parameter_group.aurora",
            "aws_security_group.alb",
            "aws_security_group.aurora",
            "aws_security_group.ecs_tasks",
            "aws_subnet.private_db",
            "aws_vpc.main",
            "data.aws_availability_zones.available",
            "random_password.aurora_master"
          ]
        },
        {
          "index_key": 1,
          "status": "tainted",
          "schema_version": 0,
          "attributes": {
            "apply_immediately": null,
            "arn": null,
            "auto_minor_version_upgrade": true,
            "availability_zone": null,
            "ca_cert_identifier": null,
            "cluster_identifier": "payment-aurora-cluster-s101912699",
            "copy_tags_to_snapshot": false,
            "custom_iam_instance_profile": null,
            "db_parameter_group_name": "payment-aurora-instance-s101912699-20251126092142666600000004",
            "db_subnet_group_name": null,
            "dbi_resource_id": null,
            "endpoint": null,
            "engine": "aurora-mysql",
            "engine_version": "8.0.mysql_aurora.3.04.0",
            "engine_version_actual": null,
            "force_destroy": false,
            "id": "payment-aurora-instance-2-s101912699",
            "identifier": "payment-aurora-instance-2-s101912699",
            "identifier_prefix": null,
            "instance_class": "db.serverless",
            "kms_key_id": null,
            "monitoring_interval": 0,
            "monitoring_role_arn": null,
            "network_type": null,
            "performance_insights_enabled": true,
            "performance_insights_kms_key_id": "arn:aws:kms:us-east-1:342597974367:key/5ecf8a4f-05b6-4ac5-9bee-2ac77ee0f662",
            "performance_insights_retention_period": null,
            "port": null,
            "preferred_backup_window": null,
            "preferred_maintenance_window": null,
            "promotion_tier": 0,
            "publicly_accessible": null,
            "region": "us-east-1",
            "storage_encrypted": null,
            "tags": {
              "Compliance": "PCI-DSS",
              "CostCenter": "Engineering",
              "Name": "payment-aurora-instance-2-s101912699"
            },
            "tags_all": {
              "Author": "QA-Agent",
              "Compliance": "PCI-DSS",
              "CostCenter": "Engineering",
              "Environment": "s101912699",
              "Name": "payment-aurora-instance-2-s101912699",
              "PRNumber": "101912699",
              "Repository": "iac-test-automations",
              "Team": "synth"
            },
            "timeouts": null,
            "writer": null
          },
          "sensitive_attributes": [],
          "private": "eyJlMmJmYjczMC1lY2FhLTExZTYtOGY4OC0zNDM2M2JjN2M0YzAiOnsiY3JlYXRlIjo1NDAwMDAwMDAwMDAwLCJkZWxldGUiOjU0MDAwMDAwMDAwMDAsInVwZGF0ZSI6NTQwMDAwMDAwMDAwMH19",
          "dependencies": [
            "aws_db_parameter_group.aurora",
            "aws_db_subnet_group.aurora",
            "aws_kms_key.database",
            "aws_rds_cluster.aurora",
            "aws_rds_cluster_parameter_group.aurora",
            "aws_security_group.alb",
            "aws_security_group.aurora",
            "aws_security_group.ecs_tasks",
            "aws_subnet.private_db",
            "aws_vpc.main",
            "data.aws_availability_zones.available",
            "random_password.aurora_master"
          ]
        },
        {
          "index_key": 2,
          "schema_version": 0,
          "attributes": {
            "apply_immediately": null,
            "arn": "arn:aws:rds:us-east-1:342597974367:db:payment-aurora-instance-3-s101912699",
            "auto_minor_version_upgrade": true,
            "availability_zone": "us-east-1a",
            "ca_cert_identifier": "rds-ca-rsa2048-g1",
            "cluster_identifier": "payment-aurora-cluster-s101912699",
            "copy_tags_to_snapshot": false,
            "custom_iam_instance_profile": "",
            "db_parameter_group_name": "payment-aurora-instance-s101912699-20251126092142666600000004",
            "db_subnet_group_name": "payment-aurora-subnet-group-s101912699",
            "dbi_resource_id": "db-HXBO2UOZBGM2ANRGWWMH2GWGCM",
            "endpoint": "payment-aurora-instance-3-s101912699.covy6ema0nuv.us-east-1.rds.amazonaws.com",
            "engine": "aurora-mysql",
            "engine_version": "8.0.mysql_aurora.3.04.0",
            "engine_version_actual": "8.0.mysql_aurora.3.04.0",
            "force_destroy": false,
            "id": "payment-aurora-instance-3-s101912699",
            "identifier": "payment-aurora-instance-3-s101912699",
            "identifier_prefix": "",
            "instance_class": "db.serverless",
            "kms_key_id": "arn:aws:kms:us-east-1:342597974367:key/5ecf8a4f-05b6-4ac5-9bee-2ac77ee0f662",
            "monitoring_interval": 0,
            "monitoring_role_arn": "",
            "network_type": "IPV4",
            "performance_insights_enabled": true,
            "performance_insights_kms_key_id": "arn:aws:kms:us-east-1:342597974367:key/5ecf8a4f-05b6-4ac5-9bee-2ac77ee0f662",
            "performance_insights_retention_period": 7,
            "port": 3306,
            "preferred_backup_window": "03:00-04:00",
            "preferred_maintenance_window": "sun:10:13-sun:10:43",
            "promotion_tier": 0,
            "publicly_accessible": false,
            "region": "us-east-1",
            "storage_encrypted": true,
            "tags": {
              "Compliance": "PCI-DSS",
              "CostCenter": "Engineering",
              "Name": "payment-aurora-instance-3-s101912699"
            },
            "tags_all": {
              "Author": "QA-Agent",
              "Compliance": "PCI-DSS",
              "CostCenter": "Engineering",
              "Environment": "s101912699",
              "Name": "payment-aurora-instance-3-s101912699",
              "PRNumber": "101912699",
              "Repository": "iac-test-automations",
              "Team": "synth"
            },
            "timeouts": null,
            "writer": true
          },
          "sensitive_attributes": [],
          "private": "eyJlMmJmYjczMC1lY2FhLTExZTYtOGY4OC0zNDM2M2JjN2M0YzAiOnsiY3JlYXRlIjo1NDAwMDAwMDAwMDAwLCJkZWxldGUiOjU0MDAwMDAwMDAwMDAsInVwZGF0ZSI6NTQwMDAwMDAwMDAwMH19",
          "dependencies": [
            "aws_db_parameter_group.aurora",
            "aws_db_subnet_group.aurora",
            "aws_kms_key.database",
            "aws_rds_cluster.aurora",
            "aws_rds_cluster_parameter_group.aurora",
            "aws_security_group.alb",
            "aws_security_group.aurora",
            "aws_security_group.ecs_tasks",
            "aws_subnet.private_db",
            "aws_vpc.main",
            "data.aws_availability_zones.available",
            "random_password.aurora_master"
          ]
        }
      ]
    },
    {
      "mode": "managed",
      "type": "aws_rds_cluster_parameter_group",
      "name": "aurora",
      "provider": "provider[\"registry.terraform.io/hashicorp/aws\"]",
      "instances": [
        {
          "schema_version": 0,
          "attributes": {
            "arn": "arn:aws:rds:us-east-1:342597974367:cluster-pg:payment-aurora-s101912699-2025112609214482970000000b",
            "description": "Aurora MySQL cluster parameter group for payment processing",
            "family": "aurora-mysql8.0",
            "id": "payment-aurora-s101912699-2025112609214482970000000b",
            "name": "payment-aurora-s101912699-2025112609214482970000000b",
            "name_prefix": "payment-aurora-s101912699-",
            "parameter": [
              {
                "apply_method": "immediate",
                "name": "require_secure_transport",
                "value": "ON"
              },
              {
                "apply_method": "immediate",
                "name": "tls_version",
                "value": "TLSv1.2,TLSv1.3"
              }
            ],
            "region": "us-east-1",
            "tags": {
              "Compliance": "PCI-DSS",
              "CostCenter": "Engineering",
              "Name": "payment-aurora-cluster-params-s101912699"
            },
            "tags_all": {
              "Author": "QA-Agent",
              "Compliance": "PCI-DSS",
              "CostCenter": "Engineering",
              "Environment": "s101912699",
              "Name": "payment-aurora-cluster-params-s101912699",
              "PRNumber": "101912699",
              "Repository": "iac-test-automations",
              "Team": "synth"
            }
          },
          "sensitive_attributes": [],
          "private": "bnVsbA==",
          "create_before_destroy": true
        }
      ]
    },
    {
      "mode": "managed",
      "type": "aws_route_table",
      "name": "private_db",
      "provider": "provider[\"registry.terraform.io/hashicorp/aws\"]",
      "instances": [
        {
          "schema_version": 0,
          "attributes": {
            "arn": "arn:aws:ec2:us-east-1:342597974367:route-table/rtb-00b9fa2a7416b73b2",
            "id": "rtb-00b9fa2a7416b73b2",
            "owner_id": "342597974367",
            "propagating_vgws": [],
            "region": "us-east-1",
            "route": [],
            "tags": {
              "Compliance": "PCI-DSS",
              "CostCenter": "Engineering",
              "Name": "payment-private-db-rt-s101912699"
            },
            "tags_all": {
              "Author": "QA-Agent",
              "Compliance": "PCI-DSS",
              "CostCenter": "Engineering",
              "Environment": "s101912699",
              "Name": "payment-private-db-rt-s101912699",
              "PRNumber": "101912699",
              "Repository": "iac-test-automations",
              "Team": "synth"
            },
            "timeouts": null,
            "vpc_id": "vpc-08e66165e8bcdc4ff"
          },
          "sensitive_attributes": [],
          "private": "eyJlMmJmYjczMC1lY2FhLTExZTYtOGY4OC0zNDM2M2JjN2M0YzAiOnsiY3JlYXRlIjozMDAwMDAwMDAwMDAsImRlbGV0ZSI6MzAwMDAwMDAwMDAwLCJ1cGRhdGUiOjEyMDAwMDAwMDAwMH19",
          "dependencies": [
            "aws_vpc.main"
          ]
        }
      ]
    },
    {
      "mode": "managed",
      "type": "aws_route_table",
      "name": "public",
      "provider": "provider[\"registry.terraform.io/hashicorp/aws\"]",
      "instances": [
        {
          "schema_version": 0,
          "attributes": {
            "arn": "arn:aws:ec2:us-east-1:342597974367:route-table/rtb-039e0e72b7c2d853b",
            "id": "rtb-039e0e72b7c2d853b",
            "owner_id": "342597974367",
            "propagating_vgws": [],
            "region": "us-east-1",
            "route": [
              {
                "carrier_gateway_id": "",
                "cidr_block": "0.0.0.0/0",
                "core_network_arn": "",
                "destination_prefix_list_id": "",
                "egress_only_gateway_id": "",
                "gateway_id": "igw-01395e7fb07a6c7e8",
                "ipv6_cidr_block": "",
                "local_gateway_id": "",
                "nat_gateway_id": "",
                "network_interface_id": "",
                "transit_gateway_id": "",
                "vpc_endpoint_id": "",
                "vpc_peering_connection_id": ""
              }
            ],
            "tags": {
              "Compliance": "PCI-DSS",
              "CostCenter": "Engineering",
              "Name": "payment-public-rt-s101912699"
            },
            "tags_all": {
              "Author": "QA-Agent",
              "Compliance": "PCI-DSS",
              "CostCenter": "Engineering",
              "Environment": "s101912699",
              "Name": "payment-public-rt-s101912699",
              "PRNumber": "101912699",
              "Repository": "iac-test-automations",
              "Team": "synth"
            },
            "timeouts": null,
            "vpc_id": "vpc-08e66165e8bcdc4ff"
          },
          "sensitive_attributes": [],
          "private": "eyJlMmJmYjczMC1lY2FhLTExZTYtOGY4OC0zNDM2M2JjN2M0YzAiOnsiY3JlYXRlIjozMDAwMDAwMDAwMDAsImRlbGV0ZSI6MzAwMDAwMDAwMDAwLCJ1cGRhdGUiOjEyMDAwMDAwMDAwMH19",
          "dependencies": [
            "aws_internet_gateway.main",
            "aws_vpc.main"
          ]
        }
      ]
    },
    {
      "mode": "managed",
      "type": "aws_route_table_association",
      "name": "private_db",
      "provider": "provider[\"registry.terraform.io/hashicorp/aws\"]",
      "instances": [
        {
          "index_key": 0,
          "schema_version": 0,
          "attributes": {
            "gateway_id": "",
            "id": "rtbassoc-050d304a4af5a0c23",
            "region": "us-east-1",
            "route_table_id": "rtb-00b9fa2a7416b73b2",
            "subnet_id": "subnet-081efa1857008c637",
            "timeouts": null
          },
          "sensitive_attributes": [],
          "private": "eyJlMmJmYjczMC1lY2FhLTExZTYtOGY4OC0zNDM2M2JjN2M0YzAiOnsiY3JlYXRlIjozMDAwMDAwMDAwMDAsImRlbGV0ZSI6MzAwMDAwMDAwMDAwLCJ1cGRhdGUiOjEyMDAwMDAwMDAwMH19",
          "dependencies": [
            "aws_route_table.private_db",
            "aws_subnet.private_db",
            "aws_vpc.main",
            "data.aws_availability_zones.available"
          ]
        },
        {
          "index_key": 1,
          "schema_version": 0,
          "attributes": {
            "gateway_id": "",
            "id": "rtbassoc-0d1b0e1ef7c92aacd",
            "region": "us-east-1",
            "route_table_id": "rtb-00b9fa2a7416b73b2",
            "subnet_id": "subnet-022f7201ba14e30a0",
            "timeouts": null
          },
          "sensitive_attributes": [],
          "private": "eyJlMmJmYjczMC1lY2FhLTExZTYtOGY4OC0zNDM2M2JjN2M0YzAiOnsiY3JlYXRlIjozMDAwMDAwMDAwMDAsImRlbGV0ZSI6MzAwMDAwMDAwMDAwLCJ1cGRhdGUiOjEyMDAwMDAwMDAwMH19",
          "dependencies": [
            "aws_route_table.private_db",
            "aws_subnet.private_db",
            "aws_vpc.main",
            "data.aws_availability_zones.available"
          ]
        },
        {
          "index_key": 2,
          "schema_version": 0,
          "attributes": {
            "gateway_id": "",
            "id": "rtbassoc-0137317fe5fe943b6",
            "region": "us-east-1",
            "route_table_id": "rtb-00b9fa2a7416b73b2",
            "subnet_id": "subnet-00ea7eda97ea657b9",
            "timeouts": null
          },
          "sensitive_attributes": [],
          "private": "eyJlMmJmYjczMC1lY2FhLTExZTYtOGY4OC0zNDM2M2JjN2M0YzAiOnsiY3JlYXRlIjozMDAwMDAwMDAwMDAsImRlbGV0ZSI6MzAwMDAwMDAwMDAwLCJ1cGRhdGUiOjEyMDAwMDAwMDAwMH19",
          "dependencies": [
            "aws_route_table.private_db",
            "aws_subnet.private_db",
            "aws_vpc.main",
            "data.aws_availability_zones.available"
          ]
        }
      ]
    },
    {
      "mode": "managed",
      "type": "aws_route_table_association",
      "name": "public",
      "provider": "provider[\"registry.terraform.io/hashicorp/aws\"]",
      "instances": [
        {
          "index_key": 0,
          "schema_version": 0,
          "attributes": {
            "gateway_id": "",
            "id": "rtbassoc-01a9077f57407f0f5",
            "region": "us-east-1",
            "route_table_id": "rtb-039e0e72b7c2d853b",
            "subnet_id": "subnet-01a4325361d786430",
            "timeouts": null
          },
          "sensitive_attributes": [],
          "private": "eyJlMmJmYjczMC1lY2FhLTExZTYtOGY4OC0zNDM2M2JjN2M0YzAiOnsiY3JlYXRlIjozMDAwMDAwMDAwMDAsImRlbGV0ZSI6MzAwMDAwMDAwMDAwLCJ1cGRhdGUiOjEyMDAwMDAwMDAwMH19",
          "dependencies": [
            "aws_internet_gateway.main",
            "aws_route_table.public",
            "aws_subnet.public",
            "aws_vpc.main",
            "data.aws_availability_zones.available"
          ]
        },
        {
          "index_key": 1,
          "schema_version": 0,
          "attributes": {
            "gateway_id": "",
            "id": "rtbassoc-0d4b7d132956add07",
            "region": "us-east-1",
            "route_table_id": "rtb-039e0e72b7c2d853b",
            "subnet_id": "subnet-0cb70096e89576fbb",
            "timeouts": null
          },
          "sensitive_attributes": [],
          "private": "eyJlMmJmYjczMC1lY2FhLTExZTYtOGY4OC0zNDM2M2JjN2M0YzAiOnsiY3JlYXRlIjozMDAwMDAwMDAwMDAsImRlbGV0ZSI6MzAwMDAwMDAwMDAwLCJ1cGRhdGUiOjEyMDAwMDAwMDAwMH19",
          "dependencies": [
            "aws_internet_gateway.main",
            "aws_route_table.public",
            "aws_subnet.public",
            "aws_vpc.main",
            "data.aws_availability_zones.available"
          ]
        },
        {
          "index_key": 2,
          "schema_version": 0,
          "attributes": {
            "gateway_id": "",
            "id": "rtbassoc-0325dd18014786e7f",
            "region": "us-east-1",
            "route_table_id": "rtb-039e0e72b7c2d853b",
            "subnet_id": "subnet-0ca0cfe497560eb3f",
            "timeouts": null
          },
          "sensitive_attributes": [],
          "private": "eyJlMmJmYjczMC1lY2FhLTExZTYtOGY4OC0zNDM2M2JjN2M0YzAiOnsiY3JlYXRlIjozMDAwMDAwMDAwMDAsImRlbGV0ZSI6MzAwMDAwMDAwMDAwLCJ1cGRhdGUiOjEyMDAwMDAwMDAwMH19",
          "dependencies": [
            "aws_internet_gateway.main",
            "aws_route_table.public",
            "aws_subnet.public",
            "aws_vpc.main",
            "data.aws_availability_zones.available"
          ]
        }
      ]
    },
    {
      "mode": "managed",
      "type": "aws_s3_bucket",
      "name": "alb_logs",
      "provider": "provider[\"registry.terraform.io/hashicorp/aws\"]",
      "instances": [
        {
          "schema_version": 0,
          "attributes": {
            "acceleration_status": "",
            "acl": null,
            "arn": "arn:aws:s3:::payment-alb-logs-s101912699-20251126092144378200000007",
            "bucket": "payment-alb-logs-s101912699-20251126092144378200000007",
            "bucket_domain_name": "payment-alb-logs-s101912699-20251126092144378200000007.s3.amazonaws.com",
            "bucket_prefix": "payment-alb-logs-s101912699-",
            "bucket_region": "us-east-1",
            "bucket_regional_domain_name": "payment-alb-logs-s101912699-20251126092144378200000007.s3.us-east-1.amazonaws.com",
            "cors_rule": [],
            "force_destroy": false,
            "grant": [
              {
                "id": "5e11009481664687bf1ec517a9c41894392b4a057b0b19eeaaf7779a17ba0490",
                "permissions": [
                  "FULL_CONTROL"
                ],
                "type": "CanonicalUser",
                "uri": ""
              }
            ],
            "hosted_zone_id": "Z3AQBSTGFYJSTF",
            "id": "payment-alb-logs-s101912699-20251126092144378200000007",
            "lifecycle_rule": [],
            "logging": [],
            "object_lock_configuration": [],
            "object_lock_enabled": false,
            "policy": "",
            "region": "us-east-1",
            "replication_configuration": [],
            "request_payer": "BucketOwner",
            "server_side_encryption_configuration": [
              {
                "rule": [
                  {
                    "apply_server_side_encryption_by_default": [
                      {
                        "kms_master_key_id": "",
                        "sse_algorithm": "AES256"
                      }
                    ],
                    "bucket_key_enabled": false
                  }
                ]
              }
            ],
            "tags": {
              "Compliance": "PCI-DSS",
              "CostCenter": "Engineering",
              "Name": "payment-alb-logs-s101912699"
            },
            "tags_all": {
              "Author": "QA-Agent",
              "Compliance": "PCI-DSS",
              "CostCenter": "Engineering",
              "Environment": "s101912699",
              "Name": "payment-alb-logs-s101912699",
              "PRNumber": "101912699",
              "Repository": "iac-test-automations",
              "Team": "synth"
            },
            "timeouts": null,
            "versioning": [
              {
                "enabled": false,
                "mfa_delete": false
              }
            ],
            "website": [],
            "website_domain": null,
            "website_endpoint": null
          },
          "sensitive_attributes": [],
          "private": "eyJlMmJmYjczMC1lY2FhLTExZTYtOGY4OC0zNDM2M2JjN2M0YzAiOnsiY3JlYXRlIjoxMjAwMDAwMDAwMDAwLCJkZWxldGUiOjM2MDAwMDAwMDAwMDAsInJlYWQiOjEyMDAwMDAwMDAwMDAsInVwZGF0ZSI6MTIwMDAwMDAwMDAwMH19"
        }
      ]
    },
    {
      "mode": "managed",
      "type": "aws_s3_bucket",
      "name": "cloudfront_logs",
      "provider": "provider[\"registry.terraform.io/hashicorp/aws\"]",
      "instances": [
        {
          "schema_version": 0,
          "attributes": {
            "acceleration_status": "",
            "acl": null,
            "arn": "arn:aws:s3:::payment-cloudfront-logs-s101912699-20251126092142689400000006",
            "bucket": "payment-cloudfront-logs-s101912699-20251126092142689400000006",
            "bucket_domain_name": "payment-cloudfront-logs-s101912699-20251126092142689400000006.s3.amazonaws.com",
            "bucket_prefix": "payment-cloudfront-logs-s101912699-",
            "bucket_region": "us-east-1",
            "bucket_regional_domain_name": "payment-cloudfront-logs-s101912699-20251126092142689400000006.s3.us-east-1.amazonaws.com",
            "cors_rule": [],
            "force_destroy": false,
            "grant": [
              {
                "id": "5e11009481664687bf1ec517a9c41894392b4a057b0b19eeaaf7779a17ba0490",
                "permissions": [
                  "FULL_CONTROL"
                ],
                "type": "CanonicalUser",
                "uri": ""
              }
            ],
            "hosted_zone_id": "Z3AQBSTGFYJSTF",
            "id": "payment-cloudfront-logs-s101912699-20251126092142689400000006",
            "lifecycle_rule": [],
            "logging": [],
            "object_lock_configuration": [],
            "object_lock_enabled": false,
            "policy": "",
            "region": "us-east-1",
            "replication_configuration": [],
            "request_payer": "BucketOwner",
            "server_side_encryption_configuration": [
              {
                "rule": [
                  {
                    "apply_server_side_encryption_by_default": [
                      {
                        "kms_master_key_id": "",
                        "sse_algorithm": "AES256"
                      }
                    ],
                    "bucket_key_enabled": false
                  }
                ]
              }
            ],
            "tags": {
              "Compliance": "PCI-DSS",
              "CostCenter": "Engineering",
              "Name": "payment-cloudfront-logs-s101912699"
            },
            "tags_all": {
              "Author": "QA-Agent",
              "Compliance": "PCI-DSS",
              "CostCenter": "Engineering",
              "Environment": "s101912699",
              "Name": "payment-cloudfront-logs-s101912699",
              "PRNumber": "101912699",
              "Repository": "iac-test-automations",
              "Team": "synth"
            },
            "timeouts": null,
            "versioning": [
              {
                "enabled": false,
                "mfa_delete": false
              }
            ],
            "website": [],
            "website_domain": null,
            "website_endpoint": null
          },
          "sensitive_attributes": [],
          "private": "eyJlMmJmYjczMC1lY2FhLTExZTYtOGY4OC0zNDM2M2JjN2M0YzAiOnsiY3JlYXRlIjoxMjAwMDAwMDAwMDAwLCJkZWxldGUiOjM2MDAwMDAwMDAwMDAsInJlYWQiOjEyMDAwMDAwMDAwMDAsInVwZGF0ZSI6MTIwMDAwMDAwMDAwMH19"
        }
      ]
    },
    {
      "mode": "managed",
      "type": "aws_s3_bucket",
      "name": "static_assets",
      "provider": "provider[\"registry.terraform.io/hashicorp/aws\"]",
      "instances": [
        {
          "schema_version": 0,
          "attributes": {
            "acceleration_status": "",
            "acl": null,
            "arn": "arn:aws:s3:::payment-static-assets-s101912699-20251126092144544500000008",
            "bucket": "payment-static-assets-s101912699-20251126092144544500000008",
            "bucket_domain_name": "payment-static-assets-s101912699-20251126092144544500000008.s3.amazonaws.com",
            "bucket_prefix": "payment-static-assets-s101912699-",
            "bucket_region": "us-east-1",
            "bucket_regional_domain_name": "payment-static-assets-s101912699-20251126092144544500000008.s3.us-east-1.amazonaws.com",
            "cors_rule": [],
            "force_destroy": false,
            "grant": [
              {
                "id": "5e11009481664687bf1ec517a9c41894392b4a057b0b19eeaaf7779a17ba0490",
                "permissions": [
                  "FULL_CONTROL"
                ],
                "type": "CanonicalUser",
                "uri": ""
              }
            ],
            "hosted_zone_id": "Z3AQBSTGFYJSTF",
            "id": "payment-static-assets-s101912699-20251126092144544500000008",
            "lifecycle_rule": [],
            "logging": [],
            "object_lock_configuration": [],
            "object_lock_enabled": false,
            "policy": "",
            "region": "us-east-1",
            "replication_configuration": [],
            "request_payer": "BucketOwner",
            "server_side_encryption_configuration": [
              {
                "rule": [
                  {
                    "apply_server_side_encryption_by_default": [
                      {
                        "kms_master_key_id": "",
                        "sse_algorithm": "AES256"
                      }
                    ],
                    "bucket_key_enabled": false
                  }
                ]
              }
            ],
            "tags": {
              "Compliance": "PCI-DSS",
              "CostCenter": "Engineering",
              "Name": "payment-static-assets-s101912699"
            },
            "tags_all": {
              "Author": "QA-Agent",
              "Compliance": "PCI-DSS",
              "CostCenter": "Engineering",
              "Environment": "s101912699",
              "Name": "payment-static-assets-s101912699",
              "PRNumber": "101912699",
              "Repository": "iac-test-automations",
              "Team": "synth"
            },
            "timeouts": null,
            "versioning": [
              {
                "enabled": false,
                "mfa_delete": false
              }
            ],
            "website": [],
            "website_domain": null,
            "website_endpoint": null
          },
          "sensitive_attributes": [],
          "private": "eyJlMmJmYjczMC1lY2FhLTExZTYtOGY4OC0zNDM2M2JjN2M0YzAiOnsiY3JlYXRlIjoxMjAwMDAwMDAwMDAwLCJkZWxldGUiOjM2MDAwMDAwMDAwMDAsInJlYWQiOjEyMDAwMDAwMDAwMDAsInVwZGF0ZSI6MTIwMDAwMDAwMDAwMH19"
        }
      ]
    },
    {
      "mode": "managed",
      "type": "aws_s3_bucket_lifecycle_configuration",
      "name": "alb_logs",
      "provider": "provider[\"registry.terraform.io/hashicorp/aws\"]",
      "instances": [
        {
          "schema_version": 1,
          "attributes": {
            "bucket": "payment-alb-logs-s101912699-20251126092144378200000007",
            "expected_bucket_owner": "",
            "id": "payment-alb-logs-s101912699-20251126092144378200000007",
            "region": "us-east-1",
            "rule": [
              {
                "abort_incomplete_multipart_upload": [],
                "expiration": [
                  {
                    "date": null,
                    "days": 90,
                    "expired_object_delete_marker": false
                  }
                ],
                "filter": [
                  {
                    "and": [],
                    "object_size_greater_than": null,
                    "object_size_less_than": null,
                    "prefix": "alb-logs/",
                    "tag": []
                  }
                ],
                "id": "delete-old-logs",
                "noncurrent_version_expiration": [],
                "noncurrent_version_transition": [],
                "prefix": "",
                "status": "Enabled",
                "transition": []
              }
            ],
            "timeouts": null,
            "transition_default_minimum_object_size": "all_storage_classes_128K"
          },
          "sensitive_attributes": [],
          "dependencies": [
            "aws_s3_bucket.alb_logs"
          ]
        }
      ]
    },
    {
      "mode": "managed",
      "type": "aws_s3_bucket_lifecycle_configuration",
      "name": "cloudfront_logs",
      "provider": "provider[\"registry.terraform.io/hashicorp/aws\"]",
      "instances": [
        {
          "schema_version": 1,
          "attributes": {
            "bucket": "payment-cloudfront-logs-s101912699-20251126092142689400000006",
            "expected_bucket_owner": "",
            "id": "payment-cloudfront-logs-s101912699-20251126092142689400000006",
            "region": "us-east-1",
            "rule": [
              {
                "abort_incomplete_multipart_upload": [],
                "expiration": [
                  {
                    "date": null,
                    "days": 90,
                    "expired_object_delete_marker": false
                  }
                ],
                "filter": [
                  {
                    "and": [],
                    "object_size_greater_than": null,
                    "object_size_less_than": null,
                    "prefix": "cloudfront-logs/",
                    "tag": []
                  }
                ],
                "id": "delete-old-logs",
                "noncurrent_version_expiration": [],
                "noncurrent_version_transition": [],
                "prefix": "",
                "status": "Enabled",
                "transition": []
              }
            ],
            "timeouts": null,
            "transition_default_minimum_object_size": "all_storage_classes_128K"
          },
          "sensitive_attributes": [],
          "dependencies": [
            "aws_s3_bucket.cloudfront_logs"
          ]
        }
      ]
    },
    {
      "mode": "managed",
      "type": "aws_s3_bucket_lifecycle_configuration",
      "name": "static_assets",
      "provider": "provider[\"registry.terraform.io/hashicorp/aws\"]",
      "instances": [
        {
          "schema_version": 1,
          "attributes": {
            "bucket": "payment-static-assets-s101912699-20251126092144544500000008",
            "expected_bucket_owner": "",
            "id": "payment-static-assets-s101912699-20251126092144544500000008",
            "region": "us-east-1",
            "rule": [
              {
                "abort_incomplete_multipart_upload": [],
                "expiration": [],
                "filter": [
                  {
                    "and": [],
                    "object_size_greater_than": null,
                    "object_size_less_than": null,
                    "prefix": "",
                    "tag": []
                  }
                ],
                "id": "delete-old-versions",
                "noncurrent_version_expiration": [
                  {
                    "newer_noncurrent_versions": null,
                    "noncurrent_days": 30
                  }
                ],
                "noncurrent_version_transition": [],
                "prefix": "",
                "status": "Enabled",
                "transition": []
              }
            ],
            "timeouts": null,
            "transition_default_minimum_object_size": "all_storage_classes_128K"
          },
          "sensitive_attributes": [],
          "dependencies": [
            "aws_s3_bucket.static_assets"
          ]
        }
      ]
    },
    {
      "mode": "managed",
      "type": "aws_s3_bucket_ownership_controls",
      "name": "cloudfront_logs",
      "provider": "provider[\"registry.terraform.io/hashicorp/aws\"]",
      "instances": [
        {
          "schema_version": 0,
          "attributes": {
            "bucket": "payment-cloudfront-logs-s101912699-20251126092142689400000006",
            "id": "payment-cloudfront-logs-s101912699-20251126092142689400000006",
            "region": "us-east-1",
            "rule": [
              {
                "object_ownership": "BucketOwnerPreferred"
              }
            ]
          },
          "sensitive_attributes": [],
          "private": "bnVsbA==",
          "dependencies": [
            "aws_s3_bucket.cloudfront_logs"
          ]
        }
      ]
    },
    {
      "mode": "managed",
      "type": "aws_s3_bucket_policy",
      "name": "alb_logs",
      "provider": "provider[\"registry.terraform.io/hashicorp/aws\"]",
      "instances": [
        {
          "schema_version": 0,
          "attributes": {
            "bucket": "payment-alb-logs-s101912699-20251126092144378200000007",
            "id": "payment-alb-logs-s101912699-20251126092144378200000007",
            "policy": "{\"Statement\":[{\"Action\":\"s3:PutObject\",\"Effect\":\"Allow\",\"Principal\":{\"AWS\":\"arn:aws:iam::127311923021:root\"},\"Resource\":\"arn:aws:s3:::payment-alb-logs-s101912699-20251126092144378200000007/*\"}],\"Version\":\"2012-10-17\"}",
            "region": "us-east-1"
          },
          "sensitive_attributes": [],
          "private": "bnVsbA==",
          "dependencies": [
            "aws_s3_bucket.alb_logs",
            "data.aws_elb_service_account.main"
          ]
        }
      ]
    },
    {
      "mode": "managed",
      "type": "aws_s3_bucket_policy",
      "name": "static_assets",
      "provider": "provider[\"registry.terraform.io/hashicorp/aws\"]",
      "instances": [
        {
          "schema_version": 0,
          "attributes": {
            "bucket": "payment-static-assets-s101912699-20251126092144544500000008",
            "id": "payment-static-assets-s101912699-20251126092144544500000008",
            "policy": "{\"Statement\":[{\"Action\":\"s3:GetObject\",\"Effect\":\"Allow\",\"Principal\":{\"AWS\":\"arn:aws:iam::cloudfront:user/CloudFront Origin Access Identity E22IVFT3XY1FF6\"},\"Resource\":\"arn:aws:s3:::payment-static-assets-s101912699-20251126092144544500000008/*\"}],\"Version\":\"2012-10-17\"}",
            "region": "us-east-1"
          },
          "sensitive_attributes": [],
          "private": "bnVsbA==",
          "dependencies": [
            "aws_cloudfront_origin_access_identity.static_assets",
            "aws_s3_bucket.static_assets"
          ]
        }
      ]
    },
    {
      "mode": "managed",
      "type": "aws_s3_bucket_public_access_block",
      "name": "alb_logs",
      "provider": "provider[\"registry.terraform.io/hashicorp/aws\"]",
      "instances": [
        {
          "schema_version": 0,
          "attributes": {
            "block_public_acls": true,
            "block_public_policy": true,
            "bucket": "payment-alb-logs-s101912699-20251126092144378200000007",
            "id": "payment-alb-logs-s101912699-20251126092144378200000007",
            "ignore_public_acls": true,
            "region": "us-east-1",
            "restrict_public_buckets": true,
            "skip_destroy": null
          },
          "sensitive_attributes": [],
          "private": "bnVsbA==",
          "dependencies": [
            "aws_s3_bucket.alb_logs"
          ]
        }
      ]
    },
    {
      "mode": "managed",
      "type": "aws_s3_bucket_public_access_block",
      "name": "cloudfront_logs",
      "provider": "provider[\"registry.terraform.io/hashicorp/aws\"]",
      "instances": [
        {
          "schema_version": 0,
          "attributes": {
            "block_public_acls": true,
            "block_public_policy": true,
            "bucket": "payment-cloudfront-logs-s101912699-20251126092142689400000006",
            "id": "payment-cloudfront-logs-s101912699-20251126092142689400000006",
            "ignore_public_acls": true,
            "region": "us-east-1",
            "restrict_public_buckets": true,
            "skip_destroy": null
          },
          "sensitive_attributes": [],
          "private": "bnVsbA==",
          "dependencies": [
            "aws_s3_bucket.cloudfront_logs"
          ]
        }
      ]
    },
    {
      "mode": "managed",
      "type": "aws_s3_bucket_public_access_block",
      "name": "static_assets",
      "provider": "provider[\"registry.terraform.io/hashicorp/aws\"]",
      "instances": [
        {
          "schema_version": 0,
          "attributes": {
            "block_public_acls": true,
            "block_public_policy": true,
            "bucket": "payment-static-assets-s101912699-20251126092144544500000008",
            "id": "payment-static-assets-s101912699-20251126092144544500000008",
            "ignore_public_acls": true,
            "region": "us-east-1",
            "restrict_public_buckets": true,
            "skip_destroy": null
          },
          "sensitive_attributes": [],
          "private": "bnVsbA==",
          "dependencies": [
            "aws_s3_bucket.static_assets"
          ]
        }
      ]
    },
    {
      "mode": "managed",
      "type": "aws_s3_bucket_server_side_encryption_configuration",
      "name": "alb_logs",
      "provider": "provider[\"registry.terraform.io/hashicorp/aws\"]",
      "instances": [
        {
          "schema_version": 0,
          "attributes": {
            "bucket": "payment-alb-logs-s101912699-20251126092144378200000007",
            "expected_bucket_owner": "",
            "id": "payment-alb-logs-s101912699-20251126092144378200000007",
            "region": "us-east-1",
            "rule": [
              {
                "apply_server_side_encryption_by_default": [
                  {
                    "kms_master_key_id": "arn:aws:kms:us-east-1:342597974367:key/1b5d0232-873e-4268-8c68-0b2170c3c5c1",
                    "sse_algorithm": "aws:kms"
                  }
                ],
                "bucket_key_enabled": null
              }
            ]
          },
          "sensitive_attributes": [],
          "private": "bnVsbA==",
          "dependencies": [
            "aws_kms_key.s3",
            "aws_s3_bucket.alb_logs"
          ]
        }
      ]
    },
    {
      "mode": "managed",
      "type": "aws_s3_bucket_server_side_encryption_configuration",
      "name": "cloudfront_logs",
      "provider": "provider[\"registry.terraform.io/hashicorp/aws\"]",
      "instances": [
        {
          "schema_version": 0,
          "attributes": {
            "bucket": "payment-cloudfront-logs-s101912699-20251126092142689400000006",
            "expected_bucket_owner": "",
            "id": "payment-cloudfront-logs-s101912699-20251126092142689400000006",
            "region": "us-east-1",
            "rule": [
              {
                "apply_server_side_encryption_by_default": [
                  {
                    "kms_master_key_id": "arn:aws:kms:us-east-1:342597974367:key/1b5d0232-873e-4268-8c68-0b2170c3c5c1",
                    "sse_algorithm": "aws:kms"
                  }
                ],
                "bucket_key_enabled": null
              }
            ]
          },
          "sensitive_attributes": [],
          "private": "bnVsbA==",
          "dependencies": [
            "aws_kms_key.s3",
            "aws_s3_bucket.cloudfront_logs"
          ]
        }
      ]
    },
    {
      "mode": "managed",
      "type": "aws_s3_bucket_server_side_encryption_configuration",
      "name": "static_assets",
      "provider": "provider[\"registry.terraform.io/hashicorp/aws\"]",
      "instances": [
        {
          "schema_version": 0,
          "attributes": {
            "bucket": "payment-static-assets-s101912699-20251126092144544500000008",
            "expected_bucket_owner": "",
            "id": "payment-static-assets-s101912699-20251126092144544500000008",
            "region": "us-east-1",
            "rule": [
              {
                "apply_server_side_encryption_by_default": [
                  {
                    "kms_master_key_id": "arn:aws:kms:us-east-1:342597974367:key/1b5d0232-873e-4268-8c68-0b2170c3c5c1",
                    "sse_algorithm": "aws:kms"
                  }
                ],
                "bucket_key_enabled": true
              }
            ]
          },
          "sensitive_attributes": [],
          "private": "bnVsbA==",
          "dependencies": [
            "aws_kms_key.s3",
            "aws_s3_bucket.static_assets"
          ]
        }
      ]
    },
    {
      "mode": "managed",
      "type": "aws_s3_bucket_versioning",
      "name": "static_assets",
      "provider": "provider[\"registry.terraform.io/hashicorp/aws\"]",
      "instances": [
        {
          "schema_version": 0,
          "attributes": {
            "bucket": "payment-static-assets-s101912699-20251126092144544500000008",
            "expected_bucket_owner": "",
            "id": "payment-static-assets-s101912699-20251126092144544500000008",
            "mfa": null,
            "region": "us-east-1",
            "versioning_configuration": [
              {
                "mfa_delete": "",
                "status": "Enabled"
              }
            ]
          },
          "sensitive_attributes": [],
          "private": "bnVsbA==",
          "dependencies": [
            "aws_s3_bucket.static_assets"
          ]
        }
      ]
    },
    {
      "mode": "managed",
      "type": "aws_secretsmanager_secret",
      "name": "aurora_master_password",
      "provider": "provider[\"registry.terraform.io/hashicorp/aws\"]",
      "instances": [
        {
          "schema_version": 0,
          "attributes": {
            "arn": "arn:aws:secretsmanager:us-east-1:342597974367:secret:payment-aurora-master-s101912699-20251126092144809500000009-rjN9xA",
            "description": "Master password for Aurora MySQL cluster",
            "force_overwrite_replica_secret": false,
            "id": "arn:aws:secretsmanager:us-east-1:342597974367:secret:payment-aurora-master-s101912699-20251126092144809500000009-rjN9xA",
            "kms_key_id": "",
            "name": "payment-aurora-master-s101912699-20251126092144809500000009",
            "name_prefix": "payment-aurora-master-s101912699-",
            "policy": "",
            "recovery_window_in_days": 0,
            "region": "us-east-1",
            "replica": [],
            "tags": {
              "Compliance": "PCI-DSS",
              "CostCenter": "Engineering",
              "Name": "payment-aurora-master-password-s101912699"
            },
            "tags_all": {
              "Author": "QA-Agent",
              "Compliance": "PCI-DSS",
              "CostCenter": "Engineering",
              "Environment": "s101912699",
              "Name": "payment-aurora-master-password-s101912699",
              "PRNumber": "101912699",
              "Repository": "iac-test-automations",
              "Team": "synth"
            }
          },
          "sensitive_attributes": [],
          "private": "bnVsbA=="
        }
      ]
    },
    {
      "mode": "managed",
      "type": "aws_secretsmanager_secret_version",
      "name": "aurora_master_password",
      "provider": "provider[\"registry.terraform.io/hashicorp/aws\"]",
      "instances": [
        {
          "schema_version": 0,
          "attributes": {
            "arn": "arn:aws:secretsmanager:us-east-1:342597974367:secret:payment-aurora-master-s101912699-20251126092144809500000009-rjN9xA",
            "has_secret_string_wo": null,
            "id": "arn:aws:secretsmanager:us-east-1:342597974367:secret:payment-aurora-master-s101912699-20251126092144809500000009-rjN9xA|terraform-2025112609215017030000000d",
            "region": "us-east-1",
            "secret_binary": "",
            "secret_id": "arn:aws:secretsmanager:us-east-1:342597974367:secret:payment-aurora-master-s101912699-20251126092144809500000009-rjN9xA",
            "secret_string": "KDLQxxcIGj*SIr0]4=!?MDs\u003c+W?#!]U1",
            "secret_string_wo": null,
            "secret_string_wo_version": null,
            "version_id": "terraform-2025112609215017030000000d",
            "version_stages": [
              "AWSCURRENT"
            ]
          },
          "sensitive_attributes": [
            [
              {
                "type": "get_attr",
                "value": "secret_string_wo"
              }
            ],
            [
              {
                "type": "get_attr",
                "value": "secret_string"
              }
            ],
            [
              {
                "type": "get_attr",
                "value": "secret_binary"
              }
            ]
          ],
          "private": "bnVsbA==",
          "dependencies": [
            "aws_secretsmanager_secret.aurora_master_password",
            "random_password.aurora_master"
          ]
        }
      ]
    },
    {
      "mode": "managed",
      "type": "aws_security_group",
      "name": "alb",
      "provider": "provider[\"registry.terraform.io/hashicorp/aws\"]",
      "instances": [
        {
          "schema_version": 1,
          "attributes": {
            "arn": "arn:aws:ec2:us-east-1:342597974367:security-group/sg-0812a121f1a9a70b8",
            "description": "Security group for Application Load Balancer",
            "egress": [
              {
                "cidr_blocks": [
                  "0.0.0.0/0"
                ],
                "description": "Allow all outbound",
                "from_port": 0,
                "ipv6_cidr_blocks": [],
                "prefix_list_ids": [],
                "protocol": "-1",
                "security_groups": [],
                "self": false,
                "to_port": 0
              }
            ],
            "id": "sg-0812a121f1a9a70b8",
            "ingress": [
              {
                "cidr_blocks": [
                  "0.0.0.0/0"
                ],
                "description": "HTTP from internet (redirect to HTTPS)",
                "from_port": 80,
                "ipv6_cidr_blocks": [],
                "prefix_list_ids": [],
                "protocol": "tcp",
                "security_groups": [],
                "self": false,
                "to_port": 80
              },
              {
                "cidr_blocks": [
                  "0.0.0.0/0"
                ],
                "description": "HTTPS from internet",
                "from_port": 443,
                "ipv6_cidr_blocks": [],
                "prefix_list_ids": [],
                "protocol": "tcp",
                "security_groups": [],
                "self": false,
                "to_port": 443
              }
            ],
            "name": "payment-alb-s101912699-20251126092205361600000013",
            "name_prefix": "payment-alb-s101912699-",
            "owner_id": "342597974367",
            "region": "us-east-1",
            "revoke_rules_on_delete": false,
            "tags": {
              "Compliance": "PCI-DSS",
              "CostCenter": "Engineering",
              "Name": "payment-alb-sg-s101912699"
            },
            "tags_all": {
              "Author": "QA-Agent",
              "Compliance": "PCI-DSS",
              "CostCenter": "Engineering",
              "Environment": "s101912699",
              "Name": "payment-alb-sg-s101912699",
              "PRNumber": "101912699",
              "Repository": "iac-test-automations",
              "Team": "synth"
            },
            "timeouts": null,
            "vpc_id": "vpc-08e66165e8bcdc4ff"
          },
          "sensitive_attributes": [],
          "private": "eyJlMmJmYjczMC1lY2FhLTExZTYtOGY4OC0zNDM2M2JjN2M0YzAiOnsiY3JlYXRlIjo2MDAwMDAwMDAwMDAsImRlbGV0ZSI6OTAwMDAwMDAwMDAwfSwic2NoZW1hX3ZlcnNpb24iOiIxIn0=",
          "dependencies": [
            "aws_vpc.main"
          ],
          "create_before_destroy": true
        }
      ]
    },
    {
      "mode": "managed",
      "type": "aws_security_group",
      "name": "aurora",
      "provider": "provider[\"registry.terraform.io/hashicorp/aws\"]",
      "instances": [
        {
          "schema_version": 1,
          "attributes": {
            "arn": "arn:aws:ec2:us-east-1:342597974367:security-group/sg-050d87ea0b86e67b3",
            "description": "Security group for Aurora MySQL cluster",
            "egress": [
              {
                "cidr_blocks": [
                  "0.0.0.0/0"
                ],
                "description": "Allow all outbound",
                "from_port": 0,
                "ipv6_cidr_blocks": [],
                "prefix_list_ids": [],
                "protocol": "-1",
                "security_groups": [],
                "self": false,
                "to_port": 0
              }
            ],
            "id": "sg-050d87ea0b86e67b3",
            "ingress": [
              {
                "cidr_blocks": [],
                "description": "MySQL from ECS tasks",
                "from_port": 3306,
                "ipv6_cidr_blocks": [],
                "prefix_list_ids": [],
                "protocol": "tcp",
                "security_groups": [
                  "sg-027d20932a3470aae"
                ],
                "self": false,
                "to_port": 3306
              }
            ],
            "name": "payment-aurora-s101912699-20251126092220651800000019",
            "name_prefix": "payment-aurora-s101912699-",
            "owner_id": "342597974367",
            "region": "us-east-1",
            "revoke_rules_on_delete": false,
            "tags": {
              "Compliance": "PCI-DSS",
              "CostCenter": "Engineering",
              "Name": "payment-aurora-sg-s101912699"
            },
            "tags_all": {
              "Author": "QA-Agent",
              "Compliance": "PCI-DSS",
              "CostCenter": "Engineering",
              "Environment": "s101912699",
              "Name": "payment-aurora-sg-s101912699",
              "PRNumber": "101912699",
              "Repository": "iac-test-automations",
              "Team": "synth"
            },
            "timeouts": null,
            "vpc_id": "vpc-08e66165e8bcdc4ff"
          },
          "sensitive_attributes": [],
          "private": "eyJlMmJmYjczMC1lY2FhLTExZTYtOGY4OC0zNDM2M2JjN2M0YzAiOnsiY3JlYXRlIjo2MDAwMDAwMDAwMDAsImRlbGV0ZSI6OTAwMDAwMDAwMDAwfSwic2NoZW1hX3ZlcnNpb24iOiIxIn0=",
          "dependencies": [
            "aws_security_group.alb",
            "aws_security_group.ecs_tasks",
            "aws_vpc.main"
          ],
          "create_before_destroy": true
        }
      ]
    },
    {
      "mode": "managed",
      "type": "aws_security_group",
      "name": "ecs_tasks",
      "provider": "provider[\"registry.terraform.io/hashicorp/aws\"]",
      "instances": [
        {
          "schema_version": 1,
          "attributes": {
            "arn": "arn:aws:ec2:us-east-1:342597974367:security-group/sg-027d20932a3470aae",
            "description": "Security group for ECS tasks",
            "egress": [
              {
                "cidr_blocks": [
                  "0.0.0.0/0"
                ],
                "description": "Allow all outbound",
                "from_port": 0,
                "ipv6_cidr_blocks": [],
                "prefix_list_ids": [],
                "protocol": "-1",
                "security_groups": [],
                "self": false,
                "to_port": 0
              }
            ],
            "id": "sg-027d20932a3470aae",
            "ingress": [
              {
                "cidr_blocks": [],
                "description": "Allow traffic from ALB",
                "from_port": 8080,
                "ipv6_cidr_blocks": [],
                "prefix_list_ids": [],
                "protocol": "tcp",
                "security_groups": [
                  "sg-0812a121f1a9a70b8"
                ],
                "self": false,
                "to_port": 8080
              }
            ],
            "name": "payment-ecs-tasks-s101912699-20251126092213006400000017",
            "name_prefix": "payment-ecs-tasks-s101912699-",
            "owner_id": "342597974367",
            "region": "us-east-1",
            "revoke_rules_on_delete": false,
            "tags": {
              "Compliance": "PCI-DSS",
              "CostCenter": "Engineering",
              "Name": "payment-ecs-tasks-sg-s101912699"
            },
            "tags_all": {
              "Author": "QA-Agent",
              "Compliance": "PCI-DSS",
              "CostCenter": "Engineering",
              "Environment": "s101912699",
              "Name": "payment-ecs-tasks-sg-s101912699",
              "PRNumber": "101912699",
              "Repository": "iac-test-automations",
              "Team": "synth"
            },
            "timeouts": null,
            "vpc_id": "vpc-08e66165e8bcdc4ff"
          },
          "sensitive_attributes": [],
          "private": "eyJlMmJmYjczMC1lY2FhLTExZTYtOGY4OC0zNDM2M2JjN2M0YzAiOnsiY3JlYXRlIjo2MDAwMDAwMDAwMDAsImRlbGV0ZSI6OTAwMDAwMDAwMDAwfSwic2NoZW1hX3ZlcnNpb24iOiIxIn0=",
          "dependencies": [
            "aws_security_group.alb",
            "aws_vpc.main"
          ],
          "create_before_destroy": true
        }
      ]
    },
    {
      "mode": "managed",
      "type": "aws_security_group",
      "name": "vpc_endpoints",
      "provider": "provider[\"registry.terraform.io/hashicorp/aws\"]",
      "instances": [
        {
          "schema_version": 1,
          "attributes": {
            "arn": "arn:aws:ec2:us-east-1:342597974367:security-group/sg-076658c2f8cdb88be",
            "description": "Security group for VPC endpoints",
            "egress": [
              {
                "cidr_blocks": [
                  "0.0.0.0/0"
                ],
                "description": "Allow all outbound",
                "from_port": 0,
                "ipv6_cidr_blocks": [],
                "prefix_list_ids": [],
                "protocol": "-1",
                "security_groups": [],
                "self": false,
                "to_port": 0
              }
            ],
            "id": "sg-076658c2f8cdb88be",
            "ingress": [
              {
                "cidr_blocks": [
                  "10.0.0.0/16"
                ],
                "description": "HTTPS from VPC",
                "from_port": 443,
                "ipv6_cidr_blocks": [],
                "prefix_list_ids": [],
                "protocol": "tcp",
                "security_groups": [],
                "self": false,
                "to_port": 443
              }
            ],
            "name": "payment-vpc-endpoints-s101912699-20251126092159868200000011",
            "name_prefix": "payment-vpc-endpoints-s101912699-",
            "owner_id": "342597974367",
            "region": "us-east-1",
            "revoke_rules_on_delete": false,
            "tags": {
              "Compliance": "PCI-DSS",
              "CostCenter": "Engineering",
              "Name": "payment-vpc-endpoints-sg-s101912699"
            },
            "tags_all": {
              "Author": "QA-Agent",
              "Compliance": "PCI-DSS",
              "CostCenter": "Engineering",
              "Environment": "s101912699",
              "Name": "payment-vpc-endpoints-sg-s101912699",
              "PRNumber": "101912699",
              "Repository": "iac-test-automations",
              "Team": "synth"
            },
            "timeouts": null,
            "vpc_id": "vpc-08e66165e8bcdc4ff"
          },
          "sensitive_attributes": [],
          "private": "eyJlMmJmYjczMC1lY2FhLTExZTYtOGY4OC0zNDM2M2JjN2M0YzAiOnsiY3JlYXRlIjo2MDAwMDAwMDAwMDAsImRlbGV0ZSI6OTAwMDAwMDAwMDAwfSwic2NoZW1hX3ZlcnNpb24iOiIxIn0=",
          "dependencies": [
            "aws_vpc.main"
          ],
          "create_before_destroy": true
        }
      ]
    },
    {
      "mode": "managed",
      "type": "aws_subnet",
      "name": "private_app",
      "provider": "provider[\"registry.terraform.io/hashicorp/aws\"]",
      "instances": [
        {
          "index_key": 0,
          "schema_version": 1,
          "attributes": {
            "arn": "arn:aws:ec2:us-east-1:342597974367:subnet/subnet-075eca5687db3d019",
            "assign_ipv6_address_on_creation": false,
            "availability_zone": "us-east-1a",
            "availability_zone_id": "use1-az1",
            "cidr_block": "10.0.10.0/24",
            "customer_owned_ipv4_pool": "",
            "enable_dns64": false,
            "enable_lni_at_device_index": 0,
            "enable_resource_name_dns_a_record_on_launch": false,
            "enable_resource_name_dns_aaaa_record_on_launch": false,
            "id": "subnet-075eca5687db3d019",
            "ipv6_cidr_block": "",
            "ipv6_cidr_block_association_id": "",
            "ipv6_native": false,
            "map_customer_owned_ip_on_launch": false,
            "map_public_ip_on_launch": false,
            "outpost_arn": "",
            "owner_id": "342597974367",
            "private_dns_hostname_type_on_launch": "ip-name",
            "region": "us-east-1",
            "tags": {
              "Compliance": "PCI-DSS",
              "CostCenter": "Engineering",
              "Name": "payment-private-app-subnet-1-s101912699",
              "Type": "private-app"
            },
            "tags_all": {
              "Author": "QA-Agent",
              "Compliance": "PCI-DSS",
              "CostCenter": "Engineering",
              "Environment": "s101912699",
              "Name": "payment-private-app-subnet-1-s101912699",
              "PRNumber": "101912699",
              "Repository": "iac-test-automations",
              "Team": "synth",
              "Type": "private-app"
            },
            "timeouts": null,
            "vpc_id": "vpc-08e66165e8bcdc4ff"
          },
          "sensitive_attributes": [],
          "private": "eyJlMmJmYjczMC1lY2FhLTExZTYtOGY4OC0zNDM2M2JjN2M0YzAiOnsiY3JlYXRlIjo2MDAwMDAwMDAwMDAsImRlbGV0ZSI6MTIwMDAwMDAwMDAwMH0sInNjaGVtYV92ZXJzaW9uIjoiMSJ9",
          "dependencies": [
            "aws_vpc.main",
            "data.aws_availability_zones.available"
          ]
        },
        {
          "index_key": 1,
          "schema_version": 1,
          "attributes": {
            "arn": "arn:aws:ec2:us-east-1:342597974367:subnet/subnet-00eddc195df2628aa",
            "assign_ipv6_address_on_creation": false,
            "availability_zone": "us-east-1b",
            "availability_zone_id": "use1-az2",
            "cidr_block": "10.0.11.0/24",
            "customer_owned_ipv4_pool": "",
            "enable_dns64": false,
            "enable_lni_at_device_index": 0,
            "enable_resource_name_dns_a_record_on_launch": false,
            "enable_resource_name_dns_aaaa_record_on_launch": false,
            "id": "subnet-00eddc195df2628aa",
            "ipv6_cidr_block": "",
            "ipv6_cidr_block_association_id": "",
            "ipv6_native": false,
            "map_customer_owned_ip_on_launch": false,
            "map_public_ip_on_launch": false,
            "outpost_arn": "",
            "owner_id": "342597974367",
            "private_dns_hostname_type_on_launch": "ip-name",
            "region": "us-east-1",
            "tags": {
              "Compliance": "PCI-DSS",
              "CostCenter": "Engineering",
              "Name": "payment-private-app-subnet-2-s101912699",
              "Type": "private-app"
            },
            "tags_all": {
              "Author": "QA-Agent",
              "Compliance": "PCI-DSS",
              "CostCenter": "Engineering",
              "Environment": "s101912699",
              "Name": "payment-private-app-subnet-2-s101912699",
              "PRNumber": "101912699",
              "Repository": "iac-test-automations",
              "Team": "synth",
              "Type": "private-app"
            },
            "timeouts": null,
            "vpc_id": "vpc-08e66165e8bcdc4ff"
          },
          "sensitive_attributes": [],
          "private": "eyJlMmJmYjczMC1lY2FhLTExZTYtOGY4OC0zNDM2M2JjN2M0YzAiOnsiY3JlYXRlIjo2MDAwMDAwMDAwMDAsImRlbGV0ZSI6MTIwMDAwMDAwMDAwMH0sInNjaGVtYV92ZXJzaW9uIjoiMSJ9",
          "dependencies": [
            "aws_vpc.main",
            "data.aws_availability_zones.available"
          ]
        },
        {
          "index_key": 2,
          "schema_version": 1,
          "attributes": {
            "arn": "arn:aws:ec2:us-east-1:342597974367:subnet/subnet-022cc880fdb800b88",
            "assign_ipv6_address_on_creation": false,
            "availability_zone": "us-east-1c",
            "availability_zone_id": "use1-az4",
            "cidr_block": "10.0.12.0/24",
            "customer_owned_ipv4_pool": "",
            "enable_dns64": false,
            "enable_lni_at_device_index": 0,
            "enable_resource_name_dns_a_record_on_launch": false,
            "enable_resource_name_dns_aaaa_record_on_launch": false,
            "id": "subnet-022cc880fdb800b88",
            "ipv6_cidr_block": "",
            "ipv6_cidr_block_association_id": "",
            "ipv6_native": false,
            "map_customer_owned_ip_on_launch": false,
            "map_public_ip_on_launch": false,
            "outpost_arn": "",
            "owner_id": "342597974367",
            "private_dns_hostname_type_on_launch": "ip-name",
            "region": "us-east-1",
            "tags": {
              "Compliance": "PCI-DSS",
              "CostCenter": "Engineering",
              "Name": "payment-private-app-subnet-3-s101912699",
              "Type": "private-app"
            },
            "tags_all": {
              "Author": "QA-Agent",
              "Compliance": "PCI-DSS",
              "CostCenter": "Engineering",
              "Environment": "s101912699",
              "Name": "payment-private-app-subnet-3-s101912699",
              "PRNumber": "101912699",
              "Repository": "iac-test-automations",
              "Team": "synth",
              "Type": "private-app"
            },
            "timeouts": null,
            "vpc_id": "vpc-08e66165e8bcdc4ff"
          },
          "sensitive_attributes": [],
          "private": "eyJlMmJmYjczMC1lY2FhLTExZTYtOGY4OC0zNDM2M2JjN2M0YzAiOnsiY3JlYXRlIjo2MDAwMDAwMDAwMDAsImRlbGV0ZSI6MTIwMDAwMDAwMDAwMH0sInNjaGVtYV92ZXJzaW9uIjoiMSJ9",
          "dependencies": [
            "aws_vpc.main",
            "data.aws_availability_zones.available"
          ]
        }
      ]
    },
    {
      "mode": "managed",
      "type": "aws_subnet",
      "name": "private_db",
      "provider": "provider[\"registry.terraform.io/hashicorp/aws\"]",
      "instances": [
        {
          "index_key": 0,
          "schema_version": 1,
          "attributes": {
            "arn": "arn:aws:ec2:us-east-1:342597974367:subnet/subnet-081efa1857008c637",
            "assign_ipv6_address_on_creation": false,
            "availability_zone": "us-east-1a",
            "availability_zone_id": "use1-az1",
            "cidr_block": "10.0.20.0/24",
            "customer_owned_ipv4_pool": "",
            "enable_dns64": false,
            "enable_lni_at_device_index": 0,
            "enable_resource_name_dns_a_record_on_launch": false,
            "enable_resource_name_dns_aaaa_record_on_launch": false,
            "id": "subnet-081efa1857008c637",
            "ipv6_cidr_block": "",
            "ipv6_cidr_block_association_id": "",
            "ipv6_native": false,
            "map_customer_owned_ip_on_launch": false,
            "map_public_ip_on_launch": false,
            "outpost_arn": "",
            "owner_id": "342597974367",
            "private_dns_hostname_type_on_launch": "ip-name",
            "region": "us-east-1",
            "tags": {
              "Compliance": "PCI-DSS",
              "CostCenter": "Engineering",
              "Name": "payment-private-db-subnet-1-s101912699",
              "Type": "private-db"
            },
            "tags_all": {
              "Author": "QA-Agent",
              "Compliance": "PCI-DSS",
              "CostCenter": "Engineering",
              "Environment": "s101912699",
              "Name": "payment-private-db-subnet-1-s101912699",
              "PRNumber": "101912699",
              "Repository": "iac-test-automations",
              "Team": "synth",
              "Type": "private-db"
            },
            "timeouts": null,
            "vpc_id": "vpc-08e66165e8bcdc4ff"
          },
          "sensitive_attributes": [],
          "private": "eyJlMmJmYjczMC1lY2FhLTExZTYtOGY4OC0zNDM2M2JjN2M0YzAiOnsiY3JlYXRlIjo2MDAwMDAwMDAwMDAsImRlbGV0ZSI6MTIwMDAwMDAwMDAwMH0sInNjaGVtYV92ZXJzaW9uIjoiMSJ9",
          "dependencies": [
            "aws_vpc.main",
            "data.aws_availability_zones.available"
          ]
        },
        {
          "index_key": 1,
          "schema_version": 1,
          "attributes": {
            "arn": "arn:aws:ec2:us-east-1:342597974367:subnet/subnet-022f7201ba14e30a0",
            "assign_ipv6_address_on_creation": false,
            "availability_zone": "us-east-1b",
            "availability_zone_id": "use1-az2",
            "cidr_block": "10.0.21.0/24",
            "customer_owned_ipv4_pool": "",
            "enable_dns64": false,
            "enable_lni_at_device_index": 0,
            "enable_resource_name_dns_a_record_on_launch": false,
            "enable_resource_name_dns_aaaa_record_on_launch": false,
            "id": "subnet-022f7201ba14e30a0",
            "ipv6_cidr_block": "",
            "ipv6_cidr_block_association_id": "",
            "ipv6_native": false,
            "map_customer_owned_ip_on_launch": false,
            "map_public_ip_on_launch": false,
            "outpost_arn": "",
            "owner_id": "342597974367",
            "private_dns_hostname_type_on_launch": "ip-name",
            "region": "us-east-1",
            "tags": {
              "Compliance": "PCI-DSS",
              "CostCenter": "Engineering",
              "Name": "payment-private-db-subnet-2-s101912699",
              "Type": "private-db"
            },
            "tags_all": {
              "Author": "QA-Agent",
              "Compliance": "PCI-DSS",
              "CostCenter": "Engineering",
              "Environment": "s101912699",
              "Name": "payment-private-db-subnet-2-s101912699",
              "PRNumber": "101912699",
              "Repository": "iac-test-automations",
              "Team": "synth",
              "Type": "private-db"
            },
            "timeouts": null,
            "vpc_id": "vpc-08e66165e8bcdc4ff"
          },
          "sensitive_attributes": [],
          "private": "eyJlMmJmYjczMC1lY2FhLTExZTYtOGY4OC0zNDM2M2JjN2M0YzAiOnsiY3JlYXRlIjo2MDAwMDAwMDAwMDAsImRlbGV0ZSI6MTIwMDAwMDAwMDAwMH0sInNjaGVtYV92ZXJzaW9uIjoiMSJ9",
          "dependencies": [
            "aws_vpc.main",
            "data.aws_availability_zones.available"
          ]
        },
        {
          "index_key": 2,
          "schema_version": 1,
          "attributes": {
            "arn": "arn:aws:ec2:us-east-1:342597974367:subnet/subnet-00ea7eda97ea657b9",
            "assign_ipv6_address_on_creation": false,
            "availability_zone": "us-east-1c",
            "availability_zone_id": "use1-az4",
            "cidr_block": "10.0.22.0/24",
            "customer_owned_ipv4_pool": "",
            "enable_dns64": false,
            "enable_lni_at_device_index": 0,
            "enable_resource_name_dns_a_record_on_launch": false,
            "enable_resource_name_dns_aaaa_record_on_launch": false,
            "id": "subnet-00ea7eda97ea657b9",
            "ipv6_cidr_block": "",
            "ipv6_cidr_block_association_id": "",
            "ipv6_native": false,
            "map_customer_owned_ip_on_launch": false,
            "map_public_ip_on_launch": false,
            "outpost_arn": "",
            "owner_id": "342597974367",
            "private_dns_hostname_type_on_launch": "ip-name",
            "region": "us-east-1",
            "tags": {
              "Compliance": "PCI-DSS",
              "CostCenter": "Engineering",
              "Name": "payment-private-db-subnet-3-s101912699",
              "Type": "private-db"
            },
            "tags_all": {
              "Author": "QA-Agent",
              "Compliance": "PCI-DSS",
              "CostCenter": "Engineering",
              "Environment": "s101912699",
              "Name": "payment-private-db-subnet-3-s101912699",
              "PRNumber": "101912699",
              "Repository": "iac-test-automations",
              "Team": "synth",
              "Type": "private-db"
            },
            "timeouts": null,
            "vpc_id": "vpc-08e66165e8bcdc4ff"
          },
          "sensitive_attributes": [],
          "private": "eyJlMmJmYjczMC1lY2FhLTExZTYtOGY4OC0zNDM2M2JjN2M0YzAiOnsiY3JlYXRlIjo2MDAwMDAwMDAwMDAsImRlbGV0ZSI6MTIwMDAwMDAwMDAwMH0sInNjaGVtYV92ZXJzaW9uIjoiMSJ9",
          "dependencies": [
            "aws_vpc.main",
            "data.aws_availability_zones.available"
          ]
        }
      ]
    },
    {
      "mode": "managed",
      "type": "aws_subnet",
      "name": "public",
      "provider": "provider[\"registry.terraform.io/hashicorp/aws\"]",
      "instances": [
        {
          "index_key": 0,
          "schema_version": 1,
          "attributes": {
            "arn": "arn:aws:ec2:us-east-1:342597974367:subnet/subnet-01a4325361d786430",
            "assign_ipv6_address_on_creation": false,
            "availability_zone": "us-east-1a",
            "availability_zone_id": "use1-az1",
            "cidr_block": "10.0.0.0/24",
            "customer_owned_ipv4_pool": "",
            "enable_dns64": false,
            "enable_lni_at_device_index": 0,
            "enable_resource_name_dns_a_record_on_launch": false,
            "enable_resource_name_dns_aaaa_record_on_launch": false,
            "id": "subnet-01a4325361d786430",
            "ipv6_cidr_block": "",
            "ipv6_cidr_block_association_id": "",
            "ipv6_native": false,
            "map_customer_owned_ip_on_launch": false,
            "map_public_ip_on_launch": false,
            "outpost_arn": "",
            "owner_id": "342597974367",
            "private_dns_hostname_type_on_launch": "ip-name",
            "region": "us-east-1",
            "tags": {
              "Compliance": "PCI-DSS",
              "CostCenter": "Engineering",
              "Name": "payment-public-subnet-1-s101912699",
              "Type": "public"
            },
            "tags_all": {
              "Author": "QA-Agent",
              "Compliance": "PCI-DSS",
              "CostCenter": "Engineering",
              "Environment": "s101912699",
              "Name": "payment-public-subnet-1-s101912699",
              "PRNumber": "101912699",
              "Repository": "iac-test-automations",
              "Team": "synth",
              "Type": "public"
            },
            "timeouts": null,
            "vpc_id": "vpc-08e66165e8bcdc4ff"
          },
          "sensitive_attributes": [],
          "private": "eyJlMmJmYjczMC1lY2FhLTExZTYtOGY4OC0zNDM2M2JjN2M0YzAiOnsiY3JlYXRlIjo2MDAwMDAwMDAwMDAsImRlbGV0ZSI6MTIwMDAwMDAwMDAwMH0sInNjaGVtYV92ZXJzaW9uIjoiMSJ9",
          "dependencies": [
            "aws_vpc.main",
            "data.aws_availability_zones.available"
          ]
        },
        {
          "index_key": 1,
          "schema_version": 1,
          "attributes": {
            "arn": "arn:aws:ec2:us-east-1:342597974367:subnet/subnet-0cb70096e89576fbb",
            "assign_ipv6_address_on_creation": false,
            "availability_zone": "us-east-1b",
            "availability_zone_id": "use1-az2",
            "cidr_block": "10.0.1.0/24",
            "customer_owned_ipv4_pool": "",
            "enable_dns64": false,
            "enable_lni_at_device_index": 0,
            "enable_resource_name_dns_a_record_on_launch": false,
            "enable_resource_name_dns_aaaa_record_on_launch": false,
            "id": "subnet-0cb70096e89576fbb",
            "ipv6_cidr_block": "",
            "ipv6_cidr_block_association_id": "",
            "ipv6_native": false,
            "map_customer_owned_ip_on_launch": false,
            "map_public_ip_on_launch": false,
            "outpost_arn": "",
            "owner_id": "342597974367",
            "private_dns_hostname_type_on_launch": "ip-name",
            "region": "us-east-1",
            "tags": {
              "Compliance": "PCI-DSS",
              "CostCenter": "Engineering",
              "Name": "payment-public-subnet-2-s101912699",
              "Type": "public"
            },
            "tags_all": {
              "Author": "QA-Agent",
              "Compliance": "PCI-DSS",
              "CostCenter": "Engineering",
              "Environment": "s101912699",
              "Name": "payment-public-subnet-2-s101912699",
              "PRNumber": "101912699",
              "Repository": "iac-test-automations",
              "Team": "synth",
              "Type": "public"
            },
            "timeouts": null,
            "vpc_id": "vpc-08e66165e8bcdc4ff"
          },
          "sensitive_attributes": [],
          "private": "eyJlMmJmYjczMC1lY2FhLTExZTYtOGY4OC0zNDM2M2JjN2M0YzAiOnsiY3JlYXRlIjo2MDAwMDAwMDAwMDAsImRlbGV0ZSI6MTIwMDAwMDAwMDAwMH0sInNjaGVtYV92ZXJzaW9uIjoiMSJ9",
          "dependencies": [
            "aws_vpc.main",
            "data.aws_availability_zones.available"
          ]
        },
        {
          "index_key": 2,
          "schema_version": 1,
          "attributes": {
            "arn": "arn:aws:ec2:us-east-1:342597974367:subnet/subnet-0ca0cfe497560eb3f",
            "assign_ipv6_address_on_creation": false,
            "availability_zone": "us-east-1c",
            "availability_zone_id": "use1-az4",
            "cidr_block": "10.0.2.0/24",
            "customer_owned_ipv4_pool": "",
            "enable_dns64": false,
            "enable_lni_at_device_index": 0,
            "enable_resource_name_dns_a_record_on_launch": false,
            "enable_resource_name_dns_aaaa_record_on_launch": false,
            "id": "subnet-0ca0cfe497560eb3f",
            "ipv6_cidr_block": "",
            "ipv6_cidr_block_association_id": "",
            "ipv6_native": false,
            "map_customer_owned_ip_on_launch": false,
            "map_public_ip_on_launch": false,
            "outpost_arn": "",
            "owner_id": "342597974367",
            "private_dns_hostname_type_on_launch": "ip-name",
            "region": "us-east-1",
            "tags": {
              "Compliance": "PCI-DSS",
              "CostCenter": "Engineering",
              "Name": "payment-public-subnet-3-s101912699",
              "Type": "public"
            },
            "tags_all": {
              "Author": "QA-Agent",
              "Compliance": "PCI-DSS",
              "CostCenter": "Engineering",
              "Environment": "s101912699",
              "Name": "payment-public-subnet-3-s101912699",
              "PRNumber": "101912699",
              "Repository": "iac-test-automations",
              "Team": "synth",
              "Type": "public"
            },
            "timeouts": null,
            "vpc_id": "vpc-08e66165e8bcdc4ff"
          },
          "sensitive_attributes": [],
          "private": "eyJlMmJmYjczMC1lY2FhLTExZTYtOGY4OC0zNDM2M2JjN2M0YzAiOnsiY3JlYXRlIjo2MDAwMDAwMDAwMDAsImRlbGV0ZSI6MTIwMDAwMDAwMDAwMH0sInNjaGVtYV92ZXJzaW9uIjoiMSJ9",
          "dependencies": [
            "aws_vpc.main",
            "data.aws_availability_zones.available"
          ]
        }
      ]
    },
    {
      "mode": "managed",
      "type": "aws_vpc",
      "name": "main",
      "provider": "provider[\"registry.terraform.io/hashicorp/aws\"]",
      "instances": [
        {
          "schema_version": 1,
          "attributes": {
            "arn": "arn:aws:ec2:us-east-1:342597974367:vpc/vpc-08e66165e8bcdc4ff",
            "assign_generated_ipv6_cidr_block": false,
            "cidr_block": "10.0.0.0/16",
            "default_network_acl_id": "acl-06ce1e48bff90a23e",
            "default_route_table_id": "rtb-0aad7835be42ff561",
            "default_security_group_id": "sg-0a80aec9dd4560372",
            "dhcp_options_id": "dopt-096ea572b45cebc14",
            "enable_dns_hostnames": true,
            "enable_dns_support": true,
            "enable_network_address_usage_metrics": false,
            "id": "vpc-08e66165e8bcdc4ff",
            "instance_tenancy": "default",
            "ipv4_ipam_pool_id": null,
            "ipv4_netmask_length": null,
            "ipv6_association_id": "",
            "ipv6_cidr_block": "",
            "ipv6_cidr_block_network_border_group": "",
            "ipv6_ipam_pool_id": "",
            "ipv6_netmask_length": 0,
            "main_route_table_id": "rtb-0aad7835be42ff561",
            "owner_id": "342597974367",
            "region": "us-east-1",
            "tags": {
              "Compliance": "PCI-DSS",
              "CostCenter": "Engineering",
              "Name": "payment-vpc-s101912699"
            },
            "tags_all": {
              "Author": "QA-Agent",
              "Compliance": "PCI-DSS",
              "CostCenter": "Engineering",
              "Environment": "s101912699",
              "Name": "payment-vpc-s101912699",
              "PRNumber": "101912699",
              "Repository": "iac-test-automations",
              "Team": "synth"
            }
          },
          "sensitive_attributes": [],
          "private": "eyJzY2hlbWFfdmVyc2lvbiI6IjEifQ==",
          "create_before_destroy": true
        }
      ]
    },
    {
      "mode": "managed",
      "type": "aws_vpc_endpoint",
      "name": "ecr_api",
      "provider": "provider[\"registry.terraform.io/hashicorp/aws\"]",
      "instances": [
        {
          "schema_version": 0,
          "attributes": {
            "arn": "arn:aws:ec2:us-east-1:342597974367:vpc-endpoint/vpce-0ce42c0bf6ef67cb1",
            "auto_accept": null,
            "cidr_blocks": [],
            "dns_entry": [
              {
                "dns_name": "vpce-0ce42c0bf6ef67cb1-p4zb92nl.api.ecr.us-east-1.vpce.amazonaws.com",
                "hosted_zone_id": "Z7HUB22UULQXV"
              },
              {
                "dns_name": "vpce-0ce42c0bf6ef67cb1-p4zb92nl-us-east-1b.api.ecr.us-east-1.vpce.amazonaws.com",
                "hosted_zone_id": "Z7HUB22UULQXV"
              },
              {
                "dns_name": "vpce-0ce42c0bf6ef67cb1-p4zb92nl-us-east-1c.api.ecr.us-east-1.vpce.amazonaws.com",
                "hosted_zone_id": "Z7HUB22UULQXV"
              },
              {
                "dns_name": "vpce-0ce42c0bf6ef67cb1-p4zb92nl-us-east-1a.api.ecr.us-east-1.vpce.amazonaws.com",
                "hosted_zone_id": "Z7HUB22UULQXV"
              },
              {
                "dns_name": "api.ecr.us-east-1.amazonaws.com",
                "hosted_zone_id": "Z0551380FJ0G0YGQLJEU"
              },
              {
                "dns_name": "ecr.us-east-1.api.aws",
                "hosted_zone_id": "Z05513872X4DN7BVHVLGA"
              }
            ],
            "dns_options": [
              {
                "dns_record_ip_type": "ipv4",
                "private_dns_only_for_inbound_resolver_endpoint": false
              }
            ],
            "id": "vpce-0ce42c0bf6ef67cb1",
            "ip_address_type": "ipv4",
            "network_interface_ids": [
              "eni-080b79121ab4a6fae",
              "eni-0bed0dfc1318c412c",
              "eni-0cf573e1921b9acb1"
            ],
            "owner_id": "342597974367",
            "policy": "{\"Statement\":[{\"Action\":\"*\",\"Effect\":\"Allow\",\"Principal\":\"*\",\"Resource\":\"*\"}]}",
            "prefix_list_id": null,
            "private_dns_enabled": true,
            "region": "us-east-1",
            "requester_managed": false,
            "resource_configuration_arn": "",
            "route_table_ids": [],
            "security_group_ids": [
              "sg-076658c2f8cdb88be"
            ],
            "service_name": "com.amazonaws.us-east-1.ecr.api",
            "service_network_arn": "",
            "service_region": "us-east-1",
            "state": "available",
            "subnet_configuration": [
              {
                "ipv4": "10.0.10.35",
                "ipv6": "",
                "subnet_id": "subnet-075eca5687db3d019"
              },
              {
                "ipv4": "10.0.11.136",
                "ipv6": "",
                "subnet_id": "subnet-00eddc195df2628aa"
              },
              {
                "ipv4": "10.0.12.154",
                "ipv6": "",
                "subnet_id": "subnet-022cc880fdb800b88"
              }
            ],
            "subnet_ids": [
              "subnet-00eddc195df2628aa",
              "subnet-022cc880fdb800b88",
              "subnet-075eca5687db3d019"
            ],
            "tags": {
              "Compliance": "PCI-DSS",
              "CostCenter": "Engineering",
              "Name": "payment-ecr-api-endpoint-s101912699"
            },
            "tags_all": {
              "Author": "QA-Agent",
              "Compliance": "PCI-DSS",
              "CostCenter": "Engineering",
              "Environment": "s101912699",
              "Name": "payment-ecr-api-endpoint-s101912699",
              "PRNumber": "101912699",
              "Repository": "iac-test-automations",
              "Team": "synth"
            },
            "timeouts": null,
            "vpc_endpoint_type": "Interface",
            "vpc_id": "vpc-08e66165e8bcdc4ff"
          },
          "sensitive_attributes": [],
          "private": "eyJlMmJmYjczMC1lY2FhLTExZTYtOGY4OC0zNDM2M2JjN2M0YzAiOnsiY3JlYXRlIjo2MDAwMDAwMDAwMDAsImRlbGV0ZSI6NjAwMDAwMDAwMDAwLCJ1cGRhdGUiOjYwMDAwMDAwMDAwMH19",
          "dependencies": [
            "aws_security_group.vpc_endpoints",
            "aws_subnet.private_app",
            "aws_vpc.main",
            "data.aws_availability_zones.available"
          ]
        }
      ]
    },
    {
      "mode": "managed",
      "type": "aws_vpc_endpoint",
      "name": "ecr_dkr",
      "provider": "provider[\"registry.terraform.io/hashicorp/aws\"]",
      "instances": [
        {
          "schema_version": 0,
          "attributes": {
            "arn": "arn:aws:ec2:us-east-1:342597974367:vpc-endpoint/vpce-0589121ce73a074af",
            "auto_accept": null,
            "cidr_blocks": [],
            "dns_entry": [
              {
                "dns_name": "vpce-0589121ce73a074af-di6ja1be.dkr.ecr.us-east-1.vpce.amazonaws.com",
                "hosted_zone_id": "Z7HUB22UULQXV"
              },
              {
                "dns_name": "vpce-0589121ce73a074af-di6ja1be-us-east-1c.dkr.ecr.us-east-1.vpce.amazonaws.com",
                "hosted_zone_id": "Z7HUB22UULQXV"
              },
              {
                "dns_name": "vpce-0589121ce73a074af-di6ja1be-us-east-1b.dkr.ecr.us-east-1.vpce.amazonaws.com",
                "hosted_zone_id": "Z7HUB22UULQXV"
              },
              {
                "dns_name": "vpce-0589121ce73a074af-di6ja1be-us-east-1a.dkr.ecr.us-east-1.vpce.amazonaws.com",
                "hosted_zone_id": "Z7HUB22UULQXV"
              },
              {
                "dns_name": "dkr.ecr.us-east-1.amazonaws.com",
                "hosted_zone_id": "Z0550063F01WFM3ITS18"
              },
              {
                "dns_name": "*.dkr.ecr.us-east-1.amazonaws.com",
                "hosted_zone_id": "Z0550063F01WFM3ITS18"
              },
              {
                "dns_name": "dkr-ecr.us-east-1.on.aws",
                "hosted_zone_id": "Z10236262EGSJNIEP4M62"
              },
              {
                "dns_name": "*.dkr-ecr.us-east-1.on.aws",
                "hosted_zone_id": "Z10236262EGSJNIEP4M62"
              }
            ],
            "dns_options": [
              {
                "dns_record_ip_type": "ipv4",
                "private_dns_only_for_inbound_resolver_endpoint": false
              }
            ],
            "id": "vpce-0589121ce73a074af",
            "ip_address_type": "ipv4",
            "network_interface_ids": [
              "eni-0044b06c2691b656c",
              "eni-045598ba11cbc3de1",
              "eni-0b703acac5360436d"
            ],
            "owner_id": "342597974367",
            "policy": "{\"Statement\":[{\"Action\":\"*\",\"Effect\":\"Allow\",\"Principal\":\"*\",\"Resource\":\"*\"}]}",
            "prefix_list_id": null,
            "private_dns_enabled": true,
            "region": "us-east-1",
            "requester_managed": false,
            "resource_configuration_arn": "",
            "route_table_ids": [],
            "security_group_ids": [
              "sg-076658c2f8cdb88be"
            ],
            "service_name": "com.amazonaws.us-east-1.ecr.dkr",
            "service_network_arn": "",
            "service_region": "us-east-1",
            "state": "available",
            "subnet_configuration": [
              {
                "ipv4": "10.0.10.85",
                "ipv6": "",
                "subnet_id": "subnet-075eca5687db3d019"
              },
              {
                "ipv4": "10.0.11.37",
                "ipv6": "",
                "subnet_id": "subnet-00eddc195df2628aa"
              },
              {
                "ipv4": "10.0.12.130",
                "ipv6": "",
                "subnet_id": "subnet-022cc880fdb800b88"
              }
            ],
            "subnet_ids": [
              "subnet-00eddc195df2628aa",
              "subnet-022cc880fdb800b88",
              "subnet-075eca5687db3d019"
            ],
            "tags": {
              "Compliance": "PCI-DSS",
              "CostCenter": "Engineering",
              "Name": "payment-ecr-dkr-endpoint-s101912699"
            },
            "tags_all": {
              "Author": "QA-Agent",
              "Compliance": "PCI-DSS",
              "CostCenter": "Engineering",
              "Environment": "s101912699",
              "Name": "payment-ecr-dkr-endpoint-s101912699",
              "PRNumber": "101912699",
              "Repository": "iac-test-automations",
              "Team": "synth"
            },
            "timeouts": null,
            "vpc_endpoint_type": "Interface",
            "vpc_id": "vpc-08e66165e8bcdc4ff"
          },
          "sensitive_attributes": [],
          "private": "eyJlMmJmYjczMC1lY2FhLTExZTYtOGY4OC0zNDM2M2JjN2M0YzAiOnsiY3JlYXRlIjo2MDAwMDAwMDAwMDAsImRlbGV0ZSI6NjAwMDAwMDAwMDAwLCJ1cGRhdGUiOjYwMDAwMDAwMDAwMH19",
          "dependencies": [
            "aws_security_group.vpc_endpoints",
            "aws_subnet.private_app",
            "aws_vpc.main",
            "data.aws_availability_zones.available"
          ]
        }
      ]
    },
    {
      "mode": "managed",
      "type": "aws_wafv2_web_acl",
      "name": "alb",
      "provider": "provider[\"registry.terraform.io/hashicorp/aws\"]",
      "instances": [
        {
          "schema_version": 0,
          "attributes": {
            "application_integration_url": "",
            "arn": "arn:aws:wafv2:us-east-1:342597974367:regional/webacl/payment-waf-s101912699/efd06179-9d05-4888-b629-233505d4e8f6",
            "association_config": [],
            "capacity": 1102,
            "captcha_config": [],
            "challenge_config": [],
            "custom_response_body": [],
            "data_protection_config": [],
            "default_action": [
              {
                "allow": [
                  {
                    "custom_request_handling": []
                  }
                ],
                "block": []
              }
            ],
            "description": "",
            "id": "efd06179-9d05-4888-b629-233505d4e8f6",
            "lock_token": "fe5cd283-b1be-46e5-b86b-6d702948c945",
            "name": "payment-waf-s101912699",
            "name_prefix": "",
            "region": "us-east-1",
            "rule": [
              {
                "action": [
                  {
                    "allow": [],
                    "block": [
                      {
                        "custom_response": []
                      }
                    ],
                    "captcha": [],
                    "challenge": [],
                    "count": []
                  }
                ],
                "captcha_config": [],
                "challenge_config": [],
                "name": "rate-limiting",
                "override_action": [],
                "priority": 4,
                "rule_label": [],
                "statement": [
                  {
                    "and_statement": [],
                    "asn_match_statement": [],
                    "byte_match_statement": [],
                    "geo_match_statement": [],
                    "ip_set_reference_statement": [],
                    "label_match_statement": [],
                    "managed_rule_group_statement": [],
                    "not_statement": [],
                    "or_statement": [],
                    "rate_based_statement": [
                      {
                        "aggregate_key_type": "IP",
                        "custom_key": [],
                        "evaluation_window_sec": 300,
                        "forwarded_ip_config": [],
                        "limit": 2000,
                        "scope_down_statement": []
                      }
                    ],
                    "regex_match_statement": [],
                    "regex_pattern_set_reference_statement": [],
                    "rule_group_reference_statement": [],
                    "size_constraint_statement": [],
                    "sqli_match_statement": [],
                    "xss_match_statement": []
                  }
                ],
                "visibility_config": [
                  {
                    "cloudwatch_metrics_enabled": true,
                    "metric_name": "RateLimiting",
                    "sampled_requests_enabled": true
                  }
                ]
              },
              {
                "action": [],
                "captcha_config": [],
                "challenge_config": [],
                "name": "core-rule-set",
                "override_action": [
                  {
                    "count": [],
                    "none": [
                      {}
                    ]
                  }
                ],
                "priority": 3,
                "rule_label": [],
                "statement": [
                  {
                    "and_statement": [],
                    "asn_match_statement": [],
                    "byte_match_statement": [],
                    "geo_match_statement": [],
                    "ip_set_reference_statement": [],
                    "label_match_statement": [],
                    "managed_rule_group_statement": [
                      {
                        "managed_rule_group_configs": [],
                        "name": "AWSManagedRulesCommonRuleSet",
                        "rule_action_override": [],
                        "scope_down_statement": [],
                        "vendor_name": "AWS",
                        "version": ""
                      }
                    ],
                    "not_statement": [],
                    "or_statement": [],
                    "rate_based_statement": [],
                    "regex_match_statement": [],
                    "regex_pattern_set_reference_statement": [],
                    "rule_group_reference_statement": [],
                    "size_constraint_statement": [],
                    "sqli_match_statement": [],
                    "xss_match_statement": []
                  }
                ],
                "visibility_config": [
                  {
                    "cloudwatch_metrics_enabled": true,
                    "metric_name": "CoreRuleSet",
                    "sampled_requests_enabled": true
                  }
                ]
              },
              {
                "action": [],
                "captcha_config": [],
                "challenge_config": [],
                "name": "sql-injection-protection",
                "override_action": [
                  {
                    "count": [],
                    "none": [
                      {}
                    ]
                  }
                ],
                "priority": 1,
                "rule_label": [],
                "statement": [
                  {
                    "and_statement": [],
                    "asn_match_statement": [],
                    "byte_match_statement": [],
                    "geo_match_statement": [],
                    "ip_set_reference_statement": [],
                    "label_match_statement": [],
                    "managed_rule_group_statement": [
                      {
                        "managed_rule_group_configs": [],
                        "name": "AWSManagedRulesSQLiRuleSet",
                        "rule_action_override": [],
                        "scope_down_statement": [],
                        "vendor_name": "AWS",
                        "version": ""
                      }
                    ],
                    "not_statement": [],
                    "or_statement": [],
                    "rate_based_statement": [],
                    "regex_match_statement": [],
                    "regex_pattern_set_reference_statement": [],
                    "rule_group_reference_statement": [],
                    "size_constraint_statement": [],
                    "sqli_match_statement": [],
                    "xss_match_statement": []
                  }
                ],
                "visibility_config": [
                  {
                    "cloudwatch_metrics_enabled": true,
                    "metric_name": "SQLInjectionProtection",
                    "sampled_requests_enabled": true
                  }
                ]
              },
              {
                "action": [],
                "captcha_config": [],
                "challenge_config": [],
                "name": "xss-protection",
                "override_action": [
                  {
                    "count": [],
                    "none": [
                      {}
                    ]
                  }
                ],
                "priority": 2,
                "rule_label": [],
                "statement": [
                  {
                    "and_statement": [],
                    "asn_match_statement": [],
                    "byte_match_statement": [],
                    "geo_match_statement": [],
                    "ip_set_reference_statement": [],
                    "label_match_statement": [],
                    "managed_rule_group_statement": [
                      {
                        "managed_rule_group_configs": [],
                        "name": "AWSManagedRulesKnownBadInputsRuleSet",
                        "rule_action_override": [],
                        "scope_down_statement": [],
                        "vendor_name": "AWS",
                        "version": ""
                      }
                    ],
                    "not_statement": [],
                    "or_statement": [],
                    "rate_based_statement": [],
                    "regex_match_statement": [],
                    "regex_pattern_set_reference_statement": [],
                    "rule_group_reference_statement": [],
                    "size_constraint_statement": [],
                    "sqli_match_statement": [],
                    "xss_match_statement": []
                  }
                ],
                "visibility_config": [
                  {
                    "cloudwatch_metrics_enabled": true,
                    "metric_name": "XSSProtection",
                    "sampled_requests_enabled": true
                  }
                ]
              }
            ],
            "rule_json": null,
            "scope": "REGIONAL",
            "tags": {
              "Compliance": "PCI-DSS",
              "CostCenter": "Engineering",
              "Name": "payment-waf-s101912699"
            },
            "tags_all": {
              "Author": "QA-Agent",
              "Compliance": "PCI-DSS",
              "CostCenter": "Engineering",
              "Environment": "s101912699",
              "Name": "payment-waf-s101912699",
              "PRNumber": "101912699",
              "Repository": "iac-test-automations",
              "Team": "synth"
            },
            "token_domains": null,
            "visibility_config": [
              {
                "cloudwatch_metrics_enabled": true,
                "metric_name": "PaymentWAF",
                "sampled_requests_enabled": true
              }
            ]
          },
          "sensitive_attributes": [],
          "private": "bnVsbA=="
        }
      ]
    },
    {
      "mode": "managed",
      "type": "random_password",
      "name": "aurora_master",
      "provider": "provider[\"registry.terraform.io/hashicorp/random\"]",
      "instances": [
        {
          "schema_version": 3,
          "attributes": {
            "bcrypt_hash": "$2a$10$2Jc6QhTaFOH3eTTDUmVknO0ttKnbA5PxY2/Zb8z9EEshtKqRmy.nG",
            "id": "none",
            "keepers": null,
            "length": 32,
            "lower": true,
            "min_lower": 0,
            "min_numeric": 0,
            "min_special": 0,
            "min_upper": 0,
            "number": true,
            "numeric": true,
            "override_special": null,
            "result": "KDLQxxcIGj*SIr0]4=!?MDs\u003c+W?#!]U1",
            "special": true,
            "upper": true
          },
          "sensitive_attributes": [
            [
              {
                "type": "get_attr",
                "value": "bcrypt_hash"
              }
            ],
            [
              {
                "type": "get_attr",
                "value": "result"
              }
            ]
          ]
        }
      ]
    }
  ],
  "check_results": null
}
