{
  "version": 4,
  "terraform_version": "1.9.0",
  "serial": 73,
  "lineage": "8eed8b8a-e649-ea33-bdc8-4fcd03e4c7ec",
  "outputs": {
    "alb_dns_name": {
      "value": "alb-synth101912498-66389109.us-east-1.elb.amazonaws.com",
      "type": "string"
    },
    "alb_zone_id": {
      "value": "Z35SXDOTRQ7X7K",
      "type": "string"
    },
    "aurora_cluster_endpoint": {
      "value": "aurora-cluster-synth101912498.cluster-covy6ema0nuv.us-east-1.rds.amazonaws.com",
      "type": "string"
    },
    "aurora_reader_endpoint": {
      "value": "aurora-cluster-synth101912498.cluster-ro-covy6ema0nuv.us-east-1.rds.amazonaws.com",
      "type": "string"
    },
    "ecs_cluster_name": {
      "value": "ecs-cluster-synth101912498",
      "type": "string"
    },
    "ecs_service_name": {
      "value": "app-service-synth101912498",
      "type": "string"
    },
    "private_app_subnet_ids": {
      "value": [
        "subnet-07c48a3e77dc51af3",
        "subnet-0f27b127c4b6b4bc6",
        "subnet-045c4dbcf1a2d6843"
      ],
      "type": [
        "tuple",
        [
          "string",
          "string",
          "string"
        ]
      ]
    },
    "private_db_subnet_ids": {
      "value": [
        "subnet-0bb0183838ebc0aba",
        "subnet-0217455958a1efbfb",
        "subnet-0a3b87763048e8a99"
      ],
      "type": [
        "tuple",
        [
          "string",
          "string",
          "string"
        ]
      ]
    },
    "public_subnet_ids": {
      "value": [
        "subnet-0004211d6b020093e",
        "subnet-02cb231b3e578c34c",
        "subnet-0609722b5e8c7e359"
      ],
      "type": [
        "tuple",
        [
          "string",
          "string",
          "string"
        ]
      ]
    },
    "redis_configuration_endpoint": {
      "value": "clustercfg.redis-cluster-synth101912498.rjrima.use1.cache.amazonaws.com",
      "type": "string"
    },
    "sns_topic_arn": {
      "value": "arn:aws:sns:us-east-1:342597974367:alarms-synth101912498",
      "type": "string"
    },
    "vpc_id": {
      "value": "vpc-0297eccde9911b051",
      "type": "string"
    }
  },
  "resources": [
    {
      "mode": "data",
      "type": "aws_availability_zones",
      "name": "available",
      "provider": "provider[\"registry.terraform.io/hashicorp/aws\"]",
      "instances": [
        {
          "schema_version": 0,
          "attributes": {
            "all_availability_zones": null,
            "exclude_names": null,
            "exclude_zone_ids": null,
            "filter": [
              {
                "name": "opt-in-status",
                "values": [
                  "opt-in-not-required"
                ]
              }
            ],
            "group_names": [
              "us-east-1-zg-1"
            ],
            "id": "us-east-1",
            "names": [
              "us-east-1a",
              "us-east-1b",
              "us-east-1c",
              "us-east-1d",
              "us-east-1e",
              "us-east-1f"
            ],
            "state": "available",
            "timeouts": null,
            "zone_ids": [
              "use1-az1",
              "use1-az2",
              "use1-az4",
              "use1-az6",
              "use1-az3",
              "use1-az5"
            ]
          },
          "sensitive_attributes": []
        }
      ]
    },
    {
      "mode": "managed",
      "type": "aws_appautoscaling_policy",
      "name": "ecs_cpu",
      "provider": "provider[\"registry.terraform.io/hashicorp/aws\"]",
      "instances": [
        {
          "schema_version": 0,
          "attributes": {
            "alarm_arns": [
              "arn:aws:cloudwatch:us-east-1:342597974367:alarm:TargetTracking-service/ecs-cluster-synth101912498/app-service-synth101912498-AlarmHigh-1985349e-9e6a-4f69-a100-164996188c3b",
              "arn:aws:cloudwatch:us-east-1:342597974367:alarm:TargetTracking-service/ecs-cluster-synth101912498/app-service-synth101912498-AlarmLow-fa1231ef-79e8-44d8-ae6b-477589bd89a4"
            ],
            "arn": "arn:aws:autoscaling:us-east-1:342597974367:scalingPolicy:db229c0e-7e21-4d38-b496-9027cd91118a:resource/ecs/service/ecs-cluster-synth101912498/app-service-synth101912498:policyName/ecs-cpu-scaling-synth101912498",
            "id": "ecs-cpu-scaling-synth101912498",
            "name": "ecs-cpu-scaling-synth101912498",
            "policy_type": "TargetTrackingScaling",
            "resource_id": "service/ecs-cluster-synth101912498/app-service-synth101912498",
            "scalable_dimension": "ecs:service:DesiredCount",
            "service_namespace": "ecs",
            "step_scaling_policy_configuration": [],
            "target_tracking_scaling_policy_configuration": [
              {
                "customized_metric_specification": [],
                "disable_scale_in": false,
                "predefined_metric_specification": [
                  {
                    "predefined_metric_type": "ECSServiceAverageCPUUtilization",
                    "resource_label": ""
                  }
                ],
                "scale_in_cooldown": 300,
                "scale_out_cooldown": 60,
                "target_value": 70
              }
            ]
          },
          "sensitive_attributes": [],
          "private": "bnVsbA==",
          "dependencies": [
            "aws_appautoscaling_target.ecs",
            "aws_cloudwatch_log_group.ecs",
            "aws_cloudwatch_log_group.redis",
            "aws_db_subnet_group.aurora",
            "aws_ecs_cluster.main",
            "aws_ecs_service.app",
            "aws_ecs_task_definition.app",
            "aws_elasticache_parameter_group.redis",
            "aws_elasticache_replication_group.redis",
            "aws_elasticache_subnet_group.redis",
            "aws_iam_role.ecs_execution",
            "aws_iam_role.ecs_task",
            "aws_iam_role_policy_attachment.ecs_execution",
            "aws_lb.main",
            "aws_lb_listener.http",
            "aws_lb_target_group.app",
            "aws_rds_cluster.aurora",
            "aws_security_group.alb",
            "aws_security_group.aurora",
            "aws_security_group.ecs_tasks",
            "aws_security_group.redis",
            "aws_subnet.private_app",
            "aws_subnet.private_db",
            "aws_subnet.public",
            "aws_vpc.main",
            "data.aws_availability_zones.available",
            "random_password.aurora"
          ]
        }
      ]
    },
    {
      "mode": "managed",
      "type": "aws_appautoscaling_policy",
      "name": "ecs_memory",
      "provider": "provider[\"registry.terraform.io/hashicorp/aws\"]",
      "instances": [
        {
          "schema_version": 0,
          "attributes": {
            "alarm_arns": [
              "arn:aws:cloudwatch:us-east-1:342597974367:alarm:TargetTracking-service/ecs-cluster-synth101912498/app-service-synth101912498-AlarmHigh-45af4563-6a46-42af-8107-28c1d8a109e3",
              "arn:aws:cloudwatch:us-east-1:342597974367:alarm:TargetTracking-service/ecs-cluster-synth101912498/app-service-synth101912498-AlarmLow-bad681c0-1e81-405b-bce6-01ff54a8ead7"
            ],
            "arn": "arn:aws:autoscaling:us-east-1:342597974367:scalingPolicy:db229c0e-7e21-4d38-b496-9027cd91118a:resource/ecs/service/ecs-cluster-synth101912498/app-service-synth101912498:policyName/ecs-memory-scaling-synth101912498",
            "id": "ecs-memory-scaling-synth101912498",
            "name": "ecs-memory-scaling-synth101912498",
            "policy_type": "TargetTrackingScaling",
            "resource_id": "service/ecs-cluster-synth101912498/app-service-synth101912498",
            "scalable_dimension": "ecs:service:DesiredCount",
            "service_namespace": "ecs",
            "step_scaling_policy_configuration": [],
            "target_tracking_scaling_policy_configuration": [
              {
                "customized_metric_specification": [],
                "disable_scale_in": false,
                "predefined_metric_specification": [
                  {
                    "predefined_metric_type": "ECSServiceAverageMemoryUtilization",
                    "resource_label": ""
                  }
                ],
                "scale_in_cooldown": 300,
                "scale_out_cooldown": 60,
                "target_value": 70
              }
            ]
          },
          "sensitive_attributes": [],
          "private": "bnVsbA==",
          "dependencies": [
            "aws_appautoscaling_target.ecs",
            "aws_cloudwatch_log_group.ecs",
            "aws_cloudwatch_log_group.redis",
            "aws_db_subnet_group.aurora",
            "aws_ecs_cluster.main",
            "aws_ecs_service.app",
            "aws_ecs_task_definition.app",
            "aws_elasticache_parameter_group.redis",
            "aws_elasticache_replication_group.redis",
            "aws_elasticache_subnet_group.redis",
            "aws_iam_role.ecs_execution",
            "aws_iam_role.ecs_task",
            "aws_iam_role_policy_attachment.ecs_execution",
            "aws_lb.main",
            "aws_lb_listener.http",
            "aws_lb_target_group.app",
            "aws_rds_cluster.aurora",
            "aws_security_group.alb",
            "aws_security_group.aurora",
            "aws_security_group.ecs_tasks",
            "aws_security_group.redis",
            "aws_subnet.private_app",
            "aws_subnet.private_db",
            "aws_subnet.public",
            "aws_vpc.main",
            "data.aws_availability_zones.available",
            "random_password.aurora"
          ]
        }
      ]
    },
    {
      "mode": "managed",
      "type": "aws_appautoscaling_target",
      "name": "ecs",
      "provider": "provider[\"registry.terraform.io/hashicorp/aws\"]",
      "instances": [
        {
          "schema_version": 0,
          "attributes": {
            "arn": "arn:aws:application-autoscaling:us-east-1:342597974367:scalable-target/0ec5db229c0e7e214d38b4969027cd91118a",
            "id": "service/ecs-cluster-synth101912498/app-service-synth101912498",
            "max_capacity": 18,
            "min_capacity": 6,
            "resource_id": "service/ecs-cluster-synth101912498/app-service-synth101912498",
            "role_arn": "arn:aws:iam::342597974367:role/aws-service-role/ecs.application-autoscaling.amazonaws.com/AWSServiceRoleForApplicationAutoScaling_ECSService",
            "scalable_dimension": "ecs:service:DesiredCount",
            "service_namespace": "ecs",
            "suspended_state": [
              {
                "dynamic_scaling_in_suspended": false,
                "dynamic_scaling_out_suspended": false,
                "scheduled_scaling_suspended": false
              }
            ],
            "tags": {},
            "tags_all": {
              "DisasterRecovery": "enabled",
              "Environment": "production",
              "ManagedBy": "Terraform",
              "Project": "TransactionProcessing",
              "TaskId": "101912498"
            }
          },
          "sensitive_attributes": [],
          "private": "bnVsbA==",
          "dependencies": [
            "aws_cloudwatch_log_group.ecs",
            "aws_cloudwatch_log_group.redis",
            "aws_db_subnet_group.aurora",
            "aws_ecs_cluster.main",
            "aws_ecs_service.app",
            "aws_ecs_task_definition.app",
            "aws_elasticache_parameter_group.redis",
            "aws_elasticache_replication_group.redis",
            "aws_elasticache_subnet_group.redis",
            "aws_iam_role.ecs_execution",
            "aws_iam_role.ecs_task",
            "aws_iam_role_policy_attachment.ecs_execution",
            "aws_lb.main",
            "aws_lb_listener.http",
            "aws_lb_target_group.app",
            "aws_rds_cluster.aurora",
            "aws_security_group.alb",
            "aws_security_group.aurora",
            "aws_security_group.ecs_tasks",
            "aws_security_group.redis",
            "aws_subnet.private_app",
            "aws_subnet.private_db",
            "aws_subnet.public",
            "aws_vpc.main",
            "data.aws_availability_zones.available",
            "random_password.aurora"
          ]
        }
      ]
    },
    {
      "mode": "managed",
      "type": "aws_cloudwatch_log_group",
      "name": "ecs",
      "provider": "provider[\"registry.terraform.io/hashicorp/aws\"]",
      "instances": [
        {
          "schema_version": 0,
          "attributes": {
            "arn": "arn:aws:logs:us-east-1:342597974367:log-group:/ecs/app-synth101912498",
            "id": "/ecs/app-synth101912498",
            "kms_key_id": "",
            "log_group_class": "STANDARD",
            "name": "/ecs/app-synth101912498",
            "name_prefix": "",
            "retention_in_days": 7,
            "skip_destroy": false,
            "tags": {
              "DisasterRecovery": "enabled",
              "Environment": "production",
              "EnvironmentSuffix": "synth101912498",
              "ManagedBy": "Terraform",
              "Name": "ecs-logs-synth101912498",
              "Project": "TransactionProcessing",
              "TaskId": "101912498"
            },
            "tags_all": {
              "DisasterRecovery": "enabled",
              "Environment": "production",
              "EnvironmentSuffix": "synth101912498",
              "ManagedBy": "Terraform",
              "Name": "ecs-logs-synth101912498",
              "Project": "TransactionProcessing",
              "TaskId": "101912498"
            }
          },
          "sensitive_attributes": [],
          "private": "bnVsbA=="
        }
      ]
    },
    {
      "mode": "managed",
      "type": "aws_cloudwatch_log_group",
      "name": "redis",
      "provider": "provider[\"registry.terraform.io/hashicorp/aws\"]",
      "instances": [
        {
          "schema_version": 0,
          "attributes": {
            "arn": "arn:aws:logs:us-east-1:342597974367:log-group:/aws/elasticache/redis-synth101912498",
            "id": "/aws/elasticache/redis-synth101912498",
            "kms_key_id": "",
            "log_group_class": "STANDARD",
            "name": "/aws/elasticache/redis-synth101912498",
            "name_prefix": "",
            "retention_in_days": 7,
            "skip_destroy": false,
            "tags": {
              "DisasterRecovery": "enabled",
              "Environment": "production",
              "EnvironmentSuffix": "synth101912498",
              "ManagedBy": "Terraform",
              "Name": "redis-logs-synth101912498",
              "Project": "TransactionProcessing",
              "TaskId": "101912498"
            },
            "tags_all": {
              "DisasterRecovery": "enabled",
              "Environment": "production",
              "EnvironmentSuffix": "synth101912498",
              "ManagedBy": "Terraform",
              "Name": "redis-logs-synth101912498",
              "Project": "TransactionProcessing",
              "TaskId": "101912498"
            }
          },
          "sensitive_attributes": [],
          "private": "bnVsbA=="
        }
      ]
    },
    {
      "mode": "managed",
      "type": "aws_cloudwatch_metric_alarm",
      "name": "alb_unhealthy_targets",
      "provider": "provider[\"registry.terraform.io/hashicorp/aws\"]",
      "instances": [
        {
          "schema_version": 1,
          "attributes": {
            "actions_enabled": true,
            "alarm_actions": [
              "arn:aws:sns:us-east-1:342597974367:alarms-synth101912498"
            ],
            "alarm_description": "Alert when ALB has unhealthy targets",
            "alarm_name": "alb-unhealthy-targets-synth101912498",
            "arn": "arn:aws:cloudwatch:us-east-1:342597974367:alarm:alb-unhealthy-targets-synth101912498",
            "comparison_operator": "GreaterThanThreshold",
            "datapoints_to_alarm": 0,
            "dimensions": {
              "LoadBalancer": "app/alb-synth101912498/1b9ba05d9e0f48bd",
              "TargetGroup": "targetgroup/tg-synth101912498/9db9f4edf9e303a0"
            },
            "evaluate_low_sample_count_percentiles": "",
            "evaluation_periods": 2,
            "extended_statistic": "",
            "id": "alb-unhealthy-targets-synth101912498",
            "insufficient_data_actions": [],
            "metric_name": "UnHealthyHostCount",
            "metric_query": [],
            "namespace": "AWS/ApplicationELB",
            "ok_actions": [],
            "period": 60,
            "statistic": "Average",
            "tags": {
              "DisasterRecovery": "enabled",
              "Environment": "production",
              "EnvironmentSuffix": "synth101912498",
              "ManagedBy": "Terraform",
              "Name": "alb-unhealthy-targets-synth101912498",
              "Project": "TransactionProcessing",
              "TaskId": "101912498"
            },
            "tags_all": {
              "DisasterRecovery": "enabled",
              "Environment": "production",
              "EnvironmentSuffix": "synth101912498",
              "ManagedBy": "Terraform",
              "Name": "alb-unhealthy-targets-synth101912498",
              "Project": "TransactionProcessing",
              "TaskId": "101912498"
            },
            "threshold": 0,
            "threshold_metric_id": "",
            "treat_missing_data": "missing",
            "unit": ""
          },
          "sensitive_attributes": [],
          "private": "eyJzY2hlbWFfdmVyc2lvbiI6IjEifQ==",
          "dependencies": [
            "aws_lb.main",
            "aws_lb_target_group.app",
            "aws_security_group.alb",
            "aws_sns_topic.alarms",
            "aws_subnet.public",
            "aws_vpc.main",
            "data.aws_availability_zones.available"
          ]
        }
      ]
    },
    {
      "mode": "managed",
      "type": "aws_cloudwatch_metric_alarm",
      "name": "aurora_cpu_high",
      "provider": "provider[\"registry.terraform.io/hashicorp/aws\"]",
      "instances": [
        {
          "schema_version": 1,
          "attributes": {
            "actions_enabled": true,
            "alarm_actions": [
              "arn:aws:sns:us-east-1:342597974367:alarms-synth101912498"
            ],
            "alarm_description": "Alert when Aurora CPU is high",
            "alarm_name": "aurora-cpu-high-synth101912498",
            "arn": "arn:aws:cloudwatch:us-east-1:342597974367:alarm:aurora-cpu-high-synth101912498",
            "comparison_operator": "GreaterThanThreshold",
            "datapoints_to_alarm": 0,
            "dimensions": {
              "DBClusterIdentifier": "aurora-cluster-synth101912498"
            },
            "evaluate_low_sample_count_percentiles": "",
            "evaluation_periods": 2,
            "extended_statistic": "",
            "id": "aurora-cpu-high-synth101912498",
            "insufficient_data_actions": [],
            "metric_name": "CPUUtilization",
            "metric_query": [],
            "namespace": "AWS/RDS",
            "ok_actions": [],
            "period": 300,
            "statistic": "Average",
            "tags": {
              "DisasterRecovery": "enabled",
              "Environment": "production",
              "EnvironmentSuffix": "synth101912498",
              "ManagedBy": "Terraform",
              "Name": "aurora-cpu-high-synth101912498",
              "Project": "TransactionProcessing",
              "TaskId": "101912498"
            },
            "tags_all": {
              "DisasterRecovery": "enabled",
              "Environment": "production",
              "EnvironmentSuffix": "synth101912498",
              "ManagedBy": "Terraform",
              "Name": "aurora-cpu-high-synth101912498",
              "Project": "TransactionProcessing",
              "TaskId": "101912498"
            },
            "threshold": 80,
            "threshold_metric_id": "",
            "treat_missing_data": "missing",
            "unit": ""
          },
          "sensitive_attributes": [],
          "private": "eyJzY2hlbWFfdmVyc2lvbiI6IjEifQ==",
          "dependencies": [
            "aws_db_subnet_group.aurora",
            "aws_rds_cluster.aurora",
            "aws_security_group.alb",
            "aws_security_group.aurora",
            "aws_security_group.ecs_tasks",
            "aws_sns_topic.alarms",
            "aws_subnet.private_db",
            "aws_vpc.main",
            "data.aws_availability_zones.available",
            "random_password.aurora"
          ]
        }
      ]
    },
    {
      "mode": "managed",
      "type": "aws_cloudwatch_metric_alarm",
      "name": "aurora_replication_lag",
      "provider": "provider[\"registry.terraform.io/hashicorp/aws\"]",
      "instances": [
        {
          "schema_version": 1,
          "attributes": {
            "actions_enabled": true,
            "alarm_actions": [
              "arn:aws:sns:us-east-1:342597974367:alarms-synth101912498"
            ],
            "alarm_description": "Alert when Aurora replication lag exceeds 1 second",
            "alarm_name": "aurora-replication-lag-synth101912498",
            "arn": "arn:aws:cloudwatch:us-east-1:342597974367:alarm:aurora-replication-lag-synth101912498",
            "comparison_operator": "GreaterThanThreshold",
            "datapoints_to_alarm": 0,
            "dimensions": {
              "DBClusterIdentifier": "aurora-cluster-synth101912498"
            },
            "evaluate_low_sample_count_percentiles": "",
            "evaluation_periods": 2,
            "extended_statistic": "",
            "id": "aurora-replication-lag-synth101912498",
            "insufficient_data_actions": [],
            "metric_name": "AuroraReplicaLag",
            "metric_query": [],
            "namespace": "AWS/RDS",
            "ok_actions": [],
            "period": 60,
            "statistic": "Average",
            "tags": {
              "DisasterRecovery": "enabled",
              "Environment": "production",
              "EnvironmentSuffix": "synth101912498",
              "ManagedBy": "Terraform",
              "Name": "aurora-replication-lag-synth101912498",
              "Project": "TransactionProcessing",
              "TaskId": "101912498"
            },
            "tags_all": {
              "DisasterRecovery": "enabled",
              "Environment": "production",
              "EnvironmentSuffix": "synth101912498",
              "ManagedBy": "Terraform",
              "Name": "aurora-replication-lag-synth101912498",
              "Project": "TransactionProcessing",
              "TaskId": "101912498"
            },
            "threshold": 1000,
            "threshold_metric_id": "",
            "treat_missing_data": "missing",
            "unit": ""
          },
          "sensitive_attributes": [],
          "private": "eyJzY2hlbWFfdmVyc2lvbiI6IjEifQ==",
          "dependencies": [
            "aws_db_subnet_group.aurora",
            "aws_rds_cluster.aurora",
            "aws_security_group.alb",
            "aws_security_group.aurora",
            "aws_security_group.ecs_tasks",
            "aws_sns_topic.alarms",
            "aws_subnet.private_db",
            "aws_vpc.main",
            "data.aws_availability_zones.available",
            "random_password.aurora"
          ]
        }
      ]
    },
    {
      "mode": "managed",
      "type": "aws_cloudwatch_metric_alarm",
      "name": "ecs_cpu_high",
      "provider": "provider[\"registry.terraform.io/hashicorp/aws\"]",
      "instances": [
        {
          "schema_version": 1,
          "attributes": {
            "actions_enabled": true,
            "alarm_actions": [
              "arn:aws:sns:us-east-1:342597974367:alarms-synth101912498"
            ],
            "alarm_description": "Alert when ECS service CPU is high",
            "alarm_name": "ecs-cpu-high-synth101912498",
            "arn": "arn:aws:cloudwatch:us-east-1:342597974367:alarm:ecs-cpu-high-synth101912498",
            "comparison_operator": "GreaterThanThreshold",
            "datapoints_to_alarm": 0,
            "dimensions": {
              "ClusterName": "ecs-cluster-synth101912498",
              "ServiceName": "app-service-synth101912498"
            },
            "evaluate_low_sample_count_percentiles": "",
            "evaluation_periods": 2,
            "extended_statistic": "",
            "id": "ecs-cpu-high-synth101912498",
            "insufficient_data_actions": [],
            "metric_name": "CPUUtilization",
            "metric_query": [],
            "namespace": "AWS/ECS",
            "ok_actions": [],
            "period": 300,
            "statistic": "Average",
            "tags": {
              "DisasterRecovery": "enabled",
              "Environment": "production",
              "EnvironmentSuffix": "synth101912498",
              "ManagedBy": "Terraform",
              "Name": "ecs-cpu-high-synth101912498",
              "Project": "TransactionProcessing",
              "TaskId": "101912498"
            },
            "tags_all": {
              "DisasterRecovery": "enabled",
              "Environment": "production",
              "EnvironmentSuffix": "synth101912498",
              "ManagedBy": "Terraform",
              "Name": "ecs-cpu-high-synth101912498",
              "Project": "TransactionProcessing",
              "TaskId": "101912498"
            },
            "threshold": 80,
            "threshold_metric_id": "",
            "treat_missing_data": "missing",
            "unit": ""
          },
          "sensitive_attributes": [],
          "private": "eyJzY2hlbWFfdmVyc2lvbiI6IjEifQ==",
          "dependencies": [
            "aws_cloudwatch_log_group.ecs",
            "aws_cloudwatch_log_group.redis",
            "aws_db_subnet_group.aurora",
            "aws_ecs_cluster.main",
            "aws_ecs_service.app",
            "aws_ecs_task_definition.app",
            "aws_elasticache_parameter_group.redis",
            "aws_elasticache_replication_group.redis",
            "aws_elasticache_subnet_group.redis",
            "aws_iam_role.ecs_execution",
            "aws_iam_role.ecs_task",
            "aws_iam_role_policy_attachment.ecs_execution",
            "aws_lb.main",
            "aws_lb_listener.http",
            "aws_lb_target_group.app",
            "aws_rds_cluster.aurora",
            "aws_security_group.alb",
            "aws_security_group.aurora",
            "aws_security_group.ecs_tasks",
            "aws_security_group.redis",
            "aws_sns_topic.alarms",
            "aws_subnet.private_app",
            "aws_subnet.private_db",
            "aws_subnet.public",
            "aws_vpc.main",
            "data.aws_availability_zones.available",
            "random_password.aurora"
          ]
        }
      ]
    },
    {
      "mode": "managed",
      "type": "aws_cloudwatch_metric_alarm",
      "name": "redis_cpu_high",
      "provider": "provider[\"registry.terraform.io/hashicorp/aws\"]",
      "instances": [
        {
          "schema_version": 1,
          "attributes": {
            "actions_enabled": true,
            "alarm_actions": [
              "arn:aws:sns:us-east-1:342597974367:alarms-synth101912498"
            ],
            "alarm_description": "Alert when Redis CPU is high",
            "alarm_name": "redis-cpu-high-synth101912498",
            "arn": "arn:aws:cloudwatch:us-east-1:342597974367:alarm:redis-cpu-high-synth101912498",
            "comparison_operator": "GreaterThanThreshold",
            "datapoints_to_alarm": 0,
            "dimensions": {
              "ReplicationGroupId": "redis-cluster-synth101912498"
            },
            "evaluate_low_sample_count_percentiles": "",
            "evaluation_periods": 2,
            "extended_statistic": "",
            "id": "redis-cpu-high-synth101912498",
            "insufficient_data_actions": [],
            "metric_name": "EngineCPUUtilization",
            "metric_query": [],
            "namespace": "AWS/ElastiCache",
            "ok_actions": [],
            "period": 300,
            "statistic": "Average",
            "tags": {
              "DisasterRecovery": "enabled",
              "Environment": "production",
              "EnvironmentSuffix": "synth101912498",
              "ManagedBy": "Terraform",
              "Name": "redis-cpu-high-synth101912498",
              "Project": "TransactionProcessing",
              "TaskId": "101912498"
            },
            "tags_all": {
              "DisasterRecovery": "enabled",
              "Environment": "production",
              "EnvironmentSuffix": "synth101912498",
              "ManagedBy": "Terraform",
              "Name": "redis-cpu-high-synth101912498",
              "Project": "TransactionProcessing",
              "TaskId": "101912498"
            },
            "threshold": 75,
            "threshold_metric_id": "",
            "treat_missing_data": "missing",
            "unit": ""
          },
          "sensitive_attributes": [],
          "private": "eyJzY2hlbWFfdmVyc2lvbiI6IjEifQ==",
          "dependencies": [
            "aws_cloudwatch_log_group.redis",
            "aws_elasticache_parameter_group.redis",
            "aws_elasticache_replication_group.redis",
            "aws_elasticache_subnet_group.redis",
            "aws_security_group.alb",
            "aws_security_group.ecs_tasks",
            "aws_security_group.redis",
            "aws_sns_topic.alarms",
            "aws_subnet.private_app",
            "aws_vpc.main",
            "data.aws_availability_zones.available"
          ]
        }
      ]
    },
    {
      "mode": "managed",
      "type": "aws_db_subnet_group",
      "name": "aurora",
      "provider": "provider[\"registry.terraform.io/hashicorp/aws\"]",
      "instances": [
        {
          "schema_version": 0,
          "attributes": {
            "arn": "arn:aws:rds:us-east-1:342597974367:subgrp:aurora-subnet-group-synth101912498",
            "description": "Managed by Terraform",
            "id": "aurora-subnet-group-synth101912498",
            "name": "aurora-subnet-group-synth101912498",
            "name_prefix": "",
            "subnet_ids": [
              "subnet-0217455958a1efbfb",
              "subnet-0a3b87763048e8a99",
              "subnet-0bb0183838ebc0aba"
            ],
            "supported_network_types": [
              "IPV4"
            ],
            "tags": {
              "DisasterRecovery": "enabled",
              "Environment": "production",
              "EnvironmentSuffix": "synth101912498",
              "ManagedBy": "Terraform",
              "Name": "aurora-subnet-group-synth101912498",
              "Project": "TransactionProcessing",
              "TaskId": "101912498"
            },
            "tags_all": {
              "DisasterRecovery": "enabled",
              "Environment": "production",
              "EnvironmentSuffix": "synth101912498",
              "ManagedBy": "Terraform",
              "Name": "aurora-subnet-group-synth101912498",
              "Project": "TransactionProcessing",
              "TaskId": "101912498"
            },
            "vpc_id": "vpc-0297eccde9911b051"
          },
          "sensitive_attributes": [],
          "private": "bnVsbA==",
          "dependencies": [
            "aws_subnet.private_db",
            "aws_vpc.main",
            "data.aws_availability_zones.available"
          ]
        }
      ]
    },
    {
      "mode": "managed",
      "type": "aws_ecs_cluster",
      "name": "main",
      "provider": "provider[\"registry.terraform.io/hashicorp/aws\"]",
      "instances": [
        {
          "schema_version": 0,
          "attributes": {
            "arn": "arn:aws:ecs:us-east-1:342597974367:cluster/ecs-cluster-synth101912498",
            "configuration": [],
            "id": "arn:aws:ecs:us-east-1:342597974367:cluster/ecs-cluster-synth101912498",
            "name": "ecs-cluster-synth101912498",
            "service_connect_defaults": [],
            "setting": [
              {
                "name": "containerInsights",
                "value": "enabled"
              }
            ],
            "tags": {
              "DisasterRecovery": "enabled",
              "Environment": "production",
              "EnvironmentSuffix": "synth101912498",
              "ManagedBy": "Terraform",
              "Name": "ecs-cluster-synth101912498",
              "Project": "TransactionProcessing",
              "TaskId": "101912498"
            },
            "tags_all": {
              "DisasterRecovery": "enabled",
              "Environment": "production",
              "EnvironmentSuffix": "synth101912498",
              "ManagedBy": "Terraform",
              "Name": "ecs-cluster-synth101912498",
              "Project": "TransactionProcessing",
              "TaskId": "101912498"
            }
          },
          "sensitive_attributes": [],
          "private": "bnVsbA=="
        }
      ]
    },
    {
      "mode": "managed",
      "type": "aws_ecs_service",
      "name": "app",
      "provider": "provider[\"registry.terraform.io/hashicorp/aws\"]",
      "instances": [
        {
          "schema_version": 1,
          "attributes": {
            "alarms": [],
            "availability_zone_rebalancing": "DISABLED",
            "capacity_provider_strategy": [],
            "cluster": "arn:aws:ecs:us-east-1:342597974367:cluster/ecs-cluster-synth101912498",
            "deployment_circuit_breaker": [
              {
                "enable": false,
                "rollback": false
              }
            ],
            "deployment_controller": [
              {
                "type": "ECS"
              }
            ],
            "deployment_maximum_percent": 200,
            "deployment_minimum_healthy_percent": 100,
            "desired_count": 6,
            "enable_ecs_managed_tags": false,
            "enable_execute_command": false,
            "force_delete": null,
            "force_new_deployment": null,
            "health_check_grace_period_seconds": 60,
            "iam_role": "/aws-service-role/ecs.amazonaws.com/AWSServiceRoleForECS",
            "id": "arn:aws:ecs:us-east-1:342597974367:service/ecs-cluster-synth101912498/app-service-synth101912498",
            "launch_type": "FARGATE",
            "load_balancer": [
              {
                "container_name": "app",
                "container_port": 80,
                "elb_name": "",
                "target_group_arn": "arn:aws:elasticloadbalancing:us-east-1:342597974367:targetgroup/tg-synth101912498/9db9f4edf9e303a0"
              }
            ],
            "name": "app-service-synth101912498",
            "network_configuration": [
              {
                "assign_public_ip": false,
                "security_groups": [
                  "sg-01fa88423b81e114b"
                ],
                "subnets": [
                  "subnet-045c4dbcf1a2d6843",
                  "subnet-07c48a3e77dc51af3",
                  "subnet-0f27b127c4b6b4bc6"
                ]
              }
            ],
            "ordered_placement_strategy": [],
            "placement_constraints": [],
            "platform_version": "LATEST",
            "propagate_tags": "NONE",
            "scheduling_strategy": "REPLICA",
            "service_connect_configuration": [],
            "service_registries": [],
            "tags": {
              "DisasterRecovery": "enabled",
              "Environment": "production",
              "EnvironmentSuffix": "synth101912498",
              "ManagedBy": "Terraform",
              "Name": "app-service-synth101912498",
              "Project": "TransactionProcessing",
              "TaskId": "101912498"
            },
            "tags_all": {
              "DisasterRecovery": "enabled",
              "Environment": "production",
              "EnvironmentSuffix": "synth101912498",
              "ManagedBy": "Terraform",
              "Name": "app-service-synth101912498",
              "Project": "TransactionProcessing",
              "TaskId": "101912498"
            },
            "task_definition": "arn:aws:ecs:us-east-1:342597974367:task-definition/app-synth101912498:1",
            "timeouts": null,
            "triggers": {},
            "volume_configuration": [],
            "vpc_lattice_configurations": [],
            "wait_for_steady_state": false
          },
          "sensitive_attributes": [],
          "private": "eyJlMmJmYjczMC1lY2FhLTExZTYtOGY4OC0zNDM2M2JjN2M0YzAiOnsiY3JlYXRlIjoxMjAwMDAwMDAwMDAwLCJkZWxldGUiOjEyMDAwMDAwMDAwMDAsInVwZGF0ZSI6MTIwMDAwMDAwMDAwMH0sInNjaGVtYV92ZXJzaW9uIjoiMSJ9",
          "dependencies": [
            "aws_cloudwatch_log_group.ecs",
            "aws_cloudwatch_log_group.redis",
            "aws_db_subnet_group.aurora",
            "aws_ecs_cluster.main",
            "aws_ecs_task_definition.app",
            "aws_elasticache_parameter_group.redis",
            "aws_elasticache_replication_group.redis",
            "aws_elasticache_subnet_group.redis",
            "aws_iam_role.ecs_execution",
            "aws_iam_role.ecs_task",
            "aws_iam_role_policy_attachment.ecs_execution",
            "aws_lb.main",
            "aws_lb_listener.http",
            "aws_lb_target_group.app",
            "aws_rds_cluster.aurora",
            "aws_security_group.alb",
            "aws_security_group.aurora",
            "aws_security_group.ecs_tasks",
            "aws_security_group.redis",
            "aws_subnet.private_app",
            "aws_subnet.private_db",
            "aws_subnet.public",
            "aws_vpc.main",
            "data.aws_availability_zones.available",
            "random_password.aurora"
          ]
        }
      ]
    },
    {
      "mode": "managed",
      "type": "aws_ecs_task_definition",
      "name": "app",
      "provider": "provider[\"registry.terraform.io/hashicorp/aws\"]",
      "instances": [
        {
          "schema_version": 1,
          "attributes": {
            "arn": "arn:aws:ecs:us-east-1:342597974367:task-definition/app-synth101912498:1",
            "arn_without_revision": "arn:aws:ecs:us-east-1:342597974367:task-definition/app-synth101912498",
            "container_definitions": "[{\"environment\":[{\"name\":\"DB_HOST\",\"value\":\"aurora-cluster-synth101912498.cluster-covy6ema0nuv.us-east-1.rds.amazonaws.com\"},{\"name\":\"DB_NAME\",\"value\":\"transactions\"},{\"name\":\"DB_PORT\",\"value\":\"5432\"},{\"name\":\"REDIS_HOST\",\"value\":\"clustercfg.redis-cluster-synth101912498.rjrima.use1.cache.amazonaws.com\"},{\"name\":\"REDIS_PORT\",\"value\":\"6379\"}],\"essential\":true,\"healthCheck\":{\"command\":[\"CMD-SHELL\",\"curl -f http://localhost:80/ || exit 1\"],\"interval\":30,\"retries\":3,\"startPeriod\":60,\"timeout\":5},\"image\":\"public.ecr.aws/docker/library/nginx:latest\",\"logConfiguration\":{\"logDriver\":\"awslogs\",\"options\":{\"awslogs-group\":\"/ecs/app-synth101912498\",\"awslogs-region\":\"us-east-1\",\"awslogs-stream-prefix\":\"ecs\"}},\"mountPoints\":[],\"name\":\"app\",\"portMappings\":[{\"containerPort\":80,\"hostPort\":80,\"protocol\":\"tcp\"}],\"systemControls\":[],\"volumesFrom\":[]}]",
            "cpu": "512",
            "enable_fault_injection": false,
            "ephemeral_storage": [],
            "execution_role_arn": "arn:aws:iam::342597974367:role/ecs-execution-role-synth101912498",
            "family": "app-synth101912498",
            "id": "app-synth101912498",
            "inference_accelerator": [],
            "ipc_mode": "",
            "memory": "1024",
            "network_mode": "awsvpc",
            "pid_mode": "",
            "placement_constraints": [],
            "proxy_configuration": [],
            "requires_compatibilities": [
              "FARGATE"
            ],
            "revision": 1,
            "runtime_platform": [],
            "skip_destroy": false,
            "tags": {
              "DisasterRecovery": "enabled",
              "Environment": "production",
              "EnvironmentSuffix": "synth101912498",
              "ManagedBy": "Terraform",
              "Name": "app-task-synth101912498",
              "Project": "TransactionProcessing",
              "TaskId": "101912498"
            },
            "tags_all": {
              "DisasterRecovery": "enabled",
              "Environment": "production",
              "EnvironmentSuffix": "synth101912498",
              "ManagedBy": "Terraform",
              "Name": "app-task-synth101912498",
              "Project": "TransactionProcessing",
              "TaskId": "101912498"
            },
            "task_role_arn": "arn:aws:iam::342597974367:role/ecs-task-role-synth101912498",
            "track_latest": false,
            "volume": []
          },
          "sensitive_attributes": [],
          "private": "eyJzY2hlbWFfdmVyc2lvbiI6IjEifQ==",
          "dependencies": [
            "aws_cloudwatch_log_group.ecs",
            "aws_cloudwatch_log_group.redis",
            "aws_db_subnet_group.aurora",
            "aws_elasticache_parameter_group.redis",
            "aws_elasticache_replication_group.redis",
            "aws_elasticache_subnet_group.redis",
            "aws_iam_role.ecs_execution",
            "aws_iam_role.ecs_task",
            "aws_rds_cluster.aurora",
            "aws_security_group.alb",
            "aws_security_group.aurora",
            "aws_security_group.ecs_tasks",
            "aws_security_group.redis",
            "aws_subnet.private_app",
            "aws_subnet.private_db",
            "aws_vpc.main",
            "data.aws_availability_zones.available",
            "random_password.aurora"
          ]
        }
      ]
    },
    {
      "mode": "managed",
      "type": "aws_eip",
      "name": "nat",
      "provider": "provider[\"registry.terraform.io/hashicorp/aws\"]",
      "instances": [
        {
          "index_key": 0,
          "schema_version": 0,
          "attributes": {
            "address": null,
            "allocation_id": "eipalloc-080769674220a1d83",
            "arn": "arn:aws:ec2:us-east-1:342597974367:elastic-ip/eipalloc-080769674220a1d83",
            "associate_with_private_ip": null,
            "association_id": "eipassoc-0e598fb3b46731553",
            "carrier_ip": "",
            "customer_owned_ip": "",
            "customer_owned_ipv4_pool": "",
            "domain": "vpc",
            "id": "eipalloc-080769674220a1d83",
            "instance": "",
            "ipam_pool_id": null,
            "network_border_group": "us-east-1",
            "network_interface": "eni-0f87387f0a2960108",
            "private_dns": "ip-10-0-0-127.ec2.internal",
            "private_ip": "10.0.0.127",
            "ptr_record": "",
            "public_dns": "ec2-35-175-63-206.compute-1.amazonaws.com",
            "public_ip": "35.175.63.206",
            "public_ipv4_pool": "amazon",
            "tags": {
              "DisasterRecovery": "enabled",
              "Environment": "production",
              "EnvironmentSuffix": "synth101912498",
              "ManagedBy": "Terraform",
              "Name": "nat-eip-synth101912498-1",
              "Project": "TransactionProcessing",
              "TaskId": "101912498"
            },
            "tags_all": {
              "DisasterRecovery": "enabled",
              "Environment": "production",
              "EnvironmentSuffix": "synth101912498",
              "ManagedBy": "Terraform",
              "Name": "nat-eip-synth101912498-1",
              "Project": "TransactionProcessing",
              "TaskId": "101912498"
            },
            "timeouts": null,
            "vpc": true
          },
          "sensitive_attributes": [],
          "private": "eyJlMmJmYjczMC1lY2FhLTExZTYtOGY4OC0zNDM2M2JjN2M0YzAiOnsiZGVsZXRlIjoxODAwMDAwMDAwMDAsInJlYWQiOjkwMDAwMDAwMDAwMCwidXBkYXRlIjozMDAwMDAwMDAwMDB9fQ==",
          "dependencies": [
            "aws_internet_gateway.main",
            "aws_vpc.main"
          ]
        },
        {
          "index_key": 1,
          "schema_version": 0,
          "attributes": {
            "address": null,
            "allocation_id": "eipalloc-0f79f91fb47ea36e4",
            "arn": "arn:aws:ec2:us-east-1:342597974367:elastic-ip/eipalloc-0f79f91fb47ea36e4",
            "associate_with_private_ip": null,
            "association_id": "eipassoc-0b76c337e5b7f1cfb",
            "carrier_ip": "",
            "customer_owned_ip": "",
            "customer_owned_ipv4_pool": "",
            "domain": "vpc",
            "id": "eipalloc-0f79f91fb47ea36e4",
            "instance": "",
            "ipam_pool_id": null,
            "network_border_group": "us-east-1",
            "network_interface": "eni-0f567e6f8df729dcc",
            "private_dns": "ip-10-0-1-221.ec2.internal",
            "private_ip": "10.0.1.221",
            "ptr_record": "",
            "public_dns": "ec2-54-147-81-56.compute-1.amazonaws.com",
            "public_ip": "54.147.81.56",
            "public_ipv4_pool": "amazon",
            "tags": {
              "DisasterRecovery": "enabled",
              "Environment": "production",
              "EnvironmentSuffix": "synth101912498",
              "ManagedBy": "Terraform",
              "Name": "nat-eip-synth101912498-2",
              "Project": "TransactionProcessing",
              "TaskId": "101912498"
            },
            "tags_all": {
              "DisasterRecovery": "enabled",
              "Environment": "production",
              "EnvironmentSuffix": "synth101912498",
              "ManagedBy": "Terraform",
              "Name": "nat-eip-synth101912498-2",
              "Project": "TransactionProcessing",
              "TaskId": "101912498"
            },
            "timeouts": null,
            "vpc": true
          },
          "sensitive_attributes": [],
          "private": "eyJlMmJmYjczMC1lY2FhLTExZTYtOGY4OC0zNDM2M2JjN2M0YzAiOnsiZGVsZXRlIjoxODAwMDAwMDAwMDAsInJlYWQiOjkwMDAwMDAwMDAwMCwidXBkYXRlIjozMDAwMDAwMDAwMDB9fQ==",
          "dependencies": [
            "aws_internet_gateway.main",
            "aws_vpc.main"
          ]
        },
        {
          "index_key": 2,
          "schema_version": 0,
          "attributes": {
            "address": null,
            "allocation_id": "eipalloc-045452ba153f5950f",
            "arn": "arn:aws:ec2:us-east-1:342597974367:elastic-ip/eipalloc-045452ba153f5950f",
            "associate_with_private_ip": null,
            "association_id": "eipassoc-02448ce819f679740",
            "carrier_ip": "",
            "customer_owned_ip": "",
            "customer_owned_ipv4_pool": "",
            "domain": "vpc",
            "id": "eipalloc-045452ba153f5950f",
            "instance": "",
            "ipam_pool_id": null,
            "network_border_group": "us-east-1",
            "network_interface": "eni-055441f518b6d07d3",
            "private_dns": "ip-10-0-2-171.ec2.internal",
            "private_ip": "10.0.2.171",
            "ptr_record": "",
            "public_dns": "ec2-44-199-127-148.compute-1.amazonaws.com",
            "public_ip": "44.199.127.148",
            "public_ipv4_pool": "amazon",
            "tags": {
              "DisasterRecovery": "enabled",
              "Environment": "production",
              "EnvironmentSuffix": "synth101912498",
              "ManagedBy": "Terraform",
              "Name": "nat-eip-synth101912498-3",
              "Project": "TransactionProcessing",
              "TaskId": "101912498"
            },
            "tags_all": {
              "DisasterRecovery": "enabled",
              "Environment": "production",
              "EnvironmentSuffix": "synth101912498",
              "ManagedBy": "Terraform",
              "Name": "nat-eip-synth101912498-3",
              "Project": "TransactionProcessing",
              "TaskId": "101912498"
            },
            "timeouts": null,
            "vpc": true
          },
          "sensitive_attributes": [],
          "private": "eyJlMmJmYjczMC1lY2FhLTExZTYtOGY4OC0zNDM2M2JjN2M0YzAiOnsiZGVsZXRlIjoxODAwMDAwMDAwMDAsInJlYWQiOjkwMDAwMDAwMDAwMCwidXBkYXRlIjozMDAwMDAwMDAwMDB9fQ==",
          "dependencies": [
            "aws_internet_gateway.main",
            "aws_vpc.main"
          ]
        }
      ]
    },
    {
      "mode": "managed",
      "type": "aws_elasticache_parameter_group",
      "name": "redis",
      "provider": "provider[\"registry.terraform.io/hashicorp/aws\"]",
      "instances": [
        {
          "schema_version": 0,
          "attributes": {
            "arn": "arn:aws:elasticache:us-east-1:342597974367:parametergroup:redis-params-synth101912498",
            "description": "Managed by Terraform",
            "family": "redis7",
            "id": "redis-params-synth101912498",
            "name": "redis-params-synth101912498",
            "parameter": [
              {
                "name": "cluster-enabled",
                "value": "yes"
              }
            ],
            "tags": {
              "DisasterRecovery": "enabled",
              "Environment": "production",
              "EnvironmentSuffix": "synth101912498",
              "ManagedBy": "Terraform",
              "Name": "redis-params-synth101912498",
              "Project": "TransactionProcessing",
              "TaskId": "101912498"
            },
            "tags_all": {
              "DisasterRecovery": "enabled",
              "Environment": "production",
              "EnvironmentSuffix": "synth101912498",
              "ManagedBy": "Terraform",
              "Name": "redis-params-synth101912498",
              "Project": "TransactionProcessing",
              "TaskId": "101912498"
            }
          },
          "sensitive_attributes": [],
          "private": "bnVsbA=="
        }
      ]
    },
    {
      "mode": "managed",
      "type": "aws_elasticache_replication_group",
      "name": "redis",
      "provider": "provider[\"registry.terraform.io/hashicorp/aws\"]",
      "instances": [
        {
          "schema_version": 2,
          "attributes": {
            "apply_immediately": null,
            "arn": "arn:aws:elasticache:us-east-1:342597974367:replicationgroup:redis-cluster-synth101912498",
            "at_rest_encryption_enabled": "true",
            "auth_token": "",
            "auth_token_update_strategy": "ROTATE",
            "auto_minor_version_upgrade": "true",
            "automatic_failover_enabled": true,
            "cluster_enabled": true,
            "cluster_mode": "enabled",
            "configuration_endpoint_address": "clustercfg.redis-cluster-synth101912498.rjrima.use1.cache.amazonaws.com",
            "data_tiering_enabled": false,
            "description": "Redis cluster for session management",
            "engine": "redis",
            "engine_version": "7.0",
            "engine_version_actual": "7.0.7",
            "final_snapshot_identifier": null,
            "global_replication_group_id": null,
            "id": "redis-cluster-synth101912498",
            "ip_discovery": "ipv4",
            "kms_key_id": "",
            "log_delivery_configuration": [
              {
                "destination": "/aws/elasticache/redis-synth101912498",
                "destination_type": "cloudwatch-logs",
                "log_format": "json",
                "log_type": "slow-log"
              }
            ],
            "maintenance_window": "mon:05:00-mon:07:00",
            "member_clusters": [
              "redis-cluster-synth101912498-0001-001",
              "redis-cluster-synth101912498-0001-002",
              "redis-cluster-synth101912498-0002-001",
              "redis-cluster-synth101912498-0002-002",
              "redis-cluster-synth101912498-0003-001",
              "redis-cluster-synth101912498-0003-002"
            ],
            "multi_az_enabled": true,
            "network_type": "ipv4",
            "node_type": "cache.r6g.large",
            "notification_topic_arn": null,
            "num_cache_clusters": 6,
            "num_node_groups": 3,
            "parameter_group_name": "redis-params-synth101912498",
            "port": 6379,
            "preferred_cache_cluster_azs": null,
            "primary_endpoint_address": null,
            "reader_endpoint_address": null,
            "replicas_per_node_group": 1,
            "replication_group_id": "redis-cluster-synth101912498",
            "security_group_ids": [
              "sg-0eb759eed432e9482"
            ],
            "security_group_names": [],
            "snapshot_arns": null,
            "snapshot_name": null,
            "snapshot_retention_limit": 5,
            "snapshot_window": "03:00-05:00",
            "subnet_group_name": "redis-subnet-group-synth101912498",
            "tags": {
              "DisasterRecovery": "enabled",
              "Environment": "production",
              "EnvironmentSuffix": "synth101912498",
              "ManagedBy": "Terraform",
              "Name": "redis-cluster-synth101912498",
              "Project": "TransactionProcessing",
              "TaskId": "101912498"
            },
            "tags_all": {
              "DisasterRecovery": "enabled",
              "Environment": "production",
              "EnvironmentSuffix": "synth101912498",
              "ManagedBy": "Terraform",
              "Name": "redis-cluster-synth101912498",
              "Project": "TransactionProcessing",
              "TaskId": "101912498"
            },
            "timeouts": null,
            "transit_encryption_enabled": true,
            "transit_encryption_mode": "required",
            "user_group_ids": []
          },
          "sensitive_attributes": [
            [
              {
                "type": "get_attr",
                "value": "auth_token"
              }
            ]
          ],
          "private": "eyJlMmJmYjczMC1lY2FhLTExZTYtOGY4OC0zNDM2M2JjN2M0YzAiOnsiY3JlYXRlIjozNjAwMDAwMDAwMDAwLCJkZWxldGUiOjI3MDAwMDAwMDAwMDAsInVwZGF0ZSI6MjQwMDAwMDAwMDAwMH0sInNjaGVtYV92ZXJzaW9uIjoiMiJ9",
          "dependencies": [
            "aws_cloudwatch_log_group.redis",
            "aws_elasticache_parameter_group.redis",
            "aws_elasticache_subnet_group.redis",
            "aws_security_group.alb",
            "aws_security_group.ecs_tasks",
            "aws_security_group.redis",
            "aws_subnet.private_app",
            "aws_vpc.main",
            "data.aws_availability_zones.available"
          ]
        }
      ]
    },
    {
      "mode": "managed",
      "type": "aws_elasticache_subnet_group",
      "name": "redis",
      "provider": "provider[\"registry.terraform.io/hashicorp/aws\"]",
      "instances": [
        {
          "schema_version": 0,
          "attributes": {
            "arn": "arn:aws:elasticache:us-east-1:342597974367:subnetgroup:redis-subnet-group-synth101912498",
            "description": "Managed by Terraform",
            "id": "redis-subnet-group-synth101912498",
            "name": "redis-subnet-group-synth101912498",
            "subnet_ids": [
              "subnet-045c4dbcf1a2d6843",
              "subnet-07c48a3e77dc51af3",
              "subnet-0f27b127c4b6b4bc6"
            ],
            "tags": {
              "DisasterRecovery": "enabled",
              "Environment": "production",
              "EnvironmentSuffix": "synth101912498",
              "ManagedBy": "Terraform",
              "Name": "redis-subnet-group-synth101912498",
              "Project": "TransactionProcessing",
              "TaskId": "101912498"
            },
            "tags_all": {
              "DisasterRecovery": "enabled",
              "Environment": "production",
              "EnvironmentSuffix": "synth101912498",
              "ManagedBy": "Terraform",
              "Name": "redis-subnet-group-synth101912498",
              "Project": "TransactionProcessing",
              "TaskId": "101912498"
            },
            "vpc_id": "vpc-0297eccde9911b051"
          },
          "sensitive_attributes": [],
          "private": "bnVsbA==",
          "dependencies": [
            "aws_subnet.private_app",
            "aws_vpc.main",
            "data.aws_availability_zones.available"
          ]
        }
      ]
    },
    {
      "mode": "managed",
      "type": "aws_iam_role",
      "name": "ecs_execution",
      "provider": "provider[\"registry.terraform.io/hashicorp/aws\"]",
      "instances": [
        {
          "schema_version": 0,
          "attributes": {
            "arn": "arn:aws:iam::342597974367:role/ecs-execution-role-synth101912498",
            "assume_role_policy": "{\"Statement\":[{\"Action\":\"sts:AssumeRole\",\"Effect\":\"Allow\",\"Principal\":{\"Service\":\"ecs-tasks.amazonaws.com\"}}],\"Version\":\"2012-10-17\"}",
            "create_date": "2025-11-18T06:52:35Z",
            "description": "",
            "force_detach_policies": false,
            "id": "ecs-execution-role-synth101912498",
            "inline_policy": [],
            "managed_policy_arns": [
              "arn:aws:iam::aws:policy/service-role/AmazonECSTaskExecutionRolePolicy"
            ],
            "max_session_duration": 3600,
            "name": "ecs-execution-role-synth101912498",
            "name_prefix": "",
            "path": "/",
            "permissions_boundary": "",
            "tags": {
              "DisasterRecovery": "enabled",
              "Environment": "production",
              "EnvironmentSuffix": "synth101912498",
              "ManagedBy": "Terraform",
              "Name": "ecs-execution-role-synth101912498",
              "Project": "TransactionProcessing",
              "TaskId": "101912498"
            },
            "tags_all": {
              "DisasterRecovery": "enabled",
              "Environment": "production",
              "EnvironmentSuffix": "synth101912498",
              "ManagedBy": "Terraform",
              "Name": "ecs-execution-role-synth101912498",
              "Project": "TransactionProcessing",
              "TaskId": "101912498"
            },
            "unique_id": "AROAU7RDOHFPX4SQCCM4S"
          },
          "sensitive_attributes": [],
          "private": "bnVsbA=="
        }
      ]
    },
    {
      "mode": "managed",
      "type": "aws_iam_role",
      "name": "ecs_task",
      "provider": "provider[\"registry.terraform.io/hashicorp/aws\"]",
      "instances": [
        {
          "schema_version": 0,
          "attributes": {
            "arn": "arn:aws:iam::342597974367:role/ecs-task-role-synth101912498",
            "assume_role_policy": "{\"Statement\":[{\"Action\":\"sts:AssumeRole\",\"Effect\":\"Allow\",\"Principal\":{\"Service\":\"ecs-tasks.amazonaws.com\"}}],\"Version\":\"2012-10-17\"}",
            "create_date": "2025-11-18T06:52:35Z",
            "description": "",
            "force_detach_policies": false,
            "id": "ecs-task-role-synth101912498",
            "inline_policy": [],
            "managed_policy_arns": [],
            "max_session_duration": 3600,
            "name": "ecs-task-role-synth101912498",
            "name_prefix": "",
            "path": "/",
            "permissions_boundary": "",
            "tags": {
              "DisasterRecovery": "enabled",
              "Environment": "production",
              "EnvironmentSuffix": "synth101912498",
              "ManagedBy": "Terraform",
              "Name": "ecs-task-role-synth101912498",
              "Project": "TransactionProcessing",
              "TaskId": "101912498"
            },
            "tags_all": {
              "DisasterRecovery": "enabled",
              "Environment": "production",
              "EnvironmentSuffix": "synth101912498",
              "ManagedBy": "Terraform",
              "Name": "ecs-task-role-synth101912498",
              "Project": "TransactionProcessing",
              "TaskId": "101912498"
            },
            "unique_id": "AROAU7RDOHFPXFKALM6TR"
          },
          "sensitive_attributes": [],
          "private": "bnVsbA=="
        }
      ]
    },
    {
      "mode": "managed",
      "type": "aws_iam_role_policy_attachment",
      "name": "ecs_execution",
      "provider": "provider[\"registry.terraform.io/hashicorp/aws\"]",
      "instances": [
        {
          "schema_version": 0,
          "attributes": {
            "id": "ecs-execution-role-synth101912498-20251118065230734000000001",
            "policy_arn": "arn:aws:iam::aws:policy/service-role/AmazonECSTaskExecutionRolePolicy",
            "role": "ecs-execution-role-synth101912498"
          },
          "sensitive_attributes": [],
          "private": "bnVsbA==",
          "dependencies": [
            "aws_iam_role.ecs_execution"
          ]
        }
      ]
    },
    {
      "mode": "managed",
      "type": "aws_internet_gateway",
      "name": "main",
      "provider": "provider[\"registry.terraform.io/hashicorp/aws\"]",
      "instances": [
        {
          "schema_version": 0,
          "attributes": {
            "arn": "arn:aws:ec2:us-east-1:342597974367:internet-gateway/igw-0f2e4dfad3a03f868",
            "id": "igw-0f2e4dfad3a03f868",
            "owner_id": "342597974367",
            "tags": {
              "DisasterRecovery": "enabled",
              "Environment": "production",
              "EnvironmentSuffix": "synth101912498",
              "ManagedBy": "Terraform",
              "Name": "igw-synth101912498",
              "Project": "TransactionProcessing",
              "TaskId": "101912498"
            },
            "tags_all": {
              "DisasterRecovery": "enabled",
              "Environment": "production",
              "EnvironmentSuffix": "synth101912498",
              "ManagedBy": "Terraform",
              "Name": "igw-synth101912498",
              "Project": "TransactionProcessing",
              "TaskId": "101912498"
            },
            "timeouts": null,
            "vpc_id": "vpc-0297eccde9911b051"
          },
          "sensitive_attributes": [],
          "private": "eyJlMmJmYjczMC1lY2FhLTExZTYtOGY4OC0zNDM2M2JjN2M0YzAiOnsiY3JlYXRlIjoxMjAwMDAwMDAwMDAwLCJkZWxldGUiOjEyMDAwMDAwMDAwMDAsInVwZGF0ZSI6MTIwMDAwMDAwMDAwMH19",
          "dependencies": [
            "aws_vpc.main"
          ]
        }
      ]
    },
    {
      "mode": "managed",
      "type": "aws_lb",
      "name": "main",
      "provider": "provider[\"registry.terraform.io/hashicorp/aws\"]",
      "instances": [
        {
          "schema_version": 0,
          "attributes": {
            "access_logs": [
              {
                "bucket": "",
                "enabled": false,
                "prefix": ""
              }
            ],
            "arn": "arn:aws:elasticloadbalancing:us-east-1:342597974367:loadbalancer/app/alb-synth101912498/1b9ba05d9e0f48bd",
            "arn_suffix": "app/alb-synth101912498/1b9ba05d9e0f48bd",
            "client_keep_alive": 3600,
            "connection_logs": [
              {
                "bucket": "",
                "enabled": false,
                "prefix": ""
              }
            ],
            "customer_owned_ipv4_pool": "",
            "desync_mitigation_mode": "defensive",
            "dns_name": "alb-synth101912498-66389109.us-east-1.elb.amazonaws.com",
            "dns_record_client_routing_policy": null,
            "drop_invalid_header_fields": false,
            "enable_cross_zone_load_balancing": true,
            "enable_deletion_protection": false,
            "enable_http2": true,
            "enable_tls_version_and_cipher_suite_headers": false,
            "enable_waf_fail_open": false,
            "enable_xff_client_port": false,
            "enable_zonal_shift": false,
            "enforce_security_group_inbound_rules_on_private_link_traffic": "",
            "id": "arn:aws:elasticloadbalancing:us-east-1:342597974367:loadbalancer/app/alb-synth101912498/1b9ba05d9e0f48bd",
            "idle_timeout": 60,
            "internal": false,
            "ip_address_type": "ipv4",
            "ipam_pools": [],
            "load_balancer_type": "application",
            "minimum_load_balancer_capacity": [],
            "name": "alb-synth101912498",
            "name_prefix": "",
            "preserve_host_header": false,
            "security_groups": [
              "sg-0ca642cd28643891e"
            ],
            "subnet_mapping": [
              {
                "allocation_id": "",
                "ipv6_address": "",
                "outpost_id": "",
                "private_ipv4_address": "",
                "subnet_id": "subnet-0004211d6b020093e"
              },
              {
                "allocation_id": "",
                "ipv6_address": "",
                "outpost_id": "",
                "private_ipv4_address": "",
                "subnet_id": "subnet-02cb231b3e578c34c"
              },
              {
                "allocation_id": "",
                "ipv6_address": "",
                "outpost_id": "",
                "private_ipv4_address": "",
                "subnet_id": "subnet-0609722b5e8c7e359"
              }
            ],
            "subnets": [
              "subnet-0004211d6b020093e",
              "subnet-02cb231b3e578c34c",
              "subnet-0609722b5e8c7e359"
            ],
            "tags": {
              "DisasterRecovery": "enabled",
              "Environment": "production",
              "EnvironmentSuffix": "synth101912498",
              "ManagedBy": "Terraform",
              "Name": "alb-synth101912498",
              "Project": "TransactionProcessing",
              "TaskId": "101912498"
            },
            "tags_all": {
              "DisasterRecovery": "enabled",
              "Environment": "production",
              "EnvironmentSuffix": "synth101912498",
              "ManagedBy": "Terraform",
              "Name": "alb-synth101912498",
              "Project": "TransactionProcessing",
              "TaskId": "101912498"
            },
            "timeouts": null,
            "vpc_id": "vpc-0297eccde9911b051",
            "xff_header_processing_mode": "append",
            "zone_id": "Z35SXDOTRQ7X7K"
          },
          "sensitive_attributes": [],
          "private": "eyJlMmJmYjczMC1lY2FhLTExZTYtOGY4OC0zNDM2M2JjN2M0YzAiOnsiY3JlYXRlIjo2MDAwMDAwMDAwMDAsImRlbGV0ZSI6NjAwMDAwMDAwMDAwLCJ1cGRhdGUiOjYwMDAwMDAwMDAwMH19",
          "dependencies": [
            "aws_security_group.alb",
            "aws_subnet.public",
            "aws_vpc.main",
            "data.aws_availability_zones.available"
          ]
        }
      ]
    },
    {
      "mode": "managed",
      "type": "aws_lb_listener",
      "name": "http",
      "provider": "provider[\"registry.terraform.io/hashicorp/aws\"]",
      "instances": [
        {
          "schema_version": 0,
          "attributes": {
            "alpn_policy": null,
            "arn": "arn:aws:elasticloadbalancing:us-east-1:342597974367:listener/app/alb-synth101912498/1b9ba05d9e0f48bd/ddece498f3818253",
            "certificate_arn": null,
            "default_action": [
              {
                "authenticate_cognito": [],
                "authenticate_oidc": [],
                "fixed_response": [],
                "forward": [],
                "order": 1,
                "redirect": [],
                "target_group_arn": "arn:aws:elasticloadbalancing:us-east-1:342597974367:targetgroup/tg-synth101912498/9db9f4edf9e303a0",
                "type": "forward"
              }
            ],
            "id": "arn:aws:elasticloadbalancing:us-east-1:342597974367:listener/app/alb-synth101912498/1b9ba05d9e0f48bd/ddece498f3818253",
            "load_balancer_arn": "arn:aws:elasticloadbalancing:us-east-1:342597974367:loadbalancer/app/alb-synth101912498/1b9ba05d9e0f48bd",
            "mutual_authentication": [],
            "port": 80,
            "protocol": "HTTP",
            "routing_http_request_x_amzn_mtls_clientcert_header_name": null,
            "routing_http_request_x_amzn_mtls_clientcert_issuer_header_name": null,
            "routing_http_request_x_amzn_mtls_clientcert_leaf_header_name": null,
            "routing_http_request_x_amzn_mtls_clientcert_serial_number_header_name": null,
            "routing_http_request_x_amzn_mtls_clientcert_subject_header_name": null,
            "routing_http_request_x_amzn_mtls_clientcert_validity_header_name": null,
            "routing_http_request_x_amzn_tls_cipher_suite_header_name": null,
            "routing_http_request_x_amzn_tls_version_header_name": null,
            "routing_http_response_access_control_allow_credentials_header_value": "",
            "routing_http_response_access_control_allow_headers_header_value": "",
            "routing_http_response_access_control_allow_methods_header_value": "",
            "routing_http_response_access_control_allow_origin_header_value": "",
            "routing_http_response_access_control_expose_headers_header_value": "",
            "routing_http_response_access_control_max_age_header_value": "",
            "routing_http_response_content_security_policy_header_value": "",
            "routing_http_response_server_enabled": true,
            "routing_http_response_strict_transport_security_header_value": "",
            "routing_http_response_x_content_type_options_header_value": "",
            "routing_http_response_x_frame_options_header_value": "",
            "ssl_policy": "",
            "tags": {
              "DisasterRecovery": "enabled",
              "Environment": "production",
              "EnvironmentSuffix": "synth101912498",
              "ManagedBy": "Terraform",
              "Name": "alb-listener-synth101912498",
              "Project": "TransactionProcessing",
              "TaskId": "101912498"
            },
            "tags_all": {
              "DisasterRecovery": "enabled",
              "Environment": "production",
              "EnvironmentSuffix": "synth101912498",
              "ManagedBy": "Terraform",
              "Name": "alb-listener-synth101912498",
              "Project": "TransactionProcessing",
              "TaskId": "101912498"
            },
            "tcp_idle_timeout_seconds": null,
            "timeouts": null
          },
          "sensitive_attributes": [],
          "private": "eyJlMmJmYjczMC1lY2FhLTExZTYtOGY4OC0zNDM2M2JjN2M0YzAiOnsiY3JlYXRlIjozMDAwMDAwMDAwMDAsInVwZGF0ZSI6MzAwMDAwMDAwMDAwfX0=",
          "dependencies": [
            "aws_lb.main",
            "aws_lb_target_group.app",
            "aws_security_group.alb",
            "aws_subnet.public",
            "aws_vpc.main",
            "data.aws_availability_zones.available"
          ]
        }
      ]
    },
    {
      "mode": "managed",
      "type": "aws_lb_target_group",
      "name": "app",
      "provider": "provider[\"registry.terraform.io/hashicorp/aws\"]",
      "instances": [
        {
          "schema_version": 0,
          "attributes": {
            "arn": "arn:aws:elasticloadbalancing:us-east-1:342597974367:targetgroup/tg-synth101912498/9db9f4edf9e303a0",
            "arn_suffix": "targetgroup/tg-synth101912498/9db9f4edf9e303a0",
            "connection_termination": null,
            "deregistration_delay": "30",
            "health_check": [
              {
                "enabled": true,
                "healthy_threshold": 2,
                "interval": 30,
                "matcher": "200",
                "path": "/",
                "port": "traffic-port",
                "protocol": "HTTP",
                "timeout": 5,
                "unhealthy_threshold": 3
              }
            ],
            "id": "arn:aws:elasticloadbalancing:us-east-1:342597974367:targetgroup/tg-synth101912498/9db9f4edf9e303a0",
            "ip_address_type": "ipv4",
            "lambda_multi_value_headers_enabled": false,
            "load_balancer_arns": [
              "arn:aws:elasticloadbalancing:us-east-1:342597974367:loadbalancer/app/alb-synth101912498/1b9ba05d9e0f48bd"
            ],
            "load_balancing_algorithm_type": "round_robin",
            "load_balancing_anomaly_mitigation": "off",
            "load_balancing_cross_zone_enabled": "use_load_balancer_configuration",
            "name": "tg-synth101912498",
            "name_prefix": "",
            "port": 80,
            "preserve_client_ip": null,
            "protocol": "HTTP",
            "protocol_version": "HTTP1",
            "proxy_protocol_v2": false,
            "slow_start": 0,
            "stickiness": [
              {
                "cookie_duration": 86400,
                "cookie_name": "",
                "enabled": false,
                "type": "lb_cookie"
              }
            ],
            "tags": {
              "DisasterRecovery": "enabled",
              "Environment": "production",
              "EnvironmentSuffix": "synth101912498",
              "ManagedBy": "Terraform",
              "Name": "tg-synth101912498",
              "Project": "TransactionProcessing",
              "TaskId": "101912498"
            },
            "tags_all": {
              "DisasterRecovery": "enabled",
              "Environment": "production",
              "EnvironmentSuffix": "synth101912498",
              "ManagedBy": "Terraform",
              "Name": "tg-synth101912498",
              "Project": "TransactionProcessing",
              "TaskId": "101912498"
            },
            "target_failover": [
              {
                "on_deregistration": null,
                "on_unhealthy": null
              }
            ],
            "target_group_health": [
              {
                "dns_failover": [
                  {
                    "minimum_healthy_targets_count": "1",
                    "minimum_healthy_targets_percentage": "off"
                  }
                ],
                "unhealthy_state_routing": [
                  {
                    "minimum_healthy_targets_count": 1,
                    "minimum_healthy_targets_percentage": "off"
                  }
                ]
              }
            ],
            "target_health_state": [
              {
                "enable_unhealthy_connection_termination": null,
                "unhealthy_draining_interval": null
              }
            ],
            "target_type": "ip",
            "vpc_id": "vpc-0297eccde9911b051"
          },
          "sensitive_attributes": [],
          "private": "bnVsbA==",
          "dependencies": [
            "aws_vpc.main"
          ]
        }
      ]
    },
    {
      "mode": "managed",
      "type": "aws_nat_gateway",
      "name": "main",
      "provider": "provider[\"registry.terraform.io/hashicorp/aws\"]",
      "instances": [
        {
          "index_key": 0,
          "schema_version": 0,
          "attributes": {
            "allocation_id": "eipalloc-080769674220a1d83",
            "association_id": "eipassoc-0e598fb3b46731553",
            "connectivity_type": "public",
            "id": "nat-0f3e2539e8476e41a",
            "network_interface_id": "eni-0f87387f0a2960108",
            "private_ip": "10.0.0.127",
            "public_ip": "35.175.63.206",
            "secondary_allocation_ids": [],
            "secondary_private_ip_address_count": 0,
            "secondary_private_ip_addresses": [],
            "subnet_id": "subnet-0004211d6b020093e",
            "tags": {
              "DisasterRecovery": "enabled",
              "Environment": "production",
              "EnvironmentSuffix": "synth101912498",
              "ManagedBy": "Terraform",
              "Name": "nat-gateway-synth101912498-1",
              "Project": "TransactionProcessing",
              "TaskId": "101912498"
            },
            "tags_all": {
              "DisasterRecovery": "enabled",
              "Environment": "production",
              "EnvironmentSuffix": "synth101912498",
              "ManagedBy": "Terraform",
              "Name": "nat-gateway-synth101912498-1",
              "Project": "TransactionProcessing",
              "TaskId": "101912498"
            },
            "timeouts": null
          },
          "sensitive_attributes": [],
          "private": "eyJlMmJmYjczMC1lY2FhLTExZTYtOGY4OC0zNDM2M2JjN2M0YzAiOnsiY3JlYXRlIjo2MDAwMDAwMDAwMDAsImRlbGV0ZSI6MTgwMDAwMDAwMDAwMCwidXBkYXRlIjo2MDAwMDAwMDAwMDB9fQ==",
          "dependencies": [
            "aws_eip.nat",
            "aws_internet_gateway.main",
            "aws_subnet.public",
            "aws_vpc.main",
            "data.aws_availability_zones.available"
          ]
        },
        {
          "index_key": 1,
          "schema_version": 0,
          "attributes": {
            "allocation_id": "eipalloc-0f79f91fb47ea36e4",
            "association_id": "eipassoc-0b76c337e5b7f1cfb",
            "connectivity_type": "public",
            "id": "nat-0e4565095105390d7",
            "network_interface_id": "eni-0f567e6f8df729dcc",
            "private_ip": "10.0.1.221",
            "public_ip": "54.147.81.56",
            "secondary_allocation_ids": [],
            "secondary_private_ip_address_count": 0,
            "secondary_private_ip_addresses": [],
            "subnet_id": "subnet-02cb231b3e578c34c",
            "tags": {
              "DisasterRecovery": "enabled",
              "Environment": "production",
              "EnvironmentSuffix": "synth101912498",
              "ManagedBy": "Terraform",
              "Name": "nat-gateway-synth101912498-2",
              "Project": "TransactionProcessing",
              "TaskId": "101912498"
            },
            "tags_all": {
              "DisasterRecovery": "enabled",
              "Environment": "production",
              "EnvironmentSuffix": "synth101912498",
              "ManagedBy": "Terraform",
              "Name": "nat-gateway-synth101912498-2",
              "Project": "TransactionProcessing",
              "TaskId": "101912498"
            },
            "timeouts": null
          },
          "sensitive_attributes": [],
          "private": "eyJlMmJmYjczMC1lY2FhLTExZTYtOGY4OC0zNDM2M2JjN2M0YzAiOnsiY3JlYXRlIjo2MDAwMDAwMDAwMDAsImRlbGV0ZSI6MTgwMDAwMDAwMDAwMCwidXBkYXRlIjo2MDAwMDAwMDAwMDB9fQ==",
          "dependencies": [
            "aws_eip.nat",
            "aws_internet_gateway.main",
            "aws_subnet.public",
            "aws_vpc.main",
            "data.aws_availability_zones.available"
          ]
        },
        {
          "index_key": 2,
          "schema_version": 0,
          "attributes": {
            "allocation_id": "eipalloc-045452ba153f5950f",
            "association_id": "eipassoc-02448ce819f679740",
            "connectivity_type": "public",
            "id": "nat-065dfd3800a3bad41",
            "network_interface_id": "eni-055441f518b6d07d3",
            "private_ip": "10.0.2.171",
            "public_ip": "44.199.127.148",
            "secondary_allocation_ids": [],
            "secondary_private_ip_address_count": 0,
            "secondary_private_ip_addresses": [],
            "subnet_id": "subnet-0609722b5e8c7e359",
            "tags": {
              "DisasterRecovery": "enabled",
              "Environment": "production",
              "EnvironmentSuffix": "synth101912498",
              "ManagedBy": "Terraform",
              "Name": "nat-gateway-synth101912498-3",
              "Project": "TransactionProcessing",
              "TaskId": "101912498"
            },
            "tags_all": {
              "DisasterRecovery": "enabled",
              "Environment": "production",
              "EnvironmentSuffix": "synth101912498",
              "ManagedBy": "Terraform",
              "Name": "nat-gateway-synth101912498-3",
              "Project": "TransactionProcessing",
              "TaskId": "101912498"
            },
            "timeouts": null
          },
          "sensitive_attributes": [],
          "private": "eyJlMmJmYjczMC1lY2FhLTExZTYtOGY4OC0zNDM2M2JjN2M0YzAiOnsiY3JlYXRlIjo2MDAwMDAwMDAwMDAsImRlbGV0ZSI6MTgwMDAwMDAwMDAwMCwidXBkYXRlIjo2MDAwMDAwMDAwMDB9fQ==",
          "dependencies": [
            "aws_eip.nat",
            "aws_internet_gateway.main",
            "aws_subnet.public",
            "aws_vpc.main",
            "data.aws_availability_zones.available"
          ]
        }
      ]
    },
    {
      "mode": "managed",
      "type": "aws_rds_cluster",
      "name": "aurora",
      "provider": "provider[\"registry.terraform.io/hashicorp/aws\"]",
      "instances": [
        {
          "schema_version": 1,
          "attributes": {
            "allocated_storage": 1,
            "allow_major_version_upgrade": null,
            "apply_immediately": false,
            "arn": "arn:aws:rds:us-east-1:342597974367:cluster:aurora-cluster-synth101912498",
            "availability_zones": [
              "us-east-1a",
              "us-east-1b",
              "us-east-1c"
            ],
            "backtrack_window": 0,
            "backup_retention_period": 7,
            "ca_certificate_identifier": null,
            "ca_certificate_valid_till": null,
            "cluster_identifier": "aurora-cluster-synth101912498",
            "cluster_identifier_prefix": "",
            "cluster_members": [],
            "cluster_resource_id": "cluster-TOAMRM3ETAVDPK652QDWYQQYOE",
            "cluster_scalability_type": "",
            "copy_tags_to_snapshot": false,
            "database_insights_mode": "standard",
            "database_name": "transactions",
            "db_cluster_instance_class": "",
            "db_cluster_parameter_group_name": "default.aurora-postgresql15",
            "db_instance_parameter_group_name": null,
            "db_subnet_group_name": "aurora-subnet-group-synth101912498",
            "db_system_id": "",
            "delete_automated_backups": true,
            "deletion_protection": false,
            "domain": "",
            "domain_iam_role_name": "",
            "enable_global_write_forwarding": false,
            "enable_http_endpoint": false,
            "enable_local_write_forwarding": false,
            "enabled_cloudwatch_logs_exports": [
              "postgresql"
            ],
            "endpoint": "aurora-cluster-synth101912498.cluster-covy6ema0nuv.us-east-1.rds.amazonaws.com",
            "engine": "aurora-postgresql",
            "engine_lifecycle_support": "open-source-rds-extended-support",
            "engine_mode": "provisioned",
            "engine_version": "15.8",
            "engine_version_actual": "15.8",
            "final_snapshot_identifier": "aurora-final-synth101912498-2025-11-18-0703",
            "global_cluster_identifier": "",
            "hosted_zone_id": "Z2R2ITUGPM61AM",
            "iam_database_authentication_enabled": false,
            "iam_roles": [],
            "id": "aurora-cluster-synth101912498",
            "iops": 0,
            "kms_key_id": "",
            "manage_master_user_password": null,
            "master_password": "TuringTest2024!SecurePass",
            "master_password_wo": null,
            "master_password_wo_version": null,
            "master_user_secret": [],
            "master_user_secret_kms_key_id": null,
            "master_username": "postgres",
            "monitoring_interval": 0,
            "monitoring_role_arn": "",
            "network_type": "IPV4",
            "performance_insights_enabled": false,
            "performance_insights_kms_key_id": "",
            "performance_insights_retention_period": 0,
            "port": 5432,
            "preferred_backup_window": "03:00-04:00",
            "preferred_maintenance_window": "mon:04:00-mon:05:00",
            "reader_endpoint": "aurora-cluster-synth101912498.cluster-ro-covy6ema0nuv.us-east-1.rds.amazonaws.com",
            "replication_source_identifier": "",
            "restore_to_point_in_time": [],
            "s3_import": [],
            "scaling_configuration": [],
            "serverlessv2_scaling_configuration": [],
            "skip_final_snapshot": true,
            "snapshot_identifier": null,
            "source_region": null,
            "storage_encrypted": false,
            "storage_type": "",
            "tags": {
              "DisasterRecovery": "enabled",
              "Environment": "production",
              "EnvironmentSuffix": "synth101912498",
              "ManagedBy": "Terraform",
              "Name": "aurora-cluster-synth101912498",
              "Project": "TransactionProcessing",
              "TaskId": "101912498"
            },
            "tags_all": {
              "DisasterRecovery": "enabled",
              "Environment": "production",
              "EnvironmentSuffix": "synth101912498",
              "ManagedBy": "Terraform",
              "Name": "aurora-cluster-synth101912498",
              "Project": "TransactionProcessing",
              "TaskId": "101912498"
            },
            "timeouts": null,
            "vpc_security_group_ids": [
              "sg-05b62bf8f452fe359"
            ]
          },
          "sensitive_attributes": [
            [
              {
                "type": "get_attr",
                "value": "master_username"
              }
            ],
            [
              {
                "type": "get_attr",
                "value": "master_password_wo"
              }
            ],
            [
              {
                "type": "get_attr",
                "value": "master_password"
              }
            ]
          ],
          "private": "eyJlMmJmYjczMC1lY2FhLTExZTYtOGY4OC0zNDM2M2JjN2M0YzAiOnsiY3JlYXRlIjo3MjAwMDAwMDAwMDAwLCJkZWxldGUiOjcyMDAwMDAwMDAwMDAsInVwZGF0ZSI6NzIwMDAwMDAwMDAwMH0sInNjaGVtYV92ZXJzaW9uIjoiMSJ9",
          "dependencies": [
            "aws_db_subnet_group.aurora",
            "aws_security_group.alb",
            "aws_security_group.aurora",
            "aws_security_group.ecs_tasks",
            "aws_subnet.private_db",
            "aws_vpc.main",
            "data.aws_availability_zones.available",
            "random_password.aurora"
          ]
        }
      ]
    },
    {
      "mode": "managed",
      "type": "aws_rds_cluster_instance",
      "name": "aurora",
      "provider": "provider[\"registry.terraform.io/hashicorp/aws\"]",
      "instances": [
        {
          "index_key": 0,
          "schema_version": 0,
          "attributes": {
            "apply_immediately": null,
            "arn": "arn:aws:rds:us-east-1:342597974367:db:aurora-instance-synth101912498-1",
            "auto_minor_version_upgrade": true,
            "availability_zone": "us-east-1a",
            "ca_cert_identifier": "rds-ca-rsa2048-g1",
            "cluster_identifier": "aurora-cluster-synth101912498",
            "copy_tags_to_snapshot": false,
            "custom_iam_instance_profile": "",
            "db_parameter_group_name": "default.aurora-postgresql15",
            "db_subnet_group_name": "aurora-subnet-group-synth101912498",
            "dbi_resource_id": "db-YIOPPBTBOMGXNSVTE5WLIVSLCQ",
            "endpoint": "aurora-instance-synth101912498-1.covy6ema0nuv.us-east-1.rds.amazonaws.com",
            "engine": "aurora-postgresql",
            "engine_version": "15.8",
            "engine_version_actual": "15.8",
            "force_destroy": false,
            "id": "aurora-instance-synth101912498-1",
            "identifier": "aurora-instance-synth101912498-1",
            "identifier_prefix": "",
            "instance_class": "db.r6g.large",
            "kms_key_id": "",
            "monitoring_interval": 0,
            "monitoring_role_arn": "",
            "network_type": "IPV4",
            "performance_insights_enabled": true,
            "performance_insights_kms_key_id": "arn:aws:kms:us-east-1:342597974367:key/40d05e47-318d-483d-9419-aa3081089944",
            "performance_insights_retention_period": 7,
            "port": 5432,
            "preferred_backup_window": "03:00-04:00",
            "preferred_maintenance_window": "mon:10:28-mon:10:58",
            "promotion_tier": 0,
            "publicly_accessible": false,
            "storage_encrypted": false,
            "tags": {
              "DisasterRecovery": "enabled",
              "Environment": "production",
              "EnvironmentSuffix": "synth101912498",
              "ManagedBy": "Terraform",
              "Name": "aurora-instance-synth101912498-1",
              "Project": "TransactionProcessing",
              "TaskId": "101912498"
            },
            "tags_all": {
              "DisasterRecovery": "enabled",
              "Environment": "production",
              "EnvironmentSuffix": "synth101912498",
              "ManagedBy": "Terraform",
              "Name": "aurora-instance-synth101912498-1",
              "Project": "TransactionProcessing",
              "TaskId": "101912498"
            },
            "timeouts": null,
            "writer": false
          },
          "sensitive_attributes": [],
          "private": "eyJlMmJmYjczMC1lY2FhLTExZTYtOGY4OC0zNDM2M2JjN2M0YzAiOnsiY3JlYXRlIjo1NDAwMDAwMDAwMDAwLCJkZWxldGUiOjU0MDAwMDAwMDAwMDAsInVwZGF0ZSI6NTQwMDAwMDAwMDAwMH19",
          "dependencies": [
            "aws_db_subnet_group.aurora",
            "aws_rds_cluster.aurora",
            "aws_security_group.alb",
            "aws_security_group.aurora",
            "aws_security_group.ecs_tasks",
            "aws_subnet.private_db",
            "aws_vpc.main",
            "data.aws_availability_zones.available",
            "random_password.aurora"
          ]
        },
        {
          "index_key": 1,
          "schema_version": 0,
          "attributes": {
            "apply_immediately": null,
            "arn": "arn:aws:rds:us-east-1:342597974367:db:aurora-instance-synth101912498-2",
            "auto_minor_version_upgrade": true,
            "availability_zone": "us-east-1c",
            "ca_cert_identifier": "rds-ca-rsa2048-g1",
            "cluster_identifier": "aurora-cluster-synth101912498",
            "copy_tags_to_snapshot": false,
            "custom_iam_instance_profile": "",
            "db_parameter_group_name": "default.aurora-postgresql15",
            "db_subnet_group_name": "aurora-subnet-group-synth101912498",
            "dbi_resource_id": "db-VLKF4HXVK2BFPXK4MNND4JJBFY",
            "endpoint": "aurora-instance-synth101912498-2.covy6ema0nuv.us-east-1.rds.amazonaws.com",
            "engine": "aurora-postgresql",
            "engine_version": "15.8",
            "engine_version_actual": "15.8",
            "force_destroy": false,
            "id": "aurora-instance-synth101912498-2",
            "identifier": "aurora-instance-synth101912498-2",
            "identifier_prefix": "",
            "instance_class": "db.r6g.large",
            "kms_key_id": "",
            "monitoring_interval": 0,
            "monitoring_role_arn": "",
            "network_type": "IPV4",
            "performance_insights_enabled": true,
            "performance_insights_kms_key_id": "arn:aws:kms:us-east-1:342597974367:key/40d05e47-318d-483d-9419-aa3081089944",
            "performance_insights_retention_period": 7,
            "port": 5432,
            "preferred_backup_window": "03:00-04:00",
            "preferred_maintenance_window": "sat:03:24-sat:03:54",
            "promotion_tier": 0,
            "publicly_accessible": false,
            "storage_encrypted": false,
            "tags": {
              "DisasterRecovery": "enabled",
              "Environment": "production",
              "EnvironmentSuffix": "synth101912498",
              "ManagedBy": "Terraform",
              "Name": "aurora-instance-synth101912498-2",
              "Project": "TransactionProcessing",
              "TaskId": "101912498"
            },
            "tags_all": {
              "DisasterRecovery": "enabled",
              "Environment": "production",
              "EnvironmentSuffix": "synth101912498",
              "ManagedBy": "Terraform",
              "Name": "aurora-instance-synth101912498-2",
              "Project": "TransactionProcessing",
              "TaskId": "101912498"
            },
            "timeouts": null,
            "writer": true
          },
          "sensitive_attributes": [],
          "private": "eyJlMmJmYjczMC1lY2FhLTExZTYtOGY4OC0zNDM2M2JjN2M0YzAiOnsiY3JlYXRlIjo1NDAwMDAwMDAwMDAwLCJkZWxldGUiOjU0MDAwMDAwMDAwMDAsInVwZGF0ZSI6NTQwMDAwMDAwMDAwMH19",
          "dependencies": [
            "aws_db_subnet_group.aurora",
            "aws_rds_cluster.aurora",
            "aws_security_group.alb",
            "aws_security_group.aurora",
            "aws_security_group.ecs_tasks",
            "aws_subnet.private_db",
            "aws_vpc.main",
            "data.aws_availability_zones.available",
            "random_password.aurora"
          ]
        },
        {
          "index_key": 2,
          "schema_version": 0,
          "attributes": {
            "apply_immediately": null,
            "arn": "arn:aws:rds:us-east-1:342597974367:db:aurora-instance-synth101912498-3",
            "auto_minor_version_upgrade": true,
            "availability_zone": "us-east-1b",
            "ca_cert_identifier": "rds-ca-rsa2048-g1",
            "cluster_identifier": "aurora-cluster-synth101912498",
            "copy_tags_to_snapshot": false,
            "custom_iam_instance_profile": "",
            "db_parameter_group_name": "default.aurora-postgresql15",
            "db_subnet_group_name": "aurora-subnet-group-synth101912498",
            "dbi_resource_id": "db-Y4IVUO5KQR2EUEU3JY5BXEW52A",
            "endpoint": "aurora-instance-synth101912498-3.covy6ema0nuv.us-east-1.rds.amazonaws.com",
            "engine": "aurora-postgresql",
            "engine_version": "15.8",
            "engine_version_actual": "15.8",
            "force_destroy": false,
            "id": "aurora-instance-synth101912498-3",
            "identifier": "aurora-instance-synth101912498-3",
            "identifier_prefix": "",
            "instance_class": "db.r6g.large",
            "kms_key_id": "",
            "monitoring_interval": 0,
            "monitoring_role_arn": "",
            "network_type": "IPV4",
            "performance_insights_enabled": true,
            "performance_insights_kms_key_id": "arn:aws:kms:us-east-1:342597974367:key/40d05e47-318d-483d-9419-aa3081089944",
            "performance_insights_retention_period": 7,
            "port": 5432,
            "preferred_backup_window": "03:00-04:00",
            "preferred_maintenance_window": "fri:08:48-fri:09:18",
            "promotion_tier": 0,
            "publicly_accessible": false,
            "storage_encrypted": false,
            "tags": {
              "DisasterRecovery": "enabled",
              "Environment": "production",
              "EnvironmentSuffix": "synth101912498",
              "ManagedBy": "Terraform",
              "Name": "aurora-instance-synth101912498-3",
              "Project": "TransactionProcessing",
              "TaskId": "101912498"
            },
            "tags_all": {
              "DisasterRecovery": "enabled",
              "Environment": "production",
              "EnvironmentSuffix": "synth101912498",
              "ManagedBy": "Terraform",
              "Name": "aurora-instance-synth101912498-3",
              "Project": "TransactionProcessing",
              "TaskId": "101912498"
            },
            "timeouts": null,
            "writer": false
          },
          "sensitive_attributes": [],
          "private": "eyJlMmJmYjczMC1lY2FhLTExZTYtOGY4OC0zNDM2M2JjN2M0YzAiOnsiY3JlYXRlIjo1NDAwMDAwMDAwMDAwLCJkZWxldGUiOjU0MDAwMDAwMDAwMDAsInVwZGF0ZSI6NTQwMDAwMDAwMDAwMH19",
          "dependencies": [
            "aws_db_subnet_group.aurora",
            "aws_rds_cluster.aurora",
            "aws_security_group.alb",
            "aws_security_group.aurora",
            "aws_security_group.ecs_tasks",
            "aws_subnet.private_db",
            "aws_vpc.main",
            "data.aws_availability_zones.available",
            "random_password.aurora"
          ]
        }
      ]
    },
    {
      "mode": "managed",
      "type": "aws_route_table",
      "name": "private",
      "provider": "provider[\"registry.terraform.io/hashicorp/aws\"]",
      "instances": [
        {
          "index_key": 0,
          "schema_version": 0,
          "attributes": {
            "arn": "arn:aws:ec2:us-east-1:342597974367:route-table/rtb-0223a5bdef26b926f",
            "id": "rtb-0223a5bdef26b926f",
            "owner_id": "342597974367",
            "propagating_vgws": [],
            "route": [
              {
                "carrier_gateway_id": "",
                "cidr_block": "0.0.0.0/0",
                "core_network_arn": "",
                "destination_prefix_list_id": "",
                "egress_only_gateway_id": "",
                "gateway_id": "",
                "ipv6_cidr_block": "",
                "local_gateway_id": "",
                "nat_gateway_id": "nat-0f3e2539e8476e41a",
                "network_interface_id": "",
                "transit_gateway_id": "",
                "vpc_endpoint_id": "",
                "vpc_peering_connection_id": ""
              }
            ],
            "tags": {
              "DisasterRecovery": "enabled",
              "Environment": "production",
              "EnvironmentSuffix": "synth101912498",
              "ManagedBy": "Terraform",
              "Name": "private-rt-synth101912498-1",
              "Project": "TransactionProcessing",
              "TaskId": "101912498"
            },
            "tags_all": {
              "DisasterRecovery": "enabled",
              "Environment": "production",
              "EnvironmentSuffix": "synth101912498",
              "ManagedBy": "Terraform",
              "Name": "private-rt-synth101912498-1",
              "Project": "TransactionProcessing",
              "TaskId": "101912498"
            },
            "timeouts": null,
            "vpc_id": "vpc-0297eccde9911b051"
          },
          "sensitive_attributes": [],
          "private": "eyJlMmJmYjczMC1lY2FhLTExZTYtOGY4OC0zNDM2M2JjN2M0YzAiOnsiY3JlYXRlIjozMDAwMDAwMDAwMDAsImRlbGV0ZSI6MzAwMDAwMDAwMDAwLCJ1cGRhdGUiOjEyMDAwMDAwMDAwMH19",
          "dependencies": [
            "aws_eip.nat",
            "aws_internet_gateway.main",
            "aws_nat_gateway.main",
            "aws_subnet.public",
            "aws_vpc.main",
            "data.aws_availability_zones.available"
          ]
        },
        {
          "index_key": 1,
          "schema_version": 0,
          "attributes": {
            "arn": "arn:aws:ec2:us-east-1:342597974367:route-table/rtb-0a1b87180dc2279b4",
            "id": "rtb-0a1b87180dc2279b4",
            "owner_id": "342597974367",
            "propagating_vgws": [],
            "route": [
              {
                "carrier_gateway_id": "",
                "cidr_block": "0.0.0.0/0",
                "core_network_arn": "",
                "destination_prefix_list_id": "",
                "egress_only_gateway_id": "",
                "gateway_id": "",
                "ipv6_cidr_block": "",
                "local_gateway_id": "",
                "nat_gateway_id": "nat-0e4565095105390d7",
                "network_interface_id": "",
                "transit_gateway_id": "",
                "vpc_endpoint_id": "",
                "vpc_peering_connection_id": ""
              }
            ],
            "tags": {
              "DisasterRecovery": "enabled",
              "Environment": "production",
              "EnvironmentSuffix": "synth101912498",
              "ManagedBy": "Terraform",
              "Name": "private-rt-synth101912498-2",
              "Project": "TransactionProcessing",
              "TaskId": "101912498"
            },
            "tags_all": {
              "DisasterRecovery": "enabled",
              "Environment": "production",
              "EnvironmentSuffix": "synth101912498",
              "ManagedBy": "Terraform",
              "Name": "private-rt-synth101912498-2",
              "Project": "TransactionProcessing",
              "TaskId": "101912498"
            },
            "timeouts": null,
            "vpc_id": "vpc-0297eccde9911b051"
          },
          "sensitive_attributes": [],
          "private": "eyJlMmJmYjczMC1lY2FhLTExZTYtOGY4OC0zNDM2M2JjN2M0YzAiOnsiY3JlYXRlIjozMDAwMDAwMDAwMDAsImRlbGV0ZSI6MzAwMDAwMDAwMDAwLCJ1cGRhdGUiOjEyMDAwMDAwMDAwMH19",
          "dependencies": [
            "aws_eip.nat",
            "aws_internet_gateway.main",
            "aws_nat_gateway.main",
            "aws_subnet.public",
            "aws_vpc.main",
            "data.aws_availability_zones.available"
          ]
        },
        {
          "index_key": 2,
          "schema_version": 0,
          "attributes": {
            "arn": "arn:aws:ec2:us-east-1:342597974367:route-table/rtb-09678fc261bc7d3ea",
            "id": "rtb-09678fc261bc7d3ea",
            "owner_id": "342597974367",
            "propagating_vgws": [],
            "route": [
              {
                "carrier_gateway_id": "",
                "cidr_block": "0.0.0.0/0",
                "core_network_arn": "",
                "destination_prefix_list_id": "",
                "egress_only_gateway_id": "",
                "gateway_id": "",
                "ipv6_cidr_block": "",
                "local_gateway_id": "",
                "nat_gateway_id": "nat-065dfd3800a3bad41",
                "network_interface_id": "",
                "transit_gateway_id": "",
                "vpc_endpoint_id": "",
                "vpc_peering_connection_id": ""
              }
            ],
            "tags": {
              "DisasterRecovery": "enabled",
              "Environment": "production",
              "EnvironmentSuffix": "synth101912498",
              "ManagedBy": "Terraform",
              "Name": "private-rt-synth101912498-3",
              "Project": "TransactionProcessing",
              "TaskId": "101912498"
            },
            "tags_all": {
              "DisasterRecovery": "enabled",
              "Environment": "production",
              "EnvironmentSuffix": "synth101912498",
              "ManagedBy": "Terraform",
              "Name": "private-rt-synth101912498-3",
              "Project": "TransactionProcessing",
              "TaskId": "101912498"
            },
            "timeouts": null,
            "vpc_id": "vpc-0297eccde9911b051"
          },
          "sensitive_attributes": [],
          "private": "eyJlMmJmYjczMC1lY2FhLTExZTYtOGY4OC0zNDM2M2JjN2M0YzAiOnsiY3JlYXRlIjozMDAwMDAwMDAwMDAsImRlbGV0ZSI6MzAwMDAwMDAwMDAwLCJ1cGRhdGUiOjEyMDAwMDAwMDAwMH19",
          "dependencies": [
            "aws_eip.nat",
            "aws_internet_gateway.main",
            "aws_nat_gateway.main",
            "aws_subnet.public",
            "aws_vpc.main",
            "data.aws_availability_zones.available"
          ]
        }
      ]
    },
    {
      "mode": "managed",
      "type": "aws_route_table",
      "name": "public",
      "provider": "provider[\"registry.terraform.io/hashicorp/aws\"]",
      "instances": [
        {
          "schema_version": 0,
          "attributes": {
            "arn": "arn:aws:ec2:us-east-1:342597974367:route-table/rtb-09a6e71e4a7792052",
            "id": "rtb-09a6e71e4a7792052",
            "owner_id": "342597974367",
            "propagating_vgws": [],
            "route": [
              {
                "carrier_gateway_id": "",
                "cidr_block": "0.0.0.0/0",
                "core_network_arn": "",
                "destination_prefix_list_id": "",
                "egress_only_gateway_id": "",
                "gateway_id": "igw-0f2e4dfad3a03f868",
                "ipv6_cidr_block": "",
                "local_gateway_id": "",
                "nat_gateway_id": "",
                "network_interface_id": "",
                "transit_gateway_id": "",
                "vpc_endpoint_id": "",
                "vpc_peering_connection_id": ""
              }
            ],
            "tags": {
              "DisasterRecovery": "enabled",
              "Environment": "production",
              "EnvironmentSuffix": "synth101912498",
              "ManagedBy": "Terraform",
              "Name": "public-rt-synth101912498",
              "Project": "TransactionProcessing",
              "TaskId": "101912498"
            },
            "tags_all": {
              "DisasterRecovery": "enabled",
              "Environment": "production",
              "EnvironmentSuffix": "synth101912498",
              "ManagedBy": "Terraform",
              "Name": "public-rt-synth101912498",
              "Project": "TransactionProcessing",
              "TaskId": "101912498"
            },
            "timeouts": null,
            "vpc_id": "vpc-0297eccde9911b051"
          },
          "sensitive_attributes": [],
          "private": "eyJlMmJmYjczMC1lY2FhLTExZTYtOGY4OC0zNDM2M2JjN2M0YzAiOnsiY3JlYXRlIjozMDAwMDAwMDAwMDAsImRlbGV0ZSI6MzAwMDAwMDAwMDAwLCJ1cGRhdGUiOjEyMDAwMDAwMDAwMH19",
          "dependencies": [
            "aws_internet_gateway.main",
            "aws_vpc.main"
          ]
        }
      ]
    },
    {
      "mode": "managed",
      "type": "aws_route_table_association",
      "name": "private_app",
      "provider": "provider[\"registry.terraform.io/hashicorp/aws\"]",
      "instances": [
        {
          "index_key": 0,
          "schema_version": 0,
          "attributes": {
            "gateway_id": "",
            "id": "rtbassoc-02b43db408c3f8b50",
            "route_table_id": "rtb-0223a5bdef26b926f",
            "subnet_id": "subnet-07c48a3e77dc51af3",
            "timeouts": null
          },
          "sensitive_attributes": [],
          "private": "eyJlMmJmYjczMC1lY2FhLTExZTYtOGY4OC0zNDM2M2JjN2M0YzAiOnsiY3JlYXRlIjozMDAwMDAwMDAwMDAsImRlbGV0ZSI6MzAwMDAwMDAwMDAwLCJ1cGRhdGUiOjEyMDAwMDAwMDAwMH19",
          "dependencies": [
            "aws_eip.nat",
            "aws_internet_gateway.main",
            "aws_nat_gateway.main",
            "aws_route_table.private",
            "aws_subnet.private_app",
            "aws_subnet.public",
            "aws_vpc.main",
            "data.aws_availability_zones.available"
          ]
        },
        {
          "index_key": 1,
          "schema_version": 0,
          "attributes": {
            "gateway_id": "",
            "id": "rtbassoc-09ad4b049c6e90e70",
            "route_table_id": "rtb-0a1b87180dc2279b4",
            "subnet_id": "subnet-0f27b127c4b6b4bc6",
            "timeouts": null
          },
          "sensitive_attributes": [],
          "private": "eyJlMmJmYjczMC1lY2FhLTExZTYtOGY4OC0zNDM2M2JjN2M0YzAiOnsiY3JlYXRlIjozMDAwMDAwMDAwMDAsImRlbGV0ZSI6MzAwMDAwMDAwMDAwLCJ1cGRhdGUiOjEyMDAwMDAwMDAwMH19",
          "dependencies": [
            "aws_eip.nat",
            "aws_internet_gateway.main",
            "aws_nat_gateway.main",
            "aws_route_table.private",
            "aws_subnet.private_app",
            "aws_subnet.public",
            "aws_vpc.main",
            "data.aws_availability_zones.available"
          ]
        },
        {
          "index_key": 2,
          "schema_version": 0,
          "attributes": {
            "gateway_id": "",
            "id": "rtbassoc-0b465fe50915283c8",
            "route_table_id": "rtb-09678fc261bc7d3ea",
            "subnet_id": "subnet-045c4dbcf1a2d6843",
            "timeouts": null
          },
          "sensitive_attributes": [],
          "private": "eyJlMmJmYjczMC1lY2FhLTExZTYtOGY4OC0zNDM2M2JjN2M0YzAiOnsiY3JlYXRlIjozMDAwMDAwMDAwMDAsImRlbGV0ZSI6MzAwMDAwMDAwMDAwLCJ1cGRhdGUiOjEyMDAwMDAwMDAwMH19",
          "dependencies": [
            "aws_eip.nat",
            "aws_internet_gateway.main",
            "aws_nat_gateway.main",
            "aws_route_table.private",
            "aws_subnet.private_app",
            "aws_subnet.public",
            "aws_vpc.main",
            "data.aws_availability_zones.available"
          ]
        }
      ]
    },
    {
      "mode": "managed",
      "type": "aws_route_table_association",
      "name": "private_db",
      "provider": "provider[\"registry.terraform.io/hashicorp/aws\"]",
      "instances": [
        {
          "index_key": 0,
          "schema_version": 0,
          "attributes": {
            "gateway_id": "",
            "id": "rtbassoc-0e1a94b94a5ccd2ae",
            "route_table_id": "rtb-0223a5bdef26b926f",
            "subnet_id": "subnet-0bb0183838ebc0aba",
            "timeouts": null
          },
          "sensitive_attributes": [],
          "private": "eyJlMmJmYjczMC1lY2FhLTExZTYtOGY4OC0zNDM2M2JjN2M0YzAiOnsiY3JlYXRlIjozMDAwMDAwMDAwMDAsImRlbGV0ZSI6MzAwMDAwMDAwMDAwLCJ1cGRhdGUiOjEyMDAwMDAwMDAwMH19",
          "dependencies": [
            "aws_eip.nat",
            "aws_internet_gateway.main",
            "aws_nat_gateway.main",
            "aws_route_table.private",
            "aws_subnet.private_db",
            "aws_subnet.public",
            "aws_vpc.main",
            "data.aws_availability_zones.available"
          ]
        },
        {
          "index_key": 1,
          "schema_version": 0,
          "attributes": {
            "gateway_id": "",
            "id": "rtbassoc-08839046ad66d7651",
            "route_table_id": "rtb-0a1b87180dc2279b4",
            "subnet_id": "subnet-0217455958a1efbfb",
            "timeouts": null
          },
          "sensitive_attributes": [],
          "private": "eyJlMmJmYjczMC1lY2FhLTExZTYtOGY4OC0zNDM2M2JjN2M0YzAiOnsiY3JlYXRlIjozMDAwMDAwMDAwMDAsImRlbGV0ZSI6MzAwMDAwMDAwMDAwLCJ1cGRhdGUiOjEyMDAwMDAwMDAwMH19",
          "dependencies": [
            "aws_eip.nat",
            "aws_internet_gateway.main",
            "aws_nat_gateway.main",
            "aws_route_table.private",
            "aws_subnet.private_db",
            "aws_subnet.public",
            "aws_vpc.main",
            "data.aws_availability_zones.available"
          ]
        },
        {
          "index_key": 2,
          "schema_version": 0,
          "attributes": {
            "gateway_id": "",
            "id": "rtbassoc-0830f52a0575c9040",
            "route_table_id": "rtb-09678fc261bc7d3ea",
            "subnet_id": "subnet-0a3b87763048e8a99",
            "timeouts": null
          },
          "sensitive_attributes": [],
          "private": "eyJlMmJmYjczMC1lY2FhLTExZTYtOGY4OC0zNDM2M2JjN2M0YzAiOnsiY3JlYXRlIjozMDAwMDAwMDAwMDAsImRlbGV0ZSI6MzAwMDAwMDAwMDAwLCJ1cGRhdGUiOjEyMDAwMDAwMDAwMH19",
          "dependencies": [
            "aws_eip.nat",
            "aws_internet_gateway.main",
            "aws_nat_gateway.main",
            "aws_route_table.private",
            "aws_subnet.private_db",
            "aws_subnet.public",
            "aws_vpc.main",
            "data.aws_availability_zones.available"
          ]
        }
      ]
    },
    {
      "mode": "managed",
      "type": "aws_route_table_association",
      "name": "public",
      "provider": "provider[\"registry.terraform.io/hashicorp/aws\"]",
      "instances": [
        {
          "index_key": 0,
          "schema_version": 0,
          "attributes": {
            "gateway_id": "",
            "id": "rtbassoc-02440566b6e663022",
            "route_table_id": "rtb-09a6e71e4a7792052",
            "subnet_id": "subnet-0004211d6b020093e",
            "timeouts": null
          },
          "sensitive_attributes": [],
          "private": "eyJlMmJmYjczMC1lY2FhLTExZTYtOGY4OC0zNDM2M2JjN2M0YzAiOnsiY3JlYXRlIjozMDAwMDAwMDAwMDAsImRlbGV0ZSI6MzAwMDAwMDAwMDAwLCJ1cGRhdGUiOjEyMDAwMDAwMDAwMH19",
          "dependencies": [
            "aws_internet_gateway.main",
            "aws_route_table.public",
            "aws_subnet.public",
            "aws_vpc.main",
            "data.aws_availability_zones.available"
          ]
        },
        {
          "index_key": 1,
          "schema_version": 0,
          "attributes": {
            "gateway_id": "",
            "id": "rtbassoc-0e8c3537f17b4664d",
            "route_table_id": "rtb-09a6e71e4a7792052",
            "subnet_id": "subnet-02cb231b3e578c34c",
            "timeouts": null
          },
          "sensitive_attributes": [],
          "private": "eyJlMmJmYjczMC1lY2FhLTExZTYtOGY4OC0zNDM2M2JjN2M0YzAiOnsiY3JlYXRlIjozMDAwMDAwMDAwMDAsImRlbGV0ZSI6MzAwMDAwMDAwMDAwLCJ1cGRhdGUiOjEyMDAwMDAwMDAwMH19",
          "dependencies": [
            "aws_internet_gateway.main",
            "aws_route_table.public",
            "aws_subnet.public",
            "aws_vpc.main",
            "data.aws_availability_zones.available"
          ]
        },
        {
          "index_key": 2,
          "schema_version": 0,
          "attributes": {
            "gateway_id": "",
            "id": "rtbassoc-0c6f15c259aadd989",
            "route_table_id": "rtb-09a6e71e4a7792052",
            "subnet_id": "subnet-0609722b5e8c7e359",
            "timeouts": null
          },
          "sensitive_attributes": [],
          "private": "eyJlMmJmYjczMC1lY2FhLTExZTYtOGY4OC0zNDM2M2JjN2M0YzAiOnsiY3JlYXRlIjozMDAwMDAwMDAwMDAsImRlbGV0ZSI6MzAwMDAwMDAwMDAwLCJ1cGRhdGUiOjEyMDAwMDAwMDAwMH19",
          "dependencies": [
            "aws_internet_gateway.main",
            "aws_route_table.public",
            "aws_subnet.public",
            "aws_vpc.main",
            "data.aws_availability_zones.available"
          ]
        }
      ]
    },
    {
      "mode": "managed",
      "type": "aws_security_group",
      "name": "alb",
      "provider": "provider[\"registry.terraform.io/hashicorp/aws\"]",
      "instances": [
        {
          "schema_version": 1,
          "attributes": {
            "arn": "arn:aws:ec2:us-east-1:342597974367:security-group/sg-0ca642cd28643891e",
            "description": "Security group for Application Load Balancer",
            "egress": [
              {
                "cidr_blocks": [
                  "0.0.0.0/0"
                ],
                "description": "All outbound traffic",
                "from_port": 0,
                "ipv6_cidr_blocks": [],
                "prefix_list_ids": [],
                "protocol": "-1",
                "security_groups": [],
                "self": false,
                "to_port": 0
              }
            ],
            "id": "sg-0ca642cd28643891e",
            "ingress": [
              {
                "cidr_blocks": [
                  "0.0.0.0/0"
                ],
                "description": "HTTP from anywhere",
                "from_port": 80,
                "ipv6_cidr_blocks": [],
                "prefix_list_ids": [],
                "protocol": "tcp",
                "security_groups": [],
                "self": false,
                "to_port": 80
              },
              {
                "cidr_blocks": [
                  "0.0.0.0/0"
                ],
                "description": "HTTPS from anywhere",
                "from_port": 443,
                "ipv6_cidr_blocks": [],
                "prefix_list_ids": [],
                "protocol": "tcp",
                "security_groups": [],
                "self": false,
                "to_port": 443
              }
            ],
            "name": "alb-sg-synth101912498",
            "name_prefix": "",
            "owner_id": "342597974367",
            "revoke_rules_on_delete": false,
            "tags": {
              "DisasterRecovery": "enabled",
              "Environment": "production",
              "EnvironmentSuffix": "synth101912498",
              "ManagedBy": "Terraform",
              "Name": "alb-sg-synth101912498",
              "Project": "TransactionProcessing",
              "TaskId": "101912498"
            },
            "tags_all": {
              "DisasterRecovery": "enabled",
              "Environment": "production",
              "EnvironmentSuffix": "synth101912498",
              "ManagedBy": "Terraform",
              "Name": "alb-sg-synth101912498",
              "Project": "TransactionProcessing",
              "TaskId": "101912498"
            },
            "timeouts": null,
            "vpc_id": "vpc-0297eccde9911b051"
          },
          "sensitive_attributes": [],
          "private": "eyJlMmJmYjczMC1lY2FhLTExZTYtOGY4OC0zNDM2M2JjN2M0YzAiOnsiY3JlYXRlIjo2MDAwMDAwMDAwMDAsImRlbGV0ZSI6OTAwMDAwMDAwMDAwfSwic2NoZW1hX3ZlcnNpb24iOiIxIn0=",
          "dependencies": [
            "aws_vpc.main"
          ]
        }
      ]
    },
    {
      "mode": "managed",
      "type": "aws_security_group",
      "name": "aurora",
      "provider": "provider[\"registry.terraform.io/hashicorp/aws\"]",
      "instances": [
        {
          "schema_version": 1,
          "attributes": {
            "arn": "arn:aws:ec2:us-east-1:342597974367:security-group/sg-05b62bf8f452fe359",
            "description": "Security group for Aurora PostgreSQL cluster",
            "egress": [
              {
                "cidr_blocks": [
                  "0.0.0.0/0"
                ],
                "description": "All outbound traffic",
                "from_port": 0,
                "ipv6_cidr_blocks": [],
                "prefix_list_ids": [],
                "protocol": "-1",
                "security_groups": [],
                "self": false,
                "to_port": 0
              }
            ],
            "id": "sg-05b62bf8f452fe359",
            "ingress": [
              {
                "cidr_blocks": [],
                "description": "PostgreSQL from ECS tasks",
                "from_port": 5432,
                "ipv6_cidr_blocks": [],
                "prefix_list_ids": [],
                "protocol": "tcp",
                "security_groups": [
                  "sg-01fa88423b81e114b"
                ],
                "self": false,
                "to_port": 5432
              }
            ],
            "name": "aurora-sg-synth101912498",
            "name_prefix": "",
            "owner_id": "342597974367",
            "revoke_rules_on_delete": false,
            "tags": {
              "DisasterRecovery": "enabled",
              "Environment": "production",
              "EnvironmentSuffix": "synth101912498",
              "ManagedBy": "Terraform",
              "Name": "aurora-sg-synth101912498",
              "Project": "TransactionProcessing",
              "TaskId": "101912498"
            },
            "tags_all": {
              "DisasterRecovery": "enabled",
              "Environment": "production",
              "EnvironmentSuffix": "synth101912498",
              "ManagedBy": "Terraform",
              "Name": "aurora-sg-synth101912498",
              "Project": "TransactionProcessing",
              "TaskId": "101912498"
            },
            "timeouts": null,
            "vpc_id": "vpc-0297eccde9911b051"
          },
          "sensitive_attributes": [],
          "private": "eyJlMmJmYjczMC1lY2FhLTExZTYtOGY4OC0zNDM2M2JjN2M0YzAiOnsiY3JlYXRlIjo2MDAwMDAwMDAwMDAsImRlbGV0ZSI6OTAwMDAwMDAwMDAwfSwic2NoZW1hX3ZlcnNpb24iOiIxIn0=",
          "dependencies": [
            "aws_security_group.alb",
            "aws_security_group.ecs_tasks",
            "aws_vpc.main"
          ]
        }
      ]
    },
    {
      "mode": "managed",
      "type": "aws_security_group",
      "name": "ecs_tasks",
      "provider": "provider[\"registry.terraform.io/hashicorp/aws\"]",
      "instances": [
        {
          "schema_version": 1,
          "attributes": {
            "arn": "arn:aws:ec2:us-east-1:342597974367:security-group/sg-01fa88423b81e114b",
            "description": "Security group for ECS tasks",
            "egress": [
              {
                "cidr_blocks": [
                  "0.0.0.0/0"
                ],
                "description": "All outbound traffic",
                "from_port": 0,
                "ipv6_cidr_blocks": [],
                "prefix_list_ids": [],
                "protocol": "-1",
                "security_groups": [],
                "self": false,
                "to_port": 0
              }
            ],
            "id": "sg-01fa88423b81e114b",
            "ingress": [
              {
                "cidr_blocks": [],
                "description": "Traffic from ALB",
                "from_port": 80,
                "ipv6_cidr_blocks": [],
                "prefix_list_ids": [],
                "protocol": "tcp",
                "security_groups": [
                  "sg-0ca642cd28643891e"
                ],
                "self": false,
                "to_port": 80
              }
            ],
            "name": "ecs-tasks-sg-synth101912498",
            "name_prefix": "",
            "owner_id": "342597974367",
            "revoke_rules_on_delete": false,
            "tags": {
              "DisasterRecovery": "enabled",
              "Environment": "production",
              "EnvironmentSuffix": "synth101912498",
              "ManagedBy": "Terraform",
              "Name": "ecs-tasks-sg-synth101912498",
              "Project": "TransactionProcessing",
              "TaskId": "101912498"
            },
            "tags_all": {
              "DisasterRecovery": "enabled",
              "Environment": "production",
              "EnvironmentSuffix": "synth101912498",
              "ManagedBy": "Terraform",
              "Name": "ecs-tasks-sg-synth101912498",
              "Project": "TransactionProcessing",
              "TaskId": "101912498"
            },
            "timeouts": null,
            "vpc_id": "vpc-0297eccde9911b051"
          },
          "sensitive_attributes": [],
          "private": "eyJlMmJmYjczMC1lY2FhLTExZTYtOGY4OC0zNDM2M2JjN2M0YzAiOnsiY3JlYXRlIjo2MDAwMDAwMDAwMDAsImRlbGV0ZSI6OTAwMDAwMDAwMDAwfSwic2NoZW1hX3ZlcnNpb24iOiIxIn0=",
          "dependencies": [
            "aws_security_group.alb",
            "aws_vpc.main"
          ]
        }
      ]
    },
    {
      "mode": "managed",
      "type": "aws_security_group",
      "name": "redis",
      "provider": "provider[\"registry.terraform.io/hashicorp/aws\"]",
      "instances": [
        {
          "schema_version": 1,
          "attributes": {
            "arn": "arn:aws:ec2:us-east-1:342597974367:security-group/sg-0eb759eed432e9482",
            "description": "Security group for ElastiCache Redis cluster",
            "egress": [
              {
                "cidr_blocks": [
                  "0.0.0.0/0"
                ],
                "description": "All outbound traffic",
                "from_port": 0,
                "ipv6_cidr_blocks": [],
                "prefix_list_ids": [],
                "protocol": "-1",
                "security_groups": [],
                "self": false,
                "to_port": 0
              }
            ],
            "id": "sg-0eb759eed432e9482",
            "ingress": [
              {
                "cidr_blocks": [],
                "description": "Redis from ECS tasks",
                "from_port": 6379,
                "ipv6_cidr_blocks": [],
                "prefix_list_ids": [],
                "protocol": "tcp",
                "security_groups": [
                  "sg-01fa88423b81e114b"
                ],
                "self": false,
                "to_port": 6379
              }
            ],
            "name": "redis-sg-synth101912498",
            "name_prefix": "",
            "owner_id": "342597974367",
            "revoke_rules_on_delete": false,
            "tags": {
              "DisasterRecovery": "enabled",
              "Environment": "production",
              "EnvironmentSuffix": "synth101912498",
              "ManagedBy": "Terraform",
              "Name": "redis-sg-synth101912498",
              "Project": "TransactionProcessing",
              "TaskId": "101912498"
            },
            "tags_all": {
              "DisasterRecovery": "enabled",
              "Environment": "production",
              "EnvironmentSuffix": "synth101912498",
              "ManagedBy": "Terraform",
              "Name": "redis-sg-synth101912498",
              "Project": "TransactionProcessing",
              "TaskId": "101912498"
            },
            "timeouts": null,
            "vpc_id": "vpc-0297eccde9911b051"
          },
          "sensitive_attributes": [],
          "private": "eyJlMmJmYjczMC1lY2FhLTExZTYtOGY4OC0zNDM2M2JjN2M0YzAiOnsiY3JlYXRlIjo2MDAwMDAwMDAwMDAsImRlbGV0ZSI6OTAwMDAwMDAwMDAwfSwic2NoZW1hX3ZlcnNpb24iOiIxIn0=",
          "dependencies": [
            "aws_security_group.alb",
            "aws_security_group.ecs_tasks",
            "aws_vpc.main"
          ]
        }
      ]
    },
    {
      "mode": "managed",
      "type": "aws_sns_topic",
      "name": "alarms",
      "provider": "provider[\"registry.terraform.io/hashicorp/aws\"]",
      "instances": [
        {
          "schema_version": 0,
          "attributes": {
            "application_failure_feedback_role_arn": "",
            "application_success_feedback_role_arn": "",
            "application_success_feedback_sample_rate": 0,
            "archive_policy": "",
            "arn": "arn:aws:sns:us-east-1:342597974367:alarms-synth101912498",
            "beginning_archive_time": "",
            "content_based_deduplication": false,
            "delivery_policy": "",
            "display_name": "",
            "fifo_throughput_scope": "",
            "fifo_topic": false,
            "firehose_failure_feedback_role_arn": "",
            "firehose_success_feedback_role_arn": "",
            "firehose_success_feedback_sample_rate": 0,
            "http_failure_feedback_role_arn": "",
            "http_success_feedback_role_arn": "",
            "http_success_feedback_sample_rate": 0,
            "id": "arn:aws:sns:us-east-1:342597974367:alarms-synth101912498",
            "kms_master_key_id": "",
            "lambda_failure_feedback_role_arn": "",
            "lambda_success_feedback_role_arn": "",
            "lambda_success_feedback_sample_rate": 0,
            "name": "alarms-synth101912498",
            "name_prefix": "",
            "owner": "342597974367",
            "policy": "{\"Id\":\"__default_policy_ID\",\"Statement\":[{\"Action\":[\"SNS:GetTopicAttributes\",\"SNS:SetTopicAttributes\",\"SNS:AddPermission\",\"SNS:RemovePermission\",\"SNS:DeleteTopic\",\"SNS:Subscribe\",\"SNS:ListSubscriptionsByTopic\",\"SNS:Publish\"],\"Condition\":{\"StringEquals\":{\"AWS:SourceOwner\":\"342597974367\"}},\"Effect\":\"Allow\",\"Principal\":{\"AWS\":\"*\"},\"Resource\":\"arn:aws:sns:us-east-1:342597974367:alarms-synth101912498\",\"Sid\":\"__default_statement_ID\"}],\"Version\":\"2008-10-17\"}",
            "signature_version": 0,
            "sqs_failure_feedback_role_arn": "",
            "sqs_success_feedback_role_arn": "",
            "sqs_success_feedback_sample_rate": 0,
            "tags": {
              "DisasterRecovery": "enabled",
              "Environment": "production",
              "EnvironmentSuffix": "synth101912498",
              "ManagedBy": "Terraform",
              "Name": "alarms-synth101912498",
              "Project": "TransactionProcessing",
              "TaskId": "101912498"
            },
            "tags_all": {
              "DisasterRecovery": "enabled",
              "Environment": "production",
              "EnvironmentSuffix": "synth101912498",
              "ManagedBy": "Terraform",
              "Name": "alarms-synth101912498",
              "Project": "TransactionProcessing",
              "TaskId": "101912498"
            },
            "tracing_config": ""
          },
          "sensitive_attributes": [],
          "private": "bnVsbA=="
        }
      ]
    },
    {
      "mode": "managed",
      "type": "aws_sns_topic_subscription",
      "name": "alarm_email",
      "provider": "provider[\"registry.terraform.io/hashicorp/aws\"]",
      "instances": [
        {
          "schema_version": 0,
          "attributes": {
            "arn": "arn:aws:sns:us-east-1:342597974367:alarms-synth101912498:d1d4accc-93dd-426c-b186-24e7305ab267",
            "confirmation_timeout_in_minutes": 1,
            "confirmation_was_authenticated": false,
            "delivery_policy": "",
            "endpoint": "test@example.com",
            "endpoint_auto_confirms": false,
            "filter_policy": "",
            "filter_policy_scope": "",
            "id": "arn:aws:sns:us-east-1:342597974367:alarms-synth101912498:d1d4accc-93dd-426c-b186-24e7305ab267",
            "owner_id": "342597974367",
            "pending_confirmation": true,
            "protocol": "email",
            "raw_message_delivery": false,
            "redrive_policy": "",
            "replay_policy": "",
            "subscription_role_arn": "",
            "topic_arn": "arn:aws:sns:us-east-1:342597974367:alarms-synth101912498"
          },
          "sensitive_attributes": [],
          "private": "bnVsbA==",
          "dependencies": [
            "aws_sns_topic.alarms"
          ]
        }
      ]
    },
    {
      "mode": "managed",
      "type": "aws_subnet",
      "name": "private_app",
      "provider": "provider[\"registry.terraform.io/hashicorp/aws\"]",
      "instances": [
        {
          "index_key": 0,
          "schema_version": 1,
          "attributes": {
            "arn": "arn:aws:ec2:us-east-1:342597974367:subnet/subnet-07c48a3e77dc51af3",
            "assign_ipv6_address_on_creation": false,
            "availability_zone": "us-east-1a",
            "availability_zone_id": "use1-az1",
            "cidr_block": "10.0.10.0/24",
            "customer_owned_ipv4_pool": "",
            "enable_dns64": false,
            "enable_lni_at_device_index": 0,
            "enable_resource_name_dns_a_record_on_launch": false,
            "enable_resource_name_dns_aaaa_record_on_launch": false,
            "id": "subnet-07c48a3e77dc51af3",
            "ipv6_cidr_block": "",
            "ipv6_cidr_block_association_id": "",
            "ipv6_native": false,
            "map_customer_owned_ip_on_launch": false,
            "map_public_ip_on_launch": false,
            "outpost_arn": "",
            "owner_id": "342597974367",
            "private_dns_hostname_type_on_launch": "ip-name",
            "tags": {
              "DisasterRecovery": "enabled",
              "Environment": "production",
              "EnvironmentSuffix": "synth101912498",
              "ManagedBy": "Terraform",
              "Name": "private-app-subnet-synth101912498-1",
              "Project": "TransactionProcessing",
              "TaskId": "101912498",
              "Tier": "application",
              "Type": "private"
            },
            "tags_all": {
              "DisasterRecovery": "enabled",
              "Environment": "production",
              "EnvironmentSuffix": "synth101912498",
              "ManagedBy": "Terraform",
              "Name": "private-app-subnet-synth101912498-1",
              "Project": "TransactionProcessing",
              "TaskId": "101912498",
              "Tier": "application",
              "Type": "private"
            },
            "timeouts": null,
            "vpc_id": "vpc-0297eccde9911b051"
          },
          "sensitive_attributes": [],
          "private": "eyJlMmJmYjczMC1lY2FhLTExZTYtOGY4OC0zNDM2M2JjN2M0YzAiOnsiY3JlYXRlIjo2MDAwMDAwMDAwMDAsImRlbGV0ZSI6MTIwMDAwMDAwMDAwMH0sInNjaGVtYV92ZXJzaW9uIjoiMSJ9",
          "dependencies": [
            "aws_vpc.main",
            "data.aws_availability_zones.available"
          ]
        },
        {
          "index_key": 1,
          "schema_version": 1,
          "attributes": {
            "arn": "arn:aws:ec2:us-east-1:342597974367:subnet/subnet-0f27b127c4b6b4bc6",
            "assign_ipv6_address_on_creation": false,
            "availability_zone": "us-east-1b",
            "availability_zone_id": "use1-az2",
            "cidr_block": "10.0.11.0/24",
            "customer_owned_ipv4_pool": "",
            "enable_dns64": false,
            "enable_lni_at_device_index": 0,
            "enable_resource_name_dns_a_record_on_launch": false,
            "enable_resource_name_dns_aaaa_record_on_launch": false,
            "id": "subnet-0f27b127c4b6b4bc6",
            "ipv6_cidr_block": "",
            "ipv6_cidr_block_association_id": "",
            "ipv6_native": false,
            "map_customer_owned_ip_on_launch": false,
            "map_public_ip_on_launch": false,
            "outpost_arn": "",
            "owner_id": "342597974367",
            "private_dns_hostname_type_on_launch": "ip-name",
            "tags": {
              "DisasterRecovery": "enabled",
              "Environment": "production",
              "EnvironmentSuffix": "synth101912498",
              "ManagedBy": "Terraform",
              "Name": "private-app-subnet-synth101912498-2",
              "Project": "TransactionProcessing",
              "TaskId": "101912498",
              "Tier": "application",
              "Type": "private"
            },
            "tags_all": {
              "DisasterRecovery": "enabled",
              "Environment": "production",
              "EnvironmentSuffix": "synth101912498",
              "ManagedBy": "Terraform",
              "Name": "private-app-subnet-synth101912498-2",
              "Project": "TransactionProcessing",
              "TaskId": "101912498",
              "Tier": "application",
              "Type": "private"
            },
            "timeouts": null,
            "vpc_id": "vpc-0297eccde9911b051"
          },
          "sensitive_attributes": [],
          "private": "eyJlMmJmYjczMC1lY2FhLTExZTYtOGY4OC0zNDM2M2JjN2M0YzAiOnsiY3JlYXRlIjo2MDAwMDAwMDAwMDAsImRlbGV0ZSI6MTIwMDAwMDAwMDAwMH0sInNjaGVtYV92ZXJzaW9uIjoiMSJ9",
          "dependencies": [
            "aws_vpc.main",
            "data.aws_availability_zones.available"
          ]
        },
        {
          "index_key": 2,
          "schema_version": 1,
          "attributes": {
            "arn": "arn:aws:ec2:us-east-1:342597974367:subnet/subnet-045c4dbcf1a2d6843",
            "assign_ipv6_address_on_creation": false,
            "availability_zone": "us-east-1c",
            "availability_zone_id": "use1-az4",
            "cidr_block": "10.0.12.0/24",
            "customer_owned_ipv4_pool": "",
            "enable_dns64": false,
            "enable_lni_at_device_index": 0,
            "enable_resource_name_dns_a_record_on_launch": false,
            "enable_resource_name_dns_aaaa_record_on_launch": false,
            "id": "subnet-045c4dbcf1a2d6843",
            "ipv6_cidr_block": "",
            "ipv6_cidr_block_association_id": "",
            "ipv6_native": false,
            "map_customer_owned_ip_on_launch": false,
            "map_public_ip_on_launch": false,
            "outpost_arn": "",
            "owner_id": "342597974367",
            "private_dns_hostname_type_on_launch": "ip-name",
            "tags": {
              "DisasterRecovery": "enabled",
              "Environment": "production",
              "EnvironmentSuffix": "synth101912498",
              "ManagedBy": "Terraform",
              "Name": "private-app-subnet-synth101912498-3",
              "Project": "TransactionProcessing",
              "TaskId": "101912498",
              "Tier": "application",
              "Type": "private"
            },
            "tags_all": {
              "DisasterRecovery": "enabled",
              "Environment": "production",
              "EnvironmentSuffix": "synth101912498",
              "ManagedBy": "Terraform",
              "Name": "private-app-subnet-synth101912498-3",
              "Project": "TransactionProcessing",
              "TaskId": "101912498",
              "Tier": "application",
              "Type": "private"
            },
            "timeouts": null,
            "vpc_id": "vpc-0297eccde9911b051"
          },
          "sensitive_attributes": [],
          "private": "eyJlMmJmYjczMC1lY2FhLTExZTYtOGY4OC0zNDM2M2JjN2M0YzAiOnsiY3JlYXRlIjo2MDAwMDAwMDAwMDAsImRlbGV0ZSI6MTIwMDAwMDAwMDAwMH0sInNjaGVtYV92ZXJzaW9uIjoiMSJ9",
          "dependencies": [
            "aws_vpc.main",
            "data.aws_availability_zones.available"
          ]
        }
      ]
    },
    {
      "mode": "managed",
      "type": "aws_subnet",
      "name": "private_db",
      "provider": "provider[\"registry.terraform.io/hashicorp/aws\"]",
      "instances": [
        {
          "index_key": 0,
          "schema_version": 1,
          "attributes": {
            "arn": "arn:aws:ec2:us-east-1:342597974367:subnet/subnet-0bb0183838ebc0aba",
            "assign_ipv6_address_on_creation": false,
            "availability_zone": "us-east-1a",
            "availability_zone_id": "use1-az1",
            "cidr_block": "10.0.20.0/24",
            "customer_owned_ipv4_pool": "",
            "enable_dns64": false,
            "enable_lni_at_device_index": 0,
            "enable_resource_name_dns_a_record_on_launch": false,
            "enable_resource_name_dns_aaaa_record_on_launch": false,
            "id": "subnet-0bb0183838ebc0aba",
            "ipv6_cidr_block": "",
            "ipv6_cidr_block_association_id": "",
            "ipv6_native": false,
            "map_customer_owned_ip_on_launch": false,
            "map_public_ip_on_launch": false,
            "outpost_arn": "",
            "owner_id": "342597974367",
            "private_dns_hostname_type_on_launch": "ip-name",
            "tags": {
              "DisasterRecovery": "enabled",
              "Environment": "production",
              "EnvironmentSuffix": "synth101912498",
              "ManagedBy": "Terraform",
              "Name": "private-db-subnet-synth101912498-1",
              "Project": "TransactionProcessing",
              "TaskId": "101912498",
              "Tier": "database",
              "Type": "private"
            },
            "tags_all": {
              "DisasterRecovery": "enabled",
              "Environment": "production",
              "EnvironmentSuffix": "synth101912498",
              "ManagedBy": "Terraform",
              "Name": "private-db-subnet-synth101912498-1",
              "Project": "TransactionProcessing",
              "TaskId": "101912498",
              "Tier": "database",
              "Type": "private"
            },
            "timeouts": null,
            "vpc_id": "vpc-0297eccde9911b051"
          },
          "sensitive_attributes": [],
          "private": "eyJlMmJmYjczMC1lY2FhLTExZTYtOGY4OC0zNDM2M2JjN2M0YzAiOnsiY3JlYXRlIjo2MDAwMDAwMDAwMDAsImRlbGV0ZSI6MTIwMDAwMDAwMDAwMH0sInNjaGVtYV92ZXJzaW9uIjoiMSJ9",
          "dependencies": [
            "aws_vpc.main",
            "data.aws_availability_zones.available"
          ]
        },
        {
          "index_key": 1,
          "schema_version": 1,
          "attributes": {
            "arn": "arn:aws:ec2:us-east-1:342597974367:subnet/subnet-0217455958a1efbfb",
            "assign_ipv6_address_on_creation": false,
            "availability_zone": "us-east-1b",
            "availability_zone_id": "use1-az2",
            "cidr_block": "10.0.21.0/24",
            "customer_owned_ipv4_pool": "",
            "enable_dns64": false,
            "enable_lni_at_device_index": 0,
            "enable_resource_name_dns_a_record_on_launch": false,
            "enable_resource_name_dns_aaaa_record_on_launch": false,
            "id": "subnet-0217455958a1efbfb",
            "ipv6_cidr_block": "",
            "ipv6_cidr_block_association_id": "",
            "ipv6_native": false,
            "map_customer_owned_ip_on_launch": false,
            "map_public_ip_on_launch": false,
            "outpost_arn": "",
            "owner_id": "342597974367",
            "private_dns_hostname_type_on_launch": "ip-name",
            "tags": {
              "DisasterRecovery": "enabled",
              "Environment": "production",
              "EnvironmentSuffix": "synth101912498",
              "ManagedBy": "Terraform",
              "Name": "private-db-subnet-synth101912498-2",
              "Project": "TransactionProcessing",
              "TaskId": "101912498",
              "Tier": "database",
              "Type": "private"
            },
            "tags_all": {
              "DisasterRecovery": "enabled",
              "Environment": "production",
              "EnvironmentSuffix": "synth101912498",
              "ManagedBy": "Terraform",
              "Name": "private-db-subnet-synth101912498-2",
              "Project": "TransactionProcessing",
              "TaskId": "101912498",
              "Tier": "database",
              "Type": "private"
            },
            "timeouts": null,
            "vpc_id": "vpc-0297eccde9911b051"
          },
          "sensitive_attributes": [],
          "private": "eyJlMmJmYjczMC1lY2FhLTExZTYtOGY4OC0zNDM2M2JjN2M0YzAiOnsiY3JlYXRlIjo2MDAwMDAwMDAwMDAsImRlbGV0ZSI6MTIwMDAwMDAwMDAwMH0sInNjaGVtYV92ZXJzaW9uIjoiMSJ9",
          "dependencies": [
            "aws_vpc.main",
            "data.aws_availability_zones.available"
          ]
        },
        {
          "index_key": 2,
          "schema_version": 1,
          "attributes": {
            "arn": "arn:aws:ec2:us-east-1:342597974367:subnet/subnet-0a3b87763048e8a99",
            "assign_ipv6_address_on_creation": false,
            "availability_zone": "us-east-1c",
            "availability_zone_id": "use1-az4",
            "cidr_block": "10.0.22.0/24",
            "customer_owned_ipv4_pool": "",
            "enable_dns64": false,
            "enable_lni_at_device_index": 0,
            "enable_resource_name_dns_a_record_on_launch": false,
            "enable_resource_name_dns_aaaa_record_on_launch": false,
            "id": "subnet-0a3b87763048e8a99",
            "ipv6_cidr_block": "",
            "ipv6_cidr_block_association_id": "",
            "ipv6_native": false,
            "map_customer_owned_ip_on_launch": false,
            "map_public_ip_on_launch": false,
            "outpost_arn": "",
            "owner_id": "342597974367",
            "private_dns_hostname_type_on_launch": "ip-name",
            "tags": {
              "DisasterRecovery": "enabled",
              "Environment": "production",
              "EnvironmentSuffix": "synth101912498",
              "ManagedBy": "Terraform",
              "Name": "private-db-subnet-synth101912498-3",
              "Project": "TransactionProcessing",
              "TaskId": "101912498",
              "Tier": "database",
              "Type": "private"
            },
            "tags_all": {
              "DisasterRecovery": "enabled",
              "Environment": "production",
              "EnvironmentSuffix": "synth101912498",
              "ManagedBy": "Terraform",
              "Name": "private-db-subnet-synth101912498-3",
              "Project": "TransactionProcessing",
              "TaskId": "101912498",
              "Tier": "database",
              "Type": "private"
            },
            "timeouts": null,
            "vpc_id": "vpc-0297eccde9911b051"
          },
          "sensitive_attributes": [],
          "private": "eyJlMmJmYjczMC1lY2FhLTExZTYtOGY4OC0zNDM2M2JjN2M0YzAiOnsiY3JlYXRlIjo2MDAwMDAwMDAwMDAsImRlbGV0ZSI6MTIwMDAwMDAwMDAwMH0sInNjaGVtYV92ZXJzaW9uIjoiMSJ9",
          "dependencies": [
            "aws_vpc.main",
            "data.aws_availability_zones.available"
          ]
        }
      ]
    },
    {
      "mode": "managed",
      "type": "aws_subnet",
      "name": "public",
      "provider": "provider[\"registry.terraform.io/hashicorp/aws\"]",
      "instances": [
        {
          "index_key": 0,
          "schema_version": 1,
          "attributes": {
            "arn": "arn:aws:ec2:us-east-1:342597974367:subnet/subnet-0004211d6b020093e",
            "assign_ipv6_address_on_creation": false,
            "availability_zone": "us-east-1a",
            "availability_zone_id": "use1-az1",
            "cidr_block": "10.0.0.0/24",
            "customer_owned_ipv4_pool": "",
            "enable_dns64": false,
            "enable_lni_at_device_index": 0,
            "enable_resource_name_dns_a_record_on_launch": false,
            "enable_resource_name_dns_aaaa_record_on_launch": false,
            "id": "subnet-0004211d6b020093e",
            "ipv6_cidr_block": "",
            "ipv6_cidr_block_association_id": "",
            "ipv6_native": false,
            "map_customer_owned_ip_on_launch": false,
            "map_public_ip_on_launch": true,
            "outpost_arn": "",
            "owner_id": "342597974367",
            "private_dns_hostname_type_on_launch": "ip-name",
            "tags": {
              "DisasterRecovery": "enabled",
              "Environment": "production",
              "EnvironmentSuffix": "synth101912498",
              "ManagedBy": "Terraform",
              "Name": "public-subnet-synth101912498-1",
              "Project": "TransactionProcessing",
              "TaskId": "101912498",
              "Type": "public"
            },
            "tags_all": {
              "DisasterRecovery": "enabled",
              "Environment": "production",
              "EnvironmentSuffix": "synth101912498",
              "ManagedBy": "Terraform",
              "Name": "public-subnet-synth101912498-1",
              "Project": "TransactionProcessing",
              "TaskId": "101912498",
              "Type": "public"
            },
            "timeouts": null,
            "vpc_id": "vpc-0297eccde9911b051"
          },
          "sensitive_attributes": [],
          "private": "eyJlMmJmYjczMC1lY2FhLTExZTYtOGY4OC0zNDM2M2JjN2M0YzAiOnsiY3JlYXRlIjo2MDAwMDAwMDAwMDAsImRlbGV0ZSI6MTIwMDAwMDAwMDAwMH0sInNjaGVtYV92ZXJzaW9uIjoiMSJ9",
          "dependencies": [
            "aws_vpc.main",
            "data.aws_availability_zones.available"
          ]
        },
        {
          "index_key": 1,
          "schema_version": 1,
          "attributes": {
            "arn": "arn:aws:ec2:us-east-1:342597974367:subnet/subnet-02cb231b3e578c34c",
            "assign_ipv6_address_on_creation": false,
            "availability_zone": "us-east-1b",
            "availability_zone_id": "use1-az2",
            "cidr_block": "10.0.1.0/24",
            "customer_owned_ipv4_pool": "",
            "enable_dns64": false,
            "enable_lni_at_device_index": 0,
            "enable_resource_name_dns_a_record_on_launch": false,
            "enable_resource_name_dns_aaaa_record_on_launch": false,
            "id": "subnet-02cb231b3e578c34c",
            "ipv6_cidr_block": "",
            "ipv6_cidr_block_association_id": "",
            "ipv6_native": false,
            "map_customer_owned_ip_on_launch": false,
            "map_public_ip_on_launch": true,
            "outpost_arn": "",
            "owner_id": "342597974367",
            "private_dns_hostname_type_on_launch": "ip-name",
            "tags": {
              "DisasterRecovery": "enabled",
              "Environment": "production",
              "EnvironmentSuffix": "synth101912498",
              "ManagedBy": "Terraform",
              "Name": "public-subnet-synth101912498-2",
              "Project": "TransactionProcessing",
              "TaskId": "101912498",
              "Type": "public"
            },
            "tags_all": {
              "DisasterRecovery": "enabled",
              "Environment": "production",
              "EnvironmentSuffix": "synth101912498",
              "ManagedBy": "Terraform",
              "Name": "public-subnet-synth101912498-2",
              "Project": "TransactionProcessing",
              "TaskId": "101912498",
              "Type": "public"
            },
            "timeouts": null,
            "vpc_id": "vpc-0297eccde9911b051"
          },
          "sensitive_attributes": [],
          "private": "eyJlMmJmYjczMC1lY2FhLTExZTYtOGY4OC0zNDM2M2JjN2M0YzAiOnsiY3JlYXRlIjo2MDAwMDAwMDAwMDAsImRlbGV0ZSI6MTIwMDAwMDAwMDAwMH0sInNjaGVtYV92ZXJzaW9uIjoiMSJ9",
          "dependencies": [
            "aws_vpc.main",
            "data.aws_availability_zones.available"
          ]
        },
        {
          "index_key": 2,
          "schema_version": 1,
          "attributes": {
            "arn": "arn:aws:ec2:us-east-1:342597974367:subnet/subnet-0609722b5e8c7e359",
            "assign_ipv6_address_on_creation": false,
            "availability_zone": "us-east-1c",
            "availability_zone_id": "use1-az4",
            "cidr_block": "10.0.2.0/24",
            "customer_owned_ipv4_pool": "",
            "enable_dns64": false,
            "enable_lni_at_device_index": 0,
            "enable_resource_name_dns_a_record_on_launch": false,
            "enable_resource_name_dns_aaaa_record_on_launch": false,
            "id": "subnet-0609722b5e8c7e359",
            "ipv6_cidr_block": "",
            "ipv6_cidr_block_association_id": "",
            "ipv6_native": false,
            "map_customer_owned_ip_on_launch": false,
            "map_public_ip_on_launch": true,
            "outpost_arn": "",
            "owner_id": "342597974367",
            "private_dns_hostname_type_on_launch": "ip-name",
            "tags": {
              "DisasterRecovery": "enabled",
              "Environment": "production",
              "EnvironmentSuffix": "synth101912498",
              "ManagedBy": "Terraform",
              "Name": "public-subnet-synth101912498-3",
              "Project": "TransactionProcessing",
              "TaskId": "101912498",
              "Type": "public"
            },
            "tags_all": {
              "DisasterRecovery": "enabled",
              "Environment": "production",
              "EnvironmentSuffix": "synth101912498",
              "ManagedBy": "Terraform",
              "Name": "public-subnet-synth101912498-3",
              "Project": "TransactionProcessing",
              "TaskId": "101912498",
              "Type": "public"
            },
            "timeouts": null,
            "vpc_id": "vpc-0297eccde9911b051"
          },
          "sensitive_attributes": [],
          "private": "eyJlMmJmYjczMC1lY2FhLTExZTYtOGY4OC0zNDM2M2JjN2M0YzAiOnsiY3JlYXRlIjo2MDAwMDAwMDAwMDAsImRlbGV0ZSI6MTIwMDAwMDAwMDAwMH0sInNjaGVtYV92ZXJzaW9uIjoiMSJ9",
          "dependencies": [
            "aws_vpc.main",
            "data.aws_availability_zones.available"
          ]
        }
      ]
    },
    {
      "mode": "managed",
      "type": "aws_vpc",
      "name": "main",
      "provider": "provider[\"registry.terraform.io/hashicorp/aws\"]",
      "instances": [
        {
          "schema_version": 1,
          "attributes": {
            "arn": "arn:aws:ec2:us-east-1:342597974367:vpc/vpc-0297eccde9911b051",
            "assign_generated_ipv6_cidr_block": false,
            "cidr_block": "10.0.0.0/16",
            "default_network_acl_id": "acl-0d64692182d2215d5",
            "default_route_table_id": "rtb-057ca02aeaee97edf",
            "default_security_group_id": "sg-0df236c3de93d4e4a",
            "dhcp_options_id": "dopt-096ea572b45cebc14",
            "enable_dns_hostnames": true,
            "enable_dns_support": true,
            "enable_network_address_usage_metrics": false,
            "id": "vpc-0297eccde9911b051",
            "instance_tenancy": "default",
            "ipv4_ipam_pool_id": null,
            "ipv4_netmask_length": null,
            "ipv6_association_id": "",
            "ipv6_cidr_block": "",
            "ipv6_cidr_block_network_border_group": "",
            "ipv6_ipam_pool_id": "",
            "ipv6_netmask_length": 0,
            "main_route_table_id": "rtb-057ca02aeaee97edf",
            "owner_id": "342597974367",
            "tags": {
              "DisasterRecovery": "enabled",
              "Environment": "production",
              "EnvironmentSuffix": "synth101912498",
              "ManagedBy": "Terraform",
              "Name": "vpc-synth101912498",
              "Project": "TransactionProcessing",
              "TaskId": "101912498"
            },
            "tags_all": {
              "DisasterRecovery": "enabled",
              "Environment": "production",
              "EnvironmentSuffix": "synth101912498",
              "ManagedBy": "Terraform",
              "Name": "vpc-synth101912498",
              "Project": "TransactionProcessing",
              "TaskId": "101912498"
            }
          },
          "sensitive_attributes": [],
          "private": "eyJzY2hlbWFfdmVyc2lvbiI6IjEifQ=="
        }
      ]
    },
    {
      "mode": "managed",
      "type": "random_password",
      "name": "aurora",
      "provider": "provider[\"registry.terraform.io/hashicorp/random\"]",
      "instances": [
        {
          "schema_version": 3,
          "attributes": {
            "bcrypt_hash": "$2a$10$iA4hDNqBES4YIrIWK0Z1Ae9vUBZO6KOnTle0IeYT8KMrPcCzDwxz6",
            "id": "none",
            "keepers": null,
            "length": 16,
            "lower": true,
            "min_lower": 0,
            "min_numeric": 0,
            "min_special": 0,
            "min_upper": 0,
            "number": true,
            "numeric": true,
            "override_special": null,
            "result": "yj:Zg:GI7G:o!iO)",
            "special": true,
            "upper": true
          },
          "sensitive_attributes": [
            [
              {
                "type": "get_attr",
                "value": "bcrypt_hash"
              }
            ],
            [
              {
                "type": "get_attr",
                "value": "result"
              }
            ]
          ]
        }
      ]
    }
  ],
  "check_results": [
    {
      "object_kind": "var",
      "config_addr": "var.availability_zones_count",
      "status": "pass",
      "objects": [
        {
          "object_addr": "var.availability_zones_count",
          "status": "pass"
        }
      ]
    },
    {
      "object_kind": "var",
      "config_addr": "var.environment_suffix",
      "status": "pass",
      "objects": [
        {
          "object_addr": "var.environment_suffix",
          "status": "pass"
        }
      ]
    },
    {
      "object_kind": "var",
      "config_addr": "var.alarm_email",
      "status": "pass",
      "objects": [
        {
          "object_addr": "var.alarm_email",
          "status": "pass"
        }
      ]
    },
    {
      "object_kind": "var",
      "config_addr": "var.db_password",
      "status": "pass",
      "objects": [
        {
          "object_addr": "var.db_password",
          "status": "pass"
        }
      ]
    }
  ]
}
