{
  "version": 4,
  "terraform_version": "1.9.0",
  "serial": 38,
  "lineage": "d0a941bb-7ac4-a10d-6a2d-2c770311e182",
  "outputs": {
    "alb_arn": {
      "value": "arn:aws:elasticloadbalancing:ap-southeast-1:342597974367:loadbalancer/app/app-2025111704334936680000000b/c6bd25e760eec998",
      "type": "string"
    },
    "alb_dns_name": {
      "value": "app-2025111704334936680000000b-1884896221.ap-southeast-1.elb.amazonaws.com",
      "type": "string"
    },
    "alb_security_group_id": {
      "value": "sg-01a18b5faf64f74cd",
      "type": "string"
    },
    "alb_zone_id": {
      "value": "Z1LMS91P8CMLE5",
      "type": "string"
    },
    "autoscaling_group_arn": {
      "value": "arn:aws:autoscaling:ap-southeast-1:342597974367:autoScalingGroup:e54fa636-6690-4fca-83fd-47e62a8ddba7:autoScalingGroupName/app-asg-synth101912432-20251117043611890600000010",
      "type": "string"
    },
    "autoscaling_group_name": {
      "value": "app-asg-synth101912432-20251117043611890600000010",
      "type": "string"
    },
    "ec2_security_group_id": {
      "value": "sg-07609c146130bfd47",
      "type": "string"
    },
    "environment": {
      "value": "default",
      "type": "string"
    },
    "environment_suffix": {
      "value": "synth101912432",
      "type": "string"
    },
    "private_subnet_ids": {
      "value": [
        "subnet-095be805413e7b906",
        "subnet-03fa00b73dd2fc25d"
      ],
      "type": [
        "tuple",
        [
          "string",
          "string"
        ]
      ]
    },
    "public_subnet_ids": {
      "value": [
        "subnet-02537ed490cc944f2",
        "subnet-0258ba9d1ff03c95e"
      ],
      "type": [
        "tuple",
        [
          "string",
          "string"
        ]
      ]
    },
    "rds_database_name": {
      "value": "fintechdb",
      "type": "string"
    },
    "rds_security_group_id": {
      "value": "sg-05e76d40ec1174a0b",
      "type": "string"
    },
    "region": {
      "value": "ap-southeast-1",
      "type": "string"
    },
    "state_bucket_name": {
      "value": "terraform-state-fintech-app-synth101912432",
      "type": "string"
    },
    "state_lock_table_name": {
      "value": "terraform-state-lock-synth101912432",
      "type": "string"
    },
    "vpc_id": {
      "value": "vpc-0dda0703ba574801f",
      "type": "string"
    }
  },
  "resources": [
    {
      "mode": "data",
      "type": "aws_ami",
      "name": "amazon_linux_2",
      "provider": "provider[\"registry.terraform.io/hashicorp/aws\"]",
      "instances": [
        {
          "schema_version": 0,
          "attributes": {
            "architecture": "x86_64",
            "arn": "arn:aws:ec2:ap-southeast-1::image/ami-0ca143b172aae70b7",
            "block_device_mappings": [
              {
                "device_name": "/dev/xvda",
                "ebs": {
                  "delete_on_termination": "true",
                  "encrypted": "false",
                  "iops": "0",
                  "snapshot_id": "snap-0396ebb7c79bb6247",
                  "throughput": "0",
                  "volume_initialization_rate": "0",
                  "volume_size": "8",
                  "volume_type": "gp2"
                },
                "no_device": "",
                "virtual_name": ""
              }
            ],
            "boot_mode": "",
            "creation_date": "2025-11-08T19:15:13.000Z",
            "deprecation_time": "2026-02-06T00:00:00.000Z",
            "description": "Amazon Linux 2 AMI 2.0.20251110.1 x86_64 HVM gp2",
            "ena_support": true,
            "executable_users": null,
            "filter": [
              {
                "name": "name",
                "values": [
                  "amzn2-ami-hvm-*-x86_64-gp2"
                ]
              },
              {
                "name": "virtualization-type",
                "values": [
                  "hvm"
                ]
              }
            ],
            "hypervisor": "xen",
            "id": "ami-0ca143b172aae70b7",
            "image_id": "ami-0ca143b172aae70b7",
            "image_location": "amazon/amzn2-ami-hvm-2.0.20251110.1-x86_64-gp2",
            "image_owner_alias": "amazon",
            "image_type": "machine",
            "imds_support": "",
            "include_deprecated": false,
            "kernel_id": "",
            "last_launched_time": "",
            "most_recent": true,
            "name": "amzn2-ami-hvm-2.0.20251110.1-x86_64-gp2",
            "name_regex": null,
            "owner_id": "137112412989",
            "owners": [
              "amazon"
            ],
            "platform": "",
            "platform_details": "Linux/UNIX",
            "product_codes": [],
            "public": true,
            "ramdisk_id": "",
            "root_device_name": "/dev/xvda",
            "root_device_type": "ebs",
            "root_snapshot_id": "snap-0396ebb7c79bb6247",
            "sriov_net_support": "simple",
            "state": "available",
            "state_reason": {
              "code": "UNSET",
              "message": "UNSET"
            },
            "tags": {},
            "timeouts": null,
            "tpm_support": "",
            "uefi_data": null,
            "usage_operation": "RunInstances",
            "virtualization_type": "hvm"
          },
          "sensitive_attributes": []
        }
      ]
    },
    {
      "mode": "data",
      "type": "aws_availability_zones",
      "name": "available",
      "provider": "provider[\"registry.terraform.io/hashicorp/aws\"]",
      "instances": [
        {
          "schema_version": 0,
          "attributes": {
            "all_availability_zones": null,
            "exclude_names": null,
            "exclude_zone_ids": null,
            "filter": null,
            "group_names": [
              "ap-southeast-1-zg-1"
            ],
            "id": "ap-southeast-1",
            "names": [
              "ap-southeast-1a",
              "ap-southeast-1b",
              "ap-southeast-1c"
            ],
            "state": "available",
            "timeouts": null,
            "zone_ids": [
              "apse1-az2",
              "apse1-az1",
              "apse1-az3"
            ]
          },
          "sensitive_attributes": []
        }
      ]
    },
    {
      "mode": "data",
      "type": "aws_subnets",
      "name": "private",
      "provider": "provider[\"registry.terraform.io/hashicorp/aws\"]",
      "instances": []
    },
    {
      "mode": "data",
      "type": "aws_subnets",
      "name": "public",
      "provider": "provider[\"registry.terraform.io/hashicorp/aws\"]",
      "instances": []
    },
    {
      "mode": "data",
      "type": "aws_vpc",
      "name": "existing",
      "provider": "provider[\"registry.terraform.io/hashicorp/aws\"]",
      "instances": []
    },
    {
      "mode": "managed",
      "type": "aws_dynamodb_table",
      "name": "terraform_state_lock",
      "provider": "provider[\"registry.terraform.io/hashicorp/aws\"]",
      "instances": [
        {
          "schema_version": 1,
          "attributes": {
            "arn": "arn:aws:dynamodb:ap-southeast-1:342597974367:table/terraform-state-lock-synth101912432",
            "attribute": [
              {
                "name": "LockID",
                "type": "S"
              }
            ],
            "billing_mode": "PAY_PER_REQUEST",
            "deletion_protection_enabled": false,
            "global_secondary_index": [],
            "hash_key": "LockID",
            "id": "terraform-state-lock-synth101912432",
            "import_table": [],
            "local_secondary_index": [],
            "name": "terraform-state-lock-synth101912432",
            "on_demand_throughput": [],
            "point_in_time_recovery": [
              {
                "enabled": false,
                "recovery_period_in_days": 0
              }
            ],
            "range_key": null,
            "read_capacity": 0,
            "replica": [],
            "restore_date_time": null,
            "restore_source_name": null,
            "restore_source_table_arn": null,
            "restore_to_latest_time": null,
            "server_side_encryption": [],
            "stream_arn": "",
            "stream_enabled": false,
            "stream_label": "",
            "stream_view_type": "",
            "table_class": "STANDARD",
            "tags": {
              "CostCenter": "Engineering",
              "Environment": "default",
              "EnvironmentSuffix": "synth101912432",
              "LastUpdated": "2025-11-17T04:33:25Z",
              "ManagedBy": "Terraform",
              "Name": "terraform-state-lock-synth101912432",
              "Project": "FintechApp",
              "Team": "DevOps"
            },
            "tags_all": {
              "CostCenter": "Engineering",
              "Environment": "default",
              "EnvironmentSuffix": "synth101912432",
              "LastUpdated": "2025-11-17T04:33:25Z",
              "ManagedBy": "Terraform",
              "Name": "terraform-state-lock-synth101912432",
              "Project": "FintechApp",
              "Team": "DevOps",
              "Workspace": "default"
            },
            "timeouts": null,
            "ttl": [
              {
                "attribute_name": "",
                "enabled": false
              }
            ],
            "write_capacity": 0
          },
          "sensitive_attributes": [],
          "private": "eyJlMmJmYjczMC1lY2FhLTExZTYtOGY4OC0zNDM2M2JjN2M0YzAiOnsiY3JlYXRlIjoxODAwMDAwMDAwMDAwLCJkZWxldGUiOjYwMDAwMDAwMDAwMCwidXBkYXRlIjozNjAwMDAwMDAwMDAwfSwic2NoZW1hX3ZlcnNpb24iOiIxIn0="
        }
      ]
    },
    {
      "mode": "managed",
      "type": "aws_eip",
      "name": "nat",
      "provider": "provider[\"registry.terraform.io/hashicorp/aws\"]",
      "instances": [
        {
          "index_key": 0,
          "schema_version": 0,
          "attributes": {
            "address": null,
            "allocation_id": "eipalloc-00499a367c036b914",
            "arn": "arn:aws:ec2:ap-southeast-1:342597974367:elastic-ip/eipalloc-00499a367c036b914",
            "associate_with_private_ip": null,
            "association_id": "",
            "carrier_ip": "",
            "customer_owned_ip": "",
            "customer_owned_ipv4_pool": "",
            "domain": "vpc",
            "id": "eipalloc-00499a367c036b914",
            "instance": "",
            "ipam_pool_id": null,
            "network_border_group": "ap-southeast-1",
            "network_interface": "",
            "private_dns": null,
            "private_ip": "",
            "ptr_record": "",
            "public_dns": "ec2-54-255-137-234.ap-southeast-1.compute.amazonaws.com",
            "public_ip": "54.255.137.234",
            "public_ipv4_pool": "amazon",
            "tags": {
              "CostCenter": "Engineering",
              "Environment": "default",
              "EnvironmentSuffix": "synth101912432",
              "LastUpdated": "2025-11-17T04:33:25Z",
              "ManagedBy": "Terraform",
              "Name": "fintech-nat-eip-1-synth101912432",
              "Project": "FintechApp",
              "Team": "DevOps"
            },
            "tags_all": {
              "CostCenter": "Engineering",
              "Environment": "default",
              "EnvironmentSuffix": "synth101912432",
              "LastUpdated": "2025-11-17T04:33:25Z",
              "ManagedBy": "Terraform",
              "Name": "fintech-nat-eip-1-synth101912432",
              "Project": "FintechApp",
              "Team": "DevOps",
              "Workspace": "default"
            },
            "timeouts": null,
            "vpc": true
          },
          "sensitive_attributes": [],
          "private": "eyJlMmJmYjczMC1lY2FhLTExZTYtOGY4OC0zNDM2M2JjN2M0YzAiOnsiZGVsZXRlIjoxODAwMDAwMDAwMDAsInJlYWQiOjkwMDAwMDAwMDAwMCwidXBkYXRlIjozMDAwMDAwMDAwMDB9fQ==",
          "dependencies": [
            "aws_internet_gateway.main",
            "aws_vpc.main"
          ],
          "create_before_destroy": true
        },
        {
          "index_key": 1,
          "schema_version": 0,
          "attributes": {
            "address": null,
            "allocation_id": "eipalloc-0d15531e538bf8182",
            "arn": "arn:aws:ec2:ap-southeast-1:342597974367:elastic-ip/eipalloc-0d15531e538bf8182",
            "associate_with_private_ip": null,
            "association_id": "",
            "carrier_ip": "",
            "customer_owned_ip": "",
            "customer_owned_ipv4_pool": "",
            "domain": "vpc",
            "id": "eipalloc-0d15531e538bf8182",
            "instance": "",
            "ipam_pool_id": null,
            "network_border_group": "ap-southeast-1",
            "network_interface": "",
            "private_dns": null,
            "private_ip": "",
            "ptr_record": "",
            "public_dns": "ec2-3-0-243-249.ap-southeast-1.compute.amazonaws.com",
            "public_ip": "3.0.243.249",
            "public_ipv4_pool": "amazon",
            "tags": {
              "CostCenter": "Engineering",
              "Environment": "default",
              "EnvironmentSuffix": "synth101912432",
              "LastUpdated": "2025-11-17T04:33:25Z",
              "ManagedBy": "Terraform",
              "Name": "fintech-nat-eip-2-synth101912432",
              "Project": "FintechApp",
              "Team": "DevOps"
            },
            "tags_all": {
              "CostCenter": "Engineering",
              "Environment": "default",
              "EnvironmentSuffix": "synth101912432",
              "LastUpdated": "2025-11-17T04:33:25Z",
              "ManagedBy": "Terraform",
              "Name": "fintech-nat-eip-2-synth101912432",
              "Project": "FintechApp",
              "Team": "DevOps",
              "Workspace": "default"
            },
            "timeouts": null,
            "vpc": true
          },
          "sensitive_attributes": [],
          "private": "eyJlMmJmYjczMC1lY2FhLTExZTYtOGY4OC0zNDM2M2JjN2M0YzAiOnsiZGVsZXRlIjoxODAwMDAwMDAwMDAsInJlYWQiOjkwMDAwMDAwMDAwMCwidXBkYXRlIjozMDAwMDAwMDAwMDB9fQ==",
          "dependencies": [
            "aws_internet_gateway.main",
            "aws_vpc.main"
          ],
          "create_before_destroy": true
        }
      ]
    },
    {
      "mode": "managed",
      "type": "aws_internet_gateway",
      "name": "main",
      "provider": "provider[\"registry.terraform.io/hashicorp/aws\"]",
      "instances": [
        {
          "index_key": 0,
          "schema_version": 0,
          "attributes": {
            "arn": "arn:aws:ec2:ap-southeast-1:342597974367:internet-gateway/igw-0db64f46912cbcbe7",
            "id": "igw-0db64f46912cbcbe7",
            "owner_id": "342597974367",
            "tags": {
              "CostCenter": "Engineering",
              "Environment": "default",
              "EnvironmentSuffix": "synth101912432",
              "LastUpdated": "2025-11-17T04:33:25Z",
              "ManagedBy": "Terraform",
              "Name": "fintech-igw-synth101912432",
              "Project": "FintechApp",
              "Team": "DevOps"
            },
            "tags_all": {
              "CostCenter": "Engineering",
              "Environment": "default",
              "EnvironmentSuffix": "synth101912432",
              "LastUpdated": "2025-11-17T04:33:25Z",
              "ManagedBy": "Terraform",
              "Name": "fintech-igw-synth101912432",
              "Project": "FintechApp",
              "Team": "DevOps",
              "Workspace": "default"
            },
            "timeouts": null,
            "vpc_id": "vpc-0dda0703ba574801f"
          },
          "sensitive_attributes": [],
          "private": "eyJlMmJmYjczMC1lY2FhLTExZTYtOGY4OC0zNDM2M2JjN2M0YzAiOnsiY3JlYXRlIjoxMjAwMDAwMDAwMDAwLCJkZWxldGUiOjEyMDAwMDAwMDAwMDAsInVwZGF0ZSI6MTIwMDAwMDAwMDAwMH19",
          "dependencies": [
            "aws_vpc.main"
          ],
          "create_before_destroy": true
        }
      ]
    },
    {
      "mode": "managed",
      "type": "aws_lb",
      "name": "app",
      "provider": "provider[\"registry.terraform.io/hashicorp/aws\"]",
      "instances": [
        {
          "schema_version": 0,
          "attributes": {
            "access_logs": [
              {
                "bucket": "",
                "enabled": false,
                "prefix": ""
              }
            ],
            "arn": "arn:aws:elasticloadbalancing:ap-southeast-1:342597974367:loadbalancer/app/app-2025111704334936680000000b/c6bd25e760eec998",
            "arn_suffix": "app/app-2025111704334936680000000b/c6bd25e760eec998",
            "client_keep_alive": 3600,
            "connection_logs": [
              {
                "bucket": "",
                "enabled": false,
                "prefix": ""
              }
            ],
            "customer_owned_ipv4_pool": "",
            "desync_mitigation_mode": "defensive",
            "dns_name": "app-2025111704334936680000000b-1884896221.ap-southeast-1.elb.amazonaws.com",
            "dns_record_client_routing_policy": null,
            "drop_invalid_header_fields": false,
            "enable_cross_zone_load_balancing": true,
            "enable_deletion_protection": false,
            "enable_http2": true,
            "enable_tls_version_and_cipher_suite_headers": false,
            "enable_waf_fail_open": false,
            "enable_xff_client_port": false,
            "enable_zonal_shift": false,
            "enforce_security_group_inbound_rules_on_private_link_traffic": "",
            "id": "arn:aws:elasticloadbalancing:ap-southeast-1:342597974367:loadbalancer/app/app-2025111704334936680000000b/c6bd25e760eec998",
            "idle_timeout": 60,
            "internal": false,
            "ip_address_type": "ipv4",
            "ipam_pools": [],
            "load_balancer_type": "application",
            "minimum_load_balancer_capacity": [],
            "name": "app-2025111704334936680000000b",
            "name_prefix": "app-",
            "preserve_host_header": false,
            "security_groups": [
              "sg-01a18b5faf64f74cd"
            ],
            "subnet_mapping": [
              {
                "allocation_id": "",
                "ipv6_address": "",
                "outpost_id": "",
                "private_ipv4_address": "",
                "subnet_id": "subnet-02537ed490cc944f2"
              },
              {
                "allocation_id": "",
                "ipv6_address": "",
                "outpost_id": "",
                "private_ipv4_address": "",
                "subnet_id": "subnet-0258ba9d1ff03c95e"
              }
            ],
            "subnets": [
              "subnet-02537ed490cc944f2",
              "subnet-0258ba9d1ff03c95e"
            ],
            "tags": {
              "CostCenter": "Engineering",
              "Environment": "default",
              "EnvironmentSuffix": "synth101912432",
              "LastUpdated": "2025-11-17T04:33:25Z",
              "ManagedBy": "Terraform",
              "Name": "app-alb-synth101912432",
              "Project": "FintechApp",
              "Team": "DevOps"
            },
            "tags_all": {
              "CostCenter": "Engineering",
              "Environment": "default",
              "EnvironmentSuffix": "synth101912432",
              "LastUpdated": "2025-11-17T04:33:25Z",
              "ManagedBy": "Terraform",
              "Name": "app-alb-synth101912432",
              "Project": "FintechApp",
              "Team": "DevOps",
              "Workspace": "default"
            },
            "timeouts": null,
            "vpc_id": "vpc-0dda0703ba574801f",
            "xff_header_processing_mode": "append",
            "zone_id": "Z1LMS91P8CMLE5"
          },
          "sensitive_attributes": [],
          "private": "eyJlMmJmYjczMC1lY2FhLTExZTYtOGY4OC0zNDM2M2JjN2M0YzAiOnsiY3JlYXRlIjo2MDAwMDAwMDAwMDAsImRlbGV0ZSI6NjAwMDAwMDAwMDAwLCJ1cGRhdGUiOjYwMDAwMDAwMDAwMH19",
          "dependencies": [
            "aws_security_group.alb",
            "aws_subnet.public",
            "aws_vpc.main",
            "data.aws_subnets.public",
            "data.aws_vpc.existing"
          ],
          "create_before_destroy": true
        }
      ]
    },
    {
      "mode": "managed",
      "type": "aws_lb_listener",
      "name": "http",
      "provider": "provider[\"registry.terraform.io/hashicorp/aws\"]",
      "instances": [
        {
          "schema_version": 0,
          "attributes": {
            "alpn_policy": null,
            "arn": "arn:aws:elasticloadbalancing:ap-southeast-1:342597974367:listener/app/app-2025111704334936680000000b/c6bd25e760eec998/00516f4e71af6b27",
            "certificate_arn": null,
            "default_action": [
              {
                "authenticate_cognito": [],
                "authenticate_oidc": [],
                "fixed_response": [],
                "forward": [],
                "order": 1,
                "redirect": [],
                "target_group_arn": "arn:aws:elasticloadbalancing:ap-southeast-1:342597974367:targetgroup/app-20251117043337900200000002/4ff7ae150b36afbb",
                "type": "forward"
              }
            ],
            "id": "arn:aws:elasticloadbalancing:ap-southeast-1:342597974367:listener/app/app-2025111704334936680000000b/c6bd25e760eec998/00516f4e71af6b27",
            "load_balancer_arn": "arn:aws:elasticloadbalancing:ap-southeast-1:342597974367:loadbalancer/app/app-2025111704334936680000000b/c6bd25e760eec998",
            "mutual_authentication": [],
            "port": 80,
            "protocol": "HTTP",
            "routing_http_request_x_amzn_mtls_clientcert_header_name": null,
            "routing_http_request_x_amzn_mtls_clientcert_issuer_header_name": null,
            "routing_http_request_x_amzn_mtls_clientcert_leaf_header_name": null,
            "routing_http_request_x_amzn_mtls_clientcert_serial_number_header_name": null,
            "routing_http_request_x_amzn_mtls_clientcert_subject_header_name": null,
            "routing_http_request_x_amzn_mtls_clientcert_validity_header_name": null,
            "routing_http_request_x_amzn_tls_cipher_suite_header_name": null,
            "routing_http_request_x_amzn_tls_version_header_name": null,
            "routing_http_response_access_control_allow_credentials_header_value": "",
            "routing_http_response_access_control_allow_headers_header_value": "",
            "routing_http_response_access_control_allow_methods_header_value": "",
            "routing_http_response_access_control_allow_origin_header_value": "",
            "routing_http_response_access_control_expose_headers_header_value": "",
            "routing_http_response_access_control_max_age_header_value": "",
            "routing_http_response_content_security_policy_header_value": "",
            "routing_http_response_server_enabled": true,
            "routing_http_response_strict_transport_security_header_value": "",
            "routing_http_response_x_content_type_options_header_value": "",
            "routing_http_response_x_frame_options_header_value": "",
            "ssl_policy": "",
            "tags": null,
            "tags_all": {
              "CostCenter": "Engineering",
              "Environment": "default",
              "EnvironmentSuffix": "synth101912432",
              "ManagedBy": "Terraform",
              "Project": "FintechApp",
              "Team": "DevOps",
              "Workspace": "default"
            },
            "tcp_idle_timeout_seconds": null,
            "timeouts": null
          },
          "sensitive_attributes": [],
          "private": "eyJlMmJmYjczMC1lY2FhLTExZTYtOGY4OC0zNDM2M2JjN2M0YzAiOnsiY3JlYXRlIjozMDAwMDAwMDAwMDAsInVwZGF0ZSI6MzAwMDAwMDAwMDAwfX0=",
          "dependencies": [
            "aws_lb.app",
            "aws_lb_target_group.app",
            "aws_security_group.alb",
            "aws_subnet.public",
            "aws_vpc.main",
            "data.aws_subnets.public",
            "data.aws_vpc.existing"
          ]
        }
      ]
    },
    {
      "mode": "managed",
      "type": "aws_lb_target_group",
      "name": "app",
      "provider": "provider[\"registry.terraform.io/hashicorp/aws\"]",
      "instances": [
        {
          "schema_version": 0,
          "attributes": {
            "arn": "arn:aws:elasticloadbalancing:ap-southeast-1:342597974367:targetgroup/app-20251117043337900200000002/4ff7ae150b36afbb",
            "arn_suffix": "targetgroup/app-20251117043337900200000002/4ff7ae150b36afbb",
            "connection_termination": null,
            "deregistration_delay": "30",
            "health_check": [
              {
                "enabled": true,
                "healthy_threshold": 2,
                "interval": 30,
                "matcher": "200",
                "path": "/health",
                "port": "traffic-port",
                "protocol": "HTTP",
                "timeout": 5,
                "unhealthy_threshold": 2
              }
            ],
            "id": "arn:aws:elasticloadbalancing:ap-southeast-1:342597974367:targetgroup/app-20251117043337900200000002/4ff7ae150b36afbb",
            "ip_address_type": "ipv4",
            "lambda_multi_value_headers_enabled": false,
            "load_balancer_arns": [],
            "load_balancing_algorithm_type": "round_robin",
            "load_balancing_anomaly_mitigation": "off",
            "load_balancing_cross_zone_enabled": "use_load_balancer_configuration",
            "name": "app-20251117043337900200000002",
            "name_prefix": "app-",
            "port": 80,
            "preserve_client_ip": null,
            "protocol": "HTTP",
            "protocol_version": "HTTP1",
            "proxy_protocol_v2": false,
            "slow_start": 0,
            "stickiness": [
              {
                "cookie_duration": 86400,
                "cookie_name": "",
                "enabled": false,
                "type": "lb_cookie"
              }
            ],
            "tags": {
              "CostCenter": "Engineering",
              "Environment": "default",
              "EnvironmentSuffix": "synth101912432",
              "LastUpdated": "2025-11-17T04:33:25Z",
              "ManagedBy": "Terraform",
              "Name": "app-tg-synth101912432",
              "Project": "FintechApp",
              "Team": "DevOps"
            },
            "tags_all": {
              "CostCenter": "Engineering",
              "Environment": "default",
              "EnvironmentSuffix": "synth101912432",
              "LastUpdated": "2025-11-17T04:33:25Z",
              "ManagedBy": "Terraform",
              "Name": "app-tg-synth101912432",
              "Project": "FintechApp",
              "Team": "DevOps",
              "Workspace": "default"
            },
            "target_failover": [
              {
                "on_deregistration": null,
                "on_unhealthy": null
              }
            ],
            "target_group_health": [
              {
                "dns_failover": [
                  {
                    "minimum_healthy_targets_count": "1",
                    "minimum_healthy_targets_percentage": "off"
                  }
                ],
                "unhealthy_state_routing": [
                  {
                    "minimum_healthy_targets_count": 1,
                    "minimum_healthy_targets_percentage": "off"
                  }
                ]
              }
            ],
            "target_health_state": [
              {
                "enable_unhealthy_connection_termination": null,
                "unhealthy_draining_interval": null
              }
            ],
            "target_type": "instance",
            "vpc_id": "vpc-0dda0703ba574801f"
          },
          "sensitive_attributes": [],
          "private": "bnVsbA==",
          "dependencies": [
            "aws_vpc.main",
            "data.aws_vpc.existing"
          ],
          "create_before_destroy": true
        }
      ]
    },
    {
      "mode": "managed",
      "type": "aws_nat_gateway",
      "name": "main",
      "provider": "provider[\"registry.terraform.io/hashicorp/aws\"]",
      "instances": [
        {
          "index_key": 0,
          "schema_version": 0,
          "attributes": {
            "allocation_id": "eipalloc-00499a367c036b914",
            "association_id": "eipassoc-0110b988274ae0808",
            "connectivity_type": "public",
            "id": "nat-029b4660ce6c6d054",
            "network_interface_id": "eni-03b3d2e6c0b5d6ce4",
            "private_ip": "10.0.1.46",
            "public_ip": "54.255.137.234",
            "secondary_allocation_ids": null,
            "secondary_private_ip_address_count": 0,
            "secondary_private_ip_addresses": [],
            "subnet_id": "subnet-02537ed490cc944f2",
            "tags": {
              "CostCenter": "Engineering",
              "Environment": "default",
              "EnvironmentSuffix": "synth101912432",
              "LastUpdated": "2025-11-17T04:33:25Z",
              "ManagedBy": "Terraform",
              "Name": "fintech-nat-1-synth101912432",
              "Project": "FintechApp",
              "Team": "DevOps"
            },
            "tags_all": {
              "CostCenter": "Engineering",
              "Environment": "default",
              "EnvironmentSuffix": "synth101912432",
              "LastUpdated": "2025-11-17T04:33:25Z",
              "ManagedBy": "Terraform",
              "Name": "fintech-nat-1-synth101912432",
              "Project": "FintechApp",
              "Team": "DevOps",
              "Workspace": "default"
            },
            "timeouts": null
          },
          "sensitive_attributes": [],
          "private": "eyJlMmJmYjczMC1lY2FhLTExZTYtOGY4OC0zNDM2M2JjN2M0YzAiOnsiY3JlYXRlIjo2MDAwMDAwMDAwMDAsImRlbGV0ZSI6MTgwMDAwMDAwMDAwMCwidXBkYXRlIjo2MDAwMDAwMDAwMDB9fQ==",
          "dependencies": [
            "aws_eip.nat",
            "aws_internet_gateway.main",
            "aws_subnet.public",
            "aws_vpc.main"
          ],
          "create_before_destroy": true
        },
        {
          "index_key": 1,
          "schema_version": 0,
          "attributes": {
            "allocation_id": "eipalloc-0d15531e538bf8182",
            "association_id": "eipassoc-08669317f828e76f6",
            "connectivity_type": "public",
            "id": "nat-0c5db3b9e8b781e5b",
            "network_interface_id": "eni-02073cb954d1a0e87",
            "private_ip": "10.0.2.118",
            "public_ip": "3.0.243.249",
            "secondary_allocation_ids": null,
            "secondary_private_ip_address_count": 0,
            "secondary_private_ip_addresses": [],
            "subnet_id": "subnet-0258ba9d1ff03c95e",
            "tags": {
              "CostCenter": "Engineering",
              "Environment": "default",
              "EnvironmentSuffix": "synth101912432",
              "LastUpdated": "2025-11-17T04:33:25Z",
              "ManagedBy": "Terraform",
              "Name": "fintech-nat-2-synth101912432",
              "Project": "FintechApp",
              "Team": "DevOps"
            },
            "tags_all": {
              "CostCenter": "Engineering",
              "Environment": "default",
              "EnvironmentSuffix": "synth101912432",
              "LastUpdated": "2025-11-17T04:33:25Z",
              "ManagedBy": "Terraform",
              "Name": "fintech-nat-2-synth101912432",
              "Project": "FintechApp",
              "Team": "DevOps",
              "Workspace": "default"
            },
            "timeouts": null
          },
          "sensitive_attributes": [],
          "private": "eyJlMmJmYjczMC1lY2FhLTExZTYtOGY4OC0zNDM2M2JjN2M0YzAiOnsiY3JlYXRlIjo2MDAwMDAwMDAwMDAsImRlbGV0ZSI6MTgwMDAwMDAwMDAwMCwidXBkYXRlIjo2MDAwMDAwMDAwMDB9fQ==",
          "dependencies": [
            "aws_eip.nat",
            "aws_internet_gateway.main",
            "aws_subnet.public",
            "aws_vpc.main"
          ],
          "create_before_destroy": true
        }
      ]
    },
    {
      "mode": "managed",
      "type": "aws_route_table",
      "name": "private",
      "provider": "provider[\"registry.terraform.io/hashicorp/aws\"]",
      "instances": [
        {
          "index_key": 0,
          "schema_version": 0,
          "attributes": {
            "arn": "arn:aws:ec2:ap-southeast-1:342597974367:route-table/rtb-0f146679489c4c073",
            "id": "rtb-0f146679489c4c073",
            "owner_id": "342597974367",
            "propagating_vgws": [],
            "route": [
              {
                "carrier_gateway_id": "",
                "cidr_block": "0.0.0.0/0",
                "core_network_arn": "",
                "destination_prefix_list_id": "",
                "egress_only_gateway_id": "",
                "gateway_id": "",
                "ipv6_cidr_block": "",
                "local_gateway_id": "",
                "nat_gateway_id": "nat-029b4660ce6c6d054",
                "network_interface_id": "",
                "transit_gateway_id": "",
                "vpc_endpoint_id": "",
                "vpc_peering_connection_id": ""
              }
            ],
            "tags": {
              "CostCenter": "Engineering",
              "Environment": "default",
              "EnvironmentSuffix": "synth101912432",
              "LastUpdated": "2025-11-17T04:33:25Z",
              "ManagedBy": "Terraform",
              "Name": "fintech-private-rt-1-synth101912432",
              "Project": "FintechApp",
              "Team": "DevOps"
            },
            "tags_all": {
              "CostCenter": "Engineering",
              "Environment": "default",
              "EnvironmentSuffix": "synth101912432",
              "LastUpdated": "2025-11-17T04:33:25Z",
              "ManagedBy": "Terraform",
              "Name": "fintech-private-rt-1-synth101912432",
              "Project": "FintechApp",
              "Team": "DevOps",
              "Workspace": "default"
            },
            "timeouts": null,
            "vpc_id": "vpc-0dda0703ba574801f"
          },
          "sensitive_attributes": [],
          "private": "eyJlMmJmYjczMC1lY2FhLTExZTYtOGY4OC0zNDM2M2JjN2M0YzAiOnsiY3JlYXRlIjozMDAwMDAwMDAwMDAsImRlbGV0ZSI6MzAwMDAwMDAwMDAwLCJ1cGRhdGUiOjEyMDAwMDAwMDAwMH19",
          "dependencies": [
            "aws_eip.nat",
            "aws_internet_gateway.main",
            "aws_nat_gateway.main",
            "aws_subnet.public",
            "aws_vpc.main"
          ]
        },
        {
          "index_key": 1,
          "schema_version": 0,
          "attributes": {
            "arn": "arn:aws:ec2:ap-southeast-1:342597974367:route-table/rtb-0914600d7277b5fc7",
            "id": "rtb-0914600d7277b5fc7",
            "owner_id": "342597974367",
            "propagating_vgws": [],
            "route": [
              {
                "carrier_gateway_id": "",
                "cidr_block": "0.0.0.0/0",
                "core_network_arn": "",
                "destination_prefix_list_id": "",
                "egress_only_gateway_id": "",
                "gateway_id": "",
                "ipv6_cidr_block": "",
                "local_gateway_id": "",
                "nat_gateway_id": "nat-0c5db3b9e8b781e5b",
                "network_interface_id": "",
                "transit_gateway_id": "",
                "vpc_endpoint_id": "",
                "vpc_peering_connection_id": ""
              }
            ],
            "tags": {
              "CostCenter": "Engineering",
              "Environment": "default",
              "EnvironmentSuffix": "synth101912432",
              "LastUpdated": "2025-11-17T04:33:25Z",
              "ManagedBy": "Terraform",
              "Name": "fintech-private-rt-2-synth101912432",
              "Project": "FintechApp",
              "Team": "DevOps"
            },
            "tags_all": {
              "CostCenter": "Engineering",
              "Environment": "default",
              "EnvironmentSuffix": "synth101912432",
              "LastUpdated": "2025-11-17T04:33:25Z",
              "ManagedBy": "Terraform",
              "Name": "fintech-private-rt-2-synth101912432",
              "Project": "FintechApp",
              "Team": "DevOps",
              "Workspace": "default"
            },
            "timeouts": null,
            "vpc_id": "vpc-0dda0703ba574801f"
          },
          "sensitive_attributes": [],
          "private": "eyJlMmJmYjczMC1lY2FhLTExZTYtOGY4OC0zNDM2M2JjN2M0YzAiOnsiY3JlYXRlIjozMDAwMDAwMDAwMDAsImRlbGV0ZSI6MzAwMDAwMDAwMDAwLCJ1cGRhdGUiOjEyMDAwMDAwMDAwMH19",
          "dependencies": [
            "aws_eip.nat",
            "aws_internet_gateway.main",
            "aws_nat_gateway.main",
            "aws_subnet.public",
            "aws_vpc.main"
          ]
        }
      ]
    },
    {
      "mode": "managed",
      "type": "aws_route_table",
      "name": "public",
      "provider": "provider[\"registry.terraform.io/hashicorp/aws\"]",
      "instances": [
        {
          "index_key": 0,
          "schema_version": 0,
          "attributes": {
            "arn": "arn:aws:ec2:ap-southeast-1:342597974367:route-table/rtb-014cb1a092d294414",
            "id": "rtb-014cb1a092d294414",
            "owner_id": "342597974367",
            "propagating_vgws": [],
            "route": [
              {
                "carrier_gateway_id": "",
                "cidr_block": "0.0.0.0/0",
                "core_network_arn": "",
                "destination_prefix_list_id": "",
                "egress_only_gateway_id": "",
                "gateway_id": "igw-0db64f46912cbcbe7",
                "ipv6_cidr_block": "",
                "local_gateway_id": "",
                "nat_gateway_id": "",
                "network_interface_id": "",
                "transit_gateway_id": "",
                "vpc_endpoint_id": "",
                "vpc_peering_connection_id": ""
              }
            ],
            "tags": {
              "CostCenter": "Engineering",
              "Environment": "default",
              "EnvironmentSuffix": "synth101912432",
              "LastUpdated": "2025-11-17T04:33:25Z",
              "ManagedBy": "Terraform",
              "Name": "fintech-public-rt-synth101912432",
              "Project": "FintechApp",
              "Team": "DevOps"
            },
            "tags_all": {
              "CostCenter": "Engineering",
              "Environment": "default",
              "EnvironmentSuffix": "synth101912432",
              "LastUpdated": "2025-11-17T04:33:25Z",
              "ManagedBy": "Terraform",
              "Name": "fintech-public-rt-synth101912432",
              "Project": "FintechApp",
              "Team": "DevOps",
              "Workspace": "default"
            },
            "timeouts": null,
            "vpc_id": "vpc-0dda0703ba574801f"
          },
          "sensitive_attributes": [],
          "private": "eyJlMmJmYjczMC1lY2FhLTExZTYtOGY4OC0zNDM2M2JjN2M0YzAiOnsiY3JlYXRlIjozMDAwMDAwMDAwMDAsImRlbGV0ZSI6MzAwMDAwMDAwMDAwLCJ1cGRhdGUiOjEyMDAwMDAwMDAwMH19",
          "dependencies": [
            "aws_internet_gateway.main",
            "aws_vpc.main"
          ]
        }
      ]
    },
    {
      "mode": "managed",
      "type": "aws_route_table_association",
      "name": "private",
      "provider": "provider[\"registry.terraform.io/hashicorp/aws\"]",
      "instances": [
        {
          "index_key": 0,
          "schema_version": 0,
          "attributes": {
            "gateway_id": "",
            "id": "rtbassoc-0cbdeb448f0719a68",
            "route_table_id": "rtb-0f146679489c4c073",
            "subnet_id": "subnet-095be805413e7b906",
            "timeouts": null
          },
          "sensitive_attributes": [],
          "private": "eyJlMmJmYjczMC1lY2FhLTExZTYtOGY4OC0zNDM2M2JjN2M0YzAiOnsiY3JlYXRlIjozMDAwMDAwMDAwMDAsImRlbGV0ZSI6MzAwMDAwMDAwMDAwLCJ1cGRhdGUiOjEyMDAwMDAwMDAwMH19",
          "dependencies": [
            "aws_eip.nat",
            "aws_internet_gateway.main",
            "aws_nat_gateway.main",
            "aws_route_table.private",
            "aws_subnet.private",
            "aws_subnet.public",
            "aws_vpc.main"
          ]
        },
        {
          "index_key": 1,
          "schema_version": 0,
          "attributes": {
            "gateway_id": "",
            "id": "rtbassoc-04aae74a0b51e4cda",
            "route_table_id": "rtb-0914600d7277b5fc7",
            "subnet_id": "subnet-03fa00b73dd2fc25d",
            "timeouts": null
          },
          "sensitive_attributes": [],
          "private": "eyJlMmJmYjczMC1lY2FhLTExZTYtOGY4OC0zNDM2M2JjN2M0YzAiOnsiY3JlYXRlIjozMDAwMDAwMDAwMDAsImRlbGV0ZSI6MzAwMDAwMDAwMDAwLCJ1cGRhdGUiOjEyMDAwMDAwMDAwMH19",
          "dependencies": [
            "aws_eip.nat",
            "aws_internet_gateway.main",
            "aws_nat_gateway.main",
            "aws_route_table.private",
            "aws_subnet.private",
            "aws_subnet.public",
            "aws_vpc.main"
          ]
        }
      ]
    },
    {
      "mode": "managed",
      "type": "aws_route_table_association",
      "name": "public",
      "provider": "provider[\"registry.terraform.io/hashicorp/aws\"]",
      "instances": [
        {
          "index_key": 0,
          "schema_version": 0,
          "attributes": {
            "gateway_id": "",
            "id": "rtbassoc-042436bc730cd8d11",
            "route_table_id": "rtb-014cb1a092d294414",
            "subnet_id": "subnet-02537ed490cc944f2",
            "timeouts": null
          },
          "sensitive_attributes": [],
          "private": "eyJlMmJmYjczMC1lY2FhLTExZTYtOGY4OC0zNDM2M2JjN2M0YzAiOnsiY3JlYXRlIjozMDAwMDAwMDAwMDAsImRlbGV0ZSI6MzAwMDAwMDAwMDAwLCJ1cGRhdGUiOjEyMDAwMDAwMDAwMH19",
          "dependencies": [
            "aws_internet_gateway.main",
            "aws_route_table.public",
            "aws_subnet.public",
            "aws_vpc.main"
          ]
        },
        {
          "index_key": 1,
          "schema_version": 0,
          "attributes": {
            "gateway_id": "",
            "id": "rtbassoc-0ca9a93e60705c9c1",
            "route_table_id": "rtb-014cb1a092d294414",
            "subnet_id": "subnet-0258ba9d1ff03c95e",
            "timeouts": null
          },
          "sensitive_attributes": [],
          "private": "eyJlMmJmYjczMC1lY2FhLTExZTYtOGY4OC0zNDM2M2JjN2M0YzAiOnsiY3JlYXRlIjozMDAwMDAwMDAwMDAsImRlbGV0ZSI6MzAwMDAwMDAwMDAwLCJ1cGRhdGUiOjEyMDAwMDAwMDAwMH19",
          "dependencies": [
            "aws_internet_gateway.main",
            "aws_route_table.public",
            "aws_subnet.public",
            "aws_vpc.main"
          ]
        }
      ]
    },
    {
      "mode": "managed",
      "type": "aws_s3_bucket",
      "name": "terraform_state",
      "provider": "provider[\"registry.terraform.io/hashicorp/aws\"]",
      "instances": [
        {
          "schema_version": 0,
          "attributes": {
            "acceleration_status": "",
            "acl": null,
            "arn": "arn:aws:s3:::terraform-state-fintech-app-synth101912432",
            "bucket": "terraform-state-fintech-app-synth101912432",
            "bucket_domain_name": "terraform-state-fintech-app-synth101912432.s3.amazonaws.com",
            "bucket_prefix": "",
            "bucket_regional_domain_name": "terraform-state-fintech-app-synth101912432.s3.ap-southeast-1.amazonaws.com",
            "cors_rule": [],
            "force_destroy": false,
            "grant": [
              {
                "id": "5e11009481664687bf1ec517a9c41894392b4a057b0b19eeaaf7779a17ba0490",
                "permissions": [
                  "FULL_CONTROL"
                ],
                "type": "CanonicalUser",
                "uri": ""
              }
            ],
            "hosted_zone_id": "Z3O0J2DXBE1FTB",
            "id": "terraform-state-fintech-app-synth101912432",
            "lifecycle_rule": [],
            "logging": [],
            "object_lock_configuration": [],
            "object_lock_enabled": false,
            "policy": "",
            "region": "ap-southeast-1",
            "replication_configuration": [],
            "request_payer": "BucketOwner",
            "server_side_encryption_configuration": [
              {
                "rule": [
                  {
                    "apply_server_side_encryption_by_default": [
                      {
                        "kms_master_key_id": "",
                        "sse_algorithm": "AES256"
                      }
                    ],
                    "bucket_key_enabled": false
                  }
                ]
              }
            ],
            "tags": {
              "CostCenter": "Engineering",
              "Environment": "default",
              "EnvironmentSuffix": "synth101912432",
              "LastUpdated": "2025-11-17T04:33:25Z",
              "ManagedBy": "Terraform",
              "Name": "terraform-state-synth101912432",
              "Project": "FintechApp",
              "Team": "DevOps"
            },
            "tags_all": {
              "CostCenter": "Engineering",
              "Environment": "default",
              "EnvironmentSuffix": "synth101912432",
              "LastUpdated": "2025-11-17T04:33:25Z",
              "ManagedBy": "Terraform",
              "Name": "terraform-state-synth101912432",
              "Project": "FintechApp",
              "Team": "DevOps",
              "Workspace": "default"
            },
            "timeouts": null,
            "versioning": [
              {
                "enabled": false,
                "mfa_delete": false
              }
            ],
            "website": [],
            "website_domain": null,
            "website_endpoint": null
          },
          "sensitive_attributes": [],
          "private": "eyJlMmJmYjczMC1lY2FhLTExZTYtOGY4OC0zNDM2M2JjN2M0YzAiOnsiY3JlYXRlIjoxMjAwMDAwMDAwMDAwLCJkZWxldGUiOjM2MDAwMDAwMDAwMDAsInJlYWQiOjEyMDAwMDAwMDAwMDAsInVwZGF0ZSI6MTIwMDAwMDAwMDAwMH19"
        }
      ]
    },
    {
      "mode": "managed",
      "type": "aws_s3_bucket_public_access_block",
      "name": "terraform_state",
      "provider": "provider[\"registry.terraform.io/hashicorp/aws\"]",
      "instances": [
        {
          "schema_version": 0,
          "attributes": {
            "block_public_acls": true,
            "block_public_policy": true,
            "bucket": "terraform-state-fintech-app-synth101912432",
            "id": "terraform-state-fintech-app-synth101912432",
            "ignore_public_acls": true,
            "restrict_public_buckets": true
          },
          "sensitive_attributes": [],
          "private": "bnVsbA==",
          "dependencies": [
            "aws_s3_bucket.terraform_state"
          ]
        }
      ]
    },
    {
      "mode": "managed",
      "type": "aws_s3_bucket_server_side_encryption_configuration",
      "name": "terraform_state",
      "provider": "provider[\"registry.terraform.io/hashicorp/aws\"]",
      "instances": [
        {
          "schema_version": 0,
          "attributes": {
            "bucket": "terraform-state-fintech-app-synth101912432",
            "expected_bucket_owner": "",
            "id": "terraform-state-fintech-app-synth101912432",
            "rule": [
              {
                "apply_server_side_encryption_by_default": [
                  {
                    "kms_master_key_id": "",
                    "sse_algorithm": "AES256"
                  }
                ],
                "bucket_key_enabled": null
              }
            ]
          },
          "sensitive_attributes": [],
          "private": "bnVsbA==",
          "dependencies": [
            "aws_s3_bucket.terraform_state"
          ]
        }
      ]
    },
    {
      "mode": "managed",
      "type": "aws_s3_bucket_versioning",
      "name": "terraform_state",
      "provider": "provider[\"registry.terraform.io/hashicorp/aws\"]",
      "instances": [
        {
          "schema_version": 0,
          "attributes": {
            "bucket": "terraform-state-fintech-app-synth101912432",
            "expected_bucket_owner": "",
            "id": "terraform-state-fintech-app-synth101912432",
            "mfa": null,
            "versioning_configuration": [
              {
                "mfa_delete": "",
                "status": "Enabled"
              }
            ]
          },
          "sensitive_attributes": [],
          "private": "bnVsbA==",
          "dependencies": [
            "aws_s3_bucket.terraform_state"
          ]
        }
      ]
    },
    {
      "mode": "managed",
      "type": "aws_security_group",
      "name": "alb",
      "provider": "provider[\"registry.terraform.io/hashicorp/aws\"]",
      "instances": [
        {
          "schema_version": 1,
          "attributes": {
            "arn": "arn:aws:ec2:ap-southeast-1:342597974367:security-group/sg-01a18b5faf64f74cd",
            "description": "Security group for Application Load Balancer",
            "egress": [
              {
                "cidr_blocks": [
                  "0.0.0.0/0"
                ],
                "description": "Allow all outbound traffic",
                "from_port": 0,
                "ipv6_cidr_blocks": [],
                "prefix_list_ids": [],
                "protocol": "-1",
                "security_groups": [],
                "self": false,
                "to_port": 0
              }
            ],
            "id": "sg-01a18b5faf64f74cd",
            "ingress": [
              {
                "cidr_blocks": [
                  "0.0.0.0/0"
                ],
                "description": "Allow HTTP traffic",
                "from_port": 80,
                "ipv6_cidr_blocks": [],
                "prefix_list_ids": [],
                "protocol": "tcp",
                "security_groups": [],
                "self": false,
                "to_port": 80
              },
              {
                "cidr_blocks": [
                  "0.0.0.0/0"
                ],
                "description": "Allow HTTPS traffic",
                "from_port": 443,
                "ipv6_cidr_blocks": [],
                "prefix_list_ids": [],
                "protocol": "tcp",
                "security_groups": [],
                "self": false,
                "to_port": 443
              }
            ],
            "name": "alb-sg-synth101912432-20251117043337921900000003",
            "name_prefix": "alb-sg-synth101912432-",
            "owner_id": "342597974367",
            "revoke_rules_on_delete": false,
            "tags": {
              "CostCenter": "Engineering",
              "Environment": "default",
              "EnvironmentSuffix": "synth101912432",
              "LastUpdated": "2025-11-17T04:33:25Z",
              "ManagedBy": "Terraform",
              "Name": "alb-sg-synth101912432",
              "Project": "FintechApp",
              "Team": "DevOps"
            },
            "tags_all": {
              "CostCenter": "Engineering",
              "Environment": "default",
              "EnvironmentSuffix": "synth101912432",
              "LastUpdated": "2025-11-17T04:33:25Z",
              "ManagedBy": "Terraform",
              "Name": "alb-sg-synth101912432",
              "Project": "FintechApp",
              "Team": "DevOps",
              "Workspace": "default"
            },
            "timeouts": null,
            "vpc_id": "vpc-0dda0703ba574801f"
          },
          "sensitive_attributes": [],
          "private": "eyJlMmJmYjczMC1lY2FhLTExZTYtOGY4OC0zNDM2M2JjN2M0YzAiOnsiY3JlYXRlIjo2MDAwMDAwMDAwMDAsImRlbGV0ZSI6OTAwMDAwMDAwMDAwfSwic2NoZW1hX3ZlcnNpb24iOiIxIn0=",
          "dependencies": [
            "aws_vpc.main",
            "data.aws_vpc.existing"
          ],
          "create_before_destroy": true
        }
      ]
    },
    {
      "mode": "managed",
      "type": "aws_security_group",
      "name": "ec2",
      "provider": "provider[\"registry.terraform.io/hashicorp/aws\"]",
      "instances": [
        {
          "schema_version": 1,
          "attributes": {
            "arn": "arn:aws:ec2:ap-southeast-1:342597974367:security-group/sg-07609c146130bfd47",
            "description": "Security group for EC2 instances",
            "egress": [
              {
                "cidr_blocks": [
                  "0.0.0.0/0"
                ],
                "description": "Allow all outbound traffic",
                "from_port": 0,
                "ipv6_cidr_blocks": [],
                "prefix_list_ids": [],
                "protocol": "-1",
                "security_groups": [],
                "self": false,
                "to_port": 0
              }
            ],
            "id": "sg-07609c146130bfd47",
            "ingress": [
              {
                "cidr_blocks": [
                  "10.0.0.0/16"
                ],
                "description": "Allow SSH from VPC",
                "from_port": 22,
                "ipv6_cidr_blocks": [],
                "prefix_list_ids": [],
                "protocol": "tcp",
                "security_groups": [],
                "self": false,
                "to_port": 22
              },
              {
                "cidr_blocks": [],
                "description": "Allow HTTP from ALB",
                "from_port": 80,
                "ipv6_cidr_blocks": [],
                "prefix_list_ids": [],
                "protocol": "tcp",
                "security_groups": [
                  "sg-01a18b5faf64f74cd"
                ],
                "self": false,
                "to_port": 80
              },
              {
                "cidr_blocks": [],
                "description": "Allow HTTPS from ALB",
                "from_port": 443,
                "ipv6_cidr_blocks": [],
                "prefix_list_ids": [],
                "protocol": "tcp",
                "security_groups": [
                  "sg-01a18b5faf64f74cd"
                ],
                "self": false,
                "to_port": 443
              }
            ],
            "name": "ec2-sg-synth101912432-20251117043340669100000006",
            "name_prefix": "ec2-sg-synth101912432-",
            "owner_id": "342597974367",
            "revoke_rules_on_delete": false,
            "tags": {
              "CostCenter": "Engineering",
              "Environment": "default",
              "EnvironmentSuffix": "synth101912432",
              "LastUpdated": "2025-11-17T04:33:25Z",
              "ManagedBy": "Terraform",
              "Name": "ec2-sg-synth101912432",
              "Project": "FintechApp",
              "Team": "DevOps"
            },
            "tags_all": {
              "CostCenter": "Engineering",
              "Environment": "default",
              "EnvironmentSuffix": "synth101912432",
              "LastUpdated": "2025-11-17T04:33:25Z",
              "ManagedBy": "Terraform",
              "Name": "ec2-sg-synth101912432",
              "Project": "FintechApp",
              "Team": "DevOps",
              "Workspace": "default"
            },
            "timeouts": null,
            "vpc_id": "vpc-0dda0703ba574801f"
          },
          "sensitive_attributes": [],
          "private": "eyJlMmJmYjczMC1lY2FhLTExZTYtOGY4OC0zNDM2M2JjN2M0YzAiOnsiY3JlYXRlIjo2MDAwMDAwMDAwMDAsImRlbGV0ZSI6OTAwMDAwMDAwMDAwfSwic2NoZW1hX3ZlcnNpb24iOiIxIn0=",
          "dependencies": [
            "aws_security_group.alb",
            "aws_vpc.main",
            "data.aws_vpc.existing"
          ],
          "create_before_destroy": true
        }
      ]
    },
    {
      "mode": "managed",
      "type": "aws_security_group",
      "name": "rds",
      "provider": "provider[\"registry.terraform.io/hashicorp/aws\"]",
      "instances": [
        {
          "schema_version": 1,
          "attributes": {
            "arn": "arn:aws:ec2:ap-southeast-1:342597974367:security-group/sg-05e76d40ec1174a0b",
            "description": "Security group for RDS PostgreSQL",
            "egress": [
              {
                "cidr_blocks": [
                  "0.0.0.0/0"
                ],
                "description": "Allow all outbound traffic",
                "from_port": 0,
                "ipv6_cidr_blocks": [],
                "prefix_list_ids": [],
                "protocol": "-1",
                "security_groups": [],
                "self": false,
                "to_port": 0
              }
            ],
            "id": "sg-05e76d40ec1174a0b",
            "ingress": [
              {
                "cidr_blocks": [
                  "10.0.0.0/16"
                ],
                "description": "Allow PostgreSQL from VPC",
                "from_port": 5432,
                "ipv6_cidr_blocks": [],
                "prefix_list_ids": [],
                "protocol": "tcp",
                "security_groups": [],
                "self": false,
                "to_port": 5432
              },
              {
                "cidr_blocks": [],
                "description": "Allow PostgreSQL from EC2",
                "from_port": 5432,
                "ipv6_cidr_blocks": [],
                "prefix_list_ids": [],
                "protocol": "tcp",
                "security_groups": [
                  "sg-07609c146130bfd47"
                ],
                "self": false,
                "to_port": 5432
              }
            ],
            "name": "rds-sg-synth101912432-20251117043343061500000007",
            "name_prefix": "rds-sg-synth101912432-",
            "owner_id": "342597974367",
            "revoke_rules_on_delete": false,
            "tags": {
              "CostCenter": "Engineering",
              "Environment": "default",
              "EnvironmentSuffix": "synth101912432",
              "LastUpdated": "2025-11-17T04:33:25Z",
              "ManagedBy": "Terraform",
              "Name": "rds-sg-synth101912432",
              "Project": "FintechApp",
              "Team": "DevOps"
            },
            "tags_all": {
              "CostCenter": "Engineering",
              "Environment": "default",
              "EnvironmentSuffix": "synth101912432",
              "LastUpdated": "2025-11-17T04:33:25Z",
              "ManagedBy": "Terraform",
              "Name": "rds-sg-synth101912432",
              "Project": "FintechApp",
              "Team": "DevOps",
              "Workspace": "default"
            },
            "timeouts": null,
            "vpc_id": "vpc-0dda0703ba574801f"
          },
          "sensitive_attributes": [],
          "private": "eyJlMmJmYjczMC1lY2FhLTExZTYtOGY4OC0zNDM2M2JjN2M0YzAiOnsiY3JlYXRlIjo2MDAwMDAwMDAwMDAsImRlbGV0ZSI6OTAwMDAwMDAwMDAwfSwic2NoZW1hX3ZlcnNpb24iOiIxIn0=",
          "dependencies": [
            "aws_security_group.alb",
            "aws_security_group.ec2",
            "aws_vpc.main",
            "data.aws_vpc.existing"
          ],
          "create_before_destroy": true
        }
      ]
    },
    {
      "mode": "managed",
      "type": "aws_subnet",
      "name": "private",
      "provider": "provider[\"registry.terraform.io/hashicorp/aws\"]",
      "instances": [
        {
          "index_key": 0,
          "schema_version": 1,
          "attributes": {
            "arn": "arn:aws:ec2:ap-southeast-1:342597974367:subnet/subnet-095be805413e7b906",
            "assign_ipv6_address_on_creation": false,
            "availability_zone": "ap-southeast-1a",
            "availability_zone_id": "apse1-az2",
            "cidr_block": "10.0.10.0/24",
            "customer_owned_ipv4_pool": "",
            "enable_dns64": false,
            "enable_lni_at_device_index": 0,
            "enable_resource_name_dns_a_record_on_launch": false,
            "enable_resource_name_dns_aaaa_record_on_launch": false,
            "id": "subnet-095be805413e7b906",
            "ipv6_cidr_block": "",
            "ipv6_cidr_block_association_id": "",
            "ipv6_native": false,
            "map_customer_owned_ip_on_launch": false,
            "map_public_ip_on_launch": false,
            "outpost_arn": "",
            "owner_id": "342597974367",
            "private_dns_hostname_type_on_launch": "ip-name",
            "tags": {
              "CostCenter": "Engineering",
              "Environment": "default",
              "EnvironmentSuffix": "synth101912432",
              "LastUpdated": "2025-11-17T04:33:25Z",
              "ManagedBy": "Terraform",
              "Name": "fintech-private-subnet-1-synth101912432",
              "Project": "FintechApp",
              "Team": "DevOps",
              "Type": "private"
            },
            "tags_all": {
              "CostCenter": "Engineering",
              "Environment": "default",
              "EnvironmentSuffix": "synth101912432",
              "LastUpdated": "2025-11-17T04:33:25Z",
              "ManagedBy": "Terraform",
              "Name": "fintech-private-subnet-1-synth101912432",
              "Project": "FintechApp",
              "Team": "DevOps",
              "Type": "private",
              "Workspace": "default"
            },
            "timeouts": null,
            "vpc_id": "vpc-0dda0703ba574801f"
          },
          "sensitive_attributes": [],
          "private": "eyJlMmJmYjczMC1lY2FhLTExZTYtOGY4OC0zNDM2M2JjN2M0YzAiOnsiY3JlYXRlIjo2MDAwMDAwMDAwMDAsImRlbGV0ZSI6MTIwMDAwMDAwMDAwMH0sInNjaGVtYV92ZXJzaW9uIjoiMSJ9",
          "dependencies": [
            "aws_vpc.main"
          ],
          "create_before_destroy": true
        },
        {
          "index_key": 1,
          "schema_version": 1,
          "attributes": {
            "arn": "arn:aws:ec2:ap-southeast-1:342597974367:subnet/subnet-03fa00b73dd2fc25d",
            "assign_ipv6_address_on_creation": false,
            "availability_zone": "ap-southeast-1b",
            "availability_zone_id": "apse1-az1",
            "cidr_block": "10.0.11.0/24",
            "customer_owned_ipv4_pool": "",
            "enable_dns64": false,
            "enable_lni_at_device_index": 0,
            "enable_resource_name_dns_a_record_on_launch": false,
            "enable_resource_name_dns_aaaa_record_on_launch": false,
            "id": "subnet-03fa00b73dd2fc25d",
            "ipv6_cidr_block": "",
            "ipv6_cidr_block_association_id": "",
            "ipv6_native": false,
            "map_customer_owned_ip_on_launch": false,
            "map_public_ip_on_launch": false,
            "outpost_arn": "",
            "owner_id": "342597974367",
            "private_dns_hostname_type_on_launch": "ip-name",
            "tags": {
              "CostCenter": "Engineering",
              "Environment": "default",
              "EnvironmentSuffix": "synth101912432",
              "LastUpdated": "2025-11-17T04:33:25Z",
              "ManagedBy": "Terraform",
              "Name": "fintech-private-subnet-2-synth101912432",
              "Project": "FintechApp",
              "Team": "DevOps",
              "Type": "private"
            },
            "tags_all": {
              "CostCenter": "Engineering",
              "Environment": "default",
              "EnvironmentSuffix": "synth101912432",
              "LastUpdated": "2025-11-17T04:33:25Z",
              "ManagedBy": "Terraform",
              "Name": "fintech-private-subnet-2-synth101912432",
              "Project": "FintechApp",
              "Team": "DevOps",
              "Type": "private",
              "Workspace": "default"
            },
            "timeouts": null,
            "vpc_id": "vpc-0dda0703ba574801f"
          },
          "sensitive_attributes": [],
          "private": "eyJlMmJmYjczMC1lY2FhLTExZTYtOGY4OC0zNDM2M2JjN2M0YzAiOnsiY3JlYXRlIjo2MDAwMDAwMDAwMDAsImRlbGV0ZSI6MTIwMDAwMDAwMDAwMH0sInNjaGVtYV92ZXJzaW9uIjoiMSJ9",
          "dependencies": [
            "aws_vpc.main"
          ],
          "create_before_destroy": true
        }
      ]
    },
    {
      "mode": "managed",
      "type": "aws_subnet",
      "name": "public",
      "provider": "provider[\"registry.terraform.io/hashicorp/aws\"]",
      "instances": [
        {
          "index_key": 0,
          "schema_version": 1,
          "attributes": {
            "arn": "arn:aws:ec2:ap-southeast-1:342597974367:subnet/subnet-02537ed490cc944f2",
            "assign_ipv6_address_on_creation": false,
            "availability_zone": "ap-southeast-1a",
            "availability_zone_id": "apse1-az2",
            "cidr_block": "10.0.1.0/24",
            "customer_owned_ipv4_pool": "",
            "enable_dns64": false,
            "enable_lni_at_device_index": 0,
            "enable_resource_name_dns_a_record_on_launch": false,
            "enable_resource_name_dns_aaaa_record_on_launch": false,
            "id": "subnet-02537ed490cc944f2",
            "ipv6_cidr_block": "",
            "ipv6_cidr_block_association_id": "",
            "ipv6_native": false,
            "map_customer_owned_ip_on_launch": false,
            "map_public_ip_on_launch": true,
            "outpost_arn": "",
            "owner_id": "342597974367",
            "private_dns_hostname_type_on_launch": "ip-name",
            "tags": {
              "CostCenter": "Engineering",
              "Environment": "default",
              "EnvironmentSuffix": "synth101912432",
              "LastUpdated": "2025-11-17T04:33:25Z",
              "ManagedBy": "Terraform",
              "Name": "fintech-public-subnet-1-synth101912432",
              "Project": "FintechApp",
              "Team": "DevOps",
              "Type": "public"
            },
            "tags_all": {
              "CostCenter": "Engineering",
              "Environment": "default",
              "EnvironmentSuffix": "synth101912432",
              "LastUpdated": "2025-11-17T04:33:25Z",
              "ManagedBy": "Terraform",
              "Name": "fintech-public-subnet-1-synth101912432",
              "Project": "FintechApp",
              "Team": "DevOps",
              "Type": "public",
              "Workspace": "default"
            },
            "timeouts": null,
            "vpc_id": "vpc-0dda0703ba574801f"
          },
          "sensitive_attributes": [],
          "private": "eyJlMmJmYjczMC1lY2FhLTExZTYtOGY4OC0zNDM2M2JjN2M0YzAiOnsiY3JlYXRlIjo2MDAwMDAwMDAwMDAsImRlbGV0ZSI6MTIwMDAwMDAwMDAwMH0sInNjaGVtYV92ZXJzaW9uIjoiMSJ9",
          "dependencies": [
            "aws_vpc.main"
          ],
          "create_before_destroy": true
        },
        {
          "index_key": 1,
          "schema_version": 1,
          "attributes": {
            "arn": "arn:aws:ec2:ap-southeast-1:342597974367:subnet/subnet-0258ba9d1ff03c95e",
            "assign_ipv6_address_on_creation": false,
            "availability_zone": "ap-southeast-1b",
            "availability_zone_id": "apse1-az1",
            "cidr_block": "10.0.2.0/24",
            "customer_owned_ipv4_pool": "",
            "enable_dns64": false,
            "enable_lni_at_device_index": 0,
            "enable_resource_name_dns_a_record_on_launch": false,
            "enable_resource_name_dns_aaaa_record_on_launch": false,
            "id": "subnet-0258ba9d1ff03c95e",
            "ipv6_cidr_block": "",
            "ipv6_cidr_block_association_id": "",
            "ipv6_native": false,
            "map_customer_owned_ip_on_launch": false,
            "map_public_ip_on_launch": true,
            "outpost_arn": "",
            "owner_id": "342597974367",
            "private_dns_hostname_type_on_launch": "ip-name",
            "tags": {
              "CostCenter": "Engineering",
              "Environment": "default",
              "EnvironmentSuffix": "synth101912432",
              "LastUpdated": "2025-11-17T04:33:25Z",
              "ManagedBy": "Terraform",
              "Name": "fintech-public-subnet-2-synth101912432",
              "Project": "FintechApp",
              "Team": "DevOps",
              "Type": "public"
            },
            "tags_all": {
              "CostCenter": "Engineering",
              "Environment": "default",
              "EnvironmentSuffix": "synth101912432",
              "LastUpdated": "2025-11-17T04:33:25Z",
              "ManagedBy": "Terraform",
              "Name": "fintech-public-subnet-2-synth101912432",
              "Project": "FintechApp",
              "Team": "DevOps",
              "Type": "public",
              "Workspace": "default"
            },
            "timeouts": null,
            "vpc_id": "vpc-0dda0703ba574801f"
          },
          "sensitive_attributes": [],
          "private": "eyJlMmJmYjczMC1lY2FhLTExZTYtOGY4OC0zNDM2M2JjN2M0YzAiOnsiY3JlYXRlIjo2MDAwMDAwMDAwMDAsImRlbGV0ZSI6MTIwMDAwMDAwMDAwMH0sInNjaGVtYV92ZXJzaW9uIjoiMSJ9",
          "dependencies": [
            "aws_vpc.main"
          ],
          "create_before_destroy": true
        }
      ]
    },
    {
      "mode": "managed",
      "type": "aws_vpc",
      "name": "main",
      "provider": "provider[\"registry.terraform.io/hashicorp/aws\"]",
      "instances": [
        {
          "index_key": 0,
          "schema_version": 1,
          "attributes": {
            "arn": "arn:aws:ec2:ap-southeast-1:342597974367:vpc/vpc-0dda0703ba574801f",
            "assign_generated_ipv6_cidr_block": false,
            "cidr_block": "10.0.0.0/16",
            "default_network_acl_id": "acl-024cf7d1c125ae9f7",
            "default_route_table_id": "rtb-0cef83d65458c86bd",
            "default_security_group_id": "sg-08b5bd0a4e01facd1",
            "dhcp_options_id": "dopt-0a807446ef17bbd9e",
            "enable_dns_hostnames": true,
            "enable_dns_support": true,
            "enable_network_address_usage_metrics": false,
            "id": "vpc-0dda0703ba574801f",
            "instance_tenancy": "default",
            "ipv4_ipam_pool_id": null,
            "ipv4_netmask_length": null,
            "ipv6_association_id": "",
            "ipv6_cidr_block": "",
            "ipv6_cidr_block_network_border_group": "",
            "ipv6_ipam_pool_id": "",
            "ipv6_netmask_length": 0,
            "main_route_table_id": "rtb-0cef83d65458c86bd",
            "owner_id": "342597974367",
            "tags": {
              "CostCenter": "Engineering",
              "Environment": "default",
              "EnvironmentSuffix": "synth101912432",
              "LastUpdated": "2025-11-17T04:33:25Z",
              "ManagedBy": "Terraform",
              "Name": "fintech-vpc-synth101912432",
              "Project": "FintechApp",
              "Team": "DevOps"
            },
            "tags_all": {
              "CostCenter": "Engineering",
              "Environment": "default",
              "EnvironmentSuffix": "synth101912432",
              "LastUpdated": "2025-11-17T04:33:25Z",
              "ManagedBy": "Terraform",
              "Name": "fintech-vpc-synth101912432",
              "Project": "FintechApp",
              "Team": "DevOps",
              "Workspace": "default"
            }
          },
          "sensitive_attributes": [],
          "private": "eyJzY2hlbWFfdmVyc2lvbiI6IjEifQ==",
          "create_before_destroy": true
        }
      ]
    },
    {
      "module": "module.ec2_autoscaling",
      "mode": "managed",
      "type": "aws_autoscaling_group",
      "name": "app",
      "provider": "provider[\"registry.terraform.io/hashicorp/aws\"]",
      "instances": [
        {
          "schema_version": 1,
          "attributes": {
            "arn": "arn:aws:autoscaling:ap-southeast-1:342597974367:autoScalingGroup:e54fa636-6690-4fca-83fd-47e62a8ddba7:autoScalingGroupName/app-asg-synth101912432-20251117043611890600000010",
            "availability_zone_distribution": [
              {
                "capacity_distribution_strategy": "balanced-best-effort"
              }
            ],
            "availability_zones": [
              "ap-southeast-1a",
              "ap-southeast-1b"
            ],
            "capacity_rebalance": false,
            "capacity_reservation_specification": [
              {
                "capacity_reservation_preference": "default",
                "capacity_reservation_target": []
              }
            ],
            "context": "",
            "default_cooldown": 300,
            "default_instance_warmup": 0,
            "desired_capacity": 1,
            "desired_capacity_type": "",
            "enabled_metrics": [
              "GroupDesiredCapacity",
              "GroupInServiceInstances",
              "GroupMaxSize",
              "GroupMinSize",
              "GroupTotalInstances"
            ],
            "force_delete": false,
            "force_delete_warm_pool": false,
            "health_check_grace_period": 300,
            "health_check_type": "ELB",
            "id": "app-asg-synth101912432-20251117043611890600000010",
            "ignore_failed_scaling_activities": false,
            "initial_lifecycle_hook": [],
            "instance_maintenance_policy": [],
            "instance_refresh": [],
            "launch_configuration": "",
            "launch_template": [
              {
                "id": "lt-079326edc877a42cb",
                "name": "app-lt-synth101912432-2025111704360565030000000e",
                "version": "$Latest"
              }
            ],
            "load_balancers": [],
            "max_instance_lifetime": 0,
            "max_size": 2,
            "metrics_granularity": "1Minute",
            "min_elb_capacity": null,
            "min_size": 1,
            "mixed_instances_policy": [],
            "name": "app-asg-synth101912432-20251117043611890600000010",
            "name_prefix": "app-asg-synth101912432-",
            "placement_group": "",
            "predicted_capacity": 0,
            "protect_from_scale_in": false,
            "service_linked_role_arn": "arn:aws:iam::342597974367:role/aws-service-role/autoscaling.amazonaws.com/AWSServiceRoleForAutoScaling",
            "suspended_processes": null,
            "tag": [
              {
                "key": "CostCenter",
                "propagate_at_launch": true,
                "value": "Engineering"
              },
              {
                "key": "Environment",
                "propagate_at_launch": true,
                "value": "default"
              },
              {
                "key": "EnvironmentSuffix",
                "propagate_at_launch": true,
                "value": "synth101912432"
              },
              {
                "key": "LastUpdated",
                "propagate_at_launch": true,
                "value": "2025-11-17T04:33:25Z"
              },
              {
                "key": "ManagedBy",
                "propagate_at_launch": true,
                "value": "Terraform"
              },
              {
                "key": "Name",
                "propagate_at_launch": true,
                "value": "app-asg-synth101912432"
              },
              {
                "key": "Project",
                "propagate_at_launch": true,
                "value": "FintechApp"
              },
              {
                "key": "Team",
                "propagate_at_launch": true,
                "value": "DevOps"
              }
            ],
            "target_group_arns": [
              "arn:aws:elasticloadbalancing:ap-southeast-1:342597974367:targetgroup/app-20251117043337900200000002/4ff7ae150b36afbb"
            ],
            "termination_policies": null,
            "timeouts": null,
            "traffic_source": [
              {
                "identifier": "arn:aws:elasticloadbalancing:ap-southeast-1:342597974367:targetgroup/app-20251117043337900200000002/4ff7ae150b36afbb",
                "type": "elbv2"
              }
            ],
            "vpc_zone_identifier": [
              "subnet-03fa00b73dd2fc25d",
              "subnet-095be805413e7b906"
            ],
            "wait_for_capacity_timeout": "10m",
            "wait_for_elb_capacity": null,
            "warm_pool": [],
            "warm_pool_size": 0
          },
          "sensitive_attributes": [],
          "private": "eyJlMmJmYjczMC1lY2FhLTExZTYtOGY4OC0zNDM2M2JjN2M0YzAiOnsiZGVsZXRlIjo2MDAwMDAwMDAwMDAsInVwZGF0ZSI6NjAwMDAwMDAwMDAwfSwic2NoZW1hX3ZlcnNpb24iOiIxIn0=",
          "dependencies": [
            "aws_eip.nat",
            "aws_internet_gateway.main",
            "aws_lb_target_group.app",
            "aws_nat_gateway.main",
            "aws_security_group.alb",
            "aws_security_group.ec2",
            "aws_subnet.private",
            "aws_subnet.public",
            "aws_vpc.main",
            "data.aws_ami.amazon_linux_2",
            "data.aws_subnets.private",
            "data.aws_vpc.existing",
            "module.ec2_autoscaling.aws_launch_template.app"
          ],
          "create_before_destroy": true
        }
      ]
    },
    {
      "module": "module.ec2_autoscaling",
      "mode": "managed",
      "type": "aws_autoscaling_policy",
      "name": "scale_down",
      "provider": "provider[\"registry.terraform.io/hashicorp/aws\"]",
      "instances": [
        {
          "schema_version": 0,
          "attributes": {
            "adjustment_type": "ChangeInCapacity",
            "arn": "arn:aws:autoscaling:ap-southeast-1:342597974367:scalingPolicy:ef9511e1-391f-4614-9bad-b51223236b4a:autoScalingGroupName/app-asg-synth101912432-20251117043611890600000010:policyName/scale-down-synth101912432",
            "autoscaling_group_name": "app-asg-synth101912432-20251117043611890600000010",
            "cooldown": 300,
            "enabled": true,
            "estimated_instance_warmup": 0,
            "id": "scale-down-synth101912432",
            "metric_aggregation_type": "",
            "min_adjustment_magnitude": 0,
            "name": "scale-down-synth101912432",
            "policy_type": "SimpleScaling",
            "predictive_scaling_configuration": [],
            "scaling_adjustment": -1,
            "step_adjustment": [],
            "target_tracking_configuration": []
          },
          "sensitive_attributes": [],
          "private": "bnVsbA==",
          "dependencies": [
            "aws_eip.nat",
            "aws_internet_gateway.main",
            "aws_lb_target_group.app",
            "aws_nat_gateway.main",
            "aws_security_group.alb",
            "aws_security_group.ec2",
            "aws_subnet.private",
            "aws_subnet.public",
            "aws_vpc.main",
            "data.aws_ami.amazon_linux_2",
            "data.aws_subnets.private",
            "data.aws_vpc.existing",
            "module.ec2_autoscaling.aws_autoscaling_group.app",
            "module.ec2_autoscaling.aws_launch_template.app"
          ]
        }
      ]
    },
    {
      "module": "module.ec2_autoscaling",
      "mode": "managed",
      "type": "aws_autoscaling_policy",
      "name": "scale_up",
      "provider": "provider[\"registry.terraform.io/hashicorp/aws\"]",
      "instances": [
        {
          "schema_version": 0,
          "attributes": {
            "adjustment_type": "ChangeInCapacity",
            "arn": "arn:aws:autoscaling:ap-southeast-1:342597974367:scalingPolicy:35076e18-ef9a-4387-807d-45444f5a9438:autoScalingGroupName/app-asg-synth101912432-20251117043611890600000010:policyName/scale-up-synth101912432",
            "autoscaling_group_name": "app-asg-synth101912432-20251117043611890600000010",
            "cooldown": 300,
            "enabled": true,
            "estimated_instance_warmup": 0,
            "id": "scale-up-synth101912432",
            "metric_aggregation_type": "",
            "min_adjustment_magnitude": 0,
            "name": "scale-up-synth101912432",
            "policy_type": "SimpleScaling",
            "predictive_scaling_configuration": [],
            "scaling_adjustment": 1,
            "step_adjustment": [],
            "target_tracking_configuration": []
          },
          "sensitive_attributes": [],
          "private": "bnVsbA==",
          "dependencies": [
            "aws_eip.nat",
            "aws_internet_gateway.main",
            "aws_lb_target_group.app",
            "aws_nat_gateway.main",
            "aws_security_group.alb",
            "aws_security_group.ec2",
            "aws_subnet.private",
            "aws_subnet.public",
            "aws_vpc.main",
            "data.aws_ami.amazon_linux_2",
            "data.aws_subnets.private",
            "data.aws_vpc.existing",
            "module.ec2_autoscaling.aws_autoscaling_group.app",
            "module.ec2_autoscaling.aws_launch_template.app"
          ]
        }
      ]
    },
    {
      "module": "module.ec2_autoscaling",
      "mode": "managed",
      "type": "aws_cloudwatch_metric_alarm",
      "name": "cpu_high",
      "provider": "provider[\"registry.terraform.io/hashicorp/aws\"]",
      "instances": [
        {
          "schema_version": 1,
          "attributes": {
            "actions_enabled": true,
            "alarm_actions": [
              "arn:aws:autoscaling:ap-southeast-1:342597974367:scalingPolicy:35076e18-ef9a-4387-807d-45444f5a9438:autoScalingGroupName/app-asg-synth101912432-20251117043611890600000010:policyName/scale-up-synth101912432"
            ],
            "alarm_description": "",
            "alarm_name": "cpu-high-synth101912432",
            "arn": "arn:aws:cloudwatch:ap-southeast-1:342597974367:alarm:cpu-high-synth101912432",
            "comparison_operator": "GreaterThanThreshold",
            "datapoints_to_alarm": 0,
            "dimensions": {
              "AutoScalingGroupName": "app-asg-synth101912432-20251117043611890600000010"
            },
            "evaluate_low_sample_count_percentiles": "",
            "evaluation_periods": 2,
            "extended_statistic": "",
            "id": "cpu-high-synth101912432",
            "insufficient_data_actions": null,
            "metric_name": "CPUUtilization",
            "metric_query": [],
            "namespace": "AWS/EC2",
            "ok_actions": null,
            "period": 120,
            "statistic": "Average",
            "tags": null,
            "tags_all": {
              "CostCenter": "Engineering",
              "Environment": "default",
              "EnvironmentSuffix": "synth101912432",
              "ManagedBy": "Terraform",
              "Project": "FintechApp",
              "Team": "DevOps",
              "Workspace": "default"
            },
            "threshold": 70,
            "threshold_metric_id": "",
            "treat_missing_data": "missing",
            "unit": ""
          },
          "sensitive_attributes": [],
          "private": "eyJzY2hlbWFfdmVyc2lvbiI6IjEifQ==",
          "dependencies": [
            "aws_eip.nat",
            "aws_internet_gateway.main",
            "aws_lb_target_group.app",
            "aws_nat_gateway.main",
            "aws_security_group.alb",
            "aws_security_group.ec2",
            "aws_subnet.private",
            "aws_subnet.public",
            "aws_vpc.main",
            "data.aws_ami.amazon_linux_2",
            "data.aws_subnets.private",
            "data.aws_vpc.existing",
            "module.ec2_autoscaling.aws_autoscaling_group.app",
            "module.ec2_autoscaling.aws_autoscaling_policy.scale_up",
            "module.ec2_autoscaling.aws_launch_template.app"
          ]
        }
      ]
    },
    {
      "module": "module.ec2_autoscaling",
      "mode": "managed",
      "type": "aws_cloudwatch_metric_alarm",
      "name": "cpu_low",
      "provider": "provider[\"registry.terraform.io/hashicorp/aws\"]",
      "instances": [
        {
          "schema_version": 1,
          "attributes": {
            "actions_enabled": true,
            "alarm_actions": [
              "arn:aws:autoscaling:ap-southeast-1:342597974367:scalingPolicy:ef9511e1-391f-4614-9bad-b51223236b4a:autoScalingGroupName/app-asg-synth101912432-20251117043611890600000010:policyName/scale-down-synth101912432"
            ],
            "alarm_description": "",
            "alarm_name": "cpu-low-synth101912432",
            "arn": "arn:aws:cloudwatch:ap-southeast-1:342597974367:alarm:cpu-low-synth101912432",
            "comparison_operator": "LessThanThreshold",
            "datapoints_to_alarm": 0,
            "dimensions": {
              "AutoScalingGroupName": "app-asg-synth101912432-20251117043611890600000010"
            },
            "evaluate_low_sample_count_percentiles": "",
            "evaluation_periods": 2,
            "extended_statistic": "",
            "id": "cpu-low-synth101912432",
            "insufficient_data_actions": null,
            "metric_name": "CPUUtilization",
            "metric_query": [],
            "namespace": "AWS/EC2",
            "ok_actions": null,
            "period": 120,
            "statistic": "Average",
            "tags": null,
            "tags_all": {
              "CostCenter": "Engineering",
              "Environment": "default",
              "EnvironmentSuffix": "synth101912432",
              "ManagedBy": "Terraform",
              "Project": "FintechApp",
              "Team": "DevOps",
              "Workspace": "default"
            },
            "threshold": 30,
            "threshold_metric_id": "",
            "treat_missing_data": "missing",
            "unit": ""
          },
          "sensitive_attributes": [],
          "private": "eyJzY2hlbWFfdmVyc2lvbiI6IjEifQ==",
          "dependencies": [
            "aws_eip.nat",
            "aws_internet_gateway.main",
            "aws_lb_target_group.app",
            "aws_nat_gateway.main",
            "aws_security_group.alb",
            "aws_security_group.ec2",
            "aws_subnet.private",
            "aws_subnet.public",
            "aws_vpc.main",
            "data.aws_ami.amazon_linux_2",
            "data.aws_subnets.private",
            "data.aws_vpc.existing",
            "module.ec2_autoscaling.aws_autoscaling_group.app",
            "module.ec2_autoscaling.aws_autoscaling_policy.scale_down",
            "module.ec2_autoscaling.aws_launch_template.app"
          ]
        }
      ]
    },
    {
      "module": "module.ec2_autoscaling",
      "mode": "managed",
      "type": "aws_launch_template",
      "name": "app",
      "provider": "provider[\"registry.terraform.io/hashicorp/aws\"]",
      "instances": [
        {
          "schema_version": 0,
          "attributes": {
            "arn": "arn:aws:ec2:ap-southeast-1:342597974367:launch-template/lt-079326edc877a42cb",
            "block_device_mappings": [],
            "capacity_reservation_specification": [],
            "cpu_options": [],
            "credit_specification": [],
            "default_version": 1,
            "description": "",
            "disable_api_stop": false,
            "disable_api_termination": false,
            "ebs_optimized": "",
            "elastic_gpu_specifications": [],
            "elastic_inference_accelerator": [],
            "enclave_options": [],
            "hibernation_options": [],
            "iam_instance_profile": [],
            "id": "lt-079326edc877a42cb",
            "image_id": "ami-0ca143b172aae70b7",
            "instance_initiated_shutdown_behavior": "",
            "instance_market_options": [],
            "instance_requirements": [],
            "instance_type": "t3.medium",
            "kernel_id": "",
            "key_name": "",
            "latest_version": 1,
            "license_specification": [],
            "maintenance_options": [],
            "metadata_options": [
              {
                "http_endpoint": "enabled",
                "http_protocol_ipv6": "",
                "http_put_response_hop_limit": 1,
                "http_tokens": "required",
                "instance_metadata_tags": ""
              }
            ],
            "monitoring": [
              {
                "enabled": true
              }
            ],
            "name": "app-lt-synth101912432-2025111704360565030000000e",
            "name_prefix": "app-lt-synth101912432-",
            "network_interfaces": [],
            "placement": [],
            "private_dns_name_options": [],
            "ram_disk_id": "",
            "security_group_names": null,
            "tag_specifications": [
              {
                "resource_type": "instance",
                "tags": {
                  "CostCenter": "Engineering",
                  "Environment": "default",
                  "EnvironmentSuffix": "synth101912432",
                  "LastUpdated": "2025-11-17T04:33:25Z",
                  "ManagedBy": "Terraform",
                  "Name": "app-instance-synth101912432",
                  "Project": "FintechApp",
                  "Team": "DevOps"
                }
              }
            ],
            "tags": null,
            "tags_all": {
              "CostCenter": "Engineering",
              "Environment": "default",
              "EnvironmentSuffix": "synth101912432",
              "ManagedBy": "Terraform",
              "Project": "FintechApp",
              "Team": "DevOps",
              "Workspace": "default"
            },
            "update_default_version": null,
            "user_data": "IyEvYmluL2Jhc2gKeXVtIHVwZGF0ZSAteQp5dW0gaW5zdGFsbCAteSBodHRwZCBwb3N0Z3Jlc3FsMTUKc3lzdGVtY3RsIHN0YXJ0IGh0dHBkCnN5c3RlbWN0bCBlbmFibGUgaHR0cGQKCiMgQmFzaWMgaGVhbHRoIGNoZWNrIGVuZHBvaW50CmNhdCA+IC92YXIvd3d3L2h0bWwvaGVhbHRoIDw8J0hFQUxUSCcKT0sKSEVBTFRICgojIFNldCBob3N0bmFtZQpob3N0bmFtZWN0bCBzZXQtaG9zdG5hbWUgYXBwLXN5bnRoMTAxOTEyNDMyCg==",
            "vpc_security_group_ids": [
              "sg-07609c146130bfd47"
            ]
          },
          "sensitive_attributes": [],
          "private": "bnVsbA==",
          "dependencies": [
            "aws_eip.nat",
            "aws_internet_gateway.main",
            "aws_lb_target_group.app",
            "aws_nat_gateway.main",
            "aws_security_group.alb",
            "aws_security_group.ec2",
            "aws_subnet.public",
            "aws_vpc.main",
            "data.aws_ami.amazon_linux_2",
            "data.aws_vpc.existing"
          ],
          "create_before_destroy": true
        }
      ]
    },
    {
      "module": "module.rds_postgres",
      "mode": "managed",
      "type": "aws_db_parameter_group",
      "name": "postgres",
      "provider": "provider[\"registry.terraform.io/hashicorp/aws\"]",
      "instances": [
        {
          "schema_version": 0,
          "attributes": {
            "arn": "arn:aws:rds:ap-southeast-1:342597974367:pg:postgres-params-synth101912432-20251117043325709800000001",
            "description": "Managed by Terraform",
            "family": "postgres15",
            "id": "postgres-params-synth101912432-20251117043325709800000001",
            "name": "postgres-params-synth101912432-20251117043325709800000001",
            "name_prefix": "postgres-params-synth101912432-",
            "parameter": [
              {
                "apply_method": "immediate",
                "name": "log_connections",
                "value": "1"
              },
              {
                "apply_method": "immediate",
                "name": "log_disconnections",
                "value": "1"
              },
              {
                "apply_method": "immediate",
                "name": "log_duration",
                "value": "1"
              },
              {
                "apply_method": "immediate",
                "name": "shared_preload_libraries",
                "value": "pg_stat_statements"
              }
            ],
            "skip_destroy": false,
            "tags": {
              "CostCenter": "Engineering",
              "Environment": "default",
              "EnvironmentSuffix": "synth101912432",
              "LastUpdated": "2025-11-17T04:33:25Z",
              "ManagedBy": "Terraform",
              "Name": "postgres-params-synth101912432",
              "Project": "FintechApp",
              "Team": "DevOps"
            },
            "tags_all": {
              "CostCenter": "Engineering",
              "Environment": "default",
              "EnvironmentSuffix": "synth101912432",
              "LastUpdated": "2025-11-17T04:33:25Z",
              "ManagedBy": "Terraform",
              "Name": "postgres-params-synth101912432",
              "Project": "FintechApp",
              "Team": "DevOps",
              "Workspace": "default"
            }
          },
          "sensitive_attributes": [],
          "private": "bnVsbA==",
          "create_before_destroy": true
        }
      ]
    },
    {
      "module": "module.rds_postgres",
      "mode": "managed",
      "type": "aws_db_subnet_group",
      "name": "main",
      "provider": "provider[\"registry.terraform.io/hashicorp/aws\"]",
      "instances": [
        {
          "schema_version": 0,
          "attributes": {
            "arn": "arn:aws:rds:ap-southeast-1:342597974367:subgrp:rds-subnet-synth101912432-20251117043338914600000005",
            "description": "Managed by Terraform",
            "id": "rds-subnet-synth101912432-20251117043338914600000005",
            "name": "rds-subnet-synth101912432-20251117043338914600000005",
            "name_prefix": "rds-subnet-synth101912432-",
            "subnet_ids": [
              "subnet-03fa00b73dd2fc25d",
              "subnet-095be805413e7b906"
            ],
            "supported_network_types": [
              "IPV4"
            ],
            "tags": {
              "CostCenter": "Engineering",
              "Environment": "default",
              "EnvironmentSuffix": "synth101912432",
              "LastUpdated": "2025-11-17T04:33:25Z",
              "ManagedBy": "Terraform",
              "Name": "rds-subnet-group-synth101912432",
              "Project": "FintechApp",
              "Team": "DevOps"
            },
            "tags_all": {
              "CostCenter": "Engineering",
              "Environment": "default",
              "EnvironmentSuffix": "synth101912432",
              "LastUpdated": "2025-11-17T04:33:25Z",
              "ManagedBy": "Terraform",
              "Name": "rds-subnet-group-synth101912432",
              "Project": "FintechApp",
              "Team": "DevOps",
              "Workspace": "default"
            },
            "vpc_id": "vpc-0dda0703ba574801f"
          },
          "sensitive_attributes": [],
          "private": "bnVsbA==",
          "dependencies": [
            "aws_subnet.private",
            "aws_vpc.main",
            "data.aws_subnets.private",
            "data.aws_vpc.existing"
          ],
          "create_before_destroy": true
        }
      ]
    }
  ],
  "check_results": [
    {
      "object_kind": "var",
      "config_addr": "var.rds_master_password",
      "status": "pass",
      "objects": [
        {
          "object_addr": "var.rds_master_password",
          "status": "pass"
        }
      ]
    },
    {
      "object_kind": "var",
      "config_addr": "var.environment_suffix",
      "status": "pass",
      "objects": [
        {
          "object_addr": "var.environment_suffix",
          "status": "pass"
        }
      ]
    }
  ]
}
