{
  "version": 4,
  "terraform_version": "1.9.0",
  "serial": 81,
  "lineage": "a29faf90-8d27-9fca-3123-e365e96a2919",
  "outputs": {
    "dev_private_subnet_ids": {
      "value": [
        "subnet-0db99fd42e835cdb5",
        "subnet-0c61d9ac45cec69cb"
      ],
      "type": [
        "tuple",
        [
          "string",
          "string"
        ]
      ]
    },
    "dev_tgw_attachment_id": {
      "value": "tgw-attach-0daaa90844da331a5",
      "type": "string"
    },
    "dev_vpc_cidr": {
      "value": "10.2.0.0/16",
      "type": "string"
    },
    "dev_vpc_id": {
      "value": "vpc-03596262e01508494",
      "type": "string"
    },
    "flow_logs_s3_bucket": {
      "value": "vpc-flow-logs-synth-101912528",
      "type": "string"
    },
    "hub_nat_gateway_ids": {
      "value": [
        "nat-0b0ac5d75ed155e7f",
        "nat-091e8595afa6ea692"
      ],
      "type": [
        "tuple",
        [
          "string",
          "string"
        ]
      ]
    },
    "hub_private_subnet_ids": {
      "value": [
        "subnet-0bd21b05999711d73",
        "subnet-087e552d265dc0e16"
      ],
      "type": [
        "tuple",
        [
          "string",
          "string"
        ]
      ]
    },
    "hub_tgw_attachment_id": {
      "value": "tgw-attach-061045146ea8a8129",
      "type": "string"
    },
    "hub_vpc_cidr": {
      "value": "10.0.0.0/16",
      "type": "string"
    },
    "hub_vpc_id": {
      "value": "vpc-054d865cf6e04c0e8",
      "type": "string"
    },
    "prod_private_subnet_ids": {
      "value": [
        "subnet-06fe0c7a27cafd66a",
        "subnet-06b4e1807515bd28f"
      ],
      "type": [
        "tuple",
        [
          "string",
          "string"
        ]
      ]
    },
    "prod_tgw_attachment_id": {
      "value": "tgw-attach-0ca35b943e740ad72",
      "type": "string"
    },
    "prod_vpc_cidr": {
      "value": "10.1.0.0/16",
      "type": "string"
    },
    "prod_vpc_id": {
      "value": "vpc-07f1d975c78d04e64",
      "type": "string"
    },
    "route53_zone_id": {
      "value": "Z07696451J6L9BFF56DPY",
      "type": "string"
    },
    "route53_zone_name": {
      "value": "internal.synth-101912528.local",
      "type": "string"
    },
    "transit_gateway_arn": {
      "value": "arn:aws:ec2:us-east-1:342597974367:transit-gateway/tgw-00dad9d3a7e4da66b",
      "type": "string"
    },
    "transit_gateway_id": {
      "value": "tgw-00dad9d3a7e4da66b",
      "type": "string"
    }
  },
  "resources": [
    {
      "mode": "data",
      "type": "aws_caller_identity",
      "name": "current",
      "provider": "provider[\"registry.terraform.io/hashicorp/aws\"]",
      "instances": [
        {
          "schema_version": 0,
          "attributes": {
            "account_id": "342597974367",
            "arn": "arn:aws:iam::342597974367:user/iac-synth-deploy",
            "id": "342597974367",
            "user_id": "AIDAU7RDOHFP6S4NLVPKQ"
          },
          "sensitive_attributes": []
        }
      ]
    },
    {
      "mode": "managed",
      "type": "aws_ec2_transit_gateway",
      "name": "main",
      "provider": "provider[\"registry.terraform.io/hashicorp/aws\"]",
      "instances": [
        {
          "schema_version": 0,
          "attributes": {
            "amazon_side_asn": 64512,
            "arn": "arn:aws:ec2:us-east-1:342597974367:transit-gateway/tgw-00dad9d3a7e4da66b",
            "association_default_route_table_id": "",
            "auto_accept_shared_attachments": "disable",
            "default_route_table_association": "disable",
            "default_route_table_propagation": "disable",
            "description": "Transit Gateway for hub-and-spoke architecture",
            "dns_support": "enable",
            "id": "tgw-00dad9d3a7e4da66b",
            "multicast_support": "disable",
            "owner_id": "342597974367",
            "propagation_default_route_table_id": "",
            "security_group_referencing_support": "disable",
            "tags": {
              "Environment": "shared",
              "ManagedBy": "Terraform",
              "Name": "main-tgw-synth-101912528",
              "Project": "multi-vpc-transit"
            },
            "tags_all": {
              "Environment": "shared",
              "ManagedBy": "Terraform",
              "Name": "main-tgw-synth-101912528",
              "Project": "multi-vpc-transit"
            },
            "timeouts": null,
            "transit_gateway_cidr_blocks": null,
            "vpn_ecmp_support": "enable"
          },
          "sensitive_attributes": [],
          "private": "eyJlMmJmYjczMC1lY2FhLTExZTYtOGY4OC0zNDM2M2JjN2M0YzAiOnsiY3JlYXRlIjo2MDAwMDAwMDAwMDAsImRlbGV0ZSI6NjAwMDAwMDAwMDAwLCJ1cGRhdGUiOjYwMDAwMDAwMDAwMH19"
        }
      ]
    },
    {
      "mode": "managed",
      "type": "aws_ec2_transit_gateway_route",
      "name": "dev_to_hub",
      "provider": "provider[\"registry.terraform.io/hashicorp/aws\"]",
      "instances": [
        {
          "schema_version": 0,
          "attributes": {
            "blackhole": false,
            "destination_cidr_block": "0.0.0.0/0",
            "id": "tgw-rtb-0e8a0ade9a6300eb2_0.0.0.0/0",
            "transit_gateway_attachment_id": "tgw-attach-061045146ea8a8129",
            "transit_gateway_route_table_id": "tgw-rtb-0e8a0ade9a6300eb2"
          },
          "sensitive_attributes": [],
          "private": "bnVsbA==",
          "dependencies": [
            "aws_ec2_transit_gateway.main",
            "aws_ec2_transit_gateway_route_table.dev",
            "aws_ec2_transit_gateway_vpc_attachment.hub",
            "module.hub_vpc.aws_subnet.transit_gateway",
            "module.hub_vpc.aws_vpc.main"
          ]
        }
      ]
    },
    {
      "mode": "managed",
      "type": "aws_ec2_transit_gateway_route",
      "name": "hub_to_dev",
      "provider": "provider[\"registry.terraform.io/hashicorp/aws\"]",
      "instances": [
        {
          "schema_version": 0,
          "attributes": {
            "blackhole": false,
            "destination_cidr_block": "10.2.0.0/16",
            "id": "tgw-rtb-01854520f2339432f_10.2.0.0/16",
            "transit_gateway_attachment_id": "tgw-attach-0daaa90844da331a5",
            "transit_gateway_route_table_id": "tgw-rtb-01854520f2339432f"
          },
          "sensitive_attributes": [],
          "private": "bnVsbA==",
          "dependencies": [
            "aws_ec2_transit_gateway.main",
            "aws_ec2_transit_gateway_route_table.hub",
            "aws_ec2_transit_gateway_vpc_attachment.dev",
            "module.dev_vpc.aws_subnet.transit_gateway",
            "module.dev_vpc.aws_vpc.main"
          ]
        }
      ]
    },
    {
      "mode": "managed",
      "type": "aws_ec2_transit_gateway_route",
      "name": "hub_to_prod",
      "provider": "provider[\"registry.terraform.io/hashicorp/aws\"]",
      "instances": [
        {
          "schema_version": 0,
          "attributes": {
            "blackhole": false,
            "destination_cidr_block": "10.1.0.0/16",
            "id": "tgw-rtb-01854520f2339432f_10.1.0.0/16",
            "transit_gateway_attachment_id": "tgw-attach-0ca35b943e740ad72",
            "transit_gateway_route_table_id": "tgw-rtb-01854520f2339432f"
          },
          "sensitive_attributes": [],
          "private": "bnVsbA==",
          "dependencies": [
            "aws_ec2_transit_gateway.main",
            "aws_ec2_transit_gateway_route_table.hub",
            "aws_ec2_transit_gateway_vpc_attachment.prod",
            "module.prod_vpc.aws_subnet.transit_gateway",
            "module.prod_vpc.aws_vpc.main"
          ]
        }
      ]
    },
    {
      "mode": "managed",
      "type": "aws_ec2_transit_gateway_route",
      "name": "prod_to_hub",
      "provider": "provider[\"registry.terraform.io/hashicorp/aws\"]",
      "instances": [
        {
          "schema_version": 0,
          "attributes": {
            "blackhole": false,
            "destination_cidr_block": "0.0.0.0/0",
            "id": "tgw-rtb-0da16b2c8eabc9ebf_0.0.0.0/0",
            "transit_gateway_attachment_id": "tgw-attach-061045146ea8a8129",
            "transit_gateway_route_table_id": "tgw-rtb-0da16b2c8eabc9ebf"
          },
          "sensitive_attributes": [],
          "private": "bnVsbA==",
          "dependencies": [
            "aws_ec2_transit_gateway.main",
            "aws_ec2_transit_gateway_route_table.prod",
            "aws_ec2_transit_gateway_vpc_attachment.hub",
            "module.hub_vpc.aws_subnet.transit_gateway",
            "module.hub_vpc.aws_vpc.main"
          ]
        }
      ]
    },
    {
      "mode": "managed",
      "type": "aws_ec2_transit_gateway_route_table",
      "name": "dev",
      "provider": "provider[\"registry.terraform.io/hashicorp/aws\"]",
      "instances": [
        {
          "schema_version": 0,
          "attributes": {
            "arn": "arn:aws:ec2:us-east-1:342597974367:transit-gateway-route-table/tgw-rtb-0e8a0ade9a6300eb2",
            "default_association_route_table": false,
            "default_propagation_route_table": false,
            "id": "tgw-rtb-0e8a0ade9a6300eb2",
            "tags": {
              "Environment": "development",
              "ManagedBy": "Terraform",
              "Name": "dev-tgw-rt-synth-101912528",
              "Project": "multi-vpc-transit"
            },
            "tags_all": {
              "Environment": "development",
              "ManagedBy": "Terraform",
              "Name": "dev-tgw-rt-synth-101912528",
              "Project": "multi-vpc-transit"
            },
            "transit_gateway_id": "tgw-00dad9d3a7e4da66b"
          },
          "sensitive_attributes": [],
          "private": "bnVsbA==",
          "dependencies": [
            "aws_ec2_transit_gateway.main"
          ]
        }
      ]
    },
    {
      "mode": "managed",
      "type": "aws_ec2_transit_gateway_route_table",
      "name": "hub",
      "provider": "provider[\"registry.terraform.io/hashicorp/aws\"]",
      "instances": [
        {
          "schema_version": 0,
          "attributes": {
            "arn": "arn:aws:ec2:us-east-1:342597974367:transit-gateway-route-table/tgw-rtb-01854520f2339432f",
            "default_association_route_table": false,
            "default_propagation_route_table": false,
            "id": "tgw-rtb-01854520f2339432f",
            "tags": {
              "Environment": "hub",
              "ManagedBy": "Terraform",
              "Name": "hub-tgw-rt-synth-101912528",
              "Project": "multi-vpc-transit"
            },
            "tags_all": {
              "Environment": "hub",
              "ManagedBy": "Terraform",
              "Name": "hub-tgw-rt-synth-101912528",
              "Project": "multi-vpc-transit"
            },
            "transit_gateway_id": "tgw-00dad9d3a7e4da66b"
          },
          "sensitive_attributes": [],
          "private": "bnVsbA==",
          "dependencies": [
            "aws_ec2_transit_gateway.main"
          ]
        }
      ]
    },
    {
      "mode": "managed",
      "type": "aws_ec2_transit_gateway_route_table",
      "name": "prod",
      "provider": "provider[\"registry.terraform.io/hashicorp/aws\"]",
      "instances": [
        {
          "schema_version": 0,
          "attributes": {
            "arn": "arn:aws:ec2:us-east-1:342597974367:transit-gateway-route-table/tgw-rtb-0da16b2c8eabc9ebf",
            "default_association_route_table": false,
            "default_propagation_route_table": false,
            "id": "tgw-rtb-0da16b2c8eabc9ebf",
            "tags": {
              "Environment": "production",
              "ManagedBy": "Terraform",
              "Name": "prod-tgw-rt-synth-101912528",
              "Project": "multi-vpc-transit"
            },
            "tags_all": {
              "Environment": "production",
              "ManagedBy": "Terraform",
              "Name": "prod-tgw-rt-synth-101912528",
              "Project": "multi-vpc-transit"
            },
            "transit_gateway_id": "tgw-00dad9d3a7e4da66b"
          },
          "sensitive_attributes": [],
          "private": "bnVsbA==",
          "dependencies": [
            "aws_ec2_transit_gateway.main"
          ]
        }
      ]
    },
    {
      "mode": "managed",
      "type": "aws_ec2_transit_gateway_route_table_association",
      "name": "dev",
      "provider": "provider[\"registry.terraform.io/hashicorp/aws\"]",
      "instances": [
        {
          "schema_version": 0,
          "attributes": {
            "id": "tgw-rtb-0e8a0ade9a6300eb2_tgw-attach-0daaa90844da331a5",
            "replace_existing_association": false,
            "resource_id": "vpc-03596262e01508494",
            "resource_type": "vpc",
            "transit_gateway_attachment_id": "tgw-attach-0daaa90844da331a5",
            "transit_gateway_route_table_id": "tgw-rtb-0e8a0ade9a6300eb2"
          },
          "sensitive_attributes": [],
          "private": "bnVsbA==",
          "dependencies": [
            "aws_ec2_transit_gateway.main",
            "aws_ec2_transit_gateway_route_table.dev",
            "aws_ec2_transit_gateway_vpc_attachment.dev",
            "module.dev_vpc.aws_subnet.transit_gateway",
            "module.dev_vpc.aws_vpc.main"
          ]
        }
      ]
    },
    {
      "mode": "managed",
      "type": "aws_ec2_transit_gateway_route_table_association",
      "name": "hub",
      "provider": "provider[\"registry.terraform.io/hashicorp/aws\"]",
      "instances": [
        {
          "schema_version": 0,
          "attributes": {
            "id": "tgw-rtb-01854520f2339432f_tgw-attach-061045146ea8a8129",
            "replace_existing_association": false,
            "resource_id": "vpc-054d865cf6e04c0e8",
            "resource_type": "vpc",
            "transit_gateway_attachment_id": "tgw-attach-061045146ea8a8129",
            "transit_gateway_route_table_id": "tgw-rtb-01854520f2339432f"
          },
          "sensitive_attributes": [],
          "private": "bnVsbA==",
          "dependencies": [
            "aws_ec2_transit_gateway.main",
            "aws_ec2_transit_gateway_route_table.hub",
            "aws_ec2_transit_gateway_vpc_attachment.hub",
            "module.hub_vpc.aws_subnet.transit_gateway",
            "module.hub_vpc.aws_vpc.main"
          ]
        }
      ]
    },
    {
      "mode": "managed",
      "type": "aws_ec2_transit_gateway_route_table_association",
      "name": "prod",
      "provider": "provider[\"registry.terraform.io/hashicorp/aws\"]",
      "instances": [
        {
          "schema_version": 0,
          "attributes": {
            "id": "tgw-rtb-0da16b2c8eabc9ebf_tgw-attach-0ca35b943e740ad72",
            "replace_existing_association": false,
            "resource_id": "vpc-07f1d975c78d04e64",
            "resource_type": "vpc",
            "transit_gateway_attachment_id": "tgw-attach-0ca35b943e740ad72",
            "transit_gateway_route_table_id": "tgw-rtb-0da16b2c8eabc9ebf"
          },
          "sensitive_attributes": [],
          "private": "bnVsbA==",
          "dependencies": [
            "aws_ec2_transit_gateway.main",
            "aws_ec2_transit_gateway_route_table.prod",
            "aws_ec2_transit_gateway_vpc_attachment.prod",
            "module.prod_vpc.aws_subnet.transit_gateway",
            "module.prod_vpc.aws_vpc.main"
          ]
        }
      ]
    },
    {
      "mode": "managed",
      "type": "aws_ec2_transit_gateway_vpc_attachment",
      "name": "dev",
      "provider": "provider[\"registry.terraform.io/hashicorp/aws\"]",
      "instances": [
        {
          "schema_version": 0,
          "attributes": {
            "appliance_mode_support": "disable",
            "arn": "arn:aws:ec2:us-east-1:342597974367:transit-gateway-attachment/tgw-attach-0daaa90844da331a5",
            "dns_support": "enable",
            "id": "tgw-attach-0daaa90844da331a5",
            "ipv6_support": "disable",
            "security_group_referencing_support": "enable",
            "subnet_ids": [
              "subnet-0494b8995cf6ccb04",
              "subnet-04d4c62c9b581696f"
            ],
            "tags": {
              "Environment": "development",
              "ManagedBy": "Terraform",
              "Name": "dev-tgw-attachment-synth-101912528",
              "Project": "multi-vpc-transit"
            },
            "tags_all": {
              "Environment": "development",
              "ManagedBy": "Terraform",
              "Name": "dev-tgw-attachment-synth-101912528",
              "Project": "multi-vpc-transit"
            },
            "transit_gateway_default_route_table_association": false,
            "transit_gateway_default_route_table_propagation": false,
            "transit_gateway_id": "tgw-00dad9d3a7e4da66b",
            "vpc_id": "vpc-03596262e01508494",
            "vpc_owner_id": "342597974367"
          },
          "sensitive_attributes": [],
          "private": "bnVsbA==",
          "dependencies": [
            "aws_ec2_transit_gateway.main",
            "module.dev_vpc.aws_subnet.transit_gateway",
            "module.dev_vpc.aws_vpc.main"
          ]
        }
      ]
    },
    {
      "mode": "managed",
      "type": "aws_ec2_transit_gateway_vpc_attachment",
      "name": "hub",
      "provider": "provider[\"registry.terraform.io/hashicorp/aws\"]",
      "instances": [
        {
          "schema_version": 0,
          "attributes": {
            "appliance_mode_support": "disable",
            "arn": "arn:aws:ec2:us-east-1:342597974367:transit-gateway-attachment/tgw-attach-061045146ea8a8129",
            "dns_support": "enable",
            "id": "tgw-attach-061045146ea8a8129",
            "ipv6_support": "disable",
            "security_group_referencing_support": "enable",
            "subnet_ids": [
              "subnet-04f107628416ad052",
              "subnet-09bcab46900d6ea06"
            ],
            "tags": {
              "Environment": "hub",
              "ManagedBy": "Terraform",
              "Name": "hub-tgw-attachment-synth-101912528",
              "Project": "multi-vpc-transit"
            },
            "tags_all": {
              "Environment": "hub",
              "ManagedBy": "Terraform",
              "Name": "hub-tgw-attachment-synth-101912528",
              "Project": "multi-vpc-transit"
            },
            "transit_gateway_default_route_table_association": false,
            "transit_gateway_default_route_table_propagation": false,
            "transit_gateway_id": "tgw-00dad9d3a7e4da66b",
            "vpc_id": "vpc-054d865cf6e04c0e8",
            "vpc_owner_id": "342597974367"
          },
          "sensitive_attributes": [],
          "private": "bnVsbA==",
          "dependencies": [
            "aws_ec2_transit_gateway.main",
            "module.hub_vpc.aws_subnet.transit_gateway",
            "module.hub_vpc.aws_vpc.main"
          ]
        }
      ]
    },
    {
      "mode": "managed",
      "type": "aws_ec2_transit_gateway_vpc_attachment",
      "name": "prod",
      "provider": "provider[\"registry.terraform.io/hashicorp/aws\"]",
      "instances": [
        {
          "schema_version": 0,
          "attributes": {
            "appliance_mode_support": "disable",
            "arn": "arn:aws:ec2:us-east-1:342597974367:transit-gateway-attachment/tgw-attach-0ca35b943e740ad72",
            "dns_support": "enable",
            "id": "tgw-attach-0ca35b943e740ad72",
            "ipv6_support": "disable",
            "security_group_referencing_support": "enable",
            "subnet_ids": [
              "subnet-035e3678343263ff9",
              "subnet-0e6c7f026af2157e6"
            ],
            "tags": {
              "Environment": "production",
              "ManagedBy": "Terraform",
              "Name": "prod-tgw-attachment-synth-101912528",
              "Project": "multi-vpc-transit"
            },
            "tags_all": {
              "Environment": "production",
              "ManagedBy": "Terraform",
              "Name": "prod-tgw-attachment-synth-101912528",
              "Project": "multi-vpc-transit"
            },
            "transit_gateway_default_route_table_association": false,
            "transit_gateway_default_route_table_propagation": false,
            "transit_gateway_id": "tgw-00dad9d3a7e4da66b",
            "vpc_id": "vpc-07f1d975c78d04e64",
            "vpc_owner_id": "342597974367"
          },
          "sensitive_attributes": [],
          "private": "bnVsbA==",
          "dependencies": [
            "aws_ec2_transit_gateway.main",
            "module.prod_vpc.aws_subnet.transit_gateway",
            "module.prod_vpc.aws_vpc.main"
          ]
        }
      ]
    },
    {
      "mode": "managed",
      "type": "aws_route",
      "name": "dev_private_to_internet",
      "provider": "provider[\"registry.terraform.io/hashicorp/aws\"]",
      "instances": [
        {
          "index_key": 0,
          "schema_version": 0,
          "attributes": {
            "carrier_gateway_id": "",
            "core_network_arn": "",
            "destination_cidr_block": "0.0.0.0/0",
            "destination_ipv6_cidr_block": "",
            "destination_prefix_list_id": "",
            "egress_only_gateway_id": "",
            "gateway_id": "",
            "id": "r-rtb-07b0fec743acfac5d1080289494",
            "instance_id": "",
            "instance_owner_id": "",
            "local_gateway_id": "",
            "nat_gateway_id": "",
            "network_interface_id": "",
            "origin": "CreateRoute",
            "route_table_id": "rtb-07b0fec743acfac5d",
            "state": "active",
            "timeouts": null,
            "transit_gateway_id": "tgw-00dad9d3a7e4da66b",
            "vpc_endpoint_id": "",
            "vpc_peering_connection_id": ""
          },
          "sensitive_attributes": [],
          "private": "eyJlMmJmYjczMC1lY2FhLTExZTYtOGY4OC0zNDM2M2JjN2M0YzAiOnsiY3JlYXRlIjozMDAwMDAwMDAwMDAsImRlbGV0ZSI6MzAwMDAwMDAwMDAwLCJ1cGRhdGUiOjEyMDAwMDAwMDAwMH19",
          "dependencies": [
            "aws_ec2_transit_gateway.main",
            "aws_ec2_transit_gateway_vpc_attachment.dev",
            "module.dev_vpc.aws_route_table.private",
            "module.dev_vpc.aws_subnet.transit_gateway",
            "module.dev_vpc.aws_vpc.main"
          ]
        },
        {
          "index_key": 1,
          "schema_version": 0,
          "attributes": {
            "carrier_gateway_id": "",
            "core_network_arn": "",
            "destination_cidr_block": "0.0.0.0/0",
            "destination_ipv6_cidr_block": "",
            "destination_prefix_list_id": "",
            "egress_only_gateway_id": "",
            "gateway_id": "",
            "id": "r-rtb-04113455cee25baa21080289494",
            "instance_id": "",
            "instance_owner_id": "",
            "local_gateway_id": "",
            "nat_gateway_id": "",
            "network_interface_id": "",
            "origin": "CreateRoute",
            "route_table_id": "rtb-04113455cee25baa2",
            "state": "active",
            "timeouts": null,
            "transit_gateway_id": "tgw-00dad9d3a7e4da66b",
            "vpc_endpoint_id": "",
            "vpc_peering_connection_id": ""
          },
          "sensitive_attributes": [],
          "private": "eyJlMmJmYjczMC1lY2FhLTExZTYtOGY4OC0zNDM2M2JjN2M0YzAiOnsiY3JlYXRlIjozMDAwMDAwMDAwMDAsImRlbGV0ZSI6MzAwMDAwMDAwMDAwLCJ1cGRhdGUiOjEyMDAwMDAwMDAwMH19",
          "dependencies": [
            "aws_ec2_transit_gateway.main",
            "aws_ec2_transit_gateway_vpc_attachment.dev",
            "module.dev_vpc.aws_route_table.private",
            "module.dev_vpc.aws_subnet.transit_gateway",
            "module.dev_vpc.aws_vpc.main"
          ]
        }
      ]
    },
    {
      "mode": "managed",
      "type": "aws_route",
      "name": "hub_private_to_dev",
      "provider": "provider[\"registry.terraform.io/hashicorp/aws\"]",
      "instances": [
        {
          "index_key": 0,
          "schema_version": 0,
          "attributes": {
            "carrier_gateway_id": "",
            "core_network_arn": "",
            "destination_cidr_block": "10.2.0.0/16",
            "destination_ipv6_cidr_block": "",
            "destination_prefix_list_id": "",
            "egress_only_gateway_id": "",
            "gateway_id": "",
            "id": "r-rtb-03215bfaaa50ff2211218385255",
            "instance_id": "",
            "instance_owner_id": "",
            "local_gateway_id": "",
            "nat_gateway_id": "",
            "network_interface_id": "",
            "origin": "CreateRoute",
            "route_table_id": "rtb-03215bfaaa50ff221",
            "state": "active",
            "timeouts": null,
            "transit_gateway_id": "tgw-00dad9d3a7e4da66b",
            "vpc_endpoint_id": "",
            "vpc_peering_connection_id": ""
          },
          "sensitive_attributes": [],
          "private": "eyJlMmJmYjczMC1lY2FhLTExZTYtOGY4OC0zNDM2M2JjN2M0YzAiOnsiY3JlYXRlIjozMDAwMDAwMDAwMDAsImRlbGV0ZSI6MzAwMDAwMDAwMDAwLCJ1cGRhdGUiOjEyMDAwMDAwMDAwMH19",
          "dependencies": [
            "aws_ec2_transit_gateway.main",
            "aws_ec2_transit_gateway_vpc_attachment.hub",
            "module.hub_vpc.aws_route_table.private",
            "module.hub_vpc.aws_subnet.transit_gateway",
            "module.hub_vpc.aws_vpc.main"
          ]
        },
        {
          "index_key": 1,
          "schema_version": 0,
          "attributes": {
            "carrier_gateway_id": "",
            "core_network_arn": "",
            "destination_cidr_block": "10.2.0.0/16",
            "destination_ipv6_cidr_block": "",
            "destination_prefix_list_id": "",
            "egress_only_gateway_id": "",
            "gateway_id": "",
            "id": "r-rtb-07ef4dd64f00a89791218385255",
            "instance_id": "",
            "instance_owner_id": "",
            "local_gateway_id": "",
            "nat_gateway_id": "",
            "network_interface_id": "",
            "origin": "CreateRoute",
            "route_table_id": "rtb-07ef4dd64f00a8979",
            "state": "active",
            "timeouts": null,
            "transit_gateway_id": "tgw-00dad9d3a7e4da66b",
            "vpc_endpoint_id": "",
            "vpc_peering_connection_id": ""
          },
          "sensitive_attributes": [],
          "private": "eyJlMmJmYjczMC1lY2FhLTExZTYtOGY4OC0zNDM2M2JjN2M0YzAiOnsiY3JlYXRlIjozMDAwMDAwMDAwMDAsImRlbGV0ZSI6MzAwMDAwMDAwMDAwLCJ1cGRhdGUiOjEyMDAwMDAwMDAwMH19",
          "dependencies": [
            "aws_ec2_transit_gateway.main",
            "aws_ec2_transit_gateway_vpc_attachment.hub",
            "module.hub_vpc.aws_route_table.private",
            "module.hub_vpc.aws_subnet.transit_gateway",
            "module.hub_vpc.aws_vpc.main"
          ]
        }
      ]
    },
    {
      "mode": "managed",
      "type": "aws_route",
      "name": "hub_private_to_prod",
      "provider": "provider[\"registry.terraform.io/hashicorp/aws\"]",
      "instances": [
        {
          "index_key": 0,
          "schema_version": 0,
          "attributes": {
            "carrier_gateway_id": "",
            "core_network_arn": "",
            "destination_cidr_block": "10.1.0.0/16",
            "destination_ipv6_cidr_block": "",
            "destination_prefix_list_id": "",
            "egress_only_gateway_id": "",
            "gateway_id": "",
            "id": "r-rtb-03215bfaaa50ff2213322942084",
            "instance_id": "",
            "instance_owner_id": "",
            "local_gateway_id": "",
            "nat_gateway_id": "",
            "network_interface_id": "",
            "origin": "CreateRoute",
            "route_table_id": "rtb-03215bfaaa50ff221",
            "state": "active",
            "timeouts": null,
            "transit_gateway_id": "tgw-00dad9d3a7e4da66b",
            "vpc_endpoint_id": "",
            "vpc_peering_connection_id": ""
          },
          "sensitive_attributes": [],
          "private": "eyJlMmJmYjczMC1lY2FhLTExZTYtOGY4OC0zNDM2M2JjN2M0YzAiOnsiY3JlYXRlIjozMDAwMDAwMDAwMDAsImRlbGV0ZSI6MzAwMDAwMDAwMDAwLCJ1cGRhdGUiOjEyMDAwMDAwMDAwMH19",
          "dependencies": [
            "aws_ec2_transit_gateway.main",
            "aws_ec2_transit_gateway_vpc_attachment.hub",
            "module.hub_vpc.aws_route_table.private",
            "module.hub_vpc.aws_subnet.transit_gateway",
            "module.hub_vpc.aws_vpc.main"
          ]
        },
        {
          "index_key": 1,
          "schema_version": 0,
          "attributes": {
            "carrier_gateway_id": "",
            "core_network_arn": "",
            "destination_cidr_block": "10.1.0.0/16",
            "destination_ipv6_cidr_block": "",
            "destination_prefix_list_id": "",
            "egress_only_gateway_id": "",
            "gateway_id": "",
            "id": "r-rtb-07ef4dd64f00a89793322942084",
            "instance_id": "",
            "instance_owner_id": "",
            "local_gateway_id": "",
            "nat_gateway_id": "",
            "network_interface_id": "",
            "origin": "CreateRoute",
            "route_table_id": "rtb-07ef4dd64f00a8979",
            "state": "active",
            "timeouts": null,
            "transit_gateway_id": "tgw-00dad9d3a7e4da66b",
            "vpc_endpoint_id": "",
            "vpc_peering_connection_id": ""
          },
          "sensitive_attributes": [],
          "private": "eyJlMmJmYjczMC1lY2FhLTExZTYtOGY4OC0zNDM2M2JjN2M0YzAiOnsiY3JlYXRlIjozMDAwMDAwMDAwMDAsImRlbGV0ZSI6MzAwMDAwMDAwMDAwLCJ1cGRhdGUiOjEyMDAwMDAwMDAwMH19",
          "dependencies": [
            "aws_ec2_transit_gateway.main",
            "aws_ec2_transit_gateway_vpc_attachment.hub",
            "module.hub_vpc.aws_route_table.private",
            "module.hub_vpc.aws_subnet.transit_gateway",
            "module.hub_vpc.aws_vpc.main"
          ]
        }
      ]
    },
    {
      "mode": "managed",
      "type": "aws_route",
      "name": "prod_private_to_internet",
      "provider": "provider[\"registry.terraform.io/hashicorp/aws\"]",
      "instances": [
        {
          "index_key": 0,
          "schema_version": 0,
          "attributes": {
            "carrier_gateway_id": "",
            "core_network_arn": "",
            "destination_cidr_block": "0.0.0.0/0",
            "destination_ipv6_cidr_block": "",
            "destination_prefix_list_id": "",
            "egress_only_gateway_id": "",
            "gateway_id": "",
            "id": "r-rtb-0440626cb562a36c41080289494",
            "instance_id": "",
            "instance_owner_id": "",
            "local_gateway_id": "",
            "nat_gateway_id": "",
            "network_interface_id": "",
            "origin": "CreateRoute",
            "route_table_id": "rtb-0440626cb562a36c4",
            "state": "active",
            "timeouts": null,
            "transit_gateway_id": "tgw-00dad9d3a7e4da66b",
            "vpc_endpoint_id": "",
            "vpc_peering_connection_id": ""
          },
          "sensitive_attributes": [],
          "private": "eyJlMmJmYjczMC1lY2FhLTExZTYtOGY4OC0zNDM2M2JjN2M0YzAiOnsiY3JlYXRlIjozMDAwMDAwMDAwMDAsImRlbGV0ZSI6MzAwMDAwMDAwMDAwLCJ1cGRhdGUiOjEyMDAwMDAwMDAwMH19",
          "dependencies": [
            "aws_ec2_transit_gateway.main",
            "aws_ec2_transit_gateway_vpc_attachment.prod",
            "module.prod_vpc.aws_route_table.private",
            "module.prod_vpc.aws_subnet.transit_gateway",
            "module.prod_vpc.aws_vpc.main"
          ]
        },
        {
          "index_key": 1,
          "schema_version": 0,
          "attributes": {
            "carrier_gateway_id": "",
            "core_network_arn": "",
            "destination_cidr_block": "0.0.0.0/0",
            "destination_ipv6_cidr_block": "",
            "destination_prefix_list_id": "",
            "egress_only_gateway_id": "",
            "gateway_id": "",
            "id": "r-rtb-070a9fde63df404161080289494",
            "instance_id": "",
            "instance_owner_id": "",
            "local_gateway_id": "",
            "nat_gateway_id": "",
            "network_interface_id": "",
            "origin": "CreateRoute",
            "route_table_id": "rtb-070a9fde63df40416",
            "state": "active",
            "timeouts": null,
            "transit_gateway_id": "tgw-00dad9d3a7e4da66b",
            "vpc_endpoint_id": "",
            "vpc_peering_connection_id": ""
          },
          "sensitive_attributes": [],
          "private": "eyJlMmJmYjczMC1lY2FhLTExZTYtOGY4OC0zNDM2M2JjN2M0YzAiOnsiY3JlYXRlIjozMDAwMDAwMDAwMDAsImRlbGV0ZSI6MzAwMDAwMDAwMDAwLCJ1cGRhdGUiOjEyMDAwMDAwMDAwMH19",
          "dependencies": [
            "aws_ec2_transit_gateway.main",
            "aws_ec2_transit_gateway_vpc_attachment.prod",
            "module.prod_vpc.aws_route_table.private",
            "module.prod_vpc.aws_subnet.transit_gateway",
            "module.prod_vpc.aws_vpc.main"
          ]
        }
      ]
    },
    {
      "mode": "managed",
      "type": "aws_route53_zone",
      "name": "internal",
      "provider": "provider[\"registry.terraform.io/hashicorp/aws\"]",
      "instances": [
        {
          "schema_version": 0,
          "attributes": {
            "arn": "arn:aws:route53:::hostedzone/Z07696451J6L9BFF56DPY",
            "comment": "Managed by Terraform",
            "delegation_set_id": "",
            "force_destroy": false,
            "id": "Z07696451J6L9BFF56DPY",
            "name": "internal.synth-101912528.local",
            "name_servers": [
              "ns-0.awsdns-00.com.",
              "ns-1024.awsdns-00.org.",
              "ns-1536.awsdns-00.co.uk.",
              "ns-512.awsdns-00.net."
            ],
            "primary_name_server": "ns-0.awsdns-00.com.",
            "tags": {
              "Environment": "shared",
              "ManagedBy": "Terraform",
              "Name": "internal-zone-synth-101912528",
              "Project": "multi-vpc-transit"
            },
            "tags_all": {
              "Environment": "shared",
              "ManagedBy": "Terraform",
              "Name": "internal-zone-synth-101912528",
              "Project": "multi-vpc-transit"
            },
            "timeouts": null,
            "vpc": [
              {
                "vpc_id": "vpc-054d865cf6e04c0e8",
                "vpc_region": "us-east-1"
              }
            ],
            "zone_id": "Z07696451J6L9BFF56DPY"
          },
          "sensitive_attributes": [],
          "private": "eyJlMmJmYjczMC1lY2FhLTExZTYtOGY4OC0zNDM2M2JjN2M0YzAiOnsiY3JlYXRlIjoxODAwMDAwMDAwMDAwLCJkZWxldGUiOjE4MDAwMDAwMDAwMDAsInVwZGF0ZSI6MTgwMDAwMDAwMDAwMH19",
          "dependencies": [
            "module.hub_vpc.aws_vpc.main"
          ]
        }
      ]
    },
    {
      "mode": "managed",
      "type": "aws_route53_zone_association",
      "name": "dev",
      "provider": "provider[\"registry.terraform.io/hashicorp/aws\"]",
      "instances": [
        {
          "schema_version": 0,
          "attributes": {
            "id": "Z07696451J6L9BFF56DPY:vpc-03596262e01508494:us-east-1",
            "owning_account": "342597974367",
            "timeouts": null,
            "vpc_id": "vpc-03596262e01508494",
            "vpc_region": "us-east-1",
            "zone_id": "Z07696451J6L9BFF56DPY"
          },
          "sensitive_attributes": [],
          "private": "eyJlMmJmYjczMC1lY2FhLTExZTYtOGY4OC0zNDM2M2JjN2M0YzAiOnsiY3JlYXRlIjoxODAwMDAwMDAwMDAwLCJkZWxldGUiOjE4MDAwMDAwMDAwMDB9fQ==",
          "dependencies": [
            "aws_route53_zone.internal",
            "module.dev_vpc.aws_vpc.main",
            "module.hub_vpc.aws_vpc.main"
          ]
        }
      ]
    },
    {
      "mode": "managed",
      "type": "aws_route53_zone_association",
      "name": "prod",
      "provider": "provider[\"registry.terraform.io/hashicorp/aws\"]",
      "instances": [
        {
          "schema_version": 0,
          "attributes": {
            "id": "Z07696451J6L9BFF56DPY:vpc-07f1d975c78d04e64:us-east-1",
            "owning_account": "342597974367",
            "timeouts": null,
            "vpc_id": "vpc-07f1d975c78d04e64",
            "vpc_region": "us-east-1",
            "zone_id": "Z07696451J6L9BFF56DPY"
          },
          "sensitive_attributes": [],
          "private": "eyJlMmJmYjczMC1lY2FhLTExZTYtOGY4OC0zNDM2M2JjN2M0YzAiOnsiY3JlYXRlIjoxODAwMDAwMDAwMDAwLCJkZWxldGUiOjE4MDAwMDAwMDAwMDB9fQ==",
          "dependencies": [
            "aws_route53_zone.internal",
            "module.hub_vpc.aws_vpc.main",
            "module.prod_vpc.aws_vpc.main"
          ]
        }
      ]
    },
    {
      "module": "module.dev_vpc",
      "mode": "managed",
      "type": "aws_route_table",
      "name": "private",
      "provider": "provider[\"registry.terraform.io/hashicorp/aws\"]",
      "instances": [
        {
          "index_key": 0,
          "schema_version": 0,
          "attributes": {
            "arn": "arn:aws:ec2:us-east-1:342597974367:route-table/rtb-07b0fec743acfac5d",
            "id": "rtb-07b0fec743acfac5d",
            "owner_id": "342597974367",
            "propagating_vgws": [],
            "route": [],
            "tags": {
              "Environment": "development",
              "ManagedBy": "Terraform",
              "Name": "development-private-rt-1-synth-101912528",
              "Project": "multi-vpc-transit",
              "Type": "private"
            },
            "tags_all": {
              "Environment": "development",
              "ManagedBy": "Terraform",
              "Name": "development-private-rt-1-synth-101912528",
              "Project": "multi-vpc-transit",
              "Type": "private"
            },
            "timeouts": null,
            "vpc_id": "vpc-03596262e01508494"
          },
          "sensitive_attributes": [],
          "private": "eyJlMmJmYjczMC1lY2FhLTExZTYtOGY4OC0zNDM2M2JjN2M0YzAiOnsiY3JlYXRlIjozMDAwMDAwMDAwMDAsImRlbGV0ZSI6MzAwMDAwMDAwMDAwLCJ1cGRhdGUiOjEyMDAwMDAwMDAwMH19",
          "dependencies": [
            "module.dev_vpc.aws_vpc.main"
          ]
        },
        {
          "index_key": 1,
          "schema_version": 0,
          "attributes": {
            "arn": "arn:aws:ec2:us-east-1:342597974367:route-table/rtb-04113455cee25baa2",
            "id": "rtb-04113455cee25baa2",
            "owner_id": "342597974367",
            "propagating_vgws": [],
            "route": [],
            "tags": {
              "Environment": "development",
              "ManagedBy": "Terraform",
              "Name": "development-private-rt-2-synth-101912528",
              "Project": "multi-vpc-transit",
              "Type": "private"
            },
            "tags_all": {
              "Environment": "development",
              "ManagedBy": "Terraform",
              "Name": "development-private-rt-2-synth-101912528",
              "Project": "multi-vpc-transit",
              "Type": "private"
            },
            "timeouts": null,
            "vpc_id": "vpc-03596262e01508494"
          },
          "sensitive_attributes": [],
          "private": "eyJlMmJmYjczMC1lY2FhLTExZTYtOGY4OC0zNDM2M2JjN2M0YzAiOnsiY3JlYXRlIjozMDAwMDAwMDAwMDAsImRlbGV0ZSI6MzAwMDAwMDAwMDAwLCJ1cGRhdGUiOjEyMDAwMDAwMDAwMH19",
          "dependencies": [
            "module.dev_vpc.aws_vpc.main"
          ]
        }
      ]
    },
    {
      "module": "module.dev_vpc",
      "mode": "managed",
      "type": "aws_route_table_association",
      "name": "private",
      "provider": "provider[\"registry.terraform.io/hashicorp/aws\"]",
      "instances": [
        {
          "index_key": 0,
          "schema_version": 0,
          "attributes": {
            "gateway_id": "",
            "id": "rtbassoc-0d3ffb1ed73a41e29",
            "route_table_id": "rtb-07b0fec743acfac5d",
            "subnet_id": "subnet-0db99fd42e835cdb5",
            "timeouts": null
          },
          "sensitive_attributes": [],
          "private": "eyJlMmJmYjczMC1lY2FhLTExZTYtOGY4OC0zNDM2M2JjN2M0YzAiOnsiY3JlYXRlIjozMDAwMDAwMDAwMDAsImRlbGV0ZSI6MzAwMDAwMDAwMDAwLCJ1cGRhdGUiOjEyMDAwMDAwMDAwMH19",
          "dependencies": [
            "module.dev_vpc.aws_route_table.private",
            "module.dev_vpc.aws_subnet.private",
            "module.dev_vpc.aws_vpc.main"
          ]
        },
        {
          "index_key": 1,
          "schema_version": 0,
          "attributes": {
            "gateway_id": "",
            "id": "rtbassoc-053c2f88c22d6e694",
            "route_table_id": "rtb-04113455cee25baa2",
            "subnet_id": "subnet-0c61d9ac45cec69cb",
            "timeouts": null
          },
          "sensitive_attributes": [],
          "private": "eyJlMmJmYjczMC1lY2FhLTExZTYtOGY4OC0zNDM2M2JjN2M0YzAiOnsiY3JlYXRlIjozMDAwMDAwMDAwMDAsImRlbGV0ZSI6MzAwMDAwMDAwMDAwLCJ1cGRhdGUiOjEyMDAwMDAwMDAwMH19",
          "dependencies": [
            "module.dev_vpc.aws_route_table.private",
            "module.dev_vpc.aws_subnet.private",
            "module.dev_vpc.aws_vpc.main"
          ]
        }
      ]
    },
    {
      "module": "module.dev_vpc",
      "mode": "managed",
      "type": "aws_route_table_association",
      "name": "transit_gateway",
      "provider": "provider[\"registry.terraform.io/hashicorp/aws\"]",
      "instances": [
        {
          "index_key": 0,
          "schema_version": 0,
          "attributes": {
            "gateway_id": "",
            "id": "rtbassoc-01499ece1c03e5206",
            "route_table_id": "rtb-07b0fec743acfac5d",
            "subnet_id": "subnet-0494b8995cf6ccb04",
            "timeouts": null
          },
          "sensitive_attributes": [],
          "private": "eyJlMmJmYjczMC1lY2FhLTExZTYtOGY4OC0zNDM2M2JjN2M0YzAiOnsiY3JlYXRlIjozMDAwMDAwMDAwMDAsImRlbGV0ZSI6MzAwMDAwMDAwMDAwLCJ1cGRhdGUiOjEyMDAwMDAwMDAwMH19",
          "dependencies": [
            "module.dev_vpc.aws_route_table.private",
            "module.dev_vpc.aws_subnet.transit_gateway",
            "module.dev_vpc.aws_vpc.main"
          ]
        },
        {
          "index_key": 1,
          "schema_version": 0,
          "attributes": {
            "gateway_id": "",
            "id": "rtbassoc-097e80b04ea66cd7b",
            "route_table_id": "rtb-04113455cee25baa2",
            "subnet_id": "subnet-04d4c62c9b581696f",
            "timeouts": null
          },
          "sensitive_attributes": [],
          "private": "eyJlMmJmYjczMC1lY2FhLTExZTYtOGY4OC0zNDM2M2JjN2M0YzAiOnsiY3JlYXRlIjozMDAwMDAwMDAwMDAsImRlbGV0ZSI6MzAwMDAwMDAwMDAwLCJ1cGRhdGUiOjEyMDAwMDAwMDAwMH19",
          "dependencies": [
            "module.dev_vpc.aws_route_table.private",
            "module.dev_vpc.aws_subnet.transit_gateway",
            "module.dev_vpc.aws_vpc.main"
          ]
        }
      ]
    },
    {
      "module": "module.dev_vpc",
      "mode": "managed",
      "type": "aws_subnet",
      "name": "private",
      "provider": "provider[\"registry.terraform.io/hashicorp/aws\"]",
      "instances": [
        {
          "index_key": 0,
          "schema_version": 1,
          "attributes": {
            "arn": "arn:aws:ec2:us-east-1:342597974367:subnet/subnet-0db99fd42e835cdb5",
            "assign_ipv6_address_on_creation": false,
            "availability_zone": "us-east-1a",
            "availability_zone_id": "use1-az1",
            "cidr_block": "10.2.64.0/20",
            "customer_owned_ipv4_pool": "",
            "enable_dns64": false,
            "enable_lni_at_device_index": 0,
            "enable_resource_name_dns_a_record_on_launch": false,
            "enable_resource_name_dns_aaaa_record_on_launch": false,
            "id": "subnet-0db99fd42e835cdb5",
            "ipv6_cidr_block": "",
            "ipv6_cidr_block_association_id": "",
            "ipv6_native": false,
            "map_customer_owned_ip_on_launch": false,
            "map_public_ip_on_launch": false,
            "outpost_arn": "",
            "owner_id": "342597974367",
            "private_dns_hostname_type_on_launch": "ip-name",
            "tags": {
              "Environment": "development",
              "ManagedBy": "Terraform",
              "Name": "development-private-subnet-1-synth-101912528",
              "Project": "multi-vpc-transit",
              "Type": "private"
            },
            "tags_all": {
              "Environment": "development",
              "ManagedBy": "Terraform",
              "Name": "development-private-subnet-1-synth-101912528",
              "Project": "multi-vpc-transit",
              "Type": "private"
            },
            "timeouts": null,
            "vpc_id": "vpc-03596262e01508494"
          },
          "sensitive_attributes": [],
          "private": "eyJlMmJmYjczMC1lY2FhLTExZTYtOGY4OC0zNDM2M2JjN2M0YzAiOnsiY3JlYXRlIjo2MDAwMDAwMDAwMDAsImRlbGV0ZSI6MTIwMDAwMDAwMDAwMH0sInNjaGVtYV92ZXJzaW9uIjoiMSJ9",
          "dependencies": [
            "module.dev_vpc.aws_vpc.main"
          ]
        },
        {
          "index_key": 1,
          "schema_version": 1,
          "attributes": {
            "arn": "arn:aws:ec2:us-east-1:342597974367:subnet/subnet-0c61d9ac45cec69cb",
            "assign_ipv6_address_on_creation": false,
            "availability_zone": "us-east-1b",
            "availability_zone_id": "use1-az2",
            "cidr_block": "10.2.80.0/20",
            "customer_owned_ipv4_pool": "",
            "enable_dns64": false,
            "enable_lni_at_device_index": 0,
            "enable_resource_name_dns_a_record_on_launch": false,
            "enable_resource_name_dns_aaaa_record_on_launch": false,
            "id": "subnet-0c61d9ac45cec69cb",
            "ipv6_cidr_block": "",
            "ipv6_cidr_block_association_id": "",
            "ipv6_native": false,
            "map_customer_owned_ip_on_launch": false,
            "map_public_ip_on_launch": false,
            "outpost_arn": "",
            "owner_id": "342597974367",
            "private_dns_hostname_type_on_launch": "ip-name",
            "tags": {
              "Environment": "development",
              "ManagedBy": "Terraform",
              "Name": "development-private-subnet-2-synth-101912528",
              "Project": "multi-vpc-transit",
              "Type": "private"
            },
            "tags_all": {
              "Environment": "development",
              "ManagedBy": "Terraform",
              "Name": "development-private-subnet-2-synth-101912528",
              "Project": "multi-vpc-transit",
              "Type": "private"
            },
            "timeouts": null,
            "vpc_id": "vpc-03596262e01508494"
          },
          "sensitive_attributes": [],
          "private": "eyJlMmJmYjczMC1lY2FhLTExZTYtOGY4OC0zNDM2M2JjN2M0YzAiOnsiY3JlYXRlIjo2MDAwMDAwMDAwMDAsImRlbGV0ZSI6MTIwMDAwMDAwMDAwMH0sInNjaGVtYV92ZXJzaW9uIjoiMSJ9",
          "dependencies": [
            "module.dev_vpc.aws_vpc.main"
          ]
        }
      ]
    },
    {
      "module": "module.dev_vpc",
      "mode": "managed",
      "type": "aws_subnet",
      "name": "transit_gateway",
      "provider": "provider[\"registry.terraform.io/hashicorp/aws\"]",
      "instances": [
        {
          "index_key": 0,
          "schema_version": 1,
          "attributes": {
            "arn": "arn:aws:ec2:us-east-1:342597974367:subnet/subnet-0494b8995cf6ccb04",
            "assign_ipv6_address_on_creation": false,
            "availability_zone": "us-east-1a",
            "availability_zone_id": "use1-az1",
            "cidr_block": "10.2.128.0/20",
            "customer_owned_ipv4_pool": "",
            "enable_dns64": false,
            "enable_lni_at_device_index": 0,
            "enable_resource_name_dns_a_record_on_launch": false,
            "enable_resource_name_dns_aaaa_record_on_launch": false,
            "id": "subnet-0494b8995cf6ccb04",
            "ipv6_cidr_block": "",
            "ipv6_cidr_block_association_id": "",
            "ipv6_native": false,
            "map_customer_owned_ip_on_launch": false,
            "map_public_ip_on_launch": false,
            "outpost_arn": "",
            "owner_id": "342597974367",
            "private_dns_hostname_type_on_launch": "ip-name",
            "tags": {
              "Environment": "development",
              "ManagedBy": "Terraform",
              "Name": "development-tgw-subnet-1-synth-101912528",
              "Project": "multi-vpc-transit",
              "Type": "transit-gateway"
            },
            "tags_all": {
              "Environment": "development",
              "ManagedBy": "Terraform",
              "Name": "development-tgw-subnet-1-synth-101912528",
              "Project": "multi-vpc-transit",
              "Type": "transit-gateway"
            },
            "timeouts": null,
            "vpc_id": "vpc-03596262e01508494"
          },
          "sensitive_attributes": [],
          "private": "eyJlMmJmYjczMC1lY2FhLTExZTYtOGY4OC0zNDM2M2JjN2M0YzAiOnsiY3JlYXRlIjo2MDAwMDAwMDAwMDAsImRlbGV0ZSI6MTIwMDAwMDAwMDAwMH0sInNjaGVtYV92ZXJzaW9uIjoiMSJ9",
          "dependencies": [
            "module.dev_vpc.aws_vpc.main"
          ]
        },
        {
          "index_key": 1,
          "schema_version": 1,
          "attributes": {
            "arn": "arn:aws:ec2:us-east-1:342597974367:subnet/subnet-04d4c62c9b581696f",
            "assign_ipv6_address_on_creation": false,
            "availability_zone": "us-east-1b",
            "availability_zone_id": "use1-az2",
            "cidr_block": "10.2.144.0/20",
            "customer_owned_ipv4_pool": "",
            "enable_dns64": false,
            "enable_lni_at_device_index": 0,
            "enable_resource_name_dns_a_record_on_launch": false,
            "enable_resource_name_dns_aaaa_record_on_launch": false,
            "id": "subnet-04d4c62c9b581696f",
            "ipv6_cidr_block": "",
            "ipv6_cidr_block_association_id": "",
            "ipv6_native": false,
            "map_customer_owned_ip_on_launch": false,
            "map_public_ip_on_launch": false,
            "outpost_arn": "",
            "owner_id": "342597974367",
            "private_dns_hostname_type_on_launch": "ip-name",
            "tags": {
              "Environment": "development",
              "ManagedBy": "Terraform",
              "Name": "development-tgw-subnet-2-synth-101912528",
              "Project": "multi-vpc-transit",
              "Type": "transit-gateway"
            },
            "tags_all": {
              "Environment": "development",
              "ManagedBy": "Terraform",
              "Name": "development-tgw-subnet-2-synth-101912528",
              "Project": "multi-vpc-transit",
              "Type": "transit-gateway"
            },
            "timeouts": null,
            "vpc_id": "vpc-03596262e01508494"
          },
          "sensitive_attributes": [],
          "private": "eyJlMmJmYjczMC1lY2FhLTExZTYtOGY4OC0zNDM2M2JjN2M0YzAiOnsiY3JlYXRlIjo2MDAwMDAwMDAwMDAsImRlbGV0ZSI6MTIwMDAwMDAwMDAwMH0sInNjaGVtYV92ZXJzaW9uIjoiMSJ9",
          "dependencies": [
            "module.dev_vpc.aws_vpc.main"
          ]
        }
      ]
    },
    {
      "module": "module.dev_vpc",
      "mode": "managed",
      "type": "aws_vpc",
      "name": "main",
      "provider": "provider[\"registry.terraform.io/hashicorp/aws\"]",
      "instances": [
        {
          "schema_version": 1,
          "attributes": {
            "arn": "arn:aws:ec2:us-east-1:342597974367:vpc/vpc-03596262e01508494",
            "assign_generated_ipv6_cidr_block": false,
            "cidr_block": "10.2.0.0/16",
            "default_network_acl_id": "acl-0de0db975db36d941",
            "default_route_table_id": "rtb-0a6d616ede6a42f0e",
            "default_security_group_id": "sg-0c9acc65218f13c6b",
            "dhcp_options_id": "dopt-096ea572b45cebc14",
            "enable_dns_hostnames": true,
            "enable_dns_support": true,
            "enable_network_address_usage_metrics": false,
            "id": "vpc-03596262e01508494",
            "instance_tenancy": "default",
            "ipv4_ipam_pool_id": null,
            "ipv4_netmask_length": null,
            "ipv6_association_id": "",
            "ipv6_cidr_block": "",
            "ipv6_cidr_block_network_border_group": "",
            "ipv6_ipam_pool_id": "",
            "ipv6_netmask_length": 0,
            "main_route_table_id": "rtb-0a6d616ede6a42f0e",
            "owner_id": "342597974367",
            "tags": {
              "Environment": "development",
              "ManagedBy": "Terraform",
              "Name": "dev-vpc-synth-101912528",
              "Project": "multi-vpc-transit"
            },
            "tags_all": {
              "Environment": "development",
              "ManagedBy": "Terraform",
              "Name": "dev-vpc-synth-101912528",
              "Project": "multi-vpc-transit"
            }
          },
          "sensitive_attributes": [],
          "private": "eyJzY2hlbWFfdmVyc2lvbiI6IjEifQ=="
        }
      ]
    },
    {
      "module": "module.flow_logs[0]",
      "mode": "managed",
      "type": "aws_flow_log",
      "name": "vpc_flow_logs",
      "provider": "provider[\"registry.terraform.io/hashicorp/aws\"]",
      "instances": [
        {
          "index_key": 0,
          "schema_version": 0,
          "attributes": {
            "arn": "arn:aws:ec2:us-east-1:342597974367:vpc-flow-log/fl-03555fe4fec637511",
            "deliver_cross_account_role": "",
            "destination_options": [
              {
                "file_format": "plain-text",
                "hive_compatible_partitions": false,
                "per_hour_partition": false
              }
            ],
            "eni_id": null,
            "iam_role_arn": "",
            "id": "fl-03555fe4fec637511",
            "log_destination": "arn:aws:s3:::vpc-flow-logs-synth-101912528",
            "log_destination_type": "s3",
            "log_format": "${version} ${account-id} ${interface-id} ${srcaddr} ${dstaddr} ${srcport} ${dstport} ${protocol} ${packets} ${bytes} ${start} ${end} ${action} ${log-status}",
            "log_group_name": "",
            "max_aggregation_interval": 600,
            "subnet_id": null,
            "tags": {
              "Environment": "hub",
              "ManagedBy": "Terraform",
              "Name": "hub-flow-log-synth-101912528",
              "Project": "multi-vpc-transit"
            },
            "tags_all": {
              "Environment": "hub",
              "ManagedBy": "Terraform",
              "Name": "hub-flow-log-synth-101912528",
              "Project": "multi-vpc-transit"
            },
            "traffic_type": "ALL",
            "transit_gateway_attachment_id": null,
            "transit_gateway_id": null,
            "vpc_id": "vpc-054d865cf6e04c0e8"
          },
          "sensitive_attributes": [],
          "private": "bnVsbA==",
          "dependencies": [
            "module.dev_vpc.aws_vpc.main",
            "module.flow_logs.aws_s3_bucket.flow_logs",
            "module.hub_vpc.aws_vpc.main",
            "module.prod_vpc.aws_vpc.main"
          ]
        },
        {
          "index_key": 1,
          "schema_version": 0,
          "attributes": {
            "arn": "arn:aws:ec2:us-east-1:342597974367:vpc-flow-log/fl-0f34327b901bdbff9",
            "deliver_cross_account_role": "",
            "destination_options": [
              {
                "file_format": "plain-text",
                "hive_compatible_partitions": false,
                "per_hour_partition": false
              }
            ],
            "eni_id": null,
            "iam_role_arn": "",
            "id": "fl-0f34327b901bdbff9",
            "log_destination": "arn:aws:s3:::vpc-flow-logs-synth-101912528",
            "log_destination_type": "s3",
            "log_format": "${version} ${account-id} ${interface-id} ${srcaddr} ${dstaddr} ${srcport} ${dstport} ${protocol} ${packets} ${bytes} ${start} ${end} ${action} ${log-status}",
            "log_group_name": "",
            "max_aggregation_interval": 600,
            "subnet_id": null,
            "tags": {
              "Environment": "production",
              "ManagedBy": "Terraform",
              "Name": "production-flow-log-synth-101912528",
              "Project": "multi-vpc-transit"
            },
            "tags_all": {
              "Environment": "production",
              "ManagedBy": "Terraform",
              "Name": "production-flow-log-synth-101912528",
              "Project": "multi-vpc-transit"
            },
            "traffic_type": "ALL",
            "transit_gateway_attachment_id": null,
            "transit_gateway_id": null,
            "vpc_id": "vpc-07f1d975c78d04e64"
          },
          "sensitive_attributes": [],
          "private": "bnVsbA==",
          "dependencies": [
            "module.dev_vpc.aws_vpc.main",
            "module.flow_logs.aws_s3_bucket.flow_logs",
            "module.hub_vpc.aws_vpc.main",
            "module.prod_vpc.aws_vpc.main"
          ]
        },
        {
          "index_key": 2,
          "schema_version": 0,
          "attributes": {
            "arn": "arn:aws:ec2:us-east-1:342597974367:vpc-flow-log/fl-0f19e9dda7ad1522a",
            "deliver_cross_account_role": "",
            "destination_options": [
              {
                "file_format": "plain-text",
                "hive_compatible_partitions": false,
                "per_hour_partition": false
              }
            ],
            "eni_id": null,
            "iam_role_arn": "",
            "id": "fl-0f19e9dda7ad1522a",
            "log_destination": "arn:aws:s3:::vpc-flow-logs-synth-101912528",
            "log_destination_type": "s3",
            "log_format": "${version} ${account-id} ${interface-id} ${srcaddr} ${dstaddr} ${srcport} ${dstport} ${protocol} ${packets} ${bytes} ${start} ${end} ${action} ${log-status}",
            "log_group_name": "",
            "max_aggregation_interval": 600,
            "subnet_id": null,
            "tags": {
              "Environment": "development",
              "ManagedBy": "Terraform",
              "Name": "development-flow-log-synth-101912528",
              "Project": "multi-vpc-transit"
            },
            "tags_all": {
              "Environment": "development",
              "ManagedBy": "Terraform",
              "Name": "development-flow-log-synth-101912528",
              "Project": "multi-vpc-transit"
            },
            "traffic_type": "ALL",
            "transit_gateway_attachment_id": null,
            "transit_gateway_id": null,
            "vpc_id": "vpc-03596262e01508494"
          },
          "sensitive_attributes": [],
          "private": "bnVsbA==",
          "dependencies": [
            "module.dev_vpc.aws_vpc.main",
            "module.flow_logs.aws_s3_bucket.flow_logs",
            "module.hub_vpc.aws_vpc.main",
            "module.prod_vpc.aws_vpc.main"
          ]
        }
      ]
    },
    {
      "module": "module.flow_logs[0]",
      "mode": "managed",
      "type": "aws_s3_bucket",
      "name": "flow_logs",
      "provider": "provider[\"registry.terraform.io/hashicorp/aws\"]",
      "instances": [
        {
          "schema_version": 0,
          "attributes": {
            "acceleration_status": "",
            "acl": null,
            "arn": "arn:aws:s3:::vpc-flow-logs-synth-101912528",
            "bucket": "vpc-flow-logs-synth-101912528",
            "bucket_domain_name": "vpc-flow-logs-synth-101912528.s3.amazonaws.com",
            "bucket_prefix": "",
            "bucket_regional_domain_name": "vpc-flow-logs-synth-101912528.s3.us-east-1.amazonaws.com",
            "cors_rule": [],
            "force_destroy": false,
            "grant": [
              {
                "id": "5e11009481664687bf1ec517a9c41894392b4a057b0b19eeaaf7779a17ba0490",
                "permissions": [
                  "FULL_CONTROL"
                ],
                "type": "CanonicalUser",
                "uri": ""
              }
            ],
            "hosted_zone_id": "Z3AQBSTGFYJSTF",
            "id": "vpc-flow-logs-synth-101912528",
            "lifecycle_rule": [],
            "logging": [],
            "object_lock_configuration": [],
            "object_lock_enabled": false,
            "policy": "",
            "region": "us-east-1",
            "replication_configuration": [],
            "request_payer": "BucketOwner",
            "server_side_encryption_configuration": [
              {
                "rule": [
                  {
                    "apply_server_side_encryption_by_default": [
                      {
                        "kms_master_key_id": "",
                        "sse_algorithm": "AES256"
                      }
                    ],
                    "bucket_key_enabled": false
                  }
                ]
              }
            ],
            "tags": {
              "Environment": "shared",
              "ManagedBy": "Terraform",
              "Name": "vpc-flow-logs-synth-101912528",
              "Project": "multi-vpc-transit",
              "Purpose": "VPC Flow Logs Storage"
            },
            "tags_all": {
              "Environment": "shared",
              "ManagedBy": "Terraform",
              "Name": "vpc-flow-logs-synth-101912528",
              "Project": "multi-vpc-transit",
              "Purpose": "VPC Flow Logs Storage"
            },
            "timeouts": null,
            "versioning": [
              {
                "enabled": false,
                "mfa_delete": false
              }
            ],
            "website": [],
            "website_domain": null,
            "website_endpoint": null
          },
          "sensitive_attributes": [],
          "private": "eyJlMmJmYjczMC1lY2FhLTExZTYtOGY4OC0zNDM2M2JjN2M0YzAiOnsiY3JlYXRlIjoxMjAwMDAwMDAwMDAwLCJkZWxldGUiOjM2MDAwMDAwMDAwMDAsInJlYWQiOjEyMDAwMDAwMDAwMDAsInVwZGF0ZSI6MTIwMDAwMDAwMDAwMH19"
        }
      ]
    },
    {
      "module": "module.flow_logs[0]",
      "mode": "managed",
      "type": "aws_s3_bucket_lifecycle_configuration",
      "name": "flow_logs",
      "provider": "provider[\"registry.terraform.io/hashicorp/aws\"]",
      "instances": [
        {
          "schema_version": 1,
          "attributes": {
            "bucket": "vpc-flow-logs-synth-101912528",
            "expected_bucket_owner": "",
            "id": "vpc-flow-logs-synth-101912528",
            "rule": [
              {
                "abort_incomplete_multipart_upload": [],
                "expiration": [
                  {
                    "date": null,
                    "days": 395,
                    "expired_object_delete_marker": false
                  }
                ],
                "filter": [
                  {
                    "and": [],
                    "object_size_greater_than": null,
                    "object_size_less_than": null,
                    "prefix": "",
                    "tag": []
                  }
                ],
                "id": "transition-to-glacier",
                "noncurrent_version_expiration": [],
                "noncurrent_version_transition": [],
                "prefix": "",
                "status": "Enabled",
                "transition": [
                  {
                    "date": null,
                    "days": 30,
                    "storage_class": "GLACIER"
                  }
                ]
              }
            ],
            "timeouts": null,
            "transition_default_minimum_object_size": "all_storage_classes_128K"
          },
          "sensitive_attributes": [],
          "dependencies": [
            "module.flow_logs.aws_s3_bucket.flow_logs"
          ]
        }
      ]
    },
    {
      "module": "module.flow_logs[0]",
      "mode": "managed",
      "type": "aws_s3_bucket_policy",
      "name": "flow_logs",
      "provider": "provider[\"registry.terraform.io/hashicorp/aws\"]",
      "instances": [
        {
          "schema_version": 0,
          "attributes": {
            "bucket": "vpc-flow-logs-synth-101912528",
            "id": "vpc-flow-logs-synth-101912528",
            "policy": "{\"Statement\":[{\"Action\":\"s3:PutObject\",\"Condition\":{\"StringEquals\":{\"s3:x-amz-acl\":\"bucket-owner-full-control\"}},\"Effect\":\"Allow\",\"Principal\":{\"Service\":\"delivery.logs.amazonaws.com\"},\"Resource\":\"arn:aws:s3:::vpc-flow-logs-synth-101912528/*\",\"Sid\":\"AWSLogDeliveryWrite\"},{\"Action\":\"s3:GetBucketAcl\",\"Effect\":\"Allow\",\"Principal\":{\"Service\":\"delivery.logs.amazonaws.com\"},\"Resource\":\"arn:aws:s3:::vpc-flow-logs-synth-101912528\",\"Sid\":\"AWSLogDeliveryAclCheck\"}],\"Version\":\"2012-10-17\"}"
          },
          "sensitive_attributes": [],
          "private": "bnVsbA==",
          "dependencies": [
            "module.flow_logs.aws_s3_bucket.flow_logs"
          ]
        }
      ]
    },
    {
      "module": "module.flow_logs[0]",
      "mode": "managed",
      "type": "aws_s3_bucket_public_access_block",
      "name": "flow_logs",
      "provider": "provider[\"registry.terraform.io/hashicorp/aws\"]",
      "instances": [
        {
          "schema_version": 0,
          "attributes": {
            "block_public_acls": true,
            "block_public_policy": true,
            "bucket": "vpc-flow-logs-synth-101912528",
            "id": "vpc-flow-logs-synth-101912528",
            "ignore_public_acls": true,
            "restrict_public_buckets": true
          },
          "sensitive_attributes": [],
          "private": "bnVsbA==",
          "dependencies": [
            "module.flow_logs.aws_s3_bucket.flow_logs"
          ]
        }
      ]
    },
    {
      "module": "module.flow_logs[0]",
      "mode": "managed",
      "type": "aws_s3_bucket_server_side_encryption_configuration",
      "name": "flow_logs",
      "provider": "provider[\"registry.terraform.io/hashicorp/aws\"]",
      "instances": [
        {
          "schema_version": 0,
          "attributes": {
            "bucket": "vpc-flow-logs-synth-101912528",
            "expected_bucket_owner": "",
            "id": "vpc-flow-logs-synth-101912528",
            "rule": [
              {
                "apply_server_side_encryption_by_default": [
                  {
                    "kms_master_key_id": "",
                    "sse_algorithm": "AES256"
                  }
                ],
                "bucket_key_enabled": null
              }
            ]
          },
          "sensitive_attributes": [],
          "private": "bnVsbA==",
          "dependencies": [
            "module.flow_logs.aws_s3_bucket.flow_logs"
          ]
        }
      ]
    },
    {
      "module": "module.flow_logs[0]",
      "mode": "managed",
      "type": "aws_s3_bucket_versioning",
      "name": "flow_logs",
      "provider": "provider[\"registry.terraform.io/hashicorp/aws\"]",
      "instances": [
        {
          "schema_version": 0,
          "attributes": {
            "bucket": "vpc-flow-logs-synth-101912528",
            "expected_bucket_owner": "",
            "id": "vpc-flow-logs-synth-101912528",
            "mfa": null,
            "versioning_configuration": [
              {
                "mfa_delete": "",
                "status": "Enabled"
              }
            ]
          },
          "sensitive_attributes": [],
          "private": "bnVsbA==",
          "dependencies": [
            "module.flow_logs.aws_s3_bucket.flow_logs"
          ]
        }
      ]
    },
    {
      "module": "module.hub_vpc",
      "mode": "managed",
      "type": "aws_eip",
      "name": "nat",
      "provider": "provider[\"registry.terraform.io/hashicorp/aws\"]",
      "instances": [
        {
          "index_key": 0,
          "schema_version": 0,
          "attributes": {
            "address": null,
            "allocation_id": "eipalloc-056f392cc5e181dac",
            "arn": "arn:aws:ec2:us-east-1:342597974367:elastic-ip/eipalloc-056f392cc5e181dac",
            "associate_with_private_ip": null,
            "association_id": "",
            "carrier_ip": "",
            "customer_owned_ip": "",
            "customer_owned_ipv4_pool": "",
            "domain": "vpc",
            "id": "eipalloc-056f392cc5e181dac",
            "instance": "",
            "ipam_pool_id": null,
            "network_border_group": "us-east-1",
            "network_interface": "",
            "private_dns": null,
            "private_ip": "",
            "ptr_record": "",
            "public_dns": "ec2-54-205-83-45.compute-1.amazonaws.com",
            "public_ip": "54.205.83.45",
            "public_ipv4_pool": "amazon",
            "tags": {
              "Environment": "hub",
              "ManagedBy": "Terraform",
              "Name": "hub-nat-eip-1-synth-101912528",
              "Project": "multi-vpc-transit"
            },
            "tags_all": {
              "Environment": "hub",
              "ManagedBy": "Terraform",
              "Name": "hub-nat-eip-1-synth-101912528",
              "Project": "multi-vpc-transit"
            },
            "timeouts": null,
            "vpc": true
          },
          "sensitive_attributes": [],
          "private": "eyJlMmJmYjczMC1lY2FhLTExZTYtOGY4OC0zNDM2M2JjN2M0YzAiOnsiZGVsZXRlIjoxODAwMDAwMDAwMDAsInJlYWQiOjkwMDAwMDAwMDAwMCwidXBkYXRlIjozMDAwMDAwMDAwMDB9fQ==",
          "dependencies": [
            "module.hub_vpc.aws_internet_gateway.main",
            "module.hub_vpc.aws_vpc.main"
          ]
        },
        {
          "index_key": 1,
          "schema_version": 0,
          "attributes": {
            "address": null,
            "allocation_id": "eipalloc-0af2606245119228d",
            "arn": "arn:aws:ec2:us-east-1:342597974367:elastic-ip/eipalloc-0af2606245119228d",
            "associate_with_private_ip": null,
            "association_id": "",
            "carrier_ip": "",
            "customer_owned_ip": "",
            "customer_owned_ipv4_pool": "",
            "domain": "vpc",
            "id": "eipalloc-0af2606245119228d",
            "instance": "",
            "ipam_pool_id": null,
            "network_border_group": "us-east-1",
            "network_interface": "",
            "private_dns": null,
            "private_ip": "",
            "ptr_record": "",
            "public_dns": "ec2-107-20-243-110.compute-1.amazonaws.com",
            "public_ip": "107.20.243.110",
            "public_ipv4_pool": "amazon",
            "tags": {
              "Environment": "hub",
              "ManagedBy": "Terraform",
              "Name": "hub-nat-eip-2-synth-101912528",
              "Project": "multi-vpc-transit"
            },
            "tags_all": {
              "Environment": "hub",
              "ManagedBy": "Terraform",
              "Name": "hub-nat-eip-2-synth-101912528",
              "Project": "multi-vpc-transit"
            },
            "timeouts": null,
            "vpc": true
          },
          "sensitive_attributes": [],
          "private": "eyJlMmJmYjczMC1lY2FhLTExZTYtOGY4OC0zNDM2M2JjN2M0YzAiOnsiZGVsZXRlIjoxODAwMDAwMDAwMDAsInJlYWQiOjkwMDAwMDAwMDAwMCwidXBkYXRlIjozMDAwMDAwMDAwMDB9fQ==",
          "dependencies": [
            "module.hub_vpc.aws_internet_gateway.main",
            "module.hub_vpc.aws_vpc.main"
          ]
        }
      ]
    },
    {
      "module": "module.hub_vpc",
      "mode": "managed",
      "type": "aws_internet_gateway",
      "name": "main",
      "provider": "provider[\"registry.terraform.io/hashicorp/aws\"]",
      "instances": [
        {
          "index_key": 0,
          "schema_version": 0,
          "attributes": {
            "arn": "arn:aws:ec2:us-east-1:342597974367:internet-gateway/igw-08f5df6cc41631ee4",
            "id": "igw-08f5df6cc41631ee4",
            "owner_id": "342597974367",
            "tags": {
              "Environment": "hub",
              "ManagedBy": "Terraform",
              "Name": "hub-igw-synth-101912528",
              "Project": "multi-vpc-transit"
            },
            "tags_all": {
              "Environment": "hub",
              "ManagedBy": "Terraform",
              "Name": "hub-igw-synth-101912528",
              "Project": "multi-vpc-transit"
            },
            "timeouts": null,
            "vpc_id": "vpc-054d865cf6e04c0e8"
          },
          "sensitive_attributes": [],
          "private": "eyJlMmJmYjczMC1lY2FhLTExZTYtOGY4OC0zNDM2M2JjN2M0YzAiOnsiY3JlYXRlIjoxMjAwMDAwMDAwMDAwLCJkZWxldGUiOjEyMDAwMDAwMDAwMDAsInVwZGF0ZSI6MTIwMDAwMDAwMDAwMH19",
          "dependencies": [
            "module.hub_vpc.aws_vpc.main"
          ]
        }
      ]
    },
    {
      "module": "module.hub_vpc",
      "mode": "managed",
      "type": "aws_nat_gateway",
      "name": "main",
      "provider": "provider[\"registry.terraform.io/hashicorp/aws\"]",
      "instances": [
        {
          "index_key": 0,
          "schema_version": 0,
          "attributes": {
            "allocation_id": "eipalloc-056f392cc5e181dac",
            "association_id": "eipassoc-04331aaf3d8de34d0",
            "connectivity_type": "public",
            "id": "nat-0b0ac5d75ed155e7f",
            "network_interface_id": "eni-0bf75326f4204c8f4",
            "private_ip": "10.0.1.94",
            "public_ip": "54.205.83.45",
            "secondary_allocation_ids": null,
            "secondary_private_ip_address_count": 0,
            "secondary_private_ip_addresses": [],
            "subnet_id": "subnet-0b1f31ec243731c7e",
            "tags": {
              "Environment": "hub",
              "ManagedBy": "Terraform",
              "Name": "hub-nat-1-synth-101912528",
              "Project": "multi-vpc-transit"
            },
            "tags_all": {
              "Environment": "hub",
              "ManagedBy": "Terraform",
              "Name": "hub-nat-1-synth-101912528",
              "Project": "multi-vpc-transit"
            },
            "timeouts": null
          },
          "sensitive_attributes": [],
          "private": "eyJlMmJmYjczMC1lY2FhLTExZTYtOGY4OC0zNDM2M2JjN2M0YzAiOnsiY3JlYXRlIjo2MDAwMDAwMDAwMDAsImRlbGV0ZSI6MTgwMDAwMDAwMDAwMCwidXBkYXRlIjo2MDAwMDAwMDAwMDB9fQ==",
          "dependencies": [
            "module.hub_vpc.aws_eip.nat",
            "module.hub_vpc.aws_internet_gateway.main",
            "module.hub_vpc.aws_subnet.public",
            "module.hub_vpc.aws_vpc.main"
          ]
        },
        {
          "index_key": 1,
          "schema_version": 0,
          "attributes": {
            "allocation_id": "eipalloc-0af2606245119228d",
            "association_id": "eipassoc-06373a4ae90c84e2a",
            "connectivity_type": "public",
            "id": "nat-091e8595afa6ea692",
            "network_interface_id": "eni-0fe86852442de43f0",
            "private_ip": "10.0.21.138",
            "public_ip": "107.20.243.110",
            "secondary_allocation_ids": null,
            "secondary_private_ip_address_count": 0,
            "secondary_private_ip_addresses": [],
            "subnet_id": "subnet-042f318df73717af9",
            "tags": {
              "Environment": "hub",
              "ManagedBy": "Terraform",
              "Name": "hub-nat-2-synth-101912528",
              "Project": "multi-vpc-transit"
            },
            "tags_all": {
              "Environment": "hub",
              "ManagedBy": "Terraform",
              "Name": "hub-nat-2-synth-101912528",
              "Project": "multi-vpc-transit"
            },
            "timeouts": null
          },
          "sensitive_attributes": [],
          "private": "eyJlMmJmYjczMC1lY2FhLTExZTYtOGY4OC0zNDM2M2JjN2M0YzAiOnsiY3JlYXRlIjo2MDAwMDAwMDAwMDAsImRlbGV0ZSI6MTgwMDAwMDAwMDAwMCwidXBkYXRlIjo2MDAwMDAwMDAwMDB9fQ==",
          "dependencies": [
            "module.hub_vpc.aws_eip.nat",
            "module.hub_vpc.aws_internet_gateway.main",
            "module.hub_vpc.aws_subnet.public",
            "module.hub_vpc.aws_vpc.main"
          ]
        }
      ]
    },
    {
      "module": "module.hub_vpc",
      "mode": "managed",
      "type": "aws_route",
      "name": "private_nat",
      "provider": "provider[\"registry.terraform.io/hashicorp/aws\"]",
      "instances": [
        {
          "index_key": 0,
          "schema_version": 0,
          "attributes": {
            "carrier_gateway_id": "",
            "core_network_arn": "",
            "destination_cidr_block": "0.0.0.0/0",
            "destination_ipv6_cidr_block": "",
            "destination_prefix_list_id": "",
            "egress_only_gateway_id": "",
            "gateway_id": "",
            "id": "r-rtb-03215bfaaa50ff2211080289494",
            "instance_id": "",
            "instance_owner_id": "",
            "local_gateway_id": "",
            "nat_gateway_id": "nat-0b0ac5d75ed155e7f",
            "network_interface_id": "",
            "origin": "CreateRoute",
            "route_table_id": "rtb-03215bfaaa50ff221",
            "state": "active",
            "timeouts": null,
            "transit_gateway_id": "",
            "vpc_endpoint_id": "",
            "vpc_peering_connection_id": ""
          },
          "sensitive_attributes": [],
          "private": "eyJlMmJmYjczMC1lY2FhLTExZTYtOGY4OC0zNDM2M2JjN2M0YzAiOnsiY3JlYXRlIjozMDAwMDAwMDAwMDAsImRlbGV0ZSI6MzAwMDAwMDAwMDAwLCJ1cGRhdGUiOjEyMDAwMDAwMDAwMH19",
          "dependencies": [
            "module.hub_vpc.aws_eip.nat",
            "module.hub_vpc.aws_internet_gateway.main",
            "module.hub_vpc.aws_nat_gateway.main",
            "module.hub_vpc.aws_route_table.private",
            "module.hub_vpc.aws_subnet.public",
            "module.hub_vpc.aws_vpc.main"
          ]
        },
        {
          "index_key": 1,
          "schema_version": 0,
          "attributes": {
            "carrier_gateway_id": "",
            "core_network_arn": "",
            "destination_cidr_block": "0.0.0.0/0",
            "destination_ipv6_cidr_block": "",
            "destination_prefix_list_id": "",
            "egress_only_gateway_id": "",
            "gateway_id": "",
            "id": "r-rtb-07ef4dd64f00a89791080289494",
            "instance_id": "",
            "instance_owner_id": "",
            "local_gateway_id": "",
            "nat_gateway_id": "nat-091e8595afa6ea692",
            "network_interface_id": "",
            "origin": "CreateRoute",
            "route_table_id": "rtb-07ef4dd64f00a8979",
            "state": "active",
            "timeouts": null,
            "transit_gateway_id": "",
            "vpc_endpoint_id": "",
            "vpc_peering_connection_id": ""
          },
          "sensitive_attributes": [],
          "private": "eyJlMmJmYjczMC1lY2FhLTExZTYtOGY4OC0zNDM2M2JjN2M0YzAiOnsiY3JlYXRlIjozMDAwMDAwMDAwMDAsImRlbGV0ZSI6MzAwMDAwMDAwMDAwLCJ1cGRhdGUiOjEyMDAwMDAwMDAwMH19",
          "dependencies": [
            "module.hub_vpc.aws_eip.nat",
            "module.hub_vpc.aws_internet_gateway.main",
            "module.hub_vpc.aws_nat_gateway.main",
            "module.hub_vpc.aws_route_table.private",
            "module.hub_vpc.aws_subnet.public",
            "module.hub_vpc.aws_vpc.main"
          ]
        }
      ]
    },
    {
      "module": "module.hub_vpc",
      "mode": "managed",
      "type": "aws_route",
      "name": "public_internet",
      "provider": "provider[\"registry.terraform.io/hashicorp/aws\"]",
      "instances": [
        {
          "index_key": 0,
          "schema_version": 0,
          "attributes": {
            "carrier_gateway_id": "",
            "core_network_arn": "",
            "destination_cidr_block": "0.0.0.0/0",
            "destination_ipv6_cidr_block": "",
            "destination_prefix_list_id": "",
            "egress_only_gateway_id": "",
            "gateway_id": "igw-08f5df6cc41631ee4",
            "id": "r-rtb-03d9f9af44a89dfce1080289494",
            "instance_id": "",
            "instance_owner_id": "",
            "local_gateway_id": "",
            "nat_gateway_id": "",
            "network_interface_id": "",
            "origin": "CreateRoute",
            "route_table_id": "rtb-03d9f9af44a89dfce",
            "state": "active",
            "timeouts": null,
            "transit_gateway_id": "",
            "vpc_endpoint_id": "",
            "vpc_peering_connection_id": ""
          },
          "sensitive_attributes": [],
          "private": "eyJlMmJmYjczMC1lY2FhLTExZTYtOGY4OC0zNDM2M2JjN2M0YzAiOnsiY3JlYXRlIjozMDAwMDAwMDAwMDAsImRlbGV0ZSI6MzAwMDAwMDAwMDAwLCJ1cGRhdGUiOjEyMDAwMDAwMDAwMH19",
          "dependencies": [
            "module.hub_vpc.aws_internet_gateway.main",
            "module.hub_vpc.aws_route_table.public",
            "module.hub_vpc.aws_vpc.main"
          ]
        }
      ]
    },
    {
      "module": "module.hub_vpc",
      "mode": "managed",
      "type": "aws_route_table",
      "name": "private",
      "provider": "provider[\"registry.terraform.io/hashicorp/aws\"]",
      "instances": [
        {
          "index_key": 0,
          "schema_version": 0,
          "attributes": {
            "arn": "arn:aws:ec2:us-east-1:342597974367:route-table/rtb-03215bfaaa50ff221",
            "id": "rtb-03215bfaaa50ff221",
            "owner_id": "342597974367",
            "propagating_vgws": [],
            "route": [],
            "tags": {
              "Environment": "hub",
              "ManagedBy": "Terraform",
              "Name": "hub-private-rt-1-synth-101912528",
              "Project": "multi-vpc-transit",
              "Type": "private"
            },
            "tags_all": {
              "Environment": "hub",
              "ManagedBy": "Terraform",
              "Name": "hub-private-rt-1-synth-101912528",
              "Project": "multi-vpc-transit",
              "Type": "private"
            },
            "timeouts": null,
            "vpc_id": "vpc-054d865cf6e04c0e8"
          },
          "sensitive_attributes": [],
          "private": "eyJlMmJmYjczMC1lY2FhLTExZTYtOGY4OC0zNDM2M2JjN2M0YzAiOnsiY3JlYXRlIjozMDAwMDAwMDAwMDAsImRlbGV0ZSI6MzAwMDAwMDAwMDAwLCJ1cGRhdGUiOjEyMDAwMDAwMDAwMH19",
          "dependencies": [
            "module.hub_vpc.aws_vpc.main"
          ]
        },
        {
          "index_key": 1,
          "schema_version": 0,
          "attributes": {
            "arn": "arn:aws:ec2:us-east-1:342597974367:route-table/rtb-07ef4dd64f00a8979",
            "id": "rtb-07ef4dd64f00a8979",
            "owner_id": "342597974367",
            "propagating_vgws": [],
            "route": [],
            "tags": {
              "Environment": "hub",
              "ManagedBy": "Terraform",
              "Name": "hub-private-rt-2-synth-101912528",
              "Project": "multi-vpc-transit",
              "Type": "private"
            },
            "tags_all": {
              "Environment": "hub",
              "ManagedBy": "Terraform",
              "Name": "hub-private-rt-2-synth-101912528",
              "Project": "multi-vpc-transit",
              "Type": "private"
            },
            "timeouts": null,
            "vpc_id": "vpc-054d865cf6e04c0e8"
          },
          "sensitive_attributes": [],
          "private": "eyJlMmJmYjczMC1lY2FhLTExZTYtOGY4OC0zNDM2M2JjN2M0YzAiOnsiY3JlYXRlIjozMDAwMDAwMDAwMDAsImRlbGV0ZSI6MzAwMDAwMDAwMDAwLCJ1cGRhdGUiOjEyMDAwMDAwMDAwMH19",
          "dependencies": [
            "module.hub_vpc.aws_vpc.main"
          ]
        }
      ]
    },
    {
      "module": "module.hub_vpc",
      "mode": "managed",
      "type": "aws_route_table",
      "name": "public",
      "provider": "provider[\"registry.terraform.io/hashicorp/aws\"]",
      "instances": [
        {
          "index_key": 0,
          "schema_version": 0,
          "attributes": {
            "arn": "arn:aws:ec2:us-east-1:342597974367:route-table/rtb-03d9f9af44a89dfce",
            "id": "rtb-03d9f9af44a89dfce",
            "owner_id": "342597974367",
            "propagating_vgws": [],
            "route": [],
            "tags": {
              "Environment": "hub",
              "ManagedBy": "Terraform",
              "Name": "hub-public-rt-synth-101912528",
              "Project": "multi-vpc-transit",
              "Type": "public"
            },
            "tags_all": {
              "Environment": "hub",
              "ManagedBy": "Terraform",
              "Name": "hub-public-rt-synth-101912528",
              "Project": "multi-vpc-transit",
              "Type": "public"
            },
            "timeouts": null,
            "vpc_id": "vpc-054d865cf6e04c0e8"
          },
          "sensitive_attributes": [],
          "private": "eyJlMmJmYjczMC1lY2FhLTExZTYtOGY4OC0zNDM2M2JjN2M0YzAiOnsiY3JlYXRlIjozMDAwMDAwMDAwMDAsImRlbGV0ZSI6MzAwMDAwMDAwMDAwLCJ1cGRhdGUiOjEyMDAwMDAwMDAwMH19",
          "dependencies": [
            "module.hub_vpc.aws_vpc.main"
          ]
        }
      ]
    },
    {
      "module": "module.hub_vpc",
      "mode": "managed",
      "type": "aws_route_table_association",
      "name": "private",
      "provider": "provider[\"registry.terraform.io/hashicorp/aws\"]",
      "instances": [
        {
          "index_key": 0,
          "schema_version": 0,
          "attributes": {
            "gateway_id": "",
            "id": "rtbassoc-08218e6aeba041314",
            "route_table_id": "rtb-03215bfaaa50ff221",
            "subnet_id": "subnet-0bd21b05999711d73",
            "timeouts": null
          },
          "sensitive_attributes": [],
          "private": "eyJlMmJmYjczMC1lY2FhLTExZTYtOGY4OC0zNDM2M2JjN2M0YzAiOnsiY3JlYXRlIjozMDAwMDAwMDAwMDAsImRlbGV0ZSI6MzAwMDAwMDAwMDAwLCJ1cGRhdGUiOjEyMDAwMDAwMDAwMH19",
          "dependencies": [
            "module.hub_vpc.aws_route_table.private",
            "module.hub_vpc.aws_subnet.private",
            "module.hub_vpc.aws_vpc.main"
          ]
        },
        {
          "index_key": 1,
          "schema_version": 0,
          "attributes": {
            "gateway_id": "",
            "id": "rtbassoc-067579e7219359774",
            "route_table_id": "rtb-07ef4dd64f00a8979",
            "subnet_id": "subnet-087e552d265dc0e16",
            "timeouts": null
          },
          "sensitive_attributes": [],
          "private": "eyJlMmJmYjczMC1lY2FhLTExZTYtOGY4OC0zNDM2M2JjN2M0YzAiOnsiY3JlYXRlIjozMDAwMDAwMDAwMDAsImRlbGV0ZSI6MzAwMDAwMDAwMDAwLCJ1cGRhdGUiOjEyMDAwMDAwMDAwMH19",
          "dependencies": [
            "module.hub_vpc.aws_route_table.private",
            "module.hub_vpc.aws_subnet.private",
            "module.hub_vpc.aws_vpc.main"
          ]
        }
      ]
    },
    {
      "module": "module.hub_vpc",
      "mode": "managed",
      "type": "aws_route_table_association",
      "name": "public",
      "provider": "provider[\"registry.terraform.io/hashicorp/aws\"]",
      "instances": [
        {
          "index_key": 0,
          "schema_version": 0,
          "attributes": {
            "gateway_id": "",
            "id": "rtbassoc-01c41b0e3af4876c7",
            "route_table_id": "rtb-03d9f9af44a89dfce",
            "subnet_id": "subnet-0b1f31ec243731c7e",
            "timeouts": null
          },
          "sensitive_attributes": [],
          "private": "eyJlMmJmYjczMC1lY2FhLTExZTYtOGY4OC0zNDM2M2JjN2M0YzAiOnsiY3JlYXRlIjozMDAwMDAwMDAwMDAsImRlbGV0ZSI6MzAwMDAwMDAwMDAwLCJ1cGRhdGUiOjEyMDAwMDAwMDAwMH19",
          "dependencies": [
            "module.hub_vpc.aws_route_table.public",
            "module.hub_vpc.aws_subnet.public",
            "module.hub_vpc.aws_vpc.main"
          ]
        },
        {
          "index_key": 1,
          "schema_version": 0,
          "attributes": {
            "gateway_id": "",
            "id": "rtbassoc-088ca98a893a8e51b",
            "route_table_id": "rtb-03d9f9af44a89dfce",
            "subnet_id": "subnet-042f318df73717af9",
            "timeouts": null
          },
          "sensitive_attributes": [],
          "private": "eyJlMmJmYjczMC1lY2FhLTExZTYtOGY4OC0zNDM2M2JjN2M0YzAiOnsiY3JlYXRlIjozMDAwMDAwMDAwMDAsImRlbGV0ZSI6MzAwMDAwMDAwMDAwLCJ1cGRhdGUiOjEyMDAwMDAwMDAwMH19",
          "dependencies": [
            "module.hub_vpc.aws_route_table.public",
            "module.hub_vpc.aws_subnet.public",
            "module.hub_vpc.aws_vpc.main"
          ]
        }
      ]
    },
    {
      "module": "module.hub_vpc",
      "mode": "managed",
      "type": "aws_route_table_association",
      "name": "transit_gateway",
      "provider": "provider[\"registry.terraform.io/hashicorp/aws\"]",
      "instances": [
        {
          "index_key": 0,
          "schema_version": 0,
          "attributes": {
            "gateway_id": "",
            "id": "rtbassoc-07644be98010ca131",
            "route_table_id": "rtb-03215bfaaa50ff221",
            "subnet_id": "subnet-09bcab46900d6ea06",
            "timeouts": null
          },
          "sensitive_attributes": [],
          "private": "eyJlMmJmYjczMC1lY2FhLTExZTYtOGY4OC0zNDM2M2JjN2M0YzAiOnsiY3JlYXRlIjozMDAwMDAwMDAwMDAsImRlbGV0ZSI6MzAwMDAwMDAwMDAwLCJ1cGRhdGUiOjEyMDAwMDAwMDAwMH19",
          "dependencies": [
            "module.hub_vpc.aws_route_table.private",
            "module.hub_vpc.aws_subnet.transit_gateway",
            "module.hub_vpc.aws_vpc.main"
          ]
        },
        {
          "index_key": 1,
          "schema_version": 0,
          "attributes": {
            "gateway_id": "",
            "id": "rtbassoc-0cd413c19e573df3a",
            "route_table_id": "rtb-07ef4dd64f00a8979",
            "subnet_id": "subnet-04f107628416ad052",
            "timeouts": null
          },
          "sensitive_attributes": [],
          "private": "eyJlMmJmYjczMC1lY2FhLTExZTYtOGY4OC0zNDM2M2JjN2M0YzAiOnsiY3JlYXRlIjozMDAwMDAwMDAwMDAsImRlbGV0ZSI6MzAwMDAwMDAwMDAwLCJ1cGRhdGUiOjEyMDAwMDAwMDAwMH19",
          "dependencies": [
            "module.hub_vpc.aws_route_table.private",
            "module.hub_vpc.aws_subnet.transit_gateway",
            "module.hub_vpc.aws_vpc.main"
          ]
        }
      ]
    },
    {
      "module": "module.hub_vpc",
      "mode": "managed",
      "type": "aws_subnet",
      "name": "private",
      "provider": "provider[\"registry.terraform.io/hashicorp/aws\"]",
      "instances": [
        {
          "index_key": 0,
          "schema_version": 1,
          "attributes": {
            "arn": "arn:aws:ec2:us-east-1:342597974367:subnet/subnet-0bd21b05999711d73",
            "assign_ipv6_address_on_creation": false,
            "availability_zone": "us-east-1a",
            "availability_zone_id": "use1-az1",
            "cidr_block": "10.0.64.0/20",
            "customer_owned_ipv4_pool": "",
            "enable_dns64": false,
            "enable_lni_at_device_index": 0,
            "enable_resource_name_dns_a_record_on_launch": false,
            "enable_resource_name_dns_aaaa_record_on_launch": false,
            "id": "subnet-0bd21b05999711d73",
            "ipv6_cidr_block": "",
            "ipv6_cidr_block_association_id": "",
            "ipv6_native": false,
            "map_customer_owned_ip_on_launch": false,
            "map_public_ip_on_launch": false,
            "outpost_arn": "",
            "owner_id": "342597974367",
            "private_dns_hostname_type_on_launch": "ip-name",
            "tags": {
              "Environment": "hub",
              "ManagedBy": "Terraform",
              "Name": "hub-private-subnet-1-synth-101912528",
              "Project": "multi-vpc-transit",
              "Type": "private"
            },
            "tags_all": {
              "Environment": "hub",
              "ManagedBy": "Terraform",
              "Name": "hub-private-subnet-1-synth-101912528",
              "Project": "multi-vpc-transit",
              "Type": "private"
            },
            "timeouts": null,
            "vpc_id": "vpc-054d865cf6e04c0e8"
          },
          "sensitive_attributes": [],
          "private": "eyJlMmJmYjczMC1lY2FhLTExZTYtOGY4OC0zNDM2M2JjN2M0YzAiOnsiY3JlYXRlIjo2MDAwMDAwMDAwMDAsImRlbGV0ZSI6MTIwMDAwMDAwMDAwMH0sInNjaGVtYV92ZXJzaW9uIjoiMSJ9",
          "dependencies": [
            "module.hub_vpc.aws_vpc.main"
          ]
        },
        {
          "index_key": 1,
          "schema_version": 1,
          "attributes": {
            "arn": "arn:aws:ec2:us-east-1:342597974367:subnet/subnet-087e552d265dc0e16",
            "assign_ipv6_address_on_creation": false,
            "availability_zone": "us-east-1b",
            "availability_zone_id": "use1-az2",
            "cidr_block": "10.0.80.0/20",
            "customer_owned_ipv4_pool": "",
            "enable_dns64": false,
            "enable_lni_at_device_index": 0,
            "enable_resource_name_dns_a_record_on_launch": false,
            "enable_resource_name_dns_aaaa_record_on_launch": false,
            "id": "subnet-087e552d265dc0e16",
            "ipv6_cidr_block": "",
            "ipv6_cidr_block_association_id": "",
            "ipv6_native": false,
            "map_customer_owned_ip_on_launch": false,
            "map_public_ip_on_launch": false,
            "outpost_arn": "",
            "owner_id": "342597974367",
            "private_dns_hostname_type_on_launch": "ip-name",
            "tags": {
              "Environment": "hub",
              "ManagedBy": "Terraform",
              "Name": "hub-private-subnet-2-synth-101912528",
              "Project": "multi-vpc-transit",
              "Type": "private"
            },
            "tags_all": {
              "Environment": "hub",
              "ManagedBy": "Terraform",
              "Name": "hub-private-subnet-2-synth-101912528",
              "Project": "multi-vpc-transit",
              "Type": "private"
            },
            "timeouts": null,
            "vpc_id": "vpc-054d865cf6e04c0e8"
          },
          "sensitive_attributes": [],
          "private": "eyJlMmJmYjczMC1lY2FhLTExZTYtOGY4OC0zNDM2M2JjN2M0YzAiOnsiY3JlYXRlIjo2MDAwMDAwMDAwMDAsImRlbGV0ZSI6MTIwMDAwMDAwMDAwMH0sInNjaGVtYV92ZXJzaW9uIjoiMSJ9",
          "dependencies": [
            "module.hub_vpc.aws_vpc.main"
          ]
        }
      ]
    },
    {
      "module": "module.hub_vpc",
      "mode": "managed",
      "type": "aws_subnet",
      "name": "public",
      "provider": "provider[\"registry.terraform.io/hashicorp/aws\"]",
      "instances": [
        {
          "index_key": 0,
          "schema_version": 1,
          "attributes": {
            "arn": "arn:aws:ec2:us-east-1:342597974367:subnet/subnet-0b1f31ec243731c7e",
            "assign_ipv6_address_on_creation": false,
            "availability_zone": "us-east-1a",
            "availability_zone_id": "use1-az1",
            "cidr_block": "10.0.0.0/20",
            "customer_owned_ipv4_pool": "",
            "enable_dns64": false,
            "enable_lni_at_device_index": 0,
            "enable_resource_name_dns_a_record_on_launch": false,
            "enable_resource_name_dns_aaaa_record_on_launch": false,
            "id": "subnet-0b1f31ec243731c7e",
            "ipv6_cidr_block": "",
            "ipv6_cidr_block_association_id": "",
            "ipv6_native": false,
            "map_customer_owned_ip_on_launch": false,
            "map_public_ip_on_launch": true,
            "outpost_arn": "",
            "owner_id": "342597974367",
            "private_dns_hostname_type_on_launch": "ip-name",
            "tags": {
              "Environment": "hub",
              "ManagedBy": "Terraform",
              "Name": "hub-public-subnet-1-synth-101912528",
              "Project": "multi-vpc-transit",
              "Type": "public"
            },
            "tags_all": {
              "Environment": "hub",
              "ManagedBy": "Terraform",
              "Name": "hub-public-subnet-1-synth-101912528",
              "Project": "multi-vpc-transit",
              "Type": "public"
            },
            "timeouts": null,
            "vpc_id": "vpc-054d865cf6e04c0e8"
          },
          "sensitive_attributes": [],
          "private": "eyJlMmJmYjczMC1lY2FhLTExZTYtOGY4OC0zNDM2M2JjN2M0YzAiOnsiY3JlYXRlIjo2MDAwMDAwMDAwMDAsImRlbGV0ZSI6MTIwMDAwMDAwMDAwMH0sInNjaGVtYV92ZXJzaW9uIjoiMSJ9",
          "dependencies": [
            "module.hub_vpc.aws_vpc.main"
          ]
        },
        {
          "index_key": 1,
          "schema_version": 1,
          "attributes": {
            "arn": "arn:aws:ec2:us-east-1:342597974367:subnet/subnet-042f318df73717af9",
            "assign_ipv6_address_on_creation": false,
            "availability_zone": "us-east-1b",
            "availability_zone_id": "use1-az2",
            "cidr_block": "10.0.16.0/20",
            "customer_owned_ipv4_pool": "",
            "enable_dns64": false,
            "enable_lni_at_device_index": 0,
            "enable_resource_name_dns_a_record_on_launch": false,
            "enable_resource_name_dns_aaaa_record_on_launch": false,
            "id": "subnet-042f318df73717af9",
            "ipv6_cidr_block": "",
            "ipv6_cidr_block_association_id": "",
            "ipv6_native": false,
            "map_customer_owned_ip_on_launch": false,
            "map_public_ip_on_launch": true,
            "outpost_arn": "",
            "owner_id": "342597974367",
            "private_dns_hostname_type_on_launch": "ip-name",
            "tags": {
              "Environment": "hub",
              "ManagedBy": "Terraform",
              "Name": "hub-public-subnet-2-synth-101912528",
              "Project": "multi-vpc-transit",
              "Type": "public"
            },
            "tags_all": {
              "Environment": "hub",
              "ManagedBy": "Terraform",
              "Name": "hub-public-subnet-2-synth-101912528",
              "Project": "multi-vpc-transit",
              "Type": "public"
            },
            "timeouts": null,
            "vpc_id": "vpc-054d865cf6e04c0e8"
          },
          "sensitive_attributes": [],
          "private": "eyJlMmJmYjczMC1lY2FhLTExZTYtOGY4OC0zNDM2M2JjN2M0YzAiOnsiY3JlYXRlIjo2MDAwMDAwMDAwMDAsImRlbGV0ZSI6MTIwMDAwMDAwMDAwMH0sInNjaGVtYV92ZXJzaW9uIjoiMSJ9",
          "dependencies": [
            "module.hub_vpc.aws_vpc.main"
          ]
        }
      ]
    },
    {
      "module": "module.hub_vpc",
      "mode": "managed",
      "type": "aws_subnet",
      "name": "transit_gateway",
      "provider": "provider[\"registry.terraform.io/hashicorp/aws\"]",
      "instances": [
        {
          "index_key": 0,
          "schema_version": 1,
          "attributes": {
            "arn": "arn:aws:ec2:us-east-1:342597974367:subnet/subnet-09bcab46900d6ea06",
            "assign_ipv6_address_on_creation": false,
            "availability_zone": "us-east-1a",
            "availability_zone_id": "use1-az1",
            "cidr_block": "10.0.128.0/20",
            "customer_owned_ipv4_pool": "",
            "enable_dns64": false,
            "enable_lni_at_device_index": 0,
            "enable_resource_name_dns_a_record_on_launch": false,
            "enable_resource_name_dns_aaaa_record_on_launch": false,
            "id": "subnet-09bcab46900d6ea06",
            "ipv6_cidr_block": "",
            "ipv6_cidr_block_association_id": "",
            "ipv6_native": false,
            "map_customer_owned_ip_on_launch": false,
            "map_public_ip_on_launch": false,
            "outpost_arn": "",
            "owner_id": "342597974367",
            "private_dns_hostname_type_on_launch": "ip-name",
            "tags": {
              "Environment": "hub",
              "ManagedBy": "Terraform",
              "Name": "hub-tgw-subnet-1-synth-101912528",
              "Project": "multi-vpc-transit",
              "Type": "transit-gateway"
            },
            "tags_all": {
              "Environment": "hub",
              "ManagedBy": "Terraform",
              "Name": "hub-tgw-subnet-1-synth-101912528",
              "Project": "multi-vpc-transit",
              "Type": "transit-gateway"
            },
            "timeouts": null,
            "vpc_id": "vpc-054d865cf6e04c0e8"
          },
          "sensitive_attributes": [],
          "private": "eyJlMmJmYjczMC1lY2FhLTExZTYtOGY4OC0zNDM2M2JjN2M0YzAiOnsiY3JlYXRlIjo2MDAwMDAwMDAwMDAsImRlbGV0ZSI6MTIwMDAwMDAwMDAwMH0sInNjaGVtYV92ZXJzaW9uIjoiMSJ9",
          "dependencies": [
            "module.hub_vpc.aws_vpc.main"
          ]
        },
        {
          "index_key": 1,
          "schema_version": 1,
          "attributes": {
            "arn": "arn:aws:ec2:us-east-1:342597974367:subnet/subnet-04f107628416ad052",
            "assign_ipv6_address_on_creation": false,
            "availability_zone": "us-east-1b",
            "availability_zone_id": "use1-az2",
            "cidr_block": "10.0.144.0/20",
            "customer_owned_ipv4_pool": "",
            "enable_dns64": false,
            "enable_lni_at_device_index": 0,
            "enable_resource_name_dns_a_record_on_launch": false,
            "enable_resource_name_dns_aaaa_record_on_launch": false,
            "id": "subnet-04f107628416ad052",
            "ipv6_cidr_block": "",
            "ipv6_cidr_block_association_id": "",
            "ipv6_native": false,
            "map_customer_owned_ip_on_launch": false,
            "map_public_ip_on_launch": false,
            "outpost_arn": "",
            "owner_id": "342597974367",
            "private_dns_hostname_type_on_launch": "ip-name",
            "tags": {
              "Environment": "hub",
              "ManagedBy": "Terraform",
              "Name": "hub-tgw-subnet-2-synth-101912528",
              "Project": "multi-vpc-transit",
              "Type": "transit-gateway"
            },
            "tags_all": {
              "Environment": "hub",
              "ManagedBy": "Terraform",
              "Name": "hub-tgw-subnet-2-synth-101912528",
              "Project": "multi-vpc-transit",
              "Type": "transit-gateway"
            },
            "timeouts": null,
            "vpc_id": "vpc-054d865cf6e04c0e8"
          },
          "sensitive_attributes": [],
          "private": "eyJlMmJmYjczMC1lY2FhLTExZTYtOGY4OC0zNDM2M2JjN2M0YzAiOnsiY3JlYXRlIjo2MDAwMDAwMDAwMDAsImRlbGV0ZSI6MTIwMDAwMDAwMDAwMH0sInNjaGVtYV92ZXJzaW9uIjoiMSJ9",
          "dependencies": [
            "module.hub_vpc.aws_vpc.main"
          ]
        }
      ]
    },
    {
      "module": "module.hub_vpc",
      "mode": "managed",
      "type": "aws_vpc",
      "name": "main",
      "provider": "provider[\"registry.terraform.io/hashicorp/aws\"]",
      "instances": [
        {
          "schema_version": 1,
          "attributes": {
            "arn": "arn:aws:ec2:us-east-1:342597974367:vpc/vpc-054d865cf6e04c0e8",
            "assign_generated_ipv6_cidr_block": false,
            "cidr_block": "10.0.0.0/16",
            "default_network_acl_id": "acl-084044c2e59d52372",
            "default_route_table_id": "rtb-045f82a90c4430b45",
            "default_security_group_id": "sg-0b2ab6825df361bfa",
            "dhcp_options_id": "dopt-096ea572b45cebc14",
            "enable_dns_hostnames": true,
            "enable_dns_support": true,
            "enable_network_address_usage_metrics": false,
            "id": "vpc-054d865cf6e04c0e8",
            "instance_tenancy": "default",
            "ipv4_ipam_pool_id": null,
            "ipv4_netmask_length": null,
            "ipv6_association_id": "",
            "ipv6_cidr_block": "",
            "ipv6_cidr_block_network_border_group": "",
            "ipv6_ipam_pool_id": "",
            "ipv6_netmask_length": 0,
            "main_route_table_id": "rtb-045f82a90c4430b45",
            "owner_id": "342597974367",
            "tags": {
              "Environment": "hub",
              "ManagedBy": "Terraform",
              "Name": "hub-vpc-synth-101912528",
              "Project": "multi-vpc-transit"
            },
            "tags_all": {
              "Environment": "hub",
              "ManagedBy": "Terraform",
              "Name": "hub-vpc-synth-101912528",
              "Project": "multi-vpc-transit"
            }
          },
          "sensitive_attributes": [],
          "private": "eyJzY2hlbWFfdmVyc2lvbiI6IjEifQ=="
        }
      ]
    },
    {
      "module": "module.prod_vpc",
      "mode": "managed",
      "type": "aws_route_table",
      "name": "private",
      "provider": "provider[\"registry.terraform.io/hashicorp/aws\"]",
      "instances": [
        {
          "index_key": 0,
          "schema_version": 0,
          "attributes": {
            "arn": "arn:aws:ec2:us-east-1:342597974367:route-table/rtb-0440626cb562a36c4",
            "id": "rtb-0440626cb562a36c4",
            "owner_id": "342597974367",
            "propagating_vgws": [],
            "route": [],
            "tags": {
              "Environment": "production",
              "ManagedBy": "Terraform",
              "Name": "production-private-rt-1-synth-101912528",
              "Project": "multi-vpc-transit",
              "Type": "private"
            },
            "tags_all": {
              "Environment": "production",
              "ManagedBy": "Terraform",
              "Name": "production-private-rt-1-synth-101912528",
              "Project": "multi-vpc-transit",
              "Type": "private"
            },
            "timeouts": null,
            "vpc_id": "vpc-07f1d975c78d04e64"
          },
          "sensitive_attributes": [],
          "private": "eyJlMmJmYjczMC1lY2FhLTExZTYtOGY4OC0zNDM2M2JjN2M0YzAiOnsiY3JlYXRlIjozMDAwMDAwMDAwMDAsImRlbGV0ZSI6MzAwMDAwMDAwMDAwLCJ1cGRhdGUiOjEyMDAwMDAwMDAwMH19",
          "dependencies": [
            "module.prod_vpc.aws_vpc.main"
          ]
        },
        {
          "index_key": 1,
          "schema_version": 0,
          "attributes": {
            "arn": "arn:aws:ec2:us-east-1:342597974367:route-table/rtb-070a9fde63df40416",
            "id": "rtb-070a9fde63df40416",
            "owner_id": "342597974367",
            "propagating_vgws": [],
            "route": [],
            "tags": {
              "Environment": "production",
              "ManagedBy": "Terraform",
              "Name": "production-private-rt-2-synth-101912528",
              "Project": "multi-vpc-transit",
              "Type": "private"
            },
            "tags_all": {
              "Environment": "production",
              "ManagedBy": "Terraform",
              "Name": "production-private-rt-2-synth-101912528",
              "Project": "multi-vpc-transit",
              "Type": "private"
            },
            "timeouts": null,
            "vpc_id": "vpc-07f1d975c78d04e64"
          },
          "sensitive_attributes": [],
          "private": "eyJlMmJmYjczMC1lY2FhLTExZTYtOGY4OC0zNDM2M2JjN2M0YzAiOnsiY3JlYXRlIjozMDAwMDAwMDAwMDAsImRlbGV0ZSI6MzAwMDAwMDAwMDAwLCJ1cGRhdGUiOjEyMDAwMDAwMDAwMH19",
          "dependencies": [
            "module.prod_vpc.aws_vpc.main"
          ]
        }
      ]
    },
    {
      "module": "module.prod_vpc",
      "mode": "managed",
      "type": "aws_route_table_association",
      "name": "private",
      "provider": "provider[\"registry.terraform.io/hashicorp/aws\"]",
      "instances": [
        {
          "index_key": 0,
          "schema_version": 0,
          "attributes": {
            "gateway_id": "",
            "id": "rtbassoc-012599d788103d9b8",
            "route_table_id": "rtb-0440626cb562a36c4",
            "subnet_id": "subnet-06fe0c7a27cafd66a",
            "timeouts": null
          },
          "sensitive_attributes": [],
          "private": "eyJlMmJmYjczMC1lY2FhLTExZTYtOGY4OC0zNDM2M2JjN2M0YzAiOnsiY3JlYXRlIjozMDAwMDAwMDAwMDAsImRlbGV0ZSI6MzAwMDAwMDAwMDAwLCJ1cGRhdGUiOjEyMDAwMDAwMDAwMH19",
          "dependencies": [
            "module.prod_vpc.aws_route_table.private",
            "module.prod_vpc.aws_subnet.private",
            "module.prod_vpc.aws_vpc.main"
          ]
        },
        {
          "index_key": 1,
          "schema_version": 0,
          "attributes": {
            "gateway_id": "",
            "id": "rtbassoc-0409bf3190ec0c306",
            "route_table_id": "rtb-070a9fde63df40416",
            "subnet_id": "subnet-06b4e1807515bd28f",
            "timeouts": null
          },
          "sensitive_attributes": [],
          "private": "eyJlMmJmYjczMC1lY2FhLTExZTYtOGY4OC0zNDM2M2JjN2M0YzAiOnsiY3JlYXRlIjozMDAwMDAwMDAwMDAsImRlbGV0ZSI6MzAwMDAwMDAwMDAwLCJ1cGRhdGUiOjEyMDAwMDAwMDAwMH19",
          "dependencies": [
            "module.prod_vpc.aws_route_table.private",
            "module.prod_vpc.aws_subnet.private",
            "module.prod_vpc.aws_vpc.main"
          ]
        }
      ]
    },
    {
      "module": "module.prod_vpc",
      "mode": "managed",
      "type": "aws_route_table_association",
      "name": "transit_gateway",
      "provider": "provider[\"registry.terraform.io/hashicorp/aws\"]",
      "instances": [
        {
          "index_key": 0,
          "schema_version": 0,
          "attributes": {
            "gateway_id": "",
            "id": "rtbassoc-0155a8eb5aad0dbf9",
            "route_table_id": "rtb-0440626cb562a36c4",
            "subnet_id": "subnet-0e6c7f026af2157e6",
            "timeouts": null
          },
          "sensitive_attributes": [],
          "private": "eyJlMmJmYjczMC1lY2FhLTExZTYtOGY4OC0zNDM2M2JjN2M0YzAiOnsiY3JlYXRlIjozMDAwMDAwMDAwMDAsImRlbGV0ZSI6MzAwMDAwMDAwMDAwLCJ1cGRhdGUiOjEyMDAwMDAwMDAwMH19",
          "dependencies": [
            "module.prod_vpc.aws_route_table.private",
            "module.prod_vpc.aws_subnet.transit_gateway",
            "module.prod_vpc.aws_vpc.main"
          ]
        },
        {
          "index_key": 1,
          "schema_version": 0,
          "attributes": {
            "gateway_id": "",
            "id": "rtbassoc-0778915bf95f85eb3",
            "route_table_id": "rtb-070a9fde63df40416",
            "subnet_id": "subnet-035e3678343263ff9",
            "timeouts": null
          },
          "sensitive_attributes": [],
          "private": "eyJlMmJmYjczMC1lY2FhLTExZTYtOGY4OC0zNDM2M2JjN2M0YzAiOnsiY3JlYXRlIjozMDAwMDAwMDAwMDAsImRlbGV0ZSI6MzAwMDAwMDAwMDAwLCJ1cGRhdGUiOjEyMDAwMDAwMDAwMH19",
          "dependencies": [
            "module.prod_vpc.aws_route_table.private",
            "module.prod_vpc.aws_subnet.transit_gateway",
            "module.prod_vpc.aws_vpc.main"
          ]
        }
      ]
    },
    {
      "module": "module.prod_vpc",
      "mode": "managed",
      "type": "aws_subnet",
      "name": "private",
      "provider": "provider[\"registry.terraform.io/hashicorp/aws\"]",
      "instances": [
        {
          "index_key": 0,
          "schema_version": 1,
          "attributes": {
            "arn": "arn:aws:ec2:us-east-1:342597974367:subnet/subnet-06fe0c7a27cafd66a",
            "assign_ipv6_address_on_creation": false,
            "availability_zone": "us-east-1a",
            "availability_zone_id": "use1-az1",
            "cidr_block": "10.1.64.0/20",
            "customer_owned_ipv4_pool": "",
            "enable_dns64": false,
            "enable_lni_at_device_index": 0,
            "enable_resource_name_dns_a_record_on_launch": false,
            "enable_resource_name_dns_aaaa_record_on_launch": false,
            "id": "subnet-06fe0c7a27cafd66a",
            "ipv6_cidr_block": "",
            "ipv6_cidr_block_association_id": "",
            "ipv6_native": false,
            "map_customer_owned_ip_on_launch": false,
            "map_public_ip_on_launch": false,
            "outpost_arn": "",
            "owner_id": "342597974367",
            "private_dns_hostname_type_on_launch": "ip-name",
            "tags": {
              "Environment": "production",
              "ManagedBy": "Terraform",
              "Name": "production-private-subnet-1-synth-101912528",
              "Project": "multi-vpc-transit",
              "Type": "private"
            },
            "tags_all": {
              "Environment": "production",
              "ManagedBy": "Terraform",
              "Name": "production-private-subnet-1-synth-101912528",
              "Project": "multi-vpc-transit",
              "Type": "private"
            },
            "timeouts": null,
            "vpc_id": "vpc-07f1d975c78d04e64"
          },
          "sensitive_attributes": [],
          "private": "eyJlMmJmYjczMC1lY2FhLTExZTYtOGY4OC0zNDM2M2JjN2M0YzAiOnsiY3JlYXRlIjo2MDAwMDAwMDAwMDAsImRlbGV0ZSI6MTIwMDAwMDAwMDAwMH0sInNjaGVtYV92ZXJzaW9uIjoiMSJ9",
          "dependencies": [
            "module.prod_vpc.aws_vpc.main"
          ]
        },
        {
          "index_key": 1,
          "schema_version": 1,
          "attributes": {
            "arn": "arn:aws:ec2:us-east-1:342597974367:subnet/subnet-06b4e1807515bd28f",
            "assign_ipv6_address_on_creation": false,
            "availability_zone": "us-east-1b",
            "availability_zone_id": "use1-az2",
            "cidr_block": "10.1.80.0/20",
            "customer_owned_ipv4_pool": "",
            "enable_dns64": false,
            "enable_lni_at_device_index": 0,
            "enable_resource_name_dns_a_record_on_launch": false,
            "enable_resource_name_dns_aaaa_record_on_launch": false,
            "id": "subnet-06b4e1807515bd28f",
            "ipv6_cidr_block": "",
            "ipv6_cidr_block_association_id": "",
            "ipv6_native": false,
            "map_customer_owned_ip_on_launch": false,
            "map_public_ip_on_launch": false,
            "outpost_arn": "",
            "owner_id": "342597974367",
            "private_dns_hostname_type_on_launch": "ip-name",
            "tags": {
              "Environment": "production",
              "ManagedBy": "Terraform",
              "Name": "production-private-subnet-2-synth-101912528",
              "Project": "multi-vpc-transit",
              "Type": "private"
            },
            "tags_all": {
              "Environment": "production",
              "ManagedBy": "Terraform",
              "Name": "production-private-subnet-2-synth-101912528",
              "Project": "multi-vpc-transit",
              "Type": "private"
            },
            "timeouts": null,
            "vpc_id": "vpc-07f1d975c78d04e64"
          },
          "sensitive_attributes": [],
          "private": "eyJlMmJmYjczMC1lY2FhLTExZTYtOGY4OC0zNDM2M2JjN2M0YzAiOnsiY3JlYXRlIjo2MDAwMDAwMDAwMDAsImRlbGV0ZSI6MTIwMDAwMDAwMDAwMH0sInNjaGVtYV92ZXJzaW9uIjoiMSJ9",
          "dependencies": [
            "module.prod_vpc.aws_vpc.main"
          ]
        }
      ]
    },
    {
      "module": "module.prod_vpc",
      "mode": "managed",
      "type": "aws_subnet",
      "name": "transit_gateway",
      "provider": "provider[\"registry.terraform.io/hashicorp/aws\"]",
      "instances": [
        {
          "index_key": 0,
          "schema_version": 1,
          "attributes": {
            "arn": "arn:aws:ec2:us-east-1:342597974367:subnet/subnet-0e6c7f026af2157e6",
            "assign_ipv6_address_on_creation": false,
            "availability_zone": "us-east-1a",
            "availability_zone_id": "use1-az1",
            "cidr_block": "10.1.128.0/20",
            "customer_owned_ipv4_pool": "",
            "enable_dns64": false,
            "enable_lni_at_device_index": 0,
            "enable_resource_name_dns_a_record_on_launch": false,
            "enable_resource_name_dns_aaaa_record_on_launch": false,
            "id": "subnet-0e6c7f026af2157e6",
            "ipv6_cidr_block": "",
            "ipv6_cidr_block_association_id": "",
            "ipv6_native": false,
            "map_customer_owned_ip_on_launch": false,
            "map_public_ip_on_launch": false,
            "outpost_arn": "",
            "owner_id": "342597974367",
            "private_dns_hostname_type_on_launch": "ip-name",
            "tags": {
              "Environment": "production",
              "ManagedBy": "Terraform",
              "Name": "production-tgw-subnet-1-synth-101912528",
              "Project": "multi-vpc-transit",
              "Type": "transit-gateway"
            },
            "tags_all": {
              "Environment": "production",
              "ManagedBy": "Terraform",
              "Name": "production-tgw-subnet-1-synth-101912528",
              "Project": "multi-vpc-transit",
              "Type": "transit-gateway"
            },
            "timeouts": null,
            "vpc_id": "vpc-07f1d975c78d04e64"
          },
          "sensitive_attributes": [],
          "private": "eyJlMmJmYjczMC1lY2FhLTExZTYtOGY4OC0zNDM2M2JjN2M0YzAiOnsiY3JlYXRlIjo2MDAwMDAwMDAwMDAsImRlbGV0ZSI6MTIwMDAwMDAwMDAwMH0sInNjaGVtYV92ZXJzaW9uIjoiMSJ9",
          "dependencies": [
            "module.prod_vpc.aws_vpc.main"
          ]
        },
        {
          "index_key": 1,
          "schema_version": 1,
          "attributes": {
            "arn": "arn:aws:ec2:us-east-1:342597974367:subnet/subnet-035e3678343263ff9",
            "assign_ipv6_address_on_creation": false,
            "availability_zone": "us-east-1b",
            "availability_zone_id": "use1-az2",
            "cidr_block": "10.1.144.0/20",
            "customer_owned_ipv4_pool": "",
            "enable_dns64": false,
            "enable_lni_at_device_index": 0,
            "enable_resource_name_dns_a_record_on_launch": false,
            "enable_resource_name_dns_aaaa_record_on_launch": false,
            "id": "subnet-035e3678343263ff9",
            "ipv6_cidr_block": "",
            "ipv6_cidr_block_association_id": "",
            "ipv6_native": false,
            "map_customer_owned_ip_on_launch": false,
            "map_public_ip_on_launch": false,
            "outpost_arn": "",
            "owner_id": "342597974367",
            "private_dns_hostname_type_on_launch": "ip-name",
            "tags": {
              "Environment": "production",
              "ManagedBy": "Terraform",
              "Name": "production-tgw-subnet-2-synth-101912528",
              "Project": "multi-vpc-transit",
              "Type": "transit-gateway"
            },
            "tags_all": {
              "Environment": "production",
              "ManagedBy": "Terraform",
              "Name": "production-tgw-subnet-2-synth-101912528",
              "Project": "multi-vpc-transit",
              "Type": "transit-gateway"
            },
            "timeouts": null,
            "vpc_id": "vpc-07f1d975c78d04e64"
          },
          "sensitive_attributes": [],
          "private": "eyJlMmJmYjczMC1lY2FhLTExZTYtOGY4OC0zNDM2M2JjN2M0YzAiOnsiY3JlYXRlIjo2MDAwMDAwMDAwMDAsImRlbGV0ZSI6MTIwMDAwMDAwMDAwMH0sInNjaGVtYV92ZXJzaW9uIjoiMSJ9",
          "dependencies": [
            "module.prod_vpc.aws_vpc.main"
          ]
        }
      ]
    },
    {
      "module": "module.prod_vpc",
      "mode": "managed",
      "type": "aws_vpc",
      "name": "main",
      "provider": "provider[\"registry.terraform.io/hashicorp/aws\"]",
      "instances": [
        {
          "schema_version": 1,
          "attributes": {
            "arn": "arn:aws:ec2:us-east-1:342597974367:vpc/vpc-07f1d975c78d04e64",
            "assign_generated_ipv6_cidr_block": false,
            "cidr_block": "10.1.0.0/16",
            "default_network_acl_id": "acl-0778d679cd204460d",
            "default_route_table_id": "rtb-0da74c7472d040c7c",
            "default_security_group_id": "sg-0d26a37dffbf0e964",
            "dhcp_options_id": "dopt-096ea572b45cebc14",
            "enable_dns_hostnames": true,
            "enable_dns_support": true,
            "enable_network_address_usage_metrics": false,
            "id": "vpc-07f1d975c78d04e64",
            "instance_tenancy": "default",
            "ipv4_ipam_pool_id": null,
            "ipv4_netmask_length": null,
            "ipv6_association_id": "",
            "ipv6_cidr_block": "",
            "ipv6_cidr_block_network_border_group": "",
            "ipv6_ipam_pool_id": "",
            "ipv6_netmask_length": 0,
            "main_route_table_id": "rtb-0da74c7472d040c7c",
            "owner_id": "342597974367",
            "tags": {
              "Environment": "production",
              "ManagedBy": "Terraform",
              "Name": "prod-vpc-synth-101912528",
              "Project": "multi-vpc-transit"
            },
            "tags_all": {
              "Environment": "production",
              "ManagedBy": "Terraform",
              "Name": "prod-vpc-synth-101912528",
              "Project": "multi-vpc-transit"
            }
          },
          "sensitive_attributes": [],
          "private": "eyJzY2hlbWFfdmVyc2lvbiI6IjEifQ=="
        }
      ]
    }
  ],
  "check_results": null
}
