{
  "version": 4,
  "terraform_version": "1.6.6",
  "serial": 36,
  "lineage": "ba63626a-cf65-e968-217e-22d0a131e0f2",
  "outputs": {
    "cloudtrail_logs_bucket": {
      "value": "secure-audit-bucket-trainr902-synthtrainr902-cloudtrail-logs",
      "type": "string"
    },
    "cloudwatch_log_group_name": {
      "value": "/aws/cloudtrail/secure-s3-infrastructure-synthtrainr902",
      "type": "string"
    },
    "kms_key_arn": {
      "value": "arn:aws:kms:us-east-1:000000000000:key/9ba818bb-536d-467e-8e99-fb1168996240",
      "type": "string"
    },
    "kms_key_id": {
      "value": "9ba818bb-536d-467e-8e99-fb1168996240",
      "type": "string"
    },
    "replica_bucket_arn": {
      "value": "arn:aws:s3:::secure-audit-bucket-trainr902-synthtrainr902-replica",
      "type": "string"
    },
    "replica_bucket_name": {
      "value": "secure-audit-bucket-trainr902-synthtrainr902-replica",
      "type": "string"
    },
    "replica_kms_key_id": {
      "value": "b2332a83-b152-4022-8ad3-950c8f0f7521",
      "type": "string"
    },
    "s3_bucket_arn": {
      "value": "arn:aws:s3:::secure-audit-bucket-trainr902-synthtrainr902",
      "type": "string"
    },
    "s3_bucket_name": {
      "value": "secure-audit-bucket-trainr902-synthtrainr902",
      "type": "string"
    },
    "sns_topic_arn": {
      "value": "arn:aws:sns:us-east-1:000000000000:secure-s3-infrastructure-synthtrainr902-security-alerts",
      "type": "string"
    }
  },
  "resources": [
    {
      "mode": "data",
      "type": "aws_caller_identity",
      "name": "current",
      "provider": "provider[\"registry.terraform.io/hashicorp/aws\"]",
      "instances": [
        {
          "schema_version": 0,
          "attributes": {
            "account_id": "000000000000",
            "arn": "arn:aws:iam::000000000000:root",
            "id": "000000000000",
            "user_id": "AKIAIOSFODNN7EXAMPLE"
          },
          "sensitive_attributes": []
        }
      ]
    },
    {
      "mode": "managed",
      "type": "aws_cloudwatch_log_group",
      "name": "cloudtrail_log_group",
      "provider": "provider[\"registry.terraform.io/hashicorp/aws\"]",
      "instances": [
        {
          "schema_version": 0,
          "attributes": {
            "arn": "arn:aws:logs:us-east-1:000000000000:log-group:/aws/cloudtrail/secure-s3-infrastructure-synthtrainr902",
            "id": "/aws/cloudtrail/secure-s3-infrastructure-synthtrainr902",
            "kms_key_id": "",
            "log_group_class": "STANDARD",
            "name": "/aws/cloudtrail/secure-s3-infrastructure-synthtrainr902",
            "name_prefix": "",
            "region": "us-east-1",
            "retention_in_days": 90,
            "skip_destroy": false,
            "tags": {
              "Environment": "production",
              "EnvironmentSuffix": "synthtrainr902",
              "ManagedBy": "terraform",
              "Name": "secure-s3-infrastructure-synthtrainr902-cloudtrail-logs",
              "Project": "secure-s3-infrastructure"
            },
            "tags_all": {
              "Environment": "production",
              "EnvironmentSuffix": "synthtrainr902",
              "ManagedBy": "terraform",
              "Name": "secure-s3-infrastructure-synthtrainr902-cloudtrail-logs",
              "Project": "secure-s3-infrastructure"
            }
          },
          "sensitive_attributes": [],
          "private": "bnVsbA=="
        }
      ]
    },
    {
      "mode": "managed",
      "type": "aws_cloudwatch_log_metric_filter",
      "name": "policy_violations_filter",
      "provider": "provider[\"registry.terraform.io/hashicorp/aws\"]",
      "instances": [
        {
          "schema_version": 0,
          "attributes": {
            "apply_on_transformed_logs": false,
            "id": "secure-s3-infrastructure-synthtrainr902-policy-violations",
            "log_group_name": "/aws/cloudtrail/secure-s3-infrastructure-synthtrainr902",
            "metric_transformation": [
              {
                "default_value": "",
                "dimensions": {},
                "name": "PolicyViolations",
                "namespace": "Security/S3",
                "unit": "None",
                "value": "1"
              }
            ],
            "name": "secure-s3-infrastructure-synthtrainr902-policy-violations",
            "pattern": "[timestamp, request_id, event_type=\"AwsApiCall\", event_source=\"s3.amazonaws.com\", error_code=\"AccessDenied\"]",
            "region": "us-east-1"
          },
          "sensitive_attributes": [],
          "private": "bnVsbA==",
          "dependencies": [
            "aws_cloudwatch_log_group.cloudtrail_log_group"
          ]
        }
      ]
    },
    {
      "mode": "managed",
      "type": "aws_cloudwatch_log_metric_filter",
      "name": "unauthorized_access_filter",
      "provider": "provider[\"registry.terraform.io/hashicorp/aws\"]",
      "instances": [
        {
          "schema_version": 0,
          "attributes": {
            "apply_on_transformed_logs": false,
            "id": "secure-s3-infrastructure-synthtrainr902-unauthorized-access",
            "log_group_name": "/aws/cloudtrail/secure-s3-infrastructure-synthtrainr902",
            "metric_transformation": [
              {
                "default_value": "",
                "dimensions": {},
                "name": "UnauthorizedS3Access",
                "namespace": "Security/S3",
                "unit": "None",
                "value": "1"
              }
            ],
            "name": "secure-s3-infrastructure-synthtrainr902-unauthorized-access",
            "pattern": "[timestamp, request_id, event_type=\"AwsApiCall\", event_source=\"s3.amazonaws.com\", event_name=\"GetObject\" || event_name=\"PutObject\", error_code=\"AccessDenied\" || error_code=\"Forbidden\"]",
            "region": "us-east-1"
          },
          "sensitive_attributes": [],
          "private": "bnVsbA==",
          "dependencies": [
            "aws_cloudwatch_log_group.cloudtrail_log_group"
          ]
        }
      ]
    },
    {
      "mode": "managed",
      "type": "aws_cloudwatch_metric_alarm",
      "name": "bucket_policy_violations",
      "provider": "provider[\"registry.terraform.io/hashicorp/aws\"]",
      "instances": [
        {
          "schema_version": 1,
          "attributes": {
            "actions_enabled": true,
            "alarm_actions": [
              "arn:aws:sns:us-east-1:000000000000:secure-s3-infrastructure-synthtrainr902-security-alerts"
            ],
            "alarm_description": "This metric monitors bucket policy violations",
            "alarm_name": "secure-s3-infrastructure-synthtrainr902-bucket-policy-violations",
            "arn": "arn:aws:cloudwatch:us-east-1:000000000000:alarm:secure-s3-infrastructure-synthtrainr902-bucket-policy-violations",
            "comparison_operator": "GreaterThanThreshold",
            "datapoints_to_alarm": 0,
            "dimensions": {},
            "evaluate_low_sample_count_percentiles": "",
            "evaluation_periods": 1,
            "extended_statistic": "",
            "id": "secure-s3-infrastructure-synthtrainr902-bucket-policy-violations",
            "insufficient_data_actions": [],
            "metric_name": "PolicyViolations",
            "metric_query": [],
            "namespace": "Security/S3",
            "ok_actions": [],
            "period": 300,
            "region": "us-east-1",
            "statistic": "Sum",
            "tags": {
              "Environment": "production",
              "EnvironmentSuffix": "synthtrainr902",
              "ManagedBy": "terraform",
              "Name": "secure-s3-infrastructure-synthtrainr902-policy-violations-alarm",
              "Project": "secure-s3-infrastructure"
            },
            "tags_all": {
              "Environment": "production",
              "EnvironmentSuffix": "synthtrainr902",
              "ManagedBy": "terraform",
              "Name": "secure-s3-infrastructure-synthtrainr902-policy-violations-alarm",
              "Project": "secure-s3-infrastructure"
            },
            "threshold": 0,
            "threshold_metric_id": "",
            "treat_missing_data": "missing",
            "unit": ""
          },
          "sensitive_attributes": [],
          "private": "eyJzY2hlbWFfdmVyc2lvbiI6IjEifQ==",
          "dependencies": [
            "aws_kms_key.s3_encryption_key",
            "aws_sns_topic.security_alerts",
            "data.aws_caller_identity.current"
          ]
        }
      ]
    },
    {
      "mode": "managed",
      "type": "aws_cloudwatch_metric_alarm",
      "name": "unauthorized_s3_access",
      "provider": "provider[\"registry.terraform.io/hashicorp/aws\"]",
      "instances": [
        {
          "schema_version": 1,
          "attributes": {
            "actions_enabled": true,
            "alarm_actions": [
              "arn:aws:sns:us-east-1:000000000000:secure-s3-infrastructure-synthtrainr902-security-alerts"
            ],
            "alarm_description": "This metric monitors unauthorized S3 access attempts",
            "alarm_name": "secure-s3-infrastructure-synthtrainr902-unauthorized-s3-access",
            "arn": "arn:aws:cloudwatch:us-east-1:000000000000:alarm:secure-s3-infrastructure-synthtrainr902-unauthorized-s3-access",
            "comparison_operator": "GreaterThanThreshold",
            "datapoints_to_alarm": 0,
            "dimensions": {
              "LogGroupName": "/aws/cloudtrail/secure-s3-infrastructure-synthtrainr902"
            },
            "evaluate_low_sample_count_percentiles": "",
            "evaluation_periods": 2,
            "extended_statistic": "",
            "id": "secure-s3-infrastructure-synthtrainr902-unauthorized-s3-access",
            "insufficient_data_actions": [],
            "metric_name": "ErrorCount",
            "metric_query": [],
            "namespace": "CloudWatchLogs",
            "ok_actions": [],
            "period": 300,
            "region": "us-east-1",
            "statistic": "Sum",
            "tags": {
              "Environment": "production",
              "EnvironmentSuffix": "synthtrainr902",
              "ManagedBy": "terraform",
              "Name": "secure-s3-infrastructure-synthtrainr902-unauthorized-access-alarm",
              "Project": "secure-s3-infrastructure"
            },
            "tags_all": {
              "Environment": "production",
              "EnvironmentSuffix": "synthtrainr902",
              "ManagedBy": "terraform",
              "Name": "secure-s3-infrastructure-synthtrainr902-unauthorized-access-alarm",
              "Project": "secure-s3-infrastructure"
            },
            "threshold": 0,
            "threshold_metric_id": "",
            "treat_missing_data": "missing",
            "unit": ""
          },
          "sensitive_attributes": [],
          "private": "eyJzY2hlbWFfdmVyc2lvbiI6IjEifQ==",
          "dependencies": [
            "aws_cloudwatch_log_group.cloudtrail_log_group",
            "aws_kms_key.s3_encryption_key",
            "aws_sns_topic.security_alerts",
            "data.aws_caller_identity.current"
          ]
        }
      ]
    },
    {
      "mode": "managed",
      "type": "aws_iam_role",
      "name": "cloudtrail_role",
      "provider": "provider[\"registry.terraform.io/hashicorp/aws\"]",
      "instances": [
        {
          "schema_version": 0,
          "attributes": {
            "arn": "arn:aws:iam::000000000000:role/secure-s3-infrastructure-synthtrainr902-cloudtrail-role",
            "assume_role_policy": "{\"Statement\":[{\"Action\":\"sts:AssumeRole\",\"Effect\":\"Allow\",\"Principal\":{\"Service\":\"cloudtrail.amazonaws.com\"}}],\"Version\":\"2012-10-17\"}",
            "create_date": "2025-12-25T02:42:34Z",
            "description": "",
            "force_detach_policies": false,
            "id": "secure-s3-infrastructure-synthtrainr902-cloudtrail-role",
            "inline_policy": [
              {
                "name": "secure-s3-infrastructure-synthtrainr902-cloudtrail-logs-policy",
                "policy": "{\"Version\":\"2012-10-17\",\"Statement\":[{\"Action\":[\"logs:CreateLogGroup\",\"logs:CreateLogStream\",\"logs:PutLogEvents\",\"logs:DescribeLogStreams\"],\"Effect\":\"Allow\",\"Resource\":\"arn:aws:logs:us-east-1:000000000000:log-group:/aws/cloudtrail/secure-s3-infrastructure-synthtrainr902:*\"}]}"
              }
            ],
            "managed_policy_arns": [],
            "max_session_duration": 3600,
            "name": "secure-s3-infrastructure-synthtrainr902-cloudtrail-role",
            "name_prefix": "",
            "path": "/",
            "permissions_boundary": "",
            "tags": {
              "Environment": "production",
              "EnvironmentSuffix": "synthtrainr902",
              "ManagedBy": "terraform",
              "Name": "secure-s3-infrastructure-synthtrainr902-cloudtrail-role",
              "Project": "secure-s3-infrastructure"
            },
            "tags_all": {
              "Environment": "production",
              "EnvironmentSuffix": "synthtrainr902",
              "ManagedBy": "terraform",
              "Name": "secure-s3-infrastructure-synthtrainr902-cloudtrail-role",
              "Project": "secure-s3-infrastructure"
            },
            "unique_id": "AROAQAAAAAAAGSCPYJKBN"
          },
          "sensitive_attributes": [],
          "private": "bnVsbA=="
        }
      ]
    },
    {
      "mode": "managed",
      "type": "aws_iam_role",
      "name": "replication_role",
      "provider": "provider[\"registry.terraform.io/hashicorp/aws\"]",
      "instances": [
        {
          "schema_version": 0,
          "attributes": {
            "arn": "arn:aws:iam::000000000000:role/secure-s3-infrastructure-synthtrainr902-s3-replication-role",
            "assume_role_policy": "{\"Statement\":[{\"Action\":\"sts:AssumeRole\",\"Effect\":\"Allow\",\"Principal\":{\"Service\":\"s3.amazonaws.com\"}}],\"Version\":\"2012-10-17\"}",
            "create_date": "2025-12-25T02:42:34Z",
            "description": "",
            "force_detach_policies": false,
            "id": "secure-s3-infrastructure-synthtrainr902-s3-replication-role",
            "inline_policy": [
              {
                "name": "secure-s3-infrastructure-synthtrainr902-s3-replication-policy",
                "policy": "{\"Version\":\"2012-10-17\",\"Statement\":[{\"Action\":[\"s3:GetReplicationConfiguration\",\"s3:ListBucket\"],\"Effect\":\"Allow\",\"Resource\":\"arn:aws:s3:::secure-audit-bucket-trainr902-synthtrainr902\"},{\"Action\":[\"s3:GetObjectVersionForReplication\",\"s3:GetObjectVersionAcl\",\"s3:GetObjectVersionTagging\"],\"Effect\":\"Allow\",\"Resource\":\"arn:aws:s3:::secure-audit-bucket-trainr902-synthtrainr902/*\"},{\"Action\":[\"s3:ReplicateObject\",\"s3:ReplicateDelete\",\"s3:ReplicateTags\"],\"Effect\":\"Allow\",\"Resource\":\"arn:aws:s3:::secure-audit-bucket-trainr902-synthtrainr902-replica/*\"},{\"Action\":[\"kms:Decrypt\",\"kms:GenerateDataKey\"],\"Effect\":\"Allow\",\"Resource\":[\"arn:aws:kms:us-east-1:000000000000:key/9ba818bb-536d-467e-8e99-fb1168996240\",\"arn:aws:kms:us-east-1:000000000000:key/b2332a83-b152-4022-8ad3-950c8f0f7521\"]}]}"
              }
            ],
            "managed_policy_arns": [],
            "max_session_duration": 3600,
            "name": "secure-s3-infrastructure-synthtrainr902-s3-replication-role",
            "name_prefix": "",
            "path": "/",
            "permissions_boundary": "",
            "tags": {
              "Environment": "production",
              "EnvironmentSuffix": "synthtrainr902",
              "ManagedBy": "terraform",
              "Name": "secure-s3-infrastructure-synthtrainr902-s3-replication-role",
              "Project": "secure-s3-infrastructure"
            },
            "tags_all": {
              "Environment": "production",
              "EnvironmentSuffix": "synthtrainr902",
              "ManagedBy": "terraform",
              "Name": "secure-s3-infrastructure-synthtrainr902-s3-replication-role",
              "Project": "secure-s3-infrastructure"
            },
            "unique_id": "AROAQAAAAAAAG2R6VVUGH"
          },
          "sensitive_attributes": [],
          "private": "bnVsbA=="
        }
      ]
    },
    {
      "mode": "managed",
      "type": "aws_iam_role_policy",
      "name": "cloudtrail_logs_policy",
      "provider": "provider[\"registry.terraform.io/hashicorp/aws\"]",
      "instances": [
        {
          "schema_version": 0,
          "attributes": {
            "id": "secure-s3-infrastructure-synthtrainr902-cloudtrail-role:secure-s3-infrastructure-synthtrainr902-cloudtrail-logs-policy",
            "name": "secure-s3-infrastructure-synthtrainr902-cloudtrail-logs-policy",
            "name_prefix": "",
            "policy": "{\"Version\":\"2012-10-17\",\"Statement\":[{\"Action\":[\"logs:CreateLogGroup\",\"logs:CreateLogStream\",\"logs:PutLogEvents\",\"logs:DescribeLogStreams\"],\"Effect\":\"Allow\",\"Resource\":\"arn:aws:logs:us-east-1:000000000000:log-group:/aws/cloudtrail/secure-s3-infrastructure-synthtrainr902:*\"}]}",
            "role": "secure-s3-infrastructure-synthtrainr902-cloudtrail-role"
          },
          "sensitive_attributes": [],
          "private": "bnVsbA==",
          "dependencies": [
            "aws_cloudwatch_log_group.cloudtrail_log_group",
            "aws_iam_role.cloudtrail_role"
          ]
        }
      ]
    },
    {
      "mode": "managed",
      "type": "aws_iam_role_policy",
      "name": "replication_policy",
      "provider": "provider[\"registry.terraform.io/hashicorp/aws\"]",
      "instances": [
        {
          "schema_version": 0,
          "attributes": {
            "id": "secure-s3-infrastructure-synthtrainr902-s3-replication-role:secure-s3-infrastructure-synthtrainr902-s3-replication-policy",
            "name": "secure-s3-infrastructure-synthtrainr902-s3-replication-policy",
            "name_prefix": "",
            "policy": "{\"Version\":\"2012-10-17\",\"Statement\":[{\"Action\":[\"s3:GetReplicationConfiguration\",\"s3:ListBucket\"],\"Effect\":\"Allow\",\"Resource\":\"arn:aws:s3:::secure-audit-bucket-trainr902-synthtrainr902\"},{\"Action\":[\"s3:GetObjectVersionForReplication\",\"s3:GetObjectVersionAcl\",\"s3:GetObjectVersionTagging\"],\"Effect\":\"Allow\",\"Resource\":\"arn:aws:s3:::secure-audit-bucket-trainr902-synthtrainr902/*\"},{\"Action\":[\"s3:ReplicateObject\",\"s3:ReplicateDelete\",\"s3:ReplicateTags\"],\"Effect\":\"Allow\",\"Resource\":\"arn:aws:s3:::secure-audit-bucket-trainr902-synthtrainr902-replica/*\"},{\"Action\":[\"kms:Decrypt\",\"kms:GenerateDataKey\"],\"Effect\":\"Allow\",\"Resource\":[\"arn:aws:kms:us-east-1:000000000000:key/9ba818bb-536d-467e-8e99-fb1168996240\",\"arn:aws:kms:us-east-1:000000000000:key/b2332a83-b152-4022-8ad3-950c8f0f7521\"]}]}",
            "role": "secure-s3-infrastructure-synthtrainr902-s3-replication-role"
          },
          "sensitive_attributes": [],
          "private": "bnVsbA==",
          "dependencies": [
            "aws_iam_role.replication_role",
            "aws_kms_key.replica_encryption_key",
            "aws_kms_key.s3_encryption_key",
            "aws_s3_bucket.replica_bucket",
            "aws_s3_bucket.secure_bucket",
            "data.aws_caller_identity.current"
          ]
        }
      ]
    },
    {
      "mode": "managed",
      "type": "aws_kms_alias",
      "name": "replica_encryption_key_alias",
      "provider": "provider[\"registry.terraform.io/hashicorp/aws\"].replica",
      "instances": [
        {
          "schema_version": 0,
          "attributes": {
            "arn": "arn:aws:kms:us-east-1:000000000000:alias/secure-s3-infrastructure-synthtrainr902-replica-key",
            "id": "alias/secure-s3-infrastructure-synthtrainr902-replica-key",
            "name": "alias/secure-s3-infrastructure-synthtrainr902-replica-key",
            "name_prefix": "",
            "region": "us-east-1",
            "target_key_arn": "arn:aws:kms:us-east-1:000000000000:key/b2332a83-b152-4022-8ad3-950c8f0f7521",
            "target_key_id": "b2332a83-b152-4022-8ad3-950c8f0f7521"
          },
          "sensitive_attributes": [],
          "private": "bnVsbA==",
          "dependencies": [
            "aws_kms_key.replica_encryption_key",
            "data.aws_caller_identity.current"
          ]
        }
      ]
    },
    {
      "mode": "managed",
      "type": "aws_kms_alias",
      "name": "s3_encryption_key_alias",
      "provider": "provider[\"registry.terraform.io/hashicorp/aws\"]",
      "instances": [
        {
          "schema_version": 0,
          "attributes": {
            "arn": "arn:aws:kms:us-east-1:000000000000:alias/secure-s3-infrastructure-synthtrainr902-s3-key",
            "id": "alias/secure-s3-infrastructure-synthtrainr902-s3-key",
            "name": "alias/secure-s3-infrastructure-synthtrainr902-s3-key",
            "name_prefix": "",
            "region": "us-east-1",
            "target_key_arn": "arn:aws:kms:us-east-1:000000000000:key/9ba818bb-536d-467e-8e99-fb1168996240",
            "target_key_id": "9ba818bb-536d-467e-8e99-fb1168996240"
          },
          "sensitive_attributes": [],
          "private": "bnVsbA==",
          "dependencies": [
            "aws_kms_key.s3_encryption_key",
            "data.aws_caller_identity.current"
          ]
        }
      ]
    },
    {
      "mode": "managed",
      "type": "aws_kms_key",
      "name": "replica_encryption_key",
      "provider": "provider[\"registry.terraform.io/hashicorp/aws\"].replica",
      "instances": [
        {
          "schema_version": 0,
          "attributes": {
            "arn": "arn:aws:kms:us-east-1:000000000000:key/b2332a83-b152-4022-8ad3-950c8f0f7521",
            "bypass_policy_lockout_safety_check": false,
            "custom_key_store_id": "",
            "customer_master_key_spec": "SYMMETRIC_DEFAULT",
            "deletion_window_in_days": 7,
            "description": "KMS key for S3 replica bucket encryption - synthtrainr902",
            "enable_key_rotation": true,
            "id": "b2332a83-b152-4022-8ad3-950c8f0f7521",
            "is_enabled": true,
            "key_id": "b2332a83-b152-4022-8ad3-950c8f0f7521",
            "key_usage": "ENCRYPT_DECRYPT",
            "multi_region": false,
            "policy": "{\"Statement\":[{\"Action\":\"kms:*\",\"Effect\":\"Allow\",\"Principal\":{\"AWS\":\"arn:aws:iam::000000000000:root\"},\"Resource\":\"*\",\"Sid\":\"Enable IAM User Permissions\"},{\"Action\":[\"kms:Decrypt\",\"kms:GenerateDataKey*\",\"kms:ReEncrypt*\",\"kms:CreateGrant\",\"kms:DescribeKey\"],\"Condition\":{\"StringEquals\":{\"kms:ViaService\":\"s3.us-east-1.amazonaws.com\"}},\"Effect\":\"Allow\",\"Principal\":{\"Service\":\"s3.amazonaws.com\"},\"Resource\":\"*\",\"Sid\":\"Allow S3 Service\"}],\"Version\":\"2012-10-17\"}",
            "region": "us-east-1",
            "rotation_period_in_days": 365,
            "tags": {
              "Environment": "production",
              "EnvironmentSuffix": "synthtrainr902",
              "ManagedBy": "terraform",
              "Name": "secure-s3-infrastructure-synthtrainr902-replica-encryption-key",
              "Purpose": "S3-Replica-Encryption"
            },
            "tags_all": {
              "Environment": "production",
              "EnvironmentSuffix": "synthtrainr902",
              "ManagedBy": "terraform",
              "Name": "secure-s3-infrastructure-synthtrainr902-replica-encryption-key",
              "Purpose": "S3-Replica-Encryption"
            },
            "timeouts": null,
            "xks_key_id": ""
          },
          "sensitive_attributes": [],
          "private": "eyJlMmJmYjczMC1lY2FhLTExZTYtOGY4OC0zNDM2M2JjN2M0YzAiOnsiY3JlYXRlIjoxMjAwMDAwMDAwMDB9fQ==",
          "dependencies": [
            "data.aws_caller_identity.current"
          ]
        }
      ]
    },
    {
      "mode": "managed",
      "type": "aws_kms_key",
      "name": "s3_encryption_key",
      "provider": "provider[\"registry.terraform.io/hashicorp/aws\"]",
      "instances": [
        {
          "schema_version": 0,
          "attributes": {
            "arn": "arn:aws:kms:us-east-1:000000000000:key/9ba818bb-536d-467e-8e99-fb1168996240",
            "bypass_policy_lockout_safety_check": false,
            "custom_key_store_id": "",
            "customer_master_key_spec": "SYMMETRIC_DEFAULT",
            "deletion_window_in_days": 7,
            "description": "KMS key for S3 bucket encryption - synthtrainr902",
            "enable_key_rotation": true,
            "id": "9ba818bb-536d-467e-8e99-fb1168996240",
            "is_enabled": true,
            "key_id": "9ba818bb-536d-467e-8e99-fb1168996240",
            "key_usage": "ENCRYPT_DECRYPT",
            "multi_region": false,
            "policy": "{\"Statement\":[{\"Action\":\"kms:*\",\"Effect\":\"Allow\",\"Principal\":{\"AWS\":\"arn:aws:iam::000000000000:root\"},\"Resource\":\"*\",\"Sid\":\"Enable IAM User Permissions\"},{\"Action\":[\"kms:Decrypt\",\"kms:GenerateDataKey*\",\"kms:ReEncrypt*\",\"kms:CreateGrant\",\"kms:DescribeKey\"],\"Condition\":{\"StringEquals\":{\"kms:ViaService\":\"s3.us-west-2.amazonaws.com\"}},\"Effect\":\"Allow\",\"Principal\":{\"Service\":\"s3.amazonaws.com\"},\"Resource\":\"*\",\"Sid\":\"Allow S3 Service\"},{\"Action\":[\"kms:Decrypt\",\"kms:GenerateDataKey*\",\"kms:ReEncrypt*\",\"kms:CreateGrant\",\"kms:DescribeKey\"],\"Effect\":\"Allow\",\"Principal\":{\"Service\":\"cloudtrail.amazonaws.com\"},\"Resource\":\"*\",\"Sid\":\"Allow CloudTrail Service\"},{\"Action\":[\"kms:Encrypt*\",\"kms:Decrypt*\",\"kms:ReEncrypt*\",\"kms:GenerateDataKey*\",\"kms:CreateGrant\",\"kms:DescribeKey\"],\"Condition\":{\"ArnLike\":{\"kms:EncryptionContext:aws:logs:arn\":\"arn:aws:logs:us-west-2:000000000000:log-group:/aws/cloudtrail/secure-s3-infrastructure-synthtrainr902\"}},\"Effect\":\"Allow\",\"Principal\":{\"Service\":\"logs.us-west-2.amazonaws.com\"},\"Resource\":\"*\",\"Sid\":\"Allow CloudWatch Logs\"}],\"Version\":\"2012-10-17\"}",
            "region": "us-east-1",
            "rotation_period_in_days": 365,
            "tags": {
              "Environment": "production",
              "EnvironmentSuffix": "synthtrainr902",
              "ManagedBy": "terraform",
              "Name": "secure-s3-infrastructure-synthtrainr902-s3-encryption-key",
              "Purpose": "S3-KMS-Encryption"
            },
            "tags_all": {
              "Environment": "production",
              "EnvironmentSuffix": "synthtrainr902",
              "ManagedBy": "terraform",
              "Name": "secure-s3-infrastructure-synthtrainr902-s3-encryption-key",
              "Purpose": "S3-KMS-Encryption"
            },
            "timeouts": null,
            "xks_key_id": ""
          },
          "sensitive_attributes": [],
          "private": "eyJlMmJmYjczMC1lY2FhLTExZTYtOGY4OC0zNDM2M2JjN2M0YzAiOnsiY3JlYXRlIjoxMjAwMDAwMDAwMDB9fQ==",
          "dependencies": [
            "data.aws_caller_identity.current"
          ]
        }
      ]
    },
    {
      "mode": "managed",
      "type": "aws_s3_bucket",
      "name": "cloudtrail_logs",
      "provider": "provider[\"registry.terraform.io/hashicorp/aws\"]",
      "instances": [
        {
          "schema_version": 0,
          "attributes": {
            "acceleration_status": "",
            "acl": null,
            "arn": "arn:aws:s3:::secure-audit-bucket-trainr902-synthtrainr902-cloudtrail-logs",
            "bucket": "secure-audit-bucket-trainr902-synthtrainr902-cloudtrail-logs",
            "bucket_domain_name": "secure-audit-bucket-trainr902-synthtrainr902-cloudtrail-logs.s3.amazonaws.com",
            "bucket_prefix": "",
            "bucket_region": "us-east-1",
            "bucket_regional_domain_name": "secure-audit-bucket-trainr902-synthtrainr902-cloudtrail-logs.s3.us-east-1.amazonaws.com",
            "cors_rule": [],
            "force_destroy": true,
            "grant": [
              {
                "id": "75aa57f09aa0c8caeab4f8c24e99d10f8e7faeebf76c078efc7c6caea54ba06a",
                "permissions": [
                  "FULL_CONTROL"
                ],
                "type": "CanonicalUser",
                "uri": ""
              }
            ],
            "hosted_zone_id": "Z3AQBSTGFYJSTF",
            "id": "secure-audit-bucket-trainr902-synthtrainr902-cloudtrail-logs",
            "lifecycle_rule": [],
            "logging": [],
            "object_lock_configuration": [],
            "object_lock_enabled": false,
            "policy": "{\"Statement\":[{\"Action\":\"s3:GetBucketAcl\",\"Effect\":\"Allow\",\"Principal\":{\"Service\":\"cloudtrail.amazonaws.com\"},\"Resource\":\"arn:aws:s3:::secure-audit-bucket-trainr902-synthtrainr902-cloudtrail-logs\",\"Sid\":\"AWSCloudTrailAclCheck\"},{\"Action\":\"s3:PutObject\",\"Condition\":{\"StringEquals\":{\"s3:x-amz-acl\":\"bucket-owner-full-control\"}},\"Effect\":\"Allow\",\"Principal\":{\"Service\":\"cloudtrail.amazonaws.com\"},\"Resource\":\"arn:aws:s3:::secure-audit-bucket-trainr902-synthtrainr902-cloudtrail-logs/*\",\"Sid\":\"AWSCloudTrailWrite\"}],\"Version\":\"2012-10-17\"}",
            "region": "us-east-1",
            "replication_configuration": [],
            "request_payer": "BucketOwner",
            "server_side_encryption_configuration": [
              {
                "rule": [
                  {
                    "apply_server_side_encryption_by_default": [
                      {
                        "kms_master_key_id": "",
                        "sse_algorithm": "AES256"
                      }
                    ],
                    "bucket_key_enabled": false
                  }
                ]
              }
            ],
            "tags": {
              "Environment": "production",
              "EnvironmentSuffix": "synthtrainr902",
              "ManagedBy": "terraform",
              "Name": "secure-audit-bucket-trainr902-synthtrainr902-cloudtrail-logs",
              "Project": "secure-s3-infrastructure",
              "Purpose": "CloudTrail-Logs"
            },
            "tags_all": {
              "Environment": "production",
              "EnvironmentSuffix": "synthtrainr902",
              "ManagedBy": "terraform",
              "Name": "secure-audit-bucket-trainr902-synthtrainr902-cloudtrail-logs",
              "Project": "secure-s3-infrastructure",
              "Purpose": "CloudTrail-Logs"
            },
            "timeouts": null,
            "versioning": [
              {
                "enabled": false,
                "mfa_delete": false
              }
            ],
            "website": [],
            "website_domain": null,
            "website_endpoint": null
          },
          "sensitive_attributes": [],
          "private": "eyJlMmJmYjczMC1lY2FhLTExZTYtOGY4OC0zNDM2M2JjN2M0YzAiOnsiY3JlYXRlIjoxMjAwMDAwMDAwMDAwLCJkZWxldGUiOjM2MDAwMDAwMDAwMDAsInJlYWQiOjEyMDAwMDAwMDAwMDAsInVwZGF0ZSI6MTIwMDAwMDAwMDAwMH19"
        }
      ]
    },
    {
      "mode": "managed",
      "type": "aws_s3_bucket",
      "name": "replica_bucket",
      "provider": "provider[\"registry.terraform.io/hashicorp/aws\"].replica",
      "instances": [
        {
          "schema_version": 0,
          "attributes": {
            "acceleration_status": "",
            "acl": null,
            "arn": "arn:aws:s3:::secure-audit-bucket-trainr902-synthtrainr902-replica",
            "bucket": "secure-audit-bucket-trainr902-synthtrainr902-replica",
            "bucket_domain_name": "secure-audit-bucket-trainr902-synthtrainr902-replica.s3.amazonaws.com",
            "bucket_prefix": "",
            "bucket_region": "us-east-1",
            "bucket_regional_domain_name": "secure-audit-bucket-trainr902-synthtrainr902-replica.s3.us-east-1.amazonaws.com",
            "cors_rule": [],
            "force_destroy": true,
            "grant": [
              {
                "id": "75aa57f09aa0c8caeab4f8c24e99d10f8e7faeebf76c078efc7c6caea54ba06a",
                "permissions": [
                  "FULL_CONTROL"
                ],
                "type": "CanonicalUser",
                "uri": ""
              }
            ],
            "hosted_zone_id": "Z3AQBSTGFYJSTF",
            "id": "secure-audit-bucket-trainr902-synthtrainr902-replica",
            "lifecycle_rule": [],
            "logging": [],
            "object_lock_configuration": [],
            "object_lock_enabled": false,
            "policy": "",
            "region": "us-east-1",
            "replication_configuration": [],
            "request_payer": "BucketOwner",
            "server_side_encryption_configuration": [
              {
                "rule": [
                  {
                    "apply_server_side_encryption_by_default": [
                      {
                        "kms_master_key_id": "",
                        "sse_algorithm": "AES256"
                      }
                    ],
                    "bucket_key_enabled": false
                  }
                ]
              }
            ],
            "tags": {
              "Environment": "production",
              "EnvironmentSuffix": "synthtrainr902",
              "ManagedBy": "terraform",
              "Name": "secure-audit-bucket-trainr902-synthtrainr902-replica",
              "Project": "secure-s3-infrastructure",
              "Purpose": "Cross-Region-Replica"
            },
            "tags_all": {
              "Environment": "production",
              "EnvironmentSuffix": "synthtrainr902",
              "ManagedBy": "terraform",
              "Name": "secure-audit-bucket-trainr902-synthtrainr902-replica",
              "Project": "secure-s3-infrastructure",
              "Purpose": "Cross-Region-Replica"
            },
            "timeouts": null,
            "versioning": [
              {
                "enabled": true,
                "mfa_delete": false
              }
            ],
            "website": [],
            "website_domain": null,
            "website_endpoint": null
          },
          "sensitive_attributes": [],
          "private": "eyJlMmJmYjczMC1lY2FhLTExZTYtOGY4OC0zNDM2M2JjN2M0YzAiOnsiY3JlYXRlIjoxMjAwMDAwMDAwMDAwLCJkZWxldGUiOjM2MDAwMDAwMDAwMDAsInJlYWQiOjEyMDAwMDAwMDAwMDAsInVwZGF0ZSI6MTIwMDAwMDAwMDAwMH19"
        }
      ]
    },
    {
      "mode": "managed",
      "type": "aws_s3_bucket",
      "name": "secure_bucket",
      "provider": "provider[\"registry.terraform.io/hashicorp/aws\"]",
      "instances": [
        {
          "schema_version": 0,
          "attributes": {
            "acceleration_status": "",
            "acl": null,
            "arn": "arn:aws:s3:::secure-audit-bucket-trainr902-synthtrainr902",
            "bucket": "secure-audit-bucket-trainr902-synthtrainr902",
            "bucket_domain_name": "secure-audit-bucket-trainr902-synthtrainr902.s3.amazonaws.com",
            "bucket_prefix": "",
            "bucket_region": "us-east-1",
            "bucket_regional_domain_name": "secure-audit-bucket-trainr902-synthtrainr902.s3.us-east-1.amazonaws.com",
            "cors_rule": [],
            "force_destroy": true,
            "grant": [
              {
                "id": "75aa57f09aa0c8caeab4f8c24e99d10f8e7faeebf76c078efc7c6caea54ba06a",
                "permissions": [
                  "FULL_CONTROL"
                ],
                "type": "CanonicalUser",
                "uri": ""
              }
            ],
            "hosted_zone_id": "Z3AQBSTGFYJSTF",
            "id": "secure-audit-bucket-trainr902-synthtrainr902",
            "lifecycle_rule": [
              {
                "abort_incomplete_multipart_upload_days": 7,
                "enabled": true,
                "expiration": [
                  {
                    "date": "",
                    "days": 2555,
                    "expired_object_delete_marker": false
                  }
                ],
                "id": "comprehensive_lifecycle_rule",
                "noncurrent_version_expiration": [
                  {
                    "days": 2555
                  }
                ],
                "noncurrent_version_transition": [
                  {
                    "days": 180,
                    "storage_class": "DEEP_ARCHIVE"
                  },
                  {
                    "days": 30,
                    "storage_class": "INTELLIGENT_TIERING"
                  },
                  {
                    "days": 90,
                    "storage_class": "GLACIER"
                  }
                ],
                "prefix": "",
                "tags": {},
                "transition": [
                  {
                    "date": "",
                    "days": 180,
                    "storage_class": "DEEP_ARCHIVE"
                  },
                  {
                    "date": "",
                    "days": 30,
                    "storage_class": "INTELLIGENT_TIERING"
                  },
                  {
                    "date": "",
                    "days": 90,
                    "storage_class": "GLACIER"
                  }
                ]
              }
            ],
            "logging": [],
            "object_lock_configuration": [],
            "object_lock_enabled": false,
            "policy": "{\"Statement\":[{\"Action\":\"s3:*\",\"Condition\":{\"Bool\":{\"aws:SecureTransport\":\"false\"}},\"Effect\":\"Deny\",\"Principal\":\"*\",\"Resource\":[\"arn:aws:s3:::secure-audit-bucket-trainr902-synthtrainr902\",\"arn:aws:s3:::secure-audit-bucket-trainr902-synthtrainr902/*\"],\"Sid\":\"DenyInsecureConnections\"},{\"Action\":\"s3:PutObject\",\"Condition\":{\"StringNotEquals\":{\"s3:x-amz-server-side-encryption\":\"aws:kms:dsse\"}},\"Effect\":\"Deny\",\"Principal\":\"*\",\"Resource\":\"arn:aws:s3:::secure-audit-bucket-trainr902-synthtrainr902/*\",\"Sid\":\"DenyUnencryptedUploads\"}],\"Version\":\"2012-10-17\"}",
            "region": "us-east-1",
            "replication_configuration": [
              {
                "role": "arn:aws:iam::000000000000:role/secure-s3-infrastructure-synthtrainr902-s3-replication-role",
                "rules": [
                  {
                    "delete_marker_replication_status": "Enabled",
                    "destination": [
                      {
                        "access_control_translation": [],
                        "account_id": "",
                        "bucket": "arn:aws:s3:::secure-audit-bucket-trainr902-synthtrainr902-replica",
                        "metrics": [],
                        "replica_kms_key_id": "arn:aws:kms:us-east-1:000000000000:key/b2332a83-b152-4022-8ad3-950c8f0f7521",
                        "replication_time": [],
                        "storage_class": "STANDARD"
                      }
                    ],
                    "filter": [
                      {
                        "prefix": null,
                        "tags": null
                      }
                    ],
                    "id": "replicate-all-objects",
                    "prefix": "",
                    "priority": 0,
                    "source_selection_criteria": [
                      {
                        "sse_kms_encrypted_objects": [
                          {
                            "enabled": true
                          }
                        ]
                      }
                    ],
                    "status": "Enabled"
                  }
                ]
              }
            ],
            "request_payer": "BucketOwner",
            "server_side_encryption_configuration": [
              {
                "rule": [
                  {
                    "apply_server_side_encryption_by_default": [
                      {
                        "kms_master_key_id": "",
                        "sse_algorithm": "AES256"
                      }
                    ],
                    "bucket_key_enabled": false
                  }
                ]
              }
            ],
            "tags": {
              "Compliance": "High-Security",
              "Environment": "production",
              "EnvironmentSuffix": "synthtrainr902",
              "ManagedBy": "terraform",
              "Name": "secure-audit-bucket-trainr902-synthtrainr902",
              "Project": "secure-s3-infrastructure",
              "Purpose": "Secure-Auditable-Storage"
            },
            "tags_all": {
              "Compliance": "High-Security",
              "Environment": "production",
              "EnvironmentSuffix": "synthtrainr902",
              "ManagedBy": "terraform",
              "Name": "secure-audit-bucket-trainr902-synthtrainr902",
              "Project": "secure-s3-infrastructure",
              "Purpose": "Secure-Auditable-Storage"
            },
            "timeouts": null,
            "versioning": [
              {
                "enabled": true,
                "mfa_delete": false
              }
            ],
            "website": [],
            "website_domain": null,
            "website_endpoint": null
          },
          "sensitive_attributes": [],
          "private": "eyJlMmJmYjczMC1lY2FhLTExZTYtOGY4OC0zNDM2M2JjN2M0YzAiOnsiY3JlYXRlIjoxMjAwMDAwMDAwMDAwLCJkZWxldGUiOjM2MDAwMDAwMDAwMDAsInJlYWQiOjEyMDAwMDAwMDAwMDAsInVwZGF0ZSI6MTIwMDAwMDAwMDAwMH19"
        }
      ]
    },
    {
      "mode": "managed",
      "type": "aws_s3_bucket_lifecycle_configuration",
      "name": "secure_bucket_lifecycle",
      "provider": "provider[\"registry.terraform.io/hashicorp/aws\"]",
      "instances": [
        {
          "schema_version": 1,
          "attributes": {
            "bucket": "secure-audit-bucket-trainr902-synthtrainr902",
            "expected_bucket_owner": "",
            "id": "secure-audit-bucket-trainr902-synthtrainr902",
            "region": "us-east-1",
            "rule": [
              {
                "abort_incomplete_multipart_upload": [
                  {
                    "days_after_initiation": 7
                  }
                ],
                "expiration": [
                  {
                    "date": null,
                    "days": 2555,
                    "expired_object_delete_marker": false
                  }
                ],
                "filter": [
                  {
                    "and": [],
                    "object_size_greater_than": null,
                    "object_size_less_than": null,
                    "prefix": "",
                    "tag": []
                  }
                ],
                "id": "comprehensive_lifecycle_rule",
                "noncurrent_version_expiration": [
                  {
                    "newer_noncurrent_versions": null,
                    "noncurrent_days": 2555
                  }
                ],
                "noncurrent_version_transition": [
                  {
                    "newer_noncurrent_versions": null,
                    "noncurrent_days": 180,
                    "storage_class": "DEEP_ARCHIVE"
                  },
                  {
                    "newer_noncurrent_versions": null,
                    "noncurrent_days": 30,
                    "storage_class": "INTELLIGENT_TIERING"
                  },
                  {
                    "newer_noncurrent_versions": null,
                    "noncurrent_days": 90,
                    "storage_class": "GLACIER"
                  }
                ],
                "prefix": "",
                "status": "Enabled",
                "transition": [
                  {
                    "date": null,
                    "days": 180,
                    "storage_class": "DEEP_ARCHIVE"
                  },
                  {
                    "date": null,
                    "days": 30,
                    "storage_class": "INTELLIGENT_TIERING"
                  },
                  {
                    "date": null,
                    "days": 90,
                    "storage_class": "GLACIER"
                  }
                ]
              }
            ],
            "timeouts": null,
            "transition_default_minimum_object_size": "all_storage_classes_128K"
          },
          "sensitive_attributes": [],
          "dependencies": [
            "aws_s3_bucket.secure_bucket"
          ]
        }
      ]
    },
    {
      "mode": "managed",
      "type": "aws_s3_bucket_policy",
      "name": "cloudtrail_logs_policy",
      "provider": "provider[\"registry.terraform.io/hashicorp/aws\"]",
      "instances": [
        {
          "schema_version": 0,
          "attributes": {
            "bucket": "secure-audit-bucket-trainr902-synthtrainr902-cloudtrail-logs",
            "id": "secure-audit-bucket-trainr902-synthtrainr902-cloudtrail-logs",
            "policy": "{\"Statement\":[{\"Action\":\"s3:GetBucketAcl\",\"Effect\":\"Allow\",\"Principal\":{\"Service\":\"cloudtrail.amazonaws.com\"},\"Resource\":\"arn:aws:s3:::secure-audit-bucket-trainr902-synthtrainr902-cloudtrail-logs\",\"Sid\":\"AWSCloudTrailAclCheck\"},{\"Action\":\"s3:PutObject\",\"Condition\":{\"StringEquals\":{\"s3:x-amz-acl\":\"bucket-owner-full-control\"}},\"Effect\":\"Allow\",\"Principal\":{\"Service\":\"cloudtrail.amazonaws.com\"},\"Resource\":\"arn:aws:s3:::secure-audit-bucket-trainr902-synthtrainr902-cloudtrail-logs/*\",\"Sid\":\"AWSCloudTrailWrite\"}],\"Version\":\"2012-10-17\"}",
            "region": "us-east-1"
          },
          "sensitive_attributes": [],
          "private": "bnVsbA==",
          "dependencies": [
            "aws_s3_bucket.cloudtrail_logs",
            "aws_s3_bucket_public_access_block.cloudtrail_logs_pab"
          ]
        }
      ]
    },
    {
      "mode": "managed",
      "type": "aws_s3_bucket_policy",
      "name": "secure_bucket_policy",
      "provider": "provider[\"registry.terraform.io/hashicorp/aws\"]",
      "instances": [
        {
          "schema_version": 0,
          "attributes": {
            "bucket": "secure-audit-bucket-trainr902-synthtrainr902",
            "id": "secure-audit-bucket-trainr902-synthtrainr902",
            "policy": "{\"Statement\":[{\"Action\":\"s3:*\",\"Condition\":{\"Bool\":{\"aws:SecureTransport\":\"false\"}},\"Effect\":\"Deny\",\"Principal\":\"*\",\"Resource\":[\"arn:aws:s3:::secure-audit-bucket-trainr902-synthtrainr902\",\"arn:aws:s3:::secure-audit-bucket-trainr902-synthtrainr902/*\"],\"Sid\":\"DenyInsecureConnections\"},{\"Action\":\"s3:PutObject\",\"Condition\":{\"StringNotEquals\":{\"s3:x-amz-server-side-encryption\":\"aws:kms\"}},\"Effect\":\"Deny\",\"Principal\":\"*\",\"Resource\":\"arn:aws:s3:::secure-audit-bucket-trainr902-synthtrainr902/*\",\"Sid\":\"DenyUnencryptedUploads\"}],\"Version\":\"2012-10-17\"}",
            "region": "us-east-1"
          },
          "sensitive_attributes": [],
          "private": "bnVsbA==",
          "dependencies": [
            "aws_s3_bucket.secure_bucket",
            "aws_s3_bucket_public_access_block.secure_bucket_pab"
          ]
        }
      ]
    },
    {
      "mode": "managed",
      "type": "aws_s3_bucket_public_access_block",
      "name": "cloudtrail_logs_pab",
      "provider": "provider[\"registry.terraform.io/hashicorp/aws\"]",
      "instances": [
        {
          "schema_version": 0,
          "attributes": {
            "block_public_acls": true,
            "block_public_policy": true,
            "bucket": "secure-audit-bucket-trainr902-synthtrainr902-cloudtrail-logs",
            "id": "secure-audit-bucket-trainr902-synthtrainr902-cloudtrail-logs",
            "ignore_public_acls": true,
            "region": "us-east-1",
            "restrict_public_buckets": true,
            "skip_destroy": null
          },
          "sensitive_attributes": [],
          "private": "bnVsbA==",
          "dependencies": [
            "aws_s3_bucket.cloudtrail_logs"
          ]
        }
      ]
    },
    {
      "mode": "managed",
      "type": "aws_s3_bucket_public_access_block",
      "name": "replica_bucket_pab",
      "provider": "provider[\"registry.terraform.io/hashicorp/aws\"].replica",
      "instances": [
        {
          "schema_version": 0,
          "attributes": {
            "block_public_acls": true,
            "block_public_policy": true,
            "bucket": "secure-audit-bucket-trainr902-synthtrainr902-replica",
            "id": "secure-audit-bucket-trainr902-synthtrainr902-replica",
            "ignore_public_acls": true,
            "region": "us-east-1",
            "restrict_public_buckets": true,
            "skip_destroy": null
          },
          "sensitive_attributes": [],
          "private": "bnVsbA==",
          "dependencies": [
            "aws_s3_bucket.replica_bucket"
          ]
        }
      ]
    },
    {
      "mode": "managed",
      "type": "aws_s3_bucket_public_access_block",
      "name": "secure_bucket_pab",
      "provider": "provider[\"registry.terraform.io/hashicorp/aws\"]",
      "instances": [
        {
          "schema_version": 0,
          "attributes": {
            "block_public_acls": true,
            "block_public_policy": true,
            "bucket": "secure-audit-bucket-trainr902-synthtrainr902",
            "id": "secure-audit-bucket-trainr902-synthtrainr902",
            "ignore_public_acls": true,
            "region": "us-east-1",
            "restrict_public_buckets": true,
            "skip_destroy": null
          },
          "sensitive_attributes": [],
          "private": "bnVsbA==",
          "dependencies": [
            "aws_s3_bucket.secure_bucket"
          ]
        }
      ]
    },
    {
      "mode": "managed",
      "type": "aws_s3_bucket_replication_configuration",
      "name": "replication",
      "provider": "provider[\"registry.terraform.io/hashicorp/aws\"]",
      "instances": [
        {
          "schema_version": 0,
          "attributes": {
            "bucket": "secure-audit-bucket-trainr902-synthtrainr902",
            "id": "secure-audit-bucket-trainr902-synthtrainr902",
            "region": "us-east-1",
            "role": "arn:aws:iam::000000000000:role/secure-s3-infrastructure-synthtrainr902-s3-replication-role",
            "rule": [
              {
                "delete_marker_replication": [
                  {
                    "status": "Enabled"
                  }
                ],
                "destination": [
                  {
                    "access_control_translation": [],
                    "account": "",
                    "bucket": "arn:aws:s3:::secure-audit-bucket-trainr902-synthtrainr902-replica",
                    "encryption_configuration": [
                      {
                        "replica_kms_key_id": "arn:aws:kms:us-east-1:000000000000:key/b2332a83-b152-4022-8ad3-950c8f0f7521"
                      }
                    ],
                    "metrics": [],
                    "replication_time": [],
                    "storage_class": "STANDARD"
                  }
                ],
                "existing_object_replication": [],
                "filter": [
                  {
                    "and": [],
                    "prefix": null,
                    "tag": []
                  }
                ],
                "id": "replicate-all-objects",
                "prefix": "",
                "priority": 0,
                "source_selection_criteria": [
                  {
                    "replica_modifications": [],
                    "sse_kms_encrypted_objects": [
                      {
                        "status": "Enabled"
                      }
                    ]
                  }
                ],
                "status": "Enabled"
              }
            ],
            "token": null
          },
          "sensitive_attributes": [],
          "private": "bnVsbA==",
          "dependencies": [
            "aws_iam_role.replication_role",
            "aws_kms_key.replica_encryption_key",
            "aws_s3_bucket.replica_bucket",
            "aws_s3_bucket.secure_bucket",
            "aws_s3_bucket_versioning.replica_bucket_versioning",
            "aws_s3_bucket_versioning.secure_bucket_versioning",
            "data.aws_caller_identity.current"
          ]
        }
      ]
    },
    {
      "mode": "managed",
      "type": "aws_s3_bucket_server_side_encryption_configuration",
      "name": "replica_bucket_encryption",
      "provider": "provider[\"registry.terraform.io/hashicorp/aws\"].replica",
      "instances": [
        {
          "schema_version": 0,
          "attributes": {
            "bucket": "secure-audit-bucket-trainr902-synthtrainr902-replica",
            "expected_bucket_owner": "",
            "id": "secure-audit-bucket-trainr902-synthtrainr902-replica",
            "region": "us-east-1",
            "rule": [
              {
                "apply_server_side_encryption_by_default": [
                  {
                    "kms_master_key_id": "arn:aws:kms:us-east-1:000000000000:key/b2332a83-b152-4022-8ad3-950c8f0f7521",
                    "sse_algorithm": "aws:kms"
                  }
                ],
                "bucket_key_enabled": true
              }
            ]
          },
          "sensitive_attributes": [],
          "private": "bnVsbA==",
          "dependencies": [
            "aws_kms_key.replica_encryption_key",
            "aws_s3_bucket.replica_bucket",
            "data.aws_caller_identity.current"
          ]
        }
      ]
    },
    {
      "mode": "managed",
      "type": "aws_s3_bucket_server_side_encryption_configuration",
      "name": "secure_bucket_encryption",
      "provider": "provider[\"registry.terraform.io/hashicorp/aws\"]",
      "instances": [
        {
          "schema_version": 0,
          "attributes": {
            "bucket": "secure-audit-bucket-trainr902-synthtrainr902",
            "expected_bucket_owner": "",
            "id": "secure-audit-bucket-trainr902-synthtrainr902",
            "region": "us-west-2",
            "rule": [
              {
                "apply_server_side_encryption_by_default": [
                  {
                    "kms_master_key_id": "arn:aws:kms:us-east-1:000000000000:key/9ba818bb-536d-467e-8e99-fb1168996240",
                    "sse_algorithm": "aws:kms"
                  }
                ],
                "bucket_key_enabled": true
              }
            ]
          },
          "sensitive_attributes": [],
          "private": "bnVsbA==",
          "dependencies": [
            "aws_kms_key.s3_encryption_key",
            "aws_s3_bucket.secure_bucket",
            "data.aws_caller_identity.current"
          ]
        }
      ]
    },
    {
      "mode": "managed",
      "type": "aws_s3_bucket_versioning",
      "name": "replica_bucket_versioning",
      "provider": "provider[\"registry.terraform.io/hashicorp/aws\"].replica",
      "instances": [
        {
          "schema_version": 0,
          "attributes": {
            "bucket": "secure-audit-bucket-trainr902-synthtrainr902-replica",
            "expected_bucket_owner": "",
            "id": "secure-audit-bucket-trainr902-synthtrainr902-replica",
            "mfa": null,
            "region": "us-east-1",
            "versioning_configuration": [
              {
                "mfa_delete": "",
                "status": "Enabled"
              }
            ]
          },
          "sensitive_attributes": [],
          "private": "bnVsbA==",
          "dependencies": [
            "aws_s3_bucket.replica_bucket"
          ]
        }
      ]
    },
    {
      "mode": "managed",
      "type": "aws_s3_bucket_versioning",
      "name": "secure_bucket_versioning",
      "provider": "provider[\"registry.terraform.io/hashicorp/aws\"]",
      "instances": [
        {
          "schema_version": 0,
          "attributes": {
            "bucket": "secure-audit-bucket-trainr902-synthtrainr902",
            "expected_bucket_owner": "",
            "id": "secure-audit-bucket-trainr902-synthtrainr902",
            "mfa": null,
            "region": "us-east-1",
            "versioning_configuration": [
              {
                "mfa_delete": "",
                "status": "Enabled"
              }
            ]
          },
          "sensitive_attributes": [],
          "private": "bnVsbA==",
          "dependencies": [
            "aws_s3_bucket.secure_bucket"
          ]
        }
      ]
    },
    {
      "mode": "managed",
      "type": "aws_sns_topic",
      "name": "security_alerts",
      "provider": "provider[\"registry.terraform.io/hashicorp/aws\"]",
      "instances": [
        {
          "schema_version": 0,
          "attributes": {
            "application_failure_feedback_role_arn": "",
            "application_success_feedback_role_arn": "",
            "application_success_feedback_sample_rate": 0,
            "archive_policy": "",
            "arn": "arn:aws:sns:us-east-1:000000000000:secure-s3-infrastructure-synthtrainr902-security-alerts",
            "beginning_archive_time": "",
            "content_based_deduplication": false,
            "delivery_policy": "",
            "display_name": "",
            "fifo_throughput_scope": "",
            "fifo_topic": false,
            "firehose_failure_feedback_role_arn": "",
            "firehose_success_feedback_role_arn": "",
            "firehose_success_feedback_sample_rate": 0,
            "http_failure_feedback_role_arn": "",
            "http_success_feedback_role_arn": "",
            "http_success_feedback_sample_rate": 0,
            "id": "arn:aws:sns:us-east-1:000000000000:secure-s3-infrastructure-synthtrainr902-security-alerts",
            "kms_master_key_id": "arn:aws:kms:us-east-1:000000000000:key/9ba818bb-536d-467e-8e99-fb1168996240",
            "lambda_failure_feedback_role_arn": "",
            "lambda_success_feedback_role_arn": "",
            "lambda_success_feedback_sample_rate": 0,
            "name": "secure-s3-infrastructure-synthtrainr902-security-alerts",
            "name_prefix": "",
            "owner": "000000000000",
            "policy": "{\"Id\":\"__default_policy_ID\",\"Statement\":[{\"Action\":[\"SNS:GetTopicAttributes\",\"SNS:SetTopicAttributes\",\"SNS:AddPermission\",\"SNS:RemovePermission\",\"SNS:DeleteTopic\",\"SNS:Subscribe\",\"SNS:ListSubscriptionsByTopic\",\"SNS:Publish\"],\"Condition\":{\"StringEquals\":{\"AWS:SourceOwner\":\"000000000000\"}},\"Effect\":\"Allow\",\"Principal\":{\"AWS\":\"*\"},\"Resource\":\"arn:aws:sns:us-east-1:000000000000:secure-s3-infrastructure-synthtrainr902-security-alerts\",\"Sid\":\"__default_statement_ID\"}],\"Version\":\"2008-10-17\"}",
            "region": "us-east-1",
            "signature_version": 0,
            "sqs_failure_feedback_role_arn": "",
            "sqs_success_feedback_role_arn": "",
            "sqs_success_feedback_sample_rate": 0,
            "tags": {
              "Environment": "production",
              "EnvironmentSuffix": "synthtrainr902",
              "ManagedBy": "terraform",
              "Name": "secure-s3-infrastructure-synthtrainr902-security-alerts",
              "Project": "secure-s3-infrastructure"
            },
            "tags_all": {
              "Environment": "production",
              "EnvironmentSuffix": "synthtrainr902",
              "ManagedBy": "terraform",
              "Name": "secure-s3-infrastructure-synthtrainr902-security-alerts",
              "Project": "secure-s3-infrastructure"
            },
            "tracing_config": ""
          },
          "sensitive_attributes": [],
          "private": "bnVsbA==",
          "dependencies": [
            "aws_kms_key.s3_encryption_key",
            "data.aws_caller_identity.current"
          ]
        }
      ]
    }
  ],
  "check_results": null
}
