{
  "version": 4,
  "terraform_version": "1.12.2",
  "serial": 23,
  "lineage": "dbad7313-6fc0-e972-6bc3-880b32482b9e",
  "outputs": {
    "internet_gateway_id": {
      "value": "igw-0e29f58cfc04999bc",
      "type": "string"
    },
    "nat_gateway_id": {
      "value": "nat-0f097c270b5869bad",
      "type": "string"
    },
    "nat_gateway_ip": {
      "value": "34.199.171.236",
      "type": "string"
    },
    "private_subnet_ids": {
      "value": [
        "subnet-03f5d2e658a264b0b",
        "subnet-02a28065bbd0e38c0"
      ],
      "type": [
        "tuple",
        [
          "string",
          "string"
        ]
      ]
    },
    "public_subnet_ids": {
      "value": [
        "subnet-03ab2b05d061412ed",
        "subnet-0b53398cb2d8b6632"
      ],
      "type": [
        "tuple",
        [
          "string",
          "string"
        ]
      ]
    },
    "s3_bucket_arn": {
      "value": "arn:aws:s3:::secure-infrastructure-synthtrainr840-secure-bucket-bee56c1a",
      "type": "string"
    },
    "s3_bucket_name": {
      "value": "secure-infrastructure-synthtrainr840-secure-bucket-bee56c1a",
      "type": "string"
    },
    "s3_vpc_endpoint_id": {
      "value": "vpce-00aefbc2757e710df",
      "type": "string"
    },
    "ssh_security_group_id": {
      "value": "sg-03b8feb8da15495c2",
      "type": "string"
    },
    "vpc_cidr": {
      "value": "10.0.0.0/16",
      "type": "string"
    },
    "vpc_id": {
      "value": "vpc-05b3e01bc048cbfd5",
      "type": "string"
    }
  },
  "resources": [
    {
      "mode": "data",
      "type": "aws_caller_identity",
      "name": "current",
      "provider": "provider[\"registry.terraform.io/hashicorp/aws\"]",
      "instances": [
        {
          "schema_version": 0,
          "attributes": {
            "account_id": "718240086340",
            "arn": "arn:aws:iam::718240086340:user/arpit.p",
            "id": "718240086340",
            "user_id": "AIDA2OOTR7FCIWEAYDUAY"
          },
          "sensitive_attributes": [],
          "identity_schema_version": 0
        }
      ]
    },
    {
      "mode": "data",
      "type": "aws_region",
      "name": "current",
      "provider": "provider[\"registry.terraform.io/hashicorp/aws\"]",
      "instances": [
        {
          "schema_version": 0,
          "attributes": {
            "description": "US East (N. Virginia)",
            "endpoint": "ec2.us-east-1.amazonaws.com",
            "id": "us-east-1",
            "name": "us-east-1"
          },
          "sensitive_attributes": [],
          "identity_schema_version": 0
        }
      ]
    },
    {
      "mode": "managed",
      "type": "aws_eip",
      "name": "nat",
      "provider": "provider[\"registry.terraform.io/hashicorp/aws\"]",
      "instances": [
        {
          "schema_version": 0,
          "attributes": {
            "address": null,
            "allocation_id": "eipalloc-05563cecf249217d2",
            "arn": "arn:aws:ec2:us-east-1:718240086340:elastic-ip/eipalloc-05563cecf249217d2",
            "associate_with_private_ip": null,
            "association_id": "",
            "carrier_ip": "",
            "customer_owned_ip": "",
            "customer_owned_ipv4_pool": "",
            "domain": "vpc",
            "id": "eipalloc-05563cecf249217d2",
            "instance": "",
            "ipam_pool_id": null,
            "network_border_group": "us-east-1",
            "network_interface": "",
            "private_dns": null,
            "private_ip": "",
            "ptr_record": "",
            "public_dns": "ec2-34-199-171-236.compute-1.amazonaws.com",
            "public_ip": "34.199.171.236",
            "public_ipv4_pool": "amazon",
            "tags": {
              "Name": "secure-infrastructure-synthtrainr840-nat-eip"
            },
            "tags_all": {
              "Environment": "Production",
              "EnvironmentSuffix": "synthtrainr840",
              "ManagedBy": "Terraform",
              "Name": "secure-infrastructure-synthtrainr840-nat-eip",
              "Project": "secure-infrastructure"
            },
            "timeouts": null,
            "vpc": true
          },
          "sensitive_attributes": [],
          "identity_schema_version": 0,
          "private": "eyJlMmJmYjczMC1lY2FhLTExZTYtOGY4OC0zNDM2M2JjN2M0YzAiOnsiZGVsZXRlIjoxODAwMDAwMDAwMDAsInJlYWQiOjkwMDAwMDAwMDAwMCwidXBkYXRlIjozMDAwMDAwMDAwMDB9fQ==",
          "dependencies": [
            "aws_internet_gateway.main",
            "aws_vpc.main"
          ]
        }
      ]
    },
    {
      "mode": "managed",
      "type": "aws_internet_gateway",
      "name": "main",
      "provider": "provider[\"registry.terraform.io/hashicorp/aws\"]",
      "instances": [
        {
          "schema_version": 0,
          "attributes": {
            "arn": "arn:aws:ec2:us-east-1:718240086340:internet-gateway/igw-0e29f58cfc04999bc",
            "id": "igw-0e29f58cfc04999bc",
            "owner_id": "718240086340",
            "tags": {
              "Name": "secure-infrastructure-synthtrainr840-igw"
            },
            "tags_all": {
              "Environment": "Production",
              "EnvironmentSuffix": "synthtrainr840",
              "ManagedBy": "Terraform",
              "Name": "secure-infrastructure-synthtrainr840-igw",
              "Project": "secure-infrastructure"
            },
            "timeouts": null,
            "vpc_id": "vpc-05b3e01bc048cbfd5"
          },
          "sensitive_attributes": [],
          "identity_schema_version": 0,
          "private": "eyJlMmJmYjczMC1lY2FhLTExZTYtOGY4OC0zNDM2M2JjN2M0YzAiOnsiY3JlYXRlIjoxMjAwMDAwMDAwMDAwLCJkZWxldGUiOjEyMDAwMDAwMDAwMDAsInVwZGF0ZSI6MTIwMDAwMDAwMDAwMH19",
          "dependencies": [
            "aws_vpc.main"
          ]
        }
      ]
    },
    {
      "mode": "managed",
      "type": "aws_nat_gateway",
      "name": "main",
      "provider": "provider[\"registry.terraform.io/hashicorp/aws\"]",
      "instances": [
        {
          "schema_version": 0,
          "attributes": {
            "allocation_id": "eipalloc-05563cecf249217d2",
            "association_id": "eipassoc-0efddd39d8fb0b591",
            "connectivity_type": "public",
            "id": "nat-0f097c270b5869bad",
            "network_interface_id": "eni-01c5ec2f642ad8e17",
            "private_ip": "10.0.1.39",
            "public_ip": "34.199.171.236",
            "secondary_allocation_ids": null,
            "secondary_private_ip_address_count": 0,
            "secondary_private_ip_addresses": [],
            "subnet_id": "subnet-03ab2b05d061412ed",
            "tags": {
              "Name": "secure-infrastructure-synthtrainr840-nat-gateway"
            },
            "tags_all": {
              "Environment": "Production",
              "EnvironmentSuffix": "synthtrainr840",
              "ManagedBy": "Terraform",
              "Name": "secure-infrastructure-synthtrainr840-nat-gateway",
              "Project": "secure-infrastructure"
            },
            "timeouts": null
          },
          "sensitive_attributes": [],
          "identity_schema_version": 0,
          "private": "eyJlMmJmYjczMC1lY2FhLTExZTYtOGY4OC0zNDM2M2JjN2M0YzAiOnsiY3JlYXRlIjo2MDAwMDAwMDAwMDAsImRlbGV0ZSI6MTgwMDAwMDAwMDAwMCwidXBkYXRlIjo2MDAwMDAwMDAwMDB9fQ==",
          "dependencies": [
            "aws_eip.nat",
            "aws_internet_gateway.main",
            "aws_subnet.public",
            "aws_vpc.main"
          ]
        }
      ]
    },
    {
      "mode": "managed",
      "type": "aws_route_table",
      "name": "private",
      "provider": "provider[\"registry.terraform.io/hashicorp/aws\"]",
      "instances": [
        {
          "schema_version": 0,
          "attributes": {
            "arn": "arn:aws:ec2:us-east-1:718240086340:route-table/rtb-007f2be0c75227612",
            "id": "rtb-007f2be0c75227612",
            "owner_id": "718240086340",
            "propagating_vgws": [],
            "route": [
              {
                "carrier_gateway_id": "",
                "cidr_block": "0.0.0.0/0",
                "core_network_arn": "",
                "destination_prefix_list_id": "",
                "egress_only_gateway_id": "",
                "gateway_id": "",
                "ipv6_cidr_block": "",
                "local_gateway_id": "",
                "nat_gateway_id": "nat-0f097c270b5869bad",
                "network_interface_id": "",
                "transit_gateway_id": "",
                "vpc_endpoint_id": "",
                "vpc_peering_connection_id": ""
              }
            ],
            "tags": {
              "Name": "secure-infrastructure-synthtrainr840-private-rt"
            },
            "tags_all": {
              "Environment": "Production",
              "EnvironmentSuffix": "synthtrainr840",
              "ManagedBy": "Terraform",
              "Name": "secure-infrastructure-synthtrainr840-private-rt",
              "Project": "secure-infrastructure"
            },
            "timeouts": null,
            "vpc_id": "vpc-05b3e01bc048cbfd5"
          },
          "sensitive_attributes": [],
          "identity_schema_version": 0,
          "private": "eyJlMmJmYjczMC1lY2FhLTExZTYtOGY4OC0zNDM2M2JjN2M0YzAiOnsiY3JlYXRlIjozMDAwMDAwMDAwMDAsImRlbGV0ZSI6MzAwMDAwMDAwMDAwLCJ1cGRhdGUiOjEyMDAwMDAwMDAwMH19",
          "dependencies": [
            "aws_eip.nat",
            "aws_internet_gateway.main",
            "aws_nat_gateway.main",
            "aws_subnet.public",
            "aws_vpc.main"
          ]
        }
      ]
    },
    {
      "mode": "managed",
      "type": "aws_route_table",
      "name": "public",
      "provider": "provider[\"registry.terraform.io/hashicorp/aws\"]",
      "instances": [
        {
          "schema_version": 0,
          "attributes": {
            "arn": "arn:aws:ec2:us-east-1:718240086340:route-table/rtb-0c2877b094f65bac6",
            "id": "rtb-0c2877b094f65bac6",
            "owner_id": "718240086340",
            "propagating_vgws": [],
            "route": [
              {
                "carrier_gateway_id": "",
                "cidr_block": "0.0.0.0/0",
                "core_network_arn": "",
                "destination_prefix_list_id": "",
                "egress_only_gateway_id": "",
                "gateway_id": "igw-0e29f58cfc04999bc",
                "ipv6_cidr_block": "",
                "local_gateway_id": "",
                "nat_gateway_id": "",
                "network_interface_id": "",
                "transit_gateway_id": "",
                "vpc_endpoint_id": "",
                "vpc_peering_connection_id": ""
              }
            ],
            "tags": {
              "Name": "secure-infrastructure-synthtrainr840-public-rt"
            },
            "tags_all": {
              "Environment": "Production",
              "EnvironmentSuffix": "synthtrainr840",
              "ManagedBy": "Terraform",
              "Name": "secure-infrastructure-synthtrainr840-public-rt",
              "Project": "secure-infrastructure"
            },
            "timeouts": null,
            "vpc_id": "vpc-05b3e01bc048cbfd5"
          },
          "sensitive_attributes": [],
          "identity_schema_version": 0,
          "private": "eyJlMmJmYjczMC1lY2FhLTExZTYtOGY4OC0zNDM2M2JjN2M0YzAiOnsiY3JlYXRlIjozMDAwMDAwMDAwMDAsImRlbGV0ZSI6MzAwMDAwMDAwMDAwLCJ1cGRhdGUiOjEyMDAwMDAwMDAwMH19",
          "dependencies": [
            "aws_internet_gateway.main",
            "aws_vpc.main"
          ]
        }
      ]
    },
    {
      "mode": "managed",
      "type": "aws_route_table_association",
      "name": "private",
      "provider": "provider[\"registry.terraform.io/hashicorp/aws\"]",
      "instances": [
        {
          "index_key": 0,
          "schema_version": 0,
          "attributes": {
            "gateway_id": "",
            "id": "rtbassoc-05002aa003be4c18a",
            "route_table_id": "rtb-007f2be0c75227612",
            "subnet_id": "subnet-03f5d2e658a264b0b",
            "timeouts": null
          },
          "sensitive_attributes": [],
          "identity_schema_version": 0,
          "private": "eyJlMmJmYjczMC1lY2FhLTExZTYtOGY4OC0zNDM2M2JjN2M0YzAiOnsiY3JlYXRlIjozMDAwMDAwMDAwMDAsImRlbGV0ZSI6MzAwMDAwMDAwMDAwLCJ1cGRhdGUiOjEyMDAwMDAwMDAwMH19",
          "dependencies": [
            "aws_eip.nat",
            "aws_internet_gateway.main",
            "aws_nat_gateway.main",
            "aws_route_table.private",
            "aws_subnet.private",
            "aws_subnet.public",
            "aws_vpc.main"
          ]
        },
        {
          "index_key": 1,
          "schema_version": 0,
          "attributes": {
            "gateway_id": "",
            "id": "rtbassoc-065567cf4477aa6da",
            "route_table_id": "rtb-007f2be0c75227612",
            "subnet_id": "subnet-02a28065bbd0e38c0",
            "timeouts": null
          },
          "sensitive_attributes": [],
          "identity_schema_version": 0,
          "private": "eyJlMmJmYjczMC1lY2FhLTExZTYtOGY4OC0zNDM2M2JjN2M0YzAiOnsiY3JlYXRlIjozMDAwMDAwMDAwMDAsImRlbGV0ZSI6MzAwMDAwMDAwMDAwLCJ1cGRhdGUiOjEyMDAwMDAwMDAwMH19",
          "dependencies": [
            "aws_eip.nat",
            "aws_internet_gateway.main",
            "aws_nat_gateway.main",
            "aws_route_table.private",
            "aws_subnet.private",
            "aws_subnet.public",
            "aws_vpc.main"
          ]
        }
      ]
    },
    {
      "mode": "managed",
      "type": "aws_route_table_association",
      "name": "public",
      "provider": "provider[\"registry.terraform.io/hashicorp/aws\"]",
      "instances": [
        {
          "index_key": 0,
          "schema_version": 0,
          "attributes": {
            "gateway_id": "",
            "id": "rtbassoc-02b0c8ecde020bf0f",
            "route_table_id": "rtb-0c2877b094f65bac6",
            "subnet_id": "subnet-03ab2b05d061412ed",
            "timeouts": null
          },
          "sensitive_attributes": [],
          "identity_schema_version": 0,
          "private": "eyJlMmJmYjczMC1lY2FhLTExZTYtOGY4OC0zNDM2M2JjN2M0YzAiOnsiY3JlYXRlIjozMDAwMDAwMDAwMDAsImRlbGV0ZSI6MzAwMDAwMDAwMDAwLCJ1cGRhdGUiOjEyMDAwMDAwMDAwMH19",
          "dependencies": [
            "aws_internet_gateway.main",
            "aws_route_table.public",
            "aws_subnet.public",
            "aws_vpc.main"
          ]
        },
        {
          "index_key": 1,
          "schema_version": 0,
          "attributes": {
            "gateway_id": "",
            "id": "rtbassoc-042811f7105e32084",
            "route_table_id": "rtb-0c2877b094f65bac6",
            "subnet_id": "subnet-0b53398cb2d8b6632",
            "timeouts": null
          },
          "sensitive_attributes": [],
          "identity_schema_version": 0,
          "private": "eyJlMmJmYjczMC1lY2FhLTExZTYtOGY4OC0zNDM2M2JjN2M0YzAiOnsiY3JlYXRlIjozMDAwMDAwMDAwMDAsImRlbGV0ZSI6MzAwMDAwMDAwMDAwLCJ1cGRhdGUiOjEyMDAwMDAwMDAwMH19",
          "dependencies": [
            "aws_internet_gateway.main",
            "aws_route_table.public",
            "aws_subnet.public",
            "aws_vpc.main"
          ]
        }
      ]
    },
    {
      "mode": "managed",
      "type": "aws_s3_bucket",
      "name": "secure_bucket",
      "provider": "provider[\"registry.terraform.io/hashicorp/aws\"]",
      "instances": [
        {
          "schema_version": 0,
          "attributes": {
            "acceleration_status": "",
            "acl": null,
            "arn": "arn:aws:s3:::secure-infrastructure-synthtrainr840-secure-bucket-bee56c1a",
            "bucket": "secure-infrastructure-synthtrainr840-secure-bucket-bee56c1a",
            "bucket_domain_name": "secure-infrastructure-synthtrainr840-secure-bucket-bee56c1a.s3.amazonaws.com",
            "bucket_prefix": "",
            "bucket_regional_domain_name": "secure-infrastructure-synthtrainr840-secure-bucket-bee56c1a.s3.us-east-1.amazonaws.com",
            "cors_rule": [],
            "force_destroy": true,
            "grant": [
              {
                "id": "d8a58e48e926d80bcae2770b980bdafb0c8d4cb96c8b75742c6717edbb79aad1",
                "permissions": [
                  "FULL_CONTROL"
                ],
                "type": "CanonicalUser",
                "uri": ""
              }
            ],
            "hosted_zone_id": "Z3AQBSTGFYJSTF",
            "id": "secure-infrastructure-synthtrainr840-secure-bucket-bee56c1a",
            "lifecycle_rule": [],
            "logging": [],
            "object_lock_configuration": [],
            "object_lock_enabled": false,
            "policy": "",
            "region": "us-east-1",
            "replication_configuration": [],
            "request_payer": "BucketOwner",
            "server_side_encryption_configuration": [
              {
                "rule": [
                  {
                    "apply_server_side_encryption_by_default": [
                      {
                        "kms_master_key_id": "",
                        "sse_algorithm": "AES256"
                      }
                    ],
                    "bucket_key_enabled": false
                  }
                ]
              }
            ],
            "tags": {
              "Name": "secure-infrastructure-synthtrainr840-secure-bucket"
            },
            "tags_all": {
              "Environment": "Production",
              "EnvironmentSuffix": "synthtrainr840",
              "ManagedBy": "Terraform",
              "Name": "secure-infrastructure-synthtrainr840-secure-bucket",
              "Project": "secure-infrastructure"
            },
            "timeouts": null,
            "versioning": [
              {
                "enabled": false,
                "mfa_delete": false
              }
            ],
            "website": [],
            "website_domain": null,
            "website_endpoint": null
          },
          "sensitive_attributes": [],
          "identity_schema_version": 0,
          "private": "eyJlMmJmYjczMC1lY2FhLTExZTYtOGY4OC0zNDM2M2JjN2M0YzAiOnsiY3JlYXRlIjoxMjAwMDAwMDAwMDAwLCJkZWxldGUiOjM2MDAwMDAwMDAwMDAsInJlYWQiOjEyMDAwMDAwMDAwMDAsInVwZGF0ZSI6MTIwMDAwMDAwMDAwMH19",
          "dependencies": [
            "random_id.bucket_suffix"
          ]
        }
      ]
    },
    {
      "mode": "managed",
      "type": "aws_s3_bucket_policy",
      "name": "secure_bucket_policy",
      "provider": "provider[\"registry.terraform.io/hashicorp/aws\"]",
      "instances": [
        {
          "schema_version": 0,
          "attributes": {
            "bucket": "secure-infrastructure-synthtrainr840-secure-bucket-bee56c1a",
            "id": "secure-infrastructure-synthtrainr840-secure-bucket-bee56c1a",
            "policy": "{\"Statement\":[{\"Action\":\"s3:*\",\"Condition\":{\"Bool\":{\"aws:SecureTransport\":\"false\"}},\"Effect\":\"Deny\",\"Principal\":\"*\",\"Resource\":[\"arn:aws:s3:::secure-infrastructure-synthtrainr840-secure-bucket-bee56c1a\",\"arn:aws:s3:::secure-infrastructure-synthtrainr840-secure-bucket-bee56c1a/*\"],\"Sid\":\"DenyInsecureConnections\"},{\"Action\":\"s3:PutObject\",\"Condition\":{\"StringNotEquals\":{\"s3:x-amz-server-side-encryption\":\"AES256\"}},\"Effect\":\"Deny\",\"Principal\":\"*\",\"Resource\":\"arn:aws:s3:::secure-infrastructure-synthtrainr840-secure-bucket-bee56c1a/*\",\"Sid\":\"DenyUnencryptedUploads\"}],\"Version\":\"2012-10-17\"}"
          },
          "sensitive_attributes": [],
          "identity_schema_version": 0,
          "private": "bnVsbA==",
          "dependencies": [
            "aws_s3_bucket.secure_bucket",
            "random_id.bucket_suffix"
          ]
        }
      ]
    },
    {
      "mode": "managed",
      "type": "aws_s3_bucket_public_access_block",
      "name": "secure_bucket",
      "provider": "provider[\"registry.terraform.io/hashicorp/aws\"]",
      "instances": [
        {
          "schema_version": 0,
          "attributes": {
            "block_public_acls": true,
            "block_public_policy": true,
            "bucket": "secure-infrastructure-synthtrainr840-secure-bucket-bee56c1a",
            "id": "secure-infrastructure-synthtrainr840-secure-bucket-bee56c1a",
            "ignore_public_acls": true,
            "restrict_public_buckets": true
          },
          "sensitive_attributes": [],
          "identity_schema_version": 0,
          "private": "bnVsbA==",
          "dependencies": [
            "aws_s3_bucket.secure_bucket",
            "random_id.bucket_suffix"
          ]
        }
      ]
    },
    {
      "mode": "managed",
      "type": "aws_s3_bucket_server_side_encryption_configuration",
      "name": "secure_bucket",
      "provider": "provider[\"registry.terraform.io/hashicorp/aws\"]",
      "instances": [
        {
          "schema_version": 0,
          "attributes": {
            "bucket": "secure-infrastructure-synthtrainr840-secure-bucket-bee56c1a",
            "expected_bucket_owner": "",
            "id": "secure-infrastructure-synthtrainr840-secure-bucket-bee56c1a",
            "rule": [
              {
                "apply_server_side_encryption_by_default": [
                  {
                    "kms_master_key_id": "",
                    "sse_algorithm": "AES256"
                  }
                ],
                "bucket_key_enabled": true
              }
            ]
          },
          "sensitive_attributes": [],
          "identity_schema_version": 0,
          "private": "bnVsbA==",
          "dependencies": [
            "aws_s3_bucket.secure_bucket",
            "random_id.bucket_suffix"
          ]
        }
      ]
    },
    {
      "mode": "managed",
      "type": "aws_s3_bucket_versioning",
      "name": "secure_bucket",
      "provider": "provider[\"registry.terraform.io/hashicorp/aws\"]",
      "instances": [
        {
          "schema_version": 0,
          "attributes": {
            "bucket": "secure-infrastructure-synthtrainr840-secure-bucket-bee56c1a",
            "expected_bucket_owner": "",
            "id": "secure-infrastructure-synthtrainr840-secure-bucket-bee56c1a",
            "mfa": null,
            "versioning_configuration": [
              {
                "mfa_delete": "",
                "status": "Enabled"
              }
            ]
          },
          "sensitive_attributes": [],
          "identity_schema_version": 0,
          "private": "bnVsbA==",
          "dependencies": [
            "aws_s3_bucket.secure_bucket",
            "random_id.bucket_suffix"
          ]
        }
      ]
    },
    {
      "mode": "managed",
      "type": "aws_security_group",
      "name": "ssh_access",
      "provider": "provider[\"registry.terraform.io/hashicorp/aws\"]",
      "instances": [
        {
          "schema_version": 1,
          "attributes": {
            "arn": "arn:aws:ec2:us-east-1:718240086340:security-group/sg-03b8feb8da15495c2",
            "description": "Security group allowing SSH access from specific IP range",
            "egress": [
              {
                "cidr_blocks": [
                  "0.0.0.0/0"
                ],
                "description": "All outbound traffic",
                "from_port": 0,
                "ipv6_cidr_blocks": [],
                "prefix_list_ids": [],
                "protocol": "-1",
                "security_groups": [],
                "self": false,
                "to_port": 0
              }
            ],
            "id": "sg-03b8feb8da15495c2",
            "ingress": [
              {
                "cidr_blocks": [
                  "192.168.1.0/24"
                ],
                "description": "SSH access from allowed CIDR",
                "from_port": 22,
                "ipv6_cidr_blocks": [],
                "prefix_list_ids": [],
                "protocol": "tcp",
                "security_groups": [],
                "self": false,
                "to_port": 22
              }
            ],
            "name": "secure-infrastructure-synthtrainr840-ssh-20250814150143866800000001",
            "name_prefix": "secure-infrastructure-synthtrainr840-ssh-",
            "owner_id": "718240086340",
            "revoke_rules_on_delete": false,
            "tags": {
              "Name": "secure-infrastructure-synthtrainr840-ssh-sg"
            },
            "tags_all": {
              "Environment": "Production",
              "EnvironmentSuffix": "synthtrainr840",
              "ManagedBy": "Terraform",
              "Name": "secure-infrastructure-synthtrainr840-ssh-sg",
              "Project": "secure-infrastructure"
            },
            "timeouts": null,
            "vpc_id": "vpc-05b3e01bc048cbfd5"
          },
          "sensitive_attributes": [],
          "identity_schema_version": 0,
          "private": "eyJlMmJmYjczMC1lY2FhLTExZTYtOGY4OC0zNDM2M2JjN2M0YzAiOnsiY3JlYXRlIjo2MDAwMDAwMDAwMDAsImRlbGV0ZSI6OTAwMDAwMDAwMDAwfSwic2NoZW1hX3ZlcnNpb24iOiIxIn0=",
          "dependencies": [
            "aws_vpc.main"
          ],
          "create_before_destroy": true
        }
      ]
    },
    {
      "mode": "managed",
      "type": "aws_subnet",
      "name": "private",
      "provider": "provider[\"registry.terraform.io/hashicorp/aws\"]",
      "instances": [
        {
          "index_key": 0,
          "schema_version": 1,
          "attributes": {
            "arn": "arn:aws:ec2:us-east-1:718240086340:subnet/subnet-03f5d2e658a264b0b",
            "assign_ipv6_address_on_creation": false,
            "availability_zone": "us-east-1a",
            "availability_zone_id": "use1-az6",
            "cidr_block": "10.0.10.0/24",
            "customer_owned_ipv4_pool": "",
            "enable_dns64": false,
            "enable_lni_at_device_index": 0,
            "enable_resource_name_dns_a_record_on_launch": false,
            "enable_resource_name_dns_aaaa_record_on_launch": false,
            "id": "subnet-03f5d2e658a264b0b",
            "ipv6_cidr_block": "",
            "ipv6_cidr_block_association_id": "",
            "ipv6_native": false,
            "map_customer_owned_ip_on_launch": false,
            "map_public_ip_on_launch": false,
            "outpost_arn": "",
            "owner_id": "718240086340",
            "private_dns_hostname_type_on_launch": "ip-name",
            "tags": {
              "Name": "secure-infrastructure-synthtrainr840-private-subnet-1",
              "Type": "Private"
            },
            "tags_all": {
              "Environment": "Production",
              "EnvironmentSuffix": "synthtrainr840",
              "ManagedBy": "Terraform",
              "Name": "secure-infrastructure-synthtrainr840-private-subnet-1",
              "Project": "secure-infrastructure",
              "Type": "Private"
            },
            "timeouts": null,
            "vpc_id": "vpc-05b3e01bc048cbfd5"
          },
          "sensitive_attributes": [],
          "identity_schema_version": 0,
          "private": "eyJlMmJmYjczMC1lY2FhLTExZTYtOGY4OC0zNDM2M2JjN2M0YzAiOnsiY3JlYXRlIjo2MDAwMDAwMDAwMDAsImRlbGV0ZSI6MTIwMDAwMDAwMDAwMH0sInNjaGVtYV92ZXJzaW9uIjoiMSJ9",
          "dependencies": [
            "aws_vpc.main"
          ]
        },
        {
          "index_key": 1,
          "schema_version": 1,
          "attributes": {
            "arn": "arn:aws:ec2:us-east-1:718240086340:subnet/subnet-02a28065bbd0e38c0",
            "assign_ipv6_address_on_creation": false,
            "availability_zone": "us-east-1b",
            "availability_zone_id": "use1-az1",
            "cidr_block": "10.0.20.0/24",
            "customer_owned_ipv4_pool": "",
            "enable_dns64": false,
            "enable_lni_at_device_index": 0,
            "enable_resource_name_dns_a_record_on_launch": false,
            "enable_resource_name_dns_aaaa_record_on_launch": false,
            "id": "subnet-02a28065bbd0e38c0",
            "ipv6_cidr_block": "",
            "ipv6_cidr_block_association_id": "",
            "ipv6_native": false,
            "map_customer_owned_ip_on_launch": false,
            "map_public_ip_on_launch": false,
            "outpost_arn": "",
            "owner_id": "718240086340",
            "private_dns_hostname_type_on_launch": "ip-name",
            "tags": {
              "Name": "secure-infrastructure-synthtrainr840-private-subnet-2",
              "Type": "Private"
            },
            "tags_all": {
              "Environment": "Production",
              "EnvironmentSuffix": "synthtrainr840",
              "ManagedBy": "Terraform",
              "Name": "secure-infrastructure-synthtrainr840-private-subnet-2",
              "Project": "secure-infrastructure",
              "Type": "Private"
            },
            "timeouts": null,
            "vpc_id": "vpc-05b3e01bc048cbfd5"
          },
          "sensitive_attributes": [],
          "identity_schema_version": 0,
          "private": "eyJlMmJmYjczMC1lY2FhLTExZTYtOGY4OC0zNDM2M2JjN2M0YzAiOnsiY3JlYXRlIjo2MDAwMDAwMDAwMDAsImRlbGV0ZSI6MTIwMDAwMDAwMDAwMH0sInNjaGVtYV92ZXJzaW9uIjoiMSJ9",
          "dependencies": [
            "aws_vpc.main"
          ]
        }
      ]
    },
    {
      "mode": "managed",
      "type": "aws_subnet",
      "name": "public",
      "provider": "provider[\"registry.terraform.io/hashicorp/aws\"]",
      "instances": [
        {
          "index_key": 0,
          "schema_version": 1,
          "attributes": {
            "arn": "arn:aws:ec2:us-east-1:718240086340:subnet/subnet-03ab2b05d061412ed",
            "assign_ipv6_address_on_creation": false,
            "availability_zone": "us-east-1a",
            "availability_zone_id": "use1-az6",
            "cidr_block": "10.0.1.0/24",
            "customer_owned_ipv4_pool": "",
            "enable_dns64": false,
            "enable_lni_at_device_index": 0,
            "enable_resource_name_dns_a_record_on_launch": false,
            "enable_resource_name_dns_aaaa_record_on_launch": false,
            "id": "subnet-03ab2b05d061412ed",
            "ipv6_cidr_block": "",
            "ipv6_cidr_block_association_id": "",
            "ipv6_native": false,
            "map_customer_owned_ip_on_launch": false,
            "map_public_ip_on_launch": true,
            "outpost_arn": "",
            "owner_id": "718240086340",
            "private_dns_hostname_type_on_launch": "ip-name",
            "tags": {
              "Name": "secure-infrastructure-synthtrainr840-public-subnet-1",
              "Type": "Public"
            },
            "tags_all": {
              "Environment": "Production",
              "EnvironmentSuffix": "synthtrainr840",
              "ManagedBy": "Terraform",
              "Name": "secure-infrastructure-synthtrainr840-public-subnet-1",
              "Project": "secure-infrastructure",
              "Type": "Public"
            },
            "timeouts": null,
            "vpc_id": "vpc-05b3e01bc048cbfd5"
          },
          "sensitive_attributes": [],
          "identity_schema_version": 0,
          "private": "eyJlMmJmYjczMC1lY2FhLTExZTYtOGY4OC0zNDM2M2JjN2M0YzAiOnsiY3JlYXRlIjo2MDAwMDAwMDAwMDAsImRlbGV0ZSI6MTIwMDAwMDAwMDAwMH0sInNjaGVtYV92ZXJzaW9uIjoiMSJ9",
          "dependencies": [
            "aws_vpc.main"
          ]
        },
        {
          "index_key": 1,
          "schema_version": 1,
          "attributes": {
            "arn": "arn:aws:ec2:us-east-1:718240086340:subnet/subnet-0b53398cb2d8b6632",
            "assign_ipv6_address_on_creation": false,
            "availability_zone": "us-east-1b",
            "availability_zone_id": "use1-az1",
            "cidr_block": "10.0.2.0/24",
            "customer_owned_ipv4_pool": "",
            "enable_dns64": false,
            "enable_lni_at_device_index": 0,
            "enable_resource_name_dns_a_record_on_launch": false,
            "enable_resource_name_dns_aaaa_record_on_launch": false,
            "id": "subnet-0b53398cb2d8b6632",
            "ipv6_cidr_block": "",
            "ipv6_cidr_block_association_id": "",
            "ipv6_native": false,
            "map_customer_owned_ip_on_launch": false,
            "map_public_ip_on_launch": true,
            "outpost_arn": "",
            "owner_id": "718240086340",
            "private_dns_hostname_type_on_launch": "ip-name",
            "tags": {
              "Name": "secure-infrastructure-synthtrainr840-public-subnet-2",
              "Type": "Public"
            },
            "tags_all": {
              "Environment": "Production",
              "EnvironmentSuffix": "synthtrainr840",
              "ManagedBy": "Terraform",
              "Name": "secure-infrastructure-synthtrainr840-public-subnet-2",
              "Project": "secure-infrastructure",
              "Type": "Public"
            },
            "timeouts": null,
            "vpc_id": "vpc-05b3e01bc048cbfd5"
          },
          "sensitive_attributes": [],
          "identity_schema_version": 0,
          "private": "eyJlMmJmYjczMC1lY2FhLTExZTYtOGY4OC0zNDM2M2JjN2M0YzAiOnsiY3JlYXRlIjo2MDAwMDAwMDAwMDAsImRlbGV0ZSI6MTIwMDAwMDAwMDAwMH0sInNjaGVtYV92ZXJzaW9uIjoiMSJ9",
          "dependencies": [
            "aws_vpc.main"
          ]
        }
      ]
    },
    {
      "mode": "managed",
      "type": "aws_vpc",
      "name": "main",
      "provider": "provider[\"registry.terraform.io/hashicorp/aws\"]",
      "instances": [
        {
          "schema_version": 1,
          "attributes": {
            "arn": "arn:aws:ec2:us-east-1:718240086340:vpc/vpc-05b3e01bc048cbfd5",
            "assign_generated_ipv6_cidr_block": false,
            "cidr_block": "10.0.0.0/16",
            "default_network_acl_id": "acl-0507cbaf26f1042a5",
            "default_route_table_id": "rtb-0bedb80ed06d88ae5",
            "default_security_group_id": "sg-00aefc2d483ec64a6",
            "dhcp_options_id": "dopt-0c3f33172d411048e",
            "enable_dns_hostnames": true,
            "enable_dns_support": true,
            "enable_network_address_usage_metrics": false,
            "id": "vpc-05b3e01bc048cbfd5",
            "instance_tenancy": "default",
            "ipv4_ipam_pool_id": null,
            "ipv4_netmask_length": null,
            "ipv6_association_id": "",
            "ipv6_cidr_block": "",
            "ipv6_cidr_block_network_border_group": "",
            "ipv6_ipam_pool_id": "",
            "ipv6_netmask_length": 0,
            "main_route_table_id": "rtb-0bedb80ed06d88ae5",
            "owner_id": "718240086340",
            "tags": {
              "Name": "secure-infrastructure-synthtrainr840-vpc"
            },
            "tags_all": {
              "Environment": "Production",
              "EnvironmentSuffix": "synthtrainr840",
              "ManagedBy": "Terraform",
              "Name": "secure-infrastructure-synthtrainr840-vpc",
              "Project": "secure-infrastructure"
            }
          },
          "sensitive_attributes": [],
          "identity_schema_version": 0,
          "private": "eyJzY2hlbWFfdmVyc2lvbiI6IjEifQ==",
          "create_before_destroy": true
        }
      ]
    },
    {
      "mode": "managed",
      "type": "aws_vpc_endpoint",
      "name": "s3",
      "provider": "provider[\"registry.terraform.io/hashicorp/aws\"]",
      "instances": [
        {
          "schema_version": 0,
          "attributes": {
            "arn": "arn:aws:ec2:us-east-1:718240086340:vpc-endpoint/vpce-00aefbc2757e710df",
            "auto_accept": null,
            "cidr_blocks": [
              "16.15.176.0/20",
              "16.182.0.0/16",
              "18.34.0.0/19",
              "52.216.0.0/15",
              "54.231.0.0/16",
              "3.5.0.0/19",
              "18.34.232.0/21",
              "16.15.192.0/18"
            ],
            "dns_entry": [],
            "dns_options": [],
            "id": "vpce-00aefbc2757e710df",
            "ip_address_type": "",
            "network_interface_ids": [],
            "owner_id": "718240086340",
            "policy": "{\"Statement\":[{\"Action\":[\"s3:GetObject\",\"s3:PutObject\",\"s3:PutObjectAcl\"],\"Condition\":{\"StringEquals\":{\"s3:x-amz-server-side-encryption\":\"AES256\"}},\"Effect\":\"Allow\",\"Principal\":\"*\",\"Resource\":[\"arn:aws:s3:::secure-infrastructure-synthtrainr840-secure-bucket-bee56c1a\",\"arn:aws:s3:::secure-infrastructure-synthtrainr840-secure-bucket-bee56c1a/*\"]}],\"Version\":\"2012-10-17\"}",
            "prefix_list_id": "pl-63a5400a",
            "private_dns_enabled": false,
            "requester_managed": false,
            "resource_configuration_arn": "",
            "route_table_ids": [
              "rtb-007f2be0c75227612",
              "rtb-0c2877b094f65bac6"
            ],
            "security_group_ids": [],
            "service_name": "com.amazonaws.us-east-1.s3",
            "service_network_arn": "",
            "service_region": "us-east-1",
            "state": "available",
            "subnet_configuration": [],
            "subnet_ids": [],
            "tags": {
              "Name": "secure-infrastructure-synthtrainr840-s3-endpoint"
            },
            "tags_all": {
              "Environment": "Production",
              "EnvironmentSuffix": "synthtrainr840",
              "ManagedBy": "Terraform",
              "Name": "secure-infrastructure-synthtrainr840-s3-endpoint",
              "Project": "secure-infrastructure"
            },
            "timeouts": null,
            "vpc_endpoint_type": "Gateway",
            "vpc_id": "vpc-05b3e01bc048cbfd5"
          },
          "sensitive_attributes": [],
          "identity_schema_version": 0,
          "private": "eyJlMmJmYjczMC1lY2FhLTExZTYtOGY4OC0zNDM2M2JjN2M0YzAiOnsiY3JlYXRlIjo2MDAwMDAwMDAwMDAsImRlbGV0ZSI6NjAwMDAwMDAwMDAwLCJ1cGRhdGUiOjYwMDAwMDAwMDAwMH19",
          "dependencies": [
            "aws_eip.nat",
            "aws_internet_gateway.main",
            "aws_nat_gateway.main",
            "aws_route_table.private",
            "aws_route_table.public",
            "aws_s3_bucket.secure_bucket",
            "aws_subnet.public",
            "aws_vpc.main",
            "data.aws_region.current",
            "random_id.bucket_suffix"
          ]
        }
      ]
    },
    {
      "mode": "managed",
      "type": "random_id",
      "name": "bucket_suffix",
      "provider": "provider[\"registry.terraform.io/hashicorp/random\"]",
      "instances": [
        {
          "schema_version": 0,
          "attributes": {
            "b64_std": "vuVsGg==",
            "b64_url": "vuVsGg",
            "byte_length": 4,
            "dec": "3202706458",
            "hex": "bee56c1a",
            "id": "vuVsGg",
            "keepers": null,
            "prefix": null
          },
          "sensitive_attributes": [],
          "identity_schema_version": 0
        }
      ]
    }
  ],
  "check_results": null
}
