{
  "version": 4,
  "terraform_version": "1.12.2",
  "serial": 45,
  "lineage": "a9187761-1bdb-555a-0d89-7082ab8577c8",
  "outputs": {
    "alb_dns_name": {
      "value": "iac-nova-model-breaking-dev-alb.elb.localhost.localstack.cloud",
      "type": "string"
    },
    "alb_url": {
      "value": "http://iac-nova-model-breaking-dev-alb.elb.localhost.localstack.cloud",
      "type": "string"
    },
    "asg_name": {
      "value": "iac-nova-model-breaking-dev-asg",
      "type": "string"
    },
    "private_subnet_ids": {
      "value": [
        "subnet-c209680119e0891d7",
        "subnet-0e84bd0d4fc38dff0"
      ],
      "type": [
        "tuple",
        [
          "string",
          "string"
        ]
      ]
    },
    "public_subnet_ids": {
      "value": [
        "subnet-43168c4caff6078cb",
        "subnet-7ef6938f2101d55cd"
      ],
      "type": [
        "tuple",
        [
          "string",
          "string"
        ]
      ]
    },
    "rds_endpoint": {
      "value": "localhost.localstack.cloud:4510",
      "type": "string"
    },
    "security_group_ids": {
      "value": {
        "alb": "sg-b54cb27821bffbcd5",
        "app": "sg-e2ba1a5455ab99764",
        "rds": "sg-527e74d1efd9cb537"
      },
      "type": [
        "object",
        {
          "alb": "string",
          "app": "string",
          "rds": "string"
        }
      ]
    },
    "ssm_parameter_arns": {
      "value": {
        "app_config": "arn:aws:ssm:us-west-2:000000000000:parameter/app/iac-nova-model-breaking-dev/app/config_json",
        "cloudwatch_config": "arn:aws:ssm:us-west-2:000000000000:parameter/app/iac-nova-model-breaking-dev/cloudwatch/config",
        "db_password": "arn:aws:ssm:us-west-2:000000000000:parameter/app/iac-nova-model-breaking-dev/db/password",
        "db_username": "arn:aws:ssm:us-west-2:000000000000:parameter/app/iac-nova-model-breaking-dev/db/username"
      },
      "type": [
        "object",
        {
          "app_config": "string",
          "cloudwatch_config": "string",
          "db_password": "string",
          "db_username": "string"
        }
      ]
    },
    "vpc_id": {
      "value": "vpc-b38e1f5c6bcaee4a0",
      "type": "string"
    }
  },
  "resources": [
    {
      "mode": "data",
      "type": "aws_availability_zones",
      "name": "available",
      "provider": "provider[\"registry.terraform.io/hashicorp/aws\"]",
      "instances": [
        {
          "schema_version": 0,
          "attributes": {
            "all_availability_zones": null,
            "exclude_names": null,
            "exclude_zone_ids": null,
            "filter": null,
            "group_names": [
              ""
            ],
            "id": "us-west-2",
            "names": [
              "us-west-2a",
              "us-west-2b",
              "us-west-2c",
              "us-west-2d"
            ],
            "region": "us-west-2",
            "state": "available",
            "timeouts": null,
            "zone_ids": [
              "usw2-az2",
              "usw2-az1",
              "usw2-az3",
              "usw2-az4"
            ]
          },
          "sensitive_attributes": [],
          "identity_schema_version": 0
        }
      ]
    },
    {
      "mode": "data",
      "type": "aws_kms_key",
      "name": "ssm",
      "provider": "provider[\"registry.terraform.io/hashicorp/aws\"]",
      "instances": [
        {
          "schema_version": 0,
          "attributes": {
            "arn": "arn:aws:kms:us-west-2:000000000000:key/38fde58b-f69e-4821-af7e-98821b3e4d4d",
            "aws_account_id": "000000000000",
            "cloud_hsm_cluster_id": "",
            "creation_date": "2025-12-24T06:45:56Z",
            "custom_key_store_id": "",
            "customer_master_key_spec": "SYMMETRIC_DEFAULT",
            "deletion_date": null,
            "description": "",
            "enabled": true,
            "expiration_model": "",
            "grant_tokens": null,
            "id": "38fde58b-f69e-4821-af7e-98821b3e4d4d",
            "key_id": "alias/aws/ssm",
            "key_manager": "CUSTOMER",
            "key_spec": "SYMMETRIC_DEFAULT",
            "key_state": "Enabled",
            "key_usage": "ENCRYPT_DECRYPT",
            "multi_region": false,
            "multi_region_configuration": [],
            "origin": "AWS_KMS",
            "pending_deletion_window_in_days": 0,
            "region": "us-west-2",
            "valid_to": null,
            "xks_key_configuration": []
          },
          "sensitive_attributes": [],
          "identity_schema_version": 0
        }
      ]
    },
    {
      "mode": "data",
      "type": "aws_ssm_parameter",
      "name": "amazon_linux_ami",
      "provider": "provider[\"registry.terraform.io/hashicorp/aws\"]",
      "instances": [
        {
          "schema_version": 0,
          "attributes": {
            "arn": "arn:aws:ssm:us-west-2:000000000000:parameter/aws/service/ami-amazon-linux-latest/al2023-ami-kernel-default-x86_64",
            "id": "/aws/service/ami-amazon-linux-latest/al2023-ami-kernel-default-x86_64",
            "insecure_value": "ami-06d455b8b50b0de4d",
            "name": "/aws/service/ami-amazon-linux-latest/al2023-ami-kernel-default-x86_64",
            "region": "us-west-2",
            "type": "String",
            "value": "ami-06d455b8b50b0de4d",
            "version": 137,
            "with_decryption": true
          },
          "sensitive_attributes": [
            [
              {
                "type": "get_attr",
                "value": "value"
              }
            ]
          ],
          "identity_schema_version": 0
        }
      ]
    },
    {
      "mode": "managed",
      "type": "aws_autoscaling_group",
      "name": "app",
      "provider": "provider[\"registry.terraform.io/hashicorp/aws\"]",
      "instances": [
        {
          "schema_version": 1,
          "attributes": {
            "arn": "arn:aws:autoscaling:us-west-2:000000000000:autoScalingGroup:290aff8f-87e7-4c62-8032-8d2984a5153a:autoScalingGroupName/iac-nova-model-breaking-dev-asg",
            "availability_zone_distribution": [
              {
                "capacity_distribution_strategy": null
              }
            ],
            "availability_zones": [
              "us-west-2a",
              "us-west-2b"
            ],
            "capacity_rebalance": false,
            "capacity_reservation_specification": [
              {
                "capacity_reservation_preference": null,
                "capacity_reservation_target": []
              }
            ],
            "context": "",
            "default_cooldown": 300,
            "default_instance_warmup": 0,
            "desired_capacity": 2,
            "desired_capacity_type": "",
            "enabled_metrics": [],
            "force_delete": false,
            "force_delete_warm_pool": false,
            "health_check_grace_period": 300,
            "health_check_type": "ELB",
            "id": "iac-nova-model-breaking-dev-asg",
            "ignore_failed_scaling_activities": false,
            "initial_lifecycle_hook": [],
            "instance_maintenance_policy": [],
            "instance_refresh": [
              {
                "preferences": [
                  {
                    "alarm_specification": [],
                    "auto_rollback": false,
                    "checkpoint_delay": "",
                    "checkpoint_percentages": [],
                    "instance_warmup": "",
                    "max_healthy_percentage": 100,
                    "min_healthy_percentage": 50,
                    "scale_in_protected_instances": "Ignore",
                    "skip_matching": false,
                    "standby_instances": "Ignore"
                  }
                ],
                "strategy": "Rolling",
                "triggers": []
              }
            ],
            "launch_configuration": "",
            "launch_template": [
              {
                "id": "lt-7decb4bc2836fa4c9",
                "name": "iac-nova-model-breaking-dev-20251224064628874500000005",
                "version": "$Latest"
              }
            ],
            "load_balancers": [],
            "max_instance_lifetime": 0,
            "max_size": 4,
            "metrics_granularity": "1Minute",
            "min_elb_capacity": null,
            "min_size": 2,
            "mixed_instances_policy": [],
            "name": "iac-nova-model-breaking-dev-asg",
            "name_prefix": "",
            "placement_group": "",
            "predicted_capacity": 0,
            "protect_from_scale_in": false,
            "region": "us-west-2",
            "service_linked_role_arn": "arn:aws:iam::000000000000:role/aws-service-role/autoscaling.amazonaws.com/AWSServiceRoleForAutoScaling",
            "suspended_processes": [],
            "tag": [
              {
                "key": "Name",
                "propagate_at_launch": false,
                "value": "iac-nova-model-breaking-dev-asg"
              },
              {
                "key": "environment",
                "propagate_at_launch": true,
                "value": "dev"
              },
              {
                "key": "project",
                "propagate_at_launch": true,
                "value": "iac-nova-model-breaking"
              },
              {
                "key": "suffix",
                "propagate_at_launch": true,
                "value": "dev"
              }
            ],
            "target_group_arns": [
              "arn:aws:elasticloadbalancing:us-west-2:000000000000:targetgroup/iac-nova-model-breaking-dev-tg/0c83f7a3839f8c92"
            ],
            "termination_policies": [],
            "timeouts": null,
            "traffic_source": [],
            "vpc_zone_identifier": [
              "subnet-0e84bd0d4fc38dff0",
              "subnet-c209680119e0891d7"
            ],
            "wait_for_capacity_timeout": "10m",
            "wait_for_elb_capacity": null,
            "warm_pool": [],
            "warm_pool_size": 0
          },
          "sensitive_attributes": [],
          "identity_schema_version": 0,
          "private": "eyJlMmJmYjczMC1lY2FhLTExZTYtOGY4OC0zNDM2M2JjN2M0YzAiOnsiZGVsZXRlIjo2MDAwMDAwMDAwMDAsInVwZGF0ZSI6NjAwMDAwMDAwMDAwfSwic2NoZW1hX3ZlcnNpb24iOiIxIn0=",
          "dependencies": [
            "aws_iam_instance_profile.instance_profile",
            "aws_iam_role.instance_role",
            "aws_launch_template.app",
            "aws_lb_target_group.app",
            "aws_security_group.alb",
            "aws_security_group.app",
            "aws_subnet.private",
            "aws_vpc.main",
            "data.aws_availability_zones.available",
            "data.aws_ssm_parameter.amazon_linux_ami"
          ],
          "create_before_destroy": true
        }
      ]
    },
    {
      "mode": "managed",
      "type": "aws_cloudwatch_log_group",
      "name": "app",
      "provider": "provider[\"registry.terraform.io/hashicorp/aws\"]",
      "instances": [
        {
          "schema_version": 0,
          "attributes": {
            "arn": "arn:aws:logs:us-west-2:000000000000:log-group:/app/iac-nova-model-breaking-dev/web",
            "deletion_protection_enabled": false,
            "id": "/app/iac-nova-model-breaking-dev/web",
            "kms_key_id": "",
            "log_group_class": "STANDARD",
            "name": "/app/iac-nova-model-breaking-dev/web",
            "name_prefix": "",
            "region": "us-west-2",
            "retention_in_days": 30,
            "skip_destroy": false,
            "tags": {
              "Name": "iac-nova-model-breaking-dev-app-logs",
              "environment": "dev",
              "project": "iac-nova-model-breaking",
              "suffix": "dev"
            },
            "tags_all": {
              "Name": "iac-nova-model-breaking-dev-app-logs",
              "environment": "dev",
              "project": "iac-nova-model-breaking",
              "suffix": "dev"
            }
          },
          "sensitive_attributes": [],
          "identity_schema_version": 0,
          "identity": {
            "account_id": "",
            "name": "/app/iac-nova-model-breaking-dev/web",
            "region": "us-west-2"
          },
          "private": "bnVsbA=="
        }
      ]
    },
    {
      "mode": "managed",
      "type": "aws_cloudwatch_log_group",
      "name": "rds",
      "provider": "provider[\"registry.terraform.io/hashicorp/aws\"]",
      "instances": [
        {
          "schema_version": 0,
          "attributes": {
            "arn": "arn:aws:logs:us-west-2:000000000000:log-group:/aws/rds/instance/iac-nova-model-breaking-dev-rds/postgresql",
            "deletion_protection_enabled": false,
            "id": "/aws/rds/instance/iac-nova-model-breaking-dev-rds/postgresql",
            "kms_key_id": "",
            "log_group_class": "STANDARD",
            "name": "/aws/rds/instance/iac-nova-model-breaking-dev-rds/postgresql",
            "name_prefix": "",
            "region": "us-west-2",
            "retention_in_days": 30,
            "skip_destroy": false,
            "tags": {
              "Name": "iac-nova-model-breaking-dev-rds-logs",
              "environment": "dev",
              "project": "iac-nova-model-breaking",
              "suffix": "dev"
            },
            "tags_all": {
              "Name": "iac-nova-model-breaking-dev-rds-logs",
              "environment": "dev",
              "project": "iac-nova-model-breaking",
              "suffix": "dev"
            }
          },
          "sensitive_attributes": [],
          "identity_schema_version": 0,
          "identity": {
            "account_id": "",
            "name": "/aws/rds/instance/iac-nova-model-breaking-dev-rds/postgresql",
            "region": "us-west-2"
          },
          "private": "bnVsbA=="
        }
      ]
    },
    {
      "mode": "managed",
      "type": "aws_db_instance",
      "name": "app",
      "provider": "provider[\"registry.terraform.io/hashicorp/aws\"]",
      "instances": [
        {
          "schema_version": 2,
          "attributes": {
            "address": "localhost.localstack.cloud",
            "allocated_storage": 20,
            "allow_major_version_upgrade": null,
            "apply_immediately": false,
            "arn": "arn:aws:rds:us-west-2:000000000000:db:iac-nova-model-breaking-dev-rds",
            "auto_minor_version_upgrade": true,
            "availability_zone": "us-west-2a",
            "backup_retention_period": 7,
            "backup_target": "",
            "backup_window": "03:00-04:00",
            "blue_green_update": [],
            "ca_cert_identifier": "",
            "character_set_name": "",
            "copy_tags_to_snapshot": false,
            "custom_iam_instance_profile": "",
            "customer_owned_ip_enabled": false,
            "database_insights_mode": "",
            "db_name": "appdb",
            "db_subnet_group_name": "iac-nova-model-breaking-dev-db-subnet-group",
            "dedicated_log_volume": false,
            "delete_automated_backups": true,
            "deletion_protection": false,
            "domain": "",
            "domain_auth_secret_arn": "",
            "domain_dns_ips": [],
            "domain_fqdn": "",
            "domain_iam_role_name": "",
            "domain_ou": "",
            "enabled_cloudwatch_logs_exports": [
              "postgresql",
              "upgrade"
            ],
            "endpoint": "localhost.localstack.cloud:4510",
            "engine": "postgres",
            "engine_lifecycle_support": "",
            "engine_version": "15.14",
            "engine_version_actual": "15.14",
            "final_snapshot_identifier": "iac-nova-model-breaking-dev-rds-final-snapshot",
            "hosted_zone_id": "",
            "iam_database_authentication_enabled": false,
            "id": "db-AA5BAB2E",
            "identifier": "iac-nova-model-breaking-dev-rds",
            "identifier_prefix": "",
            "instance_class": "db.t4g.micro",
            "iops": 0,
            "kms_key_id": "default_kms_key_id",
            "latest_restorable_time": "",
            "license_model": "general-public-license",
            "listener_endpoint": [],
            "maintenance_window": "sun:04:00-sun:05:00",
            "manage_master_user_password": null,
            "master_user_secret": [],
            "master_user_secret_kms_key_id": null,
            "max_allocated_storage": 0,
            "monitoring_interval": 0,
            "monitoring_role_arn": "",
            "multi_az": false,
            "nchar_character_set_name": "",
            "network_type": "",
            "option_group_name": "default.postgres-17",
            "parameter_group_name": "default.postgres15",
            "password": "b$=pfyNmP=N::G*w",
            "password_wo": null,
            "password_wo_version": null,
            "performance_insights_enabled": false,
            "performance_insights_kms_key_id": "",
            "performance_insights_retention_period": 0,
            "port": 4510,
            "publicly_accessible": false,
            "region": "us-west-2",
            "replica_mode": "",
            "replicas": [],
            "replicate_source_db": "",
            "resource_id": "db-AA5BAB2E",
            "restore_to_point_in_time": [],
            "s3_import": [],
            "skip_final_snapshot": true,
            "snapshot_identifier": null,
            "status": "available",
            "storage_encrypted": true,
            "storage_throughput": 0,
            "storage_type": "gp2",
            "tags": {
              "Name": "iac-nova-model-breaking-dev-rds",
              "environment": "dev",
              "project": "iac-nova-model-breaking",
              "suffix": "dev"
            },
            "tags_all": {
              "Name": "iac-nova-model-breaking-dev-rds",
              "environment": "dev",
              "project": "iac-nova-model-breaking",
              "suffix": "dev"
            },
            "timeouts": null,
            "timezone": "",
            "upgrade_rollout_order": "",
            "upgrade_storage_config": null,
            "username": "appuser",
            "vpc_security_group_ids": [
              "sg-527e74d1efd9cb537"
            ]
          },
          "sensitive_attributes": [
            [
              {
                "type": "get_attr",
                "value": "password"
              }
            ],
            [
              {
                "type": "get_attr",
                "value": "password_wo"
              }
            ]
          ],
          "identity_schema_version": 0,
          "private": "eyJlMmJmYjczMC1lY2FhLTExZTYtOGY4OC0zNDM2M2JjN2M0YzAiOnsiY3JlYXRlIjozMDAwMDAwMDAwMDAwLCJkZWxldGUiOjM2MDAwMDAwMDAwMDAsInVwZGF0ZSI6NDgwMDAwMDAwMDAwMH0sInNjaGVtYV92ZXJzaW9uIjoiMiJ9",
          "dependencies": [
            "aws_db_subnet_group.app",
            "aws_security_group.alb",
            "aws_security_group.app",
            "aws_security_group.rds",
            "aws_subnet.private",
            "aws_vpc.main",
            "data.aws_availability_zones.available",
            "random_password.db_password"
          ]
        }
      ]
    },
    {
      "mode": "managed",
      "type": "aws_db_subnet_group",
      "name": "app",
      "provider": "provider[\"registry.terraform.io/hashicorp/aws\"]",
      "instances": [
        {
          "schema_version": 0,
          "attributes": {
            "arn": "arn:aws:rds:us-west-2:000000000000:subgrp:iac-nova-model-breaking-dev-db-subnet-group",
            "description": "Managed by Terraform",
            "id": "iac-nova-model-breaking-dev-db-subnet-group",
            "name": "iac-nova-model-breaking-dev-db-subnet-group",
            "name_prefix": "",
            "region": "us-west-2",
            "subnet_ids": [
              "subnet-0e84bd0d4fc38dff0",
              "subnet-c209680119e0891d7"
            ],
            "supported_network_types": [
              "IPV4"
            ],
            "tags": {
              "Name": "iac-nova-model-breaking-dev-db-subnet-group",
              "environment": "dev",
              "project": "iac-nova-model-breaking",
              "suffix": "dev"
            },
            "tags_all": {
              "Name": "iac-nova-model-breaking-dev-db-subnet-group",
              "environment": "dev",
              "project": "iac-nova-model-breaking",
              "suffix": "dev"
            },
            "vpc_id": "vpc-b38e1f5c6bcaee4a0"
          },
          "sensitive_attributes": [],
          "identity_schema_version": 0,
          "private": "bnVsbA==",
          "dependencies": [
            "aws_subnet.private",
            "aws_vpc.main",
            "data.aws_availability_zones.available"
          ]
        }
      ]
    },
    {
      "mode": "managed",
      "type": "aws_eip",
      "name": "nat",
      "provider": "provider[\"registry.terraform.io/hashicorp/aws\"]",
      "instances": [
        {
          "index_key": 0,
          "schema_version": 0,
          "attributes": {
            "address": null,
            "allocation_id": "eipalloc-b54a5c69a2ffedc5c",
            "arn": "arn:aws:ec2:us-west-2::elastic-ip/eipalloc-b54a5c69a2ffedc5c",
            "associate_with_private_ip": null,
            "association_id": "eipassoc-99d0af43116c834ae",
            "carrier_ip": "",
            "customer_owned_ip": "",
            "customer_owned_ipv4_pool": "",
            "domain": "vpc",
            "id": "eipalloc-b54a5c69a2ffedc5c",
            "instance": "",
            "ipam_pool_id": null,
            "network_border_group": "",
            "network_interface": "eni-fb11da3ae994fcad7",
            "private_dns": "ip-10-43-59-54.us-west-2.compute.internal",
            "private_ip": "10.43.59.54",
            "ptr_record": "",
            "public_dns": "ec2-127-0-77-223.us-west-2.compute.amazonaws.com",
            "public_ip": "127.0.77.223",
            "public_ipv4_pool": "",
            "region": "us-west-2",
            "tags": {
              "Name": "iac-nova-model-breaking-dev-nat-eip-1",
              "environment": "dev",
              "project": "iac-nova-model-breaking",
              "suffix": "dev"
            },
            "tags_all": {
              "Name": "iac-nova-model-breaking-dev-nat-eip-1",
              "environment": "dev",
              "project": "iac-nova-model-breaking",
              "suffix": "dev"
            },
            "timeouts": null
          },
          "sensitive_attributes": [],
          "identity_schema_version": 0,
          "private": "eyJlMmJmYjczMC1lY2FhLTExZTYtOGY4OC0zNDM2M2JjN2M0YzAiOnsiZGVsZXRlIjoxODAwMDAwMDAwMDAsInJlYWQiOjkwMDAwMDAwMDAwMCwidXBkYXRlIjozMDAwMDAwMDAwMDB9fQ==",
          "dependencies": [
            "aws_internet_gateway.main",
            "aws_subnet.public",
            "aws_vpc.main",
            "data.aws_availability_zones.available"
          ]
        },
        {
          "index_key": 1,
          "schema_version": 0,
          "attributes": {
            "address": null,
            "allocation_id": "eipalloc-4c7dacf157fe3c58a",
            "arn": "arn:aws:ec2:us-west-2::elastic-ip/eipalloc-4c7dacf157fe3c58a",
            "associate_with_private_ip": null,
            "association_id": "eipassoc-1ceb875b1f0fc0a97",
            "carrier_ip": "",
            "customer_owned_ip": "",
            "customer_owned_ipv4_pool": "",
            "domain": "vpc",
            "id": "eipalloc-4c7dacf157fe3c58a",
            "instance": "",
            "ipam_pool_id": null,
            "network_border_group": "",
            "network_interface": "eni-fd8dc10c6b769af7d",
            "private_dns": "ip-10-244-44-195.us-west-2.compute.internal",
            "private_ip": "10.244.44.195",
            "ptr_record": "",
            "public_dns": "ec2-127-247-24-12.us-west-2.compute.amazonaws.com",
            "public_ip": "127.247.24.12",
            "public_ipv4_pool": "",
            "region": "us-west-2",
            "tags": {
              "Name": "iac-nova-model-breaking-dev-nat-eip-2",
              "environment": "dev",
              "project": "iac-nova-model-breaking",
              "suffix": "dev"
            },
            "tags_all": {
              "Name": "iac-nova-model-breaking-dev-nat-eip-2",
              "environment": "dev",
              "project": "iac-nova-model-breaking",
              "suffix": "dev"
            },
            "timeouts": null
          },
          "sensitive_attributes": [],
          "identity_schema_version": 0,
          "private": "eyJlMmJmYjczMC1lY2FhLTExZTYtOGY4OC0zNDM2M2JjN2M0YzAiOnsiZGVsZXRlIjoxODAwMDAwMDAwMDAsInJlYWQiOjkwMDAwMDAwMDAwMCwidXBkYXRlIjozMDAwMDAwMDAwMDB9fQ==",
          "dependencies": [
            "aws_internet_gateway.main",
            "aws_subnet.public",
            "aws_vpc.main",
            "data.aws_availability_zones.available"
          ]
        }
      ]
    },
    {
      "mode": "managed",
      "type": "aws_iam_instance_profile",
      "name": "instance_profile",
      "provider": "provider[\"registry.terraform.io/hashicorp/aws\"]",
      "instances": [
        {
          "schema_version": 0,
          "attributes": {
            "arn": "arn:aws:iam::000000000000:instance-profile/iac-nova-model-breaking-dev-instance-profile",
            "create_date": "2025-12-24T06:46:18Z",
            "id": "iac-nova-model-breaking-dev-instance-profile",
            "name": "iac-nova-model-breaking-dev-instance-profile",
            "name_prefix": "",
            "path": "/",
            "role": "iac-nova-model-breaking-dev-instance-role",
            "tags": {
              "environment": "dev",
              "project": "iac-nova-model-breaking",
              "suffix": "dev"
            },
            "tags_all": {
              "environment": "dev",
              "project": "iac-nova-model-breaking",
              "suffix": "dev"
            },
            "unique_id": "yvacjjxxmokvnk6okarb"
          },
          "sensitive_attributes": [],
          "identity_schema_version": 0,
          "private": "bnVsbA==",
          "dependencies": [
            "aws_iam_role.instance_role"
          ],
          "create_before_destroy": true
        }
      ]
    },
    {
      "mode": "managed",
      "type": "aws_iam_role",
      "name": "instance_role",
      "provider": "provider[\"registry.terraform.io/hashicorp/aws\"]",
      "instances": [
        {
          "schema_version": 0,
          "attributes": {
            "arn": "arn:aws:iam::000000000000:role/iac-nova-model-breaking-dev-instance-role",
            "assume_role_policy": "{\"Statement\":[{\"Action\":\"sts:AssumeRole\",\"Effect\":\"Allow\",\"Principal\":{\"Service\":\"ec2.amazonaws.com\"}}],\"Version\":\"2012-10-17\"}",
            "create_date": "2025-12-24T06:46:18Z",
            "description": "",
            "force_detach_policies": false,
            "id": "iac-nova-model-breaking-dev-instance-role",
            "inline_policy": [
              {
                "name": "iac-nova-model-breaking-dev-ssm-parameter-access",
                "policy": "{\"Version\":\"2012-10-17\",\"Statement\":[{\"Action\":[\"ssm:GetParameter\",\"ssm:GetParameters\",\"ssm:GetParametersByPath\"],\"Effect\":\"Allow\",\"Resource\":\"arn:aws:ssm:us-west-2:*:parameter/app/iac-nova-model-breaking-dev/*\",\"Sid\":\"ReadAppParameters\"},{\"Action\":[\"kms:Decrypt\"],\"Effect\":\"Allow\",\"Resource\":\"arn:aws:kms:us-west-2:000000000000:key/38fde58b-f69e-4821-af7e-98821b3e4d4d\",\"Sid\":\"KmsDecryptForParameters\"}]}"
              }
            ],
            "managed_policy_arns": [
              "arn:aws:iam::aws:policy/AmazonSSMManagedInstanceCore",
              "arn:aws:iam::aws:policy/CloudWatchAgentServerPolicy"
            ],
            "max_session_duration": 3600,
            "name": "iac-nova-model-breaking-dev-instance-role",
            "name_prefix": "",
            "path": "/",
            "permissions_boundary": "",
            "tags": {
              "environment": "dev",
              "project": "iac-nova-model-breaking",
              "suffix": "dev"
            },
            "tags_all": {
              "environment": "dev",
              "project": "iac-nova-model-breaking",
              "suffix": "dev"
            },
            "unique_id": "AROAQAAAAAAAAZDAWSFOQ"
          },
          "sensitive_attributes": [],
          "identity_schema_version": 0,
          "identity": {
            "account_id": "",
            "name": "iac-nova-model-breaking-dev-instance-role"
          },
          "private": "bnVsbA==",
          "create_before_destroy": true
        }
      ]
    },
    {
      "mode": "managed",
      "type": "aws_iam_role_policy",
      "name": "ssm_parameter_access",
      "provider": "provider[\"registry.terraform.io/hashicorp/aws\"]",
      "instances": [
        {
          "schema_version": 0,
          "attributes": {
            "id": "iac-nova-model-breaking-dev-instance-role:iac-nova-model-breaking-dev-ssm-parameter-access",
            "name": "iac-nova-model-breaking-dev-ssm-parameter-access",
            "name_prefix": "",
            "policy": "{\"Version\":\"2012-10-17\",\"Statement\":[{\"Action\":[\"ssm:GetParameter\",\"ssm:GetParameters\",\"ssm:GetParametersByPath\"],\"Effect\":\"Allow\",\"Resource\":\"arn:aws:ssm:us-west-2:*:parameter/app/iac-nova-model-breaking-dev/*\",\"Sid\":\"ReadAppParameters\"},{\"Action\":[\"kms:Decrypt\"],\"Effect\":\"Allow\",\"Resource\":\"arn:aws:kms:us-west-2:000000000000:key/38fde58b-f69e-4821-af7e-98821b3e4d4d\",\"Sid\":\"KmsDecryptForParameters\"}]}",
            "role": "iac-nova-model-breaking-dev-instance-role"
          },
          "sensitive_attributes": [],
          "identity_schema_version": 0,
          "identity": {
            "account_id": "",
            "name": "iac-nova-model-breaking-dev-ssm-parameter-access",
            "role": "iac-nova-model-breaking-dev-instance-role"
          },
          "private": "bnVsbA==",
          "dependencies": [
            "aws_iam_role.instance_role",
            "data.aws_kms_key.ssm"
          ]
        }
      ]
    },
    {
      "mode": "managed",
      "type": "aws_iam_role_policy_attachment",
      "name": "cloudwatch_agent_server_policy",
      "provider": "provider[\"registry.terraform.io/hashicorp/aws\"]",
      "instances": [
        {
          "schema_version": 0,
          "attributes": {
            "id": "iac-nova-model-breaking-dev-instance-role/arn:aws:iam::aws:policy/CloudWatchAgentServerPolicy",
            "policy_arn": "arn:aws:iam::aws:policy/CloudWatchAgentServerPolicy",
            "role": "iac-nova-model-breaking-dev-instance-role"
          },
          "sensitive_attributes": [],
          "identity_schema_version": 0,
          "identity": {
            "account_id": "",
            "policy_arn": "arn:aws:iam::aws:policy/CloudWatchAgentServerPolicy",
            "role": "iac-nova-model-breaking-dev-instance-role"
          },
          "private": "bnVsbA==",
          "dependencies": [
            "aws_iam_role.instance_role"
          ]
        }
      ]
    },
    {
      "mode": "managed",
      "type": "aws_iam_role_policy_attachment",
      "name": "ssm_managed_instance_core",
      "provider": "provider[\"registry.terraform.io/hashicorp/aws\"]",
      "instances": [
        {
          "schema_version": 0,
          "attributes": {
            "id": "iac-nova-model-breaking-dev-instance-role/arn:aws:iam::aws:policy/AmazonSSMManagedInstanceCore",
            "policy_arn": "arn:aws:iam::aws:policy/AmazonSSMManagedInstanceCore",
            "role": "iac-nova-model-breaking-dev-instance-role"
          },
          "sensitive_attributes": [],
          "identity_schema_version": 0,
          "identity": {
            "account_id": "",
            "policy_arn": "arn:aws:iam::aws:policy/AmazonSSMManagedInstanceCore",
            "role": "iac-nova-model-breaking-dev-instance-role"
          },
          "private": "bnVsbA==",
          "dependencies": [
            "aws_iam_role.instance_role"
          ]
        }
      ]
    },
    {
      "mode": "managed",
      "type": "aws_internet_gateway",
      "name": "main",
      "provider": "provider[\"registry.terraform.io/hashicorp/aws\"]",
      "instances": [
        {
          "schema_version": 0,
          "attributes": {
            "arn": "arn:aws:ec2:us-west-2:000000000000:internet-gateway/igw-4fe0cbf50a1fac55f",
            "id": "igw-4fe0cbf50a1fac55f",
            "owner_id": "000000000000",
            "region": "us-west-2",
            "tags": {
              "Name": "iac-nova-model-breaking-dev-igw",
              "environment": "dev",
              "project": "iac-nova-model-breaking",
              "suffix": "dev"
            },
            "tags_all": {
              "Name": "iac-nova-model-breaking-dev-igw",
              "environment": "dev",
              "project": "iac-nova-model-breaking",
              "suffix": "dev"
            },
            "timeouts": null,
            "vpc_id": "vpc-b38e1f5c6bcaee4a0"
          },
          "sensitive_attributes": [],
          "identity_schema_version": 0,
          "private": "eyJlMmJmYjczMC1lY2FhLTExZTYtOGY4OC0zNDM2M2JjN2M0YzAiOnsiY3JlYXRlIjoxMjAwMDAwMDAwMDAwLCJkZWxldGUiOjEyMDAwMDAwMDAwMDAsInVwZGF0ZSI6MTIwMDAwMDAwMDAwMH19",
          "dependencies": [
            "aws_vpc.main"
          ]
        }
      ]
    },
    {
      "mode": "managed",
      "type": "aws_launch_template",
      "name": "app",
      "provider": "provider[\"registry.terraform.io/hashicorp/aws\"]",
      "instances": [
        {
          "schema_version": 1,
          "attributes": {
            "arn": "arn:aws:ec2:us-west-2::launch-template/lt-7decb4bc2836fa4c9",
            "block_device_mappings": [],
            "capacity_reservation_specification": [],
            "cpu_options": [],
            "credit_specification": [],
            "default_version": 1,
            "description": "",
            "disable_api_stop": false,
            "disable_api_termination": false,
            "ebs_optimized": "",
            "enclave_options": [],
            "hibernation_options": [],
            "iam_instance_profile": [
              {
                "arn": "",
                "name": "iac-nova-model-breaking-dev-instance-profile"
              }
            ],
            "id": "lt-7decb4bc2836fa4c9",
            "image_id": "ami-06d455b8b50b0de4d",
            "instance_initiated_shutdown_behavior": "",
            "instance_market_options": [],
            "instance_requirements": [],
            "instance_type": "t3.micro",
            "kernel_id": "",
            "key_name": "",
            "latest_version": 2,
            "license_specification": [],
            "maintenance_options": [],
            "metadata_options": [],
            "monitoring": [],
            "name": "iac-nova-model-breaking-dev-20251224064628874500000005",
            "name_prefix": "iac-nova-model-breaking-dev-",
            "network_interfaces": [],
            "placement": [],
            "private_dns_name_options": [],
            "ram_disk_id": "",
            "region": "us-west-2",
            "security_group_names": [],
            "tag_specifications": [
              {
                "resource_type": "instance",
                "tags": {
                  "Name": "iac-nova-model-breaking-dev-instance",
                  "environment": "dev",
                  "project": "iac-nova-model-breaking",
                  "suffix": "dev"
                }
              }
            ],
            "tags": {
              "Name": "iac-nova-model-breaking-dev-lt",
              "environment": "dev",
              "project": "iac-nova-model-breaking",
              "suffix": "dev"
            },
            "tags_all": {
              "Name": "iac-nova-model-breaking-dev-lt",
              "environment": "dev",
              "project": "iac-nova-model-breaking",
              "suffix": "dev"
            },
            "update_default_version": null,
            "user_data": "IyEvYmluL2Jhc2gKeXVtIHVwZGF0ZSAteQp5dW0gaW5zdGFsbCAteSBuZ2lueAoKIyBHZXQgaW5zdGFuY2UgSUQgd2l0aCBmYWxsYmFjayBmb3IgTG9jYWxTdGFjawpJTlNUQU5DRV9JRD0kKGN1cmwgLXMgLS1jb25uZWN0LXRpbWVvdXQgMiBodHRwOi8vMTY5LjI1NC4xNjkuMjU0L2xhdGVzdC9tZXRhLWRhdGEvaW5zdGFuY2UtaWQgMj4vZGV2L251bGwgfHwgZWNobyAibG9jYWxzdGFjay1pbnN0YW5jZS0kUkFORE9NIikKCiMgQ3JlYXRlIG5naW54IGluZGV4IHBhZ2UKY2F0ID4gL3Vzci9zaGFyZS9uZ2lueC9odG1sL2luZGV4Lmh0bWwgPDwgJ0hUTUwnCjwhRE9DVFlQRSBodG1sPgo8aHRtbD4KPGhlYWQ+CiAgICA8dGl0bGU+V2VsY29tZSB0byBpYWMtbm92YS1tb2RlbC1icmVha2luZy1kZXY8L3RpdGxlPgo8L2hlYWQ+Cjxib2R5PgogICAgPGgxPkhlbGxvIGZyb20gaWFjLW5vdmEtbW9kZWwtYnJlYWtpbmctZGV2PC9oMT4KICAgIDxwPkluc3RhbmNlIElEOiBJTlNUQU5DRV9JRF9QTEFDRUhPTERFUjwvcD4KICAgIDxwPkVudmlyb25tZW50OiBkZXY8L3A+CiAgICA8cD5Qcm9qZWN0OiBpYWMtbm92YS1tb2RlbC1icmVha2luZzwvcD4KICAgIDxwPlN1ZmZpeDogZGV2PC9wPgo8L2JvZHk+CjwvaHRtbD4KSFRNTAoKIyBSZXBsYWNlIHBsYWNlaG9sZGVyIHdpdGggYWN0dWFsIGluc3RhbmNlIElECnNlZCAtaSAicy9JTlNUQU5DRV9JRF9QTEFDRUhPTERFUi8kSU5TVEFOQ0VfSUQvZyIgL3Vzci9zaGFyZS9uZ2lueC9odG1sL2luZGV4Lmh0bWwKCiMgU3RhcnQgYW5kIGVuYWJsZSBuZ2lueApzeXN0ZW1jdGwgc3RhcnQgbmdpbngKc3lzdGVtY3RsIGVuYWJsZSBuZ2lueAoKIyBJbnN0YWxsIENsb3VkV2F0Y2ggQWdlbnQgKHNraXAgaWYgbm90IGF2YWlsYWJsZSkKeXVtIGluc3RhbGwgLXkgYW1hem9uLWNsb3Vkd2F0Y2gtYWdlbnQgMj4vZGV2L251bGwgfHwgZWNobyAiQ2xvdWRXYXRjaCBhZ2VudCBub3QgYXZhaWxhYmxlIgoKIyBHZXQgQ2xvdWRXYXRjaCBjb25maWcgZnJvbSBTU00gKHdpdGggZXJyb3IgaGFuZGxpbmcgZm9yIExvY2FsU3RhY2spCmF3cyBzc20gZ2V0LXBhcmFtZXRlciAtLW5hbWUgIi9hcHAvaWFjLW5vdmEtbW9kZWwtYnJlYWtpbmctZGV2L2Nsb3Vkd2F0Y2gvY29uZmlnIiAtLXJlZ2lvbiB1cy13ZXN0LTIgLS1xdWVyeSAnUGFyYW1ldGVyLlZhbHVlJyAtLW91dHB1dCB0ZXh0ID4gL29wdC9hd3MvYW1hem9uLWNsb3Vkd2F0Y2gtYWdlbnQvZXRjL2FtYXpvbi1jbG91ZHdhdGNoLWFnZW50Lmpzb24gMj4vZGV2L251bGwgfHwgZWNobyAiQ2xvdWRXYXRjaCBjb25maWcgbm90IHJldHJpZXZlZCIKCiMgU3RhcnQgQ2xvdWRXYXRjaCBBZ2VudCAoaWYgYXZhaWxhYmxlKQppZiBbIC1mIC9vcHQvYXdzL2FtYXpvbi1jbG91ZHdhdGNoLWFnZW50L2Jpbi9hbWF6b24tY2xvdWR3YXRjaC1hZ2VudC1jdGwgXTsgdGhlbgogIC9vcHQvYXdzL2FtYXpvbi1jbG91ZHdhdGNoLWFnZW50L2Jpbi9hbWF6b24tY2xvdWR3YXRjaC1hZ2VudC1jdGwgLWEgZmV0Y2gtY29uZmlnIC1tIGVjMiAtcyAtYyBmaWxlOi9vcHQvYXdzL2FtYXpvbi1jbG91ZHdhdGNoLWFnZW50L2V0Yy9hbWF6b24tY2xvdWR3YXRjaC1hZ2VudC5qc29uIHx8IGVjaG8gIkNsb3VkV2F0Y2ggYWdlbnQgbm90IHN0YXJ0ZWQiCmZpCg==",
            "vpc_security_group_ids": [
              "sg-e2ba1a5455ab99764"
            ]
          },
          "sensitive_attributes": [
            [
              {
                "type": "get_attr",
                "value": "image_id"
              }
            ]
          ],
          "identity_schema_version": 0,
          "private": "eyJzY2hlbWFfdmVyc2lvbiI6IjEifQ==",
          "dependencies": [
            "aws_iam_instance_profile.instance_profile",
            "aws_iam_role.instance_role",
            "aws_security_group.alb",
            "aws_security_group.app",
            "aws_vpc.main",
            "data.aws_ssm_parameter.amazon_linux_ami"
          ],
          "create_before_destroy": true
        }
      ]
    },
    {
      "mode": "managed",
      "type": "aws_lb",
      "name": "app",
      "provider": "provider[\"registry.terraform.io/hashicorp/aws\"]",
      "instances": [
        {
          "schema_version": 0,
          "attributes": {
            "access_logs": [
              {
                "bucket": "",
                "enabled": false,
                "prefix": ""
              }
            ],
            "arn": "arn:aws:elasticloadbalancing:us-west-2:000000000000:loadbalancer/app/iac-nova-model-breaking-dev-alb/1e52f50ac1b979dc",
            "arn_suffix": "app/iac-nova-model-breaking-dev-alb/1e52f50ac1b979dc",
            "client_keep_alive": 3600,
            "connection_logs": [
              {
                "bucket": "",
                "enabled": false,
                "prefix": ""
              }
            ],
            "customer_owned_ipv4_pool": "",
            "desync_mitigation_mode": "defensive",
            "dns_name": "iac-nova-model-breaking-dev-alb.elb.localhost.localstack.cloud",
            "dns_record_client_routing_policy": null,
            "drop_invalid_header_fields": false,
            "enable_cross_zone_load_balancing": false,
            "enable_deletion_protection": false,
            "enable_http2": true,
            "enable_tls_version_and_cipher_suite_headers": false,
            "enable_waf_fail_open": false,
            "enable_xff_client_port": false,
            "enable_zonal_shift": false,
            "enforce_security_group_inbound_rules_on_private_link_traffic": "",
            "health_check_logs": [
              {
                "bucket": "",
                "enabled": false,
                "prefix": ""
              }
            ],
            "id": "arn:aws:elasticloadbalancing:us-west-2:000000000000:loadbalancer/app/iac-nova-model-breaking-dev-alb/1e52f50ac1b979dc",
            "idle_timeout": 60,
            "internal": false,
            "ip_address_type": "ipv4",
            "ipam_pools": [],
            "load_balancer_type": "application",
            "minimum_load_balancer_capacity": [],
            "name": "iac-nova-model-breaking-dev-alb",
            "name_prefix": "",
            "preserve_host_header": false,
            "region": "us-west-2",
            "secondary_ips_auto_assigned_per_subnet": null,
            "security_groups": [
              "sg-b54cb27821bffbcd5"
            ],
            "subnet_mapping": [
              {
                "allocation_id": "",
                "ipv6_address": "",
                "outpost_id": "",
                "private_ipv4_address": "",
                "subnet_id": "subnet-43168c4caff6078cb"
              },
              {
                "allocation_id": "",
                "ipv6_address": "",
                "outpost_id": "",
                "private_ipv4_address": "",
                "subnet_id": "subnet-7ef6938f2101d55cd"
              }
            ],
            "subnets": [
              "subnet-43168c4caff6078cb",
              "subnet-7ef6938f2101d55cd"
            ],
            "tags": {
              "Name": "iac-nova-model-breaking-dev-alb",
              "environment": "dev",
              "project": "iac-nova-model-breaking",
              "suffix": "dev"
            },
            "tags_all": {
              "Name": "iac-nova-model-breaking-dev-alb",
              "environment": "dev",
              "project": "iac-nova-model-breaking",
              "suffix": "dev"
            },
            "timeouts": null,
            "vpc_id": "vpc-b38e1f5c6bcaee4a0",
            "xff_header_processing_mode": "append",
            "zone_id": "Z2P70J7EXAMPLE"
          },
          "sensitive_attributes": [],
          "identity_schema_version": 0,
          "private": "eyJlMmJmYjczMC1lY2FhLTExZTYtOGY4OC0zNDM2M2JjN2M0YzAiOnsiY3JlYXRlIjo2MDAwMDAwMDAwMDAsImRlbGV0ZSI6NjAwMDAwMDAwMDAwLCJ1cGRhdGUiOjYwMDAwMDAwMDAwMH19",
          "dependencies": [
            "aws_security_group.alb",
            "aws_subnet.public",
            "aws_vpc.main",
            "data.aws_availability_zones.available"
          ]
        }
      ]
    },
    {
      "mode": "managed",
      "type": "aws_lb_target_group",
      "name": "app",
      "provider": "provider[\"registry.terraform.io/hashicorp/aws\"]",
      "instances": [
        {
          "schema_version": 0,
          "attributes": {
            "arn": "arn:aws:elasticloadbalancing:us-west-2:000000000000:targetgroup/iac-nova-model-breaking-dev-tg/0c83f7a3839f8c92",
            "arn_suffix": "targetgroup/iac-nova-model-breaking-dev-tg/0c83f7a3839f8c92",
            "connection_termination": null,
            "deregistration_delay": "300",
            "health_check": [
              {
                "enabled": true,
                "healthy_threshold": 2,
                "interval": 30,
                "matcher": "200",
                "path": "/",
                "port": "traffic-port",
                "protocol": "HTTP",
                "timeout": 5,
                "unhealthy_threshold": 2
              }
            ],
            "id": "arn:aws:elasticloadbalancing:us-west-2:000000000000:targetgroup/iac-nova-model-breaking-dev-tg/0c83f7a3839f8c92",
            "ip_address_type": "ipv4",
            "lambda_multi_value_headers_enabled": false,
            "load_balancer_arns": [],
            "load_balancing_algorithm_type": "round_robin",
            "load_balancing_anomaly_mitigation": null,
            "load_balancing_cross_zone_enabled": "use_load_balancer_configuration",
            "name": "iac-nova-model-breaking-dev-tg",
            "name_prefix": "",
            "port": 80,
            "preserve_client_ip": null,
            "protocol": "HTTP",
            "protocol_version": "HTTP1",
            "proxy_protocol_v2": false,
            "region": "us-west-2",
            "slow_start": 0,
            "stickiness": [
              {
                "cookie_duration": 0,
                "cookie_name": "",
                "enabled": false,
                "type": "lb_cookie"
              }
            ],
            "tags": {
              "Name": "iac-nova-model-breaking-dev-tg",
              "environment": "dev",
              "project": "iac-nova-model-breaking",
              "suffix": "dev"
            },
            "tags_all": {
              "Name": "iac-nova-model-breaking-dev-tg",
              "environment": "dev",
              "project": "iac-nova-model-breaking",
              "suffix": "dev"
            },
            "target_control_port": 0,
            "target_failover": [
              {
                "on_deregistration": null,
                "on_unhealthy": null
              }
            ],
            "target_group_health": [
              {
                "dns_failover": [
                  {
                    "minimum_healthy_targets_count": null,
                    "minimum_healthy_targets_percentage": null
                  }
                ],
                "unhealthy_state_routing": [
                  {
                    "minimum_healthy_targets_count": null,
                    "minimum_healthy_targets_percentage": null
                  }
                ]
              }
            ],
            "target_health_state": [
              {
                "enable_unhealthy_connection_termination": null,
                "unhealthy_draining_interval": null
              }
            ],
            "target_type": "instance",
            "vpc_id": "vpc-b38e1f5c6bcaee4a0"
          },
          "sensitive_attributes": [],
          "identity_schema_version": 0,
          "identity": {
            "arn": "arn:aws:elasticloadbalancing:us-west-2:000000000000:targetgroup/iac-nova-model-breaking-dev-tg/0c83f7a3839f8c92"
          },
          "private": "bnVsbA==",
          "dependencies": [
            "aws_vpc.main"
          ],
          "create_before_destroy": true
        }
      ]
    },
    {
      "mode": "managed",
      "type": "aws_nat_gateway",
      "name": "main",
      "provider": "provider[\"registry.terraform.io/hashicorp/aws\"]",
      "instances": [
        {
          "index_key": 0,
          "schema_version": 0,
          "attributes": {
            "allocation_id": "eipalloc-b54a5c69a2ffedc5c",
            "association_id": null,
            "auto_provision_zones": null,
            "auto_scaling_ips": null,
            "availability_mode": "",
            "availability_zone_address": [],
            "connectivity_type": "public",
            "id": "nat-fb8c25ea4fcb2aeb2",
            "network_interface_id": null,
            "private_ip": null,
            "public_ip": null,
            "region": "us-west-2",
            "regional_nat_gateway_address": [],
            "regional_nat_gateway_auto_mode": null,
            "route_table_id": null,
            "secondary_allocation_ids": [],
            "secondary_private_ip_address_count": null,
            "secondary_private_ip_addresses": [],
            "subnet_id": "subnet-43168c4caff6078cb",
            "tags": {
              "Name": "iac-nova-model-breaking-dev-nat-gw-1",
              "environment": "dev",
              "project": "iac-nova-model-breaking",
              "suffix": "dev"
            },
            "tags_all": {
              "Name": "iac-nova-model-breaking-dev-nat-gw-1",
              "environment": "dev",
              "project": "iac-nova-model-breaking",
              "suffix": "dev"
            },
            "timeouts": null,
            "vpc_id": "vpc-b38e1f5c6bcaee4a0"
          },
          "sensitive_attributes": [],
          "identity_schema_version": 0,
          "private": "eyJlMmJmYjczMC1lY2FhLTExZTYtOGY4OC0zNDM2M2JjN2M0YzAiOnsiY3JlYXRlIjo2MDAwMDAwMDAwMDAsImRlbGV0ZSI6MTgwMDAwMDAwMDAwMCwidXBkYXRlIjo2MDAwMDAwMDAwMDB9fQ==",
          "dependencies": [
            "aws_eip.nat",
            "aws_internet_gateway.main",
            "aws_subnet.public",
            "aws_vpc.main",
            "data.aws_availability_zones.available"
          ]
        },
        {
          "index_key": 1,
          "schema_version": 0,
          "attributes": {
            "allocation_id": "eipalloc-4c7dacf157fe3c58a",
            "association_id": null,
            "auto_provision_zones": null,
            "auto_scaling_ips": null,
            "availability_mode": "",
            "availability_zone_address": [],
            "connectivity_type": "public",
            "id": "nat-e7704308cf0f86c41",
            "network_interface_id": null,
            "private_ip": null,
            "public_ip": null,
            "region": "us-west-2",
            "regional_nat_gateway_address": [],
            "regional_nat_gateway_auto_mode": null,
            "route_table_id": null,
            "secondary_allocation_ids": [],
            "secondary_private_ip_address_count": null,
            "secondary_private_ip_addresses": [],
            "subnet_id": "subnet-7ef6938f2101d55cd",
            "tags": {
              "Name": "iac-nova-model-breaking-dev-nat-gw-2",
              "environment": "dev",
              "project": "iac-nova-model-breaking",
              "suffix": "dev"
            },
            "tags_all": {
              "Name": "iac-nova-model-breaking-dev-nat-gw-2",
              "environment": "dev",
              "project": "iac-nova-model-breaking",
              "suffix": "dev"
            },
            "timeouts": null,
            "vpc_id": "vpc-b38e1f5c6bcaee4a0"
          },
          "sensitive_attributes": [],
          "identity_schema_version": 0,
          "private": "eyJlMmJmYjczMC1lY2FhLTExZTYtOGY4OC0zNDM2M2JjN2M0YzAiOnsiY3JlYXRlIjo2MDAwMDAwMDAwMDAsImRlbGV0ZSI6MTgwMDAwMDAwMDAwMCwidXBkYXRlIjo2MDAwMDAwMDAwMDB9fQ==",
          "dependencies": [
            "aws_eip.nat",
            "aws_internet_gateway.main",
            "aws_subnet.public",
            "aws_vpc.main",
            "data.aws_availability_zones.available"
          ]
        }
      ]
    },
    {
      "mode": "managed",
      "type": "aws_route_table",
      "name": "private",
      "provider": "provider[\"registry.terraform.io/hashicorp/aws\"]",
      "instances": [
        {
          "index_key": 0,
          "schema_version": 0,
          "attributes": {
            "arn": "arn:aws:ec2:us-west-2:000000000000:route-table/rtb-193294c30c76483a1",
            "id": "rtb-193294c30c76483a1",
            "owner_id": "000000000000",
            "propagating_vgws": [],
            "region": "us-west-2",
            "route": [
              {
                "carrier_gateway_id": "",
                "cidr_block": "0.0.0.0/0",
                "core_network_arn": "",
                "destination_prefix_list_id": "",
                "egress_only_gateway_id": "",
                "gateway_id": "",
                "ipv6_cidr_block": "",
                "local_gateway_id": "",
                "nat_gateway_id": "nat-fb8c25ea4fcb2aeb2",
                "network_interface_id": "",
                "transit_gateway_id": "",
                "vpc_endpoint_id": "",
                "vpc_peering_connection_id": ""
              }
            ],
            "tags": {
              "Name": "iac-nova-model-breaking-dev-private-rt-1",
              "environment": "dev",
              "project": "iac-nova-model-breaking",
              "suffix": "dev"
            },
            "tags_all": {
              "Name": "iac-nova-model-breaking-dev-private-rt-1",
              "environment": "dev",
              "project": "iac-nova-model-breaking",
              "suffix": "dev"
            },
            "timeouts": null,
            "vpc_id": "vpc-b38e1f5c6bcaee4a0"
          },
          "sensitive_attributes": [],
          "identity_schema_version": 0,
          "identity": {
            "account_id": "",
            "id": "rtb-193294c30c76483a1",
            "region": "us-west-2"
          },
          "private": "eyJlMmJmYjczMC1lY2FhLTExZTYtOGY4OC0zNDM2M2JjN2M0YzAiOnsiY3JlYXRlIjozMDAwMDAwMDAwMDAsImRlbGV0ZSI6MzAwMDAwMDAwMDAwLCJ1cGRhdGUiOjEyMDAwMDAwMDAwMH19",
          "dependencies": [
            "aws_eip.nat",
            "aws_internet_gateway.main",
            "aws_nat_gateway.main",
            "aws_subnet.public",
            "aws_vpc.main",
            "data.aws_availability_zones.available"
          ]
        },
        {
          "index_key": 1,
          "schema_version": 0,
          "attributes": {
            "arn": "arn:aws:ec2:us-west-2:000000000000:route-table/rtb-85df71faf641c6865",
            "id": "rtb-85df71faf641c6865",
            "owner_id": "000000000000",
            "propagating_vgws": [],
            "region": "us-west-2",
            "route": [
              {
                "carrier_gateway_id": "",
                "cidr_block": "0.0.0.0/0",
                "core_network_arn": "",
                "destination_prefix_list_id": "",
                "egress_only_gateway_id": "",
                "gateway_id": "",
                "ipv6_cidr_block": "",
                "local_gateway_id": "",
                "nat_gateway_id": "nat-e7704308cf0f86c41",
                "network_interface_id": "",
                "transit_gateway_id": "",
                "vpc_endpoint_id": "",
                "vpc_peering_connection_id": ""
              }
            ],
            "tags": {
              "Name": "iac-nova-model-breaking-dev-private-rt-2",
              "environment": "dev",
              "project": "iac-nova-model-breaking",
              "suffix": "dev"
            },
            "tags_all": {
              "Name": "iac-nova-model-breaking-dev-private-rt-2",
              "environment": "dev",
              "project": "iac-nova-model-breaking",
              "suffix": "dev"
            },
            "timeouts": null,
            "vpc_id": "vpc-b38e1f5c6bcaee4a0"
          },
          "sensitive_attributes": [],
          "identity_schema_version": 0,
          "identity": {
            "account_id": "",
            "id": "rtb-85df71faf641c6865",
            "region": "us-west-2"
          },
          "private": "eyJlMmJmYjczMC1lY2FhLTExZTYtOGY4OC0zNDM2M2JjN2M0YzAiOnsiY3JlYXRlIjozMDAwMDAwMDAwMDAsImRlbGV0ZSI6MzAwMDAwMDAwMDAwLCJ1cGRhdGUiOjEyMDAwMDAwMDAwMH19",
          "dependencies": [
            "aws_eip.nat",
            "aws_internet_gateway.main",
            "aws_nat_gateway.main",
            "aws_subnet.public",
            "aws_vpc.main",
            "data.aws_availability_zones.available"
          ]
        }
      ]
    },
    {
      "mode": "managed",
      "type": "aws_route_table",
      "name": "public",
      "provider": "provider[\"registry.terraform.io/hashicorp/aws\"]",
      "instances": [
        {
          "schema_version": 0,
          "attributes": {
            "arn": "arn:aws:ec2:us-west-2:000000000000:route-table/rtb-fea39bad93774baf5",
            "id": "rtb-fea39bad93774baf5",
            "owner_id": "000000000000",
            "propagating_vgws": [],
            "region": "us-west-2",
            "route": [
              {
                "carrier_gateway_id": "",
                "cidr_block": "0.0.0.0/0",
                "core_network_arn": "",
                "destination_prefix_list_id": "",
                "egress_only_gateway_id": "",
                "gateway_id": "igw-4fe0cbf50a1fac55f",
                "ipv6_cidr_block": "",
                "local_gateway_id": "",
                "nat_gateway_id": "",
                "network_interface_id": "",
                "transit_gateway_id": "",
                "vpc_endpoint_id": "",
                "vpc_peering_connection_id": ""
              }
            ],
            "tags": {
              "Name": "iac-nova-model-breaking-dev-public-rt",
              "environment": "dev",
              "project": "iac-nova-model-breaking",
              "suffix": "dev"
            },
            "tags_all": {
              "Name": "iac-nova-model-breaking-dev-public-rt",
              "environment": "dev",
              "project": "iac-nova-model-breaking",
              "suffix": "dev"
            },
            "timeouts": null,
            "vpc_id": "vpc-b38e1f5c6bcaee4a0"
          },
          "sensitive_attributes": [],
          "identity_schema_version": 0,
          "identity": {
            "account_id": "",
            "id": "rtb-fea39bad93774baf5",
            "region": "us-west-2"
          },
          "private": "eyJlMmJmYjczMC1lY2FhLTExZTYtOGY4OC0zNDM2M2JjN2M0YzAiOnsiY3JlYXRlIjozMDAwMDAwMDAwMDAsImRlbGV0ZSI6MzAwMDAwMDAwMDAwLCJ1cGRhdGUiOjEyMDAwMDAwMDAwMH19",
          "dependencies": [
            "aws_internet_gateway.main",
            "aws_vpc.main"
          ]
        }
      ]
    },
    {
      "mode": "managed",
      "type": "aws_route_table_association",
      "name": "private",
      "provider": "provider[\"registry.terraform.io/hashicorp/aws\"]",
      "instances": [
        {
          "index_key": 0,
          "schema_version": 0,
          "attributes": {
            "gateway_id": "",
            "id": "rtbassoc-756609b7818bded82",
            "region": "us-west-2",
            "route_table_id": "rtb-193294c30c76483a1",
            "subnet_id": "subnet-c209680119e0891d7",
            "timeouts": null
          },
          "sensitive_attributes": [],
          "identity_schema_version": 0,
          "private": "eyJlMmJmYjczMC1lY2FhLTExZTYtOGY4OC0zNDM2M2JjN2M0YzAiOnsiY3JlYXRlIjozMDAwMDAwMDAwMDAsImRlbGV0ZSI6MzAwMDAwMDAwMDAwLCJ1cGRhdGUiOjEyMDAwMDAwMDAwMH19",
          "dependencies": [
            "aws_eip.nat",
            "aws_internet_gateway.main",
            "aws_nat_gateway.main",
            "aws_route_table.private",
            "aws_subnet.private",
            "aws_subnet.public",
            "aws_vpc.main",
            "data.aws_availability_zones.available"
          ]
        },
        {
          "index_key": 1,
          "schema_version": 0,
          "attributes": {
            "gateway_id": "",
            "id": "rtbassoc-f7927b95874c28b6d",
            "region": "us-west-2",
            "route_table_id": "rtb-85df71faf641c6865",
            "subnet_id": "subnet-0e84bd0d4fc38dff0",
            "timeouts": null
          },
          "sensitive_attributes": [],
          "identity_schema_version": 0,
          "private": "eyJlMmJmYjczMC1lY2FhLTExZTYtOGY4OC0zNDM2M2JjN2M0YzAiOnsiY3JlYXRlIjozMDAwMDAwMDAwMDAsImRlbGV0ZSI6MzAwMDAwMDAwMDAwLCJ1cGRhdGUiOjEyMDAwMDAwMDAwMH19",
          "dependencies": [
            "aws_eip.nat",
            "aws_internet_gateway.main",
            "aws_nat_gateway.main",
            "aws_route_table.private",
            "aws_subnet.private",
            "aws_subnet.public",
            "aws_vpc.main",
            "data.aws_availability_zones.available"
          ]
        }
      ]
    },
    {
      "mode": "managed",
      "type": "aws_route_table_association",
      "name": "public",
      "provider": "provider[\"registry.terraform.io/hashicorp/aws\"]",
      "instances": [
        {
          "index_key": 0,
          "schema_version": 0,
          "attributes": {
            "gateway_id": "",
            "id": "rtbassoc-91e4957fe12ab9873",
            "region": "us-west-2",
            "route_table_id": "rtb-fea39bad93774baf5",
            "subnet_id": "subnet-43168c4caff6078cb",
            "timeouts": null
          },
          "sensitive_attributes": [],
          "identity_schema_version": 0,
          "private": "eyJlMmJmYjczMC1lY2FhLTExZTYtOGY4OC0zNDM2M2JjN2M0YzAiOnsiY3JlYXRlIjozMDAwMDAwMDAwMDAsImRlbGV0ZSI6MzAwMDAwMDAwMDAwLCJ1cGRhdGUiOjEyMDAwMDAwMDAwMH19",
          "dependencies": [
            "aws_internet_gateway.main",
            "aws_route_table.public",
            "aws_subnet.public",
            "aws_vpc.main",
            "data.aws_availability_zones.available"
          ]
        },
        {
          "index_key": 1,
          "schema_version": 0,
          "attributes": {
            "gateway_id": "",
            "id": "rtbassoc-6c1850e3a006f038e",
            "region": "us-west-2",
            "route_table_id": "rtb-fea39bad93774baf5",
            "subnet_id": "subnet-7ef6938f2101d55cd",
            "timeouts": null
          },
          "sensitive_attributes": [],
          "identity_schema_version": 0,
          "private": "eyJlMmJmYjczMC1lY2FhLTExZTYtOGY4OC0zNDM2M2JjN2M0YzAiOnsiY3JlYXRlIjozMDAwMDAwMDAwMDAsImRlbGV0ZSI6MzAwMDAwMDAwMDAwLCJ1cGRhdGUiOjEyMDAwMDAwMDAwMH19",
          "dependencies": [
            "aws_internet_gateway.main",
            "aws_route_table.public",
            "aws_subnet.public",
            "aws_vpc.main",
            "data.aws_availability_zones.available"
          ]
        }
      ]
    },
    {
      "mode": "managed",
      "type": "aws_security_group",
      "name": "alb",
      "provider": "provider[\"registry.terraform.io/hashicorp/aws\"]",
      "instances": [
        {
          "schema_version": 1,
          "attributes": {
            "arn": "arn:aws:ec2:us-west-2:000000000000:security-group/sg-b54cb27821bffbcd5",
            "description": "Managed by Terraform",
            "egress": [
              {
                "cidr_blocks": [
                  "0.0.0.0/0"
                ],
                "description": "",
                "from_port": 0,
                "ipv6_cidr_blocks": [],
                "prefix_list_ids": [],
                "protocol": "-1",
                "security_groups": [],
                "self": false,
                "to_port": 0
              }
            ],
            "id": "sg-b54cb27821bffbcd5",
            "ingress": [
              {
                "cidr_blocks": [
                  "0.0.0.0/0"
                ],
                "description": "HTTP",
                "from_port": 80,
                "ipv6_cidr_blocks": [],
                "prefix_list_ids": [],
                "protocol": "tcp",
                "security_groups": [],
                "self": false,
                "to_port": 80
              },
              {
                "cidr_blocks": [
                  "0.0.0.0/0"
                ],
                "description": "HTTPS",
                "from_port": 443,
                "ipv6_cidr_blocks": [],
                "prefix_list_ids": [],
                "protocol": "tcp",
                "security_groups": [],
                "self": false,
                "to_port": 443
              }
            ],
            "name": "iac-nova-model-breaking-dev-alb-20251224064627848400000001",
            "name_prefix": "iac-nova-model-breaking-dev-alb-",
            "owner_id": "000000000000",
            "region": "us-west-2",
            "revoke_rules_on_delete": false,
            "tags": {
              "Name": "iac-nova-model-breaking-dev-alb-sg",
              "environment": "dev",
              "project": "iac-nova-model-breaking",
              "suffix": "dev"
            },
            "tags_all": {
              "Name": "iac-nova-model-breaking-dev-alb-sg",
              "environment": "dev",
              "project": "iac-nova-model-breaking",
              "suffix": "dev"
            },
            "timeouts": null,
            "vpc_id": "vpc-b38e1f5c6bcaee4a0"
          },
          "sensitive_attributes": [],
          "identity_schema_version": 0,
          "identity": {
            "account_id": "",
            "id": "sg-b54cb27821bffbcd5",
            "region": "us-west-2"
          },
          "private": "eyJlMmJmYjczMC1lY2FhLTExZTYtOGY4OC0zNDM2M2JjN2M0YzAiOnsiY3JlYXRlIjo2MDAwMDAwMDAwMDAsImRlbGV0ZSI6OTAwMDAwMDAwMDAwfSwic2NoZW1hX3ZlcnNpb24iOiIxIn0=",
          "dependencies": [
            "aws_vpc.main"
          ],
          "create_before_destroy": true
        }
      ]
    },
    {
      "mode": "managed",
      "type": "aws_security_group",
      "name": "app",
      "provider": "provider[\"registry.terraform.io/hashicorp/aws\"]",
      "instances": [
        {
          "schema_version": 1,
          "attributes": {
            "arn": "arn:aws:ec2:us-west-2:000000000000:security-group/sg-e2ba1a5455ab99764",
            "description": "Managed by Terraform",
            "egress": [
              {
                "cidr_blocks": [
                  "0.0.0.0/0"
                ],
                "description": "",
                "from_port": 0,
                "ipv6_cidr_blocks": [],
                "prefix_list_ids": [],
                "protocol": "-1",
                "security_groups": [],
                "self": false,
                "to_port": 0
              }
            ],
            "id": "sg-e2ba1a5455ab99764",
            "ingress": [
              {
                "cidr_blocks": [],
                "description": "HTTP from ALB",
                "from_port": 80,
                "ipv6_cidr_blocks": [],
                "prefix_list_ids": [],
                "protocol": "tcp",
                "security_groups": [
                  "sg-b54cb27821bffbcd5"
                ],
                "self": false,
                "to_port": 80
              }
            ],
            "name": "iac-nova-model-breaking-dev-app-20251224064628457800000003",
            "name_prefix": "iac-nova-model-breaking-dev-app-",
            "owner_id": "000000000000",
            "region": "us-west-2",
            "revoke_rules_on_delete": false,
            "tags": {
              "Name": "iac-nova-model-breaking-dev-app-sg",
              "environment": "dev",
              "project": "iac-nova-model-breaking",
              "suffix": "dev"
            },
            "tags_all": {
              "Name": "iac-nova-model-breaking-dev-app-sg",
              "environment": "dev",
              "project": "iac-nova-model-breaking",
              "suffix": "dev"
            },
            "timeouts": null,
            "vpc_id": "vpc-b38e1f5c6bcaee4a0"
          },
          "sensitive_attributes": [],
          "identity_schema_version": 0,
          "identity": {
            "account_id": "",
            "id": "sg-e2ba1a5455ab99764",
            "region": "us-west-2"
          },
          "private": "eyJlMmJmYjczMC1lY2FhLTExZTYtOGY4OC0zNDM2M2JjN2M0YzAiOnsiY3JlYXRlIjo2MDAwMDAwMDAwMDAsImRlbGV0ZSI6OTAwMDAwMDAwMDAwfSwic2NoZW1hX3ZlcnNpb24iOiIxIn0=",
          "dependencies": [
            "aws_security_group.alb",
            "aws_vpc.main"
          ],
          "create_before_destroy": true
        }
      ]
    },
    {
      "mode": "managed",
      "type": "aws_security_group",
      "name": "rds",
      "provider": "provider[\"registry.terraform.io/hashicorp/aws\"]",
      "instances": [
        {
          "schema_version": 1,
          "attributes": {
            "arn": "arn:aws:ec2:us-west-2:000000000000:security-group/sg-527e74d1efd9cb537",
            "description": "Managed by Terraform",
            "egress": [
              {
                "cidr_blocks": [
                  "0.0.0.0/0"
                ],
                "description": "",
                "from_port": 0,
                "ipv6_cidr_blocks": [],
                "prefix_list_ids": [],
                "protocol": "-1",
                "security_groups": [],
                "self": false,
                "to_port": 0
              }
            ],
            "id": "sg-527e74d1efd9cb537",
            "ingress": [
              {
                "cidr_blocks": [],
                "description": "PostgreSQL from App",
                "from_port": 5432,
                "ipv6_cidr_blocks": [],
                "prefix_list_ids": [],
                "protocol": "tcp",
                "security_groups": [
                  "sg-e2ba1a5455ab99764"
                ],
                "self": false,
                "to_port": 5432
              }
            ],
            "name": "iac-nova-model-breaking-dev-rds-20251224064628857300000004",
            "name_prefix": "iac-nova-model-breaking-dev-rds-",
            "owner_id": "000000000000",
            "region": "us-west-2",
            "revoke_rules_on_delete": false,
            "tags": {
              "Name": "iac-nova-model-breaking-dev-rds-sg",
              "environment": "dev",
              "project": "iac-nova-model-breaking",
              "suffix": "dev"
            },
            "tags_all": {
              "Name": "iac-nova-model-breaking-dev-rds-sg",
              "environment": "dev",
              "project": "iac-nova-model-breaking",
              "suffix": "dev"
            },
            "timeouts": null,
            "vpc_id": "vpc-b38e1f5c6bcaee4a0"
          },
          "sensitive_attributes": [],
          "identity_schema_version": 0,
          "identity": {
            "account_id": "",
            "id": "sg-527e74d1efd9cb537",
            "region": "us-west-2"
          },
          "private": "eyJlMmJmYjczMC1lY2FhLTExZTYtOGY4OC0zNDM2M2JjN2M0YzAiOnsiY3JlYXRlIjo2MDAwMDAwMDAwMDAsImRlbGV0ZSI6OTAwMDAwMDAwMDAwfSwic2NoZW1hX3ZlcnNpb24iOiIxIn0=",
          "dependencies": [
            "aws_security_group.alb",
            "aws_security_group.app",
            "aws_vpc.main"
          ],
          "create_before_destroy": true
        }
      ]
    },
    {
      "mode": "managed",
      "type": "aws_ssm_parameter",
      "name": "app_config",
      "provider": "provider[\"registry.terraform.io/hashicorp/aws\"]",
      "instances": [
        {
          "schema_version": 0,
          "attributes": {
            "allowed_pattern": "",
            "arn": "arn:aws:ssm:us-west-2:000000000000:parameter/app/iac-nova-model-breaking-dev/app/config_json",
            "data_type": "text",
            "description": "",
            "has_value_wo": false,
            "id": "/app/iac-nova-model-breaking-dev/app/config_json",
            "insecure_value": null,
            "key_id": "",
            "name": "/app/iac-nova-model-breaking-dev/app/config_json",
            "overwrite": null,
            "region": "us-west-2",
            "tags": {
              "Name": "iac-nova-model-breaking-dev-app-config",
              "environment": "dev",
              "project": "iac-nova-model-breaking",
              "suffix": "dev"
            },
            "tags_all": {
              "Name": "iac-nova-model-breaking-dev-app-config",
              "environment": "dev",
              "project": "iac-nova-model-breaking",
              "suffix": "dev"
            },
            "tier": "",
            "type": "String",
            "value": "{\"app_name\":\"iac-nova-model-breaking-dev\",\"environment\":\"dev\",\"features\":{\"logging_enabled\":true,\"metrics_enabled\":true},\"version\":\"1.0.0\"}",
            "value_wo": null,
            "value_wo_version": null,
            "version": 1
          },
          "sensitive_attributes": [
            [
              {
                "type": "get_attr",
                "value": "value"
              }
            ],
            [
              {
                "type": "get_attr",
                "value": "value_wo"
              }
            ]
          ],
          "identity_schema_version": 0,
          "identity": {
            "account_id": "",
            "name": "/app/iac-nova-model-breaking-dev/app/config_json",
            "region": "us-west-2"
          },
          "private": "bnVsbA=="
        }
      ]
    },
    {
      "mode": "managed",
      "type": "aws_ssm_parameter",
      "name": "cloudwatch_config",
      "provider": "provider[\"registry.terraform.io/hashicorp/aws\"]",
      "instances": [
        {
          "schema_version": 0,
          "attributes": {
            "allowed_pattern": "",
            "arn": "arn:aws:ssm:us-west-2:000000000000:parameter/app/iac-nova-model-breaking-dev/cloudwatch/config",
            "data_type": "text",
            "description": "",
            "has_value_wo": false,
            "id": "/app/iac-nova-model-breaking-dev/cloudwatch/config",
            "insecure_value": null,
            "key_id": "",
            "name": "/app/iac-nova-model-breaking-dev/cloudwatch/config",
            "overwrite": null,
            "region": "us-west-2",
            "tags": {
              "Name": "iac-nova-model-breaking-dev-cloudwatch-config",
              "environment": "dev",
              "project": "iac-nova-model-breaking",
              "suffix": "dev"
            },
            "tags_all": {
              "Name": "iac-nova-model-breaking-dev-cloudwatch-config",
              "environment": "dev",
              "project": "iac-nova-model-breaking",
              "suffix": "dev"
            },
            "tier": "",
            "type": "String",
            "value": "{\"agent\":{\"metrics_collection_interval\":60,\"run_as_user\":\"cwagent\"},\"logs\":{\"logs_collected\":{\"files\":{\"collect_list\":[{\"file_path\":\"/var/log/messages\",\"log_group_name\":\"/app/iac-nova-model-breaking-dev/web\",\"log_stream_name\":\"{instance_id}/messages\",\"timezone\":\"UTC\"},{\"file_path\":\"/var/log/nginx/access.log\",\"log_group_name\":\"/app/iac-nova-model-breaking-dev/web\",\"log_stream_name\":\"{instance_id}/nginx-access\",\"timezone\":\"UTC\"},{\"file_path\":\"/var/log/nginx/error.log\",\"log_group_name\":\"/app/iac-nova-model-breaking-dev/web\",\"log_stream_name\":\"{instance_id}/nginx-error\",\"timezone\":\"UTC\"}]}}}}",
            "value_wo": null,
            "value_wo_version": null,
            "version": 1
          },
          "sensitive_attributes": [
            [
              {
                "type": "get_attr",
                "value": "value"
              }
            ],
            [
              {
                "type": "get_attr",
                "value": "value_wo"
              }
            ]
          ],
          "identity_schema_version": 0,
          "identity": {
            "account_id": "",
            "name": "/app/iac-nova-model-breaking-dev/cloudwatch/config",
            "region": "us-west-2"
          },
          "private": "bnVsbA=="
        }
      ]
    },
    {
      "mode": "managed",
      "type": "aws_ssm_parameter",
      "name": "db_password",
      "provider": "provider[\"registry.terraform.io/hashicorp/aws\"]",
      "instances": [
        {
          "schema_version": 0,
          "attributes": {
            "allowed_pattern": "",
            "arn": "arn:aws:ssm:us-west-2:000000000000:parameter/app/iac-nova-model-breaking-dev/db/password",
            "data_type": "text",
            "description": "",
            "has_value_wo": false,
            "id": "/app/iac-nova-model-breaking-dev/db/password",
            "insecure_value": null,
            "key_id": "alias/aws/ssm",
            "name": "/app/iac-nova-model-breaking-dev/db/password",
            "overwrite": null,
            "region": "us-west-2",
            "tags": {
              "Name": "iac-nova-model-breaking-dev-db-password",
              "environment": "dev",
              "project": "iac-nova-model-breaking",
              "suffix": "dev"
            },
            "tags_all": {
              "Name": "iac-nova-model-breaking-dev-db-password",
              "environment": "dev",
              "project": "iac-nova-model-breaking",
              "suffix": "dev"
            },
            "tier": "",
            "type": "SecureString",
            "value": "b$=pfyNmP=N::G*w",
            "value_wo": null,
            "value_wo_version": null,
            "version": 1
          },
          "sensitive_attributes": [
            [
              {
                "type": "get_attr",
                "value": "value"
              }
            ],
            [
              {
                "type": "get_attr",
                "value": "value_wo"
              }
            ]
          ],
          "identity_schema_version": 0,
          "identity": {
            "account_id": "",
            "name": "/app/iac-nova-model-breaking-dev/db/password",
            "region": "us-west-2"
          },
          "private": "bnVsbA==",
          "dependencies": [
            "random_password.db_password"
          ]
        }
      ]
    },
    {
      "mode": "managed",
      "type": "aws_ssm_parameter",
      "name": "db_username",
      "provider": "provider[\"registry.terraform.io/hashicorp/aws\"]",
      "instances": [
        {
          "schema_version": 0,
          "attributes": {
            "allowed_pattern": "",
            "arn": "arn:aws:ssm:us-west-2:000000000000:parameter/app/iac-nova-model-breaking-dev/db/username",
            "data_type": "text",
            "description": "",
            "has_value_wo": false,
            "id": "/app/iac-nova-model-breaking-dev/db/username",
            "insecure_value": null,
            "key_id": "",
            "name": "/app/iac-nova-model-breaking-dev/db/username",
            "overwrite": null,
            "region": "us-west-2",
            "tags": {
              "Name": "iac-nova-model-breaking-dev-db-username",
              "environment": "dev",
              "project": "iac-nova-model-breaking",
              "suffix": "dev"
            },
            "tags_all": {
              "Name": "iac-nova-model-breaking-dev-db-username",
              "environment": "dev",
              "project": "iac-nova-model-breaking",
              "suffix": "dev"
            },
            "tier": "",
            "type": "String",
            "value": "appuser",
            "value_wo": null,
            "value_wo_version": null,
            "version": 1
          },
          "sensitive_attributes": [
            [
              {
                "type": "get_attr",
                "value": "value"
              }
            ],
            [
              {
                "type": "get_attr",
                "value": "value_wo"
              }
            ]
          ],
          "identity_schema_version": 0,
          "identity": {
            "account_id": "",
            "name": "/app/iac-nova-model-breaking-dev/db/username",
            "region": "us-west-2"
          },
          "private": "bnVsbA=="
        }
      ]
    },
    {
      "mode": "managed",
      "type": "aws_subnet",
      "name": "private",
      "provider": "provider[\"registry.terraform.io/hashicorp/aws\"]",
      "instances": [
        {
          "index_key": 0,
          "schema_version": 1,
          "attributes": {
            "arn": "arn:aws:ec2:us-west-2:000000000000:subnet/subnet-c209680119e0891d7",
            "assign_ipv6_address_on_creation": false,
            "availability_zone": "us-west-2a",
            "availability_zone_id": "usw2-az2",
            "cidr_block": "10.0.10.0/24",
            "customer_owned_ipv4_pool": "",
            "enable_dns64": false,
            "enable_lni_at_device_index": 0,
            "enable_resource_name_dns_a_record_on_launch": false,
            "enable_resource_name_dns_aaaa_record_on_launch": false,
            "id": "subnet-c209680119e0891d7",
            "ipv6_cidr_block": "",
            "ipv6_cidr_block_association_id": "",
            "ipv6_native": false,
            "map_customer_owned_ip_on_launch": false,
            "map_public_ip_on_launch": false,
            "outpost_arn": "",
            "owner_id": "000000000000",
            "private_dns_hostname_type_on_launch": "ip-name",
            "region": "us-west-2",
            "tags": {
              "Name": "iac-nova-model-breaking-dev-private-subnet-1",
              "Type": "private",
              "environment": "dev",
              "project": "iac-nova-model-breaking",
              "suffix": "dev"
            },
            "tags_all": {
              "Name": "iac-nova-model-breaking-dev-private-subnet-1",
              "Type": "private",
              "environment": "dev",
              "project": "iac-nova-model-breaking",
              "suffix": "dev"
            },
            "timeouts": null,
            "vpc_id": "vpc-b38e1f5c6bcaee4a0"
          },
          "sensitive_attributes": [],
          "identity_schema_version": 0,
          "identity": {
            "account_id": "",
            "id": "subnet-c209680119e0891d7",
            "region": "us-west-2"
          },
          "private": "eyJlMmJmYjczMC1lY2FhLTExZTYtOGY4OC0zNDM2M2JjN2M0YzAiOnsiY3JlYXRlIjo2MDAwMDAwMDAwMDAsImRlbGV0ZSI6MTIwMDAwMDAwMDAwMH0sInNjaGVtYV92ZXJzaW9uIjoiMSJ9",
          "dependencies": [
            "aws_vpc.main",
            "data.aws_availability_zones.available"
          ],
          "create_before_destroy": true
        },
        {
          "index_key": 1,
          "schema_version": 1,
          "attributes": {
            "arn": "arn:aws:ec2:us-west-2:000000000000:subnet/subnet-0e84bd0d4fc38dff0",
            "assign_ipv6_address_on_creation": false,
            "availability_zone": "us-west-2b",
            "availability_zone_id": "usw2-az1",
            "cidr_block": "10.0.20.0/24",
            "customer_owned_ipv4_pool": "",
            "enable_dns64": false,
            "enable_lni_at_device_index": 0,
            "enable_resource_name_dns_a_record_on_launch": false,
            "enable_resource_name_dns_aaaa_record_on_launch": false,
            "id": "subnet-0e84bd0d4fc38dff0",
            "ipv6_cidr_block": "",
            "ipv6_cidr_block_association_id": "",
            "ipv6_native": false,
            "map_customer_owned_ip_on_launch": false,
            "map_public_ip_on_launch": false,
            "outpost_arn": "",
            "owner_id": "000000000000",
            "private_dns_hostname_type_on_launch": "ip-name",
            "region": "us-west-2",
            "tags": {
              "Name": "iac-nova-model-breaking-dev-private-subnet-2",
              "Type": "private",
              "environment": "dev",
              "project": "iac-nova-model-breaking",
              "suffix": "dev"
            },
            "tags_all": {
              "Name": "iac-nova-model-breaking-dev-private-subnet-2",
              "Type": "private",
              "environment": "dev",
              "project": "iac-nova-model-breaking",
              "suffix": "dev"
            },
            "timeouts": null,
            "vpc_id": "vpc-b38e1f5c6bcaee4a0"
          },
          "sensitive_attributes": [],
          "identity_schema_version": 0,
          "identity": {
            "account_id": "",
            "id": "subnet-0e84bd0d4fc38dff0",
            "region": "us-west-2"
          },
          "private": "eyJlMmJmYjczMC1lY2FhLTExZTYtOGY4OC0zNDM2M2JjN2M0YzAiOnsiY3JlYXRlIjo2MDAwMDAwMDAwMDAsImRlbGV0ZSI6MTIwMDAwMDAwMDAwMH0sInNjaGVtYV92ZXJzaW9uIjoiMSJ9",
          "dependencies": [
            "aws_vpc.main",
            "data.aws_availability_zones.available"
          ],
          "create_before_destroy": true
        }
      ]
    },
    {
      "mode": "managed",
      "type": "aws_subnet",
      "name": "public",
      "provider": "provider[\"registry.terraform.io/hashicorp/aws\"]",
      "instances": [
        {
          "index_key": 0,
          "schema_version": 1,
          "attributes": {
            "arn": "arn:aws:ec2:us-west-2:000000000000:subnet/subnet-43168c4caff6078cb",
            "assign_ipv6_address_on_creation": false,
            "availability_zone": "us-west-2a",
            "availability_zone_id": "usw2-az2",
            "cidr_block": "10.0.1.0/24",
            "customer_owned_ipv4_pool": "",
            "enable_dns64": false,
            "enable_lni_at_device_index": 0,
            "enable_resource_name_dns_a_record_on_launch": false,
            "enable_resource_name_dns_aaaa_record_on_launch": false,
            "id": "subnet-43168c4caff6078cb",
            "ipv6_cidr_block": "",
            "ipv6_cidr_block_association_id": "",
            "ipv6_native": false,
            "map_customer_owned_ip_on_launch": false,
            "map_public_ip_on_launch": true,
            "outpost_arn": "",
            "owner_id": "000000000000",
            "private_dns_hostname_type_on_launch": "ip-name",
            "region": "us-west-2",
            "tags": {
              "Name": "iac-nova-model-breaking-dev-public-subnet-1",
              "Type": "public",
              "environment": "dev",
              "project": "iac-nova-model-breaking",
              "suffix": "dev"
            },
            "tags_all": {
              "Name": "iac-nova-model-breaking-dev-public-subnet-1",
              "Type": "public",
              "environment": "dev",
              "project": "iac-nova-model-breaking",
              "suffix": "dev"
            },
            "timeouts": null,
            "vpc_id": "vpc-b38e1f5c6bcaee4a0"
          },
          "sensitive_attributes": [],
          "identity_schema_version": 0,
          "identity": {
            "account_id": "",
            "id": "subnet-43168c4caff6078cb",
            "region": "us-west-2"
          },
          "private": "eyJlMmJmYjczMC1lY2FhLTExZTYtOGY4OC0zNDM2M2JjN2M0YzAiOnsiY3JlYXRlIjo2MDAwMDAwMDAwMDAsImRlbGV0ZSI6MTIwMDAwMDAwMDAwMH0sInNjaGVtYV92ZXJzaW9uIjoiMSJ9",
          "dependencies": [
            "aws_vpc.main",
            "data.aws_availability_zones.available"
          ]
        },
        {
          "index_key": 1,
          "schema_version": 1,
          "attributes": {
            "arn": "arn:aws:ec2:us-west-2:000000000000:subnet/subnet-7ef6938f2101d55cd",
            "assign_ipv6_address_on_creation": false,
            "availability_zone": "us-west-2b",
            "availability_zone_id": "usw2-az1",
            "cidr_block": "10.0.2.0/24",
            "customer_owned_ipv4_pool": "",
            "enable_dns64": false,
            "enable_lni_at_device_index": 0,
            "enable_resource_name_dns_a_record_on_launch": false,
            "enable_resource_name_dns_aaaa_record_on_launch": false,
            "id": "subnet-7ef6938f2101d55cd",
            "ipv6_cidr_block": "",
            "ipv6_cidr_block_association_id": "",
            "ipv6_native": false,
            "map_customer_owned_ip_on_launch": false,
            "map_public_ip_on_launch": true,
            "outpost_arn": "",
            "owner_id": "000000000000",
            "private_dns_hostname_type_on_launch": "ip-name",
            "region": "us-west-2",
            "tags": {
              "Name": "iac-nova-model-breaking-dev-public-subnet-2",
              "Type": "public",
              "environment": "dev",
              "project": "iac-nova-model-breaking",
              "suffix": "dev"
            },
            "tags_all": {
              "Name": "iac-nova-model-breaking-dev-public-subnet-2",
              "Type": "public",
              "environment": "dev",
              "project": "iac-nova-model-breaking",
              "suffix": "dev"
            },
            "timeouts": null,
            "vpc_id": "vpc-b38e1f5c6bcaee4a0"
          },
          "sensitive_attributes": [],
          "identity_schema_version": 0,
          "identity": {
            "account_id": "",
            "id": "subnet-7ef6938f2101d55cd",
            "region": "us-west-2"
          },
          "private": "eyJlMmJmYjczMC1lY2FhLTExZTYtOGY4OC0zNDM2M2JjN2M0YzAiOnsiY3JlYXRlIjo2MDAwMDAwMDAwMDAsImRlbGV0ZSI6MTIwMDAwMDAwMDAwMH0sInNjaGVtYV92ZXJzaW9uIjoiMSJ9",
          "dependencies": [
            "aws_vpc.main",
            "data.aws_availability_zones.available"
          ]
        }
      ]
    },
    {
      "mode": "managed",
      "type": "aws_vpc",
      "name": "main",
      "provider": "provider[\"registry.terraform.io/hashicorp/aws\"]",
      "instances": [
        {
          "schema_version": 1,
          "attributes": {
            "arn": "arn:aws:ec2:us-west-2:000000000000:vpc/vpc-b38e1f5c6bcaee4a0",
            "assign_generated_ipv6_cidr_block": false,
            "cidr_block": "10.0.0.0/16",
            "default_network_acl_id": "acl-bedd23f1b4fab847c",
            "default_route_table_id": "rtb-efbbec1f43cd1a08e",
            "default_security_group_id": "sg-518433b8569f78729",
            "dhcp_options_id": "default",
            "enable_dns_hostnames": true,
            "enable_dns_support": true,
            "enable_network_address_usage_metrics": false,
            "id": "vpc-b38e1f5c6bcaee4a0",
            "instance_tenancy": "default",
            "ipv4_ipam_pool_id": null,
            "ipv4_netmask_length": null,
            "ipv6_association_id": "",
            "ipv6_cidr_block": "",
            "ipv6_cidr_block_network_border_group": "",
            "ipv6_ipam_pool_id": "",
            "ipv6_netmask_length": 0,
            "main_route_table_id": "rtb-efbbec1f43cd1a08e",
            "owner_id": "000000000000",
            "region": "us-west-2",
            "tags": {
              "Name": "iac-nova-model-breaking-dev-vpc",
              "environment": "dev",
              "project": "iac-nova-model-breaking",
              "suffix": "dev"
            },
            "tags_all": {
              "Name": "iac-nova-model-breaking-dev-vpc",
              "environment": "dev",
              "project": "iac-nova-model-breaking",
              "suffix": "dev"
            }
          },
          "sensitive_attributes": [],
          "identity_schema_version": 0,
          "identity": {
            "account_id": "",
            "id": "vpc-b38e1f5c6bcaee4a0",
            "region": "us-west-2"
          },
          "private": "eyJzY2hlbWFfdmVyc2lvbiI6IjEifQ==",
          "create_before_destroy": true
        }
      ]
    },
    {
      "mode": "managed",
      "type": "random_password",
      "name": "db_password",
      "provider": "provider[\"registry.terraform.io/hashicorp/random\"]",
      "instances": [
        {
          "schema_version": 3,
          "attributes": {
            "bcrypt_hash": "$2a$10$8sVDZmVtHn9eclyJ.5F6zu3ExdqlEvHmy2Qi/An4XAYoAX0xnVK2S",
            "id": "none",
            "keepers": null,
            "length": 16,
            "lower": true,
            "min_lower": 0,
            "min_numeric": 0,
            "min_special": 0,
            "min_upper": 0,
            "number": true,
            "numeric": true,
            "override_special": null,
            "result": "b$=pfyNmP=N::G*w",
            "special": true,
            "upper": true
          },
          "sensitive_attributes": [
            [
              {
                "type": "get_attr",
                "value": "bcrypt_hash"
              }
            ],
            [
              {
                "type": "get_attr",
                "value": "result"
              }
            ]
          ],
          "identity_schema_version": 0
        }
      ]
    }
  ],
  "check_results": null
}
