{
  "version": 4,
  "terraform_version": "1.5.7",
  "serial": 68,
  "lineage": "d1f84a3e-050e-7cda-706a-70fa8d671661",
  "outputs": {
    "alb_primary_arn": {
      "value": "arn:aws:elasticloadbalancing:us-east-1:137285103215:loadbalancer/app/tap-dev-alb-primary/208476c328754340",
      "type": "string"
    },
    "alb_primary_dns_name": {
      "value": "tap-dev-alb-primary-2004404191.us-east-1.elb.amazonaws.com",
      "type": "string"
    },
    "alb_primary_id": {
      "value": "arn:aws:elasticloadbalancing:us-east-1:137285103215:loadbalancer/app/tap-dev-alb-primary/208476c328754340",
      "type": "string"
    },
    "alb_primary_zone_id": {
      "value": "Z35SXDOTRQ7X7K",
      "type": "string"
    },
    "alb_secondary_arn": {
      "value": "arn:aws:elasticloadbalancing:us-west-2:137285103215:loadbalancer/app/tap-dev-alb-secondary/cc181fbbb69832d8",
      "type": "string"
    },
    "alb_secondary_dns_name": {
      "value": "tap-dev-alb-secondary-2080149221.us-west-2.elb.amazonaws.com",
      "type": "string"
    },
    "alb_secondary_id": {
      "value": "arn:aws:elasticloadbalancing:us-west-2:137285103215:loadbalancer/app/tap-dev-alb-secondary/cc181fbbb69832d8",
      "type": "string"
    },
    "alb_secondary_zone_id": {
      "value": "Z1H1FL5HABSF5",
      "type": "string"
    },
    "alb_security_group_primary_id": {
      "value": "sg-070788b38632202ee",
      "type": "string"
    },
    "alb_security_group_secondary_id": {
      "value": "sg-075c5bd5d9a8aa77a",
      "type": "string"
    },
    "amazon_linux_ami_primary": {
      "value": "ami-0e2c86481225d3c51",
      "type": "string"
    },
    "amazon_linux_ami_secondary": {
      "value": "ami-04c82466a6fab80eb",
      "type": "string"
    },
    "application_url_primary": {
      "value": "http://tap-dev-alb-primary-2004404191.us-east-1.elb.amazonaws.com",
      "type": "string"
    },
    "application_url_secondary": {
      "value": "http://tap-dev-alb-secondary-2080149221.us-west-2.elb.amazonaws.com",
      "type": "string"
    },
    "asg_primary_arn": {
      "value": "arn:aws:autoscaling:us-east-1:137285103215:autoScalingGroup:40081116-1f2a-4ff9-8390-c5aee880563b:autoScalingGroupName/tap-dev-asg-primary",
      "type": "string"
    },
    "asg_primary_id": {
      "value": "tap-dev-asg-primary",
      "type": "string"
    },
    "asg_primary_name": {
      "value": "tap-dev-asg-primary",
      "type": "string"
    },
    "asg_secondary_arn": {
      "value": "arn:aws:autoscaling:us-west-2:137285103215:autoScalingGroup:eea3987b-367e-4a33-9fe4-3a6845903903:autoScalingGroupName/tap-dev-asg-secondary",
      "type": "string"
    },
    "asg_secondary_id": {
      "value": "tap-dev-asg-secondary",
      "type": "string"
    },
    "asg_secondary_name": {
      "value": "tap-dev-asg-secondary",
      "type": "string"
    },
    "automation_role_arn": {
      "value": "arn:aws:iam::137285103215:role/tap-dev-automation-role",
      "type": "string"
    },
    "aws_account_id": {
      "value": "137285103215",
      "type": "string"
    },
    "ec2_instance_profile_name": {
      "value": "tap-dev-ec2-profile",
      "type": "string"
    },
    "ec2_role_arn": {
      "value": "arn:aws:iam::137285103215:role/tap-dev-ec2-role",
      "type": "string"
    },
    "ec2_security_group_primary_id": {
      "value": "sg-07a31f9fced90d29c",
      "type": "string"
    },
    "ec2_security_group_secondary_id": {
      "value": "sg-0fe42a49b9adbac78",
      "type": "string"
    },
    "environment": {
      "value": "dev",
      "type": "string"
    },
    "environment_config": {
      "value": {
        "desired_capacity": 1,
        "instance_type": "t3.micro",
        "max_size": 2,
        "min_size": 1
      },
      "type": [
        "object",
        {
          "desired_capacity": "number",
          "instance_type": "string",
          "max_size": "number",
          "min_size": "number"
        }
      ]
    },
    "health_check_url_primary": {
      "value": "http://tap-dev-alb-primary-2004404191.us-east-1.elb.amazonaws.com/health",
      "type": "string"
    },
    "health_check_url_secondary": {
      "value": "http://tap-dev-alb-secondary-2080149221.us-west-2.elb.amazonaws.com/health",
      "type": "string"
    },
    "internet_gateway_primary_id": {
      "value": "igw-07fc6d3bf6a140abb",
      "type": "string"
    },
    "internet_gateway_secondary_id": {
      "value": "igw-0c9d96fce10e260dc",
      "type": "string"
    },
    "launch_template_primary_id": {
      "value": "lt-0888555e4086439c3",
      "type": "string"
    },
    "launch_template_primary_latest_version": {
      "value": 1,
      "type": "number"
    },
    "launch_template_secondary_id": {
      "value": "lt-07044fc8307626c54",
      "type": "string"
    },
    "launch_template_secondary_latest_version": {
      "value": 1,
      "type": "number"
    },
    "nat_gateway_primary_ids": {
      "value": [
        "nat-0a285e0470270628c",
        "nat-00c838e1fb2703675"
      ],
      "type": [
        "tuple",
        [
          "string",
          "string"
        ]
      ]
    },
    "nat_gateway_primary_ips": {
      "value": [
        "44.207.82.215",
        "18.211.56.216"
      ],
      "type": [
        "tuple",
        [
          "string",
          "string"
        ]
      ]
    },
    "nat_gateway_secondary_ids": {
      "value": [
        "nat-0e31f7869011aabea",
        "nat-055e8e55b7dd269a0"
      ],
      "type": [
        "tuple",
        [
          "string",
          "string"
        ]
      ]
    },
    "nat_gateway_secondary_ips": {
      "value": [
        "44.231.221.140",
        "54.149.187.28"
      ],
      "type": [
        "tuple",
        [
          "string",
          "string"
        ]
      ]
    },
    "primary_availability_zones": {
      "value": [
        "us-east-1a",
        "us-east-1b",
        "us-east-1c",
        "us-east-1d",
        "us-east-1e",
        "us-east-1f"
      ],
      "type": [
        "list",
        "string"
      ]
    },
    "primary_region": {
      "value": "us-east-1",
      "type": "string"
    },
    "private_subnet_primary_ids": {
      "value": [
        "subnet-0a6a8bd4596fafff6",
        "subnet-03eed3f312bd56223"
      ],
      "type": [
        "tuple",
        [
          "string",
          "string"
        ]
      ]
    },
    "private_subnet_secondary_ids": {
      "value": [
        "subnet-0303d31254d63e080",
        "subnet-0db9b3273ebf5d394"
      ],
      "type": [
        "tuple",
        [
          "string",
          "string"
        ]
      ]
    },
    "project_name": {
      "value": "tap",
      "type": "string"
    },
    "public_subnet_primary_ids": {
      "value": [
        "subnet-0c2fe7bd3498a2493",
        "subnet-0f4402b2f4ac74812"
      ],
      "type": [
        "tuple",
        [
          "string",
          "string"
        ]
      ]
    },
    "public_subnet_secondary_ids": {
      "value": [
        "subnet-0b5da1e45abe8371b",
        "subnet-0e7ab5f20b48ef082"
      ],
      "type": [
        "tuple",
        [
          "string",
          "string"
        ]
      ]
    },
    "s3_bucket_primary_arn": {
      "value": "arn:aws:s3:::tap-dev-storage-primary-40a70d93",
      "type": "string"
    },
    "s3_bucket_primary_domain_name": {
      "value": "tap-dev-storage-primary-40a70d93.s3.amazonaws.com",
      "type": "string"
    },
    "s3_bucket_primary_id": {
      "value": "tap-dev-storage-primary-40a70d93",
      "type": "string"
    },
    "s3_bucket_secondary_arn": {
      "value": "arn:aws:s3:::tap-dev-storage-secondary-40a70d93",
      "type": "string"
    },
    "s3_bucket_secondary_domain_name": {
      "value": "tap-dev-storage-secondary-40a70d93.s3.amazonaws.com",
      "type": "string"
    },
    "s3_bucket_secondary_id": {
      "value": "tap-dev-storage-secondary-40a70d93",
      "type": "string"
    },
    "s3_replication_role_arn": {
      "value": "arn:aws:iam::137285103215:role/tap-dev-s3-replication-role",
      "type": "string"
    },
    "secondary_availability_zones": {
      "value": [
        "us-west-2a",
        "us-west-2b",
        "us-west-2c",
        "us-west-2d"
      ],
      "type": [
        "list",
        "string"
      ]
    },
    "secondary_region": {
      "value": "us-west-2",
      "type": "string"
    },
    "target_group_primary_arn": {
      "value": "arn:aws:elasticloadbalancing:us-east-1:137285103215:targetgroup/tap-dev-tg-primary/ed30532b91472fd1",
      "type": "string"
    },
    "target_group_secondary_arn": {
      "value": "arn:aws:elasticloadbalancing:us-west-2:137285103215:targetgroup/tap-dev-tg-secondary/c047ba4790f85cb0",
      "type": "string"
    },
    "vpc_primary_cidr": {
      "value": "10.0.0.0/16",
      "type": "string"
    },
    "vpc_primary_id": {
      "value": "vpc-0f6c0d56aea5b271c",
      "type": "string"
    },
    "vpc_secondary_cidr": {
      "value": "10.1.0.0/16",
      "type": "string"
    },
    "vpc_secondary_id": {
      "value": "vpc-0f858c6d2ed0e1a88",
      "type": "string"
    }
  },
  "resources": [
    {
      "mode": "data",
      "type": "aws_ami",
      "name": "amazon_linux_primary",
      "provider": "provider[\"registry.terraform.io/hashicorp/aws\"].primary",
      "instances": [
        {
          "schema_version": 0,
          "attributes": {
            "architecture": "x86_64",
            "arn": "arn:aws:ec2:us-east-1::image/ami-0e2c86481225d3c51",
            "block_device_mappings": [
              {
                "device_name": "/dev/xvda",
                "ebs": {
                  "delete_on_termination": "true",
                  "encrypted": "false",
                  "iops": "0",
                  "snapshot_id": "snap-05a1692e16f3465af",
                  "throughput": "0",
                  "volume_initialization_rate": "0",
                  "volume_size": "8",
                  "volume_type": "gp2"
                },
                "no_device": "",
                "virtual_name": ""
              }
            ],
            "boot_mode": "",
            "creation_date": "2025-08-08T20:33:28.000Z",
            "deprecation_time": "2025-11-06T20:33:00.000Z",
            "description": "Amazon Linux 2 AMI 2.0.20250808.1 x86_64 HVM gp2",
            "ena_support": true,
            "executable_users": null,
            "filter": [
              {
                "name": "name",
                "values": [
                  "amzn2-ami-hvm-*-x86_64-gp2"
                ]
              },
              {
                "name": "virtualization-type",
                "values": [
                  "hvm"
                ]
              }
            ],
            "hypervisor": "xen",
            "id": "ami-0e2c86481225d3c51",
            "image_id": "ami-0e2c86481225d3c51",
            "image_location": "amazon/amzn2-ami-hvm-2.0.20250808.1-x86_64-gp2",
            "image_owner_alias": "amazon",
            "image_type": "machine",
            "imds_support": "",
            "include_deprecated": false,
            "kernel_id": "",
            "last_launched_time": "",
            "most_recent": true,
            "name": "amzn2-ami-hvm-2.0.20250808.1-x86_64-gp2",
            "name_regex": null,
            "owner_id": "137112412989",
            "owners": [
              "amazon"
            ],
            "platform": "",
            "platform_details": "Linux/UNIX",
            "product_codes": [],
            "public": true,
            "ramdisk_id": "",
            "root_device_name": "/dev/xvda",
            "root_device_type": "ebs",
            "root_snapshot_id": "snap-05a1692e16f3465af",
            "sriov_net_support": "simple",
            "state": "available",
            "state_reason": {
              "code": "UNSET",
              "message": "UNSET"
            },
            "tags": {},
            "timeouts": null,
            "tpm_support": "",
            "uefi_data": null,
            "usage_operation": "RunInstances",
            "virtualization_type": "hvm"
          },
          "sensitive_attributes": []
        }
      ]
    },
    {
      "mode": "data",
      "type": "aws_ami",
      "name": "amazon_linux_secondary",
      "provider": "provider[\"registry.terraform.io/hashicorp/aws\"].secondary",
      "instances": [
        {
          "schema_version": 0,
          "attributes": {
            "architecture": "x86_64",
            "arn": "arn:aws:ec2:us-west-2::image/ami-04c82466a6fab80eb",
            "block_device_mappings": [
              {
                "device_name": "/dev/xvda",
                "ebs": {
                  "delete_on_termination": "true",
                  "encrypted": "false",
                  "iops": "0",
                  "snapshot_id": "snap-0717cdafefc40f0f3",
                  "throughput": "0",
                  "volume_initialization_rate": "0",
                  "volume_size": "8",
                  "volume_type": "gp2"
                },
                "no_device": "",
                "virtual_name": ""
              }
            ],
            "boot_mode": "",
            "creation_date": "2025-08-08T20:33:25.000Z",
            "deprecation_time": "2025-11-06T20:33:00.000Z",
            "description": "Amazon Linux 2 AMI 2.0.20250808.1 x86_64 HVM gp2",
            "ena_support": true,
            "executable_users": null,
            "filter": [
              {
                "name": "name",
                "values": [
                  "amzn2-ami-hvm-*-x86_64-gp2"
                ]
              },
              {
                "name": "virtualization-type",
                "values": [
                  "hvm"
                ]
              }
            ],
            "hypervisor": "xen",
            "id": "ami-04c82466a6fab80eb",
            "image_id": "ami-04c82466a6fab80eb",
            "image_location": "amazon/amzn2-ami-hvm-2.0.20250808.1-x86_64-gp2",
            "image_owner_alias": "amazon",
            "image_type": "machine",
            "imds_support": "",
            "include_deprecated": false,
            "kernel_id": "",
            "last_launched_time": "",
            "most_recent": true,
            "name": "amzn2-ami-hvm-2.0.20250808.1-x86_64-gp2",
            "name_regex": null,
            "owner_id": "137112412989",
            "owners": [
              "amazon"
            ],
            "platform": "",
            "platform_details": "Linux/UNIX",
            "product_codes": [],
            "public": true,
            "ramdisk_id": "",
            "root_device_name": "/dev/xvda",
            "root_device_type": "ebs",
            "root_snapshot_id": "snap-0717cdafefc40f0f3",
            "sriov_net_support": "simple",
            "state": "available",
            "state_reason": {
              "code": "UNSET",
              "message": "UNSET"
            },
            "tags": {},
            "timeouts": null,
            "tpm_support": "",
            "uefi_data": null,
            "usage_operation": "RunInstances",
            "virtualization_type": "hvm"
          },
          "sensitive_attributes": []
        }
      ]
    },
    {
      "mode": "data",
      "type": "aws_availability_zones",
      "name": "primary",
      "provider": "provider[\"registry.terraform.io/hashicorp/aws\"].primary",
      "instances": [
        {
          "schema_version": 0,
          "attributes": {
            "all_availability_zones": null,
            "exclude_names": null,
            "exclude_zone_ids": null,
            "filter": null,
            "group_names": [
              "us-east-1-zg-1"
            ],
            "id": "us-east-1",
            "names": [
              "us-east-1a",
              "us-east-1b",
              "us-east-1c",
              "us-east-1d",
              "us-east-1e",
              "us-east-1f"
            ],
            "state": "available",
            "timeouts": null,
            "zone_ids": [
              "use1-az2",
              "use1-az4",
              "use1-az6",
              "use1-az1",
              "use1-az3",
              "use1-az5"
            ]
          },
          "sensitive_attributes": []
        }
      ]
    },
    {
      "mode": "data",
      "type": "aws_availability_zones",
      "name": "secondary",
      "provider": "provider[\"registry.terraform.io/hashicorp/aws\"].secondary",
      "instances": [
        {
          "schema_version": 0,
          "attributes": {
            "all_availability_zones": null,
            "exclude_names": null,
            "exclude_zone_ids": null,
            "filter": null,
            "group_names": [
              "us-west-2-zg-1"
            ],
            "id": "us-west-2",
            "names": [
              "us-west-2a",
              "us-west-2b",
              "us-west-2c",
              "us-west-2d"
            ],
            "state": "available",
            "timeouts": null,
            "zone_ids": [
              "usw2-az2",
              "usw2-az1",
              "usw2-az3",
              "usw2-az4"
            ]
          },
          "sensitive_attributes": []
        }
      ]
    },
    {
      "mode": "data",
      "type": "aws_caller_identity",
      "name": "current",
      "provider": "provider[\"registry.terraform.io/hashicorp/aws\"]",
      "instances": [
        {
          "schema_version": 0,
          "attributes": {
            "account_id": "137285103215",
            "arn": "arn:aws:iam::137285103215:user/turing-test",
            "id": "137285103215",
            "user_id": "AIDAR75WUNZXS4QP4AIJJ"
          },
          "sensitive_attributes": []
        }
      ]
    },
    {
      "mode": "managed",
      "type": "aws_autoscaling_group",
      "name": "primary",
      "provider": "provider[\"registry.terraform.io/hashicorp/aws\"].primary",
      "instances": [
        {
          "schema_version": 1,
          "attributes": {
            "arn": "arn:aws:autoscaling:us-east-1:137285103215:autoScalingGroup:40081116-1f2a-4ff9-8390-c5aee880563b:autoScalingGroupName/tap-dev-asg-primary",
            "availability_zone_distribution": [
              {
                "capacity_distribution_strategy": "balanced-best-effort"
              }
            ],
            "availability_zones": [
              "us-east-1a",
              "us-east-1b"
            ],
            "capacity_rebalance": false,
            "capacity_reservation_specification": [
              {
                "capacity_reservation_preference": "default",
                "capacity_reservation_target": []
              }
            ],
            "context": "",
            "default_cooldown": 300,
            "default_instance_warmup": 0,
            "desired_capacity": 1,
            "desired_capacity_type": "",
            "enabled_metrics": null,
            "force_delete": false,
            "force_delete_warm_pool": false,
            "health_check_grace_period": 300,
            "health_check_type": "ELB",
            "id": "tap-dev-asg-primary",
            "ignore_failed_scaling_activities": false,
            "initial_lifecycle_hook": [],
            "instance_maintenance_policy": [],
            "instance_refresh": [],
            "launch_configuration": "",
            "launch_template": [
              {
                "id": "lt-0888555e4086439c3",
                "name": "tap-dev-lt-primary",
                "version": "$Latest"
              }
            ],
            "load_balancers": [],
            "max_instance_lifetime": 0,
            "max_size": 2,
            "metrics_granularity": "1Minute",
            "min_elb_capacity": null,
            "min_size": 1,
            "mixed_instances_policy": [],
            "name": "tap-dev-asg-primary",
            "name_prefix": "",
            "placement_group": "",
            "predicted_capacity": 0,
            "protect_from_scale_in": false,
            "service_linked_role_arn": "arn:aws:iam::137285103215:role/aws-service-role/autoscaling.amazonaws.com/AWSServiceRoleForAutoScaling",
            "suspended_processes": null,
            "tag": [
              {
                "key": "Environment",
                "propagate_at_launch": false,
                "value": "dev"
              },
              {
                "key": "ManagedBy",
                "propagate_at_launch": false,
                "value": "Terraform"
              },
              {
                "key": "Name",
                "propagate_at_launch": false,
                "value": "tap-dev-asg-primary"
              },
              {
                "key": "Project",
                "propagate_at_launch": false,
                "value": "tap"
              }
            ],
            "target_group_arns": [
              "arn:aws:elasticloadbalancing:us-east-1:137285103215:targetgroup/tap-dev-tg-primary/ed30532b91472fd1"
            ],
            "termination_policies": null,
            "timeouts": null,
            "traffic_source": [
              {
                "identifier": "arn:aws:elasticloadbalancing:us-east-1:137285103215:targetgroup/tap-dev-tg-primary/ed30532b91472fd1",
                "type": "elbv2"
              }
            ],
            "vpc_zone_identifier": [
              "subnet-03eed3f312bd56223",
              "subnet-0a6a8bd4596fafff6"
            ],
            "wait_for_capacity_timeout": "10m",
            "wait_for_elb_capacity": null,
            "warm_pool": [],
            "warm_pool_size": 0
          },
          "sensitive_attributes": [],
          "private": "eyJlMmJmYjczMC1lY2FhLTExZTYtOGY4OC0zNDM2M2JjN2M0YzAiOnsiZGVsZXRlIjo2MDAwMDAwMDAwMDAsInVwZGF0ZSI6NjAwMDAwMDAwMDAwfSwic2NoZW1hX3ZlcnNpb24iOiIxIn0=",
          "dependencies": [
            "aws_iam_instance_profile.ec2_profile",
            "aws_launch_template.primary",
            "aws_lb_target_group.primary",
            "aws_s3_bucket.primary",
            "aws_security_group.alb_primary",
            "aws_security_group.ec2_primary",
            "aws_subnet.private_primary",
            "aws_vpc.primary",
            "data.aws_ami.amazon_linux_primary",
            "data.aws_availability_zones.primary",
            "random_id.bucket_suffix"
          ]
        }
      ]
    },
    {
      "mode": "managed",
      "type": "aws_autoscaling_group",
      "name": "secondary",
      "provider": "provider[\"registry.terraform.io/hashicorp/aws\"].secondary",
      "instances": [
        {
          "schema_version": 1,
          "attributes": {
            "arn": "arn:aws:autoscaling:us-west-2:137285103215:autoScalingGroup:eea3987b-367e-4a33-9fe4-3a6845903903:autoScalingGroupName/tap-dev-asg-secondary",
            "availability_zone_distribution": [
              {
                "capacity_distribution_strategy": "balanced-best-effort"
              }
            ],
            "availability_zones": [
              "us-west-2a",
              "us-west-2b"
            ],
            "capacity_rebalance": false,
            "capacity_reservation_specification": [
              {
                "capacity_reservation_preference": "default",
                "capacity_reservation_target": []
              }
            ],
            "context": "",
            "default_cooldown": 300,
            "default_instance_warmup": 0,
            "desired_capacity": 1,
            "desired_capacity_type": "",
            "enabled_metrics": null,
            "force_delete": false,
            "force_delete_warm_pool": false,
            "health_check_grace_period": 300,
            "health_check_type": "ELB",
            "id": "tap-dev-asg-secondary",
            "ignore_failed_scaling_activities": false,
            "initial_lifecycle_hook": [],
            "instance_maintenance_policy": [],
            "instance_refresh": [],
            "launch_configuration": "",
            "launch_template": [
              {
                "id": "lt-07044fc8307626c54",
                "name": "tap-dev-lt-secondary",
                "version": "$Latest"
              }
            ],
            "load_balancers": [],
            "max_instance_lifetime": 0,
            "max_size": 2,
            "metrics_granularity": "1Minute",
            "min_elb_capacity": null,
            "min_size": 1,
            "mixed_instances_policy": [],
            "name": "tap-dev-asg-secondary",
            "name_prefix": "",
            "placement_group": "",
            "predicted_capacity": 0,
            "protect_from_scale_in": false,
            "service_linked_role_arn": "arn:aws:iam::137285103215:role/aws-service-role/autoscaling.amazonaws.com/AWSServiceRoleForAutoScaling",
            "suspended_processes": null,
            "tag": [
              {
                "key": "Environment",
                "propagate_at_launch": false,
                "value": "dev"
              },
              {
                "key": "ManagedBy",
                "propagate_at_launch": false,
                "value": "Terraform"
              },
              {
                "key": "Name",
                "propagate_at_launch": false,
                "value": "tap-dev-asg-secondary"
              },
              {
                "key": "Project",
                "propagate_at_launch": false,
                "value": "tap"
              }
            ],
            "target_group_arns": [
              "arn:aws:elasticloadbalancing:us-west-2:137285103215:targetgroup/tap-dev-tg-secondary/c047ba4790f85cb0"
            ],
            "termination_policies": null,
            "timeouts": null,
            "traffic_source": [
              {
                "identifier": "arn:aws:elasticloadbalancing:us-west-2:137285103215:targetgroup/tap-dev-tg-secondary/c047ba4790f85cb0",
                "type": "elbv2"
              }
            ],
            "vpc_zone_identifier": [
              "subnet-0303d31254d63e080",
              "subnet-0db9b3273ebf5d394"
            ],
            "wait_for_capacity_timeout": "10m",
            "wait_for_elb_capacity": null,
            "warm_pool": [],
            "warm_pool_size": 0
          },
          "sensitive_attributes": [],
          "private": "eyJlMmJmYjczMC1lY2FhLTExZTYtOGY4OC0zNDM2M2JjN2M0YzAiOnsiZGVsZXRlIjo2MDAwMDAwMDAwMDAsInVwZGF0ZSI6NjAwMDAwMDAwMDAwfSwic2NoZW1hX3ZlcnNpb24iOiIxIn0=",
          "dependencies": [
            "aws_iam_instance_profile.ec2_profile",
            "aws_launch_template.secondary",
            "aws_lb_target_group.secondary",
            "aws_s3_bucket.secondary",
            "aws_security_group.alb_secondary",
            "aws_security_group.ec2_secondary",
            "aws_subnet.private_secondary",
            "aws_vpc.secondary",
            "data.aws_ami.amazon_linux_secondary",
            "data.aws_availability_zones.secondary",
            "random_id.bucket_suffix"
          ]
        }
      ]
    },
    {
      "mode": "managed",
      "type": "aws_eip",
      "name": "nat_primary",
      "provider": "provider[\"registry.terraform.io/hashicorp/aws\"].primary",
      "instances": [
        {
          "index_key": 0,
          "schema_version": 0,
          "attributes": {
            "address": null,
            "allocation_id": "eipalloc-00e5d5a9f79446863",
            "arn": "arn:aws:ec2:us-east-1:137285103215:elastic-ip/eipalloc-00e5d5a9f79446863",
            "associate_with_private_ip": null,
            "association_id": "",
            "carrier_ip": "",
            "customer_owned_ip": "",
            "customer_owned_ipv4_pool": "",
            "domain": "vpc",
            "id": "eipalloc-00e5d5a9f79446863",
            "instance": "",
            "ipam_pool_id": null,
            "network_border_group": "us-east-1",
            "network_interface": "",
            "private_dns": null,
            "private_ip": "",
            "ptr_record": "",
            "public_dns": "ec2-44-207-82-215.compute-1.amazonaws.com",
            "public_ip": "44.207.82.215",
            "public_ipv4_pool": "amazon",
            "tags": {
              "Environment": "dev",
              "ManagedBy": "Terraform",
              "Name": "tap-dev-eip-nat-primary-1",
              "Project": "tap",
              "Region": "us-east-1"
            },
            "tags_all": {
              "Environment": "dev",
              "ManagedBy": "Terraform",
              "Name": "tap-dev-eip-nat-primary-1",
              "Project": "tap",
              "Region": "us-east-1"
            },
            "timeouts": null,
            "vpc": true
          },
          "sensitive_attributes": [],
          "private": "eyJlMmJmYjczMC1lY2FhLTExZTYtOGY4OC0zNDM2M2JjN2M0YzAiOnsiZGVsZXRlIjoxODAwMDAwMDAwMDAsInJlYWQiOjkwMDAwMDAwMDAwMCwidXBkYXRlIjozMDAwMDAwMDAwMDB9fQ==",
          "dependencies": [
            "aws_internet_gateway.primary",
            "aws_vpc.primary"
          ]
        },
        {
          "index_key": 1,
          "schema_version": 0,
          "attributes": {
            "address": null,
            "allocation_id": "eipalloc-010e83d8e610925f5",
            "arn": "arn:aws:ec2:us-east-1:137285103215:elastic-ip/eipalloc-010e83d8e610925f5",
            "associate_with_private_ip": null,
            "association_id": "",
            "carrier_ip": "",
            "customer_owned_ip": "",
            "customer_owned_ipv4_pool": "",
            "domain": "vpc",
            "id": "eipalloc-010e83d8e610925f5",
            "instance": "",
            "ipam_pool_id": null,
            "network_border_group": "us-east-1",
            "network_interface": "",
            "private_dns": null,
            "private_ip": "",
            "ptr_record": "",
            "public_dns": "ec2-18-211-56-216.compute-1.amazonaws.com",
            "public_ip": "18.211.56.216",
            "public_ipv4_pool": "amazon",
            "tags": {
              "Environment": "dev",
              "ManagedBy": "Terraform",
              "Name": "tap-dev-eip-nat-primary-2",
              "Project": "tap",
              "Region": "us-east-1"
            },
            "tags_all": {
              "Environment": "dev",
              "ManagedBy": "Terraform",
              "Name": "tap-dev-eip-nat-primary-2",
              "Project": "tap",
              "Region": "us-east-1"
            },
            "timeouts": null,
            "vpc": true
          },
          "sensitive_attributes": [],
          "private": "eyJlMmJmYjczMC1lY2FhLTExZTYtOGY4OC0zNDM2M2JjN2M0YzAiOnsiZGVsZXRlIjoxODAwMDAwMDAwMDAsInJlYWQiOjkwMDAwMDAwMDAwMCwidXBkYXRlIjozMDAwMDAwMDAwMDB9fQ==",
          "dependencies": [
            "aws_internet_gateway.primary",
            "aws_vpc.primary"
          ]
        }
      ]
    },
    {
      "mode": "managed",
      "type": "aws_eip",
      "name": "nat_secondary",
      "provider": "provider[\"registry.terraform.io/hashicorp/aws\"].secondary",
      "instances": [
        {
          "index_key": 0,
          "schema_version": 0,
          "attributes": {
            "address": null,
            "allocation_id": "eipalloc-079b0243b511670db",
            "arn": "arn:aws:ec2:us-west-2:137285103215:elastic-ip/eipalloc-079b0243b511670db",
            "associate_with_private_ip": null,
            "association_id": "",
            "carrier_ip": "",
            "customer_owned_ip": "",
            "customer_owned_ipv4_pool": "",
            "domain": "vpc",
            "id": "eipalloc-079b0243b511670db",
            "instance": "",
            "ipam_pool_id": null,
            "network_border_group": "us-west-2",
            "network_interface": "",
            "private_dns": null,
            "private_ip": "",
            "ptr_record": "",
            "public_dns": "ec2-44-231-221-140.us-west-2.compute.amazonaws.com",
            "public_ip": "44.231.221.140",
            "public_ipv4_pool": "amazon",
            "tags": {
              "Environment": "dev",
              "ManagedBy": "Terraform",
              "Name": "tap-dev-eip-nat-secondary-1",
              "Project": "tap",
              "Region": "us-west-2"
            },
            "tags_all": {
              "Environment": "dev",
              "ManagedBy": "Terraform",
              "Name": "tap-dev-eip-nat-secondary-1",
              "Project": "tap",
              "Region": "us-west-2"
            },
            "timeouts": null,
            "vpc": true
          },
          "sensitive_attributes": [],
          "private": "eyJlMmJmYjczMC1lY2FhLTExZTYtOGY4OC0zNDM2M2JjN2M0YzAiOnsiZGVsZXRlIjoxODAwMDAwMDAwMDAsInJlYWQiOjkwMDAwMDAwMDAwMCwidXBkYXRlIjozMDAwMDAwMDAwMDB9fQ==",
          "dependencies": [
            "aws_internet_gateway.secondary",
            "aws_vpc.secondary"
          ]
        },
        {
          "index_key": 1,
          "schema_version": 0,
          "attributes": {
            "address": null,
            "allocation_id": "eipalloc-08465e140bd3810d4",
            "arn": "arn:aws:ec2:us-west-2:137285103215:elastic-ip/eipalloc-08465e140bd3810d4",
            "associate_with_private_ip": null,
            "association_id": "",
            "carrier_ip": "",
            "customer_owned_ip": "",
            "customer_owned_ipv4_pool": "",
            "domain": "vpc",
            "id": "eipalloc-08465e140bd3810d4",
            "instance": "",
            "ipam_pool_id": null,
            "network_border_group": "us-west-2",
            "network_interface": "",
            "private_dns": null,
            "private_ip": "",
            "ptr_record": "",
            "public_dns": "ec2-54-149-187-28.us-west-2.compute.amazonaws.com",
            "public_ip": "54.149.187.28",
            "public_ipv4_pool": "amazon",
            "tags": {
              "Environment": "dev",
              "ManagedBy": "Terraform",
              "Name": "tap-dev-eip-nat-secondary-2",
              "Project": "tap",
              "Region": "us-west-2"
            },
            "tags_all": {
              "Environment": "dev",
              "ManagedBy": "Terraform",
              "Name": "tap-dev-eip-nat-secondary-2",
              "Project": "tap",
              "Region": "us-west-2"
            },
            "timeouts": null,
            "vpc": true
          },
          "sensitive_attributes": [],
          "private": "eyJlMmJmYjczMC1lY2FhLTExZTYtOGY4OC0zNDM2M2JjN2M0YzAiOnsiZGVsZXRlIjoxODAwMDAwMDAwMDAsInJlYWQiOjkwMDAwMDAwMDAwMCwidXBkYXRlIjozMDAwMDAwMDAwMDB9fQ==",
          "dependencies": [
            "aws_internet_gateway.secondary",
            "aws_vpc.secondary"
          ]
        }
      ]
    },
    {
      "mode": "managed",
      "type": "aws_iam_instance_profile",
      "name": "ec2_profile",
      "provider": "provider[\"registry.terraform.io/hashicorp/aws\"]",
      "instances": [
        {
          "schema_version": 0,
          "attributes": {
            "arn": "arn:aws:iam::137285103215:instance-profile/tap-dev-ec2-profile",
            "create_date": "2025-08-20T09:05:14Z",
            "id": "tap-dev-ec2-profile",
            "name": "tap-dev-ec2-profile",
            "name_prefix": "",
            "path": "/",
            "role": "tap-dev-ec2-role",
            "tags": {},
            "tags_all": {},
            "unique_id": "AIPAR75WUNZXXJYOWICLZ"
          },
          "sensitive_attributes": [],
          "private": "bnVsbA==",
          "dependencies": [
            "aws_iam_role.ec2_role"
          ]
        }
      ]
    },
    {
      "mode": "managed",
      "type": "aws_iam_role",
      "name": "automation_role",
      "provider": "provider[\"registry.terraform.io/hashicorp/aws\"]",
      "instances": [
        {
          "schema_version": 0,
          "attributes": {
            "arn": "arn:aws:iam::137285103215:role/tap-dev-automation-role",
            "assume_role_policy": "{\"Statement\":[{\"Action\":\"sts:AssumeRole\",\"Condition\":{\"StringEquals\":{\"sts:ExternalId\":\"tap-dev-automation\"}},\"Effect\":\"Allow\",\"Principal\":{\"AWS\":\"arn:aws:iam::137285103215:root\"}}],\"Version\":\"2012-10-17\"}",
            "create_date": "2025-08-20T09:05:14Z",
            "description": "",
            "force_detach_policies": false,
            "id": "tap-dev-automation-role",
            "inline_policy": [
              {
                "name": "tap-dev-automation-policy",
                "policy": "{\"Version\":\"2012-10-17\",\"Statement\":[{\"Action\":[\"ec2:DescribeInstances\",\"ec2:DescribeInstanceStatus\",\"autoscaling:DescribeAutoScalingGroups\",\"autoscaling:UpdateAutoScalingGroup\",\"elbv2:DescribeLoadBalancers\",\"elbv2:DescribeTargetHealth\"],\"Effect\":\"Allow\",\"Resource\":\"*\"}]}"
              }
            ],
            "managed_policy_arns": [],
            "max_session_duration": 3600,
            "name": "tap-dev-automation-role",
            "name_prefix": "",
            "path": "/",
            "permissions_boundary": "",
            "tags": {
              "Environment": "dev",
              "ManagedBy": "Terraform",
              "Project": "tap"
            },
            "tags_all": {
              "Environment": "dev",
              "ManagedBy": "Terraform",
              "Project": "tap"
            },
            "unique_id": "AROAR75WUNZXS5TZG5XTG"
          },
          "sensitive_attributes": [],
          "private": "bnVsbA==",
          "dependencies": [
            "data.aws_caller_identity.current"
          ]
        }
      ]
    },
    {
      "mode": "managed",
      "type": "aws_iam_role",
      "name": "ec2_role",
      "provider": "provider[\"registry.terraform.io/hashicorp/aws\"]",
      "instances": [
        {
          "schema_version": 0,
          "attributes": {
            "arn": "arn:aws:iam::137285103215:role/tap-dev-ec2-role",
            "assume_role_policy": "{\"Statement\":[{\"Action\":\"sts:AssumeRole\",\"Effect\":\"Allow\",\"Principal\":{\"Service\":\"ec2.amazonaws.com\"}}],\"Version\":\"2012-10-17\"}",
            "create_date": "2025-08-20T09:05:14Z",
            "description": "",
            "force_detach_policies": false,
            "id": "tap-dev-ec2-role",
            "inline_policy": [
              {
                "name": "tap-dev-cloudwatch-logs",
                "policy": "{\"Version\":\"2012-10-17\",\"Statement\":[{\"Action\":[\"logs:CreateLogGroup\",\"logs:CreateLogStream\",\"logs:PutLogEvents\",\"logs:DescribeLogStreams\"],\"Effect\":\"Allow\",\"Resource\":\"arn:aws:logs:*:*:*\"}]}"
              }
            ],
            "managed_policy_arns": [],
            "max_session_duration": 3600,
            "name": "tap-dev-ec2-role",
            "name_prefix": "",
            "path": "/",
            "permissions_boundary": "",
            "tags": {
              "Environment": "dev",
              "ManagedBy": "Terraform",
              "Project": "tap"
            },
            "tags_all": {
              "Environment": "dev",
              "ManagedBy": "Terraform",
              "Project": "tap"
            },
            "unique_id": "AROAR75WUNZX33VHDHDAN"
          },
          "sensitive_attributes": [],
          "private": "bnVsbA=="
        }
      ]
    },
    {
      "mode": "managed",
      "type": "aws_iam_role",
      "name": "replication_role",
      "provider": "provider[\"registry.terraform.io/hashicorp/aws\"]",
      "instances": [
        {
          "schema_version": 0,
          "attributes": {
            "arn": "arn:aws:iam::137285103215:role/tap-dev-s3-replication-role",
            "assume_role_policy": "{\"Statement\":[{\"Action\":\"sts:AssumeRole\",\"Effect\":\"Allow\",\"Principal\":{\"Service\":\"s3.amazonaws.com\"}}],\"Version\":\"2012-10-17\"}",
            "create_date": "2025-08-20T09:05:14Z",
            "description": "",
            "force_detach_policies": false,
            "id": "tap-dev-s3-replication-role",
            "inline_policy": [],
            "managed_policy_arns": [],
            "max_session_duration": 3600,
            "name": "tap-dev-s3-replication-role",
            "name_prefix": "",
            "path": "/",
            "permissions_boundary": "",
            "tags": {
              "Environment": "dev",
              "ManagedBy": "Terraform",
              "Project": "tap"
            },
            "tags_all": {
              "Environment": "dev",
              "ManagedBy": "Terraform",
              "Project": "tap"
            },
            "unique_id": "AROAR75WUNZXWEMLUHAQR"
          },
          "sensitive_attributes": [],
          "private": "bnVsbA=="
        }
      ]
    },
    {
      "mode": "managed",
      "type": "aws_iam_role_policy",
      "name": "automation_policy",
      "provider": "provider[\"registry.terraform.io/hashicorp/aws\"]",
      "instances": [
        {
          "schema_version": 0,
          "attributes": {
            "id": "tap-dev-automation-role:tap-dev-automation-policy",
            "name": "tap-dev-automation-policy",
            "name_prefix": "",
            "policy": "{\"Version\":\"2012-10-17\",\"Statement\":[{\"Action\":[\"ec2:DescribeInstances\",\"ec2:DescribeInstanceStatus\",\"autoscaling:DescribeAutoScalingGroups\",\"autoscaling:UpdateAutoScalingGroup\",\"elbv2:DescribeLoadBalancers\",\"elbv2:DescribeTargetHealth\"],\"Effect\":\"Allow\",\"Resource\":\"*\"}]}",
            "role": "tap-dev-automation-role"
          },
          "sensitive_attributes": [],
          "private": "bnVsbA==",
          "dependencies": [
            "aws_iam_role.automation_role",
            "data.aws_caller_identity.current"
          ]
        }
      ]
    },
    {
      "mode": "managed",
      "type": "aws_iam_role_policy",
      "name": "cloudwatch_logs",
      "provider": "provider[\"registry.terraform.io/hashicorp/aws\"]",
      "instances": [
        {
          "schema_version": 0,
          "attributes": {
            "id": "tap-dev-ec2-role:tap-dev-cloudwatch-logs",
            "name": "tap-dev-cloudwatch-logs",
            "name_prefix": "",
            "policy": "{\"Version\":\"2012-10-17\",\"Statement\":[{\"Action\":[\"logs:CreateLogGroup\",\"logs:CreateLogStream\",\"logs:PutLogEvents\",\"logs:DescribeLogStreams\"],\"Effect\":\"Allow\",\"Resource\":\"arn:aws:logs:*:*:*\"}]}",
            "role": "tap-dev-ec2-role"
          },
          "sensitive_attributes": [],
          "private": "bnVsbA==",
          "dependencies": [
            "aws_iam_role.ec2_role"
          ]
        }
      ]
    },
    {
      "mode": "managed",
      "type": "aws_iam_role_policy",
      "name": "replication_policy",
      "provider": "provider[\"registry.terraform.io/hashicorp/aws\"]",
      "instances": [
        {
          "schema_version": 0,
          "attributes": {
            "id": "tap-dev-s3-replication-role:tap-dev-s3-replication-policy",
            "name": "tap-dev-s3-replication-policy",
            "name_prefix": "",
            "policy": "{\"Version\":\"2012-10-17\",\"Statement\":[{\"Action\":[\"s3:GetObjectVersionForReplication\",\"s3:GetObjectVersionAcl\"],\"Effect\":\"Allow\",\"Resource\":\"arn:aws:s3:::tap-dev-storage-primary-40a70d93/*\"},{\"Action\":[\"s3:ListBucket\"],\"Effect\":\"Allow\",\"Resource\":\"arn:aws:s3:::tap-dev-storage-primary-40a70d93\"},{\"Action\":[\"s3:ReplicateObject\",\"s3:ReplicateDelete\"],\"Effect\":\"Allow\",\"Resource\":\"arn:aws:s3:::tap-dev-storage-secondary-40a70d93/*\"}]}",
            "role": "tap-dev-s3-replication-role"
          },
          "sensitive_attributes": [],
          "private": "bnVsbA==",
          "dependencies": [
            "aws_iam_role.replication_role",
            "aws_s3_bucket.primary",
            "aws_s3_bucket.secondary",
            "random_id.bucket_suffix"
          ]
        }
      ]
    },
    {
      "mode": "managed",
      "type": "aws_iam_role_policy",
      "name": "s3_access",
      "provider": "provider[\"registry.terraform.io/hashicorp/aws\"]",
      "instances": [
        {
          "schema_version": 0,
          "attributes": {
            "id": "tap-dev-ec2-role:tap-dev-s3-access",
            "name": "tap-dev-s3-access",
            "name_prefix": "",
            "policy": "{\"Version\":\"2012-10-17\",\"Statement\":[{\"Action\":[\"s3:GetObject\",\"s3:PutObject\",\"s3:DeleteObject\"],\"Effect\":\"Allow\",\"Resource\":[\"arn:aws:s3:::tap-dev-storage-primary-40a70d93/*\",\"arn:aws:s3:::tap-dev-storage-secondary-40a70d93/*\"]},{\"Action\":[\"s3:ListBucket\"],\"Effect\":\"Allow\",\"Resource\":[\"arn:aws:s3:::tap-dev-storage-primary-40a70d93\",\"arn:aws:s3:::tap-dev-storage-secondary-40a70d93\"]}]}",
            "role": "tap-dev-ec2-role"
          },
          "sensitive_attributes": [],
          "private": "bnVsbA==",
          "dependencies": [
            "aws_iam_role.ec2_role",
            "aws_s3_bucket.primary",
            "aws_s3_bucket.secondary",
            "random_id.bucket_suffix"
          ]
        }
      ]
    },
    {
      "mode": "managed",
      "type": "aws_internet_gateway",
      "name": "primary",
      "provider": "provider[\"registry.terraform.io/hashicorp/aws\"].primary",
      "instances": [
        {
          "schema_version": 0,
          "attributes": {
            "arn": "arn:aws:ec2:us-east-1:137285103215:internet-gateway/igw-07fc6d3bf6a140abb",
            "id": "igw-07fc6d3bf6a140abb",
            "owner_id": "137285103215",
            "tags": {
              "Environment": "dev",
              "ManagedBy": "Terraform",
              "Name": "tap-dev-igw-primary",
              "Project": "tap",
              "Region": "us-east-1"
            },
            "tags_all": {
              "Environment": "dev",
              "ManagedBy": "Terraform",
              "Name": "tap-dev-igw-primary",
              "Project": "tap",
              "Region": "us-east-1"
            },
            "timeouts": null,
            "vpc_id": "vpc-0f6c0d56aea5b271c"
          },
          "sensitive_attributes": [],
          "private": "eyJlMmJmYjczMC1lY2FhLTExZTYtOGY4OC0zNDM2M2JjN2M0YzAiOnsiY3JlYXRlIjoxMjAwMDAwMDAwMDAwLCJkZWxldGUiOjEyMDAwMDAwMDAwMDAsInVwZGF0ZSI6MTIwMDAwMDAwMDAwMH19",
          "dependencies": [
            "aws_vpc.primary"
          ]
        }
      ]
    },
    {
      "mode": "managed",
      "type": "aws_internet_gateway",
      "name": "secondary",
      "provider": "provider[\"registry.terraform.io/hashicorp/aws\"].secondary",
      "instances": [
        {
          "schema_version": 0,
          "attributes": {
            "arn": "arn:aws:ec2:us-west-2:137285103215:internet-gateway/igw-0c9d96fce10e260dc",
            "id": "igw-0c9d96fce10e260dc",
            "owner_id": "137285103215",
            "tags": {
              "Environment": "dev",
              "ManagedBy": "Terraform",
              "Name": "tap-dev-igw-secondary",
              "Project": "tap",
              "Region": "us-west-2"
            },
            "tags_all": {
              "Environment": "dev",
              "ManagedBy": "Terraform",
              "Name": "tap-dev-igw-secondary",
              "Project": "tap",
              "Region": "us-west-2"
            },
            "timeouts": null,
            "vpc_id": "vpc-0f858c6d2ed0e1a88"
          },
          "sensitive_attributes": [],
          "private": "eyJlMmJmYjczMC1lY2FhLTExZTYtOGY4OC0zNDM2M2JjN2M0YzAiOnsiY3JlYXRlIjoxMjAwMDAwMDAwMDAwLCJkZWxldGUiOjEyMDAwMDAwMDAwMDAsInVwZGF0ZSI6MTIwMDAwMDAwMDAwMH19",
          "dependencies": [
            "aws_vpc.secondary"
          ]
        }
      ]
    },
    {
      "mode": "managed",
      "type": "aws_launch_template",
      "name": "primary",
      "provider": "provider[\"registry.terraform.io/hashicorp/aws\"].primary",
      "instances": [
        {
          "schema_version": 0,
          "attributes": {
            "arn": "arn:aws:ec2:us-east-1:137285103215:launch-template/lt-0888555e4086439c3",
            "block_device_mappings": [],
            "capacity_reservation_specification": [],
            "cpu_options": [],
            "credit_specification": [],
            "default_version": 1,
            "description": "",
            "disable_api_stop": false,
            "disable_api_termination": false,
            "ebs_optimized": "",
            "elastic_gpu_specifications": [],
            "elastic_inference_accelerator": [],
            "enclave_options": [],
            "hibernation_options": [],
            "iam_instance_profile": [
              {
                "arn": "",
                "name": "tap-dev-ec2-profile"
              }
            ],
            "id": "lt-0888555e4086439c3",
            "image_id": "ami-0e2c86481225d3c51",
            "instance_initiated_shutdown_behavior": "",
            "instance_market_options": [],
            "instance_requirements": [],
            "instance_type": "t3.micro",
            "kernel_id": "",
            "key_name": "",
            "latest_version": 1,
            "license_specification": [],
            "maintenance_options": [],
            "metadata_options": [],
            "monitoring": [],
            "name": "tap-dev-lt-primary",
            "name_prefix": "",
            "network_interfaces": [],
            "placement": [],
            "private_dns_name_options": [],
            "ram_disk_id": "",
            "security_group_names": null,
            "tag_specifications": [
              {
                "resource_type": "instance",
                "tags": {
                  "Environment": "dev",
                  "ManagedBy": "Terraform",
                  "Name": "tap-dev-instance-primary",
                  "Project": "tap",
                  "Region": "us-east-1"
                }
              }
            ],
            "tags": {
              "Environment": "dev",
              "ManagedBy": "Terraform",
              "Name": "tap-dev-lt-primary",
              "Project": "tap",
              "Region": "us-east-1"
            },
            "tags_all": {
              "Environment": "dev",
              "ManagedBy": "Terraform",
              "Name": "tap-dev-lt-primary",
              "Project": "tap",
              "Region": "us-east-1"
            },
            "update_default_version": null,
            "user_data": "IyEvYmluL2Jhc2gKCiMgdXNlcl9kYXRhLnNoIC0gQm9vdHN0cmFwIHNjcmlwdCBmb3IgRUMyIGluc3RhbmNlcwojIFRoaXMgc2NyaXB0IGlzIGV4ZWN1dGVkIHdoZW4gRUMyIGluc3RhbmNlcyBhcmUgbGF1bmNoZWQKCnNldCAtZQoKIyBWYXJpYWJsZXMgcGFzc2VkIGZyb20gVGVycmFmb3JtCkVOVklST05NRU5UPSJkZXYiClJFR0lPTj0idXMtZWFzdC0xIgpCVUNLRVRfTkFNRT0idGFwLWRldi1zdG9yYWdlLXByaW1hcnktNDBhNzBkOTMiCgojIFN5c3RlbSB1cGRhdGVzIGFuZCBiYXNpYyBwYWNrYWdlcwp5dW0gdXBkYXRlIC15Cnl1bSBpbnN0YWxsIC15IGh0dHBkIGF3cy1jbGkgaHRvcAoKIyBJbnN0YWxsIENsb3VkV2F0Y2ggYWdlbnQKd2dldCBodHRwczovL2FtYXpvbmNsb3Vkd2F0Y2gtYWdlbnQuczMuYW1hem9uYXdzLmNvbS9hbWF6b25fbGludXgvYW1kNjQvbGF0ZXN0L2FtYXpvbi1jbG91ZHdhdGNoLWFnZW50LnJwbQpycG0gLVUgLi9hbWF6b24tY2xvdWR3YXRjaC1hZ2VudC5ycG0KCiMgQ29uZmlndXJlIENsb3VkV2F0Y2ggYWdlbnQKY2F0ID4gL29wdC9hd3MvYW1hem9uLWNsb3Vkd2F0Y2gtYWdlbnQvZXRjL2FtYXpvbi1jbG91ZHdhdGNoLWFnZW50Lmpzb24gPDwgRU9GCnsKICAibG9ncyI6IHsKICAgICJsb2dzX2NvbGxlY3RlZCI6IHsKICAgICAgImZpbGVzIjogewogICAgICAgICJjb2xsZWN0X2xpc3QiOiBbCiAgICAgICAgICB7CiAgICAgICAgICAgICJmaWxlX3BhdGgiOiAiL3Zhci9sb2cvaHR0cGQvYWNjZXNzX2xvZyIsCiAgICAgICAgICAgICJsb2dfZ3JvdXBfbmFtZSI6ICJ0YXAtZGV2LWh0dHBkLWFjY2VzcyIsCiAgICAgICAgICAgICJsb2dfc3RyZWFtX25hbWUiOiAie2luc3RhbmNlX2lkfSIsCiAgICAgICAgICAgICJyZXRlbnRpb25faW5fZGF5cyI6IDcKICAgICAgICAgIH0sCiAgICAgICAgICB7CiAgICAgICAgICAgICJmaWxlX3BhdGgiOiAiL3Zhci9sb2cvaHR0cGQvZXJyb3JfbG9nIiwKICAgICAgICAgICAgImxvZ19ncm91cF9uYW1lIjogInRhcC1kZXYtaHR0cGQtZXJyb3IiLAogICAgICAgICAgICAibG9nX3N0cmVhbV9uYW1lIjogIntpbnN0YW5jZV9pZH0iLAogICAgICAgICAgICAicmV0ZW50aW9uX2luX2RheXMiOiA3CiAgICAgICAgICB9CiAgICAgICAgXQogICAgICB9CiAgICB9CiAgfSwKICAibWV0cmljcyI6IHsKICAgICJuYW1lc3BhY2UiOiAiQ1dBZ2VudCIsCiAgICAibWV0cmljc19jb2xsZWN0ZWQiOiB7CiAgICAgICJjcHUiOiB7CiAgICAgICAgIm1lYXN1cmVtZW50IjogWwogICAgICAgICAgImNwdV91c2FnZV9pZGxlIiwKICAgICAgICAgICJjcHVfdXNhZ2VfaW93YWl0IiwKICAgICAgICAgICJjcHVfdXNhZ2VfdXNlciIsCiAgICAgICAgICAiY3B1X3VzYWdlX3N5c3RlbSIKICAgICAgICBdLAogICAgICAgICJtZXRyaWNzX2NvbGxlY3Rpb25faW50ZXJ2YWwiOiA2MAogICAgICB9LAogICAgICAiZGlzayI6IHsKICAgICAgICAibWVhc3VyZW1lbnQiOiBbCiAgICAgICAgICAidXNlZF9wZXJjZW50IgogICAgICAgIF0sCiAgICAgICAgIm1ldHJpY3NfY29sbGVjdGlvbl9pbnRlcnZhbCI6IDYwLAogICAgICAgICJyZXNvdXJjZXMiOiBbCiAgICAgICAgICAiKiIKICAgICAgICBdCiAgICAgIH0sCiAgICAgICJtZW0iOiB7CiAgICAgICAgIm1lYXN1cmVtZW50IjogWwogICAgICAgICAgIm1lbV91c2VkX3BlcmNlbnQiCiAgICAgICAgXSwKICAgICAgICAibWV0cmljc19jb2xsZWN0aW9uX2ludGVydmFsIjogNjAKICAgICAgfQogICAgfQogIH0KfQpFT0YKCiMgQ3JlYXRlIGEgc2ltcGxlIGluZGV4Lmh0bWwgcGFnZQpta2RpciAtcCAvdmFyL3d3dy9odG1sCmNhdCA+IC92YXIvd3d3L2h0bWwvaW5kZXguaHRtbCA8PCBFT0YKPCFET0NUWVBFIGh0bWw+CjxodG1sPgo8aGVhZD4KICAgIDx0aXRsZT5UQVAgQXBwbGljYXRpb24gLSBkZXY8L3RpdGxlPgogICAgPHN0eWxlPgogICAgICAgIGJvZHkgeyBmb250LWZhbWlseTogQXJpYWwsIHNhbnMtc2VyaWY7IG1hcmdpbjogNDBweDsgYmFja2dyb3VuZC1jb2xvcjogI2Y1ZjVmNTsgfQogICAgICAgIC5jb250YWluZXIgeyBtYXgtd2lkdGg6IDgwMHB4OyBtYXJnaW46IDAgYXV0bzsgYmFja2dyb3VuZDogd2hpdGU7IHBhZGRpbmc6IDIwcHg7IGJvcmRlci1yYWRpdXM6IDhweDsgYm94LXNoYWRvdzogMCAycHggNHB4IHJnYmEoMCwwLDAsMC4xKTsgfQogICAgICAgIC5oZWFkZXIgeyBjb2xvcjogIzMzMzsgYm9yZGVyLWJvdHRvbTogMnB4IHNvbGlkICMwMDdFQzc7IHBhZGRpbmctYm90dG9tOiAxMHB4OyB9CiAgICAgICAgLmluZm8geyBiYWNrZ3JvdW5kOiAjZTdmM2ZmOyBwYWRkaW5nOiAxNXB4OyBtYXJnaW46IDIwcHggMDsgYm9yZGVyLXJhZGl1czogNHB4OyBib3JkZXItbGVmdDogNHB4IHNvbGlkICMwMDdFQzc7IH0KICAgICAgICAuc3RhdHVzIHsgY29sb3I6ICMyOGE3NDU7IGZvbnQtd2VpZ2h0OiBib2xkOyB9CiAgICA8L3N0eWxlPgo8L2hlYWQ+Cjxib2R5PgogICAgPGRpdiBjbGFzcz0iY29udGFpbmVyIj4KICAgICAgICA8aDEgY2xhc3M9ImhlYWRlciI+VEFQIEFwcGxpY2F0aW9uPC9oMT4KICAgICAgICA8ZGl2IGNsYXNzPSJpbmZvIj4KICAgICAgICAgICAgPGgzPkluc3RhbmNlIEluZm9ybWF0aW9uPC9oMz4KICAgICAgICAgICAgPHA+PHN0cm9uZz5FbnZpcm9ubWVudDo8L3N0cm9uZz4gZGV2PC9wPgogICAgICAgICAgICA8cD48c3Ryb25nPlJlZ2lvbjo8L3N0cm9uZz4gdXMtZWFzdC0xPC9wPgogICAgICAgICAgICA8cD48c3Ryb25nPkluc3RhbmNlIElEOjwvc3Ryb25nPiA8c3BhbiBpZD0iaW5zdGFuY2UtaWQiPkxvYWRpbmcuLi48L3NwYW4+PC9wPgogICAgICAgICAgICA8cD48c3Ryb25nPkF2YWlsYWJpbGl0eSBab25lOjwvc3Ryb25nPiA8c3BhbiBpZD0iYXoiPkxvYWRpbmcuLi48L3NwYW4+PC9wPgogICAgICAgICAgICA8cD48c3Ryb25nPlByaXZhdGUgSVA6PC9zdHJvbmc+IDxzcGFuIGlkPSJwcml2YXRlLWlwIj5Mb2FkaW5nLi4uPC9zcGFuPjwvcD4KICAgICAgICAgICAgPHA+PHN0cm9uZz5TMyBCdWNrZXQ6PC9zdHJvbmc+IHRhcC1kZXYtc3RvcmFnZS1wcmltYXJ5LTQwYTcwZDkzPC9wPgogICAgICAgICAgICA8cD48c3Ryb25nPlN0YXR1czo8L3N0cm9uZz4gPHNwYW4gY2xhc3M9InN0YXR1cyI+UnVubmluZzwvc3Bhbj48L3A+CiAgICAgICAgPC9kaXY+CiAgICAgICAgCiAgICAgICAgPGgzPkhlYWx0aCBDaGVjazwvaDM+CiAgICAgICAgPHA+VGhpcyBpbnN0YW5jZSBpcyBoZWFsdGh5IGFuZCByZWFkeSB0byBzZXJ2ZSB0cmFmZmljLjwvcD4KICAgICAgICAKICAgICAgICA8aDM+RmVhdHVyZXM8L2gzPgogICAgICAgIDx1bD4KICAgICAgICAgICAgPGxpPk11bHRpLXJlZ2lvbiBkZXBsb3ltZW50PC9saT4KICAgICAgICAgICAgPGxpPkF1dG8gU2NhbGluZyBHcm91cCBtYW5hZ2VtZW50PC9saT4KICAgICAgICAgICAgPGxpPkxvYWQgQmFsYW5jZXIgaW50ZWdyYXRpb248L2xpPgogICAgICAgICAgICA8bGk+UzMgY3Jvc3MtcmVnaW9uIHJlcGxpY2F0aW9uPC9saT4KICAgICAgICAgICAgPGxpPkNsb3VkV2F0Y2ggbW9uaXRvcmluZzwvbGk+CiAgICAgICAgPC91bD4KICAgIDwvZGl2PgogICAgCiAgICA8c2NyaXB0PgogICAgICAgIC8vIEZldGNoIGluc3RhbmNlIG1ldGFkYXRhCiAgICAgICAgZmV0Y2goJ2h0dHA6Ly8xNjkuMjU0LjE2OS4yNTQvbGF0ZXN0L21ldGEtZGF0YS9pbnN0YW5jZS1pZCcpCiAgICAgICAgICAgIC50aGVuKHJlc3BvbnNlID0+IHJlc3BvbnNlLnRleHQoKSkKICAgICAgICAgICAgLnRoZW4oZGF0YSA9PiBkb2N1bWVudC5nZXRFbGVtZW50QnlJZCgnaW5zdGFuY2UtaWQnKS50ZXh0Q29udGVudCA9IGRhdGEpCiAgICAgICAgICAgIC5jYXRjaChlcnJvciA9PiBkb2N1bWVudC5nZXRFbGVtZW50QnlJZCgnaW5zdGFuY2UtaWQnKS50ZXh0Q29udGVudCA9ICdVbmFibGUgdG8gZmV0Y2gnKTsKICAgICAgICAgICAgCiAgICAgICAgZmV0Y2goJ2h0dHA6Ly8xNjkuMjU0LjE2OS4yNTQvbGF0ZXN0L21ldGEtZGF0YS9wbGFjZW1lbnQvYXZhaWxhYmlsaXR5LXpvbmUnKQogICAgICAgICAgICAudGhlbihyZXNwb25zZSA9PiByZXNwb25zZS50ZXh0KCkpCiAgICAgICAgICAgIC50aGVuKGRhdGEgPT4gZG9jdW1lbnQuZ2V0RWxlbWVudEJ5SWQoJ2F6JykudGV4dENvbnRlbnQgPSBkYXRhKQogICAgICAgICAgICAuY2F0Y2goZXJyb3IgPT4gZG9jdW1lbnQuZ2V0RWxlbWVudEJ5SWQoJ2F6JykudGV4dENvbnRlbnQgPSAnVW5hYmxlIHRvIGZldGNoJyk7CiAgICAgICAgICAgIAogICAgICAgIGZldGNoKCdodHRwOi8vMTY5LjI1NC4xNjkuMjU0L2xhdGVzdC9tZXRhLWRhdGEvbG9jYWwtaXB2NCcpCiAgICAgICAgICAgIC50aGVuKHJlc3BvbnNlID0+IHJlc3BvbnNlLnRleHQoKSkKICAgICAgICAgICAgLnRoZW4oZGF0YSA9PiBkb2N1bWVudC5nZXRFbGVtZW50QnlJZCgncHJpdmF0ZS1pcCcpLnRleHRDb250ZW50ID0gZGF0YSkKICAgICAgICAgICAgLmNhdGNoKGVycm9yID0+IGRvY3VtZW50LmdldEVsZW1lbnRCeUlkKCdwcml2YXRlLWlwJykudGV4dENvbnRlbnQgPSAnVW5hYmxlIHRvIGZldGNoJyk7CiAgICA8L3NjcmlwdD4KPC9ib2R5Pgo8L2h0bWw+CkVPRgoKIyBDcmVhdGUgYSBoZWFsdGggY2hlY2sgZW5kcG9pbnQKY2F0ID4gL3Zhci93d3cvaHRtbC9oZWFsdGggPDwgRU9GCk9LCkVPRgoKIyBDb25maWd1cmUgaHR0cGQKc3lzdGVtY3RsIHN0YXJ0IGh0dHBkCnN5c3RlbWN0bCBlbmFibGUgaHR0cGQKCiMgQ29uZmlndXJlIENsb3VkV2F0Y2ggYWdlbnQgYW5kIHN0YXJ0IGl0Ci9vcHQvYXdzL2FtYXpvbi1jbG91ZHdhdGNoLWFnZW50L2Jpbi9hbWF6b24tY2xvdWR3YXRjaC1hZ2VudC1jdGwgXAogICAgLWEgZmV0Y2gtY29uZmlnIFwKICAgIC1tIGVjMiBcCiAgICAtYyBmaWxlOi9vcHQvYXdzL2FtYXpvbi1jbG91ZHdhdGNoLWFnZW50L2V0Yy9hbWF6b24tY2xvdWR3YXRjaC1hZ2VudC5qc29uIFwKICAgIC1zCgojIExvZyBzdWNjZXNzZnVsIGNvbXBsZXRpb24KZWNobyAiJChkYXRlKTogVXNlciBkYXRhIHNjcmlwdCBjb21wbGV0ZWQgc3VjY2Vzc2Z1bGx5IiA+PiAvdmFyL2xvZy91c2VyLWRhdGEubG9nCmVjaG8gIkVudmlyb25tZW50OiBkZXYiID4+IC92YXIvbG9nL3VzZXItZGF0YS5sb2cKZWNobyAiUmVnaW9uOiB1cy1lYXN0LTEiID4+IC92YXIvbG9nL3VzZXItZGF0YS5sb2cKZWNobyAiQnVja2V0OiB0YXAtZGV2LXN0b3JhZ2UtcHJpbWFyeS00MGE3MGQ5MyIgPj4gL3Zhci9sb2cvdXNlci1kYXRhLmxvZwoKIyBDcmVhdGUgYSB0ZXN0IGZpbGUgaW4gUzMgYnVja2V0CmVjaG8gIkhlbGxvIGZyb20gaW5zdGFuY2UgJChjdXJsIC1zIGh0dHA6Ly8xNjkuMjU0LjE2OS4yNTQvbGF0ZXN0L21ldGEtZGF0YS9pbnN0YW5jZS1pZCkgaW4gdXMtZWFzdC0xIiA+IC90bXAvaW5zdGFuY2UtaW5mby50eHQKYXdzIHMzIGNwIC90bXAvaW5zdGFuY2UtaW5mby50eHQgczM6Ly90YXAtZGV2LXN0b3JhZ2UtcHJpbWFyeS00MGE3MGQ5My9pbnN0YW5jZXMvJChjdXJsIC1zIGh0dHA6Ly8xNjkuMjU0LjE2OS4yNTQvbGF0ZXN0L21ldGEtZGF0YS9pbnN0YW5jZS1pZCkudHh0IHx8IGVjaG8gIkZhaWxlZCB0byB1cGxvYWQgdG8gUzMiCgojIFNpZ25hbCB0aGF0IHRoZSBpbnN0YW5jZSBpcyByZWFkeQovb3B0L2F3cy9iaW4vY2ZuLXNpZ25hbCAtZSAkPyAtLXN0YWNrIGRldiAtLXJlc291cmNlIEF1dG9TY2FsaW5nR3JvdXAgLS1yZWdpb24gdXMtZWFzdC0xIHx8IGVjaG8gIkNGTiBzaWduYWwgbm90IGF2YWlsYWJsZSIK",
            "vpc_security_group_ids": [
              "sg-07a31f9fced90d29c"
            ]
          },
          "sensitive_attributes": [],
          "private": "bnVsbA==",
          "dependencies": [
            "aws_iam_instance_profile.ec2_profile",
            "aws_s3_bucket.primary",
            "aws_security_group.alb_primary",
            "aws_security_group.ec2_primary",
            "aws_vpc.primary",
            "data.aws_ami.amazon_linux_primary",
            "random_id.bucket_suffix"
          ]
        }
      ]
    },
    {
      "mode": "managed",
      "type": "aws_launch_template",
      "name": "secondary",
      "provider": "provider[\"registry.terraform.io/hashicorp/aws\"].secondary",
      "instances": [
        {
          "schema_version": 0,
          "attributes": {
            "arn": "arn:aws:ec2:us-west-2:137285103215:launch-template/lt-07044fc8307626c54",
            "block_device_mappings": [],
            "capacity_reservation_specification": [],
            "cpu_options": [],
            "credit_specification": [],
            "default_version": 1,
            "description": "",
            "disable_api_stop": false,
            "disable_api_termination": false,
            "ebs_optimized": "",
            "elastic_gpu_specifications": [],
            "elastic_inference_accelerator": [],
            "enclave_options": [],
            "hibernation_options": [],
            "iam_instance_profile": [
              {
                "arn": "",
                "name": "tap-dev-ec2-profile"
              }
            ],
            "id": "lt-07044fc8307626c54",
            "image_id": "ami-04c82466a6fab80eb",
            "instance_initiated_shutdown_behavior": "",
            "instance_market_options": [],
            "instance_requirements": [],
            "instance_type": "t3.micro",
            "kernel_id": "",
            "key_name": "",
            "latest_version": 1,
            "license_specification": [],
            "maintenance_options": [],
            "metadata_options": [],
            "monitoring": [],
            "name": "tap-dev-lt-secondary",
            "name_prefix": "",
            "network_interfaces": [],
            "placement": [],
            "private_dns_name_options": [],
            "ram_disk_id": "",
            "security_group_names": null,
            "tag_specifications": [
              {
                "resource_type": "instance",
                "tags": {
                  "Environment": "dev",
                  "ManagedBy": "Terraform",
                  "Name": "tap-dev-instance-secondary",
                  "Project": "tap",
                  "Region": "us-west-2"
                }
              }
            ],
            "tags": {
              "Environment": "dev",
              "ManagedBy": "Terraform",
              "Name": "tap-dev-lt-secondary",
              "Project": "tap",
              "Region": "us-west-2"
            },
            "tags_all": {
              "Environment": "dev",
              "ManagedBy": "Terraform",
              "Name": "tap-dev-lt-secondary",
              "Project": "tap",
              "Region": "us-west-2"
            },
            "update_default_version": null,
            "user_data": "IyEvYmluL2Jhc2gKCiMgdXNlcl9kYXRhLnNoIC0gQm9vdHN0cmFwIHNjcmlwdCBmb3IgRUMyIGluc3RhbmNlcwojIFRoaXMgc2NyaXB0IGlzIGV4ZWN1dGVkIHdoZW4gRUMyIGluc3RhbmNlcyBhcmUgbGF1bmNoZWQKCnNldCAtZQoKIyBWYXJpYWJsZXMgcGFzc2VkIGZyb20gVGVycmFmb3JtCkVOVklST05NRU5UPSJkZXYiClJFR0lPTj0idXMtd2VzdC0yIgpCVUNLRVRfTkFNRT0idGFwLWRldi1zdG9yYWdlLXNlY29uZGFyeS00MGE3MGQ5MyIKCiMgU3lzdGVtIHVwZGF0ZXMgYW5kIGJhc2ljIHBhY2thZ2VzCnl1bSB1cGRhdGUgLXkKeXVtIGluc3RhbGwgLXkgaHR0cGQgYXdzLWNsaSBodG9wCgojIEluc3RhbGwgQ2xvdWRXYXRjaCBhZ2VudAp3Z2V0IGh0dHBzOi8vYW1hem9uY2xvdWR3YXRjaC1hZ2VudC5zMy5hbWF6b25hd3MuY29tL2FtYXpvbl9saW51eC9hbWQ2NC9sYXRlc3QvYW1hem9uLWNsb3Vkd2F0Y2gtYWdlbnQucnBtCnJwbSAtVSAuL2FtYXpvbi1jbG91ZHdhdGNoLWFnZW50LnJwbQoKIyBDb25maWd1cmUgQ2xvdWRXYXRjaCBhZ2VudApjYXQgPiAvb3B0L2F3cy9hbWF6b24tY2xvdWR3YXRjaC1hZ2VudC9ldGMvYW1hem9uLWNsb3Vkd2F0Y2gtYWdlbnQuanNvbiA8PCBFT0YKewogICJsb2dzIjogewogICAgImxvZ3NfY29sbGVjdGVkIjogewogICAgICAiZmlsZXMiOiB7CiAgICAgICAgImNvbGxlY3RfbGlzdCI6IFsKICAgICAgICAgIHsKICAgICAgICAgICAgImZpbGVfcGF0aCI6ICIvdmFyL2xvZy9odHRwZC9hY2Nlc3NfbG9nIiwKICAgICAgICAgICAgImxvZ19ncm91cF9uYW1lIjogInRhcC1kZXYtaHR0cGQtYWNjZXNzIiwKICAgICAgICAgICAgImxvZ19zdHJlYW1fbmFtZSI6ICJ7aW5zdGFuY2VfaWR9IiwKICAgICAgICAgICAgInJldGVudGlvbl9pbl9kYXlzIjogNwogICAgICAgICAgfSwKICAgICAgICAgIHsKICAgICAgICAgICAgImZpbGVfcGF0aCI6ICIvdmFyL2xvZy9odHRwZC9lcnJvcl9sb2ciLAogICAgICAgICAgICAibG9nX2dyb3VwX25hbWUiOiAidGFwLWRldi1odHRwZC1lcnJvciIsCiAgICAgICAgICAgICJsb2dfc3RyZWFtX25hbWUiOiAie2luc3RhbmNlX2lkfSIsCiAgICAgICAgICAgICJyZXRlbnRpb25faW5fZGF5cyI6IDcKICAgICAgICAgIH0KICAgICAgICBdCiAgICAgIH0KICAgIH0KICB9LAogICJtZXRyaWNzIjogewogICAgIm5hbWVzcGFjZSI6ICJDV0FnZW50IiwKICAgICJtZXRyaWNzX2NvbGxlY3RlZCI6IHsKICAgICAgImNwdSI6IHsKICAgICAgICAibWVhc3VyZW1lbnQiOiBbCiAgICAgICAgICAiY3B1X3VzYWdlX2lkbGUiLAogICAgICAgICAgImNwdV91c2FnZV9pb3dhaXQiLAogICAgICAgICAgImNwdV91c2FnZV91c2VyIiwKICAgICAgICAgICJjcHVfdXNhZ2Vfc3lzdGVtIgogICAgICAgIF0sCiAgICAgICAgIm1ldHJpY3NfY29sbGVjdGlvbl9pbnRlcnZhbCI6IDYwCiAgICAgIH0sCiAgICAgICJkaXNrIjogewogICAgICAgICJtZWFzdXJlbWVudCI6IFsKICAgICAgICAgICJ1c2VkX3BlcmNlbnQiCiAgICAgICAgXSwKICAgICAgICAibWV0cmljc19jb2xsZWN0aW9uX2ludGVydmFsIjogNjAsCiAgICAgICAgInJlc291cmNlcyI6IFsKICAgICAgICAgICIqIgogICAgICAgIF0KICAgICAgfSwKICAgICAgIm1lbSI6IHsKICAgICAgICAibWVhc3VyZW1lbnQiOiBbCiAgICAgICAgICAibWVtX3VzZWRfcGVyY2VudCIKICAgICAgICBdLAogICAgICAgICJtZXRyaWNzX2NvbGxlY3Rpb25faW50ZXJ2YWwiOiA2MAogICAgICB9CiAgICB9CiAgfQp9CkVPRgoKIyBDcmVhdGUgYSBzaW1wbGUgaW5kZXguaHRtbCBwYWdlCm1rZGlyIC1wIC92YXIvd3d3L2h0bWwKY2F0ID4gL3Zhci93d3cvaHRtbC9pbmRleC5odG1sIDw8IEVPRgo8IURPQ1RZUEUgaHRtbD4KPGh0bWw+CjxoZWFkPgogICAgPHRpdGxlPlRBUCBBcHBsaWNhdGlvbiAtIGRldjwvdGl0bGU+CiAgICA8c3R5bGU+CiAgICAgICAgYm9keSB7IGZvbnQtZmFtaWx5OiBBcmlhbCwgc2Fucy1zZXJpZjsgbWFyZ2luOiA0MHB4OyBiYWNrZ3JvdW5kLWNvbG9yOiAjZjVmNWY1OyB9CiAgICAgICAgLmNvbnRhaW5lciB7IG1heC13aWR0aDogODAwcHg7IG1hcmdpbjogMCBhdXRvOyBiYWNrZ3JvdW5kOiB3aGl0ZTsgcGFkZGluZzogMjBweDsgYm9yZGVyLXJhZGl1czogOHB4OyBib3gtc2hhZG93OiAwIDJweCA0cHggcmdiYSgwLDAsMCwwLjEpOyB9CiAgICAgICAgLmhlYWRlciB7IGNvbG9yOiAjMzMzOyBib3JkZXItYm90dG9tOiAycHggc29saWQgIzAwN0VDNzsgcGFkZGluZy1ib3R0b206IDEwcHg7IH0KICAgICAgICAuaW5mbyB7IGJhY2tncm91bmQ6ICNlN2YzZmY7IHBhZGRpbmc6IDE1cHg7IG1hcmdpbjogMjBweCAwOyBib3JkZXItcmFkaXVzOiA0cHg7IGJvcmRlci1sZWZ0OiA0cHggc29saWQgIzAwN0VDNzsgfQogICAgICAgIC5zdGF0dXMgeyBjb2xvcjogIzI4YTc0NTsgZm9udC13ZWlnaHQ6IGJvbGQ7IH0KICAgIDwvc3R5bGU+CjwvaGVhZD4KPGJvZHk+CiAgICA8ZGl2IGNsYXNzPSJjb250YWluZXIiPgogICAgICAgIDxoMSBjbGFzcz0iaGVhZGVyIj5UQVAgQXBwbGljYXRpb248L2gxPgogICAgICAgIDxkaXYgY2xhc3M9ImluZm8iPgogICAgICAgICAgICA8aDM+SW5zdGFuY2UgSW5mb3JtYXRpb248L2gzPgogICAgICAgICAgICA8cD48c3Ryb25nPkVudmlyb25tZW50Ojwvc3Ryb25nPiBkZXY8L3A+CiAgICAgICAgICAgIDxwPjxzdHJvbmc+UmVnaW9uOjwvc3Ryb25nPiB1cy13ZXN0LTI8L3A+CiAgICAgICAgICAgIDxwPjxzdHJvbmc+SW5zdGFuY2UgSUQ6PC9zdHJvbmc+IDxzcGFuIGlkPSJpbnN0YW5jZS1pZCI+TG9hZGluZy4uLjwvc3Bhbj48L3A+CiAgICAgICAgICAgIDxwPjxzdHJvbmc+QXZhaWxhYmlsaXR5IFpvbmU6PC9zdHJvbmc+IDxzcGFuIGlkPSJheiI+TG9hZGluZy4uLjwvc3Bhbj48L3A+CiAgICAgICAgICAgIDxwPjxzdHJvbmc+UHJpdmF0ZSBJUDo8L3N0cm9uZz4gPHNwYW4gaWQ9InByaXZhdGUtaXAiPkxvYWRpbmcuLi48L3NwYW4+PC9wPgogICAgICAgICAgICA8cD48c3Ryb25nPlMzIEJ1Y2tldDo8L3N0cm9uZz4gdGFwLWRldi1zdG9yYWdlLXNlY29uZGFyeS00MGE3MGQ5MzwvcD4KICAgICAgICAgICAgPHA+PHN0cm9uZz5TdGF0dXM6PC9zdHJvbmc+IDxzcGFuIGNsYXNzPSJzdGF0dXMiPlJ1bm5pbmc8L3NwYW4+PC9wPgogICAgICAgIDwvZGl2PgogICAgICAgIAogICAgICAgIDxoMz5IZWFsdGggQ2hlY2s8L2gzPgogICAgICAgIDxwPlRoaXMgaW5zdGFuY2UgaXMgaGVhbHRoeSBhbmQgcmVhZHkgdG8gc2VydmUgdHJhZmZpYy48L3A+CiAgICAgICAgCiAgICAgICAgPGgzPkZlYXR1cmVzPC9oMz4KICAgICAgICA8dWw+CiAgICAgICAgICAgIDxsaT5NdWx0aS1yZWdpb24gZGVwbG95bWVudDwvbGk+CiAgICAgICAgICAgIDxsaT5BdXRvIFNjYWxpbmcgR3JvdXAgbWFuYWdlbWVudDwvbGk+CiAgICAgICAgICAgIDxsaT5Mb2FkIEJhbGFuY2VyIGludGVncmF0aW9uPC9saT4KICAgICAgICAgICAgPGxpPlMzIGNyb3NzLXJlZ2lvbiByZXBsaWNhdGlvbjwvbGk+CiAgICAgICAgICAgIDxsaT5DbG91ZFdhdGNoIG1vbml0b3Jpbmc8L2xpPgogICAgICAgIDwvdWw+CiAgICA8L2Rpdj4KICAgIAogICAgPHNjcmlwdD4KICAgICAgICAvLyBGZXRjaCBpbnN0YW5jZSBtZXRhZGF0YQogICAgICAgIGZldGNoKCdodHRwOi8vMTY5LjI1NC4xNjkuMjU0L2xhdGVzdC9tZXRhLWRhdGEvaW5zdGFuY2UtaWQnKQogICAgICAgICAgICAudGhlbihyZXNwb25zZSA9PiByZXNwb25zZS50ZXh0KCkpCiAgICAgICAgICAgIC50aGVuKGRhdGEgPT4gZG9jdW1lbnQuZ2V0RWxlbWVudEJ5SWQoJ2luc3RhbmNlLWlkJykudGV4dENvbnRlbnQgPSBkYXRhKQogICAgICAgICAgICAuY2F0Y2goZXJyb3IgPT4gZG9jdW1lbnQuZ2V0RWxlbWVudEJ5SWQoJ2luc3RhbmNlLWlkJykudGV4dENvbnRlbnQgPSAnVW5hYmxlIHRvIGZldGNoJyk7CiAgICAgICAgICAgIAogICAgICAgIGZldGNoKCdodHRwOi8vMTY5LjI1NC4xNjkuMjU0L2xhdGVzdC9tZXRhLWRhdGEvcGxhY2VtZW50L2F2YWlsYWJpbGl0eS16b25lJykKICAgICAgICAgICAgLnRoZW4ocmVzcG9uc2UgPT4gcmVzcG9uc2UudGV4dCgpKQogICAgICAgICAgICAudGhlbihkYXRhID0+IGRvY3VtZW50LmdldEVsZW1lbnRCeUlkKCdheicpLnRleHRDb250ZW50ID0gZGF0YSkKICAgICAgICAgICAgLmNhdGNoKGVycm9yID0+IGRvY3VtZW50LmdldEVsZW1lbnRCeUlkKCdheicpLnRleHRDb250ZW50ID0gJ1VuYWJsZSB0byBmZXRjaCcpOwogICAgICAgICAgICAKICAgICAgICBmZXRjaCgnaHR0cDovLzE2OS4yNTQuMTY5LjI1NC9sYXRlc3QvbWV0YS1kYXRhL2xvY2FsLWlwdjQnKQogICAgICAgICAgICAudGhlbihyZXNwb25zZSA9PiByZXNwb25zZS50ZXh0KCkpCiAgICAgICAgICAgIC50aGVuKGRhdGEgPT4gZG9jdW1lbnQuZ2V0RWxlbWVudEJ5SWQoJ3ByaXZhdGUtaXAnKS50ZXh0Q29udGVudCA9IGRhdGEpCiAgICAgICAgICAgIC5jYXRjaChlcnJvciA9PiBkb2N1bWVudC5nZXRFbGVtZW50QnlJZCgncHJpdmF0ZS1pcCcpLnRleHRDb250ZW50ID0gJ1VuYWJsZSB0byBmZXRjaCcpOwogICAgPC9zY3JpcHQ+CjwvYm9keT4KPC9odG1sPgpFT0YKCiMgQ3JlYXRlIGEgaGVhbHRoIGNoZWNrIGVuZHBvaW50CmNhdCA+IC92YXIvd3d3L2h0bWwvaGVhbHRoIDw8IEVPRgpPSwpFT0YKCiMgQ29uZmlndXJlIGh0dHBkCnN5c3RlbWN0bCBzdGFydCBodHRwZApzeXN0ZW1jdGwgZW5hYmxlIGh0dHBkCgojIENvbmZpZ3VyZSBDbG91ZFdhdGNoIGFnZW50IGFuZCBzdGFydCBpdAovb3B0L2F3cy9hbWF6b24tY2xvdWR3YXRjaC1hZ2VudC9iaW4vYW1hem9uLWNsb3Vkd2F0Y2gtYWdlbnQtY3RsIFwKICAgIC1hIGZldGNoLWNvbmZpZyBcCiAgICAtbSBlYzIgXAogICAgLWMgZmlsZTovb3B0L2F3cy9hbWF6b24tY2xvdWR3YXRjaC1hZ2VudC9ldGMvYW1hem9uLWNsb3Vkd2F0Y2gtYWdlbnQuanNvbiBcCiAgICAtcwoKIyBMb2cgc3VjY2Vzc2Z1bCBjb21wbGV0aW9uCmVjaG8gIiQoZGF0ZSk6IFVzZXIgZGF0YSBzY3JpcHQgY29tcGxldGVkIHN1Y2Nlc3NmdWxseSIgPj4gL3Zhci9sb2cvdXNlci1kYXRhLmxvZwplY2hvICJFbnZpcm9ubWVudDogZGV2IiA+PiAvdmFyL2xvZy91c2VyLWRhdGEubG9nCmVjaG8gIlJlZ2lvbjogdXMtd2VzdC0yIiA+PiAvdmFyL2xvZy91c2VyLWRhdGEubG9nCmVjaG8gIkJ1Y2tldDogdGFwLWRldi1zdG9yYWdlLXNlY29uZGFyeS00MGE3MGQ5MyIgPj4gL3Zhci9sb2cvdXNlci1kYXRhLmxvZwoKIyBDcmVhdGUgYSB0ZXN0IGZpbGUgaW4gUzMgYnVja2V0CmVjaG8gIkhlbGxvIGZyb20gaW5zdGFuY2UgJChjdXJsIC1zIGh0dHA6Ly8xNjkuMjU0LjE2OS4yNTQvbGF0ZXN0L21ldGEtZGF0YS9pbnN0YW5jZS1pZCkgaW4gdXMtd2VzdC0yIiA+IC90bXAvaW5zdGFuY2UtaW5mby50eHQKYXdzIHMzIGNwIC90bXAvaW5zdGFuY2UtaW5mby50eHQgczM6Ly90YXAtZGV2LXN0b3JhZ2Utc2Vjb25kYXJ5LTQwYTcwZDkzL2luc3RhbmNlcy8kKGN1cmwgLXMgaHR0cDovLzE2OS4yNTQuMTY5LjI1NC9sYXRlc3QvbWV0YS1kYXRhL2luc3RhbmNlLWlkKS50eHQgfHwgZWNobyAiRmFpbGVkIHRvIHVwbG9hZCB0byBTMyIKCiMgU2lnbmFsIHRoYXQgdGhlIGluc3RhbmNlIGlzIHJlYWR5Ci9vcHQvYXdzL2Jpbi9jZm4tc2lnbmFsIC1lICQ/IC0tc3RhY2sgZGV2IC0tcmVzb3VyY2UgQXV0b1NjYWxpbmdHcm91cCAtLXJlZ2lvbiB1cy13ZXN0LTIgfHwgZWNobyAiQ0ZOIHNpZ25hbCBub3QgYXZhaWxhYmxlIgo=",
            "vpc_security_group_ids": [
              "sg-0fe42a49b9adbac78"
            ]
          },
          "sensitive_attributes": [],
          "private": "bnVsbA==",
          "dependencies": [
            "aws_iam_instance_profile.ec2_profile",
            "aws_s3_bucket.secondary",
            "aws_security_group.alb_secondary",
            "aws_security_group.ec2_secondary",
            "aws_vpc.secondary",
            "data.aws_ami.amazon_linux_secondary",
            "random_id.bucket_suffix"
          ]
        }
      ]
    },
    {
      "mode": "managed",
      "type": "aws_lb",
      "name": "primary",
      "provider": "provider[\"registry.terraform.io/hashicorp/aws\"].primary",
      "instances": [
        {
          "schema_version": 0,
          "attributes": {
            "access_logs": [
              {
                "bucket": "",
                "enabled": false,
                "prefix": ""
              }
            ],
            "arn": "arn:aws:elasticloadbalancing:us-east-1:137285103215:loadbalancer/app/tap-dev-alb-primary/208476c328754340",
            "arn_suffix": "app/tap-dev-alb-primary/208476c328754340",
            "client_keep_alive": 3600,
            "connection_logs": [
              {
                "bucket": "",
                "enabled": false,
                "prefix": ""
              }
            ],
            "customer_owned_ipv4_pool": "",
            "desync_mitigation_mode": "defensive",
            "dns_name": "tap-dev-alb-primary-2004404191.us-east-1.elb.amazonaws.com",
            "dns_record_client_routing_policy": null,
            "drop_invalid_header_fields": false,
            "enable_cross_zone_load_balancing": true,
            "enable_deletion_protection": false,
            "enable_http2": true,
            "enable_tls_version_and_cipher_suite_headers": false,
            "enable_waf_fail_open": false,
            "enable_xff_client_port": false,
            "enable_zonal_shift": false,
            "enforce_security_group_inbound_rules_on_private_link_traffic": "",
            "id": "arn:aws:elasticloadbalancing:us-east-1:137285103215:loadbalancer/app/tap-dev-alb-primary/208476c328754340",
            "idle_timeout": 60,
            "internal": false,
            "ip_address_type": "ipv4",
            "ipam_pools": [],
            "load_balancer_type": "application",
            "minimum_load_balancer_capacity": [],
            "name": "tap-dev-alb-primary",
            "name_prefix": "",
            "preserve_host_header": false,
            "security_groups": [
              "sg-070788b38632202ee"
            ],
            "subnet_mapping": [
              {
                "allocation_id": "",
                "ipv6_address": "",
                "outpost_id": "",
                "private_ipv4_address": "",
                "subnet_id": "subnet-0c2fe7bd3498a2493"
              },
              {
                "allocation_id": "",
                "ipv6_address": "",
                "outpost_id": "",
                "private_ipv4_address": "",
                "subnet_id": "subnet-0f4402b2f4ac74812"
              }
            ],
            "subnets": [
              "subnet-0c2fe7bd3498a2493",
              "subnet-0f4402b2f4ac74812"
            ],
            "tags": {
              "Environment": "dev",
              "ManagedBy": "Terraform",
              "Name": "tap-dev-alb-primary",
              "Project": "tap",
              "Region": "us-east-1"
            },
            "tags_all": {
              "Environment": "dev",
              "ManagedBy": "Terraform",
              "Name": "tap-dev-alb-primary",
              "Project": "tap",
              "Region": "us-east-1"
            },
            "timeouts": null,
            "vpc_id": "vpc-0f6c0d56aea5b271c",
            "xff_header_processing_mode": "append",
            "zone_id": "Z35SXDOTRQ7X7K"
          },
          "sensitive_attributes": [],
          "private": "eyJlMmJmYjczMC1lY2FhLTExZTYtOGY4OC0zNDM2M2JjN2M0YzAiOnsiY3JlYXRlIjo2MDAwMDAwMDAwMDAsImRlbGV0ZSI6NjAwMDAwMDAwMDAwLCJ1cGRhdGUiOjYwMDAwMDAwMDAwMH19",
          "dependencies": [
            "aws_security_group.alb_primary",
            "aws_subnet.public_primary",
            "aws_vpc.primary",
            "data.aws_availability_zones.primary"
          ]
        }
      ]
    },
    {
      "mode": "managed",
      "type": "aws_lb",
      "name": "secondary",
      "provider": "provider[\"registry.terraform.io/hashicorp/aws\"].secondary",
      "instances": [
        {
          "schema_version": 0,
          "attributes": {
            "access_logs": [
              {
                "bucket": "",
                "enabled": false,
                "prefix": ""
              }
            ],
            "arn": "arn:aws:elasticloadbalancing:us-west-2:137285103215:loadbalancer/app/tap-dev-alb-secondary/cc181fbbb69832d8",
            "arn_suffix": "app/tap-dev-alb-secondary/cc181fbbb69832d8",
            "client_keep_alive": 3600,
            "connection_logs": [
              {
                "bucket": "",
                "enabled": false,
                "prefix": ""
              }
            ],
            "customer_owned_ipv4_pool": "",
            "desync_mitigation_mode": "defensive",
            "dns_name": "tap-dev-alb-secondary-2080149221.us-west-2.elb.amazonaws.com",
            "dns_record_client_routing_policy": null,
            "drop_invalid_header_fields": false,
            "enable_cross_zone_load_balancing": true,
            "enable_deletion_protection": false,
            "enable_http2": true,
            "enable_tls_version_and_cipher_suite_headers": false,
            "enable_waf_fail_open": false,
            "enable_xff_client_port": false,
            "enable_zonal_shift": false,
            "enforce_security_group_inbound_rules_on_private_link_traffic": "",
            "id": "arn:aws:elasticloadbalancing:us-west-2:137285103215:loadbalancer/app/tap-dev-alb-secondary/cc181fbbb69832d8",
            "idle_timeout": 60,
            "internal": false,
            "ip_address_type": "ipv4",
            "ipam_pools": [],
            "load_balancer_type": "application",
            "minimum_load_balancer_capacity": [],
            "name": "tap-dev-alb-secondary",
            "name_prefix": "",
            "preserve_host_header": false,
            "security_groups": [
              "sg-075c5bd5d9a8aa77a"
            ],
            "subnet_mapping": [
              {
                "allocation_id": "",
                "ipv6_address": "",
                "outpost_id": "",
                "private_ipv4_address": "",
                "subnet_id": "subnet-0b5da1e45abe8371b"
              },
              {
                "allocation_id": "",
                "ipv6_address": "",
                "outpost_id": "",
                "private_ipv4_address": "",
                "subnet_id": "subnet-0e7ab5f20b48ef082"
              }
            ],
            "subnets": [
              "subnet-0b5da1e45abe8371b",
              "subnet-0e7ab5f20b48ef082"
            ],
            "tags": {
              "Environment": "dev",
              "ManagedBy": "Terraform",
              "Name": "tap-dev-alb-secondary",
              "Project": "tap",
              "Region": "us-west-2"
            },
            "tags_all": {
              "Environment": "dev",
              "ManagedBy": "Terraform",
              "Name": "tap-dev-alb-secondary",
              "Project": "tap",
              "Region": "us-west-2"
            },
            "timeouts": null,
            "vpc_id": "vpc-0f858c6d2ed0e1a88",
            "xff_header_processing_mode": "append",
            "zone_id": "Z1H1FL5HABSF5"
          },
          "sensitive_attributes": [],
          "private": "eyJlMmJmYjczMC1lY2FhLTExZTYtOGY4OC0zNDM2M2JjN2M0YzAiOnsiY3JlYXRlIjo2MDAwMDAwMDAwMDAsImRlbGV0ZSI6NjAwMDAwMDAwMDAwLCJ1cGRhdGUiOjYwMDAwMDAwMDAwMH19",
          "dependencies": [
            "aws_security_group.alb_secondary",
            "aws_subnet.public_secondary",
            "aws_vpc.secondary",
            "data.aws_availability_zones.secondary"
          ]
        }
      ]
    },
    {
      "mode": "managed",
      "type": "aws_lb_listener",
      "name": "primary",
      "provider": "provider[\"registry.terraform.io/hashicorp/aws\"].primary",
      "instances": [
        {
          "schema_version": 0,
          "attributes": {
            "alpn_policy": null,
            "arn": "arn:aws:elasticloadbalancing:us-east-1:137285103215:listener/app/tap-dev-alb-primary/208476c328754340/540414805928e5bf",
            "certificate_arn": null,
            "default_action": [
              {
                "authenticate_cognito": [],
                "authenticate_oidc": [],
                "fixed_response": [],
                "forward": [],
                "order": 1,
                "redirect": [],
                "target_group_arn": "arn:aws:elasticloadbalancing:us-east-1:137285103215:targetgroup/tap-dev-tg-primary/ed30532b91472fd1",
                "type": "forward"
              }
            ],
            "id": "arn:aws:elasticloadbalancing:us-east-1:137285103215:listener/app/tap-dev-alb-primary/208476c328754340/540414805928e5bf",
            "load_balancer_arn": "arn:aws:elasticloadbalancing:us-east-1:137285103215:loadbalancer/app/tap-dev-alb-primary/208476c328754340",
            "mutual_authentication": [],
            "port": 80,
            "protocol": "HTTP",
            "routing_http_request_x_amzn_mtls_clientcert_header_name": null,
            "routing_http_request_x_amzn_mtls_clientcert_issuer_header_name": null,
            "routing_http_request_x_amzn_mtls_clientcert_leaf_header_name": null,
            "routing_http_request_x_amzn_mtls_clientcert_serial_number_header_name": null,
            "routing_http_request_x_amzn_mtls_clientcert_subject_header_name": null,
            "routing_http_request_x_amzn_mtls_clientcert_validity_header_name": null,
            "routing_http_request_x_amzn_tls_cipher_suite_header_name": null,
            "routing_http_request_x_amzn_tls_version_header_name": null,
            "routing_http_response_access_control_allow_credentials_header_value": "",
            "routing_http_response_access_control_allow_headers_header_value": "",
            "routing_http_response_access_control_allow_methods_header_value": "",
            "routing_http_response_access_control_allow_origin_header_value": "",
            "routing_http_response_access_control_expose_headers_header_value": "",
            "routing_http_response_access_control_max_age_header_value": "",
            "routing_http_response_content_security_policy_header_value": "",
            "routing_http_response_server_enabled": true,
            "routing_http_response_strict_transport_security_header_value": "",
            "routing_http_response_x_content_type_options_header_value": "",
            "routing_http_response_x_frame_options_header_value": "",
            "ssl_policy": "",
            "tags": null,
            "tags_all": {
              "Environment": "dev",
              "ManagedBy": "Terraform",
              "Project": "tap",
              "Region": "us-east-1"
            },
            "tcp_idle_timeout_seconds": null,
            "timeouts": null
          },
          "sensitive_attributes": [],
          "private": "eyJlMmJmYjczMC1lY2FhLTExZTYtOGY4OC0zNDM2M2JjN2M0YzAiOnsiY3JlYXRlIjozMDAwMDAwMDAwMDAsInVwZGF0ZSI6MzAwMDAwMDAwMDAwfX0=",
          "dependencies": [
            "aws_lb.primary",
            "aws_lb_target_group.primary",
            "aws_security_group.alb_primary",
            "aws_subnet.public_primary",
            "aws_vpc.primary",
            "data.aws_availability_zones.primary"
          ]
        }
      ]
    },
    {
      "mode": "managed",
      "type": "aws_lb_listener",
      "name": "secondary",
      "provider": "provider[\"registry.terraform.io/hashicorp/aws\"].secondary",
      "instances": [
        {
          "schema_version": 0,
          "attributes": {
            "alpn_policy": null,
            "arn": "arn:aws:elasticloadbalancing:us-west-2:137285103215:listener/app/tap-dev-alb-secondary/cc181fbbb69832d8/dde76b5137cb15b9",
            "certificate_arn": null,
            "default_action": [
              {
                "authenticate_cognito": [],
                "authenticate_oidc": [],
                "fixed_response": [],
                "forward": [],
                "order": 1,
                "redirect": [],
                "target_group_arn": "arn:aws:elasticloadbalancing:us-west-2:137285103215:targetgroup/tap-dev-tg-secondary/c047ba4790f85cb0",
                "type": "forward"
              }
            ],
            "id": "arn:aws:elasticloadbalancing:us-west-2:137285103215:listener/app/tap-dev-alb-secondary/cc181fbbb69832d8/dde76b5137cb15b9",
            "load_balancer_arn": "arn:aws:elasticloadbalancing:us-west-2:137285103215:loadbalancer/app/tap-dev-alb-secondary/cc181fbbb69832d8",
            "mutual_authentication": [],
            "port": 80,
            "protocol": "HTTP",
            "routing_http_request_x_amzn_mtls_clientcert_header_name": null,
            "routing_http_request_x_amzn_mtls_clientcert_issuer_header_name": null,
            "routing_http_request_x_amzn_mtls_clientcert_leaf_header_name": null,
            "routing_http_request_x_amzn_mtls_clientcert_serial_number_header_name": null,
            "routing_http_request_x_amzn_mtls_clientcert_subject_header_name": null,
            "routing_http_request_x_amzn_mtls_clientcert_validity_header_name": null,
            "routing_http_request_x_amzn_tls_cipher_suite_header_name": null,
            "routing_http_request_x_amzn_tls_version_header_name": null,
            "routing_http_response_access_control_allow_credentials_header_value": "",
            "routing_http_response_access_control_allow_headers_header_value": "",
            "routing_http_response_access_control_allow_methods_header_value": "",
            "routing_http_response_access_control_allow_origin_header_value": "",
            "routing_http_response_access_control_expose_headers_header_value": "",
            "routing_http_response_access_control_max_age_header_value": "",
            "routing_http_response_content_security_policy_header_value": "",
            "routing_http_response_server_enabled": true,
            "routing_http_response_strict_transport_security_header_value": "",
            "routing_http_response_x_content_type_options_header_value": "",
            "routing_http_response_x_frame_options_header_value": "",
            "ssl_policy": "",
            "tags": null,
            "tags_all": {
              "Environment": "dev",
              "ManagedBy": "Terraform",
              "Project": "tap",
              "Region": "us-west-2"
            },
            "tcp_idle_timeout_seconds": null,
            "timeouts": null
          },
          "sensitive_attributes": [],
          "private": "eyJlMmJmYjczMC1lY2FhLTExZTYtOGY4OC0zNDM2M2JjN2M0YzAiOnsiY3JlYXRlIjozMDAwMDAwMDAwMDAsInVwZGF0ZSI6MzAwMDAwMDAwMDAwfX0=",
          "dependencies": [
            "aws_lb.secondary",
            "aws_lb_target_group.secondary",
            "aws_security_group.alb_secondary",
            "aws_subnet.public_secondary",
            "aws_vpc.secondary",
            "data.aws_availability_zones.secondary"
          ]
        }
      ]
    },
    {
      "mode": "managed",
      "type": "aws_lb_target_group",
      "name": "primary",
      "provider": "provider[\"registry.terraform.io/hashicorp/aws\"].primary",
      "instances": [
        {
          "schema_version": 0,
          "attributes": {
            "arn": "arn:aws:elasticloadbalancing:us-east-1:137285103215:targetgroup/tap-dev-tg-primary/ed30532b91472fd1",
            "arn_suffix": "targetgroup/tap-dev-tg-primary/ed30532b91472fd1",
            "connection_termination": null,
            "deregistration_delay": "300",
            "health_check": [
              {
                "enabled": true,
                "healthy_threshold": 2,
                "interval": 30,
                "matcher": "200",
                "path": "/",
                "port": "traffic-port",
                "protocol": "HTTP",
                "timeout": 5,
                "unhealthy_threshold": 2
              }
            ],
            "id": "arn:aws:elasticloadbalancing:us-east-1:137285103215:targetgroup/tap-dev-tg-primary/ed30532b91472fd1",
            "ip_address_type": "ipv4",
            "lambda_multi_value_headers_enabled": false,
            "load_balancer_arns": [],
            "load_balancing_algorithm_type": "round_robin",
            "load_balancing_anomaly_mitigation": "off",
            "load_balancing_cross_zone_enabled": "use_load_balancer_configuration",
            "name": "tap-dev-tg-primary",
            "name_prefix": "",
            "port": 80,
            "preserve_client_ip": null,
            "protocol": "HTTP",
            "protocol_version": "HTTP1",
            "proxy_protocol_v2": false,
            "slow_start": 0,
            "stickiness": [
              {
                "cookie_duration": 86400,
                "cookie_name": "",
                "enabled": false,
                "type": "lb_cookie"
              }
            ],
            "tags": {
              "Environment": "dev",
              "ManagedBy": "Terraform",
              "Name": "tap-dev-tg-primary",
              "Project": "tap",
              "Region": "us-east-1"
            },
            "tags_all": {
              "Environment": "dev",
              "ManagedBy": "Terraform",
              "Name": "tap-dev-tg-primary",
              "Project": "tap",
              "Region": "us-east-1"
            },
            "target_failover": [
              {
                "on_deregistration": null,
                "on_unhealthy": null
              }
            ],
            "target_group_health": [
              {
                "dns_failover": [
                  {
                    "minimum_healthy_targets_count": "1",
                    "minimum_healthy_targets_percentage": "off"
                  }
                ],
                "unhealthy_state_routing": [
                  {
                    "minimum_healthy_targets_count": 1,
                    "minimum_healthy_targets_percentage": "off"
                  }
                ]
              }
            ],
            "target_health_state": [
              {
                "enable_unhealthy_connection_termination": null,
                "unhealthy_draining_interval": null
              }
            ],
            "target_type": "instance",
            "vpc_id": "vpc-0f6c0d56aea5b271c"
          },
          "sensitive_attributes": [],
          "private": "bnVsbA==",
          "dependencies": [
            "aws_vpc.primary"
          ]
        }
      ]
    },
    {
      "mode": "managed",
      "type": "aws_lb_target_group",
      "name": "secondary",
      "provider": "provider[\"registry.terraform.io/hashicorp/aws\"].secondary",
      "instances": [
        {
          "schema_version": 0,
          "attributes": {
            "arn": "arn:aws:elasticloadbalancing:us-west-2:137285103215:targetgroup/tap-dev-tg-secondary/c047ba4790f85cb0",
            "arn_suffix": "targetgroup/tap-dev-tg-secondary/c047ba4790f85cb0",
            "connection_termination": null,
            "deregistration_delay": "300",
            "health_check": [
              {
                "enabled": true,
                "healthy_threshold": 2,
                "interval": 30,
                "matcher": "200",
                "path": "/",
                "port": "traffic-port",
                "protocol": "HTTP",
                "timeout": 5,
                "unhealthy_threshold": 2
              }
            ],
            "id": "arn:aws:elasticloadbalancing:us-west-2:137285103215:targetgroup/tap-dev-tg-secondary/c047ba4790f85cb0",
            "ip_address_type": "ipv4",
            "lambda_multi_value_headers_enabled": false,
            "load_balancer_arns": [],
            "load_balancing_algorithm_type": "round_robin",
            "load_balancing_anomaly_mitigation": "off",
            "load_balancing_cross_zone_enabled": "use_load_balancer_configuration",
            "name": "tap-dev-tg-secondary",
            "name_prefix": "",
            "port": 80,
            "preserve_client_ip": null,
            "protocol": "HTTP",
            "protocol_version": "HTTP1",
            "proxy_protocol_v2": false,
            "slow_start": 0,
            "stickiness": [
              {
                "cookie_duration": 86400,
                "cookie_name": "",
                "enabled": false,
                "type": "lb_cookie"
              }
            ],
            "tags": {
              "Environment": "dev",
              "ManagedBy": "Terraform",
              "Name": "tap-dev-tg-secondary",
              "Project": "tap",
              "Region": "us-west-2"
            },
            "tags_all": {
              "Environment": "dev",
              "ManagedBy": "Terraform",
              "Name": "tap-dev-tg-secondary",
              "Project": "tap",
              "Region": "us-west-2"
            },
            "target_failover": [
              {
                "on_deregistration": null,
                "on_unhealthy": null
              }
            ],
            "target_group_health": [
              {
                "dns_failover": [
                  {
                    "minimum_healthy_targets_count": "1",
                    "minimum_healthy_targets_percentage": "off"
                  }
                ],
                "unhealthy_state_routing": [
                  {
                    "minimum_healthy_targets_count": 1,
                    "minimum_healthy_targets_percentage": "off"
                  }
                ]
              }
            ],
            "target_health_state": [
              {
                "enable_unhealthy_connection_termination": null,
                "unhealthy_draining_interval": null
              }
            ],
            "target_type": "instance",
            "vpc_id": "vpc-0f858c6d2ed0e1a88"
          },
          "sensitive_attributes": [],
          "private": "bnVsbA==",
          "dependencies": [
            "aws_vpc.secondary"
          ]
        }
      ]
    },
    {
      "mode": "managed",
      "type": "aws_nat_gateway",
      "name": "primary",
      "provider": "provider[\"registry.terraform.io/hashicorp/aws\"].primary",
      "instances": [
        {
          "index_key": 0,
          "schema_version": 0,
          "attributes": {
            "allocation_id": "eipalloc-00e5d5a9f79446863",
            "association_id": "eipassoc-002f024f370787d1c",
            "connectivity_type": "public",
            "id": "nat-0a285e0470270628c",
            "network_interface_id": "eni-0659e9a78fcd97a62",
            "private_ip": "10.0.0.159",
            "public_ip": "44.207.82.215",
            "secondary_allocation_ids": null,
            "secondary_private_ip_address_count": 0,
            "secondary_private_ip_addresses": [],
            "subnet_id": "subnet-0c2fe7bd3498a2493",
            "tags": {
              "Environment": "dev",
              "ManagedBy": "Terraform",
              "Name": "tap-dev-nat-primary-1",
              "Project": "tap",
              "Region": "us-east-1"
            },
            "tags_all": {
              "Environment": "dev",
              "ManagedBy": "Terraform",
              "Name": "tap-dev-nat-primary-1",
              "Project": "tap",
              "Region": "us-east-1"
            },
            "timeouts": null
          },
          "sensitive_attributes": [],
          "private": "eyJlMmJmYjczMC1lY2FhLTExZTYtOGY4OC0zNDM2M2JjN2M0YzAiOnsiY3JlYXRlIjo2MDAwMDAwMDAwMDAsImRlbGV0ZSI6MTgwMDAwMDAwMDAwMCwidXBkYXRlIjo2MDAwMDAwMDAwMDB9fQ==",
          "dependencies": [
            "aws_eip.nat_primary",
            "aws_internet_gateway.primary",
            "aws_subnet.public_primary",
            "aws_vpc.primary",
            "data.aws_availability_zones.primary"
          ]
        },
        {
          "index_key": 1,
          "schema_version": 0,
          "attributes": {
            "allocation_id": "eipalloc-010e83d8e610925f5",
            "association_id": "eipassoc-06add7ea924666d29",
            "connectivity_type": "public",
            "id": "nat-00c838e1fb2703675",
            "network_interface_id": "eni-08b0c77c72d06570d",
            "private_ip": "10.0.1.240",
            "public_ip": "18.211.56.216",
            "secondary_allocation_ids": null,
            "secondary_private_ip_address_count": 0,
            "secondary_private_ip_addresses": [],
            "subnet_id": "subnet-0f4402b2f4ac74812",
            "tags": {
              "Environment": "dev",
              "ManagedBy": "Terraform",
              "Name": "tap-dev-nat-primary-2",
              "Project": "tap",
              "Region": "us-east-1"
            },
            "tags_all": {
              "Environment": "dev",
              "ManagedBy": "Terraform",
              "Name": "tap-dev-nat-primary-2",
              "Project": "tap",
              "Region": "us-east-1"
            },
            "timeouts": null
          },
          "sensitive_attributes": [],
          "private": "eyJlMmJmYjczMC1lY2FhLTExZTYtOGY4OC0zNDM2M2JjN2M0YzAiOnsiY3JlYXRlIjo2MDAwMDAwMDAwMDAsImRlbGV0ZSI6MTgwMDAwMDAwMDAwMCwidXBkYXRlIjo2MDAwMDAwMDAwMDB9fQ==",
          "dependencies": [
            "aws_eip.nat_primary",
            "aws_internet_gateway.primary",
            "aws_subnet.public_primary",
            "aws_vpc.primary",
            "data.aws_availability_zones.primary"
          ]
        }
      ]
    },
    {
      "mode": "managed",
      "type": "aws_nat_gateway",
      "name": "secondary",
      "provider": "provider[\"registry.terraform.io/hashicorp/aws\"].secondary",
      "instances": [
        {
          "index_key": 0,
          "schema_version": 0,
          "attributes": {
            "allocation_id": "eipalloc-079b0243b511670db",
            "association_id": "eipassoc-0b79ecd3be711abee",
            "connectivity_type": "public",
            "id": "nat-0e31f7869011aabea",
            "network_interface_id": "eni-004e7d3c43964f80f",
            "private_ip": "10.1.0.104",
            "public_ip": "44.231.221.140",
            "secondary_allocation_ids": null,
            "secondary_private_ip_address_count": 0,
            "secondary_private_ip_addresses": [],
            "subnet_id": "subnet-0b5da1e45abe8371b",
            "tags": {
              "Environment": "dev",
              "ManagedBy": "Terraform",
              "Name": "tap-dev-nat-secondary-1",
              "Project": "tap",
              "Region": "us-west-2"
            },
            "tags_all": {
              "Environment": "dev",
              "ManagedBy": "Terraform",
              "Name": "tap-dev-nat-secondary-1",
              "Project": "tap",
              "Region": "us-west-2"
            },
            "timeouts": null
          },
          "sensitive_attributes": [],
          "private": "eyJlMmJmYjczMC1lY2FhLTExZTYtOGY4OC0zNDM2M2JjN2M0YzAiOnsiY3JlYXRlIjo2MDAwMDAwMDAwMDAsImRlbGV0ZSI6MTgwMDAwMDAwMDAwMCwidXBkYXRlIjo2MDAwMDAwMDAwMDB9fQ==",
          "dependencies": [
            "aws_eip.nat_secondary",
            "aws_internet_gateway.secondary",
            "aws_subnet.public_secondary",
            "aws_vpc.secondary",
            "data.aws_availability_zones.secondary"
          ]
        },
        {
          "index_key": 1,
          "schema_version": 0,
          "attributes": {
            "allocation_id": "eipalloc-08465e140bd3810d4",
            "association_id": "eipassoc-0f9767c11aa6818b6",
            "connectivity_type": "public",
            "id": "nat-055e8e55b7dd269a0",
            "network_interface_id": "eni-02edf7420a05a4eb2",
            "private_ip": "10.1.1.167",
            "public_ip": "54.149.187.28",
            "secondary_allocation_ids": null,
            "secondary_private_ip_address_count": 0,
            "secondary_private_ip_addresses": [],
            "subnet_id": "subnet-0e7ab5f20b48ef082",
            "tags": {
              "Environment": "dev",
              "ManagedBy": "Terraform",
              "Name": "tap-dev-nat-secondary-2",
              "Project": "tap",
              "Region": "us-west-2"
            },
            "tags_all": {
              "Environment": "dev",
              "ManagedBy": "Terraform",
              "Name": "tap-dev-nat-secondary-2",
              "Project": "tap",
              "Region": "us-west-2"
            },
            "timeouts": null
          },
          "sensitive_attributes": [],
          "private": "eyJlMmJmYjczMC1lY2FhLTExZTYtOGY4OC0zNDM2M2JjN2M0YzAiOnsiY3JlYXRlIjo2MDAwMDAwMDAwMDAsImRlbGV0ZSI6MTgwMDAwMDAwMDAwMCwidXBkYXRlIjo2MDAwMDAwMDAwMDB9fQ==",
          "dependencies": [
            "aws_eip.nat_secondary",
            "aws_internet_gateway.secondary",
            "aws_subnet.public_secondary",
            "aws_vpc.secondary",
            "data.aws_availability_zones.secondary"
          ]
        }
      ]
    },
    {
      "mode": "managed",
      "type": "aws_route_table",
      "name": "private_primary",
      "provider": "provider[\"registry.terraform.io/hashicorp/aws\"].primary",
      "instances": [
        {
          "index_key": 0,
          "schema_version": 0,
          "attributes": {
            "arn": "arn:aws:ec2:us-east-1:137285103215:route-table/rtb-026b8a178b2222a79",
            "id": "rtb-026b8a178b2222a79",
            "owner_id": "137285103215",
            "propagating_vgws": [],
            "route": [
              {
                "carrier_gateway_id": "",
                "cidr_block": "0.0.0.0/0",
                "core_network_arn": "",
                "destination_prefix_list_id": "",
                "egress_only_gateway_id": "",
                "gateway_id": "",
                "ipv6_cidr_block": "",
                "local_gateway_id": "",
                "nat_gateway_id": "nat-0a285e0470270628c",
                "network_interface_id": "",
                "transit_gateway_id": "",
                "vpc_endpoint_id": "",
                "vpc_peering_connection_id": ""
              }
            ],
            "tags": {
              "Environment": "dev",
              "ManagedBy": "Terraform",
              "Name": "tap-dev-rt-private-primary-1",
              "Project": "tap",
              "Region": "us-east-1"
            },
            "tags_all": {
              "Environment": "dev",
              "ManagedBy": "Terraform",
              "Name": "tap-dev-rt-private-primary-1",
              "Project": "tap",
              "Region": "us-east-1"
            },
            "timeouts": null,
            "vpc_id": "vpc-0f6c0d56aea5b271c"
          },
          "sensitive_attributes": [],
          "private": "eyJlMmJmYjczMC1lY2FhLTExZTYtOGY4OC0zNDM2M2JjN2M0YzAiOnsiY3JlYXRlIjozMDAwMDAwMDAwMDAsImRlbGV0ZSI6MzAwMDAwMDAwMDAwLCJ1cGRhdGUiOjEyMDAwMDAwMDAwMH19",
          "dependencies": [
            "aws_eip.nat_primary",
            "aws_internet_gateway.primary",
            "aws_nat_gateway.primary",
            "aws_subnet.public_primary",
            "aws_vpc.primary",
            "data.aws_availability_zones.primary"
          ]
        },
        {
          "index_key": 1,
          "schema_version": 0,
          "attributes": {
            "arn": "arn:aws:ec2:us-east-1:137285103215:route-table/rtb-0224af3c2ccfe9f4f",
            "id": "rtb-0224af3c2ccfe9f4f",
            "owner_id": "137285103215",
            "propagating_vgws": [],
            "route": [
              {
                "carrier_gateway_id": "",
                "cidr_block": "0.0.0.0/0",
                "core_network_arn": "",
                "destination_prefix_list_id": "",
                "egress_only_gateway_id": "",
                "gateway_id": "",
                "ipv6_cidr_block": "",
                "local_gateway_id": "",
                "nat_gateway_id": "nat-00c838e1fb2703675",
                "network_interface_id": "",
                "transit_gateway_id": "",
                "vpc_endpoint_id": "",
                "vpc_peering_connection_id": ""
              }
            ],
            "tags": {
              "Environment": "dev",
              "ManagedBy": "Terraform",
              "Name": "tap-dev-rt-private-primary-2",
              "Project": "tap",
              "Region": "us-east-1"
            },
            "tags_all": {
              "Environment": "dev",
              "ManagedBy": "Terraform",
              "Name": "tap-dev-rt-private-primary-2",
              "Project": "tap",
              "Region": "us-east-1"
            },
            "timeouts": null,
            "vpc_id": "vpc-0f6c0d56aea5b271c"
          },
          "sensitive_attributes": [],
          "private": "eyJlMmJmYjczMC1lY2FhLTExZTYtOGY4OC0zNDM2M2JjN2M0YzAiOnsiY3JlYXRlIjozMDAwMDAwMDAwMDAsImRlbGV0ZSI6MzAwMDAwMDAwMDAwLCJ1cGRhdGUiOjEyMDAwMDAwMDAwMH19",
          "dependencies": [
            "aws_eip.nat_primary",
            "aws_internet_gateway.primary",
            "aws_nat_gateway.primary",
            "aws_subnet.public_primary",
            "aws_vpc.primary",
            "data.aws_availability_zones.primary"
          ]
        }
      ]
    },
    {
      "mode": "managed",
      "type": "aws_route_table",
      "name": "private_secondary",
      "provider": "provider[\"registry.terraform.io/hashicorp/aws\"].secondary",
      "instances": [
        {
          "index_key": 0,
          "schema_version": 0,
          "attributes": {
            "arn": "arn:aws:ec2:us-west-2:137285103215:route-table/rtb-0c91c515915083be2",
            "id": "rtb-0c91c515915083be2",
            "owner_id": "137285103215",
            "propagating_vgws": [],
            "route": [
              {
                "carrier_gateway_id": "",
                "cidr_block": "0.0.0.0/0",
                "core_network_arn": "",
                "destination_prefix_list_id": "",
                "egress_only_gateway_id": "",
                "gateway_id": "",
                "ipv6_cidr_block": "",
                "local_gateway_id": "",
                "nat_gateway_id": "nat-0e31f7869011aabea",
                "network_interface_id": "",
                "transit_gateway_id": "",
                "vpc_endpoint_id": "",
                "vpc_peering_connection_id": ""
              }
            ],
            "tags": {
              "Environment": "dev",
              "ManagedBy": "Terraform",
              "Name": "tap-dev-rt-private-secondary-1",
              "Project": "tap",
              "Region": "us-west-2"
            },
            "tags_all": {
              "Environment": "dev",
              "ManagedBy": "Terraform",
              "Name": "tap-dev-rt-private-secondary-1",
              "Project": "tap",
              "Region": "us-west-2"
            },
            "timeouts": null,
            "vpc_id": "vpc-0f858c6d2ed0e1a88"
          },
          "sensitive_attributes": [],
          "private": "eyJlMmJmYjczMC1lY2FhLTExZTYtOGY4OC0zNDM2M2JjN2M0YzAiOnsiY3JlYXRlIjozMDAwMDAwMDAwMDAsImRlbGV0ZSI6MzAwMDAwMDAwMDAwLCJ1cGRhdGUiOjEyMDAwMDAwMDAwMH19",
          "dependencies": [
            "aws_eip.nat_secondary",
            "aws_internet_gateway.secondary",
            "aws_nat_gateway.secondary",
            "aws_subnet.public_secondary",
            "aws_vpc.secondary",
            "data.aws_availability_zones.secondary"
          ]
        },
        {
          "index_key": 1,
          "schema_version": 0,
          "attributes": {
            "arn": "arn:aws:ec2:us-west-2:137285103215:route-table/rtb-05917c520c0f12a99",
            "id": "rtb-05917c520c0f12a99",
            "owner_id": "137285103215",
            "propagating_vgws": [],
            "route": [
              {
                "carrier_gateway_id": "",
                "cidr_block": "0.0.0.0/0",
                "core_network_arn": "",
                "destination_prefix_list_id": "",
                "egress_only_gateway_id": "",
                "gateway_id": "",
                "ipv6_cidr_block": "",
                "local_gateway_id": "",
                "nat_gateway_id": "nat-055e8e55b7dd269a0",
                "network_interface_id": "",
                "transit_gateway_id": "",
                "vpc_endpoint_id": "",
                "vpc_peering_connection_id": ""
              }
            ],
            "tags": {
              "Environment": "dev",
              "ManagedBy": "Terraform",
              "Name": "tap-dev-rt-private-secondary-2",
              "Project": "tap",
              "Region": "us-west-2"
            },
            "tags_all": {
              "Environment": "dev",
              "ManagedBy": "Terraform",
              "Name": "tap-dev-rt-private-secondary-2",
              "Project": "tap",
              "Region": "us-west-2"
            },
            "timeouts": null,
            "vpc_id": "vpc-0f858c6d2ed0e1a88"
          },
          "sensitive_attributes": [],
          "private": "eyJlMmJmYjczMC1lY2FhLTExZTYtOGY4OC0zNDM2M2JjN2M0YzAiOnsiY3JlYXRlIjozMDAwMDAwMDAwMDAsImRlbGV0ZSI6MzAwMDAwMDAwMDAwLCJ1cGRhdGUiOjEyMDAwMDAwMDAwMH19",
          "dependencies": [
            "aws_eip.nat_secondary",
            "aws_internet_gateway.secondary",
            "aws_nat_gateway.secondary",
            "aws_subnet.public_secondary",
            "aws_vpc.secondary",
            "data.aws_availability_zones.secondary"
          ]
        }
      ]
    },
    {
      "mode": "managed",
      "type": "aws_route_table",
      "name": "public_primary",
      "provider": "provider[\"registry.terraform.io/hashicorp/aws\"].primary",
      "instances": [
        {
          "schema_version": 0,
          "attributes": {
            "arn": "arn:aws:ec2:us-east-1:137285103215:route-table/rtb-06a2e3a34b428bed8",
            "id": "rtb-06a2e3a34b428bed8",
            "owner_id": "137285103215",
            "propagating_vgws": [],
            "route": [
              {
                "carrier_gateway_id": "",
                "cidr_block": "0.0.0.0/0",
                "core_network_arn": "",
                "destination_prefix_list_id": "",
                "egress_only_gateway_id": "",
                "gateway_id": "igw-07fc6d3bf6a140abb",
                "ipv6_cidr_block": "",
                "local_gateway_id": "",
                "nat_gateway_id": "",
                "network_interface_id": "",
                "transit_gateway_id": "",
                "vpc_endpoint_id": "",
                "vpc_peering_connection_id": ""
              }
            ],
            "tags": {
              "Environment": "dev",
              "ManagedBy": "Terraform",
              "Name": "tap-dev-rt-public-primary",
              "Project": "tap",
              "Region": "us-east-1"
            },
            "tags_all": {
              "Environment": "dev",
              "ManagedBy": "Terraform",
              "Name": "tap-dev-rt-public-primary",
              "Project": "tap",
              "Region": "us-east-1"
            },
            "timeouts": null,
            "vpc_id": "vpc-0f6c0d56aea5b271c"
          },
          "sensitive_attributes": [],
          "private": "eyJlMmJmYjczMC1lY2FhLTExZTYtOGY4OC0zNDM2M2JjN2M0YzAiOnsiY3JlYXRlIjozMDAwMDAwMDAwMDAsImRlbGV0ZSI6MzAwMDAwMDAwMDAwLCJ1cGRhdGUiOjEyMDAwMDAwMDAwMH19",
          "dependencies": [
            "aws_internet_gateway.primary",
            "aws_vpc.primary"
          ]
        }
      ]
    },
    {
      "mode": "managed",
      "type": "aws_route_table",
      "name": "public_secondary",
      "provider": "provider[\"registry.terraform.io/hashicorp/aws\"].secondary",
      "instances": [
        {
          "schema_version": 0,
          "attributes": {
            "arn": "arn:aws:ec2:us-west-2:137285103215:route-table/rtb-09c6d6435ef7d37f8",
            "id": "rtb-09c6d6435ef7d37f8",
            "owner_id": "137285103215",
            "propagating_vgws": [],
            "route": [
              {
                "carrier_gateway_id": "",
                "cidr_block": "0.0.0.0/0",
                "core_network_arn": "",
                "destination_prefix_list_id": "",
                "egress_only_gateway_id": "",
                "gateway_id": "igw-0c9d96fce10e260dc",
                "ipv6_cidr_block": "",
                "local_gateway_id": "",
                "nat_gateway_id": "",
                "network_interface_id": "",
                "transit_gateway_id": "",
                "vpc_endpoint_id": "",
                "vpc_peering_connection_id": ""
              }
            ],
            "tags": {
              "Environment": "dev",
              "ManagedBy": "Terraform",
              "Name": "tap-dev-rt-public-secondary",
              "Project": "tap",
              "Region": "us-west-2"
            },
            "tags_all": {
              "Environment": "dev",
              "ManagedBy": "Terraform",
              "Name": "tap-dev-rt-public-secondary",
              "Project": "tap",
              "Region": "us-west-2"
            },
            "timeouts": null,
            "vpc_id": "vpc-0f858c6d2ed0e1a88"
          },
          "sensitive_attributes": [],
          "private": "eyJlMmJmYjczMC1lY2FhLTExZTYtOGY4OC0zNDM2M2JjN2M0YzAiOnsiY3JlYXRlIjozMDAwMDAwMDAwMDAsImRlbGV0ZSI6MzAwMDAwMDAwMDAwLCJ1cGRhdGUiOjEyMDAwMDAwMDAwMH19",
          "dependencies": [
            "aws_internet_gateway.secondary",
            "aws_vpc.secondary"
          ]
        }
      ]
    },
    {
      "mode": "managed",
      "type": "aws_route_table_association",
      "name": "private_primary",
      "provider": "provider[\"registry.terraform.io/hashicorp/aws\"].primary",
      "instances": [
        {
          "index_key": 0,
          "schema_version": 0,
          "attributes": {
            "gateway_id": "",
            "id": "rtbassoc-01f36dd1fcb187360",
            "route_table_id": "rtb-026b8a178b2222a79",
            "subnet_id": "subnet-0a6a8bd4596fafff6",
            "timeouts": null
          },
          "sensitive_attributes": [],
          "private": "eyJlMmJmYjczMC1lY2FhLTExZTYtOGY4OC0zNDM2M2JjN2M0YzAiOnsiY3JlYXRlIjozMDAwMDAwMDAwMDAsImRlbGV0ZSI6MzAwMDAwMDAwMDAwLCJ1cGRhdGUiOjEyMDAwMDAwMDAwMH19",
          "dependencies": [
            "aws_eip.nat_primary",
            "aws_internet_gateway.primary",
            "aws_nat_gateway.primary",
            "aws_route_table.private_primary",
            "aws_subnet.private_primary",
            "aws_subnet.public_primary",
            "aws_vpc.primary",
            "data.aws_availability_zones.primary"
          ]
        },
        {
          "index_key": 1,
          "schema_version": 0,
          "attributes": {
            "gateway_id": "",
            "id": "rtbassoc-0329a34dcfa52986f",
            "route_table_id": "rtb-0224af3c2ccfe9f4f",
            "subnet_id": "subnet-03eed3f312bd56223",
            "timeouts": null
          },
          "sensitive_attributes": [],
          "private": "eyJlMmJmYjczMC1lY2FhLTExZTYtOGY4OC0zNDM2M2JjN2M0YzAiOnsiY3JlYXRlIjozMDAwMDAwMDAwMDAsImRlbGV0ZSI6MzAwMDAwMDAwMDAwLCJ1cGRhdGUiOjEyMDAwMDAwMDAwMH19",
          "dependencies": [
            "aws_eip.nat_primary",
            "aws_internet_gateway.primary",
            "aws_nat_gateway.primary",
            "aws_route_table.private_primary",
            "aws_subnet.private_primary",
            "aws_subnet.public_primary",
            "aws_vpc.primary",
            "data.aws_availability_zones.primary"
          ]
        }
      ]
    },
    {
      "mode": "managed",
      "type": "aws_route_table_association",
      "name": "private_secondary",
      "provider": "provider[\"registry.terraform.io/hashicorp/aws\"].secondary",
      "instances": [
        {
          "index_key": 0,
          "schema_version": 0,
          "attributes": {
            "gateway_id": "",
            "id": "rtbassoc-0f955d644953f74c7",
            "route_table_id": "rtb-0c91c515915083be2",
            "subnet_id": "subnet-0303d31254d63e080",
            "timeouts": null
          },
          "sensitive_attributes": [],
          "private": "eyJlMmJmYjczMC1lY2FhLTExZTYtOGY4OC0zNDM2M2JjN2M0YzAiOnsiY3JlYXRlIjozMDAwMDAwMDAwMDAsImRlbGV0ZSI6MzAwMDAwMDAwMDAwLCJ1cGRhdGUiOjEyMDAwMDAwMDAwMH19",
          "dependencies": [
            "aws_eip.nat_secondary",
            "aws_internet_gateway.secondary",
            "aws_nat_gateway.secondary",
            "aws_route_table.private_secondary",
            "aws_subnet.private_secondary",
            "aws_subnet.public_secondary",
            "aws_vpc.secondary",
            "data.aws_availability_zones.secondary"
          ]
        },
        {
          "index_key": 1,
          "schema_version": 0,
          "attributes": {
            "gateway_id": "",
            "id": "rtbassoc-03db2985e7be690d8",
            "route_table_id": "rtb-05917c520c0f12a99",
            "subnet_id": "subnet-0db9b3273ebf5d394",
            "timeouts": null
          },
          "sensitive_attributes": [],
          "private": "eyJlMmJmYjczMC1lY2FhLTExZTYtOGY4OC0zNDM2M2JjN2M0YzAiOnsiY3JlYXRlIjozMDAwMDAwMDAwMDAsImRlbGV0ZSI6MzAwMDAwMDAwMDAwLCJ1cGRhdGUiOjEyMDAwMDAwMDAwMH19",
          "dependencies": [
            "aws_eip.nat_secondary",
            "aws_internet_gateway.secondary",
            "aws_nat_gateway.secondary",
            "aws_route_table.private_secondary",
            "aws_subnet.private_secondary",
            "aws_subnet.public_secondary",
            "aws_vpc.secondary",
            "data.aws_availability_zones.secondary"
          ]
        }
      ]
    },
    {
      "mode": "managed",
      "type": "aws_route_table_association",
      "name": "public_primary",
      "provider": "provider[\"registry.terraform.io/hashicorp/aws\"].primary",
      "instances": [
        {
          "index_key": 0,
          "schema_version": 0,
          "attributes": {
            "gateway_id": "",
            "id": "rtbassoc-0e3e26c1765d68801",
            "route_table_id": "rtb-06a2e3a34b428bed8",
            "subnet_id": "subnet-0c2fe7bd3498a2493",
            "timeouts": null
          },
          "sensitive_attributes": [],
          "private": "eyJlMmJmYjczMC1lY2FhLTExZTYtOGY4OC0zNDM2M2JjN2M0YzAiOnsiY3JlYXRlIjozMDAwMDAwMDAwMDAsImRlbGV0ZSI6MzAwMDAwMDAwMDAwLCJ1cGRhdGUiOjEyMDAwMDAwMDAwMH19",
          "dependencies": [
            "aws_internet_gateway.primary",
            "aws_route_table.public_primary",
            "aws_subnet.public_primary",
            "aws_vpc.primary",
            "data.aws_availability_zones.primary"
          ]
        },
        {
          "index_key": 1,
          "schema_version": 0,
          "attributes": {
            "gateway_id": "",
            "id": "rtbassoc-00187fc2267334dc7",
            "route_table_id": "rtb-06a2e3a34b428bed8",
            "subnet_id": "subnet-0f4402b2f4ac74812",
            "timeouts": null
          },
          "sensitive_attributes": [],
          "private": "eyJlMmJmYjczMC1lY2FhLTExZTYtOGY4OC0zNDM2M2JjN2M0YzAiOnsiY3JlYXRlIjozMDAwMDAwMDAwMDAsImRlbGV0ZSI6MzAwMDAwMDAwMDAwLCJ1cGRhdGUiOjEyMDAwMDAwMDAwMH19",
          "dependencies": [
            "aws_internet_gateway.primary",
            "aws_route_table.public_primary",
            "aws_subnet.public_primary",
            "aws_vpc.primary",
            "data.aws_availability_zones.primary"
          ]
        }
      ]
    },
    {
      "mode": "managed",
      "type": "aws_route_table_association",
      "name": "public_secondary",
      "provider": "provider[\"registry.terraform.io/hashicorp/aws\"].secondary",
      "instances": [
        {
          "index_key": 0,
          "schema_version": 0,
          "attributes": {
            "gateway_id": "",
            "id": "rtbassoc-05d7ce3ae0e22a1e0",
            "route_table_id": "rtb-09c6d6435ef7d37f8",
            "subnet_id": "subnet-0b5da1e45abe8371b",
            "timeouts": null
          },
          "sensitive_attributes": [],
          "private": "eyJlMmJmYjczMC1lY2FhLTExZTYtOGY4OC0zNDM2M2JjN2M0YzAiOnsiY3JlYXRlIjozMDAwMDAwMDAwMDAsImRlbGV0ZSI6MzAwMDAwMDAwMDAwLCJ1cGRhdGUiOjEyMDAwMDAwMDAwMH19",
          "dependencies": [
            "aws_internet_gateway.secondary",
            "aws_route_table.public_secondary",
            "aws_subnet.public_secondary",
            "aws_vpc.secondary",
            "data.aws_availability_zones.secondary"
          ]
        },
        {
          "index_key": 1,
          "schema_version": 0,
          "attributes": {
            "gateway_id": "",
            "id": "rtbassoc-0ea6d6a1bbb929a4c",
            "route_table_id": "rtb-09c6d6435ef7d37f8",
            "subnet_id": "subnet-0e7ab5f20b48ef082",
            "timeouts": null
          },
          "sensitive_attributes": [],
          "private": "eyJlMmJmYjczMC1lY2FhLTExZTYtOGY4OC0zNDM2M2JjN2M0YzAiOnsiY3JlYXRlIjozMDAwMDAwMDAwMDAsImRlbGV0ZSI6MzAwMDAwMDAwMDAwLCJ1cGRhdGUiOjEyMDAwMDAwMDAwMH19",
          "dependencies": [
            "aws_internet_gateway.secondary",
            "aws_route_table.public_secondary",
            "aws_subnet.public_secondary",
            "aws_vpc.secondary",
            "data.aws_availability_zones.secondary"
          ]
        }
      ]
    },
    {
      "mode": "managed",
      "type": "aws_s3_bucket",
      "name": "primary",
      "provider": "provider[\"registry.terraform.io/hashicorp/aws\"].primary",
      "instances": [
        {
          "schema_version": 0,
          "attributes": {
            "acceleration_status": "",
            "acl": null,
            "arn": "arn:aws:s3:::tap-dev-storage-primary-40a70d93",
            "bucket": "tap-dev-storage-primary-40a70d93",
            "bucket_domain_name": "tap-dev-storage-primary-40a70d93.s3.amazonaws.com",
            "bucket_prefix": "",
            "bucket_regional_domain_name": "tap-dev-storage-primary-40a70d93.s3.us-east-1.amazonaws.com",
            "cors_rule": [],
            "force_destroy": false,
            "grant": [
              {
                "id": "91016aa361dc9a00333fec62be36c0cedc59ea939b143dad956f29964ee29588",
                "permissions": [
                  "FULL_CONTROL"
                ],
                "type": "CanonicalUser",
                "uri": ""
              }
            ],
            "hosted_zone_id": "Z3AQBSTGFYJSTF",
            "id": "tap-dev-storage-primary-40a70d93",
            "lifecycle_rule": [],
            "logging": [],
            "object_lock_configuration": [],
            "object_lock_enabled": false,
            "policy": "",
            "region": "us-east-1",
            "replication_configuration": [],
            "request_payer": "BucketOwner",
            "server_side_encryption_configuration": [
              {
                "rule": [
                  {
                    "apply_server_side_encryption_by_default": [
                      {
                        "kms_master_key_id": "",
                        "sse_algorithm": "AES256"
                      }
                    ],
                    "bucket_key_enabled": false
                  }
                ]
              }
            ],
            "tags": {
              "Environment": "dev",
              "ManagedBy": "Terraform",
              "Name": "tap-dev-storage-primary",
              "Project": "tap",
              "Region": "us-east-1"
            },
            "tags_all": {
              "Environment": "dev",
              "ManagedBy": "Terraform",
              "Name": "tap-dev-storage-primary",
              "Project": "tap",
              "Region": "us-east-1"
            },
            "timeouts": null,
            "versioning": [
              {
                "enabled": false,
                "mfa_delete": false
              }
            ],
            "website": [],
            "website_domain": null,
            "website_endpoint": null
          },
          "sensitive_attributes": [],
          "private": "eyJlMmJmYjczMC1lY2FhLTExZTYtOGY4OC0zNDM2M2JjN2M0YzAiOnsiY3JlYXRlIjoxMjAwMDAwMDAwMDAwLCJkZWxldGUiOjM2MDAwMDAwMDAwMDAsInJlYWQiOjEyMDAwMDAwMDAwMDAsInVwZGF0ZSI6MTIwMDAwMDAwMDAwMH19",
          "dependencies": [
            "random_id.bucket_suffix"
          ]
        }
      ]
    },
    {
      "mode": "managed",
      "type": "aws_s3_bucket",
      "name": "secondary",
      "provider": "provider[\"registry.terraform.io/hashicorp/aws\"].secondary",
      "instances": [
        {
          "schema_version": 0,
          "attributes": {
            "acceleration_status": "",
            "acl": null,
            "arn": "arn:aws:s3:::tap-dev-storage-secondary-40a70d93",
            "bucket": "tap-dev-storage-secondary-40a70d93",
            "bucket_domain_name": "tap-dev-storage-secondary-40a70d93.s3.amazonaws.com",
            "bucket_prefix": "",
            "bucket_regional_domain_name": "tap-dev-storage-secondary-40a70d93.s3.us-west-2.amazonaws.com",
            "cors_rule": [],
            "force_destroy": false,
            "grant": [
              {
                "id": "91016aa361dc9a00333fec62be36c0cedc59ea939b143dad956f29964ee29588",
                "permissions": [
                  "FULL_CONTROL"
                ],
                "type": "CanonicalUser",
                "uri": ""
              }
            ],
            "hosted_zone_id": "Z3BJ6K6RIION7M",
            "id": "tap-dev-storage-secondary-40a70d93",
            "lifecycle_rule": [],
            "logging": [],
            "object_lock_configuration": [],
            "object_lock_enabled": false,
            "policy": "",
            "region": "us-west-2",
            "replication_configuration": [],
            "request_payer": "BucketOwner",
            "server_side_encryption_configuration": [
              {
                "rule": [
                  {
                    "apply_server_side_encryption_by_default": [
                      {
                        "kms_master_key_id": "",
                        "sse_algorithm": "AES256"
                      }
                    ],
                    "bucket_key_enabled": false
                  }
                ]
              }
            ],
            "tags": {
              "Environment": "dev",
              "ManagedBy": "Terraform",
              "Name": "tap-dev-storage-secondary",
              "Project": "tap",
              "Region": "us-west-2"
            },
            "tags_all": {
              "Environment": "dev",
              "ManagedBy": "Terraform",
              "Name": "tap-dev-storage-secondary",
              "Project": "tap",
              "Region": "us-west-2"
            },
            "timeouts": null,
            "versioning": [
              {
                "enabled": false,
                "mfa_delete": false
              }
            ],
            "website": [],
            "website_domain": null,
            "website_endpoint": null
          },
          "sensitive_attributes": [],
          "private": "eyJlMmJmYjczMC1lY2FhLTExZTYtOGY4OC0zNDM2M2JjN2M0YzAiOnsiY3JlYXRlIjoxMjAwMDAwMDAwMDAwLCJkZWxldGUiOjM2MDAwMDAwMDAwMDAsInJlYWQiOjEyMDAwMDAwMDAwMDAsInVwZGF0ZSI6MTIwMDAwMDAwMDAwMH19",
          "dependencies": [
            "random_id.bucket_suffix"
          ]
        }
      ]
    },
    {
      "mode": "managed",
      "type": "aws_s3_bucket_public_access_block",
      "name": "primary",
      "provider": "provider[\"registry.terraform.io/hashicorp/aws\"].primary",
      "instances": [
        {
          "schema_version": 0,
          "attributes": {
            "block_public_acls": true,
            "block_public_policy": true,
            "bucket": "tap-dev-storage-primary-40a70d93",
            "id": "tap-dev-storage-primary-40a70d93",
            "ignore_public_acls": true,
            "restrict_public_buckets": true
          },
          "sensitive_attributes": [],
          "private": "bnVsbA==",
          "dependencies": [
            "aws_s3_bucket.primary",
            "random_id.bucket_suffix"
          ]
        }
      ]
    },
    {
      "mode": "managed",
      "type": "aws_s3_bucket_public_access_block",
      "name": "secondary",
      "provider": "provider[\"registry.terraform.io/hashicorp/aws\"].secondary",
      "instances": [
        {
          "schema_version": 0,
          "attributes": {
            "block_public_acls": true,
            "block_public_policy": true,
            "bucket": "tap-dev-storage-secondary-40a70d93",
            "id": "tap-dev-storage-secondary-40a70d93",
            "ignore_public_acls": true,
            "restrict_public_buckets": true
          },
          "sensitive_attributes": [],
          "private": "bnVsbA==",
          "dependencies": [
            "aws_s3_bucket.secondary",
            "random_id.bucket_suffix"
          ]
        }
      ]
    },
    {
      "mode": "managed",
      "type": "aws_s3_bucket_replication_configuration",
      "name": "replication",
      "provider": "provider[\"registry.terraform.io/hashicorp/aws\"].primary",
      "instances": [
        {
          "schema_version": 0,
          "attributes": {
            "bucket": "tap-dev-storage-primary-40a70d93",
            "id": "tap-dev-storage-primary-40a70d93",
            "role": "arn:aws:iam::137285103215:role/tap-dev-s3-replication-role",
            "rule": [
              {
                "delete_marker_replication": [],
                "destination": [
                  {
                    "access_control_translation": [],
                    "account": "",
                    "bucket": "arn:aws:s3:::tap-dev-storage-secondary-40a70d93",
                    "encryption_configuration": [],
                    "metrics": [],
                    "replication_time": [],
                    "storage_class": "STANDARD_IA"
                  }
                ],
                "existing_object_replication": [],
                "filter": [],
                "id": "tap-dev-replication-rule",
                "prefix": "",
                "priority": 0,
                "source_selection_criteria": [],
                "status": "Enabled"
              }
            ],
            "token": null
          },
          "sensitive_attributes": [],
          "private": "bnVsbA==",
          "dependencies": [
            "aws_iam_role.replication_role",
            "aws_s3_bucket.primary",
            "aws_s3_bucket.secondary",
            "aws_s3_bucket_versioning.primary",
            "random_id.bucket_suffix"
          ]
        }
      ]
    },
    {
      "mode": "managed",
      "type": "aws_s3_bucket_server_side_encryption_configuration",
      "name": "primary",
      "provider": "provider[\"registry.terraform.io/hashicorp/aws\"].primary",
      "instances": [
        {
          "schema_version": 0,
          "attributes": {
            "bucket": "tap-dev-storage-primary-40a70d93",
            "expected_bucket_owner": "",
            "id": "tap-dev-storage-primary-40a70d93",
            "rule": [
              {
                "apply_server_side_encryption_by_default": [
                  {
                    "kms_master_key_id": "",
                    "sse_algorithm": "AES256"
                  }
                ],
                "bucket_key_enabled": null
              }
            ]
          },
          "sensitive_attributes": [],
          "private": "bnVsbA==",
          "dependencies": [
            "aws_s3_bucket.primary",
            "random_id.bucket_suffix"
          ]
        }
      ]
    },
    {
      "mode": "managed",
      "type": "aws_s3_bucket_server_side_encryption_configuration",
      "name": "secondary",
      "provider": "provider[\"registry.terraform.io/hashicorp/aws\"].secondary",
      "instances": [
        {
          "schema_version": 0,
          "attributes": {
            "bucket": "tap-dev-storage-secondary-40a70d93",
            "expected_bucket_owner": "",
            "id": "tap-dev-storage-secondary-40a70d93",
            "rule": [
              {
                "apply_server_side_encryption_by_default": [
                  {
                    "kms_master_key_id": "",
                    "sse_algorithm": "AES256"
                  }
                ],
                "bucket_key_enabled": null
              }
            ]
          },
          "sensitive_attributes": [],
          "private": "bnVsbA==",
          "dependencies": [
            "aws_s3_bucket.secondary",
            "random_id.bucket_suffix"
          ]
        }
      ]
    },
    {
      "mode": "managed",
      "type": "aws_s3_bucket_versioning",
      "name": "primary",
      "provider": "provider[\"registry.terraform.io/hashicorp/aws\"].primary",
      "instances": [
        {
          "schema_version": 0,
          "attributes": {
            "bucket": "tap-dev-storage-primary-40a70d93",
            "expected_bucket_owner": "",
            "id": "tap-dev-storage-primary-40a70d93",
            "mfa": null,
            "versioning_configuration": [
              {
                "mfa_delete": "",
                "status": "Enabled"
              }
            ]
          },
          "sensitive_attributes": [],
          "private": "bnVsbA==",
          "dependencies": [
            "aws_s3_bucket.primary",
            "random_id.bucket_suffix"
          ]
        }
      ]
    },
    {
      "mode": "managed",
      "type": "aws_s3_bucket_versioning",
      "name": "secondary",
      "provider": "provider[\"registry.terraform.io/hashicorp/aws\"].secondary",
      "instances": [
        {
          "schema_version": 0,
          "attributes": {
            "bucket": "tap-dev-storage-secondary-40a70d93",
            "expected_bucket_owner": "",
            "id": "tap-dev-storage-secondary-40a70d93",
            "mfa": null,
            "versioning_configuration": [
              {
                "mfa_delete": "",
                "status": "Enabled"
              }
            ]
          },
          "sensitive_attributes": [],
          "private": "bnVsbA==",
          "dependencies": [
            "aws_s3_bucket.secondary",
            "random_id.bucket_suffix"
          ]
        }
      ]
    },
    {
      "mode": "managed",
      "type": "aws_security_group",
      "name": "alb_primary",
      "provider": "provider[\"registry.terraform.io/hashicorp/aws\"].primary",
      "instances": [
        {
          "schema_version": 1,
          "attributes": {
            "arn": "arn:aws:ec2:us-east-1:137285103215:security-group/sg-070788b38632202ee",
            "description": "Security group for Application Load Balancer in primary region",
            "egress": [
              {
                "cidr_blocks": [
                  "0.0.0.0/0"
                ],
                "description": "",
                "from_port": 0,
                "ipv6_cidr_blocks": [],
                "prefix_list_ids": [],
                "protocol": "-1",
                "security_groups": [],
                "self": false,
                "to_port": 0
              }
            ],
            "id": "sg-070788b38632202ee",
            "ingress": [
              {
                "cidr_blocks": [
                  "0.0.0.0/0"
                ],
                "description": "",
                "from_port": 443,
                "ipv6_cidr_blocks": [],
                "prefix_list_ids": [],
                "protocol": "tcp",
                "security_groups": [],
                "self": false,
                "to_port": 443
              },
              {
                "cidr_blocks": [
                  "0.0.0.0/0"
                ],
                "description": "",
                "from_port": 80,
                "ipv6_cidr_blocks": [],
                "prefix_list_ids": [],
                "protocol": "tcp",
                "security_groups": [],
                "self": false,
                "to_port": 80
              }
            ],
            "name": "tap-dev-alb-sg-primary",
            "name_prefix": "",
            "owner_id": "137285103215",
            "revoke_rules_on_delete": false,
            "tags": {
              "Environment": "dev",
              "ManagedBy": "Terraform",
              "Name": "tap-dev-alb-sg-primary",
              "Project": "tap",
              "Region": "us-east-1"
            },
            "tags_all": {
              "Environment": "dev",
              "ManagedBy": "Terraform",
              "Name": "tap-dev-alb-sg-primary",
              "Project": "tap",
              "Region": "us-east-1"
            },
            "timeouts": null,
            "vpc_id": "vpc-0f6c0d56aea5b271c"
          },
          "sensitive_attributes": [],
          "private": "eyJlMmJmYjczMC1lY2FhLTExZTYtOGY4OC0zNDM2M2JjN2M0YzAiOnsiY3JlYXRlIjo2MDAwMDAwMDAwMDAsImRlbGV0ZSI6OTAwMDAwMDAwMDAwfSwic2NoZW1hX3ZlcnNpb24iOiIxIn0=",
          "dependencies": [
            "aws_vpc.primary"
          ]
        }
      ]
    },
    {
      "mode": "managed",
      "type": "aws_security_group",
      "name": "alb_secondary",
      "provider": "provider[\"registry.terraform.io/hashicorp/aws\"].secondary",
      "instances": [
        {
          "schema_version": 1,
          "attributes": {
            "arn": "arn:aws:ec2:us-west-2:137285103215:security-group/sg-075c5bd5d9a8aa77a",
            "description": "Security group for Application Load Balancer in secondary region",
            "egress": [
              {
                "cidr_blocks": [
                  "0.0.0.0/0"
                ],
                "description": "",
                "from_port": 0,
                "ipv6_cidr_blocks": [],
                "prefix_list_ids": [],
                "protocol": "-1",
                "security_groups": [],
                "self": false,
                "to_port": 0
              }
            ],
            "id": "sg-075c5bd5d9a8aa77a",
            "ingress": [
              {
                "cidr_blocks": [
                  "0.0.0.0/0"
                ],
                "description": "",
                "from_port": 443,
                "ipv6_cidr_blocks": [],
                "prefix_list_ids": [],
                "protocol": "tcp",
                "security_groups": [],
                "self": false,
                "to_port": 443
              },
              {
                "cidr_blocks": [
                  "0.0.0.0/0"
                ],
                "description": "",
                "from_port": 80,
                "ipv6_cidr_blocks": [],
                "prefix_list_ids": [],
                "protocol": "tcp",
                "security_groups": [],
                "self": false,
                "to_port": 80
              }
            ],
            "name": "tap-dev-alb-sg-secondary",
            "name_prefix": "",
            "owner_id": "137285103215",
            "revoke_rules_on_delete": false,
            "tags": {
              "Environment": "dev",
              "ManagedBy": "Terraform",
              "Name": "tap-dev-alb-sg-secondary",
              "Project": "tap",
              "Region": "us-west-2"
            },
            "tags_all": {
              "Environment": "dev",
              "ManagedBy": "Terraform",
              "Name": "tap-dev-alb-sg-secondary",
              "Project": "tap",
              "Region": "us-west-2"
            },
            "timeouts": null,
            "vpc_id": "vpc-0f858c6d2ed0e1a88"
          },
          "sensitive_attributes": [],
          "private": "eyJlMmJmYjczMC1lY2FhLTExZTYtOGY4OC0zNDM2M2JjN2M0YzAiOnsiY3JlYXRlIjo2MDAwMDAwMDAwMDAsImRlbGV0ZSI6OTAwMDAwMDAwMDAwfSwic2NoZW1hX3ZlcnNpb24iOiIxIn0=",
          "dependencies": [
            "aws_vpc.secondary"
          ]
        }
      ]
    },
    {
      "mode": "managed",
      "type": "aws_security_group",
      "name": "ec2_primary",
      "provider": "provider[\"registry.terraform.io/hashicorp/aws\"].primary",
      "instances": [
        {
          "schema_version": 1,
          "attributes": {
            "arn": "arn:aws:ec2:us-east-1:137285103215:security-group/sg-07a31f9fced90d29c",
            "description": "Security group for EC2 instances in primary region",
            "egress": [
              {
                "cidr_blocks": [
                  "0.0.0.0/0"
                ],
                "description": "",
                "from_port": 0,
                "ipv6_cidr_blocks": [],
                "prefix_list_ids": [],
                "protocol": "-1",
                "security_groups": [],
                "self": false,
                "to_port": 0
              }
            ],
            "id": "sg-07a31f9fced90d29c",
            "ingress": [
              {
                "cidr_blocks": [
                  "10.0.0.0/16"
                ],
                "description": "",
                "from_port": 22,
                "ipv6_cidr_blocks": [],
                "prefix_list_ids": [],
                "protocol": "tcp",
                "security_groups": [],
                "self": false,
                "to_port": 22
              },
              {
                "cidr_blocks": [],
                "description": "",
                "from_port": 80,
                "ipv6_cidr_blocks": [],
                "prefix_list_ids": [],
                "protocol": "tcp",
                "security_groups": [
                  "sg-070788b38632202ee"
                ],
                "self": false,
                "to_port": 80
              }
            ],
            "name": "tap-dev-ec2-sg-primary",
            "name_prefix": "",
            "owner_id": "137285103215",
            "revoke_rules_on_delete": false,
            "tags": {
              "Environment": "dev",
              "ManagedBy": "Terraform",
              "Name": "tap-dev-ec2-sg-primary",
              "Project": "tap",
              "Region": "us-east-1"
            },
            "tags_all": {
              "Environment": "dev",
              "ManagedBy": "Terraform",
              "Name": "tap-dev-ec2-sg-primary",
              "Project": "tap",
              "Region": "us-east-1"
            },
            "timeouts": null,
            "vpc_id": "vpc-0f6c0d56aea5b271c"
          },
          "sensitive_attributes": [],
          "private": "eyJlMmJmYjczMC1lY2FhLTExZTYtOGY4OC0zNDM2M2JjN2M0YzAiOnsiY3JlYXRlIjo2MDAwMDAwMDAwMDAsImRlbGV0ZSI6OTAwMDAwMDAwMDAwfSwic2NoZW1hX3ZlcnNpb24iOiIxIn0=",
          "dependencies": [
            "aws_security_group.alb_primary",
            "aws_vpc.primary"
          ]
        }
      ]
    },
    {
      "mode": "managed",
      "type": "aws_security_group",
      "name": "ec2_secondary",
      "provider": "provider[\"registry.terraform.io/hashicorp/aws\"].secondary",
      "instances": [
        {
          "schema_version": 1,
          "attributes": {
            "arn": "arn:aws:ec2:us-west-2:137285103215:security-group/sg-0fe42a49b9adbac78",
            "description": "Security group for EC2 instances in secondary region",
            "egress": [
              {
                "cidr_blocks": [
                  "0.0.0.0/0"
                ],
                "description": "",
                "from_port": 0,
                "ipv6_cidr_blocks": [],
                "prefix_list_ids": [],
                "protocol": "-1",
                "security_groups": [],
                "self": false,
                "to_port": 0
              }
            ],
            "id": "sg-0fe42a49b9adbac78",
            "ingress": [
              {
                "cidr_blocks": [
                  "10.1.0.0/16"
                ],
                "description": "",
                "from_port": 22,
                "ipv6_cidr_blocks": [],
                "prefix_list_ids": [],
                "protocol": "tcp",
                "security_groups": [],
                "self": false,
                "to_port": 22
              },
              {
                "cidr_blocks": [],
                "description": "",
                "from_port": 80,
                "ipv6_cidr_blocks": [],
                "prefix_list_ids": [],
                "protocol": "tcp",
                "security_groups": [
                  "sg-075c5bd5d9a8aa77a"
                ],
                "self": false,
                "to_port": 80
              }
            ],
            "name": "tap-dev-ec2-sg-secondary",
            "name_prefix": "",
            "owner_id": "137285103215",
            "revoke_rules_on_delete": false,
            "tags": {
              "Environment": "dev",
              "ManagedBy": "Terraform",
              "Name": "tap-dev-ec2-sg-secondary",
              "Project": "tap",
              "Region": "us-west-2"
            },
            "tags_all": {
              "Environment": "dev",
              "ManagedBy": "Terraform",
              "Name": "tap-dev-ec2-sg-secondary",
              "Project": "tap",
              "Region": "us-west-2"
            },
            "timeouts": null,
            "vpc_id": "vpc-0f858c6d2ed0e1a88"
          },
          "sensitive_attributes": [],
          "private": "eyJlMmJmYjczMC1lY2FhLTExZTYtOGY4OC0zNDM2M2JjN2M0YzAiOnsiY3JlYXRlIjo2MDAwMDAwMDAwMDAsImRlbGV0ZSI6OTAwMDAwMDAwMDAwfSwic2NoZW1hX3ZlcnNpb24iOiIxIn0=",
          "dependencies": [
            "aws_security_group.alb_secondary",
            "aws_vpc.secondary"
          ]
        }
      ]
    },
    {
      "mode": "managed",
      "type": "aws_subnet",
      "name": "private_primary",
      "provider": "provider[\"registry.terraform.io/hashicorp/aws\"].primary",
      "instances": [
        {
          "index_key": 0,
          "schema_version": 1,
          "attributes": {
            "arn": "arn:aws:ec2:us-east-1:137285103215:subnet/subnet-0a6a8bd4596fafff6",
            "assign_ipv6_address_on_creation": false,
            "availability_zone": "us-east-1a",
            "availability_zone_id": "use1-az2",
            "cidr_block": "10.0.10.0/24",
            "customer_owned_ipv4_pool": "",
            "enable_dns64": false,
            "enable_lni_at_device_index": 0,
            "enable_resource_name_dns_a_record_on_launch": false,
            "enable_resource_name_dns_aaaa_record_on_launch": false,
            "id": "subnet-0a6a8bd4596fafff6",
            "ipv6_cidr_block": "",
            "ipv6_cidr_block_association_id": "",
            "ipv6_native": false,
            "map_customer_owned_ip_on_launch": false,
            "map_public_ip_on_launch": false,
            "outpost_arn": "",
            "owner_id": "137285103215",
            "private_dns_hostname_type_on_launch": "ip-name",
            "tags": {
              "Environment": "dev",
              "ManagedBy": "Terraform",
              "Name": "tap-dev-private-subnet-primary-1",
              "Project": "tap",
              "Region": "us-east-1",
              "Type": "Private"
            },
            "tags_all": {
              "Environment": "dev",
              "ManagedBy": "Terraform",
              "Name": "tap-dev-private-subnet-primary-1",
              "Project": "tap",
              "Region": "us-east-1",
              "Type": "Private"
            },
            "timeouts": null,
            "vpc_id": "vpc-0f6c0d56aea5b271c"
          },
          "sensitive_attributes": [],
          "private": "eyJlMmJmYjczMC1lY2FhLTExZTYtOGY4OC0zNDM2M2JjN2M0YzAiOnsiY3JlYXRlIjo2MDAwMDAwMDAwMDAsImRlbGV0ZSI6MTIwMDAwMDAwMDAwMH0sInNjaGVtYV92ZXJzaW9uIjoiMSJ9",
          "dependencies": [
            "aws_vpc.primary",
            "data.aws_availability_zones.primary"
          ]
        },
        {
          "index_key": 1,
          "schema_version": 1,
          "attributes": {
            "arn": "arn:aws:ec2:us-east-1:137285103215:subnet/subnet-03eed3f312bd56223",
            "assign_ipv6_address_on_creation": false,
            "availability_zone": "us-east-1b",
            "availability_zone_id": "use1-az4",
            "cidr_block": "10.0.11.0/24",
            "customer_owned_ipv4_pool": "",
            "enable_dns64": false,
            "enable_lni_at_device_index": 0,
            "enable_resource_name_dns_a_record_on_launch": false,
            "enable_resource_name_dns_aaaa_record_on_launch": false,
            "id": "subnet-03eed3f312bd56223",
            "ipv6_cidr_block": "",
            "ipv6_cidr_block_association_id": "",
            "ipv6_native": false,
            "map_customer_owned_ip_on_launch": false,
            "map_public_ip_on_launch": false,
            "outpost_arn": "",
            "owner_id": "137285103215",
            "private_dns_hostname_type_on_launch": "ip-name",
            "tags": {
              "Environment": "dev",
              "ManagedBy": "Terraform",
              "Name": "tap-dev-private-subnet-primary-2",
              "Project": "tap",
              "Region": "us-east-1",
              "Type": "Private"
            },
            "tags_all": {
              "Environment": "dev",
              "ManagedBy": "Terraform",
              "Name": "tap-dev-private-subnet-primary-2",
              "Project": "tap",
              "Region": "us-east-1",
              "Type": "Private"
            },
            "timeouts": null,
            "vpc_id": "vpc-0f6c0d56aea5b271c"
          },
          "sensitive_attributes": [],
          "private": "eyJlMmJmYjczMC1lY2FhLTExZTYtOGY4OC0zNDM2M2JjN2M0YzAiOnsiY3JlYXRlIjo2MDAwMDAwMDAwMDAsImRlbGV0ZSI6MTIwMDAwMDAwMDAwMH0sInNjaGVtYV92ZXJzaW9uIjoiMSJ9",
          "dependencies": [
            "aws_vpc.primary",
            "data.aws_availability_zones.primary"
          ]
        }
      ]
    },
    {
      "mode": "managed",
      "type": "aws_subnet",
      "name": "private_secondary",
      "provider": "provider[\"registry.terraform.io/hashicorp/aws\"].secondary",
      "instances": [
        {
          "index_key": 0,
          "schema_version": 1,
          "attributes": {
            "arn": "arn:aws:ec2:us-west-2:137285103215:subnet/subnet-0303d31254d63e080",
            "assign_ipv6_address_on_creation": false,
            "availability_zone": "us-west-2a",
            "availability_zone_id": "usw2-az2",
            "cidr_block": "10.1.10.0/24",
            "customer_owned_ipv4_pool": "",
            "enable_dns64": false,
            "enable_lni_at_device_index": 0,
            "enable_resource_name_dns_a_record_on_launch": false,
            "enable_resource_name_dns_aaaa_record_on_launch": false,
            "id": "subnet-0303d31254d63e080",
            "ipv6_cidr_block": "",
            "ipv6_cidr_block_association_id": "",
            "ipv6_native": false,
            "map_customer_owned_ip_on_launch": false,
            "map_public_ip_on_launch": false,
            "outpost_arn": "",
            "owner_id": "137285103215",
            "private_dns_hostname_type_on_launch": "ip-name",
            "tags": {
              "Environment": "dev",
              "ManagedBy": "Terraform",
              "Name": "tap-dev-private-subnet-secondary-1",
              "Project": "tap",
              "Region": "us-west-2",
              "Type": "Private"
            },
            "tags_all": {
              "Environment": "dev",
              "ManagedBy": "Terraform",
              "Name": "tap-dev-private-subnet-secondary-1",
              "Project": "tap",
              "Region": "us-west-2",
              "Type": "Private"
            },
            "timeouts": null,
            "vpc_id": "vpc-0f858c6d2ed0e1a88"
          },
          "sensitive_attributes": [],
          "private": "eyJlMmJmYjczMC1lY2FhLTExZTYtOGY4OC0zNDM2M2JjN2M0YzAiOnsiY3JlYXRlIjo2MDAwMDAwMDAwMDAsImRlbGV0ZSI6MTIwMDAwMDAwMDAwMH0sInNjaGVtYV92ZXJzaW9uIjoiMSJ9",
          "dependencies": [
            "aws_vpc.secondary",
            "data.aws_availability_zones.secondary"
          ]
        },
        {
          "index_key": 1,
          "schema_version": 1,
          "attributes": {
            "arn": "arn:aws:ec2:us-west-2:137285103215:subnet/subnet-0db9b3273ebf5d394",
            "assign_ipv6_address_on_creation": false,
            "availability_zone": "us-west-2b",
            "availability_zone_id": "usw2-az1",
            "cidr_block": "10.1.11.0/24",
            "customer_owned_ipv4_pool": "",
            "enable_dns64": false,
            "enable_lni_at_device_index": 0,
            "enable_resource_name_dns_a_record_on_launch": false,
            "enable_resource_name_dns_aaaa_record_on_launch": false,
            "id": "subnet-0db9b3273ebf5d394",
            "ipv6_cidr_block": "",
            "ipv6_cidr_block_association_id": "",
            "ipv6_native": false,
            "map_customer_owned_ip_on_launch": false,
            "map_public_ip_on_launch": false,
            "outpost_arn": "",
            "owner_id": "137285103215",
            "private_dns_hostname_type_on_launch": "ip-name",
            "tags": {
              "Environment": "dev",
              "ManagedBy": "Terraform",
              "Name": "tap-dev-private-subnet-secondary-2",
              "Project": "tap",
              "Region": "us-west-2",
              "Type": "Private"
            },
            "tags_all": {
              "Environment": "dev",
              "ManagedBy": "Terraform",
              "Name": "tap-dev-private-subnet-secondary-2",
              "Project": "tap",
              "Region": "us-west-2",
              "Type": "Private"
            },
            "timeouts": null,
            "vpc_id": "vpc-0f858c6d2ed0e1a88"
          },
          "sensitive_attributes": [],
          "private": "eyJlMmJmYjczMC1lY2FhLTExZTYtOGY4OC0zNDM2M2JjN2M0YzAiOnsiY3JlYXRlIjo2MDAwMDAwMDAwMDAsImRlbGV0ZSI6MTIwMDAwMDAwMDAwMH0sInNjaGVtYV92ZXJzaW9uIjoiMSJ9",
          "dependencies": [
            "aws_vpc.secondary",
            "data.aws_availability_zones.secondary"
          ]
        }
      ]
    },
    {
      "mode": "managed",
      "type": "aws_subnet",
      "name": "public_primary",
      "provider": "provider[\"registry.terraform.io/hashicorp/aws\"].primary",
      "instances": [
        {
          "index_key": 0,
          "schema_version": 1,
          "attributes": {
            "arn": "arn:aws:ec2:us-east-1:137285103215:subnet/subnet-0c2fe7bd3498a2493",
            "assign_ipv6_address_on_creation": false,
            "availability_zone": "us-east-1a",
            "availability_zone_id": "use1-az2",
            "cidr_block": "10.0.0.0/24",
            "customer_owned_ipv4_pool": "",
            "enable_dns64": false,
            "enable_lni_at_device_index": 0,
            "enable_resource_name_dns_a_record_on_launch": false,
            "enable_resource_name_dns_aaaa_record_on_launch": false,
            "id": "subnet-0c2fe7bd3498a2493",
            "ipv6_cidr_block": "",
            "ipv6_cidr_block_association_id": "",
            "ipv6_native": false,
            "map_customer_owned_ip_on_launch": false,
            "map_public_ip_on_launch": true,
            "outpost_arn": "",
            "owner_id": "137285103215",
            "private_dns_hostname_type_on_launch": "ip-name",
            "tags": {
              "Environment": "dev",
              "ManagedBy": "Terraform",
              "Name": "tap-dev-public-subnet-primary-1",
              "Project": "tap",
              "Region": "us-east-1",
              "Type": "Public"
            },
            "tags_all": {
              "Environment": "dev",
              "ManagedBy": "Terraform",
              "Name": "tap-dev-public-subnet-primary-1",
              "Project": "tap",
              "Region": "us-east-1",
              "Type": "Public"
            },
            "timeouts": null,
            "vpc_id": "vpc-0f6c0d56aea5b271c"
          },
          "sensitive_attributes": [],
          "private": "eyJlMmJmYjczMC1lY2FhLTExZTYtOGY4OC0zNDM2M2JjN2M0YzAiOnsiY3JlYXRlIjo2MDAwMDAwMDAwMDAsImRlbGV0ZSI6MTIwMDAwMDAwMDAwMH0sInNjaGVtYV92ZXJzaW9uIjoiMSJ9",
          "dependencies": [
            "aws_vpc.primary",
            "data.aws_availability_zones.primary"
          ]
        },
        {
          "index_key": 1,
          "schema_version": 1,
          "attributes": {
            "arn": "arn:aws:ec2:us-east-1:137285103215:subnet/subnet-0f4402b2f4ac74812",
            "assign_ipv6_address_on_creation": false,
            "availability_zone": "us-east-1b",
            "availability_zone_id": "use1-az4",
            "cidr_block": "10.0.1.0/24",
            "customer_owned_ipv4_pool": "",
            "enable_dns64": false,
            "enable_lni_at_device_index": 0,
            "enable_resource_name_dns_a_record_on_launch": false,
            "enable_resource_name_dns_aaaa_record_on_launch": false,
            "id": "subnet-0f4402b2f4ac74812",
            "ipv6_cidr_block": "",
            "ipv6_cidr_block_association_id": "",
            "ipv6_native": false,
            "map_customer_owned_ip_on_launch": false,
            "map_public_ip_on_launch": true,
            "outpost_arn": "",
            "owner_id": "137285103215",
            "private_dns_hostname_type_on_launch": "ip-name",
            "tags": {
              "Environment": "dev",
              "ManagedBy": "Terraform",
              "Name": "tap-dev-public-subnet-primary-2",
              "Project": "tap",
              "Region": "us-east-1",
              "Type": "Public"
            },
            "tags_all": {
              "Environment": "dev",
              "ManagedBy": "Terraform",
              "Name": "tap-dev-public-subnet-primary-2",
              "Project": "tap",
              "Region": "us-east-1",
              "Type": "Public"
            },
            "timeouts": null,
            "vpc_id": "vpc-0f6c0d56aea5b271c"
          },
          "sensitive_attributes": [],
          "private": "eyJlMmJmYjczMC1lY2FhLTExZTYtOGY4OC0zNDM2M2JjN2M0YzAiOnsiY3JlYXRlIjo2MDAwMDAwMDAwMDAsImRlbGV0ZSI6MTIwMDAwMDAwMDAwMH0sInNjaGVtYV92ZXJzaW9uIjoiMSJ9",
          "dependencies": [
            "aws_vpc.primary",
            "data.aws_availability_zones.primary"
          ]
        }
      ]
    },
    {
      "mode": "managed",
      "type": "aws_subnet",
      "name": "public_secondary",
      "provider": "provider[\"registry.terraform.io/hashicorp/aws\"].secondary",
      "instances": [
        {
          "index_key": 0,
          "schema_version": 1,
          "attributes": {
            "arn": "arn:aws:ec2:us-west-2:137285103215:subnet/subnet-0b5da1e45abe8371b",
            "assign_ipv6_address_on_creation": false,
            "availability_zone": "us-west-2a",
            "availability_zone_id": "usw2-az2",
            "cidr_block": "10.1.0.0/24",
            "customer_owned_ipv4_pool": "",
            "enable_dns64": false,
            "enable_lni_at_device_index": 0,
            "enable_resource_name_dns_a_record_on_launch": false,
            "enable_resource_name_dns_aaaa_record_on_launch": false,
            "id": "subnet-0b5da1e45abe8371b",
            "ipv6_cidr_block": "",
            "ipv6_cidr_block_association_id": "",
            "ipv6_native": false,
            "map_customer_owned_ip_on_launch": false,
            "map_public_ip_on_launch": true,
            "outpost_arn": "",
            "owner_id": "137285103215",
            "private_dns_hostname_type_on_launch": "ip-name",
            "tags": {
              "Environment": "dev",
              "ManagedBy": "Terraform",
              "Name": "tap-dev-public-subnet-secondary-1",
              "Project": "tap",
              "Region": "us-west-2",
              "Type": "Public"
            },
            "tags_all": {
              "Environment": "dev",
              "ManagedBy": "Terraform",
              "Name": "tap-dev-public-subnet-secondary-1",
              "Project": "tap",
              "Region": "us-west-2",
              "Type": "Public"
            },
            "timeouts": null,
            "vpc_id": "vpc-0f858c6d2ed0e1a88"
          },
          "sensitive_attributes": [],
          "private": "eyJlMmJmYjczMC1lY2FhLTExZTYtOGY4OC0zNDM2M2JjN2M0YzAiOnsiY3JlYXRlIjo2MDAwMDAwMDAwMDAsImRlbGV0ZSI6MTIwMDAwMDAwMDAwMH0sInNjaGVtYV92ZXJzaW9uIjoiMSJ9",
          "dependencies": [
            "aws_vpc.secondary",
            "data.aws_availability_zones.secondary"
          ]
        },
        {
          "index_key": 1,
          "schema_version": 1,
          "attributes": {
            "arn": "arn:aws:ec2:us-west-2:137285103215:subnet/subnet-0e7ab5f20b48ef082",
            "assign_ipv6_address_on_creation": false,
            "availability_zone": "us-west-2b",
            "availability_zone_id": "usw2-az1",
            "cidr_block": "10.1.1.0/24",
            "customer_owned_ipv4_pool": "",
            "enable_dns64": false,
            "enable_lni_at_device_index": 0,
            "enable_resource_name_dns_a_record_on_launch": false,
            "enable_resource_name_dns_aaaa_record_on_launch": false,
            "id": "subnet-0e7ab5f20b48ef082",
            "ipv6_cidr_block": "",
            "ipv6_cidr_block_association_id": "",
            "ipv6_native": false,
            "map_customer_owned_ip_on_launch": false,
            "map_public_ip_on_launch": true,
            "outpost_arn": "",
            "owner_id": "137285103215",
            "private_dns_hostname_type_on_launch": "ip-name",
            "tags": {
              "Environment": "dev",
              "ManagedBy": "Terraform",
              "Name": "tap-dev-public-subnet-secondary-2",
              "Project": "tap",
              "Region": "us-west-2",
              "Type": "Public"
            },
            "tags_all": {
              "Environment": "dev",
              "ManagedBy": "Terraform",
              "Name": "tap-dev-public-subnet-secondary-2",
              "Project": "tap",
              "Region": "us-west-2",
              "Type": "Public"
            },
            "timeouts": null,
            "vpc_id": "vpc-0f858c6d2ed0e1a88"
          },
          "sensitive_attributes": [],
          "private": "eyJlMmJmYjczMC1lY2FhLTExZTYtOGY4OC0zNDM2M2JjN2M0YzAiOnsiY3JlYXRlIjo2MDAwMDAwMDAwMDAsImRlbGV0ZSI6MTIwMDAwMDAwMDAwMH0sInNjaGVtYV92ZXJzaW9uIjoiMSJ9",
          "dependencies": [
            "aws_vpc.secondary",
            "data.aws_availability_zones.secondary"
          ]
        }
      ]
    },
    {
      "mode": "managed",
      "type": "aws_vpc",
      "name": "primary",
      "provider": "provider[\"registry.terraform.io/hashicorp/aws\"].primary",
      "instances": [
        {
          "schema_version": 1,
          "attributes": {
            "arn": "arn:aws:ec2:us-east-1:137285103215:vpc/vpc-0f6c0d56aea5b271c",
            "assign_generated_ipv6_cidr_block": false,
            "cidr_block": "10.0.0.0/16",
            "default_network_acl_id": "acl-05b0817ee600957a1",
            "default_route_table_id": "rtb-0898406cd85bee596",
            "default_security_group_id": "sg-0c7060c8386d3181b",
            "dhcp_options_id": "dopt-0e2cf265d717092e8",
            "enable_dns_hostnames": true,
            "enable_dns_support": true,
            "enable_network_address_usage_metrics": false,
            "id": "vpc-0f6c0d56aea5b271c",
            "instance_tenancy": "default",
            "ipv4_ipam_pool_id": null,
            "ipv4_netmask_length": null,
            "ipv6_association_id": "",
            "ipv6_cidr_block": "",
            "ipv6_cidr_block_network_border_group": "",
            "ipv6_ipam_pool_id": "",
            "ipv6_netmask_length": 0,
            "main_route_table_id": "rtb-0898406cd85bee596",
            "owner_id": "137285103215",
            "tags": {
              "Environment": "dev",
              "ManagedBy": "Terraform",
              "Name": "tap-dev-vpc-primary",
              "Project": "tap",
              "Region": "us-east-1"
            },
            "tags_all": {
              "Environment": "dev",
              "ManagedBy": "Terraform",
              "Name": "tap-dev-vpc-primary",
              "Project": "tap",
              "Region": "us-east-1"
            }
          },
          "sensitive_attributes": [],
          "private": "eyJzY2hlbWFfdmVyc2lvbiI6IjEifQ=="
        }
      ]
    },
    {
      "mode": "managed",
      "type": "aws_vpc",
      "name": "secondary",
      "provider": "provider[\"registry.terraform.io/hashicorp/aws\"].secondary",
      "instances": [
        {
          "schema_version": 1,
          "attributes": {
            "arn": "arn:aws:ec2:us-west-2:137285103215:vpc/vpc-0f858c6d2ed0e1a88",
            "assign_generated_ipv6_cidr_block": false,
            "cidr_block": "10.1.0.0/16",
            "default_network_acl_id": "acl-0ee09d549c7ecb4ac",
            "default_route_table_id": "rtb-0c34841eb929f5c69",
            "default_security_group_id": "sg-06768ed37a1fa9c87",
            "dhcp_options_id": "dopt-020c985ea06c37684",
            "enable_dns_hostnames": true,
            "enable_dns_support": true,
            "enable_network_address_usage_metrics": false,
            "id": "vpc-0f858c6d2ed0e1a88",
            "instance_tenancy": "default",
            "ipv4_ipam_pool_id": null,
            "ipv4_netmask_length": null,
            "ipv6_association_id": "",
            "ipv6_cidr_block": "",
            "ipv6_cidr_block_network_border_group": "",
            "ipv6_ipam_pool_id": "",
            "ipv6_netmask_length": 0,
            "main_route_table_id": "rtb-0c34841eb929f5c69",
            "owner_id": "137285103215",
            "tags": {
              "Environment": "dev",
              "ManagedBy": "Terraform",
              "Name": "tap-dev-vpc-secondary",
              "Project": "tap",
              "Region": "us-west-2"
            },
            "tags_all": {
              "Environment": "dev",
              "ManagedBy": "Terraform",
              "Name": "tap-dev-vpc-secondary",
              "Project": "tap",
              "Region": "us-west-2"
            }
          },
          "sensitive_attributes": [],
          "private": "eyJzY2hlbWFfdmVyc2lvbiI6IjEifQ=="
        }
      ]
    },
    {
      "mode": "managed",
      "type": "random_id",
      "name": "bucket_suffix",
      "provider": "provider[\"registry.terraform.io/hashicorp/random\"]",
      "instances": [
        {
          "schema_version": 0,
          "attributes": {
            "b64_std": "QKcNkw==",
            "b64_url": "QKcNkw",
            "byte_length": 4,
            "dec": "1084689811",
            "hex": "40a70d93",
            "id": "QKcNkw",
            "keepers": null,
            "prefix": null
          },
          "sensitive_attributes": []
        }
      ]
    }
  ],
  "check_results": null
}
