{
  "version": 4,
  "terraform_version": "1.12.2",
  "serial": 817,
  "lineage": "af3f38d3-8fd1-2f83-2c29-b746f4090ad0",
  "outputs": {
    "alb_primary_arn": {
      "value": "arn:aws:elasticloadbalancing:ap-northeast-1:918595517158:loadbalancer/app/tp-prod-alb-primary/6b32307782ed5cc0",
      "type": "string"
    },
    "alb_primary_dns": {
      "value": "tp-prod-alb-primary-1552464695.ap-northeast-1.elb.amazonaws.com",
      "type": "string"
    },
    "alb_secondary_arn": {
      "value": "arn:aws:elasticloadbalancing:ca-central-1:918595517158:loadbalancer/app/tp-prod-alb-secondary/93b9cc359b812551",
      "type": "string"
    },
    "alb_secondary_dns": {
      "value": "tp-prod-alb-secondary-1876310580.ca-central-1.elb.amazonaws.com",
      "type": "string"
    },
    "deployment_id": {
      "value": "46ab7955",
      "type": "string"
    },
    "dynamodb_stream_arn": {
      "value": "arn:aws:dynamodb:ap-northeast-1:918595517158:table/tp-prod-global-table/stream/2025-10-13T13:34:47.084",
      "type": "string"
    },
    "dynamodb_table_arn": {
      "value": "arn:aws:dynamodb:ap-northeast-1:918595517158:table/tp-prod-global-table",
      "type": "string"
    },
    "dynamodb_table_name": {
      "value": "tp-prod-global-table",
      "type": "string"
    },
    "instances_primary_ids": {
      "value": [
        "i-0a24346d916e3ee62"
      ],
      "type": [
        "tuple",
        [
          "string"
        ]
      ]
    },
    "instances_secondary_ids": {
      "value": [
        "i-0195772808f8b6f04"
      ],
      "type": [
        "tuple",
        [
          "string"
        ]
      ]
    },
    "lambda_failover_arn": {
      "value": "arn:aws:lambda:ap-northeast-1:918595517158:function:tp-prod-failover",
      "type": "string"
    },
    "lambda_failover_name": {
      "value": "tp-prod-failover",
      "type": "string"
    },
    "primary_region": {
      "value": "ap-northeast-1",
      "type": "string"
    },
    "rds_primary_arn": {
      "value": "arn:aws:rds:ap-northeast-1:918595517158:db:tp-prod-db-primary",
      "type": "string"
    },
    "rds_primary_endpoint": {
      "value": "tp-prod-db-primary.crckw4e6kqvl.ap-northeast-1.rds.amazonaws.com:3306",
      "type": "string",
      "sensitive": true
    },
    "rds_secondary_arn": {
      "value": "arn:aws:rds:ca-central-1:918595517158:db:tp-prod-db-secondary",
      "type": "string"
    },
    "rds_secondary_endpoint": {
      "value": "tp-prod-db-secondary.c5kccwiy28tu.ca-central-1.rds.amazonaws.com:3306",
      "type": "string",
      "sensitive": true
    },
    "route53_app_endpoint": {
      "value": "app.trading-platform-domain-iac.com",
      "type": "string"
    },
    "route53_health_check_id": {
      "value": "8a7b2412-805c-4d73-9703-59ec6dd0c652",
      "type": "string"
    },
    "route53_zone_id": {
      "value": "Z05873193GFX56HBBLQ3U",
      "type": "string"
    },
    "secondary_region": {
      "value": "ca-central-1",
      "type": "string"
    },
    "subnets_primary_private": {
      "value": [
        "subnet-087d0a166d7e0900f",
        "subnet-0dc265062365724d0"
      ],
      "type": [
        "tuple",
        [
          "string",
          "string"
        ]
      ]
    },
    "subnets_primary_public": {
      "value": [
        "subnet-018ba68b5f04ac6c6",
        "subnet-0c520afce4eb8b87f"
      ],
      "type": [
        "tuple",
        [
          "string",
          "string"
        ]
      ]
    },
    "subnets_secondary_private": {
      "value": [
        "subnet-059445f9de356dff0",
        "subnet-0d37dadfacbe1f3e7"
      ],
      "type": [
        "tuple",
        [
          "string",
          "string"
        ]
      ]
    },
    "subnets_secondary_public": {
      "value": [
        "subnet-0224ac97dda55bbeb",
        "subnet-05ae54cc95ea8771a"
      ],
      "type": [
        "tuple",
        [
          "string",
          "string"
        ]
      ]
    },
    "vpc_primary_id": {
      "value": "vpc-034bef66249fc4b46",
      "type": "string"
    },
    "vpc_secondary_id": {
      "value": "vpc-0d4f70e5b1d2da8f3",
      "type": "string"
    }
  },
  "resources": [
    {
      "mode": "data",
      "type": "archive_file",
      "name": "lambda_failover",
      "provider": "provider[\"registry.terraform.io/hashicorp/archive\"]",
      "instances": [
        {
          "schema_version": 0,
          "attributes": {
            "exclude_symlink_directories": null,
            "excludes": null,
            "id": "522373bb5d0ad6a0e8da791a1ed652fbe2c5b58d",
            "output_base64sha256": "awHqk/Y811yvXib0myOL7iOlrBIs6IsH5FR5uki3yOI=",
            "output_base64sha512": "vzsm5j0qsmmfyVE9Cr1/hAbIWNDj5EvC6VdK3U9zOvwiUd1m0l5ngOQnLyIGKgeDEjfG7QgTFW5qQ4euIquTHw==",
            "output_file_mode": null,
            "output_md5": "8786862032247d67d851b13f81c4c3a0",
            "output_path": "failover_lambda.zip",
            "output_sha": "522373bb5d0ad6a0e8da791a1ed652fbe2c5b58d",
            "output_sha256": "6b01ea93f63cd75caf5e26f49b238bee23a5ac122ce88b07e45479ba48b7c8e2",
            "output_sha512": "bf3b26e63d2ab2699fc9513d0abd7f8406c858d0e3e44bc2e9574add4f733afc2251dd66d25e6780e4272f22062a07831237c6ed0813156e6a4387ae22ab931f",
            "output_size": 1098,
            "source": [
              {
                "content": "import json\nimport boto3\nimport os\nimport time\nfrom datetime import datetime\n\ndef handler(event, context):\n    \"\"\"\n    Orchestrate failover to secondary region\n    \"\"\"\n    print(f\"Failover initiated at {datetime.utcnow()}\")\n    print(f\"Event: {json.dumps(event)}\")\n    \n    secondary_region = os.environ['SECONDARY_REGION']\n    secondary_db_id = os.environ['SECONDARY_DB_ID']\n    hosted_zone_id = os.environ['HOSTED_ZONE_ID']\n    domain_name = os.environ['DOMAIN_NAME']\n    \n    # Initialize AWS clients\n    rds_client = boto3.client('rds', region_name=secondary_region)\n    route53_client = boto3.client('route53')\n    cloudwatch = boto3.client('cloudwatch')\n    \n    response = {\n        'statusCode': 200,\n        'steps': []\n    }\n    \n    try:\n        # Step 1: Promote RDS Read Replica\n        print(f\"Promoting read replica: {secondary_db_id}\")\n        rds_response = rds_client.promote_read_replica(\n            DBInstanceIdentifier=secondary_db_id,\n            BackupRetentionPeriod=30\n        )\n        response['steps'].append({\n            'step': 'RDS Promotion',\n            'status': 'Initiated',\n            'db_status': rds_response['DBInstance']['DBInstanceStatus']\n        })\n        \n        # Step 2: Wait for promotion to complete\n        waiter = rds_client.get_waiter('db_instance_available')\n        waiter.wait(\n            DBInstanceIdentifier=secondary_db_id,\n            WaiterConfig={\n                'Delay': 30,\n                'MaxAttempts': 20\n            }\n        )\n        response['steps'].append({\n            'step': 'RDS Promotion',\n            'status': 'Completed'\n        })\n        \n        # Step 3: Update Route53 if needed\n        # The failover routing policy should handle this automatically\n        # This is a placeholder for additional DNS updates if required\n        \n        # Step 4: Send CloudWatch metrics\n        cloudwatch.put_metric_data(\n            Namespace='DisasterRecovery',\n            MetricData=[\n                {\n                    'MetricName': 'FailoverExecuted',\n                    'Value': 1,\n                    'Unit': 'Count',\n                    'Timestamp': datetime.utcnow()\n                }\n            ]\n        )\n        \n        response['message'] = 'Failover completed successfully'\n        \n    except Exception as e:\n        print(f\"Error during failover: {str(e)}\")\n        response['statusCode'] = 500\n        response['error'] = str(e)\n        \n        # Send failure metric\n        cloudwatch.put_metric_data(\n            Namespace='DisasterRecovery',\n            MetricData=[\n                {\n                    'MetricName': 'FailoverFailed',\n                    'Value': 1,\n                    'Unit': 'Count',\n                    'Timestamp': datetime.utcnow()\n                }\n            ]\n        )\n    \n    return response\n",
                "filename": "index.py"
              }
            ],
            "source_content": null,
            "source_content_filename": null,
            "source_dir": null,
            "source_file": null,
            "type": "zip"
          },
          "sensitive_attributes": [],
          "identity_schema_version": 0
        }
      ]
    },
    {
      "mode": "data",
      "type": "aws_ami",
      "name": "app_primary",
      "provider": "provider[\"registry.terraform.io/hashicorp/aws\"].primary",
      "instances": [
        {
          "schema_version": 0,
          "attributes": {
            "allow_unsafe_filter": null,
            "architecture": "x86_64",
            "arn": "arn:aws:ec2:ap-northeast-1::image/ami-094a7934e53c6d469",
            "block_device_mappings": [
              {
                "device_name": "/dev/xvda",
                "ebs": {
                  "delete_on_termination": "true",
                  "encrypted": "false",
                  "iops": "0",
                  "snapshot_id": "snap-0d752b5bc3283ef3f",
                  "throughput": "0",
                  "volume_initialization_rate": "0",
                  "volume_size": "8",
                  "volume_type": "gp2"
                },
                "no_device": "",
                "virtual_name": ""
              }
            ],
            "boot_mode": "",
            "creation_date": "2025-10-03T00:17:03.000Z",
            "deprecation_time": "2026-01-01T00:00:00.000Z",
            "description": "Amazon Linux 2 AMI 2.0.20250929.2 x86_64 HVM gp2",
            "ena_support": true,
            "executable_users": null,
            "filter": [
              {
                "name": "name",
                "values": [
                  "amzn2-ami-hvm-*-x86_64-gp2"
                ]
              }
            ],
            "hypervisor": "xen",
            "id": "ami-094a7934e53c6d469",
            "image_id": "ami-094a7934e53c6d469",
            "image_location": "amazon/amzn2-ami-hvm-2.0.20250929.2-x86_64-gp2",
            "image_owner_alias": "amazon",
            "image_type": "machine",
            "imds_support": "",
            "include_deprecated": false,
            "kernel_id": "",
            "last_launched_time": "",
            "most_recent": true,
            "name": "amzn2-ami-hvm-2.0.20250929.2-x86_64-gp2",
            "name_regex": null,
            "owner_id": "137112412989",
            "owners": [
              "amazon"
            ],
            "platform": "",
            "platform_details": "Linux/UNIX",
            "product_codes": [],
            "public": true,
            "ramdisk_id": "",
            "region": "ap-northeast-1",
            "root_device_name": "/dev/xvda",
            "root_device_type": "ebs",
            "root_snapshot_id": "snap-0d752b5bc3283ef3f",
            "sriov_net_support": "simple",
            "state": "available",
            "state_reason": {
              "code": "UNSET",
              "message": "UNSET"
            },
            "tags": {},
            "timeouts": null,
            "tpm_support": "",
            "uefi_data": null,
            "usage_operation": "RunInstances",
            "virtualization_type": "hvm"
          },
          "sensitive_attributes": [],
          "identity_schema_version": 0
        }
      ]
    },
    {
      "mode": "data",
      "type": "aws_ami",
      "name": "app_secondary",
      "provider": "provider[\"registry.terraform.io/hashicorp/aws\"].secondary",
      "instances": [
        {
          "schema_version": 0,
          "attributes": {
            "allow_unsafe_filter": null,
            "architecture": "x86_64",
            "arn": "arn:aws:ec2:ca-central-1::image/ami-00e13aa668f17b8e7",
            "block_device_mappings": [
              {
                "device_name": "/dev/xvda",
                "ebs": {
                  "delete_on_termination": "true",
                  "encrypted": "false",
                  "iops": "0",
                  "snapshot_id": "snap-0e6f43cb3958823f0",
                  "throughput": "0",
                  "volume_initialization_rate": "0",
                  "volume_size": "8",
                  "volume_type": "gp2"
                },
                "no_device": "",
                "virtual_name": ""
              }
            ],
            "boot_mode": "",
            "creation_date": "2025-10-03T00:17:16.000Z",
            "deprecation_time": "2026-01-01T00:00:00.000Z",
            "description": "Amazon Linux 2 AMI 2.0.20250929.2 x86_64 HVM gp2",
            "ena_support": true,
            "executable_users": null,
            "filter": [
              {
                "name": "name",
                "values": [
                  "amzn2-ami-hvm-*-x86_64-gp2"
                ]
              }
            ],
            "hypervisor": "xen",
            "id": "ami-00e13aa668f17b8e7",
            "image_id": "ami-00e13aa668f17b8e7",
            "image_location": "amazon/amzn2-ami-hvm-2.0.20250929.2-x86_64-gp2",
            "image_owner_alias": "amazon",
            "image_type": "machine",
            "imds_support": "",
            "include_deprecated": false,
            "kernel_id": "",
            "last_launched_time": "",
            "most_recent": true,
            "name": "amzn2-ami-hvm-2.0.20250929.2-x86_64-gp2",
            "name_regex": null,
            "owner_id": "137112412989",
            "owners": [
              "amazon"
            ],
            "platform": "",
            "platform_details": "Linux/UNIX",
            "product_codes": [],
            "public": true,
            "ramdisk_id": "",
            "region": "ca-central-1",
            "root_device_name": "/dev/xvda",
            "root_device_type": "ebs",
            "root_snapshot_id": "snap-0e6f43cb3958823f0",
            "sriov_net_support": "simple",
            "state": "available",
            "state_reason": {
              "code": "UNSET",
              "message": "UNSET"
            },
            "tags": {},
            "timeouts": null,
            "tpm_support": "",
            "uefi_data": null,
            "usage_operation": "RunInstances",
            "virtualization_type": "hvm"
          },
          "sensitive_attributes": [],
          "identity_schema_version": 0
        }
      ]
    },
    {
      "mode": "data",
      "type": "aws_availability_zones",
      "name": "primary",
      "provider": "provider[\"registry.terraform.io/hashicorp/aws\"].primary",
      "instances": [
        {
          "schema_version": 0,
          "attributes": {
            "all_availability_zones": null,
            "exclude_names": null,
            "exclude_zone_ids": null,
            "filter": null,
            "group_names": [
              "ap-northeast-1-zg-1"
            ],
            "id": "ap-northeast-1",
            "names": [
              "ap-northeast-1a",
              "ap-northeast-1c",
              "ap-northeast-1d"
            ],
            "region": "ap-northeast-1",
            "state": "available",
            "timeouts": null,
            "zone_ids": [
              "apne1-az4",
              "apne1-az1",
              "apne1-az2"
            ]
          },
          "sensitive_attributes": [],
          "identity_schema_version": 0
        }
      ]
    },
    {
      "mode": "data",
      "type": "aws_availability_zones",
      "name": "secondary",
      "provider": "provider[\"registry.terraform.io/hashicorp/aws\"].secondary",
      "instances": [
        {
          "schema_version": 0,
          "attributes": {
            "all_availability_zones": null,
            "exclude_names": null,
            "exclude_zone_ids": null,
            "filter": null,
            "group_names": [
              "ca-central-1-zg-1"
            ],
            "id": "ca-central-1",
            "names": [
              "ca-central-1a",
              "ca-central-1b",
              "ca-central-1d"
            ],
            "region": "ca-central-1",
            "state": "available",
            "timeouts": null,
            "zone_ids": [
              "cac1-az1",
              "cac1-az2",
              "cac1-az4"
            ]
          },
          "sensitive_attributes": [],
          "identity_schema_version": 0
        }
      ]
    },
    {
      "mode": "managed",
      "type": "aws_cloudwatch_event_rule",
      "name": "failover_trigger",
      "provider": "provider[\"registry.terraform.io/hashicorp/aws\"].primary",
      "instances": [
        {
          "schema_version": 1,
          "attributes": {
            "arn": "arn:aws:events:ap-northeast-1:918595517158:rule/tp-prod-failover-trigger",
            "description": "Trigger failover on health check failure",
            "event_bus_name": "default",
            "event_pattern": "{\"detail\":{\"healthCheckId\":[\"8a7b2412-805c-4d73-9703-59ec6dd0c652\"],\"newState\":[\"UNHEALTHY\"]},\"detail-type\":[\"Route 53 Health Check Status Change\"],\"source\":[\"aws.route53\"]}",
            "force_destroy": false,
            "id": "tp-prod-failover-trigger",
            "is_enabled": true,
            "name": "tp-prod-failover-trigger",
            "name_prefix": "",
            "region": "ap-northeast-1",
            "role_arn": "",
            "schedule_expression": "",
            "state": "ENABLED",
            "tags": {},
            "tags_all": {
              "Deployment": "46ab7955",
              "Environment": "prod",
              "ManagedBy": "Terraform",
              "Project": "tp",
              "Purpose": "DR-Architecture"
            }
          },
          "sensitive_attributes": [],
          "identity_schema_version": 0,
          "identity": {
            "account_id": "918595517158",
            "name": "tp-prod-failover-trigger",
            "region": "ap-northeast-1"
          },
          "private": "eyJzY2hlbWFfdmVyc2lvbiI6IjEifQ==",
          "dependencies": [
            "aws_lb.primary",
            "aws_route53_health_check.primary",
            "aws_security_group.alb_primary",
            "aws_subnet.primary_public",
            "aws_vpc.primary",
            "data.aws_availability_zones.primary",
            "random_id.deployment"
          ]
        }
      ]
    },
    {
      "mode": "managed",
      "type": "aws_cloudwatch_event_target",
      "name": "failover_lambda",
      "provider": "provider[\"registry.terraform.io/hashicorp/aws\"].primary",
      "instances": [
        {
          "schema_version": 1,
          "attributes": {
            "appsync_target": [],
            "arn": "arn:aws:lambda:ap-northeast-1:918595517158:function:tp-prod-failover",
            "batch_target": [],
            "dead_letter_config": [],
            "ecs_target": [],
            "event_bus_name": "default",
            "force_destroy": false,
            "http_target": [],
            "id": "tp-prod-failover-trigger-FailoverLambda",
            "input": "",
            "input_path": "",
            "input_transformer": [],
            "kinesis_target": [],
            "redshift_target": [],
            "region": "ap-northeast-1",
            "retry_policy": [],
            "role_arn": "",
            "rule": "tp-prod-failover-trigger",
            "run_command_targets": [],
            "sagemaker_pipeline_target": [],
            "sqs_target": [],
            "target_id": "FailoverLambda"
          },
          "sensitive_attributes": [],
          "identity_schema_version": 0,
          "private": "eyJzY2hlbWFfdmVyc2lvbiI6IjEifQ==",
          "dependencies": [
            "aws_cloudwatch_event_rule.failover_trigger",
            "aws_db_instance.primary",
            "aws_db_instance.secondary",
            "aws_db_subnet_group.primary",
            "aws_db_subnet_group.secondary",
            "aws_iam_role.lambda_failover",
            "aws_kms_alias.rds_secondary",
            "aws_kms_key.rds_secondary",
            "aws_lambda_function.failover",
            "aws_lb.primary",
            "aws_lb.secondary",
            "aws_route53_health_check.primary",
            "aws_route53_zone.main",
            "aws_security_group.alb_primary",
            "aws_security_group.alb_secondary",
            "aws_security_group.app_primary",
            "aws_security_group.app_secondary",
            "aws_security_group.db_primary",
            "aws_security_group.db_secondary",
            "aws_subnet.primary_data",
            "aws_subnet.primary_public",
            "aws_subnet.secondary_data",
            "aws_subnet.secondary_public",
            "aws_vpc.primary",
            "aws_vpc.secondary",
            "data.archive_file.lambda_failover",
            "data.aws_availability_zones.primary",
            "data.aws_availability_zones.secondary",
            "random_id.deployment",
            "random_password.db_master"
          ]
        }
      ]
    },
    {
      "mode": "managed",
      "type": "aws_cloudwatch_log_group",
      "name": "lambda_failover",
      "provider": "provider[\"registry.terraform.io/hashicorp/aws\"].primary",
      "instances": [
        {
          "schema_version": 0,
          "attributes": {
            "arn": "arn:aws:logs:ap-northeast-1:918595517158:log-group:/aws/lambda/tp-prod-failover",
            "id": "/aws/lambda/tp-prod-failover",
            "kms_key_id": "",
            "log_group_class": "STANDARD",
            "name": "/aws/lambda/tp-prod-failover",
            "name_prefix": "",
            "region": "ap-northeast-1",
            "retention_in_days": 7,
            "skip_destroy": false,
            "tags": {
              "Deployment": "46ab7955",
              "Environment": "prod",
              "ManagedBy": "Terraform",
              "Name": "tp-prod-lambda-logs",
              "Project": "tp",
              "Purpose": "DR-Architecture",
              "Region": "ap-northeast-1",
              "Role": "Primary"
            },
            "tags_all": {
              "Deployment": "46ab7955",
              "Environment": "prod",
              "ManagedBy": "Terraform",
              "Name": "tp-prod-lambda-logs",
              "Project": "tp",
              "Purpose": "DR-Architecture",
              "Region": "ap-northeast-1",
              "Role": "Primary"
            }
          },
          "sensitive_attributes": [],
          "identity_schema_version": 0,
          "identity": {
            "account_id": "918595517158",
            "name": "/aws/lambda/tp-prod-failover",
            "region": "ap-northeast-1"
          },
          "private": "bnVsbA==",
          "dependencies": [
            "aws_db_instance.primary",
            "aws_db_instance.secondary",
            "aws_db_subnet_group.primary",
            "aws_db_subnet_group.secondary",
            "aws_iam_role.lambda_failover",
            "aws_kms_alias.rds_secondary",
            "aws_kms_key.rds_secondary",
            "aws_lambda_function.failover",
            "aws_lb.secondary",
            "aws_route53_zone.main",
            "aws_security_group.alb_primary",
            "aws_security_group.alb_secondary",
            "aws_security_group.app_primary",
            "aws_security_group.app_secondary",
            "aws_security_group.db_primary",
            "aws_security_group.db_secondary",
            "aws_subnet.primary_data",
            "aws_subnet.secondary_data",
            "aws_subnet.secondary_public",
            "aws_vpc.primary",
            "aws_vpc.secondary",
            "data.archive_file.lambda_failover",
            "data.aws_availability_zones.primary",
            "data.aws_availability_zones.secondary",
            "random_id.deployment",
            "random_password.db_master"
          ]
        }
      ]
    },
    {
      "mode": "managed",
      "type": "aws_cloudwatch_metric_alarm",
      "name": "primary_health",
      "provider": "provider[\"registry.terraform.io/hashicorp/aws\"].primary",
      "instances": [
        {
          "schema_version": 1,
          "attributes": {
            "actions_enabled": true,
            "alarm_actions": [],
            "alarm_description": "Primary region health check alarm",
            "alarm_name": "tp-prod-primary-health-alarm",
            "arn": "arn:aws:cloudwatch:ap-northeast-1:918595517158:alarm:tp-prod-primary-health-alarm",
            "comparison_operator": "LessThanThreshold",
            "datapoints_to_alarm": 0,
            "dimensions": {
              "HealthCheckId": "8a7b2412-805c-4d73-9703-59ec6dd0c652"
            },
            "evaluate_low_sample_count_percentiles": "",
            "evaluation_periods": 2,
            "extended_statistic": "",
            "id": "tp-prod-primary-health-alarm",
            "insufficient_data_actions": [],
            "metric_name": "HealthCheckStatus",
            "metric_query": [],
            "namespace": "AWS/Route53",
            "ok_actions": [],
            "period": 60,
            "region": "ap-northeast-1",
            "statistic": "Minimum",
            "tags": {
              "Deployment": "46ab7955",
              "Environment": "prod",
              "ManagedBy": "Terraform",
              "Name": "tp-prod-primary-health-alarm",
              "Project": "tp",
              "Purpose": "DR-Architecture",
              "Region": "ap-northeast-1",
              "Role": "Primary"
            },
            "tags_all": {
              "Deployment": "46ab7955",
              "Environment": "prod",
              "ManagedBy": "Terraform",
              "Name": "tp-prod-primary-health-alarm",
              "Project": "tp",
              "Purpose": "DR-Architecture",
              "Region": "ap-northeast-1",
              "Role": "Primary"
            },
            "threshold": 1,
            "threshold_metric_id": "",
            "treat_missing_data": "missing",
            "unit": ""
          },
          "sensitive_attributes": [],
          "identity_schema_version": 0,
          "identity": {
            "account_id": "918595517158",
            "alarm_name": "tp-prod-primary-health-alarm",
            "region": "ap-northeast-1"
          },
          "private": "eyJzY2hlbWFfdmVyc2lvbiI6IjEifQ==",
          "dependencies": [
            "aws_lb.primary",
            "aws_route53_health_check.primary",
            "aws_security_group.alb_primary",
            "aws_subnet.primary_public",
            "aws_vpc.primary",
            "data.aws_availability_zones.primary",
            "random_id.deployment"
          ]
        }
      ]
    },
    {
      "mode": "managed",
      "type": "aws_db_instance",
      "name": "primary",
      "provider": "provider[\"registry.terraform.io/hashicorp/aws\"].primary",
      "instances": [
        {
          "schema_version": 2,
          "attributes": {
            "address": "tp-prod-db-primary.crckw4e6kqvl.ap-northeast-1.rds.amazonaws.com",
            "allocated_storage": 100,
            "allow_major_version_upgrade": null,
            "apply_immediately": false,
            "arn": "arn:aws:rds:ap-northeast-1:918595517158:db:tp-prod-db-primary",
            "auto_minor_version_upgrade": true,
            "availability_zone": "ap-northeast-1a",
            "backup_retention_period": 30,
            "backup_target": "region",
            "backup_window": "03:00-04:00",
            "blue_green_update": [],
            "ca_cert_identifier": "rds-ca-rsa2048-g1",
            "character_set_name": "",
            "copy_tags_to_snapshot": false,
            "custom_iam_instance_profile": "",
            "customer_owned_ip_enabled": false,
            "database_insights_mode": "standard",
            "db_name": "tradingdb",
            "db_subnet_group_name": "tp-prod-db-subnet-primary",
            "dedicated_log_volume": false,
            "delete_automated_backups": true,
            "deletion_protection": false,
            "domain": "",
            "domain_auth_secret_arn": "",
            "domain_dns_ips": [],
            "domain_fqdn": "",
            "domain_iam_role_name": "",
            "domain_ou": "",
            "enabled_cloudwatch_logs_exports": [
              "error",
              "general",
              "slowquery"
            ],
            "endpoint": "tp-prod-db-primary.crckw4e6kqvl.ap-northeast-1.rds.amazonaws.com:3306",
            "engine": "mysql",
            "engine_lifecycle_support": "open-source-rds-extended-support",
            "engine_version": "8.0",
            "engine_version_actual": "8.0.42",
            "final_snapshot_identifier": "tp-prod-db-primary-final-46ab7955",
            "hosted_zone_id": "Z24O6O9L7SGTNB",
            "iam_database_authentication_enabled": false,
            "id": "db-GEVTHEWWCD4WHN43USI34W3ZLI",
            "identifier": "tp-prod-db-primary",
            "identifier_prefix": "",
            "instance_class": "db.r6g.xlarge",
            "iops": 3000,
            "kms_key_id": "arn:aws:kms:ap-northeast-1:918595517158:key/ca40c496-4654-4b75-9bf0-39153578bd11",
            "latest_restorable_time": "2025-10-13T14:35:00Z",
            "license_model": "general-public-license",
            "listener_endpoint": [],
            "maintenance_window": "sun:04:00-sun:05:00",
            "manage_master_user_password": null,
            "master_user_secret": [],
            "master_user_secret_kms_key_id": null,
            "max_allocated_storage": 0,
            "monitoring_interval": 0,
            "monitoring_role_arn": "",
            "multi_az": false,
            "nchar_character_set_name": "",
            "network_type": "IPV4",
            "option_group_name": "default:mysql-8-0",
            "parameter_group_name": "default.mysql8.0",
            "password": "k#5o=yZqaY%*yrn3m!s8WvHT",
            "password_wo": null,
            "password_wo_version": null,
            "performance_insights_enabled": false,
            "performance_insights_kms_key_id": "",
            "performance_insights_retention_period": 0,
            "port": 3306,
            "publicly_accessible": false,
            "region": "ap-northeast-1",
            "replica_mode": "",
            "replicas": [
              "arn:aws:rds:ca-central-1:918595517158:db:tp-prod-db-secondary"
            ],
            "replicate_source_db": "",
            "resource_id": "db-GEVTHEWWCD4WHN43USI34W3ZLI",
            "restore_to_point_in_time": [],
            "s3_import": [],
            "skip_final_snapshot": false,
            "snapshot_identifier": null,
            "status": "available",
            "storage_encrypted": true,
            "storage_throughput": 125,
            "storage_type": "gp3",
            "tags": {
              "Deployment": "46ab7955",
              "Environment": "prod",
              "ManagedBy": "Terraform",
              "Name": "tp-prod-db-primary",
              "Project": "tp",
              "Purpose": "DR-Architecture",
              "Region": "ap-northeast-1",
              "Role": "Primary"
            },
            "tags_all": {
              "Deployment": "46ab7955",
              "Environment": "prod",
              "ManagedBy": "Terraform",
              "Name": "tp-prod-db-primary",
              "Project": "tp",
              "Purpose": "DR-Architecture",
              "Region": "ap-northeast-1",
              "Role": "Primary"
            },
            "timeouts": null,
            "timezone": "",
            "upgrade_storage_config": null,
            "username": "admin",
            "vpc_security_group_ids": [
              "sg-0fc93f68791c1df7c"
            ]
          },
          "sensitive_attributes": [
            [
              {
                "type": "get_attr",
                "value": "password"
              }
            ],
            [
              {
                "type": "get_attr",
                "value": "password_wo"
              }
            ]
          ],
          "identity_schema_version": 0,
          "private": "eyJlMmJmYjczMC1lY2FhLTExZTYtOGY4OC0zNDM2M2JjN2M0YzAiOnsiY3JlYXRlIjozMDAwMDAwMDAwMDAwLCJkZWxldGUiOjM2MDAwMDAwMDAwMDAsInVwZGF0ZSI6NDgwMDAwMDAwMDAwMH0sInNjaGVtYV92ZXJzaW9uIjoiMiJ9",
          "dependencies": [
            "aws_db_subnet_group.primary",
            "aws_security_group.alb_primary",
            "aws_security_group.app_primary",
            "aws_security_group.db_primary",
            "aws_subnet.primary_data",
            "aws_vpc.primary",
            "data.aws_availability_zones.primary",
            "random_id.deployment",
            "random_password.db_master"
          ]
        }
      ]
    },
    {
      "mode": "managed",
      "type": "aws_db_instance",
      "name": "secondary",
      "provider": "provider[\"registry.terraform.io/hashicorp/aws\"].secondary",
      "instances": [
        {
          "schema_version": 2,
          "attributes": {
            "address": "tp-prod-db-secondary.c5kccwiy28tu.ca-central-1.rds.amazonaws.com",
            "allocated_storage": 100,
            "allow_major_version_upgrade": null,
            "apply_immediately": false,
            "arn": "arn:aws:rds:ca-central-1:918595517158:db:tp-prod-db-secondary",
            "auto_minor_version_upgrade": true,
            "availability_zone": "ca-central-1a",
            "backup_retention_period": 0,
            "backup_target": "region",
            "backup_window": "03:00-04:00",
            "blue_green_update": [],
            "ca_cert_identifier": "rds-ca-rsa2048-g1",
            "character_set_name": "",
            "copy_tags_to_snapshot": false,
            "custom_iam_instance_profile": "",
            "customer_owned_ip_enabled": false,
            "database_insights_mode": "standard",
            "db_name": "tradingdb",
            "db_subnet_group_name": "tp-prod-db-subnet-secondary",
            "dedicated_log_volume": false,
            "delete_automated_backups": true,
            "deletion_protection": false,
            "domain": "",
            "domain_auth_secret_arn": "",
            "domain_dns_ips": null,
            "domain_fqdn": "",
            "domain_iam_role_name": "",
            "domain_ou": "",
            "enabled_cloudwatch_logs_exports": null,
            "endpoint": "tp-prod-db-secondary.c5kccwiy28tu.ca-central-1.rds.amazonaws.com:3306",
            "engine": "mysql",
            "engine_lifecycle_support": "open-source-rds-extended-support",
            "engine_version": "8.0.42",
            "engine_version_actual": "8.0.42",
            "final_snapshot_identifier": null,
            "hosted_zone_id": "Z1JG78A3UK1DU3",
            "iam_database_authentication_enabled": false,
            "id": "db-KYWYT3JDIQSADNDA6ZARXBX5OU",
            "identifier": "tp-prod-db-secondary",
            "identifier_prefix": "",
            "instance_class": "db.r6g.xlarge",
            "iops": 3000,
            "kms_key_id": "arn:aws:kms:ca-central-1:918595517158:key/0c408a39-bd99-4c9a-90eb-03e22ce2650a",
            "latest_restorable_time": "",
            "license_model": "general-public-license",
            "listener_endpoint": [],
            "maintenance_window": "sun:04:00-sun:05:00",
            "manage_master_user_password": null,
            "master_user_secret": [],
            "master_user_secret_kms_key_id": null,
            "max_allocated_storage": 0,
            "monitoring_interval": 0,
            "monitoring_role_arn": "",
            "multi_az": false,
            "nchar_character_set_name": "",
            "network_type": "IPV4",
            "option_group_name": "default:mysql-8-0",
            "parameter_group_name": "default.mysql8.0",
            "password": null,
            "password_wo": null,
            "password_wo_version": null,
            "performance_insights_enabled": false,
            "performance_insights_kms_key_id": "",
            "performance_insights_retention_period": 0,
            "port": 3306,
            "publicly_accessible": false,
            "region": "ca-central-1",
            "replica_mode": "",
            "replicas": [],
            "replicate_source_db": "arn:aws:rds:ap-northeast-1:918595517158:db:tp-prod-db-primary",
            "resource_id": "db-KYWYT3JDIQSADNDA6ZARXBX5OU",
            "restore_to_point_in_time": [],
            "s3_import": [],
            "skip_final_snapshot": true,
            "snapshot_identifier": null,
            "status": "available",
            "storage_encrypted": true,
            "storage_throughput": 125,
            "storage_type": "gp3",
            "tags": {
              "Deployment": "46ab7955",
              "Environment": "prod",
              "ManagedBy": "Terraform",
              "Name": "tp-prod-db-secondary",
              "Project": "tp",
              "Purpose": "DR-Architecture",
              "Region": "ca-central-1",
              "Role": "Secondary"
            },
            "tags_all": {
              "Deployment": "46ab7955",
              "Environment": "prod",
              "ManagedBy": "Terraform",
              "Name": "tp-prod-db-secondary",
              "Project": "tp",
              "Purpose": "DR-Architecture",
              "Region": "ca-central-1",
              "Role": "Secondary"
            },
            "timeouts": null,
            "timezone": "",
            "upgrade_storage_config": null,
            "username": "admin",
            "vpc_security_group_ids": [
              "sg-0662f89c8025d2b54"
            ]
          },
          "sensitive_attributes": [
            [
              {
                "type": "get_attr",
                "value": "password"
              }
            ],
            [
              {
                "type": "get_attr",
                "value": "password_wo"
              }
            ]
          ],
          "identity_schema_version": 0,
          "private": "eyJlMmJmYjczMC1lY2FhLTExZTYtOGY4OC0zNDM2M2JjN2M0YzAiOnsiY3JlYXRlIjozMDAwMDAwMDAwMDAwLCJkZWxldGUiOjM2MDAwMDAwMDAwMDAsInVwZGF0ZSI6NDgwMDAwMDAwMDAwMH0sInNjaGVtYV92ZXJzaW9uIjoiMiJ9",
          "dependencies": [
            "aws_db_instance.primary",
            "aws_db_subnet_group.primary",
            "aws_db_subnet_group.secondary",
            "aws_kms_alias.rds_secondary",
            "aws_kms_key.rds_secondary",
            "aws_security_group.alb_primary",
            "aws_security_group.alb_secondary",
            "aws_security_group.app_primary",
            "aws_security_group.app_secondary",
            "aws_security_group.db_primary",
            "aws_security_group.db_secondary",
            "aws_subnet.primary_data",
            "aws_subnet.secondary_data",
            "aws_vpc.primary",
            "aws_vpc.secondary",
            "data.aws_availability_zones.primary",
            "data.aws_availability_zones.secondary",
            "random_id.deployment",
            "random_password.db_master"
          ]
        }
      ]
    },
    {
      "mode": "managed",
      "type": "aws_db_subnet_group",
      "name": "primary",
      "provider": "provider[\"registry.terraform.io/hashicorp/aws\"].primary",
      "instances": [
        {
          "schema_version": 0,
          "attributes": {
            "arn": "arn:aws:rds:ap-northeast-1:918595517158:subgrp:tp-prod-db-subnet-primary",
            "description": "Managed by Terraform",
            "id": "tp-prod-db-subnet-primary",
            "name": "tp-prod-db-subnet-primary",
            "name_prefix": "",
            "region": "ap-northeast-1",
            "subnet_ids": [
              "subnet-0ce7d9931e05d1cb4",
              "subnet-0d889a318f6ffc8b1"
            ],
            "supported_network_types": [
              "IPV4"
            ],
            "tags": {
              "Deployment": "46ab7955",
              "Environment": "prod",
              "ManagedBy": "Terraform",
              "Name": "tp-prod-db-subnet-primary",
              "Project": "tp",
              "Purpose": "DR-Architecture",
              "Region": "ap-northeast-1",
              "Role": "Primary"
            },
            "tags_all": {
              "Deployment": "46ab7955",
              "Environment": "prod",
              "ManagedBy": "Terraform",
              "Name": "tp-prod-db-subnet-primary",
              "Project": "tp",
              "Purpose": "DR-Architecture",
              "Region": "ap-northeast-1",
              "Role": "Primary"
            },
            "vpc_id": "vpc-034bef66249fc4b46"
          },
          "sensitive_attributes": [],
          "identity_schema_version": 0,
          "private": "bnVsbA==",
          "dependencies": [
            "aws_subnet.primary_data",
            "aws_vpc.primary",
            "data.aws_availability_zones.primary",
            "random_id.deployment"
          ]
        }
      ]
    },
    {
      "mode": "managed",
      "type": "aws_db_subnet_group",
      "name": "secondary",
      "provider": "provider[\"registry.terraform.io/hashicorp/aws\"].secondary",
      "instances": [
        {
          "schema_version": 0,
          "attributes": {
            "arn": "arn:aws:rds:ca-central-1:918595517158:subgrp:tp-prod-db-subnet-secondary",
            "description": "Managed by Terraform",
            "id": "tp-prod-db-subnet-secondary",
            "name": "tp-prod-db-subnet-secondary",
            "name_prefix": "",
            "region": "ca-central-1",
            "subnet_ids": [
              "subnet-0672e0e2931dfaf2b",
              "subnet-0c23aaa61d3ba0d4a"
            ],
            "supported_network_types": [
              "IPV4"
            ],
            "tags": {
              "Deployment": "46ab7955",
              "Environment": "prod",
              "ManagedBy": "Terraform",
              "Name": "tp-prod-db-subnet-secondary",
              "Project": "tp",
              "Purpose": "DR-Architecture",
              "Region": "ca-central-1",
              "Role": "Secondary"
            },
            "tags_all": {
              "Deployment": "46ab7955",
              "Environment": "prod",
              "ManagedBy": "Terraform",
              "Name": "tp-prod-db-subnet-secondary",
              "Project": "tp",
              "Purpose": "DR-Architecture",
              "Region": "ca-central-1",
              "Role": "Secondary"
            },
            "vpc_id": "vpc-0d4f70e5b1d2da8f3"
          },
          "sensitive_attributes": [],
          "identity_schema_version": 0,
          "private": "bnVsbA==",
          "dependencies": [
            "aws_subnet.secondary_data",
            "aws_vpc.secondary",
            "data.aws_availability_zones.secondary",
            "random_id.deployment"
          ]
        }
      ]
    },
    {
      "mode": "managed",
      "type": "aws_dynamodb_table",
      "name": "primary",
      "provider": "provider[\"registry.terraform.io/hashicorp/aws\"].primary",
      "instances": [
        {
          "schema_version": 1,
          "attributes": {
            "arn": "arn:aws:dynamodb:ap-northeast-1:918595517158:table/tp-prod-global-table",
            "attribute": [
              {
                "name": "id",
                "type": "S"
              },
              {
                "name": "status",
                "type": "S"
              },
              {
                "name": "timestamp",
                "type": "N"
              }
            ],
            "billing_mode": "PAY_PER_REQUEST",
            "deletion_protection_enabled": false,
            "global_secondary_index": [
              {
                "hash_key": "status",
                "name": "status-index",
                "non_key_attributes": [],
                "on_demand_throughput": [],
                "projection_type": "ALL",
                "range_key": "timestamp",
                "read_capacity": 0,
                "write_capacity": 0
              }
            ],
            "hash_key": "id",
            "id": "tp-prod-global-table",
            "import_table": [],
            "local_secondary_index": [],
            "name": "tp-prod-global-table",
            "on_demand_throughput": [],
            "point_in_time_recovery": [
              {
                "enabled": true,
                "recovery_period_in_days": 35
              }
            ],
            "range_key": "timestamp",
            "read_capacity": 0,
            "region": "ap-northeast-1",
            "replica": [
              {
                "arn": "arn:aws:dynamodb:ca-central-1:918595517158:table/tp-prod-global-table",
                "consistency_mode": "EVENTUAL",
                "deletion_protection_enabled": false,
                "kms_key_arn": "",
                "point_in_time_recovery": false,
                "propagate_tags": false,
                "region_name": "ca-central-1",
                "stream_arn": "arn:aws:dynamodb:ca-central-1:918595517158:table/tp-prod-global-table/stream/2025-10-13T13:36:20.367",
                "stream_label": "2025-10-13T13:36:20.367"
              }
            ],
            "restore_date_time": null,
            "restore_source_name": null,
            "restore_source_table_arn": null,
            "restore_to_latest_time": null,
            "server_side_encryption": [],
            "stream_arn": "arn:aws:dynamodb:ap-northeast-1:918595517158:table/tp-prod-global-table/stream/2025-10-13T13:34:47.084",
            "stream_enabled": true,
            "stream_label": "2025-10-13T13:34:47.084",
            "stream_view_type": "NEW_AND_OLD_IMAGES",
            "table_class": "STANDARD",
            "tags": {
              "Deployment": "46ab7955",
              "Environment": "prod",
              "ManagedBy": "Terraform",
              "Name": "tp-prod-global-table",
              "Project": "tp",
              "Purpose": "DR-Architecture",
              "Region": "ap-northeast-1",
              "Role": "Primary"
            },
            "tags_all": {
              "Deployment": "46ab7955",
              "Environment": "prod",
              "ManagedBy": "Terraform",
              "Name": "tp-prod-global-table",
              "Project": "tp",
              "Purpose": "DR-Architecture",
              "Region": "ap-northeast-1",
              "Role": "Primary"
            },
            "timeouts": null,
            "ttl": [
              {
                "attribute_name": "",
                "enabled": false
              }
            ],
            "write_capacity": 0
          },
          "sensitive_attributes": [],
          "identity_schema_version": 0,
          "private": "eyJlMmJmYjczMC1lY2FhLTExZTYtOGY4OC0zNDM2M2JjN2M0YzAiOnsiY3JlYXRlIjoxODAwMDAwMDAwMDAwLCJkZWxldGUiOjYwMDAwMDAwMDAwMCwidXBkYXRlIjozNjAwMDAwMDAwMDAwfSwic2NoZW1hX3ZlcnNpb24iOiIxIn0=",
          "dependencies": [
            "random_id.deployment"
          ]
        }
      ]
    },
    {
      "mode": "managed",
      "type": "aws_eip",
      "name": "primary_nat",
      "provider": "provider[\"registry.terraform.io/hashicorp/aws\"].primary",
      "instances": [
        {
          "index_key": 0,
          "schema_version": 0,
          "attributes": {
            "address": null,
            "allocation_id": "eipalloc-0c7deedaec51abf8c",
            "arn": "arn:aws:ec2:ap-northeast-1:918595517158:elastic-ip/eipalloc-0c7deedaec51abf8c",
            "associate_with_private_ip": null,
            "association_id": "eipassoc-0560e3221bbccb215",
            "carrier_ip": "",
            "customer_owned_ip": "",
            "customer_owned_ipv4_pool": "",
            "domain": "vpc",
            "id": "eipalloc-0c7deedaec51abf8c",
            "instance": "",
            "ipam_pool_id": null,
            "network_border_group": "ap-northeast-1",
            "network_interface": "eni-041222aad33afa8e1",
            "private_dns": "ip-10-0-7-180.ap-northeast-1.compute.internal",
            "private_ip": "10.0.7.180",
            "ptr_record": "",
            "public_dns": "ec2-3-115-221-53.ap-northeast-1.compute.amazonaws.com",
            "public_ip": "3.115.221.53",
            "public_ipv4_pool": "amazon",
            "region": "ap-northeast-1",
            "tags": {
              "Deployment": "46ab7955",
              "Environment": "prod",
              "ManagedBy": "Terraform",
              "Name": "tp-prod-eip-nat-primary-1",
              "Project": "tp",
              "Purpose": "DR-Architecture",
              "Region": "ap-northeast-1",
              "Role": "Primary"
            },
            "tags_all": {
              "Deployment": "46ab7955",
              "Environment": "prod",
              "ManagedBy": "Terraform",
              "Name": "tp-prod-eip-nat-primary-1",
              "Project": "tp",
              "Purpose": "DR-Architecture",
              "Region": "ap-northeast-1",
              "Role": "Primary"
            },
            "timeouts": null
          },
          "sensitive_attributes": [],
          "identity_schema_version": 0,
          "private": "eyJlMmJmYjczMC1lY2FhLTExZTYtOGY4OC0zNDM2M2JjN2M0YzAiOnsiZGVsZXRlIjoxODAwMDAwMDAwMDAsInJlYWQiOjkwMDAwMDAwMDAwMCwidXBkYXRlIjozMDAwMDAwMDAwMDB9fQ==",
          "dependencies": [
            "random_id.deployment"
          ]
        },
        {
          "index_key": 1,
          "schema_version": 0,
          "attributes": {
            "address": null,
            "allocation_id": "eipalloc-0255c12c888a86a7b",
            "arn": "arn:aws:ec2:ap-northeast-1:918595517158:elastic-ip/eipalloc-0255c12c888a86a7b",
            "associate_with_private_ip": null,
            "association_id": "eipassoc-057f3ea35ff163b9e",
            "carrier_ip": "",
            "customer_owned_ip": "",
            "customer_owned_ipv4_pool": "",
            "domain": "vpc",
            "id": "eipalloc-0255c12c888a86a7b",
            "instance": "",
            "ipam_pool_id": null,
            "network_border_group": "ap-northeast-1",
            "network_interface": "eni-0f01fc1289cb84aa7",
            "private_dns": "ip-10-0-27-177.ap-northeast-1.compute.internal",
            "private_ip": "10.0.27.177",
            "ptr_record": "",
            "public_dns": "ec2-43-206-32-187.ap-northeast-1.compute.amazonaws.com",
            "public_ip": "43.206.32.187",
            "public_ipv4_pool": "amazon",
            "region": "ap-northeast-1",
            "tags": {
              "Deployment": "46ab7955",
              "Environment": "prod",
              "ManagedBy": "Terraform",
              "Name": "tp-prod-eip-nat-primary-2",
              "Project": "tp",
              "Purpose": "DR-Architecture",
              "Region": "ap-northeast-1",
              "Role": "Primary"
            },
            "tags_all": {
              "Deployment": "46ab7955",
              "Environment": "prod",
              "ManagedBy": "Terraform",
              "Name": "tp-prod-eip-nat-primary-2",
              "Project": "tp",
              "Purpose": "DR-Architecture",
              "Region": "ap-northeast-1",
              "Role": "Primary"
            },
            "timeouts": null
          },
          "sensitive_attributes": [],
          "identity_schema_version": 0,
          "private": "eyJlMmJmYjczMC1lY2FhLTExZTYtOGY4OC0zNDM2M2JjN2M0YzAiOnsiZGVsZXRlIjoxODAwMDAwMDAwMDAsInJlYWQiOjkwMDAwMDAwMDAwMCwidXBkYXRlIjozMDAwMDAwMDAwMDB9fQ==",
          "dependencies": [
            "random_id.deployment"
          ]
        }
      ]
    },
    {
      "mode": "managed",
      "type": "aws_eip",
      "name": "secondary_nat",
      "provider": "provider[\"registry.terraform.io/hashicorp/aws\"].secondary",
      "instances": [
        {
          "index_key": 0,
          "schema_version": 0,
          "attributes": {
            "address": null,
            "allocation_id": "eipalloc-092b88589c05634ca",
            "arn": "arn:aws:ec2:ca-central-1:918595517158:elastic-ip/eipalloc-092b88589c05634ca",
            "associate_with_private_ip": null,
            "association_id": "eipassoc-0750fca72bcb58a3f",
            "carrier_ip": "",
            "customer_owned_ip": "",
            "customer_owned_ipv4_pool": "",
            "domain": "vpc",
            "id": "eipalloc-092b88589c05634ca",
            "instance": "",
            "ipam_pool_id": null,
            "network_border_group": "ca-central-1",
            "network_interface": "eni-035b3f19484e9f99d",
            "private_dns": "ip-10-1-8-200.ca-central-1.compute.internal",
            "private_ip": "10.1.8.200",
            "ptr_record": "",
            "public_dns": "ec2-3-96-90-61.ca-central-1.compute.amazonaws.com",
            "public_ip": "3.96.90.61",
            "public_ipv4_pool": "amazon",
            "region": "ca-central-1",
            "tags": {
              "Deployment": "46ab7955",
              "Environment": "prod",
              "ManagedBy": "Terraform",
              "Name": "tp-prod-eip-nat-secondary-1",
              "Project": "tp",
              "Purpose": "DR-Architecture",
              "Region": "ca-central-1",
              "Role": "Secondary"
            },
            "tags_all": {
              "Deployment": "46ab7955",
              "Environment": "prod",
              "ManagedBy": "Terraform",
              "Name": "tp-prod-eip-nat-secondary-1",
              "Project": "tp",
              "Purpose": "DR-Architecture",
              "Region": "ca-central-1",
              "Role": "Secondary"
            },
            "timeouts": null
          },
          "sensitive_attributes": [],
          "identity_schema_version": 0,
          "private": "eyJlMmJmYjczMC1lY2FhLTExZTYtOGY4OC0zNDM2M2JjN2M0YzAiOnsiZGVsZXRlIjoxODAwMDAwMDAwMDAsInJlYWQiOjkwMDAwMDAwMDAwMCwidXBkYXRlIjozMDAwMDAwMDAwMDB9fQ==",
          "dependencies": [
            "random_id.deployment"
          ]
        },
        {
          "index_key": 1,
          "schema_version": 0,
          "attributes": {
            "address": null,
            "allocation_id": "eipalloc-0343107291a417f9e",
            "arn": "arn:aws:ec2:ca-central-1:918595517158:elastic-ip/eipalloc-0343107291a417f9e",
            "associate_with_private_ip": null,
            "association_id": "eipassoc-0329005ece410fe30",
            "carrier_ip": "",
            "customer_owned_ip": "",
            "customer_owned_ipv4_pool": "",
            "domain": "vpc",
            "id": "eipalloc-0343107291a417f9e",
            "instance": "",
            "ipam_pool_id": null,
            "network_border_group": "ca-central-1",
            "network_interface": "eni-007feb2d712ab1d55",
            "private_dns": "ip-10-1-23-198.ca-central-1.compute.internal",
            "private_ip": "10.1.23.198",
            "ptr_record": "",
            "public_dns": "ec2-3-97-65-115.ca-central-1.compute.amazonaws.com",
            "public_ip": "3.97.65.115",
            "public_ipv4_pool": "amazon",
            "region": "ca-central-1",
            "tags": {
              "Deployment": "46ab7955",
              "Environment": "prod",
              "ManagedBy": "Terraform",
              "Name": "tp-prod-eip-nat-secondary-2",
              "Project": "tp",
              "Purpose": "DR-Architecture",
              "Region": "ca-central-1",
              "Role": "Secondary"
            },
            "tags_all": {
              "Deployment": "46ab7955",
              "Environment": "prod",
              "ManagedBy": "Terraform",
              "Name": "tp-prod-eip-nat-secondary-2",
              "Project": "tp",
              "Purpose": "DR-Architecture",
              "Region": "ca-central-1",
              "Role": "Secondary"
            },
            "timeouts": null
          },
          "sensitive_attributes": [],
          "identity_schema_version": 0,
          "private": "eyJlMmJmYjczMC1lY2FhLTExZTYtOGY4OC0zNDM2M2JjN2M0YzAiOnsiZGVsZXRlIjoxODAwMDAwMDAwMDAsInJlYWQiOjkwMDAwMDAwMDAwMCwidXBkYXRlIjozMDAwMDAwMDAwMDB9fQ==",
          "dependencies": [
            "random_id.deployment"
          ]
        }
      ]
    },
    {
      "mode": "managed",
      "type": "aws_iam_instance_profile",
      "name": "app",
      "provider": "provider[\"registry.terraform.io/hashicorp/aws\"]",
      "instances": [
        {
          "schema_version": 0,
          "attributes": {
            "arn": "arn:aws:iam::918595517158:instance-profile/tp-prod-app-instance-profile",
            "create_date": "2025-10-13T13:34:47Z",
            "id": "tp-prod-app-instance-profile",
            "name": "tp-prod-app-instance-profile",
            "name_prefix": "",
            "path": "/",
            "role": "tp-prod-app-instance-role",
            "tags": {},
            "tags_all": {
              "Deployment": "46ab7955",
              "Environment": "prod",
              "ManagedBy": "Terraform",
              "Project": "tp",
              "Purpose": "DR-Architecture"
            },
            "unique_id": "AIPA5LYEPHLTET2XHDQZM"
          },
          "sensitive_attributes": [],
          "identity_schema_version": 0,
          "private": "bnVsbA==",
          "dependencies": [
            "aws_iam_role.app_instance",
            "random_id.deployment"
          ]
        }
      ]
    },
    {
      "mode": "managed",
      "type": "aws_iam_role",
      "name": "app_instance",
      "provider": "provider[\"registry.terraform.io/hashicorp/aws\"]",
      "instances": [
        {
          "schema_version": 0,
          "attributes": {
            "arn": "arn:aws:iam::918595517158:role/tp-prod-app-instance-role",
            "assume_role_policy": "{\"Statement\":[{\"Action\":\"sts:AssumeRole\",\"Effect\":\"Allow\",\"Principal\":{\"Service\":\"ec2.amazonaws.com\"}}],\"Version\":\"2012-10-17\"}",
            "create_date": "2025-10-13T13:34:46Z",
            "description": "",
            "force_detach_policies": false,
            "id": "tp-prod-app-instance-role",
            "inline_policy": [],
            "managed_policy_arns": [
              "arn:aws:iam::aws:policy/AmazonSSMManagedInstanceCore"
            ],
            "max_session_duration": 3600,
            "name": "tp-prod-app-instance-role",
            "name_prefix": "",
            "path": "/",
            "permissions_boundary": "",
            "tags": {
              "Deployment": "46ab7955",
              "Environment": "prod",
              "ManagedBy": "Terraform",
              "Project": "tp",
              "Purpose": "DR-Architecture"
            },
            "tags_all": {
              "Deployment": "46ab7955",
              "Environment": "prod",
              "ManagedBy": "Terraform",
              "Project": "tp",
              "Purpose": "DR-Architecture"
            },
            "unique_id": "AROA5LYEPHLTHR3X3SIRI"
          },
          "sensitive_attributes": [],
          "identity_schema_version": 0,
          "identity": {
            "account_id": "918595517158",
            "name": "tp-prod-app-instance-role"
          },
          "private": "bnVsbA==",
          "dependencies": [
            "random_id.deployment"
          ]
        }
      ]
    },
    {
      "mode": "managed",
      "type": "aws_iam_role",
      "name": "lambda_failover",
      "provider": "provider[\"registry.terraform.io/hashicorp/aws\"]",
      "instances": [
        {
          "schema_version": 0,
          "attributes": {
            "arn": "arn:aws:iam::918595517158:role/tp-prod-lambda-failover-role",
            "assume_role_policy": "{\"Statement\":[{\"Action\":\"sts:AssumeRole\",\"Effect\":\"Allow\",\"Principal\":{\"Service\":\"lambda.amazonaws.com\"}}],\"Version\":\"2012-10-17\"}",
            "create_date": "2025-10-13T13:34:46Z",
            "description": "",
            "force_detach_policies": false,
            "id": "tp-prod-lambda-failover-role",
            "inline_policy": [
              {
                "name": "tp-prod-lambda-failover-policy",
                "policy": "{\"Version\":\"2012-10-17\",\"Statement\":[{\"Action\":[\"logs:CreateLogGroup\",\"logs:CreateLogStream\",\"logs:PutLogEvents\"],\"Effect\":\"Allow\",\"Resource\":\"arn:aws:logs:*:*:*\"},{\"Action\":[\"rds:PromoteReadReplica\",\"rds:ModifyDBInstance\",\"rds:DescribeDBInstances\"],\"Effect\":\"Allow\",\"Resource\":\"*\"},{\"Action\":[\"route53:ChangeResourceRecordSets\",\"route53:GetHealthCheck\",\"route53:ListResourceRecordSets\"],\"Effect\":\"Allow\",\"Resource\":\"*\"},{\"Action\":[\"cloudwatch:PutMetricData\",\"cloudwatch:GetMetricStatistics\",\"cloudwatch:ListMetrics\"],\"Effect\":\"Allow\",\"Resource\":\"*\"},{\"Action\":[\"ec2:DescribeInstances\",\"ec2:RunInstances\",\"ec2:TerminateInstances\",\"autoscaling:UpdateAutoScalingGroup\"],\"Effect\":\"Allow\",\"Resource\":\"*\"}]}"
              }
            ],
            "managed_policy_arns": [],
            "max_session_duration": 3600,
            "name": "tp-prod-lambda-failover-role",
            "name_prefix": "",
            "path": "/",
            "permissions_boundary": "",
            "tags": {},
            "tags_all": {
              "Deployment": "46ab7955",
              "Environment": "prod",
              "ManagedBy": "Terraform",
              "Project": "tp",
              "Purpose": "DR-Architecture"
            },
            "unique_id": "AROA5LYEPHLTGSYCRYJFP"
          },
          "sensitive_attributes": [],
          "identity_schema_version": 0,
          "identity": {
            "account_id": "918595517158",
            "name": "tp-prod-lambda-failover-role"
          },
          "private": "bnVsbA==",
          "dependencies": [
            "random_id.deployment"
          ]
        }
      ]
    },
    {
      "mode": "managed",
      "type": "aws_iam_role_policy",
      "name": "lambda_failover",
      "provider": "provider[\"registry.terraform.io/hashicorp/aws\"]",
      "instances": [
        {
          "schema_version": 0,
          "attributes": {
            "id": "tp-prod-lambda-failover-role:tp-prod-lambda-failover-policy",
            "name": "tp-prod-lambda-failover-policy",
            "name_prefix": "",
            "policy": "{\"Version\":\"2012-10-17\",\"Statement\":[{\"Action\":[\"logs:CreateLogGroup\",\"logs:CreateLogStream\",\"logs:PutLogEvents\"],\"Effect\":\"Allow\",\"Resource\":\"arn:aws:logs:*:*:*\"},{\"Action\":[\"rds:PromoteReadReplica\",\"rds:ModifyDBInstance\",\"rds:DescribeDBInstances\"],\"Effect\":\"Allow\",\"Resource\":\"*\"},{\"Action\":[\"route53:ChangeResourceRecordSets\",\"route53:GetHealthCheck\",\"route53:ListResourceRecordSets\"],\"Effect\":\"Allow\",\"Resource\":\"*\"},{\"Action\":[\"cloudwatch:PutMetricData\",\"cloudwatch:GetMetricStatistics\",\"cloudwatch:ListMetrics\"],\"Effect\":\"Allow\",\"Resource\":\"*\"},{\"Action\":[\"ec2:DescribeInstances\",\"ec2:RunInstances\",\"ec2:TerminateInstances\",\"autoscaling:UpdateAutoScalingGroup\"],\"Effect\":\"Allow\",\"Resource\":\"*\"}]}",
            "role": "tp-prod-lambda-failover-role"
          },
          "sensitive_attributes": [],
          "identity_schema_version": 0,
          "identity": {
            "account_id": "918595517158",
            "name": "tp-prod-lambda-failover-policy",
            "role": "tp-prod-lambda-failover-role"
          },
          "private": "bnVsbA==",
          "dependencies": [
            "aws_iam_role.lambda_failover",
            "random_id.deployment"
          ]
        }
      ]
    },
    {
      "mode": "managed",
      "type": "aws_iam_role_policy_attachment",
      "name": "app_instance_ssm",
      "provider": "provider[\"registry.terraform.io/hashicorp/aws\"]",
      "instances": [
        {
          "schema_version": 0,
          "attributes": {
            "id": "tp-prod-app-instance-role/arn:aws:iam::aws:policy/AmazonSSMManagedInstanceCore",
            "policy_arn": "arn:aws:iam::aws:policy/AmazonSSMManagedInstanceCore",
            "role": "tp-prod-app-instance-role"
          },
          "sensitive_attributes": [],
          "identity_schema_version": 0,
          "identity": {
            "account_id": "918595517158",
            "policy_arn": "arn:aws:iam::aws:policy/AmazonSSMManagedInstanceCore",
            "role": "tp-prod-app-instance-role"
          },
          "private": "bnVsbA==",
          "dependencies": [
            "aws_iam_role.app_instance",
            "random_id.deployment"
          ]
        }
      ]
    },
    {
      "mode": "managed",
      "type": "aws_instance",
      "name": "app_primary",
      "provider": "provider[\"registry.terraform.io/hashicorp/aws\"].primary",
      "instances": [
        {
          "index_key": 0,
          "schema_version": 2,
          "attributes": {
            "ami": "ami-094a7934e53c6d469",
            "arn": "arn:aws:ec2:ap-northeast-1:918595517158:instance/i-0a24346d916e3ee62",
            "associate_public_ip_address": false,
            "availability_zone": "ap-northeast-1a",
            "capacity_reservation_specification": [
              {
                "capacity_reservation_preference": "open",
                "capacity_reservation_target": []
              }
            ],
            "cpu_options": [
              {
                "amd_sev_snp": "",
                "core_count": 1,
                "threads_per_core": 2
              }
            ],
            "credit_specification": [
              {
                "cpu_credits": "unlimited"
              }
            ],
            "disable_api_stop": false,
            "disable_api_termination": false,
            "ebs_block_device": [],
            "ebs_optimized": false,
            "enable_primary_ipv6": null,
            "enclave_options": [
              {
                "enabled": false
              }
            ],
            "ephemeral_block_device": [],
            "force_destroy": false,
            "get_password_data": false,
            "hibernation": false,
            "host_id": "",
            "host_resource_group_arn": null,
            "iam_instance_profile": "tp-prod-app-instance-profile",
            "id": "i-0a24346d916e3ee62",
            "instance_initiated_shutdown_behavior": "stop",
            "instance_lifecycle": "",
            "instance_market_options": [],
            "instance_state": "running",
            "instance_type": "t3.medium",
            "ipv6_address_count": 0,
            "ipv6_addresses": [],
            "key_name": "",
            "launch_template": [],
            "maintenance_options": [
              {
                "auto_recovery": "default"
              }
            ],
            "metadata_options": [
              {
                "http_endpoint": "enabled",
                "http_protocol_ipv6": "disabled",
                "http_put_response_hop_limit": 1,
                "http_tokens": "optional",
                "instance_metadata_tags": "disabled"
              }
            ],
            "monitoring": false,
            "network_interface": [],
            "outpost_arn": "",
            "password_data": "",
            "placement_group": "",
            "placement_partition_number": 0,
            "primary_network_interface_id": "eni-00cfc3ee482eca991",
            "private_dns": "ip-10-0-45-123.ap-northeast-1.compute.internal",
            "private_dns_name_options": [
              {
                "enable_resource_name_dns_a_record": false,
                "enable_resource_name_dns_aaaa_record": false,
                "hostname_type": "ip-name"
              }
            ],
            "private_ip": "10.0.45.123",
            "public_dns": "",
            "public_ip": "",
            "region": "ap-northeast-1",
            "root_block_device": [
              {
                "delete_on_termination": true,
                "device_name": "/dev/xvda",
                "encrypted": false,
                "iops": 100,
                "kms_key_id": "",
                "tags": {
                  "Deployment": "46ab7955",
                  "Environment": "prod",
                  "ManagedBy": "Terraform",
                  "Project": "tp",
                  "Purpose": "DR-Architecture"
                },
                "tags_all": {
                  "Deployment": "46ab7955",
                  "Environment": "prod",
                  "ManagedBy": "Terraform",
                  "Project": "tp",
                  "Purpose": "DR-Architecture"
                },
                "throughput": 0,
                "volume_id": "vol-0b058a83500a5c835",
                "volume_size": 8,
                "volume_type": "gp2"
              }
            ],
            "secondary_private_ips": [],
            "security_groups": [],
            "source_dest_check": true,
            "spot_instance_request_id": "",
            "subnet_id": "subnet-087d0a166d7e0900f",
            "tags": {
              "Deployment": "46ab7955",
              "Environment": "prod",
              "ManagedBy": "Terraform",
              "Name": "tp-prod-app-primary-1",
              "Project": "tp",
              "Purpose": "DR-Architecture",
              "Region": "ap-northeast-1",
              "Role": "Primary"
            },
            "tags_all": {
              "Deployment": "46ab7955",
              "Environment": "prod",
              "ManagedBy": "Terraform",
              "Name": "tp-prod-app-primary-1",
              "Project": "tp",
              "Purpose": "DR-Architecture",
              "Region": "ap-northeast-1",
              "Role": "Primary"
            },
            "tenancy": "default",
            "timeouts": null,
            "user_data": "#!/bin/bash\nset -xe\n\nyum update -y\nyum install -y python3 python3-pip\npython3 -m pip install --upgrade pip\npython3 -m pip install flask pymysql\n\nmkdir -p /opt/example-app\n\ncat \u003c\u003c'PYAPP' \u003e/opt/example-app/app.py\n#!/usr/bin/env python3\nimport logging\nimport os\nimport threading\nimport time\nimport uuid\n\nimport pymysql\nfrom flask import Flask, jsonify, request\n\nlogging.basicConfig(level=logging.INFO, format=\"%(asctime)s %(levelname)s %(message)s\")\n\napp = Flask(__name__)\n\n_failure_state = {\"active\": False, \"expires_at\": 0.0}\n_failure_lock = threading.Lock()\n\n\ndef failure_active() -\u003e bool:\n    with _failure_lock:\n        if not _failure_state[\"active\"]:\n            return False\n        if time.time() \u003e= _failure_state[\"expires_at\"]:\n            _failure_state[\"active\"] = False\n            _failure_state[\"expires_at\"] = 0.0\n            return False\n        return True\n\n\ndef activate_failure(duration_seconds: float) -\u003e float:\n    expires_at = time.time() + duration_seconds\n    with _failure_lock:\n        _failure_state[\"active\"] = True\n        _failure_state[\"expires_at\"] = expires_at\n    return expires_at\n\n\ndef get_db_connection(writer: bool = False):\n    host_key = \"DB_WRITE_HOST\" if writer else \"DB_READ_HOST\"\n    logging.info(\"Password %s\", os.environ[\"DB_PASSWORD\"])\n    return pymysql.connect(\n        host=os.environ[host_key],\n        user=os.environ[\"DB_USER\"],\n        password=os.environ[\"DB_PASSWORD\"],\n        database=os.environ[\"DB_NAME\"],\n        port=int(os.environ.get(\"DB_PORT\", \"3306\")),\n        connect_timeout=5,\n        autocommit=True,\n    )\n\n\ndef ensure_table() -\u003e bool:\n    delay_seconds = 6\n    attempt = 1\n    while True:\n        connection = None\n        try:\n            connection = get_db_connection(writer=True)\n            with connection.cursor() as cursor:\n                cursor.execute(\n                    \"CREATE TABLE IF NOT EXISTS example_data (id VARCHAR(36) PRIMARY KEY, data VARCHAR(255))\"\n                )\n            logging.info(\"Ensured example_data table exists.\")\n            return True\n        except Exception as exc:\n            logging.warning(\n                \"Database initialization attempt %s failed: %s. Retrying in %s seconds.\",\n                attempt,\n                exc,\n                delay_seconds,\n            )\n            time.sleep(delay_seconds)\n            attempt += 1\n        finally:\n            if connection:\n                connection.close()\n\n\n@app.before_request\ndef enforce_failure_mode():\n    if request.endpoint in (\"trigger_failure\", \"health\"):\n        return None\n    if failure_active():\n        return jsonify({\"error\": \"Application failure mode active\"}), 503\n    return None\n\n\n@app.route(\"/health\", methods=[\"GET\"])\ndef health():\n    if failure_active():\n        return jsonify({\"status\": \"failure\", \"message\": \"Failure mode active\"}), 503\n    return jsonify({\"status\": \"ok\"}), 200\n\n\n@app.route(\"/data\", methods=[\"POST\"])\ndef create_data():\n    payload = request.get_json(silent=True) or {}\n    data_value = payload.get(\"data\")\n    if not data_value:\n        return jsonify({\"error\": \"The 'data' field is required\"}), 400\n\n    record_id = str(uuid.uuid4())\n    connection = None\n    try:\n        connection = get_db_connection(writer=True)\n        with connection.cursor() as cursor:\n            cursor.execute(\n                \"INSERT INTO example_data (id, data) VALUES (%s, %s)\",\n                (record_id, data_value),\n            )\n    except Exception as exc:\n        logging.exception(\"Failed to insert record: %s\", exc)\n        return jsonify({\"error\": \"database insert failed\"}), 500\n    finally:\n        if connection:\n            connection.close()\n\n    return jsonify({\"id\": record_id}), 201\n\n\n@app.route(\"/data/\u003crecord_id\u003e\", methods=[\"GET\"])\ndef read_data(record_id):\n    connection = None\n    try:\n        connection = get_db_connection(writer=False)\n        with connection.cursor() as cursor:\n            cursor.execute(\n                \"SELECT data FROM example_data WHERE id = %s\",\n                (record_id,),\n            )\n            row = cursor.fetchone()\n    except Exception as exc:\n        logging.exception(\"Failed to read record: %s\", exc)\n        return jsonify({\"error\": \"database read failed\"}), 500\n    finally:\n        if connection:\n            connection.close()\n\n    if not row:\n        return jsonify({\"error\": \"record not found\"}), 404\n\n    return jsonify({\"id\": record_id, \"data\": row[0]}), 200\n\n\n@app.route(\"/trigger-failure\", methods=[\"POST\"])\ndef trigger_failure():\n    payload = request.get_json(silent=True) or {}\n    duration = payload.get(\"seconds\")\n\n    if duration is None:\n        return jsonify({\"error\": \"Request body must include 'seconds'\"}), 400\n\n    try:\n        duration_value = float(duration)\n    except (TypeError, ValueError):\n        return jsonify({\"error\": \"'seconds' must be a numeric value\"}), 400\n\n    if duration_value \u003c= 0:\n        return jsonify({\"error\": \"'seconds' must be greater than zero\"}), 400\n\n    expires_at = activate_failure(duration_value)\n    logging.warning(\"Failure mode activated for %.2f seconds.\", duration_value)\n    return (\n        jsonify(\n            {\n                \"status\": \"failure mode activated\",\n                \"expires_at_epoch\": expires_at,\n                \"duration_seconds\": duration_value,\n            }\n        ),\n        202,\n    )\n\n\nif __name__ == \"__main__\":\n    logging.info(\"Ensuring database initialization completed before starting application.\")\n    ensure_table()\n    app.run(host=\"0.0.0.0\", port=8080)\n\nPYAPP\n\nchmod +x /opt/example-app/app.py\n\ncat \u003c\u003c'SERVICE' \u003e/etc/systemd/system/example-app.service\n[Unit]\nDescription=Example Trading Platform Application\nAfter=network.target\n\n[Service]\nType=simple\nUser=root\nWorkingDirectory=/opt/example-app\nEnvironment=\"DB_WRITE_HOST=tp-prod-db-primary.crckw4e6kqvl.ap-northeast-1.rds.amazonaws.com\"\nEnvironment=\"DB_READ_HOST=tp-prod-db-primary.crckw4e6kqvl.ap-northeast-1.rds.amazonaws.com\"\nEnvironment=\"DB_USER=admin\"\nEnvironment=\"DB_PASSWORD=k#5o=yZqaY%%*yrn3m!s8WvHT\"\nEnvironment=\"DB_NAME=tradingdb\"\nEnvironment=\"DB_PORT=3306\"\nExecStart=/usr/bin/python3 /opt/example-app/app.py\nRestart=always\n\n[Install]\nWantedBy=multi-user.target\nSERVICE\n\nsystemctl daemon-reload\nsystemctl enable example-app.service\nsystemctl restart example-app.service\n",
            "user_data_base64": null,
            "user_data_replace_on_change": true,
            "volume_tags": null,
            "vpc_security_group_ids": [
              "sg-0312e9174b55761c5"
            ]
          },
          "sensitive_attributes": [
            [
              {
                "type": "get_attr",
                "value": "user_data"
              }
            ]
          ],
          "identity_schema_version": 0,
          "private": "eyJlMmJmYjczMC1lY2FhLTExZTYtOGY4OC0zNDM2M2JjN2M0YzAiOnsiY3JlYXRlIjo2MDAwMDAwMDAwMDAsImRlbGV0ZSI6MTIwMDAwMDAwMDAwMCwicmVhZCI6OTAwMDAwMDAwMDAwLCJ1cGRhdGUiOjYwMDAwMDAwMDAwMH0sInNjaGVtYV92ZXJzaW9uIjoiMiJ9",
          "dependencies": [
            "aws_db_instance.primary",
            "aws_db_subnet_group.primary",
            "aws_iam_instance_profile.app",
            "aws_iam_role.app_instance",
            "aws_security_group.alb_primary",
            "aws_security_group.app_primary",
            "aws_security_group.db_primary",
            "aws_subnet.primary_data",
            "aws_subnet.primary_private",
            "aws_vpc.primary",
            "data.aws_ami.app_primary",
            "data.aws_availability_zones.primary",
            "random_id.deployment",
            "random_password.db_master"
          ]
        }
      ]
    },
    {
      "mode": "managed",
      "type": "aws_instance",
      "name": "app_secondary",
      "provider": "provider[\"registry.terraform.io/hashicorp/aws\"].secondary",
      "instances": [
        {
          "index_key": 0,
          "schema_version": 2,
          "attributes": {
            "ami": "ami-00e13aa668f17b8e7",
            "arn": "arn:aws:ec2:ca-central-1:918595517158:instance/i-0195772808f8b6f04",
            "associate_public_ip_address": false,
            "availability_zone": "ca-central-1a",
            "capacity_reservation_specification": [
              {
                "capacity_reservation_preference": "open",
                "capacity_reservation_target": []
              }
            ],
            "cpu_options": [
              {
                "amd_sev_snp": "",
                "core_count": 1,
                "threads_per_core": 2
              }
            ],
            "credit_specification": [
              {
                "cpu_credits": "unlimited"
              }
            ],
            "disable_api_stop": false,
            "disable_api_termination": false,
            "ebs_block_device": [],
            "ebs_optimized": false,
            "enable_primary_ipv6": null,
            "enclave_options": [
              {
                "enabled": false
              }
            ],
            "ephemeral_block_device": [],
            "force_destroy": false,
            "get_password_data": false,
            "hibernation": false,
            "host_id": "",
            "host_resource_group_arn": null,
            "iam_instance_profile": "tp-prod-app-instance-profile",
            "id": "i-0195772808f8b6f04",
            "instance_initiated_shutdown_behavior": "stop",
            "instance_lifecycle": "",
            "instance_market_options": [],
            "instance_state": "running",
            "instance_type": "t3.medium",
            "ipv6_address_count": 0,
            "ipv6_addresses": [],
            "key_name": "",
            "launch_template": [],
            "maintenance_options": [
              {
                "auto_recovery": "default"
              }
            ],
            "metadata_options": [
              {
                "http_endpoint": "enabled",
                "http_protocol_ipv6": "disabled",
                "http_put_response_hop_limit": 1,
                "http_tokens": "optional",
                "instance_metadata_tags": "disabled"
              }
            ],
            "monitoring": false,
            "network_interface": [],
            "outpost_arn": "",
            "password_data": "",
            "placement_group": "",
            "placement_partition_number": 0,
            "primary_network_interface_id": "eni-0b9e305a5cb3f0f26",
            "private_dns": "ip-10-1-37-215.ca-central-1.compute.internal",
            "private_dns_name_options": [
              {
                "enable_resource_name_dns_a_record": false,
                "enable_resource_name_dns_aaaa_record": false,
                "hostname_type": "ip-name"
              }
            ],
            "private_ip": "10.1.37.215",
            "public_dns": "",
            "public_ip": "",
            "region": "ca-central-1",
            "root_block_device": [
              {
                "delete_on_termination": true,
                "device_name": "/dev/xvda",
                "encrypted": false,
                "iops": 100,
                "kms_key_id": "",
                "tags": {
                  "Deployment": "46ab7955",
                  "Environment": "prod",
                  "ManagedBy": "Terraform",
                  "Project": "tp",
                  "Purpose": "DR-Architecture"
                },
                "tags_all": {
                  "Deployment": "46ab7955",
                  "Environment": "prod",
                  "ManagedBy": "Terraform",
                  "Project": "tp",
                  "Purpose": "DR-Architecture"
                },
                "throughput": 0,
                "volume_id": "vol-0c7890c6fcbc0029d",
                "volume_size": 8,
                "volume_type": "gp2"
              }
            ],
            "secondary_private_ips": [],
            "security_groups": [],
            "source_dest_check": true,
            "spot_instance_request_id": "",
            "subnet_id": "subnet-059445f9de356dff0",
            "tags": {
              "Deployment": "46ab7955",
              "Environment": "prod",
              "ManagedBy": "Terraform",
              "Name": "tp-prod-app-secondary-1",
              "Project": "tp",
              "Purpose": "DR-Architecture",
              "Region": "ca-central-1",
              "Role": "Secondary"
            },
            "tags_all": {
              "Deployment": "46ab7955",
              "Environment": "prod",
              "ManagedBy": "Terraform",
              "Name": "tp-prod-app-secondary-1",
              "Project": "tp",
              "Purpose": "DR-Architecture",
              "Region": "ca-central-1",
              "Role": "Secondary"
            },
            "tenancy": "default",
            "timeouts": null,
            "user_data": "#!/bin/bash\nset -xe\n\nyum update -y\nyum install -y python3 python3-pip\npython3 -m pip install --upgrade pip\npython3 -m pip install flask pymysql\n\nmkdir -p /opt/example-app\n\ncat \u003c\u003c'PYAPP' \u003e/opt/example-app/app.py\n#!/usr/bin/env python3\nimport logging\nimport os\nimport threading\nimport time\nimport uuid\n\nimport pymysql\nfrom flask import Flask, jsonify, request\n\nlogging.basicConfig(level=logging.INFO, format=\"%(asctime)s %(levelname)s %(message)s\")\n\napp = Flask(__name__)\n\n_failure_state = {\"active\": False, \"expires_at\": 0.0}\n_failure_lock = threading.Lock()\n\n\ndef failure_active() -\u003e bool:\n    with _failure_lock:\n        if not _failure_state[\"active\"]:\n            return False\n        if time.time() \u003e= _failure_state[\"expires_at\"]:\n            _failure_state[\"active\"] = False\n            _failure_state[\"expires_at\"] = 0.0\n            return False\n        return True\n\n\ndef activate_failure(duration_seconds: float) -\u003e float:\n    expires_at = time.time() + duration_seconds\n    with _failure_lock:\n        _failure_state[\"active\"] = True\n        _failure_state[\"expires_at\"] = expires_at\n    return expires_at\n\n\ndef get_db_connection(writer: bool = False):\n    host_key = \"DB_WRITE_HOST\" if writer else \"DB_READ_HOST\"\n    logging.info(\"Password %s\", os.environ[\"DB_PASSWORD\"])\n    return pymysql.connect(\n        host=os.environ[host_key],\n        user=os.environ[\"DB_USER\"],\n        password=os.environ[\"DB_PASSWORD\"],\n        database=os.environ[\"DB_NAME\"],\n        port=int(os.environ.get(\"DB_PORT\", \"3306\")),\n        connect_timeout=5,\n        autocommit=True,\n    )\n\n\ndef ensure_table() -\u003e bool:\n    delay_seconds = 6\n    attempt = 1\n    while True:\n        connection = None\n        try:\n            connection = get_db_connection(writer=True)\n            with connection.cursor() as cursor:\n                cursor.execute(\n                    \"CREATE TABLE IF NOT EXISTS example_data (id VARCHAR(36) PRIMARY KEY, data VARCHAR(255))\"\n                )\n            logging.info(\"Ensured example_data table exists.\")\n            return True\n        except Exception as exc:\n            logging.warning(\n                \"Database initialization attempt %s failed: %s. Retrying in %s seconds.\",\n                attempt,\n                exc,\n                delay_seconds,\n            )\n            time.sleep(delay_seconds)\n            attempt += 1\n        finally:\n            if connection:\n                connection.close()\n\n\n@app.before_request\ndef enforce_failure_mode():\n    if request.endpoint in (\"trigger_failure\", \"health\"):\n        return None\n    if failure_active():\n        return jsonify({\"error\": \"Application failure mode active\"}), 503\n    return None\n\n\n@app.route(\"/health\", methods=[\"GET\"])\ndef health():\n    if failure_active():\n        return jsonify({\"status\": \"failure\", \"message\": \"Failure mode active\"}), 503\n    return jsonify({\"status\": \"ok\"}), 200\n\n\n@app.route(\"/data\", methods=[\"POST\"])\ndef create_data():\n    payload = request.get_json(silent=True) or {}\n    data_value = payload.get(\"data\")\n    if not data_value:\n        return jsonify({\"error\": \"The 'data' field is required\"}), 400\n\n    record_id = str(uuid.uuid4())\n    connection = None\n    try:\n        connection = get_db_connection(writer=True)\n        with connection.cursor() as cursor:\n            cursor.execute(\n                \"INSERT INTO example_data (id, data) VALUES (%s, %s)\",\n                (record_id, data_value),\n            )\n    except Exception as exc:\n        logging.exception(\"Failed to insert record: %s\", exc)\n        return jsonify({\"error\": \"database insert failed\"}), 500\n    finally:\n        if connection:\n            connection.close()\n\n    return jsonify({\"id\": record_id}), 201\n\n\n@app.route(\"/data/\u003crecord_id\u003e\", methods=[\"GET\"])\ndef read_data(record_id):\n    connection = None\n    try:\n        connection = get_db_connection(writer=False)\n        with connection.cursor() as cursor:\n            cursor.execute(\n                \"SELECT data FROM example_data WHERE id = %s\",\n                (record_id,),\n            )\n            row = cursor.fetchone()\n    except Exception as exc:\n        logging.exception(\"Failed to read record: %s\", exc)\n        return jsonify({\"error\": \"database read failed\"}), 500\n    finally:\n        if connection:\n            connection.close()\n\n    if not row:\n        return jsonify({\"error\": \"record not found\"}), 404\n\n    return jsonify({\"id\": record_id, \"data\": row[0]}), 200\n\n\n@app.route(\"/trigger-failure\", methods=[\"POST\"])\ndef trigger_failure():\n    payload = request.get_json(silent=True) or {}\n    duration = payload.get(\"seconds\")\n\n    if duration is None:\n        return jsonify({\"error\": \"Request body must include 'seconds'\"}), 400\n\n    try:\n        duration_value = float(duration)\n    except (TypeError, ValueError):\n        return jsonify({\"error\": \"'seconds' must be a numeric value\"}), 400\n\n    if duration_value \u003c= 0:\n        return jsonify({\"error\": \"'seconds' must be greater than zero\"}), 400\n\n    expires_at = activate_failure(duration_value)\n    logging.warning(\"Failure mode activated for %.2f seconds.\", duration_value)\n    return (\n        jsonify(\n            {\n                \"status\": \"failure mode activated\",\n                \"expires_at_epoch\": expires_at,\n                \"duration_seconds\": duration_value,\n            }\n        ),\n        202,\n    )\n\n\nif __name__ == \"__main__\":\n    logging.info(\"Ensuring database initialization completed before starting application.\")\n    ensure_table()\n    app.run(host=\"0.0.0.0\", port=8080)\n\nPYAPP\n\nchmod +x /opt/example-app/app.py\n\ncat \u003c\u003c'SERVICE' \u003e/etc/systemd/system/example-app.service\n[Unit]\nDescription=Example Trading Platform Application\nAfter=network.target\n\n[Service]\nType=simple\nUser=root\nWorkingDirectory=/opt/example-app\nEnvironment=\"DB_WRITE_HOST=tp-prod-db-secondary.c5kccwiy28tu.ca-central-1.rds.amazonaws.com\"\nEnvironment=\"DB_READ_HOST=tp-prod-db-secondary.c5kccwiy28tu.ca-central-1.rds.amazonaws.com\"\nEnvironment=\"DB_USER=admin\"\nEnvironment=\"DB_PASSWORD=k#5o=yZqaY%%*yrn3m!s8WvHT\"\nEnvironment=\"DB_NAME=tradingdb\"\nEnvironment=\"DB_PORT=3306\"\nExecStart=/usr/bin/python3 /opt/example-app/app.py\nRestart=always\n\n[Install]\nWantedBy=multi-user.target\nSERVICE\n\nsystemctl daemon-reload\nsystemctl enable example-app.service\nsystemctl restart example-app.service\n",
            "user_data_base64": null,
            "user_data_replace_on_change": true,
            "volume_tags": null,
            "vpc_security_group_ids": [
              "sg-07367d871b3846626"
            ]
          },
          "sensitive_attributes": [
            [
              {
                "type": "get_attr",
                "value": "user_data"
              }
            ]
          ],
          "identity_schema_version": 0,
          "private": "eyJlMmJmYjczMC1lY2FhLTExZTYtOGY4OC0zNDM2M2JjN2M0YzAiOnsiY3JlYXRlIjo2MDAwMDAwMDAwMDAsImRlbGV0ZSI6MTIwMDAwMDAwMDAwMCwicmVhZCI6OTAwMDAwMDAwMDAwLCJ1cGRhdGUiOjYwMDAwMDAwMDAwMH0sInNjaGVtYV92ZXJzaW9uIjoiMiJ9",
          "dependencies": [
            "aws_db_instance.primary",
            "aws_db_instance.secondary",
            "aws_db_subnet_group.primary",
            "aws_db_subnet_group.secondary",
            "aws_iam_instance_profile.app",
            "aws_iam_role.app_instance",
            "aws_kms_alias.rds_secondary",
            "aws_kms_key.rds_secondary",
            "aws_security_group.alb_primary",
            "aws_security_group.alb_secondary",
            "aws_security_group.app_primary",
            "aws_security_group.app_secondary",
            "aws_security_group.db_primary",
            "aws_security_group.db_secondary",
            "aws_subnet.primary_data",
            "aws_subnet.secondary_data",
            "aws_subnet.secondary_private",
            "aws_vpc.primary",
            "aws_vpc.secondary",
            "data.aws_ami.app_secondary",
            "data.aws_availability_zones.primary",
            "data.aws_availability_zones.secondary",
            "random_id.deployment",
            "random_password.db_master"
          ]
        }
      ]
    },
    {
      "mode": "managed",
      "type": "aws_internet_gateway",
      "name": "primary",
      "provider": "provider[\"registry.terraform.io/hashicorp/aws\"].primary",
      "instances": [
        {
          "schema_version": 0,
          "attributes": {
            "arn": "arn:aws:ec2:ap-northeast-1:918595517158:internet-gateway/igw-0cccedb44dec6b8fc",
            "id": "igw-0cccedb44dec6b8fc",
            "owner_id": "918595517158",
            "region": "ap-northeast-1",
            "tags": {
              "Deployment": "46ab7955",
              "Environment": "prod",
              "ManagedBy": "Terraform",
              "Name": "tp-prod-igw-primary",
              "Project": "tp",
              "Purpose": "DR-Architecture",
              "Region": "ap-northeast-1",
              "Role": "Primary"
            },
            "tags_all": {
              "Deployment": "46ab7955",
              "Environment": "prod",
              "ManagedBy": "Terraform",
              "Name": "tp-prod-igw-primary",
              "Project": "tp",
              "Purpose": "DR-Architecture",
              "Region": "ap-northeast-1",
              "Role": "Primary"
            },
            "timeouts": null,
            "vpc_id": "vpc-034bef66249fc4b46"
          },
          "sensitive_attributes": [],
          "identity_schema_version": 0,
          "private": "eyJlMmJmYjczMC1lY2FhLTExZTYtOGY4OC0zNDM2M2JjN2M0YzAiOnsiY3JlYXRlIjoxMjAwMDAwMDAwMDAwLCJkZWxldGUiOjEyMDAwMDAwMDAwMDAsInVwZGF0ZSI6MTIwMDAwMDAwMDAwMH19",
          "dependencies": [
            "aws_vpc.primary",
            "random_id.deployment"
          ]
        }
      ]
    },
    {
      "mode": "managed",
      "type": "aws_internet_gateway",
      "name": "secondary",
      "provider": "provider[\"registry.terraform.io/hashicorp/aws\"].secondary",
      "instances": [
        {
          "schema_version": 0,
          "attributes": {
            "arn": "arn:aws:ec2:ca-central-1:918595517158:internet-gateway/igw-0de6e7e825adf821e",
            "id": "igw-0de6e7e825adf821e",
            "owner_id": "918595517158",
            "region": "ca-central-1",
            "tags": {
              "Deployment": "46ab7955",
              "Environment": "prod",
              "ManagedBy": "Terraform",
              "Name": "tp-prod-igw-secondary",
              "Project": "tp",
              "Purpose": "DR-Architecture",
              "Region": "ca-central-1",
              "Role": "Secondary"
            },
            "tags_all": {
              "Deployment": "46ab7955",
              "Environment": "prod",
              "ManagedBy": "Terraform",
              "Name": "tp-prod-igw-secondary",
              "Project": "tp",
              "Purpose": "DR-Architecture",
              "Region": "ca-central-1",
              "Role": "Secondary"
            },
            "timeouts": null,
            "vpc_id": "vpc-0d4f70e5b1d2da8f3"
          },
          "sensitive_attributes": [],
          "identity_schema_version": 0,
          "private": "eyJlMmJmYjczMC1lY2FhLTExZTYtOGY4OC0zNDM2M2JjN2M0YzAiOnsiY3JlYXRlIjoxMjAwMDAwMDAwMDAwLCJkZWxldGUiOjEyMDAwMDAwMDAwMDAsInVwZGF0ZSI6MTIwMDAwMDAwMDAwMH19",
          "dependencies": [
            "aws_vpc.secondary",
            "random_id.deployment"
          ]
        }
      ]
    },
    {
      "mode": "managed",
      "type": "aws_kms_alias",
      "name": "rds_secondary",
      "provider": "provider[\"registry.terraform.io/hashicorp/aws\"].secondary",
      "instances": [
        {
          "schema_version": 0,
          "attributes": {
            "arn": "arn:aws:kms:ca-central-1:918595517158:alias/tp-prod-rds",
            "id": "alias/tp-prod-rds",
            "name": "alias/tp-prod-rds",
            "name_prefix": "",
            "region": "ca-central-1",
            "target_key_arn": "arn:aws:kms:ca-central-1:918595517158:key/0c408a39-bd99-4c9a-90eb-03e22ce2650a",
            "target_key_id": "0c408a39-bd99-4c9a-90eb-03e22ce2650a"
          },
          "sensitive_attributes": [],
          "identity_schema_version": 0,
          "private": "bnVsbA==",
          "dependencies": [
            "aws_kms_key.rds_secondary",
            "random_id.deployment"
          ]
        }
      ]
    },
    {
      "mode": "managed",
      "type": "aws_kms_key",
      "name": "rds_secondary",
      "provider": "provider[\"registry.terraform.io/hashicorp/aws\"].secondary",
      "instances": [
        {
          "schema_version": 0,
          "attributes": {
            "arn": "arn:aws:kms:ca-central-1:918595517158:key/0c408a39-bd99-4c9a-90eb-03e22ce2650a",
            "bypass_policy_lockout_safety_check": false,
            "custom_key_store_id": "",
            "customer_master_key_spec": "SYMMETRIC_DEFAULT",
            "deletion_window_in_days": 7,
            "description": "KMS key for RDS read replica (secondary region)",
            "enable_key_rotation": true,
            "id": "0c408a39-bd99-4c9a-90eb-03e22ce2650a",
            "is_enabled": true,
            "key_id": "0c408a39-bd99-4c9a-90eb-03e22ce2650a",
            "key_usage": "ENCRYPT_DECRYPT",
            "multi_region": false,
            "policy": "{\"Id\":\"key-default-1\",\"Statement\":[{\"Action\":\"kms:*\",\"Effect\":\"Allow\",\"Principal\":{\"AWS\":\"arn:aws:iam::918595517158:root\"},\"Resource\":\"*\",\"Sid\":\"Enable IAM User Permissions\"}],\"Version\":\"2012-10-17\"}",
            "region": "ca-central-1",
            "rotation_period_in_days": 365,
            "tags": {
              "Deployment": "46ab7955",
              "Environment": "prod",
              "ManagedBy": "Terraform",
              "Name": "tp-prod-rds-kms",
              "Project": "tp",
              "Purpose": "DR-Architecture",
              "Region": "ca-central-1",
              "Role": "Secondary"
            },
            "tags_all": {
              "Deployment": "46ab7955",
              "Environment": "prod",
              "ManagedBy": "Terraform",
              "Name": "tp-prod-rds-kms",
              "Project": "tp",
              "Purpose": "DR-Architecture",
              "Region": "ca-central-1",
              "Role": "Secondary"
            },
            "timeouts": null,
            "xks_key_id": ""
          },
          "sensitive_attributes": [],
          "identity_schema_version": 0,
          "private": "eyJlMmJmYjczMC1lY2FhLTExZTYtOGY4OC0zNDM2M2JjN2M0YzAiOnsiY3JlYXRlIjoxMjAwMDAwMDAwMDB9fQ==",
          "dependencies": [
            "random_id.deployment"
          ]
        }
      ]
    },
    {
      "mode": "managed",
      "type": "aws_lambda_function",
      "name": "failover",
      "provider": "provider[\"registry.terraform.io/hashicorp/aws\"].primary",
      "instances": [
        {
          "schema_version": 0,
          "attributes": {
            "architectures": [
              "x86_64"
            ],
            "arn": "arn:aws:lambda:ap-northeast-1:918595517158:function:tp-prod-failover",
            "code_sha256": "awHqk/Y811yvXib0myOL7iOlrBIs6IsH5FR5uki3yOI=",
            "code_signing_config_arn": "",
            "dead_letter_config": [],
            "description": "",
            "environment": [
              {
                "variables": {
                  "DOMAIN_NAME": "trading-platform-domain-iac.com",
                  "HOSTED_ZONE_ID": "Z05873193GFX56HBBLQ3U",
                  "SECONDARY_ALB_DNS": "tp-prod-alb-secondary-1876310580.ca-central-1.elb.amazonaws.com",
                  "SECONDARY_ALB_ZONE": "ZQSVJUPU6J1EY",
                  "SECONDARY_DB_ID": "db-KYWYT3JDIQSADNDA6ZARXBX5OU",
                  "SECONDARY_REGION": "ca-central-1"
                }
              }
            ],
            "ephemeral_storage": [
              {
                "size": 512
              }
            ],
            "file_system_config": [],
            "filename": "failover_lambda.zip",
            "function_name": "tp-prod-failover",
            "handler": "index.handler",
            "id": "tp-prod-failover",
            "image_config": [],
            "image_uri": "",
            "invoke_arn": "arn:aws:apigateway:ap-northeast-1:lambda:path/2015-03-31/functions/arn:aws:lambda:ap-northeast-1:918595517158:function:tp-prod-failover/invocations",
            "kms_key_arn": "",
            "last_modified": "2025-10-13T15:03:37.000+0000",
            "layers": [],
            "logging_config": [
              {
                "application_log_level": "",
                "log_format": "Text",
                "log_group": "/aws/lambda/tp-prod-failover",
                "system_log_level": ""
              }
            ],
            "memory_size": 512,
            "package_type": "Zip",
            "publish": false,
            "qualified_arn": "arn:aws:lambda:ap-northeast-1:918595517158:function:tp-prod-failover:$LATEST",
            "qualified_invoke_arn": "arn:aws:apigateway:ap-northeast-1:lambda:path/2015-03-31/functions/arn:aws:lambda:ap-northeast-1:918595517158:function:tp-prod-failover:$LATEST/invocations",
            "region": "ap-northeast-1",
            "replace_security_groups_on_destroy": null,
            "replacement_security_group_ids": null,
            "reserved_concurrent_executions": -1,
            "role": "arn:aws:iam::918595517158:role/tp-prod-lambda-failover-role",
            "runtime": "python3.11",
            "s3_bucket": null,
            "s3_key": null,
            "s3_object_version": null,
            "signing_job_arn": "",
            "signing_profile_version_arn": "",
            "skip_destroy": false,
            "snap_start": [],
            "source_code_hash": "awHqk/Y811yvXib0myOL7iOlrBIs6IsH5FR5uki3yOI=",
            "source_code_size": 1098,
            "tags": {
              "Deployment": "46ab7955",
              "Environment": "prod",
              "ManagedBy": "Terraform",
              "Name": "tp-prod-lambda-failover",
              "Project": "tp",
              "Purpose": "DR-Architecture",
              "Region": "ap-northeast-1",
              "Role": "Primary"
            },
            "tags_all": {
              "Deployment": "46ab7955",
              "Environment": "prod",
              "ManagedBy": "Terraform",
              "Name": "tp-prod-lambda-failover",
              "Project": "tp",
              "Purpose": "DR-Architecture",
              "Region": "ap-northeast-1",
              "Role": "Primary"
            },
            "timeout": 300,
            "timeouts": null,
            "tracing_config": [
              {
                "mode": "PassThrough"
              }
            ],
            "version": "$LATEST",
            "vpc_config": []
          },
          "sensitive_attributes": [],
          "identity_schema_version": 0,
          "identity": {
            "account_id": "918595517158",
            "function_name": "tp-prod-failover",
            "region": "ap-northeast-1"
          },
          "private": "eyJlMmJmYjczMC1lY2FhLTExZTYtOGY4OC0zNDM2M2JjN2M0YzAiOnsiY3JlYXRlIjo2MDAwMDAwMDAwMDAsImRlbGV0ZSI6NjAwMDAwMDAwMDAwLCJ1cGRhdGUiOjYwMDAwMDAwMDAwMH19",
          "dependencies": [
            "aws_db_instance.primary",
            "aws_db_instance.secondary",
            "aws_db_subnet_group.primary",
            "aws_db_subnet_group.secondary",
            "aws_iam_role.lambda_failover",
            "aws_kms_alias.rds_secondary",
            "aws_kms_key.rds_secondary",
            "aws_lb.secondary",
            "aws_route53_zone.main",
            "aws_security_group.alb_primary",
            "aws_security_group.alb_secondary",
            "aws_security_group.app_primary",
            "aws_security_group.app_secondary",
            "aws_security_group.db_primary",
            "aws_security_group.db_secondary",
            "aws_subnet.primary_data",
            "aws_subnet.secondary_data",
            "aws_subnet.secondary_public",
            "aws_vpc.primary",
            "aws_vpc.secondary",
            "data.archive_file.lambda_failover",
            "data.aws_availability_zones.primary",
            "data.aws_availability_zones.secondary",
            "random_id.deployment",
            "random_password.db_master"
          ]
        }
      ]
    },
    {
      "mode": "managed",
      "type": "aws_lambda_permission",
      "name": "allow_cloudwatch",
      "provider": "provider[\"registry.terraform.io/hashicorp/aws\"].primary",
      "instances": [
        {
          "schema_version": 0,
          "attributes": {
            "action": "lambda:InvokeFunction",
            "event_source_token": null,
            "function_name": "tp-prod-failover",
            "function_url_auth_type": null,
            "id": "AllowExecutionFromCloudWatch",
            "principal": "events.amazonaws.com",
            "principal_org_id": null,
            "qualifier": "",
            "region": "ap-northeast-1",
            "source_account": null,
            "source_arn": "arn:aws:events:ap-northeast-1:918595517158:rule/tp-prod-failover-trigger",
            "statement_id": "AllowExecutionFromCloudWatch",
            "statement_id_prefix": ""
          },
          "sensitive_attributes": [],
          "identity_schema_version": 0,
          "private": "bnVsbA==",
          "dependencies": [
            "aws_cloudwatch_event_rule.failover_trigger",
            "aws_db_instance.primary",
            "aws_db_instance.secondary",
            "aws_db_subnet_group.primary",
            "aws_db_subnet_group.secondary",
            "aws_iam_role.lambda_failover",
            "aws_kms_alias.rds_secondary",
            "aws_kms_key.rds_secondary",
            "aws_lambda_function.failover",
            "aws_lb.primary",
            "aws_lb.secondary",
            "aws_route53_health_check.primary",
            "aws_route53_zone.main",
            "aws_security_group.alb_primary",
            "aws_security_group.alb_secondary",
            "aws_security_group.app_primary",
            "aws_security_group.app_secondary",
            "aws_security_group.db_primary",
            "aws_security_group.db_secondary",
            "aws_subnet.primary_data",
            "aws_subnet.primary_public",
            "aws_subnet.secondary_data",
            "aws_subnet.secondary_public",
            "aws_vpc.primary",
            "aws_vpc.secondary",
            "data.archive_file.lambda_failover",
            "data.aws_availability_zones.primary",
            "data.aws_availability_zones.secondary",
            "random_id.deployment",
            "random_password.db_master"
          ]
        }
      ]
    },
    {
      "mode": "managed",
      "type": "aws_lb",
      "name": "primary",
      "provider": "provider[\"registry.terraform.io/hashicorp/aws\"].primary",
      "instances": [
        {
          "schema_version": 0,
          "attributes": {
            "access_logs": [
              {
                "bucket": "",
                "enabled": false,
                "prefix": ""
              }
            ],
            "arn": "arn:aws:elasticloadbalancing:ap-northeast-1:918595517158:loadbalancer/app/tp-prod-alb-primary/6b32307782ed5cc0",
            "arn_suffix": "app/tp-prod-alb-primary/6b32307782ed5cc0",
            "client_keep_alive": 3600,
            "connection_logs": [
              {
                "bucket": "",
                "enabled": false,
                "prefix": ""
              }
            ],
            "customer_owned_ipv4_pool": "",
            "desync_mitigation_mode": "defensive",
            "dns_name": "tp-prod-alb-primary-1552464695.ap-northeast-1.elb.amazonaws.com",
            "dns_record_client_routing_policy": null,
            "drop_invalid_header_fields": false,
            "enable_cross_zone_load_balancing": true,
            "enable_deletion_protection": false,
            "enable_http2": true,
            "enable_tls_version_and_cipher_suite_headers": false,
            "enable_waf_fail_open": false,
            "enable_xff_client_port": false,
            "enable_zonal_shift": false,
            "enforce_security_group_inbound_rules_on_private_link_traffic": "",
            "id": "arn:aws:elasticloadbalancing:ap-northeast-1:918595517158:loadbalancer/app/tp-prod-alb-primary/6b32307782ed5cc0",
            "idle_timeout": 60,
            "internal": false,
            "ip_address_type": "ipv4",
            "ipam_pools": [],
            "load_balancer_type": "application",
            "minimum_load_balancer_capacity": [],
            "name": "tp-prod-alb-primary",
            "name_prefix": "",
            "preserve_host_header": false,
            "region": "ap-northeast-1",
            "security_groups": [
              "sg-08b23c7f87330bb08"
            ],
            "subnet_mapping": [
              {
                "allocation_id": "",
                "ipv6_address": "",
                "outpost_id": "",
                "private_ipv4_address": "",
                "subnet_id": "subnet-018ba68b5f04ac6c6"
              },
              {
                "allocation_id": "",
                "ipv6_address": "",
                "outpost_id": "",
                "private_ipv4_address": "",
                "subnet_id": "subnet-0c520afce4eb8b87f"
              }
            ],
            "subnets": [
              "subnet-018ba68b5f04ac6c6",
              "subnet-0c520afce4eb8b87f"
            ],
            "tags": {
              "Deployment": "46ab7955",
              "Environment": "prod",
              "ManagedBy": "Terraform",
              "Name": "tp-prod-alb-primary",
              "Project": "tp",
              "Purpose": "DR-Architecture",
              "Region": "ap-northeast-1",
              "Role": "Primary"
            },
            "tags_all": {
              "Deployment": "46ab7955",
              "Environment": "prod",
              "ManagedBy": "Terraform",
              "Name": "tp-prod-alb-primary",
              "Project": "tp",
              "Purpose": "DR-Architecture",
              "Region": "ap-northeast-1",
              "Role": "Primary"
            },
            "timeouts": null,
            "vpc_id": "vpc-034bef66249fc4b46",
            "xff_header_processing_mode": "append",
            "zone_id": "Z14GRHDCWA56QT"
          },
          "sensitive_attributes": [],
          "identity_schema_version": 0,
          "identity": {
            "arn": "arn:aws:elasticloadbalancing:ap-northeast-1:918595517158:loadbalancer/app/tp-prod-alb-primary/6b32307782ed5cc0"
          },
          "private": "eyJlMmJmYjczMC1lY2FhLTExZTYtOGY4OC0zNDM2M2JjN2M0YzAiOnsiY3JlYXRlIjo2MDAwMDAwMDAwMDAsImRlbGV0ZSI6NjAwMDAwMDAwMDAwLCJ1cGRhdGUiOjYwMDAwMDAwMDAwMH19",
          "dependencies": [
            "aws_security_group.alb_primary",
            "aws_subnet.primary_public",
            "aws_vpc.primary",
            "data.aws_availability_zones.primary",
            "random_id.deployment"
          ]
        }
      ]
    },
    {
      "mode": "managed",
      "type": "aws_lb",
      "name": "secondary",
      "provider": "provider[\"registry.terraform.io/hashicorp/aws\"].secondary",
      "instances": [
        {
          "schema_version": 0,
          "attributes": {
            "access_logs": [
              {
                "bucket": "",
                "enabled": false,
                "prefix": ""
              }
            ],
            "arn": "arn:aws:elasticloadbalancing:ca-central-1:918595517158:loadbalancer/app/tp-prod-alb-secondary/93b9cc359b812551",
            "arn_suffix": "app/tp-prod-alb-secondary/93b9cc359b812551",
            "client_keep_alive": 3600,
            "connection_logs": [
              {
                "bucket": "",
                "enabled": false,
                "prefix": ""
              }
            ],
            "customer_owned_ipv4_pool": "",
            "desync_mitigation_mode": "defensive",
            "dns_name": "tp-prod-alb-secondary-1876310580.ca-central-1.elb.amazonaws.com",
            "dns_record_client_routing_policy": null,
            "drop_invalid_header_fields": false,
            "enable_cross_zone_load_balancing": true,
            "enable_deletion_protection": false,
            "enable_http2": true,
            "enable_tls_version_and_cipher_suite_headers": false,
            "enable_waf_fail_open": false,
            "enable_xff_client_port": false,
            "enable_zonal_shift": false,
            "enforce_security_group_inbound_rules_on_private_link_traffic": "",
            "id": "arn:aws:elasticloadbalancing:ca-central-1:918595517158:loadbalancer/app/tp-prod-alb-secondary/93b9cc359b812551",
            "idle_timeout": 60,
            "internal": false,
            "ip_address_type": "ipv4",
            "ipam_pools": [],
            "load_balancer_type": "application",
            "minimum_load_balancer_capacity": [],
            "name": "tp-prod-alb-secondary",
            "name_prefix": "",
            "preserve_host_header": false,
            "region": "ca-central-1",
            "security_groups": [
              "sg-07e6a45c766858fe9"
            ],
            "subnet_mapping": [
              {
                "allocation_id": "",
                "ipv6_address": "",
                "outpost_id": "",
                "private_ipv4_address": "",
                "subnet_id": "subnet-0224ac97dda55bbeb"
              },
              {
                "allocation_id": "",
                "ipv6_address": "",
                "outpost_id": "",
                "private_ipv4_address": "",
                "subnet_id": "subnet-05ae54cc95ea8771a"
              }
            ],
            "subnets": [
              "subnet-0224ac97dda55bbeb",
              "subnet-05ae54cc95ea8771a"
            ],
            "tags": {
              "Deployment": "46ab7955",
              "Environment": "prod",
              "ManagedBy": "Terraform",
              "Name": "tp-prod-alb-secondary",
              "Project": "tp",
              "Purpose": "DR-Architecture",
              "Region": "ca-central-1",
              "Role": "Secondary"
            },
            "tags_all": {
              "Deployment": "46ab7955",
              "Environment": "prod",
              "ManagedBy": "Terraform",
              "Name": "tp-prod-alb-secondary",
              "Project": "tp",
              "Purpose": "DR-Architecture",
              "Region": "ca-central-1",
              "Role": "Secondary"
            },
            "timeouts": null,
            "vpc_id": "vpc-0d4f70e5b1d2da8f3",
            "xff_header_processing_mode": "append",
            "zone_id": "ZQSVJUPU6J1EY"
          },
          "sensitive_attributes": [],
          "identity_schema_version": 0,
          "identity": {
            "arn": "arn:aws:elasticloadbalancing:ca-central-1:918595517158:loadbalancer/app/tp-prod-alb-secondary/93b9cc359b812551"
          },
          "private": "eyJlMmJmYjczMC1lY2FhLTExZTYtOGY4OC0zNDM2M2JjN2M0YzAiOnsiY3JlYXRlIjo2MDAwMDAwMDAwMDAsImRlbGV0ZSI6NjAwMDAwMDAwMDAwLCJ1cGRhdGUiOjYwMDAwMDAwMDAwMH19",
          "dependencies": [
            "aws_security_group.alb_secondary",
            "aws_subnet.secondary_public",
            "aws_vpc.secondary",
            "data.aws_availability_zones.secondary",
            "random_id.deployment"
          ]
        }
      ]
    },
    {
      "mode": "managed",
      "type": "aws_lb_listener",
      "name": "primary",
      "provider": "provider[\"registry.terraform.io/hashicorp/aws\"].primary",
      "instances": [
        {
          "schema_version": 0,
          "attributes": {
            "alpn_policy": null,
            "arn": "arn:aws:elasticloadbalancing:ap-northeast-1:918595517158:listener/app/tp-prod-alb-primary/6b32307782ed5cc0/881e7b209fa25d15",
            "certificate_arn": null,
            "default_action": [
              {
                "authenticate_cognito": [],
                "authenticate_oidc": [],
                "fixed_response": [],
                "forward": [],
                "order": 1,
                "redirect": [],
                "target_group_arn": "arn:aws:elasticloadbalancing:ap-northeast-1:918595517158:targetgroup/tp-prod-tg-primary/cf784a9606d1a852",
                "type": "forward"
              }
            ],
            "id": "arn:aws:elasticloadbalancing:ap-northeast-1:918595517158:listener/app/tp-prod-alb-primary/6b32307782ed5cc0/881e7b209fa25d15",
            "load_balancer_arn": "arn:aws:elasticloadbalancing:ap-northeast-1:918595517158:loadbalancer/app/tp-prod-alb-primary/6b32307782ed5cc0",
            "mutual_authentication": [],
            "port": 80,
            "protocol": "HTTP",
            "region": "ap-northeast-1",
            "routing_http_request_x_amzn_mtls_clientcert_header_name": null,
            "routing_http_request_x_amzn_mtls_clientcert_issuer_header_name": null,
            "routing_http_request_x_amzn_mtls_clientcert_leaf_header_name": null,
            "routing_http_request_x_amzn_mtls_clientcert_serial_number_header_name": null,
            "routing_http_request_x_amzn_mtls_clientcert_subject_header_name": null,
            "routing_http_request_x_amzn_mtls_clientcert_validity_header_name": null,
            "routing_http_request_x_amzn_tls_cipher_suite_header_name": null,
            "routing_http_request_x_amzn_tls_version_header_name": null,
            "routing_http_response_access_control_allow_credentials_header_value": "",
            "routing_http_response_access_control_allow_headers_header_value": "",
            "routing_http_response_access_control_allow_methods_header_value": "",
            "routing_http_response_access_control_allow_origin_header_value": "",
            "routing_http_response_access_control_expose_headers_header_value": "",
            "routing_http_response_access_control_max_age_header_value": "",
            "routing_http_response_content_security_policy_header_value": "",
            "routing_http_response_server_enabled": true,
            "routing_http_response_strict_transport_security_header_value": "",
            "routing_http_response_x_content_type_options_header_value": "",
            "routing_http_response_x_frame_options_header_value": "",
            "ssl_policy": "",
            "tags": {},
            "tags_all": {
              "Deployment": "46ab7955",
              "Environment": "prod",
              "ManagedBy": "Terraform",
              "Project": "tp",
              "Purpose": "DR-Architecture"
            },
            "tcp_idle_timeout_seconds": null,
            "timeouts": null
          },
          "sensitive_attributes": [],
          "identity_schema_version": 0,
          "identity": {
            "arn": "arn:aws:elasticloadbalancing:ap-northeast-1:918595517158:listener/app/tp-prod-alb-primary/6b32307782ed5cc0/881e7b209fa25d15"
          },
          "private": "eyJlMmJmYjczMC1lY2FhLTExZTYtOGY4OC0zNDM2M2JjN2M0YzAiOnsiY3JlYXRlIjozMDAwMDAwMDAwMDAsInVwZGF0ZSI6MzAwMDAwMDAwMDAwfX0=",
          "dependencies": [
            "aws_lb.primary",
            "aws_lb_target_group.primary",
            "aws_security_group.alb_primary",
            "aws_subnet.primary_public",
            "aws_vpc.primary",
            "data.aws_availability_zones.primary",
            "random_id.deployment"
          ]
        }
      ]
    },
    {
      "mode": "managed",
      "type": "aws_lb_listener",
      "name": "secondary",
      "provider": "provider[\"registry.terraform.io/hashicorp/aws\"].secondary",
      "instances": [
        {
          "schema_version": 0,
          "attributes": {
            "alpn_policy": null,
            "arn": "arn:aws:elasticloadbalancing:ca-central-1:918595517158:listener/app/tp-prod-alb-secondary/93b9cc359b812551/c70aba5b28a04fe6",
            "certificate_arn": null,
            "default_action": [
              {
                "authenticate_cognito": [],
                "authenticate_oidc": [],
                "fixed_response": [],
                "forward": [],
                "order": 1,
                "redirect": [],
                "target_group_arn": "arn:aws:elasticloadbalancing:ca-central-1:918595517158:targetgroup/tp-prod-tg-secondary/19718416e0d22b4e",
                "type": "forward"
              }
            ],
            "id": "arn:aws:elasticloadbalancing:ca-central-1:918595517158:listener/app/tp-prod-alb-secondary/93b9cc359b812551/c70aba5b28a04fe6",
            "load_balancer_arn": "arn:aws:elasticloadbalancing:ca-central-1:918595517158:loadbalancer/app/tp-prod-alb-secondary/93b9cc359b812551",
            "mutual_authentication": [],
            "port": 80,
            "protocol": "HTTP",
            "region": "ca-central-1",
            "routing_http_request_x_amzn_mtls_clientcert_header_name": null,
            "routing_http_request_x_amzn_mtls_clientcert_issuer_header_name": null,
            "routing_http_request_x_amzn_mtls_clientcert_leaf_header_name": null,
            "routing_http_request_x_amzn_mtls_clientcert_serial_number_header_name": null,
            "routing_http_request_x_amzn_mtls_clientcert_subject_header_name": null,
            "routing_http_request_x_amzn_mtls_clientcert_validity_header_name": null,
            "routing_http_request_x_amzn_tls_cipher_suite_header_name": null,
            "routing_http_request_x_amzn_tls_version_header_name": null,
            "routing_http_response_access_control_allow_credentials_header_value": "",
            "routing_http_response_access_control_allow_headers_header_value": "",
            "routing_http_response_access_control_allow_methods_header_value": "",
            "routing_http_response_access_control_allow_origin_header_value": "",
            "routing_http_response_access_control_expose_headers_header_value": "",
            "routing_http_response_access_control_max_age_header_value": "",
            "routing_http_response_content_security_policy_header_value": "",
            "routing_http_response_server_enabled": true,
            "routing_http_response_strict_transport_security_header_value": "",
            "routing_http_response_x_content_type_options_header_value": "",
            "routing_http_response_x_frame_options_header_value": "",
            "ssl_policy": "",
            "tags": {},
            "tags_all": {
              "Deployment": "46ab7955",
              "Environment": "prod",
              "ManagedBy": "Terraform",
              "Project": "tp",
              "Purpose": "DR-Architecture"
            },
            "tcp_idle_timeout_seconds": null,
            "timeouts": null
          },
          "sensitive_attributes": [],
          "identity_schema_version": 0,
          "identity": {
            "arn": "arn:aws:elasticloadbalancing:ca-central-1:918595517158:listener/app/tp-prod-alb-secondary/93b9cc359b812551/c70aba5b28a04fe6"
          },
          "private": "eyJlMmJmYjczMC1lY2FhLTExZTYtOGY4OC0zNDM2M2JjN2M0YzAiOnsiY3JlYXRlIjozMDAwMDAwMDAwMDAsInVwZGF0ZSI6MzAwMDAwMDAwMDAwfX0=",
          "dependencies": [
            "aws_lb.secondary",
            "aws_lb_target_group.secondary",
            "aws_security_group.alb_secondary",
            "aws_subnet.secondary_public",
            "aws_vpc.secondary",
            "data.aws_availability_zones.secondary",
            "random_id.deployment"
          ]
        }
      ]
    },
    {
      "mode": "managed",
      "type": "aws_lb_target_group",
      "name": "primary",
      "provider": "provider[\"registry.terraform.io/hashicorp/aws\"].primary",
      "instances": [
        {
          "schema_version": 0,
          "attributes": {
            "arn": "arn:aws:elasticloadbalancing:ap-northeast-1:918595517158:targetgroup/tp-prod-tg-primary/cf784a9606d1a852",
            "arn_suffix": "targetgroup/tp-prod-tg-primary/cf784a9606d1a852",
            "connection_termination": null,
            "deregistration_delay": "30",
            "health_check": [
              {
                "enabled": true,
                "healthy_threshold": 3,
                "interval": 30,
                "matcher": "200",
                "path": "/health",
                "port": "traffic-port",
                "protocol": "HTTP",
                "timeout": 5,
                "unhealthy_threshold": 2
              }
            ],
            "id": "arn:aws:elasticloadbalancing:ap-northeast-1:918595517158:targetgroup/tp-prod-tg-primary/cf784a9606d1a852",
            "ip_address_type": "ipv4",
            "lambda_multi_value_headers_enabled": false,
            "load_balancer_arns": [
              "arn:aws:elasticloadbalancing:ap-northeast-1:918595517158:loadbalancer/app/tp-prod-alb-primary/6b32307782ed5cc0"
            ],
            "load_balancing_algorithm_type": "round_robin",
            "load_balancing_anomaly_mitigation": "off",
            "load_balancing_cross_zone_enabled": "use_load_balancer_configuration",
            "name": "tp-prod-tg-primary",
            "name_prefix": "",
            "port": 8080,
            "preserve_client_ip": null,
            "protocol": "HTTP",
            "protocol_version": "HTTP1",
            "proxy_protocol_v2": false,
            "region": "ap-northeast-1",
            "slow_start": 0,
            "stickiness": [
              {
                "cookie_duration": 86400,
                "cookie_name": "",
                "enabled": false,
                "type": "lb_cookie"
              }
            ],
            "tags": {
              "Deployment": "46ab7955",
              "Environment": "prod",
              "ManagedBy": "Terraform",
              "Name": "tp-prod-tg-primary",
              "Project": "tp",
              "Purpose": "DR-Architecture",
              "Region": "ap-northeast-1",
              "Role": "Primary"
            },
            "tags_all": {
              "Deployment": "46ab7955",
              "Environment": "prod",
              "ManagedBy": "Terraform",
              "Name": "tp-prod-tg-primary",
              "Project": "tp",
              "Purpose": "DR-Architecture",
              "Region": "ap-northeast-1",
              "Role": "Primary"
            },
            "target_failover": [
              {
                "on_deregistration": null,
                "on_unhealthy": null
              }
            ],
            "target_group_health": [
              {
                "dns_failover": [
                  {
                    "minimum_healthy_targets_count": "1",
                    "minimum_healthy_targets_percentage": "off"
                  }
                ],
                "unhealthy_state_routing": [
                  {
                    "minimum_healthy_targets_count": 1,
                    "minimum_healthy_targets_percentage": "off"
                  }
                ]
              }
            ],
            "target_health_state": [
              {
                "enable_unhealthy_connection_termination": null,
                "unhealthy_draining_interval": null
              }
            ],
            "target_type": "instance",
            "vpc_id": "vpc-034bef66249fc4b46"
          },
          "sensitive_attributes": [],
          "identity_schema_version": 0,
          "identity": {
            "arn": "arn:aws:elasticloadbalancing:ap-northeast-1:918595517158:targetgroup/tp-prod-tg-primary/cf784a9606d1a852"
          },
          "private": "bnVsbA==",
          "dependencies": [
            "aws_vpc.primary",
            "random_id.deployment"
          ]
        }
      ]
    },
    {
      "mode": "managed",
      "type": "aws_lb_target_group",
      "name": "secondary",
      "provider": "provider[\"registry.terraform.io/hashicorp/aws\"].secondary",
      "instances": [
        {
          "schema_version": 0,
          "attributes": {
            "arn": "arn:aws:elasticloadbalancing:ca-central-1:918595517158:targetgroup/tp-prod-tg-secondary/19718416e0d22b4e",
            "arn_suffix": "targetgroup/tp-prod-tg-secondary/19718416e0d22b4e",
            "connection_termination": null,
            "deregistration_delay": "30",
            "health_check": [
              {
                "enabled": true,
                "healthy_threshold": 3,
                "interval": 30,
                "matcher": "200",
                "path": "/health",
                "port": "traffic-port",
                "protocol": "HTTP",
                "timeout": 5,
                "unhealthy_threshold": 2
              }
            ],
            "id": "arn:aws:elasticloadbalancing:ca-central-1:918595517158:targetgroup/tp-prod-tg-secondary/19718416e0d22b4e",
            "ip_address_type": "ipv4",
            "lambda_multi_value_headers_enabled": false,
            "load_balancer_arns": [
              "arn:aws:elasticloadbalancing:ca-central-1:918595517158:loadbalancer/app/tp-prod-alb-secondary/93b9cc359b812551"
            ],
            "load_balancing_algorithm_type": "round_robin",
            "load_balancing_anomaly_mitigation": "off",
            "load_balancing_cross_zone_enabled": "use_load_balancer_configuration",
            "name": "tp-prod-tg-secondary",
            "name_prefix": "",
            "port": 8080,
            "preserve_client_ip": null,
            "protocol": "HTTP",
            "protocol_version": "HTTP1",
            "proxy_protocol_v2": false,
            "region": "ca-central-1",
            "slow_start": 0,
            "stickiness": [
              {
                "cookie_duration": 86400,
                "cookie_name": "",
                "enabled": false,
                "type": "lb_cookie"
              }
            ],
            "tags": {
              "Deployment": "46ab7955",
              "Environment": "prod",
              "ManagedBy": "Terraform",
              "Name": "tp-prod-tg-secondary",
              "Project": "tp",
              "Purpose": "DR-Architecture",
              "Region": "ca-central-1",
              "Role": "Secondary"
            },
            "tags_all": {
              "Deployment": "46ab7955",
              "Environment": "prod",
              "ManagedBy": "Terraform",
              "Name": "tp-prod-tg-secondary",
              "Project": "tp",
              "Purpose": "DR-Architecture",
              "Region": "ca-central-1",
              "Role": "Secondary"
            },
            "target_failover": [
              {
                "on_deregistration": null,
                "on_unhealthy": null
              }
            ],
            "target_group_health": [
              {
                "dns_failover": [
                  {
                    "minimum_healthy_targets_count": "1",
                    "minimum_healthy_targets_percentage": "off"
                  }
                ],
                "unhealthy_state_routing": [
                  {
                    "minimum_healthy_targets_count": 1,
                    "minimum_healthy_targets_percentage": "off"
                  }
                ]
              }
            ],
            "target_health_state": [
              {
                "enable_unhealthy_connection_termination": null,
                "unhealthy_draining_interval": null
              }
            ],
            "target_type": "instance",
            "vpc_id": "vpc-0d4f70e5b1d2da8f3"
          },
          "sensitive_attributes": [],
          "identity_schema_version": 0,
          "identity": {
            "arn": "arn:aws:elasticloadbalancing:ca-central-1:918595517158:targetgroup/tp-prod-tg-secondary/19718416e0d22b4e"
          },
          "private": "bnVsbA==",
          "dependencies": [
            "aws_vpc.secondary",
            "random_id.deployment"
          ]
        }
      ]
    },
    {
      "mode": "managed",
      "type": "aws_lb_target_group_attachment",
      "name": "primary",
      "provider": "provider[\"registry.terraform.io/hashicorp/aws\"].primary",
      "instances": [
        {
          "index_key": 0,
          "schema_version": 0,
          "attributes": {
            "availability_zone": null,
            "id": "arn:aws:elasticloadbalancing:ap-northeast-1:918595517158:targetgroup/tp-prod-tg-primary/cf784a9606d1a852-2025101313441866640000000a",
            "port": 8080,
            "region": "ap-northeast-1",
            "target_group_arn": "arn:aws:elasticloadbalancing:ap-northeast-1:918595517158:targetgroup/tp-prod-tg-primary/cf784a9606d1a852",
            "target_id": "i-0a24346d916e3ee62"
          },
          "sensitive_attributes": [],
          "identity_schema_version": 0,
          "private": "bnVsbA==",
          "dependencies": [
            "aws_db_instance.primary",
            "aws_db_subnet_group.primary",
            "aws_iam_instance_profile.app",
            "aws_iam_role.app_instance",
            "aws_instance.app_primary",
            "aws_lb_target_group.primary",
            "aws_security_group.alb_primary",
            "aws_security_group.app_primary",
            "aws_security_group.db_primary",
            "aws_subnet.primary_data",
            "aws_subnet.primary_private",
            "aws_vpc.primary",
            "data.aws_ami.app_primary",
            "data.aws_availability_zones.primary",
            "random_id.deployment",
            "random_password.db_master"
          ]
        }
      ]
    },
    {
      "mode": "managed",
      "type": "aws_lb_target_group_attachment",
      "name": "secondary",
      "provider": "provider[\"registry.terraform.io/hashicorp/aws\"].secondary",
      "instances": [
        {
          "index_key": 0,
          "schema_version": 0,
          "attributes": {
            "availability_zone": null,
            "id": "arn:aws:elasticloadbalancing:ca-central-1:918595517158:targetgroup/tp-prod-tg-secondary/19718416e0d22b4e-20251013150352859200000002",
            "port": 8080,
            "region": "ca-central-1",
            "target_group_arn": "arn:aws:elasticloadbalancing:ca-central-1:918595517158:targetgroup/tp-prod-tg-secondary/19718416e0d22b4e",
            "target_id": "i-0195772808f8b6f04"
          },
          "sensitive_attributes": [],
          "identity_schema_version": 0,
          "private": "bnVsbA==",
          "dependencies": [
            "aws_db_instance.primary",
            "aws_db_instance.secondary",
            "aws_db_subnet_group.primary",
            "aws_db_subnet_group.secondary",
            "aws_iam_instance_profile.app",
            "aws_iam_role.app_instance",
            "aws_instance.app_secondary",
            "aws_kms_alias.rds_secondary",
            "aws_kms_key.rds_secondary",
            "aws_lb_target_group.secondary",
            "aws_security_group.alb_primary",
            "aws_security_group.alb_secondary",
            "aws_security_group.app_primary",
            "aws_security_group.app_secondary",
            "aws_security_group.db_primary",
            "aws_security_group.db_secondary",
            "aws_subnet.primary_data",
            "aws_subnet.secondary_data",
            "aws_subnet.secondary_private",
            "aws_vpc.primary",
            "aws_vpc.secondary",
            "data.aws_ami.app_secondary",
            "data.aws_availability_zones.primary",
            "data.aws_availability_zones.secondary",
            "random_id.deployment",
            "random_password.db_master"
          ]
        }
      ]
    },
    {
      "mode": "managed",
      "type": "aws_nat_gateway",
      "name": "primary",
      "provider": "provider[\"registry.terraform.io/hashicorp/aws\"].primary",
      "instances": [
        {
          "index_key": 0,
          "schema_version": 0,
          "attributes": {
            "allocation_id": "eipalloc-0c7deedaec51abf8c",
            "association_id": "eipassoc-0560e3221bbccb215",
            "connectivity_type": "public",
            "id": "nat-0fc5551d2c02a39c9",
            "network_interface_id": "eni-041222aad33afa8e1",
            "private_ip": "10.0.7.180",
            "public_ip": "3.115.221.53",
            "region": "ap-northeast-1",
            "secondary_allocation_ids": [],
            "secondary_private_ip_address_count": 0,
            "secondary_private_ip_addresses": [],
            "subnet_id": "subnet-018ba68b5f04ac6c6",
            "tags": {
              "Deployment": "46ab7955",
              "Environment": "prod",
              "ManagedBy": "Terraform",
              "Name": "tp-prod-nat-primary-1",
              "Project": "tp",
              "Purpose": "DR-Architecture",
              "Region": "ap-northeast-1",
              "Role": "Primary"
            },
            "tags_all": {
              "Deployment": "46ab7955",
              "Environment": "prod",
              "ManagedBy": "Terraform",
              "Name": "tp-prod-nat-primary-1",
              "Project": "tp",
              "Purpose": "DR-Architecture",
              "Region": "ap-northeast-1",
              "Role": "Primary"
            },
            "timeouts": null
          },
          "sensitive_attributes": [],
          "identity_schema_version": 0,
          "private": "eyJlMmJmYjczMC1lY2FhLTExZTYtOGY4OC0zNDM2M2JjN2M0YzAiOnsiY3JlYXRlIjo2MDAwMDAwMDAwMDAsImRlbGV0ZSI6MTgwMDAwMDAwMDAwMCwidXBkYXRlIjo2MDAwMDAwMDAwMDB9fQ==",
          "dependencies": [
            "aws_eip.primary_nat",
            "aws_subnet.primary_public",
            "aws_vpc.primary",
            "data.aws_availability_zones.primary",
            "random_id.deployment"
          ]
        },
        {
          "index_key": 1,
          "schema_version": 0,
          "attributes": {
            "allocation_id": "eipalloc-0255c12c888a86a7b",
            "association_id": "eipassoc-057f3ea35ff163b9e",
            "connectivity_type": "public",
            "id": "nat-0173ceaa14b89a9a5",
            "network_interface_id": "eni-0f01fc1289cb84aa7",
            "private_ip": "10.0.27.177",
            "public_ip": "43.206.32.187",
            "region": "ap-northeast-1",
            "secondary_allocation_ids": [],
            "secondary_private_ip_address_count": 0,
            "secondary_private_ip_addresses": [],
            "subnet_id": "subnet-0c520afce4eb8b87f",
            "tags": {
              "Deployment": "46ab7955",
              "Environment": "prod",
              "ManagedBy": "Terraform",
              "Name": "tp-prod-nat-primary-2",
              "Project": "tp",
              "Purpose": "DR-Architecture",
              "Region": "ap-northeast-1",
              "Role": "Primary"
            },
            "tags_all": {
              "Deployment": "46ab7955",
              "Environment": "prod",
              "ManagedBy": "Terraform",
              "Name": "tp-prod-nat-primary-2",
              "Project": "tp",
              "Purpose": "DR-Architecture",
              "Region": "ap-northeast-1",
              "Role": "Primary"
            },
            "timeouts": null
          },
          "sensitive_attributes": [],
          "identity_schema_version": 0,
          "private": "eyJlMmJmYjczMC1lY2FhLTExZTYtOGY4OC0zNDM2M2JjN2M0YzAiOnsiY3JlYXRlIjo2MDAwMDAwMDAwMDAsImRlbGV0ZSI6MTgwMDAwMDAwMDAwMCwidXBkYXRlIjo2MDAwMDAwMDAwMDB9fQ==",
          "dependencies": [
            "aws_eip.primary_nat",
            "aws_subnet.primary_public",
            "aws_vpc.primary",
            "data.aws_availability_zones.primary",
            "random_id.deployment"
          ]
        }
      ]
    },
    {
      "mode": "managed",
      "type": "aws_nat_gateway",
      "name": "secondary",
      "provider": "provider[\"registry.terraform.io/hashicorp/aws\"].secondary",
      "instances": [
        {
          "index_key": 0,
          "schema_version": 0,
          "attributes": {
            "allocation_id": "eipalloc-092b88589c05634ca",
            "association_id": "eipassoc-0750fca72bcb58a3f",
            "connectivity_type": "public",
            "id": "nat-0925616637ff6c4cf",
            "network_interface_id": "eni-035b3f19484e9f99d",
            "private_ip": "10.1.8.200",
            "public_ip": "3.96.90.61",
            "region": "ca-central-1",
            "secondary_allocation_ids": [],
            "secondary_private_ip_address_count": 0,
            "secondary_private_ip_addresses": [],
            "subnet_id": "subnet-0224ac97dda55bbeb",
            "tags": {
              "Deployment": "46ab7955",
              "Environment": "prod",
              "ManagedBy": "Terraform",
              "Name": "tp-prod-nat-secondary-1",
              "Project": "tp",
              "Purpose": "DR-Architecture",
              "Region": "ca-central-1",
              "Role": "Secondary"
            },
            "tags_all": {
              "Deployment": "46ab7955",
              "Environment": "prod",
              "ManagedBy": "Terraform",
              "Name": "tp-prod-nat-secondary-1",
              "Project": "tp",
              "Purpose": "DR-Architecture",
              "Region": "ca-central-1",
              "Role": "Secondary"
            },
            "timeouts": null
          },
          "sensitive_attributes": [],
          "identity_schema_version": 0,
          "private": "eyJlMmJmYjczMC1lY2FhLTExZTYtOGY4OC0zNDM2M2JjN2M0YzAiOnsiY3JlYXRlIjo2MDAwMDAwMDAwMDAsImRlbGV0ZSI6MTgwMDAwMDAwMDAwMCwidXBkYXRlIjo2MDAwMDAwMDAwMDB9fQ==",
          "dependencies": [
            "aws_eip.secondary_nat",
            "aws_subnet.secondary_public",
            "aws_vpc.secondary",
            "data.aws_availability_zones.secondary",
            "random_id.deployment"
          ]
        },
        {
          "index_key": 1,
          "schema_version": 0,
          "attributes": {
            "allocation_id": "eipalloc-0343107291a417f9e",
            "association_id": "eipassoc-0329005ece410fe30",
            "connectivity_type": "public",
            "id": "nat-07f494dccb3104c41",
            "network_interface_id": "eni-007feb2d712ab1d55",
            "private_ip": "10.1.23.198",
            "public_ip": "3.97.65.115",
            "region": "ca-central-1",
            "secondary_allocation_ids": [],
            "secondary_private_ip_address_count": 0,
            "secondary_private_ip_addresses": [],
            "subnet_id": "subnet-05ae54cc95ea8771a",
            "tags": {
              "Deployment": "46ab7955",
              "Environment": "prod",
              "ManagedBy": "Terraform",
              "Name": "tp-prod-nat-secondary-2",
              "Project": "tp",
              "Purpose": "DR-Architecture",
              "Region": "ca-central-1",
              "Role": "Secondary"
            },
            "tags_all": {
              "Deployment": "46ab7955",
              "Environment": "prod",
              "ManagedBy": "Terraform",
              "Name": "tp-prod-nat-secondary-2",
              "Project": "tp",
              "Purpose": "DR-Architecture",
              "Region": "ca-central-1",
              "Role": "Secondary"
            },
            "timeouts": null
          },
          "sensitive_attributes": [],
          "identity_schema_version": 0,
          "private": "eyJlMmJmYjczMC1lY2FhLTExZTYtOGY4OC0zNDM2M2JjN2M0YzAiOnsiY3JlYXRlIjo2MDAwMDAwMDAwMDAsImRlbGV0ZSI6MTgwMDAwMDAwMDAwMCwidXBkYXRlIjo2MDAwMDAwMDAwMDB9fQ==",
          "dependencies": [
            "aws_eip.secondary_nat",
            "aws_subnet.secondary_public",
            "aws_vpc.secondary",
            "data.aws_availability_zones.secondary",
            "random_id.deployment"
          ]
        }
      ]
    },
    {
      "mode": "managed",
      "type": "aws_route53_health_check",
      "name": "primary",
      "provider": "provider[\"registry.terraform.io/hashicorp/aws\"]",
      "instances": [
        {
          "schema_version": 0,
          "attributes": {
            "arn": "arn:aws:route53:::healthcheck/8a7b2412-805c-4d73-9703-59ec6dd0c652",
            "child_health_threshold": 0,
            "child_healthchecks": [],
            "cloudwatch_alarm_name": null,
            "cloudwatch_alarm_region": null,
            "disabled": false,
            "enable_sni": false,
            "failure_threshold": 3,
            "fqdn": "tp-prod-alb-primary-1552464695.ap-northeast-1.elb.amazonaws.com",
            "id": "8a7b2412-805c-4d73-9703-59ec6dd0c652",
            "insufficient_data_health_status": "",
            "invert_healthcheck": false,
            "ip_address": "",
            "measure_latency": false,
            "port": 80,
            "reference_name": null,
            "regions": [],
            "request_interval": 30,
            "resource_path": "/health",
            "routing_control_arn": "",
            "search_string": "",
            "tags": {
              "Deployment": "46ab7955",
              "Environment": "prod",
              "ManagedBy": "Terraform",
              "Name": "tp-prod-healthcheck-primary",
              "Project": "tp",
              "Purpose": "DR-Architecture",
              "Region": "ap-northeast-1",
              "Role": "Primary"
            },
            "tags_all": {
              "Deployment": "46ab7955",
              "Environment": "prod",
              "ManagedBy": "Terraform",
              "Name": "tp-prod-healthcheck-primary",
              "Project": "tp",
              "Purpose": "DR-Architecture",
              "Region": "ap-northeast-1",
              "Role": "Primary"
            },
            "triggers": {},
            "type": "HTTP"
          },
          "sensitive_attributes": [],
          "identity_schema_version": 0,
          "private": "bnVsbA==",
          "dependencies": [
            "aws_lb.primary",
            "aws_security_group.alb_primary",
            "aws_subnet.primary_public",
            "aws_vpc.primary",
            "data.aws_availability_zones.primary",
            "random_id.deployment"
          ]
        }
      ]
    },
    {
      "mode": "managed",
      "type": "aws_route53_record",
      "name": "primary",
      "provider": "provider[\"registry.terraform.io/hashicorp/aws\"]",
      "instances": [
        {
          "schema_version": 2,
          "attributes": {
            "alias": [
              {
                "evaluate_target_health": true,
                "name": "tp-prod-alb-primary-1552464695.ap-northeast-1.elb.amazonaws.com",
                "zone_id": "Z14GRHDCWA56QT"
              }
            ],
            "allow_overwrite": null,
            "cidr_routing_policy": [],
            "failover_routing_policy": [
              {
                "type": "PRIMARY"
              }
            ],
            "fqdn": "app.trading-platform-domain-iac.com",
            "geolocation_routing_policy": [],
            "geoproximity_routing_policy": [],
            "health_check_id": "8a7b2412-805c-4d73-9703-59ec6dd0c652",
            "id": "Z05873193GFX56HBBLQ3U_app.trading-platform-domain-iac.com_A_PRIMARY",
            "latency_routing_policy": [],
            "multivalue_answer_routing_policy": false,
            "name": "app.trading-platform-domain-iac.com",
            "records": [],
            "set_identifier": "PRIMARY",
            "timeouts": null,
            "ttl": 0,
            "type": "A",
            "weighted_routing_policy": [],
            "zone_id": "Z05873193GFX56HBBLQ3U"
          },
          "sensitive_attributes": [],
          "identity_schema_version": 0,
          "identity": {
            "account_id": "918595517158",
            "name": "app.trading-platform-domain-iac.com",
            "set_identifier": "PRIMARY",
            "type": "A",
            "zone_id": "Z05873193GFX56HBBLQ3U"
          },
          "private": "eyJlMmJmYjczMC1lY2FhLTExZTYtOGY4OC0zNDM2M2JjN2M0YzAiOnsiY3JlYXRlIjoxODAwMDAwMDAwMDAwLCJkZWxldGUiOjE4MDAwMDAwMDAwMDAsInVwZGF0ZSI6MTgwMDAwMDAwMDAwMH0sInNjaGVtYV92ZXJzaW9uIjoiMiJ9",
          "dependencies": [
            "aws_lb.primary",
            "aws_route53_health_check.primary",
            "aws_route53_zone.main",
            "aws_security_group.alb_primary",
            "aws_subnet.primary_public",
            "aws_vpc.primary",
            "data.aws_availability_zones.primary",
            "random_id.deployment"
          ]
        }
      ]
    },
    {
      "mode": "managed",
      "type": "aws_route53_record",
      "name": "secondary",
      "provider": "provider[\"registry.terraform.io/hashicorp/aws\"]",
      "instances": [
        {
          "schema_version": 2,
          "attributes": {
            "alias": [
              {
                "evaluate_target_health": true,
                "name": "tp-prod-alb-secondary-1876310580.ca-central-1.elb.amazonaws.com",
                "zone_id": "ZQSVJUPU6J1EY"
              }
            ],
            "allow_overwrite": null,
            "cidr_routing_policy": [],
            "failover_routing_policy": [
              {
                "type": "SECONDARY"
              }
            ],
            "fqdn": "app.trading-platform-domain-iac.com",
            "geolocation_routing_policy": [],
            "geoproximity_routing_policy": [],
            "health_check_id": "",
            "id": "Z05873193GFX56HBBLQ3U_app.trading-platform-domain-iac.com_A_SECONDARY",
            "latency_routing_policy": [],
            "multivalue_answer_routing_policy": false,
            "name": "app.trading-platform-domain-iac.com",
            "records": [],
            "set_identifier": "SECONDARY",
            "timeouts": null,
            "ttl": 0,
            "type": "A",
            "weighted_routing_policy": [],
            "zone_id": "Z05873193GFX56HBBLQ3U"
          },
          "sensitive_attributes": [],
          "identity_schema_version": 0,
          "identity": {
            "account_id": "918595517158",
            "name": "app.trading-platform-domain-iac.com",
            "set_identifier": "SECONDARY",
            "type": "A",
            "zone_id": "Z05873193GFX56HBBLQ3U"
          },
          "private": "eyJlMmJmYjczMC1lY2FhLTExZTYtOGY4OC0zNDM2M2JjN2M0YzAiOnsiY3JlYXRlIjoxODAwMDAwMDAwMDAwLCJkZWxldGUiOjE4MDAwMDAwMDAwMDAsInVwZGF0ZSI6MTgwMDAwMDAwMDAwMH0sInNjaGVtYV92ZXJzaW9uIjoiMiJ9",
          "dependencies": [
            "aws_lb.secondary",
            "aws_route53_zone.main",
            "aws_security_group.alb_secondary",
            "aws_subnet.secondary_public",
            "aws_vpc.secondary",
            "data.aws_availability_zones.secondary",
            "random_id.deployment"
          ]
        }
      ]
    },
    {
      "mode": "managed",
      "type": "aws_route53_zone",
      "name": "main",
      "provider": "provider[\"registry.terraform.io/hashicorp/aws\"]",
      "instances": [
        {
          "schema_version": 0,
          "attributes": {
            "arn": "arn:aws:route53:::hostedzone/Z05873193GFX56HBBLQ3U",
            "comment": "Managed by Terraform",
            "delegation_set_id": "",
            "force_destroy": false,
            "id": "Z05873193GFX56HBBLQ3U",
            "name": "trading-platform-domain-iac.com",
            "name_servers": [
              "ns-1318.awsdns-36.org",
              "ns-1764.awsdns-28.co.uk",
              "ns-480.awsdns-60.com",
              "ns-521.awsdns-01.net"
            ],
            "primary_name_server": "ns-521.awsdns-01.net",
            "tags": {
              "Deployment": "46ab7955",
              "Environment": "prod",
              "ManagedBy": "Terraform",
              "Name": "tp-prod-zone",
              "Project": "tp",
              "Purpose": "DR-Architecture"
            },
            "tags_all": {
              "Deployment": "46ab7955",
              "Environment": "prod",
              "ManagedBy": "Terraform",
              "Name": "tp-prod-zone",
              "Project": "tp",
              "Purpose": "DR-Architecture"
            },
            "timeouts": null,
            "vpc": [],
            "zone_id": "Z05873193GFX56HBBLQ3U"
          },
          "sensitive_attributes": [],
          "identity_schema_version": 0,
          "private": "eyJlMmJmYjczMC1lY2FhLTExZTYtOGY4OC0zNDM2M2JjN2M0YzAiOnsiY3JlYXRlIjoxODAwMDAwMDAwMDAwLCJkZWxldGUiOjE4MDAwMDAwMDAwMDAsInVwZGF0ZSI6MTgwMDAwMDAwMDAwMH19",
          "dependencies": [
            "random_id.deployment"
          ]
        }
      ]
    },
    {
      "mode": "managed",
      "type": "aws_route_table",
      "name": "primary_private",
      "provider": "provider[\"registry.terraform.io/hashicorp/aws\"].primary",
      "instances": [
        {
          "index_key": 0,
          "schema_version": 0,
          "attributes": {
            "arn": "arn:aws:ec2:ap-northeast-1:918595517158:route-table/rtb-0af9ee5be000e332d",
            "id": "rtb-0af9ee5be000e332d",
            "owner_id": "918595517158",
            "propagating_vgws": [],
            "region": "ap-northeast-1",
            "route": [
              {
                "carrier_gateway_id": "",
                "cidr_block": "0.0.0.0/0",
                "core_network_arn": "",
                "destination_prefix_list_id": "",
                "egress_only_gateway_id": "",
                "gateway_id": "",
                "ipv6_cidr_block": "",
                "local_gateway_id": "",
                "nat_gateway_id": "nat-0fc5551d2c02a39c9",
                "network_interface_id": "",
                "transit_gateway_id": "",
                "vpc_endpoint_id": "",
                "vpc_peering_connection_id": ""
              }
            ],
            "tags": {
              "Deployment": "46ab7955",
              "Environment": "prod",
              "ManagedBy": "Terraform",
              "Name": "tp-prod-rt-private-primary-1",
              "Project": "tp",
              "Purpose": "DR-Architecture",
              "Region": "ap-northeast-1",
              "Role": "Primary"
            },
            "tags_all": {
              "Deployment": "46ab7955",
              "Environment": "prod",
              "ManagedBy": "Terraform",
              "Name": "tp-prod-rt-private-primary-1",
              "Project": "tp",
              "Purpose": "DR-Architecture",
              "Region": "ap-northeast-1",
              "Role": "Primary"
            },
            "timeouts": null,
            "vpc_id": "vpc-034bef66249fc4b46"
          },
          "sensitive_attributes": [],
          "identity_schema_version": 0,
          "private": "eyJlMmJmYjczMC1lY2FhLTExZTYtOGY4OC0zNDM2M2JjN2M0YzAiOnsiY3JlYXRlIjozMDAwMDAwMDAwMDAsImRlbGV0ZSI6MzAwMDAwMDAwMDAwLCJ1cGRhdGUiOjEyMDAwMDAwMDAwMH19",
          "dependencies": [
            "aws_eip.primary_nat",
            "aws_nat_gateway.primary",
            "aws_subnet.primary_public",
            "aws_vpc.primary",
            "data.aws_availability_zones.primary",
            "random_id.deployment"
          ]
        },
        {
          "index_key": 1,
          "schema_version": 0,
          "attributes": {
            "arn": "arn:aws:ec2:ap-northeast-1:918595517158:route-table/rtb-013239b6221e7c513",
            "id": "rtb-013239b6221e7c513",
            "owner_id": "918595517158",
            "propagating_vgws": [],
            "region": "ap-northeast-1",
            "route": [
              {
                "carrier_gateway_id": "",
                "cidr_block": "0.0.0.0/0",
                "core_network_arn": "",
                "destination_prefix_list_id": "",
                "egress_only_gateway_id": "",
                "gateway_id": "",
                "ipv6_cidr_block": "",
                "local_gateway_id": "",
                "nat_gateway_id": "nat-0173ceaa14b89a9a5",
                "network_interface_id": "",
                "transit_gateway_id": "",
                "vpc_endpoint_id": "",
                "vpc_peering_connection_id": ""
              }
            ],
            "tags": {
              "Deployment": "46ab7955",
              "Environment": "prod",
              "ManagedBy": "Terraform",
              "Name": "tp-prod-rt-private-primary-2",
              "Project": "tp",
              "Purpose": "DR-Architecture",
              "Region": "ap-northeast-1",
              "Role": "Primary"
            },
            "tags_all": {
              "Deployment": "46ab7955",
              "Environment": "prod",
              "ManagedBy": "Terraform",
              "Name": "tp-prod-rt-private-primary-2",
              "Project": "tp",
              "Purpose": "DR-Architecture",
              "Region": "ap-northeast-1",
              "Role": "Primary"
            },
            "timeouts": null,
            "vpc_id": "vpc-034bef66249fc4b46"
          },
          "sensitive_attributes": [],
          "identity_schema_version": 0,
          "private": "eyJlMmJmYjczMC1lY2FhLTExZTYtOGY4OC0zNDM2M2JjN2M0YzAiOnsiY3JlYXRlIjozMDAwMDAwMDAwMDAsImRlbGV0ZSI6MzAwMDAwMDAwMDAwLCJ1cGRhdGUiOjEyMDAwMDAwMDAwMH19",
          "dependencies": [
            "aws_eip.primary_nat",
            "aws_nat_gateway.primary",
            "aws_subnet.primary_public",
            "aws_vpc.primary",
            "data.aws_availability_zones.primary",
            "random_id.deployment"
          ]
        }
      ]
    },
    {
      "mode": "managed",
      "type": "aws_route_table",
      "name": "primary_public",
      "provider": "provider[\"registry.terraform.io/hashicorp/aws\"].primary",
      "instances": [
        {
          "schema_version": 0,
          "attributes": {
            "arn": "arn:aws:ec2:ap-northeast-1:918595517158:route-table/rtb-0a5d6b3baf7dfc371",
            "id": "rtb-0a5d6b3baf7dfc371",
            "owner_id": "918595517158",
            "propagating_vgws": [],
            "region": "ap-northeast-1",
            "route": [
              {
                "carrier_gateway_id": "",
                "cidr_block": "0.0.0.0/0",
                "core_network_arn": "",
                "destination_prefix_list_id": "",
                "egress_only_gateway_id": "",
                "gateway_id": "igw-0cccedb44dec6b8fc",
                "ipv6_cidr_block": "",
                "local_gateway_id": "",
                "nat_gateway_id": "",
                "network_interface_id": "",
                "transit_gateway_id": "",
                "vpc_endpoint_id": "",
                "vpc_peering_connection_id": ""
              }
            ],
            "tags": {
              "Deployment": "46ab7955",
              "Environment": "prod",
              "ManagedBy": "Terraform",
              "Name": "tp-prod-rt-public-primary",
              "Project": "tp",
              "Purpose": "DR-Architecture",
              "Region": "ap-northeast-1",
              "Role": "Primary"
            },
            "tags_all": {
              "Deployment": "46ab7955",
              "Environment": "prod",
              "ManagedBy": "Terraform",
              "Name": "tp-prod-rt-public-primary",
              "Project": "tp",
              "Purpose": "DR-Architecture",
              "Region": "ap-northeast-1",
              "Role": "Primary"
            },
            "timeouts": null,
            "vpc_id": "vpc-034bef66249fc4b46"
          },
          "sensitive_attributes": [],
          "identity_schema_version": 0,
          "private": "eyJlMmJmYjczMC1lY2FhLTExZTYtOGY4OC0zNDM2M2JjN2M0YzAiOnsiY3JlYXRlIjozMDAwMDAwMDAwMDAsImRlbGV0ZSI6MzAwMDAwMDAwMDAwLCJ1cGRhdGUiOjEyMDAwMDAwMDAwMH19",
          "dependencies": [
            "aws_internet_gateway.primary",
            "aws_vpc.primary",
            "random_id.deployment"
          ]
        }
      ]
    },
    {
      "mode": "managed",
      "type": "aws_route_table",
      "name": "secondary_private",
      "provider": "provider[\"registry.terraform.io/hashicorp/aws\"].secondary",
      "instances": [
        {
          "index_key": 0,
          "schema_version": 0,
          "attributes": {
            "arn": "arn:aws:ec2:ca-central-1:918595517158:route-table/rtb-0ad65659a90686838",
            "id": "rtb-0ad65659a90686838",
            "owner_id": "918595517158",
            "propagating_vgws": [],
            "region": "ca-central-1",
            "route": [
              {
                "carrier_gateway_id": "",
                "cidr_block": "0.0.0.0/0",
                "core_network_arn": "",
                "destination_prefix_list_id": "",
                "egress_only_gateway_id": "",
                "gateway_id": "",
                "ipv6_cidr_block": "",
                "local_gateway_id": "",
                "nat_gateway_id": "nat-0925616637ff6c4cf",
                "network_interface_id": "",
                "transit_gateway_id": "",
                "vpc_endpoint_id": "",
                "vpc_peering_connection_id": ""
              }
            ],
            "tags": {
              "Deployment": "46ab7955",
              "Environment": "prod",
              "ManagedBy": "Terraform",
              "Name": "tp-prod-rt-private-secondary-1",
              "Project": "tp",
              "Purpose": "DR-Architecture",
              "Region": "ca-central-1",
              "Role": "Secondary"
            },
            "tags_all": {
              "Deployment": "46ab7955",
              "Environment": "prod",
              "ManagedBy": "Terraform",
              "Name": "tp-prod-rt-private-secondary-1",
              "Project": "tp",
              "Purpose": "DR-Architecture",
              "Region": "ca-central-1",
              "Role": "Secondary"
            },
            "timeouts": null,
            "vpc_id": "vpc-0d4f70e5b1d2da8f3"
          },
          "sensitive_attributes": [],
          "identity_schema_version": 0,
          "private": "eyJlMmJmYjczMC1lY2FhLTExZTYtOGY4OC0zNDM2M2JjN2M0YzAiOnsiY3JlYXRlIjozMDAwMDAwMDAwMDAsImRlbGV0ZSI6MzAwMDAwMDAwMDAwLCJ1cGRhdGUiOjEyMDAwMDAwMDAwMH19",
          "dependencies": [
            "aws_eip.secondary_nat",
            "aws_nat_gateway.secondary",
            "aws_subnet.secondary_public",
            "aws_vpc.secondary",
            "data.aws_availability_zones.secondary",
            "random_id.deployment"
          ]
        },
        {
          "index_key": 1,
          "schema_version": 0,
          "attributes": {
            "arn": "arn:aws:ec2:ca-central-1:918595517158:route-table/rtb-07cbeffc7e5005621",
            "id": "rtb-07cbeffc7e5005621",
            "owner_id": "918595517158",
            "propagating_vgws": [],
            "region": "ca-central-1",
            "route": [
              {
                "carrier_gateway_id": "",
                "cidr_block": "0.0.0.0/0",
                "core_network_arn": "",
                "destination_prefix_list_id": "",
                "egress_only_gateway_id": "",
                "gateway_id": "",
                "ipv6_cidr_block": "",
                "local_gateway_id": "",
                "nat_gateway_id": "nat-07f494dccb3104c41",
                "network_interface_id": "",
                "transit_gateway_id": "",
                "vpc_endpoint_id": "",
                "vpc_peering_connection_id": ""
              }
            ],
            "tags": {
              "Deployment": "46ab7955",
              "Environment": "prod",
              "ManagedBy": "Terraform",
              "Name": "tp-prod-rt-private-secondary-2",
              "Project": "tp",
              "Purpose": "DR-Architecture",
              "Region": "ca-central-1",
              "Role": "Secondary"
            },
            "tags_all": {
              "Deployment": "46ab7955",
              "Environment": "prod",
              "ManagedBy": "Terraform",
              "Name": "tp-prod-rt-private-secondary-2",
              "Project": "tp",
              "Purpose": "DR-Architecture",
              "Region": "ca-central-1",
              "Role": "Secondary"
            },
            "timeouts": null,
            "vpc_id": "vpc-0d4f70e5b1d2da8f3"
          },
          "sensitive_attributes": [],
          "identity_schema_version": 0,
          "private": "eyJlMmJmYjczMC1lY2FhLTExZTYtOGY4OC0zNDM2M2JjN2M0YzAiOnsiY3JlYXRlIjozMDAwMDAwMDAwMDAsImRlbGV0ZSI6MzAwMDAwMDAwMDAwLCJ1cGRhdGUiOjEyMDAwMDAwMDAwMH19",
          "dependencies": [
            "aws_eip.secondary_nat",
            "aws_nat_gateway.secondary",
            "aws_subnet.secondary_public",
            "aws_vpc.secondary",
            "data.aws_availability_zones.secondary",
            "random_id.deployment"
          ]
        }
      ]
    },
    {
      "mode": "managed",
      "type": "aws_route_table",
      "name": "secondary_public",
      "provider": "provider[\"registry.terraform.io/hashicorp/aws\"].secondary",
      "instances": [
        {
          "schema_version": 0,
          "attributes": {
            "arn": "arn:aws:ec2:ca-central-1:918595517158:route-table/rtb-058cca387d881870e",
            "id": "rtb-058cca387d881870e",
            "owner_id": "918595517158",
            "propagating_vgws": [],
            "region": "ca-central-1",
            "route": [
              {
                "carrier_gateway_id": "",
                "cidr_block": "0.0.0.0/0",
                "core_network_arn": "",
                "destination_prefix_list_id": "",
                "egress_only_gateway_id": "",
                "gateway_id": "igw-0de6e7e825adf821e",
                "ipv6_cidr_block": "",
                "local_gateway_id": "",
                "nat_gateway_id": "",
                "network_interface_id": "",
                "transit_gateway_id": "",
                "vpc_endpoint_id": "",
                "vpc_peering_connection_id": ""
              }
            ],
            "tags": {
              "Deployment": "46ab7955",
              "Environment": "prod",
              "ManagedBy": "Terraform",
              "Name": "tp-prod-rt-public-secondary",
              "Project": "tp",
              "Purpose": "DR-Architecture",
              "Region": "ca-central-1",
              "Role": "Secondary"
            },
            "tags_all": {
              "Deployment": "46ab7955",
              "Environment": "prod",
              "ManagedBy": "Terraform",
              "Name": "tp-prod-rt-public-secondary",
              "Project": "tp",
              "Purpose": "DR-Architecture",
              "Region": "ca-central-1",
              "Role": "Secondary"
            },
            "timeouts": null,
            "vpc_id": "vpc-0d4f70e5b1d2da8f3"
          },
          "sensitive_attributes": [],
          "identity_schema_version": 0,
          "private": "eyJlMmJmYjczMC1lY2FhLTExZTYtOGY4OC0zNDM2M2JjN2M0YzAiOnsiY3JlYXRlIjozMDAwMDAwMDAwMDAsImRlbGV0ZSI6MzAwMDAwMDAwMDAwLCJ1cGRhdGUiOjEyMDAwMDAwMDAwMH19",
          "dependencies": [
            "aws_internet_gateway.secondary",
            "aws_vpc.secondary",
            "random_id.deployment"
          ]
        }
      ]
    },
    {
      "mode": "managed",
      "type": "aws_route_table_association",
      "name": "primary_data",
      "provider": "provider[\"registry.terraform.io/hashicorp/aws\"].primary",
      "instances": [
        {
          "index_key": 0,
          "schema_version": 0,
          "attributes": {
            "gateway_id": "",
            "id": "rtbassoc-0594162595897a568",
            "region": "ap-northeast-1",
            "route_table_id": "rtb-0af9ee5be000e332d",
            "subnet_id": "subnet-0ce7d9931e05d1cb4",
            "timeouts": null
          },
          "sensitive_attributes": [],
          "identity_schema_version": 0,
          "private": "eyJlMmJmYjczMC1lY2FhLTExZTYtOGY4OC0zNDM2M2JjN2M0YzAiOnsiY3JlYXRlIjozMDAwMDAwMDAwMDAsImRlbGV0ZSI6MzAwMDAwMDAwMDAwLCJ1cGRhdGUiOjEyMDAwMDAwMDAwMH19",
          "dependencies": [
            "aws_eip.primary_nat",
            "aws_nat_gateway.primary",
            "aws_route_table.primary_private",
            "aws_subnet.primary_data",
            "aws_subnet.primary_public",
            "aws_vpc.primary",
            "data.aws_availability_zones.primary",
            "random_id.deployment"
          ]
        },
        {
          "index_key": 1,
          "schema_version": 0,
          "attributes": {
            "gateway_id": "",
            "id": "rtbassoc-0b8c63bf25c06dfd1",
            "region": "ap-northeast-1",
            "route_table_id": "rtb-013239b6221e7c513",
            "subnet_id": "subnet-0d889a318f6ffc8b1",
            "timeouts": null
          },
          "sensitive_attributes": [],
          "identity_schema_version": 0,
          "private": "eyJlMmJmYjczMC1lY2FhLTExZTYtOGY4OC0zNDM2M2JjN2M0YzAiOnsiY3JlYXRlIjozMDAwMDAwMDAwMDAsImRlbGV0ZSI6MzAwMDAwMDAwMDAwLCJ1cGRhdGUiOjEyMDAwMDAwMDAwMH19",
          "dependencies": [
            "aws_eip.primary_nat",
            "aws_nat_gateway.primary",
            "aws_route_table.primary_private",
            "aws_subnet.primary_data",
            "aws_subnet.primary_public",
            "aws_vpc.primary",
            "data.aws_availability_zones.primary",
            "random_id.deployment"
          ]
        }
      ]
    },
    {
      "mode": "managed",
      "type": "aws_route_table_association",
      "name": "primary_private",
      "provider": "provider[\"registry.terraform.io/hashicorp/aws\"].primary",
      "instances": [
        {
          "index_key": 0,
          "schema_version": 0,
          "attributes": {
            "gateway_id": "",
            "id": "rtbassoc-0a94e2538ac33989e",
            "region": "ap-northeast-1",
            "route_table_id": "rtb-0af9ee5be000e332d",
            "subnet_id": "subnet-087d0a166d7e0900f",
            "timeouts": null
          },
          "sensitive_attributes": [],
          "identity_schema_version": 0,
          "private": "eyJlMmJmYjczMC1lY2FhLTExZTYtOGY4OC0zNDM2M2JjN2M0YzAiOnsiY3JlYXRlIjozMDAwMDAwMDAwMDAsImRlbGV0ZSI6MzAwMDAwMDAwMDAwLCJ1cGRhdGUiOjEyMDAwMDAwMDAwMH19",
          "dependencies": [
            "aws_eip.primary_nat",
            "aws_nat_gateway.primary",
            "aws_route_table.primary_private",
            "aws_subnet.primary_private",
            "aws_subnet.primary_public",
            "aws_vpc.primary",
            "data.aws_availability_zones.primary",
            "random_id.deployment"
          ]
        },
        {
          "index_key": 1,
          "schema_version": 0,
          "attributes": {
            "gateway_id": "",
            "id": "rtbassoc-00c9ac2f9130881d8",
            "region": "ap-northeast-1",
            "route_table_id": "rtb-013239b6221e7c513",
            "subnet_id": "subnet-0dc265062365724d0",
            "timeouts": null
          },
          "sensitive_attributes": [],
          "identity_schema_version": 0,
          "private": "eyJlMmJmYjczMC1lY2FhLTExZTYtOGY4OC0zNDM2M2JjN2M0YzAiOnsiY3JlYXRlIjozMDAwMDAwMDAwMDAsImRlbGV0ZSI6MzAwMDAwMDAwMDAwLCJ1cGRhdGUiOjEyMDAwMDAwMDAwMH19",
          "dependencies": [
            "aws_eip.primary_nat",
            "aws_nat_gateway.primary",
            "aws_route_table.primary_private",
            "aws_subnet.primary_private",
            "aws_subnet.primary_public",
            "aws_vpc.primary",
            "data.aws_availability_zones.primary",
            "random_id.deployment"
          ]
        }
      ]
    },
    {
      "mode": "managed",
      "type": "aws_route_table_association",
      "name": "primary_public",
      "provider": "provider[\"registry.terraform.io/hashicorp/aws\"].primary",
      "instances": [
        {
          "index_key": 0,
          "schema_version": 0,
          "attributes": {
            "gateway_id": "",
            "id": "rtbassoc-09d83b7706358def5",
            "region": "ap-northeast-1",
            "route_table_id": "rtb-0a5d6b3baf7dfc371",
            "subnet_id": "subnet-018ba68b5f04ac6c6",
            "timeouts": null
          },
          "sensitive_attributes": [],
          "identity_schema_version": 0,
          "private": "eyJlMmJmYjczMC1lY2FhLTExZTYtOGY4OC0zNDM2M2JjN2M0YzAiOnsiY3JlYXRlIjozMDAwMDAwMDAwMDAsImRlbGV0ZSI6MzAwMDAwMDAwMDAwLCJ1cGRhdGUiOjEyMDAwMDAwMDAwMH19",
          "dependencies": [
            "aws_internet_gateway.primary",
            "aws_route_table.primary_public",
            "aws_subnet.primary_public",
            "aws_vpc.primary",
            "data.aws_availability_zones.primary",
            "random_id.deployment"
          ]
        },
        {
          "index_key": 1,
          "schema_version": 0,
          "attributes": {
            "gateway_id": "",
            "id": "rtbassoc-018b88f412285f78a",
            "region": "ap-northeast-1",
            "route_table_id": "rtb-0a5d6b3baf7dfc371",
            "subnet_id": "subnet-0c520afce4eb8b87f",
            "timeouts": null
          },
          "sensitive_attributes": [],
          "identity_schema_version": 0,
          "private": "eyJlMmJmYjczMC1lY2FhLTExZTYtOGY4OC0zNDM2M2JjN2M0YzAiOnsiY3JlYXRlIjozMDAwMDAwMDAwMDAsImRlbGV0ZSI6MzAwMDAwMDAwMDAwLCJ1cGRhdGUiOjEyMDAwMDAwMDAwMH19",
          "dependencies": [
            "aws_internet_gateway.primary",
            "aws_route_table.primary_public",
            "aws_subnet.primary_public",
            "aws_vpc.primary",
            "data.aws_availability_zones.primary",
            "random_id.deployment"
          ]
        }
      ]
    },
    {
      "mode": "managed",
      "type": "aws_route_table_association",
      "name": "secondary_data",
      "provider": "provider[\"registry.terraform.io/hashicorp/aws\"].secondary",
      "instances": [
        {
          "index_key": 0,
          "schema_version": 0,
          "attributes": {
            "gateway_id": "",
            "id": "rtbassoc-02af1153c40999ae2",
            "region": "ca-central-1",
            "route_table_id": "rtb-0ad65659a90686838",
            "subnet_id": "subnet-0c23aaa61d3ba0d4a",
            "timeouts": null
          },
          "sensitive_attributes": [],
          "identity_schema_version": 0,
          "private": "eyJlMmJmYjczMC1lY2FhLTExZTYtOGY4OC0zNDM2M2JjN2M0YzAiOnsiY3JlYXRlIjozMDAwMDAwMDAwMDAsImRlbGV0ZSI6MzAwMDAwMDAwMDAwLCJ1cGRhdGUiOjEyMDAwMDAwMDAwMH19",
          "dependencies": [
            "aws_eip.secondary_nat",
            "aws_nat_gateway.secondary",
            "aws_route_table.secondary_private",
            "aws_subnet.secondary_data",
            "aws_subnet.secondary_public",
            "aws_vpc.secondary",
            "data.aws_availability_zones.secondary",
            "random_id.deployment"
          ]
        },
        {
          "index_key": 1,
          "schema_version": 0,
          "attributes": {
            "gateway_id": "",
            "id": "rtbassoc-0c34794ae7c4d5dd2",
            "region": "ca-central-1",
            "route_table_id": "rtb-07cbeffc7e5005621",
            "subnet_id": "subnet-0672e0e2931dfaf2b",
            "timeouts": null
          },
          "sensitive_attributes": [],
          "identity_schema_version": 0,
          "private": "eyJlMmJmYjczMC1lY2FhLTExZTYtOGY4OC0zNDM2M2JjN2M0YzAiOnsiY3JlYXRlIjozMDAwMDAwMDAwMDAsImRlbGV0ZSI6MzAwMDAwMDAwMDAwLCJ1cGRhdGUiOjEyMDAwMDAwMDAwMH19",
          "dependencies": [
            "aws_eip.secondary_nat",
            "aws_nat_gateway.secondary",
            "aws_route_table.secondary_private",
            "aws_subnet.secondary_data",
            "aws_subnet.secondary_public",
            "aws_vpc.secondary",
            "data.aws_availability_zones.secondary",
            "random_id.deployment"
          ]
        }
      ]
    },
    {
      "mode": "managed",
      "type": "aws_route_table_association",
      "name": "secondary_private",
      "provider": "provider[\"registry.terraform.io/hashicorp/aws\"].secondary",
      "instances": [
        {
          "index_key": 0,
          "schema_version": 0,
          "attributes": {
            "gateway_id": "",
            "id": "rtbassoc-09da108a52a0af07a",
            "region": "ca-central-1",
            "route_table_id": "rtb-0ad65659a90686838",
            "subnet_id": "subnet-059445f9de356dff0",
            "timeouts": null
          },
          "sensitive_attributes": [],
          "identity_schema_version": 0,
          "private": "eyJlMmJmYjczMC1lY2FhLTExZTYtOGY4OC0zNDM2M2JjN2M0YzAiOnsiY3JlYXRlIjozMDAwMDAwMDAwMDAsImRlbGV0ZSI6MzAwMDAwMDAwMDAwLCJ1cGRhdGUiOjEyMDAwMDAwMDAwMH19",
          "dependencies": [
            "aws_eip.secondary_nat",
            "aws_nat_gateway.secondary",
            "aws_route_table.secondary_private",
            "aws_subnet.secondary_private",
            "aws_subnet.secondary_public",
            "aws_vpc.secondary",
            "data.aws_availability_zones.secondary",
            "random_id.deployment"
          ]
        },
        {
          "index_key": 1,
          "schema_version": 0,
          "attributes": {
            "gateway_id": "",
            "id": "rtbassoc-0b986eb8e3a7b8951",
            "region": "ca-central-1",
            "route_table_id": "rtb-07cbeffc7e5005621",
            "subnet_id": "subnet-0d37dadfacbe1f3e7",
            "timeouts": null
          },
          "sensitive_attributes": [],
          "identity_schema_version": 0,
          "private": "eyJlMmJmYjczMC1lY2FhLTExZTYtOGY4OC0zNDM2M2JjN2M0YzAiOnsiY3JlYXRlIjozMDAwMDAwMDAwMDAsImRlbGV0ZSI6MzAwMDAwMDAwMDAwLCJ1cGRhdGUiOjEyMDAwMDAwMDAwMH19",
          "dependencies": [
            "aws_eip.secondary_nat",
            "aws_nat_gateway.secondary",
            "aws_route_table.secondary_private",
            "aws_subnet.secondary_private",
            "aws_subnet.secondary_public",
            "aws_vpc.secondary",
            "data.aws_availability_zones.secondary",
            "random_id.deployment"
          ]
        }
      ]
    },
    {
      "mode": "managed",
      "type": "aws_route_table_association",
      "name": "secondary_public",
      "provider": "provider[\"registry.terraform.io/hashicorp/aws\"].secondary",
      "instances": [
        {
          "index_key": 0,
          "schema_version": 0,
          "attributes": {
            "gateway_id": "",
            "id": "rtbassoc-0e76a62db00f073d6",
            "region": "ca-central-1",
            "route_table_id": "rtb-058cca387d881870e",
            "subnet_id": "subnet-0224ac97dda55bbeb",
            "timeouts": null
          },
          "sensitive_attributes": [],
          "identity_schema_version": 0,
          "private": "eyJlMmJmYjczMC1lY2FhLTExZTYtOGY4OC0zNDM2M2JjN2M0YzAiOnsiY3JlYXRlIjozMDAwMDAwMDAwMDAsImRlbGV0ZSI6MzAwMDAwMDAwMDAwLCJ1cGRhdGUiOjEyMDAwMDAwMDAwMH19",
          "dependencies": [
            "aws_internet_gateway.secondary",
            "aws_route_table.secondary_public",
            "aws_subnet.secondary_public",
            "aws_vpc.secondary",
            "data.aws_availability_zones.secondary",
            "random_id.deployment"
          ]
        },
        {
          "index_key": 1,
          "schema_version": 0,
          "attributes": {
            "gateway_id": "",
            "id": "rtbassoc-021486754ec2f1b66",
            "region": "ca-central-1",
            "route_table_id": "rtb-058cca387d881870e",
            "subnet_id": "subnet-05ae54cc95ea8771a",
            "timeouts": null
          },
          "sensitive_attributes": [],
          "identity_schema_version": 0,
          "private": "eyJlMmJmYjczMC1lY2FhLTExZTYtOGY4OC0zNDM2M2JjN2M0YzAiOnsiY3JlYXRlIjozMDAwMDAwMDAwMDAsImRlbGV0ZSI6MzAwMDAwMDAwMDAwLCJ1cGRhdGUiOjEyMDAwMDAwMDAwMH19",
          "dependencies": [
            "aws_internet_gateway.secondary",
            "aws_route_table.secondary_public",
            "aws_subnet.secondary_public",
            "aws_vpc.secondary",
            "data.aws_availability_zones.secondary",
            "random_id.deployment"
          ]
        }
      ]
    },
    {
      "mode": "managed",
      "type": "aws_security_group",
      "name": "alb_primary",
      "provider": "provider[\"registry.terraform.io/hashicorp/aws\"].primary",
      "instances": [
        {
          "schema_version": 1,
          "attributes": {
            "arn": "arn:aws:ec2:ap-northeast-1:918595517158:security-group/sg-08b23c7f87330bb08",
            "description": "Managed by Terraform",
            "egress": [
              {
                "cidr_blocks": [
                  "0.0.0.0/0"
                ],
                "description": "",
                "from_port": 0,
                "ipv6_cidr_blocks": [],
                "prefix_list_ids": [],
                "protocol": "-1",
                "security_groups": [],
                "self": false,
                "to_port": 0
              }
            ],
            "id": "sg-08b23c7f87330bb08",
            "ingress": [
              {
                "cidr_blocks": [
                  "0.0.0.0/0"
                ],
                "description": "",
                "from_port": 443,
                "ipv6_cidr_blocks": [],
                "prefix_list_ids": [],
                "protocol": "tcp",
                "security_groups": [],
                "self": false,
                "to_port": 443
              },
              {
                "cidr_blocks": [
                  "0.0.0.0/0"
                ],
                "description": "",
                "from_port": 80,
                "ipv6_cidr_blocks": [],
                "prefix_list_ids": [],
                "protocol": "tcp",
                "security_groups": [],
                "self": false,
                "to_port": 80
              }
            ],
            "name": "tp-prod-alb-primary-20251013133504149100000001",
            "name_prefix": "tp-prod-alb-primary-",
            "owner_id": "918595517158",
            "region": "ap-northeast-1",
            "revoke_rules_on_delete": false,
            "tags": {
              "Deployment": "46ab7955",
              "Environment": "prod",
              "ManagedBy": "Terraform",
              "Name": "tp-prod-sg-alb-primary",
              "Project": "tp",
              "Purpose": "DR-Architecture",
              "Region": "ap-northeast-1",
              "Role": "Primary"
            },
            "tags_all": {
              "Deployment": "46ab7955",
              "Environment": "prod",
              "ManagedBy": "Terraform",
              "Name": "tp-prod-sg-alb-primary",
              "Project": "tp",
              "Purpose": "DR-Architecture",
              "Region": "ap-northeast-1",
              "Role": "Primary"
            },
            "timeouts": null,
            "vpc_id": "vpc-034bef66249fc4b46"
          },
          "sensitive_attributes": [],
          "identity_schema_version": 0,
          "identity": {
            "account_id": "918595517158",
            "id": "sg-08b23c7f87330bb08",
            "region": "ap-northeast-1"
          },
          "private": "eyJlMmJmYjczMC1lY2FhLTExZTYtOGY4OC0zNDM2M2JjN2M0YzAiOnsiY3JlYXRlIjo2MDAwMDAwMDAwMDAsImRlbGV0ZSI6OTAwMDAwMDAwMDAwfSwic2NoZW1hX3ZlcnNpb24iOiIxIn0=",
          "dependencies": [
            "aws_vpc.primary",
            "random_id.deployment"
          ]
        }
      ]
    },
    {
      "mode": "managed",
      "type": "aws_security_group",
      "name": "alb_secondary",
      "provider": "provider[\"registry.terraform.io/hashicorp/aws\"].secondary",
      "instances": [
        {
          "schema_version": 1,
          "attributes": {
            "arn": "arn:aws:ec2:ca-central-1:918595517158:security-group/sg-07e6a45c766858fe9",
            "description": "Managed by Terraform",
            "egress": [
              {
                "cidr_blocks": [
                  "0.0.0.0/0"
                ],
                "description": "",
                "from_port": 0,
                "ipv6_cidr_blocks": [],
                "prefix_list_ids": [],
                "protocol": "-1",
                "security_groups": [],
                "self": false,
                "to_port": 0
              }
            ],
            "id": "sg-07e6a45c766858fe9",
            "ingress": [
              {
                "cidr_blocks": [
                  "0.0.0.0/0"
                ],
                "description": "",
                "from_port": 443,
                "ipv6_cidr_blocks": [],
                "prefix_list_ids": [],
                "protocol": "tcp",
                "security_groups": [],
                "self": false,
                "to_port": 443
              },
              {
                "cidr_blocks": [
                  "0.0.0.0/0"
                ],
                "description": "",
                "from_port": 80,
                "ipv6_cidr_blocks": [],
                "prefix_list_ids": [],
                "protocol": "tcp",
                "security_groups": [],
                "self": false,
                "to_port": 80
              }
            ],
            "name": "tp-prod-alb-secondary-20251013133500646400000001",
            "name_prefix": "tp-prod-alb-secondary-",
            "owner_id": "918595517158",
            "region": "ca-central-1",
            "revoke_rules_on_delete": false,
            "tags": {
              "Deployment": "46ab7955",
              "Environment": "prod",
              "ManagedBy": "Terraform",
              "Name": "tp-prod-sg-alb-secondary",
              "Project": "tp",
              "Purpose": "DR-Architecture",
              "Region": "ca-central-1",
              "Role": "Secondary"
            },
            "tags_all": {
              "Deployment": "46ab7955",
              "Environment": "prod",
              "ManagedBy": "Terraform",
              "Name": "tp-prod-sg-alb-secondary",
              "Project": "tp",
              "Purpose": "DR-Architecture",
              "Region": "ca-central-1",
              "Role": "Secondary"
            },
            "timeouts": null,
            "vpc_id": "vpc-0d4f70e5b1d2da8f3"
          },
          "sensitive_attributes": [],
          "identity_schema_version": 0,
          "identity": {
            "account_id": "918595517158",
            "id": "sg-07e6a45c766858fe9",
            "region": "ca-central-1"
          },
          "private": "eyJlMmJmYjczMC1lY2FhLTExZTYtOGY4OC0zNDM2M2JjN2M0YzAiOnsiY3JlYXRlIjo2MDAwMDAwMDAwMDAsImRlbGV0ZSI6OTAwMDAwMDAwMDAwfSwic2NoZW1hX3ZlcnNpb24iOiIxIn0=",
          "dependencies": [
            "aws_vpc.secondary",
            "random_id.deployment"
          ]
        }
      ]
    },
    {
      "mode": "managed",
      "type": "aws_security_group",
      "name": "app_primary",
      "provider": "provider[\"registry.terraform.io/hashicorp/aws\"].primary",
      "instances": [
        {
          "schema_version": 1,
          "attributes": {
            "arn": "arn:aws:ec2:ap-northeast-1:918595517158:security-group/sg-0312e9174b55761c5",
            "description": "Managed by Terraform",
            "egress": [
              {
                "cidr_blocks": [
                  "0.0.0.0/0"
                ],
                "description": "",
                "from_port": 0,
                "ipv6_cidr_blocks": [],
                "prefix_list_ids": [],
                "protocol": "-1",
                "security_groups": [],
                "self": false,
                "to_port": 0
              }
            ],
            "id": "sg-0312e9174b55761c5",
            "ingress": [
              {
                "cidr_blocks": [],
                "description": "",
                "from_port": 8080,
                "ipv6_cidr_blocks": [],
                "prefix_list_ids": [],
                "protocol": "tcp",
                "security_groups": [
                  "sg-08b23c7f87330bb08"
                ],
                "self": false,
                "to_port": 8080
              }
            ],
            "name": "tp-prod-app-primary-20251013133509395200000003",
            "name_prefix": "tp-prod-app-primary-",
            "owner_id": "918595517158",
            "region": "ap-northeast-1",
            "revoke_rules_on_delete": false,
            "tags": {
              "Deployment": "46ab7955",
              "Environment": "prod",
              "ManagedBy": "Terraform",
              "Name": "tp-prod-sg-app-primary",
              "Project": "tp",
              "Purpose": "DR-Architecture",
              "Region": "ap-northeast-1",
              "Role": "Primary"
            },
            "tags_all": {
              "Deployment": "46ab7955",
              "Environment": "prod",
              "ManagedBy": "Terraform",
              "Name": "tp-prod-sg-app-primary",
              "Project": "tp",
              "Purpose": "DR-Architecture",
              "Region": "ap-northeast-1",
              "Role": "Primary"
            },
            "timeouts": null,
            "vpc_id": "vpc-034bef66249fc4b46"
          },
          "sensitive_attributes": [],
          "identity_schema_version": 0,
          "identity": {
            "account_id": "918595517158",
            "id": "sg-0312e9174b55761c5",
            "region": "ap-northeast-1"
          },
          "private": "eyJlMmJmYjczMC1lY2FhLTExZTYtOGY4OC0zNDM2M2JjN2M0YzAiOnsiY3JlYXRlIjo2MDAwMDAwMDAwMDAsImRlbGV0ZSI6OTAwMDAwMDAwMDAwfSwic2NoZW1hX3ZlcnNpb24iOiIxIn0=",
          "dependencies": [
            "aws_security_group.alb_primary",
            "aws_vpc.primary",
            "random_id.deployment"
          ]
        }
      ]
    },
    {
      "mode": "managed",
      "type": "aws_security_group",
      "name": "app_secondary",
      "provider": "provider[\"registry.terraform.io/hashicorp/aws\"].secondary",
      "instances": [
        {
          "schema_version": 1,
          "attributes": {
            "arn": "arn:aws:ec2:ca-central-1:918595517158:security-group/sg-07367d871b3846626",
            "description": "Managed by Terraform",
            "egress": [
              {
                "cidr_blocks": [
                  "0.0.0.0/0"
                ],
                "description": "",
                "from_port": 0,
                "ipv6_cidr_blocks": [],
                "prefix_list_ids": [],
                "protocol": "-1",
                "security_groups": [],
                "self": false,
                "to_port": 0
              }
            ],
            "id": "sg-07367d871b3846626",
            "ingress": [
              {
                "cidr_blocks": [],
                "description": "",
                "from_port": 8080,
                "ipv6_cidr_blocks": [],
                "prefix_list_ids": [],
                "protocol": "tcp",
                "security_groups": [
                  "sg-07e6a45c766858fe9"
                ],
                "self": false,
                "to_port": 8080
              }
            ],
            "name": "tp-prod-app-secondary-20251013133507383300000003",
            "name_prefix": "tp-prod-app-secondary-",
            "owner_id": "918595517158",
            "region": "ca-central-1",
            "revoke_rules_on_delete": false,
            "tags": {
              "Deployment": "46ab7955",
              "Environment": "prod",
              "ManagedBy": "Terraform",
              "Name": "tp-prod-sg-app-secondary",
              "Project": "tp",
              "Purpose": "DR-Architecture",
              "Region": "ca-central-1",
              "Role": "Secondary"
            },
            "tags_all": {
              "Deployment": "46ab7955",
              "Environment": "prod",
              "ManagedBy": "Terraform",
              "Name": "tp-prod-sg-app-secondary",
              "Project": "tp",
              "Purpose": "DR-Architecture",
              "Region": "ca-central-1",
              "Role": "Secondary"
            },
            "timeouts": null,
            "vpc_id": "vpc-0d4f70e5b1d2da8f3"
          },
          "sensitive_attributes": [],
          "identity_schema_version": 0,
          "identity": {
            "account_id": "918595517158",
            "id": "sg-07367d871b3846626",
            "region": "ca-central-1"
          },
          "private": "eyJlMmJmYjczMC1lY2FhLTExZTYtOGY4OC0zNDM2M2JjN2M0YzAiOnsiY3JlYXRlIjo2MDAwMDAwMDAwMDAsImRlbGV0ZSI6OTAwMDAwMDAwMDAwfSwic2NoZW1hX3ZlcnNpb24iOiIxIn0=",
          "dependencies": [
            "aws_security_group.alb_secondary",
            "aws_vpc.secondary",
            "random_id.deployment"
          ]
        }
      ]
    },
    {
      "mode": "managed",
      "type": "aws_security_group",
      "name": "db_primary",
      "provider": "provider[\"registry.terraform.io/hashicorp/aws\"].primary",
      "instances": [
        {
          "schema_version": 1,
          "attributes": {
            "arn": "arn:aws:ec2:ap-northeast-1:918595517158:security-group/sg-0fc93f68791c1df7c",
            "description": "Managed by Terraform",
            "egress": [],
            "id": "sg-0fc93f68791c1df7c",
            "ingress": [
              {
                "cidr_blocks": [
                  "10.1.0.0/16"
                ],
                "description": "Allow secondary region instances to reach primary DB",
                "from_port": 3306,
                "ipv6_cidr_blocks": [],
                "prefix_list_ids": [],
                "protocol": "tcp",
                "security_groups": [],
                "self": false,
                "to_port": 3306
              },
              {
                "cidr_blocks": [],
                "description": "",
                "from_port": 3306,
                "ipv6_cidr_blocks": [],
                "prefix_list_ids": [],
                "protocol": "tcp",
                "security_groups": [
                  "sg-0312e9174b55761c5"
                ],
                "self": false,
                "to_port": 3306
              }
            ],
            "name": "tp-prod-db-primary-20251013133514756100000004",
            "name_prefix": "tp-prod-db-primary-",
            "owner_id": "918595517158",
            "region": "ap-northeast-1",
            "revoke_rules_on_delete": false,
            "tags": {
              "Deployment": "46ab7955",
              "Environment": "prod",
              "ManagedBy": "Terraform",
              "Name": "tp-prod-sg-db-primary",
              "Project": "tp",
              "Purpose": "DR-Architecture",
              "Region": "ap-northeast-1",
              "Role": "Primary"
            },
            "tags_all": {
              "Deployment": "46ab7955",
              "Environment": "prod",
              "ManagedBy": "Terraform",
              "Name": "tp-prod-sg-db-primary",
              "Project": "tp",
              "Purpose": "DR-Architecture",
              "Region": "ap-northeast-1",
              "Role": "Primary"
            },
            "timeouts": null,
            "vpc_id": "vpc-034bef66249fc4b46"
          },
          "sensitive_attributes": [],
          "identity_schema_version": 0,
          "identity": {
            "account_id": "918595517158",
            "id": "sg-0fc93f68791c1df7c",
            "region": "ap-northeast-1"
          },
          "private": "eyJlMmJmYjczMC1lY2FhLTExZTYtOGY4OC0zNDM2M2JjN2M0YzAiOnsiY3JlYXRlIjo2MDAwMDAwMDAwMDAsImRlbGV0ZSI6OTAwMDAwMDAwMDAwfSwic2NoZW1hX3ZlcnNpb24iOiIxIn0=",
          "dependencies": [
            "aws_security_group.alb_primary",
            "aws_security_group.app_primary",
            "aws_vpc.primary",
            "random_id.deployment"
          ]
        }
      ]
    },
    {
      "mode": "managed",
      "type": "aws_security_group",
      "name": "db_secondary",
      "provider": "provider[\"registry.terraform.io/hashicorp/aws\"].secondary",
      "instances": [
        {
          "schema_version": 1,
          "attributes": {
            "arn": "arn:aws:ec2:ca-central-1:918595517158:security-group/sg-0662f89c8025d2b54",
            "description": "Managed by Terraform",
            "egress": [],
            "id": "sg-0662f89c8025d2b54",
            "ingress": [
              {
                "cidr_blocks": [
                  "10.0.0.0/16"
                ],
                "description": "Allow primary region instances to reach secondary DB",
                "from_port": 3306,
                "ipv6_cidr_blocks": [],
                "prefix_list_ids": [],
                "protocol": "tcp",
                "security_groups": [],
                "self": false,
                "to_port": 3306
              },
              {
                "cidr_blocks": [],
                "description": "",
                "from_port": 3306,
                "ipv6_cidr_blocks": [],
                "prefix_list_ids": [],
                "protocol": "tcp",
                "security_groups": [
                  "sg-07367d871b3846626"
                ],
                "self": false,
                "to_port": 3306
              }
            ],
            "name": "tp-prod-db-secondary-20251013133511398600000004",
            "name_prefix": "tp-prod-db-secondary-",
            "owner_id": "918595517158",
            "region": "ca-central-1",
            "revoke_rules_on_delete": false,
            "tags": {
              "Deployment": "46ab7955",
              "Environment": "prod",
              "ManagedBy": "Terraform",
              "Name": "tp-prod-sg-db-secondary",
              "Project": "tp",
              "Purpose": "DR-Architecture",
              "Region": "ca-central-1",
              "Role": "Secondary"
            },
            "tags_all": {
              "Deployment": "46ab7955",
              "Environment": "prod",
              "ManagedBy": "Terraform",
              "Name": "tp-prod-sg-db-secondary",
              "Project": "tp",
              "Purpose": "DR-Architecture",
              "Region": "ca-central-1",
              "Role": "Secondary"
            },
            "timeouts": null,
            "vpc_id": "vpc-0d4f70e5b1d2da8f3"
          },
          "sensitive_attributes": [],
          "identity_schema_version": 0,
          "identity": {
            "account_id": "918595517158",
            "id": "sg-0662f89c8025d2b54",
            "region": "ca-central-1"
          },
          "private": "eyJlMmJmYjczMC1lY2FhLTExZTYtOGY4OC0zNDM2M2JjN2M0YzAiOnsiY3JlYXRlIjo2MDAwMDAwMDAwMDAsImRlbGV0ZSI6OTAwMDAwMDAwMDAwfSwic2NoZW1hX3ZlcnNpb24iOiIxIn0=",
          "dependencies": [
            "aws_security_group.alb_secondary",
            "aws_security_group.app_secondary",
            "aws_vpc.secondary",
            "random_id.deployment"
          ]
        }
      ]
    },
    {
      "mode": "managed",
      "type": "aws_subnet",
      "name": "primary_data",
      "provider": "provider[\"registry.terraform.io/hashicorp/aws\"].primary",
      "instances": [
        {
          "index_key": 0,
          "schema_version": 1,
          "attributes": {
            "arn": "arn:aws:ec2:ap-northeast-1:918595517158:subnet/subnet-0ce7d9931e05d1cb4",
            "assign_ipv6_address_on_creation": false,
            "availability_zone": "ap-northeast-1a",
            "availability_zone_id": "apne1-az4",
            "cidr_block": "10.0.64.0/20",
            "customer_owned_ipv4_pool": "",
            "enable_dns64": false,
            "enable_lni_at_device_index": 0,
            "enable_resource_name_dns_a_record_on_launch": false,
            "enable_resource_name_dns_aaaa_record_on_launch": false,
            "id": "subnet-0ce7d9931e05d1cb4",
            "ipv6_cidr_block": "",
            "ipv6_cidr_block_association_id": "",
            "ipv6_native": false,
            "map_customer_owned_ip_on_launch": false,
            "map_public_ip_on_launch": false,
            "outpost_arn": "",
            "owner_id": "918595517158",
            "private_dns_hostname_type_on_launch": "ip-name",
            "region": "ap-northeast-1",
            "tags": {
              "Deployment": "46ab7955",
              "Environment": "prod",
              "ManagedBy": "Terraform",
              "Name": "tp-prod-subnet-data-primary-1",
              "Project": "tp",
              "Purpose": "DR-Architecture",
              "Region": "ap-northeast-1",
              "Role": "Primary",
              "Type": "Data"
            },
            "tags_all": {
              "Deployment": "46ab7955",
              "Environment": "prod",
              "ManagedBy": "Terraform",
              "Name": "tp-prod-subnet-data-primary-1",
              "Project": "tp",
              "Purpose": "DR-Architecture",
              "Region": "ap-northeast-1",
              "Role": "Primary",
              "Type": "Data"
            },
            "timeouts": null,
            "vpc_id": "vpc-034bef66249fc4b46"
          },
          "sensitive_attributes": [],
          "identity_schema_version": 0,
          "identity": {
            "account_id": "918595517158",
            "id": "subnet-0ce7d9931e05d1cb4",
            "region": "ap-northeast-1"
          },
          "private": "eyJlMmJmYjczMC1lY2FhLTExZTYtOGY4OC0zNDM2M2JjN2M0YzAiOnsiY3JlYXRlIjo2MDAwMDAwMDAwMDAsImRlbGV0ZSI6MTIwMDAwMDAwMDAwMH0sInNjaGVtYV92ZXJzaW9uIjoiMSJ9",
          "dependencies": [
            "aws_vpc.primary",
            "data.aws_availability_zones.primary",
            "random_id.deployment"
          ]
        },
        {
          "index_key": 1,
          "schema_version": 1,
          "attributes": {
            "arn": "arn:aws:ec2:ap-northeast-1:918595517158:subnet/subnet-0d889a318f6ffc8b1",
            "assign_ipv6_address_on_creation": false,
            "availability_zone": "ap-northeast-1c",
            "availability_zone_id": "apne1-az1",
            "cidr_block": "10.0.80.0/20",
            "customer_owned_ipv4_pool": "",
            "enable_dns64": false,
            "enable_lni_at_device_index": 0,
            "enable_resource_name_dns_a_record_on_launch": false,
            "enable_resource_name_dns_aaaa_record_on_launch": false,
            "id": "subnet-0d889a318f6ffc8b1",
            "ipv6_cidr_block": "",
            "ipv6_cidr_block_association_id": "",
            "ipv6_native": false,
            "map_customer_owned_ip_on_launch": false,
            "map_public_ip_on_launch": false,
            "outpost_arn": "",
            "owner_id": "918595517158",
            "private_dns_hostname_type_on_launch": "ip-name",
            "region": "ap-northeast-1",
            "tags": {
              "Deployment": "46ab7955",
              "Environment": "prod",
              "ManagedBy": "Terraform",
              "Name": "tp-prod-subnet-data-primary-2",
              "Project": "tp",
              "Purpose": "DR-Architecture",
              "Region": "ap-northeast-1",
              "Role": "Primary",
              "Type": "Data"
            },
            "tags_all": {
              "Deployment": "46ab7955",
              "Environment": "prod",
              "ManagedBy": "Terraform",
              "Name": "tp-prod-subnet-data-primary-2",
              "Project": "tp",
              "Purpose": "DR-Architecture",
              "Region": "ap-northeast-1",
              "Role": "Primary",
              "Type": "Data"
            },
            "timeouts": null,
            "vpc_id": "vpc-034bef66249fc4b46"
          },
          "sensitive_attributes": [],
          "identity_schema_version": 0,
          "identity": {
            "account_id": "918595517158",
            "id": "subnet-0d889a318f6ffc8b1",
            "region": "ap-northeast-1"
          },
          "private": "eyJlMmJmYjczMC1lY2FhLTExZTYtOGY4OC0zNDM2M2JjN2M0YzAiOnsiY3JlYXRlIjo2MDAwMDAwMDAwMDAsImRlbGV0ZSI6MTIwMDAwMDAwMDAwMH0sInNjaGVtYV92ZXJzaW9uIjoiMSJ9",
          "dependencies": [
            "aws_vpc.primary",
            "data.aws_availability_zones.primary",
            "random_id.deployment"
          ]
        }
      ]
    },
    {
      "mode": "managed",
      "type": "aws_subnet",
      "name": "primary_private",
      "provider": "provider[\"registry.terraform.io/hashicorp/aws\"].primary",
      "instances": [
        {
          "index_key": 0,
          "schema_version": 1,
          "attributes": {
            "arn": "arn:aws:ec2:ap-northeast-1:918595517158:subnet/subnet-087d0a166d7e0900f",
            "assign_ipv6_address_on_creation": false,
            "availability_zone": "ap-northeast-1a",
            "availability_zone_id": "apne1-az4",
            "cidr_block": "10.0.32.0/20",
            "customer_owned_ipv4_pool": "",
            "enable_dns64": false,
            "enable_lni_at_device_index": 0,
            "enable_resource_name_dns_a_record_on_launch": false,
            "enable_resource_name_dns_aaaa_record_on_launch": false,
            "id": "subnet-087d0a166d7e0900f",
            "ipv6_cidr_block": "",
            "ipv6_cidr_block_association_id": "",
            "ipv6_native": false,
            "map_customer_owned_ip_on_launch": false,
            "map_public_ip_on_launch": false,
            "outpost_arn": "",
            "owner_id": "918595517158",
            "private_dns_hostname_type_on_launch": "ip-name",
            "region": "ap-northeast-1",
            "tags": {
              "Deployment": "46ab7955",
              "Environment": "prod",
              "ManagedBy": "Terraform",
              "Name": "tp-prod-subnet-private-primary-1",
              "Project": "tp",
              "Purpose": "DR-Architecture",
              "Region": "ap-northeast-1",
              "Role": "Primary",
              "Type": "Private"
            },
            "tags_all": {
              "Deployment": "46ab7955",
              "Environment": "prod",
              "ManagedBy": "Terraform",
              "Name": "tp-prod-subnet-private-primary-1",
              "Project": "tp",
              "Purpose": "DR-Architecture",
              "Region": "ap-northeast-1",
              "Role": "Primary",
              "Type": "Private"
            },
            "timeouts": null,
            "vpc_id": "vpc-034bef66249fc4b46"
          },
          "sensitive_attributes": [],
          "identity_schema_version": 0,
          "identity": {
            "account_id": "918595517158",
            "id": "subnet-087d0a166d7e0900f",
            "region": "ap-northeast-1"
          },
          "private": "eyJlMmJmYjczMC1lY2FhLTExZTYtOGY4OC0zNDM2M2JjN2M0YzAiOnsiY3JlYXRlIjo2MDAwMDAwMDAwMDAsImRlbGV0ZSI6MTIwMDAwMDAwMDAwMH0sInNjaGVtYV92ZXJzaW9uIjoiMSJ9",
          "dependencies": [
            "aws_vpc.primary",
            "data.aws_availability_zones.primary",
            "random_id.deployment"
          ]
        },
        {
          "index_key": 1,
          "schema_version": 1,
          "attributes": {
            "arn": "arn:aws:ec2:ap-northeast-1:918595517158:subnet/subnet-0dc265062365724d0",
            "assign_ipv6_address_on_creation": false,
            "availability_zone": "ap-northeast-1c",
            "availability_zone_id": "apne1-az1",
            "cidr_block": "10.0.48.0/20",
            "customer_owned_ipv4_pool": "",
            "enable_dns64": false,
            "enable_lni_at_device_index": 0,
            "enable_resource_name_dns_a_record_on_launch": false,
            "enable_resource_name_dns_aaaa_record_on_launch": false,
            "id": "subnet-0dc265062365724d0",
            "ipv6_cidr_block": "",
            "ipv6_cidr_block_association_id": "",
            "ipv6_native": false,
            "map_customer_owned_ip_on_launch": false,
            "map_public_ip_on_launch": false,
            "outpost_arn": "",
            "owner_id": "918595517158",
            "private_dns_hostname_type_on_launch": "ip-name",
            "region": "ap-northeast-1",
            "tags": {
              "Deployment": "46ab7955",
              "Environment": "prod",
              "ManagedBy": "Terraform",
              "Name": "tp-prod-subnet-private-primary-2",
              "Project": "tp",
              "Purpose": "DR-Architecture",
              "Region": "ap-northeast-1",
              "Role": "Primary",
              "Type": "Private"
            },
            "tags_all": {
              "Deployment": "46ab7955",
              "Environment": "prod",
              "ManagedBy": "Terraform",
              "Name": "tp-prod-subnet-private-primary-2",
              "Project": "tp",
              "Purpose": "DR-Architecture",
              "Region": "ap-northeast-1",
              "Role": "Primary",
              "Type": "Private"
            },
            "timeouts": null,
            "vpc_id": "vpc-034bef66249fc4b46"
          },
          "sensitive_attributes": [],
          "identity_schema_version": 0,
          "identity": {
            "account_id": "918595517158",
            "id": "subnet-0dc265062365724d0",
            "region": "ap-northeast-1"
          },
          "private": "eyJlMmJmYjczMC1lY2FhLTExZTYtOGY4OC0zNDM2M2JjN2M0YzAiOnsiY3JlYXRlIjo2MDAwMDAwMDAwMDAsImRlbGV0ZSI6MTIwMDAwMDAwMDAwMH0sInNjaGVtYV92ZXJzaW9uIjoiMSJ9",
          "dependencies": [
            "aws_vpc.primary",
            "data.aws_availability_zones.primary",
            "random_id.deployment"
          ]
        }
      ]
    },
    {
      "mode": "managed",
      "type": "aws_subnet",
      "name": "primary_public",
      "provider": "provider[\"registry.terraform.io/hashicorp/aws\"].primary",
      "instances": [
        {
          "index_key": 0,
          "schema_version": 1,
          "attributes": {
            "arn": "arn:aws:ec2:ap-northeast-1:918595517158:subnet/subnet-018ba68b5f04ac6c6",
            "assign_ipv6_address_on_creation": false,
            "availability_zone": "ap-northeast-1a",
            "availability_zone_id": "apne1-az4",
            "cidr_block": "10.0.0.0/20",
            "customer_owned_ipv4_pool": "",
            "enable_dns64": false,
            "enable_lni_at_device_index": 0,
            "enable_resource_name_dns_a_record_on_launch": false,
            "enable_resource_name_dns_aaaa_record_on_launch": false,
            "id": "subnet-018ba68b5f04ac6c6",
            "ipv6_cidr_block": "",
            "ipv6_cidr_block_association_id": "",
            "ipv6_native": false,
            "map_customer_owned_ip_on_launch": false,
            "map_public_ip_on_launch": true,
            "outpost_arn": "",
            "owner_id": "918595517158",
            "private_dns_hostname_type_on_launch": "ip-name",
            "region": "ap-northeast-1",
            "tags": {
              "Deployment": "46ab7955",
              "Environment": "prod",
              "ManagedBy": "Terraform",
              "Name": "tp-prod-subnet-public-primary-1",
              "Project": "tp",
              "Purpose": "DR-Architecture",
              "Region": "ap-northeast-1",
              "Role": "Primary",
              "Type": "Public"
            },
            "tags_all": {
              "Deployment": "46ab7955",
              "Environment": "prod",
              "ManagedBy": "Terraform",
              "Name": "tp-prod-subnet-public-primary-1",
              "Project": "tp",
              "Purpose": "DR-Architecture",
              "Region": "ap-northeast-1",
              "Role": "Primary",
              "Type": "Public"
            },
            "timeouts": null,
            "vpc_id": "vpc-034bef66249fc4b46"
          },
          "sensitive_attributes": [],
          "identity_schema_version": 0,
          "identity": {
            "account_id": "918595517158",
            "id": "subnet-018ba68b5f04ac6c6",
            "region": "ap-northeast-1"
          },
          "private": "eyJlMmJmYjczMC1lY2FhLTExZTYtOGY4OC0zNDM2M2JjN2M0YzAiOnsiY3JlYXRlIjo2MDAwMDAwMDAwMDAsImRlbGV0ZSI6MTIwMDAwMDAwMDAwMH0sInNjaGVtYV92ZXJzaW9uIjoiMSJ9",
          "dependencies": [
            "aws_vpc.primary",
            "data.aws_availability_zones.primary",
            "random_id.deployment"
          ]
        },
        {
          "index_key": 1,
          "schema_version": 1,
          "attributes": {
            "arn": "arn:aws:ec2:ap-northeast-1:918595517158:subnet/subnet-0c520afce4eb8b87f",
            "assign_ipv6_address_on_creation": false,
            "availability_zone": "ap-northeast-1c",
            "availability_zone_id": "apne1-az1",
            "cidr_block": "10.0.16.0/20",
            "customer_owned_ipv4_pool": "",
            "enable_dns64": false,
            "enable_lni_at_device_index": 0,
            "enable_resource_name_dns_a_record_on_launch": false,
            "enable_resource_name_dns_aaaa_record_on_launch": false,
            "id": "subnet-0c520afce4eb8b87f",
            "ipv6_cidr_block": "",
            "ipv6_cidr_block_association_id": "",
            "ipv6_native": false,
            "map_customer_owned_ip_on_launch": false,
            "map_public_ip_on_launch": true,
            "outpost_arn": "",
            "owner_id": "918595517158",
            "private_dns_hostname_type_on_launch": "ip-name",
            "region": "ap-northeast-1",
            "tags": {
              "Deployment": "46ab7955",
              "Environment": "prod",
              "ManagedBy": "Terraform",
              "Name": "tp-prod-subnet-public-primary-2",
              "Project": "tp",
              "Purpose": "DR-Architecture",
              "Region": "ap-northeast-1",
              "Role": "Primary",
              "Type": "Public"
            },
            "tags_all": {
              "Deployment": "46ab7955",
              "Environment": "prod",
              "ManagedBy": "Terraform",
              "Name": "tp-prod-subnet-public-primary-2",
              "Project": "tp",
              "Purpose": "DR-Architecture",
              "Region": "ap-northeast-1",
              "Role": "Primary",
              "Type": "Public"
            },
            "timeouts": null,
            "vpc_id": "vpc-034bef66249fc4b46"
          },
          "sensitive_attributes": [],
          "identity_schema_version": 0,
          "identity": {
            "account_id": "918595517158",
            "id": "subnet-0c520afce4eb8b87f",
            "region": "ap-northeast-1"
          },
          "private": "eyJlMmJmYjczMC1lY2FhLTExZTYtOGY4OC0zNDM2M2JjN2M0YzAiOnsiY3JlYXRlIjo2MDAwMDAwMDAwMDAsImRlbGV0ZSI6MTIwMDAwMDAwMDAwMH0sInNjaGVtYV92ZXJzaW9uIjoiMSJ9",
          "dependencies": [
            "aws_vpc.primary",
            "data.aws_availability_zones.primary",
            "random_id.deployment"
          ]
        }
      ]
    },
    {
      "mode": "managed",
      "type": "aws_subnet",
      "name": "secondary_data",
      "provider": "provider[\"registry.terraform.io/hashicorp/aws\"].secondary",
      "instances": [
        {
          "index_key": 0,
          "schema_version": 1,
          "attributes": {
            "arn": "arn:aws:ec2:ca-central-1:918595517158:subnet/subnet-0c23aaa61d3ba0d4a",
            "assign_ipv6_address_on_creation": false,
            "availability_zone": "ca-central-1a",
            "availability_zone_id": "cac1-az1",
            "cidr_block": "10.1.64.0/20",
            "customer_owned_ipv4_pool": "",
            "enable_dns64": false,
            "enable_lni_at_device_index": 0,
            "enable_resource_name_dns_a_record_on_launch": false,
            "enable_resource_name_dns_aaaa_record_on_launch": false,
            "id": "subnet-0c23aaa61d3ba0d4a",
            "ipv6_cidr_block": "",
            "ipv6_cidr_block_association_id": "",
            "ipv6_native": false,
            "map_customer_owned_ip_on_launch": false,
            "map_public_ip_on_launch": false,
            "outpost_arn": "",
            "owner_id": "918595517158",
            "private_dns_hostname_type_on_launch": "ip-name",
            "region": "ca-central-1",
            "tags": {
              "Deployment": "46ab7955",
              "Environment": "prod",
              "ManagedBy": "Terraform",
              "Name": "tp-prod-subnet-data-secondary-1",
              "Project": "tp",
              "Purpose": "DR-Architecture",
              "Region": "ca-central-1",
              "Role": "Secondary",
              "Type": "Data"
            },
            "tags_all": {
              "Deployment": "46ab7955",
              "Environment": "prod",
              "ManagedBy": "Terraform",
              "Name": "tp-prod-subnet-data-secondary-1",
              "Project": "tp",
              "Purpose": "DR-Architecture",
              "Region": "ca-central-1",
              "Role": "Secondary",
              "Type": "Data"
            },
            "timeouts": null,
            "vpc_id": "vpc-0d4f70e5b1d2da8f3"
          },
          "sensitive_attributes": [],
          "identity_schema_version": 0,
          "identity": {
            "account_id": "918595517158",
            "id": "subnet-0c23aaa61d3ba0d4a",
            "region": "ca-central-1"
          },
          "private": "eyJlMmJmYjczMC1lY2FhLTExZTYtOGY4OC0zNDM2M2JjN2M0YzAiOnsiY3JlYXRlIjo2MDAwMDAwMDAwMDAsImRlbGV0ZSI6MTIwMDAwMDAwMDAwMH0sInNjaGVtYV92ZXJzaW9uIjoiMSJ9",
          "dependencies": [
            "aws_vpc.secondary",
            "data.aws_availability_zones.secondary",
            "random_id.deployment"
          ]
        },
        {
          "index_key": 1,
          "schema_version": 1,
          "attributes": {
            "arn": "arn:aws:ec2:ca-central-1:918595517158:subnet/subnet-0672e0e2931dfaf2b",
            "assign_ipv6_address_on_creation": false,
            "availability_zone": "ca-central-1b",
            "availability_zone_id": "cac1-az2",
            "cidr_block": "10.1.80.0/20",
            "customer_owned_ipv4_pool": "",
            "enable_dns64": false,
            "enable_lni_at_device_index": 0,
            "enable_resource_name_dns_a_record_on_launch": false,
            "enable_resource_name_dns_aaaa_record_on_launch": false,
            "id": "subnet-0672e0e2931dfaf2b",
            "ipv6_cidr_block": "",
            "ipv6_cidr_block_association_id": "",
            "ipv6_native": false,
            "map_customer_owned_ip_on_launch": false,
            "map_public_ip_on_launch": false,
            "outpost_arn": "",
            "owner_id": "918595517158",
            "private_dns_hostname_type_on_launch": "ip-name",
            "region": "ca-central-1",
            "tags": {
              "Deployment": "46ab7955",
              "Environment": "prod",
              "ManagedBy": "Terraform",
              "Name": "tp-prod-subnet-data-secondary-2",
              "Project": "tp",
              "Purpose": "DR-Architecture",
              "Region": "ca-central-1",
              "Role": "Secondary",
              "Type": "Data"
            },
            "tags_all": {
              "Deployment": "46ab7955",
              "Environment": "prod",
              "ManagedBy": "Terraform",
              "Name": "tp-prod-subnet-data-secondary-2",
              "Project": "tp",
              "Purpose": "DR-Architecture",
              "Region": "ca-central-1",
              "Role": "Secondary",
              "Type": "Data"
            },
            "timeouts": null,
            "vpc_id": "vpc-0d4f70e5b1d2da8f3"
          },
          "sensitive_attributes": [],
          "identity_schema_version": 0,
          "identity": {
            "account_id": "918595517158",
            "id": "subnet-0672e0e2931dfaf2b",
            "region": "ca-central-1"
          },
          "private": "eyJlMmJmYjczMC1lY2FhLTExZTYtOGY4OC0zNDM2M2JjN2M0YzAiOnsiY3JlYXRlIjo2MDAwMDAwMDAwMDAsImRlbGV0ZSI6MTIwMDAwMDAwMDAwMH0sInNjaGVtYV92ZXJzaW9uIjoiMSJ9",
          "dependencies": [
            "aws_vpc.secondary",
            "data.aws_availability_zones.secondary",
            "random_id.deployment"
          ]
        }
      ]
    },
    {
      "mode": "managed",
      "type": "aws_subnet",
      "name": "secondary_private",
      "provider": "provider[\"registry.terraform.io/hashicorp/aws\"].secondary",
      "instances": [
        {
          "index_key": 0,
          "schema_version": 1,
          "attributes": {
            "arn": "arn:aws:ec2:ca-central-1:918595517158:subnet/subnet-059445f9de356dff0",
            "assign_ipv6_address_on_creation": false,
            "availability_zone": "ca-central-1a",
            "availability_zone_id": "cac1-az1",
            "cidr_block": "10.1.32.0/20",
            "customer_owned_ipv4_pool": "",
            "enable_dns64": false,
            "enable_lni_at_device_index": 0,
            "enable_resource_name_dns_a_record_on_launch": false,
            "enable_resource_name_dns_aaaa_record_on_launch": false,
            "id": "subnet-059445f9de356dff0",
            "ipv6_cidr_block": "",
            "ipv6_cidr_block_association_id": "",
            "ipv6_native": false,
            "map_customer_owned_ip_on_launch": false,
            "map_public_ip_on_launch": false,
            "outpost_arn": "",
            "owner_id": "918595517158",
            "private_dns_hostname_type_on_launch": "ip-name",
            "region": "ca-central-1",
            "tags": {
              "Deployment": "46ab7955",
              "Environment": "prod",
              "ManagedBy": "Terraform",
              "Name": "tp-prod-subnet-private-secondary-1",
              "Project": "tp",
              "Purpose": "DR-Architecture",
              "Region": "ca-central-1",
              "Role": "Secondary",
              "Type": "Private"
            },
            "tags_all": {
              "Deployment": "46ab7955",
              "Environment": "prod",
              "ManagedBy": "Terraform",
              "Name": "tp-prod-subnet-private-secondary-1",
              "Project": "tp",
              "Purpose": "DR-Architecture",
              "Region": "ca-central-1",
              "Role": "Secondary",
              "Type": "Private"
            },
            "timeouts": null,
            "vpc_id": "vpc-0d4f70e5b1d2da8f3"
          },
          "sensitive_attributes": [],
          "identity_schema_version": 0,
          "identity": {
            "account_id": "918595517158",
            "id": "subnet-059445f9de356dff0",
            "region": "ca-central-1"
          },
          "private": "eyJlMmJmYjczMC1lY2FhLTExZTYtOGY4OC0zNDM2M2JjN2M0YzAiOnsiY3JlYXRlIjo2MDAwMDAwMDAwMDAsImRlbGV0ZSI6MTIwMDAwMDAwMDAwMH0sInNjaGVtYV92ZXJzaW9uIjoiMSJ9",
          "dependencies": [
            "aws_vpc.secondary",
            "data.aws_availability_zones.secondary",
            "random_id.deployment"
          ]
        },
        {
          "index_key": 1,
          "schema_version": 1,
          "attributes": {
            "arn": "arn:aws:ec2:ca-central-1:918595517158:subnet/subnet-0d37dadfacbe1f3e7",
            "assign_ipv6_address_on_creation": false,
            "availability_zone": "ca-central-1b",
            "availability_zone_id": "cac1-az2",
            "cidr_block": "10.1.48.0/20",
            "customer_owned_ipv4_pool": "",
            "enable_dns64": false,
            "enable_lni_at_device_index": 0,
            "enable_resource_name_dns_a_record_on_launch": false,
            "enable_resource_name_dns_aaaa_record_on_launch": false,
            "id": "subnet-0d37dadfacbe1f3e7",
            "ipv6_cidr_block": "",
            "ipv6_cidr_block_association_id": "",
            "ipv6_native": false,
            "map_customer_owned_ip_on_launch": false,
            "map_public_ip_on_launch": false,
            "outpost_arn": "",
            "owner_id": "918595517158",
            "private_dns_hostname_type_on_launch": "ip-name",
            "region": "ca-central-1",
            "tags": {
              "Deployment": "46ab7955",
              "Environment": "prod",
              "ManagedBy": "Terraform",
              "Name": "tp-prod-subnet-private-secondary-2",
              "Project": "tp",
              "Purpose": "DR-Architecture",
              "Region": "ca-central-1",
              "Role": "Secondary",
              "Type": "Private"
            },
            "tags_all": {
              "Deployment": "46ab7955",
              "Environment": "prod",
              "ManagedBy": "Terraform",
              "Name": "tp-prod-subnet-private-secondary-2",
              "Project": "tp",
              "Purpose": "DR-Architecture",
              "Region": "ca-central-1",
              "Role": "Secondary",
              "Type": "Private"
            },
            "timeouts": null,
            "vpc_id": "vpc-0d4f70e5b1d2da8f3"
          },
          "sensitive_attributes": [],
          "identity_schema_version": 0,
          "identity": {
            "account_id": "918595517158",
            "id": "subnet-0d37dadfacbe1f3e7",
            "region": "ca-central-1"
          },
          "private": "eyJlMmJmYjczMC1lY2FhLTExZTYtOGY4OC0zNDM2M2JjN2M0YzAiOnsiY3JlYXRlIjo2MDAwMDAwMDAwMDAsImRlbGV0ZSI6MTIwMDAwMDAwMDAwMH0sInNjaGVtYV92ZXJzaW9uIjoiMSJ9",
          "dependencies": [
            "aws_vpc.secondary",
            "data.aws_availability_zones.secondary",
            "random_id.deployment"
          ]
        }
      ]
    },
    {
      "mode": "managed",
      "type": "aws_subnet",
      "name": "secondary_public",
      "provider": "provider[\"registry.terraform.io/hashicorp/aws\"].secondary",
      "instances": [
        {
          "index_key": 0,
          "schema_version": 1,
          "attributes": {
            "arn": "arn:aws:ec2:ca-central-1:918595517158:subnet/subnet-0224ac97dda55bbeb",
            "assign_ipv6_address_on_creation": false,
            "availability_zone": "ca-central-1a",
            "availability_zone_id": "cac1-az1",
            "cidr_block": "10.1.0.0/20",
            "customer_owned_ipv4_pool": "",
            "enable_dns64": false,
            "enable_lni_at_device_index": 0,
            "enable_resource_name_dns_a_record_on_launch": false,
            "enable_resource_name_dns_aaaa_record_on_launch": false,
            "id": "subnet-0224ac97dda55bbeb",
            "ipv6_cidr_block": "",
            "ipv6_cidr_block_association_id": "",
            "ipv6_native": false,
            "map_customer_owned_ip_on_launch": false,
            "map_public_ip_on_launch": true,
            "outpost_arn": "",
            "owner_id": "918595517158",
            "private_dns_hostname_type_on_launch": "ip-name",
            "region": "ca-central-1",
            "tags": {
              "Deployment": "46ab7955",
              "Environment": "prod",
              "ManagedBy": "Terraform",
              "Name": "tp-prod-subnet-public-secondary-1",
              "Project": "tp",
              "Purpose": "DR-Architecture",
              "Region": "ca-central-1",
              "Role": "Secondary",
              "Type": "Public"
            },
            "tags_all": {
              "Deployment": "46ab7955",
              "Environment": "prod",
              "ManagedBy": "Terraform",
              "Name": "tp-prod-subnet-public-secondary-1",
              "Project": "tp",
              "Purpose": "DR-Architecture",
              "Region": "ca-central-1",
              "Role": "Secondary",
              "Type": "Public"
            },
            "timeouts": null,
            "vpc_id": "vpc-0d4f70e5b1d2da8f3"
          },
          "sensitive_attributes": [],
          "identity_schema_version": 0,
          "identity": {
            "account_id": "918595517158",
            "id": "subnet-0224ac97dda55bbeb",
            "region": "ca-central-1"
          },
          "private": "eyJlMmJmYjczMC1lY2FhLTExZTYtOGY4OC0zNDM2M2JjN2M0YzAiOnsiY3JlYXRlIjo2MDAwMDAwMDAwMDAsImRlbGV0ZSI6MTIwMDAwMDAwMDAwMH0sInNjaGVtYV92ZXJzaW9uIjoiMSJ9",
          "dependencies": [
            "aws_vpc.secondary",
            "data.aws_availability_zones.secondary",
            "random_id.deployment"
          ]
        },
        {
          "index_key": 1,
          "schema_version": 1,
          "attributes": {
            "arn": "arn:aws:ec2:ca-central-1:918595517158:subnet/subnet-05ae54cc95ea8771a",
            "assign_ipv6_address_on_creation": false,
            "availability_zone": "ca-central-1b",
            "availability_zone_id": "cac1-az2",
            "cidr_block": "10.1.16.0/20",
            "customer_owned_ipv4_pool": "",
            "enable_dns64": false,
            "enable_lni_at_device_index": 0,
            "enable_resource_name_dns_a_record_on_launch": false,
            "enable_resource_name_dns_aaaa_record_on_launch": false,
            "id": "subnet-05ae54cc95ea8771a",
            "ipv6_cidr_block": "",
            "ipv6_cidr_block_association_id": "",
            "ipv6_native": false,
            "map_customer_owned_ip_on_launch": false,
            "map_public_ip_on_launch": true,
            "outpost_arn": "",
            "owner_id": "918595517158",
            "private_dns_hostname_type_on_launch": "ip-name",
            "region": "ca-central-1",
            "tags": {
              "Deployment": "46ab7955",
              "Environment": "prod",
              "ManagedBy": "Terraform",
              "Name": "tp-prod-subnet-public-secondary-2",
              "Project": "tp",
              "Purpose": "DR-Architecture",
              "Region": "ca-central-1",
              "Role": "Secondary",
              "Type": "Public"
            },
            "tags_all": {
              "Deployment": "46ab7955",
              "Environment": "prod",
              "ManagedBy": "Terraform",
              "Name": "tp-prod-subnet-public-secondary-2",
              "Project": "tp",
              "Purpose": "DR-Architecture",
              "Region": "ca-central-1",
              "Role": "Secondary",
              "Type": "Public"
            },
            "timeouts": null,
            "vpc_id": "vpc-0d4f70e5b1d2da8f3"
          },
          "sensitive_attributes": [],
          "identity_schema_version": 0,
          "identity": {
            "account_id": "918595517158",
            "id": "subnet-05ae54cc95ea8771a",
            "region": "ca-central-1"
          },
          "private": "eyJlMmJmYjczMC1lY2FhLTExZTYtOGY4OC0zNDM2M2JjN2M0YzAiOnsiY3JlYXRlIjo2MDAwMDAwMDAwMDAsImRlbGV0ZSI6MTIwMDAwMDAwMDAwMH0sInNjaGVtYV92ZXJzaW9uIjoiMSJ9",
          "dependencies": [
            "aws_vpc.secondary",
            "data.aws_availability_zones.secondary",
            "random_id.deployment"
          ]
        }
      ]
    },
    {
      "mode": "managed",
      "type": "aws_vpc",
      "name": "primary",
      "provider": "provider[\"registry.terraform.io/hashicorp/aws\"].primary",
      "instances": [
        {
          "schema_version": 1,
          "attributes": {
            "arn": "arn:aws:ec2:ap-northeast-1:918595517158:vpc/vpc-034bef66249fc4b46",
            "assign_generated_ipv6_cidr_block": false,
            "cidr_block": "10.0.0.0/16",
            "default_network_acl_id": "acl-07f3a6642c00d94df",
            "default_route_table_id": "rtb-089eae53ade28ff46",
            "default_security_group_id": "sg-0f8feaffe7268830d",
            "dhcp_options_id": "dopt-0dc567b0d90bef06b",
            "enable_dns_hostnames": true,
            "enable_dns_support": true,
            "enable_network_address_usage_metrics": false,
            "id": "vpc-034bef66249fc4b46",
            "instance_tenancy": "default",
            "ipv4_ipam_pool_id": null,
            "ipv4_netmask_length": null,
            "ipv6_association_id": "",
            "ipv6_cidr_block": "",
            "ipv6_cidr_block_network_border_group": "",
            "ipv6_ipam_pool_id": "",
            "ipv6_netmask_length": 0,
            "main_route_table_id": "rtb-089eae53ade28ff46",
            "owner_id": "918595517158",
            "region": "ap-northeast-1",
            "tags": {
              "Deployment": "46ab7955",
              "Environment": "prod",
              "ManagedBy": "Terraform",
              "Name": "tp-prod-vpc-primary",
              "Project": "tp",
              "Purpose": "DR-Architecture",
              "Region": "ap-northeast-1",
              "Role": "Primary"
            },
            "tags_all": {
              "Deployment": "46ab7955",
              "Environment": "prod",
              "ManagedBy": "Terraform",
              "Name": "tp-prod-vpc-primary",
              "Project": "tp",
              "Purpose": "DR-Architecture",
              "Region": "ap-northeast-1",
              "Role": "Primary"
            }
          },
          "sensitive_attributes": [],
          "identity_schema_version": 0,
          "private": "eyJzY2hlbWFfdmVyc2lvbiI6IjEifQ==",
          "dependencies": [
            "random_id.deployment"
          ]
        }
      ]
    },
    {
      "mode": "managed",
      "type": "aws_vpc",
      "name": "secondary",
      "provider": "provider[\"registry.terraform.io/hashicorp/aws\"].secondary",
      "instances": [
        {
          "schema_version": 1,
          "attributes": {
            "arn": "arn:aws:ec2:ca-central-1:918595517158:vpc/vpc-0d4f70e5b1d2da8f3",
            "assign_generated_ipv6_cidr_block": false,
            "cidr_block": "10.1.0.0/16",
            "default_network_acl_id": "acl-0a2630aff18164c04",
            "default_route_table_id": "rtb-071196e1b1e4ffa45",
            "default_security_group_id": "sg-0015ebda9118f4418",
            "dhcp_options_id": "dopt-02684f79541023f33",
            "enable_dns_hostnames": true,
            "enable_dns_support": true,
            "enable_network_address_usage_metrics": false,
            "id": "vpc-0d4f70e5b1d2da8f3",
            "instance_tenancy": "default",
            "ipv4_ipam_pool_id": null,
            "ipv4_netmask_length": null,
            "ipv6_association_id": "",
            "ipv6_cidr_block": "",
            "ipv6_cidr_block_network_border_group": "",
            "ipv6_ipam_pool_id": "",
            "ipv6_netmask_length": 0,
            "main_route_table_id": "rtb-071196e1b1e4ffa45",
            "owner_id": "918595517158",
            "region": "ca-central-1",
            "tags": {
              "Deployment": "46ab7955",
              "Environment": "prod",
              "ManagedBy": "Terraform",
              "Name": "tp-prod-vpc-secondary",
              "Project": "tp",
              "Purpose": "DR-Architecture",
              "Region": "ca-central-1",
              "Role": "Secondary"
            },
            "tags_all": {
              "Deployment": "46ab7955",
              "Environment": "prod",
              "ManagedBy": "Terraform",
              "Name": "tp-prod-vpc-secondary",
              "Project": "tp",
              "Purpose": "DR-Architecture",
              "Region": "ca-central-1",
              "Role": "Secondary"
            }
          },
          "sensitive_attributes": [],
          "identity_schema_version": 0,
          "private": "eyJzY2hlbWFfdmVyc2lvbiI6IjEifQ==",
          "dependencies": [
            "random_id.deployment"
          ]
        }
      ]
    },
    {
      "mode": "managed",
      "type": "random_id",
      "name": "deployment",
      "provider": "provider[\"registry.terraform.io/hashicorp/random\"]",
      "instances": [
        {
          "schema_version": 0,
          "attributes": {
            "b64_std": "Rqt5VQ==",
            "b64_url": "Rqt5VQ",
            "byte_length": 4,
            "dec": "1185642837",
            "hex": "46ab7955",
            "id": "Rqt5VQ",
            "keepers": null,
            "prefix": null
          },
          "sensitive_attributes": [],
          "identity_schema_version": 0
        }
      ]
    },
    {
      "mode": "managed",
      "type": "random_password",
      "name": "db_master",
      "provider": "provider[\"registry.terraform.io/hashicorp/random\"]",
      "instances": [
        {
          "schema_version": 3,
          "attributes": {
            "bcrypt_hash": "$2a$10$XcEET7snH0VPsFtYx8nASuVHJN/QzA6NJNB4ywEAm3gSCbpfVVJjS",
            "id": "none",
            "keepers": null,
            "length": 24,
            "lower": true,
            "min_lower": 0,
            "min_numeric": 0,
            "min_special": 0,
            "min_upper": 0,
            "number": true,
            "numeric": true,
            "override_special": "!#$%\u0026*()-_=+",
            "result": "k#5o=yZqaY%*yrn3m!s8WvHT",
            "special": true,
            "upper": true
          },
          "sensitive_attributes": [
            [
              {
                "type": "get_attr",
                "value": "bcrypt_hash"
              }
            ],
            [
              {
                "type": "get_attr",
                "value": "result"
              }
            ]
          ],
          "identity_schema_version": 0
        }
      ]
    }
  ],
  "check_results": null
}
