{
  "version": 4,
  "terraform_version": "1.9.0",
  "serial": 228,
  "lineage": "9d5b88df-12c9-3958-8d19-d0f653283d50",
  "outputs": {
    "alb_arn": {
      "value": "arn:aws:elasticloadbalancing:us-east-1:342597974367:loadbalancer/app/pay-dev-d01-alb/bd11ee46d999b693",
      "type": "string"
    },
    "alb_dns_name": {
      "value": "pay-dev-d01-alb-1035808181.us-east-1.elb.amazonaws.com",
      "type": "string"
    },
    "alb_security_group_id": {
      "value": "sg-0d3dde2112e2c5fa1",
      "type": "string"
    },
    "alb_zone_id": {
      "value": "Z35SXDOTRQ7X7K",
      "type": "string"
    },
    "app_security_group_id": {
      "value": "sg-0c6c4d5b7c6094a31",
      "type": "string"
    },
    "autoscaling_group_arn": {
      "value": "arn:aws:autoscaling:us-east-1:342597974367:autoScalingGroup:a7e52d9a-273c-469d-a9af-48d8000d5e24:autoScalingGroupName/pay-dev-d01-20251126094342574000000001",
      "type": "string"
    },
    "autoscaling_group_name": {
      "value": "pay-dev-d01-20251126094342574000000001",
      "type": "string"
    },
    "cloudtrail_name": {
      "value": "pay-dev-d01-trail",
      "type": "string"
    },
    "cloudtrail_s3_bucket": {
      "value": "pay-dev-d01-cloudtrail-logs",
      "type": "string"
    },
    "cloudwatch_log_group": {
      "value": "/aws/application/pay-dev-d01",
      "type": "string"
    },
    "db_secret_arn": {
      "value": "arn:aws:secretsmanager:us-east-1:342597974367:secret:pay-dev-d01-db-password-2025112609332638380000000a-WoTuUL",
      "type": "string",
      "sensitive": true
    },
    "environment": {
      "value": "dev",
      "type": "string"
    },
    "iam_instance_profile_name": {
      "value": "pay-dev-d01-ec2-20251126093307737900000002",
      "type": "string"
    },
    "iam_role_ec2_arn": {
      "value": "arn:aws:iam::342597974367:role/pay-dev-d01-ec2-20251126093305613500000001",
      "type": "string"
    },
    "kms_key_arn": {
      "value": "arn:aws:kms:us-east-1:342597974367:key/49582a4b-e656-4331-a9fe-7633f322470b",
      "type": "string"
    },
    "kms_key_id": {
      "value": "49582a4b-e656-4331-a9fe-7633f322470b",
      "type": "string"
    },
    "private_app_subnet_ids": {
      "value": [
        "subnet-07cd91926ac63afcb",
        "subnet-01ab06b80fb844a2f"
      ],
      "type": [
        "tuple",
        [
          "string",
          "string"
        ]
      ]
    },
    "private_db_subnet_ids": {
      "value": [
        "subnet-0402bb89b2c6eb528",
        "subnet-0006a92cbb7358de1"
      ],
      "type": [
        "tuple",
        [
          "string",
          "string"
        ]
      ]
    },
    "public_subnet_ids": {
      "value": [
        "subnet-0e9fd9f8564a03059",
        "subnet-039456e09fe48e464"
      ],
      "type": [
        "tuple",
        [
          "string",
          "string"
        ]
      ]
    },
    "rds_address": {
      "value": "pay-dev-d01-20251126093340187700000010.covy6ema0nuv.us-east-1.rds.amazonaws.com",
      "type": "string",
      "sensitive": true
    },
    "rds_database_name": {
      "value": "paymentdb",
      "type": "string"
    },
    "rds_endpoint": {
      "value": "pay-dev-d01-20251126093340187700000010.covy6ema0nuv.us-east-1.rds.amazonaws.com:5432",
      "type": "string",
      "sensitive": true
    },
    "rds_port": {
      "value": 5432,
      "type": "number"
    },
    "rds_security_group_id": {
      "value": "sg-08851dd8a41c8d4fd",
      "type": "string"
    },
    "region": {
      "value": "us-east-1",
      "type": "string"
    },
    "sns_topic_arn": {
      "value": "arn:aws:sns:us-east-1:342597974367:pay-dev-d01-20251126093326201800000009",
      "type": "string"
    },
    "vpc_cidr": {
      "value": "10.0.0.0/16",
      "type": "string"
    },
    "vpc_id": {
      "value": "vpc-0614dfaa1b9e1fe35",
      "type": "string"
    }
  },
  "resources": [
    {
      "mode": "data",
      "type": "aws_ami",
      "name": "amazon_linux_2",
      "provider": "provider[\"registry.terraform.io/hashicorp/aws\"]",
      "instances": [
        {
          "schema_version": 0,
          "attributes": {
            "architecture": "x86_64",
            "arn": "arn:aws:ec2:us-east-1::image/ami-0156001f0548e90b1",
            "block_device_mappings": [
              {
                "device_name": "/dev/xvda",
                "ebs": {
                  "delete_on_termination": "true",
                  "encrypted": "false",
                  "iops": "0",
                  "snapshot_id": "snap-0ea2b465cc56e487c",
                  "throughput": "0",
                  "volume_initialization_rate": "0",
                  "volume_size": "8",
                  "volume_type": "gp2"
                },
                "no_device": "",
                "virtual_name": ""
              }
            ],
            "boot_mode": "",
            "creation_date": "2025-11-21T08:38:04.000Z",
            "deprecation_time": "2026-02-19T00:00:00.000Z",
            "description": "Amazon Linux 2 AMI 2.0.20251121.0 x86_64 HVM gp2",
            "ena_support": true,
            "executable_users": null,
            "filter": [
              {
                "name": "name",
                "values": [
                  "amzn2-ami-hvm-*-x86_64-gp2"
                ]
              },
              {
                "name": "virtualization-type",
                "values": [
                  "hvm"
                ]
              }
            ],
            "hypervisor": "xen",
            "id": "ami-0156001f0548e90b1",
            "image_id": "ami-0156001f0548e90b1",
            "image_location": "amazon/amzn2-ami-hvm-2.0.20251121.0-x86_64-gp2",
            "image_owner_alias": "amazon",
            "image_type": "machine",
            "imds_support": "",
            "include_deprecated": false,
            "kernel_id": "",
            "last_launched_time": "",
            "most_recent": true,
            "name": "amzn2-ami-hvm-2.0.20251121.0-x86_64-gp2",
            "name_regex": null,
            "owner_id": "137112412989",
            "owners": [
              "amazon"
            ],
            "platform": "",
            "platform_details": "Linux/UNIX",
            "product_codes": [],
            "public": true,
            "ramdisk_id": "",
            "root_device_name": "/dev/xvda",
            "root_device_type": "ebs",
            "root_snapshot_id": "snap-0ea2b465cc56e487c",
            "sriov_net_support": "simple",
            "state": "available",
            "state_reason": {
              "code": "UNSET",
              "message": "UNSET"
            },
            "tags": {},
            "timeouts": null,
            "tpm_support": "",
            "uefi_data": null,
            "usage_operation": "RunInstances",
            "virtualization_type": "hvm"
          },
          "sensitive_attributes": []
        }
      ]
    },
    {
      "mode": "data",
      "type": "aws_caller_identity",
      "name": "current",
      "provider": "provider[\"registry.terraform.io/hashicorp/aws\"]",
      "instances": [
        {
          "schema_version": 0,
          "attributes": {
            "account_id": "342597974367",
            "arn": "arn:aws:iam::342597974367:user/iac-synth-deploy",
            "id": "342597974367",
            "user_id": "AIDAU7RDOHFP6S4NLVPKQ"
          },
          "sensitive_attributes": []
        }
      ]
    },
    {
      "mode": "managed",
      "type": "aws_autoscaling_group",
      "name": "main",
      "provider": "provider[\"registry.terraform.io/hashicorp/aws\"]",
      "instances": [
        {
          "schema_version": 1,
          "attributes": {
            "arn": "arn:aws:autoscaling:us-east-1:342597974367:autoScalingGroup:a7e52d9a-273c-469d-a9af-48d8000d5e24:autoScalingGroupName/pay-dev-d01-20251126094342574000000001",
            "availability_zone_distribution": [
              {
                "capacity_distribution_strategy": "balanced-best-effort"
              }
            ],
            "availability_zones": [
              "us-east-1a",
              "us-east-1b"
            ],
            "capacity_rebalance": false,
            "capacity_reservation_specification": [
              {
                "capacity_reservation_preference": "default",
                "capacity_reservation_target": []
              }
            ],
            "context": "",
            "default_cooldown": 300,
            "default_instance_warmup": 0,
            "desired_capacity": 1,
            "desired_capacity_type": "",
            "enabled_metrics": [
              "GroupDesiredCapacity",
              "GroupInServiceInstances",
              "GroupMaxSize",
              "GroupMinSize",
              "GroupPendingInstances",
              "GroupStandbyInstances",
              "GroupTerminatingInstances",
              "GroupTotalInstances"
            ],
            "force_delete": false,
            "force_delete_warm_pool": false,
            "health_check_grace_period": 300,
            "health_check_type": "ELB",
            "id": "pay-dev-d01-20251126094342574000000001",
            "ignore_failed_scaling_activities": false,
            "initial_lifecycle_hook": [],
            "instance_maintenance_policy": [],
            "instance_refresh": [],
            "launch_configuration": "",
            "launch_template": [
              {
                "id": "lt-0584ed032403f6fc3",
                "name": "pay-dev-d01-20251126094232197300000013",
                "version": "$Latest"
              }
            ],
            "load_balancers": [],
            "max_instance_lifetime": 0,
            "max_size": 2,
            "metrics_granularity": "1Minute",
            "min_elb_capacity": null,
            "min_size": 1,
            "mixed_instances_policy": [],
            "name": "pay-dev-d01-20251126094342574000000001",
            "name_prefix": "pay-dev-d01-",
            "placement_group": "",
            "predicted_capacity": 0,
            "protect_from_scale_in": false,
            "service_linked_role_arn": "arn:aws:iam::342597974367:role/aws-service-role/autoscaling.amazonaws.com/AWSServiceRoleForAutoScaling",
            "suspended_processes": null,
            "tag": [
              {
                "key": "Environment",
                "propagate_at_launch": true,
                "value": "dev"
              },
              {
                "key": "ManagedBy",
                "propagate_at_launch": true,
                "value": "Terraform"
              },
              {
                "key": "Name",
                "propagate_at_launch": false,
                "value": "pay-dev-d01-app-asg"
              },
              {
                "key": "Project",
                "propagate_at_launch": true,
                "value": "payment-processing"
              }
            ],
            "target_group_arns": [
              "arn:aws:elasticloadbalancing:us-east-1:342597974367:targetgroup/dev-20251126093321491100000004/6b3a4fc25a570c85"
            ],
            "termination_policies": null,
            "timeouts": null,
            "traffic_source": [
              {
                "identifier": "arn:aws:elasticloadbalancing:us-east-1:342597974367:targetgroup/dev-20251126093321491100000004/6b3a4fc25a570c85",
                "type": "elbv2"
              }
            ],
            "vpc_zone_identifier": [
              "subnet-01ab06b80fb844a2f",
              "subnet-07cd91926ac63afcb"
            ],
            "wait_for_capacity_timeout": "10m",
            "wait_for_elb_capacity": null,
            "warm_pool": [],
            "warm_pool_size": 0
          },
          "sensitive_attributes": [],
          "private": "eyJlMmJmYjczMC1lY2FhLTExZTYtOGY4OC0zNDM2M2JjN2M0YzAiOnsiZGVsZXRlIjo2MDAwMDAwMDAwMDAsInVwZGF0ZSI6NjAwMDAwMDAwMDAwfSwic2NoZW1hX3ZlcnNpb24iOiIxIn0=",
          "dependencies": [
            "aws_cloudwatch_log_group.application",
            "aws_db_instance.main",
            "aws_db_subnet_group.main",
            "aws_iam_instance_profile.ec2",
            "aws_iam_role.ec2",
            "aws_iam_role.rds_monitoring",
            "aws_kms_key.main",
            "aws_launch_template.main",
            "aws_lb_target_group.main",
            "aws_security_group.alb",
            "aws_security_group.app",
            "aws_security_group.rds",
            "aws_subnet.private_app",
            "aws_subnet.private_db",
            "aws_vpc.main",
            "data.aws_ami.amazon_linux_2",
            "data.aws_caller_identity.current",
            "random_password.db_password"
          ],
          "create_before_destroy": true
        }
      ]
    },
    {
      "mode": "managed",
      "type": "aws_autoscaling_policy",
      "name": "target_tracking",
      "provider": "provider[\"registry.terraform.io/hashicorp/aws\"]",
      "instances": [
        {
          "schema_version": 0,
          "attributes": {
            "adjustment_type": "",
            "arn": "arn:aws:autoscaling:us-east-1:342597974367:scalingPolicy:661ace7e-ef79-4c54-be4b-f780e885800e:autoScalingGroupName/pay-dev-d01-20251126094342574000000001:policyName/pay-dev-d01-target-tracking",
            "autoscaling_group_name": "pay-dev-d01-20251126094342574000000001",
            "cooldown": 0,
            "enabled": true,
            "estimated_instance_warmup": 0,
            "id": "pay-dev-d01-target-tracking",
            "metric_aggregation_type": "",
            "min_adjustment_magnitude": 0,
            "name": "pay-dev-d01-target-tracking",
            "policy_type": "TargetTrackingScaling",
            "predictive_scaling_configuration": [],
            "scaling_adjustment": 0,
            "step_adjustment": [],
            "target_tracking_configuration": [
              {
                "customized_metric_specification": [],
                "disable_scale_in": false,
                "predefined_metric_specification": [
                  {
                    "predefined_metric_type": "ASGAverageCPUUtilization",
                    "resource_label": ""
                  }
                ],
                "target_value": 70
              }
            ]
          },
          "sensitive_attributes": [],
          "private": "bnVsbA==",
          "dependencies": [
            "aws_autoscaling_group.main",
            "aws_cloudwatch_log_group.application",
            "aws_db_instance.main",
            "aws_db_subnet_group.main",
            "aws_iam_instance_profile.ec2",
            "aws_iam_role.ec2",
            "aws_iam_role.rds_monitoring",
            "aws_kms_key.main",
            "aws_launch_template.main",
            "aws_lb_target_group.main",
            "aws_security_group.alb",
            "aws_security_group.app",
            "aws_security_group.rds",
            "aws_subnet.private_app",
            "aws_subnet.private_db",
            "aws_vpc.main",
            "data.aws_ami.amazon_linux_2",
            "data.aws_caller_identity.current",
            "random_password.db_password"
          ]
        }
      ]
    },
    {
      "mode": "managed",
      "type": "aws_cloudtrail",
      "name": "main",
      "provider": "provider[\"registry.terraform.io/hashicorp/aws\"]",
      "instances": [
        {
          "schema_version": 1,
          "attributes": {
            "advanced_event_selector": [],
            "arn": "arn:aws:cloudtrail:us-east-1:342597974367:trail/pay-dev-d01-trail",
            "cloud_watch_logs_group_arn": "",
            "cloud_watch_logs_role_arn": "",
            "enable_log_file_validation": true,
            "enable_logging": true,
            "event_selector": [
              {
                "data_resource": [],
                "exclude_management_event_sources": [],
                "include_management_events": true,
                "read_write_type": "All"
              }
            ],
            "home_region": "us-east-1",
            "id": "arn:aws:cloudtrail:us-east-1:342597974367:trail/pay-dev-d01-trail",
            "include_global_service_events": true,
            "insight_selector": [],
            "is_multi_region_trail": true,
            "is_organization_trail": false,
            "kms_key_id": "",
            "name": "pay-dev-d01-trail",
            "s3_bucket_name": "pay-dev-d01-cloudtrail-logs",
            "s3_key_prefix": "",
            "sns_topic_arn": "",
            "sns_topic_name": "",
            "tags": {
              "Environment": "dev",
              "ManagedBy": "Terraform",
              "Name": "pay-dev-d01-cloudtrail",
              "Project": "payment-processing"
            },
            "tags_all": {
              "Compliance": "PCI-DSS",
              "Environment": "dev",
              "ManagedBy": "Terraform",
              "Name": "pay-dev-d01-cloudtrail",
              "Project": "payment-processing"
            }
          },
          "sensitive_attributes": [],
          "private": "eyJzY2hlbWFfdmVyc2lvbiI6IjEifQ==",
          "dependencies": [
            "aws_s3_bucket.cloudtrail",
            "aws_s3_bucket_policy.cloudtrail"
          ]
        }
      ]
    },
    {
      "mode": "managed",
      "type": "aws_cloudwatch_log_group",
      "name": "application",
      "provider": "provider[\"registry.terraform.io/hashicorp/aws\"]",
      "instances": [
        {
          "schema_version": 0,
          "attributes": {
            "arn": "arn:aws:logs:us-east-1:342597974367:log-group:/aws/application/pay-dev-d01",
            "id": "/aws/application/pay-dev-d01",
            "kms_key_id": "arn:aws:kms:us-east-1:342597974367:key/49582a4b-e656-4331-a9fe-7633f322470b",
            "log_group_class": "STANDARD",
            "name": "/aws/application/pay-dev-d01",
            "name_prefix": "",
            "retention_in_days": 30,
            "skip_destroy": false,
            "tags": {
              "Environment": "dev",
              "ManagedBy": "Terraform",
              "Name": "pay-dev-d01-app-logs",
              "Project": "payment-processing"
            },
            "tags_all": {
              "Compliance": "PCI-DSS",
              "Environment": "dev",
              "ManagedBy": "Terraform",
              "Name": "pay-dev-d01-app-logs",
              "Project": "payment-processing"
            }
          },
          "sensitive_attributes": [],
          "private": "bnVsbA==",
          "dependencies": [
            "aws_kms_key.main",
            "data.aws_caller_identity.current"
          ],
          "create_before_destroy": true
        }
      ]
    },
    {
      "mode": "managed",
      "type": "aws_cloudwatch_metric_alarm",
      "name": "alb_target_response_time",
      "provider": "provider[\"registry.terraform.io/hashicorp/aws\"]",
      "instances": [
        {
          "schema_version": 1,
          "attributes": {
            "actions_enabled": true,
            "alarm_actions": [
              "arn:aws:sns:us-east-1:342597974367:pay-dev-d01-20251126093326201800000009"
            ],
            "alarm_description": "This metric monitors ALB target response time",
            "alarm_name": "pay-dev-d01-alb-high-response-time",
            "arn": "arn:aws:cloudwatch:us-east-1:342597974367:alarm:pay-dev-d01-alb-high-response-time",
            "comparison_operator": "GreaterThanThreshold",
            "datapoints_to_alarm": 0,
            "dimensions": {
              "LoadBalancer": "app/pay-dev-d01-alb/bd11ee46d999b693"
            },
            "evaluate_low_sample_count_percentiles": "",
            "evaluation_periods": 2,
            "extended_statistic": "",
            "id": "pay-dev-d01-alb-high-response-time",
            "insufficient_data_actions": [],
            "metric_name": "TargetResponseTime",
            "metric_query": [],
            "namespace": "AWS/ApplicationELB",
            "ok_actions": [],
            "period": 300,
            "statistic": "Average",
            "tags": {
              "Environment": "dev",
              "ManagedBy": "Terraform",
              "Name": "pay-dev-d01-alb-response-time-alarm",
              "Project": "payment-processing"
            },
            "tags_all": {
              "Compliance": "PCI-DSS",
              "Environment": "dev",
              "ManagedBy": "Terraform",
              "Name": "pay-dev-d01-alb-response-time-alarm",
              "Project": "payment-processing"
            },
            "threshold": 1,
            "threshold_metric_id": "",
            "treat_missing_data": "missing",
            "unit": ""
          },
          "sensitive_attributes": [],
          "private": "eyJzY2hlbWFfdmVyc2lvbiI6IjEifQ==",
          "dependencies": [
            "aws_kms_key.main",
            "aws_lb.main",
            "aws_security_group.alb",
            "aws_sns_topic.alarms",
            "aws_subnet.public",
            "aws_vpc.main",
            "data.aws_caller_identity.current"
          ]
        }
      ]
    },
    {
      "mode": "managed",
      "type": "aws_cloudwatch_metric_alarm",
      "name": "rds_cpu",
      "provider": "provider[\"registry.terraform.io/hashicorp/aws\"]",
      "instances": [
        {
          "schema_version": 1,
          "attributes": {
            "actions_enabled": true,
            "alarm_actions": [
              "arn:aws:sns:us-east-1:342597974367:pay-dev-d01-20251126093326201800000009"
            ],
            "alarm_description": "This metric monitors RDS CPU utilization",
            "alarm_name": "pay-dev-d01-rds-high-cpu",
            "arn": "arn:aws:cloudwatch:us-east-1:342597974367:alarm:pay-dev-d01-rds-high-cpu",
            "comparison_operator": "GreaterThanThreshold",
            "datapoints_to_alarm": 0,
            "dimensions": {
              "DBInstanceIdentifier": "db-AYEWKWFZTDUTWNVOH5NKYZ53PI"
            },
            "evaluate_low_sample_count_percentiles": "",
            "evaluation_periods": 2,
            "extended_statistic": "",
            "id": "pay-dev-d01-rds-high-cpu",
            "insufficient_data_actions": [],
            "metric_name": "CPUUtilization",
            "metric_query": [],
            "namespace": "AWS/RDS",
            "ok_actions": [],
            "period": 300,
            "statistic": "Average",
            "tags": {
              "Environment": "dev",
              "ManagedBy": "Terraform",
              "Name": "pay-dev-d01-rds-cpu-alarm",
              "Project": "payment-processing"
            },
            "tags_all": {
              "Compliance": "PCI-DSS",
              "Environment": "dev",
              "ManagedBy": "Terraform",
              "Name": "pay-dev-d01-rds-cpu-alarm",
              "Project": "payment-processing"
            },
            "threshold": 80,
            "threshold_metric_id": "",
            "treat_missing_data": "missing",
            "unit": ""
          },
          "sensitive_attributes": [],
          "private": "eyJzY2hlbWFfdmVyc2lvbiI6IjEifQ==",
          "dependencies": [
            "aws_db_instance.main",
            "aws_db_subnet_group.main",
            "aws_iam_role.rds_monitoring",
            "aws_kms_key.main",
            "aws_security_group.alb",
            "aws_security_group.app",
            "aws_security_group.rds",
            "aws_sns_topic.alarms",
            "aws_subnet.private_db",
            "aws_vpc.main",
            "data.aws_caller_identity.current",
            "random_password.db_password"
          ]
        }
      ]
    },
    {
      "mode": "managed",
      "type": "aws_cloudwatch_metric_alarm",
      "name": "rds_storage",
      "provider": "provider[\"registry.terraform.io/hashicorp/aws\"]",
      "instances": [
        {
          "schema_version": 1,
          "attributes": {
            "actions_enabled": true,
            "alarm_actions": [
              "arn:aws:sns:us-east-1:342597974367:pay-dev-d01-20251126093326201800000009"
            ],
            "alarm_description": "This metric monitors RDS free storage space",
            "alarm_name": "pay-dev-d01-rds-low-storage",
            "arn": "arn:aws:cloudwatch:us-east-1:342597974367:alarm:pay-dev-d01-rds-low-storage",
            "comparison_operator": "LessThanThreshold",
            "datapoints_to_alarm": 0,
            "dimensions": {
              "DBInstanceIdentifier": "db-AYEWKWFZTDUTWNVOH5NKYZ53PI"
            },
            "evaluate_low_sample_count_percentiles": "",
            "evaluation_periods": 1,
            "extended_statistic": "",
            "id": "pay-dev-d01-rds-low-storage",
            "insufficient_data_actions": [],
            "metric_name": "FreeStorageSpace",
            "metric_query": [],
            "namespace": "AWS/RDS",
            "ok_actions": [],
            "period": 300,
            "statistic": "Average",
            "tags": {
              "Environment": "dev",
              "ManagedBy": "Terraform",
              "Name": "pay-dev-d01-rds-storage-alarm",
              "Project": "payment-processing"
            },
            "tags_all": {
              "Compliance": "PCI-DSS",
              "Environment": "dev",
              "ManagedBy": "Terraform",
              "Name": "pay-dev-d01-rds-storage-alarm",
              "Project": "payment-processing"
            },
            "threshold": 10737418240,
            "threshold_metric_id": "",
            "treat_missing_data": "missing",
            "unit": ""
          },
          "sensitive_attributes": [],
          "private": "eyJzY2hlbWFfdmVyc2lvbiI6IjEifQ==",
          "dependencies": [
            "aws_db_instance.main",
            "aws_db_subnet_group.main",
            "aws_iam_role.rds_monitoring",
            "aws_kms_key.main",
            "aws_security_group.alb",
            "aws_security_group.app",
            "aws_security_group.rds",
            "aws_sns_topic.alarms",
            "aws_subnet.private_db",
            "aws_vpc.main",
            "data.aws_caller_identity.current",
            "random_password.db_password"
          ]
        }
      ]
    },
    {
      "mode": "managed",
      "type": "aws_db_instance",
      "name": "main",
      "provider": "provider[\"registry.terraform.io/hashicorp/aws\"]",
      "instances": [
        {
          "schema_version": 2,
          "attributes": {
            "address": "pay-dev-d01-20251126093340187700000010.covy6ema0nuv.us-east-1.rds.amazonaws.com",
            "allocated_storage": 20,
            "allow_major_version_upgrade": null,
            "apply_immediately": false,
            "arn": "arn:aws:rds:us-east-1:342597974367:db:pay-dev-d01-20251126093340187700000010",
            "auto_minor_version_upgrade": true,
            "availability_zone": "us-east-1a",
            "backup_retention_period": 7,
            "backup_target": "region",
            "backup_window": "03:00-04:00",
            "blue_green_update": [],
            "ca_cert_identifier": "rds-ca-rsa2048-g1",
            "character_set_name": "",
            "copy_tags_to_snapshot": false,
            "custom_iam_instance_profile": "",
            "customer_owned_ip_enabled": false,
            "database_insights_mode": "standard",
            "db_name": "paymentdb",
            "db_subnet_group_name": "pay-dev-d01-20251126093325257000000007",
            "dedicated_log_volume": false,
            "delete_automated_backups": true,
            "deletion_protection": false,
            "domain": "",
            "domain_auth_secret_arn": "",
            "domain_dns_ips": [],
            "domain_fqdn": "",
            "domain_iam_role_name": "",
            "domain_ou": "",
            "enabled_cloudwatch_logs_exports": [
              "postgresql",
              "upgrade"
            ],
            "endpoint": "pay-dev-d01-20251126093340187700000010.covy6ema0nuv.us-east-1.rds.amazonaws.com:5432",
            "engine": "postgres",
            "engine_lifecycle_support": "open-source-rds-extended-support",
            "engine_version": "15",
            "engine_version_actual": "15.14",
            "final_snapshot_identifier": null,
            "hosted_zone_id": "Z2R2ITUGPM61AM",
            "iam_database_authentication_enabled": false,
            "id": "db-AYEWKWFZTDUTWNVOH5NKYZ53PI",
            "identifier": "pay-dev-d01-20251126093340187700000010",
            "identifier_prefix": "pay-dev-d01-",
            "instance_class": "db.t3.small",
            "iops": 3000,
            "kms_key_id": "arn:aws:kms:us-east-1:342597974367:key/49582a4b-e656-4331-a9fe-7633f322470b",
            "latest_restorable_time": "2025-11-26T09:39:54Z",
            "license_model": "postgresql-license",
            "listener_endpoint": [],
            "maintenance_window": "mon:04:00-mon:05:00",
            "manage_master_user_password": null,
            "master_user_secret": [],
            "master_user_secret_kms_key_id": null,
            "max_allocated_storage": 0,
            "monitoring_interval": 0,
            "monitoring_role_arn": "",
            "multi_az": false,
            "nchar_character_set_name": "",
            "network_type": "IPV4",
            "option_group_name": "default:postgres-15",
            "parameter_group_name": "default.postgres15",
            "password": "naOD\u0026%I5rIb18iVPzEesgY40B)=Zq+?y",
            "password_wo": null,
            "password_wo_version": null,
            "performance_insights_enabled": false,
            "performance_insights_kms_key_id": "",
            "performance_insights_retention_period": 0,
            "port": 5432,
            "publicly_accessible": false,
            "replica_mode": "",
            "replicas": [],
            "replicate_source_db": "",
            "resource_id": "db-AYEWKWFZTDUTWNVOH5NKYZ53PI",
            "restore_to_point_in_time": [],
            "s3_import": [],
            "skip_final_snapshot": true,
            "snapshot_identifier": null,
            "status": "available",
            "storage_encrypted": true,
            "storage_throughput": 125,
            "storage_type": "gp3",
            "tags": {
              "Environment": "dev",
              "ManagedBy": "Terraform",
              "Name": "pay-dev-d01-rds",
              "Project": "payment-processing"
            },
            "tags_all": {
              "Compliance": "PCI-DSS",
              "Environment": "dev",
              "ManagedBy": "Terraform",
              "Name": "pay-dev-d01-rds",
              "Project": "payment-processing"
            },
            "timeouts": null,
            "timezone": "",
            "upgrade_storage_config": null,
            "username": "dbadmin",
            "vpc_security_group_ids": [
              "sg-08851dd8a41c8d4fd"
            ]
          },
          "sensitive_attributes": [
            [
              {
                "type": "get_attr",
                "value": "username"
              }
            ],
            [
              {
                "type": "get_attr",
                "value": "password_wo"
              }
            ],
            [
              {
                "type": "get_attr",
                "value": "password"
              }
            ]
          ],
          "private": "eyJlMmJmYjczMC1lY2FhLTExZTYtOGY4OC0zNDM2M2JjN2M0YzAiOnsiY3JlYXRlIjozMDAwMDAwMDAwMDAwLCJkZWxldGUiOjM2MDAwMDAwMDAwMDAsInVwZGF0ZSI6NDgwMDAwMDAwMDAwMH0sInNjaGVtYV92ZXJzaW9uIjoiMiJ9",
          "dependencies": [
            "aws_db_subnet_group.main",
            "aws_iam_role.rds_monitoring",
            "aws_kms_key.main",
            "aws_security_group.alb",
            "aws_security_group.app",
            "aws_security_group.rds",
            "aws_subnet.private_db",
            "aws_vpc.main",
            "data.aws_caller_identity.current",
            "random_password.db_password"
          ],
          "create_before_destroy": true
        }
      ]
    },
    {
      "mode": "managed",
      "type": "aws_db_subnet_group",
      "name": "main",
      "provider": "provider[\"registry.terraform.io/hashicorp/aws\"]",
      "instances": [
        {
          "schema_version": 0,
          "attributes": {
            "arn": "arn:aws:rds:us-east-1:342597974367:subgrp:pay-dev-d01-20251126093325257000000007",
            "description": "Managed by Terraform",
            "id": "pay-dev-d01-20251126093325257000000007",
            "name": "pay-dev-d01-20251126093325257000000007",
            "name_prefix": "pay-dev-d01-",
            "subnet_ids": [
              "subnet-0006a92cbb7358de1",
              "subnet-0402bb89b2c6eb528"
            ],
            "supported_network_types": [
              "IPV4"
            ],
            "tags": {
              "Environment": "dev",
              "ManagedBy": "Terraform",
              "Name": "pay-dev-d01-db-subnet-group",
              "Project": "payment-processing"
            },
            "tags_all": {
              "Compliance": "PCI-DSS",
              "Environment": "dev",
              "ManagedBy": "Terraform",
              "Name": "pay-dev-d01-db-subnet-group",
              "Project": "payment-processing"
            },
            "vpc_id": "vpc-0614dfaa1b9e1fe35"
          },
          "sensitive_attributes": [],
          "private": "bnVsbA==",
          "dependencies": [
            "aws_subnet.private_db",
            "aws_vpc.main"
          ],
          "create_before_destroy": true
        }
      ]
    },
    {
      "mode": "managed",
      "type": "aws_eip",
      "name": "nat",
      "provider": "provider[\"registry.terraform.io/hashicorp/aws\"]",
      "instances": [
        {
          "index_key": 0,
          "schema_version": 0,
          "attributes": {
            "address": null,
            "allocation_id": "eipalloc-0816be8bffdf1f5b0",
            "arn": "arn:aws:ec2:us-east-1:342597974367:elastic-ip/eipalloc-0816be8bffdf1f5b0",
            "associate_with_private_ip": null,
            "association_id": "eipassoc-0fa6e858ecd0280ff",
            "carrier_ip": "",
            "customer_owned_ip": "",
            "customer_owned_ipv4_pool": "",
            "domain": "vpc",
            "id": "eipalloc-0816be8bffdf1f5b0",
            "instance": "",
            "ipam_pool_id": null,
            "network_border_group": "us-east-1",
            "network_interface": "eni-047be97331c521303",
            "private_dns": "ip-10-0-3-154.ec2.internal",
            "private_ip": "10.0.3.154",
            "ptr_record": "",
            "public_dns": "ec2-44-218-247-32.compute-1.amazonaws.com",
            "public_ip": "44.218.247.32",
            "public_ipv4_pool": "amazon",
            "tags": {
              "Environment": "dev",
              "ManagedBy": "Terraform",
              "Name": "pay-dev-d01-nat-eip-1",
              "Project": "payment-processing"
            },
            "tags_all": {
              "Compliance": "PCI-DSS",
              "Environment": "dev",
              "ManagedBy": "Terraform",
              "Name": "pay-dev-d01-nat-eip-1",
              "Project": "payment-processing"
            },
            "timeouts": null,
            "vpc": true
          },
          "sensitive_attributes": [],
          "private": "eyJlMmJmYjczMC1lY2FhLTExZTYtOGY4OC0zNDM2M2JjN2M0YzAiOnsiZGVsZXRlIjoxODAwMDAwMDAwMDAsInJlYWQiOjkwMDAwMDAwMDAwMCwidXBkYXRlIjozMDAwMDAwMDAwMDB9fQ==",
          "dependencies": [
            "aws_internet_gateway.main",
            "aws_vpc.main"
          ]
        }
      ]
    },
    {
      "mode": "managed",
      "type": "aws_iam_instance_profile",
      "name": "ec2",
      "provider": "provider[\"registry.terraform.io/hashicorp/aws\"]",
      "instances": [
        {
          "schema_version": 0,
          "attributes": {
            "arn": "arn:aws:iam::342597974367:instance-profile/pay-dev-d01-ec2-20251126093307737900000002",
            "create_date": "2025-11-26T09:33:18Z",
            "id": "pay-dev-d01-ec2-20251126093307737900000002",
            "name": "pay-dev-d01-ec2-20251126093307737900000002",
            "name_prefix": "pay-dev-d01-ec2-",
            "path": "/",
            "role": "pay-dev-d01-ec2-20251126093305613500000001",
            "tags": {
              "Environment": "dev",
              "ManagedBy": "Terraform",
              "Name": "pay-dev-d01-ec2-profile",
              "Project": "payment-processing"
            },
            "tags_all": {
              "Compliance": "PCI-DSS",
              "Environment": "dev",
              "ManagedBy": "Terraform",
              "Name": "pay-dev-d01-ec2-profile",
              "Project": "payment-processing"
            },
            "unique_id": "AIPAU7RDOHFPSQE5YBMKN"
          },
          "sensitive_attributes": [],
          "private": "bnVsbA==",
          "dependencies": [
            "aws_iam_role.ec2"
          ],
          "create_before_destroy": true
        }
      ]
    },
    {
      "mode": "managed",
      "type": "aws_iam_role",
      "name": "ec2",
      "provider": "provider[\"registry.terraform.io/hashicorp/aws\"]",
      "instances": [
        {
          "schema_version": 0,
          "attributes": {
            "arn": "arn:aws:iam::342597974367:role/pay-dev-d01-ec2-20251126093305613500000001",
            "assume_role_policy": "{\"Statement\":[{\"Action\":\"sts:AssumeRole\",\"Effect\":\"Allow\",\"Principal\":{\"Service\":\"ec2.amazonaws.com\"}}],\"Version\":\"2012-10-17\"}",
            "create_date": "2025-11-26T09:33:16Z",
            "description": "",
            "force_detach_policies": false,
            "id": "pay-dev-d01-ec2-20251126093305613500000001",
            "inline_policy": [
              {
                "name": "cloudwatch-2025112609332832760000000c",
                "policy": "{\"Version\":\"2012-10-17\",\"Statement\":[{\"Action\":[\"logs:CreateLogGroup\",\"logs:CreateLogStream\",\"logs:PutLogEvents\",\"logs:DescribeLogStreams\"],\"Effect\":\"Allow\",\"Resource\":\"arn:aws:logs:us-east-1:342597974367:log-group:/aws/application/pay-dev-d01:*\"},{\"Action\":[\"cloudwatch:PutMetricData\"],\"Effect\":\"Allow\",\"Resource\":\"*\"}]}"
              }
            ],
            "managed_policy_arns": [
              "arn:aws:iam::aws:policy/AmazonSSMManagedInstanceCore"
            ],
            "max_session_duration": 3600,
            "name": "pay-dev-d01-ec2-20251126093305613500000001",
            "name_prefix": "pay-dev-d01-ec2-",
            "path": "/",
            "permissions_boundary": "",
            "tags": {
              "Environment": "dev",
              "ManagedBy": "Terraform",
              "Name": "pay-dev-d01-ec2-role",
              "Project": "payment-processing"
            },
            "tags_all": {
              "Compliance": "PCI-DSS",
              "Environment": "dev",
              "ManagedBy": "Terraform",
              "Name": "pay-dev-d01-ec2-role",
              "Project": "payment-processing"
            },
            "unique_id": "AROAU7RDOHFPW4WWGXCFC"
          },
          "sensitive_attributes": [],
          "private": "bnVsbA==",
          "create_before_destroy": true
        }
      ]
    },
    {
      "mode": "managed",
      "type": "aws_iam_role_policy",
      "name": "ec2_cloudwatch",
      "provider": "provider[\"registry.terraform.io/hashicorp/aws\"]",
      "instances": [
        {
          "schema_version": 0,
          "attributes": {
            "id": "pay-dev-d01-ec2-20251126093305613500000001:cloudwatch-2025112609332832760000000c",
            "name": "cloudwatch-2025112609332832760000000c",
            "name_prefix": "cloudwatch-",
            "policy": "{\"Version\":\"2012-10-17\",\"Statement\":[{\"Action\":[\"logs:CreateLogGroup\",\"logs:CreateLogStream\",\"logs:PutLogEvents\",\"logs:DescribeLogStreams\"],\"Effect\":\"Allow\",\"Resource\":\"arn:aws:logs:us-east-1:342597974367:log-group:/aws/application/pay-dev-d01:*\"},{\"Action\":[\"cloudwatch:PutMetricData\"],\"Effect\":\"Allow\",\"Resource\":\"*\"}]}",
            "role": "pay-dev-d01-ec2-20251126093305613500000001"
          },
          "sensitive_attributes": [],
          "private": "bnVsbA==",
          "dependencies": [
            "aws_cloudwatch_log_group.application",
            "aws_iam_role.ec2",
            "aws_kms_key.main",
            "data.aws_caller_identity.current"
          ]
        }
      ]
    },
    {
      "mode": "managed",
      "type": "aws_iam_role_policy_attachment",
      "name": "ec2_ssm",
      "provider": "provider[\"registry.terraform.io/hashicorp/aws\"]",
      "instances": [
        {
          "schema_version": 0,
          "attributes": {
            "id": "pay-dev-d01-ec2-20251126093305613500000001-20251126093308073800000003",
            "policy_arn": "arn:aws:iam::aws:policy/AmazonSSMManagedInstanceCore",
            "role": "pay-dev-d01-ec2-20251126093305613500000001"
          },
          "sensitive_attributes": [],
          "private": "bnVsbA==",
          "dependencies": [
            "aws_iam_role.ec2"
          ]
        }
      ]
    },
    {
      "mode": "managed",
      "type": "aws_internet_gateway",
      "name": "main",
      "provider": "provider[\"registry.terraform.io/hashicorp/aws\"]",
      "instances": [
        {
          "schema_version": 0,
          "attributes": {
            "arn": "arn:aws:ec2:us-east-1:342597974367:internet-gateway/igw-027d58c9d27d6ba16",
            "id": "igw-027d58c9d27d6ba16",
            "owner_id": "342597974367",
            "tags": {
              "Environment": "dev",
              "ManagedBy": "Terraform",
              "Name": "pay-dev-d01-igw",
              "Project": "payment-processing"
            },
            "tags_all": {
              "Compliance": "PCI-DSS",
              "Environment": "dev",
              "ManagedBy": "Terraform",
              "Name": "pay-dev-d01-igw",
              "Project": "payment-processing"
            },
            "timeouts": null,
            "vpc_id": "vpc-0614dfaa1b9e1fe35"
          },
          "sensitive_attributes": [],
          "private": "eyJlMmJmYjczMC1lY2FhLTExZTYtOGY4OC0zNDM2M2JjN2M0YzAiOnsiY3JlYXRlIjoxMjAwMDAwMDAwMDAwLCJkZWxldGUiOjEyMDAwMDAwMDAwMDAsInVwZGF0ZSI6MTIwMDAwMDAwMDAwMH19",
          "dependencies": [
            "aws_vpc.main"
          ]
        }
      ]
    },
    {
      "mode": "managed",
      "type": "aws_kms_alias",
      "name": "main",
      "provider": "provider[\"registry.terraform.io/hashicorp/aws\"]",
      "instances": [
        {
          "schema_version": 0,
          "attributes": {
            "arn": "arn:aws:kms:us-east-1:342597974367:alias/pay-dev-d01-key",
            "id": "alias/pay-dev-d01-key",
            "name": "alias/pay-dev-d01-key",
            "name_prefix": "",
            "target_key_arn": "arn:aws:kms:us-east-1:342597974367:key/49582a4b-e656-4331-a9fe-7633f322470b",
            "target_key_id": "49582a4b-e656-4331-a9fe-7633f322470b"
          },
          "sensitive_attributes": [],
          "private": "bnVsbA==",
          "dependencies": [
            "aws_kms_key.main",
            "data.aws_caller_identity.current"
          ]
        }
      ]
    },
    {
      "mode": "managed",
      "type": "aws_kms_key",
      "name": "main",
      "provider": "provider[\"registry.terraform.io/hashicorp/aws\"]",
      "instances": [
        {
          "schema_version": 0,
          "attributes": {
            "arn": "arn:aws:kms:us-east-1:342597974367:key/49582a4b-e656-4331-a9fe-7633f322470b",
            "bypass_policy_lockout_safety_check": false,
            "custom_key_store_id": "",
            "customer_master_key_spec": "SYMMETRIC_DEFAULT",
            "deletion_window_in_days": 10,
            "description": "KMS key for dev environment encryption",
            "enable_key_rotation": true,
            "id": "49582a4b-e656-4331-a9fe-7633f322470b",
            "is_enabled": true,
            "key_id": "49582a4b-e656-4331-a9fe-7633f322470b",
            "key_usage": "ENCRYPT_DECRYPT",
            "multi_region": false,
            "policy": "{\"Statement\":[{\"Action\":\"kms:*\",\"Effect\":\"Allow\",\"Principal\":{\"AWS\":\"arn:aws:iam::342597974367:root\"},\"Resource\":\"*\",\"Sid\":\"Enable IAM User Permissions\"},{\"Action\":[\"kms:Encrypt\",\"kms:Decrypt\",\"kms:ReEncrypt*\",\"kms:GenerateDataKey*\",\"kms:CreateGrant\",\"kms:DescribeKey\"],\"Condition\":{\"ArnLike\":{\"kms:EncryptionContext:aws:logs:arn\":\"arn:aws:logs:us-east-1:342597974367:*\"}},\"Effect\":\"Allow\",\"Principal\":{\"Service\":\"logs.amazonaws.com\"},\"Resource\":\"*\",\"Sid\":\"Allow CloudWatch Logs\"}],\"Version\":\"2012-10-17\"}",
            "rotation_period_in_days": 365,
            "tags": {
              "Environment": "dev",
              "ManagedBy": "Terraform",
              "Name": "pay-dev-d01-kms-key",
              "Project": "payment-processing"
            },
            "tags_all": {
              "Compliance": "PCI-DSS",
              "Environment": "dev",
              "ManagedBy": "Terraform",
              "Name": "pay-dev-d01-kms-key",
              "Project": "payment-processing"
            },
            "timeouts": null,
            "xks_key_id": ""
          },
          "sensitive_attributes": [],
          "private": "eyJlMmJmYjczMC1lY2FhLTExZTYtOGY4OC0zNDM2M2JjN2M0YzAiOnsiY3JlYXRlIjoxMjAwMDAwMDAwMDB9fQ==",
          "dependencies": [
            "data.aws_caller_identity.current"
          ],
          "create_before_destroy": true
        }
      ]
    },
    {
      "mode": "managed",
      "type": "aws_launch_template",
      "name": "main",
      "provider": "provider[\"registry.terraform.io/hashicorp/aws\"]",
      "instances": [
        {
          "schema_version": 0,
          "attributes": {
            "arn": "arn:aws:ec2:us-east-1:342597974367:launch-template/lt-0584ed032403f6fc3",
            "block_device_mappings": [],
            "capacity_reservation_specification": [],
            "cpu_options": [],
            "credit_specification": [],
            "default_version": 1,
            "description": "",
            "disable_api_stop": false,
            "disable_api_termination": false,
            "ebs_optimized": "",
            "elastic_gpu_specifications": [],
            "elastic_inference_accelerator": [],
            "enclave_options": [],
            "hibernation_options": [],
            "iam_instance_profile": [
              {
                "arn": "",
                "name": "pay-dev-d01-ec2-20251126093307737900000002"
              }
            ],
            "id": "lt-0584ed032403f6fc3",
            "image_id": "ami-0156001f0548e90b1",
            "instance_initiated_shutdown_behavior": "",
            "instance_market_options": [],
            "instance_requirements": [],
            "instance_type": "t3.small",
            "kernel_id": "",
            "key_name": "",
            "latest_version": 1,
            "license_specification": [],
            "maintenance_options": [],
            "metadata_options": [
              {
                "http_endpoint": "enabled",
                "http_protocol_ipv6": "",
                "http_put_response_hop_limit": 1,
                "http_tokens": "required",
                "instance_metadata_tags": ""
              }
            ],
            "monitoring": [
              {
                "enabled": true
              }
            ],
            "name": "pay-dev-d01-20251126094232197300000013",
            "name_prefix": "pay-dev-d01-",
            "network_interfaces": [],
            "placement": [],
            "private_dns_name_options": [],
            "ram_disk_id": "",
            "security_group_names": [],
            "tag_specifications": [
              {
                "resource_type": "instance",
                "tags": {
                  "Environment": "dev",
                  "ManagedBy": "Terraform",
                  "Name": "pay-dev-d01-app-instance",
                  "Project": "payment-processing"
                }
              },
              {
                "resource_type": "volume",
                "tags": {
                  "Environment": "dev",
                  "ManagedBy": "Terraform",
                  "Name": "pay-dev-d01-app-volume",
                  "Project": "payment-processing"
                }
              }
            ],
            "tags": {},
            "tags_all": {
              "Compliance": "PCI-DSS",
              "Environment": "dev",
              "ManagedBy": "Terraform",
              "Project": "payment-processing"
            },
            "update_default_version": null,
            "user_data": "IyEvYmluL2Jhc2gKc2V0IC1lCgojIFVwZGF0ZSBzeXN0ZW0KeXVtIHVwZGF0ZSAteQoKIyBJbnN0YWxsIENsb3VkV2F0Y2ggYWdlbnQKeXVtIGluc3RhbGwgLXkgYW1hem9uLWNsb3Vkd2F0Y2gtYWdlbnQKCiMgSW5zdGFsbCBhcHBsaWNhdGlvbiBkZXBlbmRlbmNpZXMKeXVtIGluc3RhbGwgLXkgamF2YS0xMS1hbWF6b24tY29ycmV0dG8gcG9zdGdyZXNxbDE1CgojIENvbmZpZ3VyZSBDbG91ZFdhdGNoIGFnZW50CmNhdCA+IC9vcHQvYXdzL2FtYXpvbi1jbG91ZHdhdGNoLWFnZW50L2V0Yy9jb25maWcuanNvbiA8PEVPRgp7CiAgImxvZ3MiOiB7CiAgICAibG9nc19jb2xsZWN0ZWQiOiB7CiAgICAgICJmaWxlcyI6IHsKICAgICAgICAiY29sbGVjdF9saXN0IjogWwogICAgICAgICAgewogICAgICAgICAgICAiZmlsZV9wYXRoIjogIi92YXIvbG9nL2FwcGxpY2F0aW9uLmxvZyIsCiAgICAgICAgICAgICJsb2dfZ3JvdXBfbmFtZSI6ICIvYXdzL2FwcGxpY2F0aW9uL3BheS1kZXYtZDAxIiwKICAgICAgICAgICAgImxvZ19zdHJlYW1fbmFtZSI6ICJ7aW5zdGFuY2VfaWR9L2FwcGxpY2F0aW9uLmxvZyIsCiAgICAgICAgICAgICJ0aW1lem9uZSI6ICJVVEMiCiAgICAgICAgICB9CiAgICAgICAgXQogICAgICB9CiAgICB9CiAgfSwKICAibWV0cmljcyI6IHsKICAgICJuYW1lc3BhY2UiOiAiUGF5bWVudFByb2Nlc3NpbmciLAogICAgIm1ldHJpY3NfY29sbGVjdGVkIjogewogICAgICAibWVtIjogewogICAgICAgICJtZWFzdXJlbWVudCI6IFsKICAgICAgICAgIHsKICAgICAgICAgICAgIm5hbWUiOiAibWVtX3VzZWRfcGVyY2VudCIsCiAgICAgICAgICAgICJyZW5hbWUiOiAiTWVtb3J5VXRpbGl6YXRpb24iLAogICAgICAgICAgICAidW5pdCI6ICJQZXJjZW50IgogICAgICAgICAgfQogICAgICAgIF0sCiAgICAgICAgIm1ldHJpY3NfY29sbGVjdGlvbl9pbnRlcnZhbCI6IDYwCiAgICAgIH0sCiAgICAgICJkaXNrIjogewogICAgICAgICJtZWFzdXJlbWVudCI6IFsKICAgICAgICAgIHsKICAgICAgICAgICAgIm5hbWUiOiAidXNlZF9wZXJjZW50IiwKICAgICAgICAgICAgInJlbmFtZSI6ICJEaXNrVXRpbGl6YXRpb24iLAogICAgICAgICAgICAidW5pdCI6ICJQZXJjZW50IgogICAgICAgICAgfQogICAgICAgIF0sCiAgICAgICAgIm1ldHJpY3NfY29sbGVjdGlvbl9pbnRlcnZhbCI6IDYwLAogICAgICAgICJyZXNvdXJjZXMiOiBbCiAgICAgICAgICAiLyIKICAgICAgICBdCiAgICAgIH0KICAgIH0KICB9Cn0KRU9GCgojIFN0YXJ0IENsb3VkV2F0Y2ggYWdlbnQKL29wdC9hd3MvYW1hem9uLWNsb3Vkd2F0Y2gtYWdlbnQvYmluL2FtYXpvbi1jbG91ZHdhdGNoLWFnZW50LWN0bCBcCiAgLWEgZmV0Y2gtY29uZmlnIFwKICAtbSBlYzIgXAogIC1zIFwKICAtYyBmaWxlOi9vcHQvYXdzL2FtYXpvbi1jbG91ZHdhdGNoLWFnZW50L2V0Yy9jb25maWcuanNvbgoKIyBDcmVhdGUgYXBwbGljYXRpb24gZGlyZWN0b3J5Cm1rZGlyIC1wIC9vcHQvcGF5bWVudC1hcHAKCiMgQ3JlYXRlIGFwcGxpY2F0aW9uIGhlYWx0aCBjaGVjayBlbmRwb2ludApjYXQgPiAvb3B0L3BheW1lbnQtYXBwL2hlYWx0aC5zaCA8PCdIRUFMVEhFT0YnCiMhL2Jpbi9iYXNoCmVjaG8gIkhUVFAvMS4xIDIwMCBPSyIKZWNobyAiQ29udGVudC1UeXBlOiBhcHBsaWNhdGlvbi9qc29uIgplY2hvICIiCmVjaG8gJ3sic3RhdHVzIjoiaGVhbHRoeSIsInRpbWVzdGFtcCI6IickKGRhdGUgLUlzZWNvbmRzKScifScKSEVBTFRIRU9GCmNobW9kICt4IC9vcHQvcGF5bWVudC1hcHAvaGVhbHRoLnNoCgojIFNpbXBsZSBIVFRQIHNlcnZlciBmb3IgaGVhbHRoIGNoZWNrcwpjYXQgPiAvb3B0L3BheW1lbnQtYXBwL3NlcnZlci5zaCA8PCdTRVJWRVJFT0YnCiMhL2Jpbi9iYXNoCndoaWxlIHRydWU7IGRvCiAgZWNobyAtZSAiSFRUUC8xLjEgMjAwIE9LXHJcbkNvbnRlbnQtVHlwZTogYXBwbGljYXRpb24vanNvblxyXG5cclxue1wic3RhdHVzXCI6XCJoZWFsdGh5XCJ9IiB8IG5jIC1sIC1wIDgwODAgLXEgMQpkb25lClNFUlZFUkVPRgpjaG1vZCAreCAvb3B0L3BheW1lbnQtYXBwL3NlcnZlci5zaAoKIyBDcmVhdGUgc3lzdGVtZCBzZXJ2aWNlCmNhdCA+IC9ldGMvc3lzdGVtZC9zeXN0ZW0vcGF5bWVudC1hcHAuc2VydmljZSA8PCdTRVJWSUNFRU9GJwpbVW5pdF0KRGVzY3JpcHRpb249UGF5bWVudCBQcm9jZXNzaW5nIEFwcGxpY2F0aW9uCkFmdGVyPW5ldHdvcmsudGFyZ2V0CgpbU2VydmljZV0KVHlwZT1zaW1wbGUKVXNlcj1lYzItdXNlcgpXb3JraW5nRGlyZWN0b3J5PS9vcHQvcGF5bWVudC1hcHAKRXhlY1N0YXJ0PS9vcHQvcGF5bWVudC1hcHAvc2VydmVyLnNoClJlc3RhcnQ9YWx3YXlzCgpbSW5zdGFsbF0KV2FudGVkQnk9bXVsdGktdXNlci50YXJnZXQKU0VSVklDRUVPRgoKIyBFbmFibGUgYW5kIHN0YXJ0IHNlcnZpY2UKc3lzdGVtY3RsIGRhZW1vbi1yZWxvYWQKc3lzdGVtY3RsIGVuYWJsZSBwYXltZW50LWFwcApzeXN0ZW1jdGwgc3RhcnQgcGF5bWVudC1hcHAKCiMgU3RvcmUgZGF0YWJhc2UgY29ubmVjdGlvbiBpbmZvIChmb3IgZnV0dXJlIGFwcGxpY2F0aW9uIGRlcGxveW1lbnQpCmNhdCA+IC9vcHQvcGF5bWVudC1hcHAvZGItY29uZmlnLmpzb24gPDxFT0YKewogICJkYl9lbmRwb2ludCI6ICJwYXktZGV2LWQwMS0yMDI1MTEyNjA5MzM0MDE4NzcwMDAwMDAxMC5jb3Z5NmVtYTBudXYudXMtZWFzdC0xLnJkcy5hbWF6b25hd3MuY29tOjU0MzIiLAogICJkYl9uYW1lIjogInBheW1lbnRkYiIsCiAgInJlZ2lvbiI6ICJ1cy1lYXN0LTEiCn0KRU9GCgojIExvZyBjb21wbGV0aW9uCmVjaG8gIlVzZXIgZGF0YSBzY3JpcHQgY29tcGxldGVkIHN1Y2Nlc3NmdWxseSIgPj4gL3Zhci9sb2cvdXNlci1kYXRhLmxvZwo=",
            "vpc_security_group_ids": [
              "sg-0c6c4d5b7c6094a31"
            ]
          },
          "sensitive_attributes": [],
          "private": "bnVsbA==",
          "dependencies": [
            "aws_cloudwatch_log_group.application",
            "aws_db_instance.main",
            "aws_db_subnet_group.main",
            "aws_iam_instance_profile.ec2",
            "aws_iam_role.ec2",
            "aws_iam_role.rds_monitoring",
            "aws_kms_key.main",
            "aws_security_group.alb",
            "aws_security_group.app",
            "aws_security_group.rds",
            "aws_subnet.private_db",
            "aws_vpc.main",
            "data.aws_ami.amazon_linux_2",
            "data.aws_caller_identity.current",
            "random_password.db_password"
          ],
          "create_before_destroy": true
        }
      ]
    },
    {
      "mode": "managed",
      "type": "aws_lb",
      "name": "main",
      "provider": "provider[\"registry.terraform.io/hashicorp/aws\"]",
      "instances": [
        {
          "schema_version": 0,
          "attributes": {
            "access_logs": [
              {
                "bucket": "",
                "enabled": false,
                "prefix": ""
              }
            ],
            "arn": "arn:aws:elasticloadbalancing:us-east-1:342597974367:loadbalancer/app/pay-dev-d01-alb/bd11ee46d999b693",
            "arn_suffix": "app/pay-dev-d01-alb/bd11ee46d999b693",
            "client_keep_alive": 3600,
            "connection_logs": [
              {
                "bucket": "",
                "enabled": false,
                "prefix": ""
              }
            ],
            "customer_owned_ipv4_pool": "",
            "desync_mitigation_mode": "defensive",
            "dns_name": "pay-dev-d01-alb-1035808181.us-east-1.elb.amazonaws.com",
            "dns_record_client_routing_policy": null,
            "drop_invalid_header_fields": false,
            "enable_cross_zone_load_balancing": true,
            "enable_deletion_protection": false,
            "enable_http2": true,
            "enable_tls_version_and_cipher_suite_headers": false,
            "enable_waf_fail_open": false,
            "enable_xff_client_port": false,
            "enable_zonal_shift": false,
            "enforce_security_group_inbound_rules_on_private_link_traffic": "",
            "id": "arn:aws:elasticloadbalancing:us-east-1:342597974367:loadbalancer/app/pay-dev-d01-alb/bd11ee46d999b693",
            "idle_timeout": 60,
            "internal": false,
            "ip_address_type": "ipv4",
            "ipam_pools": [],
            "load_balancer_type": "application",
            "minimum_load_balancer_capacity": [],
            "name": "pay-dev-d01-alb",
            "name_prefix": "",
            "preserve_host_header": false,
            "security_groups": [
              "sg-0d3dde2112e2c5fa1"
            ],
            "subnet_mapping": [
              {
                "allocation_id": "",
                "ipv6_address": "",
                "outpost_id": "",
                "private_ipv4_address": "",
                "subnet_id": "subnet-039456e09fe48e464"
              },
              {
                "allocation_id": "",
                "ipv6_address": "",
                "outpost_id": "",
                "private_ipv4_address": "",
                "subnet_id": "subnet-0e9fd9f8564a03059"
              }
            ],
            "subnets": [
              "subnet-039456e09fe48e464",
              "subnet-0e9fd9f8564a03059"
            ],
            "tags": {
              "Environment": "dev",
              "ManagedBy": "Terraform",
              "Name": "pay-dev-d01-alb",
              "Project": "payment-processing"
            },
            "tags_all": {
              "Compliance": "PCI-DSS",
              "Environment": "dev",
              "ManagedBy": "Terraform",
              "Name": "pay-dev-d01-alb",
              "Project": "payment-processing"
            },
            "timeouts": null,
            "vpc_id": "vpc-0614dfaa1b9e1fe35",
            "xff_header_processing_mode": "append",
            "zone_id": "Z35SXDOTRQ7X7K"
          },
          "sensitive_attributes": [],
          "private": "eyJlMmJmYjczMC1lY2FhLTExZTYtOGY4OC0zNDM2M2JjN2M0YzAiOnsiY3JlYXRlIjo2MDAwMDAwMDAwMDAsImRlbGV0ZSI6NjAwMDAwMDAwMDAwLCJ1cGRhdGUiOjYwMDAwMDAwMDAwMH19",
          "dependencies": [
            "aws_security_group.alb",
            "aws_subnet.public",
            "aws_vpc.main"
          ]
        }
      ]
    },
    {
      "mode": "managed",
      "type": "aws_lb_listener",
      "name": "http",
      "provider": "provider[\"registry.terraform.io/hashicorp/aws\"]",
      "instances": [
        {
          "schema_version": 0,
          "attributes": {
            "alpn_policy": null,
            "arn": "arn:aws:elasticloadbalancing:us-east-1:342597974367:listener/app/pay-dev-d01-alb/bd11ee46d999b693/53040bc09a52e157",
            "certificate_arn": null,
            "default_action": [
              {
                "authenticate_cognito": [],
                "authenticate_oidc": [],
                "fixed_response": [],
                "forward": [],
                "order": 1,
                "redirect": [],
                "target_group_arn": "arn:aws:elasticloadbalancing:us-east-1:342597974367:targetgroup/dev-20251126093321491100000004/6b3a4fc25a570c85",
                "type": "forward"
              }
            ],
            "id": "arn:aws:elasticloadbalancing:us-east-1:342597974367:listener/app/pay-dev-d01-alb/bd11ee46d999b693/53040bc09a52e157",
            "load_balancer_arn": "arn:aws:elasticloadbalancing:us-east-1:342597974367:loadbalancer/app/pay-dev-d01-alb/bd11ee46d999b693",
            "mutual_authentication": [],
            "port": 80,
            "protocol": "HTTP",
            "routing_http_request_x_amzn_mtls_clientcert_header_name": null,
            "routing_http_request_x_amzn_mtls_clientcert_issuer_header_name": null,
            "routing_http_request_x_amzn_mtls_clientcert_leaf_header_name": null,
            "routing_http_request_x_amzn_mtls_clientcert_serial_number_header_name": null,
            "routing_http_request_x_amzn_mtls_clientcert_subject_header_name": null,
            "routing_http_request_x_amzn_mtls_clientcert_validity_header_name": null,
            "routing_http_request_x_amzn_tls_cipher_suite_header_name": null,
            "routing_http_request_x_amzn_tls_version_header_name": null,
            "routing_http_response_access_control_allow_credentials_header_value": "",
            "routing_http_response_access_control_allow_headers_header_value": "",
            "routing_http_response_access_control_allow_methods_header_value": "",
            "routing_http_response_access_control_allow_origin_header_value": "",
            "routing_http_response_access_control_expose_headers_header_value": "",
            "routing_http_response_access_control_max_age_header_value": "",
            "routing_http_response_content_security_policy_header_value": "",
            "routing_http_response_server_enabled": true,
            "routing_http_response_strict_transport_security_header_value": "",
            "routing_http_response_x_content_type_options_header_value": "",
            "routing_http_response_x_frame_options_header_value": "",
            "ssl_policy": "",
            "tags": {},
            "tags_all": {
              "Compliance": "PCI-DSS",
              "Environment": "dev",
              "ManagedBy": "Terraform",
              "Project": "payment-processing"
            },
            "tcp_idle_timeout_seconds": null,
            "timeouts": null
          },
          "sensitive_attributes": [],
          "private": "eyJlMmJmYjczMC1lY2FhLTExZTYtOGY4OC0zNDM2M2JjN2M0YzAiOnsiY3JlYXRlIjozMDAwMDAwMDAwMDAsInVwZGF0ZSI6MzAwMDAwMDAwMDAwfX0=",
          "dependencies": [
            "aws_lb.main",
            "aws_lb_target_group.main",
            "aws_security_group.alb",
            "aws_subnet.public",
            "aws_vpc.main"
          ]
        }
      ]
    },
    {
      "mode": "managed",
      "type": "aws_lb_target_group",
      "name": "main",
      "provider": "provider[\"registry.terraform.io/hashicorp/aws\"]",
      "instances": [
        {
          "schema_version": 0,
          "attributes": {
            "arn": "arn:aws:elasticloadbalancing:us-east-1:342597974367:targetgroup/dev-20251126093321491100000004/6b3a4fc25a570c85",
            "arn_suffix": "targetgroup/dev-20251126093321491100000004/6b3a4fc25a570c85",
            "connection_termination": null,
            "deregistration_delay": "30",
            "health_check": [
              {
                "enabled": true,
                "healthy_threshold": 2,
                "interval": 30,
                "matcher": "200",
                "path": "/health",
                "port": "traffic-port",
                "protocol": "HTTP",
                "timeout": 5,
                "unhealthy_threshold": 2
              }
            ],
            "id": "arn:aws:elasticloadbalancing:us-east-1:342597974367:targetgroup/dev-20251126093321491100000004/6b3a4fc25a570c85",
            "ip_address_type": "ipv4",
            "lambda_multi_value_headers_enabled": false,
            "load_balancer_arns": [
              "arn:aws:elasticloadbalancing:us-east-1:342597974367:loadbalancer/app/pay-dev-d01-alb/bd11ee46d999b693"
            ],
            "load_balancing_algorithm_type": "round_robin",
            "load_balancing_anomaly_mitigation": "off",
            "load_balancing_cross_zone_enabled": "use_load_balancer_configuration",
            "name": "dev-20251126093321491100000004",
            "name_prefix": "dev-",
            "port": 8080,
            "preserve_client_ip": null,
            "protocol": "HTTP",
            "protocol_version": "HTTP1",
            "proxy_protocol_v2": false,
            "slow_start": 0,
            "stickiness": [
              {
                "cookie_duration": 86400,
                "cookie_name": "",
                "enabled": false,
                "type": "lb_cookie"
              }
            ],
            "tags": {
              "Environment": "dev",
              "ManagedBy": "Terraform",
              "Name": "pay-dev-d01-tg",
              "Project": "payment-processing"
            },
            "tags_all": {
              "Compliance": "PCI-DSS",
              "Environment": "dev",
              "ManagedBy": "Terraform",
              "Name": "pay-dev-d01-tg",
              "Project": "payment-processing"
            },
            "target_failover": [
              {
                "on_deregistration": null,
                "on_unhealthy": null
              }
            ],
            "target_group_health": [
              {
                "dns_failover": [
                  {
                    "minimum_healthy_targets_count": "1",
                    "minimum_healthy_targets_percentage": "off"
                  }
                ],
                "unhealthy_state_routing": [
                  {
                    "minimum_healthy_targets_count": 1,
                    "minimum_healthy_targets_percentage": "off"
                  }
                ]
              }
            ],
            "target_health_state": [
              {
                "enable_unhealthy_connection_termination": null,
                "unhealthy_draining_interval": null
              }
            ],
            "target_type": "instance",
            "vpc_id": "vpc-0614dfaa1b9e1fe35"
          },
          "sensitive_attributes": [],
          "private": "bnVsbA==",
          "dependencies": [
            "aws_vpc.main"
          ],
          "create_before_destroy": true
        }
      ]
    },
    {
      "mode": "managed",
      "type": "aws_nat_gateway",
      "name": "main",
      "provider": "provider[\"registry.terraform.io/hashicorp/aws\"]",
      "instances": [
        {
          "index_key": 0,
          "schema_version": 0,
          "attributes": {
            "allocation_id": "eipalloc-0816be8bffdf1f5b0",
            "association_id": "eipassoc-0fa6e858ecd0280ff",
            "connectivity_type": "public",
            "id": "nat-0d3d204346ae3f666",
            "network_interface_id": "eni-047be97331c521303",
            "private_ip": "10.0.3.154",
            "public_ip": "44.218.247.32",
            "secondary_allocation_ids": [],
            "secondary_private_ip_address_count": 0,
            "secondary_private_ip_addresses": [],
            "subnet_id": "subnet-0e9fd9f8564a03059",
            "tags": {
              "Environment": "dev",
              "ManagedBy": "Terraform",
              "Name": "pay-dev-d01-nat-gw-1",
              "Project": "payment-processing"
            },
            "tags_all": {
              "Compliance": "PCI-DSS",
              "Environment": "dev",
              "ManagedBy": "Terraform",
              "Name": "pay-dev-d01-nat-gw-1",
              "Project": "payment-processing"
            },
            "timeouts": null
          },
          "sensitive_attributes": [],
          "private": "eyJlMmJmYjczMC1lY2FhLTExZTYtOGY4OC0zNDM2M2JjN2M0YzAiOnsiY3JlYXRlIjo2MDAwMDAwMDAwMDAsImRlbGV0ZSI6MTgwMDAwMDAwMDAwMCwidXBkYXRlIjo2MDAwMDAwMDAwMDB9fQ==",
          "dependencies": [
            "aws_eip.nat",
            "aws_internet_gateway.main",
            "aws_subnet.public",
            "aws_vpc.main"
          ]
        }
      ]
    },
    {
      "mode": "managed",
      "type": "aws_route_table",
      "name": "private",
      "provider": "provider[\"registry.terraform.io/hashicorp/aws\"]",
      "instances": [
        {
          "index_key": 0,
          "schema_version": 0,
          "attributes": {
            "arn": "arn:aws:ec2:us-east-1:342597974367:route-table/rtb-0e86565fc55d9a6bf",
            "id": "rtb-0e86565fc55d9a6bf",
            "owner_id": "342597974367",
            "propagating_vgws": [],
            "route": [
              {
                "carrier_gateway_id": "",
                "cidr_block": "0.0.0.0/0",
                "core_network_arn": "",
                "destination_prefix_list_id": "",
                "egress_only_gateway_id": "",
                "gateway_id": "",
                "ipv6_cidr_block": "",
                "local_gateway_id": "",
                "nat_gateway_id": "nat-0d3d204346ae3f666",
                "network_interface_id": "",
                "transit_gateway_id": "",
                "vpc_endpoint_id": "",
                "vpc_peering_connection_id": ""
              }
            ],
            "tags": {
              "Environment": "dev",
              "ManagedBy": "Terraform",
              "Name": "pay-dev-d01-private-rt-1",
              "Project": "payment-processing"
            },
            "tags_all": {
              "Compliance": "PCI-DSS",
              "Environment": "dev",
              "ManagedBy": "Terraform",
              "Name": "pay-dev-d01-private-rt-1",
              "Project": "payment-processing"
            },
            "timeouts": null,
            "vpc_id": "vpc-0614dfaa1b9e1fe35"
          },
          "sensitive_attributes": [],
          "private": "eyJlMmJmYjczMC1lY2FhLTExZTYtOGY4OC0zNDM2M2JjN2M0YzAiOnsiY3JlYXRlIjozMDAwMDAwMDAwMDAsImRlbGV0ZSI6MzAwMDAwMDAwMDAwLCJ1cGRhdGUiOjEyMDAwMDAwMDAwMH19",
          "dependencies": [
            "aws_eip.nat",
            "aws_internet_gateway.main",
            "aws_nat_gateway.main",
            "aws_subnet.public",
            "aws_vpc.main"
          ]
        }
      ]
    },
    {
      "mode": "managed",
      "type": "aws_route_table",
      "name": "public",
      "provider": "provider[\"registry.terraform.io/hashicorp/aws\"]",
      "instances": [
        {
          "schema_version": 0,
          "attributes": {
            "arn": "arn:aws:ec2:us-east-1:342597974367:route-table/rtb-0e3220e4cbe627c03",
            "id": "rtb-0e3220e4cbe627c03",
            "owner_id": "342597974367",
            "propagating_vgws": [],
            "route": [
              {
                "carrier_gateway_id": "",
                "cidr_block": "0.0.0.0/0",
                "core_network_arn": "",
                "destination_prefix_list_id": "",
                "egress_only_gateway_id": "",
                "gateway_id": "igw-027d58c9d27d6ba16",
                "ipv6_cidr_block": "",
                "local_gateway_id": "",
                "nat_gateway_id": "",
                "network_interface_id": "",
                "transit_gateway_id": "",
                "vpc_endpoint_id": "",
                "vpc_peering_connection_id": ""
              }
            ],
            "tags": {
              "Environment": "dev",
              "ManagedBy": "Terraform",
              "Name": "pay-dev-d01-public-rt",
              "Project": "payment-processing"
            },
            "tags_all": {
              "Compliance": "PCI-DSS",
              "Environment": "dev",
              "ManagedBy": "Terraform",
              "Name": "pay-dev-d01-public-rt",
              "Project": "payment-processing"
            },
            "timeouts": null,
            "vpc_id": "vpc-0614dfaa1b9e1fe35"
          },
          "sensitive_attributes": [],
          "private": "eyJlMmJmYjczMC1lY2FhLTExZTYtOGY4OC0zNDM2M2JjN2M0YzAiOnsiY3JlYXRlIjozMDAwMDAwMDAwMDAsImRlbGV0ZSI6MzAwMDAwMDAwMDAwLCJ1cGRhdGUiOjEyMDAwMDAwMDAwMH19",
          "dependencies": [
            "aws_internet_gateway.main",
            "aws_vpc.main"
          ]
        }
      ]
    },
    {
      "mode": "managed",
      "type": "aws_route_table_association",
      "name": "private_app",
      "provider": "provider[\"registry.terraform.io/hashicorp/aws\"]",
      "instances": [
        {
          "index_key": 0,
          "schema_version": 0,
          "attributes": {
            "gateway_id": "",
            "id": "rtbassoc-0e671ac4ad9a27f6e",
            "route_table_id": "rtb-0e86565fc55d9a6bf",
            "subnet_id": "subnet-07cd91926ac63afcb",
            "timeouts": null
          },
          "sensitive_attributes": [],
          "private": "eyJlMmJmYjczMC1lY2FhLTExZTYtOGY4OC0zNDM2M2JjN2M0YzAiOnsiY3JlYXRlIjozMDAwMDAwMDAwMDAsImRlbGV0ZSI6MzAwMDAwMDAwMDAwLCJ1cGRhdGUiOjEyMDAwMDAwMDAwMH19",
          "dependencies": [
            "aws_eip.nat",
            "aws_internet_gateway.main",
            "aws_nat_gateway.main",
            "aws_route_table.private",
            "aws_subnet.private_app",
            "aws_subnet.public",
            "aws_vpc.main"
          ]
        },
        {
          "index_key": 1,
          "schema_version": 0,
          "attributes": {
            "gateway_id": "",
            "id": "rtbassoc-0a81441dc2c48a610",
            "route_table_id": "rtb-0e86565fc55d9a6bf",
            "subnet_id": "subnet-01ab06b80fb844a2f",
            "timeouts": null
          },
          "sensitive_attributes": [],
          "private": "eyJlMmJmYjczMC1lY2FhLTExZTYtOGY4OC0zNDM2M2JjN2M0YzAiOnsiY3JlYXRlIjozMDAwMDAwMDAwMDAsImRlbGV0ZSI6MzAwMDAwMDAwMDAwLCJ1cGRhdGUiOjEyMDAwMDAwMDAwMH19",
          "dependencies": [
            "aws_eip.nat",
            "aws_internet_gateway.main",
            "aws_nat_gateway.main",
            "aws_route_table.private",
            "aws_subnet.private_app",
            "aws_subnet.public",
            "aws_vpc.main"
          ]
        }
      ]
    },
    {
      "mode": "managed",
      "type": "aws_route_table_association",
      "name": "private_db",
      "provider": "provider[\"registry.terraform.io/hashicorp/aws\"]",
      "instances": [
        {
          "index_key": 0,
          "schema_version": 0,
          "attributes": {
            "gateway_id": "",
            "id": "rtbassoc-01aed0bdf2a94e6fc",
            "route_table_id": "rtb-0e86565fc55d9a6bf",
            "subnet_id": "subnet-0402bb89b2c6eb528",
            "timeouts": null
          },
          "sensitive_attributes": [],
          "private": "eyJlMmJmYjczMC1lY2FhLTExZTYtOGY4OC0zNDM2M2JjN2M0YzAiOnsiY3JlYXRlIjozMDAwMDAwMDAwMDAsImRlbGV0ZSI6MzAwMDAwMDAwMDAwLCJ1cGRhdGUiOjEyMDAwMDAwMDAwMH19",
          "dependencies": [
            "aws_eip.nat",
            "aws_internet_gateway.main",
            "aws_nat_gateway.main",
            "aws_route_table.private",
            "aws_subnet.private_db",
            "aws_subnet.public",
            "aws_vpc.main"
          ]
        },
        {
          "index_key": 1,
          "schema_version": 0,
          "attributes": {
            "gateway_id": "",
            "id": "rtbassoc-0905331f289ce397c",
            "route_table_id": "rtb-0e86565fc55d9a6bf",
            "subnet_id": "subnet-0006a92cbb7358de1",
            "timeouts": null
          },
          "sensitive_attributes": [],
          "private": "eyJlMmJmYjczMC1lY2FhLTExZTYtOGY4OC0zNDM2M2JjN2M0YzAiOnsiY3JlYXRlIjozMDAwMDAwMDAwMDAsImRlbGV0ZSI6MzAwMDAwMDAwMDAwLCJ1cGRhdGUiOjEyMDAwMDAwMDAwMH19",
          "dependencies": [
            "aws_eip.nat",
            "aws_internet_gateway.main",
            "aws_nat_gateway.main",
            "aws_route_table.private",
            "aws_subnet.private_db",
            "aws_subnet.public",
            "aws_vpc.main"
          ]
        }
      ]
    },
    {
      "mode": "managed",
      "type": "aws_route_table_association",
      "name": "public",
      "provider": "provider[\"registry.terraform.io/hashicorp/aws\"]",
      "instances": [
        {
          "index_key": 0,
          "schema_version": 0,
          "attributes": {
            "gateway_id": "",
            "id": "rtbassoc-03587a755e0d9d7a3",
            "route_table_id": "rtb-0e3220e4cbe627c03",
            "subnet_id": "subnet-0e9fd9f8564a03059",
            "timeouts": null
          },
          "sensitive_attributes": [],
          "private": "eyJlMmJmYjczMC1lY2FhLTExZTYtOGY4OC0zNDM2M2JjN2M0YzAiOnsiY3JlYXRlIjozMDAwMDAwMDAwMDAsImRlbGV0ZSI6MzAwMDAwMDAwMDAwLCJ1cGRhdGUiOjEyMDAwMDAwMDAwMH19",
          "dependencies": [
            "aws_internet_gateway.main",
            "aws_route_table.public",
            "aws_subnet.public",
            "aws_vpc.main"
          ]
        },
        {
          "index_key": 1,
          "schema_version": 0,
          "attributes": {
            "gateway_id": "",
            "id": "rtbassoc-0a5c3fb19cad3d00a",
            "route_table_id": "rtb-0e3220e4cbe627c03",
            "subnet_id": "subnet-039456e09fe48e464",
            "timeouts": null
          },
          "sensitive_attributes": [],
          "private": "eyJlMmJmYjczMC1lY2FhLTExZTYtOGY4OC0zNDM2M2JjN2M0YzAiOnsiY3JlYXRlIjozMDAwMDAwMDAwMDAsImRlbGV0ZSI6MzAwMDAwMDAwMDAwLCJ1cGRhdGUiOjEyMDAwMDAwMDAwMH19",
          "dependencies": [
            "aws_internet_gateway.main",
            "aws_route_table.public",
            "aws_subnet.public",
            "aws_vpc.main"
          ]
        }
      ]
    },
    {
      "mode": "managed",
      "type": "aws_s3_bucket",
      "name": "cloudtrail",
      "provider": "provider[\"registry.terraform.io/hashicorp/aws\"]",
      "instances": [
        {
          "schema_version": 0,
          "attributes": {
            "acceleration_status": "",
            "acl": null,
            "arn": "arn:aws:s3:::pay-dev-d01-cloudtrail-logs",
            "bucket": "pay-dev-d01-cloudtrail-logs",
            "bucket_domain_name": "pay-dev-d01-cloudtrail-logs.s3.amazonaws.com",
            "bucket_prefix": "",
            "bucket_regional_domain_name": "pay-dev-d01-cloudtrail-logs.s3.us-east-1.amazonaws.com",
            "cors_rule": [],
            "force_destroy": true,
            "grant": [
              {
                "id": "5e11009481664687bf1ec517a9c41894392b4a057b0b19eeaaf7779a17ba0490",
                "permissions": [
                  "FULL_CONTROL"
                ],
                "type": "CanonicalUser",
                "uri": ""
              }
            ],
            "hosted_zone_id": "Z3AQBSTGFYJSTF",
            "id": "pay-dev-d01-cloudtrail-logs",
            "lifecycle_rule": [],
            "logging": [],
            "object_lock_configuration": [],
            "object_lock_enabled": false,
            "policy": "{\"Statement\":[{\"Action\":\"s3:GetBucketAcl\",\"Effect\":\"Allow\",\"Principal\":{\"Service\":\"cloudtrail.amazonaws.com\"},\"Resource\":\"arn:aws:s3:::pay-dev-d01-cloudtrail-logs\",\"Sid\":\"AWSCloudTrailAclCheck\"},{\"Action\":\"s3:PutObject\",\"Condition\":{\"StringEquals\":{\"s3:x-amz-acl\":\"bucket-owner-full-control\"}},\"Effect\":\"Allow\",\"Principal\":{\"Service\":\"cloudtrail.amazonaws.com\"},\"Resource\":\"arn:aws:s3:::pay-dev-d01-cloudtrail-logs/*\",\"Sid\":\"AWSCloudTrailWrite\"}],\"Version\":\"2012-10-17\"}",
            "region": "us-east-1",
            "replication_configuration": [],
            "request_payer": "BucketOwner",
            "server_side_encryption_configuration": [
              {
                "rule": [
                  {
                    "apply_server_side_encryption_by_default": [
                      {
                        "kms_master_key_id": "",
                        "sse_algorithm": "AES256"
                      }
                    ],
                    "bucket_key_enabled": false
                  }
                ]
              }
            ],
            "tags": {
              "Environment": "dev",
              "ManagedBy": "Terraform",
              "Name": "pay-dev-d01-cloudtrail-bucket",
              "Project": "payment-processing"
            },
            "tags_all": {
              "Compliance": "PCI-DSS",
              "Environment": "dev",
              "ManagedBy": "Terraform",
              "Name": "pay-dev-d01-cloudtrail-bucket",
              "Project": "payment-processing"
            },
            "timeouts": null,
            "versioning": [
              {
                "enabled": true,
                "mfa_delete": false
              }
            ],
            "website": [],
            "website_domain": null,
            "website_endpoint": null
          },
          "sensitive_attributes": [],
          "private": "eyJlMmJmYjczMC1lY2FhLTExZTYtOGY4OC0zNDM2M2JjN2M0YzAiOnsiY3JlYXRlIjoxMjAwMDAwMDAwMDAwLCJkZWxldGUiOjM2MDAwMDAwMDAwMDAsInJlYWQiOjEyMDAwMDAwMDAwMDAsInVwZGF0ZSI6MTIwMDAwMDAwMDAwMH19"
        }
      ]
    },
    {
      "mode": "managed",
      "type": "aws_s3_bucket_policy",
      "name": "cloudtrail",
      "provider": "provider[\"registry.terraform.io/hashicorp/aws\"]",
      "instances": [
        {
          "schema_version": 0,
          "attributes": {
            "bucket": "pay-dev-d01-cloudtrail-logs",
            "id": "pay-dev-d01-cloudtrail-logs",
            "policy": "{\"Statement\":[{\"Action\":\"s3:GetBucketAcl\",\"Effect\":\"Allow\",\"Principal\":{\"Service\":\"cloudtrail.amazonaws.com\"},\"Resource\":\"arn:aws:s3:::pay-dev-d01-cloudtrail-logs\",\"Sid\":\"AWSCloudTrailAclCheck\"},{\"Action\":\"s3:PutObject\",\"Condition\":{\"StringEquals\":{\"s3:x-amz-acl\":\"bucket-owner-full-control\"}},\"Effect\":\"Allow\",\"Principal\":{\"Service\":\"cloudtrail.amazonaws.com\"},\"Resource\":\"arn:aws:s3:::pay-dev-d01-cloudtrail-logs/*\",\"Sid\":\"AWSCloudTrailWrite\"}],\"Version\":\"2012-10-17\"}"
          },
          "sensitive_attributes": [],
          "private": "bnVsbA==",
          "dependencies": [
            "aws_s3_bucket.cloudtrail"
          ]
        }
      ]
    },
    {
      "mode": "managed",
      "type": "aws_s3_bucket_public_access_block",
      "name": "cloudtrail",
      "provider": "provider[\"registry.terraform.io/hashicorp/aws\"]",
      "instances": [
        {
          "schema_version": 0,
          "attributes": {
            "block_public_acls": true,
            "block_public_policy": true,
            "bucket": "pay-dev-d01-cloudtrail-logs",
            "id": "pay-dev-d01-cloudtrail-logs",
            "ignore_public_acls": true,
            "restrict_public_buckets": true
          },
          "sensitive_attributes": [],
          "private": "bnVsbA==",
          "dependencies": [
            "aws_s3_bucket.cloudtrail"
          ]
        }
      ]
    },
    {
      "mode": "managed",
      "type": "aws_s3_bucket_server_side_encryption_configuration",
      "name": "cloudtrail",
      "provider": "provider[\"registry.terraform.io/hashicorp/aws\"]",
      "instances": [
        {
          "schema_version": 0,
          "attributes": {
            "bucket": "pay-dev-d01-cloudtrail-logs",
            "expected_bucket_owner": "",
            "id": "pay-dev-d01-cloudtrail-logs",
            "rule": [
              {
                "apply_server_side_encryption_by_default": [
                  {
                    "kms_master_key_id": "",
                    "sse_algorithm": "AES256"
                  }
                ],
                "bucket_key_enabled": false
              }
            ]
          },
          "sensitive_attributes": [],
          "private": "bnVsbA==",
          "dependencies": [
            "aws_s3_bucket.cloudtrail"
          ]
        }
      ]
    },
    {
      "mode": "managed",
      "type": "aws_s3_bucket_versioning",
      "name": "cloudtrail",
      "provider": "provider[\"registry.terraform.io/hashicorp/aws\"]",
      "instances": [
        {
          "schema_version": 0,
          "attributes": {
            "bucket": "pay-dev-d01-cloudtrail-logs",
            "expected_bucket_owner": "",
            "id": "pay-dev-d01-cloudtrail-logs",
            "mfa": null,
            "versioning_configuration": [
              {
                "mfa_delete": "",
                "status": "Enabled"
              }
            ]
          },
          "sensitive_attributes": [],
          "private": "bnVsbA==",
          "dependencies": [
            "aws_s3_bucket.cloudtrail"
          ]
        }
      ]
    },
    {
      "mode": "managed",
      "type": "aws_secretsmanager_secret",
      "name": "db_password",
      "provider": "provider[\"registry.terraform.io/hashicorp/aws\"]",
      "instances": [
        {
          "schema_version": 0,
          "attributes": {
            "arn": "arn:aws:secretsmanager:us-east-1:342597974367:secret:pay-dev-d01-db-password-2025112609332638380000000a-WoTuUL",
            "description": "",
            "force_overwrite_replica_secret": false,
            "id": "arn:aws:secretsmanager:us-east-1:342597974367:secret:pay-dev-d01-db-password-2025112609332638380000000a-WoTuUL",
            "kms_key_id": "arn:aws:kms:us-east-1:342597974367:key/49582a4b-e656-4331-a9fe-7633f322470b",
            "name": "pay-dev-d01-db-password-2025112609332638380000000a",
            "name_prefix": "pay-dev-d01-db-password-",
            "policy": "",
            "recovery_window_in_days": 0,
            "replica": [],
            "tags": {
              "Environment": "dev",
              "ManagedBy": "Terraform",
              "Name": "pay-dev-d01-db-password",
              "Project": "payment-processing"
            },
            "tags_all": {
              "Compliance": "PCI-DSS",
              "Environment": "dev",
              "ManagedBy": "Terraform",
              "Name": "pay-dev-d01-db-password",
              "Project": "payment-processing"
            }
          },
          "sensitive_attributes": [],
          "private": "bnVsbA==",
          "dependencies": [
            "aws_kms_key.main",
            "data.aws_caller_identity.current"
          ]
        }
      ]
    },
    {
      "mode": "managed",
      "type": "aws_secretsmanager_secret_version",
      "name": "db_password",
      "provider": "provider[\"registry.terraform.io/hashicorp/aws\"]",
      "instances": [
        {
          "schema_version": 0,
          "attributes": {
            "arn": "arn:aws:secretsmanager:us-east-1:342597974367:secret:pay-dev-d01-db-password-2025112609332638380000000a-WoTuUL",
            "has_secret_string_wo": null,
            "id": "arn:aws:secretsmanager:us-east-1:342597974367:secret:pay-dev-d01-db-password-2025112609332638380000000a-WoTuUL|terraform-20251126094232175300000012",
            "secret_binary": "",
            "secret_id": "arn:aws:secretsmanager:us-east-1:342597974367:secret:pay-dev-d01-db-password-2025112609332638380000000a-WoTuUL",
            "secret_string": "{\"dbname\":\"paymentdb\",\"engine\":\"postgres\",\"host\":\"pay-dev-d01-20251126093340187700000010.covy6ema0nuv.us-east-1.rds.amazonaws.com\",\"password\":\"naOD\\u0026%I5rIb18iVPzEesgY40B)=Zq+?y\",\"port\":5432,\"username\":\"dbadmin\"}",
            "secret_string_wo": null,
            "secret_string_wo_version": null,
            "version_id": "terraform-20251126094232175300000012",
            "version_stages": [
              "AWSCURRENT"
            ]
          },
          "sensitive_attributes": [
            [
              {
                "type": "get_attr",
                "value": "secret_string"
              }
            ],
            [
              {
                "type": "get_attr",
                "value": "secret_binary"
              }
            ],
            [
              {
                "type": "get_attr",
                "value": "secret_string_wo"
              }
            ]
          ],
          "private": "bnVsbA==",
          "dependencies": [
            "aws_db_instance.main",
            "aws_db_subnet_group.main",
            "aws_iam_role.rds_monitoring",
            "aws_kms_key.main",
            "aws_secretsmanager_secret.db_password",
            "aws_security_group.alb",
            "aws_security_group.app",
            "aws_security_group.rds",
            "aws_subnet.private_db",
            "aws_vpc.main",
            "data.aws_caller_identity.current",
            "random_password.db_password"
          ]
        }
      ]
    },
    {
      "mode": "managed",
      "type": "aws_security_group",
      "name": "alb",
      "provider": "provider[\"registry.terraform.io/hashicorp/aws\"]",
      "instances": [
        {
          "schema_version": 1,
          "attributes": {
            "arn": "arn:aws:ec2:us-east-1:342597974367:security-group/sg-0d3dde2112e2c5fa1",
            "description": "Security group for Application Load Balancer",
            "egress": [
              {
                "cidr_blocks": [
                  "0.0.0.0/0"
                ],
                "description": "Allow all outbound",
                "from_port": 0,
                "ipv6_cidr_blocks": [],
                "prefix_list_ids": [],
                "protocol": "-1",
                "security_groups": [],
                "self": false,
                "to_port": 0
              }
            ],
            "id": "sg-0d3dde2112e2c5fa1",
            "ingress": [
              {
                "cidr_blocks": [
                  "0.0.0.0/0"
                ],
                "description": "HTTP from Internet",
                "from_port": 80,
                "ipv6_cidr_blocks": [],
                "prefix_list_ids": [],
                "protocol": "tcp",
                "security_groups": [],
                "self": false,
                "to_port": 80
              },
              {
                "cidr_blocks": [
                  "0.0.0.0/0"
                ],
                "description": "HTTPS from Internet",
                "from_port": 443,
                "ipv6_cidr_blocks": [],
                "prefix_list_ids": [],
                "protocol": "tcp",
                "security_groups": [],
                "self": false,
                "to_port": 443
              }
            ],
            "name": "pay-dev-d01-alb-20251126093321494400000005",
            "name_prefix": "pay-dev-d01-alb-",
            "owner_id": "342597974367",
            "revoke_rules_on_delete": false,
            "tags": {
              "Environment": "dev",
              "ManagedBy": "Terraform",
              "Name": "pay-dev-d01-alb-sg",
              "Project": "payment-processing"
            },
            "tags_all": {
              "Compliance": "PCI-DSS",
              "Environment": "dev",
              "ManagedBy": "Terraform",
              "Name": "pay-dev-d01-alb-sg",
              "Project": "payment-processing"
            },
            "timeouts": null,
            "vpc_id": "vpc-0614dfaa1b9e1fe35"
          },
          "sensitive_attributes": [],
          "private": "eyJlMmJmYjczMC1lY2FhLTExZTYtOGY4OC0zNDM2M2JjN2M0YzAiOnsiY3JlYXRlIjo2MDAwMDAwMDAwMDAsImRlbGV0ZSI6OTAwMDAwMDAwMDAwfSwic2NoZW1hX3ZlcnNpb24iOiIxIn0=",
          "dependencies": [
            "aws_vpc.main"
          ],
          "create_before_destroy": true
        }
      ]
    },
    {
      "mode": "managed",
      "type": "aws_security_group",
      "name": "app",
      "provider": "provider[\"registry.terraform.io/hashicorp/aws\"]",
      "instances": [
        {
          "schema_version": 1,
          "attributes": {
            "arn": "arn:aws:ec2:us-east-1:342597974367:security-group/sg-0c6c4d5b7c6094a31",
            "description": "Security group for application instances",
            "egress": [
              {
                "cidr_blocks": [
                  "0.0.0.0/0"
                ],
                "description": "Allow all outbound",
                "from_port": 0,
                "ipv6_cidr_blocks": [],
                "prefix_list_ids": [],
                "protocol": "-1",
                "security_groups": [],
                "self": false,
                "to_port": 0
              }
            ],
            "id": "sg-0c6c4d5b7c6094a31",
            "ingress": [
              {
                "cidr_blocks": [],
                "description": "Application port from ALB",
                "from_port": 8080,
                "ipv6_cidr_blocks": [],
                "prefix_list_ids": [],
                "protocol": "tcp",
                "security_groups": [
                  "sg-0d3dde2112e2c5fa1"
                ],
                "self": false,
                "to_port": 8080
              },
              {
                "cidr_blocks": [],
                "description": "HTTP from ALB",
                "from_port": 80,
                "ipv6_cidr_blocks": [],
                "prefix_list_ids": [],
                "protocol": "tcp",
                "security_groups": [
                  "sg-0d3dde2112e2c5fa1"
                ],
                "self": false,
                "to_port": 80
              }
            ],
            "name": "pay-dev-d01-app-2025112609333022780000000d",
            "name_prefix": "pay-dev-d01-app-",
            "owner_id": "342597974367",
            "revoke_rules_on_delete": false,
            "tags": {
              "Environment": "dev",
              "ManagedBy": "Terraform",
              "Name": "pay-dev-d01-app-sg",
              "Project": "payment-processing"
            },
            "tags_all": {
              "Compliance": "PCI-DSS",
              "Environment": "dev",
              "ManagedBy": "Terraform",
              "Name": "pay-dev-d01-app-sg",
              "Project": "payment-processing"
            },
            "timeouts": null,
            "vpc_id": "vpc-0614dfaa1b9e1fe35"
          },
          "sensitive_attributes": [],
          "private": "eyJlMmJmYjczMC1lY2FhLTExZTYtOGY4OC0zNDM2M2JjN2M0YzAiOnsiY3JlYXRlIjo2MDAwMDAwMDAwMDAsImRlbGV0ZSI6OTAwMDAwMDAwMDAwfSwic2NoZW1hX3ZlcnNpb24iOiIxIn0=",
          "dependencies": [
            "aws_security_group.alb",
            "aws_vpc.main"
          ],
          "create_before_destroy": true
        }
      ]
    },
    {
      "mode": "managed",
      "type": "aws_security_group",
      "name": "rds",
      "provider": "provider[\"registry.terraform.io/hashicorp/aws\"]",
      "instances": [
        {
          "schema_version": 1,
          "attributes": {
            "arn": "arn:aws:ec2:us-east-1:342597974367:security-group/sg-08851dd8a41c8d4fd",
            "description": "Security group for RDS database",
            "egress": [
              {
                "cidr_blocks": [
                  "0.0.0.0/0"
                ],
                "description": "Allow all outbound",
                "from_port": 0,
                "ipv6_cidr_blocks": [],
                "prefix_list_ids": [],
                "protocol": "-1",
                "security_groups": [],
                "self": false,
                "to_port": 0
              }
            ],
            "id": "sg-08851dd8a41c8d4fd",
            "ingress": [
              {
                "cidr_blocks": [],
                "description": "PostgreSQL from application",
                "from_port": 5432,
                "ipv6_cidr_blocks": [],
                "prefix_list_ids": [],
                "protocol": "tcp",
                "security_groups": [
                  "sg-0c6c4d5b7c6094a31"
                ],
                "self": false,
                "to_port": 5432
              }
            ],
            "name": "pay-dev-d01-rds-2025112609333463270000000e",
            "name_prefix": "pay-dev-d01-rds-",
            "owner_id": "342597974367",
            "revoke_rules_on_delete": false,
            "tags": {
              "Environment": "dev",
              "ManagedBy": "Terraform",
              "Name": "pay-dev-d01-rds-sg",
              "Project": "payment-processing"
            },
            "tags_all": {
              "Compliance": "PCI-DSS",
              "Environment": "dev",
              "ManagedBy": "Terraform",
              "Name": "pay-dev-d01-rds-sg",
              "Project": "payment-processing"
            },
            "timeouts": null,
            "vpc_id": "vpc-0614dfaa1b9e1fe35"
          },
          "sensitive_attributes": [],
          "private": "eyJlMmJmYjczMC1lY2FhLTExZTYtOGY4OC0zNDM2M2JjN2M0YzAiOnsiY3JlYXRlIjo2MDAwMDAwMDAwMDAsImRlbGV0ZSI6OTAwMDAwMDAwMDAwfSwic2NoZW1hX3ZlcnNpb24iOiIxIn0=",
          "dependencies": [
            "aws_security_group.alb",
            "aws_security_group.app",
            "aws_vpc.main"
          ],
          "create_before_destroy": true
        }
      ]
    },
    {
      "mode": "managed",
      "type": "aws_sns_topic",
      "name": "alarms",
      "provider": "provider[\"registry.terraform.io/hashicorp/aws\"]",
      "instances": [
        {
          "schema_version": 0,
          "attributes": {
            "application_failure_feedback_role_arn": "",
            "application_success_feedback_role_arn": "",
            "application_success_feedback_sample_rate": 0,
            "archive_policy": "",
            "arn": "arn:aws:sns:us-east-1:342597974367:pay-dev-d01-20251126093326201800000009",
            "beginning_archive_time": "",
            "content_based_deduplication": false,
            "delivery_policy": "",
            "display_name": "",
            "fifo_throughput_scope": "",
            "fifo_topic": false,
            "firehose_failure_feedback_role_arn": "",
            "firehose_success_feedback_role_arn": "",
            "firehose_success_feedback_sample_rate": 0,
            "http_failure_feedback_role_arn": "",
            "http_success_feedback_role_arn": "",
            "http_success_feedback_sample_rate": 0,
            "id": "arn:aws:sns:us-east-1:342597974367:pay-dev-d01-20251126093326201800000009",
            "kms_master_key_id": "arn:aws:kms:us-east-1:342597974367:key/49582a4b-e656-4331-a9fe-7633f322470b",
            "lambda_failure_feedback_role_arn": "",
            "lambda_success_feedback_role_arn": "",
            "lambda_success_feedback_sample_rate": 0,
            "name": "pay-dev-d01-20251126093326201800000009",
            "name_prefix": "pay-dev-d01-",
            "owner": "342597974367",
            "policy": "{\"Id\":\"__default_policy_ID\",\"Statement\":[{\"Action\":[\"SNS:GetTopicAttributes\",\"SNS:SetTopicAttributes\",\"SNS:AddPermission\",\"SNS:RemovePermission\",\"SNS:DeleteTopic\",\"SNS:Subscribe\",\"SNS:ListSubscriptionsByTopic\",\"SNS:Publish\"],\"Condition\":{\"StringEquals\":{\"AWS:SourceOwner\":\"342597974367\"}},\"Effect\":\"Allow\",\"Principal\":{\"AWS\":\"*\"},\"Resource\":\"arn:aws:sns:us-east-1:342597974367:pay-dev-d01-20251126093326201800000009\",\"Sid\":\"__default_statement_ID\"}],\"Version\":\"2008-10-17\"}",
            "signature_version": 0,
            "sqs_failure_feedback_role_arn": "",
            "sqs_success_feedback_role_arn": "",
            "sqs_success_feedback_sample_rate": 0,
            "tags": {
              "Environment": "dev",
              "ManagedBy": "Terraform",
              "Name": "pay-dev-d01-alarms",
              "Project": "payment-processing"
            },
            "tags_all": {
              "Compliance": "PCI-DSS",
              "Environment": "dev",
              "ManagedBy": "Terraform",
              "Name": "pay-dev-d01-alarms",
              "Project": "payment-processing"
            },
            "tracing_config": ""
          },
          "sensitive_attributes": [],
          "private": "bnVsbA==",
          "dependencies": [
            "aws_kms_key.main",
            "data.aws_caller_identity.current"
          ]
        }
      ]
    },
    {
      "mode": "managed",
      "type": "aws_subnet",
      "name": "private_app",
      "provider": "provider[\"registry.terraform.io/hashicorp/aws\"]",
      "instances": [
        {
          "index_key": 0,
          "schema_version": 1,
          "attributes": {
            "arn": "arn:aws:ec2:us-east-1:342597974367:subnet/subnet-07cd91926ac63afcb",
            "assign_ipv6_address_on_creation": false,
            "availability_zone": "us-east-1a",
            "availability_zone_id": "use1-az1",
            "cidr_block": "10.0.32.0/20",
            "customer_owned_ipv4_pool": "",
            "enable_dns64": false,
            "enable_lni_at_device_index": 0,
            "enable_resource_name_dns_a_record_on_launch": false,
            "enable_resource_name_dns_aaaa_record_on_launch": false,
            "id": "subnet-07cd91926ac63afcb",
            "ipv6_cidr_block": "",
            "ipv6_cidr_block_association_id": "",
            "ipv6_native": false,
            "map_customer_owned_ip_on_launch": false,
            "map_public_ip_on_launch": false,
            "outpost_arn": "",
            "owner_id": "342597974367",
            "private_dns_hostname_type_on_launch": "ip-name",
            "tags": {
              "Environment": "dev",
              "ManagedBy": "Terraform",
              "Name": "pay-dev-d01-private-app-subnet-1",
              "Project": "payment-processing",
              "Type": "Private-App"
            },
            "tags_all": {
              "Compliance": "PCI-DSS",
              "Environment": "dev",
              "ManagedBy": "Terraform",
              "Name": "pay-dev-d01-private-app-subnet-1",
              "Project": "payment-processing",
              "Type": "Private-App"
            },
            "timeouts": null,
            "vpc_id": "vpc-0614dfaa1b9e1fe35"
          },
          "sensitive_attributes": [],
          "private": "eyJlMmJmYjczMC1lY2FhLTExZTYtOGY4OC0zNDM2M2JjN2M0YzAiOnsiY3JlYXRlIjo2MDAwMDAwMDAwMDAsImRlbGV0ZSI6MTIwMDAwMDAwMDAwMH0sInNjaGVtYV92ZXJzaW9uIjoiMSJ9",
          "dependencies": [
            "aws_vpc.main"
          ],
          "create_before_destroy": true
        },
        {
          "index_key": 1,
          "schema_version": 1,
          "attributes": {
            "arn": "arn:aws:ec2:us-east-1:342597974367:subnet/subnet-01ab06b80fb844a2f",
            "assign_ipv6_address_on_creation": false,
            "availability_zone": "us-east-1b",
            "availability_zone_id": "use1-az2",
            "cidr_block": "10.0.48.0/20",
            "customer_owned_ipv4_pool": "",
            "enable_dns64": false,
            "enable_lni_at_device_index": 0,
            "enable_resource_name_dns_a_record_on_launch": false,
            "enable_resource_name_dns_aaaa_record_on_launch": false,
            "id": "subnet-01ab06b80fb844a2f",
            "ipv6_cidr_block": "",
            "ipv6_cidr_block_association_id": "",
            "ipv6_native": false,
            "map_customer_owned_ip_on_launch": false,
            "map_public_ip_on_launch": false,
            "outpost_arn": "",
            "owner_id": "342597974367",
            "private_dns_hostname_type_on_launch": "ip-name",
            "tags": {
              "Environment": "dev",
              "ManagedBy": "Terraform",
              "Name": "pay-dev-d01-private-app-subnet-2",
              "Project": "payment-processing",
              "Type": "Private-App"
            },
            "tags_all": {
              "Compliance": "PCI-DSS",
              "Environment": "dev",
              "ManagedBy": "Terraform",
              "Name": "pay-dev-d01-private-app-subnet-2",
              "Project": "payment-processing",
              "Type": "Private-App"
            },
            "timeouts": null,
            "vpc_id": "vpc-0614dfaa1b9e1fe35"
          },
          "sensitive_attributes": [],
          "private": "eyJlMmJmYjczMC1lY2FhLTExZTYtOGY4OC0zNDM2M2JjN2M0YzAiOnsiY3JlYXRlIjo2MDAwMDAwMDAwMDAsImRlbGV0ZSI6MTIwMDAwMDAwMDAwMH0sInNjaGVtYV92ZXJzaW9uIjoiMSJ9",
          "dependencies": [
            "aws_vpc.main"
          ],
          "create_before_destroy": true
        }
      ]
    },
    {
      "mode": "managed",
      "type": "aws_subnet",
      "name": "private_db",
      "provider": "provider[\"registry.terraform.io/hashicorp/aws\"]",
      "instances": [
        {
          "index_key": 0,
          "schema_version": 1,
          "attributes": {
            "arn": "arn:aws:ec2:us-east-1:342597974367:subnet/subnet-0402bb89b2c6eb528",
            "assign_ipv6_address_on_creation": false,
            "availability_zone": "us-east-1a",
            "availability_zone_id": "use1-az1",
            "cidr_block": "10.0.64.0/20",
            "customer_owned_ipv4_pool": "",
            "enable_dns64": false,
            "enable_lni_at_device_index": 0,
            "enable_resource_name_dns_a_record_on_launch": false,
            "enable_resource_name_dns_aaaa_record_on_launch": false,
            "id": "subnet-0402bb89b2c6eb528",
            "ipv6_cidr_block": "",
            "ipv6_cidr_block_association_id": "",
            "ipv6_native": false,
            "map_customer_owned_ip_on_launch": false,
            "map_public_ip_on_launch": false,
            "outpost_arn": "",
            "owner_id": "342597974367",
            "private_dns_hostname_type_on_launch": "ip-name",
            "tags": {
              "Environment": "dev",
              "ManagedBy": "Terraform",
              "Name": "pay-dev-d01-private-db-subnet-1",
              "Project": "payment-processing",
              "Type": "Private-DB"
            },
            "tags_all": {
              "Compliance": "PCI-DSS",
              "Environment": "dev",
              "ManagedBy": "Terraform",
              "Name": "pay-dev-d01-private-db-subnet-1",
              "Project": "payment-processing",
              "Type": "Private-DB"
            },
            "timeouts": null,
            "vpc_id": "vpc-0614dfaa1b9e1fe35"
          },
          "sensitive_attributes": [],
          "private": "eyJlMmJmYjczMC1lY2FhLTExZTYtOGY4OC0zNDM2M2JjN2M0YzAiOnsiY3JlYXRlIjo2MDAwMDAwMDAwMDAsImRlbGV0ZSI6MTIwMDAwMDAwMDAwMH0sInNjaGVtYV92ZXJzaW9uIjoiMSJ9",
          "dependencies": [
            "aws_vpc.main"
          ],
          "create_before_destroy": true
        },
        {
          "index_key": 1,
          "schema_version": 1,
          "attributes": {
            "arn": "arn:aws:ec2:us-east-1:342597974367:subnet/subnet-0006a92cbb7358de1",
            "assign_ipv6_address_on_creation": false,
            "availability_zone": "us-east-1b",
            "availability_zone_id": "use1-az2",
            "cidr_block": "10.0.80.0/20",
            "customer_owned_ipv4_pool": "",
            "enable_dns64": false,
            "enable_lni_at_device_index": 0,
            "enable_resource_name_dns_a_record_on_launch": false,
            "enable_resource_name_dns_aaaa_record_on_launch": false,
            "id": "subnet-0006a92cbb7358de1",
            "ipv6_cidr_block": "",
            "ipv6_cidr_block_association_id": "",
            "ipv6_native": false,
            "map_customer_owned_ip_on_launch": false,
            "map_public_ip_on_launch": false,
            "outpost_arn": "",
            "owner_id": "342597974367",
            "private_dns_hostname_type_on_launch": "ip-name",
            "tags": {
              "Environment": "dev",
              "ManagedBy": "Terraform",
              "Name": "pay-dev-d01-private-db-subnet-2",
              "Project": "payment-processing",
              "Type": "Private-DB"
            },
            "tags_all": {
              "Compliance": "PCI-DSS",
              "Environment": "dev",
              "ManagedBy": "Terraform",
              "Name": "pay-dev-d01-private-db-subnet-2",
              "Project": "payment-processing",
              "Type": "Private-DB"
            },
            "timeouts": null,
            "vpc_id": "vpc-0614dfaa1b9e1fe35"
          },
          "sensitive_attributes": [],
          "private": "eyJlMmJmYjczMC1lY2FhLTExZTYtOGY4OC0zNDM2M2JjN2M0YzAiOnsiY3JlYXRlIjo2MDAwMDAwMDAwMDAsImRlbGV0ZSI6MTIwMDAwMDAwMDAwMH0sInNjaGVtYV92ZXJzaW9uIjoiMSJ9",
          "dependencies": [
            "aws_vpc.main"
          ],
          "create_before_destroy": true
        }
      ]
    },
    {
      "mode": "managed",
      "type": "aws_subnet",
      "name": "public",
      "provider": "provider[\"registry.terraform.io/hashicorp/aws\"]",
      "instances": [
        {
          "index_key": 0,
          "schema_version": 1,
          "attributes": {
            "arn": "arn:aws:ec2:us-east-1:342597974367:subnet/subnet-0e9fd9f8564a03059",
            "assign_ipv6_address_on_creation": false,
            "availability_zone": "us-east-1a",
            "availability_zone_id": "use1-az1",
            "cidr_block": "10.0.0.0/20",
            "customer_owned_ipv4_pool": "",
            "enable_dns64": false,
            "enable_lni_at_device_index": 0,
            "enable_resource_name_dns_a_record_on_launch": false,
            "enable_resource_name_dns_aaaa_record_on_launch": false,
            "id": "subnet-0e9fd9f8564a03059",
            "ipv6_cidr_block": "",
            "ipv6_cidr_block_association_id": "",
            "ipv6_native": false,
            "map_customer_owned_ip_on_launch": false,
            "map_public_ip_on_launch": true,
            "outpost_arn": "",
            "owner_id": "342597974367",
            "private_dns_hostname_type_on_launch": "ip-name",
            "tags": {
              "Environment": "dev",
              "ManagedBy": "Terraform",
              "Name": "pay-dev-d01-public-subnet-1",
              "Project": "payment-processing",
              "Type": "Public"
            },
            "tags_all": {
              "Compliance": "PCI-DSS",
              "Environment": "dev",
              "ManagedBy": "Terraform",
              "Name": "pay-dev-d01-public-subnet-1",
              "Project": "payment-processing",
              "Type": "Public"
            },
            "timeouts": null,
            "vpc_id": "vpc-0614dfaa1b9e1fe35"
          },
          "sensitive_attributes": [],
          "private": "eyJlMmJmYjczMC1lY2FhLTExZTYtOGY4OC0zNDM2M2JjN2M0YzAiOnsiY3JlYXRlIjo2MDAwMDAwMDAwMDAsImRlbGV0ZSI6MTIwMDAwMDAwMDAwMH0sInNjaGVtYV92ZXJzaW9uIjoiMSJ9",
          "dependencies": [
            "aws_vpc.main"
          ]
        },
        {
          "index_key": 1,
          "schema_version": 1,
          "attributes": {
            "arn": "arn:aws:ec2:us-east-1:342597974367:subnet/subnet-039456e09fe48e464",
            "assign_ipv6_address_on_creation": false,
            "availability_zone": "us-east-1b",
            "availability_zone_id": "use1-az2",
            "cidr_block": "10.0.16.0/20",
            "customer_owned_ipv4_pool": "",
            "enable_dns64": false,
            "enable_lni_at_device_index": 0,
            "enable_resource_name_dns_a_record_on_launch": false,
            "enable_resource_name_dns_aaaa_record_on_launch": false,
            "id": "subnet-039456e09fe48e464",
            "ipv6_cidr_block": "",
            "ipv6_cidr_block_association_id": "",
            "ipv6_native": false,
            "map_customer_owned_ip_on_launch": false,
            "map_public_ip_on_launch": true,
            "outpost_arn": "",
            "owner_id": "342597974367",
            "private_dns_hostname_type_on_launch": "ip-name",
            "tags": {
              "Environment": "dev",
              "ManagedBy": "Terraform",
              "Name": "pay-dev-d01-public-subnet-2",
              "Project": "payment-processing",
              "Type": "Public"
            },
            "tags_all": {
              "Compliance": "PCI-DSS",
              "Environment": "dev",
              "ManagedBy": "Terraform",
              "Name": "pay-dev-d01-public-subnet-2",
              "Project": "payment-processing",
              "Type": "Public"
            },
            "timeouts": null,
            "vpc_id": "vpc-0614dfaa1b9e1fe35"
          },
          "sensitive_attributes": [],
          "private": "eyJlMmJmYjczMC1lY2FhLTExZTYtOGY4OC0zNDM2M2JjN2M0YzAiOnsiY3JlYXRlIjo2MDAwMDAwMDAwMDAsImRlbGV0ZSI6MTIwMDAwMDAwMDAwMH0sInNjaGVtYV92ZXJzaW9uIjoiMSJ9",
          "dependencies": [
            "aws_vpc.main"
          ]
        }
      ]
    },
    {
      "mode": "managed",
      "type": "aws_vpc",
      "name": "main",
      "provider": "provider[\"registry.terraform.io/hashicorp/aws\"]",
      "instances": [
        {
          "schema_version": 1,
          "attributes": {
            "arn": "arn:aws:ec2:us-east-1:342597974367:vpc/vpc-0614dfaa1b9e1fe35",
            "assign_generated_ipv6_cidr_block": false,
            "cidr_block": "10.0.0.0/16",
            "default_network_acl_id": "acl-0876bf97c274fd25d",
            "default_route_table_id": "rtb-0e0ae1fac25bd6260",
            "default_security_group_id": "sg-053f74467fae0f182",
            "dhcp_options_id": "dopt-096ea572b45cebc14",
            "enable_dns_hostnames": true,
            "enable_dns_support": true,
            "enable_network_address_usage_metrics": false,
            "id": "vpc-0614dfaa1b9e1fe35",
            "instance_tenancy": "default",
            "ipv4_ipam_pool_id": null,
            "ipv4_netmask_length": null,
            "ipv6_association_id": "",
            "ipv6_cidr_block": "",
            "ipv6_cidr_block_network_border_group": "",
            "ipv6_ipam_pool_id": "",
            "ipv6_netmask_length": 0,
            "main_route_table_id": "rtb-0e0ae1fac25bd6260",
            "owner_id": "342597974367",
            "tags": {
              "Environment": "dev",
              "ManagedBy": "Terraform",
              "Name": "pay-dev-d01-vpc",
              "Project": "payment-processing"
            },
            "tags_all": {
              "Compliance": "PCI-DSS",
              "Environment": "dev",
              "ManagedBy": "Terraform",
              "Name": "pay-dev-d01-vpc",
              "Project": "payment-processing"
            }
          },
          "sensitive_attributes": [],
          "private": "eyJzY2hlbWFfdmVyc2lvbiI6IjEifQ==",
          "create_before_destroy": true
        }
      ]
    },
    {
      "mode": "managed",
      "type": "random_password",
      "name": "db_password",
      "provider": "provider[\"registry.terraform.io/hashicorp/random\"]",
      "instances": [
        {
          "schema_version": 3,
          "attributes": {
            "bcrypt_hash": "$2a$10$sLWyh6LuGVSNMUDdJhzxFOUam7xSMdyigNZl2iGojrrd5EytSszse",
            "id": "none",
            "keepers": null,
            "length": 32,
            "lower": true,
            "min_lower": 0,
            "min_numeric": 0,
            "min_special": 0,
            "min_upper": 0,
            "number": true,
            "numeric": true,
            "override_special": "!#$%\u0026*()-_=+[]{}\u003c\u003e:?",
            "result": "naOD\u0026%I5rIb18iVPzEesgY40B)=Zq+?y",
            "special": true,
            "upper": true
          },
          "sensitive_attributes": [
            [
              {
                "type": "get_attr",
                "value": "bcrypt_hash"
              }
            ],
            [
              {
                "type": "get_attr",
                "value": "result"
              }
            ]
          ],
          "create_before_destroy": true
        }
      ]
    }
  ],
  "check_results": [
    {
      "object_kind": "var",
      "config_addr": "var.environment",
      "status": "pass",
      "objects": [
        {
          "object_addr": "var.environment",
          "status": "pass"
        }
      ]
    }
  ]
}
