{
  "version": 4,
  "terraform_version": "1.6.6",
  "serial": 46,
  "lineage": "24a54328-ca6d-1da1-6cf8-de4f1c16f1bc",
  "outputs": {
    "alb_dns_name": {
      "value": "secure-webapp-pr1712-alb.elb.localhost.localstack.cloud",
      "type": "string"
    },
    "cloudwatch_log_group_name": {
      "value": "/aws/webapp/secure-webapp-pr1712",
      "type": "string"
    },
    "eventbridge_bus_arn": {
      "value": "arn:aws:events:us-east-1:000000000000:event-bus/secure-webapp-pr1712-events",
      "type": "string"
    },
    "eventbridge_logs_group": {
      "value": "/aws/events/secure-webapp-pr1712",
      "type": "string"
    },
    "kms_key_arn": {
      "value": "arn:aws:kms:us-east-1:000000000000:key/e535c15a-9c3a-4684-b854-72ef6874f25e",
      "type": "string"
    },
    "private_subnet_ids": {
      "value": [
        "subnet-6d192730ca7cf8911",
        "subnet-99e2a58bd5461301e"
      ],
      "type": [
        "tuple",
        [
          "string",
          "string"
        ]
      ]
    },
    "public_subnet_ids": {
      "value": [
        "subnet-3b9bc92d31a628d02",
        "subnet-0d3bda1ccd8ce61c4"
      ],
      "type": [
        "tuple",
        [
          "string",
          "string"
        ]
      ]
    },
    "s3_bucket_name": {
      "value": "secure-webapp-pr1712-webapp-assets-1d746828",
      "type": "string"
    },
    "ssm_parameter_api_key": {
      "value": "/secure-webapp/pr1712/api/key",
      "type": "string"
    },
    "ssm_parameter_app_config": {
      "value": "/secure-webapp/pr1712/app/config",
      "type": "string"
    },
    "ssm_parameter_database_host": {
      "value": "/secure-webapp/pr1712/database/host",
      "type": "string"
    },
    "vpc_id": {
      "value": "vpc-316cee665aa2cb9d0",
      "type": "string"
    },
    "waf_web_acl_arn": {
      "value": "arn:aws:wafv2:us-east-1:000000000000:regional/webacl/secure-webapp-pr1712-web-acl/de864594-c2f9-4100-891c-c0cd4f22ca1f",
      "type": "string"
    }
  },
  "resources": [
    {
      "mode": "data",
      "type": "aws_availability_zones",
      "name": "available",
      "provider": "provider[\"registry.terraform.io/hashicorp/aws\"]",
      "instances": [
        {
          "schema_version": 0,
          "attributes": {
            "all_availability_zones": null,
            "exclude_names": null,
            "exclude_zone_ids": null,
            "filter": null,
            "group_names": [
              ""
            ],
            "id": "us-east-1",
            "names": [
              "us-east-1a",
              "us-east-1b",
              "us-east-1c",
              "us-east-1d",
              "us-east-1e",
              "us-east-1f"
            ],
            "region": "us-east-1",
            "state": "available",
            "timeouts": null,
            "zone_ids": [
              "use1-az6",
              "use1-az1",
              "use1-az2",
              "use1-az4",
              "use1-az3",
              "use1-az5"
            ]
          },
          "sensitive_attributes": []
        }
      ]
    },
    {
      "mode": "data",
      "type": "aws_caller_identity",
      "name": "current",
      "provider": "provider[\"registry.terraform.io/hashicorp/aws\"]",
      "instances": [
        {
          "schema_version": 0,
          "attributes": {
            "account_id": "000000000000",
            "arn": "arn:aws:iam::000000000000:root",
            "id": "000000000000",
            "user_id": "AKIAIOSFODNN7EXAMPLE"
          },
          "sensitive_attributes": []
        }
      ]
    },
    {
      "mode": "managed",
      "type": "aws_cloudwatch_event_bus",
      "name": "webapp_events",
      "provider": "provider[\"registry.terraform.io/hashicorp/aws\"]",
      "instances": [
        {
          "schema_version": 0,
          "attributes": {
            "arn": "arn:aws:events:us-east-1:000000000000:event-bus/secure-webapp-pr1712-events",
            "dead_letter_config": [],
            "description": "",
            "event_source_name": null,
            "id": "secure-webapp-pr1712-events",
            "kms_key_identifier": "",
            "log_config": [],
            "name": "secure-webapp-pr1712-events",
            "region": "us-east-1",
            "tags": {
              "Environment": "prod",
              "Name": "secure-webapp-pr1712-event-bus"
            },
            "tags_all": {
              "Environment": "prod",
              "Name": "secure-webapp-pr1712-event-bus"
            }
          },
          "sensitive_attributes": [],
          "private": "bnVsbA=="
        }
      ]
    },
    {
      "mode": "managed",
      "type": "aws_cloudwatch_event_rule",
      "name": "system_alerts",
      "provider": "provider[\"registry.terraform.io/hashicorp/aws\"]",
      "instances": [
        {
          "schema_version": 1,
          "attributes": {
            "arn": "arn:aws:events:us-east-1:000000000000:rule/secure-webapp-pr1712-events/secure-webapp-pr1712-system-alerts",
            "description": "Capture system alert events",
            "event_bus_name": "secure-webapp-pr1712-events",
            "event_pattern": "{\"detail\":{\"severity\":[\"HIGH\",\"CRITICAL\"]},\"detail-type\":[\"System Alert\"],\"source\":[\"webapp.system\"]}",
            "force_destroy": false,
            "id": "secure-webapp-pr1712-events/secure-webapp-pr1712-system-alerts",
            "is_enabled": true,
            "name": "secure-webapp-pr1712-system-alerts",
            "name_prefix": "",
            "region": "us-east-1",
            "role_arn": "",
            "schedule_expression": "",
            "state": "ENABLED",
            "tags": {
              "Environment": "prod",
              "Name": "secure-webapp-pr1712-system-alerts-rule"
            },
            "tags_all": {
              "Environment": "prod",
              "Name": "secure-webapp-pr1712-system-alerts-rule"
            }
          },
          "sensitive_attributes": [],
          "private": "eyJzY2hlbWFfdmVyc2lvbiI6IjEifQ==",
          "dependencies": [
            "aws_cloudwatch_event_bus.webapp_events"
          ]
        }
      ]
    },
    {
      "mode": "managed",
      "type": "aws_cloudwatch_event_rule",
      "name": "user_activity",
      "provider": "provider[\"registry.terraform.io/hashicorp/aws\"]",
      "instances": [
        {
          "schema_version": 1,
          "attributes": {
            "arn": "arn:aws:events:us-east-1:000000000000:rule/secure-webapp-pr1712-events/secure-webapp-pr1712-user-activity",
            "description": "Capture user activity events",
            "event_bus_name": "secure-webapp-pr1712-events",
            "event_pattern": "{\"detail\":{\"action\":[\"login\",\"logout\",\"signup\"]},\"detail-type\":[\"User Activity\"],\"source\":[\"webapp.user\"]}",
            "force_destroy": false,
            "id": "secure-webapp-pr1712-events/secure-webapp-pr1712-user-activity",
            "is_enabled": true,
            "name": "secure-webapp-pr1712-user-activity",
            "name_prefix": "",
            "region": "us-east-1",
            "role_arn": "",
            "schedule_expression": "",
            "state": "ENABLED",
            "tags": {
              "Environment": "prod",
              "Name": "secure-webapp-pr1712-user-activity-rule"
            },
            "tags_all": {
              "Environment": "prod",
              "Name": "secure-webapp-pr1712-user-activity-rule"
            }
          },
          "sensitive_attributes": [],
          "private": "eyJzY2hlbWFfdmVyc2lvbiI6IjEifQ==",
          "dependencies": [
            "aws_cloudwatch_event_bus.webapp_events"
          ]
        }
      ]
    },
    {
      "mode": "managed",
      "type": "aws_cloudwatch_event_target",
      "name": "system_alerts_logs",
      "provider": "provider[\"registry.terraform.io/hashicorp/aws\"]",
      "instances": [
        {
          "schema_version": 1,
          "attributes": {
            "appsync_target": [],
            "arn": "arn:aws:logs:us-east-1:000000000000:log-group:/aws/events/secure-webapp-pr1712",
            "batch_target": [],
            "dead_letter_config": [],
            "ecs_target": [],
            "event_bus_name": "secure-webapp-pr1712-events",
            "force_destroy": false,
            "http_target": [],
            "id": "secure-webapp-pr1712-events-secure-webapp-pr1712-system-alerts-SystemAlertsLogsTarget",
            "input": "",
            "input_path": "",
            "input_transformer": [],
            "kinesis_target": [],
            "redshift_target": [],
            "region": "us-east-1",
            "retry_policy": [],
            "role_arn": "",
            "rule": "secure-webapp-pr1712-system-alerts",
            "run_command_targets": [],
            "sagemaker_pipeline_target": [],
            "sqs_target": [],
            "target_id": "SystemAlertsLogsTarget"
          },
          "sensitive_attributes": [],
          "private": "eyJzY2hlbWFfdmVyc2lvbiI6IjEifQ==",
          "dependencies": [
            "aws_cloudwatch_event_bus.webapp_events",
            "aws_cloudwatch_event_rule.system_alerts",
            "aws_cloudwatch_log_group.eventbridge_logs",
            "aws_kms_key.main",
            "data.aws_caller_identity.current"
          ]
        }
      ]
    },
    {
      "mode": "managed",
      "type": "aws_cloudwatch_event_target",
      "name": "user_activity_logs",
      "provider": "provider[\"registry.terraform.io/hashicorp/aws\"]",
      "instances": [
        {
          "schema_version": 1,
          "attributes": {
            "appsync_target": [],
            "arn": "arn:aws:logs:us-east-1:000000000000:log-group:/aws/events/secure-webapp-pr1712",
            "batch_target": [],
            "dead_letter_config": [],
            "ecs_target": [],
            "event_bus_name": "secure-webapp-pr1712-events",
            "force_destroy": false,
            "http_target": [],
            "id": "secure-webapp-pr1712-events-secure-webapp-pr1712-user-activity-UserActivityLogsTarget",
            "input": "",
            "input_path": "",
            "input_transformer": [],
            "kinesis_target": [],
            "redshift_target": [],
            "region": "us-east-1",
            "retry_policy": [],
            "role_arn": "",
            "rule": "secure-webapp-pr1712-user-activity",
            "run_command_targets": [],
            "sagemaker_pipeline_target": [],
            "sqs_target": [],
            "target_id": "UserActivityLogsTarget"
          },
          "sensitive_attributes": [],
          "private": "eyJzY2hlbWFfdmVyc2lvbiI6IjEifQ==",
          "dependencies": [
            "aws_cloudwatch_event_bus.webapp_events",
            "aws_cloudwatch_event_rule.user_activity",
            "aws_cloudwatch_log_group.eventbridge_logs",
            "aws_kms_key.main",
            "data.aws_caller_identity.current"
          ]
        }
      ]
    },
    {
      "mode": "managed",
      "type": "aws_cloudwatch_log_group",
      "name": "eventbridge_logs",
      "provider": "provider[\"registry.terraform.io/hashicorp/aws\"]",
      "instances": [
        {
          "schema_version": 0,
          "attributes": {
            "arn": "arn:aws:logs:us-east-1:000000000000:log-group:/aws/events/secure-webapp-pr1712",
            "id": "/aws/events/secure-webapp-pr1712",
            "kms_key_id": "arn:aws:kms:us-east-1:000000000000:key/e535c15a-9c3a-4684-b854-72ef6874f25e",
            "log_group_class": "STANDARD",
            "name": "/aws/events/secure-webapp-pr1712",
            "name_prefix": "",
            "region": "us-east-1",
            "retention_in_days": 7,
            "skip_destroy": false,
            "tags": {
              "Environment": "prod",
              "Name": "secure-webapp-pr1712-eventbridge-logs"
            },
            "tags_all": {
              "Environment": "prod",
              "Name": "secure-webapp-pr1712-eventbridge-logs"
            }
          },
          "sensitive_attributes": [],
          "private": "bnVsbA==",
          "dependencies": [
            "aws_kms_key.main",
            "data.aws_caller_identity.current"
          ]
        }
      ]
    },
    {
      "mode": "managed",
      "type": "aws_cloudwatch_log_group",
      "name": "webapp_logs",
      "provider": "provider[\"registry.terraform.io/hashicorp/aws\"]",
      "instances": [
        {
          "schema_version": 0,
          "attributes": {
            "arn": "arn:aws:logs:us-east-1:000000000000:log-group:/aws/webapp/secure-webapp-pr1712",
            "id": "/aws/webapp/secure-webapp-pr1712",
            "kms_key_id": "arn:aws:kms:us-east-1:000000000000:key/e535c15a-9c3a-4684-b854-72ef6874f25e",
            "log_group_class": "STANDARD",
            "name": "/aws/webapp/secure-webapp-pr1712",
            "name_prefix": "",
            "region": "us-east-1",
            "retention_in_days": 14,
            "skip_destroy": false,
            "tags": {
              "Environment": "prod",
              "Name": "secure-webapp-pr1712-logs"
            },
            "tags_all": {
              "Environment": "prod",
              "Name": "secure-webapp-pr1712-logs"
            }
          },
          "sensitive_attributes": [],
          "private": "bnVsbA==",
          "dependencies": [
            "aws_kms_key.main",
            "data.aws_caller_identity.current"
          ]
        }
      ]
    },
    {
      "mode": "managed",
      "type": "aws_eip",
      "name": "nat",
      "provider": "provider[\"registry.terraform.io/hashicorp/aws\"]",
      "instances": [
        {
          "index_key": 0,
          "schema_version": 0,
          "attributes": {
            "address": null,
            "allocation_id": "eipalloc-9c19a7cd0af8f089f",
            "arn": "arn:aws:ec2:us-east-1:000000000000:elastic-ip/eipalloc-9c19a7cd0af8f089f",
            "associate_with_private_ip": null,
            "association_id": "",
            "carrier_ip": "",
            "customer_owned_ip": "",
            "customer_owned_ipv4_pool": "",
            "domain": "vpc",
            "id": "eipalloc-9c19a7cd0af8f089f",
            "instance": "",
            "ipam_pool_id": null,
            "network_border_group": "",
            "network_interface": "",
            "private_dns": null,
            "private_ip": "",
            "ptr_record": "",
            "public_dns": "ec2-127-2-157-63.compute-1.amazonaws.com",
            "public_ip": "127.2.157.63",
            "public_ipv4_pool": "",
            "region": "us-east-1",
            "tags": {
              "Environment": "prod",
              "Name": "secure-webapp-pr1712-nat-eip-1"
            },
            "tags_all": {
              "Environment": "prod",
              "Name": "secure-webapp-pr1712-nat-eip-1"
            },
            "timeouts": null
          },
          "sensitive_attributes": [],
          "private": "eyJlMmJmYjczMC1lY2FhLTExZTYtOGY4OC0zNDM2M2JjN2M0YzAiOnsiZGVsZXRlIjoxODAwMDAwMDAwMDAsInJlYWQiOjkwMDAwMDAwMDAwMCwidXBkYXRlIjozMDAwMDAwMDAwMDB9fQ==",
          "dependencies": [
            "aws_internet_gateway.main",
            "aws_subnet.public",
            "aws_vpc.main",
            "data.aws_availability_zones.available"
          ]
        },
        {
          "index_key": 1,
          "schema_version": 0,
          "attributes": {
            "address": null,
            "allocation_id": "eipalloc-f6acf73021960d547",
            "arn": "arn:aws:ec2:us-east-1:000000000000:elastic-ip/eipalloc-f6acf73021960d547",
            "associate_with_private_ip": null,
            "association_id": "",
            "carrier_ip": "",
            "customer_owned_ip": "",
            "customer_owned_ipv4_pool": "",
            "domain": "vpc",
            "id": "eipalloc-f6acf73021960d547",
            "instance": "",
            "ipam_pool_id": null,
            "network_border_group": "",
            "network_interface": "",
            "private_dns": null,
            "private_ip": "",
            "ptr_record": "",
            "public_dns": "ec2-127-156-130-57.compute-1.amazonaws.com",
            "public_ip": "127.156.130.57",
            "public_ipv4_pool": "",
            "region": "us-east-1",
            "tags": {
              "Environment": "prod",
              "Name": "secure-webapp-pr1712-nat-eip-2"
            },
            "tags_all": {
              "Environment": "prod",
              "Name": "secure-webapp-pr1712-nat-eip-2"
            },
            "timeouts": null
          },
          "sensitive_attributes": [],
          "private": "eyJlMmJmYjczMC1lY2FhLTExZTYtOGY4OC0zNDM2M2JjN2M0YzAiOnsiZGVsZXRlIjoxODAwMDAwMDAwMDAsInJlYWQiOjkwMDAwMDAwMDAwMCwidXBkYXRlIjozMDAwMDAwMDAwMDB9fQ==",
          "dependencies": [
            "aws_internet_gateway.main",
            "aws_subnet.public",
            "aws_vpc.main",
            "data.aws_availability_zones.available"
          ]
        }
      ]
    },
    {
      "mode": "managed",
      "type": "aws_iam_instance_profile",
      "name": "webapp_profile",
      "provider": "provider[\"registry.terraform.io/hashicorp/aws\"]",
      "instances": [
        {
          "schema_version": 0,
          "attributes": {
            "arn": "arn:aws:iam::000000000000:instance-profile/secure-webapp-pr1712-webapp-profile",
            "create_date": "2025-12-25T02:41:26Z",
            "id": "secure-webapp-pr1712-webapp-profile",
            "name": "secure-webapp-pr1712-webapp-profile",
            "name_prefix": "",
            "path": "/",
            "role": "secure-webapp-pr1712-webapp-role",
            "tags": null,
            "tags_all": {},
            "unique_id": "4nd3mi2iw2ryyyxqgapy"
          },
          "sensitive_attributes": [],
          "private": "bnVsbA==",
          "dependencies": [
            "aws_iam_role.webapp_role"
          ]
        }
      ]
    },
    {
      "mode": "managed",
      "type": "aws_iam_role",
      "name": "eventbridge_logs_role",
      "provider": "provider[\"registry.terraform.io/hashicorp/aws\"]",
      "instances": [
        {
          "schema_version": 0,
          "attributes": {
            "arn": "arn:aws:iam::000000000000:role/secure-webapp-pr1712-eventbridge-logs-role",
            "assume_role_policy": "{\"Statement\":[{\"Action\":\"sts:AssumeRole\",\"Effect\":\"Allow\",\"Principal\":{\"Service\":\"events.amazonaws.com\"}}],\"Version\":\"2012-10-17\"}",
            "create_date": "2025-12-25T02:41:26Z",
            "description": "",
            "force_detach_policies": false,
            "id": "secure-webapp-pr1712-eventbridge-logs-role",
            "inline_policy": [],
            "managed_policy_arns": [],
            "max_session_duration": 3600,
            "name": "secure-webapp-pr1712-eventbridge-logs-role",
            "name_prefix": "",
            "path": "/",
            "permissions_boundary": "",
            "tags": {
              "Environment": "prod",
              "Name": "secure-webapp-pr1712-eventbridge-logs-role"
            },
            "tags_all": {
              "Environment": "prod",
              "Name": "secure-webapp-pr1712-eventbridge-logs-role"
            },
            "unique_id": "AROAQAAAAAAAF65BZEU3J"
          },
          "sensitive_attributes": [],
          "private": "bnVsbA=="
        }
      ]
    },
    {
      "mode": "managed",
      "type": "aws_iam_role",
      "name": "webapp_role",
      "provider": "provider[\"registry.terraform.io/hashicorp/aws\"]",
      "instances": [
        {
          "schema_version": 0,
          "attributes": {
            "arn": "arn:aws:iam::000000000000:role/secure-webapp-pr1712-webapp-role",
            "assume_role_policy": "{\"Statement\":[{\"Action\":\"sts:AssumeRole\",\"Effect\":\"Allow\",\"Principal\":{\"Service\":\"ec2.amazonaws.com\"}}],\"Version\":\"2012-10-17\"}",
            "create_date": "2025-12-25T02:41:26Z",
            "description": "",
            "force_detach_policies": false,
            "id": "secure-webapp-pr1712-webapp-role",
            "inline_policy": [],
            "managed_policy_arns": [],
            "max_session_duration": 3600,
            "name": "secure-webapp-pr1712-webapp-role",
            "name_prefix": "",
            "path": "/",
            "permissions_boundary": "",
            "tags": {
              "Environment": "prod",
              "Name": "secure-webapp-pr1712-webapp-role"
            },
            "tags_all": {
              "Environment": "prod",
              "Name": "secure-webapp-pr1712-webapp-role"
            },
            "unique_id": "AROAQAAAAAAAHDAE3GPK7"
          },
          "sensitive_attributes": [],
          "private": "bnVsbA=="
        }
      ]
    },
    {
      "mode": "managed",
      "type": "aws_iam_role_policy",
      "name": "eventbridge_logs_policy",
      "provider": "provider[\"registry.terraform.io/hashicorp/aws\"]",
      "instances": [
        {
          "schema_version": 0,
          "attributes": {
            "id": "secure-webapp-pr1712-eventbridge-logs-role:secure-webapp-pr1712-eventbridge-logs-policy",
            "name": "secure-webapp-pr1712-eventbridge-logs-policy",
            "name_prefix": "",
            "policy": "{\"Version\":\"2012-10-17\",\"Statement\":[{\"Action\":[\"logs:CreateLogStream\",\"logs:PutLogEvents\"],\"Effect\":\"Allow\",\"Resource\":[\"arn:aws:logs:us-east-1:000000000000:log-group:/aws/events/secure-webapp-pr1712:*\"]}]}",
            "role": "secure-webapp-pr1712-eventbridge-logs-role"
          },
          "sensitive_attributes": [],
          "private": "bnVsbA==",
          "dependencies": [
            "aws_cloudwatch_log_group.eventbridge_logs",
            "aws_iam_role.eventbridge_logs_role",
            "aws_kms_key.main",
            "data.aws_caller_identity.current"
          ]
        }
      ]
    },
    {
      "mode": "managed",
      "type": "aws_iam_role_policy",
      "name": "webapp_policy",
      "provider": "provider[\"registry.terraform.io/hashicorp/aws\"]",
      "instances": [
        {
          "schema_version": 0,
          "attributes": {
            "id": "secure-webapp-pr1712-webapp-role:secure-webapp-pr1712-webapp-policy",
            "name": "secure-webapp-pr1712-webapp-policy",
            "name_prefix": "",
            "policy": "{\"Version\":\"2012-10-17\",\"Statement\":[{\"Action\":[\"s3:GetObject\",\"s3:PutObject\"],\"Effect\":\"Allow\",\"Resource\":[\"arn:aws:s3:::secure-webapp-pr1712-webapp-assets-1d746828/*\"]},{\"Action\":[\"logs:CreateLogStream\",\"logs:PutLogEvents\"],\"Effect\":\"Allow\",\"Resource\":[\"arn:aws:logs:us-east-1:000000000000:log-group:/aws/webapp/secure-webapp-pr1712:*\"]},{\"Action\":[\"kms:Decrypt\",\"kms:DescribeKey\"],\"Condition\":{\"StringEquals\":{\"kms:ViaService\":[\"s3.us-east-1.amazonaws.com\",\"logs.us-east-1.amazonaws.com\",\"ssm.us-east-1.amazonaws.com\"]}},\"Effect\":\"Allow\",\"Resource\":[\"arn:aws:kms:us-east-1:000000000000:key/e535c15a-9c3a-4684-b854-72ef6874f25e\"]},{\"Action\":[\"ssm:GetParameter\",\"ssm:GetParameters\",\"ssm:GetParametersByPath\"],\"Effect\":\"Allow\",\"Resource\":[\"arn:aws:ssm:us-east-1:000000000000:parameter/secure-webapp/pr1712/*\"]},{\"Action\":[\"events:PutEvents\"],\"Effect\":\"Allow\",\"Resource\":[\"arn:aws:events:us-east-1:000000000000:event-bus/secure-webapp-pr1712-events\"]}]}",
            "role": "secure-webapp-pr1712-webapp-role"
          },
          "sensitive_attributes": [],
          "private": "bnVsbA==",
          "dependencies": [
            "aws_cloudwatch_event_bus.webapp_events",
            "aws_cloudwatch_log_group.webapp_logs",
            "aws_iam_role.webapp_role",
            "aws_kms_key.main",
            "aws_s3_bucket.webapp_assets",
            "data.aws_caller_identity.current",
            "random_id.bucket_suffix"
          ]
        }
      ]
    },
    {
      "mode": "managed",
      "type": "aws_internet_gateway",
      "name": "main",
      "provider": "provider[\"registry.terraform.io/hashicorp/aws\"]",
      "instances": [
        {
          "schema_version": 0,
          "attributes": {
            "arn": "arn:aws:ec2:us-east-1:000000000000:internet-gateway/igw-2f44edf98d333e45d",
            "id": "igw-2f44edf98d333e45d",
            "owner_id": "000000000000",
            "region": "us-east-1",
            "tags": {
              "Environment": "prod",
              "Name": "secure-webapp-pr1712-igw"
            },
            "tags_all": {
              "Environment": "prod",
              "Name": "secure-webapp-pr1712-igw"
            },
            "timeouts": null,
            "vpc_id": "vpc-316cee665aa2cb9d0"
          },
          "sensitive_attributes": [],
          "private": "eyJlMmJmYjczMC1lY2FhLTExZTYtOGY4OC0zNDM2M2JjN2M0YzAiOnsiY3JlYXRlIjoxMjAwMDAwMDAwMDAwLCJkZWxldGUiOjEyMDAwMDAwMDAwMDAsInVwZGF0ZSI6MTIwMDAwMDAwMDAwMH19",
          "dependencies": [
            "aws_vpc.main"
          ]
        }
      ]
    },
    {
      "mode": "managed",
      "type": "aws_kms_alias",
      "name": "main",
      "provider": "provider[\"registry.terraform.io/hashicorp/aws\"]",
      "instances": [
        {
          "schema_version": 0,
          "attributes": {
            "arn": "arn:aws:kms:us-east-1:000000000000:alias/secure-webapp-pr1712-key",
            "id": "alias/secure-webapp-pr1712-key",
            "name": "alias/secure-webapp-pr1712-key",
            "name_prefix": "",
            "region": "us-east-1",
            "target_key_arn": "arn:aws:kms:us-east-1:000000000000:key/e535c15a-9c3a-4684-b854-72ef6874f25e",
            "target_key_id": "e535c15a-9c3a-4684-b854-72ef6874f25e"
          },
          "sensitive_attributes": [],
          "private": "bnVsbA==",
          "dependencies": [
            "aws_kms_key.main",
            "data.aws_caller_identity.current"
          ]
        }
      ]
    },
    {
      "mode": "managed",
      "type": "aws_kms_key",
      "name": "main",
      "provider": "provider[\"registry.terraform.io/hashicorp/aws\"]",
      "instances": [
        {
          "schema_version": 0,
          "attributes": {
            "arn": "arn:aws:kms:us-east-1:000000000000:key/e535c15a-9c3a-4684-b854-72ef6874f25e",
            "bypass_policy_lockout_safety_check": false,
            "custom_key_store_id": "",
            "customer_master_key_spec": "SYMMETRIC_DEFAULT",
            "deletion_window_in_days": 7,
            "description": "KMS key for secure-webapp-pr1712",
            "enable_key_rotation": true,
            "id": "e535c15a-9c3a-4684-b854-72ef6874f25e",
            "is_enabled": true,
            "key_id": "e535c15a-9c3a-4684-b854-72ef6874f25e",
            "key_usage": "ENCRYPT_DECRYPT",
            "multi_region": false,
            "policy": "{\"Statement\":[{\"Action\":\"kms:*\",\"Effect\":\"Allow\",\"Principal\":{\"AWS\":\"arn:aws:iam::000000000000:root\"},\"Resource\":\"*\",\"Sid\":\"Enable IAM User Permissions\"},{\"Action\":[\"kms:Encrypt\",\"kms:Decrypt\",\"kms:ReEncrypt*\",\"kms:GenerateDataKey*\",\"kms:DescribeKey\"],\"Condition\":{\"ArnLike\":{\"kms:EncryptionContext:aws:logs:arn\":\"arn:aws:logs:us-east-1:000000000000:*\"}},\"Effect\":\"Allow\",\"Principal\":{\"Service\":\"logs.us-east-1.amazonaws.com\"},\"Resource\":\"*\",\"Sid\":\"Allow CloudWatch Logs\"},{\"Action\":[\"kms:Encrypt\",\"kms:Decrypt\",\"kms:ReEncrypt*\",\"kms:GenerateDataKey*\",\"kms:DescribeKey\"],\"Effect\":\"Allow\",\"Principal\":{\"Service\":\"events.amazonaws.com\"},\"Resource\":\"*\",\"Sid\":\"Allow EventBridge\"},{\"Action\":[\"kms:Encrypt\",\"kms:Decrypt\",\"kms:ReEncrypt*\",\"kms:GenerateDataKey*\",\"kms:DescribeKey\"],\"Effect\":\"Allow\",\"Principal\":{\"Service\":\"ssm.amazonaws.com\"},\"Resource\":\"*\",\"Sid\":\"Allow SSM Parameter Store\"}],\"Version\":\"2012-10-17\"}",
            "region": "us-east-1",
            "rotation_period_in_days": 365,
            "tags": {
              "Environment": "prod",
              "Name": "secure-webapp-pr1712-kms-key"
            },
            "tags_all": {
              "Environment": "prod",
              "Name": "secure-webapp-pr1712-kms-key"
            },
            "timeouts": null,
            "xks_key_id": ""
          },
          "sensitive_attributes": [],
          "private": "eyJlMmJmYjczMC1lY2FhLTExZTYtOGY4OC0zNDM2M2JjN2M0YzAiOnsiY3JlYXRlIjoxMjAwMDAwMDAwMDB9fQ==",
          "dependencies": [
            "data.aws_caller_identity.current"
          ]
        }
      ]
    },
    {
      "mode": "managed",
      "type": "aws_lb",
      "name": "main",
      "provider": "provider[\"registry.terraform.io/hashicorp/aws\"]",
      "instances": [
        {
          "schema_version": 0,
          "attributes": {
            "access_logs": [
              {
                "bucket": "secure-webapp-pr1712-webapp-assets-1d746828",
                "enabled": true,
                "prefix": "alb-access-logs"
              }
            ],
            "arn": "arn:aws:elasticloadbalancing:us-east-1:000000000000:loadbalancer/app/secure-webapp-pr1712-alb/8b81ab614efc221a",
            "arn_suffix": "app/secure-webapp-pr1712-alb/8b81ab614efc221a",
            "client_keep_alive": 3600,
            "connection_logs": [
              {
                "bucket": "",
                "enabled": false,
                "prefix": ""
              }
            ],
            "customer_owned_ipv4_pool": "",
            "desync_mitigation_mode": "defensive",
            "dns_name": "secure-webapp-pr1712-alb.elb.localhost.localstack.cloud",
            "dns_record_client_routing_policy": null,
            "drop_invalid_header_fields": false,
            "enable_cross_zone_load_balancing": false,
            "enable_deletion_protection": false,
            "enable_http2": true,
            "enable_tls_version_and_cipher_suite_headers": false,
            "enable_waf_fail_open": false,
            "enable_xff_client_port": false,
            "enable_zonal_shift": false,
            "enforce_security_group_inbound_rules_on_private_link_traffic": "",
            "id": "arn:aws:elasticloadbalancing:us-east-1:000000000000:loadbalancer/app/secure-webapp-pr1712-alb/8b81ab614efc221a",
            "idle_timeout": 60,
            "internal": false,
            "ip_address_type": "ipv4",
            "ipam_pools": [],
            "load_balancer_type": "application",
            "minimum_load_balancer_capacity": [],
            "name": "secure-webapp-pr1712-alb",
            "name_prefix": "",
            "preserve_host_header": false,
            "region": "us-east-1",
            "security_groups": [
              "sg-826f3855081887712"
            ],
            "subnet_mapping": [
              {
                "allocation_id": "",
                "ipv6_address": "",
                "outpost_id": "",
                "private_ipv4_address": "",
                "subnet_id": "subnet-0d3bda1ccd8ce61c4"
              },
              {
                "allocation_id": "",
                "ipv6_address": "",
                "outpost_id": "",
                "private_ipv4_address": "",
                "subnet_id": "subnet-3b9bc92d31a628d02"
              }
            ],
            "subnets": [
              "subnet-0d3bda1ccd8ce61c4",
              "subnet-3b9bc92d31a628d02"
            ],
            "tags": {
              "Environment": "prod",
              "Name": "secure-webapp-pr1712-alb"
            },
            "tags_all": {
              "Environment": "prod",
              "Name": "secure-webapp-pr1712-alb"
            },
            "timeouts": null,
            "vpc_id": "vpc-316cee665aa2cb9d0",
            "xff_header_processing_mode": "append",
            "zone_id": "Z2P70J7EXAMPLE"
          },
          "sensitive_attributes": [],
          "private": "eyJlMmJmYjczMC1lY2FhLTExZTYtOGY4OC0zNDM2M2JjN2M0YzAiOnsiY3JlYXRlIjo2MDAwMDAwMDAwMDAsImRlbGV0ZSI6NjAwMDAwMDAwMDAwLCJ1cGRhdGUiOjYwMDAwMDAwMDAwMH19",
          "dependencies": [
            "aws_s3_bucket.webapp_assets",
            "aws_s3_bucket_policy.alb_logs",
            "aws_s3_bucket_public_access_block.webapp_assets",
            "aws_security_group.alb",
            "aws_subnet.public",
            "aws_vpc.main",
            "data.aws_availability_zones.available",
            "random_id.bucket_suffix"
          ]
        }
      ]
    },
    {
      "mode": "managed",
      "type": "aws_nat_gateway",
      "name": "main",
      "provider": "provider[\"registry.terraform.io/hashicorp/aws\"]",
      "instances": [
        {
          "index_key": 0,
          "schema_version": 0,
          "attributes": {
            "allocation_id": "eipalloc-9c19a7cd0af8f089f",
            "association_id": "eipassoc-fc9f276fe88336d31",
            "connectivity_type": "public",
            "id": "nat-9a2cef340620f37dc",
            "network_interface_id": "eni-4a034baa330fcc0e1",
            "private_ip": "10.199.100.144",
            "public_ip": "127.2.157.63",
            "region": "us-east-1",
            "secondary_allocation_ids": [],
            "secondary_private_ip_address_count": 0,
            "secondary_private_ip_addresses": [],
            "subnet_id": "subnet-3b9bc92d31a628d02",
            "tags": {
              "Environment": "prod",
              "Name": "secure-webapp-pr1712-nat-gateway-1"
            },
            "tags_all": {
              "Environment": "prod",
              "Name": "secure-webapp-pr1712-nat-gateway-1"
            },
            "timeouts": null
          },
          "sensitive_attributes": [],
          "private": "eyJlMmJmYjczMC1lY2FhLTExZTYtOGY4OC0zNDM2M2JjN2M0YzAiOnsiY3JlYXRlIjo2MDAwMDAwMDAwMDAsImRlbGV0ZSI6MTgwMDAwMDAwMDAwMCwidXBkYXRlIjo2MDAwMDAwMDAwMDB9fQ==",
          "dependencies": [
            "aws_eip.nat",
            "aws_internet_gateway.main",
            "aws_subnet.public",
            "aws_vpc.main",
            "data.aws_availability_zones.available"
          ]
        },
        {
          "index_key": 1,
          "schema_version": 0,
          "attributes": {
            "allocation_id": "eipalloc-f6acf73021960d547",
            "association_id": "eipassoc-13a91181572125b31",
            "connectivity_type": "public",
            "id": "nat-46121605f254d960a",
            "network_interface_id": "eni-e08b7c7a94f585796",
            "private_ip": "10.156.67.59",
            "public_ip": "127.156.130.57",
            "region": "us-east-1",
            "secondary_allocation_ids": [],
            "secondary_private_ip_address_count": 0,
            "secondary_private_ip_addresses": [],
            "subnet_id": "subnet-0d3bda1ccd8ce61c4",
            "tags": {
              "Environment": "prod",
              "Name": "secure-webapp-pr1712-nat-gateway-2"
            },
            "tags_all": {
              "Environment": "prod",
              "Name": "secure-webapp-pr1712-nat-gateway-2"
            },
            "timeouts": null
          },
          "sensitive_attributes": [],
          "private": "eyJlMmJmYjczMC1lY2FhLTExZTYtOGY4OC0zNDM2M2JjN2M0YzAiOnsiY3JlYXRlIjo2MDAwMDAwMDAwMDAsImRlbGV0ZSI6MTgwMDAwMDAwMDAwMCwidXBkYXRlIjo2MDAwMDAwMDAwMDB9fQ==",
          "dependencies": [
            "aws_eip.nat",
            "aws_internet_gateway.main",
            "aws_subnet.public",
            "aws_vpc.main",
            "data.aws_availability_zones.available"
          ]
        }
      ]
    },
    {
      "mode": "managed",
      "type": "aws_route_table",
      "name": "private",
      "provider": "provider[\"registry.terraform.io/hashicorp/aws\"]",
      "instances": [
        {
          "index_key": 0,
          "schema_version": 0,
          "attributes": {
            "arn": "arn:aws:ec2:us-east-1:000000000000:route-table/rtb-973e64d823947f5a6",
            "id": "rtb-973e64d823947f5a6",
            "owner_id": "000000000000",
            "propagating_vgws": [],
            "region": "us-east-1",
            "route": [
              {
                "carrier_gateway_id": "",
                "cidr_block": "0.0.0.0/0",
                "core_network_arn": "",
                "destination_prefix_list_id": "",
                "egress_only_gateway_id": "",
                "gateway_id": "",
                "ipv6_cidr_block": "",
                "local_gateway_id": "",
                "nat_gateway_id": "nat-9a2cef340620f37dc",
                "network_interface_id": "",
                "transit_gateway_id": "",
                "vpc_endpoint_id": "",
                "vpc_peering_connection_id": ""
              }
            ],
            "tags": {
              "Environment": "prod",
              "Name": "secure-webapp-pr1712-private-rt-1"
            },
            "tags_all": {
              "Environment": "prod",
              "Name": "secure-webapp-pr1712-private-rt-1"
            },
            "timeouts": null,
            "vpc_id": "vpc-316cee665aa2cb9d0"
          },
          "sensitive_attributes": [],
          "private": "eyJlMmJmYjczMC1lY2FhLTExZTYtOGY4OC0zNDM2M2JjN2M0YzAiOnsiY3JlYXRlIjozMDAwMDAwMDAwMDAsImRlbGV0ZSI6MzAwMDAwMDAwMDAwLCJ1cGRhdGUiOjEyMDAwMDAwMDAwMH19",
          "dependencies": [
            "aws_eip.nat",
            "aws_internet_gateway.main",
            "aws_nat_gateway.main",
            "aws_subnet.private",
            "aws_subnet.public",
            "aws_vpc.main",
            "data.aws_availability_zones.available"
          ]
        },
        {
          "index_key": 1,
          "schema_version": 0,
          "attributes": {
            "arn": "arn:aws:ec2:us-east-1:000000000000:route-table/rtb-101e95d6e6970bbcc",
            "id": "rtb-101e95d6e6970bbcc",
            "owner_id": "000000000000",
            "propagating_vgws": [],
            "region": "us-east-1",
            "route": [
              {
                "carrier_gateway_id": "",
                "cidr_block": "0.0.0.0/0",
                "core_network_arn": "",
                "destination_prefix_list_id": "",
                "egress_only_gateway_id": "",
                "gateway_id": "",
                "ipv6_cidr_block": "",
                "local_gateway_id": "",
                "nat_gateway_id": "nat-46121605f254d960a",
                "network_interface_id": "",
                "transit_gateway_id": "",
                "vpc_endpoint_id": "",
                "vpc_peering_connection_id": ""
              }
            ],
            "tags": {
              "Environment": "prod",
              "Name": "secure-webapp-pr1712-private-rt-2"
            },
            "tags_all": {
              "Environment": "prod",
              "Name": "secure-webapp-pr1712-private-rt-2"
            },
            "timeouts": null,
            "vpc_id": "vpc-316cee665aa2cb9d0"
          },
          "sensitive_attributes": [],
          "private": "eyJlMmJmYjczMC1lY2FhLTExZTYtOGY4OC0zNDM2M2JjN2M0YzAiOnsiY3JlYXRlIjozMDAwMDAwMDAwMDAsImRlbGV0ZSI6MzAwMDAwMDAwMDAwLCJ1cGRhdGUiOjEyMDAwMDAwMDAwMH19",
          "dependencies": [
            "aws_eip.nat",
            "aws_internet_gateway.main",
            "aws_nat_gateway.main",
            "aws_subnet.private",
            "aws_subnet.public",
            "aws_vpc.main",
            "data.aws_availability_zones.available"
          ]
        }
      ]
    },
    {
      "mode": "managed",
      "type": "aws_route_table",
      "name": "public",
      "provider": "provider[\"registry.terraform.io/hashicorp/aws\"]",
      "instances": [
        {
          "schema_version": 0,
          "attributes": {
            "arn": "arn:aws:ec2:us-east-1:000000000000:route-table/rtb-16b5c65ddab7887e2",
            "id": "rtb-16b5c65ddab7887e2",
            "owner_id": "000000000000",
            "propagating_vgws": [],
            "region": "us-east-1",
            "route": [
              {
                "carrier_gateway_id": "",
                "cidr_block": "0.0.0.0/0",
                "core_network_arn": "",
                "destination_prefix_list_id": "",
                "egress_only_gateway_id": "",
                "gateway_id": "igw-2f44edf98d333e45d",
                "ipv6_cidr_block": "",
                "local_gateway_id": "",
                "nat_gateway_id": "",
                "network_interface_id": "",
                "transit_gateway_id": "",
                "vpc_endpoint_id": "",
                "vpc_peering_connection_id": ""
              }
            ],
            "tags": {
              "Environment": "prod",
              "Name": "secure-webapp-pr1712-public-rt"
            },
            "tags_all": {
              "Environment": "prod",
              "Name": "secure-webapp-pr1712-public-rt"
            },
            "timeouts": null,
            "vpc_id": "vpc-316cee665aa2cb9d0"
          },
          "sensitive_attributes": [],
          "private": "eyJlMmJmYjczMC1lY2FhLTExZTYtOGY4OC0zNDM2M2JjN2M0YzAiOnsiY3JlYXRlIjozMDAwMDAwMDAwMDAsImRlbGV0ZSI6MzAwMDAwMDAwMDAwLCJ1cGRhdGUiOjEyMDAwMDAwMDAwMH19",
          "dependencies": [
            "aws_internet_gateway.main",
            "aws_vpc.main"
          ]
        }
      ]
    },
    {
      "mode": "managed",
      "type": "aws_route_table_association",
      "name": "private",
      "provider": "provider[\"registry.terraform.io/hashicorp/aws\"]",
      "instances": [
        {
          "index_key": 0,
          "schema_version": 0,
          "attributes": {
            "gateway_id": "",
            "id": "rtbassoc-6467820c37e8e4930",
            "region": "us-east-1",
            "route_table_id": "rtb-973e64d823947f5a6",
            "subnet_id": "subnet-6d192730ca7cf8911",
            "timeouts": null
          },
          "sensitive_attributes": [],
          "private": "eyJlMmJmYjczMC1lY2FhLTExZTYtOGY4OC0zNDM2M2JjN2M0YzAiOnsiY3JlYXRlIjozMDAwMDAwMDAwMDAsImRlbGV0ZSI6MzAwMDAwMDAwMDAwLCJ1cGRhdGUiOjEyMDAwMDAwMDAwMH19",
          "dependencies": [
            "aws_eip.nat",
            "aws_internet_gateway.main",
            "aws_nat_gateway.main",
            "aws_route_table.private",
            "aws_subnet.private",
            "aws_subnet.public",
            "aws_vpc.main",
            "data.aws_availability_zones.available"
          ]
        },
        {
          "index_key": 1,
          "schema_version": 0,
          "attributes": {
            "gateway_id": "",
            "id": "rtbassoc-a443ca56c1eafe3d3",
            "region": "us-east-1",
            "route_table_id": "rtb-101e95d6e6970bbcc",
            "subnet_id": "subnet-99e2a58bd5461301e",
            "timeouts": null
          },
          "sensitive_attributes": [],
          "private": "eyJlMmJmYjczMC1lY2FhLTExZTYtOGY4OC0zNDM2M2JjN2M0YzAiOnsiY3JlYXRlIjozMDAwMDAwMDAwMDAsImRlbGV0ZSI6MzAwMDAwMDAwMDAwLCJ1cGRhdGUiOjEyMDAwMDAwMDAwMH19",
          "dependencies": [
            "aws_eip.nat",
            "aws_internet_gateway.main",
            "aws_nat_gateway.main",
            "aws_route_table.private",
            "aws_subnet.private",
            "aws_subnet.public",
            "aws_vpc.main",
            "data.aws_availability_zones.available"
          ]
        }
      ]
    },
    {
      "mode": "managed",
      "type": "aws_route_table_association",
      "name": "public",
      "provider": "provider[\"registry.terraform.io/hashicorp/aws\"]",
      "instances": [
        {
          "index_key": 0,
          "schema_version": 0,
          "attributes": {
            "gateway_id": "",
            "id": "rtbassoc-e30c202ebdb44622a",
            "region": "us-east-1",
            "route_table_id": "rtb-16b5c65ddab7887e2",
            "subnet_id": "subnet-3b9bc92d31a628d02",
            "timeouts": null
          },
          "sensitive_attributes": [],
          "private": "eyJlMmJmYjczMC1lY2FhLTExZTYtOGY4OC0zNDM2M2JjN2M0YzAiOnsiY3JlYXRlIjozMDAwMDAwMDAwMDAsImRlbGV0ZSI6MzAwMDAwMDAwMDAwLCJ1cGRhdGUiOjEyMDAwMDAwMDAwMH19",
          "dependencies": [
            "aws_internet_gateway.main",
            "aws_route_table.public",
            "aws_subnet.public",
            "aws_vpc.main",
            "data.aws_availability_zones.available"
          ]
        },
        {
          "index_key": 1,
          "schema_version": 0,
          "attributes": {
            "gateway_id": "",
            "id": "rtbassoc-492f9c0537644a1ea",
            "region": "us-east-1",
            "route_table_id": "rtb-16b5c65ddab7887e2",
            "subnet_id": "subnet-0d3bda1ccd8ce61c4",
            "timeouts": null
          },
          "sensitive_attributes": [],
          "private": "eyJlMmJmYjczMC1lY2FhLTExZTYtOGY4OC0zNDM2M2JjN2M0YzAiOnsiY3JlYXRlIjozMDAwMDAwMDAwMDAsImRlbGV0ZSI6MzAwMDAwMDAwMDAwLCJ1cGRhdGUiOjEyMDAwMDAwMDAwMH19",
          "dependencies": [
            "aws_internet_gateway.main",
            "aws_route_table.public",
            "aws_subnet.public",
            "aws_vpc.main",
            "data.aws_availability_zones.available"
          ]
        }
      ]
    },
    {
      "mode": "managed",
      "type": "aws_s3_bucket",
      "name": "webapp_assets",
      "provider": "provider[\"registry.terraform.io/hashicorp/aws\"]",
      "instances": [
        {
          "schema_version": 0,
          "attributes": {
            "acceleration_status": "",
            "acl": null,
            "arn": "arn:aws:s3:::secure-webapp-pr1712-webapp-assets-1d746828",
            "bucket": "secure-webapp-pr1712-webapp-assets-1d746828",
            "bucket_domain_name": "secure-webapp-pr1712-webapp-assets-1d746828.s3.amazonaws.com",
            "bucket_prefix": "",
            "bucket_region": "us-east-1",
            "bucket_regional_domain_name": "secure-webapp-pr1712-webapp-assets-1d746828.s3.us-east-1.amazonaws.com",
            "cors_rule": [],
            "force_destroy": false,
            "grant": [
              {
                "id": "75aa57f09aa0c8caeab4f8c24e99d10f8e7faeebf76c078efc7c6caea54ba06a",
                "permissions": [
                  "FULL_CONTROL"
                ],
                "type": "CanonicalUser",
                "uri": ""
              }
            ],
            "hosted_zone_id": "Z3AQBSTGFYJSTF",
            "id": "secure-webapp-pr1712-webapp-assets-1d746828",
            "lifecycle_rule": [],
            "logging": [],
            "object_lock_configuration": [],
            "object_lock_enabled": false,
            "policy": "",
            "region": "us-east-1",
            "replication_configuration": [],
            "request_payer": "BucketOwner",
            "server_side_encryption_configuration": [
              {
                "rule": [
                  {
                    "apply_server_side_encryption_by_default": [
                      {
                        "kms_master_key_id": "",
                        "sse_algorithm": "AES256"
                      }
                    ],
                    "bucket_key_enabled": false
                  }
                ]
              }
            ],
            "tags": {
              "Environment": "prod",
              "Name": "secure-webapp-pr1712-webapp-assets"
            },
            "tags_all": {
              "Environment": "prod",
              "Name": "secure-webapp-pr1712-webapp-assets"
            },
            "timeouts": null,
            "versioning": [
              {
                "enabled": false,
                "mfa_delete": false
              }
            ],
            "website": [],
            "website_domain": null,
            "website_endpoint": null
          },
          "sensitive_attributes": [],
          "private": "eyJlMmJmYjczMC1lY2FhLTExZTYtOGY4OC0zNDM2M2JjN2M0YzAiOnsiY3JlYXRlIjoxMjAwMDAwMDAwMDAwLCJkZWxldGUiOjM2MDAwMDAwMDAwMDAsInJlYWQiOjEyMDAwMDAwMDAwMDAsInVwZGF0ZSI6MTIwMDAwMDAwMDAwMH19",
          "dependencies": [
            "random_id.bucket_suffix"
          ]
        }
      ]
    },
    {
      "mode": "managed",
      "type": "aws_s3_bucket_policy",
      "name": "alb_logs",
      "provider": "provider[\"registry.terraform.io/hashicorp/aws\"]",
      "instances": [
        {
          "schema_version": 0,
          "attributes": {
            "bucket": "secure-webapp-pr1712-webapp-assets-1d746828",
            "id": "secure-webapp-pr1712-webapp-assets-1d746828",
            "policy": "{\"Statement\":[{\"Action\":\"s3:PutObject\",\"Effect\":\"Allow\",\"Principal\":{\"AWS\":\"arn:aws:iam::797873946194:root\"},\"Resource\":\"arn:aws:s3:::secure-webapp-pr1712-webapp-assets-1d746828/alb-access-logs/*\"},{\"Action\":\"s3:GetBucketAcl\",\"Effect\":\"Allow\",\"Principal\":{\"AWS\":\"arn:aws:iam::797873946194:root\"},\"Resource\":\"arn:aws:s3:::secure-webapp-pr1712-webapp-assets-1d746828\"}],\"Version\":\"2012-10-17\"}",
            "region": "us-east-1"
          },
          "sensitive_attributes": [],
          "private": "bnVsbA==",
          "dependencies": [
            "aws_s3_bucket.webapp_assets",
            "random_id.bucket_suffix"
          ]
        }
      ]
    },
    {
      "mode": "managed",
      "type": "aws_s3_bucket_public_access_block",
      "name": "webapp_assets",
      "provider": "provider[\"registry.terraform.io/hashicorp/aws\"]",
      "instances": [
        {
          "schema_version": 0,
          "attributes": {
            "block_public_acls": true,
            "block_public_policy": true,
            "bucket": "secure-webapp-pr1712-webapp-assets-1d746828",
            "id": "secure-webapp-pr1712-webapp-assets-1d746828",
            "ignore_public_acls": true,
            "region": "us-east-1",
            "restrict_public_buckets": true,
            "skip_destroy": null
          },
          "sensitive_attributes": [],
          "private": "bnVsbA==",
          "dependencies": [
            "aws_s3_bucket.webapp_assets",
            "random_id.bucket_suffix"
          ]
        }
      ]
    },
    {
      "mode": "managed",
      "type": "aws_s3_bucket_server_side_encryption_configuration",
      "name": "webapp_assets",
      "provider": "provider[\"registry.terraform.io/hashicorp/aws\"]",
      "instances": [
        {
          "schema_version": 0,
          "attributes": {
            "bucket": "secure-webapp-pr1712-webapp-assets-1d746828",
            "expected_bucket_owner": "",
            "id": "secure-webapp-pr1712-webapp-assets-1d746828",
            "region": "us-east-1",
            "rule": [
              {
                "apply_server_side_encryption_by_default": [
                  {
                    "kms_master_key_id": "arn:aws:kms:us-east-1:000000000000:key/e535c15a-9c3a-4684-b854-72ef6874f25e",
                    "sse_algorithm": "aws:kms"
                  }
                ],
                "bucket_key_enabled": true
              }
            ]
          },
          "sensitive_attributes": [],
          "private": "bnVsbA==",
          "dependencies": [
            "aws_kms_key.main",
            "aws_s3_bucket.webapp_assets",
            "data.aws_caller_identity.current",
            "random_id.bucket_suffix"
          ]
        }
      ]
    },
    {
      "mode": "managed",
      "type": "aws_s3_bucket_versioning",
      "name": "webapp_assets",
      "provider": "provider[\"registry.terraform.io/hashicorp/aws\"]",
      "instances": [
        {
          "schema_version": 0,
          "attributes": {
            "bucket": "secure-webapp-pr1712-webapp-assets-1d746828",
            "expected_bucket_owner": "",
            "id": "secure-webapp-pr1712-webapp-assets-1d746828",
            "mfa": null,
            "region": "us-east-1",
            "versioning_configuration": [
              {
                "mfa_delete": "",
                "status": "Enabled"
              }
            ]
          },
          "sensitive_attributes": [],
          "private": "bnVsbA==",
          "dependencies": [
            "aws_s3_bucket.webapp_assets",
            "random_id.bucket_suffix"
          ]
        }
      ]
    },
    {
      "mode": "managed",
      "type": "aws_security_group",
      "name": "alb",
      "provider": "provider[\"registry.terraform.io/hashicorp/aws\"]",
      "instances": [
        {
          "schema_version": 1,
          "attributes": {
            "arn": "arn:aws:ec2:us-east-1:000000000000:security-group/sg-826f3855081887712",
            "description": "Managed by Terraform",
            "egress": [
              {
                "cidr_blocks": [
                  "0.0.0.0/0"
                ],
                "description": "",
                "from_port": 0,
                "ipv6_cidr_blocks": [],
                "prefix_list_ids": [],
                "protocol": "-1",
                "security_groups": [],
                "self": false,
                "to_port": 0
              }
            ],
            "id": "sg-826f3855081887712",
            "ingress": [
              {
                "cidr_blocks": [
                  "0.0.0.0/0"
                ],
                "description": "HTTP",
                "from_port": 80,
                "ipv6_cidr_blocks": [],
                "prefix_list_ids": [],
                "protocol": "tcp",
                "security_groups": [],
                "self": false,
                "to_port": 80
              },
              {
                "cidr_blocks": [
                  "0.0.0.0/0"
                ],
                "description": "HTTPS",
                "from_port": 443,
                "ipv6_cidr_blocks": [],
                "prefix_list_ids": [],
                "protocol": "tcp",
                "security_groups": [],
                "self": false,
                "to_port": 443
              }
            ],
            "name": "secure-webapp-pr1712-alb-20251225024136719300000001",
            "name_prefix": "secure-webapp-pr1712-alb-",
            "owner_id": "000000000000",
            "region": "us-east-1",
            "revoke_rules_on_delete": false,
            "tags": {
              "Environment": "prod",
              "Name": "secure-webapp-pr1712-alb-sg"
            },
            "tags_all": {
              "Environment": "prod",
              "Name": "secure-webapp-pr1712-alb-sg"
            },
            "timeouts": null,
            "vpc_id": "vpc-316cee665aa2cb9d0"
          },
          "sensitive_attributes": [],
          "private": "eyJlMmJmYjczMC1lY2FhLTExZTYtOGY4OC0zNDM2M2JjN2M0YzAiOnsiY3JlYXRlIjo2MDAwMDAwMDAwMDAsImRlbGV0ZSI6OTAwMDAwMDAwMDAwfSwic2NoZW1hX3ZlcnNpb24iOiIxIn0=",
          "dependencies": [
            "aws_vpc.main"
          ]
        }
      ]
    },
    {
      "mode": "managed",
      "type": "aws_security_group",
      "name": "webapp",
      "provider": "provider[\"registry.terraform.io/hashicorp/aws\"]",
      "instances": [
        {
          "schema_version": 1,
          "attributes": {
            "arn": "arn:aws:ec2:us-east-1:000000000000:security-group/sg-2d2095f385a4b816a",
            "description": "Managed by Terraform",
            "egress": [
              {
                "cidr_blocks": [
                  "0.0.0.0/0"
                ],
                "description": "",
                "from_port": 0,
                "ipv6_cidr_blocks": [],
                "prefix_list_ids": [],
                "protocol": "-1",
                "security_groups": [],
                "self": false,
                "to_port": 0
              }
            ],
            "id": "sg-2d2095f385a4b816a",
            "ingress": [
              {
                "cidr_blocks": [],
                "description": "HTTP from ALB",
                "from_port": 80,
                "ipv6_cidr_blocks": [],
                "prefix_list_ids": [],
                "protocol": "tcp",
                "security_groups": [
                  "sg-826f3855081887712"
                ],
                "self": false,
                "to_port": 80
              }
            ],
            "name": "secure-webapp-pr1712-webapp-20251225024137442400000003",
            "name_prefix": "secure-webapp-pr1712-webapp-",
            "owner_id": "000000000000",
            "region": "us-east-1",
            "revoke_rules_on_delete": false,
            "tags": {
              "Environment": "prod",
              "Name": "secure-webapp-pr1712-webapp-sg"
            },
            "tags_all": {
              "Environment": "prod",
              "Name": "secure-webapp-pr1712-webapp-sg"
            },
            "timeouts": null,
            "vpc_id": "vpc-316cee665aa2cb9d0"
          },
          "sensitive_attributes": [],
          "private": "eyJlMmJmYjczMC1lY2FhLTExZTYtOGY4OC0zNDM2M2JjN2M0YzAiOnsiY3JlYXRlIjo2MDAwMDAwMDAwMDAsImRlbGV0ZSI6OTAwMDAwMDAwMDAwfSwic2NoZW1hX3ZlcnNpb24iOiIxIn0=",
          "dependencies": [
            "aws_security_group.alb",
            "aws_vpc.main"
          ]
        }
      ]
    },
    {
      "mode": "managed",
      "type": "aws_ssm_parameter",
      "name": "api_key",
      "provider": "provider[\"registry.terraform.io/hashicorp/aws\"]",
      "instances": [
        {
          "schema_version": 0,
          "attributes": {
            "allowed_pattern": "",
            "arn": "arn:aws:ssm:us-east-1:000000000000:parameter/secure-webapp/pr1712/api/key",
            "data_type": "text",
            "description": "",
            "has_value_wo": false,
            "id": "/secure-webapp/pr1712/api/key",
            "insecure_value": null,
            "key_id": "arn:aws:kms:us-east-1:000000000000:key/e535c15a-9c3a-4684-b854-72ef6874f25e",
            "name": "/secure-webapp/pr1712/api/key",
            "overwrite": null,
            "region": "us-east-1",
            "tags": {
              "Environment": "prod",
              "Name": "secure-webapp-pr1712-api-key-param"
            },
            "tags_all": {
              "Environment": "prod",
              "Name": "secure-webapp-pr1712-api-key-param"
            },
            "tier": "",
            "type": "SecureString",
            "value": "placeholder-secure-api-key-1d746828",
            "value_wo": null,
            "value_wo_version": null,
            "version": 1
          },
          "sensitive_attributes": [],
          "private": "bnVsbA==",
          "dependencies": [
            "aws_kms_key.main",
            "data.aws_caller_identity.current",
            "random_id.bucket_suffix"
          ]
        }
      ]
    },
    {
      "mode": "managed",
      "type": "aws_ssm_parameter",
      "name": "app_config",
      "provider": "provider[\"registry.terraform.io/hashicorp/aws\"]",
      "instances": [
        {
          "schema_version": 0,
          "attributes": {
            "allowed_pattern": "",
            "arn": "arn:aws:ssm:us-east-1:000000000000:parameter/secure-webapp/pr1712/app/config",
            "data_type": "text",
            "description": "",
            "has_value_wo": false,
            "id": "/secure-webapp/pr1712/app/config",
            "insecure_value": null,
            "key_id": "",
            "name": "/secure-webapp/pr1712/app/config",
            "overwrite": null,
            "region": "us-east-1",
            "tags": {
              "Environment": "prod",
              "Name": "secure-webapp-pr1712-app-config-param"
            },
            "tags_all": {
              "Environment": "prod",
              "Name": "secure-webapp-pr1712-app-config-param"
            },
            "tier": "",
            "type": "String",
            "value": "{\"cache_ttl\":300,\"feature_flags\":{\"analytics\":false,\"new_ui\":true},\"log_level\":\"INFO\",\"max_connections\":100}",
            "value_wo": null,
            "value_wo_version": null,
            "version": 1
          },
          "sensitive_attributes": [],
          "private": "bnVsbA=="
        }
      ]
    },
    {
      "mode": "managed",
      "type": "aws_ssm_parameter",
      "name": "database_host",
      "provider": "provider[\"registry.terraform.io/hashicorp/aws\"]",
      "instances": [
        {
          "schema_version": 0,
          "attributes": {
            "allowed_pattern": "",
            "arn": "arn:aws:ssm:us-east-1:000000000000:parameter/secure-webapp/pr1712/database/host",
            "data_type": "text",
            "description": "",
            "has_value_wo": false,
            "id": "/secure-webapp/pr1712/database/host",
            "insecure_value": null,
            "key_id": "",
            "name": "/secure-webapp/pr1712/database/host",
            "overwrite": null,
            "region": "us-east-1",
            "tags": {
              "Environment": "prod",
              "Name": "secure-webapp-pr1712-db-host-param"
            },
            "tags_all": {
              "Environment": "prod",
              "Name": "secure-webapp-pr1712-db-host-param"
            },
            "tier": "",
            "type": "String",
            "value": "db.secure-webapp-pr1712.internal",
            "value_wo": null,
            "value_wo_version": null,
            "version": 1
          },
          "sensitive_attributes": [],
          "private": "bnVsbA=="
        }
      ]
    },
    {
      "mode": "managed",
      "type": "aws_subnet",
      "name": "private",
      "provider": "provider[\"registry.terraform.io/hashicorp/aws\"]",
      "instances": [
        {
          "index_key": 0,
          "schema_version": 1,
          "attributes": {
            "arn": "arn:aws:ec2:us-east-1:000000000000:subnet/subnet-6d192730ca7cf8911",
            "assign_ipv6_address_on_creation": false,
            "availability_zone": "us-east-1a",
            "availability_zone_id": "use1-az6",
            "cidr_block": "10.0.10.0/24",
            "customer_owned_ipv4_pool": "",
            "enable_dns64": false,
            "enable_lni_at_device_index": 0,
            "enable_resource_name_dns_a_record_on_launch": false,
            "enable_resource_name_dns_aaaa_record_on_launch": false,
            "id": "subnet-6d192730ca7cf8911",
            "ipv6_cidr_block": "",
            "ipv6_cidr_block_association_id": "",
            "ipv6_native": false,
            "map_customer_owned_ip_on_launch": false,
            "map_public_ip_on_launch": false,
            "outpost_arn": "",
            "owner_id": "000000000000",
            "private_dns_hostname_type_on_launch": "ip-name",
            "region": "us-east-1",
            "tags": {
              "Environment": "prod",
              "Name": "secure-webapp-pr1712-private-subnet-1",
              "Type": "Private"
            },
            "tags_all": {
              "Environment": "prod",
              "Name": "secure-webapp-pr1712-private-subnet-1",
              "Type": "Private"
            },
            "timeouts": null,
            "vpc_id": "vpc-316cee665aa2cb9d0"
          },
          "sensitive_attributes": [],
          "private": "eyJlMmJmYjczMC1lY2FhLTExZTYtOGY4OC0zNDM2M2JjN2M0YzAiOnsiY3JlYXRlIjo2MDAwMDAwMDAwMDAsImRlbGV0ZSI6MTIwMDAwMDAwMDAwMH0sInNjaGVtYV92ZXJzaW9uIjoiMSJ9",
          "dependencies": [
            "aws_vpc.main",
            "data.aws_availability_zones.available"
          ]
        },
        {
          "index_key": 1,
          "schema_version": 1,
          "attributes": {
            "arn": "arn:aws:ec2:us-east-1:000000000000:subnet/subnet-99e2a58bd5461301e",
            "assign_ipv6_address_on_creation": false,
            "availability_zone": "us-east-1b",
            "availability_zone_id": "use1-az1",
            "cidr_block": "10.0.20.0/24",
            "customer_owned_ipv4_pool": "",
            "enable_dns64": false,
            "enable_lni_at_device_index": 0,
            "enable_resource_name_dns_a_record_on_launch": false,
            "enable_resource_name_dns_aaaa_record_on_launch": false,
            "id": "subnet-99e2a58bd5461301e",
            "ipv6_cidr_block": "",
            "ipv6_cidr_block_association_id": "",
            "ipv6_native": false,
            "map_customer_owned_ip_on_launch": false,
            "map_public_ip_on_launch": false,
            "outpost_arn": "",
            "owner_id": "000000000000",
            "private_dns_hostname_type_on_launch": "ip-name",
            "region": "us-east-1",
            "tags": {
              "Environment": "prod",
              "Name": "secure-webapp-pr1712-private-subnet-2",
              "Type": "Private"
            },
            "tags_all": {
              "Environment": "prod",
              "Name": "secure-webapp-pr1712-private-subnet-2",
              "Type": "Private"
            },
            "timeouts": null,
            "vpc_id": "vpc-316cee665aa2cb9d0"
          },
          "sensitive_attributes": [],
          "private": "eyJlMmJmYjczMC1lY2FhLTExZTYtOGY4OC0zNDM2M2JjN2M0YzAiOnsiY3JlYXRlIjo2MDAwMDAwMDAwMDAsImRlbGV0ZSI6MTIwMDAwMDAwMDAwMH0sInNjaGVtYV92ZXJzaW9uIjoiMSJ9",
          "dependencies": [
            "aws_vpc.main",
            "data.aws_availability_zones.available"
          ]
        }
      ]
    },
    {
      "mode": "managed",
      "type": "aws_subnet",
      "name": "public",
      "provider": "provider[\"registry.terraform.io/hashicorp/aws\"]",
      "instances": [
        {
          "index_key": 0,
          "schema_version": 1,
          "attributes": {
            "arn": "arn:aws:ec2:us-east-1:000000000000:subnet/subnet-3b9bc92d31a628d02",
            "assign_ipv6_address_on_creation": false,
            "availability_zone": "us-east-1a",
            "availability_zone_id": "use1-az6",
            "cidr_block": "10.0.1.0/24",
            "customer_owned_ipv4_pool": "",
            "enable_dns64": false,
            "enable_lni_at_device_index": 0,
            "enable_resource_name_dns_a_record_on_launch": false,
            "enable_resource_name_dns_aaaa_record_on_launch": false,
            "id": "subnet-3b9bc92d31a628d02",
            "ipv6_cidr_block": "",
            "ipv6_cidr_block_association_id": "",
            "ipv6_native": false,
            "map_customer_owned_ip_on_launch": false,
            "map_public_ip_on_launch": true,
            "outpost_arn": "",
            "owner_id": "000000000000",
            "private_dns_hostname_type_on_launch": "ip-name",
            "region": "us-east-1",
            "tags": {
              "Environment": "prod",
              "Name": "secure-webapp-pr1712-public-subnet-1",
              "Type": "Public"
            },
            "tags_all": {
              "Environment": "prod",
              "Name": "secure-webapp-pr1712-public-subnet-1",
              "Type": "Public"
            },
            "timeouts": null,
            "vpc_id": "vpc-316cee665aa2cb9d0"
          },
          "sensitive_attributes": [],
          "private": "eyJlMmJmYjczMC1lY2FhLTExZTYtOGY4OC0zNDM2M2JjN2M0YzAiOnsiY3JlYXRlIjo2MDAwMDAwMDAwMDAsImRlbGV0ZSI6MTIwMDAwMDAwMDAwMH0sInNjaGVtYV92ZXJzaW9uIjoiMSJ9",
          "dependencies": [
            "aws_vpc.main",
            "data.aws_availability_zones.available"
          ]
        },
        {
          "index_key": 1,
          "schema_version": 1,
          "attributes": {
            "arn": "arn:aws:ec2:us-east-1:000000000000:subnet/subnet-0d3bda1ccd8ce61c4",
            "assign_ipv6_address_on_creation": false,
            "availability_zone": "us-east-1b",
            "availability_zone_id": "use1-az1",
            "cidr_block": "10.0.2.0/24",
            "customer_owned_ipv4_pool": "",
            "enable_dns64": false,
            "enable_lni_at_device_index": 0,
            "enable_resource_name_dns_a_record_on_launch": false,
            "enable_resource_name_dns_aaaa_record_on_launch": false,
            "id": "subnet-0d3bda1ccd8ce61c4",
            "ipv6_cidr_block": "",
            "ipv6_cidr_block_association_id": "",
            "ipv6_native": false,
            "map_customer_owned_ip_on_launch": false,
            "map_public_ip_on_launch": true,
            "outpost_arn": "",
            "owner_id": "000000000000",
            "private_dns_hostname_type_on_launch": "ip-name",
            "region": "us-east-1",
            "tags": {
              "Environment": "prod",
              "Name": "secure-webapp-pr1712-public-subnet-2",
              "Type": "Public"
            },
            "tags_all": {
              "Environment": "prod",
              "Name": "secure-webapp-pr1712-public-subnet-2",
              "Type": "Public"
            },
            "timeouts": null,
            "vpc_id": "vpc-316cee665aa2cb9d0"
          },
          "sensitive_attributes": [],
          "private": "eyJlMmJmYjczMC1lY2FhLTExZTYtOGY4OC0zNDM2M2JjN2M0YzAiOnsiY3JlYXRlIjo2MDAwMDAwMDAwMDAsImRlbGV0ZSI6MTIwMDAwMDAwMDAwMH0sInNjaGVtYV92ZXJzaW9uIjoiMSJ9",
          "dependencies": [
            "aws_vpc.main",
            "data.aws_availability_zones.available"
          ]
        }
      ]
    },
    {
      "mode": "managed",
      "type": "aws_vpc",
      "name": "main",
      "provider": "provider[\"registry.terraform.io/hashicorp/aws\"]",
      "instances": [
        {
          "schema_version": 1,
          "attributes": {
            "arn": "arn:aws:ec2:us-east-1:000000000000:vpc/vpc-316cee665aa2cb9d0",
            "assign_generated_ipv6_cidr_block": false,
            "cidr_block": "10.0.0.0/16",
            "default_network_acl_id": "acl-1cb9ca7c339024f0c",
            "default_route_table_id": "rtb-313eea368d523e301",
            "default_security_group_id": "sg-f405d52ec38c23c57",
            "dhcp_options_id": "default",
            "enable_dns_hostnames": true,
            "enable_dns_support": true,
            "enable_network_address_usage_metrics": false,
            "id": "vpc-316cee665aa2cb9d0",
            "instance_tenancy": "default",
            "ipv4_ipam_pool_id": null,
            "ipv4_netmask_length": null,
            "ipv6_association_id": "",
            "ipv6_cidr_block": "",
            "ipv6_cidr_block_network_border_group": "",
            "ipv6_ipam_pool_id": "",
            "ipv6_netmask_length": 0,
            "main_route_table_id": "rtb-313eea368d523e301",
            "owner_id": "000000000000",
            "region": "us-east-1",
            "tags": {
              "Environment": "prod",
              "Name": "secure-webapp-pr1712-vpc"
            },
            "tags_all": {
              "Environment": "prod",
              "Name": "secure-webapp-pr1712-vpc"
            }
          },
          "sensitive_attributes": [],
          "private": "eyJzY2hlbWFfdmVyc2lvbiI6IjEifQ=="
        }
      ]
    },
    {
      "mode": "managed",
      "type": "aws_wafv2_web_acl",
      "name": "main",
      "provider": "provider[\"registry.terraform.io/hashicorp/aws\"]",
      "instances": [
        {
          "schema_version": 0,
          "attributes": {
            "application_integration_url": "",
            "arn": "arn:aws:wafv2:us-east-1:000000000000:regional/webacl/secure-webapp-pr1712-web-acl/de864594-c2f9-4100-891c-c0cd4f22ca1f",
            "association_config": [],
            "capacity": 3,
            "captcha_config": [],
            "challenge_config": [],
            "custom_response_body": [],
            "data_protection_config": [],
            "default_action": [
              {
                "allow": [
                  {
                    "custom_request_handling": []
                  }
                ],
                "block": []
              }
            ],
            "description": "",
            "id": "de864594-c2f9-4100-891c-c0cd4f22ca1f",
            "lock_token": "b81b5483-cb8b-4e52-8223-d6f2d7d4d930",
            "name": "secure-webapp-pr1712-web-acl",
            "name_prefix": "",
            "region": "us-east-1",
            "rule": [
              {
                "action": [
                  {
                    "allow": [],
                    "block": [
                      {
                        "custom_response": []
                      }
                    ],
                    "captcha": [],
                    "challenge": [],
                    "count": []
                  }
                ],
                "captcha_config": [],
                "challenge_config": [],
                "name": "RateLimitRule",
                "override_action": [],
                "priority": 3,
                "rule_label": [],
                "statement": [
                  {
                    "and_statement": [],
                    "asn_match_statement": [],
                    "byte_match_statement": [],
                    "geo_match_statement": [],
                    "ip_set_reference_statement": [],
                    "label_match_statement": [],
                    "managed_rule_group_statement": [],
                    "not_statement": [],
                    "or_statement": [],
                    "rate_based_statement": [
                      {
                        "aggregate_key_type": "IP",
                        "custom_key": [],
                        "evaluation_window_sec": 300,
                        "forwarded_ip_config": [],
                        "limit": 2000,
                        "scope_down_statement": []
                      }
                    ],
                    "regex_match_statement": [],
                    "regex_pattern_set_reference_statement": [],
                    "rule_group_reference_statement": [],
                    "size_constraint_statement": [],
                    "sqli_match_statement": [],
                    "xss_match_statement": []
                  }
                ],
                "visibility_config": [
                  {
                    "cloudwatch_metrics_enabled": true,
                    "metric_name": "RateLimitRule",
                    "sampled_requests_enabled": true
                  }
                ]
              },
              {
                "action": [],
                "captcha_config": [],
                "challenge_config": [],
                "name": "AWSManagedRulesCommonRuleSet",
                "override_action": [
                  {
                    "count": [],
                    "none": [
                      {}
                    ]
                  }
                ],
                "priority": 1,
                "rule_label": [],
                "statement": [
                  {
                    "and_statement": [],
                    "asn_match_statement": [],
                    "byte_match_statement": [],
                    "geo_match_statement": [],
                    "ip_set_reference_statement": [],
                    "label_match_statement": [],
                    "managed_rule_group_statement": [
                      {
                        "managed_rule_group_configs": [],
                        "name": "AWSManagedRulesCommonRuleSet",
                        "rule_action_override": [],
                        "scope_down_statement": [],
                        "vendor_name": "AWS",
                        "version": ""
                      }
                    ],
                    "not_statement": [],
                    "or_statement": [],
                    "rate_based_statement": [],
                    "regex_match_statement": [],
                    "regex_pattern_set_reference_statement": [],
                    "rule_group_reference_statement": [],
                    "size_constraint_statement": [],
                    "sqli_match_statement": [],
                    "xss_match_statement": []
                  }
                ],
                "visibility_config": [
                  {
                    "cloudwatch_metrics_enabled": true,
                    "metric_name": "CommonRuleSetMetric",
                    "sampled_requests_enabled": true
                  }
                ]
              },
              {
                "action": [],
                "captcha_config": [],
                "challenge_config": [],
                "name": "AWSManagedRulesKnownBadInputsRuleSet",
                "override_action": [
                  {
                    "count": [],
                    "none": [
                      {}
                    ]
                  }
                ],
                "priority": 2,
                "rule_label": [],
                "statement": [
                  {
                    "and_statement": [],
                    "asn_match_statement": [],
                    "byte_match_statement": [],
                    "geo_match_statement": [],
                    "ip_set_reference_statement": [],
                    "label_match_statement": [],
                    "managed_rule_group_statement": [
                      {
                        "managed_rule_group_configs": [],
                        "name": "AWSManagedRulesKnownBadInputsRuleSet",
                        "rule_action_override": [],
                        "scope_down_statement": [],
                        "vendor_name": "AWS",
                        "version": ""
                      }
                    ],
                    "not_statement": [],
                    "or_statement": [],
                    "rate_based_statement": [],
                    "regex_match_statement": [],
                    "regex_pattern_set_reference_statement": [],
                    "rule_group_reference_statement": [],
                    "size_constraint_statement": [],
                    "sqli_match_statement": [],
                    "xss_match_statement": []
                  }
                ],
                "visibility_config": [
                  {
                    "cloudwatch_metrics_enabled": true,
                    "metric_name": "KnownBadInputsRuleSetMetric",
                    "sampled_requests_enabled": true
                  }
                ]
              }
            ],
            "rule_json": null,
            "scope": "REGIONAL",
            "tags": {
              "Environment": "prod",
              "Name": "secure-webapp-pr1712-waf"
            },
            "tags_all": {
              "Environment": "prod",
              "Name": "secure-webapp-pr1712-waf"
            },
            "token_domains": null,
            "visibility_config": [
              {
                "cloudwatch_metrics_enabled": true,
                "metric_name": "WebACL",
                "sampled_requests_enabled": true
              }
            ]
          },
          "sensitive_attributes": [],
          "private": "bnVsbA=="
        }
      ]
    },
    {
      "mode": "managed",
      "type": "aws_wafv2_web_acl_association",
      "name": "main",
      "provider": "provider[\"registry.terraform.io/hashicorp/aws\"]",
      "instances": [
        {
          "schema_version": 0,
          "attributes": {
            "id": "arn:aws:wafv2:us-east-1:000000000000:regional/webacl/secure-webapp-pr1712-web-acl/de864594-c2f9-4100-891c-c0cd4f22ca1f,arn:aws:elasticloadbalancing:us-east-1:000000000000:loadbalancer/app/secure-webapp-pr1712-alb/8b81ab614efc221a",
            "region": "us-east-1",
            "resource_arn": "arn:aws:elasticloadbalancing:us-east-1:000000000000:loadbalancer/app/secure-webapp-pr1712-alb/8b81ab614efc221a",
            "timeouts": null,
            "web_acl_arn": "arn:aws:wafv2:us-east-1:000000000000:regional/webacl/secure-webapp-pr1712-web-acl/de864594-c2f9-4100-891c-c0cd4f22ca1f"
          },
          "sensitive_attributes": [],
          "private": "eyJlMmJmYjczMC1lY2FhLTExZTYtOGY4OC0zNDM2M2JjN2M0YzAiOnsiY3JlYXRlIjo2MDAwMDAwMDAwMDB9fQ==",
          "dependencies": [
            "aws_lb.main",
            "aws_s3_bucket.webapp_assets",
            "aws_s3_bucket_policy.alb_logs",
            "aws_s3_bucket_public_access_block.webapp_assets",
            "aws_security_group.alb",
            "aws_subnet.public",
            "aws_vpc.main",
            "aws_wafv2_web_acl.main",
            "data.aws_availability_zones.available",
            "random_id.bucket_suffix"
          ]
        }
      ]
    },
    {
      "mode": "managed",
      "type": "random_id",
      "name": "bucket_suffix",
      "provider": "provider[\"registry.terraform.io/hashicorp/random\"]",
      "instances": [
        {
          "schema_version": 0,
          "attributes": {
            "b64_std": "HXRoKA==",
            "b64_url": "HXRoKA",
            "byte_length": 4,
            "dec": "494168104",
            "hex": "1d746828",
            "id": "HXRoKA",
            "keepers": null,
            "prefix": null
          },
          "sensitive_attributes": []
        }
      ]
    }
  ],
  "check_results": null
}
