{
  "version": 4,
  "terraform_version": "1.12.1",
  "serial": 126,
  "lineage": "a745b461-939c-d7e1-2121-36122c03de3f",
  "outputs": {
    "app_security_group_id": {
      "value": "sg-01ee86dd253a4bb77",
      "type": "string"
    },
    "cloudtrail_arn": {
      "value": "arn:aws:cloudtrail:us-east-1:718240086340:trail/securitydemo-synthtrainr867-security-audit",
      "type": "string"
    },
    "cloudtrail_kms_key_arn": {
      "value": "arn:aws:kms:us-east-1:718240086340:key/f49ce294-862a-43fc-98db-12cd77acc553",
      "type": "string"
    },
    "cloudtrail_s3_bucket": {
      "value": "securitydemo-synthtrainr867-cloudtrail-logs-ed51620c952a779f",
      "type": "string"
    },
    "cloudwatch_log_group_name": {
      "value": "/aws/cloudtrail/securitydemo-synthtrainr867-security-audit",
      "type": "string"
    },
    "db_security_group_id": {
      "value": "sg-0f7483e0d0cb4348f",
      "type": "string"
    },
    "security_alerts_topic_arn": {
      "value": "arn:aws:sns:us-east-1:718240086340:securitydemo-synthtrainr867-security-alerts",
      "type": "string"
    },
    "vpc_id": {
      "value": "",
      "type": "string"
    },
    "web_app_instance_profile_name": {
      "value": "securitydemo-synthtrainr867-web-app-profile",
      "type": "string"
    },
    "web_app_role_arn": {
      "value": "arn:aws:iam::718240086340:role/securitydemo-synthtrainr867-web-app-role",
      "type": "string"
    },
    "web_security_group_id": {
      "value": "sg-0168145af8ac54354",
      "type": "string"
    }
  },
  "resources": [
    {
      "mode": "data",
      "type": "archive_file",
      "name": "rotation_lambda",
      "provider": "provider[\"registry.terraform.io/hashicorp/archive\"]",
      "instances": [
        {
          "index_key": 0,
          "schema_version": 0,
          "attributes": {
            "exclude_symlink_directories": null,
            "excludes": null,
            "id": "422bed8d82dd8ccb5ba5d8a7c06adff1bb21a477",
            "output_base64sha256": "B2Q4eN4Urgy+3CVULkA05yyyeABXB1QI9l02Kj+GOV0=",
            "output_base64sha512": "1FLj7TUjguT4WkmoKCmVUxQeqIUgGsgIlmi3L757U8K1DElWH6LrVJxPKhk4jcf2k9H99NHxtMzXHuZOH0Q5lQ==",
            "output_file_mode": null,
            "output_md5": "4ba7d6d38ab6e441d2a3f32eb576e20b",
            "output_path": "secret_rotation.zip",
            "output_sha": "422bed8d82dd8ccb5ba5d8a7c06adff1bb21a477",
            "output_sha256": "07643878de14ae0cbedc25542e4034e72cb2780057075408f65d362a3f86395d",
            "output_sha512": "d452e3ed352382e4f85a49a828299553141ea885201ac8089668b72fbe7b53c2b50c49561fa2eb549c4f2a19388dc7f693d1fdf4d1f1b4ccd71ee64e1f443995",
            "output_size": 305,
            "source": [
              {
                "content": "import json\nimport boto3\n\ndef handler(event, context):\n    # Basic rotation logic\n    secrets_client = boto3.client('secretsmanager')\n    \n    return {\n        'statusCode': 200,\n        'body': json.dumps('Rotation completed successfully')\n    }\n",
                "filename": "index.py"
              }
            ],
            "source_content": null,
            "source_content_filename": null,
            "source_dir": null,
            "source_file": null,
            "type": "zip"
          },
          "sensitive_attributes": [],
          "identity_schema_version": 0
        }
      ]
    },
    {
      "mode": "data",
      "type": "aws_caller_identity",
      "name": "current",
      "provider": "provider[\"registry.terraform.io/hashicorp/aws\"]",
      "instances": [
        {
          "schema_version": 0,
          "attributes": {
            "account_id": "718240086340",
            "arn": "arn:aws:iam::718240086340:user/arpit.p",
            "id": "718240086340",
            "user_id": "AIDA2OOTR7FCIWEAYDUAY"
          },
          "sensitive_attributes": [],
          "identity_schema_version": 0
        }
      ]
    },
    {
      "mode": "data",
      "type": "aws_region",
      "name": "current",
      "provider": "provider[\"registry.terraform.io/hashicorp/aws\"]",
      "instances": [
        {
          "schema_version": 0,
          "attributes": {
            "description": "US East (N. Virginia)",
            "endpoint": "ec2.us-east-1.amazonaws.com",
            "id": "us-east-1",
            "name": "us-east-1"
          },
          "sensitive_attributes": [],
          "identity_schema_version": 0
        }
      ]
    },
    {
      "mode": "data",
      "type": "aws_subnets",
      "name": "private",
      "provider": "provider[\"registry.terraform.io/hashicorp/aws\"]",
      "instances": [
        {
          "schema_version": 0,
          "attributes": {
            "filter": [
              {
                "name": "vpc-id",
                "values": [
                  "vpc-002dd1e7eb944d35a"
                ]
              }
            ],
            "id": "us-east-1",
            "ids": [
              "subnet-09735fed2035623ff",
              "subnet-02a3baa16b423a792",
              "subnet-08471aa7b46bebecf"
            ],
            "tags": {
              "Type": "Private"
            },
            "timeouts": null
          },
          "sensitive_attributes": [],
          "identity_schema_version": 0
        }
      ]
    },
    {
      "mode": "data",
      "type": "aws_subnets",
      "name": "public",
      "provider": "provider[\"registry.terraform.io/hashicorp/aws\"]",
      "instances": [
        {
          "schema_version": 0,
          "attributes": {
            "filter": [
              {
                "name": "vpc-id",
                "values": [
                  "vpc-002dd1e7eb944d35a"
                ]
              }
            ],
            "id": "us-east-1",
            "ids": [
              "subnet-0d19346254582598c",
              "subnet-064cd3f6f20584e5e",
              "subnet-0b47c2d80dd18d55a"
            ],
            "tags": {
              "Type": "Public"
            },
            "timeouts": null
          },
          "sensitive_attributes": [],
          "identity_schema_version": 0
        }
      ]
    },
    {
      "mode": "data",
      "type": "aws_vpc",
      "name": "existing",
      "provider": "provider[\"registry.terraform.io/hashicorp/aws\"]",
      "instances": [
        {
          "schema_version": 0,
          "attributes": {
            "arn": "arn:aws:ec2:us-east-1:718240086340:vpc/vpc-002dd1e7eb944d35a",
            "cidr_block": "172.31.0.0/16",
            "cidr_block_associations": [
              {
                "association_id": "vpc-cidr-assoc-013902baf3a5e2f2a",
                "cidr_block": "172.31.0.0/16",
                "state": "associated"
              }
            ],
            "default": true,
            "dhcp_options_id": "dopt-0c3f33172d411048e",
            "enable_dns_hostnames": true,
            "enable_dns_support": true,
            "enable_network_address_usage_metrics": false,
            "filter": null,
            "id": "vpc-002dd1e7eb944d35a",
            "instance_tenancy": "default",
            "ipv6_association_id": "",
            "ipv6_cidr_block": "",
            "main_route_table_id": "rtb-0975acdc3acbe5049",
            "owner_id": "718240086340",
            "state": null,
            "tags": {},
            "timeouts": null
          },
          "sensitive_attributes": [],
          "identity_schema_version": 0
        }
      ]
    },
    {
      "mode": "managed",
      "type": "aws_cloudtrail",
      "name": "security_audit",
      "provider": "provider[\"registry.terraform.io/hashicorp/aws\"]",
      "instances": [
        {
          "schema_version": 1,
          "attributes": {
            "advanced_event_selector": [],
            "arn": "arn:aws:cloudtrail:us-east-1:718240086340:trail/securitydemo-synthtrainr867-security-audit",
            "cloud_watch_logs_group_arn": "arn:aws:logs:us-east-1:718240086340:log-group:/aws/cloudtrail/securitydemo-synthtrainr867-security-audit:*",
            "cloud_watch_logs_role_arn": "arn:aws:iam::718240086340:role/securitydemo-synthtrainr867-cloudtrail-cloudwatch-role",
            "enable_log_file_validation": false,
            "enable_logging": true,
            "event_selector": [
              {
                "data_resource": [
                  {
                    "type": "AWS::S3::Object",
                    "values": [
                      "arn:aws:s3:::securitydemo-synthtrainr867-cloudtrail-logs-ed51620c952a779f/*"
                    ]
                  }
                ],
                "exclude_management_event_sources": null,
                "include_management_events": true,
                "read_write_type": "All"
              }
            ],
            "home_region": "us-east-1",
            "id": "arn:aws:cloudtrail:us-east-1:718240086340:trail/securitydemo-synthtrainr867-security-audit",
            "include_global_service_events": true,
            "insight_selector": [
              {
                "insight_type": "ApiCallRateInsight"
              }
            ],
            "is_multi_region_trail": true,
            "is_organization_trail": false,
            "kms_key_id": "arn:aws:kms:us-east-1:718240086340:key/f49ce294-862a-43fc-98db-12cd77acc553",
            "name": "securitydemo-synthtrainr867-security-audit",
            "s3_bucket_name": "securitydemo-synthtrainr867-cloudtrail-logs-ed51620c952a779f",
            "s3_key_prefix": "cloudtrail-logs",
            "sns_topic_arn": "",
            "sns_topic_name": "",
            "tags": {
              "Component": "logging",
              "Function": "compliance",
              "Name": "securitydemo-synthtrainr867-security-audit"
            },
            "tags_all": {
              "Component": "logging",
              "Environment": "production",
              "Function": "compliance",
              "ManagedBy": "Terraform",
              "Name": "securitydemo-synthtrainr867-security-audit",
              "Owner": "SecurityTeam",
              "Project": "SecurityDemo"
            }
          },
          "sensitive_attributes": [],
          "identity_schema_version": 0,
          "private": "eyJzY2hlbWFfdmVyc2lvbiI6IjEifQ==",
          "dependencies": [
            "aws_cloudwatch_log_group.cloudtrail",
            "aws_iam_role.cloudtrail_cloudwatch",
            "aws_kms_key.cloudtrail",
            "aws_s3_bucket.cloudtrail_logs",
            "data.aws_caller_identity.current",
            "random_id.bucket_suffix"
          ]
        }
      ]
    },
    {
      "mode": "managed",
      "type": "aws_cloudwatch_log_group",
      "name": "cloudtrail",
      "provider": "provider[\"registry.terraform.io/hashicorp/aws\"]",
      "instances": [
        {
          "schema_version": 0,
          "attributes": {
            "arn": "arn:aws:logs:us-east-1:718240086340:log-group:/aws/cloudtrail/securitydemo-synthtrainr867-security-audit",
            "id": "/aws/cloudtrail/securitydemo-synthtrainr867-security-audit",
            "kms_key_id": "",
            "log_group_class": "STANDARD",
            "name": "/aws/cloudtrail/securitydemo-synthtrainr867-security-audit",
            "name_prefix": "",
            "retention_in_days": 90,
            "skip_destroy": false,
            "tags": {
              "Component": "logging",
              "Function": "monitoring",
              "Name": "securitydemo-synthtrainr867-cloudtrail-logs"
            },
            "tags_all": {
              "Component": "logging",
              "Environment": "production",
              "Function": "monitoring",
              "ManagedBy": "Terraform",
              "Name": "securitydemo-synthtrainr867-cloudtrail-logs",
              "Owner": "SecurityTeam",
              "Project": "SecurityDemo"
            }
          },
          "sensitive_attributes": [],
          "identity_schema_version": 0,
          "private": "bnVsbA=="
        }
      ]
    },
    {
      "mode": "managed",
      "type": "aws_cloudwatch_metric_alarm",
      "name": "unauthorized_secret_access",
      "provider": "provider[\"registry.terraform.io/hashicorp/aws\"]",
      "instances": [
        {
          "schema_version": 1,
          "attributes": {
            "actions_enabled": true,
            "alarm_actions": [
              "arn:aws:sns:us-east-1:718240086340:securitydemo-synthtrainr867-security-alerts"
            ],
            "alarm_description": "This metric monitors unauthorized secret access attempts",
            "alarm_name": "securitydemo-synthtrainr867-unauthorized-secret-access",
            "arn": "arn:aws:cloudwatch:us-east-1:718240086340:alarm:securitydemo-synthtrainr867-unauthorized-secret-access",
            "comparison_operator": "GreaterThanThreshold",
            "datapoints_to_alarm": 0,
            "dimensions": null,
            "evaluate_low_sample_count_percentiles": "",
            "evaluation_periods": 1,
            "extended_statistic": "",
            "id": "securitydemo-synthtrainr867-unauthorized-secret-access",
            "insufficient_data_actions": null,
            "metric_name": "UnauthorizedSecretAccess",
            "metric_query": [],
            "namespace": "SecurityDemo/Secrets",
            "ok_actions": null,
            "period": 300,
            "statistic": "Sum",
            "tags": {
              "Component": "monitoring",
              "Function": "security",
              "Name": "securitydemo-synthtrainr867-unauthorized-access-alarm"
            },
            "tags_all": {
              "Component": "monitoring",
              "Environment": "production",
              "Function": "security",
              "ManagedBy": "Terraform",
              "Name": "securitydemo-synthtrainr867-unauthorized-access-alarm",
              "Owner": "SecurityTeam",
              "Project": "SecurityDemo"
            },
            "threshold": 0,
            "threshold_metric_id": "",
            "treat_missing_data": "missing",
            "unit": ""
          },
          "sensitive_attributes": [],
          "identity_schema_version": 0,
          "private": "eyJzY2hlbWFfdmVyc2lvbiI6IjEifQ==",
          "dependencies": [
            "aws_kms_key.cloudtrail",
            "aws_sns_topic.security_alerts",
            "data.aws_caller_identity.current"
          ]
        }
      ]
    },
    {
      "mode": "managed",
      "type": "aws_iam_instance_profile",
      "name": "web_app_profile",
      "provider": "provider[\"registry.terraform.io/hashicorp/aws\"]",
      "instances": [
        {
          "schema_version": 0,
          "attributes": {
            "arn": "arn:aws:iam::718240086340:instance-profile/securitydemo-synthtrainr867-web-app-profile",
            "create_date": "2025-08-15T07:10:34Z",
            "id": "securitydemo-synthtrainr867-web-app-profile",
            "name": "securitydemo-synthtrainr867-web-app-profile",
            "name_prefix": "",
            "path": "/",
            "role": "securitydemo-synthtrainr867-web-app-role",
            "tags": null,
            "tags_all": {
              "Environment": "production",
              "ManagedBy": "Terraform",
              "Owner": "SecurityTeam",
              "Project": "SecurityDemo"
            },
            "unique_id": "AIPA2OOTR7FCM67YHYMCH"
          },
          "sensitive_attributes": [],
          "identity_schema_version": 0,
          "private": "bnVsbA==",
          "dependencies": [
            "aws_iam_role.web_app_role"
          ]
        }
      ]
    },
    {
      "mode": "managed",
      "type": "aws_iam_role",
      "name": "cloudtrail_cloudwatch",
      "provider": "provider[\"registry.terraform.io/hashicorp/aws\"]",
      "instances": [
        {
          "schema_version": 0,
          "attributes": {
            "arn": "arn:aws:iam::718240086340:role/securitydemo-synthtrainr867-cloudtrail-cloudwatch-role",
            "assume_role_policy": "{\"Statement\":[{\"Action\":\"sts:AssumeRole\",\"Effect\":\"Allow\",\"Principal\":{\"Service\":\"cloudtrail.amazonaws.com\"}}],\"Version\":\"2012-10-17\"}",
            "create_date": "2025-08-15T07:10:33Z",
            "description": "",
            "force_detach_policies": false,
            "id": "securitydemo-synthtrainr867-cloudtrail-cloudwatch-role",
            "inline_policy": [],
            "managed_policy_arns": [],
            "max_session_duration": 3600,
            "name": "securitydemo-synthtrainr867-cloudtrail-cloudwatch-role",
            "name_prefix": "",
            "path": "/",
            "permissions_boundary": "",
            "tags": null,
            "tags_all": {
              "Environment": "production",
              "ManagedBy": "Terraform",
              "Owner": "SecurityTeam",
              "Project": "SecurityDemo"
            },
            "unique_id": "AROA2OOTR7FCEKRYAIAET"
          },
          "sensitive_attributes": [],
          "identity_schema_version": 0,
          "private": "bnVsbA=="
        }
      ]
    },
    {
      "mode": "managed",
      "type": "aws_iam_role",
      "name": "db_service_role",
      "provider": "provider[\"registry.terraform.io/hashicorp/aws\"]",
      "instances": [
        {
          "schema_version": 0,
          "attributes": {
            "arn": "arn:aws:iam::718240086340:role/securitydemo-synthtrainr867-db-service-role",
            "assume_role_policy": "{\"Statement\":[{\"Action\":\"sts:AssumeRole\",\"Effect\":\"Allow\",\"Principal\":{\"Service\":\"rds.amazonaws.com\"}}],\"Version\":\"2012-10-17\"}",
            "create_date": "2025-08-15T07:10:33Z",
            "description": "",
            "force_detach_policies": false,
            "id": "securitydemo-synthtrainr867-db-service-role",
            "inline_policy": [],
            "managed_policy_arns": [],
            "max_session_duration": 3600,
            "name": "securitydemo-synthtrainr867-db-service-role",
            "name_prefix": "",
            "path": "/",
            "permissions_boundary": "",
            "tags": null,
            "tags_all": {
              "Environment": "production",
              "ManagedBy": "Terraform",
              "Owner": "SecurityTeam",
              "Project": "SecurityDemo"
            },
            "unique_id": "AROA2OOTR7FCKVLTT2YQR"
          },
          "sensitive_attributes": [],
          "identity_schema_version": 0,
          "private": "bnVsbA=="
        }
      ]
    },
    {
      "mode": "managed",
      "type": "aws_iam_role",
      "name": "lambda_rotation_role",
      "provider": "provider[\"registry.terraform.io/hashicorp/aws\"]",
      "instances": [
        {
          "index_key": 0,
          "schema_version": 0,
          "attributes": {
            "arn": "arn:aws:iam::718240086340:role/securitydemo-synthtrainr867-lambda-rotation-role",
            "assume_role_policy": "{\"Statement\":[{\"Action\":\"sts:AssumeRole\",\"Effect\":\"Allow\",\"Principal\":{\"Service\":\"lambda.amazonaws.com\"}}],\"Version\":\"2012-10-17\"}",
            "create_date": "2025-08-15T07:10:33Z",
            "description": "",
            "force_detach_policies": false,
            "id": "securitydemo-synthtrainr867-lambda-rotation-role",
            "inline_policy": [],
            "managed_policy_arns": [],
            "max_session_duration": 3600,
            "name": "securitydemo-synthtrainr867-lambda-rotation-role",
            "name_prefix": "",
            "path": "/",
            "permissions_boundary": "",
            "tags": null,
            "tags_all": {
              "Environment": "production",
              "ManagedBy": "Terraform",
              "Owner": "SecurityTeam",
              "Project": "SecurityDemo"
            },
            "unique_id": "AROA2OOTR7FCORSXJ3ZBG"
          },
          "sensitive_attributes": [],
          "identity_schema_version": 0,
          "private": "bnVsbA=="
        }
      ]
    },
    {
      "mode": "managed",
      "type": "aws_iam_role",
      "name": "web_app_role",
      "provider": "provider[\"registry.terraform.io/hashicorp/aws\"]",
      "instances": [
        {
          "schema_version": 0,
          "attributes": {
            "arn": "arn:aws:iam::718240086340:role/securitydemo-synthtrainr867-web-app-role",
            "assume_role_policy": "{\"Statement\":[{\"Action\":\"sts:AssumeRole\",\"Effect\":\"Allow\",\"Principal\":{\"Service\":\"ec2.amazonaws.com\"}}],\"Version\":\"2012-10-17\"}",
            "create_date": "2025-08-15T07:10:33Z",
            "description": "",
            "force_detach_policies": false,
            "id": "securitydemo-synthtrainr867-web-app-role",
            "inline_policy": [],
            "managed_policy_arns": [],
            "max_session_duration": 3600,
            "name": "securitydemo-synthtrainr867-web-app-role",
            "name_prefix": "",
            "path": "/",
            "permissions_boundary": "",
            "tags": null,
            "tags_all": {
              "Environment": "production",
              "ManagedBy": "Terraform",
              "Owner": "SecurityTeam",
              "Project": "SecurityDemo"
            },
            "unique_id": "AROA2OOTR7FCI3WLSYQNZ"
          },
          "sensitive_attributes": [],
          "identity_schema_version": 0,
          "private": "bnVsbA=="
        }
      ]
    },
    {
      "mode": "managed",
      "type": "aws_iam_role_policy",
      "name": "cloudtrail_cloudwatch",
      "provider": "provider[\"registry.terraform.io/hashicorp/aws\"]",
      "instances": [
        {
          "schema_version": 0,
          "attributes": {
            "id": "securitydemo-synthtrainr867-cloudtrail-cloudwatch-role:securitydemo-synthtrainr867-cloudtrail-cloudwatch-policy",
            "name": "securitydemo-synthtrainr867-cloudtrail-cloudwatch-policy",
            "name_prefix": "",
            "policy": "{\"Version\":\"2012-10-17\",\"Statement\":[{\"Action\":[\"logs:PutLogEvents\",\"logs:CreateLogGroup\",\"logs:CreateLogStream\"],\"Effect\":\"Allow\",\"Resource\":\"arn:aws:logs:us-east-1:718240086340:log-group:/aws/cloudtrail/securitydemo-synthtrainr867-security-audit*\"}]}",
            "role": "securitydemo-synthtrainr867-cloudtrail-cloudwatch-role"
          },
          "sensitive_attributes": [],
          "identity_schema_version": 0,
          "private": "bnVsbA==",
          "dependencies": [
            "aws_cloudwatch_log_group.cloudtrail",
            "aws_iam_role.cloudtrail_cloudwatch"
          ]
        }
      ]
    },
    {
      "mode": "managed",
      "type": "aws_kms_alias",
      "name": "cloudtrail",
      "provider": "provider[\"registry.terraform.io/hashicorp/aws\"]",
      "instances": [
        {
          "schema_version": 0,
          "attributes": {
            "arn": "arn:aws:kms:us-east-1:718240086340:alias/securitydemo-synthtrainr867-cloudtrail",
            "id": "alias/securitydemo-synthtrainr867-cloudtrail",
            "name": "alias/securitydemo-synthtrainr867-cloudtrail",
            "name_prefix": "",
            "target_key_arn": "arn:aws:kms:us-east-1:718240086340:key/f49ce294-862a-43fc-98db-12cd77acc553",
            "target_key_id": "f49ce294-862a-43fc-98db-12cd77acc553"
          },
          "sensitive_attributes": [],
          "identity_schema_version": 0,
          "private": "bnVsbA==",
          "dependencies": [
            "aws_kms_key.cloudtrail",
            "data.aws_caller_identity.current"
          ]
        }
      ]
    },
    {
      "mode": "managed",
      "type": "aws_kms_key",
      "name": "cloudtrail",
      "provider": "provider[\"registry.terraform.io/hashicorp/aws\"]",
      "instances": [
        {
          "schema_version": 0,
          "attributes": {
            "arn": "arn:aws:kms:us-east-1:718240086340:key/f49ce294-862a-43fc-98db-12cd77acc553",
            "bypass_policy_lockout_safety_check": false,
            "custom_key_store_id": "",
            "customer_master_key_spec": "SYMMETRIC_DEFAULT",
            "deletion_window_in_days": 7,
            "description": "KMS key for CloudTrail logs encryption",
            "enable_key_rotation": true,
            "id": "f49ce294-862a-43fc-98db-12cd77acc553",
            "is_enabled": true,
            "key_id": "f49ce294-862a-43fc-98db-12cd77acc553",
            "key_usage": "ENCRYPT_DECRYPT",
            "multi_region": false,
            "policy": "{\"Statement\":[{\"Action\":\"kms:*\",\"Effect\":\"Allow\",\"Principal\":{\"AWS\":\"arn:aws:iam::718240086340:root\"},\"Resource\":\"*\",\"Sid\":\"Enable IAM User Permissions\"},{\"Action\":[\"kms:GenerateDataKey*\",\"kms:DescribeKey\"],\"Effect\":\"Allow\",\"Principal\":{\"Service\":\"cloudtrail.amazonaws.com\"},\"Resource\":\"*\",\"Sid\":\"Allow CloudTrail to encrypt logs\"}],\"Version\":\"2012-10-17\"}",
            "rotation_period_in_days": 365,
            "tags": {
              "Component": "security",
              "Function": "encryption",
              "Name": "securitydemo-synthtrainr867-cloudtrail-key"
            },
            "tags_all": {
              "Component": "security",
              "Environment": "production",
              "Function": "encryption",
              "ManagedBy": "Terraform",
              "Name": "securitydemo-synthtrainr867-cloudtrail-key",
              "Owner": "SecurityTeam",
              "Project": "SecurityDemo"
            },
            "timeouts": null,
            "xks_key_id": ""
          },
          "sensitive_attributes": [],
          "identity_schema_version": 0,
          "private": "eyJlMmJmYjczMC1lY2FhLTExZTYtOGY4OC0zNDM2M2JjN2M0YzAiOnsiY3JlYXRlIjoxMjAwMDAwMDAwMDB9fQ==",
          "dependencies": [
            "data.aws_caller_identity.current"
          ]
        }
      ]
    },
    {
      "mode": "managed",
      "type": "aws_lambda_function",
      "name": "secret_rotation",
      "provider": "provider[\"registry.terraform.io/hashicorp/aws\"]",
      "instances": [
        {
          "index_key": 0,
          "schema_version": 0,
          "attributes": {
            "architectures": [
              "x86_64"
            ],
            "arn": "arn:aws:lambda:us-east-1:718240086340:function:securitydemo-synthtrainr867-secret-rotation",
            "code_sha256": "B2Q4eN4Urgy+3CVULkA05yyyeABXB1QI9l02Kj+GOV0=",
            "code_signing_config_arn": "",
            "dead_letter_config": [],
            "description": "",
            "environment": [],
            "ephemeral_storage": [
              {
                "size": 512
              }
            ],
            "file_system_config": [],
            "filename": "secret_rotation.zip",
            "function_name": "securitydemo-synthtrainr867-secret-rotation",
            "handler": "index.handler",
            "id": "securitydemo-synthtrainr867-secret-rotation",
            "image_config": [],
            "image_uri": "",
            "invoke_arn": "arn:aws:apigateway:us-east-1:lambda:path/2015-03-31/functions/arn:aws:lambda:us-east-1:718240086340:function:securitydemo-synthtrainr867-secret-rotation/invocations",
            "kms_key_arn": "",
            "last_modified": "2025-08-15T07:10:44.058+0000",
            "layers": null,
            "logging_config": [
              {
                "application_log_level": "",
                "log_format": "Text",
                "log_group": "/aws/lambda/securitydemo-synthtrainr867-secret-rotation",
                "system_log_level": ""
              }
            ],
            "memory_size": 128,
            "package_type": "Zip",
            "publish": false,
            "qualified_arn": "arn:aws:lambda:us-east-1:718240086340:function:securitydemo-synthtrainr867-secret-rotation:$LATEST",
            "qualified_invoke_arn": "arn:aws:apigateway:us-east-1:lambda:path/2015-03-31/functions/arn:aws:lambda:us-east-1:718240086340:function:securitydemo-synthtrainr867-secret-rotation:$LATEST/invocations",
            "replace_security_groups_on_destroy": null,
            "replacement_security_group_ids": null,
            "reserved_concurrent_executions": -1,
            "role": "arn:aws:iam::718240086340:role/securitydemo-synthtrainr867-lambda-rotation-role",
            "runtime": "python3.9",
            "s3_bucket": null,
            "s3_key": null,
            "s3_object_version": null,
            "signing_job_arn": "",
            "signing_profile_version_arn": "",
            "skip_destroy": false,
            "snap_start": [],
            "source_code_hash": "B2Q4eN4Urgy+3CVULkA05yyyeABXB1QI9l02Kj+GOV0=",
            "source_code_size": 305,
            "tags": {
              "Component": "security",
              "Function": "rotation",
              "Name": "securitydemo-synthtrainr867-secret-rotation"
            },
            "tags_all": {
              "Component": "security",
              "Environment": "production",
              "Function": "rotation",
              "ManagedBy": "Terraform",
              "Name": "securitydemo-synthtrainr867-secret-rotation",
              "Owner": "SecurityTeam",
              "Project": "SecurityDemo"
            },
            "timeout": 30,
            "timeouts": null,
            "tracing_config": [
              {
                "mode": "PassThrough"
              }
            ],
            "version": "$LATEST",
            "vpc_config": []
          },
          "sensitive_attributes": [],
          "identity_schema_version": 0,
          "private": "eyJlMmJmYjczMC1lY2FhLTExZTYtOGY4OC0zNDM2M2JjN2M0YzAiOnsiY3JlYXRlIjo2MDAwMDAwMDAwMDAsImRlbGV0ZSI6NjAwMDAwMDAwMDAwLCJ1cGRhdGUiOjYwMDAwMDAwMDAwMH19",
          "dependencies": [
            "aws_iam_role.lambda_rotation_role",
            "data.archive_file.rotation_lambda"
          ]
        }
      ]
    },
    {
      "mode": "managed",
      "type": "aws_lambda_permission",
      "name": "allow_secret_manager_call",
      "provider": "provider[\"registry.terraform.io/hashicorp/aws\"]",
      "instances": [
        {
          "index_key": 0,
          "schema_version": 0,
          "attributes": {
            "action": "lambda:InvokeFunction",
            "event_source_token": null,
            "function_name": "arn:aws:lambda:us-east-1:718240086340:function:securitydemo-synthtrainr867-secret-rotation",
            "function_url_auth_type": null,
            "id": "AllowSecretsManagerInvocation",
            "principal": "secretsmanager.amazonaws.com",
            "principal_org_id": null,
            "qualifier": "",
            "source_account": null,
            "source_arn": null,
            "statement_id": "AllowSecretsManagerInvocation",
            "statement_id_prefix": ""
          },
          "sensitive_attributes": [],
          "identity_schema_version": 0,
          "private": "bnVsbA==",
          "dependencies": [
            "aws_iam_role.lambda_rotation_role",
            "aws_lambda_function.secret_rotation",
            "data.archive_file.rotation_lambda"
          ]
        }
      ]
    },
    {
      "mode": "managed",
      "type": "aws_s3_bucket",
      "name": "cloudtrail_logs",
      "provider": "provider[\"registry.terraform.io/hashicorp/aws\"]",
      "instances": [
        {
          "schema_version": 0,
          "attributes": {
            "acceleration_status": "",
            "acl": null,
            "arn": "arn:aws:s3:::securitydemo-synthtrainr867-cloudtrail-logs-ed51620c952a779f",
            "bucket": "securitydemo-synthtrainr867-cloudtrail-logs-ed51620c952a779f",
            "bucket_domain_name": "securitydemo-synthtrainr867-cloudtrail-logs-ed51620c952a779f.s3.amazonaws.com",
            "bucket_prefix": "",
            "bucket_regional_domain_name": "securitydemo-synthtrainr867-cloudtrail-logs-ed51620c952a779f.s3.us-east-1.amazonaws.com",
            "cors_rule": [],
            "force_destroy": true,
            "grant": [
              {
                "id": "d8a58e48e926d80bcae2770b980bdafb0c8d4cb96c8b75742c6717edbb79aad1",
                "permissions": [
                  "FULL_CONTROL"
                ],
                "type": "CanonicalUser",
                "uri": ""
              }
            ],
            "hosted_zone_id": "Z3AQBSTGFYJSTF",
            "id": "securitydemo-synthtrainr867-cloudtrail-logs-ed51620c952a779f",
            "lifecycle_rule": [],
            "logging": [],
            "object_lock_configuration": [],
            "object_lock_enabled": false,
            "policy": "",
            "region": "us-east-1",
            "replication_configuration": [],
            "request_payer": "BucketOwner",
            "server_side_encryption_configuration": [
              {
                "rule": [
                  {
                    "apply_server_side_encryption_by_default": [
                      {
                        "kms_master_key_id": "",
                        "sse_algorithm": "AES256"
                      }
                    ],
                    "bucket_key_enabled": false
                  }
                ]
              }
            ],
            "tags": {
              "Component": "logging",
              "Function": "audit",
              "Name": "securitydemo-synthtrainr867-cloudtrail-logs"
            },
            "tags_all": {
              "Component": "logging",
              "Environment": "production",
              "Function": "audit",
              "ManagedBy": "Terraform",
              "Name": "securitydemo-synthtrainr867-cloudtrail-logs",
              "Owner": "SecurityTeam",
              "Project": "SecurityDemo"
            },
            "timeouts": null,
            "versioning": [
              {
                "enabled": false,
                "mfa_delete": false
              }
            ],
            "website": [],
            "website_domain": null,
            "website_endpoint": null
          },
          "sensitive_attributes": [],
          "identity_schema_version": 0,
          "private": "eyJlMmJmYjczMC1lY2FhLTExZTYtOGY4OC0zNDM2M2JjN2M0YzAiOnsiY3JlYXRlIjoxMjAwMDAwMDAwMDAwLCJkZWxldGUiOjM2MDAwMDAwMDAwMDAsInJlYWQiOjEyMDAwMDAwMDAwMDAsInVwZGF0ZSI6MTIwMDAwMDAwMDAwMH19",
          "dependencies": [
            "random_id.bucket_suffix"
          ]
        }
      ]
    },
    {
      "mode": "managed",
      "type": "aws_s3_bucket_lifecycle_configuration",
      "name": "cloudtrail_logs",
      "provider": "provider[\"registry.terraform.io/hashicorp/aws\"]",
      "instances": [
        {
          "schema_version": 1,
          "attributes": {
            "bucket": "securitydemo-synthtrainr867-cloudtrail-logs-ed51620c952a779f",
            "expected_bucket_owner": "",
            "id": "securitydemo-synthtrainr867-cloudtrail-logs-ed51620c952a779f",
            "rule": [
              {
                "abort_incomplete_multipart_upload": [],
                "expiration": [
                  {
                    "date": null,
                    "days": 90,
                    "expired_object_delete_marker": false
                  }
                ],
                "filter": [
                  {
                    "and": [],
                    "object_size_greater_than": null,
                    "object_size_less_than": null,
                    "prefix": "",
                    "tag": []
                  }
                ],
                "id": "cloudtrail_logs_lifecycle",
                "noncurrent_version_expiration": [
                  {
                    "newer_noncurrent_versions": null,
                    "noncurrent_days": 7
                  }
                ],
                "noncurrent_version_transition": [],
                "prefix": "",
                "status": "Enabled",
                "transition": []
              }
            ],
            "timeouts": null,
            "transition_default_minimum_object_size": "all_storage_classes_128K"
          },
          "sensitive_attributes": [],
          "identity_schema_version": 0,
          "dependencies": [
            "aws_s3_bucket.cloudtrail_logs",
            "random_id.bucket_suffix"
          ]
        }
      ]
    },
    {
      "mode": "managed",
      "type": "aws_s3_bucket_policy",
      "name": "cloudtrail_logs",
      "provider": "provider[\"registry.terraform.io/hashicorp/aws\"]",
      "instances": [
        {
          "schema_version": 0,
          "attributes": {
            "bucket": "securitydemo-synthtrainr867-cloudtrail-logs-ed51620c952a779f",
            "id": "securitydemo-synthtrainr867-cloudtrail-logs-ed51620c952a779f",
            "policy": "{\"Statement\":[{\"Action\":\"s3:GetBucketAcl\",\"Effect\":\"Allow\",\"Principal\":{\"Service\":\"cloudtrail.amazonaws.com\"},\"Resource\":\"arn:aws:s3:::securitydemo-synthtrainr867-cloudtrail-logs-ed51620c952a779f\",\"Sid\":\"AWSCloudTrailAclCheck\"},{\"Action\":\"s3:PutObject\",\"Condition\":{\"StringEquals\":{\"s3:x-amz-acl\":\"bucket-owner-full-control\"}},\"Effect\":\"Allow\",\"Principal\":{\"Service\":\"cloudtrail.amazonaws.com\"},\"Resource\":\"arn:aws:s3:::securitydemo-synthtrainr867-cloudtrail-logs-ed51620c952a779f/*\",\"Sid\":\"AWSCloudTrailWrite\"}],\"Version\":\"2012-10-17\"}"
          },
          "sensitive_attributes": [],
          "identity_schema_version": 0,
          "private": "bnVsbA==",
          "dependencies": [
            "aws_s3_bucket.cloudtrail_logs",
            "random_id.bucket_suffix"
          ]
        }
      ]
    },
    {
      "mode": "managed",
      "type": "aws_s3_bucket_public_access_block",
      "name": "cloudtrail_logs",
      "provider": "provider[\"registry.terraform.io/hashicorp/aws\"]",
      "instances": [
        {
          "schema_version": 0,
          "attributes": {
            "block_public_acls": true,
            "block_public_policy": true,
            "bucket": "securitydemo-synthtrainr867-cloudtrail-logs-ed51620c952a779f",
            "id": "securitydemo-synthtrainr867-cloudtrail-logs-ed51620c952a779f",
            "ignore_public_acls": true,
            "restrict_public_buckets": true
          },
          "sensitive_attributes": [],
          "identity_schema_version": 0,
          "private": "bnVsbA==",
          "dependencies": [
            "aws_s3_bucket.cloudtrail_logs",
            "random_id.bucket_suffix"
          ]
        }
      ]
    },
    {
      "mode": "managed",
      "type": "aws_s3_bucket_server_side_encryption_configuration",
      "name": "cloudtrail_logs",
      "provider": "provider[\"registry.terraform.io/hashicorp/aws\"]",
      "instances": [
        {
          "schema_version": 0,
          "attributes": {
            "bucket": "securitydemo-synthtrainr867-cloudtrail-logs-ed51620c952a779f",
            "expected_bucket_owner": "",
            "id": "securitydemo-synthtrainr867-cloudtrail-logs-ed51620c952a779f",
            "rule": [
              {
                "apply_server_side_encryption_by_default": [
                  {
                    "kms_master_key_id": "arn:aws:kms:us-east-1:718240086340:key/f49ce294-862a-43fc-98db-12cd77acc553",
                    "sse_algorithm": "aws:kms"
                  }
                ],
                "bucket_key_enabled": null
              }
            ]
          },
          "sensitive_attributes": [],
          "identity_schema_version": 0,
          "private": "bnVsbA==",
          "dependencies": [
            "aws_kms_key.cloudtrail",
            "aws_s3_bucket.cloudtrail_logs",
            "data.aws_caller_identity.current",
            "random_id.bucket_suffix"
          ]
        }
      ]
    },
    {
      "mode": "managed",
      "type": "aws_s3_bucket_versioning",
      "name": "cloudtrail_logs",
      "provider": "provider[\"registry.terraform.io/hashicorp/aws\"]",
      "instances": [
        {
          "schema_version": 0,
          "attributes": {
            "bucket": "securitydemo-synthtrainr867-cloudtrail-logs-ed51620c952a779f",
            "expected_bucket_owner": "",
            "id": "securitydemo-synthtrainr867-cloudtrail-logs-ed51620c952a779f",
            "mfa": null,
            "versioning_configuration": [
              {
                "mfa_delete": "",
                "status": "Enabled"
              }
            ]
          },
          "sensitive_attributes": [],
          "identity_schema_version": 0,
          "private": "bnVsbA==",
          "dependencies": [
            "aws_s3_bucket.cloudtrail_logs",
            "random_id.bucket_suffix"
          ]
        }
      ]
    },
    {
      "mode": "managed",
      "type": "aws_secretsmanager_secret",
      "name": "api_key",
      "provider": "provider[\"registry.terraform.io/hashicorp/aws\"]",
      "instances": []
    },
    {
      "mode": "managed",
      "type": "aws_secretsmanager_secret",
      "name": "db_credentials",
      "provider": "provider[\"registry.terraform.io/hashicorp/aws\"]",
      "instances": []
    },
    {
      "mode": "managed",
      "type": "aws_security_group",
      "name": "app_tier",
      "provider": "provider[\"registry.terraform.io/hashicorp/aws\"]",
      "instances": [
        {
          "schema_version": 1,
          "attributes": {
            "arn": "arn:aws:ec2:us-east-1:718240086340:security-group/sg-01ee86dd253a4bb77",
            "description": "Managed by Terraform",
            "egress": [
              {
                "cidr_blocks": [
                  "0.0.0.0/0"
                ],
                "description": "",
                "from_port": 443,
                "ipv6_cidr_blocks": [],
                "prefix_list_ids": [],
                "protocol": "tcp",
                "security_groups": [],
                "self": false,
                "to_port": 443
              },
              {
                "cidr_blocks": [
                  "0.0.0.0/0"
                ],
                "description": "",
                "from_port": 80,
                "ipv6_cidr_blocks": [],
                "prefix_list_ids": [],
                "protocol": "tcp",
                "security_groups": [],
                "self": false,
                "to_port": 80
              }
            ],
            "id": "sg-01ee86dd253a4bb77",
            "ingress": [],
            "name": "securitydemo-synthtrainr867-app-tier-20250815071033741600000005",
            "name_prefix": "securitydemo-synthtrainr867-app-tier-",
            "owner_id": "718240086340",
            "revoke_rules_on_delete": false,
            "tags": {
              "Name": "securitydemo-synthtrainr867-app-tier-sg"
            },
            "tags_all": {
              "Environment": "production",
              "ManagedBy": "Terraform",
              "Name": "securitydemo-synthtrainr867-app-tier-sg",
              "Owner": "SecurityTeam",
              "Project": "SecurityDemo"
            },
            "timeouts": null,
            "vpc_id": "vpc-002dd1e7eb944d35a"
          },
          "sensitive_attributes": [],
          "identity_schema_version": 0,
          "private": "eyJlMmJmYjczMC1lY2FhLTExZTYtOGY4OC0zNDM2M2JjN2M0YzAiOnsiY3JlYXRlIjo2MDAwMDAwMDAwMDAsImRlbGV0ZSI6OTAwMDAwMDAwMDAwfSwic2NoZW1hX3ZlcnNpb24iOiIxIn0=",
          "dependencies": [
            "data.aws_vpc.existing"
          ],
          "create_before_destroy": true
        }
      ]
    },
    {
      "mode": "managed",
      "type": "aws_security_group",
      "name": "db_tier",
      "provider": "provider[\"registry.terraform.io/hashicorp/aws\"]",
      "instances": [
        {
          "schema_version": 1,
          "attributes": {
            "arn": "arn:aws:ec2:us-east-1:718240086340:security-group/sg-0f7483e0d0cb4348f",
            "description": "Managed by Terraform",
            "egress": [],
            "id": "sg-0f7483e0d0cb4348f",
            "ingress": [],
            "name": "securitydemo-synthtrainr867-db-tier-20250815071032074300000003",
            "name_prefix": "securitydemo-synthtrainr867-db-tier-",
            "owner_id": "718240086340",
            "revoke_rules_on_delete": false,
            "tags": {
              "Name": "securitydemo-synthtrainr867-db-tier-sg"
            },
            "tags_all": {
              "Environment": "production",
              "ManagedBy": "Terraform",
              "Name": "securitydemo-synthtrainr867-db-tier-sg",
              "Owner": "SecurityTeam",
              "Project": "SecurityDemo"
            },
            "timeouts": null,
            "vpc_id": "vpc-002dd1e7eb944d35a"
          },
          "sensitive_attributes": [],
          "identity_schema_version": 0,
          "private": "eyJlMmJmYjczMC1lY2FhLTExZTYtOGY4OC0zNDM2M2JjN2M0YzAiOnsiY3JlYXRlIjo2MDAwMDAwMDAwMDAsImRlbGV0ZSI6OTAwMDAwMDAwMDAwfSwic2NoZW1hX3ZlcnNpb24iOiIxIn0=",
          "dependencies": [
            "data.aws_vpc.existing"
          ],
          "create_before_destroy": true
        }
      ]
    },
    {
      "mode": "managed",
      "type": "aws_security_group",
      "name": "web_tier",
      "provider": "provider[\"registry.terraform.io/hashicorp/aws\"]",
      "instances": [
        {
          "schema_version": 1,
          "attributes": {
            "arn": "arn:aws:ec2:us-east-1:718240086340:security-group/sg-0168145af8ac54354",
            "description": "Managed by Terraform",
            "egress": [
              {
                "cidr_blocks": [
                  "0.0.0.0/0"
                ],
                "description": "",
                "from_port": 443,
                "ipv6_cidr_blocks": [],
                "prefix_list_ids": [],
                "protocol": "tcp",
                "security_groups": [],
                "self": false,
                "to_port": 443
              },
              {
                "cidr_blocks": [
                  "0.0.0.0/0"
                ],
                "description": "",
                "from_port": 80,
                "ipv6_cidr_blocks": [],
                "prefix_list_ids": [],
                "protocol": "tcp",
                "security_groups": [],
                "self": false,
                "to_port": 80
              }
            ],
            "id": "sg-0168145af8ac54354",
            "ingress": [
              {
                "cidr_blocks": [
                  "10.0.0.0/8"
                ],
                "description": "",
                "from_port": 443,
                "ipv6_cidr_blocks": [],
                "prefix_list_ids": [],
                "protocol": "tcp",
                "security_groups": [],
                "self": false,
                "to_port": 443
              },
              {
                "cidr_blocks": [
                  "10.0.0.0/8"
                ],
                "description": "",
                "from_port": 80,
                "ipv6_cidr_blocks": [],
                "prefix_list_ids": [],
                "protocol": "tcp",
                "security_groups": [],
                "self": false,
                "to_port": 80
              }
            ],
            "name": "securitydemo-synthtrainr867-web-tier-20250815071032077800000004",
            "name_prefix": "securitydemo-synthtrainr867-web-tier-",
            "owner_id": "718240086340",
            "revoke_rules_on_delete": false,
            "tags": {
              "Name": "securitydemo-synthtrainr867-web-tier-sg"
            },
            "tags_all": {
              "Environment": "production",
              "ManagedBy": "Terraform",
              "Name": "securitydemo-synthtrainr867-web-tier-sg",
              "Owner": "SecurityTeam",
              "Project": "SecurityDemo"
            },
            "timeouts": null,
            "vpc_id": "vpc-002dd1e7eb944d35a"
          },
          "sensitive_attributes": [],
          "identity_schema_version": 0,
          "private": "eyJlMmJmYjczMC1lY2FhLTExZTYtOGY4OC0zNDM2M2JjN2M0YzAiOnsiY3JlYXRlIjo2MDAwMDAwMDAwMDAsImRlbGV0ZSI6OTAwMDAwMDAwMDAwfSwic2NoZW1hX3ZlcnNpb24iOiIxIn0=",
          "dependencies": [
            "data.aws_vpc.existing"
          ],
          "create_before_destroy": true
        }
      ]
    },
    {
      "mode": "managed",
      "type": "aws_security_group_rule",
      "name": "app_to_db",
      "provider": "provider[\"registry.terraform.io/hashicorp/aws\"]",
      "instances": [
        {
          "schema_version": 2,
          "attributes": {
            "cidr_blocks": null,
            "description": null,
            "from_port": 3306,
            "id": "sgrule-4158584976",
            "ipv6_cidr_blocks": null,
            "prefix_list_ids": null,
            "protocol": "tcp",
            "security_group_id": "sg-01ee86dd253a4bb77",
            "security_group_rule_id": "sgr-04b17da530dea5ffa",
            "self": false,
            "source_security_group_id": "sg-0f7483e0d0cb4348f",
            "timeouts": null,
            "to_port": 3306,
            "type": "egress"
          },
          "sensitive_attributes": [],
          "identity_schema_version": 0,
          "private": "eyJlMmJmYjczMC1lY2FhLTExZTYtOGY4OC0zNDM2M2JjN2M0YzAiOnsiY3JlYXRlIjozMDAwMDAwMDAwMDB9LCJzY2hlbWFfdmVyc2lvbiI6IjIifQ==",
          "dependencies": [
            "aws_security_group.app_tier",
            "aws_security_group.db_tier",
            "data.aws_vpc.existing"
          ]
        }
      ]
    },
    {
      "mode": "managed",
      "type": "aws_security_group_rule",
      "name": "db_from_app",
      "provider": "provider[\"registry.terraform.io/hashicorp/aws\"]",
      "instances": [
        {
          "schema_version": 2,
          "attributes": {
            "cidr_blocks": null,
            "description": null,
            "from_port": 3306,
            "id": "sgrule-1992930314",
            "ipv6_cidr_blocks": null,
            "prefix_list_ids": null,
            "protocol": "tcp",
            "security_group_id": "sg-0f7483e0d0cb4348f",
            "security_group_rule_id": "sgr-020e2b11fac33c4db",
            "self": false,
            "source_security_group_id": "sg-01ee86dd253a4bb77",
            "timeouts": null,
            "to_port": 3306,
            "type": "ingress"
          },
          "sensitive_attributes": [],
          "identity_schema_version": 0,
          "private": "eyJlMmJmYjczMC1lY2FhLTExZTYtOGY4OC0zNDM2M2JjN2M0YzAiOnsiY3JlYXRlIjozMDAwMDAwMDAwMDB9LCJzY2hlbWFfdmVyc2lvbiI6IjIifQ==",
          "dependencies": [
            "aws_security_group.app_tier",
            "aws_security_group.db_tier",
            "data.aws_vpc.existing"
          ]
        }
      ]
    },
    {
      "mode": "managed",
      "type": "aws_security_group_rule",
      "name": "db_from_web",
      "provider": "provider[\"registry.terraform.io/hashicorp/aws\"]",
      "instances": [
        {
          "schema_version": 2,
          "attributes": {
            "cidr_blocks": null,
            "description": null,
            "from_port": 3306,
            "id": "sgrule-2272323696",
            "ipv6_cidr_blocks": null,
            "prefix_list_ids": null,
            "protocol": "tcp",
            "security_group_id": "sg-0f7483e0d0cb4348f",
            "security_group_rule_id": "sgr-04b762d2f3e6c6af0",
            "self": false,
            "source_security_group_id": "sg-0168145af8ac54354",
            "timeouts": null,
            "to_port": 3306,
            "type": "ingress"
          },
          "sensitive_attributes": [],
          "identity_schema_version": 0,
          "private": "eyJlMmJmYjczMC1lY2FhLTExZTYtOGY4OC0zNDM2M2JjN2M0YzAiOnsiY3JlYXRlIjozMDAwMDAwMDAwMDB9LCJzY2hlbWFfdmVyc2lvbiI6IjIifQ==",
          "dependencies": [
            "aws_security_group.db_tier",
            "aws_security_group.web_tier",
            "data.aws_vpc.existing"
          ]
        }
      ]
    },
    {
      "mode": "managed",
      "type": "aws_security_group_rule",
      "name": "web_to_app",
      "provider": "provider[\"registry.terraform.io/hashicorp/aws\"]",
      "instances": [
        {
          "schema_version": 2,
          "attributes": {
            "cidr_blocks": null,
            "description": null,
            "from_port": 8080,
            "id": "sgrule-2123125432",
            "ipv6_cidr_blocks": null,
            "prefix_list_ids": null,
            "protocol": "tcp",
            "security_group_id": "sg-01ee86dd253a4bb77",
            "security_group_rule_id": "sgr-04362e96aec58613b",
            "self": false,
            "source_security_group_id": "sg-0168145af8ac54354",
            "timeouts": null,
            "to_port": 8080,
            "type": "ingress"
          },
          "sensitive_attributes": [],
          "identity_schema_version": 0,
          "private": "eyJlMmJmYjczMC1lY2FhLTExZTYtOGY4OC0zNDM2M2JjN2M0YzAiOnsiY3JlYXRlIjozMDAwMDAwMDAwMDB9LCJzY2hlbWFfdmVyc2lvbiI6IjIifQ==",
          "dependencies": [
            "aws_security_group.app_tier",
            "aws_security_group.web_tier",
            "data.aws_vpc.existing"
          ]
        }
      ]
    },
    {
      "mode": "managed",
      "type": "aws_security_group_rule",
      "name": "web_to_db",
      "provider": "provider[\"registry.terraform.io/hashicorp/aws\"]",
      "instances": [
        {
          "schema_version": 2,
          "attributes": {
            "cidr_blocks": null,
            "description": null,
            "from_port": 3306,
            "id": "sgrule-2224815798",
            "ipv6_cidr_blocks": null,
            "prefix_list_ids": null,
            "protocol": "tcp",
            "security_group_id": "sg-0168145af8ac54354",
            "security_group_rule_id": "sgr-0da4a8b6ecffc88e1",
            "self": false,
            "source_security_group_id": "sg-0f7483e0d0cb4348f",
            "timeouts": null,
            "to_port": 3306,
            "type": "egress"
          },
          "sensitive_attributes": [],
          "identity_schema_version": 0,
          "private": "eyJlMmJmYjczMC1lY2FhLTExZTYtOGY4OC0zNDM2M2JjN2M0YzAiOnsiY3JlYXRlIjozMDAwMDAwMDAwMDB9LCJzY2hlbWFfdmVyc2lvbiI6IjIifQ==",
          "dependencies": [
            "aws_security_group.db_tier",
            "aws_security_group.web_tier",
            "data.aws_vpc.existing"
          ]
        }
      ]
    },
    {
      "mode": "managed",
      "type": "aws_sns_topic",
      "name": "security_alerts",
      "provider": "provider[\"registry.terraform.io/hashicorp/aws\"]",
      "instances": [
        {
          "schema_version": 0,
          "attributes": {
            "application_failure_feedback_role_arn": "",
            "application_success_feedback_role_arn": "",
            "application_success_feedback_sample_rate": 0,
            "archive_policy": "",
            "arn": "arn:aws:sns:us-east-1:718240086340:securitydemo-synthtrainr867-security-alerts",
            "beginning_archive_time": "",
            "content_based_deduplication": false,
            "delivery_policy": "",
            "display_name": "securitydemo-synthtrainr867-security-alerts",
            "fifo_throughput_scope": "",
            "fifo_topic": false,
            "firehose_failure_feedback_role_arn": "",
            "firehose_success_feedback_role_arn": "",
            "firehose_success_feedback_sample_rate": 0,
            "http_failure_feedback_role_arn": "",
            "http_success_feedback_role_arn": "",
            "http_success_feedback_sample_rate": 0,
            "id": "arn:aws:sns:us-east-1:718240086340:securitydemo-synthtrainr867-security-alerts",
            "kms_master_key_id": "arn:aws:kms:us-east-1:718240086340:key/f49ce294-862a-43fc-98db-12cd77acc553",
            "lambda_failure_feedback_role_arn": "",
            "lambda_success_feedback_role_arn": "",
            "lambda_success_feedback_sample_rate": 0,
            "name": "securitydemo-synthtrainr867-security-alerts",
            "name_prefix": "",
            "owner": "718240086340",
            "policy": "{\"Id\":\"__default_policy_ID\",\"Statement\":[{\"Action\":[\"SNS:GetTopicAttributes\",\"SNS:SetTopicAttributes\",\"SNS:AddPermission\",\"SNS:RemovePermission\",\"SNS:DeleteTopic\",\"SNS:Subscribe\",\"SNS:ListSubscriptionsByTopic\",\"SNS:Publish\"],\"Condition\":{\"StringEquals\":{\"AWS:SourceOwner\":\"718240086340\"}},\"Effect\":\"Allow\",\"Principal\":{\"AWS\":\"*\"},\"Resource\":\"arn:aws:sns:us-east-1:718240086340:securitydemo-synthtrainr867-security-alerts\",\"Sid\":\"__default_statement_ID\"}],\"Version\":\"2008-10-17\"}",
            "signature_version": 0,
            "sqs_failure_feedback_role_arn": "",
            "sqs_success_feedback_role_arn": "",
            "sqs_success_feedback_sample_rate": 0,
            "tags": {
              "Component": "monitoring",
              "Function": "alerting",
              "Name": "securitydemo-synthtrainr867-security-alerts"
            },
            "tags_all": {
              "Component": "monitoring",
              "Environment": "production",
              "Function": "alerting",
              "ManagedBy": "Terraform",
              "Name": "securitydemo-synthtrainr867-security-alerts",
              "Owner": "SecurityTeam",
              "Project": "SecurityDemo"
            },
            "tracing_config": ""
          },
          "sensitive_attributes": [],
          "identity_schema_version": 0,
          "private": "bnVsbA==",
          "dependencies": [
            "aws_kms_key.cloudtrail",
            "data.aws_caller_identity.current"
          ]
        }
      ]
    },
    {
      "mode": "managed",
      "type": "random_id",
      "name": "bucket_suffix",
      "provider": "provider[\"registry.terraform.io/hashicorp/random\"]",
      "instances": [
        {
          "schema_version": 0,
          "attributes": {
            "b64_std": "7VFiDJUqd58=",
            "b64_url": "7VFiDJUqd58",
            "byte_length": 8,
            "dec": "17100557066284201887",
            "hex": "ed51620c952a779f",
            "id": "7VFiDJUqd58",
            "keepers": null,
            "prefix": null
          },
          "sensitive_attributes": [],
          "identity_schema_version": 0
        }
      ]
    },
    {
      "mode": "managed",
      "type": "random_password",
      "name": "api_key",
      "provider": "provider[\"registry.terraform.io/hashicorp/random\"]",
      "instances": [
        {
          "schema_version": 3,
          "attributes": {
            "bcrypt_hash": "$2a$10$aeHorJw4zr7lgRvkrmHiQO7HPe3lq6dQvl0HEaCukI/iDfT8sQL5y",
            "id": "none",
            "keepers": null,
            "length": 32,
            "lower": true,
            "min_lower": 0,
            "min_numeric": 0,
            "min_special": 0,
            "min_upper": 0,
            "number": true,
            "numeric": true,
            "override_special": null,
            "result": "s4vSAzXFgbiPwrzIEm0B6NX735GEtfYG",
            "special": false,
            "upper": true
          },
          "sensitive_attributes": [
            [
              {
                "type": "get_attr",
                "value": "bcrypt_hash"
              }
            ],
            [
              {
                "type": "get_attr",
                "value": "result"
              }
            ]
          ],
          "identity_schema_version": 0
        }
      ]
    },
    {
      "mode": "managed",
      "type": "random_password",
      "name": "db_password",
      "provider": "provider[\"registry.terraform.io/hashicorp/random\"]",
      "instances": [
        {
          "schema_version": 3,
          "attributes": {
            "bcrypt_hash": "$2a$10$bSIV.3eW3IZebeObxdW0SewG0z5UHZmWPUAWoDx6FsmOJmuImCl2S",
            "id": "none",
            "keepers": null,
            "length": 16,
            "lower": true,
            "min_lower": 0,
            "min_numeric": 0,
            "min_special": 0,
            "min_upper": 0,
            "number": true,
            "numeric": true,
            "override_special": null,
            "result": "-)FRLwRAX\u003cfNnh!D",
            "special": true,
            "upper": true
          },
          "sensitive_attributes": [
            [
              {
                "type": "get_attr",
                "value": "bcrypt_hash"
              }
            ],
            [
              {
                "type": "get_attr",
                "value": "result"
              }
            ]
          ],
          "identity_schema_version": 0
        }
      ]
    }
  ],
  "check_results": null
}
