{
  "version": 4,
  "terraform_version": "1.5.7",
  "serial": 155,
  "lineage": "6d67c722-80c7-22bc-e93b-a91cc5777ebb",
  "outputs": {
    "alb_arn": {
      "value": "arn:aws:elasticloadbalancing:ap-southeast-1:342597974367:loadbalancer/app/payment-alb-synth9d4wp/3cba27bddd9cb4c1",
      "type": "string"
    },
    "alb_dns_name": {
      "value": "payment-alb-synth9d4wp-1043609922.ap-southeast-1.elb.amazonaws.com",
      "type": "string"
    },
    "autoscaling_group_name": {
      "value": "payment-asg-synth9d4wp",
      "type": "string"
    },
    "cloudwatch_log_group_app": {
      "value": "/aws/ec2/payment-app-synth9d4wp",
      "type": "string"
    },
    "private_app_subnet_ids": {
      "value": [
        "subnet-05d2465c52731b955",
        "subnet-0e3e418a3c880e466"
      ],
      "type": [
        "tuple",
        [
          "string",
          "string"
        ]
      ]
    },
    "private_db_subnet_ids": {
      "value": [
        "subnet-0498ba1f97f31082b",
        "subnet-0c94b67547693902d"
      ],
      "type": [
        "tuple",
        [
          "string",
          "string"
        ]
      ]
    },
    "public_subnet_ids": {
      "value": [
        "subnet-079de7d9f66800105",
        "subnet-028380af66c15656a"
      ],
      "type": [
        "tuple",
        [
          "string",
          "string"
        ]
      ]
    },
    "rds_database_name": {
      "value": "paymentdb",
      "type": "string"
    },
    "region": {
      "value": "ap-southeast-1",
      "type": "string"
    },
    "vpc_id": {
      "value": "vpc-082fe2bc9c428abdb",
      "type": "string"
    },
    "waf_web_acl_arn": {
      "value": "arn:aws:wafv2:ap-southeast-1:342597974367:regional/webacl/payment-waf-synth9d4wp/625f4126-ec31-48bd-ade3-8164a56af980",
      "type": "string"
    }
  },
  "resources": [
    {
      "mode": "data",
      "type": "aws_ami",
      "name": "amazon_linux_2023",
      "provider": "provider[\"registry.terraform.io/hashicorp/aws\"]",
      "instances": [
        {
          "schema_version": 0,
          "attributes": {
            "allow_unsafe_filter": null,
            "architecture": "x86_64",
            "arn": "arn:aws:ec2:ap-southeast-1::image/ami-00111ae30af608681",
            "block_device_mappings": [
              {
                "device_name": "/dev/xvda",
                "ebs": {
                  "delete_on_termination": "true",
                  "encrypted": "false",
                  "iops": "3000",
                  "snapshot_id": "snap-0160171b72958d714",
                  "throughput": "125",
                  "volume_initialization_rate": "0",
                  "volume_size": "2",
                  "volume_type": "gp3"
                },
                "no_device": "",
                "virtual_name": ""
              }
            ],
            "boot_mode": "uefi-preferred",
            "creation_date": "2025-11-04T21:22:30.000Z",
            "deprecation_time": "2026-02-02T00:00:00.000Z",
            "description": "Amazon Linux 2023 AMI 2023.9.20251105.0 x86_64 Minimal HVM kernel-6.1",
            "ena_support": true,
            "executable_users": null,
            "filter": [
              {
                "name": "name",
                "values": [
                  "al2023-ami-*-x86_64"
                ]
              },
              {
                "name": "virtualization-type",
                "values": [
                  "hvm"
                ]
              }
            ],
            "hypervisor": "xen",
            "id": "ami-00111ae30af608681",
            "image_id": "ami-00111ae30af608681",
            "image_location": "amazon/al2023-ami-minimal-2023.9.20251105.0-kernel-6.1-x86_64",
            "image_owner_alias": "amazon",
            "image_type": "machine",
            "imds_support": "v2.0",
            "include_deprecated": false,
            "kernel_id": "",
            "last_launched_time": "",
            "most_recent": true,
            "name": "al2023-ami-minimal-2023.9.20251105.0-kernel-6.1-x86_64",
            "name_regex": null,
            "owner_id": "137112412989",
            "owners": [
              "amazon"
            ],
            "platform": "",
            "platform_details": "Linux/UNIX",
            "product_codes": [],
            "public": true,
            "ramdisk_id": "",
            "region": "ap-southeast-1",
            "root_device_name": "/dev/xvda",
            "root_device_type": "ebs",
            "root_snapshot_id": "snap-0160171b72958d714",
            "sriov_net_support": "simple",
            "state": "available",
            "state_reason": {
              "code": "UNSET",
              "message": "UNSET"
            },
            "tags": {},
            "timeouts": null,
            "tpm_support": "",
            "uefi_data": null,
            "usage_operation": "RunInstances",
            "virtualization_type": "hvm"
          },
          "sensitive_attributes": []
        }
      ]
    },
    {
      "mode": "managed",
      "type": "aws_acm_certificate",
      "name": "main",
      "provider": "provider[\"registry.terraform.io/hashicorp/aws\"]",
      "instances": [
        {
          "schema_version": 0,
          "attributes": {
            "arn": "arn:aws:acm:ap-southeast-1:342597974367:certificate/a41cda0c-23f6-4924-9506-6c4e71a97dcd",
            "certificate_authority_arn": "",
            "certificate_body": "-----BEGIN CERTIFICATE-----\nMIIDRjCCAi6gAwIBAgIRAK+hIzp7T48HPsWxEdsyH5QwDQYJKoZIhvcNAQELBQAw\nQzEfMB0GA1UEChMWUGF5bWVudCBQcm9jZXNzaW5nIEluYzEgMB4GA1UEAxMXcGF5\nbWVudC1hcHAuZXhhbXBsZS5jb20wHhcNMjUxMTA2MDYzNDE3WhcNMjYxMTA2MDYz\nNDE3WjBDMR8wHQYDVQQKExZQYXltZW50IFByb2Nlc3NpbmcgSW5jMSAwHgYDVQQD\nExdwYXltZW50LWFwcC5leGFtcGxlLmNvbTCCASIwDQYJKoZIhvcNAQEBBQADggEP\nADCCAQoCggEBAKWsJkdbYWk4PKj/whpCyF/pAQw6gH4V83FZLnYOYeO+JQxUFgOm\nRrPFFXlfp4h2OvxBqfXUELSe/4xq6gt6K47ye7qi0+ob64qyMdcuEirXIlkoLUhq\nediafPDvUOebcAtxTN2HF6MvJ2FrLkIjEXolj5m59PJF6ydK0/6No+zlC/GgHANE\nOGKglf0LZLhV7WYzXE795O5PTTTNIP/D/Shm67OkzG+qRKaHVTsFczoQXpIXfugA\nuESwbgz9N7VGsQFjSkH/OlBBYOV2PmfswKL6dRGwaUG1WxSKfNWTpdplYrIPqTez\nKglbDVRgmCH+1RvH0nr+uthLoeIQ+wSQWWECAwEAAaM1MDMwDgYDVR0PAQH/BAQD\nAgWgMBMGA1UdJQQMMAoGCCsGAQUFBwMBMAwGA1UdEwEB/wQCMAAwDQYJKoZIhvcN\nAQELBQADggEBAJP0245ZCBQ1n5QnEtDsizh5MPt4qi8SsVoPyqkwnxw/CnYvMblQ\nBlnX7iN/yxBBAUnfdS/SjzFcjz0mpwPtOVuzdnF5d7h6drAmZ+7zDolwgJ3P85U2\nh0pMhPyIcYzrF8bZUmqIPraT8YH6cgi0D/dAMYOzFnX9q2n5AiCQu/VZYkau/CHh\n3y6WVFrBhmSjpaL+EOBo4WX4dKvl9s9C6p3XU5PaDMYrvOtyh5C/UwAlUDDAzvML\njPzc+/thzV0P0mqRPSAqhrfnGv4dcadphbHdUKo/jWqftK74QEpIY0Suj9utZM6d\nu09KXuTp2NZHKwL2jdyJ6VMVvRX0iASOJe0=\n-----END CERTIFICATE-----\n",
            "certificate_chain": null,
            "domain_name": "payment-app.example.com",
            "domain_validation_options": [],
            "early_renewal_duration": "",
            "id": "arn:aws:acm:ap-southeast-1:342597974367:certificate/a41cda0c-23f6-4924-9506-6c4e71a97dcd",
            "key_algorithm": "RSA_2048",
            "not_after": "2026-11-06T06:34:17Z",
            "not_before": "2025-11-06T06:34:17Z",
            "options": [
              {
                "certificate_transparency_logging_preference": "DISABLED",
                "export": "DISABLED"
              }
            ],
            "pending_renewal": false,
            "private_key": "-----BEGIN RSA PRIVATE KEY-----\nMIIEowIBAAKCAQEApawmR1thaTg8qP/CGkLIX+kBDDqAfhXzcVkudg5h474lDFQW\nA6ZGs8UVeV+niHY6/EGp9dQQtJ7/jGrqC3orjvJ7uqLT6hvrirIx1y4SKtciWSgt\nSGp52Jp88O9Q55twC3FM3YcXoy8nYWsuQiMReiWPmbn08kXrJ0rT/o2j7OUL8aAc\nA0Q4YqCV/QtkuFXtZjNcTv3k7k9NNM0g/8P9KGbrs6TMb6pEpodVOwVzOhBekhd+\n6AC4RLBuDP03tUaxAWNKQf86UEFg5XY+Z+zAovp1EbBpQbVbFIp81ZOl2mVisg+p\nN7MqCVsNVGCYIf7VG8fSev662Euh4hD7BJBZYQIDAQABAoIBAAetBmRAmq6bxlw4\nZtltghAHCTdUQ9ErslD8bj2WKKELFZd40yEJyH1yZn5+UQJeo3id8HppQBmlQv7y\nEmxUFY3wxEyrOAUxFFiDjXF8QwdY+sB9nvz7oW/4puypEuMbOZ2PGx4JsP28nN8L\nrqvN6QSzNjA7vFqIBKdYNUKmVHuwlTKg4pyWrqhhXBRw13rlNy9J7ERyD+FG7aId\nPoSLcODNjCOTNkk8jpHLkbNrL1PS0LNHI14iSVFFvNxIXrNBJq5Cl7BY3H1nxgTx\nk+b6V4CuGIPIzJBYOaI5LvoaNZbU37EbtW/NpZSmYY9ilEd9n1gd2b/YzhuKGLgi\n1LPPQPECgYEAxJz+mWaV090Gbg+W9tL08WAAGHNLRZcHH46W1a4APtOR6tCW9/BA\nL2hkRfyPncxTn20Iwpk52tmtEgkSEpJXJ/ION+YKtRKnpIBT/yHZ+6ey0um5x6R+\nHTPH0l/Op+OcRqOHFl3cSsyL/7s5Sa6lYLlH9mFBMIfIrB/GBz4FI3ECgYEA17as\n93DMvoxl7KdickquW51lCiuK4qIjcVykNj/TdpBGweh3t+6FXj2f6q5dPJ4HfCB1\n5D38fAZ23ikso5hhbUxJNvnBxPt61RWrWNy4AcA9Oyv9Mvufhg0Uk5lA15QoRuyf\niJnfhgS9tbhg3t8weR9w+YNcDQnmrm9KkhdjvPECgYBX7M1+1H2UbXd+qMIeR2D6\nwK/KP2UeDdhFqIKTtGivr/XFSNr6rhpGGS0ejz+6lbGfzibov5U75bScKCpI2+DW\nIE1zehC3wUvvKORnaEAPZoN2BsfqHAm6DXoC/o1wTz2H6YFz4y2s1aSWDKgl51BV\n3QXtjLiWd2KqdtscSgQKQQKBgQCLJADjxrW6f1NLWBivQi6/V4ISEk4Oq6kS+T/O\n4lKjWqLZdvqqAMe0JynctcXcUM7hKQsCQ112HrFT0dlCWQsW9isPtABh8BimE8kn\nk495Saf1YAV9ekLGs+8+2Y6yv5VPUlgBQ8ejabF44spRWEOrDTXRLAMXQfizMYQ3\nQbEK8QKBgHLUGDKzlckqlJI1/tyWS8o5cEK4stbrZmVPCPIJbVPaKJCyepUDu+ab\n7aUqGP3G9b3WGR0KqzPEzsMLnVd59q+rqq+Xdt95yst7IWd7fOTecDCnnugrQFjY\n5L/zBXwD5xqGKwnhQ/TK7zzMYx6hEq8261hI+fp+rbhpzGD1Oczh\n-----END RSA PRIVATE KEY-----\n",
            "region": "ap-southeast-1",
            "renewal_eligibility": "INELIGIBLE",
            "renewal_summary": [],
            "status": "ISSUED",
            "subject_alternative_names": [
              "payment-app.example.com"
            ],
            "tags": {
              "Application": "PaymentProcessing",
              "Environment": "synth9d4wp",
              "MigrationPhase": "production",
              "Name": "payment-cert-synth9d4wp"
            },
            "tags_all": {
              "Application": "PaymentProcessing",
              "Environment": "synth9d4wp",
              "MigrationPhase": "production",
              "Name": "payment-cert-synth9d4wp"
            },
            "type": "IMPORTED",
            "validation_emails": [],
            "validation_method": "NONE",
            "validation_option": []
          },
          "sensitive_attributes": [
            [
              {
                "type": "get_attr",
                "value": "private_key"
              }
            ]
          ],
          "private": "bnVsbA==",
          "dependencies": [
            "tls_private_key.main",
            "tls_self_signed_cert.main"
          ],
          "create_before_destroy": true
        }
      ]
    },
    {
      "mode": "managed",
      "type": "aws_autoscaling_group",
      "name": "app",
      "provider": "provider[\"registry.terraform.io/hashicorp/aws\"]",
      "instances": []
    },
    {
      "mode": "managed",
      "type": "aws_autoscaling_policy",
      "name": "scale_down",
      "provider": "provider[\"registry.terraform.io/hashicorp/aws\"]",
      "instances": []
    },
    {
      "mode": "managed",
      "type": "aws_autoscaling_policy",
      "name": "scale_up",
      "provider": "provider[\"registry.terraform.io/hashicorp/aws\"]",
      "instances": []
    },
    {
      "mode": "managed",
      "type": "aws_cloudwatch_dashboard",
      "name": "main",
      "provider": "provider[\"registry.terraform.io/hashicorp/aws\"]",
      "instances": [
        {
          "schema_version": 0,
          "attributes": {
            "dashboard_arn": "arn:aws:cloudwatch::342597974367:dashboard/payment-dashboard-synth9d4wp",
            "dashboard_body": "{\"widgets\":[{\"properties\":{\"metrics\":[[\"AWS/RDS\",\"CPUUtilization\",{\"label\":\"RDS CPU\",\"stat\":\"Average\"}],[\"AWS/EC2\",\"CPUUtilization\",{\"label\":\"EC2 CPU\",\"stat\":\"Average\"}]],\"period\":300,\"region\":\"ap-southeast-1\",\"stat\":\"Average\",\"title\":\"CPU Utilization\"},\"type\":\"metric\"},{\"properties\":{\"metrics\":[[\"AWS/ApplicationELB\",\"TargetResponseTime\",{\"stat\":\"Average\"}]],\"period\":60,\"region\":\"ap-southeast-1\",\"stat\":\"Average\",\"title\":\"ALB Response Time\"},\"type\":\"metric\"},{\"properties\":{\"metrics\":[[\"AWS/ApplicationELB\",\"RequestCount\",{\"stat\":\"Sum\"}]],\"period\":60,\"region\":\"ap-southeast-1\",\"stat\":\"Sum\",\"title\":\"Request Count\"},\"type\":\"metric\"}]}",
            "dashboard_name": "payment-dashboard-synth9d4wp",
            "id": "payment-dashboard-synth9d4wp",
            "region": "ap-southeast-1"
          },
          "sensitive_attributes": [],
          "private": "bnVsbA=="
        }
      ]
    },
    {
      "mode": "managed",
      "type": "aws_cloudwatch_log_group",
      "name": "app",
      "provider": "provider[\"registry.terraform.io/hashicorp/aws\"]",
      "instances": [
        {
          "schema_version": 0,
          "attributes": {
            "arn": "arn:aws:logs:ap-southeast-1:342597974367:log-group:/aws/ec2/payment-app-synth9d4wp",
            "id": "/aws/ec2/payment-app-synth9d4wp",
            "kms_key_id": "",
            "log_group_class": "STANDARD",
            "name": "/aws/ec2/payment-app-synth9d4wp",
            "name_prefix": "",
            "region": "ap-southeast-1",
            "retention_in_days": 30,
            "skip_destroy": false,
            "tags": {
              "Application": "PaymentProcessing",
              "Environment": "synth9d4wp",
              "MigrationPhase": "production",
              "Name": "payment-app-logs-synth9d4wp"
            },
            "tags_all": {
              "Application": "PaymentProcessing",
              "Environment": "synth9d4wp",
              "MigrationPhase": "production",
              "Name": "payment-app-logs-synth9d4wp"
            }
          },
          "sensitive_attributes": [],
          "private": "bnVsbA==",
          "create_before_destroy": true
        }
      ]
    },
    {
      "mode": "managed",
      "type": "aws_cloudwatch_log_group",
      "name": "dms",
      "provider": "provider[\"registry.terraform.io/hashicorp/aws\"]",
      "instances": [
        {
          "schema_version": 0,
          "attributes": {
            "arn": "arn:aws:logs:ap-southeast-1:342597974367:log-group:/aws/dms/payment-synth9d4wp",
            "id": "/aws/dms/payment-synth9d4wp",
            "kms_key_id": "",
            "log_group_class": "STANDARD",
            "name": "/aws/dms/payment-synth9d4wp",
            "name_prefix": "",
            "region": "ap-southeast-1",
            "retention_in_days": 30,
            "skip_destroy": false,
            "tags": {
              "Application": "PaymentProcessing",
              "Environment": "synth9d4wp",
              "MigrationPhase": "production",
              "Name": "payment-dms-logs-synth9d4wp"
            },
            "tags_all": {
              "Application": "PaymentProcessing",
              "Environment": "synth9d4wp",
              "MigrationPhase": "production",
              "Name": "payment-dms-logs-synth9d4wp"
            }
          },
          "sensitive_attributes": [],
          "private": "bnVsbA=="
        }
      ]
    },
    {
      "mode": "managed",
      "type": "aws_cloudwatch_log_group",
      "name": "rds",
      "provider": "provider[\"registry.terraform.io/hashicorp/aws\"]",
      "instances": [
        {
          "schema_version": 0,
          "attributes": {
            "arn": "arn:aws:logs:ap-southeast-1:342597974367:log-group:/aws/rds/instance/payment-db-synth9d4wp/postgresql",
            "id": "/aws/rds/instance/payment-db-synth9d4wp/postgresql",
            "kms_key_id": "",
            "log_group_class": "STANDARD",
            "name": "/aws/rds/instance/payment-db-synth9d4wp/postgresql",
            "name_prefix": "",
            "region": "ap-southeast-1",
            "retention_in_days": 30,
            "skip_destroy": false,
            "tags": {
              "Application": "PaymentProcessing",
              "Environment": "synth9d4wp",
              "MigrationPhase": "production",
              "Name": "payment-rds-logs-synth9d4wp"
            },
            "tags_all": {
              "Application": "PaymentProcessing",
              "Environment": "synth9d4wp",
              "MigrationPhase": "production",
              "Name": "payment-rds-logs-synth9d4wp"
            }
          },
          "sensitive_attributes": [],
          "private": "bnVsbA=="
        }
      ]
    },
    {
      "mode": "managed",
      "type": "aws_cloudwatch_metric_alarm",
      "name": "alb_5xx",
      "provider": "provider[\"registry.terraform.io/hashicorp/aws\"]",
      "instances": [
        {
          "schema_version": 1,
          "attributes": {
            "actions_enabled": true,
            "alarm_actions": null,
            "alarm_description": "Alert when ALB returns too many 5xx errors",
            "alarm_name": "payment-alb-5xx-errors-synth9d4wp",
            "arn": "arn:aws:cloudwatch:ap-southeast-1:342597974367:alarm:payment-alb-5xx-errors-synth9d4wp",
            "comparison_operator": "GreaterThanThreshold",
            "datapoints_to_alarm": 0,
            "dimensions": {
              "LoadBalancer": "app/payment-alb-synth9d4wp/3cba27bddd9cb4c1"
            },
            "evaluate_low_sample_count_percentiles": "",
            "evaluation_periods": 2,
            "extended_statistic": "",
            "id": "payment-alb-5xx-errors-synth9d4wp",
            "insufficient_data_actions": null,
            "metric_name": "HTTPCode_Target_5XX_Count",
            "metric_query": [],
            "namespace": "AWS/ApplicationELB",
            "ok_actions": null,
            "period": 300,
            "region": "ap-southeast-1",
            "statistic": "Sum",
            "tags": {
              "Application": "PaymentProcessing",
              "Environment": "synth9d4wp",
              "MigrationPhase": "production",
              "Name": "payment-alb-5xx-synth9d4wp"
            },
            "tags_all": {
              "Application": "PaymentProcessing",
              "Environment": "synth9d4wp",
              "MigrationPhase": "production",
              "Name": "payment-alb-5xx-synth9d4wp"
            },
            "threshold": 10,
            "threshold_metric_id": "",
            "treat_missing_data": "missing",
            "unit": ""
          },
          "sensitive_attributes": [],
          "private": "eyJzY2hlbWFfdmVyc2lvbiI6IjEifQ==",
          "dependencies": [
            "aws_lb.app",
            "aws_security_group.alb",
            "aws_subnet.public",
            "aws_vpc.main"
          ]
        }
      ]
    },
    {
      "mode": "managed",
      "type": "aws_cloudwatch_metric_alarm",
      "name": "asg_cpu_high",
      "provider": "provider[\"registry.terraform.io/hashicorp/aws\"]",
      "instances": []
    },
    {
      "mode": "managed",
      "type": "aws_cloudwatch_metric_alarm",
      "name": "asg_cpu_low",
      "provider": "provider[\"registry.terraform.io/hashicorp/aws\"]",
      "instances": []
    },
    {
      "mode": "managed",
      "type": "aws_cloudwatch_metric_alarm",
      "name": "rds_cpu",
      "provider": "provider[\"registry.terraform.io/hashicorp/aws\"]",
      "instances": []
    },
    {
      "mode": "managed",
      "type": "aws_cloudwatch_metric_alarm",
      "name": "unhealthy_targets",
      "provider": "provider[\"registry.terraform.io/hashicorp/aws\"]",
      "instances": [
        {
          "schema_version": 1,
          "attributes": {
            "actions_enabled": true,
            "alarm_actions": null,
            "alarm_description": "Alert when target group has unhealthy targets",
            "alarm_name": "payment-unhealthy-targets-synth9d4wp",
            "arn": "arn:aws:cloudwatch:ap-southeast-1:342597974367:alarm:payment-unhealthy-targets-synth9d4wp",
            "comparison_operator": "GreaterThanThreshold",
            "datapoints_to_alarm": 0,
            "dimensions": {
              "LoadBalancer": "app/payment-alb-synth9d4wp/3cba27bddd9cb4c1",
              "TargetGroup": "targetgroup/payment-tg-synth9d4wp/80c2e7ad24549f04"
            },
            "evaluate_low_sample_count_percentiles": "",
            "evaluation_periods": 2,
            "extended_statistic": "",
            "id": "payment-unhealthy-targets-synth9d4wp",
            "insufficient_data_actions": null,
            "metric_name": "UnHealthyHostCount",
            "metric_query": [],
            "namespace": "AWS/ApplicationELB",
            "ok_actions": null,
            "period": 60,
            "region": "ap-southeast-1",
            "statistic": "Average",
            "tags": {
              "Application": "PaymentProcessing",
              "Environment": "synth9d4wp",
              "MigrationPhase": "production",
              "Name": "payment-unhealthy-targets-synth9d4wp"
            },
            "tags_all": {
              "Application": "PaymentProcessing",
              "Environment": "synth9d4wp",
              "MigrationPhase": "production",
              "Name": "payment-unhealthy-targets-synth9d4wp"
            },
            "threshold": 0,
            "threshold_metric_id": "",
            "treat_missing_data": "missing",
            "unit": ""
          },
          "sensitive_attributes": [],
          "private": "eyJzY2hlbWFfdmVyc2lvbiI6IjEifQ==",
          "dependencies": [
            "aws_lb.app",
            "aws_lb_target_group.app",
            "aws_security_group.alb",
            "aws_subnet.public",
            "aws_vpc.main"
          ]
        }
      ]
    },
    {
      "mode": "managed",
      "type": "aws_db_instance",
      "name": "main",
      "provider": "provider[\"registry.terraform.io/hashicorp/aws\"]",
      "instances": []
    },
    {
      "mode": "managed",
      "type": "aws_db_subnet_group",
      "name": "main",
      "provider": "provider[\"registry.terraform.io/hashicorp/aws\"]",
      "instances": [
        {
          "schema_version": 0,
          "attributes": {
            "arn": "arn:aws:rds:ap-southeast-1:342597974367:subgrp:payment-db-subnet-group-synth9d4wp",
            "description": "Managed by Terraform",
            "id": "payment-db-subnet-group-synth9d4wp",
            "name": "payment-db-subnet-group-synth9d4wp",
            "name_prefix": "",
            "region": "ap-southeast-1",
            "subnet_ids": [
              "subnet-0498ba1f97f31082b",
              "subnet-0c94b67547693902d"
            ],
            "supported_network_types": [
              "IPV4"
            ],
            "tags": {
              "Application": "PaymentProcessing",
              "Environment": "synth9d4wp",
              "MigrationPhase": "production",
              "Name": "payment-db-subnet-group-synth9d4wp"
            },
            "tags_all": {
              "Application": "PaymentProcessing",
              "Environment": "synth9d4wp",
              "MigrationPhase": "production",
              "Name": "payment-db-subnet-group-synth9d4wp"
            },
            "vpc_id": "vpc-082fe2bc9c428abdb"
          },
          "sensitive_attributes": [],
          "private": "bnVsbA==",
          "dependencies": [
            "aws_subnet.private_db",
            "aws_vpc.main"
          ]
        }
      ]
    },
    {
      "mode": "managed",
      "type": "aws_dms_endpoint",
      "name": "source",
      "provider": "provider[\"registry.terraform.io/hashicorp/aws\"]",
      "instances": [
        {
          "schema_version": 0,
          "attributes": {
            "certificate_arn": "",
            "database_name": "legacy_payment_db",
            "elasticsearch_settings": [],
            "endpoint_arn": "arn:aws:dms:ap-southeast-1:342597974367:endpoint:GNKYH3W6FFEBXFOSV4PQ2CMSGE",
            "endpoint_id": "payment-dms-source-synth9d4wp",
            "endpoint_type": "source",
            "engine_name": "postgres",
            "extra_connection_attributes": "",
            "id": "payment-dms-source-synth9d4wp",
            "kafka_settings": [],
            "kinesis_settings": [],
            "kms_key_arn": "arn:aws:kms:ap-southeast-1:342597974367:key/fc99224e-3ee9-4cf6-a72d-ba76124a88b8",
            "mongodb_settings": [],
            "mysql_settings": [],
            "oracle_settings": [],
            "password": "SourcePassword123!",
            "pause_replication_tasks": null,
            "port": 5432,
            "postgres_settings": [
              {
                "after_connect_script": "",
                "authentication_method": "password",
                "babelfish_database_name": "",
                "capture_ddls": false,
                "database_mode": "",
                "ddl_artifacts_schema": "",
                "execute_timeout": 0,
                "fail_tasks_on_lob_truncation": false,
                "heartbeat_enable": false,
                "heartbeat_frequency": 0,
                "heartbeat_schema": "",
                "map_boolean_as_boolean": false,
                "map_jsonb_as_clob": false,
                "map_long_varchar_as": "",
                "max_file_size": 0,
                "plugin_name": "",
                "service_access_role_arn": "",
                "slot_name": ""
              }
            ],
            "redis_settings": [],
            "redshift_settings": null,
            "region": "ap-southeast-1",
            "secrets_manager_access_role_arn": "",
            "secrets_manager_arn": "",
            "server_name": "10.1.1.100",
            "service_access_role": null,
            "ssl_mode": "require",
            "tags": {
              "Application": "PaymentProcessing",
              "Environment": "synth9d4wp",
              "MigrationPhase": "production",
              "Name": "payment-dms-source-synth9d4wp"
            },
            "tags_all": {
              "Application": "PaymentProcessing",
              "Environment": "synth9d4wp",
              "MigrationPhase": "production",
              "Name": "payment-dms-source-synth9d4wp"
            },
            "timeouts": null,
            "username": "sourceadmin"
          },
          "sensitive_attributes": [
            [
              {
                "type": "get_attr",
                "value": "password"
              }
            ],
            [
              {
                "type": "get_attr",
                "value": "username"
              }
            ]
          ],
          "private": "eyJlMmJmYjczMC1lY2FhLTExZTYtOGY4OC0zNDM2M2JjN2M0YzAiOnsiY3JlYXRlIjozMDAwMDAwMDAwMDAsImRlbGV0ZSI6NjAwMDAwMDAwMDAwfX0="
        }
      ]
    },
    {
      "mode": "managed",
      "type": "aws_dms_endpoint",
      "name": "target",
      "provider": "provider[\"registry.terraform.io/hashicorp/aws\"]",
      "instances": []
    },
    {
      "mode": "managed",
      "type": "aws_dms_replication_instance",
      "name": "main",
      "provider": "provider[\"registry.terraform.io/hashicorp/aws\"]",
      "instances": []
    },
    {
      "mode": "managed",
      "type": "aws_dms_replication_subnet_group",
      "name": "main",
      "provider": "provider[\"registry.terraform.io/hashicorp/aws\"]",
      "instances": [
        {
          "schema_version": 0,
          "attributes": {
            "id": "payment-dms-subnet-group-synth9d4wp",
            "region": "ap-southeast-1",
            "replication_subnet_group_arn": "arn:aws:dms:ap-southeast-1:342597974367:subgrp:payment-dms-subnet-group-synth9d4wp",
            "replication_subnet_group_description": "DMS replication subnet group",
            "replication_subnet_group_id": "payment-dms-subnet-group-synth9d4wp",
            "subnet_ids": [
              "subnet-05d2465c52731b955",
              "subnet-0e3e418a3c880e466"
            ],
            "tags": {
              "Application": "PaymentProcessing",
              "Environment": "synth9d4wp",
              "MigrationPhase": "production",
              "Name": "payment-dms-subnet-group-synth9d4wp"
            },
            "tags_all": {
              "Application": "PaymentProcessing",
              "Environment": "synth9d4wp",
              "MigrationPhase": "production",
              "Name": "payment-dms-subnet-group-synth9d4wp"
            },
            "vpc_id": "vpc-082fe2bc9c428abdb"
          },
          "sensitive_attributes": [],
          "private": "bnVsbA==",
          "dependencies": [
            "aws_subnet.private_app",
            "aws_vpc.main"
          ]
        }
      ]
    },
    {
      "mode": "managed",
      "type": "aws_dms_replication_task",
      "name": "main",
      "provider": "provider[\"registry.terraform.io/hashicorp/aws\"]",
      "instances": []
    },
    {
      "mode": "managed",
      "type": "aws_iam_instance_profile",
      "name": "ec2",
      "provider": "provider[\"registry.terraform.io/hashicorp/aws\"]",
      "instances": [
        {
          "schema_version": 0,
          "attributes": {
            "arn": "arn:aws:iam::342597974367:instance-profile/payment-ec2-profile-synth9d4wp",
            "create_date": "2025-11-06T06:34:22Z",
            "id": "payment-ec2-profile-synth9d4wp",
            "name": "payment-ec2-profile-synth9d4wp",
            "name_prefix": "",
            "path": "/",
            "role": "payment-ec2-role-synth9d4wp",
            "tags": {
              "Application": "PaymentProcessing",
              "Environment": "synth9d4wp",
              "MigrationPhase": "production",
              "Name": "payment-ec2-profile-synth9d4wp"
            },
            "tags_all": {
              "Application": "PaymentProcessing",
              "Environment": "synth9d4wp",
              "MigrationPhase": "production",
              "Name": "payment-ec2-profile-synth9d4wp"
            },
            "unique_id": "AIPAU7RDOHFPV6HEQCDFU"
          },
          "sensitive_attributes": [],
          "private": "bnVsbA==",
          "dependencies": [
            "aws_iam_role.ec2"
          ],
          "create_before_destroy": true
        }
      ]
    },
    {
      "mode": "managed",
      "type": "aws_iam_role",
      "name": "ec2",
      "provider": "provider[\"registry.terraform.io/hashicorp/aws\"]",
      "instances": [
        {
          "schema_version": 0,
          "attributes": {
            "arn": "arn:aws:iam::342597974367:role/payment-ec2-role-synth9d4wp",
            "assume_role_policy": "{\"Statement\":[{\"Action\":\"sts:AssumeRole\",\"Effect\":\"Allow\",\"Principal\":{\"Service\":\"ec2.amazonaws.com\"}}],\"Version\":\"2012-10-17\"}",
            "create_date": "2025-11-06T06:34:20Z",
            "description": "",
            "force_detach_policies": false,
            "id": "payment-ec2-role-synth9d4wp",
            "inline_policy": [],
            "managed_policy_arns": [],
            "max_session_duration": 3600,
            "name": "payment-ec2-role-synth9d4wp",
            "name_prefix": "",
            "path": "/",
            "permissions_boundary": "",
            "tags": {
              "Application": "PaymentProcessing",
              "Environment": "synth9d4wp",
              "MigrationPhase": "production",
              "Name": "payment-ec2-role-synth9d4wp"
            },
            "tags_all": {
              "Application": "PaymentProcessing",
              "Environment": "synth9d4wp",
              "MigrationPhase": "production",
              "Name": "payment-ec2-role-synth9d4wp"
            },
            "unique_id": "AROAU7RDOHFPUG4LUMHLO"
          },
          "sensitive_attributes": [],
          "private": "bnVsbA==",
          "create_before_destroy": true
        }
      ]
    },
    {
      "mode": "managed",
      "type": "aws_iam_role",
      "name": "secrets_rotation",
      "provider": "provider[\"registry.terraform.io/hashicorp/aws\"]",
      "instances": [
        {
          "schema_version": 0,
          "attributes": {
            "arn": "arn:aws:iam::342597974367:role/payment-secrets-rotation-synth9d4wp",
            "assume_role_policy": "{\"Statement\":[{\"Action\":\"sts:AssumeRole\",\"Effect\":\"Allow\",\"Principal\":{\"Service\":\"lambda.amazonaws.com\"}}],\"Version\":\"2012-10-17\"}",
            "create_date": "2025-11-06T06:34:20Z",
            "description": "",
            "force_detach_policies": false,
            "id": "payment-secrets-rotation-synth9d4wp",
            "inline_policy": [],
            "managed_policy_arns": [],
            "max_session_duration": 3600,
            "name": "payment-secrets-rotation-synth9d4wp",
            "name_prefix": "",
            "path": "/",
            "permissions_boundary": "",
            "tags": {
              "Application": "PaymentProcessing",
              "Environment": "synth9d4wp",
              "MigrationPhase": "production",
              "Name": "payment-secrets-rotation-synth9d4wp"
            },
            "tags_all": {
              "Application": "PaymentProcessing",
              "Environment": "synth9d4wp",
              "MigrationPhase": "production",
              "Name": "payment-secrets-rotation-synth9d4wp"
            },
            "unique_id": "AROAU7RDOHFPYXBB7A7R4"
          },
          "sensitive_attributes": [],
          "private": "bnVsbA=="
        }
      ]
    },
    {
      "mode": "managed",
      "type": "aws_iam_role_policy",
      "name": "ec2",
      "provider": "provider[\"registry.terraform.io/hashicorp/aws\"]",
      "instances": []
    },
    {
      "mode": "managed",
      "type": "aws_iam_role_policy",
      "name": "secrets_rotation",
      "provider": "provider[\"registry.terraform.io/hashicorp/aws\"]",
      "instances": []
    },
    {
      "mode": "managed",
      "type": "aws_internet_gateway",
      "name": "main",
      "provider": "provider[\"registry.terraform.io/hashicorp/aws\"]",
      "instances": [
        {
          "schema_version": 0,
          "attributes": {
            "arn": "arn:aws:ec2:ap-southeast-1:342597974367:internet-gateway/igw-0fc6b7166de560304",
            "id": "igw-0fc6b7166de560304",
            "owner_id": "342597974367",
            "region": "ap-southeast-1",
            "tags": {
              "Application": "PaymentProcessing",
              "Environment": "synth9d4wp",
              "MigrationPhase": "production",
              "Name": "payment-igw-synth9d4wp"
            },
            "tags_all": {
              "Application": "PaymentProcessing",
              "Environment": "synth9d4wp",
              "MigrationPhase": "production",
              "Name": "payment-igw-synth9d4wp"
            },
            "timeouts": null,
            "vpc_id": "vpc-082fe2bc9c428abdb"
          },
          "sensitive_attributes": [],
          "private": "eyJlMmJmYjczMC1lY2FhLTExZTYtOGY4OC0zNDM2M2JjN2M0YzAiOnsiY3JlYXRlIjoxMjAwMDAwMDAwMDAwLCJkZWxldGUiOjEyMDAwMDAwMDAwMDAsInVwZGF0ZSI6MTIwMDAwMDAwMDAwMH19",
          "dependencies": [
            "aws_vpc.main"
          ]
        }
      ]
    },
    {
      "mode": "managed",
      "type": "aws_kms_alias",
      "name": "rds",
      "provider": "provider[\"registry.terraform.io/hashicorp/aws\"]",
      "instances": [
        {
          "schema_version": 0,
          "attributes": {
            "arn": "arn:aws:kms:ap-southeast-1:342597974367:alias/payment-rds-synth9d4wp",
            "id": "alias/payment-rds-synth9d4wp",
            "name": "alias/payment-rds-synth9d4wp",
            "name_prefix": "",
            "region": "ap-southeast-1",
            "target_key_arn": "arn:aws:kms:ap-southeast-1:342597974367:key/d1344974-e2b4-4bff-8d5f-b2b3a2dd0d5c",
            "target_key_id": "d1344974-e2b4-4bff-8d5f-b2b3a2dd0d5c"
          },
          "sensitive_attributes": [],
          "private": "bnVsbA==",
          "dependencies": [
            "aws_kms_key.rds"
          ]
        }
      ]
    },
    {
      "mode": "managed",
      "type": "aws_kms_key",
      "name": "rds",
      "provider": "provider[\"registry.terraform.io/hashicorp/aws\"]",
      "instances": [
        {
          "schema_version": 0,
          "attributes": {
            "arn": "arn:aws:kms:ap-southeast-1:342597974367:key/d1344974-e2b4-4bff-8d5f-b2b3a2dd0d5c",
            "bypass_policy_lockout_safety_check": false,
            "custom_key_store_id": "",
            "customer_master_key_spec": "SYMMETRIC_DEFAULT",
            "deletion_window_in_days": 10,
            "description": "KMS key for RDS encryption",
            "enable_key_rotation": true,
            "id": "d1344974-e2b4-4bff-8d5f-b2b3a2dd0d5c",
            "is_enabled": true,
            "key_id": "d1344974-e2b4-4bff-8d5f-b2b3a2dd0d5c",
            "key_usage": "ENCRYPT_DECRYPT",
            "multi_region": false,
            "policy": "{\"Id\":\"key-default-1\",\"Statement\":[{\"Action\":\"kms:*\",\"Effect\":\"Allow\",\"Principal\":{\"AWS\":\"arn:aws:iam::342597974367:root\"},\"Resource\":\"*\",\"Sid\":\"Enable IAM User Permissions\"}],\"Version\":\"2012-10-17\"}",
            "region": "ap-southeast-1",
            "rotation_period_in_days": 365,
            "tags": {
              "Application": "PaymentProcessing",
              "Environment": "synth9d4wp",
              "MigrationPhase": "production",
              "Name": "payment-rds-kms-synth9d4wp"
            },
            "tags_all": {
              "Application": "PaymentProcessing",
              "Environment": "synth9d4wp",
              "MigrationPhase": "production",
              "Name": "payment-rds-kms-synth9d4wp"
            },
            "timeouts": null,
            "xks_key_id": ""
          },
          "sensitive_attributes": [],
          "private": "eyJlMmJmYjczMC1lY2FhLTExZTYtOGY4OC0zNDM2M2JjN2M0YzAiOnsiY3JlYXRlIjoxMjAwMDAwMDAwMDB9fQ=="
        }
      ]
    },
    {
      "mode": "managed",
      "type": "aws_lambda_permission",
      "name": "secrets_manager",
      "provider": "provider[\"registry.terraform.io/hashicorp/aws\"]",
      "instances": []
    },
    {
      "mode": "managed",
      "type": "aws_launch_template",
      "name": "app",
      "provider": "provider[\"registry.terraform.io/hashicorp/aws\"]",
      "instances": []
    },
    {
      "mode": "managed",
      "type": "aws_lb",
      "name": "app",
      "provider": "provider[\"registry.terraform.io/hashicorp/aws\"]",
      "instances": [
        {
          "schema_version": 0,
          "attributes": {
            "access_logs": [
              {
                "bucket": "",
                "enabled": false,
                "prefix": ""
              }
            ],
            "arn": "arn:aws:elasticloadbalancing:ap-southeast-1:342597974367:loadbalancer/app/payment-alb-synth9d4wp/3cba27bddd9cb4c1",
            "arn_suffix": "app/payment-alb-synth9d4wp/3cba27bddd9cb4c1",
            "client_keep_alive": 3600,
            "connection_logs": [
              {
                "bucket": "",
                "enabled": false,
                "prefix": ""
              }
            ],
            "customer_owned_ipv4_pool": "",
            "desync_mitigation_mode": "defensive",
            "dns_name": "payment-alb-synth9d4wp-1043609922.ap-southeast-1.elb.amazonaws.com",
            "dns_record_client_routing_policy": null,
            "drop_invalid_header_fields": false,
            "enable_cross_zone_load_balancing": true,
            "enable_deletion_protection": false,
            "enable_http2": true,
            "enable_tls_version_and_cipher_suite_headers": false,
            "enable_waf_fail_open": false,
            "enable_xff_client_port": false,
            "enable_zonal_shift": false,
            "enforce_security_group_inbound_rules_on_private_link_traffic": "",
            "id": "arn:aws:elasticloadbalancing:ap-southeast-1:342597974367:loadbalancer/app/payment-alb-synth9d4wp/3cba27bddd9cb4c1",
            "idle_timeout": 60,
            "internal": false,
            "ip_address_type": "ipv4",
            "ipam_pools": [],
            "load_balancer_type": "application",
            "minimum_load_balancer_capacity": [],
            "name": "payment-alb-synth9d4wp",
            "name_prefix": "",
            "preserve_host_header": false,
            "region": "ap-southeast-1",
            "secondary_ips_auto_assigned_per_subnet": null,
            "security_groups": [
              "sg-00b67e035bf4807d0"
            ],
            "subnet_mapping": [
              {
                "allocation_id": "",
                "ipv6_address": "",
                "outpost_id": "",
                "private_ipv4_address": "",
                "subnet_id": "subnet-028380af66c15656a"
              },
              {
                "allocation_id": "",
                "ipv6_address": "",
                "outpost_id": "",
                "private_ipv4_address": "",
                "subnet_id": "subnet-079de7d9f66800105"
              }
            ],
            "subnets": [
              "subnet-028380af66c15656a",
              "subnet-079de7d9f66800105"
            ],
            "tags": {
              "Application": "PaymentProcessing",
              "Environment": "synth9d4wp",
              "MigrationPhase": "production",
              "Name": "payment-alb-synth9d4wp"
            },
            "tags_all": {
              "Application": "PaymentProcessing",
              "Environment": "synth9d4wp",
              "MigrationPhase": "production",
              "Name": "payment-alb-synth9d4wp"
            },
            "timeouts": null,
            "vpc_id": "vpc-082fe2bc9c428abdb",
            "xff_header_processing_mode": "append",
            "zone_id": "Z1LMS91P8CMLE5"
          },
          "sensitive_attributes": [],
          "private": "eyJlMmJmYjczMC1lY2FhLTExZTYtOGY4OC0zNDM2M2JjN2M0YzAiOnsiY3JlYXRlIjo2MDAwMDAwMDAwMDAsImRlbGV0ZSI6NjAwMDAwMDAwMDAwLCJ1cGRhdGUiOjYwMDAwMDAwMDAwMH19",
          "dependencies": [
            "aws_security_group.alb",
            "aws_subnet.public",
            "aws_vpc.main"
          ]
        }
      ]
    },
    {
      "mode": "managed",
      "type": "aws_lb_listener",
      "name": "http",
      "provider": "provider[\"registry.terraform.io/hashicorp/aws\"]",
      "instances": [
        {
          "schema_version": 0,
          "attributes": {
            "alpn_policy": null,
            "arn": "arn:aws:elasticloadbalancing:ap-southeast-1:342597974367:listener/app/payment-alb-synth9d4wp/3cba27bddd9cb4c1/dbe7abcbee024409",
            "certificate_arn": null,
            "default_action": [
              {
                "authenticate_cognito": [],
                "authenticate_oidc": [],
                "fixed_response": [],
                "forward": [],
                "order": 1,
                "redirect": [
                  {
                    "host": "#{host}",
                    "path": "/#{path}",
                    "port": "443",
                    "protocol": "HTTPS",
                    "query": "#{query}",
                    "status_code": "HTTP_301"
                  }
                ],
                "target_group_arn": "",
                "type": "redirect"
              }
            ],
            "id": "arn:aws:elasticloadbalancing:ap-southeast-1:342597974367:listener/app/payment-alb-synth9d4wp/3cba27bddd9cb4c1/dbe7abcbee024409",
            "load_balancer_arn": "arn:aws:elasticloadbalancing:ap-southeast-1:342597974367:loadbalancer/app/payment-alb-synth9d4wp/3cba27bddd9cb4c1",
            "mutual_authentication": [],
            "port": 80,
            "protocol": "HTTP",
            "region": "ap-southeast-1",
            "routing_http_request_x_amzn_mtls_clientcert_header_name": null,
            "routing_http_request_x_amzn_mtls_clientcert_issuer_header_name": null,
            "routing_http_request_x_amzn_mtls_clientcert_leaf_header_name": null,
            "routing_http_request_x_amzn_mtls_clientcert_serial_number_header_name": null,
            "routing_http_request_x_amzn_mtls_clientcert_subject_header_name": null,
            "routing_http_request_x_amzn_mtls_clientcert_validity_header_name": null,
            "routing_http_request_x_amzn_tls_cipher_suite_header_name": null,
            "routing_http_request_x_amzn_tls_version_header_name": null,
            "routing_http_response_access_control_allow_credentials_header_value": "",
            "routing_http_response_access_control_allow_headers_header_value": "",
            "routing_http_response_access_control_allow_methods_header_value": "",
            "routing_http_response_access_control_allow_origin_header_value": "",
            "routing_http_response_access_control_expose_headers_header_value": "",
            "routing_http_response_access_control_max_age_header_value": "",
            "routing_http_response_content_security_policy_header_value": "",
            "routing_http_response_server_enabled": true,
            "routing_http_response_strict_transport_security_header_value": "",
            "routing_http_response_x_content_type_options_header_value": "",
            "routing_http_response_x_frame_options_header_value": "",
            "ssl_policy": "",
            "tags": null,
            "tags_all": {},
            "tcp_idle_timeout_seconds": null,
            "timeouts": null
          },
          "sensitive_attributes": [],
          "private": "eyJlMmJmYjczMC1lY2FhLTExZTYtOGY4OC0zNDM2M2JjN2M0YzAiOnsiY3JlYXRlIjozMDAwMDAwMDAwMDAsInVwZGF0ZSI6MzAwMDAwMDAwMDAwfX0=",
          "dependencies": [
            "aws_lb.app",
            "aws_security_group.alb",
            "aws_subnet.public",
            "aws_vpc.main"
          ]
        }
      ]
    },
    {
      "mode": "managed",
      "type": "aws_lb_listener",
      "name": "https",
      "provider": "provider[\"registry.terraform.io/hashicorp/aws\"]",
      "instances": [
        {
          "schema_version": 0,
          "attributes": {
            "alpn_policy": null,
            "arn": "arn:aws:elasticloadbalancing:ap-southeast-1:342597974367:listener/app/payment-alb-synth9d4wp/3cba27bddd9cb4c1/9bff4ccabefd75ac",
            "certificate_arn": "arn:aws:acm:ap-southeast-1:342597974367:certificate/a41cda0c-23f6-4924-9506-6c4e71a97dcd",
            "default_action": [
              {
                "authenticate_cognito": [],
                "authenticate_oidc": [],
                "fixed_response": [],
                "forward": [],
                "order": 1,
                "redirect": [],
                "target_group_arn": "arn:aws:elasticloadbalancing:ap-southeast-1:342597974367:targetgroup/payment-tg-synth9d4wp/80c2e7ad24549f04",
                "type": "forward"
              }
            ],
            "id": "arn:aws:elasticloadbalancing:ap-southeast-1:342597974367:listener/app/payment-alb-synth9d4wp/3cba27bddd9cb4c1/9bff4ccabefd75ac",
            "load_balancer_arn": "arn:aws:elasticloadbalancing:ap-southeast-1:342597974367:loadbalancer/app/payment-alb-synth9d4wp/3cba27bddd9cb4c1",
            "mutual_authentication": [
              {
                "advertise_trust_store_ca_names": "",
                "ignore_client_certificate_expiry": false,
                "mode": "off",
                "trust_store_arn": ""
              }
            ],
            "port": 443,
            "protocol": "HTTPS",
            "region": "ap-southeast-1",
            "routing_http_request_x_amzn_mtls_clientcert_header_name": "",
            "routing_http_request_x_amzn_mtls_clientcert_issuer_header_name": "",
            "routing_http_request_x_amzn_mtls_clientcert_leaf_header_name": "",
            "routing_http_request_x_amzn_mtls_clientcert_serial_number_header_name": "",
            "routing_http_request_x_amzn_mtls_clientcert_subject_header_name": "",
            "routing_http_request_x_amzn_mtls_clientcert_validity_header_name": "",
            "routing_http_request_x_amzn_tls_cipher_suite_header_name": "",
            "routing_http_request_x_amzn_tls_version_header_name": "",
            "routing_http_response_access_control_allow_credentials_header_value": "",
            "routing_http_response_access_control_allow_headers_header_value": "",
            "routing_http_response_access_control_allow_methods_header_value": "",
            "routing_http_response_access_control_allow_origin_header_value": "",
            "routing_http_response_access_control_expose_headers_header_value": "",
            "routing_http_response_access_control_max_age_header_value": "",
            "routing_http_response_content_security_policy_header_value": "",
            "routing_http_response_server_enabled": true,
            "routing_http_response_strict_transport_security_header_value": "",
            "routing_http_response_x_content_type_options_header_value": "",
            "routing_http_response_x_frame_options_header_value": "",
            "ssl_policy": "ELBSecurityPolicy-TLS13-1-2-2021-06",
            "tags": null,
            "tags_all": {},
            "tcp_idle_timeout_seconds": null,
            "timeouts": null
          },
          "sensitive_attributes": [],
          "private": "eyJlMmJmYjczMC1lY2FhLTExZTYtOGY4OC0zNDM2M2JjN2M0YzAiOnsiY3JlYXRlIjozMDAwMDAwMDAwMDAsInVwZGF0ZSI6MzAwMDAwMDAwMDAwfX0=",
          "dependencies": [
            "aws_acm_certificate.main",
            "aws_lb.app",
            "aws_lb_target_group.app",
            "aws_security_group.alb",
            "aws_subnet.public",
            "aws_vpc.main",
            "tls_private_key.main",
            "tls_self_signed_cert.main"
          ]
        }
      ]
    },
    {
      "mode": "managed",
      "type": "aws_lb_target_group",
      "name": "app",
      "provider": "provider[\"registry.terraform.io/hashicorp/aws\"]",
      "instances": [
        {
          "schema_version": 0,
          "attributes": {
            "arn": "arn:aws:elasticloadbalancing:ap-southeast-1:342597974367:targetgroup/payment-tg-synth9d4wp/80c2e7ad24549f04",
            "arn_suffix": "targetgroup/payment-tg-synth9d4wp/80c2e7ad24549f04",
            "connection_termination": null,
            "deregistration_delay": "30",
            "health_check": [
              {
                "enabled": true,
                "healthy_threshold": 2,
                "interval": 30,
                "matcher": "200",
                "path": "/health",
                "port": "traffic-port",
                "protocol": "HTTP",
                "timeout": 5,
                "unhealthy_threshold": 3
              }
            ],
            "id": "arn:aws:elasticloadbalancing:ap-southeast-1:342597974367:targetgroup/payment-tg-synth9d4wp/80c2e7ad24549f04",
            "ip_address_type": "ipv4",
            "lambda_multi_value_headers_enabled": false,
            "load_balancer_arns": [],
            "load_balancing_algorithm_type": "round_robin",
            "load_balancing_anomaly_mitigation": "off",
            "load_balancing_cross_zone_enabled": "use_load_balancer_configuration",
            "name": "payment-tg-synth9d4wp",
            "name_prefix": "",
            "port": 8080,
            "preserve_client_ip": null,
            "protocol": "HTTP",
            "protocol_version": "HTTP1",
            "proxy_protocol_v2": false,
            "region": "ap-southeast-1",
            "slow_start": 0,
            "stickiness": [
              {
                "cookie_duration": 86400,
                "cookie_name": "",
                "enabled": true,
                "type": "lb_cookie"
              }
            ],
            "tags": {
              "Application": "PaymentProcessing",
              "Environment": "synth9d4wp",
              "MigrationPhase": "production",
              "Name": "payment-tg-synth9d4wp"
            },
            "tags_all": {
              "Application": "PaymentProcessing",
              "Environment": "synth9d4wp",
              "MigrationPhase": "production",
              "Name": "payment-tg-synth9d4wp"
            },
            "target_failover": [
              {
                "on_deregistration": null,
                "on_unhealthy": null
              }
            ],
            "target_group_health": [
              {
                "dns_failover": [
                  {
                    "minimum_healthy_targets_count": "1",
                    "minimum_healthy_targets_percentage": "off"
                  }
                ],
                "unhealthy_state_routing": [
                  {
                    "minimum_healthy_targets_count": 1,
                    "minimum_healthy_targets_percentage": "off"
                  }
                ]
              }
            ],
            "target_health_state": [
              {
                "enable_unhealthy_connection_termination": null,
                "unhealthy_draining_interval": null
              }
            ],
            "target_type": "instance",
            "vpc_id": "vpc-082fe2bc9c428abdb"
          },
          "sensitive_attributes": [],
          "private": "bnVsbA==",
          "dependencies": [
            "aws_vpc.main"
          ],
          "create_before_destroy": true
        }
      ]
    },
    {
      "mode": "managed",
      "type": "aws_nat_gateway",
      "name": "main",
      "provider": "provider[\"registry.terraform.io/hashicorp/aws\"]",
      "instances": []
    },
    {
      "mode": "managed",
      "type": "aws_route_table",
      "name": "private_app",
      "provider": "provider[\"registry.terraform.io/hashicorp/aws\"]",
      "instances": []
    },
    {
      "mode": "managed",
      "type": "aws_route_table",
      "name": "private_db",
      "provider": "provider[\"registry.terraform.io/hashicorp/aws\"]",
      "instances": []
    },
    {
      "mode": "managed",
      "type": "aws_route_table",
      "name": "public",
      "provider": "provider[\"registry.terraform.io/hashicorp/aws\"]",
      "instances": [
        {
          "schema_version": 0,
          "attributes": {
            "arn": "arn:aws:ec2:ap-southeast-1:342597974367:route-table/rtb-0e9fff19babb0a873",
            "id": "rtb-0e9fff19babb0a873",
            "owner_id": "342597974367",
            "propagating_vgws": [],
            "region": "ap-southeast-1",
            "route": [
              {
                "carrier_gateway_id": "",
                "cidr_block": "0.0.0.0/0",
                "core_network_arn": "",
                "destination_prefix_list_id": "",
                "egress_only_gateway_id": "",
                "gateway_id": "igw-0fc6b7166de560304",
                "ipv6_cidr_block": "",
                "local_gateway_id": "",
                "nat_gateway_id": "",
                "network_interface_id": "",
                "transit_gateway_id": "",
                "vpc_endpoint_id": "",
                "vpc_peering_connection_id": ""
              }
            ],
            "tags": {
              "Application": "PaymentProcessing",
              "Environment": "synth9d4wp",
              "MigrationPhase": "production",
              "Name": "payment-public-rt-synth9d4wp"
            },
            "tags_all": {
              "Application": "PaymentProcessing",
              "Environment": "synth9d4wp",
              "MigrationPhase": "production",
              "Name": "payment-public-rt-synth9d4wp"
            },
            "timeouts": null,
            "vpc_id": "vpc-082fe2bc9c428abdb"
          },
          "sensitive_attributes": [],
          "private": "eyJlMmJmYjczMC1lY2FhLTExZTYtOGY4OC0zNDM2M2JjN2M0YzAiOnsiY3JlYXRlIjozMDAwMDAwMDAwMDAsImRlbGV0ZSI6MzAwMDAwMDAwMDAwLCJ1cGRhdGUiOjEyMDAwMDAwMDAwMH19",
          "dependencies": [
            "aws_internet_gateway.main",
            "aws_vpc.main"
          ]
        }
      ]
    },
    {
      "mode": "managed",
      "type": "aws_route_table_association",
      "name": "private_app",
      "provider": "provider[\"registry.terraform.io/hashicorp/aws\"]",
      "instances": []
    },
    {
      "mode": "managed",
      "type": "aws_route_table_association",
      "name": "private_db",
      "provider": "provider[\"registry.terraform.io/hashicorp/aws\"]",
      "instances": []
    },
    {
      "mode": "managed",
      "type": "aws_route_table_association",
      "name": "public",
      "provider": "provider[\"registry.terraform.io/hashicorp/aws\"]",
      "instances": [
        {
          "index_key": 0,
          "schema_version": 0,
          "attributes": {
            "gateway_id": "",
            "id": "rtbassoc-05d11a9cf29df1239",
            "region": "ap-southeast-1",
            "route_table_id": "rtb-0e9fff19babb0a873",
            "subnet_id": "subnet-079de7d9f66800105",
            "timeouts": null
          },
          "sensitive_attributes": [],
          "private": "eyJlMmJmYjczMC1lY2FhLTExZTYtOGY4OC0zNDM2M2JjN2M0YzAiOnsiY3JlYXRlIjozMDAwMDAwMDAwMDAsImRlbGV0ZSI6MzAwMDAwMDAwMDAwLCJ1cGRhdGUiOjEyMDAwMDAwMDAwMH19",
          "dependencies": [
            "aws_internet_gateway.main",
            "aws_route_table.public",
            "aws_subnet.public",
            "aws_vpc.main"
          ]
        },
        {
          "index_key": 1,
          "schema_version": 0,
          "attributes": {
            "gateway_id": "",
            "id": "rtbassoc-08148561c6e5eb5e1",
            "region": "ap-southeast-1",
            "route_table_id": "rtb-0e9fff19babb0a873",
            "subnet_id": "subnet-028380af66c15656a",
            "timeouts": null
          },
          "sensitive_attributes": [],
          "private": "eyJlMmJmYjczMC1lY2FhLTExZTYtOGY4OC0zNDM2M2JjN2M0YzAiOnsiY3JlYXRlIjozMDAwMDAwMDAwMDAsImRlbGV0ZSI6MzAwMDAwMDAwMDAwLCJ1cGRhdGUiOjEyMDAwMDAwMDAwMH19",
          "dependencies": [
            "aws_internet_gateway.main",
            "aws_route_table.public",
            "aws_subnet.public",
            "aws_vpc.main"
          ]
        }
      ]
    },
    {
      "mode": "managed",
      "type": "aws_secretsmanager_secret_rotation",
      "name": "db_credentials",
      "provider": "provider[\"registry.terraform.io/hashicorp/aws\"]",
      "instances": []
    },
    {
      "mode": "managed",
      "type": "aws_secretsmanager_secret_version",
      "name": "db_credentials",
      "provider": "provider[\"registry.terraform.io/hashicorp/aws\"]",
      "instances": []
    },
    {
      "mode": "managed",
      "type": "aws_security_group",
      "name": "alb",
      "provider": "provider[\"registry.terraform.io/hashicorp/aws\"]",
      "instances": [
        {
          "schema_version": 1,
          "attributes": {
            "arn": "arn:aws:ec2:ap-southeast-1:342597974367:security-group/sg-00b67e035bf4807d0",
            "description": "Security group for Application Load Balancer",
            "egress": [
              {
                "cidr_blocks": [
                  "0.0.0.0/0"
                ],
                "description": "All outbound traffic",
                "from_port": 0,
                "ipv6_cidr_blocks": [],
                "prefix_list_ids": [],
                "protocol": "-1",
                "security_groups": [],
                "self": false,
                "to_port": 0
              }
            ],
            "id": "sg-00b67e035bf4807d0",
            "ingress": [
              {
                "cidr_blocks": [
                  "0.0.0.0/0"
                ],
                "description": "HTTP from Internet",
                "from_port": 80,
                "ipv6_cidr_blocks": [],
                "prefix_list_ids": [],
                "protocol": "tcp",
                "security_groups": [],
                "self": false,
                "to_port": 80
              },
              {
                "cidr_blocks": [
                  "0.0.0.0/0"
                ],
                "description": "HTTPS from Internet",
                "from_port": 443,
                "ipv6_cidr_blocks": [],
                "prefix_list_ids": [],
                "protocol": "tcp",
                "security_groups": [],
                "self": false,
                "to_port": 443
              }
            ],
            "name": "payment-alb-sg-20251106063431558200000003",
            "name_prefix": "payment-alb-sg-",
            "owner_id": "342597974367",
            "region": "ap-southeast-1",
            "revoke_rules_on_delete": false,
            "tags": {
              "Application": "PaymentProcessing",
              "Environment": "synth9d4wp",
              "MigrationPhase": "production",
              "Name": "payment-alb-sg-synth9d4wp"
            },
            "tags_all": {
              "Application": "PaymentProcessing",
              "Environment": "synth9d4wp",
              "MigrationPhase": "production",
              "Name": "payment-alb-sg-synth9d4wp"
            },
            "timeouts": null,
            "vpc_id": "vpc-082fe2bc9c428abdb"
          },
          "sensitive_attributes": [],
          "private": "eyJlMmJmYjczMC1lY2FhLTExZTYtOGY4OC0zNDM2M2JjN2M0YzAiOnsiY3JlYXRlIjo2MDAwMDAwMDAwMDAsImRlbGV0ZSI6OTAwMDAwMDAwMDAwfSwic2NoZW1hX3ZlcnNpb24iOiIxIn0=",
          "dependencies": [
            "aws_vpc.main"
          ],
          "create_before_destroy": true
        }
      ]
    },
    {
      "mode": "managed",
      "type": "aws_security_group",
      "name": "app",
      "provider": "provider[\"registry.terraform.io/hashicorp/aws\"]",
      "instances": [
        {
          "schema_version": 1,
          "attributes": {
            "arn": "arn:aws:ec2:ap-southeast-1:342597974367:security-group/sg-0ecae1f8e843147bc",
            "description": "Security group for Application tier EC2 instances",
            "egress": [
              {
                "cidr_blocks": [
                  "0.0.0.0/0"
                ],
                "description": "All outbound traffic",
                "from_port": 0,
                "ipv6_cidr_blocks": [],
                "prefix_list_ids": [],
                "protocol": "-1",
                "security_groups": [],
                "self": false,
                "to_port": 0
              }
            ],
            "id": "sg-0ecae1f8e843147bc",
            "ingress": [
              {
                "cidr_blocks": [],
                "description": "Application port from ALB",
                "from_port": 8080,
                "ipv6_cidr_blocks": [],
                "prefix_list_ids": [],
                "protocol": "tcp",
                "security_groups": [
                  "sg-00b67e035bf4807d0"
                ],
                "self": false,
                "to_port": 8080
              },
              {
                "cidr_blocks": [],
                "description": "HTTP from ALB",
                "from_port": 80,
                "ipv6_cidr_blocks": [],
                "prefix_list_ids": [],
                "protocol": "tcp",
                "security_groups": [
                  "sg-00b67e035bf4807d0"
                ],
                "self": false,
                "to_port": 80
              },
              {
                "cidr_blocks": [],
                "description": "HTTPS from ALB",
                "from_port": 443,
                "ipv6_cidr_blocks": [],
                "prefix_list_ids": [],
                "protocol": "tcp",
                "security_groups": [
                  "sg-00b67e035bf4807d0"
                ],
                "self": false,
                "to_port": 443
              }
            ],
            "name": "payment-app-sg-20251106063434088400000005",
            "name_prefix": "payment-app-sg-",
            "owner_id": "342597974367",
            "region": "ap-southeast-1",
            "revoke_rules_on_delete": false,
            "tags": {
              "Application": "PaymentProcessing",
              "Environment": "synth9d4wp",
              "MigrationPhase": "production",
              "Name": "payment-app-sg-synth9d4wp"
            },
            "tags_all": {
              "Application": "PaymentProcessing",
              "Environment": "synth9d4wp",
              "MigrationPhase": "production",
              "Name": "payment-app-sg-synth9d4wp"
            },
            "timeouts": null,
            "vpc_id": "vpc-082fe2bc9c428abdb"
          },
          "sensitive_attributes": [],
          "private": "eyJlMmJmYjczMC1lY2FhLTExZTYtOGY4OC0zNDM2M2JjN2M0YzAiOnsiY3JlYXRlIjo2MDAwMDAwMDAwMDAsImRlbGV0ZSI6OTAwMDAwMDAwMDAwfSwic2NoZW1hX3ZlcnNpb24iOiIxIn0=",
          "dependencies": [
            "aws_security_group.alb",
            "aws_vpc.main"
          ],
          "create_before_destroy": true
        }
      ]
    },
    {
      "mode": "managed",
      "type": "aws_security_group",
      "name": "db",
      "provider": "provider[\"registry.terraform.io/hashicorp/aws\"]",
      "instances": [
        {
          "schema_version": 1,
          "attributes": {
            "arn": "arn:aws:ec2:ap-southeast-1:342597974367:security-group/sg-04c16874acf22ae16",
            "description": "Security group for RDS PostgreSQL database",
            "egress": [
              {
                "cidr_blocks": [
                  "0.0.0.0/0"
                ],
                "description": "All outbound traffic",
                "from_port": 0,
                "ipv6_cidr_blocks": [],
                "prefix_list_ids": [],
                "protocol": "-1",
                "security_groups": [],
                "self": false,
                "to_port": 0
              }
            ],
            "id": "sg-04c16874acf22ae16",
            "ingress": [
              {
                "cidr_blocks": [],
                "description": "PostgreSQL from Application tier",
                "from_port": 5432,
                "ipv6_cidr_blocks": [],
                "prefix_list_ids": [],
                "protocol": "tcp",
                "security_groups": [
                  "sg-0ecae1f8e843147bc"
                ],
                "self": false,
                "to_port": 5432
              },
              {
                "cidr_blocks": [],
                "description": "PostgreSQL from DMS",
                "from_port": 5432,
                "ipv6_cidr_blocks": [],
                "prefix_list_ids": [],
                "protocol": "tcp",
                "security_groups": [
                  "sg-00e480e4fb8f70236"
                ],
                "self": false,
                "to_port": 5432
              }
            ],
            "name": "payment-db-sg-20251106063436373000000006",
            "name_prefix": "payment-db-sg-",
            "owner_id": "342597974367",
            "region": "ap-southeast-1",
            "revoke_rules_on_delete": false,
            "tags": {
              "Application": "PaymentProcessing",
              "Environment": "synth9d4wp",
              "MigrationPhase": "production",
              "Name": "payment-db-sg-synth9d4wp"
            },
            "tags_all": {
              "Application": "PaymentProcessing",
              "Environment": "synth9d4wp",
              "MigrationPhase": "production",
              "Name": "payment-db-sg-synth9d4wp"
            },
            "timeouts": null,
            "vpc_id": "vpc-082fe2bc9c428abdb"
          },
          "sensitive_attributes": [],
          "private": "eyJlMmJmYjczMC1lY2FhLTExZTYtOGY4OC0zNDM2M2JjN2M0YzAiOnsiY3JlYXRlIjo2MDAwMDAwMDAwMDAsImRlbGV0ZSI6OTAwMDAwMDAwMDAwfSwic2NoZW1hX3ZlcnNpb24iOiIxIn0=",
          "dependencies": [
            "aws_security_group.alb",
            "aws_security_group.app",
            "aws_security_group.dms",
            "aws_vpc.main"
          ],
          "create_before_destroy": true
        }
      ]
    },
    {
      "mode": "managed",
      "type": "aws_security_group",
      "name": "dms",
      "provider": "provider[\"registry.terraform.io/hashicorp/aws\"]",
      "instances": [
        {
          "schema_version": 1,
          "attributes": {
            "arn": "arn:aws:ec2:ap-southeast-1:342597974367:security-group/sg-00e480e4fb8f70236",
            "description": "Security group for DMS replication instance",
            "egress": [
              {
                "cidr_blocks": [
                  "0.0.0.0/0"
                ],
                "description": "All outbound traffic",
                "from_port": 0,
                "ipv6_cidr_blocks": [],
                "prefix_list_ids": [],
                "protocol": "-1",
                "security_groups": [],
                "self": false,
                "to_port": 0
              }
            ],
            "id": "sg-00e480e4fb8f70236",
            "ingress": [],
            "name": "payment-dms-sg-20251106063431554200000002",
            "name_prefix": "payment-dms-sg-",
            "owner_id": "342597974367",
            "region": "ap-southeast-1",
            "revoke_rules_on_delete": false,
            "tags": {
              "Application": "PaymentProcessing",
              "Environment": "synth9d4wp",
              "MigrationPhase": "production",
              "Name": "payment-dms-sg-synth9d4wp"
            },
            "tags_all": {
              "Application": "PaymentProcessing",
              "Environment": "synth9d4wp",
              "MigrationPhase": "production",
              "Name": "payment-dms-sg-synth9d4wp"
            },
            "timeouts": null,
            "vpc_id": "vpc-082fe2bc9c428abdb"
          },
          "sensitive_attributes": [],
          "private": "eyJlMmJmYjczMC1lY2FhLTExZTYtOGY4OC0zNDM2M2JjN2M0YzAiOnsiY3JlYXRlIjo2MDAwMDAwMDAwMDAsImRlbGV0ZSI6OTAwMDAwMDAwMDAwfSwic2NoZW1hX3ZlcnNpb24iOiIxIn0=",
          "dependencies": [
            "aws_vpc.main"
          ],
          "create_before_destroy": true
        }
      ]
    },
    {
      "mode": "managed",
      "type": "aws_ssm_parameter",
      "name": "app_config",
      "provider": "provider[\"registry.terraform.io/hashicorp/aws\"]",
      "instances": [
        {
          "index_key": "app_version",
          "schema_version": 0,
          "attributes": {
            "allowed_pattern": "",
            "arn": "arn:aws:ssm:ap-southeast-1:342597974367:parameter/payment/synth9d4wp/app_version",
            "data_type": "text",
            "description": "",
            "has_value_wo": false,
            "id": "/payment/synth9d4wp/app_version",
            "insecure_value": null,
            "key_id": "",
            "name": "/payment/synth9d4wp/app_version",
            "overwrite": null,
            "region": "ap-southeast-1",
            "tags": {
              "Application": "PaymentProcessing",
              "Environment": "synth9d4wp",
              "MigrationPhase": "production",
              "Name": "payment-config-app_version-synth9d4wp"
            },
            "tags_all": {
              "Application": "PaymentProcessing",
              "Environment": "synth9d4wp",
              "MigrationPhase": "production",
              "Name": "payment-config-app_version-synth9d4wp"
            },
            "tier": "Standard",
            "type": "String",
            "value": "1.0.0",
            "value_wo": null,
            "value_wo_version": null,
            "version": 1
          },
          "sensitive_attributes": [],
          "private": "bnVsbA=="
        },
        {
          "index_key": "feature_flag_1",
          "schema_version": 0,
          "attributes": {
            "allowed_pattern": "",
            "arn": "arn:aws:ssm:ap-southeast-1:342597974367:parameter/payment/synth9d4wp/feature_flag_1",
            "data_type": "text",
            "description": "",
            "has_value_wo": false,
            "id": "/payment/synth9d4wp/feature_flag_1",
            "insecure_value": null,
            "key_id": "",
            "name": "/payment/synth9d4wp/feature_flag_1",
            "overwrite": null,
            "region": "ap-southeast-1",
            "tags": {
              "Application": "PaymentProcessing",
              "Environment": "synth9d4wp",
              "MigrationPhase": "production",
              "Name": "payment-config-feature_flag_1-synth9d4wp"
            },
            "tags_all": {
              "Application": "PaymentProcessing",
              "Environment": "synth9d4wp",
              "MigrationPhase": "production",
              "Name": "payment-config-feature_flag_1-synth9d4wp"
            },
            "tier": "Standard",
            "type": "String",
            "value": "enabled",
            "value_wo": null,
            "value_wo_version": null,
            "version": 1
          },
          "sensitive_attributes": [],
          "private": "bnVsbA=="
        },
        {
          "index_key": "log_level",
          "schema_version": 0,
          "attributes": {
            "allowed_pattern": "",
            "arn": "arn:aws:ssm:ap-southeast-1:342597974367:parameter/payment/synth9d4wp/log_level",
            "data_type": "text",
            "description": "",
            "has_value_wo": false,
            "id": "/payment/synth9d4wp/log_level",
            "insecure_value": null,
            "key_id": "",
            "name": "/payment/synth9d4wp/log_level",
            "overwrite": null,
            "region": "ap-southeast-1",
            "tags": {
              "Application": "PaymentProcessing",
              "Environment": "synth9d4wp",
              "MigrationPhase": "production",
              "Name": "payment-config-log_level-synth9d4wp"
            },
            "tags_all": {
              "Application": "PaymentProcessing",
              "Environment": "synth9d4wp",
              "MigrationPhase": "production",
              "Name": "payment-config-log_level-synth9d4wp"
            },
            "tier": "Standard",
            "type": "String",
            "value": "INFO",
            "value_wo": null,
            "value_wo_version": null,
            "version": 1
          },
          "sensitive_attributes": [],
          "private": "bnVsbA=="
        }
      ]
    },
    {
      "mode": "managed",
      "type": "aws_ssm_parameter",
      "name": "db_secret_arn",
      "provider": "provider[\"registry.terraform.io/hashicorp/aws\"]",
      "instances": []
    },
    {
      "mode": "managed",
      "type": "aws_subnet",
      "name": "private_app",
      "provider": "provider[\"registry.terraform.io/hashicorp/aws\"]",
      "instances": [
        {
          "index_key": 0,
          "schema_version": 1,
          "attributes": {
            "arn": "arn:aws:ec2:ap-southeast-1:342597974367:subnet/subnet-05d2465c52731b955",
            "assign_ipv6_address_on_creation": false,
            "availability_zone": "ap-southeast-1a",
            "availability_zone_id": "apse1-az2",
            "cidr_block": "10.0.2.0/24",
            "customer_owned_ipv4_pool": "",
            "enable_dns64": false,
            "enable_lni_at_device_index": 0,
            "enable_resource_name_dns_a_record_on_launch": false,
            "enable_resource_name_dns_aaaa_record_on_launch": false,
            "id": "subnet-05d2465c52731b955",
            "ipv6_cidr_block": "",
            "ipv6_cidr_block_association_id": "",
            "ipv6_native": false,
            "map_customer_owned_ip_on_launch": false,
            "map_public_ip_on_launch": false,
            "outpost_arn": "",
            "owner_id": "342597974367",
            "private_dns_hostname_type_on_launch": "ip-name",
            "region": "ap-southeast-1",
            "tags": {
              "Application": "PaymentProcessing",
              "Environment": "synth9d4wp",
              "MigrationPhase": "production",
              "Name": "payment-private-app-subnet-1-synth9d4wp",
              "Tier": "private-app"
            },
            "tags_all": {
              "Application": "PaymentProcessing",
              "Environment": "synth9d4wp",
              "MigrationPhase": "production",
              "Name": "payment-private-app-subnet-1-synth9d4wp",
              "Tier": "private-app"
            },
            "timeouts": null,
            "vpc_id": "vpc-082fe2bc9c428abdb"
          },
          "sensitive_attributes": [],
          "private": "eyJlMmJmYjczMC1lY2FhLTExZTYtOGY4OC0zNDM2M2JjN2M0YzAiOnsiY3JlYXRlIjo2MDAwMDAwMDAwMDAsImRlbGV0ZSI6MTIwMDAwMDAwMDAwMH0sInNjaGVtYV92ZXJzaW9uIjoiMSJ9",
          "dependencies": [
            "aws_vpc.main"
          ],
          "create_before_destroy": true
        },
        {
          "index_key": 1,
          "schema_version": 1,
          "attributes": {
            "arn": "arn:aws:ec2:ap-southeast-1:342597974367:subnet/subnet-0e3e418a3c880e466",
            "assign_ipv6_address_on_creation": false,
            "availability_zone": "ap-southeast-1b",
            "availability_zone_id": "apse1-az1",
            "cidr_block": "10.0.3.0/24",
            "customer_owned_ipv4_pool": "",
            "enable_dns64": false,
            "enable_lni_at_device_index": 0,
            "enable_resource_name_dns_a_record_on_launch": false,
            "enable_resource_name_dns_aaaa_record_on_launch": false,
            "id": "subnet-0e3e418a3c880e466",
            "ipv6_cidr_block": "",
            "ipv6_cidr_block_association_id": "",
            "ipv6_native": false,
            "map_customer_owned_ip_on_launch": false,
            "map_public_ip_on_launch": false,
            "outpost_arn": "",
            "owner_id": "342597974367",
            "private_dns_hostname_type_on_launch": "ip-name",
            "region": "ap-southeast-1",
            "tags": {
              "Application": "PaymentProcessing",
              "Environment": "synth9d4wp",
              "MigrationPhase": "production",
              "Name": "payment-private-app-subnet-2-synth9d4wp",
              "Tier": "private-app"
            },
            "tags_all": {
              "Application": "PaymentProcessing",
              "Environment": "synth9d4wp",
              "MigrationPhase": "production",
              "Name": "payment-private-app-subnet-2-synth9d4wp",
              "Tier": "private-app"
            },
            "timeouts": null,
            "vpc_id": "vpc-082fe2bc9c428abdb"
          },
          "sensitive_attributes": [],
          "private": "eyJlMmJmYjczMC1lY2FhLTExZTYtOGY4OC0zNDM2M2JjN2M0YzAiOnsiY3JlYXRlIjo2MDAwMDAwMDAwMDAsImRlbGV0ZSI6MTIwMDAwMDAwMDAwMH0sInNjaGVtYV92ZXJzaW9uIjoiMSJ9",
          "dependencies": [
            "aws_vpc.main"
          ],
          "create_before_destroy": true
        }
      ]
    },
    {
      "mode": "managed",
      "type": "aws_subnet",
      "name": "private_db",
      "provider": "provider[\"registry.terraform.io/hashicorp/aws\"]",
      "instances": [
        {
          "index_key": 0,
          "schema_version": 1,
          "attributes": {
            "arn": "arn:aws:ec2:ap-southeast-1:342597974367:subnet/subnet-0498ba1f97f31082b",
            "assign_ipv6_address_on_creation": false,
            "availability_zone": "ap-southeast-1a",
            "availability_zone_id": "apse1-az2",
            "cidr_block": "10.0.4.0/24",
            "customer_owned_ipv4_pool": "",
            "enable_dns64": false,
            "enable_lni_at_device_index": 0,
            "enable_resource_name_dns_a_record_on_launch": false,
            "enable_resource_name_dns_aaaa_record_on_launch": false,
            "id": "subnet-0498ba1f97f31082b",
            "ipv6_cidr_block": "",
            "ipv6_cidr_block_association_id": "",
            "ipv6_native": false,
            "map_customer_owned_ip_on_launch": false,
            "map_public_ip_on_launch": false,
            "outpost_arn": "",
            "owner_id": "342597974367",
            "private_dns_hostname_type_on_launch": "ip-name",
            "region": "ap-southeast-1",
            "tags": {
              "Application": "PaymentProcessing",
              "Environment": "synth9d4wp",
              "MigrationPhase": "production",
              "Name": "payment-private-db-subnet-1-synth9d4wp",
              "Tier": "private-db"
            },
            "tags_all": {
              "Application": "PaymentProcessing",
              "Environment": "synth9d4wp",
              "MigrationPhase": "production",
              "Name": "payment-private-db-subnet-1-synth9d4wp",
              "Tier": "private-db"
            },
            "timeouts": null,
            "vpc_id": "vpc-082fe2bc9c428abdb"
          },
          "sensitive_attributes": [],
          "private": "eyJlMmJmYjczMC1lY2FhLTExZTYtOGY4OC0zNDM2M2JjN2M0YzAiOnsiY3JlYXRlIjo2MDAwMDAwMDAwMDAsImRlbGV0ZSI6MTIwMDAwMDAwMDAwMH0sInNjaGVtYV92ZXJzaW9uIjoiMSJ9",
          "dependencies": [
            "aws_vpc.main"
          ]
        },
        {
          "index_key": 1,
          "schema_version": 1,
          "attributes": {
            "arn": "arn:aws:ec2:ap-southeast-1:342597974367:subnet/subnet-0c94b67547693902d",
            "assign_ipv6_address_on_creation": false,
            "availability_zone": "ap-southeast-1b",
            "availability_zone_id": "apse1-az1",
            "cidr_block": "10.0.5.0/24",
            "customer_owned_ipv4_pool": "",
            "enable_dns64": false,
            "enable_lni_at_device_index": 0,
            "enable_resource_name_dns_a_record_on_launch": false,
            "enable_resource_name_dns_aaaa_record_on_launch": false,
            "id": "subnet-0c94b67547693902d",
            "ipv6_cidr_block": "",
            "ipv6_cidr_block_association_id": "",
            "ipv6_native": false,
            "map_customer_owned_ip_on_launch": false,
            "map_public_ip_on_launch": false,
            "outpost_arn": "",
            "owner_id": "342597974367",
            "private_dns_hostname_type_on_launch": "ip-name",
            "region": "ap-southeast-1",
            "tags": {
              "Application": "PaymentProcessing",
              "Environment": "synth9d4wp",
              "MigrationPhase": "production",
              "Name": "payment-private-db-subnet-2-synth9d4wp",
              "Tier": "private-db"
            },
            "tags_all": {
              "Application": "PaymentProcessing",
              "Environment": "synth9d4wp",
              "MigrationPhase": "production",
              "Name": "payment-private-db-subnet-2-synth9d4wp",
              "Tier": "private-db"
            },
            "timeouts": null,
            "vpc_id": "vpc-082fe2bc9c428abdb"
          },
          "sensitive_attributes": [],
          "private": "eyJlMmJmYjczMC1lY2FhLTExZTYtOGY4OC0zNDM2M2JjN2M0YzAiOnsiY3JlYXRlIjo2MDAwMDAwMDAwMDAsImRlbGV0ZSI6MTIwMDAwMDAwMDAwMH0sInNjaGVtYV92ZXJzaW9uIjoiMSJ9",
          "dependencies": [
            "aws_vpc.main"
          ]
        }
      ]
    },
    {
      "mode": "managed",
      "type": "aws_subnet",
      "name": "public",
      "provider": "provider[\"registry.terraform.io/hashicorp/aws\"]",
      "instances": [
        {
          "index_key": 0,
          "schema_version": 1,
          "attributes": {
            "arn": "arn:aws:ec2:ap-southeast-1:342597974367:subnet/subnet-079de7d9f66800105",
            "assign_ipv6_address_on_creation": false,
            "availability_zone": "ap-southeast-1a",
            "availability_zone_id": "apse1-az2",
            "cidr_block": "10.0.0.0/24",
            "customer_owned_ipv4_pool": "",
            "enable_dns64": false,
            "enable_lni_at_device_index": 0,
            "enable_resource_name_dns_a_record_on_launch": false,
            "enable_resource_name_dns_aaaa_record_on_launch": false,
            "id": "subnet-079de7d9f66800105",
            "ipv6_cidr_block": "",
            "ipv6_cidr_block_association_id": "",
            "ipv6_native": false,
            "map_customer_owned_ip_on_launch": false,
            "map_public_ip_on_launch": true,
            "outpost_arn": "",
            "owner_id": "342597974367",
            "private_dns_hostname_type_on_launch": "ip-name",
            "region": "ap-southeast-1",
            "tags": {
              "Application": "PaymentProcessing",
              "Environment": "synth9d4wp",
              "MigrationPhase": "production",
              "Name": "payment-public-subnet-1-synth9d4wp",
              "Tier": "public"
            },
            "tags_all": {
              "Application": "PaymentProcessing",
              "Environment": "synth9d4wp",
              "MigrationPhase": "production",
              "Name": "payment-public-subnet-1-synth9d4wp",
              "Tier": "public"
            },
            "timeouts": null,
            "vpc_id": "vpc-082fe2bc9c428abdb"
          },
          "sensitive_attributes": [],
          "private": "eyJlMmJmYjczMC1lY2FhLTExZTYtOGY4OC0zNDM2M2JjN2M0YzAiOnsiY3JlYXRlIjo2MDAwMDAwMDAwMDAsImRlbGV0ZSI6MTIwMDAwMDAwMDAwMH0sInNjaGVtYV92ZXJzaW9uIjoiMSJ9",
          "dependencies": [
            "aws_vpc.main"
          ]
        },
        {
          "index_key": 1,
          "schema_version": 1,
          "attributes": {
            "arn": "arn:aws:ec2:ap-southeast-1:342597974367:subnet/subnet-028380af66c15656a",
            "assign_ipv6_address_on_creation": false,
            "availability_zone": "ap-southeast-1b",
            "availability_zone_id": "apse1-az1",
            "cidr_block": "10.0.1.0/24",
            "customer_owned_ipv4_pool": "",
            "enable_dns64": false,
            "enable_lni_at_device_index": 0,
            "enable_resource_name_dns_a_record_on_launch": false,
            "enable_resource_name_dns_aaaa_record_on_launch": false,
            "id": "subnet-028380af66c15656a",
            "ipv6_cidr_block": "",
            "ipv6_cidr_block_association_id": "",
            "ipv6_native": false,
            "map_customer_owned_ip_on_launch": false,
            "map_public_ip_on_launch": true,
            "outpost_arn": "",
            "owner_id": "342597974367",
            "private_dns_hostname_type_on_launch": "ip-name",
            "region": "ap-southeast-1",
            "tags": {
              "Application": "PaymentProcessing",
              "Environment": "synth9d4wp",
              "MigrationPhase": "production",
              "Name": "payment-public-subnet-2-synth9d4wp",
              "Tier": "public"
            },
            "tags_all": {
              "Application": "PaymentProcessing",
              "Environment": "synth9d4wp",
              "MigrationPhase": "production",
              "Name": "payment-public-subnet-2-synth9d4wp",
              "Tier": "public"
            },
            "timeouts": null,
            "vpc_id": "vpc-082fe2bc9c428abdb"
          },
          "sensitive_attributes": [],
          "private": "eyJlMmJmYjczMC1lY2FhLTExZTYtOGY4OC0zNDM2M2JjN2M0YzAiOnsiY3JlYXRlIjo2MDAwMDAwMDAwMDAsImRlbGV0ZSI6MTIwMDAwMDAwMDAwMH0sInNjaGVtYV92ZXJzaW9uIjoiMSJ9",
          "dependencies": [
            "aws_vpc.main"
          ]
        }
      ]
    },
    {
      "mode": "managed",
      "type": "aws_vpc",
      "name": "main",
      "provider": "provider[\"registry.terraform.io/hashicorp/aws\"]",
      "instances": [
        {
          "schema_version": 1,
          "attributes": {
            "arn": "arn:aws:ec2:ap-southeast-1:342597974367:vpc/vpc-082fe2bc9c428abdb",
            "assign_generated_ipv6_cidr_block": false,
            "cidr_block": "10.0.0.0/16",
            "default_network_acl_id": "acl-085328b195fb790e4",
            "default_route_table_id": "rtb-000647327b55f65c4",
            "default_security_group_id": "sg-02531be0f395600d8",
            "dhcp_options_id": "dopt-0a807446ef17bbd9e",
            "enable_dns_hostnames": true,
            "enable_dns_support": true,
            "enable_network_address_usage_metrics": false,
            "id": "vpc-082fe2bc9c428abdb",
            "instance_tenancy": "default",
            "ipv4_ipam_pool_id": null,
            "ipv4_netmask_length": null,
            "ipv6_association_id": "",
            "ipv6_cidr_block": "",
            "ipv6_cidr_block_network_border_group": "",
            "ipv6_ipam_pool_id": "",
            "ipv6_netmask_length": 0,
            "main_route_table_id": "rtb-000647327b55f65c4",
            "owner_id": "342597974367",
            "region": "ap-southeast-1",
            "tags": {
              "Application": "PaymentProcessing",
              "Environment": "synth9d4wp",
              "MigrationPhase": "production",
              "Name": "payment-vpc-synth9d4wp"
            },
            "tags_all": {
              "Application": "PaymentProcessing",
              "Environment": "synth9d4wp",
              "MigrationPhase": "production",
              "Name": "payment-vpc-synth9d4wp"
            }
          },
          "sensitive_attributes": [],
          "private": "eyJzY2hlbWFfdmVyc2lvbiI6IjEifQ==",
          "create_before_destroy": true
        }
      ]
    },
    {
      "mode": "managed",
      "type": "aws_wafv2_web_acl",
      "name": "main",
      "provider": "provider[\"registry.terraform.io/hashicorp/aws\"]",
      "instances": [
        {
          "schema_version": 0,
          "attributes": {
            "application_integration_url": "",
            "arn": "arn:aws:wafv2:ap-southeast-1:342597974367:regional/webacl/payment-waf-synth9d4wp/625f4126-ec31-48bd-ade3-8164a56af980",
            "association_config": [],
            "capacity": 2,
            "captcha_config": [],
            "challenge_config": [],
            "custom_response_body": [],
            "data_protection_config": [],
            "default_action": [
              {
                "allow": [
                  {
                    "custom_request_handling": []
                  }
                ],
                "block": []
              }
            ],
            "description": "",
            "id": "625f4126-ec31-48bd-ade3-8164a56af980",
            "lock_token": "6bf7a71c-f692-4a7e-8559-963fad5fae46",
            "name": "payment-waf-synth9d4wp",
            "name_prefix": "",
            "region": "ap-southeast-1",
            "rule": [
              {
                "action": [
                  {
                    "allow": [],
                    "block": [
                      {
                        "custom_response": []
                      }
                    ],
                    "captcha": [],
                    "challenge": [],
                    "count": []
                  }
                ],
                "captcha_config": [],
                "challenge_config": [],
                "name": "RateLimitRule",
                "override_action": [],
                "priority": 1,
                "rule_label": [],
                "statement": [
                  {
                    "and_statement": [],
                    "asn_match_statement": [],
                    "byte_match_statement": [],
                    "geo_match_statement": [],
                    "ip_set_reference_statement": [],
                    "label_match_statement": [],
                    "managed_rule_group_statement": [],
                    "not_statement": [],
                    "or_statement": [],
                    "rate_based_statement": [
                      {
                        "aggregate_key_type": "IP",
                        "custom_key": [],
                        "evaluation_window_sec": 300,
                        "forwarded_ip_config": [],
                        "limit": 2000,
                        "scope_down_statement": []
                      }
                    ],
                    "regex_match_statement": [],
                    "regex_pattern_set_reference_statement": [],
                    "rule_group_reference_statement": [],
                    "size_constraint_statement": [],
                    "sqli_match_statement": [],
                    "xss_match_statement": []
                  }
                ],
                "visibility_config": [
                  {
                    "cloudwatch_metrics_enabled": true,
                    "metric_name": "RateLimitRule",
                    "sampled_requests_enabled": true
                  }
                ]
              }
            ],
            "rule_json": null,
            "scope": "REGIONAL",
            "tags": {
              "Application": "PaymentProcessing",
              "Environment": "synth9d4wp",
              "MigrationPhase": "production",
              "Name": "payment-waf-synth9d4wp"
            },
            "tags_all": {
              "Application": "PaymentProcessing",
              "Environment": "synth9d4wp",
              "MigrationPhase": "production",
              "Name": "payment-waf-synth9d4wp"
            },
            "token_domains": null,
            "visibility_config": [
              {
                "cloudwatch_metrics_enabled": true,
                "metric_name": "PaymentWAF",
                "sampled_requests_enabled": true
              }
            ]
          },
          "sensitive_attributes": [],
          "private": "bnVsbA=="
        }
      ]
    },
    {
      "mode": "managed",
      "type": "aws_wafv2_web_acl_association",
      "name": "main",
      "provider": "provider[\"registry.terraform.io/hashicorp/aws\"]",
      "instances": [
        {
          "schema_version": 0,
          "attributes": {
            "id": "arn:aws:wafv2:ap-southeast-1:342597974367:regional/webacl/payment-waf-synth9d4wp/625f4126-ec31-48bd-ade3-8164a56af980,arn:aws:elasticloadbalancing:ap-southeast-1:342597974367:loadbalancer/app/payment-alb-synth9d4wp/3cba27bddd9cb4c1",
            "region": "ap-southeast-1",
            "resource_arn": "arn:aws:elasticloadbalancing:ap-southeast-1:342597974367:loadbalancer/app/payment-alb-synth9d4wp/3cba27bddd9cb4c1",
            "timeouts": null,
            "web_acl_arn": "arn:aws:wafv2:ap-southeast-1:342597974367:regional/webacl/payment-waf-synth9d4wp/625f4126-ec31-48bd-ade3-8164a56af980"
          },
          "sensitive_attributes": [],
          "private": "eyJlMmJmYjczMC1lY2FhLTExZTYtOGY4OC0zNDM2M2JjN2M0YzAiOnsiY3JlYXRlIjo2MDAwMDAwMDAwMDB9fQ==",
          "dependencies": [
            "aws_lb.app",
            "aws_security_group.alb",
            "aws_subnet.public",
            "aws_vpc.main",
            "aws_wafv2_web_acl.main"
          ]
        }
      ]
    },
    {
      "mode": "managed",
      "type": "random_password",
      "name": "db_password",
      "provider": "provider[\"registry.terraform.io/hashicorp/random\"]",
      "instances": [
        {
          "schema_version": 3,
          "attributes": {
            "bcrypt_hash": "$2a$10$TYdUDYV4rz.IC1cVy44Sl.0Qi5cT1aAxlKTp/he0871NnamiK23dW",
            "id": "none",
            "keepers": null,
            "length": 32,
            "lower": true,
            "min_lower": 0,
            "min_numeric": 0,
            "min_special": 0,
            "min_upper": 0,
            "number": true,
            "numeric": true,
            "override_special": null,
            "result": "IW)+r1q\u003e]mpb2ZojaWI(l[=YpDob]3jP",
            "special": true,
            "upper": true
          },
          "sensitive_attributes": []
        }
      ]
    },
    {
      "mode": "managed",
      "type": "tls_private_key",
      "name": "main",
      "provider": "provider[\"registry.terraform.io/hashicorp/tls\"]",
      "instances": [
        {
          "schema_version": 1,
          "attributes": {
            "algorithm": "RSA",
            "ecdsa_curve": "P224",
            "id": "0c2118179212b4e6e3dbb1059e763ab764c71089",
            "private_key_openssh": "-----BEGIN OPENSSH PRIVATE KEY-----\nb3BlbnNzaC1rZXktdjEAAAAABG5vbmUAAAAEbm9uZQAAAAAAAAABAAABFwAAAAdz\nc2gtcnNhAAAAAwEAAQAAAQEApawmR1thaTg8qP/CGkLIX+kBDDqAfhXzcVkudg5h\n474lDFQWA6ZGs8UVeV+niHY6/EGp9dQQtJ7/jGrqC3orjvJ7uqLT6hvrirIx1y4S\nKtciWSgtSGp52Jp88O9Q55twC3FM3YcXoy8nYWsuQiMReiWPmbn08kXrJ0rT/o2j\n7OUL8aAcA0Q4YqCV/QtkuFXtZjNcTv3k7k9NNM0g/8P9KGbrs6TMb6pEpodVOwVz\nOhBekhd+6AC4RLBuDP03tUaxAWNKQf86UEFg5XY+Z+zAovp1EbBpQbVbFIp81ZOl\n2mVisg+pN7MqCVsNVGCYIf7VG8fSev662Euh4hD7BJBZYQAAA7hP7Rp8T+0afAAA\nAAdzc2gtcnNhAAABAQClrCZHW2FpODyo/8IaQshf6QEMOoB+FfNxWS52DmHjviUM\nVBYDpkazxRV5X6eIdjr8Qan11BC0nv+MauoLeiuO8nu6otPqG+uKsjHXLhIq1yJZ\nKC1IannYmnzw71Dnm3ALcUzdhxejLydhay5CIxF6JY+ZufTyResnStP+jaPs5Qvx\noBwDRDhioJX9C2S4Ve1mM1xO/eTuT000zSD/w/0oZuuzpMxvqkSmh1U7BXM6EF6S\nF37oALhEsG4M/Te1RrEBY0pB/zpQQWDldj5n7MCi+nURsGlBtVsUinzVk6XaZWKy\nD6k3syoJWw1UYJgh/tUbx9J6/rrYS6HiEPsEkFlhAAAAAwEAAQAAAQAHrQZkQJqu\nm8ZcOGbZbYIQBwk3VEPRK7JQ/G49liihCxWXeNMhCch9cmZ+flECXqN4nfB6aUAZ\npUL+8hJsVBWN8MRMqzgFMRRYg41xfEMHWPrAfZ78+6Fv+KbsqRLjGzmdjxseCbD9\nvJzfC66rzekEszYwO7xaiASnWDVCplR7sJUyoOKclq6oYVwUcNd65TcvSexEcg/h\nRu2iHT6Ei3DgzYwjkzZJPI6Ry5Gzay9T0tCzRyNeIklRRbzcSF6zQSauQpewWNx9\nZ8YE8ZPm+leArhiDyMyQWDmiOS76GjWW1N+xG7VvzaWUpmGPYpRHfZ9YHdm/2M4b\nihi4ItSzz0DxAAAAgHLUGDKzlckqlJI1/tyWS8o5cEK4stbrZmVPCPIJbVPaKJCy\nepUDu+ab7aUqGP3G9b3WGR0KqzPEzsMLnVd59q+rqq+Xdt95yst7IWd7fOTecDCn\nnugrQFjY5L/zBXwD5xqGKwnhQ/TK7zzMYx6hEq8261hI+fp+rbhpzGD1OczhAAAA\ngQDEnP6ZZpXT3QZuD5b20vTxYAAYc0tFlwcfjpbVrgA+05Hq0Jb38EAvaGRF/I+d\nzFOfbQjCmTna2a0SCRISklcn8g435gq1EqekgFP/Idn7p7LS6bnHpH4dM8fSX86n\n45xGo4cWXdxKzIv/uzlJrqVguUf2YUEwh8isH8YHPgUjcQAAAIEA17as93DMvoxl\n7KdickquW51lCiuK4qIjcVykNj/TdpBGweh3t+6FXj2f6q5dPJ4HfCB15D38fAZ2\n3ikso5hhbUxJNvnBxPt61RWrWNy4AcA9Oyv9Mvufhg0Uk5lA15QoRuyfiJnfhgS9\ntbhg3t8weR9w+YNcDQnmrm9KkhdjvPEAAAAAAQID\n-----END OPENSSH PRIVATE KEY-----\n",
            "private_key_pem": "-----BEGIN RSA PRIVATE KEY-----\nMIIEowIBAAKCAQEApawmR1thaTg8qP/CGkLIX+kBDDqAfhXzcVkudg5h474lDFQW\nA6ZGs8UVeV+niHY6/EGp9dQQtJ7/jGrqC3orjvJ7uqLT6hvrirIx1y4SKtciWSgt\nSGp52Jp88O9Q55twC3FM3YcXoy8nYWsuQiMReiWPmbn08kXrJ0rT/o2j7OUL8aAc\nA0Q4YqCV/QtkuFXtZjNcTv3k7k9NNM0g/8P9KGbrs6TMb6pEpodVOwVzOhBekhd+\n6AC4RLBuDP03tUaxAWNKQf86UEFg5XY+Z+zAovp1EbBpQbVbFIp81ZOl2mVisg+p\nN7MqCVsNVGCYIf7VG8fSev662Euh4hD7BJBZYQIDAQABAoIBAAetBmRAmq6bxlw4\nZtltghAHCTdUQ9ErslD8bj2WKKELFZd40yEJyH1yZn5+UQJeo3id8HppQBmlQv7y\nEmxUFY3wxEyrOAUxFFiDjXF8QwdY+sB9nvz7oW/4puypEuMbOZ2PGx4JsP28nN8L\nrqvN6QSzNjA7vFqIBKdYNUKmVHuwlTKg4pyWrqhhXBRw13rlNy9J7ERyD+FG7aId\nPoSLcODNjCOTNkk8jpHLkbNrL1PS0LNHI14iSVFFvNxIXrNBJq5Cl7BY3H1nxgTx\nk+b6V4CuGIPIzJBYOaI5LvoaNZbU37EbtW/NpZSmYY9ilEd9n1gd2b/YzhuKGLgi\n1LPPQPECgYEAxJz+mWaV090Gbg+W9tL08WAAGHNLRZcHH46W1a4APtOR6tCW9/BA\nL2hkRfyPncxTn20Iwpk52tmtEgkSEpJXJ/ION+YKtRKnpIBT/yHZ+6ey0um5x6R+\nHTPH0l/Op+OcRqOHFl3cSsyL/7s5Sa6lYLlH9mFBMIfIrB/GBz4FI3ECgYEA17as\n93DMvoxl7KdickquW51lCiuK4qIjcVykNj/TdpBGweh3t+6FXj2f6q5dPJ4HfCB1\n5D38fAZ23ikso5hhbUxJNvnBxPt61RWrWNy4AcA9Oyv9Mvufhg0Uk5lA15QoRuyf\niJnfhgS9tbhg3t8weR9w+YNcDQnmrm9KkhdjvPECgYBX7M1+1H2UbXd+qMIeR2D6\nwK/KP2UeDdhFqIKTtGivr/XFSNr6rhpGGS0ejz+6lbGfzibov5U75bScKCpI2+DW\nIE1zehC3wUvvKORnaEAPZoN2BsfqHAm6DXoC/o1wTz2H6YFz4y2s1aSWDKgl51BV\n3QXtjLiWd2KqdtscSgQKQQKBgQCLJADjxrW6f1NLWBivQi6/V4ISEk4Oq6kS+T/O\n4lKjWqLZdvqqAMe0JynctcXcUM7hKQsCQ112HrFT0dlCWQsW9isPtABh8BimE8kn\nk495Saf1YAV9ekLGs+8+2Y6yv5VPUlgBQ8ejabF44spRWEOrDTXRLAMXQfizMYQ3\nQbEK8QKBgHLUGDKzlckqlJI1/tyWS8o5cEK4stbrZmVPCPIJbVPaKJCyepUDu+ab\n7aUqGP3G9b3WGR0KqzPEzsMLnVd59q+rqq+Xdt95yst7IWd7fOTecDCnnugrQFjY\n5L/zBXwD5xqGKwnhQ/TK7zzMYx6hEq8261hI+fp+rbhpzGD1Oczh\n-----END RSA PRIVATE KEY-----\n",
            "private_key_pem_pkcs8": "-----BEGIN PRIVATE KEY-----\nMIIEvQIBADANBgkqhkiG9w0BAQEFAASCBKcwggSjAgEAAoIBAQClrCZHW2FpODyo\n/8IaQshf6QEMOoB+FfNxWS52DmHjviUMVBYDpkazxRV5X6eIdjr8Qan11BC0nv+M\nauoLeiuO8nu6otPqG+uKsjHXLhIq1yJZKC1IannYmnzw71Dnm3ALcUzdhxejLydh\nay5CIxF6JY+ZufTyResnStP+jaPs5QvxoBwDRDhioJX9C2S4Ve1mM1xO/eTuT000\nzSD/w/0oZuuzpMxvqkSmh1U7BXM6EF6SF37oALhEsG4M/Te1RrEBY0pB/zpQQWDl\ndj5n7MCi+nURsGlBtVsUinzVk6XaZWKyD6k3syoJWw1UYJgh/tUbx9J6/rrYS6Hi\nEPsEkFlhAgMBAAECggEAB60GZECarpvGXDhm2W2CEAcJN1RD0SuyUPxuPZYooQsV\nl3jTIQnIfXJmfn5RAl6jeJ3wemlAGaVC/vISbFQVjfDETKs4BTEUWIONcXxDB1j6\nwH2e/Puhb/im7KkS4xs5nY8bHgmw/byc3wuuq83pBLM2MDu8WogEp1g1QqZUe7CV\nMqDinJauqGFcFHDXeuU3L0nsRHIP4Ubtoh0+hItw4M2MI5M2STyOkcuRs2svU9LQ\ns0cjXiJJUUW83Ehes0EmrkKXsFjcfWfGBPGT5vpXgK4Yg8jMkFg5ojku+ho1ltTf\nsRu1b82llKZhj2KUR32fWB3Zv9jOG4oYuCLUs89A8QKBgQDEnP6ZZpXT3QZuD5b2\n0vTxYAAYc0tFlwcfjpbVrgA+05Hq0Jb38EAvaGRF/I+dzFOfbQjCmTna2a0SCRIS\nklcn8g435gq1EqekgFP/Idn7p7LS6bnHpH4dM8fSX86n45xGo4cWXdxKzIv/uzlJ\nrqVguUf2YUEwh8isH8YHPgUjcQKBgQDXtqz3cMy+jGXsp2JySq5bnWUKK4rioiNx\nXKQ2P9N2kEbB6He37oVePZ/qrl08ngd8IHXkPfx8BnbeKSyjmGFtTEk2+cHE+3rV\nFatY3LgBwD07K/0y+5+GDRSTmUDXlChG7J+Imd+GBL21uGDe3zB5H3D5g1wNCeau\nb0qSF2O88QKBgFfszX7UfZRtd36owh5HYPrAr8o/ZR4N2EWogpO0aK+v9cVI2vqu\nGkYZLR6PP7qVsZ/OJui/lTvltJwoKkjb4NYgTXN6ELfBS+8o5GdoQA9mg3YGx+oc\nCboNegL+jXBPPYfpgXPjLazVpJYMqCXnUFXdBe2MuJZ3Yqp22xxKBApBAoGBAIsk\nAOPGtbp/U0tYGK9CLr9XghISTg6rqRL5P87iUqNaotl2+qoAx7QnKdy1xdxQzuEp\nCwJDXXYesVPR2UJZCxb2Kw+0AGHwGKYTySeTj3lJp/VgBX16Qsaz7z7ZjrK/lU9S\nWAFDx6NpsXjiylFYQ6sNNdEsAxdB+LMxhDdBsQrxAoGActQYMrOVySqUkjX+3JZL\nyjlwQriy1utmZU8I8gltU9ookLJ6lQO75pvtpSoY/cb1vdYZHQqrM8TOwwudV3n2\nr6uqr5d233nKy3shZ3t85N5wMKee6CtAWNjkv/MFfAPnGoYrCeFD9MrvPMxjHqES\nrzbrWEj5+n6tuGnMYPU5zOE=\n-----END PRIVATE KEY-----\n",
            "public_key_fingerprint_md5": "75:89:3a:59:e0:dc:bd:de:a3:a0:19:28:6d:44:d3:90",
            "public_key_fingerprint_sha256": "SHA256:6XjBqf7nS3ZFqinIR2i7CnvqEfKOu/xHDWYj6vD804c",
            "public_key_openssh": "ssh-rsa AAAAB3NzaC1yc2EAAAADAQABAAABAQClrCZHW2FpODyo/8IaQshf6QEMOoB+FfNxWS52DmHjviUMVBYDpkazxRV5X6eIdjr8Qan11BC0nv+MauoLeiuO8nu6otPqG+uKsjHXLhIq1yJZKC1IannYmnzw71Dnm3ALcUzdhxejLydhay5CIxF6JY+ZufTyResnStP+jaPs5QvxoBwDRDhioJX9C2S4Ve1mM1xO/eTuT000zSD/w/0oZuuzpMxvqkSmh1U7BXM6EF6SF37oALhEsG4M/Te1RrEBY0pB/zpQQWDldj5n7MCi+nURsGlBtVsUinzVk6XaZWKyD6k3syoJWw1UYJgh/tUbx9J6/rrYS6HiEPsEkFlh\n",
            "public_key_pem": "-----BEGIN PUBLIC KEY-----\nMIIBIjANBgkqhkiG9w0BAQEFAAOCAQ8AMIIBCgKCAQEApawmR1thaTg8qP/CGkLI\nX+kBDDqAfhXzcVkudg5h474lDFQWA6ZGs8UVeV+niHY6/EGp9dQQtJ7/jGrqC3or\njvJ7uqLT6hvrirIx1y4SKtciWSgtSGp52Jp88O9Q55twC3FM3YcXoy8nYWsuQiMR\neiWPmbn08kXrJ0rT/o2j7OUL8aAcA0Q4YqCV/QtkuFXtZjNcTv3k7k9NNM0g/8P9\nKGbrs6TMb6pEpodVOwVzOhBekhd+6AC4RLBuDP03tUaxAWNKQf86UEFg5XY+Z+zA\novp1EbBpQbVbFIp81ZOl2mVisg+pN7MqCVsNVGCYIf7VG8fSev662Euh4hD7BJBZ\nYQIDAQAB\n-----END PUBLIC KEY-----\n",
            "rsa_bits": 2048
          },
          "sensitive_attributes": [],
          "create_before_destroy": true
        }
      ]
    },
    {
      "mode": "managed",
      "type": "tls_self_signed_cert",
      "name": "main",
      "provider": "provider[\"registry.terraform.io/hashicorp/tls\"]",
      "instances": [
        {
          "schema_version": 0,
          "attributes": {
            "allowed_uses": [
              "key_encipherment",
              "digital_signature",
              "server_auth"
            ],
            "cert_pem": "-----BEGIN CERTIFICATE-----\nMIIDRjCCAi6gAwIBAgIRAK+hIzp7T48HPsWxEdsyH5QwDQYJKoZIhvcNAQELBQAw\nQzEfMB0GA1UEChMWUGF5bWVudCBQcm9jZXNzaW5nIEluYzEgMB4GA1UEAxMXcGF5\nbWVudC1hcHAuZXhhbXBsZS5jb20wHhcNMjUxMTA2MDYzNDE3WhcNMjYxMTA2MDYz\nNDE3WjBDMR8wHQYDVQQKExZQYXltZW50IFByb2Nlc3NpbmcgSW5jMSAwHgYDVQQD\nExdwYXltZW50LWFwcC5leGFtcGxlLmNvbTCCASIwDQYJKoZIhvcNAQEBBQADggEP\nADCCAQoCggEBAKWsJkdbYWk4PKj/whpCyF/pAQw6gH4V83FZLnYOYeO+JQxUFgOm\nRrPFFXlfp4h2OvxBqfXUELSe/4xq6gt6K47ye7qi0+ob64qyMdcuEirXIlkoLUhq\nediafPDvUOebcAtxTN2HF6MvJ2FrLkIjEXolj5m59PJF6ydK0/6No+zlC/GgHANE\nOGKglf0LZLhV7WYzXE795O5PTTTNIP/D/Shm67OkzG+qRKaHVTsFczoQXpIXfugA\nuESwbgz9N7VGsQFjSkH/OlBBYOV2PmfswKL6dRGwaUG1WxSKfNWTpdplYrIPqTez\nKglbDVRgmCH+1RvH0nr+uthLoeIQ+wSQWWECAwEAAaM1MDMwDgYDVR0PAQH/BAQD\nAgWgMBMGA1UdJQQMMAoGCCsGAQUFBwMBMAwGA1UdEwEB/wQCMAAwDQYJKoZIhvcN\nAQELBQADggEBAJP0245ZCBQ1n5QnEtDsizh5MPt4qi8SsVoPyqkwnxw/CnYvMblQ\nBlnX7iN/yxBBAUnfdS/SjzFcjz0mpwPtOVuzdnF5d7h6drAmZ+7zDolwgJ3P85U2\nh0pMhPyIcYzrF8bZUmqIPraT8YH6cgi0D/dAMYOzFnX9q2n5AiCQu/VZYkau/CHh\n3y6WVFrBhmSjpaL+EOBo4WX4dKvl9s9C6p3XU5PaDMYrvOtyh5C/UwAlUDDAzvML\njPzc+/thzV0P0mqRPSAqhrfnGv4dcadphbHdUKo/jWqftK74QEpIY0Suj9utZM6d\nu09KXuTp2NZHKwL2jdyJ6VMVvRX0iASOJe0=\n-----END CERTIFICATE-----\n",
            "dns_names": null,
            "early_renewal_hours": 0,
            "id": "233451573574316775421988538161604730772",
            "ip_addresses": null,
            "is_ca_certificate": false,
            "key_algorithm": "RSA",
            "private_key_pem": "-----BEGIN RSA PRIVATE KEY-----\nMIIEowIBAAKCAQEApawmR1thaTg8qP/CGkLIX+kBDDqAfhXzcVkudg5h474lDFQW\nA6ZGs8UVeV+niHY6/EGp9dQQtJ7/jGrqC3orjvJ7uqLT6hvrirIx1y4SKtciWSgt\nSGp52Jp88O9Q55twC3FM3YcXoy8nYWsuQiMReiWPmbn08kXrJ0rT/o2j7OUL8aAc\nA0Q4YqCV/QtkuFXtZjNcTv3k7k9NNM0g/8P9KGbrs6TMb6pEpodVOwVzOhBekhd+\n6AC4RLBuDP03tUaxAWNKQf86UEFg5XY+Z+zAovp1EbBpQbVbFIp81ZOl2mVisg+p\nN7MqCVsNVGCYIf7VG8fSev662Euh4hD7BJBZYQIDAQABAoIBAAetBmRAmq6bxlw4\nZtltghAHCTdUQ9ErslD8bj2WKKELFZd40yEJyH1yZn5+UQJeo3id8HppQBmlQv7y\nEmxUFY3wxEyrOAUxFFiDjXF8QwdY+sB9nvz7oW/4puypEuMbOZ2PGx4JsP28nN8L\nrqvN6QSzNjA7vFqIBKdYNUKmVHuwlTKg4pyWrqhhXBRw13rlNy9J7ERyD+FG7aId\nPoSLcODNjCOTNkk8jpHLkbNrL1PS0LNHI14iSVFFvNxIXrNBJq5Cl7BY3H1nxgTx\nk+b6V4CuGIPIzJBYOaI5LvoaNZbU37EbtW/NpZSmYY9ilEd9n1gd2b/YzhuKGLgi\n1LPPQPECgYEAxJz+mWaV090Gbg+W9tL08WAAGHNLRZcHH46W1a4APtOR6tCW9/BA\nL2hkRfyPncxTn20Iwpk52tmtEgkSEpJXJ/ION+YKtRKnpIBT/yHZ+6ey0um5x6R+\nHTPH0l/Op+OcRqOHFl3cSsyL/7s5Sa6lYLlH9mFBMIfIrB/GBz4FI3ECgYEA17as\n93DMvoxl7KdickquW51lCiuK4qIjcVykNj/TdpBGweh3t+6FXj2f6q5dPJ4HfCB1\n5D38fAZ23ikso5hhbUxJNvnBxPt61RWrWNy4AcA9Oyv9Mvufhg0Uk5lA15QoRuyf\niJnfhgS9tbhg3t8weR9w+YNcDQnmrm9KkhdjvPECgYBX7M1+1H2UbXd+qMIeR2D6\nwK/KP2UeDdhFqIKTtGivr/XFSNr6rhpGGS0ejz+6lbGfzibov5U75bScKCpI2+DW\nIE1zehC3wUvvKORnaEAPZoN2BsfqHAm6DXoC/o1wTz2H6YFz4y2s1aSWDKgl51BV\n3QXtjLiWd2KqdtscSgQKQQKBgQCLJADjxrW6f1NLWBivQi6/V4ISEk4Oq6kS+T/O\n4lKjWqLZdvqqAMe0JynctcXcUM7hKQsCQ112HrFT0dlCWQsW9isPtABh8BimE8kn\nk495Saf1YAV9ekLGs+8+2Y6yv5VPUlgBQ8ejabF44spRWEOrDTXRLAMXQfizMYQ3\nQbEK8QKBgHLUGDKzlckqlJI1/tyWS8o5cEK4stbrZmVPCPIJbVPaKJCyepUDu+ab\n7aUqGP3G9b3WGR0KqzPEzsMLnVd59q+rqq+Xdt95yst7IWd7fOTecDCnnugrQFjY\n5L/zBXwD5xqGKwnhQ/TK7zzMYx6hEq8261hI+fp+rbhpzGD1Oczh\n-----END RSA PRIVATE KEY-----\n",
            "ready_for_renewal": false,
            "set_authority_key_id": false,
            "set_subject_key_id": false,
            "subject": [
              {
                "common_name": "payment-app.example.com",
                "country": null,
                "email_address": null,
                "locality": null,
                "organization": "Payment Processing Inc",
                "organizational_unit": null,
                "postal_code": null,
                "province": null,
                "serial_number": null,
                "street_address": null
              }
            ],
            "uris": null,
            "validity_end_time": "2026-11-06T12:04:17.919593+05:30",
            "validity_period_hours": 8760,
            "validity_start_time": "2025-11-06T12:04:17.919593+05:30"
          },
          "sensitive_attributes": [
            [
              {
                "type": "get_attr",
                "value": "private_key_pem"
              }
            ]
          ],
          "dependencies": [
            "tls_private_key.main"
          ],
          "create_before_destroy": true
        }
      ]
    }
  ],
  "check_results": null
}
