{
  "version": 4,
  "terraform_version": "1.5.7",
  "serial": 66,
  "lineage": "3d8edddf-78ee-5897-7b9a-217da281acf8",
  "outputs": {
    "api_gateway_url": {
      "value": "https://2uk4c69k1l.execute-api.us-east-2.amazonaws.com/prod/webhook",
      "type": "string"
    },
    "dlq_url": {
      "value": "https://sqs.us-east-2.amazonaws.com/342597974367/wh-synth24816359-webhook-dlq",
      "type": "string"
    },
    "dynamodb_table_name": {
      "value": "wh-synth24816359-webhook-logs",
      "type": "string"
    },
    "event_bus_name": {
      "value": "wh-synth24816359-webhook-events",
      "type": "string"
    },
    "routing_lambda_function_name": {
      "value": "wh-synth24816359-webhook-routing",
      "type": "string"
    },
    "secret_arn": {
      "value": "arn:aws:secretsmanager:us-east-2:342597974367:secret:wh-synth24816359-webhook-secrets-18VU2F",
      "type": "string"
    },
    "sns_topic_arn": {
      "value": "arn:aws:sns:us-east-2:342597974367:wh-synth24816359-alerts",
      "type": "string"
    },
    "sqs_queue_url": {
      "value": "https://sqs.us-east-2.amazonaws.com/342597974367/wh-synth24816359-webhook-processing",
      "type": "string"
    },
    "validation_lambda_function_name": {
      "value": "wh-synth24816359-webhook-validation",
      "type": "string"
    }
  },
  "resources": [
    {
      "mode": "data",
      "type": "archive_file",
      "name": "powertools_layer",
      "provider": "provider[\"registry.terraform.io/hashicorp/archive\"]",
      "instances": [
        {
          "schema_version": 0,
          "attributes": {
            "exclude_symlink_directories": null,
            "excludes": null,
            "id": "71ab5cd0bca2bd430f8141251edf4094f8c76fec",
            "output_base64sha256": "fDLfpXkK6BvnwocQEOISjb8TtJDOo+WHeNiFvyGu0yo=",
            "output_base64sha512": "4Sf+W0JAgDyHqjdzkMAd2wmBhDWnluNt6Y+wIR+9LY+rYs52rEK2idY3O5mDxeptcXfmh4SymLbVWYwJitlUKA==",
            "output_file_mode": null,
            "output_md5": "e18089a97caffb53ccbac2694307ec26",
            "output_path": "./layers/powertools.zip",
            "output_sha": "71ab5cd0bca2bd430f8141251edf4094f8c76fec",
            "output_sha256": "7c32dfa5790ae81be7c2871010e2128dbf13b490cea3e58778d885bf21aed32a",
            "output_sha512": "e127fe5b4240803c87aa377390c01ddb09818435a796e36de98fb0211fbd2d8fab62ce76ac42b689d6373b9983c5ea6d7177e68784b298b6d5598c098ad95428",
            "output_size": 296,
            "source": [
              {
                "content": "{\n  \"name\": \"powertools-layer\",\n  \"version\": \"1.0.0\",\n  \"description\": \"Lambda Powertools dependencies\",\n  \"dependencies\": {\n    \"@aws-lambda-powertools/logger\": \"^2.0.0\",\n    \"@aws-lambda-powertools/metrics\": \"^2.0.0\",\n    \"@aws-lambda-powertools/tracer\": \"^2.0.0\"\n  }\n}",
                "filename": "nodejs/package.json"
              }
            ],
            "source_content": null,
            "source_content_filename": null,
            "source_dir": null,
            "source_file": null,
            "type": "zip"
          },
          "sensitive_attributes": []
        }
      ]
    },
    {
      "mode": "data",
      "type": "archive_file",
      "name": "routing_lambda",
      "provider": "provider[\"registry.terraform.io/hashicorp/archive\"]",
      "instances": [
        {
          "schema_version": 0,
          "attributes": {
            "exclude_symlink_directories": null,
            "excludes": null,
            "id": "af47e74bdfa0e71e4061bb31057d239cb72bcbc3",
            "output_base64sha256": "ijxlKFPAwN8e2Mt5s21d2JN5BJCK7xHtD272v6vLF9s=",
            "output_base64sha512": "OQOxzX7+sp+pAICbJXt/RLjC3/h0djtyO1hdDYa1txVGBSrarlBKvnQiI00tG6xFQ8agG7kjSdkyEP13ey1PnA==",
            "output_file_mode": null,
            "output_md5": "b5d473d8b790695b3bb4dfd6da1a4872",
            "output_path": "./lambda/routing.zip",
            "output_sha": "af47e74bdfa0e71e4061bb31057d239cb72bcbc3",
            "output_sha256": "8a3c652853c0c0df1ed8cb79b36d5dd8937904908aef11ed0f6ef6bfabcb17db",
            "output_sha512": "3903b1cd7efeb29fa900809b257b7f44b8c2dff874763b723b585d0d86b5b71546052adaae504abe7422234d2d1bac4543c6a01bb92349d93210fd777b2d4f9c",
            "output_size": 1420,
            "source": [
              {
                "content": "const routeWebhook = async (webhookData) =\u003e {\n    const { source, payload } = webhookData;\n\n    // Define routing rules based on source\n    const routingRules = {\n        github: ['code-pipeline', 'notification-service'],\n        stripe: ['payment-processor', 'accounting-service'],\n        slack: ['notification-service', 'chat-integration'],\n        default: ['webhook-archive']\n    };\n\n    const targets = routingRules[source] || routingRules.default;\n    return targets;\n};\n\nconst sendToEventBridge = async (webhookData, targets) =\u003e {\n    console.log('Sending to EventBridge targets:', targets);\n\n    const events = targets.map(target =\u003e ({\n        Source: 'webhook.processor',\n        DetailType: 'Webhook Processed',\n        Detail: JSON.stringify({\n            ...webhookData,\n            target,\n            processedAt: new Date().toISOString()\n        }),\n        EventBusName: process.env.EVENT_BUS_NAME\n    }));\n\n    // In production, use AWS SDK to send events\n    console.log('Events to send:', events);\n    return { FailedEntryCount: 0 };\n};\n\nconst updateWebhookStatus = async (webhookId, status, metadata = {}) =\u003e {\n    console.log(`Updating webhook ${webhookId} status to ${status}`);\n    // In production, use AWS SDK to update DynamoDB\n};\n\nconst exponentialBackoff = async (fn, maxRetries = 3) =\u003e {\n    let lastError;\n\n    for (let i = 0; i \u003c maxRetries; i++) {\n        try {\n            return await fn();\n        } catch (error) {\n            lastError = error;\n            const delay = Math.min(1000 * Math.pow(2, i), 10000);\n            console.warn(`Retry ${i + 1}/${maxRetries} after ${delay}ms`);\n            await new Promise(resolve =\u003e setTimeout(resolve, delay));\n        }\n    }\n\n    throw lastError;\n};\n\nexports.handler = async (event) =\u003e {\n    const processedWebhooks = [];\n    const failedWebhooks = [];\n\n    try {\n        console.log('Processing SQS messages, count:', event.Records ? event.Records.length : 0);\n\n        if (!event.Records) {\n            return { batchItemFailures: [] };\n        }\n\n        for (const record of event.Records) {\n            const webhookData = JSON.parse(record.body);\n            const { webhookId } = webhookData;\n\n            try {\n                // Determine routing targets\n                const targets = await routeWebhook(webhookData);\n                console.log('Routing webhook', webhookId, 'to targets:', targets);\n\n                // Send to EventBridge with exponential backoff\n                await exponentialBackoff(async () =\u003e {\n                    await sendToEventBridge(webhookData, targets);\n                });\n\n                // Update status in DynamoDB\n                await updateWebhookStatus(webhookId, 'processed', { targets });\n\n                processedWebhooks.push(webhookId);\n\n            } catch (error) {\n                console.error('Failed to process webhook', webhookId, error);\n                failedWebhooks.push({ webhookId, error: error.message });\n\n                // Send to DLQ if max retries exceeded\n                if (record.attributes \u0026\u0026 record.attributes.ApproximateReceiveCount \u003e= 3) {\n                    console.log('Sending to DLQ:', webhookId);\n                    await updateWebhookStatus(webhookId, 'failed', { error: error.message });\n                }\n\n                throw error;\n            }\n        }\n\n        console.log('Batch processing complete. Processed:', processedWebhooks.length, 'Failed:', failedWebhooks.length);\n\n        return {\n            batchItemFailures: failedWebhooks.map(f =\u003e ({\n                itemIdentifier: f.webhookId\n            }))\n        };\n\n    } catch (error) {\n        console.error('Fatal error in webhook routing:', error);\n        throw error;\n    }\n};",
                "filename": "index.js"
              }
            ],
            "source_content": null,
            "source_content_filename": null,
            "source_dir": null,
            "source_file": null,
            "type": "zip"
          },
          "sensitive_attributes": []
        }
      ]
    },
    {
      "mode": "data",
      "type": "archive_file",
      "name": "validation_lambda",
      "provider": "provider[\"registry.terraform.io/hashicorp/archive\"]",
      "instances": [
        {
          "schema_version": 0,
          "attributes": {
            "exclude_symlink_directories": null,
            "excludes": null,
            "id": "b771e4effc4848af879b27ea454139714fcf0eb0",
            "output_base64sha256": "Pg2Lu21QNEGvETy+hb9XWvik/UnvUZGb9e9AHHtwKrc=",
            "output_base64sha512": "z9rdNzKmMjh88eYe/e4ULSEBCMwewo0Papi29EA3lW8JckooVLUtW2oFyxuB4e4y6hNG2WEtADw5s8Rd/j6wGQ==",
            "output_file_mode": null,
            "output_md5": "7dc2b7ce71100944540616eea9c8dc91",
            "output_path": "./lambda/validation.zip",
            "output_sha": "b771e4effc4848af879b27ea454139714fcf0eb0",
            "output_sha256": "3e0d8bbb6d503441af113cbe85bf575af8a4fd49ef51919bf5ef401c7b702ab7",
            "output_sha512": "cfdadd3732a632387cf1e61efdee142d210108cc1ec28d0f6a98b6f44037956f09724a2854b52d5b6a05cb1b81e1ee32ea1346d9612d003c39b3c45dfe3eb019",
            "output_size": 1092,
            "source": [
              {
                "content": "const crypto = require('crypto');\n\n// Mock implementations since we can't use external packages in terraform archive\nconst getSecret = async (secretArn) =\u003e {\n    console.log('Getting secret from:', secretArn);\n    // In production, use AWS SDK to fetch actual secret\n    return {\n        github_secret: 'test-github-secret',\n        stripe_secret: 'test-stripe-secret',\n        slack_secret: 'test-slack-secret'\n    };\n};\n\nconst validateWebhookSignature = (payload, signature, secret) =\u003e {\n    const computedSignature = crypto\n        .createHmac('sha256', secret)\n        .update(JSON.stringify(payload))\n        .digest('hex');\n\n    return crypto.timingSafeEqual(\n        Buffer.from(signature),\n        Buffer.from(computedSignature)\n    );\n};\n\nexports.handler = async (event) =\u003e {\n    try {\n        console.log('Processing webhook request');\n\n        const body = JSON.parse(event.body || '{}');\n        const signature = event.headers \u0026\u0026 event.headers['x-webhook-signature'];\n        const source = (event.headers \u0026\u0026 event.headers['x-webhook-source']) || 'unknown';\n\n        if (!signature) {\n            return {\n                statusCode: 400,\n                body: JSON.stringify({ error: 'Missing webhook signature' })\n            };\n        }\n\n        // Get secrets\n        const secrets = await getSecret(process.env.SECRET_ARN);\n        const secretKey = secrets[`${source}_secret`];\n\n        if (!secretKey) {\n            return {\n                statusCode: 400,\n                body: JSON.stringify({ error: 'Unknown webhook source' })\n            };\n        }\n\n        // Validate signature\n        const isValid = validateWebhookSignature(body, signature, secretKey);\n\n        if (!isValid) {\n            console.warn('Invalid webhook signature from source:', source);\n            return {\n                statusCode: 401,\n                body: JSON.stringify({ error: 'Invalid webhook signature' })\n            };\n        }\n\n        // Log webhook to DynamoDB (simplified)\n        const webhookId = crypto.randomUUID();\n        const timestamp = Date.now();\n\n        console.log('Webhook validated, ID:', webhookId);\n\n        // Send to SQS for processing (simplified)\n        const messageBody = {\n            webhookId,\n            source,\n            payload: body,\n            receivedAt: new Date().toISOString()\n        };\n\n        console.log('Queuing webhook for processing:', messageBody);\n\n        return {\n            statusCode: 200,\n            body: JSON.stringify({\n                message: 'Webhook received successfully',\n                webhookId\n            })\n        };\n\n    } catch (error) {\n        console.error('Error processing webhook:', error);\n        return {\n            statusCode: 500,\n            body: JSON.stringify({ error: 'Internal server error' })\n        };\n    }\n};",
                "filename": "index.js"
              }
            ],
            "source_content": null,
            "source_content_filename": null,
            "source_dir": null,
            "source_file": null,
            "type": "zip"
          },
          "sensitive_attributes": []
        }
      ]
    },
    {
      "mode": "data",
      "type": "aws_caller_identity",
      "name": "current",
      "provider": "provider[\"registry.terraform.io/hashicorp/aws\"]",
      "instances": [
        {
          "schema_version": 0,
          "attributes": {
            "account_id": "342597974367",
            "arn": "arn:aws:iam::342597974367:user/mayank.sethi",
            "id": "342597974367",
            "user_id": "AIDAU7RDOHFP2MZ572UQ5"
          },
          "sensitive_attributes": []
        }
      ]
    },
    {
      "mode": "data",
      "type": "aws_region",
      "name": "current",
      "provider": "provider[\"registry.terraform.io/hashicorp/aws\"]",
      "instances": [
        {
          "schema_version": 0,
          "attributes": {
            "description": "US East (Ohio)",
            "endpoint": "ec2.us-east-2.amazonaws.com",
            "id": "us-east-2",
            "name": "us-east-2",
            "region": "us-east-2"
          },
          "sensitive_attributes": []
        }
      ]
    },
    {
      "mode": "managed",
      "type": "aws_api_gateway_account",
      "name": "main",
      "provider": "provider[\"registry.terraform.io/hashicorp/aws\"]",
      "instances": [
        {
          "schema_version": 0,
          "attributes": {
            "api_key_version": "4",
            "cloudwatch_role_arn": "arn:aws:iam::342597974367:role/wh-synth24816359-api-gateway-cloudwatch-role",
            "features": [
              "UsagePlans"
            ],
            "id": "342597974367",
            "region": "us-east-2",
            "throttle_settings": [
              {
                "burst_limit": 5000,
                "rate_limit": 10000
              }
            ]
          },
          "sensitive_attributes": [],
          "dependencies": [
            "aws_iam_role.api_gateway_cloudwatch",
            "data.aws_caller_identity.current",
            "data.aws_region.current"
          ]
        }
      ]
    },
    {
      "mode": "managed",
      "type": "aws_api_gateway_deployment",
      "name": "webhook_api",
      "provider": "provider[\"registry.terraform.io/hashicorp/aws\"]",
      "instances": []
    },
    {
      "mode": "managed",
      "type": "aws_api_gateway_integration",
      "name": "webhook_lambda",
      "provider": "provider[\"registry.terraform.io/hashicorp/aws\"]",
      "instances": []
    },
    {
      "mode": "managed",
      "type": "aws_api_gateway_method",
      "name": "webhook_post",
      "provider": "provider[\"registry.terraform.io/hashicorp/aws\"]",
      "instances": [
        {
          "schema_version": 0,
          "attributes": {
            "api_key_required": false,
            "authorization": "NONE",
            "authorization_scopes": [],
            "authorizer_id": "",
            "http_method": "POST",
            "id": "agm-2uk4c69k1l-whm3y2-POST",
            "operation_name": "",
            "region": "us-east-2",
            "request_models": {},
            "request_parameters": {},
            "request_validator_id": "",
            "resource_id": "whm3y2",
            "rest_api_id": "2uk4c69k1l"
          },
          "sensitive_attributes": [],
          "private": "bnVsbA==",
          "dependencies": [
            "aws_api_gateway_resource.webhook",
            "aws_api_gateway_rest_api.webhook_api",
            "data.aws_caller_identity.current",
            "data.aws_region.current"
          ],
          "create_before_destroy": true
        }
      ]
    },
    {
      "mode": "managed",
      "type": "aws_api_gateway_method_response",
      "name": "webhook_200",
      "provider": "provider[\"registry.terraform.io/hashicorp/aws\"]",
      "instances": [
        {
          "schema_version": 0,
          "attributes": {
            "http_method": "POST",
            "id": "agmr-2uk4c69k1l-whm3y2-POST-200",
            "region": "us-east-2",
            "resource_id": "whm3y2",
            "response_models": {
              "application/json": "Empty"
            },
            "response_parameters": {},
            "rest_api_id": "2uk4c69k1l",
            "status_code": "200"
          },
          "sensitive_attributes": [],
          "private": "bnVsbA==",
          "dependencies": [
            "aws_api_gateway_method.webhook_post",
            "aws_api_gateway_resource.webhook",
            "aws_api_gateway_rest_api.webhook_api",
            "data.aws_caller_identity.current",
            "data.aws_region.current"
          ]
        }
      ]
    },
    {
      "mode": "managed",
      "type": "aws_api_gateway_method_settings",
      "name": "webhook_settings",
      "provider": "provider[\"registry.terraform.io/hashicorp/aws\"]",
      "instances": []
    },
    {
      "mode": "managed",
      "type": "aws_api_gateway_resource",
      "name": "webhook",
      "provider": "provider[\"registry.terraform.io/hashicorp/aws\"]",
      "instances": [
        {
          "schema_version": 0,
          "attributes": {
            "id": "whm3y2",
            "parent_id": "dzst91bluc",
            "path": "/webhook",
            "path_part": "webhook",
            "region": "us-east-2",
            "rest_api_id": "2uk4c69k1l"
          },
          "sensitive_attributes": [],
          "private": "bnVsbA==",
          "dependencies": [
            "aws_api_gateway_rest_api.webhook_api",
            "data.aws_caller_identity.current",
            "data.aws_region.current"
          ],
          "create_before_destroy": true
        }
      ]
    },
    {
      "mode": "managed",
      "type": "aws_api_gateway_rest_api",
      "name": "webhook_api",
      "provider": "provider[\"registry.terraform.io/hashicorp/aws\"]",
      "instances": [
        {
          "schema_version": 0,
          "attributes": {
            "api_key_source": "HEADER",
            "arn": "arn:aws:apigateway:us-east-2::/restapis/2uk4c69k1l",
            "binary_media_types": [],
            "body": null,
            "created_date": "2025-10-03T15:47:10Z",
            "description": "API Gateway for webhook processing",
            "disable_execute_api_endpoint": false,
            "endpoint_configuration": [
              {
                "ip_address_type": "ipv4",
                "types": [
                  "REGIONAL"
                ],
                "vpc_endpoint_ids": []
              }
            ],
            "execution_arn": "arn:aws:execute-api:us-east-2:342597974367:2uk4c69k1l",
            "fail_on_warnings": null,
            "id": "2uk4c69k1l",
            "minimum_compression_size": "",
            "name": "wh-synth24816359-webhook-api",
            "parameters": null,
            "policy": "",
            "put_rest_api_mode": null,
            "region": "us-east-2",
            "root_resource_id": "dzst91bluc",
            "tags": {
              "AccountId": "342597974367",
              "CreatedDate": "2025-10-03T15:58:46Z",
              "Environment": "production",
              "EnvironmentSuffix": "synth24816359",
              "ManagedBy": "terraform",
              "Project": "webhook-processor",
              "Region": "us-east-2",
              "Terraform": "true"
            },
            "tags_all": {
              "AccountId": "342597974367",
              "CreatedDate": "2025-10-03T15:58:46Z",
              "Environment": "production",
              "EnvironmentSuffix": "synth24816359",
              "ManagedBy": "terraform",
              "Project": "webhook-processor",
              "Region": "us-east-2",
              "Terraform": "true"
            }
          },
          "sensitive_attributes": [],
          "private": "bnVsbA==",
          "dependencies": [
            "data.aws_caller_identity.current",
            "data.aws_region.current"
          ],
          "create_before_destroy": true
        }
      ]
    },
    {
      "mode": "managed",
      "type": "aws_api_gateway_stage",
      "name": "prod",
      "provider": "provider[\"registry.terraform.io/hashicorp/aws\"]",
      "instances": []
    },
    {
      "mode": "managed",
      "type": "aws_cloudwatch_event_archive",
      "name": "webhook_events",
      "provider": "provider[\"registry.terraform.io/hashicorp/aws\"]",
      "instances": [
        {
          "schema_version": 0,
          "attributes": {
            "arn": "arn:aws:events:us-east-2:342597974367:archive/wh-synth24816359-webhook-archive",
            "description": "Archive for webhook events",
            "event_pattern": "",
            "event_source_arn": "arn:aws:events:us-east-2:342597974367:event-bus/wh-synth24816359-webhook-events",
            "id": "wh-synth24816359-webhook-archive",
            "kms_key_identifier": "",
            "name": "wh-synth24816359-webhook-archive",
            "region": "us-east-2",
            "retention_days": 7
          },
          "sensitive_attributes": [],
          "private": "bnVsbA==",
          "dependencies": [
            "aws_cloudwatch_event_bus.webhook_events",
            "data.aws_caller_identity.current",
            "data.aws_region.current"
          ]
        }
      ]
    },
    {
      "mode": "managed",
      "type": "aws_cloudwatch_event_bus",
      "name": "webhook_events",
      "provider": "provider[\"registry.terraform.io/hashicorp/aws\"]",
      "instances": [
        {
          "schema_version": 0,
          "attributes": {
            "arn": "arn:aws:events:us-east-2:342597974367:event-bus/wh-synth24816359-webhook-events",
            "dead_letter_config": [],
            "description": "",
            "event_source_name": null,
            "id": "wh-synth24816359-webhook-events",
            "kms_key_identifier": "",
            "log_config": [],
            "name": "wh-synth24816359-webhook-events",
            "region": "us-east-2",
            "tags": {
              "AccountId": "342597974367",
              "CreatedDate": "2025-10-03T15:58:46Z",
              "Environment": "production",
              "EnvironmentSuffix": "synth24816359",
              "ManagedBy": "terraform",
              "Project": "webhook-processor",
              "Region": "us-east-2",
              "Terraform": "true"
            },
            "tags_all": {
              "AccountId": "342597974367",
              "CreatedDate": "2025-10-03T15:58:46Z",
              "Environment": "production",
              "EnvironmentSuffix": "synth24816359",
              "ManagedBy": "terraform",
              "Project": "webhook-processor",
              "Region": "us-east-2",
              "Terraform": "true"
            }
          },
          "sensitive_attributes": [],
          "private": "bnVsbA==",
          "dependencies": [
            "data.aws_caller_identity.current",
            "data.aws_region.current"
          ]
        }
      ]
    },
    {
      "mode": "managed",
      "type": "aws_cloudwatch_event_rule",
      "name": "webhook_processed",
      "provider": "provider[\"registry.terraform.io/hashicorp/aws\"]",
      "instances": [
        {
          "schema_version": 1,
          "attributes": {
            "arn": "arn:aws:events:us-east-2:342597974367:rule/wh-synth24816359-webhook-events/wh-synth24816359-webhook-processed",
            "description": "Capture all processed webhook events",
            "event_bus_name": "wh-synth24816359-webhook-events",
            "event_pattern": "{\"detail-type\":[\"Webhook Processed\"],\"source\":[\"webhook.processor\"]}",
            "force_destroy": false,
            "id": "wh-synth24816359-webhook-events/wh-synth24816359-webhook-processed",
            "is_enabled": true,
            "name": "wh-synth24816359-webhook-processed",
            "name_prefix": "",
            "region": "us-east-2",
            "role_arn": "",
            "schedule_expression": "",
            "state": "ENABLED",
            "tags": {
              "AccountId": "342597974367",
              "CreatedDate": "2025-10-03T15:58:46Z",
              "Environment": "production",
              "EnvironmentSuffix": "synth24816359",
              "ManagedBy": "terraform",
              "Project": "webhook-processor",
              "Region": "us-east-2",
              "Terraform": "true"
            },
            "tags_all": {
              "AccountId": "342597974367",
              "CreatedDate": "2025-10-03T15:58:46Z",
              "Environment": "production",
              "EnvironmentSuffix": "synth24816359",
              "ManagedBy": "terraform",
              "Project": "webhook-processor",
              "Region": "us-east-2",
              "Terraform": "true"
            }
          },
          "sensitive_attributes": [],
          "private": "eyJzY2hlbWFfdmVyc2lvbiI6IjEifQ==",
          "dependencies": [
            "aws_cloudwatch_event_bus.webhook_events",
            "data.aws_caller_identity.current",
            "data.aws_region.current"
          ]
        }
      ]
    },
    {
      "mode": "managed",
      "type": "aws_cloudwatch_log_group",
      "name": "validation_lambda",
      "provider": "provider[\"registry.terraform.io/hashicorp/aws\"]",
      "instances": []
    },
    {
      "mode": "managed",
      "type": "aws_cloudwatch_metric_alarm",
      "name": "api_4xx_errors",
      "provider": "provider[\"registry.terraform.io/hashicorp/aws\"]",
      "instances": [
        {
          "schema_version": 1,
          "attributes": {
            "actions_enabled": true,
            "alarm_actions": [
              "arn:aws:sns:us-east-2:342597974367:wh-synth24816359-alerts"
            ],
            "alarm_description": "Alert on high 4XX errors",
            "alarm_name": "wh-synth24816359-api-4xx-errors",
            "arn": "arn:aws:cloudwatch:us-east-2:342597974367:alarm:wh-synth24816359-api-4xx-errors",
            "comparison_operator": "GreaterThanThreshold",
            "datapoints_to_alarm": 0,
            "dimensions": {
              "ApiName": "wh-synth24816359-webhook-api"
            },
            "evaluate_low_sample_count_percentiles": "",
            "evaluation_periods": 2,
            "extended_statistic": "",
            "id": "wh-synth24816359-api-4xx-errors",
            "insufficient_data_actions": [],
            "metric_name": "4XXError",
            "metric_query": [],
            "namespace": "AWS/ApiGateway",
            "ok_actions": [],
            "period": 300,
            "region": "us-east-2",
            "statistic": "Sum",
            "tags": {
              "AccountId": "342597974367",
              "CreatedDate": "2025-10-03T15:58:46Z",
              "Environment": "production",
              "EnvironmentSuffix": "synth24816359",
              "ManagedBy": "terraform",
              "Project": "webhook-processor",
              "Region": "us-east-2",
              "Terraform": "true"
            },
            "tags_all": {
              "AccountId": "342597974367",
              "CreatedDate": "2025-10-03T15:58:46Z",
              "Environment": "production",
              "EnvironmentSuffix": "synth24816359",
              "ManagedBy": "terraform",
              "Project": "webhook-processor",
              "Region": "us-east-2",
              "Terraform": "true"
            },
            "threshold": 50,
            "threshold_metric_id": "",
            "treat_missing_data": "notBreaching",
            "unit": ""
          },
          "sensitive_attributes": [],
          "private": "eyJzY2hlbWFfdmVyc2lvbiI6IjEifQ==",
          "dependencies": [
            "aws_api_gateway_rest_api.webhook_api",
            "aws_sns_topic.alerts",
            "data.aws_caller_identity.current",
            "data.aws_region.current"
          ]
        }
      ]
    },
    {
      "mode": "managed",
      "type": "aws_cloudwatch_metric_alarm",
      "name": "dlq_messages",
      "provider": "provider[\"registry.terraform.io/hashicorp/aws\"]",
      "instances": [
        {
          "schema_version": 1,
          "attributes": {
            "actions_enabled": true,
            "alarm_actions": [
              "arn:aws:sns:us-east-2:342597974367:wh-synth24816359-alerts"
            ],
            "alarm_description": "Alert when messages are in DLQ",
            "alarm_name": "wh-synth24816359-dlq-messages",
            "arn": "arn:aws:cloudwatch:us-east-2:342597974367:alarm:wh-synth24816359-dlq-messages",
            "comparison_operator": "GreaterThanThreshold",
            "datapoints_to_alarm": 0,
            "dimensions": {
              "QueueName": "wh-synth24816359-webhook-dlq"
            },
            "evaluate_low_sample_count_percentiles": "",
            "evaluation_periods": 1,
            "extended_statistic": "",
            "id": "wh-synth24816359-dlq-messages",
            "insufficient_data_actions": [],
            "metric_name": "ApproximateNumberOfMessagesVisible",
            "metric_query": [],
            "namespace": "AWS/SQS",
            "ok_actions": [],
            "period": 300,
            "region": "us-east-2",
            "statistic": "Average",
            "tags": {
              "AccountId": "342597974367",
              "CreatedDate": "2025-10-03T15:58:46Z",
              "Environment": "production",
              "EnvironmentSuffix": "synth24816359",
              "ManagedBy": "terraform",
              "Project": "webhook-processor",
              "Region": "us-east-2",
              "Terraform": "true"
            },
            "tags_all": {
              "AccountId": "342597974367",
              "CreatedDate": "2025-10-03T15:58:46Z",
              "Environment": "production",
              "EnvironmentSuffix": "synth24816359",
              "ManagedBy": "terraform",
              "Project": "webhook-processor",
              "Region": "us-east-2",
              "Terraform": "true"
            },
            "threshold": 5,
            "threshold_metric_id": "",
            "treat_missing_data": "notBreaching",
            "unit": ""
          },
          "sensitive_attributes": [],
          "private": "eyJzY2hlbWFfdmVyc2lvbiI6IjEifQ==",
          "dependencies": [
            "aws_sns_topic.alerts",
            "aws_sqs_queue.webhook_dlq",
            "data.aws_caller_identity.current",
            "data.aws_region.current"
          ]
        }
      ]
    },
    {
      "mode": "managed",
      "type": "aws_cloudwatch_metric_alarm",
      "name": "webhook_errors",
      "provider": "provider[\"registry.terraform.io/hashicorp/aws\"]",
      "instances": []
    },
    {
      "mode": "managed",
      "type": "aws_dynamodb_table",
      "name": "webhook_logs",
      "provider": "provider[\"registry.terraform.io/hashicorp/aws\"]",
      "instances": [
        {
          "schema_version": 1,
          "attributes": {
            "arn": "arn:aws:dynamodb:us-east-2:342597974367:table/wh-synth24816359-webhook-logs",
            "attribute": [
              {
                "name": "source",
                "type": "S"
              },
              {
                "name": "status",
                "type": "S"
              },
              {
                "name": "timestamp",
                "type": "N"
              },
              {
                "name": "webhook_id",
                "type": "S"
              }
            ],
            "billing_mode": "PAY_PER_REQUEST",
            "deletion_protection_enabled": false,
            "global_secondary_index": [
              {
                "hash_key": "source",
                "name": "source-timestamp-index",
                "non_key_attributes": [],
                "on_demand_throughput": [],
                "projection_type": "ALL",
                "range_key": "timestamp",
                "read_capacity": 0,
                "warm_throughput": [],
                "write_capacity": 0
              },
              {
                "hash_key": "status",
                "name": "status-timestamp-index",
                "non_key_attributes": [],
                "on_demand_throughput": [],
                "projection_type": "ALL",
                "range_key": "timestamp",
                "read_capacity": 0,
                "warm_throughput": [],
                "write_capacity": 0
              }
            ],
            "hash_key": "webhook_id",
            "id": "wh-synth24816359-webhook-logs",
            "import_table": [],
            "local_secondary_index": [],
            "name": "wh-synth24816359-webhook-logs",
            "on_demand_throughput": [],
            "point_in_time_recovery": [
              {
                "enabled": true,
                "recovery_period_in_days": 35
              }
            ],
            "range_key": "timestamp",
            "read_capacity": 0,
            "region": "us-east-2",
            "replica": [],
            "restore_date_time": null,
            "restore_source_name": null,
            "restore_source_table_arn": null,
            "restore_to_latest_time": null,
            "server_side_encryption": [
              {
                "enabled": true,
                "kms_key_arn": ""
              }
            ],
            "stream_arn": "",
            "stream_enabled": false,
            "stream_label": "",
            "stream_view_type": "",
            "table_class": "STANDARD",
            "tags": {
              "AccountId": "342597974367",
              "CreatedDate": "2025-10-03T15:58:46Z",
              "Environment": "production",
              "EnvironmentSuffix": "synth24816359",
              "ManagedBy": "terraform",
              "Project": "webhook-processor",
              "Region": "us-east-2",
              "Terraform": "true"
            },
            "tags_all": {
              "AccountId": "342597974367",
              "CreatedDate": "2025-10-03T15:58:46Z",
              "Environment": "production",
              "EnvironmentSuffix": "synth24816359",
              "ManagedBy": "terraform",
              "Project": "webhook-processor",
              "Region": "us-east-2",
              "Terraform": "true"
            },
            "timeouts": null,
            "ttl": [
              {
                "attribute_name": "ttl",
                "enabled": true
              }
            ],
            "warm_throughput": [],
            "write_capacity": 0
          },
          "sensitive_attributes": [],
          "private": "eyJlMmJmYjczMC1lY2FhLTExZTYtOGY4OC0zNDM2M2JjN2M0YzAiOnsiY3JlYXRlIjoxODAwMDAwMDAwMDAwLCJkZWxldGUiOjYwMDAwMDAwMDAwMCwidXBkYXRlIjozNjAwMDAwMDAwMDAwfSwic2NoZW1hX3ZlcnNpb24iOiIxIn0=",
          "dependencies": [
            "data.aws_caller_identity.current",
            "data.aws_region.current"
          ],
          "create_before_destroy": true
        }
      ]
    },
    {
      "mode": "managed",
      "type": "aws_iam_role",
      "name": "api_gateway_cloudwatch",
      "provider": "provider[\"registry.terraform.io/hashicorp/aws\"]",
      "instances": [
        {
          "schema_version": 0,
          "attributes": {
            "arn": "arn:aws:iam::342597974367:role/wh-synth24816359-api-gateway-cloudwatch-role",
            "assume_role_policy": "{\"Statement\":[{\"Action\":\"sts:AssumeRole\",\"Effect\":\"Allow\",\"Principal\":{\"Service\":\"apigateway.amazonaws.com\"}}],\"Version\":\"2012-10-17\"}",
            "create_date": "2025-10-03T15:47:10Z",
            "description": "",
            "force_detach_policies": false,
            "id": "wh-synth24816359-api-gateway-cloudwatch-role",
            "inline_policy": [],
            "managed_policy_arns": [
              "arn:aws:iam::aws:policy/service-role/AmazonAPIGatewayPushToCloudWatchLogs"
            ],
            "max_session_duration": 3600,
            "name": "wh-synth24816359-api-gateway-cloudwatch-role",
            "name_prefix": "",
            "path": "/",
            "permissions_boundary": "",
            "tags": {
              "AccountId": "342597974367",
              "CreatedDate": "2025-10-03T15:58:46Z",
              "Environment": "production",
              "EnvironmentSuffix": "synth24816359",
              "ManagedBy": "terraform",
              "Project": "webhook-processor",
              "Region": "us-east-2",
              "Terraform": "true"
            },
            "tags_all": {
              "AccountId": "342597974367",
              "CreatedDate": "2025-10-03T15:58:46Z",
              "Environment": "production",
              "EnvironmentSuffix": "synth24816359",
              "ManagedBy": "terraform",
              "Project": "webhook-processor",
              "Region": "us-east-2",
              "Terraform": "true"
            },
            "unique_id": "AROAU7RDOHFPT6B77NNFR"
          },
          "sensitive_attributes": [],
          "private": "bnVsbA==",
          "dependencies": [
            "data.aws_caller_identity.current",
            "data.aws_region.current"
          ]
        }
      ]
    },
    {
      "mode": "managed",
      "type": "aws_iam_role",
      "name": "webhook_routing_lambda",
      "provider": "provider[\"registry.terraform.io/hashicorp/aws\"]",
      "instances": [
        {
          "schema_version": 0,
          "attributes": {
            "arn": "arn:aws:iam::342597974367:role/wh-synth24816359-routing-lambda-role",
            "assume_role_policy": "{\"Statement\":[{\"Action\":\"sts:AssumeRole\",\"Effect\":\"Allow\",\"Principal\":{\"Service\":\"lambda.amazonaws.com\"}}],\"Version\":\"2012-10-17\"}",
            "create_date": "2025-10-03T15:47:10Z",
            "description": "",
            "force_detach_policies": false,
            "id": "wh-synth24816359-routing-lambda-role",
            "inline_policy": [
              {
                "name": "wh-synth24816359-routing-lambda-policy",
                "policy": "{\"Version\":\"2012-10-17\",\"Statement\":[{\"Action\":[\"sqs:ReceiveMessage\",\"sqs:DeleteMessage\",\"sqs:GetQueueAttributes\"],\"Effect\":\"Allow\",\"Resource\":\"arn:aws:sqs:us-east-2:342597974367:wh-synth24816359-webhook-processing\"},{\"Action\":[\"sqs:SendMessage\"],\"Effect\":\"Allow\",\"Resource\":\"arn:aws:sqs:us-east-2:342597974367:wh-synth24816359-webhook-dlq\"},{\"Action\":[\"dynamodb:PutItem\",\"dynamodb:UpdateItem\",\"dynamodb:Query\",\"dynamodb:GetItem\"],\"Effect\":\"Allow\",\"Resource\":[\"arn:aws:dynamodb:us-east-2:342597974367:table/wh-synth24816359-webhook-logs\",\"arn:aws:dynamodb:us-east-2:342597974367:table/wh-synth24816359-webhook-logs/index/*\"]},{\"Action\":[\"events:PutEvents\"],\"Effect\":\"Allow\",\"Resource\":\"arn:aws:events:us-east-2:342597974367:event-bus/wh-synth24816359-webhook-events\"}]}"
              }
            ],
            "managed_policy_arns": [
              "arn:aws:iam::aws:policy/AWSXRayDaemonWriteAccess",
              "arn:aws:iam::aws:policy/service-role/AWSLambdaBasicExecutionRole"
            ],
            "max_session_duration": 3600,
            "name": "wh-synth24816359-routing-lambda-role",
            "name_prefix": "",
            "path": "/",
            "permissions_boundary": "",
            "tags": {
              "AccountId": "342597974367",
              "CreatedDate": "2025-10-03T15:58:46Z",
              "Environment": "production",
              "EnvironmentSuffix": "synth24816359",
              "ManagedBy": "terraform",
              "Project": "webhook-processor",
              "Region": "us-east-2",
              "Terraform": "true"
            },
            "tags_all": {
              "AccountId": "342597974367",
              "CreatedDate": "2025-10-03T15:58:46Z",
              "Environment": "production",
              "EnvironmentSuffix": "synth24816359",
              "ManagedBy": "terraform",
              "Project": "webhook-processor",
              "Region": "us-east-2",
              "Terraform": "true"
            },
            "unique_id": "AROAU7RDOHFPTBU6M5E2S"
          },
          "sensitive_attributes": [],
          "private": "bnVsbA==",
          "dependencies": [
            "data.aws_caller_identity.current",
            "data.aws_region.current"
          ]
        }
      ]
    },
    {
      "mode": "managed",
      "type": "aws_iam_role",
      "name": "webhook_validation_lambda",
      "provider": "provider[\"registry.terraform.io/hashicorp/aws\"]",
      "instances": [
        {
          "schema_version": 0,
          "attributes": {
            "arn": "arn:aws:iam::342597974367:role/wh-synth24816359-validation-lambda-role",
            "assume_role_policy": "{\"Statement\":[{\"Action\":\"sts:AssumeRole\",\"Effect\":\"Allow\",\"Principal\":{\"Service\":\"lambda.amazonaws.com\"}}],\"Version\":\"2012-10-17\"}",
            "create_date": "2025-10-03T15:47:10Z",
            "description": "",
            "force_detach_policies": false,
            "id": "wh-synth24816359-validation-lambda-role",
            "inline_policy": [
              {
                "name": "wh-synth24816359-validation-lambda-policy",
                "policy": "{\"Version\":\"2012-10-17\",\"Statement\":[{\"Action\":[\"secretsmanager:GetSecretValue\"],\"Effect\":\"Allow\",\"Resource\":\"arn:aws:secretsmanager:us-east-2:342597974367:secret:wh-synth24816359-webhook-secrets-18VU2F\"},{\"Action\":[\"sqs:SendMessage\",\"sqs:GetQueueAttributes\"],\"Effect\":\"Allow\",\"Resource\":\"arn:aws:sqs:us-east-2:342597974367:wh-synth24816359-webhook-processing\"},{\"Action\":[\"dynamodb:PutItem\"],\"Effect\":\"Allow\",\"Resource\":\"arn:aws:dynamodb:us-east-2:342597974367:table/wh-synth24816359-webhook-logs\"}]}"
              }
            ],
            "managed_policy_arns": [
              "arn:aws:iam::aws:policy/AWSXRayDaemonWriteAccess",
              "arn:aws:iam::aws:policy/service-role/AWSLambdaBasicExecutionRole"
            ],
            "max_session_duration": 3600,
            "name": "wh-synth24816359-validation-lambda-role",
            "name_prefix": "",
            "path": "/",
            "permissions_boundary": "",
            "tags": {
              "AccountId": "342597974367",
              "CreatedDate": "2025-10-03T15:58:46Z",
              "Environment": "production",
              "EnvironmentSuffix": "synth24816359",
              "ManagedBy": "terraform",
              "Project": "webhook-processor",
              "Region": "us-east-2",
              "Terraform": "true"
            },
            "tags_all": {
              "AccountId": "342597974367",
              "CreatedDate": "2025-10-03T15:58:46Z",
              "Environment": "production",
              "EnvironmentSuffix": "synth24816359",
              "ManagedBy": "terraform",
              "Project": "webhook-processor",
              "Region": "us-east-2",
              "Terraform": "true"
            },
            "unique_id": "AROAU7RDOHFP7AHCLGLKE"
          },
          "sensitive_attributes": [],
          "private": "bnVsbA==",
          "dependencies": [
            "data.aws_caller_identity.current",
            "data.aws_region.current"
          ],
          "create_before_destroy": true
        }
      ]
    },
    {
      "mode": "managed",
      "type": "aws_iam_role_policy",
      "name": "routing_lambda_policy",
      "provider": "provider[\"registry.terraform.io/hashicorp/aws\"]",
      "instances": [
        {
          "schema_version": 0,
          "attributes": {
            "id": "wh-synth24816359-routing-lambda-role:wh-synth24816359-routing-lambda-policy",
            "name": "wh-synth24816359-routing-lambda-policy",
            "name_prefix": "",
            "policy": "{\"Version\":\"2012-10-17\",\"Statement\":[{\"Action\":[\"sqs:ReceiveMessage\",\"sqs:DeleteMessage\",\"sqs:GetQueueAttributes\"],\"Effect\":\"Allow\",\"Resource\":\"arn:aws:sqs:us-east-2:342597974367:wh-synth24816359-webhook-processing\"},{\"Action\":[\"sqs:SendMessage\"],\"Effect\":\"Allow\",\"Resource\":\"arn:aws:sqs:us-east-2:342597974367:wh-synth24816359-webhook-dlq\"},{\"Action\":[\"dynamodb:PutItem\",\"dynamodb:UpdateItem\",\"dynamodb:Query\",\"dynamodb:GetItem\"],\"Effect\":\"Allow\",\"Resource\":[\"arn:aws:dynamodb:us-east-2:342597974367:table/wh-synth24816359-webhook-logs\",\"arn:aws:dynamodb:us-east-2:342597974367:table/wh-synth24816359-webhook-logs/index/*\"]},{\"Action\":[\"events:PutEvents\"],\"Effect\":\"Allow\",\"Resource\":\"arn:aws:events:us-east-2:342597974367:event-bus/wh-synth24816359-webhook-events\"}]}",
            "role": "wh-synth24816359-routing-lambda-role"
          },
          "sensitive_attributes": [],
          "private": "bnVsbA==",
          "dependencies": [
            "aws_cloudwatch_event_bus.webhook_events",
            "aws_dynamodb_table.webhook_logs",
            "aws_iam_role.webhook_routing_lambda",
            "aws_sqs_queue.webhook_dlq",
            "aws_sqs_queue.webhook_processing",
            "data.aws_caller_identity.current",
            "data.aws_region.current"
          ]
        }
      ]
    },
    {
      "mode": "managed",
      "type": "aws_iam_role_policy",
      "name": "validation_lambda_policy",
      "provider": "provider[\"registry.terraform.io/hashicorp/aws\"]",
      "instances": [
        {
          "schema_version": 0,
          "attributes": {
            "id": "wh-synth24816359-validation-lambda-role:wh-synth24816359-validation-lambda-policy",
            "name": "wh-synth24816359-validation-lambda-policy",
            "name_prefix": "",
            "policy": "{\"Version\":\"2012-10-17\",\"Statement\":[{\"Action\":[\"secretsmanager:GetSecretValue\"],\"Effect\":\"Allow\",\"Resource\":\"arn:aws:secretsmanager:us-east-2:342597974367:secret:wh-synth24816359-webhook-secrets-18VU2F\"},{\"Action\":[\"sqs:SendMessage\",\"sqs:GetQueueAttributes\"],\"Effect\":\"Allow\",\"Resource\":\"arn:aws:sqs:us-east-2:342597974367:wh-synth24816359-webhook-processing\"},{\"Action\":[\"dynamodb:PutItem\"],\"Effect\":\"Allow\",\"Resource\":\"arn:aws:dynamodb:us-east-2:342597974367:table/wh-synth24816359-webhook-logs\"}]}",
            "role": "wh-synth24816359-validation-lambda-role"
          },
          "sensitive_attributes": [],
          "private": "bnVsbA==",
          "dependencies": [
            "aws_dynamodb_table.webhook_logs",
            "aws_iam_role.webhook_validation_lambda",
            "aws_secretsmanager_secret.webhook_secrets",
            "aws_sqs_queue.webhook_dlq",
            "aws_sqs_queue.webhook_processing",
            "data.aws_caller_identity.current",
            "data.aws_region.current"
          ]
        }
      ]
    },
    {
      "mode": "managed",
      "type": "aws_iam_role_policy_attachment",
      "name": "api_gateway_cloudwatch",
      "provider": "provider[\"registry.terraform.io/hashicorp/aws\"]",
      "instances": [
        {
          "schema_version": 0,
          "attributes": {
            "id": "wh-synth24816359-api-gateway-cloudwatch-role/arn:aws:iam::aws:policy/service-role/AmazonAPIGatewayPushToCloudWatchLogs",
            "policy_arn": "arn:aws:iam::aws:policy/service-role/AmazonAPIGatewayPushToCloudWatchLogs",
            "role": "wh-synth24816359-api-gateway-cloudwatch-role"
          },
          "sensitive_attributes": [],
          "private": "bnVsbA==",
          "dependencies": [
            "aws_iam_role.api_gateway_cloudwatch",
            "data.aws_caller_identity.current",
            "data.aws_region.current"
          ]
        }
      ]
    },
    {
      "mode": "managed",
      "type": "aws_iam_role_policy_attachment",
      "name": "routing_lambda_basic",
      "provider": "provider[\"registry.terraform.io/hashicorp/aws\"]",
      "instances": [
        {
          "schema_version": 0,
          "attributes": {
            "id": "wh-synth24816359-routing-lambda-role/arn:aws:iam::aws:policy/service-role/AWSLambdaBasicExecutionRole",
            "policy_arn": "arn:aws:iam::aws:policy/service-role/AWSLambdaBasicExecutionRole",
            "role": "wh-synth24816359-routing-lambda-role"
          },
          "sensitive_attributes": [],
          "private": "bnVsbA==",
          "dependencies": [
            "aws_iam_role.webhook_routing_lambda",
            "data.aws_caller_identity.current",
            "data.aws_region.current"
          ]
        }
      ]
    },
    {
      "mode": "managed",
      "type": "aws_iam_role_policy_attachment",
      "name": "routing_lambda_xray",
      "provider": "provider[\"registry.terraform.io/hashicorp/aws\"]",
      "instances": [
        {
          "schema_version": 0,
          "attributes": {
            "id": "wh-synth24816359-routing-lambda-role/arn:aws:iam::aws:policy/AWSXRayDaemonWriteAccess",
            "policy_arn": "arn:aws:iam::aws:policy/AWSXRayDaemonWriteAccess",
            "role": "wh-synth24816359-routing-lambda-role"
          },
          "sensitive_attributes": [],
          "private": "bnVsbA==",
          "dependencies": [
            "aws_iam_role.webhook_routing_lambda",
            "data.aws_caller_identity.current",
            "data.aws_region.current"
          ]
        }
      ]
    },
    {
      "mode": "managed",
      "type": "aws_iam_role_policy_attachment",
      "name": "validation_lambda_basic",
      "provider": "provider[\"registry.terraform.io/hashicorp/aws\"]",
      "instances": [
        {
          "schema_version": 0,
          "attributes": {
            "id": "wh-synth24816359-validation-lambda-role/arn:aws:iam::aws:policy/service-role/AWSLambdaBasicExecutionRole",
            "policy_arn": "arn:aws:iam::aws:policy/service-role/AWSLambdaBasicExecutionRole",
            "role": "wh-synth24816359-validation-lambda-role"
          },
          "sensitive_attributes": [],
          "private": "bnVsbA==",
          "dependencies": [
            "aws_iam_role.webhook_validation_lambda",
            "data.aws_caller_identity.current",
            "data.aws_region.current"
          ]
        }
      ]
    },
    {
      "mode": "managed",
      "type": "aws_iam_role_policy_attachment",
      "name": "validation_lambda_xray",
      "provider": "provider[\"registry.terraform.io/hashicorp/aws\"]",
      "instances": [
        {
          "schema_version": 0,
          "attributes": {
            "id": "wh-synth24816359-validation-lambda-role/arn:aws:iam::aws:policy/AWSXRayDaemonWriteAccess",
            "policy_arn": "arn:aws:iam::aws:policy/AWSXRayDaemonWriteAccess",
            "role": "wh-synth24816359-validation-lambda-role"
          },
          "sensitive_attributes": [],
          "private": "bnVsbA==",
          "dependencies": [
            "aws_iam_role.webhook_validation_lambda",
            "data.aws_caller_identity.current",
            "data.aws_region.current"
          ]
        }
      ]
    },
    {
      "mode": "managed",
      "type": "aws_lambda_event_source_mapping",
      "name": "sqs_to_routing",
      "provider": "provider[\"registry.terraform.io/hashicorp/aws\"]",
      "instances": [
        {
          "schema_version": 0,
          "attributes": {
            "amazon_managed_kafka_event_source_config": [],
            "arn": "arn:aws:lambda:us-east-2:342597974367:event-source-mapping:0c41fd11-682f-4ebd-80d9-599a31a696c7",
            "batch_size": 10,
            "bisect_batch_on_function_error": false,
            "destination_config": [],
            "document_db_event_source_config": [],
            "enabled": true,
            "event_source_arn": "arn:aws:sqs:us-east-2:342597974367:wh-synth24816359-webhook-processing",
            "filter_criteria": [],
            "function_arn": "arn:aws:lambda:us-east-2:342597974367:function:wh-synth24816359-webhook-routing",
            "function_name": "arn:aws:lambda:us-east-2:342597974367:function:wh-synth24816359-webhook-routing",
            "function_response_types": [],
            "id": "0c41fd11-682f-4ebd-80d9-599a31a696c7",
            "kms_key_arn": "",
            "last_modified": "2025-10-03T15:48:27Z",
            "last_processing_result": "",
            "maximum_batching_window_in_seconds": 5,
            "maximum_record_age_in_seconds": 0,
            "maximum_retry_attempts": 0,
            "metrics_config": [],
            "parallelization_factor": 0,
            "provisioned_poller_config": [],
            "queues": [],
            "region": "us-east-2",
            "scaling_config": [
              {
                "maximum_concurrency": 10
              }
            ],
            "self_managed_event_source": [],
            "self_managed_kafka_event_source_config": [],
            "source_access_configuration": [],
            "starting_position": "",
            "starting_position_timestamp": "",
            "state": "Enabled",
            "state_transition_reason": "USER_INITIATED",
            "tags": {},
            "tags_all": {},
            "topics": [],
            "tumbling_window_in_seconds": 0,
            "uuid": "0c41fd11-682f-4ebd-80d9-599a31a696c7"
          },
          "sensitive_attributes": [],
          "private": "bnVsbA==",
          "dependencies": [
            "aws_cloudwatch_event_bus.webhook_events",
            "aws_dynamodb_table.webhook_logs",
            "aws_iam_role.webhook_routing_lambda",
            "aws_lambda_function.webhook_routing",
            "aws_lambda_layer_version.powertools",
            "aws_sqs_queue.webhook_dlq",
            "aws_sqs_queue.webhook_processing",
            "data.archive_file.powertools_layer",
            "data.archive_file.routing_lambda",
            "data.aws_caller_identity.current",
            "data.aws_region.current"
          ]
        }
      ]
    },
    {
      "mode": "managed",
      "type": "aws_lambda_function",
      "name": "webhook_routing",
      "provider": "provider[\"registry.terraform.io/hashicorp/aws\"]",
      "instances": [
        {
          "schema_version": 0,
          "attributes": {
            "architectures": [
              "x86_64"
            ],
            "arn": "arn:aws:lambda:us-east-2:342597974367:function:wh-synth24816359-webhook-routing",
            "code_sha256": "ijxlKFPAwN8e2Mt5s21d2JN5BJCK7xHtD272v6vLF9s=",
            "code_signing_config_arn": "",
            "dead_letter_config": [
              {
                "target_arn": "arn:aws:sqs:us-east-2:342597974367:wh-synth24816359-webhook-dlq"
              }
            ],
            "description": "",
            "environment": [
              {
                "variables": {
                  "DLQ_URL": "https://sqs.us-east-2.amazonaws.com/342597974367/wh-synth24816359-webhook-dlq",
                  "DYNAMODB_TABLE": "wh-synth24816359-webhook-logs",
                  "EVENT_BUS_NAME": "wh-synth24816359-webhook-events",
                  "LOG_LEVEL": "INFO",
                  "POWERTOOLS_METRICS_NAMESPACE": "WebhookProcessor",
                  "POWERTOOLS_SERVICE_NAME": "webhook-routing"
                }
              }
            ],
            "ephemeral_storage": [
              {
                "size": 512
              }
            ],
            "file_system_config": [],
            "filename": "./lambda/routing.zip",
            "function_name": "wh-synth24816359-webhook-routing",
            "handler": "index.handler",
            "id": "wh-synth24816359-webhook-routing",
            "image_config": [],
            "image_uri": "",
            "invoke_arn": "arn:aws:apigateway:us-east-2:lambda:path/2015-03-31/functions/arn:aws:lambda:us-east-2:342597974367:function:wh-synth24816359-webhook-routing/invocations",
            "kms_key_arn": "",
            "last_modified": "2025-10-03T15:58:54.324+0000",
            "layers": [
              "arn:aws:lambda:us-east-2:342597974367:layer:wh-synth24816359-powertools-layer:1"
            ],
            "logging_config": [
              {
                "application_log_level": "",
                "log_format": "Text",
                "log_group": "/aws/lambda/wh-synth24816359-webhook-routing",
                "system_log_level": ""
              }
            ],
            "memory_size": 512,
            "package_type": "Zip",
            "publish": false,
            "qualified_arn": "arn:aws:lambda:us-east-2:342597974367:function:wh-synth24816359-webhook-routing:$LATEST",
            "qualified_invoke_arn": "arn:aws:apigateway:us-east-2:lambda:path/2015-03-31/functions/arn:aws:lambda:us-east-2:342597974367:function:wh-synth24816359-webhook-routing:$LATEST/invocations",
            "region": "us-east-2",
            "replace_security_groups_on_destroy": null,
            "replacement_security_group_ids": null,
            "reserved_concurrent_executions": 20,
            "role": "arn:aws:iam::342597974367:role/wh-synth24816359-routing-lambda-role",
            "runtime": "nodejs20.x",
            "s3_bucket": null,
            "s3_key": null,
            "s3_object_version": null,
            "signing_job_arn": "",
            "signing_profile_version_arn": "",
            "skip_destroy": false,
            "snap_start": [],
            "source_code_hash": "ijxlKFPAwN8e2Mt5s21d2JN5BJCK7xHtD272v6vLF9s=",
            "source_code_size": 1420,
            "source_kms_key_arn": "",
            "tags": {
              "AccountId": "342597974367",
              "CreatedDate": "2025-10-03T15:58:46Z",
              "Environment": "production",
              "EnvironmentSuffix": "synth24816359",
              "ManagedBy": "terraform",
              "Project": "webhook-processor",
              "Region": "us-east-2",
              "Terraform": "true"
            },
            "tags_all": {
              "AccountId": "342597974367",
              "CreatedDate": "2025-10-03T15:58:46Z",
              "Environment": "production",
              "EnvironmentSuffix": "synth24816359",
              "ManagedBy": "terraform",
              "Project": "webhook-processor",
              "Region": "us-east-2",
              "Terraform": "true"
            },
            "timeout": 30,
            "timeouts": null,
            "tracing_config": [
              {
                "mode": "Active"
              }
            ],
            "version": "$LATEST",
            "vpc_config": []
          },
          "sensitive_attributes": [],
          "private": "eyJlMmJmYjczMC1lY2FhLTExZTYtOGY4OC0zNDM2M2JjN2M0YzAiOnsiY3JlYXRlIjo2MDAwMDAwMDAwMDAsImRlbGV0ZSI6NjAwMDAwMDAwMDAwLCJ1cGRhdGUiOjYwMDAwMDAwMDAwMH19",
          "dependencies": [
            "aws_cloudwatch_event_bus.webhook_events",
            "aws_dynamodb_table.webhook_logs",
            "aws_iam_role.webhook_routing_lambda",
            "aws_lambda_layer_version.powertools",
            "aws_sqs_queue.webhook_dlq",
            "data.archive_file.routing_lambda",
            "data.aws_caller_identity.current",
            "data.aws_region.current"
          ]
        }
      ]
    },
    {
      "mode": "managed",
      "type": "aws_lambda_function",
      "name": "webhook_validation",
      "provider": "provider[\"registry.terraform.io/hashicorp/aws\"]",
      "instances": []
    },
    {
      "mode": "managed",
      "type": "aws_lambda_layer_version",
      "name": "powertools",
      "provider": "provider[\"registry.terraform.io/hashicorp/aws\"]",
      "instances": [
        {
          "schema_version": 0,
          "attributes": {
            "arn": "arn:aws:lambda:us-east-2:342597974367:layer:wh-synth24816359-powertools-layer:1",
            "code_sha256": "fDLfpXkK6BvnwocQEOISjb8TtJDOo+WHeNiFvyGu0yo=",
            "compatible_architectures": [],
            "compatible_runtimes": [
              "nodejs20.x"
            ],
            "created_date": "2025-10-03T15:47:14.361+0000",
            "description": "Lambda Powertools for Node.js",
            "filename": "./layers/powertools.zip",
            "id": "arn:aws:lambda:us-east-2:342597974367:layer:wh-synth24816359-powertools-layer:1",
            "layer_arn": "arn:aws:lambda:us-east-2:342597974367:layer:wh-synth24816359-powertools-layer",
            "layer_name": "wh-synth24816359-powertools-layer",
            "license_info": "",
            "region": "us-east-2",
            "s3_bucket": null,
            "s3_key": null,
            "s3_object_version": null,
            "signing_job_arn": "",
            "signing_profile_version_arn": "",
            "skip_destroy": false,
            "source_code_hash": "fDLfpXkK6BvnwocQEOISjb8TtJDOo+WHeNiFvyGu0yo=",
            "source_code_size": 296,
            "version": "1"
          },
          "sensitive_attributes": [],
          "private": "bnVsbA==",
          "dependencies": [
            "data.archive_file.powertools_layer"
          ],
          "create_before_destroy": true
        }
      ]
    },
    {
      "mode": "managed",
      "type": "aws_lambda_permission",
      "name": "api_gateway_validation",
      "provider": "provider[\"registry.terraform.io/hashicorp/aws\"]",
      "instances": []
    },
    {
      "mode": "managed",
      "type": "aws_secretsmanager_secret",
      "name": "webhook_secrets",
      "provider": "provider[\"registry.terraform.io/hashicorp/aws\"]",
      "instances": [
        {
          "schema_version": 0,
          "attributes": {
            "arn": "arn:aws:secretsmanager:us-east-2:342597974367:secret:wh-synth24816359-webhook-secrets-18VU2F",
            "description": "Webhook validation secrets",
            "force_overwrite_replica_secret": false,
            "id": "arn:aws:secretsmanager:us-east-2:342597974367:secret:wh-synth24816359-webhook-secrets-18VU2F",
            "kms_key_id": "",
            "name": "wh-synth24816359-webhook-secrets",
            "name_prefix": "",
            "policy": "",
            "recovery_window_in_days": 7,
            "region": "us-east-2",
            "replica": [],
            "tags": {
              "AccountId": "342597974367",
              "CreatedDate": "2025-10-03T15:58:46Z",
              "Environment": "production",
              "EnvironmentSuffix": "synth24816359",
              "ManagedBy": "terraform",
              "Project": "webhook-processor",
              "Region": "us-east-2",
              "Terraform": "true"
            },
            "tags_all": {
              "AccountId": "342597974367",
              "CreatedDate": "2025-10-03T15:58:46Z",
              "Environment": "production",
              "EnvironmentSuffix": "synth24816359",
              "ManagedBy": "terraform",
              "Project": "webhook-processor",
              "Region": "us-east-2",
              "Terraform": "true"
            }
          },
          "sensitive_attributes": [],
          "private": "bnVsbA==",
          "dependencies": [
            "data.aws_caller_identity.current",
            "data.aws_region.current"
          ],
          "create_before_destroy": true
        }
      ]
    },
    {
      "mode": "managed",
      "type": "aws_secretsmanager_secret_version",
      "name": "webhook_secrets",
      "provider": "provider[\"registry.terraform.io/hashicorp/aws\"]",
      "instances": [
        {
          "schema_version": 0,
          "attributes": {
            "arn": "arn:aws:secretsmanager:us-east-2:342597974367:secret:wh-synth24816359-webhook-secrets-18VU2F",
            "has_secret_string_wo": null,
            "id": "arn:aws:secretsmanager:us-east-2:342597974367:secret:wh-synth24816359-webhook-secrets-18VU2F|terraform-20251003154711640000000002",
            "region": "us-east-2",
            "secret_binary": "",
            "secret_id": "arn:aws:secretsmanager:us-east-2:342597974367:secret:wh-synth24816359-webhook-secrets-18VU2F",
            "secret_string": "{\"github_secret\":\"placeholder-github-secret\",\"slack_secret\":\"placeholder-slack-secret\",\"stripe_secret\":\"placeholder-stripe-secret\"}",
            "secret_string_wo": null,
            "secret_string_wo_version": null,
            "version_id": "terraform-20251003154711640000000002",
            "version_stages": [
              "AWSCURRENT"
            ]
          },
          "sensitive_attributes": [],
          "private": "bnVsbA==",
          "dependencies": [
            "aws_secretsmanager_secret.webhook_secrets",
            "data.aws_caller_identity.current",
            "data.aws_region.current"
          ]
        }
      ]
    },
    {
      "mode": "managed",
      "type": "aws_sns_topic",
      "name": "alerts",
      "provider": "provider[\"registry.terraform.io/hashicorp/aws\"]",
      "instances": [
        {
          "schema_version": 0,
          "attributes": {
            "application_failure_feedback_role_arn": "",
            "application_success_feedback_role_arn": "",
            "application_success_feedback_sample_rate": 0,
            "archive_policy": "",
            "arn": "arn:aws:sns:us-east-2:342597974367:wh-synth24816359-alerts",
            "beginning_archive_time": "",
            "content_based_deduplication": false,
            "delivery_policy": "",
            "display_name": "",
            "fifo_throughput_scope": "",
            "fifo_topic": false,
            "firehose_failure_feedback_role_arn": "",
            "firehose_success_feedback_role_arn": "",
            "firehose_success_feedback_sample_rate": 0,
            "http_failure_feedback_role_arn": "",
            "http_success_feedback_role_arn": "",
            "http_success_feedback_sample_rate": 0,
            "id": "arn:aws:sns:us-east-2:342597974367:wh-synth24816359-alerts",
            "kms_master_key_id": "alias/aws/sns",
            "lambda_failure_feedback_role_arn": "",
            "lambda_success_feedback_role_arn": "",
            "lambda_success_feedback_sample_rate": 0,
            "name": "wh-synth24816359-alerts",
            "name_prefix": "",
            "owner": "342597974367",
            "policy": "{\"Id\":\"__default_policy_ID\",\"Statement\":[{\"Action\":[\"SNS:GetTopicAttributes\",\"SNS:SetTopicAttributes\",\"SNS:AddPermission\",\"SNS:RemovePermission\",\"SNS:DeleteTopic\",\"SNS:Subscribe\",\"SNS:ListSubscriptionsByTopic\",\"SNS:Publish\"],\"Condition\":{\"StringEquals\":{\"AWS:SourceOwner\":\"342597974367\"}},\"Effect\":\"Allow\",\"Principal\":{\"AWS\":\"*\"},\"Resource\":\"arn:aws:sns:us-east-2:342597974367:wh-synth24816359-alerts\",\"Sid\":\"__default_statement_ID\"}],\"Version\":\"2008-10-17\"}",
            "region": "us-east-2",
            "signature_version": 0,
            "sqs_failure_feedback_role_arn": "",
            "sqs_success_feedback_role_arn": "",
            "sqs_success_feedback_sample_rate": 0,
            "tags": {
              "AccountId": "342597974367",
              "CreatedDate": "2025-10-03T15:58:46Z",
              "Environment": "production",
              "EnvironmentSuffix": "synth24816359",
              "ManagedBy": "terraform",
              "Project": "webhook-processor",
              "Region": "us-east-2",
              "Terraform": "true"
            },
            "tags_all": {
              "AccountId": "342597974367",
              "CreatedDate": "2025-10-03T15:58:46Z",
              "Environment": "production",
              "EnvironmentSuffix": "synth24816359",
              "ManagedBy": "terraform",
              "Project": "webhook-processor",
              "Region": "us-east-2",
              "Terraform": "true"
            },
            "tracing_config": ""
          },
          "sensitive_attributes": [],
          "private": "bnVsbA==",
          "dependencies": [
            "data.aws_caller_identity.current",
            "data.aws_region.current"
          ]
        }
      ]
    },
    {
      "mode": "managed",
      "type": "aws_sns_topic_subscription",
      "name": "alert_email",
      "provider": "provider[\"registry.terraform.io/hashicorp/aws\"]",
      "instances": [
        {
          "schema_version": 0,
          "attributes": {
            "arn": "arn:aws:sns:us-east-2:342597974367:wh-synth24816359-alerts:fb7d5d15-3f12-4470-b465-b8e43bee37a3",
            "confirmation_timeout_in_minutes": 1,
            "confirmation_was_authenticated": false,
            "delivery_policy": "",
            "endpoint": "alerts@example.com",
            "endpoint_auto_confirms": false,
            "filter_policy": "",
            "filter_policy_scope": "",
            "id": "arn:aws:sns:us-east-2:342597974367:wh-synth24816359-alerts:fb7d5d15-3f12-4470-b465-b8e43bee37a3",
            "owner_id": "342597974367",
            "pending_confirmation": true,
            "protocol": "email",
            "raw_message_delivery": false,
            "redrive_policy": "",
            "region": "us-east-2",
            "replay_policy": "",
            "subscription_role_arn": "",
            "topic_arn": "arn:aws:sns:us-east-2:342597974367:wh-synth24816359-alerts"
          },
          "sensitive_attributes": [],
          "private": "bnVsbA==",
          "dependencies": [
            "aws_sns_topic.alerts",
            "data.aws_caller_identity.current",
            "data.aws_region.current"
          ]
        }
      ]
    },
    {
      "mode": "managed",
      "type": "aws_sqs_queue",
      "name": "webhook_dlq",
      "provider": "provider[\"registry.terraform.io/hashicorp/aws\"]",
      "instances": [
        {
          "schema_version": 0,
          "attributes": {
            "arn": "arn:aws:sqs:us-east-2:342597974367:wh-synth24816359-webhook-dlq",
            "content_based_deduplication": false,
            "deduplication_scope": "",
            "delay_seconds": 0,
            "fifo_queue": false,
            "fifo_throughput_limit": "",
            "id": "https://sqs.us-east-2.amazonaws.com/342597974367/wh-synth24816359-webhook-dlq",
            "kms_data_key_reuse_period_seconds": 300,
            "kms_master_key_id": "alias/aws/sqs",
            "max_message_size": 262144,
            "message_retention_seconds": 1209600,
            "name": "wh-synth24816359-webhook-dlq",
            "name_prefix": "",
            "policy": "",
            "receive_wait_time_seconds": 0,
            "redrive_allow_policy": "",
            "redrive_policy": "",
            "region": "us-east-2",
            "sqs_managed_sse_enabled": false,
            "tags": {
              "AccountId": "342597974367",
              "CreatedDate": "2025-10-03T15:58:46Z",
              "Environment": "production",
              "EnvironmentSuffix": "synth24816359",
              "ManagedBy": "terraform",
              "Project": "webhook-processor",
              "Region": "us-east-2",
              "Terraform": "true"
            },
            "tags_all": {
              "AccountId": "342597974367",
              "CreatedDate": "2025-10-03T15:58:46Z",
              "Environment": "production",
              "EnvironmentSuffix": "synth24816359",
              "ManagedBy": "terraform",
              "Project": "webhook-processor",
              "Region": "us-east-2",
              "Terraform": "true"
            },
            "timeouts": null,
            "url": "https://sqs.us-east-2.amazonaws.com/342597974367/wh-synth24816359-webhook-dlq",
            "visibility_timeout_seconds": 30
          },
          "sensitive_attributes": [],
          "private": "eyJlMmJmYjczMC1lY2FhLTExZTYtOGY4OC0zNDM2M2JjN2M0YzAiOnsiY3JlYXRlIjoxODAwMDAwMDAwMDAsImRlbGV0ZSI6MTgwMDAwMDAwMDAwLCJ1cGRhdGUiOjE4MDAwMDAwMDAwMH19",
          "dependencies": [
            "data.aws_caller_identity.current",
            "data.aws_region.current"
          ],
          "create_before_destroy": true
        }
      ]
    },
    {
      "mode": "managed",
      "type": "aws_sqs_queue",
      "name": "webhook_processing",
      "provider": "provider[\"registry.terraform.io/hashicorp/aws\"]",
      "instances": [
        {
          "schema_version": 0,
          "attributes": {
            "arn": "arn:aws:sqs:us-east-2:342597974367:wh-synth24816359-webhook-processing",
            "content_based_deduplication": false,
            "deduplication_scope": "",
            "delay_seconds": 0,
            "fifo_queue": false,
            "fifo_throughput_limit": "",
            "id": "https://sqs.us-east-2.amazonaws.com/342597974367/wh-synth24816359-webhook-processing",
            "kms_data_key_reuse_period_seconds": 300,
            "kms_master_key_id": "alias/aws/sqs",
            "max_message_size": 262144,
            "message_retention_seconds": 1209600,
            "name": "wh-synth24816359-webhook-processing",
            "name_prefix": "",
            "policy": "{\"Statement\":[{\"Action\":[\"sqs:SendMessage\",\"sqs:ReceiveMessage\",\"sqs:DeleteMessage\",\"sqs:GetQueueAttributes\"],\"Effect\":\"Allow\",\"Principal\":{\"Service\":\"lambda.amazonaws.com\"},\"Resource\":\"arn:aws:sqs:us-east-2:342597974367:wh-synth24816359-webhook-processing\"}],\"Version\":\"2012-10-17\"}",
            "receive_wait_time_seconds": 20,
            "redrive_allow_policy": "",
            "redrive_policy": "{\"deadLetterTargetArn\":\"arn:aws:sqs:us-east-2:342597974367:wh-synth24816359-webhook-dlq\",\"maxReceiveCount\":3}",
            "region": "us-east-2",
            "sqs_managed_sse_enabled": false,
            "tags": {
              "AccountId": "342597974367",
              "CreatedDate": "2025-10-03T15:58:46Z",
              "Environment": "production",
              "EnvironmentSuffix": "synth24816359",
              "ManagedBy": "terraform",
              "Project": "webhook-processor",
              "Region": "us-east-2",
              "Terraform": "true"
            },
            "tags_all": {
              "AccountId": "342597974367",
              "CreatedDate": "2025-10-03T15:58:46Z",
              "Environment": "production",
              "EnvironmentSuffix": "synth24816359",
              "ManagedBy": "terraform",
              "Project": "webhook-processor",
              "Region": "us-east-2",
              "Terraform": "true"
            },
            "timeouts": null,
            "url": "https://sqs.us-east-2.amazonaws.com/342597974367/wh-synth24816359-webhook-processing",
            "visibility_timeout_seconds": 180
          },
          "sensitive_attributes": [],
          "private": "eyJlMmJmYjczMC1lY2FhLTExZTYtOGY4OC0zNDM2M2JjN2M0YzAiOnsiY3JlYXRlIjoxODAwMDAwMDAwMDAsImRlbGV0ZSI6MTgwMDAwMDAwMDAwLCJ1cGRhdGUiOjE4MDAwMDAwMDAwMH19",
          "dependencies": [
            "aws_sqs_queue.webhook_dlq",
            "data.aws_caller_identity.current",
            "data.aws_region.current"
          ],
          "create_before_destroy": true
        }
      ]
    },
    {
      "mode": "managed",
      "type": "aws_sqs_queue_policy",
      "name": "webhook_processing",
      "provider": "provider[\"registry.terraform.io/hashicorp/aws\"]",
      "instances": [
        {
          "schema_version": 1,
          "attributes": {
            "id": "https://sqs.us-east-2.amazonaws.com/342597974367/wh-synth24816359-webhook-processing",
            "policy": "{\"Statement\":[{\"Action\":[\"sqs:SendMessage\",\"sqs:ReceiveMessage\",\"sqs:DeleteMessage\",\"sqs:GetQueueAttributes\"],\"Effect\":\"Allow\",\"Principal\":{\"Service\":\"lambda.amazonaws.com\"},\"Resource\":\"arn:aws:sqs:us-east-2:342597974367:wh-synth24816359-webhook-processing\"}],\"Version\":\"2012-10-17\"}",
            "queue_url": "https://sqs.us-east-2.amazonaws.com/342597974367/wh-synth24816359-webhook-processing",
            "region": "us-east-2"
          },
          "sensitive_attributes": [],
          "private": "eyJzY2hlbWFfdmVyc2lvbiI6IjEifQ==",
          "dependencies": [
            "aws_sqs_queue.webhook_dlq",
            "aws_sqs_queue.webhook_processing",
            "data.aws_caller_identity.current",
            "data.aws_region.current"
          ]
        }
      ]
    }
  ],
  "check_results": null
}
