{
  "version": 4,
  "terraform_version": "1.6.6",
  "serial": 83,
  "lineage": "13f071ac-0bc0-9469-8f56-c5d23e0c67b7",
  "outputs": {
    "dev_security_group_id": {
      "value": "sg-83aadc9fbf8d3edcb",
      "type": "string"
    },
    "dev_vpc_id": {
      "value": "vpc-4961c31b42ff15b66",
      "type": "string"
    },
    "prod_instance_ids": {
      "value": [
        "i-e1c2a37607e1f9ffb",
        "i-6d6a0b2518067c5ac"
      ],
      "type": [
        "tuple",
        [
          "string",
          "string"
        ]
      ]
    },
    "prod_instance_public_ips": {
      "value": [
        "",
        ""
      ],
      "type": [
        "tuple",
        [
          "string",
          "string"
        ]
      ]
    },
    "prod_security_group_id": {
      "value": "sg-b80232b1973cbf2a3",
      "type": "string"
    },
    "prod_vpc_id": {
      "value": "vpc-ff40f4a02c0831bee",
      "type": "string"
    },
    "staging_security_group_id": {
      "value": "sg-b011e137ab7410ae6",
      "type": "string"
    },
    "staging_vpc_id": {
      "value": "vpc-da891db68e07d90b8",
      "type": "string"
    }
  },
  "resources": [
    {
      "mode": "data",
      "type": "aws_availability_zones",
      "name": "available",
      "provider": "provider[\"registry.terraform.io/hashicorp/aws\"]",
      "instances": [
        {
          "schema_version": 0,
          "attributes": {
            "all_availability_zones": null,
            "exclude_names": null,
            "exclude_zone_ids": null,
            "filter": null,
            "group_names": [
              ""
            ],
            "id": "us-west-2",
            "names": [
              "us-west-2a",
              "us-west-2b",
              "us-west-2c",
              "us-west-2d"
            ],
            "region": "us-west-2",
            "state": "available",
            "timeouts": null,
            "zone_ids": [
              "usw2-az2",
              "usw2-az1",
              "usw2-az3",
              "usw2-az4"
            ]
          },
          "sensitive_attributes": []
        }
      ]
    },
    {
      "module": "module.dev_environment",
      "mode": "data",
      "type": "aws_ami",
      "name": "amazon_linux",
      "provider": "provider[\"registry.terraform.io/hashicorp/aws\"]",
      "instances": [
        {
          "schema_version": 0,
          "attributes": {
            "allow_unsafe_filter": null,
            "architecture": "x86_64",
            "arn": "arn:aws:ec2:us-west-2::image/ami-04681a1dbd79675a5",
            "block_device_mappings": [
              {
                "device_name": "/dev/xvda",
                "ebs": {
                  "delete_on_termination": "false",
                  "encrypted": "false",
                  "iops": "0",
                  "snapshot_id": "snap-df31830134ded8953",
                  "throughput": "0",
                  "volume_initialization_rate": "0",
                  "volume_size": "15",
                  "volume_type": "standard"
                },
                "no_device": "",
                "virtual_name": ""
              }
            ],
            "boot_mode": "uefi",
            "creation_date": "2025-12-25T02:37:24.000Z",
            "deprecation_time": "",
            "description": "Amazon Linux 2 AMI 2.0.20180810 x86_64 HVM gp2",
            "ena_support": false,
            "executable_users": null,
            "filter": [
              {
                "name": "name",
                "values": [
                  "amzn2-ami-hvm-*-x86_64-gp2"
                ]
              },
              {
                "name": "virtualization-type",
                "values": [
                  "hvm"
                ]
              }
            ],
            "hypervisor": "xen",
            "id": "ami-04681a1dbd79675a5",
            "image_id": "ami-04681a1dbd79675a5",
            "image_location": "amazon/amzn2-ami-hvm-2.0.20180810-x86_64-gp2",
            "image_owner_alias": "amazon",
            "image_type": "machine",
            "imds_support": "",
            "include_deprecated": false,
            "kernel_id": "",
            "last_launched_time": "",
            "most_recent": true,
            "name": "amzn2-ami-hvm-2.0.20180810-x86_64-gp2",
            "name_regex": null,
            "owner_id": "137112412989",
            "owners": [
              "amazon"
            ],
            "platform": "Linux/UNIX",
            "platform_details": "",
            "product_codes": [],
            "public": true,
            "ramdisk_id": "",
            "region": "us-west-2",
            "root_device_name": "/dev/xvda",
            "root_device_type": "ebs",
            "root_snapshot_id": "snap-df31830134ded8953",
            "sriov_net_support": "",
            "state": "available",
            "state_reason": {
              "code": "UNSET",
              "message": "UNSET"
            },
            "tags": {},
            "timeouts": null,
            "tpm_support": "",
            "uefi_data": null,
            "usage_operation": "",
            "virtualization_type": "hvm"
          },
          "sensitive_attributes": []
        }
      ]
    },
    {
      "module": "module.dev_environment",
      "mode": "managed",
      "type": "aws_cloudwatch_log_group",
      "name": "vpc_flow_logs",
      "provider": "provider[\"registry.terraform.io/hashicorp/aws\"]",
      "instances": [
        {
          "schema_version": 0,
          "attributes": {
            "arn": "arn:aws:logs:us-west-2:000000000000:log-group:/aws/vpc/flowlogs/dev-9k2",
            "deletion_protection_enabled": false,
            "id": "/aws/vpc/flowlogs/dev-9k2",
            "kms_key_id": "",
            "log_group_class": "STANDARD",
            "name": "/aws/vpc/flowlogs/dev-9k2",
            "name_prefix": "",
            "region": "us-west-2",
            "retention_in_days": 30,
            "skip_destroy": false,
            "tags": {
              "Environment": "dev",
              "Name": "dev-vpc-flow-logs-9k2",
              "Owner": "DevOps Team",
              "Purpose": "Multi-Environment Infrastructure"
            },
            "tags_all": {
              "Environment": "dev",
              "Name": "dev-vpc-flow-logs-9k2",
              "Owner": "DevOps Team",
              "Purpose": "Multi-Environment Infrastructure"
            }
          },
          "sensitive_attributes": [],
          "private": "bnVsbA=="
        }
      ]
    },
    {
      "module": "module.dev_environment",
      "mode": "managed",
      "type": "aws_eip",
      "name": "nat",
      "provider": "provider[\"registry.terraform.io/hashicorp/aws\"]",
      "instances": [
        {
          "index_key": 0,
          "schema_version": 0,
          "attributes": {
            "address": null,
            "allocation_id": "eipalloc-bda73f0b53aeb7d26",
            "arn": "arn:aws:ec2:us-west-2:000000000000:elastic-ip/eipalloc-bda73f0b53aeb7d26",
            "associate_with_private_ip": null,
            "association_id": "",
            "carrier_ip": "",
            "customer_owned_ip": "",
            "customer_owned_ipv4_pool": "",
            "domain": "vpc",
            "id": "eipalloc-bda73f0b53aeb7d26",
            "instance": "",
            "ipam_pool_id": null,
            "network_border_group": "",
            "network_interface": "",
            "private_dns": null,
            "private_ip": "",
            "ptr_record": "",
            "public_dns": "ec2-127-115-80-61.us-west-2.compute.amazonaws.com",
            "public_ip": "127.115.80.61",
            "public_ipv4_pool": "",
            "region": "us-west-2",
            "tags": {
              "Environment": "dev",
              "Name": "dev-eip-1-9k2",
              "Owner": "DevOps Team",
              "Purpose": "Multi-Environment Infrastructure"
            },
            "tags_all": {
              "Environment": "dev",
              "Name": "dev-eip-1-9k2",
              "Owner": "DevOps Team",
              "Purpose": "Multi-Environment Infrastructure"
            },
            "timeouts": null
          },
          "sensitive_attributes": [],
          "private": "eyJlMmJmYjczMC1lY2FhLTExZTYtOGY4OC0zNDM2M2JjN2M0YzAiOnsiZGVsZXRlIjoxODAwMDAwMDAwMDAsInJlYWQiOjkwMDAwMDAwMDAwMCwidXBkYXRlIjozMDAwMDAwMDAwMDB9fQ==",
          "dependencies": [
            "module.dev_environment.aws_internet_gateway.main",
            "module.dev_environment.aws_vpc.main"
          ]
        },
        {
          "index_key": 1,
          "schema_version": 0,
          "attributes": {
            "address": null,
            "allocation_id": "eipalloc-1b02ea0db6aba7cfc",
            "arn": "arn:aws:ec2:us-west-2:000000000000:elastic-ip/eipalloc-1b02ea0db6aba7cfc",
            "associate_with_private_ip": null,
            "association_id": "",
            "carrier_ip": "",
            "customer_owned_ip": "",
            "customer_owned_ipv4_pool": "",
            "domain": "vpc",
            "id": "eipalloc-1b02ea0db6aba7cfc",
            "instance": "",
            "ipam_pool_id": null,
            "network_border_group": "",
            "network_interface": "",
            "private_dns": null,
            "private_ip": "",
            "ptr_record": "",
            "public_dns": "ec2-127-14-252-238.us-west-2.compute.amazonaws.com",
            "public_ip": "127.14.252.238",
            "public_ipv4_pool": "",
            "region": "us-west-2",
            "tags": {
              "Environment": "dev",
              "Name": "dev-eip-2-9k2",
              "Owner": "DevOps Team",
              "Purpose": "Multi-Environment Infrastructure"
            },
            "tags_all": {
              "Environment": "dev",
              "Name": "dev-eip-2-9k2",
              "Owner": "DevOps Team",
              "Purpose": "Multi-Environment Infrastructure"
            },
            "timeouts": null
          },
          "sensitive_attributes": [],
          "private": "eyJlMmJmYjczMC1lY2FhLTExZTYtOGY4OC0zNDM2M2JjN2M0YzAiOnsiZGVsZXRlIjoxODAwMDAwMDAwMDAsInJlYWQiOjkwMDAwMDAwMDAwMCwidXBkYXRlIjozMDAwMDAwMDAwMDB9fQ==",
          "dependencies": [
            "module.dev_environment.aws_internet_gateway.main",
            "module.dev_environment.aws_vpc.main"
          ]
        }
      ]
    },
    {
      "module": "module.dev_environment",
      "mode": "managed",
      "type": "aws_flow_log",
      "name": "vpc_flow_logs",
      "provider": "provider[\"registry.terraform.io/hashicorp/aws\"]",
      "instances": [
        {
          "schema_version": 1,
          "attributes": {
            "arn": "arn:aws:ec2:us-west-2:000000000000:vpc-flow-log/fl-d475306376103eb9a",
            "deliver_cross_account_role": "",
            "destination_options": [],
            "eni_id": null,
            "iam_role_arn": "arn:aws:iam::000000000000:role/dev-flow-logs-role-9k2",
            "id": "fl-d475306376103eb9a",
            "log_destination": "arn:aws:logs:us-west-2:000000000000:log-group:/aws/vpc/flowlogs/dev-9k2",
            "log_destination_type": "cloud-watch-logs",
            "log_format": "${version} ${account-id} ${interface-id} ${srcaddr} ${dstaddr} ${srcport} ${dstport} ${protocol} ${packets} ${bytes} ${start} ${end} ${action} ${log-status}",
            "max_aggregation_interval": 600,
            "region": "us-west-2",
            "regional_nat_gateway_id": null,
            "subnet_id": null,
            "tags": {
              "Environment": "dev",
              "Name": "dev-vpc-flow-logs-9k2",
              "Owner": "DevOps Team",
              "Purpose": "Multi-Environment Infrastructure"
            },
            "tags_all": {
              "Environment": "dev",
              "Name": "dev-vpc-flow-logs-9k2",
              "Owner": "DevOps Team",
              "Purpose": "Multi-Environment Infrastructure"
            },
            "traffic_type": "ALL",
            "transit_gateway_attachment_id": null,
            "transit_gateway_id": null,
            "vpc_id": "vpc-4961c31b42ff15b66"
          },
          "sensitive_attributes": [],
          "private": "eyJzY2hlbWFfdmVyc2lvbiI6IjEifQ==",
          "dependencies": [
            "module.dev_environment.aws_cloudwatch_log_group.vpc_flow_logs",
            "module.dev_environment.aws_iam_role.flow_logs_role",
            "module.dev_environment.aws_vpc.main"
          ]
        }
      ]
    },
    {
      "module": "module.dev_environment",
      "mode": "managed",
      "type": "aws_iam_instance_profile",
      "name": "ec2_profile",
      "provider": "provider[\"registry.terraform.io/hashicorp/aws\"]",
      "instances": [
        {
          "schema_version": 0,
          "attributes": {
            "arn": "arn:aws:iam::000000000000:instance-profile/dev-ec2-profile-9k2",
            "create_date": "2025-12-25T02:37:36Z",
            "id": "dev-ec2-profile-9k2",
            "name": "dev-ec2-profile-9k2",
            "name_prefix": "",
            "path": "/",
            "role": "dev-ec2-role-9k2",
            "tags": {
              "Environment": "dev",
              "Name": "dev-ec2-profile-9k2",
              "Owner": "DevOps Team",
              "Purpose": "Multi-Environment Infrastructure"
            },
            "tags_all": {
              "Environment": "dev",
              "Name": "dev-ec2-profile-9k2",
              "Owner": "DevOps Team",
              "Purpose": "Multi-Environment Infrastructure"
            },
            "unique_id": "ka8d5iwbd21qtix8okvy"
          },
          "sensitive_attributes": [],
          "private": "bnVsbA==",
          "dependencies": [
            "module.dev_environment.aws_iam_role.ec2_role"
          ]
        }
      ]
    },
    {
      "module": "module.dev_environment",
      "mode": "managed",
      "type": "aws_iam_role",
      "name": "ec2_role",
      "provider": "provider[\"registry.terraform.io/hashicorp/aws\"]",
      "instances": [
        {
          "schema_version": 0,
          "attributes": {
            "arn": "arn:aws:iam::000000000000:role/dev-ec2-role-9k2",
            "assume_role_policy": "{\"Statement\":[{\"Action\":\"sts:AssumeRole\",\"Effect\":\"Allow\",\"Principal\":{\"Service\":\"ec2.amazonaws.com\"}}],\"Version\":\"2012-10-17\"}",
            "create_date": "2025-12-25T02:37:36Z",
            "description": "",
            "force_detach_policies": false,
            "id": "dev-ec2-role-9k2",
            "inline_policy": [],
            "managed_policy_arns": [],
            "max_session_duration": 3600,
            "name": "dev-ec2-role-9k2",
            "name_prefix": "",
            "path": "/",
            "permissions_boundary": "",
            "tags": {
              "Environment": "dev",
              "Name": "dev-ec2-role-9k2",
              "Owner": "DevOps Team",
              "Purpose": "Multi-Environment Infrastructure"
            },
            "tags_all": {
              "Environment": "dev",
              "Name": "dev-ec2-role-9k2",
              "Owner": "DevOps Team",
              "Purpose": "Multi-Environment Infrastructure"
            },
            "unique_id": "AROAQAAAAAAAHNH5OVYJ3"
          },
          "sensitive_attributes": [],
          "private": "bnVsbA=="
        }
      ]
    },
    {
      "module": "module.dev_environment",
      "mode": "managed",
      "type": "aws_iam_role",
      "name": "flow_logs_role",
      "provider": "provider[\"registry.terraform.io/hashicorp/aws\"]",
      "instances": [
        {
          "schema_version": 0,
          "attributes": {
            "arn": "arn:aws:iam::000000000000:role/dev-flow-logs-role-9k2",
            "assume_role_policy": "{\"Statement\":[{\"Action\":\"sts:AssumeRole\",\"Effect\":\"Allow\",\"Principal\":{\"Service\":\"vpc-flow-logs.amazonaws.com\"}}],\"Version\":\"2012-10-17\"}",
            "create_date": "2025-12-25T02:37:36Z",
            "description": "",
            "force_detach_policies": false,
            "id": "dev-flow-logs-role-9k2",
            "inline_policy": [],
            "managed_policy_arns": [],
            "max_session_duration": 3600,
            "name": "dev-flow-logs-role-9k2",
            "name_prefix": "",
            "path": "/",
            "permissions_boundary": "",
            "tags": {
              "Environment": "dev",
              "Name": "dev-flow-logs-role-9k2",
              "Owner": "DevOps Team",
              "Purpose": "Multi-Environment Infrastructure"
            },
            "tags_all": {
              "Environment": "dev",
              "Name": "dev-flow-logs-role-9k2",
              "Owner": "DevOps Team",
              "Purpose": "Multi-Environment Infrastructure"
            },
            "unique_id": "AROAQAAAAAAAKIQXH3KJN"
          },
          "sensitive_attributes": [],
          "private": "bnVsbA=="
        }
      ]
    },
    {
      "module": "module.dev_environment",
      "mode": "managed",
      "type": "aws_iam_role_policy",
      "name": "ec2_policy",
      "provider": "provider[\"registry.terraform.io/hashicorp/aws\"]",
      "instances": [
        {
          "schema_version": 0,
          "attributes": {
            "id": "dev-ec2-role-9k2:dev-ec2-policy-9k2",
            "name": "dev-ec2-policy-9k2",
            "name_prefix": "",
            "policy": "{\"Version\":\"2012-10-17\",\"Statement\":[{\"Action\":[\"cloudwatch:PutMetricData\",\"ec2:DescribeVolumes\",\"ec2:DescribeTags\",\"logs:PutLogEvents\",\"logs:CreateLogGroup\",\"logs:CreateLogStream\"],\"Effect\":\"Allow\",\"Resource\":\"*\"},{\"Action\":[\"ssm:GetParameter\",\"ssm:PutParameter\"],\"Effect\":\"Allow\",\"Resource\":\"*\"}]}",
            "role": "dev-ec2-role-9k2"
          },
          "sensitive_attributes": [],
          "private": "bnVsbA==",
          "dependencies": [
            "module.dev_environment.aws_iam_role.ec2_role"
          ]
        }
      ]
    },
    {
      "module": "module.dev_environment",
      "mode": "managed",
      "type": "aws_iam_role_policy",
      "name": "flow_logs_policy",
      "provider": "provider[\"registry.terraform.io/hashicorp/aws\"]",
      "instances": [
        {
          "schema_version": 0,
          "attributes": {
            "id": "dev-flow-logs-role-9k2:dev-flow-logs-policy-9k2",
            "name": "dev-flow-logs-policy-9k2",
            "name_prefix": "",
            "policy": "{\"Version\":\"2012-10-17\",\"Statement\":[{\"Action\":[\"logs:CreateLogGroup\",\"logs:CreateLogStream\",\"logs:PutLogEvents\",\"logs:DescribeLogGroups\",\"logs:DescribeLogStreams\"],\"Effect\":\"Allow\",\"Resource\":\"*\"}]}",
            "role": "dev-flow-logs-role-9k2"
          },
          "sensitive_attributes": [],
          "private": "bnVsbA==",
          "dependencies": [
            "module.dev_environment.aws_iam_role.flow_logs_role"
          ]
        }
      ]
    },
    {
      "module": "module.dev_environment",
      "mode": "managed",
      "type": "aws_instance",
      "name": "web",
      "provider": "provider[\"registry.terraform.io/hashicorp/aws\"]",
      "instances": []
    },
    {
      "module": "module.dev_environment",
      "mode": "managed",
      "type": "aws_internet_gateway",
      "name": "main",
      "provider": "provider[\"registry.terraform.io/hashicorp/aws\"]",
      "instances": [
        {
          "schema_version": 0,
          "attributes": {
            "arn": "arn:aws:ec2:us-west-2:000000000000:internet-gateway/igw-7f29332a98f470c0b",
            "id": "igw-7f29332a98f470c0b",
            "owner_id": "000000000000",
            "region": "us-west-2",
            "tags": {
              "Environment": "dev",
              "Name": "dev-igw-9k2",
              "Owner": "DevOps Team",
              "Purpose": "Multi-Environment Infrastructure"
            },
            "tags_all": {
              "Environment": "dev",
              "Name": "dev-igw-9k2",
              "Owner": "DevOps Team",
              "Purpose": "Multi-Environment Infrastructure"
            },
            "timeouts": null,
            "vpc_id": "vpc-4961c31b42ff15b66"
          },
          "sensitive_attributes": [],
          "private": "eyJlMmJmYjczMC1lY2FhLTExZTYtOGY4OC0zNDM2M2JjN2M0YzAiOnsiY3JlYXRlIjoxMjAwMDAwMDAwMDAwLCJkZWxldGUiOjEyMDAwMDAwMDAwMDAsInVwZGF0ZSI6MTIwMDAwMDAwMDAwMH19",
          "dependencies": [
            "module.dev_environment.aws_vpc.main"
          ]
        }
      ]
    },
    {
      "module": "module.dev_environment",
      "mode": "managed",
      "type": "aws_nat_gateway",
      "name": "main",
      "provider": "provider[\"registry.terraform.io/hashicorp/aws\"]",
      "instances": [
        {
          "index_key": 0,
          "schema_version": 0,
          "attributes": {
            "allocation_id": "eipalloc-bda73f0b53aeb7d26",
            "association_id": null,
            "auto_provision_zones": null,
            "auto_scaling_ips": null,
            "availability_mode": "",
            "availability_zone_address": [],
            "connectivity_type": "public",
            "id": "nat-cb0a19105b3f02a16",
            "network_interface_id": null,
            "private_ip": null,
            "public_ip": null,
            "region": "us-west-2",
            "regional_nat_gateway_address": [],
            "regional_nat_gateway_auto_mode": null,
            "route_table_id": null,
            "secondary_allocation_ids": [],
            "secondary_private_ip_address_count": null,
            "secondary_private_ip_addresses": [],
            "subnet_id": "subnet-95c4076ebe0c23366",
            "tags": {
              "Environment": "dev",
              "Name": "dev-nat-1-9k2",
              "Owner": "DevOps Team",
              "Purpose": "Multi-Environment Infrastructure"
            },
            "tags_all": {
              "Environment": "dev",
              "Name": "dev-nat-1-9k2",
              "Owner": "DevOps Team",
              "Purpose": "Multi-Environment Infrastructure"
            },
            "timeouts": null,
            "vpc_id": "vpc-4961c31b42ff15b66"
          },
          "sensitive_attributes": [],
          "private": "eyJlMmJmYjczMC1lY2FhLTExZTYtOGY4OC0zNDM2M2JjN2M0YzAiOnsiY3JlYXRlIjo2MDAwMDAwMDAwMDAsImRlbGV0ZSI6MTgwMDAwMDAwMDAwMCwidXBkYXRlIjo2MDAwMDAwMDAwMDB9fQ==",
          "dependencies": [
            "data.aws_availability_zones.available",
            "module.dev_environment.aws_eip.nat",
            "module.dev_environment.aws_internet_gateway.main",
            "module.dev_environment.aws_subnet.public",
            "module.dev_environment.aws_vpc.main"
          ]
        },
        {
          "index_key": 1,
          "schema_version": 0,
          "attributes": {
            "allocation_id": "eipalloc-1b02ea0db6aba7cfc",
            "association_id": null,
            "auto_provision_zones": null,
            "auto_scaling_ips": null,
            "availability_mode": "",
            "availability_zone_address": [],
            "connectivity_type": "public",
            "id": "nat-9d3a7ff57cfb0b967",
            "network_interface_id": null,
            "private_ip": null,
            "public_ip": null,
            "region": "us-west-2",
            "regional_nat_gateway_address": [],
            "regional_nat_gateway_auto_mode": null,
            "route_table_id": null,
            "secondary_allocation_ids": [],
            "secondary_private_ip_address_count": null,
            "secondary_private_ip_addresses": [],
            "subnet_id": "subnet-da795c1d9b9efd7b4",
            "tags": {
              "Environment": "dev",
              "Name": "dev-nat-2-9k2",
              "Owner": "DevOps Team",
              "Purpose": "Multi-Environment Infrastructure"
            },
            "tags_all": {
              "Environment": "dev",
              "Name": "dev-nat-2-9k2",
              "Owner": "DevOps Team",
              "Purpose": "Multi-Environment Infrastructure"
            },
            "timeouts": null,
            "vpc_id": "vpc-4961c31b42ff15b66"
          },
          "sensitive_attributes": [],
          "private": "eyJlMmJmYjczMC1lY2FhLTExZTYtOGY4OC0zNDM2M2JjN2M0YzAiOnsiY3JlYXRlIjo2MDAwMDAwMDAwMDAsImRlbGV0ZSI6MTgwMDAwMDAwMDAwMCwidXBkYXRlIjo2MDAwMDAwMDAwMDB9fQ==",
          "dependencies": [
            "data.aws_availability_zones.available",
            "module.dev_environment.aws_eip.nat",
            "module.dev_environment.aws_internet_gateway.main",
            "module.dev_environment.aws_subnet.public",
            "module.dev_environment.aws_vpc.main"
          ]
        }
      ]
    },
    {
      "module": "module.dev_environment",
      "mode": "managed",
      "type": "aws_network_acl",
      "name": "private",
      "provider": "provider[\"registry.terraform.io/hashicorp/aws\"]",
      "instances": [
        {
          "schema_version": 0,
          "attributes": {
            "arn": "arn:aws:ec2:us-west-2:000000000000:network-acl/acl-51dd47fb49a2cbf33",
            "egress": [
              {
                "action": "allow",
                "cidr_block": "0.0.0.0/0",
                "from_port": 0,
                "icmp_code": null,
                "icmp_type": null,
                "ipv6_cidr_block": "",
                "protocol": "-1",
                "rule_no": 100,
                "to_port": 0
              }
            ],
            "id": "acl-51dd47fb49a2cbf33",
            "ingress": [
              {
                "action": "allow",
                "cidr_block": "0.0.0.0/0",
                "from_port": 1024,
                "icmp_code": null,
                "icmp_type": null,
                "ipv6_cidr_block": "",
                "protocol": "tcp",
                "rule_no": 130,
                "to_port": 65535
              },
              {
                "action": "allow",
                "cidr_block": "10.0.0.0/16",
                "from_port": 22,
                "icmp_code": null,
                "icmp_type": null,
                "ipv6_cidr_block": "",
                "protocol": "tcp",
                "rule_no": 100,
                "to_port": 22
              },
              {
                "action": "allow",
                "cidr_block": "10.0.0.0/16",
                "from_port": 443,
                "icmp_code": null,
                "icmp_type": null,
                "ipv6_cidr_block": "",
                "protocol": "tcp",
                "rule_no": 120,
                "to_port": 443
              },
              {
                "action": "allow",
                "cidr_block": "10.0.0.0/16",
                "from_port": 80,
                "icmp_code": null,
                "icmp_type": null,
                "ipv6_cidr_block": "",
                "protocol": "tcp",
                "rule_no": 110,
                "to_port": 80
              }
            ],
            "owner_id": "000000000000",
            "region": "us-west-2",
            "subnet_ids": [
              "subnet-783387fbcccc5c835",
              "subnet-dfabb0fe2c2ab6790"
            ],
            "tags": {
              "Environment": "dev",
              "Name": "dev-private-nacl-9k2",
              "Owner": "DevOps Team",
              "Purpose": "Multi-Environment Infrastructure"
            },
            "tags_all": {
              "Environment": "dev",
              "Name": "dev-private-nacl-9k2",
              "Owner": "DevOps Team",
              "Purpose": "Multi-Environment Infrastructure"
            },
            "vpc_id": "vpc-4961c31b42ff15b66"
          },
          "sensitive_attributes": [],
          "private": "bnVsbA==",
          "dependencies": [
            "data.aws_availability_zones.available",
            "module.dev_environment.aws_subnet.private",
            "module.dev_environment.aws_vpc.main"
          ]
        }
      ]
    },
    {
      "module": "module.dev_environment",
      "mode": "managed",
      "type": "aws_network_acl",
      "name": "public",
      "provider": "provider[\"registry.terraform.io/hashicorp/aws\"]",
      "instances": [
        {
          "schema_version": 0,
          "attributes": {
            "arn": "arn:aws:ec2:us-west-2:000000000000:network-acl/acl-3686fa97b67eb9765",
            "egress": [
              {
                "action": "allow",
                "cidr_block": "0.0.0.0/0",
                "from_port": 0,
                "icmp_code": null,
                "icmp_type": null,
                "ipv6_cidr_block": "",
                "protocol": "-1",
                "rule_no": 100,
                "to_port": 0
              }
            ],
            "id": "acl-3686fa97b67eb9765",
            "ingress": [
              {
                "action": "allow",
                "cidr_block": "0.0.0.0/0",
                "from_port": 1024,
                "icmp_code": null,
                "icmp_type": null,
                "ipv6_cidr_block": "",
                "protocol": "tcp",
                "rule_no": 130,
                "to_port": 65535
              },
              {
                "action": "allow",
                "cidr_block": "0.0.0.0/0",
                "from_port": 443,
                "icmp_code": null,
                "icmp_type": null,
                "ipv6_cidr_block": "",
                "protocol": "tcp",
                "rule_no": 110,
                "to_port": 443
              },
              {
                "action": "allow",
                "cidr_block": "0.0.0.0/0",
                "from_port": 80,
                "icmp_code": null,
                "icmp_type": null,
                "ipv6_cidr_block": "",
                "protocol": "tcp",
                "rule_no": 100,
                "to_port": 80
              },
              {
                "action": "allow",
                "cidr_block": "10.0.0.0/16",
                "from_port": 22,
                "icmp_code": null,
                "icmp_type": null,
                "ipv6_cidr_block": "",
                "protocol": "tcp",
                "rule_no": 120,
                "to_port": 22
              }
            ],
            "owner_id": "000000000000",
            "region": "us-west-2",
            "subnet_ids": [
              "subnet-95c4076ebe0c23366",
              "subnet-da795c1d9b9efd7b4"
            ],
            "tags": {
              "Environment": "dev",
              "Name": "dev-public-nacl-9k2",
              "Owner": "DevOps Team",
              "Purpose": "Multi-Environment Infrastructure"
            },
            "tags_all": {
              "Environment": "dev",
              "Name": "dev-public-nacl-9k2",
              "Owner": "DevOps Team",
              "Purpose": "Multi-Environment Infrastructure"
            },
            "vpc_id": "vpc-4961c31b42ff15b66"
          },
          "sensitive_attributes": [],
          "private": "bnVsbA==",
          "dependencies": [
            "data.aws_availability_zones.available",
            "module.dev_environment.aws_subnet.public",
            "module.dev_environment.aws_vpc.main"
          ]
        }
      ]
    },
    {
      "module": "module.dev_environment",
      "mode": "managed",
      "type": "aws_route_table",
      "name": "private",
      "provider": "provider[\"registry.terraform.io/hashicorp/aws\"]",
      "instances": [
        {
          "index_key": 0,
          "schema_version": 0,
          "attributes": {
            "arn": "arn:aws:ec2:us-west-2:000000000000:route-table/rtb-06aec6154edecf6f7",
            "id": "rtb-06aec6154edecf6f7",
            "owner_id": "000000000000",
            "propagating_vgws": [],
            "region": "us-west-2",
            "route": [
              {
                "carrier_gateway_id": "",
                "cidr_block": "0.0.0.0/0",
                "core_network_arn": "",
                "destination_prefix_list_id": "",
                "egress_only_gateway_id": "",
                "gateway_id": "",
                "ipv6_cidr_block": "",
                "local_gateway_id": "",
                "nat_gateway_id": "nat-cb0a19105b3f02a16",
                "network_interface_id": "",
                "transit_gateway_id": "",
                "vpc_endpoint_id": "",
                "vpc_peering_connection_id": ""
              }
            ],
            "tags": {
              "Environment": "dev",
              "Name": "dev-private-rt-1-9k2",
              "Owner": "DevOps Team",
              "Purpose": "Multi-Environment Infrastructure"
            },
            "tags_all": {
              "Environment": "dev",
              "Name": "dev-private-rt-1-9k2",
              "Owner": "DevOps Team",
              "Purpose": "Multi-Environment Infrastructure"
            },
            "timeouts": null,
            "vpc_id": "vpc-4961c31b42ff15b66"
          },
          "sensitive_attributes": [],
          "private": "eyJlMmJmYjczMC1lY2FhLTExZTYtOGY4OC0zNDM2M2JjN2M0YzAiOnsiY3JlYXRlIjozMDAwMDAwMDAwMDAsImRlbGV0ZSI6MzAwMDAwMDAwMDAwLCJ1cGRhdGUiOjEyMDAwMDAwMDAwMH19",
          "dependencies": [
            "data.aws_availability_zones.available",
            "module.dev_environment.aws_eip.nat",
            "module.dev_environment.aws_internet_gateway.main",
            "module.dev_environment.aws_nat_gateway.main",
            "module.dev_environment.aws_subnet.public",
            "module.dev_environment.aws_vpc.main"
          ]
        },
        {
          "index_key": 1,
          "schema_version": 0,
          "attributes": {
            "arn": "arn:aws:ec2:us-west-2:000000000000:route-table/rtb-a730e94721a99dda6",
            "id": "rtb-a730e94721a99dda6",
            "owner_id": "000000000000",
            "propagating_vgws": [],
            "region": "us-west-2",
            "route": [
              {
                "carrier_gateway_id": "",
                "cidr_block": "0.0.0.0/0",
                "core_network_arn": "",
                "destination_prefix_list_id": "",
                "egress_only_gateway_id": "",
                "gateway_id": "",
                "ipv6_cidr_block": "",
                "local_gateway_id": "",
                "nat_gateway_id": "nat-9d3a7ff57cfb0b967",
                "network_interface_id": "",
                "transit_gateway_id": "",
                "vpc_endpoint_id": "",
                "vpc_peering_connection_id": ""
              }
            ],
            "tags": {
              "Environment": "dev",
              "Name": "dev-private-rt-2-9k2",
              "Owner": "DevOps Team",
              "Purpose": "Multi-Environment Infrastructure"
            },
            "tags_all": {
              "Environment": "dev",
              "Name": "dev-private-rt-2-9k2",
              "Owner": "DevOps Team",
              "Purpose": "Multi-Environment Infrastructure"
            },
            "timeouts": null,
            "vpc_id": "vpc-4961c31b42ff15b66"
          },
          "sensitive_attributes": [],
          "private": "eyJlMmJmYjczMC1lY2FhLTExZTYtOGY4OC0zNDM2M2JjN2M0YzAiOnsiY3JlYXRlIjozMDAwMDAwMDAwMDAsImRlbGV0ZSI6MzAwMDAwMDAwMDAwLCJ1cGRhdGUiOjEyMDAwMDAwMDAwMH19",
          "dependencies": [
            "data.aws_availability_zones.available",
            "module.dev_environment.aws_eip.nat",
            "module.dev_environment.aws_internet_gateway.main",
            "module.dev_environment.aws_nat_gateway.main",
            "module.dev_environment.aws_subnet.public",
            "module.dev_environment.aws_vpc.main"
          ]
        }
      ]
    },
    {
      "module": "module.dev_environment",
      "mode": "managed",
      "type": "aws_route_table",
      "name": "public",
      "provider": "provider[\"registry.terraform.io/hashicorp/aws\"]",
      "instances": [
        {
          "schema_version": 0,
          "attributes": {
            "arn": "arn:aws:ec2:us-west-2:000000000000:route-table/rtb-631086963ad3af7a5",
            "id": "rtb-631086963ad3af7a5",
            "owner_id": "000000000000",
            "propagating_vgws": [],
            "region": "us-west-2",
            "route": [
              {
                "carrier_gateway_id": "",
                "cidr_block": "0.0.0.0/0",
                "core_network_arn": "",
                "destination_prefix_list_id": "",
                "egress_only_gateway_id": "",
                "gateway_id": "igw-7f29332a98f470c0b",
                "ipv6_cidr_block": "",
                "local_gateway_id": "",
                "nat_gateway_id": "",
                "network_interface_id": "",
                "transit_gateway_id": "",
                "vpc_endpoint_id": "",
                "vpc_peering_connection_id": ""
              }
            ],
            "tags": {
              "Environment": "dev",
              "Name": "dev-public-rt-9k2",
              "Owner": "DevOps Team",
              "Purpose": "Multi-Environment Infrastructure"
            },
            "tags_all": {
              "Environment": "dev",
              "Name": "dev-public-rt-9k2",
              "Owner": "DevOps Team",
              "Purpose": "Multi-Environment Infrastructure"
            },
            "timeouts": null,
            "vpc_id": "vpc-4961c31b42ff15b66"
          },
          "sensitive_attributes": [],
          "private": "eyJlMmJmYjczMC1lY2FhLTExZTYtOGY4OC0zNDM2M2JjN2M0YzAiOnsiY3JlYXRlIjozMDAwMDAwMDAwMDAsImRlbGV0ZSI6MzAwMDAwMDAwMDAwLCJ1cGRhdGUiOjEyMDAwMDAwMDAwMH19",
          "dependencies": [
            "module.dev_environment.aws_internet_gateway.main",
            "module.dev_environment.aws_vpc.main"
          ]
        }
      ]
    },
    {
      "module": "module.dev_environment",
      "mode": "managed",
      "type": "aws_route_table_association",
      "name": "private",
      "provider": "provider[\"registry.terraform.io/hashicorp/aws\"]",
      "instances": [
        {
          "index_key": 0,
          "schema_version": 0,
          "attributes": {
            "gateway_id": "",
            "id": "rtbassoc-eb99f46671b063b48",
            "region": "us-west-2",
            "route_table_id": "rtb-06aec6154edecf6f7",
            "subnet_id": "subnet-783387fbcccc5c835",
            "timeouts": null
          },
          "sensitive_attributes": [],
          "private": "eyJlMmJmYjczMC1lY2FhLTExZTYtOGY4OC0zNDM2M2JjN2M0YzAiOnsiY3JlYXRlIjozMDAwMDAwMDAwMDAsImRlbGV0ZSI6MzAwMDAwMDAwMDAwLCJ1cGRhdGUiOjEyMDAwMDAwMDAwMH19",
          "dependencies": [
            "data.aws_availability_zones.available",
            "module.dev_environment.aws_eip.nat",
            "module.dev_environment.aws_internet_gateway.main",
            "module.dev_environment.aws_nat_gateway.main",
            "module.dev_environment.aws_route_table.private",
            "module.dev_environment.aws_subnet.private",
            "module.dev_environment.aws_subnet.public",
            "module.dev_environment.aws_vpc.main"
          ]
        },
        {
          "index_key": 1,
          "schema_version": 0,
          "attributes": {
            "gateway_id": "",
            "id": "rtbassoc-674b8f9316fcb26ae",
            "region": "us-west-2",
            "route_table_id": "rtb-a730e94721a99dda6",
            "subnet_id": "subnet-dfabb0fe2c2ab6790",
            "timeouts": null
          },
          "sensitive_attributes": [],
          "private": "eyJlMmJmYjczMC1lY2FhLTExZTYtOGY4OC0zNDM2M2JjN2M0YzAiOnsiY3JlYXRlIjozMDAwMDAwMDAwMDAsImRlbGV0ZSI6MzAwMDAwMDAwMDAwLCJ1cGRhdGUiOjEyMDAwMDAwMDAwMH19",
          "dependencies": [
            "data.aws_availability_zones.available",
            "module.dev_environment.aws_eip.nat",
            "module.dev_environment.aws_internet_gateway.main",
            "module.dev_environment.aws_nat_gateway.main",
            "module.dev_environment.aws_route_table.private",
            "module.dev_environment.aws_subnet.private",
            "module.dev_environment.aws_subnet.public",
            "module.dev_environment.aws_vpc.main"
          ]
        }
      ]
    },
    {
      "module": "module.dev_environment",
      "mode": "managed",
      "type": "aws_route_table_association",
      "name": "public",
      "provider": "provider[\"registry.terraform.io/hashicorp/aws\"]",
      "instances": [
        {
          "index_key": 0,
          "schema_version": 0,
          "attributes": {
            "gateway_id": "",
            "id": "rtbassoc-339e0f869c0cd4b37",
            "region": "us-west-2",
            "route_table_id": "rtb-631086963ad3af7a5",
            "subnet_id": "subnet-95c4076ebe0c23366",
            "timeouts": null
          },
          "sensitive_attributes": [],
          "private": "eyJlMmJmYjczMC1lY2FhLTExZTYtOGY4OC0zNDM2M2JjN2M0YzAiOnsiY3JlYXRlIjozMDAwMDAwMDAwMDAsImRlbGV0ZSI6MzAwMDAwMDAwMDAwLCJ1cGRhdGUiOjEyMDAwMDAwMDAwMH19",
          "dependencies": [
            "data.aws_availability_zones.available",
            "module.dev_environment.aws_internet_gateway.main",
            "module.dev_environment.aws_route_table.public",
            "module.dev_environment.aws_subnet.public",
            "module.dev_environment.aws_vpc.main"
          ]
        },
        {
          "index_key": 1,
          "schema_version": 0,
          "attributes": {
            "gateway_id": "",
            "id": "rtbassoc-b2439dc5cd6365504",
            "region": "us-west-2",
            "route_table_id": "rtb-631086963ad3af7a5",
            "subnet_id": "subnet-da795c1d9b9efd7b4",
            "timeouts": null
          },
          "sensitive_attributes": [],
          "private": "eyJlMmJmYjczMC1lY2FhLTExZTYtOGY4OC0zNDM2M2JjN2M0YzAiOnsiY3JlYXRlIjozMDAwMDAwMDAwMDAsImRlbGV0ZSI6MzAwMDAwMDAwMDAwLCJ1cGRhdGUiOjEyMDAwMDAwMDAwMH19",
          "dependencies": [
            "data.aws_availability_zones.available",
            "module.dev_environment.aws_internet_gateway.main",
            "module.dev_environment.aws_route_table.public",
            "module.dev_environment.aws_subnet.public",
            "module.dev_environment.aws_vpc.main"
          ]
        }
      ]
    },
    {
      "module": "module.dev_environment",
      "mode": "managed",
      "type": "aws_security_group",
      "name": "web",
      "provider": "provider[\"registry.terraform.io/hashicorp/aws\"]",
      "instances": [
        {
          "schema_version": 1,
          "attributes": {
            "arn": "arn:aws:ec2:us-west-2:000000000000:security-group/sg-83aadc9fbf8d3edcb",
            "description": "Security group for web servers in dev environment",
            "egress": [
              {
                "cidr_blocks": [
                  "0.0.0.0/0"
                ],
                "description": "All outbound",
                "from_port": 0,
                "ipv6_cidr_blocks": [],
                "prefix_list_ids": [],
                "protocol": "-1",
                "security_groups": [],
                "self": false,
                "to_port": 0
              }
            ],
            "id": "sg-83aadc9fbf8d3edcb",
            "ingress": [
              {
                "cidr_blocks": [
                  "0.0.0.0/0"
                ],
                "description": "HTTP",
                "from_port": 80,
                "ipv6_cidr_blocks": [],
                "prefix_list_ids": [],
                "protocol": "tcp",
                "security_groups": [],
                "self": false,
                "to_port": 80
              },
              {
                "cidr_blocks": [
                  "0.0.0.0/0"
                ],
                "description": "HTTPS",
                "from_port": 443,
                "ipv6_cidr_blocks": [],
                "prefix_list_ids": [],
                "protocol": "tcp",
                "security_groups": [],
                "self": false,
                "to_port": 443
              },
              {
                "cidr_blocks": [
                  "10.0.0.0/16"
                ],
                "description": "SSH",
                "from_port": 22,
                "ipv6_cidr_blocks": [],
                "prefix_list_ids": [],
                "protocol": "tcp",
                "security_groups": [],
                "self": false,
                "to_port": 22
              }
            ],
            "name": "dev-web-sg-9k2",
            "name_prefix": "",
            "owner_id": "000000000000",
            "region": "us-west-2",
            "revoke_rules_on_delete": false,
            "tags": {
              "Environment": "dev",
              "Name": "dev-web-sg-9k2",
              "Owner": "DevOps Team",
              "Purpose": "Multi-Environment Infrastructure"
            },
            "tags_all": {
              "Environment": "dev",
              "Name": "dev-web-sg-9k2",
              "Owner": "DevOps Team",
              "Purpose": "Multi-Environment Infrastructure"
            },
            "timeouts": null,
            "vpc_id": "vpc-4961c31b42ff15b66"
          },
          "sensitive_attributes": [],
          "private": "eyJlMmJmYjczMC1lY2FhLTExZTYtOGY4OC0zNDM2M2JjN2M0YzAiOnsiY3JlYXRlIjo2MDAwMDAwMDAwMDAsImRlbGV0ZSI6OTAwMDAwMDAwMDAwfSwic2NoZW1hX3ZlcnNpb24iOiIxIn0=",
          "dependencies": [
            "module.dev_environment.aws_vpc.main"
          ]
        }
      ]
    },
    {
      "module": "module.dev_environment",
      "mode": "managed",
      "type": "aws_subnet",
      "name": "private",
      "provider": "provider[\"registry.terraform.io/hashicorp/aws\"]",
      "instances": [
        {
          "index_key": 0,
          "schema_version": 1,
          "attributes": {
            "arn": "arn:aws:ec2:us-west-2:000000000000:subnet/subnet-783387fbcccc5c835",
            "assign_ipv6_address_on_creation": false,
            "availability_zone": "us-west-2a",
            "availability_zone_id": "usw2-az2",
            "cidr_block": "10.0.10.0/24",
            "customer_owned_ipv4_pool": "",
            "enable_dns64": false,
            "enable_lni_at_device_index": 0,
            "enable_resource_name_dns_a_record_on_launch": false,
            "enable_resource_name_dns_aaaa_record_on_launch": false,
            "id": "subnet-783387fbcccc5c835",
            "ipv6_cidr_block": "",
            "ipv6_cidr_block_association_id": "",
            "ipv6_native": false,
            "map_customer_owned_ip_on_launch": false,
            "map_public_ip_on_launch": false,
            "outpost_arn": "",
            "owner_id": "000000000000",
            "private_dns_hostname_type_on_launch": "ip-name",
            "region": "us-west-2",
            "tags": {
              "Environment": "dev",
              "Name": "dev-private-subnet-1-9k2",
              "Owner": "DevOps Team",
              "Purpose": "Multi-Environment Infrastructure",
              "Type": "private"
            },
            "tags_all": {
              "Environment": "dev",
              "Name": "dev-private-subnet-1-9k2",
              "Owner": "DevOps Team",
              "Purpose": "Multi-Environment Infrastructure",
              "Type": "private"
            },
            "timeouts": null,
            "vpc_id": "vpc-4961c31b42ff15b66"
          },
          "sensitive_attributes": [],
          "private": "eyJlMmJmYjczMC1lY2FhLTExZTYtOGY4OC0zNDM2M2JjN2M0YzAiOnsiY3JlYXRlIjo2MDAwMDAwMDAwMDAsImRlbGV0ZSI6MTIwMDAwMDAwMDAwMH0sInNjaGVtYV92ZXJzaW9uIjoiMSJ9",
          "dependencies": [
            "data.aws_availability_zones.available",
            "module.dev_environment.aws_vpc.main"
          ]
        },
        {
          "index_key": 1,
          "schema_version": 1,
          "attributes": {
            "arn": "arn:aws:ec2:us-west-2:000000000000:subnet/subnet-dfabb0fe2c2ab6790",
            "assign_ipv6_address_on_creation": false,
            "availability_zone": "us-west-2b",
            "availability_zone_id": "usw2-az1",
            "cidr_block": "10.0.20.0/24",
            "customer_owned_ipv4_pool": "",
            "enable_dns64": false,
            "enable_lni_at_device_index": 0,
            "enable_resource_name_dns_a_record_on_launch": false,
            "enable_resource_name_dns_aaaa_record_on_launch": false,
            "id": "subnet-dfabb0fe2c2ab6790",
            "ipv6_cidr_block": "",
            "ipv6_cidr_block_association_id": "",
            "ipv6_native": false,
            "map_customer_owned_ip_on_launch": false,
            "map_public_ip_on_launch": false,
            "outpost_arn": "",
            "owner_id": "000000000000",
            "private_dns_hostname_type_on_launch": "ip-name",
            "region": "us-west-2",
            "tags": {
              "Environment": "dev",
              "Name": "dev-private-subnet-2-9k2",
              "Owner": "DevOps Team",
              "Purpose": "Multi-Environment Infrastructure",
              "Type": "private"
            },
            "tags_all": {
              "Environment": "dev",
              "Name": "dev-private-subnet-2-9k2",
              "Owner": "DevOps Team",
              "Purpose": "Multi-Environment Infrastructure",
              "Type": "private"
            },
            "timeouts": null,
            "vpc_id": "vpc-4961c31b42ff15b66"
          },
          "sensitive_attributes": [],
          "private": "eyJlMmJmYjczMC1lY2FhLTExZTYtOGY4OC0zNDM2M2JjN2M0YzAiOnsiY3JlYXRlIjo2MDAwMDAwMDAwMDAsImRlbGV0ZSI6MTIwMDAwMDAwMDAwMH0sInNjaGVtYV92ZXJzaW9uIjoiMSJ9",
          "dependencies": [
            "data.aws_availability_zones.available",
            "module.dev_environment.aws_vpc.main"
          ]
        }
      ]
    },
    {
      "module": "module.dev_environment",
      "mode": "managed",
      "type": "aws_subnet",
      "name": "public",
      "provider": "provider[\"registry.terraform.io/hashicorp/aws\"]",
      "instances": [
        {
          "index_key": 0,
          "schema_version": 1,
          "attributes": {
            "arn": "arn:aws:ec2:us-west-2:000000000000:subnet/subnet-95c4076ebe0c23366",
            "assign_ipv6_address_on_creation": false,
            "availability_zone": "us-west-2a",
            "availability_zone_id": "usw2-az2",
            "cidr_block": "10.0.1.0/24",
            "customer_owned_ipv4_pool": "",
            "enable_dns64": false,
            "enable_lni_at_device_index": 0,
            "enable_resource_name_dns_a_record_on_launch": false,
            "enable_resource_name_dns_aaaa_record_on_launch": false,
            "id": "subnet-95c4076ebe0c23366",
            "ipv6_cidr_block": "",
            "ipv6_cidr_block_association_id": "",
            "ipv6_native": false,
            "map_customer_owned_ip_on_launch": false,
            "map_public_ip_on_launch": true,
            "outpost_arn": "",
            "owner_id": "000000000000",
            "private_dns_hostname_type_on_launch": "ip-name",
            "region": "us-west-2",
            "tags": {
              "Environment": "dev",
              "Name": "dev-public-subnet-1-9k2",
              "Owner": "DevOps Team",
              "Purpose": "Multi-Environment Infrastructure",
              "Type": "public"
            },
            "tags_all": {
              "Environment": "dev",
              "Name": "dev-public-subnet-1-9k2",
              "Owner": "DevOps Team",
              "Purpose": "Multi-Environment Infrastructure",
              "Type": "public"
            },
            "timeouts": null,
            "vpc_id": "vpc-4961c31b42ff15b66"
          },
          "sensitive_attributes": [],
          "private": "eyJlMmJmYjczMC1lY2FhLTExZTYtOGY4OC0zNDM2M2JjN2M0YzAiOnsiY3JlYXRlIjo2MDAwMDAwMDAwMDAsImRlbGV0ZSI6MTIwMDAwMDAwMDAwMH0sInNjaGVtYV92ZXJzaW9uIjoiMSJ9",
          "dependencies": [
            "data.aws_availability_zones.available",
            "module.dev_environment.aws_vpc.main"
          ]
        },
        {
          "index_key": 1,
          "schema_version": 1,
          "attributes": {
            "arn": "arn:aws:ec2:us-west-2:000000000000:subnet/subnet-da795c1d9b9efd7b4",
            "assign_ipv6_address_on_creation": false,
            "availability_zone": "us-west-2b",
            "availability_zone_id": "usw2-az1",
            "cidr_block": "10.0.2.0/24",
            "customer_owned_ipv4_pool": "",
            "enable_dns64": false,
            "enable_lni_at_device_index": 0,
            "enable_resource_name_dns_a_record_on_launch": false,
            "enable_resource_name_dns_aaaa_record_on_launch": false,
            "id": "subnet-da795c1d9b9efd7b4",
            "ipv6_cidr_block": "",
            "ipv6_cidr_block_association_id": "",
            "ipv6_native": false,
            "map_customer_owned_ip_on_launch": false,
            "map_public_ip_on_launch": true,
            "outpost_arn": "",
            "owner_id": "000000000000",
            "private_dns_hostname_type_on_launch": "ip-name",
            "region": "us-west-2",
            "tags": {
              "Environment": "dev",
              "Name": "dev-public-subnet-2-9k2",
              "Owner": "DevOps Team",
              "Purpose": "Multi-Environment Infrastructure",
              "Type": "public"
            },
            "tags_all": {
              "Environment": "dev",
              "Name": "dev-public-subnet-2-9k2",
              "Owner": "DevOps Team",
              "Purpose": "Multi-Environment Infrastructure",
              "Type": "public"
            },
            "timeouts": null,
            "vpc_id": "vpc-4961c31b42ff15b66"
          },
          "sensitive_attributes": [],
          "private": "eyJlMmJmYjczMC1lY2FhLTExZTYtOGY4OC0zNDM2M2JjN2M0YzAiOnsiY3JlYXRlIjo2MDAwMDAwMDAwMDAsImRlbGV0ZSI6MTIwMDAwMDAwMDAwMH0sInNjaGVtYV92ZXJzaW9uIjoiMSJ9",
          "dependencies": [
            "data.aws_availability_zones.available",
            "module.dev_environment.aws_vpc.main"
          ]
        }
      ]
    },
    {
      "module": "module.dev_environment",
      "mode": "managed",
      "type": "aws_vpc",
      "name": "main",
      "provider": "provider[\"registry.terraform.io/hashicorp/aws\"]",
      "instances": [
        {
          "schema_version": 1,
          "attributes": {
            "arn": "arn:aws:ec2:us-west-2:000000000000:vpc/vpc-4961c31b42ff15b66",
            "assign_generated_ipv6_cidr_block": false,
            "cidr_block": "10.0.0.0/16",
            "default_network_acl_id": "acl-44217de75bdedcc01",
            "default_route_table_id": "rtb-ed77f0a6785483f9f",
            "default_security_group_id": "sg-9a1f67141636acf18",
            "dhcp_options_id": "default",
            "enable_dns_hostnames": true,
            "enable_dns_support": true,
            "enable_network_address_usage_metrics": false,
            "id": "vpc-4961c31b42ff15b66",
            "instance_tenancy": "default",
            "ipv4_ipam_pool_id": null,
            "ipv4_netmask_length": null,
            "ipv6_association_id": "",
            "ipv6_cidr_block": "",
            "ipv6_cidr_block_network_border_group": "",
            "ipv6_ipam_pool_id": "",
            "ipv6_netmask_length": 0,
            "main_route_table_id": "rtb-ed77f0a6785483f9f",
            "owner_id": "000000000000",
            "region": "us-west-2",
            "tags": {
              "Environment": "dev",
              "Name": "dev-vpc-9k2",
              "Owner": "DevOps Team",
              "Purpose": "Multi-Environment Infrastructure"
            },
            "tags_all": {
              "Environment": "dev",
              "Name": "dev-vpc-9k2",
              "Owner": "DevOps Team",
              "Purpose": "Multi-Environment Infrastructure"
            }
          },
          "sensitive_attributes": [],
          "private": "eyJzY2hlbWFfdmVyc2lvbiI6IjEifQ=="
        }
      ]
    },
    {
      "module": "module.prod_environment",
      "mode": "data",
      "type": "aws_ami",
      "name": "amazon_linux",
      "provider": "provider[\"registry.terraform.io/hashicorp/aws\"]",
      "instances": [
        {
          "schema_version": 0,
          "attributes": {
            "allow_unsafe_filter": null,
            "architecture": "x86_64",
            "arn": "arn:aws:ec2:us-west-2::image/ami-04681a1dbd79675a5",
            "block_device_mappings": [
              {
                "device_name": "/dev/xvda",
                "ebs": {
                  "delete_on_termination": "false",
                  "encrypted": "false",
                  "iops": "0",
                  "snapshot_id": "snap-df31830134ded8953",
                  "throughput": "0",
                  "volume_initialization_rate": "0",
                  "volume_size": "15",
                  "volume_type": "standard"
                },
                "no_device": "",
                "virtual_name": ""
              }
            ],
            "boot_mode": "uefi",
            "creation_date": "2025-12-25T02:37:24.000Z",
            "deprecation_time": "",
            "description": "Amazon Linux 2 AMI 2.0.20180810 x86_64 HVM gp2",
            "ena_support": false,
            "executable_users": null,
            "filter": [
              {
                "name": "name",
                "values": [
                  "amzn2-ami-hvm-*-x86_64-gp2"
                ]
              },
              {
                "name": "virtualization-type",
                "values": [
                  "hvm"
                ]
              }
            ],
            "hypervisor": "xen",
            "id": "ami-04681a1dbd79675a5",
            "image_id": "ami-04681a1dbd79675a5",
            "image_location": "amazon/amzn2-ami-hvm-2.0.20180810-x86_64-gp2",
            "image_owner_alias": "amazon",
            "image_type": "machine",
            "imds_support": "",
            "include_deprecated": false,
            "kernel_id": "",
            "last_launched_time": "",
            "most_recent": true,
            "name": "amzn2-ami-hvm-2.0.20180810-x86_64-gp2",
            "name_regex": null,
            "owner_id": "137112412989",
            "owners": [
              "amazon"
            ],
            "platform": "Linux/UNIX",
            "platform_details": "",
            "product_codes": [],
            "public": true,
            "ramdisk_id": "",
            "region": "us-west-2",
            "root_device_name": "/dev/xvda",
            "root_device_type": "ebs",
            "root_snapshot_id": "snap-df31830134ded8953",
            "sriov_net_support": "",
            "state": "available",
            "state_reason": {
              "code": "UNSET",
              "message": "UNSET"
            },
            "tags": {},
            "timeouts": null,
            "tpm_support": "",
            "uefi_data": null,
            "usage_operation": "",
            "virtualization_type": "hvm"
          },
          "sensitive_attributes": []
        }
      ]
    },
    {
      "module": "module.prod_environment",
      "mode": "managed",
      "type": "aws_cloudwatch_log_group",
      "name": "vpc_flow_logs",
      "provider": "provider[\"registry.terraform.io/hashicorp/aws\"]",
      "instances": [
        {
          "schema_version": 0,
          "attributes": {
            "arn": "arn:aws:logs:us-west-2:000000000000:log-group:/aws/vpc/flowlogs/prod-9k2",
            "deletion_protection_enabled": false,
            "id": "/aws/vpc/flowlogs/prod-9k2",
            "kms_key_id": "",
            "log_group_class": "STANDARD",
            "name": "/aws/vpc/flowlogs/prod-9k2",
            "name_prefix": "",
            "region": "us-west-2",
            "retention_in_days": 30,
            "skip_destroy": false,
            "tags": {
              "Environment": "prod",
              "Name": "prod-vpc-flow-logs-9k2",
              "Owner": "DevOps Team",
              "Purpose": "Multi-Environment Infrastructure"
            },
            "tags_all": {
              "Environment": "prod",
              "Name": "prod-vpc-flow-logs-9k2",
              "Owner": "DevOps Team",
              "Purpose": "Multi-Environment Infrastructure"
            }
          },
          "sensitive_attributes": [],
          "private": "bnVsbA=="
        }
      ]
    },
    {
      "module": "module.prod_environment",
      "mode": "managed",
      "type": "aws_eip",
      "name": "nat",
      "provider": "provider[\"registry.terraform.io/hashicorp/aws\"]",
      "instances": [
        {
          "index_key": 0,
          "schema_version": 0,
          "attributes": {
            "address": null,
            "allocation_id": "eipalloc-080044803f7ca53ea",
            "arn": "arn:aws:ec2:us-west-2:000000000000:elastic-ip/eipalloc-080044803f7ca53ea",
            "associate_with_private_ip": null,
            "association_id": "",
            "carrier_ip": "",
            "customer_owned_ip": "",
            "customer_owned_ipv4_pool": "",
            "domain": "vpc",
            "id": "eipalloc-080044803f7ca53ea",
            "instance": "",
            "ipam_pool_id": null,
            "network_border_group": "",
            "network_interface": "",
            "private_dns": null,
            "private_ip": "",
            "ptr_record": "",
            "public_dns": "ec2-127-196-153-142.us-west-2.compute.amazonaws.com",
            "public_ip": "127.196.153.142",
            "public_ipv4_pool": "",
            "region": "us-west-2",
            "tags": {
              "Environment": "prod",
              "Name": "prod-eip-1-9k2",
              "Owner": "DevOps Team",
              "Purpose": "Multi-Environment Infrastructure"
            },
            "tags_all": {
              "Environment": "prod",
              "Name": "prod-eip-1-9k2",
              "Owner": "DevOps Team",
              "Purpose": "Multi-Environment Infrastructure"
            },
            "timeouts": null
          },
          "sensitive_attributes": [],
          "private": "eyJlMmJmYjczMC1lY2FhLTExZTYtOGY4OC0zNDM2M2JjN2M0YzAiOnsiZGVsZXRlIjoxODAwMDAwMDAwMDAsInJlYWQiOjkwMDAwMDAwMDAwMCwidXBkYXRlIjozMDAwMDAwMDAwMDB9fQ==",
          "dependencies": [
            "module.prod_environment.aws_internet_gateway.main",
            "module.prod_environment.aws_vpc.main"
          ]
        },
        {
          "index_key": 1,
          "schema_version": 0,
          "attributes": {
            "address": null,
            "allocation_id": "eipalloc-fc1e91a4275cdc88f",
            "arn": "arn:aws:ec2:us-west-2:000000000000:elastic-ip/eipalloc-fc1e91a4275cdc88f",
            "associate_with_private_ip": null,
            "association_id": "",
            "carrier_ip": "",
            "customer_owned_ip": "",
            "customer_owned_ipv4_pool": "",
            "domain": "vpc",
            "id": "eipalloc-fc1e91a4275cdc88f",
            "instance": "",
            "ipam_pool_id": null,
            "network_border_group": "",
            "network_interface": "",
            "private_dns": null,
            "private_ip": "",
            "ptr_record": "",
            "public_dns": "ec2-127-74-238-105.us-west-2.compute.amazonaws.com",
            "public_ip": "127.74.238.105",
            "public_ipv4_pool": "",
            "region": "us-west-2",
            "tags": {
              "Environment": "prod",
              "Name": "prod-eip-2-9k2",
              "Owner": "DevOps Team",
              "Purpose": "Multi-Environment Infrastructure"
            },
            "tags_all": {
              "Environment": "prod",
              "Name": "prod-eip-2-9k2",
              "Owner": "DevOps Team",
              "Purpose": "Multi-Environment Infrastructure"
            },
            "timeouts": null
          },
          "sensitive_attributes": [],
          "private": "eyJlMmJmYjczMC1lY2FhLTExZTYtOGY4OC0zNDM2M2JjN2M0YzAiOnsiZGVsZXRlIjoxODAwMDAwMDAwMDAsInJlYWQiOjkwMDAwMDAwMDAwMCwidXBkYXRlIjozMDAwMDAwMDAwMDB9fQ==",
          "dependencies": [
            "module.prod_environment.aws_internet_gateway.main",
            "module.prod_environment.aws_vpc.main"
          ]
        }
      ]
    },
    {
      "module": "module.prod_environment",
      "mode": "managed",
      "type": "aws_flow_log",
      "name": "vpc_flow_logs",
      "provider": "provider[\"registry.terraform.io/hashicorp/aws\"]",
      "instances": [
        {
          "schema_version": 1,
          "attributes": {
            "arn": "arn:aws:ec2:us-west-2:000000000000:vpc-flow-log/fl-9148f87fac0a8f623",
            "deliver_cross_account_role": "",
            "destination_options": [],
            "eni_id": null,
            "iam_role_arn": "arn:aws:iam::000000000000:role/prod-flow-logs-role-9k2",
            "id": "fl-9148f87fac0a8f623",
            "log_destination": "arn:aws:logs:us-west-2:000000000000:log-group:/aws/vpc/flowlogs/prod-9k2",
            "log_destination_type": "cloud-watch-logs",
            "log_format": "${version} ${account-id} ${interface-id} ${srcaddr} ${dstaddr} ${srcport} ${dstport} ${protocol} ${packets} ${bytes} ${start} ${end} ${action} ${log-status}",
            "max_aggregation_interval": 600,
            "region": "us-west-2",
            "regional_nat_gateway_id": null,
            "subnet_id": null,
            "tags": {
              "Environment": "prod",
              "Name": "prod-vpc-flow-logs-9k2",
              "Owner": "DevOps Team",
              "Purpose": "Multi-Environment Infrastructure"
            },
            "tags_all": {
              "Environment": "prod",
              "Name": "prod-vpc-flow-logs-9k2",
              "Owner": "DevOps Team",
              "Purpose": "Multi-Environment Infrastructure"
            },
            "traffic_type": "ALL",
            "transit_gateway_attachment_id": null,
            "transit_gateway_id": null,
            "vpc_id": "vpc-ff40f4a02c0831bee"
          },
          "sensitive_attributes": [],
          "private": "eyJzY2hlbWFfdmVyc2lvbiI6IjEifQ==",
          "dependencies": [
            "module.prod_environment.aws_cloudwatch_log_group.vpc_flow_logs",
            "module.prod_environment.aws_iam_role.flow_logs_role",
            "module.prod_environment.aws_vpc.main"
          ]
        }
      ]
    },
    {
      "module": "module.prod_environment",
      "mode": "managed",
      "type": "aws_iam_instance_profile",
      "name": "ec2_profile",
      "provider": "provider[\"registry.terraform.io/hashicorp/aws\"]",
      "instances": [
        {
          "schema_version": 0,
          "attributes": {
            "arn": "arn:aws:iam::000000000000:instance-profile/prod-ec2-profile-9k2",
            "create_date": "2025-12-25T02:37:37Z",
            "id": "prod-ec2-profile-9k2",
            "name": "prod-ec2-profile-9k2",
            "name_prefix": "",
            "path": "/",
            "role": "prod-ec2-role-9k2",
            "tags": {
              "Environment": "prod",
              "Name": "prod-ec2-profile-9k2",
              "Owner": "DevOps Team",
              "Purpose": "Multi-Environment Infrastructure"
            },
            "tags_all": {
              "Environment": "prod",
              "Name": "prod-ec2-profile-9k2",
              "Owner": "DevOps Team",
              "Purpose": "Multi-Environment Infrastructure"
            },
            "unique_id": "ut4c1lqk7ni1qb03w63t"
          },
          "sensitive_attributes": [],
          "private": "bnVsbA==",
          "dependencies": [
            "module.prod_environment.aws_iam_role.ec2_role"
          ]
        }
      ]
    },
    {
      "module": "module.prod_environment",
      "mode": "managed",
      "type": "aws_iam_role",
      "name": "ec2_role",
      "provider": "provider[\"registry.terraform.io/hashicorp/aws\"]",
      "instances": [
        {
          "schema_version": 0,
          "attributes": {
            "arn": "arn:aws:iam::000000000000:role/prod-ec2-role-9k2",
            "assume_role_policy": "{\"Statement\":[{\"Action\":\"sts:AssumeRole\",\"Effect\":\"Allow\",\"Principal\":{\"Service\":\"ec2.amazonaws.com\"}}],\"Version\":\"2012-10-17\"}",
            "create_date": "2025-12-25T02:37:36Z",
            "description": "",
            "force_detach_policies": false,
            "id": "prod-ec2-role-9k2",
            "inline_policy": [],
            "managed_policy_arns": [],
            "max_session_duration": 3600,
            "name": "prod-ec2-role-9k2",
            "name_prefix": "",
            "path": "/",
            "permissions_boundary": "",
            "tags": {
              "Environment": "prod",
              "Name": "prod-ec2-role-9k2",
              "Owner": "DevOps Team",
              "Purpose": "Multi-Environment Infrastructure"
            },
            "tags_all": {
              "Environment": "prod",
              "Name": "prod-ec2-role-9k2",
              "Owner": "DevOps Team",
              "Purpose": "Multi-Environment Infrastructure"
            },
            "unique_id": "AROAQAAAAAAAMRBV62R27"
          },
          "sensitive_attributes": [],
          "private": "bnVsbA=="
        }
      ]
    },
    {
      "module": "module.prod_environment",
      "mode": "managed",
      "type": "aws_iam_role",
      "name": "flow_logs_role",
      "provider": "provider[\"registry.terraform.io/hashicorp/aws\"]",
      "instances": [
        {
          "schema_version": 0,
          "attributes": {
            "arn": "arn:aws:iam::000000000000:role/prod-flow-logs-role-9k2",
            "assume_role_policy": "{\"Statement\":[{\"Action\":\"sts:AssumeRole\",\"Effect\":\"Allow\",\"Principal\":{\"Service\":\"vpc-flow-logs.amazonaws.com\"}}],\"Version\":\"2012-10-17\"}",
            "create_date": "2025-12-25T02:37:36Z",
            "description": "",
            "force_detach_policies": false,
            "id": "prod-flow-logs-role-9k2",
            "inline_policy": [],
            "managed_policy_arns": [],
            "max_session_duration": 3600,
            "name": "prod-flow-logs-role-9k2",
            "name_prefix": "",
            "path": "/",
            "permissions_boundary": "",
            "tags": {
              "Environment": "prod",
              "Name": "prod-flow-logs-role-9k2",
              "Owner": "DevOps Team",
              "Purpose": "Multi-Environment Infrastructure"
            },
            "tags_all": {
              "Environment": "prod",
              "Name": "prod-flow-logs-role-9k2",
              "Owner": "DevOps Team",
              "Purpose": "Multi-Environment Infrastructure"
            },
            "unique_id": "AROAQAAAAAAAFWZQWOZY3"
          },
          "sensitive_attributes": [],
          "private": "bnVsbA=="
        }
      ]
    },
    {
      "module": "module.prod_environment",
      "mode": "managed",
      "type": "aws_iam_role_policy",
      "name": "ec2_policy",
      "provider": "provider[\"registry.terraform.io/hashicorp/aws\"]",
      "instances": [
        {
          "schema_version": 0,
          "attributes": {
            "id": "prod-ec2-role-9k2:prod-ec2-policy-9k2",
            "name": "prod-ec2-policy-9k2",
            "name_prefix": "",
            "policy": "{\"Version\":\"2012-10-17\",\"Statement\":[{\"Action\":[\"cloudwatch:PutMetricData\",\"ec2:DescribeVolumes\",\"ec2:DescribeTags\",\"logs:PutLogEvents\",\"logs:CreateLogGroup\",\"logs:CreateLogStream\"],\"Effect\":\"Allow\",\"Resource\":\"*\"},{\"Action\":[\"ssm:GetParameter\",\"ssm:PutParameter\"],\"Effect\":\"Allow\",\"Resource\":\"*\"}]}",
            "role": "prod-ec2-role-9k2"
          },
          "sensitive_attributes": [],
          "private": "bnVsbA==",
          "dependencies": [
            "module.prod_environment.aws_iam_role.ec2_role"
          ]
        }
      ]
    },
    {
      "module": "module.prod_environment",
      "mode": "managed",
      "type": "aws_iam_role_policy",
      "name": "flow_logs_policy",
      "provider": "provider[\"registry.terraform.io/hashicorp/aws\"]",
      "instances": [
        {
          "schema_version": 0,
          "attributes": {
            "id": "prod-flow-logs-role-9k2:prod-flow-logs-policy-9k2",
            "name": "prod-flow-logs-policy-9k2",
            "name_prefix": "",
            "policy": "{\"Version\":\"2012-10-17\",\"Statement\":[{\"Action\":[\"logs:CreateLogGroup\",\"logs:CreateLogStream\",\"logs:PutLogEvents\",\"logs:DescribeLogGroups\",\"logs:DescribeLogStreams\"],\"Effect\":\"Allow\",\"Resource\":\"*\"}]}",
            "role": "prod-flow-logs-role-9k2"
          },
          "sensitive_attributes": [],
          "private": "bnVsbA==",
          "dependencies": [
            "module.prod_environment.aws_iam_role.flow_logs_role"
          ]
        }
      ]
    },
    {
      "module": "module.prod_environment",
      "mode": "managed",
      "type": "aws_instance",
      "name": "web",
      "provider": "provider[\"registry.terraform.io/hashicorp/aws\"]",
      "instances": [
        {
          "index_key": 0,
          "schema_version": 2,
          "attributes": {
            "ami": "ami-04681a1dbd79675a5",
            "arn": "arn:aws:ec2:us-west-2:000000000000:instance/i-e1c2a37607e1f9ffb",
            "associate_public_ip_address": true,
            "availability_zone": "us-west-2a",
            "capacity_reservation_specification": [],
            "cpu_options": [],
            "credit_specification": [],
            "disable_api_stop": false,
            "disable_api_termination": false,
            "ebs_block_device": [
              {
                "delete_on_termination": true,
                "device_name": "/dev/sda1",
                "encrypted": false,
                "iops": 0,
                "kms_key_id": "",
                "snapshot_id": "",
                "tags": {},
                "tags_all": {},
                "throughput": 0,
                "volume_id": "vol-73524aa5614700f58",
                "volume_size": 8,
                "volume_type": "gp2"
              }
            ],
            "ebs_optimized": false,
            "enable_primary_ipv6": null,
            "enclave_options": [],
            "ephemeral_block_device": [],
            "force_destroy": false,
            "get_password_data": false,
            "hibernation": false,
            "host_id": "",
            "host_resource_group_arn": null,
            "iam_instance_profile": "prod-ec2-profile-9k2",
            "id": "i-e1c2a37607e1f9ffb",
            "instance_initiated_shutdown_behavior": "stop",
            "instance_lifecycle": "",
            "instance_market_options": [],
            "instance_state": "running",
            "instance_type": "m5.large",
            "ipv6_address_count": 0,
            "ipv6_addresses": [],
            "key_name": "",
            "launch_template": [],
            "maintenance_options": [],
            "metadata_options": [
              {
                "http_endpoint": "enabled",
                "http_protocol_ipv6": "disabled",
                "http_put_response_hop_limit": 1,
                "http_tokens": "optional",
                "instance_metadata_tags": "disabled"
              }
            ],
            "monitoring": false,
            "network_interface": [],
            "outpost_arn": "",
            "password_data": "",
            "placement_group": "",
            "placement_group_id": "",
            "placement_partition_number": 0,
            "primary_network_interface": [
              {
                "delete_on_termination": false,
                "network_interface_id": "eni-43be85be4387d8438"
              }
            ],
            "primary_network_interface_id": "eni-43be85be4387d8438",
            "private_dns": "ip-10-2-10-4.us-west-2.compute.internal",
            "private_dns_name_options": [],
            "private_ip": "10.2.10.4",
            "public_dns": "",
            "public_ip": "",
            "region": "us-west-2",
            "root_block_device": [],
            "secondary_private_ips": [],
            "security_groups": [],
            "source_dest_check": true,
            "spot_instance_request_id": "",
            "subnet_id": "subnet-07d54259341875586",
            "tags": {
              "Environment": "prod",
              "Name": "prod-webserver-1-9k2",
              "Owner": "DevOps Team",
              "Purpose": "Multi-Environment Infrastructure"
            },
            "tags_all": {
              "Environment": "prod",
              "Name": "prod-webserver-1-9k2",
              "Owner": "DevOps Team",
              "Purpose": "Multi-Environment Infrastructure"
            },
            "tenancy": "default",
            "timeouts": null,
            "user_data": null,
            "user_data_base64": "IyEvYmluL2Jhc2gKeXVtIHVwZGF0ZSAteQp5dW0gaW5zdGFsbCAteSBodHRwZApzeXN0ZW1jdGwgc3RhcnQgaHR0cGQKc3lzdGVtY3RsIGVuYWJsZSBodHRwZAplY2hvICI8aDE+SGVsbG8gZnJvbSBwcm9kIGVudmlyb25tZW50IC0gSW5zdGFuY2UgMTwvaDE+IiA+IC92YXIvd3d3L2h0bWwvaW5kZXguaHRtbAo=",
            "user_data_replace_on_change": false,
            "volume_tags": null,
            "vpc_security_group_ids": [
              "sg-b80232b1973cbf2a3"
            ]
          },
          "sensitive_attributes": [],
          "private": "eyJlMmJmYjczMC1lY2FhLTExZTYtOGY4OC0zNDM2M2JjN2M0YzAiOnsiY3JlYXRlIjo2MDAwMDAwMDAwMDAsImRlbGV0ZSI6MTIwMDAwMDAwMDAwMCwicmVhZCI6OTAwMDAwMDAwMDAwLCJ1cGRhdGUiOjYwMDAwMDAwMDAwMH0sInNjaGVtYV92ZXJzaW9uIjoiMiJ9",
          "dependencies": [
            "data.aws_availability_zones.available",
            "module.prod_environment.aws_iam_instance_profile.ec2_profile",
            "module.prod_environment.aws_iam_role.ec2_role",
            "module.prod_environment.aws_security_group.web",
            "module.prod_environment.aws_subnet.private",
            "module.prod_environment.aws_vpc.main",
            "module.prod_environment.data.aws_ami.amazon_linux"
          ]
        },
        {
          "index_key": 1,
          "schema_version": 2,
          "attributes": {
            "ami": "ami-04681a1dbd79675a5",
            "arn": "arn:aws:ec2:us-west-2:000000000000:instance/i-6d6a0b2518067c5ac",
            "associate_public_ip_address": true,
            "availability_zone": "us-west-2b",
            "capacity_reservation_specification": [],
            "cpu_options": [],
            "credit_specification": [],
            "disable_api_stop": false,
            "disable_api_termination": false,
            "ebs_block_device": [
              {
                "delete_on_termination": true,
                "device_name": "/dev/sda1",
                "encrypted": false,
                "iops": 0,
                "kms_key_id": "",
                "snapshot_id": "",
                "tags": {},
                "tags_all": {},
                "throughput": 0,
                "volume_id": "vol-15e962e29347c164a",
                "volume_size": 8,
                "volume_type": "gp2"
              }
            ],
            "ebs_optimized": false,
            "enable_primary_ipv6": null,
            "enclave_options": [],
            "ephemeral_block_device": [],
            "force_destroy": false,
            "get_password_data": false,
            "hibernation": false,
            "host_id": "",
            "host_resource_group_arn": null,
            "iam_instance_profile": "prod-ec2-profile-9k2",
            "id": "i-6d6a0b2518067c5ac",
            "instance_initiated_shutdown_behavior": "stop",
            "instance_lifecycle": "",
            "instance_market_options": [],
            "instance_state": "running",
            "instance_type": "m5.large",
            "ipv6_address_count": 0,
            "ipv6_addresses": [],
            "key_name": "",
            "launch_template": [],
            "maintenance_options": [],
            "metadata_options": [
              {
                "http_endpoint": "enabled",
                "http_protocol_ipv6": "disabled",
                "http_put_response_hop_limit": 1,
                "http_tokens": "optional",
                "instance_metadata_tags": "disabled"
              }
            ],
            "monitoring": false,
            "network_interface": [],
            "outpost_arn": "",
            "password_data": "",
            "placement_group": "",
            "placement_group_id": "",
            "placement_partition_number": 0,
            "primary_network_interface": [
              {
                "delete_on_termination": false,
                "network_interface_id": "eni-e44ab2f85ccbc4652"
              }
            ],
            "primary_network_interface_id": "eni-e44ab2f85ccbc4652",
            "private_dns": "ip-10-2-20-4.us-west-2.compute.internal",
            "private_dns_name_options": [],
            "private_ip": "10.2.20.4",
            "public_dns": "",
            "public_ip": "",
            "region": "us-west-2",
            "root_block_device": [],
            "secondary_private_ips": [],
            "security_groups": [],
            "source_dest_check": true,
            "spot_instance_request_id": "",
            "subnet_id": "subnet-780abf1dde37c54f4",
            "tags": {
              "Environment": "prod",
              "Name": "prod-webserver-2-9k2",
              "Owner": "DevOps Team",
              "Purpose": "Multi-Environment Infrastructure"
            },
            "tags_all": {
              "Environment": "prod",
              "Name": "prod-webserver-2-9k2",
              "Owner": "DevOps Team",
              "Purpose": "Multi-Environment Infrastructure"
            },
            "tenancy": "default",
            "timeouts": null,
            "user_data": null,
            "user_data_base64": "IyEvYmluL2Jhc2gKeXVtIHVwZGF0ZSAteQp5dW0gaW5zdGFsbCAteSBodHRwZApzeXN0ZW1jdGwgc3RhcnQgaHR0cGQKc3lzdGVtY3RsIGVuYWJsZSBodHRwZAplY2hvICI8aDE+SGVsbG8gZnJvbSBwcm9kIGVudmlyb25tZW50IC0gSW5zdGFuY2UgMjwvaDE+IiA+IC92YXIvd3d3L2h0bWwvaW5kZXguaHRtbAo=",
            "user_data_replace_on_change": false,
            "volume_tags": null,
            "vpc_security_group_ids": [
              "sg-b80232b1973cbf2a3"
            ]
          },
          "sensitive_attributes": [],
          "private": "eyJlMmJmYjczMC1lY2FhLTExZTYtOGY4OC0zNDM2M2JjN2M0YzAiOnsiY3JlYXRlIjo2MDAwMDAwMDAwMDAsImRlbGV0ZSI6MTIwMDAwMDAwMDAwMCwicmVhZCI6OTAwMDAwMDAwMDAwLCJ1cGRhdGUiOjYwMDAwMDAwMDAwMH0sInNjaGVtYV92ZXJzaW9uIjoiMiJ9",
          "dependencies": [
            "data.aws_availability_zones.available",
            "module.prod_environment.aws_iam_instance_profile.ec2_profile",
            "module.prod_environment.aws_iam_role.ec2_role",
            "module.prod_environment.aws_security_group.web",
            "module.prod_environment.aws_subnet.private",
            "module.prod_environment.aws_vpc.main",
            "module.prod_environment.data.aws_ami.amazon_linux"
          ]
        }
      ]
    },
    {
      "module": "module.prod_environment",
      "mode": "managed",
      "type": "aws_internet_gateway",
      "name": "main",
      "provider": "provider[\"registry.terraform.io/hashicorp/aws\"]",
      "instances": [
        {
          "schema_version": 0,
          "attributes": {
            "arn": "arn:aws:ec2:us-west-2:000000000000:internet-gateway/igw-e99e7e39d5fe24a11",
            "id": "igw-e99e7e39d5fe24a11",
            "owner_id": "000000000000",
            "region": "us-west-2",
            "tags": {
              "Environment": "prod",
              "Name": "prod-igw-9k2",
              "Owner": "DevOps Team",
              "Purpose": "Multi-Environment Infrastructure"
            },
            "tags_all": {
              "Environment": "prod",
              "Name": "prod-igw-9k2",
              "Owner": "DevOps Team",
              "Purpose": "Multi-Environment Infrastructure"
            },
            "timeouts": null,
            "vpc_id": "vpc-ff40f4a02c0831bee"
          },
          "sensitive_attributes": [],
          "private": "eyJlMmJmYjczMC1lY2FhLTExZTYtOGY4OC0zNDM2M2JjN2M0YzAiOnsiY3JlYXRlIjoxMjAwMDAwMDAwMDAwLCJkZWxldGUiOjEyMDAwMDAwMDAwMDAsInVwZGF0ZSI6MTIwMDAwMDAwMDAwMH19",
          "dependencies": [
            "module.prod_environment.aws_vpc.main"
          ]
        }
      ]
    },
    {
      "module": "module.prod_environment",
      "mode": "managed",
      "type": "aws_nat_gateway",
      "name": "main",
      "provider": "provider[\"registry.terraform.io/hashicorp/aws\"]",
      "instances": [
        {
          "index_key": 0,
          "schema_version": 0,
          "attributes": {
            "allocation_id": "eipalloc-080044803f7ca53ea",
            "association_id": null,
            "auto_provision_zones": null,
            "auto_scaling_ips": null,
            "availability_mode": "",
            "availability_zone_address": [],
            "connectivity_type": "public",
            "id": "nat-208219d5e87b6b5ed",
            "network_interface_id": null,
            "private_ip": null,
            "public_ip": null,
            "region": "us-west-2",
            "regional_nat_gateway_address": [],
            "regional_nat_gateway_auto_mode": null,
            "route_table_id": null,
            "secondary_allocation_ids": [],
            "secondary_private_ip_address_count": null,
            "secondary_private_ip_addresses": [],
            "subnet_id": "subnet-13f4e221fef3f1382",
            "tags": {
              "Environment": "prod",
              "Name": "prod-nat-1-9k2",
              "Owner": "DevOps Team",
              "Purpose": "Multi-Environment Infrastructure"
            },
            "tags_all": {
              "Environment": "prod",
              "Name": "prod-nat-1-9k2",
              "Owner": "DevOps Team",
              "Purpose": "Multi-Environment Infrastructure"
            },
            "timeouts": null,
            "vpc_id": "vpc-ff40f4a02c0831bee"
          },
          "sensitive_attributes": [],
          "private": "eyJlMmJmYjczMC1lY2FhLTExZTYtOGY4OC0zNDM2M2JjN2M0YzAiOnsiY3JlYXRlIjo2MDAwMDAwMDAwMDAsImRlbGV0ZSI6MTgwMDAwMDAwMDAwMCwidXBkYXRlIjo2MDAwMDAwMDAwMDB9fQ==",
          "dependencies": [
            "data.aws_availability_zones.available",
            "module.prod_environment.aws_eip.nat",
            "module.prod_environment.aws_internet_gateway.main",
            "module.prod_environment.aws_subnet.public",
            "module.prod_environment.aws_vpc.main"
          ]
        },
        {
          "index_key": 1,
          "schema_version": 0,
          "attributes": {
            "allocation_id": "eipalloc-fc1e91a4275cdc88f",
            "association_id": null,
            "auto_provision_zones": null,
            "auto_scaling_ips": null,
            "availability_mode": "",
            "availability_zone_address": [],
            "connectivity_type": "public",
            "id": "nat-edd5f27e05b17cd58",
            "network_interface_id": null,
            "private_ip": null,
            "public_ip": null,
            "region": "us-west-2",
            "regional_nat_gateway_address": [],
            "regional_nat_gateway_auto_mode": null,
            "route_table_id": null,
            "secondary_allocation_ids": [],
            "secondary_private_ip_address_count": null,
            "secondary_private_ip_addresses": [],
            "subnet_id": "subnet-5640f098f0fdcd235",
            "tags": {
              "Environment": "prod",
              "Name": "prod-nat-2-9k2",
              "Owner": "DevOps Team",
              "Purpose": "Multi-Environment Infrastructure"
            },
            "tags_all": {
              "Environment": "prod",
              "Name": "prod-nat-2-9k2",
              "Owner": "DevOps Team",
              "Purpose": "Multi-Environment Infrastructure"
            },
            "timeouts": null,
            "vpc_id": "vpc-ff40f4a02c0831bee"
          },
          "sensitive_attributes": [],
          "private": "eyJlMmJmYjczMC1lY2FhLTExZTYtOGY4OC0zNDM2M2JjN2M0YzAiOnsiY3JlYXRlIjo2MDAwMDAwMDAwMDAsImRlbGV0ZSI6MTgwMDAwMDAwMDAwMCwidXBkYXRlIjo2MDAwMDAwMDAwMDB9fQ==",
          "dependencies": [
            "data.aws_availability_zones.available",
            "module.prod_environment.aws_eip.nat",
            "module.prod_environment.aws_internet_gateway.main",
            "module.prod_environment.aws_subnet.public",
            "module.prod_environment.aws_vpc.main"
          ]
        }
      ]
    },
    {
      "module": "module.prod_environment",
      "mode": "managed",
      "type": "aws_network_acl",
      "name": "private",
      "provider": "provider[\"registry.terraform.io/hashicorp/aws\"]",
      "instances": [
        {
          "schema_version": 0,
          "attributes": {
            "arn": "arn:aws:ec2:us-west-2:000000000000:network-acl/acl-a0e47169febb4715f",
            "egress": [
              {
                "action": "allow",
                "cidr_block": "0.0.0.0/0",
                "from_port": 0,
                "icmp_code": null,
                "icmp_type": null,
                "ipv6_cidr_block": "",
                "protocol": "-1",
                "rule_no": 100,
                "to_port": 0
              }
            ],
            "id": "acl-a0e47169febb4715f",
            "ingress": [
              {
                "action": "allow",
                "cidr_block": "0.0.0.0/0",
                "from_port": 1024,
                "icmp_code": null,
                "icmp_type": null,
                "ipv6_cidr_block": "",
                "protocol": "tcp",
                "rule_no": 130,
                "to_port": 65535
              },
              {
                "action": "allow",
                "cidr_block": "10.2.0.0/16",
                "from_port": 22,
                "icmp_code": null,
                "icmp_type": null,
                "ipv6_cidr_block": "",
                "protocol": "tcp",
                "rule_no": 100,
                "to_port": 22
              },
              {
                "action": "allow",
                "cidr_block": "10.2.0.0/16",
                "from_port": 443,
                "icmp_code": null,
                "icmp_type": null,
                "ipv6_cidr_block": "",
                "protocol": "tcp",
                "rule_no": 120,
                "to_port": 443
              },
              {
                "action": "allow",
                "cidr_block": "10.2.0.0/16",
                "from_port": 80,
                "icmp_code": null,
                "icmp_type": null,
                "ipv6_cidr_block": "",
                "protocol": "tcp",
                "rule_no": 110,
                "to_port": 80
              },
              {
                "action": "deny",
                "cidr_block": "10.0.0.0/16",
                "from_port": 0,
                "icmp_code": null,
                "icmp_type": null,
                "ipv6_cidr_block": "",
                "protocol": "-1",
                "rule_no": 90,
                "to_port": 0
              },
              {
                "action": "deny",
                "cidr_block": "10.1.0.0/16",
                "from_port": 0,
                "icmp_code": null,
                "icmp_type": null,
                "ipv6_cidr_block": "",
                "protocol": "-1",
                "rule_no": 91,
                "to_port": 0
              }
            ],
            "owner_id": "000000000000",
            "region": "us-west-2",
            "subnet_ids": [
              "subnet-07d54259341875586",
              "subnet-780abf1dde37c54f4"
            ],
            "tags": {
              "Environment": "prod",
              "Name": "prod-private-nacl-9k2",
              "Owner": "DevOps Team",
              "Purpose": "Multi-Environment Infrastructure"
            },
            "tags_all": {
              "Environment": "prod",
              "Name": "prod-private-nacl-9k2",
              "Owner": "DevOps Team",
              "Purpose": "Multi-Environment Infrastructure"
            },
            "vpc_id": "vpc-ff40f4a02c0831bee"
          },
          "sensitive_attributes": [],
          "private": "bnVsbA==",
          "dependencies": [
            "data.aws_availability_zones.available",
            "module.prod_environment.aws_subnet.private",
            "module.prod_environment.aws_vpc.main"
          ]
        }
      ]
    },
    {
      "module": "module.prod_environment",
      "mode": "managed",
      "type": "aws_network_acl",
      "name": "public",
      "provider": "provider[\"registry.terraform.io/hashicorp/aws\"]",
      "instances": [
        {
          "schema_version": 0,
          "attributes": {
            "arn": "arn:aws:ec2:us-west-2:000000000000:network-acl/acl-b38472f89e4425889",
            "egress": [
              {
                "action": "allow",
                "cidr_block": "0.0.0.0/0",
                "from_port": 0,
                "icmp_code": null,
                "icmp_type": null,
                "ipv6_cidr_block": "",
                "protocol": "-1",
                "rule_no": 100,
                "to_port": 0
              }
            ],
            "id": "acl-b38472f89e4425889",
            "ingress": [
              {
                "action": "allow",
                "cidr_block": "0.0.0.0/0",
                "from_port": 1024,
                "icmp_code": null,
                "icmp_type": null,
                "ipv6_cidr_block": "",
                "protocol": "tcp",
                "rule_no": 130,
                "to_port": 65535
              },
              {
                "action": "allow",
                "cidr_block": "0.0.0.0/0",
                "from_port": 443,
                "icmp_code": null,
                "icmp_type": null,
                "ipv6_cidr_block": "",
                "protocol": "tcp",
                "rule_no": 110,
                "to_port": 443
              },
              {
                "action": "allow",
                "cidr_block": "0.0.0.0/0",
                "from_port": 80,
                "icmp_code": null,
                "icmp_type": null,
                "ipv6_cidr_block": "",
                "protocol": "tcp",
                "rule_no": 100,
                "to_port": 80
              },
              {
                "action": "allow",
                "cidr_block": "10.2.0.0/16",
                "from_port": 22,
                "icmp_code": null,
                "icmp_type": null,
                "ipv6_cidr_block": "",
                "protocol": "tcp",
                "rule_no": 120,
                "to_port": 22
              }
            ],
            "owner_id": "000000000000",
            "region": "us-west-2",
            "subnet_ids": [
              "subnet-13f4e221fef3f1382",
              "subnet-5640f098f0fdcd235"
            ],
            "tags": {
              "Environment": "prod",
              "Name": "prod-public-nacl-9k2",
              "Owner": "DevOps Team",
              "Purpose": "Multi-Environment Infrastructure"
            },
            "tags_all": {
              "Environment": "prod",
              "Name": "prod-public-nacl-9k2",
              "Owner": "DevOps Team",
              "Purpose": "Multi-Environment Infrastructure"
            },
            "vpc_id": "vpc-ff40f4a02c0831bee"
          },
          "sensitive_attributes": [],
          "private": "bnVsbA==",
          "dependencies": [
            "data.aws_availability_zones.available",
            "module.prod_environment.aws_subnet.public",
            "module.prod_environment.aws_vpc.main"
          ]
        }
      ]
    },
    {
      "module": "module.prod_environment",
      "mode": "managed",
      "type": "aws_route_table",
      "name": "private",
      "provider": "provider[\"registry.terraform.io/hashicorp/aws\"]",
      "instances": [
        {
          "index_key": 0,
          "schema_version": 0,
          "attributes": {
            "arn": "arn:aws:ec2:us-west-2:000000000000:route-table/rtb-56e919138ce97d2f0",
            "id": "rtb-56e919138ce97d2f0",
            "owner_id": "000000000000",
            "propagating_vgws": [],
            "region": "us-west-2",
            "route": [
              {
                "carrier_gateway_id": "",
                "cidr_block": "0.0.0.0/0",
                "core_network_arn": "",
                "destination_prefix_list_id": "",
                "egress_only_gateway_id": "",
                "gateway_id": "",
                "ipv6_cidr_block": "",
                "local_gateway_id": "",
                "nat_gateway_id": "nat-208219d5e87b6b5ed",
                "network_interface_id": "",
                "transit_gateway_id": "",
                "vpc_endpoint_id": "",
                "vpc_peering_connection_id": ""
              }
            ],
            "tags": {
              "Environment": "prod",
              "Name": "prod-private-rt-1-9k2",
              "Owner": "DevOps Team",
              "Purpose": "Multi-Environment Infrastructure"
            },
            "tags_all": {
              "Environment": "prod",
              "Name": "prod-private-rt-1-9k2",
              "Owner": "DevOps Team",
              "Purpose": "Multi-Environment Infrastructure"
            },
            "timeouts": null,
            "vpc_id": "vpc-ff40f4a02c0831bee"
          },
          "sensitive_attributes": [],
          "private": "eyJlMmJmYjczMC1lY2FhLTExZTYtOGY4OC0zNDM2M2JjN2M0YzAiOnsiY3JlYXRlIjozMDAwMDAwMDAwMDAsImRlbGV0ZSI6MzAwMDAwMDAwMDAwLCJ1cGRhdGUiOjEyMDAwMDAwMDAwMH19",
          "dependencies": [
            "data.aws_availability_zones.available",
            "module.prod_environment.aws_eip.nat",
            "module.prod_environment.aws_internet_gateway.main",
            "module.prod_environment.aws_nat_gateway.main",
            "module.prod_environment.aws_subnet.public",
            "module.prod_environment.aws_vpc.main"
          ]
        },
        {
          "index_key": 1,
          "schema_version": 0,
          "attributes": {
            "arn": "arn:aws:ec2:us-west-2:000000000000:route-table/rtb-c6e90192e1d5c280d",
            "id": "rtb-c6e90192e1d5c280d",
            "owner_id": "000000000000",
            "propagating_vgws": [],
            "region": "us-west-2",
            "route": [
              {
                "carrier_gateway_id": "",
                "cidr_block": "0.0.0.0/0",
                "core_network_arn": "",
                "destination_prefix_list_id": "",
                "egress_only_gateway_id": "",
                "gateway_id": "",
                "ipv6_cidr_block": "",
                "local_gateway_id": "",
                "nat_gateway_id": "nat-edd5f27e05b17cd58",
                "network_interface_id": "",
                "transit_gateway_id": "",
                "vpc_endpoint_id": "",
                "vpc_peering_connection_id": ""
              }
            ],
            "tags": {
              "Environment": "prod",
              "Name": "prod-private-rt-2-9k2",
              "Owner": "DevOps Team",
              "Purpose": "Multi-Environment Infrastructure"
            },
            "tags_all": {
              "Environment": "prod",
              "Name": "prod-private-rt-2-9k2",
              "Owner": "DevOps Team",
              "Purpose": "Multi-Environment Infrastructure"
            },
            "timeouts": null,
            "vpc_id": "vpc-ff40f4a02c0831bee"
          },
          "sensitive_attributes": [],
          "private": "eyJlMmJmYjczMC1lY2FhLTExZTYtOGY4OC0zNDM2M2JjN2M0YzAiOnsiY3JlYXRlIjozMDAwMDAwMDAwMDAsImRlbGV0ZSI6MzAwMDAwMDAwMDAwLCJ1cGRhdGUiOjEyMDAwMDAwMDAwMH19",
          "dependencies": [
            "data.aws_availability_zones.available",
            "module.prod_environment.aws_eip.nat",
            "module.prod_environment.aws_internet_gateway.main",
            "module.prod_environment.aws_nat_gateway.main",
            "module.prod_environment.aws_subnet.public",
            "module.prod_environment.aws_vpc.main"
          ]
        }
      ]
    },
    {
      "module": "module.prod_environment",
      "mode": "managed",
      "type": "aws_route_table",
      "name": "public",
      "provider": "provider[\"registry.terraform.io/hashicorp/aws\"]",
      "instances": [
        {
          "schema_version": 0,
          "attributes": {
            "arn": "arn:aws:ec2:us-west-2:000000000000:route-table/rtb-e72d240d2817bcae7",
            "id": "rtb-e72d240d2817bcae7",
            "owner_id": "000000000000",
            "propagating_vgws": [],
            "region": "us-west-2",
            "route": [
              {
                "carrier_gateway_id": "",
                "cidr_block": "0.0.0.0/0",
                "core_network_arn": "",
                "destination_prefix_list_id": "",
                "egress_only_gateway_id": "",
                "gateway_id": "igw-e99e7e39d5fe24a11",
                "ipv6_cidr_block": "",
                "local_gateway_id": "",
                "nat_gateway_id": "",
                "network_interface_id": "",
                "transit_gateway_id": "",
                "vpc_endpoint_id": "",
                "vpc_peering_connection_id": ""
              }
            ],
            "tags": {
              "Environment": "prod",
              "Name": "prod-public-rt-9k2",
              "Owner": "DevOps Team",
              "Purpose": "Multi-Environment Infrastructure"
            },
            "tags_all": {
              "Environment": "prod",
              "Name": "prod-public-rt-9k2",
              "Owner": "DevOps Team",
              "Purpose": "Multi-Environment Infrastructure"
            },
            "timeouts": null,
            "vpc_id": "vpc-ff40f4a02c0831bee"
          },
          "sensitive_attributes": [],
          "private": "eyJlMmJmYjczMC1lY2FhLTExZTYtOGY4OC0zNDM2M2JjN2M0YzAiOnsiY3JlYXRlIjozMDAwMDAwMDAwMDAsImRlbGV0ZSI6MzAwMDAwMDAwMDAwLCJ1cGRhdGUiOjEyMDAwMDAwMDAwMH19",
          "dependencies": [
            "module.prod_environment.aws_internet_gateway.main",
            "module.prod_environment.aws_vpc.main"
          ]
        }
      ]
    },
    {
      "module": "module.prod_environment",
      "mode": "managed",
      "type": "aws_route_table_association",
      "name": "private",
      "provider": "provider[\"registry.terraform.io/hashicorp/aws\"]",
      "instances": [
        {
          "index_key": 0,
          "schema_version": 0,
          "attributes": {
            "gateway_id": "",
            "id": "rtbassoc-0c10327ddc954f89d",
            "region": "us-west-2",
            "route_table_id": "rtb-56e919138ce97d2f0",
            "subnet_id": "subnet-07d54259341875586",
            "timeouts": null
          },
          "sensitive_attributes": [],
          "private": "eyJlMmJmYjczMC1lY2FhLTExZTYtOGY4OC0zNDM2M2JjN2M0YzAiOnsiY3JlYXRlIjozMDAwMDAwMDAwMDAsImRlbGV0ZSI6MzAwMDAwMDAwMDAwLCJ1cGRhdGUiOjEyMDAwMDAwMDAwMH19",
          "dependencies": [
            "data.aws_availability_zones.available",
            "module.prod_environment.aws_eip.nat",
            "module.prod_environment.aws_internet_gateway.main",
            "module.prod_environment.aws_nat_gateway.main",
            "module.prod_environment.aws_route_table.private",
            "module.prod_environment.aws_subnet.private",
            "module.prod_environment.aws_subnet.public",
            "module.prod_environment.aws_vpc.main"
          ]
        },
        {
          "index_key": 1,
          "schema_version": 0,
          "attributes": {
            "gateway_id": "",
            "id": "rtbassoc-c6f93219f971b285f",
            "region": "us-west-2",
            "route_table_id": "rtb-c6e90192e1d5c280d",
            "subnet_id": "subnet-780abf1dde37c54f4",
            "timeouts": null
          },
          "sensitive_attributes": [],
          "private": "eyJlMmJmYjczMC1lY2FhLTExZTYtOGY4OC0zNDM2M2JjN2M0YzAiOnsiY3JlYXRlIjozMDAwMDAwMDAwMDAsImRlbGV0ZSI6MzAwMDAwMDAwMDAwLCJ1cGRhdGUiOjEyMDAwMDAwMDAwMH19",
          "dependencies": [
            "data.aws_availability_zones.available",
            "module.prod_environment.aws_eip.nat",
            "module.prod_environment.aws_internet_gateway.main",
            "module.prod_environment.aws_nat_gateway.main",
            "module.prod_environment.aws_route_table.private",
            "module.prod_environment.aws_subnet.private",
            "module.prod_environment.aws_subnet.public",
            "module.prod_environment.aws_vpc.main"
          ]
        }
      ]
    },
    {
      "module": "module.prod_environment",
      "mode": "managed",
      "type": "aws_route_table_association",
      "name": "public",
      "provider": "provider[\"registry.terraform.io/hashicorp/aws\"]",
      "instances": [
        {
          "index_key": 0,
          "schema_version": 0,
          "attributes": {
            "gateway_id": "",
            "id": "rtbassoc-50e474053e59801f7",
            "region": "us-west-2",
            "route_table_id": "rtb-e72d240d2817bcae7",
            "subnet_id": "subnet-13f4e221fef3f1382",
            "timeouts": null
          },
          "sensitive_attributes": [],
          "private": "eyJlMmJmYjczMC1lY2FhLTExZTYtOGY4OC0zNDM2M2JjN2M0YzAiOnsiY3JlYXRlIjozMDAwMDAwMDAwMDAsImRlbGV0ZSI6MzAwMDAwMDAwMDAwLCJ1cGRhdGUiOjEyMDAwMDAwMDAwMH19",
          "dependencies": [
            "data.aws_availability_zones.available",
            "module.prod_environment.aws_internet_gateway.main",
            "module.prod_environment.aws_route_table.public",
            "module.prod_environment.aws_subnet.public",
            "module.prod_environment.aws_vpc.main"
          ]
        },
        {
          "index_key": 1,
          "schema_version": 0,
          "attributes": {
            "gateway_id": "",
            "id": "rtbassoc-1aeb726f3cdf10b5a",
            "region": "us-west-2",
            "route_table_id": "rtb-e72d240d2817bcae7",
            "subnet_id": "subnet-5640f098f0fdcd235",
            "timeouts": null
          },
          "sensitive_attributes": [],
          "private": "eyJlMmJmYjczMC1lY2FhLTExZTYtOGY4OC0zNDM2M2JjN2M0YzAiOnsiY3JlYXRlIjozMDAwMDAwMDAwMDAsImRlbGV0ZSI6MzAwMDAwMDAwMDAwLCJ1cGRhdGUiOjEyMDAwMDAwMDAwMH19",
          "dependencies": [
            "data.aws_availability_zones.available",
            "module.prod_environment.aws_internet_gateway.main",
            "module.prod_environment.aws_route_table.public",
            "module.prod_environment.aws_subnet.public",
            "module.prod_environment.aws_vpc.main"
          ]
        }
      ]
    },
    {
      "module": "module.prod_environment",
      "mode": "managed",
      "type": "aws_security_group",
      "name": "web",
      "provider": "provider[\"registry.terraform.io/hashicorp/aws\"]",
      "instances": [
        {
          "schema_version": 1,
          "attributes": {
            "arn": "arn:aws:ec2:us-west-2:000000000000:security-group/sg-b80232b1973cbf2a3",
            "description": "Security group for web servers in prod environment",
            "egress": [
              {
                "cidr_blocks": [
                  "0.0.0.0/0"
                ],
                "description": "All outbound",
                "from_port": 0,
                "ipv6_cidr_blocks": [],
                "prefix_list_ids": [],
                "protocol": "-1",
                "security_groups": [],
                "self": false,
                "to_port": 0
              }
            ],
            "id": "sg-b80232b1973cbf2a3",
            "ingress": [
              {
                "cidr_blocks": [
                  "0.0.0.0/0"
                ],
                "description": "HTTP",
                "from_port": 80,
                "ipv6_cidr_blocks": [],
                "prefix_list_ids": [],
                "protocol": "tcp",
                "security_groups": [],
                "self": false,
                "to_port": 80
              },
              {
                "cidr_blocks": [
                  "0.0.0.0/0"
                ],
                "description": "HTTPS",
                "from_port": 443,
                "ipv6_cidr_blocks": [],
                "prefix_list_ids": [],
                "protocol": "tcp",
                "security_groups": [],
                "self": false,
                "to_port": 443
              },
              {
                "cidr_blocks": [
                  "10.2.0.0/16"
                ],
                "description": "SSH",
                "from_port": 22,
                "ipv6_cidr_blocks": [],
                "prefix_list_ids": [],
                "protocol": "tcp",
                "security_groups": [],
                "self": false,
                "to_port": 22
              }
            ],
            "name": "prod-web-sg-9k2",
            "name_prefix": "",
            "owner_id": "000000000000",
            "region": "us-west-2",
            "revoke_rules_on_delete": false,
            "tags": {
              "Environment": "prod",
              "Name": "prod-web-sg-9k2",
              "Owner": "DevOps Team",
              "Purpose": "Multi-Environment Infrastructure"
            },
            "tags_all": {
              "Environment": "prod",
              "Name": "prod-web-sg-9k2",
              "Owner": "DevOps Team",
              "Purpose": "Multi-Environment Infrastructure"
            },
            "timeouts": null,
            "vpc_id": "vpc-ff40f4a02c0831bee"
          },
          "sensitive_attributes": [],
          "private": "eyJlMmJmYjczMC1lY2FhLTExZTYtOGY4OC0zNDM2M2JjN2M0YzAiOnsiY3JlYXRlIjo2MDAwMDAwMDAwMDAsImRlbGV0ZSI6OTAwMDAwMDAwMDAwfSwic2NoZW1hX3ZlcnNpb24iOiIxIn0=",
          "dependencies": [
            "module.prod_environment.aws_vpc.main"
          ]
        }
      ]
    },
    {
      "module": "module.prod_environment",
      "mode": "managed",
      "type": "aws_subnet",
      "name": "private",
      "provider": "provider[\"registry.terraform.io/hashicorp/aws\"]",
      "instances": [
        {
          "index_key": 0,
          "schema_version": 1,
          "attributes": {
            "arn": "arn:aws:ec2:us-west-2:000000000000:subnet/subnet-07d54259341875586",
            "assign_ipv6_address_on_creation": false,
            "availability_zone": "us-west-2a",
            "availability_zone_id": "usw2-az2",
            "cidr_block": "10.2.10.0/24",
            "customer_owned_ipv4_pool": "",
            "enable_dns64": false,
            "enable_lni_at_device_index": 0,
            "enable_resource_name_dns_a_record_on_launch": false,
            "enable_resource_name_dns_aaaa_record_on_launch": false,
            "id": "subnet-07d54259341875586",
            "ipv6_cidr_block": "",
            "ipv6_cidr_block_association_id": "",
            "ipv6_native": false,
            "map_customer_owned_ip_on_launch": false,
            "map_public_ip_on_launch": false,
            "outpost_arn": "",
            "owner_id": "000000000000",
            "private_dns_hostname_type_on_launch": "ip-name",
            "region": "us-west-2",
            "tags": {
              "Environment": "prod",
              "Name": "prod-private-subnet-1-9k2",
              "Owner": "DevOps Team",
              "Purpose": "Multi-Environment Infrastructure",
              "Type": "private"
            },
            "tags_all": {
              "Environment": "prod",
              "Name": "prod-private-subnet-1-9k2",
              "Owner": "DevOps Team",
              "Purpose": "Multi-Environment Infrastructure",
              "Type": "private"
            },
            "timeouts": null,
            "vpc_id": "vpc-ff40f4a02c0831bee"
          },
          "sensitive_attributes": [],
          "private": "eyJlMmJmYjczMC1lY2FhLTExZTYtOGY4OC0zNDM2M2JjN2M0YzAiOnsiY3JlYXRlIjo2MDAwMDAwMDAwMDAsImRlbGV0ZSI6MTIwMDAwMDAwMDAwMH0sInNjaGVtYV92ZXJzaW9uIjoiMSJ9",
          "dependencies": [
            "data.aws_availability_zones.available",
            "module.prod_environment.aws_vpc.main"
          ]
        },
        {
          "index_key": 1,
          "schema_version": 1,
          "attributes": {
            "arn": "arn:aws:ec2:us-west-2:000000000000:subnet/subnet-780abf1dde37c54f4",
            "assign_ipv6_address_on_creation": false,
            "availability_zone": "us-west-2b",
            "availability_zone_id": "usw2-az1",
            "cidr_block": "10.2.20.0/24",
            "customer_owned_ipv4_pool": "",
            "enable_dns64": false,
            "enable_lni_at_device_index": 0,
            "enable_resource_name_dns_a_record_on_launch": false,
            "enable_resource_name_dns_aaaa_record_on_launch": false,
            "id": "subnet-780abf1dde37c54f4",
            "ipv6_cidr_block": "",
            "ipv6_cidr_block_association_id": "",
            "ipv6_native": false,
            "map_customer_owned_ip_on_launch": false,
            "map_public_ip_on_launch": false,
            "outpost_arn": "",
            "owner_id": "000000000000",
            "private_dns_hostname_type_on_launch": "ip-name",
            "region": "us-west-2",
            "tags": {
              "Environment": "prod",
              "Name": "prod-private-subnet-2-9k2",
              "Owner": "DevOps Team",
              "Purpose": "Multi-Environment Infrastructure",
              "Type": "private"
            },
            "tags_all": {
              "Environment": "prod",
              "Name": "prod-private-subnet-2-9k2",
              "Owner": "DevOps Team",
              "Purpose": "Multi-Environment Infrastructure",
              "Type": "private"
            },
            "timeouts": null,
            "vpc_id": "vpc-ff40f4a02c0831bee"
          },
          "sensitive_attributes": [],
          "private": "eyJlMmJmYjczMC1lY2FhLTExZTYtOGY4OC0zNDM2M2JjN2M0YzAiOnsiY3JlYXRlIjo2MDAwMDAwMDAwMDAsImRlbGV0ZSI6MTIwMDAwMDAwMDAwMH0sInNjaGVtYV92ZXJzaW9uIjoiMSJ9",
          "dependencies": [
            "data.aws_availability_zones.available",
            "module.prod_environment.aws_vpc.main"
          ]
        }
      ]
    },
    {
      "module": "module.prod_environment",
      "mode": "managed",
      "type": "aws_subnet",
      "name": "public",
      "provider": "provider[\"registry.terraform.io/hashicorp/aws\"]",
      "instances": [
        {
          "index_key": 0,
          "schema_version": 1,
          "attributes": {
            "arn": "arn:aws:ec2:us-west-2:000000000000:subnet/subnet-13f4e221fef3f1382",
            "assign_ipv6_address_on_creation": false,
            "availability_zone": "us-west-2a",
            "availability_zone_id": "usw2-az2",
            "cidr_block": "10.2.1.0/24",
            "customer_owned_ipv4_pool": "",
            "enable_dns64": false,
            "enable_lni_at_device_index": 0,
            "enable_resource_name_dns_a_record_on_launch": false,
            "enable_resource_name_dns_aaaa_record_on_launch": false,
            "id": "subnet-13f4e221fef3f1382",
            "ipv6_cidr_block": "",
            "ipv6_cidr_block_association_id": "",
            "ipv6_native": false,
            "map_customer_owned_ip_on_launch": false,
            "map_public_ip_on_launch": true,
            "outpost_arn": "",
            "owner_id": "000000000000",
            "private_dns_hostname_type_on_launch": "ip-name",
            "region": "us-west-2",
            "tags": {
              "Environment": "prod",
              "Name": "prod-public-subnet-1-9k2",
              "Owner": "DevOps Team",
              "Purpose": "Multi-Environment Infrastructure",
              "Type": "public"
            },
            "tags_all": {
              "Environment": "prod",
              "Name": "prod-public-subnet-1-9k2",
              "Owner": "DevOps Team",
              "Purpose": "Multi-Environment Infrastructure",
              "Type": "public"
            },
            "timeouts": null,
            "vpc_id": "vpc-ff40f4a02c0831bee"
          },
          "sensitive_attributes": [],
          "private": "eyJlMmJmYjczMC1lY2FhLTExZTYtOGY4OC0zNDM2M2JjN2M0YzAiOnsiY3JlYXRlIjo2MDAwMDAwMDAwMDAsImRlbGV0ZSI6MTIwMDAwMDAwMDAwMH0sInNjaGVtYV92ZXJzaW9uIjoiMSJ9",
          "dependencies": [
            "data.aws_availability_zones.available",
            "module.prod_environment.aws_vpc.main"
          ]
        },
        {
          "index_key": 1,
          "schema_version": 1,
          "attributes": {
            "arn": "arn:aws:ec2:us-west-2:000000000000:subnet/subnet-5640f098f0fdcd235",
            "assign_ipv6_address_on_creation": false,
            "availability_zone": "us-west-2b",
            "availability_zone_id": "usw2-az1",
            "cidr_block": "10.2.2.0/24",
            "customer_owned_ipv4_pool": "",
            "enable_dns64": false,
            "enable_lni_at_device_index": 0,
            "enable_resource_name_dns_a_record_on_launch": false,
            "enable_resource_name_dns_aaaa_record_on_launch": false,
            "id": "subnet-5640f098f0fdcd235",
            "ipv6_cidr_block": "",
            "ipv6_cidr_block_association_id": "",
            "ipv6_native": false,
            "map_customer_owned_ip_on_launch": false,
            "map_public_ip_on_launch": true,
            "outpost_arn": "",
            "owner_id": "000000000000",
            "private_dns_hostname_type_on_launch": "ip-name",
            "region": "us-west-2",
            "tags": {
              "Environment": "prod",
              "Name": "prod-public-subnet-2-9k2",
              "Owner": "DevOps Team",
              "Purpose": "Multi-Environment Infrastructure",
              "Type": "public"
            },
            "tags_all": {
              "Environment": "prod",
              "Name": "prod-public-subnet-2-9k2",
              "Owner": "DevOps Team",
              "Purpose": "Multi-Environment Infrastructure",
              "Type": "public"
            },
            "timeouts": null,
            "vpc_id": "vpc-ff40f4a02c0831bee"
          },
          "sensitive_attributes": [],
          "private": "eyJlMmJmYjczMC1lY2FhLTExZTYtOGY4OC0zNDM2M2JjN2M0YzAiOnsiY3JlYXRlIjo2MDAwMDAwMDAwMDAsImRlbGV0ZSI6MTIwMDAwMDAwMDAwMH0sInNjaGVtYV92ZXJzaW9uIjoiMSJ9",
          "dependencies": [
            "data.aws_availability_zones.available",
            "module.prod_environment.aws_vpc.main"
          ]
        }
      ]
    },
    {
      "module": "module.prod_environment",
      "mode": "managed",
      "type": "aws_vpc",
      "name": "main",
      "provider": "provider[\"registry.terraform.io/hashicorp/aws\"]",
      "instances": [
        {
          "schema_version": 1,
          "attributes": {
            "arn": "arn:aws:ec2:us-west-2:000000000000:vpc/vpc-ff40f4a02c0831bee",
            "assign_generated_ipv6_cidr_block": false,
            "cidr_block": "10.2.0.0/16",
            "default_network_acl_id": "acl-0cfc6f844ef611234",
            "default_route_table_id": "rtb-9f52a5a27bd55ffa2",
            "default_security_group_id": "sg-b692d63c14beea8d5",
            "dhcp_options_id": "default",
            "enable_dns_hostnames": true,
            "enable_dns_support": true,
            "enable_network_address_usage_metrics": false,
            "id": "vpc-ff40f4a02c0831bee",
            "instance_tenancy": "default",
            "ipv4_ipam_pool_id": null,
            "ipv4_netmask_length": null,
            "ipv6_association_id": "",
            "ipv6_cidr_block": "",
            "ipv6_cidr_block_network_border_group": "",
            "ipv6_ipam_pool_id": "",
            "ipv6_netmask_length": 0,
            "main_route_table_id": "rtb-9f52a5a27bd55ffa2",
            "owner_id": "000000000000",
            "region": "us-west-2",
            "tags": {
              "Environment": "prod",
              "Name": "prod-vpc-9k2",
              "Owner": "DevOps Team",
              "Purpose": "Multi-Environment Infrastructure"
            },
            "tags_all": {
              "Environment": "prod",
              "Name": "prod-vpc-9k2",
              "Owner": "DevOps Team",
              "Purpose": "Multi-Environment Infrastructure"
            }
          },
          "sensitive_attributes": [],
          "private": "eyJzY2hlbWFfdmVyc2lvbiI6IjEifQ=="
        }
      ]
    },
    {
      "module": "module.staging_environment",
      "mode": "data",
      "type": "aws_ami",
      "name": "amazon_linux",
      "provider": "provider[\"registry.terraform.io/hashicorp/aws\"]",
      "instances": [
        {
          "schema_version": 0,
          "attributes": {
            "allow_unsafe_filter": null,
            "architecture": "x86_64",
            "arn": "arn:aws:ec2:us-west-2::image/ami-04681a1dbd79675a5",
            "block_device_mappings": [
              {
                "device_name": "/dev/xvda",
                "ebs": {
                  "delete_on_termination": "false",
                  "encrypted": "false",
                  "iops": "0",
                  "snapshot_id": "snap-df31830134ded8953",
                  "throughput": "0",
                  "volume_initialization_rate": "0",
                  "volume_size": "15",
                  "volume_type": "standard"
                },
                "no_device": "",
                "virtual_name": ""
              }
            ],
            "boot_mode": "uefi",
            "creation_date": "2025-12-25T02:37:24.000Z",
            "deprecation_time": "",
            "description": "Amazon Linux 2 AMI 2.0.20180810 x86_64 HVM gp2",
            "ena_support": false,
            "executable_users": null,
            "filter": [
              {
                "name": "name",
                "values": [
                  "amzn2-ami-hvm-*-x86_64-gp2"
                ]
              },
              {
                "name": "virtualization-type",
                "values": [
                  "hvm"
                ]
              }
            ],
            "hypervisor": "xen",
            "id": "ami-04681a1dbd79675a5",
            "image_id": "ami-04681a1dbd79675a5",
            "image_location": "amazon/amzn2-ami-hvm-2.0.20180810-x86_64-gp2",
            "image_owner_alias": "amazon",
            "image_type": "machine",
            "imds_support": "",
            "include_deprecated": false,
            "kernel_id": "",
            "last_launched_time": "",
            "most_recent": true,
            "name": "amzn2-ami-hvm-2.0.20180810-x86_64-gp2",
            "name_regex": null,
            "owner_id": "137112412989",
            "owners": [
              "amazon"
            ],
            "platform": "Linux/UNIX",
            "platform_details": "",
            "product_codes": [],
            "public": true,
            "ramdisk_id": "",
            "region": "us-west-2",
            "root_device_name": "/dev/xvda",
            "root_device_type": "ebs",
            "root_snapshot_id": "snap-df31830134ded8953",
            "sriov_net_support": "",
            "state": "available",
            "state_reason": {
              "code": "UNSET",
              "message": "UNSET"
            },
            "tags": {},
            "timeouts": null,
            "tpm_support": "",
            "uefi_data": null,
            "usage_operation": "",
            "virtualization_type": "hvm"
          },
          "sensitive_attributes": []
        }
      ]
    },
    {
      "module": "module.staging_environment",
      "mode": "managed",
      "type": "aws_cloudwatch_log_group",
      "name": "vpc_flow_logs",
      "provider": "provider[\"registry.terraform.io/hashicorp/aws\"]",
      "instances": [
        {
          "schema_version": 0,
          "attributes": {
            "arn": "arn:aws:logs:us-west-2:000000000000:log-group:/aws/vpc/flowlogs/staging-9k2",
            "deletion_protection_enabled": false,
            "id": "/aws/vpc/flowlogs/staging-9k2",
            "kms_key_id": "",
            "log_group_class": "STANDARD",
            "name": "/aws/vpc/flowlogs/staging-9k2",
            "name_prefix": "",
            "region": "us-west-2",
            "retention_in_days": 30,
            "skip_destroy": false,
            "tags": {
              "Environment": "staging",
              "Name": "staging-vpc-flow-logs-9k2",
              "Owner": "DevOps Team",
              "Purpose": "Multi-Environment Infrastructure"
            },
            "tags_all": {
              "Environment": "staging",
              "Name": "staging-vpc-flow-logs-9k2",
              "Owner": "DevOps Team",
              "Purpose": "Multi-Environment Infrastructure"
            }
          },
          "sensitive_attributes": [],
          "private": "bnVsbA=="
        }
      ]
    },
    {
      "module": "module.staging_environment",
      "mode": "managed",
      "type": "aws_eip",
      "name": "nat",
      "provider": "provider[\"registry.terraform.io/hashicorp/aws\"]",
      "instances": [
        {
          "index_key": 0,
          "schema_version": 0,
          "attributes": {
            "address": null,
            "allocation_id": "eipalloc-9c91d1747203fdef8",
            "arn": "arn:aws:ec2:us-west-2:000000000000:elastic-ip/eipalloc-9c91d1747203fdef8",
            "associate_with_private_ip": null,
            "association_id": "",
            "carrier_ip": "",
            "customer_owned_ip": "",
            "customer_owned_ipv4_pool": "",
            "domain": "vpc",
            "id": "eipalloc-9c91d1747203fdef8",
            "instance": "",
            "ipam_pool_id": null,
            "network_border_group": "",
            "network_interface": "",
            "private_dns": null,
            "private_ip": "",
            "ptr_record": "",
            "public_dns": "ec2-127-236-107-75.us-west-2.compute.amazonaws.com",
            "public_ip": "127.236.107.75",
            "public_ipv4_pool": "",
            "region": "us-west-2",
            "tags": {
              "Environment": "staging",
              "Name": "staging-eip-1-9k2",
              "Owner": "DevOps Team",
              "Purpose": "Multi-Environment Infrastructure"
            },
            "tags_all": {
              "Environment": "staging",
              "Name": "staging-eip-1-9k2",
              "Owner": "DevOps Team",
              "Purpose": "Multi-Environment Infrastructure"
            },
            "timeouts": null
          },
          "sensitive_attributes": [],
          "private": "eyJlMmJmYjczMC1lY2FhLTExZTYtOGY4OC0zNDM2M2JjN2M0YzAiOnsiZGVsZXRlIjoxODAwMDAwMDAwMDAsInJlYWQiOjkwMDAwMDAwMDAwMCwidXBkYXRlIjozMDAwMDAwMDAwMDB9fQ==",
          "dependencies": [
            "module.staging_environment.aws_internet_gateway.main",
            "module.staging_environment.aws_vpc.main"
          ]
        },
        {
          "index_key": 1,
          "schema_version": 0,
          "attributes": {
            "address": null,
            "allocation_id": "eipalloc-0b51adbf982222844",
            "arn": "arn:aws:ec2:us-west-2:000000000000:elastic-ip/eipalloc-0b51adbf982222844",
            "associate_with_private_ip": null,
            "association_id": "",
            "carrier_ip": "",
            "customer_owned_ip": "",
            "customer_owned_ipv4_pool": "",
            "domain": "vpc",
            "id": "eipalloc-0b51adbf982222844",
            "instance": "",
            "ipam_pool_id": null,
            "network_border_group": "",
            "network_interface": "",
            "private_dns": null,
            "private_ip": "",
            "ptr_record": "",
            "public_dns": "ec2-127-109-135-198.us-west-2.compute.amazonaws.com",
            "public_ip": "127.109.135.198",
            "public_ipv4_pool": "",
            "region": "us-west-2",
            "tags": {
              "Environment": "staging",
              "Name": "staging-eip-2-9k2",
              "Owner": "DevOps Team",
              "Purpose": "Multi-Environment Infrastructure"
            },
            "tags_all": {
              "Environment": "staging",
              "Name": "staging-eip-2-9k2",
              "Owner": "DevOps Team",
              "Purpose": "Multi-Environment Infrastructure"
            },
            "timeouts": null
          },
          "sensitive_attributes": [],
          "private": "eyJlMmJmYjczMC1lY2FhLTExZTYtOGY4OC0zNDM2M2JjN2M0YzAiOnsiZGVsZXRlIjoxODAwMDAwMDAwMDAsInJlYWQiOjkwMDAwMDAwMDAwMCwidXBkYXRlIjozMDAwMDAwMDAwMDB9fQ==",
          "dependencies": [
            "module.staging_environment.aws_internet_gateway.main",
            "module.staging_environment.aws_vpc.main"
          ]
        }
      ]
    },
    {
      "module": "module.staging_environment",
      "mode": "managed",
      "type": "aws_flow_log",
      "name": "vpc_flow_logs",
      "provider": "provider[\"registry.terraform.io/hashicorp/aws\"]",
      "instances": [
        {
          "schema_version": 1,
          "attributes": {
            "arn": "arn:aws:ec2:us-west-2:000000000000:vpc-flow-log/fl-ec5b0f418ba62de70",
            "deliver_cross_account_role": "",
            "destination_options": [],
            "eni_id": null,
            "iam_role_arn": "arn:aws:iam::000000000000:role/staging-flow-logs-role-9k2",
            "id": "fl-ec5b0f418ba62de70",
            "log_destination": "arn:aws:logs:us-west-2:000000000000:log-group:/aws/vpc/flowlogs/staging-9k2",
            "log_destination_type": "cloud-watch-logs",
            "log_format": "${version} ${account-id} ${interface-id} ${srcaddr} ${dstaddr} ${srcport} ${dstport} ${protocol} ${packets} ${bytes} ${start} ${end} ${action} ${log-status}",
            "max_aggregation_interval": 600,
            "region": "us-west-2",
            "regional_nat_gateway_id": null,
            "subnet_id": null,
            "tags": {
              "Environment": "staging",
              "Name": "staging-vpc-flow-logs-9k2",
              "Owner": "DevOps Team",
              "Purpose": "Multi-Environment Infrastructure"
            },
            "tags_all": {
              "Environment": "staging",
              "Name": "staging-vpc-flow-logs-9k2",
              "Owner": "DevOps Team",
              "Purpose": "Multi-Environment Infrastructure"
            },
            "traffic_type": "ALL",
            "transit_gateway_attachment_id": null,
            "transit_gateway_id": null,
            "vpc_id": "vpc-da891db68e07d90b8"
          },
          "sensitive_attributes": [],
          "private": "eyJzY2hlbWFfdmVyc2lvbiI6IjEifQ==",
          "dependencies": [
            "module.staging_environment.aws_cloudwatch_log_group.vpc_flow_logs",
            "module.staging_environment.aws_iam_role.flow_logs_role",
            "module.staging_environment.aws_vpc.main"
          ]
        }
      ]
    },
    {
      "module": "module.staging_environment",
      "mode": "managed",
      "type": "aws_iam_instance_profile",
      "name": "ec2_profile",
      "provider": "provider[\"registry.terraform.io/hashicorp/aws\"]",
      "instances": [
        {
          "schema_version": 0,
          "attributes": {
            "arn": "arn:aws:iam::000000000000:instance-profile/staging-ec2-profile-9k2",
            "create_date": "2025-12-25T02:37:36Z",
            "id": "staging-ec2-profile-9k2",
            "name": "staging-ec2-profile-9k2",
            "name_prefix": "",
            "path": "/",
            "role": "staging-ec2-role-9k2",
            "tags": {
              "Environment": "staging",
              "Name": "staging-ec2-profile-9k2",
              "Owner": "DevOps Team",
              "Purpose": "Multi-Environment Infrastructure"
            },
            "tags_all": {
              "Environment": "staging",
              "Name": "staging-ec2-profile-9k2",
              "Owner": "DevOps Team",
              "Purpose": "Multi-Environment Infrastructure"
            },
            "unique_id": "8m9eicl09n7oijfc4ke1"
          },
          "sensitive_attributes": [],
          "private": "bnVsbA==",
          "dependencies": [
            "module.staging_environment.aws_iam_role.ec2_role"
          ]
        }
      ]
    },
    {
      "module": "module.staging_environment",
      "mode": "managed",
      "type": "aws_iam_role",
      "name": "ec2_role",
      "provider": "provider[\"registry.terraform.io/hashicorp/aws\"]",
      "instances": [
        {
          "schema_version": 0,
          "attributes": {
            "arn": "arn:aws:iam::000000000000:role/staging-ec2-role-9k2",
            "assume_role_policy": "{\"Statement\":[{\"Action\":\"sts:AssumeRole\",\"Effect\":\"Allow\",\"Principal\":{\"Service\":\"ec2.amazonaws.com\"}}],\"Version\":\"2012-10-17\"}",
            "create_date": "2025-12-25T02:37:36Z",
            "description": "",
            "force_detach_policies": false,
            "id": "staging-ec2-role-9k2",
            "inline_policy": [],
            "managed_policy_arns": [],
            "max_session_duration": 3600,
            "name": "staging-ec2-role-9k2",
            "name_prefix": "",
            "path": "/",
            "permissions_boundary": "",
            "tags": {
              "Environment": "staging",
              "Name": "staging-ec2-role-9k2",
              "Owner": "DevOps Team",
              "Purpose": "Multi-Environment Infrastructure"
            },
            "tags_all": {
              "Environment": "staging",
              "Name": "staging-ec2-role-9k2",
              "Owner": "DevOps Team",
              "Purpose": "Multi-Environment Infrastructure"
            },
            "unique_id": "AROAQAAAAAAAFM42NS5VR"
          },
          "sensitive_attributes": [],
          "private": "bnVsbA=="
        }
      ]
    },
    {
      "module": "module.staging_environment",
      "mode": "managed",
      "type": "aws_iam_role",
      "name": "flow_logs_role",
      "provider": "provider[\"registry.terraform.io/hashicorp/aws\"]",
      "instances": [
        {
          "schema_version": 0,
          "attributes": {
            "arn": "arn:aws:iam::000000000000:role/staging-flow-logs-role-9k2",
            "assume_role_policy": "{\"Statement\":[{\"Action\":\"sts:AssumeRole\",\"Effect\":\"Allow\",\"Principal\":{\"Service\":\"vpc-flow-logs.amazonaws.com\"}}],\"Version\":\"2012-10-17\"}",
            "create_date": "2025-12-25T02:37:36Z",
            "description": "",
            "force_detach_policies": false,
            "id": "staging-flow-logs-role-9k2",
            "inline_policy": [],
            "managed_policy_arns": [],
            "max_session_duration": 3600,
            "name": "staging-flow-logs-role-9k2",
            "name_prefix": "",
            "path": "/",
            "permissions_boundary": "",
            "tags": {
              "Environment": "staging",
              "Name": "staging-flow-logs-role-9k2",
              "Owner": "DevOps Team",
              "Purpose": "Multi-Environment Infrastructure"
            },
            "tags_all": {
              "Environment": "staging",
              "Name": "staging-flow-logs-role-9k2",
              "Owner": "DevOps Team",
              "Purpose": "Multi-Environment Infrastructure"
            },
            "unique_id": "AROAQAAAAAAADI4IK2YCH"
          },
          "sensitive_attributes": [],
          "private": "bnVsbA=="
        }
      ]
    },
    {
      "module": "module.staging_environment",
      "mode": "managed",
      "type": "aws_iam_role_policy",
      "name": "ec2_policy",
      "provider": "provider[\"registry.terraform.io/hashicorp/aws\"]",
      "instances": [
        {
          "schema_version": 0,
          "attributes": {
            "id": "staging-ec2-role-9k2:staging-ec2-policy-9k2",
            "name": "staging-ec2-policy-9k2",
            "name_prefix": "",
            "policy": "{\"Version\":\"2012-10-17\",\"Statement\":[{\"Action\":[\"cloudwatch:PutMetricData\",\"ec2:DescribeVolumes\",\"ec2:DescribeTags\",\"logs:PutLogEvents\",\"logs:CreateLogGroup\",\"logs:CreateLogStream\"],\"Effect\":\"Allow\",\"Resource\":\"*\"},{\"Action\":[\"ssm:GetParameter\",\"ssm:PutParameter\"],\"Effect\":\"Allow\",\"Resource\":\"*\"}]}",
            "role": "staging-ec2-role-9k2"
          },
          "sensitive_attributes": [],
          "private": "bnVsbA==",
          "dependencies": [
            "module.staging_environment.aws_iam_role.ec2_role"
          ]
        }
      ]
    },
    {
      "module": "module.staging_environment",
      "mode": "managed",
      "type": "aws_iam_role_policy",
      "name": "flow_logs_policy",
      "provider": "provider[\"registry.terraform.io/hashicorp/aws\"]",
      "instances": [
        {
          "schema_version": 0,
          "attributes": {
            "id": "staging-flow-logs-role-9k2:staging-flow-logs-policy-9k2",
            "name": "staging-flow-logs-policy-9k2",
            "name_prefix": "",
            "policy": "{\"Version\":\"2012-10-17\",\"Statement\":[{\"Action\":[\"logs:CreateLogGroup\",\"logs:CreateLogStream\",\"logs:PutLogEvents\",\"logs:DescribeLogGroups\",\"logs:DescribeLogStreams\"],\"Effect\":\"Allow\",\"Resource\":\"*\"}]}",
            "role": "staging-flow-logs-role-9k2"
          },
          "sensitive_attributes": [],
          "private": "bnVsbA==",
          "dependencies": [
            "module.staging_environment.aws_iam_role.flow_logs_role"
          ]
        }
      ]
    },
    {
      "module": "module.staging_environment",
      "mode": "managed",
      "type": "aws_instance",
      "name": "web",
      "provider": "provider[\"registry.terraform.io/hashicorp/aws\"]",
      "instances": []
    },
    {
      "module": "module.staging_environment",
      "mode": "managed",
      "type": "aws_internet_gateway",
      "name": "main",
      "provider": "provider[\"registry.terraform.io/hashicorp/aws\"]",
      "instances": [
        {
          "schema_version": 0,
          "attributes": {
            "arn": "arn:aws:ec2:us-west-2:000000000000:internet-gateway/igw-1ab4cb788c528c6b6",
            "id": "igw-1ab4cb788c528c6b6",
            "owner_id": "000000000000",
            "region": "us-west-2",
            "tags": {
              "Environment": "staging",
              "Name": "staging-igw-9k2",
              "Owner": "DevOps Team",
              "Purpose": "Multi-Environment Infrastructure"
            },
            "tags_all": {
              "Environment": "staging",
              "Name": "staging-igw-9k2",
              "Owner": "DevOps Team",
              "Purpose": "Multi-Environment Infrastructure"
            },
            "timeouts": null,
            "vpc_id": "vpc-da891db68e07d90b8"
          },
          "sensitive_attributes": [],
          "private": "eyJlMmJmYjczMC1lY2FhLTExZTYtOGY4OC0zNDM2M2JjN2M0YzAiOnsiY3JlYXRlIjoxMjAwMDAwMDAwMDAwLCJkZWxldGUiOjEyMDAwMDAwMDAwMDAsInVwZGF0ZSI6MTIwMDAwMDAwMDAwMH19",
          "dependencies": [
            "module.staging_environment.aws_vpc.main"
          ]
        }
      ]
    },
    {
      "module": "module.staging_environment",
      "mode": "managed",
      "type": "aws_nat_gateway",
      "name": "main",
      "provider": "provider[\"registry.terraform.io/hashicorp/aws\"]",
      "instances": [
        {
          "index_key": 0,
          "schema_version": 0,
          "attributes": {
            "allocation_id": "eipalloc-9c91d1747203fdef8",
            "association_id": null,
            "auto_provision_zones": null,
            "auto_scaling_ips": null,
            "availability_mode": "",
            "availability_zone_address": [],
            "connectivity_type": "public",
            "id": "nat-3e573c30181400789",
            "network_interface_id": null,
            "private_ip": null,
            "public_ip": null,
            "region": "us-west-2",
            "regional_nat_gateway_address": [],
            "regional_nat_gateway_auto_mode": null,
            "route_table_id": null,
            "secondary_allocation_ids": [],
            "secondary_private_ip_address_count": null,
            "secondary_private_ip_addresses": [],
            "subnet_id": "subnet-4a14c0ba5ed0254d0",
            "tags": {
              "Environment": "staging",
              "Name": "staging-nat-1-9k2",
              "Owner": "DevOps Team",
              "Purpose": "Multi-Environment Infrastructure"
            },
            "tags_all": {
              "Environment": "staging",
              "Name": "staging-nat-1-9k2",
              "Owner": "DevOps Team",
              "Purpose": "Multi-Environment Infrastructure"
            },
            "timeouts": null,
            "vpc_id": "vpc-da891db68e07d90b8"
          },
          "sensitive_attributes": [],
          "private": "eyJlMmJmYjczMC1lY2FhLTExZTYtOGY4OC0zNDM2M2JjN2M0YzAiOnsiY3JlYXRlIjo2MDAwMDAwMDAwMDAsImRlbGV0ZSI6MTgwMDAwMDAwMDAwMCwidXBkYXRlIjo2MDAwMDAwMDAwMDB9fQ==",
          "dependencies": [
            "data.aws_availability_zones.available",
            "module.staging_environment.aws_eip.nat",
            "module.staging_environment.aws_internet_gateway.main",
            "module.staging_environment.aws_subnet.public",
            "module.staging_environment.aws_vpc.main"
          ]
        },
        {
          "index_key": 1,
          "schema_version": 0,
          "attributes": {
            "allocation_id": "eipalloc-0b51adbf982222844",
            "association_id": null,
            "auto_provision_zones": null,
            "auto_scaling_ips": null,
            "availability_mode": "",
            "availability_zone_address": [],
            "connectivity_type": "public",
            "id": "nat-7011025cd7f30c5c2",
            "network_interface_id": null,
            "private_ip": null,
            "public_ip": null,
            "region": "us-west-2",
            "regional_nat_gateway_address": [],
            "regional_nat_gateway_auto_mode": null,
            "route_table_id": null,
            "secondary_allocation_ids": [],
            "secondary_private_ip_address_count": null,
            "secondary_private_ip_addresses": [],
            "subnet_id": "subnet-50f73fa63933bd68b",
            "tags": {
              "Environment": "staging",
              "Name": "staging-nat-2-9k2",
              "Owner": "DevOps Team",
              "Purpose": "Multi-Environment Infrastructure"
            },
            "tags_all": {
              "Environment": "staging",
              "Name": "staging-nat-2-9k2",
              "Owner": "DevOps Team",
              "Purpose": "Multi-Environment Infrastructure"
            },
            "timeouts": null,
            "vpc_id": "vpc-da891db68e07d90b8"
          },
          "sensitive_attributes": [],
          "private": "eyJlMmJmYjczMC1lY2FhLTExZTYtOGY4OC0zNDM2M2JjN2M0YzAiOnsiY3JlYXRlIjo2MDAwMDAwMDAwMDAsImRlbGV0ZSI6MTgwMDAwMDAwMDAwMCwidXBkYXRlIjo2MDAwMDAwMDAwMDB9fQ==",
          "dependencies": [
            "data.aws_availability_zones.available",
            "module.staging_environment.aws_eip.nat",
            "module.staging_environment.aws_internet_gateway.main",
            "module.staging_environment.aws_subnet.public",
            "module.staging_environment.aws_vpc.main"
          ]
        }
      ]
    },
    {
      "module": "module.staging_environment",
      "mode": "managed",
      "type": "aws_network_acl",
      "name": "private",
      "provider": "provider[\"registry.terraform.io/hashicorp/aws\"]",
      "instances": [
        {
          "schema_version": 0,
          "attributes": {
            "arn": "arn:aws:ec2:us-west-2:000000000000:network-acl/acl-96d4b5c5d1f5c2722",
            "egress": [
              {
                "action": "allow",
                "cidr_block": "0.0.0.0/0",
                "from_port": 0,
                "icmp_code": null,
                "icmp_type": null,
                "ipv6_cidr_block": "",
                "protocol": "-1",
                "rule_no": 100,
                "to_port": 0
              }
            ],
            "id": "acl-96d4b5c5d1f5c2722",
            "ingress": [
              {
                "action": "allow",
                "cidr_block": "0.0.0.0/0",
                "from_port": 1024,
                "icmp_code": null,
                "icmp_type": null,
                "ipv6_cidr_block": "",
                "protocol": "tcp",
                "rule_no": 130,
                "to_port": 65535
              },
              {
                "action": "allow",
                "cidr_block": "10.1.0.0/16",
                "from_port": 22,
                "icmp_code": null,
                "icmp_type": null,
                "ipv6_cidr_block": "",
                "protocol": "tcp",
                "rule_no": 100,
                "to_port": 22
              },
              {
                "action": "allow",
                "cidr_block": "10.1.0.0/16",
                "from_port": 443,
                "icmp_code": null,
                "icmp_type": null,
                "ipv6_cidr_block": "",
                "protocol": "tcp",
                "rule_no": 120,
                "to_port": 443
              },
              {
                "action": "allow",
                "cidr_block": "10.1.0.0/16",
                "from_port": 80,
                "icmp_code": null,
                "icmp_type": null,
                "ipv6_cidr_block": "",
                "protocol": "tcp",
                "rule_no": 110,
                "to_port": 80
              },
              {
                "action": "deny",
                "cidr_block": "10.0.0.0/16",
                "from_port": 0,
                "icmp_code": null,
                "icmp_type": null,
                "ipv6_cidr_block": "",
                "protocol": "-1",
                "rule_no": 90,
                "to_port": 0
              }
            ],
            "owner_id": "000000000000",
            "region": "us-west-2",
            "subnet_ids": [
              "subnet-0743410c7f6bd038e",
              "subnet-779e168aa58cab031"
            ],
            "tags": {
              "Environment": "staging",
              "Name": "staging-private-nacl-9k2",
              "Owner": "DevOps Team",
              "Purpose": "Multi-Environment Infrastructure"
            },
            "tags_all": {
              "Environment": "staging",
              "Name": "staging-private-nacl-9k2",
              "Owner": "DevOps Team",
              "Purpose": "Multi-Environment Infrastructure"
            },
            "vpc_id": "vpc-da891db68e07d90b8"
          },
          "sensitive_attributes": [],
          "private": "bnVsbA==",
          "dependencies": [
            "data.aws_availability_zones.available",
            "module.staging_environment.aws_subnet.private",
            "module.staging_environment.aws_vpc.main"
          ]
        }
      ]
    },
    {
      "module": "module.staging_environment",
      "mode": "managed",
      "type": "aws_network_acl",
      "name": "public",
      "provider": "provider[\"registry.terraform.io/hashicorp/aws\"]",
      "instances": [
        {
          "schema_version": 0,
          "attributes": {
            "arn": "arn:aws:ec2:us-west-2:000000000000:network-acl/acl-85bd5a0412f5e7558",
            "egress": [
              {
                "action": "allow",
                "cidr_block": "0.0.0.0/0",
                "from_port": 0,
                "icmp_code": null,
                "icmp_type": null,
                "ipv6_cidr_block": "",
                "protocol": "-1",
                "rule_no": 100,
                "to_port": 0
              }
            ],
            "id": "acl-85bd5a0412f5e7558",
            "ingress": [
              {
                "action": "allow",
                "cidr_block": "0.0.0.0/0",
                "from_port": 1024,
                "icmp_code": null,
                "icmp_type": null,
                "ipv6_cidr_block": "",
                "protocol": "tcp",
                "rule_no": 130,
                "to_port": 65535
              },
              {
                "action": "allow",
                "cidr_block": "0.0.0.0/0",
                "from_port": 443,
                "icmp_code": null,
                "icmp_type": null,
                "ipv6_cidr_block": "",
                "protocol": "tcp",
                "rule_no": 110,
                "to_port": 443
              },
              {
                "action": "allow",
                "cidr_block": "0.0.0.0/0",
                "from_port": 80,
                "icmp_code": null,
                "icmp_type": null,
                "ipv6_cidr_block": "",
                "protocol": "tcp",
                "rule_no": 100,
                "to_port": 80
              },
              {
                "action": "allow",
                "cidr_block": "10.1.0.0/16",
                "from_port": 22,
                "icmp_code": null,
                "icmp_type": null,
                "ipv6_cidr_block": "",
                "protocol": "tcp",
                "rule_no": 120,
                "to_port": 22
              }
            ],
            "owner_id": "000000000000",
            "region": "us-west-2",
            "subnet_ids": [
              "subnet-4a14c0ba5ed0254d0",
              "subnet-50f73fa63933bd68b"
            ],
            "tags": {
              "Environment": "staging",
              "Name": "staging-public-nacl-9k2",
              "Owner": "DevOps Team",
              "Purpose": "Multi-Environment Infrastructure"
            },
            "tags_all": {
              "Environment": "staging",
              "Name": "staging-public-nacl-9k2",
              "Owner": "DevOps Team",
              "Purpose": "Multi-Environment Infrastructure"
            },
            "vpc_id": "vpc-da891db68e07d90b8"
          },
          "sensitive_attributes": [],
          "private": "bnVsbA==",
          "dependencies": [
            "data.aws_availability_zones.available",
            "module.staging_environment.aws_subnet.public",
            "module.staging_environment.aws_vpc.main"
          ]
        }
      ]
    },
    {
      "module": "module.staging_environment",
      "mode": "managed",
      "type": "aws_route_table",
      "name": "private",
      "provider": "provider[\"registry.terraform.io/hashicorp/aws\"]",
      "instances": [
        {
          "index_key": 0,
          "schema_version": 0,
          "attributes": {
            "arn": "arn:aws:ec2:us-west-2:000000000000:route-table/rtb-f559ec47073203417",
            "id": "rtb-f559ec47073203417",
            "owner_id": "000000000000",
            "propagating_vgws": [],
            "region": "us-west-2",
            "route": [
              {
                "carrier_gateway_id": "",
                "cidr_block": "0.0.0.0/0",
                "core_network_arn": "",
                "destination_prefix_list_id": "",
                "egress_only_gateway_id": "",
                "gateway_id": "",
                "ipv6_cidr_block": "",
                "local_gateway_id": "",
                "nat_gateway_id": "nat-3e573c30181400789",
                "network_interface_id": "",
                "transit_gateway_id": "",
                "vpc_endpoint_id": "",
                "vpc_peering_connection_id": ""
              }
            ],
            "tags": {
              "Environment": "staging",
              "Name": "staging-private-rt-1-9k2",
              "Owner": "DevOps Team",
              "Purpose": "Multi-Environment Infrastructure"
            },
            "tags_all": {
              "Environment": "staging",
              "Name": "staging-private-rt-1-9k2",
              "Owner": "DevOps Team",
              "Purpose": "Multi-Environment Infrastructure"
            },
            "timeouts": null,
            "vpc_id": "vpc-da891db68e07d90b8"
          },
          "sensitive_attributes": [],
          "private": "eyJlMmJmYjczMC1lY2FhLTExZTYtOGY4OC0zNDM2M2JjN2M0YzAiOnsiY3JlYXRlIjozMDAwMDAwMDAwMDAsImRlbGV0ZSI6MzAwMDAwMDAwMDAwLCJ1cGRhdGUiOjEyMDAwMDAwMDAwMH19",
          "dependencies": [
            "data.aws_availability_zones.available",
            "module.staging_environment.aws_eip.nat",
            "module.staging_environment.aws_internet_gateway.main",
            "module.staging_environment.aws_nat_gateway.main",
            "module.staging_environment.aws_subnet.public",
            "module.staging_environment.aws_vpc.main"
          ]
        },
        {
          "index_key": 1,
          "schema_version": 0,
          "attributes": {
            "arn": "arn:aws:ec2:us-west-2:000000000000:route-table/rtb-9a9480f9d86433244",
            "id": "rtb-9a9480f9d86433244",
            "owner_id": "000000000000",
            "propagating_vgws": [],
            "region": "us-west-2",
            "route": [
              {
                "carrier_gateway_id": "",
                "cidr_block": "0.0.0.0/0",
                "core_network_arn": "",
                "destination_prefix_list_id": "",
                "egress_only_gateway_id": "",
                "gateway_id": "",
                "ipv6_cidr_block": "",
                "local_gateway_id": "",
                "nat_gateway_id": "nat-7011025cd7f30c5c2",
                "network_interface_id": "",
                "transit_gateway_id": "",
                "vpc_endpoint_id": "",
                "vpc_peering_connection_id": ""
              }
            ],
            "tags": {
              "Environment": "staging",
              "Name": "staging-private-rt-2-9k2",
              "Owner": "DevOps Team",
              "Purpose": "Multi-Environment Infrastructure"
            },
            "tags_all": {
              "Environment": "staging",
              "Name": "staging-private-rt-2-9k2",
              "Owner": "DevOps Team",
              "Purpose": "Multi-Environment Infrastructure"
            },
            "timeouts": null,
            "vpc_id": "vpc-da891db68e07d90b8"
          },
          "sensitive_attributes": [],
          "private": "eyJlMmJmYjczMC1lY2FhLTExZTYtOGY4OC0zNDM2M2JjN2M0YzAiOnsiY3JlYXRlIjozMDAwMDAwMDAwMDAsImRlbGV0ZSI6MzAwMDAwMDAwMDAwLCJ1cGRhdGUiOjEyMDAwMDAwMDAwMH19",
          "dependencies": [
            "data.aws_availability_zones.available",
            "module.staging_environment.aws_eip.nat",
            "module.staging_environment.aws_internet_gateway.main",
            "module.staging_environment.aws_nat_gateway.main",
            "module.staging_environment.aws_subnet.public",
            "module.staging_environment.aws_vpc.main"
          ]
        }
      ]
    },
    {
      "module": "module.staging_environment",
      "mode": "managed",
      "type": "aws_route_table",
      "name": "public",
      "provider": "provider[\"registry.terraform.io/hashicorp/aws\"]",
      "instances": [
        {
          "schema_version": 0,
          "attributes": {
            "arn": "arn:aws:ec2:us-west-2:000000000000:route-table/rtb-c96ee7f05704e6cb4",
            "id": "rtb-c96ee7f05704e6cb4",
            "owner_id": "000000000000",
            "propagating_vgws": [],
            "region": "us-west-2",
            "route": [
              {
                "carrier_gateway_id": "",
                "cidr_block": "0.0.0.0/0",
                "core_network_arn": "",
                "destination_prefix_list_id": "",
                "egress_only_gateway_id": "",
                "gateway_id": "igw-1ab4cb788c528c6b6",
                "ipv6_cidr_block": "",
                "local_gateway_id": "",
                "nat_gateway_id": "",
                "network_interface_id": "",
                "transit_gateway_id": "",
                "vpc_endpoint_id": "",
                "vpc_peering_connection_id": ""
              }
            ],
            "tags": {
              "Environment": "staging",
              "Name": "staging-public-rt-9k2",
              "Owner": "DevOps Team",
              "Purpose": "Multi-Environment Infrastructure"
            },
            "tags_all": {
              "Environment": "staging",
              "Name": "staging-public-rt-9k2",
              "Owner": "DevOps Team",
              "Purpose": "Multi-Environment Infrastructure"
            },
            "timeouts": null,
            "vpc_id": "vpc-da891db68e07d90b8"
          },
          "sensitive_attributes": [],
          "private": "eyJlMmJmYjczMC1lY2FhLTExZTYtOGY4OC0zNDM2M2JjN2M0YzAiOnsiY3JlYXRlIjozMDAwMDAwMDAwMDAsImRlbGV0ZSI6MzAwMDAwMDAwMDAwLCJ1cGRhdGUiOjEyMDAwMDAwMDAwMH19",
          "dependencies": [
            "module.staging_environment.aws_internet_gateway.main",
            "module.staging_environment.aws_vpc.main"
          ]
        }
      ]
    },
    {
      "module": "module.staging_environment",
      "mode": "managed",
      "type": "aws_route_table_association",
      "name": "private",
      "provider": "provider[\"registry.terraform.io/hashicorp/aws\"]",
      "instances": [
        {
          "index_key": 0,
          "schema_version": 0,
          "attributes": {
            "gateway_id": "",
            "id": "rtbassoc-9268fdd89b3f9513f",
            "region": "us-west-2",
            "route_table_id": "rtb-f559ec47073203417",
            "subnet_id": "subnet-779e168aa58cab031",
            "timeouts": null
          },
          "sensitive_attributes": [],
          "private": "eyJlMmJmYjczMC1lY2FhLTExZTYtOGY4OC0zNDM2M2JjN2M0YzAiOnsiY3JlYXRlIjozMDAwMDAwMDAwMDAsImRlbGV0ZSI6MzAwMDAwMDAwMDAwLCJ1cGRhdGUiOjEyMDAwMDAwMDAwMH19",
          "dependencies": [
            "data.aws_availability_zones.available",
            "module.staging_environment.aws_eip.nat",
            "module.staging_environment.aws_internet_gateway.main",
            "module.staging_environment.aws_nat_gateway.main",
            "module.staging_environment.aws_route_table.private",
            "module.staging_environment.aws_subnet.private",
            "module.staging_environment.aws_subnet.public",
            "module.staging_environment.aws_vpc.main"
          ]
        },
        {
          "index_key": 1,
          "schema_version": 0,
          "attributes": {
            "gateway_id": "",
            "id": "rtbassoc-d4bb613827c8f3124",
            "region": "us-west-2",
            "route_table_id": "rtb-9a9480f9d86433244",
            "subnet_id": "subnet-0743410c7f6bd038e",
            "timeouts": null
          },
          "sensitive_attributes": [],
          "private": "eyJlMmJmYjczMC1lY2FhLTExZTYtOGY4OC0zNDM2M2JjN2M0YzAiOnsiY3JlYXRlIjozMDAwMDAwMDAwMDAsImRlbGV0ZSI6MzAwMDAwMDAwMDAwLCJ1cGRhdGUiOjEyMDAwMDAwMDAwMH19",
          "dependencies": [
            "data.aws_availability_zones.available",
            "module.staging_environment.aws_eip.nat",
            "module.staging_environment.aws_internet_gateway.main",
            "module.staging_environment.aws_nat_gateway.main",
            "module.staging_environment.aws_route_table.private",
            "module.staging_environment.aws_subnet.private",
            "module.staging_environment.aws_subnet.public",
            "module.staging_environment.aws_vpc.main"
          ]
        }
      ]
    },
    {
      "module": "module.staging_environment",
      "mode": "managed",
      "type": "aws_route_table_association",
      "name": "public",
      "provider": "provider[\"registry.terraform.io/hashicorp/aws\"]",
      "instances": [
        {
          "index_key": 0,
          "schema_version": 0,
          "attributes": {
            "gateway_id": "",
            "id": "rtbassoc-a6bb6632b05cef639",
            "region": "us-west-2",
            "route_table_id": "rtb-c96ee7f05704e6cb4",
            "subnet_id": "subnet-4a14c0ba5ed0254d0",
            "timeouts": null
          },
          "sensitive_attributes": [],
          "private": "eyJlMmJmYjczMC1lY2FhLTExZTYtOGY4OC0zNDM2M2JjN2M0YzAiOnsiY3JlYXRlIjozMDAwMDAwMDAwMDAsImRlbGV0ZSI6MzAwMDAwMDAwMDAwLCJ1cGRhdGUiOjEyMDAwMDAwMDAwMH19",
          "dependencies": [
            "data.aws_availability_zones.available",
            "module.staging_environment.aws_internet_gateway.main",
            "module.staging_environment.aws_route_table.public",
            "module.staging_environment.aws_subnet.public",
            "module.staging_environment.aws_vpc.main"
          ]
        },
        {
          "index_key": 1,
          "schema_version": 0,
          "attributes": {
            "gateway_id": "",
            "id": "rtbassoc-e25b3480da8b5f80b",
            "region": "us-west-2",
            "route_table_id": "rtb-c96ee7f05704e6cb4",
            "subnet_id": "subnet-50f73fa63933bd68b",
            "timeouts": null
          },
          "sensitive_attributes": [],
          "private": "eyJlMmJmYjczMC1lY2FhLTExZTYtOGY4OC0zNDM2M2JjN2M0YzAiOnsiY3JlYXRlIjozMDAwMDAwMDAwMDAsImRlbGV0ZSI6MzAwMDAwMDAwMDAwLCJ1cGRhdGUiOjEyMDAwMDAwMDAwMH19",
          "dependencies": [
            "data.aws_availability_zones.available",
            "module.staging_environment.aws_internet_gateway.main",
            "module.staging_environment.aws_route_table.public",
            "module.staging_environment.aws_subnet.public",
            "module.staging_environment.aws_vpc.main"
          ]
        }
      ]
    },
    {
      "module": "module.staging_environment",
      "mode": "managed",
      "type": "aws_security_group",
      "name": "web",
      "provider": "provider[\"registry.terraform.io/hashicorp/aws\"]",
      "instances": [
        {
          "schema_version": 1,
          "attributes": {
            "arn": "arn:aws:ec2:us-west-2:000000000000:security-group/sg-b011e137ab7410ae6",
            "description": "Security group for web servers in staging environment",
            "egress": [
              {
                "cidr_blocks": [
                  "0.0.0.0/0"
                ],
                "description": "All outbound",
                "from_port": 0,
                "ipv6_cidr_blocks": [],
                "prefix_list_ids": [],
                "protocol": "-1",
                "security_groups": [],
                "self": false,
                "to_port": 0
              }
            ],
            "id": "sg-b011e137ab7410ae6",
            "ingress": [
              {
                "cidr_blocks": [
                  "0.0.0.0/0"
                ],
                "description": "HTTP",
                "from_port": 80,
                "ipv6_cidr_blocks": [],
                "prefix_list_ids": [],
                "protocol": "tcp",
                "security_groups": [],
                "self": false,
                "to_port": 80
              },
              {
                "cidr_blocks": [
                  "0.0.0.0/0"
                ],
                "description": "HTTPS",
                "from_port": 443,
                "ipv6_cidr_blocks": [],
                "prefix_list_ids": [],
                "protocol": "tcp",
                "security_groups": [],
                "self": false,
                "to_port": 443
              },
              {
                "cidr_blocks": [
                  "10.1.0.0/16"
                ],
                "description": "SSH",
                "from_port": 22,
                "ipv6_cidr_blocks": [],
                "prefix_list_ids": [],
                "protocol": "tcp",
                "security_groups": [],
                "self": false,
                "to_port": 22
              }
            ],
            "name": "staging-web-sg-9k2",
            "name_prefix": "",
            "owner_id": "000000000000",
            "region": "us-west-2",
            "revoke_rules_on_delete": false,
            "tags": {
              "Environment": "staging",
              "Name": "staging-web-sg-9k2",
              "Owner": "DevOps Team",
              "Purpose": "Multi-Environment Infrastructure"
            },
            "tags_all": {
              "Environment": "staging",
              "Name": "staging-web-sg-9k2",
              "Owner": "DevOps Team",
              "Purpose": "Multi-Environment Infrastructure"
            },
            "timeouts": null,
            "vpc_id": "vpc-da891db68e07d90b8"
          },
          "sensitive_attributes": [],
          "private": "eyJlMmJmYjczMC1lY2FhLTExZTYtOGY4OC0zNDM2M2JjN2M0YzAiOnsiY3JlYXRlIjo2MDAwMDAwMDAwMDAsImRlbGV0ZSI6OTAwMDAwMDAwMDAwfSwic2NoZW1hX3ZlcnNpb24iOiIxIn0=",
          "dependencies": [
            "module.staging_environment.aws_vpc.main"
          ]
        }
      ]
    },
    {
      "module": "module.staging_environment",
      "mode": "managed",
      "type": "aws_subnet",
      "name": "private",
      "provider": "provider[\"registry.terraform.io/hashicorp/aws\"]",
      "instances": [
        {
          "index_key": 0,
          "schema_version": 1,
          "attributes": {
            "arn": "arn:aws:ec2:us-west-2:000000000000:subnet/subnet-779e168aa58cab031",
            "assign_ipv6_address_on_creation": false,
            "availability_zone": "us-west-2a",
            "availability_zone_id": "usw2-az2",
            "cidr_block": "10.1.10.0/24",
            "customer_owned_ipv4_pool": "",
            "enable_dns64": false,
            "enable_lni_at_device_index": 0,
            "enable_resource_name_dns_a_record_on_launch": false,
            "enable_resource_name_dns_aaaa_record_on_launch": false,
            "id": "subnet-779e168aa58cab031",
            "ipv6_cidr_block": "",
            "ipv6_cidr_block_association_id": "",
            "ipv6_native": false,
            "map_customer_owned_ip_on_launch": false,
            "map_public_ip_on_launch": false,
            "outpost_arn": "",
            "owner_id": "000000000000",
            "private_dns_hostname_type_on_launch": "ip-name",
            "region": "us-west-2",
            "tags": {
              "Environment": "staging",
              "Name": "staging-private-subnet-1-9k2",
              "Owner": "DevOps Team",
              "Purpose": "Multi-Environment Infrastructure",
              "Type": "private"
            },
            "tags_all": {
              "Environment": "staging",
              "Name": "staging-private-subnet-1-9k2",
              "Owner": "DevOps Team",
              "Purpose": "Multi-Environment Infrastructure",
              "Type": "private"
            },
            "timeouts": null,
            "vpc_id": "vpc-da891db68e07d90b8"
          },
          "sensitive_attributes": [],
          "private": "eyJlMmJmYjczMC1lY2FhLTExZTYtOGY4OC0zNDM2M2JjN2M0YzAiOnsiY3JlYXRlIjo2MDAwMDAwMDAwMDAsImRlbGV0ZSI6MTIwMDAwMDAwMDAwMH0sInNjaGVtYV92ZXJzaW9uIjoiMSJ9",
          "dependencies": [
            "data.aws_availability_zones.available",
            "module.staging_environment.aws_vpc.main"
          ]
        },
        {
          "index_key": 1,
          "schema_version": 1,
          "attributes": {
            "arn": "arn:aws:ec2:us-west-2:000000000000:subnet/subnet-0743410c7f6bd038e",
            "assign_ipv6_address_on_creation": false,
            "availability_zone": "us-west-2b",
            "availability_zone_id": "usw2-az1",
            "cidr_block": "10.1.20.0/24",
            "customer_owned_ipv4_pool": "",
            "enable_dns64": false,
            "enable_lni_at_device_index": 0,
            "enable_resource_name_dns_a_record_on_launch": false,
            "enable_resource_name_dns_aaaa_record_on_launch": false,
            "id": "subnet-0743410c7f6bd038e",
            "ipv6_cidr_block": "",
            "ipv6_cidr_block_association_id": "",
            "ipv6_native": false,
            "map_customer_owned_ip_on_launch": false,
            "map_public_ip_on_launch": false,
            "outpost_arn": "",
            "owner_id": "000000000000",
            "private_dns_hostname_type_on_launch": "ip-name",
            "region": "us-west-2",
            "tags": {
              "Environment": "staging",
              "Name": "staging-private-subnet-2-9k2",
              "Owner": "DevOps Team",
              "Purpose": "Multi-Environment Infrastructure",
              "Type": "private"
            },
            "tags_all": {
              "Environment": "staging",
              "Name": "staging-private-subnet-2-9k2",
              "Owner": "DevOps Team",
              "Purpose": "Multi-Environment Infrastructure",
              "Type": "private"
            },
            "timeouts": null,
            "vpc_id": "vpc-da891db68e07d90b8"
          },
          "sensitive_attributes": [],
          "private": "eyJlMmJmYjczMC1lY2FhLTExZTYtOGY4OC0zNDM2M2JjN2M0YzAiOnsiY3JlYXRlIjo2MDAwMDAwMDAwMDAsImRlbGV0ZSI6MTIwMDAwMDAwMDAwMH0sInNjaGVtYV92ZXJzaW9uIjoiMSJ9",
          "dependencies": [
            "data.aws_availability_zones.available",
            "module.staging_environment.aws_vpc.main"
          ]
        }
      ]
    },
    {
      "module": "module.staging_environment",
      "mode": "managed",
      "type": "aws_subnet",
      "name": "public",
      "provider": "provider[\"registry.terraform.io/hashicorp/aws\"]",
      "instances": [
        {
          "index_key": 0,
          "schema_version": 1,
          "attributes": {
            "arn": "arn:aws:ec2:us-west-2:000000000000:subnet/subnet-4a14c0ba5ed0254d0",
            "assign_ipv6_address_on_creation": false,
            "availability_zone": "us-west-2a",
            "availability_zone_id": "usw2-az2",
            "cidr_block": "10.1.1.0/24",
            "customer_owned_ipv4_pool": "",
            "enable_dns64": false,
            "enable_lni_at_device_index": 0,
            "enable_resource_name_dns_a_record_on_launch": false,
            "enable_resource_name_dns_aaaa_record_on_launch": false,
            "id": "subnet-4a14c0ba5ed0254d0",
            "ipv6_cidr_block": "",
            "ipv6_cidr_block_association_id": "",
            "ipv6_native": false,
            "map_customer_owned_ip_on_launch": false,
            "map_public_ip_on_launch": true,
            "outpost_arn": "",
            "owner_id": "000000000000",
            "private_dns_hostname_type_on_launch": "ip-name",
            "region": "us-west-2",
            "tags": {
              "Environment": "staging",
              "Name": "staging-public-subnet-1-9k2",
              "Owner": "DevOps Team",
              "Purpose": "Multi-Environment Infrastructure",
              "Type": "public"
            },
            "tags_all": {
              "Environment": "staging",
              "Name": "staging-public-subnet-1-9k2",
              "Owner": "DevOps Team",
              "Purpose": "Multi-Environment Infrastructure",
              "Type": "public"
            },
            "timeouts": null,
            "vpc_id": "vpc-da891db68e07d90b8"
          },
          "sensitive_attributes": [],
          "private": "eyJlMmJmYjczMC1lY2FhLTExZTYtOGY4OC0zNDM2M2JjN2M0YzAiOnsiY3JlYXRlIjo2MDAwMDAwMDAwMDAsImRlbGV0ZSI6MTIwMDAwMDAwMDAwMH0sInNjaGVtYV92ZXJzaW9uIjoiMSJ9",
          "dependencies": [
            "data.aws_availability_zones.available",
            "module.staging_environment.aws_vpc.main"
          ]
        },
        {
          "index_key": 1,
          "schema_version": 1,
          "attributes": {
            "arn": "arn:aws:ec2:us-west-2:000000000000:subnet/subnet-50f73fa63933bd68b",
            "assign_ipv6_address_on_creation": false,
            "availability_zone": "us-west-2b",
            "availability_zone_id": "usw2-az1",
            "cidr_block": "10.1.2.0/24",
            "customer_owned_ipv4_pool": "",
            "enable_dns64": false,
            "enable_lni_at_device_index": 0,
            "enable_resource_name_dns_a_record_on_launch": false,
            "enable_resource_name_dns_aaaa_record_on_launch": false,
            "id": "subnet-50f73fa63933bd68b",
            "ipv6_cidr_block": "",
            "ipv6_cidr_block_association_id": "",
            "ipv6_native": false,
            "map_customer_owned_ip_on_launch": false,
            "map_public_ip_on_launch": true,
            "outpost_arn": "",
            "owner_id": "000000000000",
            "private_dns_hostname_type_on_launch": "ip-name",
            "region": "us-west-2",
            "tags": {
              "Environment": "staging",
              "Name": "staging-public-subnet-2-9k2",
              "Owner": "DevOps Team",
              "Purpose": "Multi-Environment Infrastructure",
              "Type": "public"
            },
            "tags_all": {
              "Environment": "staging",
              "Name": "staging-public-subnet-2-9k2",
              "Owner": "DevOps Team",
              "Purpose": "Multi-Environment Infrastructure",
              "Type": "public"
            },
            "timeouts": null,
            "vpc_id": "vpc-da891db68e07d90b8"
          },
          "sensitive_attributes": [],
          "private": "eyJlMmJmYjczMC1lY2FhLTExZTYtOGY4OC0zNDM2M2JjN2M0YzAiOnsiY3JlYXRlIjo2MDAwMDAwMDAwMDAsImRlbGV0ZSI6MTIwMDAwMDAwMDAwMH0sInNjaGVtYV92ZXJzaW9uIjoiMSJ9",
          "dependencies": [
            "data.aws_availability_zones.available",
            "module.staging_environment.aws_vpc.main"
          ]
        }
      ]
    },
    {
      "module": "module.staging_environment",
      "mode": "managed",
      "type": "aws_vpc",
      "name": "main",
      "provider": "provider[\"registry.terraform.io/hashicorp/aws\"]",
      "instances": [
        {
          "schema_version": 1,
          "attributes": {
            "arn": "arn:aws:ec2:us-west-2:000000000000:vpc/vpc-da891db68e07d90b8",
            "assign_generated_ipv6_cidr_block": false,
            "cidr_block": "10.1.0.0/16",
            "default_network_acl_id": "acl-83aa84f6e805ec47b",
            "default_route_table_id": "rtb-15a4cab724c8fdfa1",
            "default_security_group_id": "sg-847983b4ae9092e34",
            "dhcp_options_id": "default",
            "enable_dns_hostnames": true,
            "enable_dns_support": true,
            "enable_network_address_usage_metrics": false,
            "id": "vpc-da891db68e07d90b8",
            "instance_tenancy": "default",
            "ipv4_ipam_pool_id": null,
            "ipv4_netmask_length": null,
            "ipv6_association_id": "",
            "ipv6_cidr_block": "",
            "ipv6_cidr_block_network_border_group": "",
            "ipv6_ipam_pool_id": "",
            "ipv6_netmask_length": 0,
            "main_route_table_id": "rtb-15a4cab724c8fdfa1",
            "owner_id": "000000000000",
            "region": "us-west-2",
            "tags": {
              "Environment": "staging",
              "Name": "staging-vpc-9k2",
              "Owner": "DevOps Team",
              "Purpose": "Multi-Environment Infrastructure"
            },
            "tags_all": {
              "Environment": "staging",
              "Name": "staging-vpc-9k2",
              "Owner": "DevOps Team",
              "Purpose": "Multi-Environment Infrastructure"
            }
          },
          "sensitive_attributes": [],
          "private": "eyJzY2hlbWFfdmVyc2lvbiI6IjEifQ=="
        }
      ]
    }
  ],
  "check_results": null
}
