{
  "version": 4,
  "terraform_version": "1.5.7",
  "serial": 13,
  "lineage": "8595f522-2aa9-a52d-3524-b7ecec0e390e",
  "outputs": {
    "cloudwatch_alarms": {
      "value": {
        "dlq_messages": "expense-tracker-synth43287915-dlq-messages",
        "lambda_errors": "expense-tracker-synth43287915-lambda-errors",
        "processing_errors": "expense-tracker-synth43287915-processing-errors"
      },
      "type": [
        "object",
        {
          "dlq_messages": "string",
          "lambda_errors": "string",
          "processing_errors": "string"
        }
      ]
    },
    "dlq_url": {
      "value": "https://sqs.us-west-2.amazonaws.com/342597974367/expense-tracker-synth43287915-processing-dlq",
      "type": "string"
    },
    "dynamodb_table_arn": {
      "value": "arn:aws:dynamodb:us-west-2:342597974367:table/expense-tracker-synth43287915-expenses",
      "type": "string"
    },
    "dynamodb_table_name": {
      "value": "expense-tracker-synth43287915-expenses",
      "type": "string"
    },
    "lambda_functions": {
      "value": {
        "category": "expense-tracker-synth43287915-category-detector",
        "ocr": "expense-tracker-synth43287915-ocr-processor",
        "saver": "expense-tracker-synth43287915-expense-saver",
        "trigger": "expense-tracker-synth43287915-process-trigger"
      },
      "type": [
        "object",
        {
          "category": "string",
          "ocr": "string",
          "saver": "string",
          "trigger": "string"
        }
      ]
    },
    "s3_bucket_arn": {
      "value": "arn:aws:s3:::expense-tracker-synth43287915-receipts-342597974367",
      "type": "string"
    },
    "s3_bucket_name": {
      "value": "expense-tracker-synth43287915-receipts-342597974367",
      "type": "string"
    },
    "sns_topic_arn": {
      "value": "arn:aws:sns:us-west-2:342597974367:expense-tracker-synth43287915-processing-notifications",
      "type": "string"
    }
  },
  "resources": [
    {
      "mode": "data",
      "type": "aws_caller_identity",
      "name": "current",
      "provider": "provider[\"registry.terraform.io/hashicorp/aws\"]",
      "instances": [
        {
          "schema_version": 0,
          "attributes": {
            "account_id": "342597974367",
            "arn": "arn:aws:iam::342597974367:user/mayank.sethi",
            "id": "342597974367",
            "user_id": "AIDAU7RDOHFP2MZ572UQ5"
          },
          "sensitive_attributes": []
        }
      ]
    },
    {
      "mode": "data",
      "type": "aws_region",
      "name": "current",
      "provider": "provider[\"registry.terraform.io/hashicorp/aws\"]",
      "instances": [
        {
          "schema_version": 0,
          "attributes": {
            "description": "US West (Oregon)",
            "endpoint": "ec2.us-west-2.amazonaws.com",
            "id": "us-west-2",
            "name": "us-west-2",
            "region": "us-west-2"
          },
          "sensitive_attributes": []
        }
      ]
    },
    {
      "mode": "managed",
      "type": "aws_cloudwatch_log_group",
      "name": "lambda_logs",
      "provider": "provider[\"registry.terraform.io/hashicorp/aws\"]",
      "instances": [
        {
          "schema_version": 0,
          "attributes": {
            "arn": "arn:aws:logs:us-west-2:342597974367:log-group:/aws/lambda/expense-tracker-synth43287915-ocr-processor",
            "id": "/aws/lambda/expense-tracker-synth43287915-ocr-processor",
            "kms_key_id": "",
            "log_group_class": "STANDARD",
            "name": "/aws/lambda/expense-tracker-synth43287915-ocr-processor",
            "name_prefix": "",
            "region": "us-west-2",
            "retention_in_days": 14,
            "skip_destroy": false,
            "tags": {
              "Application": "ExpenseTracking",
              "CostCenter": "Engineering",
              "ManagedBy": "Terraform",
              "Name": "expense-tracker-synth43287915-lambda-logs"
            },
            "tags_all": {
              "Application": "ExpenseTracking",
              "CostCenter": "Engineering",
              "ManagedBy": "Terraform",
              "Name": "expense-tracker-synth43287915-lambda-logs"
            }
          },
          "sensitive_attributes": [],
          "private": "bnVsbA=="
        }
      ]
    },
    {
      "mode": "managed",
      "type": "aws_cloudwatch_log_group",
      "name": "step_function_logs",
      "provider": "provider[\"registry.terraform.io/hashicorp/aws\"]",
      "instances": [
        {
          "schema_version": 0,
          "attributes": {
            "arn": "arn:aws:logs:us-west-2:342597974367:log-group:/aws/stepfunctions/expense-tracker-synth43287915-processing",
            "id": "/aws/stepfunctions/expense-tracker-synth43287915-processing",
            "kms_key_id": "",
            "log_group_class": "STANDARD",
            "name": "/aws/stepfunctions/expense-tracker-synth43287915-processing",
            "name_prefix": "",
            "region": "us-west-2",
            "retention_in_days": 14,
            "skip_destroy": false,
            "tags": {
              "Application": "ExpenseTracking",
              "CostCenter": "Engineering",
              "ManagedBy": "Terraform",
              "Name": "expense-tracker-synth43287915-stepfunction-logs"
            },
            "tags_all": {
              "Application": "ExpenseTracking",
              "CostCenter": "Engineering",
              "ManagedBy": "Terraform",
              "Name": "expense-tracker-synth43287915-stepfunction-logs"
            }
          },
          "sensitive_attributes": [],
          "private": "bnVsbA=="
        }
      ]
    },
    {
      "mode": "managed",
      "type": "aws_cloudwatch_metric_alarm",
      "name": "dlq_messages",
      "provider": "provider[\"registry.terraform.io/hashicorp/aws\"]",
      "instances": [
        {
          "schema_version": 1,
          "attributes": {
            "actions_enabled": true,
            "alarm_actions": [
              "arn:aws:sns:us-west-2:342597974367:expense-tracker-synth43287915-processing-notifications"
            ],
            "alarm_description": "Alert when messages are in DLQ",
            "alarm_name": "expense-tracker-synth43287915-dlq-messages",
            "arn": "arn:aws:cloudwatch:us-west-2:342597974367:alarm:expense-tracker-synth43287915-dlq-messages",
            "comparison_operator": "GreaterThanThreshold",
            "datapoints_to_alarm": 0,
            "dimensions": {
              "QueueName": "expense-tracker-synth43287915-processing-dlq"
            },
            "evaluate_low_sample_count_percentiles": "",
            "evaluation_periods": 1,
            "extended_statistic": "",
            "id": "expense-tracker-synth43287915-dlq-messages",
            "insufficient_data_actions": null,
            "metric_name": "ApproximateNumberOfMessagesVisible",
            "metric_query": [],
            "namespace": "AWS/SQS",
            "ok_actions": null,
            "period": 300,
            "region": "us-west-2",
            "statistic": "Maximum",
            "tags": null,
            "tags_all": {},
            "threshold": 5,
            "threshold_metric_id": "",
            "treat_missing_data": "missing",
            "unit": ""
          },
          "sensitive_attributes": [],
          "private": "eyJzY2hlbWFfdmVyc2lvbiI6IjEifQ==",
          "dependencies": [
            "aws_sns_topic.processing_notifications",
            "aws_sqs_queue.dlq"
          ]
        }
      ]
    },
    {
      "mode": "managed",
      "type": "aws_cloudwatch_metric_alarm",
      "name": "lambda_errors",
      "provider": "provider[\"registry.terraform.io/hashicorp/aws\"]",
      "instances": []
    },
    {
      "mode": "managed",
      "type": "aws_cloudwatch_metric_alarm",
      "name": "processing_errors",
      "provider": "provider[\"registry.terraform.io/hashicorp/aws\"]",
      "instances": []
    },
    {
      "mode": "managed",
      "type": "aws_dynamodb_table",
      "name": "expenses",
      "provider": "provider[\"registry.terraform.io/hashicorp/aws\"]",
      "instances": [
        {
          "schema_version": 1,
          "attributes": {
            "arn": "arn:aws:dynamodb:us-west-2:342597974367:table/expense-tracker-synth43287915-expenses",
            "attribute": [
              {
                "name": "category",
                "type": "S"
              },
              {
                "name": "expense_date",
                "type": "S"
              },
              {
                "name": "expense_id",
                "type": "S"
              },
              {
                "name": "user_id",
                "type": "S"
              }
            ],
            "billing_mode": "PAY_PER_REQUEST",
            "deletion_protection_enabled": false,
            "global_secondary_index": [
              {
                "hash_key": "category",
                "name": "category-date-index",
                "non_key_attributes": [],
                "on_demand_throughput": [],
                "projection_type": "ALL",
                "range_key": "expense_date",
                "read_capacity": 0,
                "write_capacity": 0
              },
              {
                "hash_key": "user_id",
                "name": "user-date-index",
                "non_key_attributes": [],
                "on_demand_throughput": [],
                "projection_type": "ALL",
                "range_key": "expense_date",
                "read_capacity": 0,
                "write_capacity": 0
              }
            ],
            "hash_key": "expense_id",
            "id": "expense-tracker-synth43287915-expenses",
            "import_table": [],
            "local_secondary_index": [],
            "name": "expense-tracker-synth43287915-expenses",
            "on_demand_throughput": [],
            "point_in_time_recovery": [
              {
                "enabled": true,
                "recovery_period_in_days": 35
              }
            ],
            "range_key": "user_id",
            "read_capacity": 0,
            "region": "us-west-2",
            "replica": [],
            "restore_date_time": null,
            "restore_source_name": null,
            "restore_source_table_arn": null,
            "restore_to_latest_time": null,
            "server_side_encryption": [],
            "stream_arn": "",
            "stream_enabled": false,
            "stream_label": "",
            "stream_view_type": "",
            "table_class": "STANDARD",
            "tags": {
              "Application": "ExpenseTracking",
              "CostCenter": "Engineering",
              "ManagedBy": "Terraform",
              "Name": "expense-tracker-synth43287915-expenses"
            },
            "tags_all": {
              "Application": "ExpenseTracking",
              "CostCenter": "Engineering",
              "ManagedBy": "Terraform",
              "Name": "expense-tracker-synth43287915-expenses"
            },
            "timeouts": null,
            "ttl": [
              {
                "attribute_name": "",
                "enabled": false
              }
            ],
            "write_capacity": 0
          },
          "sensitive_attributes": [],
          "private": "eyJlMmJmYjczMC1lY2FhLTExZTYtOGY4OC0zNDM2M2JjN2M0YzAiOnsiY3JlYXRlIjoxODAwMDAwMDAwMDAwLCJkZWxldGUiOjYwMDAwMDAwMDAwMCwidXBkYXRlIjozNjAwMDAwMDAwMDAwfSwic2NoZW1hX3ZlcnNpb24iOiIxIn0="
        }
      ]
    },
    {
      "mode": "managed",
      "type": "aws_iam_role",
      "name": "lambda_role",
      "provider": "provider[\"registry.terraform.io/hashicorp/aws\"]",
      "instances": [
        {
          "schema_version": 0,
          "attributes": {
            "arn": "arn:aws:iam::342597974367:role/expense-tracker-synth43287915-lambda-role",
            "assume_role_policy": "{\"Statement\":[{\"Action\":\"sts:AssumeRole\",\"Effect\":\"Allow\",\"Principal\":{\"Service\":\"lambda.amazonaws.com\"}}],\"Version\":\"2012-10-17\"}",
            "create_date": "2025-10-03T14:06:33Z",
            "description": "",
            "force_detach_policies": false,
            "id": "expense-tracker-synth43287915-lambda-role",
            "inline_policy": [],
            "managed_policy_arns": [],
            "max_session_duration": 3600,
            "name": "expense-tracker-synth43287915-lambda-role",
            "name_prefix": "",
            "path": "/",
            "permissions_boundary": "",
            "tags": {
              "Application": "ExpenseTracking",
              "CostCenter": "Engineering",
              "ManagedBy": "Terraform"
            },
            "tags_all": {
              "Application": "ExpenseTracking",
              "CostCenter": "Engineering",
              "ManagedBy": "Terraform"
            },
            "unique_id": "AROAU7RDOHFPZYXJAMUZE"
          },
          "sensitive_attributes": [],
          "private": "bnVsbA=="
        }
      ]
    },
    {
      "mode": "managed",
      "type": "aws_iam_role",
      "name": "step_function_role",
      "provider": "provider[\"registry.terraform.io/hashicorp/aws\"]",
      "instances": [
        {
          "schema_version": 0,
          "attributes": {
            "arn": "arn:aws:iam::342597974367:role/expense-tracker-synth43287915-stepfunction-role",
            "assume_role_policy": "{\"Statement\":[{\"Action\":\"sts:AssumeRole\",\"Effect\":\"Allow\",\"Principal\":{\"Service\":\"states.amazonaws.com\"}}],\"Version\":\"2012-10-17\"}",
            "create_date": "2025-10-03T14:06:33Z",
            "description": "",
            "force_detach_policies": false,
            "id": "expense-tracker-synth43287915-stepfunction-role",
            "inline_policy": [],
            "managed_policy_arns": [],
            "max_session_duration": 3600,
            "name": "expense-tracker-synth43287915-stepfunction-role",
            "name_prefix": "",
            "path": "/",
            "permissions_boundary": "",
            "tags": {
              "Application": "ExpenseTracking",
              "CostCenter": "Engineering",
              "ManagedBy": "Terraform"
            },
            "tags_all": {
              "Application": "ExpenseTracking",
              "CostCenter": "Engineering",
              "ManagedBy": "Terraform"
            },
            "unique_id": "AROAU7RDOHFP7CGLW77LQ"
          },
          "sensitive_attributes": [],
          "private": "bnVsbA=="
        }
      ]
    },
    {
      "mode": "managed",
      "type": "aws_iam_role_policy",
      "name": "lambda_policy",
      "provider": "provider[\"registry.terraform.io/hashicorp/aws\"]",
      "instances": []
    },
    {
      "mode": "managed",
      "type": "aws_iam_role_policy",
      "name": "step_function_policy",
      "provider": "provider[\"registry.terraform.io/hashicorp/aws\"]",
      "instances": []
    },
    {
      "mode": "managed",
      "type": "aws_iam_role_policy_attachment",
      "name": "lambda_basic",
      "provider": "provider[\"registry.terraform.io/hashicorp/aws\"]",
      "instances": [
        {
          "schema_version": 0,
          "attributes": {
            "id": "expense-tracker-synth43287915-lambda-role/arn:aws:iam::aws:policy/service-role/AWSLambdaBasicExecutionRole",
            "policy_arn": "arn:aws:iam::aws:policy/service-role/AWSLambdaBasicExecutionRole",
            "role": "expense-tracker-synth43287915-lambda-role"
          },
          "sensitive_attributes": [],
          "private": "bnVsbA==",
          "dependencies": [
            "aws_iam_role.lambda_role"
          ]
        }
      ]
    },
    {
      "mode": "managed",
      "type": "aws_lambda_function",
      "name": "category_detector",
      "provider": "provider[\"registry.terraform.io/hashicorp/aws\"]",
      "instances": []
    },
    {
      "mode": "managed",
      "type": "aws_lambda_function",
      "name": "expense_saver",
      "provider": "provider[\"registry.terraform.io/hashicorp/aws\"]",
      "instances": []
    },
    {
      "mode": "managed",
      "type": "aws_lambda_function",
      "name": "ocr_processor",
      "provider": "provider[\"registry.terraform.io/hashicorp/aws\"]",
      "instances": []
    },
    {
      "mode": "managed",
      "type": "aws_lambda_function",
      "name": "process_trigger",
      "provider": "provider[\"registry.terraform.io/hashicorp/aws\"]",
      "instances": []
    },
    {
      "mode": "managed",
      "type": "aws_lambda_permission",
      "name": "allow_s3",
      "provider": "provider[\"registry.terraform.io/hashicorp/aws\"]",
      "instances": []
    },
    {
      "mode": "managed",
      "type": "aws_s3_bucket",
      "name": "receipts",
      "provider": "provider[\"registry.terraform.io/hashicorp/aws\"]",
      "instances": [
        {
          "schema_version": 0,
          "attributes": {
            "acceleration_status": "",
            "acl": null,
            "arn": "arn:aws:s3:::expense-tracker-synth43287915-receipts-342597974367",
            "bucket": "expense-tracker-synth43287915-receipts-342597974367",
            "bucket_domain_name": "expense-tracker-synth43287915-receipts-342597974367.s3.amazonaws.com",
            "bucket_prefix": "",
            "bucket_region": "us-west-2",
            "bucket_regional_domain_name": "expense-tracker-synth43287915-receipts-342597974367.s3.us-west-2.amazonaws.com",
            "cors_rule": [],
            "force_destroy": false,
            "grant": [
              {
                "id": "5e11009481664687bf1ec517a9c41894392b4a057b0b19eeaaf7779a17ba0490",
                "permissions": [
                  "FULL_CONTROL"
                ],
                "type": "CanonicalUser",
                "uri": ""
              }
            ],
            "hosted_zone_id": "Z3BJ6K6RIION7M",
            "id": "expense-tracker-synth43287915-receipts-342597974367",
            "lifecycle_rule": [],
            "logging": [],
            "object_lock_configuration": [],
            "object_lock_enabled": false,
            "policy": "",
            "region": "us-west-2",
            "replication_configuration": [],
            "request_payer": "BucketOwner",
            "server_side_encryption_configuration": [
              {
                "rule": [
                  {
                    "apply_server_side_encryption_by_default": [
                      {
                        "kms_master_key_id": "",
                        "sse_algorithm": "AES256"
                      }
                    ],
                    "bucket_key_enabled": false
                  }
                ]
              }
            ],
            "tags": {
              "Application": "ExpenseTracking",
              "CostCenter": "Engineering",
              "ManagedBy": "Terraform",
              "Name": "expense-tracker-synth43287915-receipts"
            },
            "tags_all": {
              "Application": "ExpenseTracking",
              "CostCenter": "Engineering",
              "ManagedBy": "Terraform",
              "Name": "expense-tracker-synth43287915-receipts"
            },
            "timeouts": null,
            "versioning": [
              {
                "enabled": false,
                "mfa_delete": false
              }
            ],
            "website": [],
            "website_domain": null,
            "website_endpoint": null
          },
          "sensitive_attributes": [],
          "private": "eyJlMmJmYjczMC1lY2FhLTExZTYtOGY4OC0zNDM2M2JjN2M0YzAiOnsiY3JlYXRlIjoxMjAwMDAwMDAwMDAwLCJkZWxldGUiOjM2MDAwMDAwMDAwMDAsInJlYWQiOjEyMDAwMDAwMDAwMDAsInVwZGF0ZSI6MTIwMDAwMDAwMDAwMH19",
          "dependencies": [
            "data.aws_caller_identity.current"
          ]
        }
      ]
    },
    {
      "mode": "managed",
      "type": "aws_s3_bucket_lifecycle_configuration",
      "name": "receipts",
      "provider": "provider[\"registry.terraform.io/hashicorp/aws\"]",
      "instances": [
        {
          "schema_version": 1,
          "attributes": {
            "bucket": "expense-tracker-synth43287915-receipts-342597974367",
            "expected_bucket_owner": "",
            "id": "expense-tracker-synth43287915-receipts-342597974367",
            "region": "us-west-2",
            "rule": [
              {
                "abort_incomplete_multipart_upload": [],
                "expiration": [],
                "filter": [
                  {
                    "and": [],
                    "object_size_greater_than": null,
                    "object_size_less_than": null,
                    "prefix": "",
                    "tag": []
                  }
                ],
                "id": "transition-old-receipts",
                "noncurrent_version_expiration": [
                  {
                    "newer_noncurrent_versions": null,
                    "noncurrent_days": 180
                  }
                ],
                "noncurrent_version_transition": [],
                "prefix": "",
                "status": "Enabled",
                "transition": [
                  {
                    "date": null,
                    "days": 30,
                    "storage_class": "STANDARD_IA"
                  },
                  {
                    "date": null,
                    "days": 90,
                    "storage_class": "GLACIER_IR"
                  }
                ]
              },
              {
                "abort_incomplete_multipart_upload": [],
                "expiration": [],
                "filter": [
                  {
                    "and": [],
                    "object_size_greater_than": null,
                    "object_size_less_than": null,
                    "prefix": "",
                    "tag": []
                  }
                ],
                "id": "delete-old-versions",
                "noncurrent_version_expiration": [
                  {
                    "newer_noncurrent_versions": null,
                    "noncurrent_days": 365
                  }
                ],
                "noncurrent_version_transition": [],
                "prefix": "",
                "status": "Enabled",
                "transition": []
              }
            ],
            "timeouts": null,
            "transition_default_minimum_object_size": "all_storage_classes_128K"
          },
          "sensitive_attributes": [],
          "dependencies": [
            "aws_s3_bucket.receipts",
            "data.aws_caller_identity.current"
          ]
        }
      ]
    },
    {
      "mode": "managed",
      "type": "aws_s3_bucket_notification",
      "name": "receipt_upload",
      "provider": "provider[\"registry.terraform.io/hashicorp/aws\"]",
      "instances": []
    },
    {
      "mode": "managed",
      "type": "aws_s3_bucket_versioning",
      "name": "receipts",
      "provider": "provider[\"registry.terraform.io/hashicorp/aws\"]",
      "instances": [
        {
          "schema_version": 0,
          "attributes": {
            "bucket": "expense-tracker-synth43287915-receipts-342597974367",
            "expected_bucket_owner": "",
            "id": "expense-tracker-synth43287915-receipts-342597974367",
            "mfa": null,
            "region": "us-west-2",
            "versioning_configuration": [
              {
                "mfa_delete": "",
                "status": "Enabled"
              }
            ]
          },
          "sensitive_attributes": [],
          "private": "bnVsbA==",
          "dependencies": [
            "aws_s3_bucket.receipts",
            "data.aws_caller_identity.current"
          ]
        }
      ]
    },
    {
      "mode": "managed",
      "type": "aws_sfn_state_machine",
      "name": "receipt_processing",
      "provider": "provider[\"registry.terraform.io/hashicorp/aws\"]",
      "instances": []
    },
    {
      "mode": "managed",
      "type": "aws_sns_topic",
      "name": "processing_notifications",
      "provider": "provider[\"registry.terraform.io/hashicorp/aws\"]",
      "instances": [
        {
          "schema_version": 0,
          "attributes": {
            "application_failure_feedback_role_arn": "",
            "application_success_feedback_role_arn": "",
            "application_success_feedback_sample_rate": 0,
            "archive_policy": "",
            "arn": "arn:aws:sns:us-west-2:342597974367:expense-tracker-synth43287915-processing-notifications",
            "beginning_archive_time": "",
            "content_based_deduplication": false,
            "delivery_policy": "",
            "display_name": "",
            "fifo_throughput_scope": "",
            "fifo_topic": false,
            "firehose_failure_feedback_role_arn": "",
            "firehose_success_feedback_role_arn": "",
            "firehose_success_feedback_sample_rate": 0,
            "http_failure_feedback_role_arn": "",
            "http_success_feedback_role_arn": "",
            "http_success_feedback_sample_rate": 0,
            "id": "arn:aws:sns:us-west-2:342597974367:expense-tracker-synth43287915-processing-notifications",
            "kms_master_key_id": "",
            "lambda_failure_feedback_role_arn": "",
            "lambda_success_feedback_role_arn": "",
            "lambda_success_feedback_sample_rate": 0,
            "name": "expense-tracker-synth43287915-processing-notifications",
            "name_prefix": "",
            "owner": "342597974367",
            "policy": "{\"Id\":\"__default_policy_ID\",\"Statement\":[{\"Action\":[\"SNS:GetTopicAttributes\",\"SNS:SetTopicAttributes\",\"SNS:AddPermission\",\"SNS:RemovePermission\",\"SNS:DeleteTopic\",\"SNS:Subscribe\",\"SNS:ListSubscriptionsByTopic\",\"SNS:Publish\"],\"Condition\":{\"StringEquals\":{\"AWS:SourceOwner\":\"342597974367\"}},\"Effect\":\"Allow\",\"Principal\":{\"AWS\":\"*\"},\"Resource\":\"arn:aws:sns:us-west-2:342597974367:expense-tracker-synth43287915-processing-notifications\",\"Sid\":\"__default_statement_ID\"}],\"Version\":\"2008-10-17\"}",
            "region": "us-west-2",
            "signature_version": 0,
            "sqs_failure_feedback_role_arn": "",
            "sqs_success_feedback_role_arn": "",
            "sqs_success_feedback_sample_rate": 0,
            "tags": {
              "Application": "ExpenseTracking",
              "CostCenter": "Engineering",
              "ManagedBy": "Terraform",
              "Name": "expense-tracker-synth43287915-notifications"
            },
            "tags_all": {
              "Application": "ExpenseTracking",
              "CostCenter": "Engineering",
              "ManagedBy": "Terraform",
              "Name": "expense-tracker-synth43287915-notifications"
            },
            "tracing_config": ""
          },
          "sensitive_attributes": [],
          "private": "bnVsbA=="
        }
      ]
    },
    {
      "mode": "managed",
      "type": "aws_sns_topic_subscription",
      "name": "email_notification",
      "provider": "provider[\"registry.terraform.io/hashicorp/aws\"]",
      "instances": [
        {
          "schema_version": 0,
          "attributes": {
            "arn": "arn:aws:sns:us-west-2:342597974367:expense-tracker-synth43287915-processing-notifications:38513274-53a9-439f-b7dc-1cb1af8f2ebe",
            "confirmation_timeout_in_minutes": 1,
            "confirmation_was_authenticated": false,
            "delivery_policy": "",
            "endpoint": "admin@example.com",
            "endpoint_auto_confirms": false,
            "filter_policy": "",
            "filter_policy_scope": "",
            "id": "arn:aws:sns:us-west-2:342597974367:expense-tracker-synth43287915-processing-notifications:38513274-53a9-439f-b7dc-1cb1af8f2ebe",
            "owner_id": "342597974367",
            "pending_confirmation": true,
            "protocol": "email",
            "raw_message_delivery": false,
            "redrive_policy": "",
            "region": "us-west-2",
            "replay_policy": "",
            "subscription_role_arn": "",
            "topic_arn": "arn:aws:sns:us-west-2:342597974367:expense-tracker-synth43287915-processing-notifications"
          },
          "sensitive_attributes": [],
          "private": "bnVsbA==",
          "dependencies": [
            "aws_sns_topic.processing_notifications"
          ]
        }
      ]
    },
    {
      "mode": "managed",
      "type": "aws_sqs_queue",
      "name": "dlq",
      "provider": "provider[\"registry.terraform.io/hashicorp/aws\"]",
      "instances": [
        {
          "schema_version": 0,
          "attributes": {
            "arn": "arn:aws:sqs:us-west-2:342597974367:expense-tracker-synth43287915-processing-dlq",
            "content_based_deduplication": false,
            "deduplication_scope": "",
            "delay_seconds": 0,
            "fifo_queue": false,
            "fifo_throughput_limit": "",
            "id": "https://sqs.us-west-2.amazonaws.com/342597974367/expense-tracker-synth43287915-processing-dlq",
            "kms_data_key_reuse_period_seconds": 300,
            "kms_master_key_id": "",
            "max_message_size": 262144,
            "message_retention_seconds": 1209600,
            "name": "expense-tracker-synth43287915-processing-dlq",
            "name_prefix": "",
            "policy": "",
            "receive_wait_time_seconds": 0,
            "redrive_allow_policy": "",
            "redrive_policy": "",
            "region": "us-west-2",
            "sqs_managed_sse_enabled": true,
            "tags": {
              "Application": "ExpenseTracking",
              "CostCenter": "Engineering",
              "ManagedBy": "Terraform",
              "Name": "expense-tracker-synth43287915-dlq"
            },
            "tags_all": {
              "Application": "ExpenseTracking",
              "CostCenter": "Engineering",
              "ManagedBy": "Terraform",
              "Name": "expense-tracker-synth43287915-dlq"
            },
            "timeouts": null,
            "url": "https://sqs.us-west-2.amazonaws.com/342597974367/expense-tracker-synth43287915-processing-dlq",
            "visibility_timeout_seconds": 30
          },
          "sensitive_attributes": [],
          "private": "eyJlMmJmYjczMC1lY2FhLTExZTYtOGY4OC0zNDM2M2JjN2M0YzAiOnsiY3JlYXRlIjoxODAwMDAwMDAwMDAsImRlbGV0ZSI6MTgwMDAwMDAwMDAwLCJ1cGRhdGUiOjE4MDAwMDAwMDAwMH19"
        }
      ]
    }
  ],
  "check_results": null
}
