{
  "version": 4,
  "terraform_version": "1.5.7",
  "serial": 208,
  "lineage": "5140834f-d626-7b7b-114d-ef17381ab8f1",
  "outputs": {
    "dr_replica_arn": {
      "value": null,
      "type": "string"
    },
    "dr_replica_endpoint": {
      "value": null,
      "type": "string"
    },
    "kms_key_dr": {
      "value": "921b03e1-cb56-4b8b-a601-64979c67976e",
      "type": "string"
    },
    "kms_key_primary": {
      "value": "04185e9b-ccfb-490a-be26-060e63d949b7",
      "type": "string"
    },
    "lambda_function_name": {
      "value": "rds-failover-monitor-qa-test",
      "type": "string"
    },
    "primary_arn": {
      "value": "arn:aws:rds:us-east-1:342597974367:db:rds-primary-qa-test",
      "type": "string"
    },
    "primary_endpoint": {
      "value": "rds-primary-qa-test.covy6ema0nuv.us-east-1.rds.amazonaws.com:5432",
      "type": "string"
    },
    "secret_arn": {
      "value": "arn:aws:secretsmanager:us-east-1:342597974367:secret:rds-master-password-qa-test-AJeTGq",
      "type": "string",
      "sensitive": true
    },
    "sns_topic_arn": {
      "value": "arn:aws:sns:us-east-1:342597974367:rds-alerts-qa-test",
      "type": "string"
    },
    "vpc_peering_id": {
      "value": "pcx-0a3f0966899646cc2",
      "type": "string"
    }
  },
  "resources": [
    {
      "mode": "data",
      "type": "archive_file",
      "name": "lambda_failover",
      "provider": "provider[\"registry.terraform.io/hashicorp/archive\"]",
      "instances": [
        {
          "schema_version": 0,
          "attributes": {
            "exclude_symlink_directories": null,
            "excludes": null,
            "id": "081ea72fde6dae1b9f6b70886770fca96db9d2a0",
            "output_base64sha256": "Ad+mFMZc3+OrQLbmiTkBDldO4ncByfph8F1mz0dmqeE=",
            "output_base64sha512": "fuvEyYyrzGWOR91aeRq+ipXt+vKpRfjWcyzt8rSpjRNK8gWNid0wDraOjE0fQo7HW0ErMItBS5/1oEgD8lbEAw==",
            "output_file_mode": null,
            "output_md5": "6903b36917041f027d75887c9460d96f",
            "output_path": "./lambda_failover_monitor.zip",
            "output_sha": "081ea72fde6dae1b9f6b70886770fca96db9d2a0",
            "output_sha256": "01dfa614c65cdfe3ab40b6e68939010e574ee27701c9fa61f05d66cf4766a9e1",
            "output_sha512": "7eebc4c98cabcc658e47dd5a791abe8a95edfaf2a945f8d6732cedf2b4a98d134af2058d89dd300eb68e8c4d1f428ec75b412b308b414b9ff5a04803f256c403",
            "output_size": 1288,
            "source": [],
            "source_content": null,
            "source_content_filename": null,
            "source_dir": null,
            "source_file": "./lambda/failover_monitor.py",
            "type": "zip"
          },
          "sensitive_attributes": []
        }
      ]
    },
    {
      "mode": "data",
      "type": "aws_availability_zones",
      "name": "dr",
      "provider": "provider[\"registry.terraform.io/hashicorp/aws\"].us-west-2",
      "instances": [
        {
          "schema_version": 0,
          "attributes": {
            "all_availability_zones": null,
            "exclude_names": null,
            "exclude_zone_ids": null,
            "filter": null,
            "group_names": [
              "us-west-2-zg-1"
            ],
            "id": "us-west-2",
            "names": [
              "us-west-2a",
              "us-west-2b",
              "us-west-2c",
              "us-west-2d"
            ],
            "state": "available",
            "timeouts": null,
            "zone_ids": [
              "usw2-az2",
              "usw2-az1",
              "usw2-az3",
              "usw2-az4"
            ]
          },
          "sensitive_attributes": []
        }
      ]
    },
    {
      "mode": "data",
      "type": "aws_availability_zones",
      "name": "primary",
      "provider": "provider[\"registry.terraform.io/hashicorp/aws\"]",
      "instances": [
        {
          "schema_version": 0,
          "attributes": {
            "all_availability_zones": null,
            "exclude_names": null,
            "exclude_zone_ids": null,
            "filter": null,
            "group_names": [
              "us-east-1-zg-1"
            ],
            "id": "us-east-1",
            "names": [
              "us-east-1a",
              "us-east-1b",
              "us-east-1c",
              "us-east-1d",
              "us-east-1e",
              "us-east-1f"
            ],
            "state": "available",
            "timeouts": null,
            "zone_ids": [
              "use1-az1",
              "use1-az2",
              "use1-az4",
              "use1-az6",
              "use1-az3",
              "use1-az5"
            ]
          },
          "sensitive_attributes": []
        }
      ]
    },
    {
      "mode": "data",
      "type": "aws_rds_engine_version",
      "name": "postgresql",
      "provider": "provider[\"registry.terraform.io/hashicorp/aws\"]",
      "instances": [
        {
          "schema_version": 0,
          "attributes": {
            "default_character_set": null,
            "default_only": null,
            "engine": "postgres",
            "engine_description": "PostgreSQL",
            "exportable_log_types": [
              "postgresql",
              "upgrade"
            ],
            "filter": null,
            "has_major_target": null,
            "has_minor_target": null,
            "id": "18.1",
            "include_all": null,
            "latest": true,
            "parameter_group_family": "postgres18",
            "preferred_major_targets": null,
            "preferred_upgrade_targets": null,
            "preferred_versions": null,
            "status": "available",
            "supported_character_sets": [],
            "supported_feature_names": [
              "Lambda",
              "s3Export",
              "s3Import"
            ],
            "supported_modes": [],
            "supported_timezones": [],
            "supports_certificate_rotation_without_restart": true,
            "supports_global_databases": false,
            "supports_integrations": false,
            "supports_limitless_database": false,
            "supports_local_write_forwarding": false,
            "supports_log_exports_to_cloudwatch": true,
            "supports_parallel_query": false,
            "supports_read_replica": true,
            "valid_major_targets": [],
            "valid_minor_targets": [],
            "valid_upgrade_targets": [],
            "version": "18.1",
            "version_actual": "18.1",
            "version_description": "PostgreSQL 18.1-R1"
          },
          "sensitive_attributes": []
        }
      ]
    },
    {
      "mode": "managed",
      "type": "aws_cloudwatch_event_rule",
      "name": "failover_check",
      "provider": "provider[\"registry.terraform.io/hashicorp/aws\"]",
      "instances": [
        {
          "schema_version": 1,
          "attributes": {
            "arn": "arn:aws:events:us-east-1:342597974367:rule/rds-failover-check-qa-test",
            "description": "Trigger RDS failover check every 5 minutes",
            "event_bus_name": "default",
            "event_pattern": null,
            "force_destroy": false,
            "id": "rds-failover-check-qa-test",
            "is_enabled": true,
            "name": "rds-failover-check-qa-test",
            "name_prefix": "",
            "role_arn": "",
            "schedule_expression": "rate(5 minutes)",
            "state": "ENABLED",
            "tags": {
              "Environment": "test",
              "Name": "rds-failover-check-qa-test",
              "Project": "RDS-DR",
              "Suffix": "qa-test"
            },
            "tags_all": {
              "CostCenter": "Infrastructure",
              "Environment": "test",
              "ManagedBy": "Terraform",
              "Name": "rds-failover-check-qa-test",
              "Project": "RDS-DR",
              "Suffix": "qa-test"
            }
          },
          "sensitive_attributes": [],
          "private": "eyJzY2hlbWFfdmVyc2lvbiI6IjEifQ=="
        }
      ]
    },
    {
      "mode": "managed",
      "type": "aws_cloudwatch_event_target",
      "name": "failover_check",
      "provider": "provider[\"registry.terraform.io/hashicorp/aws\"]",
      "instances": []
    },
    {
      "mode": "managed",
      "type": "aws_cloudwatch_metric_alarm",
      "name": "dr_cpu",
      "provider": "provider[\"registry.terraform.io/hashicorp/aws\"].us-west-2",
      "instances": []
    },
    {
      "mode": "managed",
      "type": "aws_cloudwatch_metric_alarm",
      "name": "dr_replica_lag",
      "provider": "provider[\"registry.terraform.io/hashicorp/aws\"].us-west-2",
      "instances": []
    },
    {
      "mode": "managed",
      "type": "aws_cloudwatch_metric_alarm",
      "name": "primary_connections",
      "provider": "provider[\"registry.terraform.io/hashicorp/aws\"]",
      "instances": [
        {
          "schema_version": 1,
          "attributes": {
            "actions_enabled": true,
            "alarm_actions": [
              "arn:aws:sns:us-east-1:342597974367:rds-alerts-qa-test"
            ],
            "alarm_description": "Primary RDS database connections",
            "alarm_name": "rds-primary-connections-qa-test",
            "arn": "arn:aws:cloudwatch:us-east-1:342597974367:alarm:rds-primary-connections-qa-test",
            "comparison_operator": "GreaterThanThreshold",
            "datapoints_to_alarm": 0,
            "dimensions": {
              "DBInstanceIdentifier": "db-DSZI36KSS5YBHF6DFNXDL4DUU4"
            },
            "evaluate_low_sample_count_percentiles": "",
            "evaluation_periods": 2,
            "extended_statistic": "",
            "id": "rds-primary-connections-qa-test",
            "insufficient_data_actions": [],
            "metric_name": "DatabaseConnections",
            "metric_query": [],
            "namespace": "AWS/RDS",
            "ok_actions": [],
            "period": 300,
            "statistic": "Average",
            "tags": {
              "Environment": "test",
              "Name": "rds-primary-connections-qa-test",
              "Project": "RDS-DR",
              "Suffix": "qa-test"
            },
            "tags_all": {
              "CostCenter": "Infrastructure",
              "Environment": "test",
              "ManagedBy": "Terraform",
              "Name": "rds-primary-connections-qa-test",
              "Project": "RDS-DR",
              "Suffix": "qa-test"
            },
            "threshold": 80,
            "threshold_metric_id": "",
            "treat_missing_data": "missing",
            "unit": ""
          },
          "sensitive_attributes": [],
          "private": "eyJzY2hlbWFfdmVyc2lvbiI6IjEifQ==",
          "dependencies": [
            "aws_db_instance.primary",
            "aws_db_parameter_group.primary",
            "aws_db_subnet_group.primary",
            "aws_kms_key.primary",
            "aws_security_group.primary_db",
            "aws_sns_topic.rds_alerts",
            "aws_subnet.primary_private_1",
            "aws_subnet.primary_private_2",
            "aws_vpc.primary",
            "data.aws_availability_zones.primary",
            "data.aws_rds_engine_version.postgresql",
            "random_password.db_password"
          ]
        }
      ]
    },
    {
      "mode": "managed",
      "type": "aws_cloudwatch_metric_alarm",
      "name": "primary_cpu",
      "provider": "provider[\"registry.terraform.io/hashicorp/aws\"]",
      "instances": [
        {
          "schema_version": 1,
          "attributes": {
            "actions_enabled": true,
            "alarm_actions": [
              "arn:aws:sns:us-east-1:342597974367:rds-alerts-qa-test"
            ],
            "alarm_description": "Primary RDS CPU utilization",
            "alarm_name": "rds-primary-cpu-qa-test",
            "arn": "arn:aws:cloudwatch:us-east-1:342597974367:alarm:rds-primary-cpu-qa-test",
            "comparison_operator": "GreaterThanThreshold",
            "datapoints_to_alarm": 0,
            "dimensions": {
              "DBInstanceIdentifier": "db-DSZI36KSS5YBHF6DFNXDL4DUU4"
            },
            "evaluate_low_sample_count_percentiles": "",
            "evaluation_periods": 2,
            "extended_statistic": "",
            "id": "rds-primary-cpu-qa-test",
            "insufficient_data_actions": [],
            "metric_name": "CPUUtilization",
            "metric_query": [],
            "namespace": "AWS/RDS",
            "ok_actions": [],
            "period": 300,
            "statistic": "Average",
            "tags": {
              "Environment": "test",
              "Name": "rds-primary-cpu-qa-test",
              "Project": "RDS-DR",
              "Suffix": "qa-test"
            },
            "tags_all": {
              "CostCenter": "Infrastructure",
              "Environment": "test",
              "ManagedBy": "Terraform",
              "Name": "rds-primary-cpu-qa-test",
              "Project": "RDS-DR",
              "Suffix": "qa-test"
            },
            "threshold": 80,
            "threshold_metric_id": "",
            "treat_missing_data": "missing",
            "unit": ""
          },
          "sensitive_attributes": [],
          "private": "eyJzY2hlbWFfdmVyc2lvbiI6IjEifQ==",
          "dependencies": [
            "aws_db_instance.primary",
            "aws_db_parameter_group.primary",
            "aws_db_subnet_group.primary",
            "aws_kms_key.primary",
            "aws_security_group.primary_db",
            "aws_sns_topic.rds_alerts",
            "aws_subnet.primary_private_1",
            "aws_subnet.primary_private_2",
            "aws_vpc.primary",
            "data.aws_availability_zones.primary",
            "data.aws_rds_engine_version.postgresql",
            "random_password.db_password"
          ]
        }
      ]
    },
    {
      "mode": "managed",
      "type": "aws_db_instance",
      "name": "primary",
      "provider": "provider[\"registry.terraform.io/hashicorp/aws\"]",
      "instances": [
        {
          "schema_version": 2,
          "attributes": {
            "address": "rds-primary-qa-test.covy6ema0nuv.us-east-1.rds.amazonaws.com",
            "allocated_storage": 20,
            "allow_major_version_upgrade": null,
            "apply_immediately": false,
            "arn": "arn:aws:rds:us-east-1:342597974367:db:rds-primary-qa-test",
            "auto_minor_version_upgrade": true,
            "availability_zone": "us-east-1b",
            "backup_retention_period": 7,
            "backup_target": "region",
            "backup_window": "03:00-04:00",
            "blue_green_update": [],
            "ca_cert_identifier": "rds-ca-rsa2048-g1",
            "character_set_name": "",
            "copy_tags_to_snapshot": false,
            "custom_iam_instance_profile": "",
            "customer_owned_ip_enabled": false,
            "database_insights_mode": "standard",
            "db_name": "appdb",
            "db_subnet_group_name": "rds-primary-subnet-group-qa-test",
            "dedicated_log_volume": false,
            "delete_automated_backups": true,
            "deletion_protection": false,
            "domain": "",
            "domain_auth_secret_arn": "",
            "domain_dns_ips": [],
            "domain_fqdn": "",
            "domain_iam_role_name": "",
            "domain_ou": "",
            "enabled_cloudwatch_logs_exports": [
              "postgresql",
              "upgrade"
            ],
            "endpoint": "rds-primary-qa-test.covy6ema0nuv.us-east-1.rds.amazonaws.com:5432",
            "engine": "postgres",
            "engine_lifecycle_support": "open-source-rds-extended-support",
            "engine_version": "18.1",
            "engine_version_actual": "18.1",
            "final_snapshot_identifier": null,
            "hosted_zone_id": "Z2R2ITUGPM61AM",
            "iam_database_authentication_enabled": false,
            "id": "db-DSZI36KSS5YBHF6DFNXDL4DUU4",
            "identifier": "rds-primary-qa-test",
            "identifier_prefix": "",
            "instance_class": "db.t3.micro",
            "iops": 3000,
            "kms_key_id": "arn:aws:kms:us-east-1:342597974367:key/04185e9b-ccfb-490a-be26-060e63d949b7",
            "latest_restorable_time": "2025-11-24T09:58:57Z",
            "license_model": "postgresql-license",
            "listener_endpoint": [],
            "maintenance_window": "sun:04:00-sun:05:00",
            "manage_master_user_password": null,
            "master_user_secret": [],
            "master_user_secret_kms_key_id": null,
            "max_allocated_storage": 0,
            "monitoring_interval": 0,
            "monitoring_role_arn": "",
            "multi_az": false,
            "nchar_character_set_name": "",
            "network_type": "IPV4",
            "option_group_name": "default:postgres-18",
            "parameter_group_name": "rds-primary-params-qa-test",
            "password": "8]ibsGHnljE(_suzCq=tNc!5_%JeYT8-",
            "password_wo": null,
            "password_wo_version": null,
            "performance_insights_enabled": false,
            "performance_insights_kms_key_id": "",
            "performance_insights_retention_period": 0,
            "port": 5432,
            "publicly_accessible": false,
            "replica_mode": "",
            "replicas": [],
            "replicate_source_db": "",
            "resource_id": "db-DSZI36KSS5YBHF6DFNXDL4DUU4",
            "restore_to_point_in_time": [],
            "s3_import": [],
            "skip_final_snapshot": true,
            "snapshot_identifier": null,
            "status": "available",
            "storage_encrypted": true,
            "storage_throughput": 125,
            "storage_type": "gp3",
            "tags": {
              "Environment": "test",
              "Name": "rds-primary-qa-test",
              "Project": "RDS-DR",
              "Role": "primary",
              "Suffix": "qa-test"
            },
            "tags_all": {
              "CostCenter": "Infrastructure",
              "Environment": "test",
              "ManagedBy": "Terraform",
              "Name": "rds-primary-qa-test",
              "Project": "RDS-DR",
              "Role": "primary",
              "Suffix": "qa-test"
            },
            "timeouts": null,
            "timezone": "",
            "upgrade_storage_config": null,
            "username": "dbadmin",
            "vpc_security_group_ids": [
              "sg-0f8e9578911a60815"
            ]
          },
          "sensitive_attributes": [
            [
              {
                "type": "get_attr",
                "value": "password"
              }
            ]
          ],
          "private": "eyJlMmJmYjczMC1lY2FhLTExZTYtOGY4OC0zNDM2M2JjN2M0YzAiOnsiY3JlYXRlIjozMDAwMDAwMDAwMDAwLCJkZWxldGUiOjM2MDAwMDAwMDAwMDAsInVwZGF0ZSI6NDgwMDAwMDAwMDAwMH0sInNjaGVtYV92ZXJzaW9uIjoiMiJ9",
          "dependencies": [
            "aws_db_parameter_group.primary",
            "aws_db_subnet_group.primary",
            "aws_kms_key.primary",
            "aws_security_group.primary_db",
            "aws_subnet.primary_private_1",
            "aws_subnet.primary_private_2",
            "aws_vpc.primary",
            "data.aws_availability_zones.primary",
            "data.aws_rds_engine_version.postgresql",
            "random_password.db_password"
          ]
        }
      ]
    },
    {
      "mode": "managed",
      "type": "aws_db_parameter_group",
      "name": "dr",
      "provider": "provider[\"registry.terraform.io/hashicorp/aws\"].us-west-2",
      "instances": [
        {
          "schema_version": 0,
          "attributes": {
            "arn": "arn:aws:rds:us-west-2:342597974367:pg:rds-dr-params-qa-test",
            "description": "Managed by Terraform",
            "family": "postgres18",
            "id": "rds-dr-params-qa-test",
            "name": "rds-dr-params-qa-test",
            "name_prefix": "",
            "parameter": [
              {
                "apply_method": "immediate",
                "name": "log_min_duration_statement",
                "value": "1000"
              },
              {
                "apply_method": "immediate",
                "name": "log_statement",
                "value": "all"
              }
            ],
            "skip_destroy": false,
            "tags": {
              "Environment": "test",
              "Name": "rds-dr-params-qa-test",
              "Project": "RDS-DR",
              "Suffix": "qa-test"
            },
            "tags_all": {
              "CostCenter": "Infrastructure",
              "Environment": "test",
              "ManagedBy": "Terraform",
              "Name": "rds-dr-params-qa-test",
              "Project": "RDS-DR",
              "Suffix": "qa-test"
            }
          },
          "sensitive_attributes": [],
          "private": "bnVsbA=="
        }
      ]
    },
    {
      "mode": "managed",
      "type": "aws_db_parameter_group",
      "name": "primary",
      "provider": "provider[\"registry.terraform.io/hashicorp/aws\"]",
      "instances": [
        {
          "schema_version": 0,
          "attributes": {
            "arn": "arn:aws:rds:us-east-1:342597974367:pg:rds-primary-params-qa-test",
            "description": "Managed by Terraform",
            "family": "postgres18",
            "id": "rds-primary-params-qa-test",
            "name": "rds-primary-params-qa-test",
            "name_prefix": "",
            "parameter": [
              {
                "apply_method": "immediate",
                "name": "log_min_duration_statement",
                "value": "1000"
              },
              {
                "apply_method": "immediate",
                "name": "log_statement",
                "value": "all"
              }
            ],
            "skip_destroy": false,
            "tags": {
              "Environment": "test",
              "Name": "rds-primary-params-qa-test",
              "Project": "RDS-DR",
              "Suffix": "qa-test"
            },
            "tags_all": {
              "CostCenter": "Infrastructure",
              "Environment": "test",
              "ManagedBy": "Terraform",
              "Name": "rds-primary-params-qa-test",
              "Project": "RDS-DR",
              "Suffix": "qa-test"
            }
          },
          "sensitive_attributes": [],
          "private": "bnVsbA=="
        }
      ]
    },
    {
      "mode": "managed",
      "type": "aws_db_subnet_group",
      "name": "dr",
      "provider": "provider[\"registry.terraform.io/hashicorp/aws\"].us-west-2",
      "instances": [
        {
          "schema_version": 0,
          "attributes": {
            "arn": "arn:aws:rds:us-west-2:342597974367:subgrp:rds-dr-subnet-group-qa-test",
            "description": "Managed by Terraform",
            "id": "rds-dr-subnet-group-qa-test",
            "name": "rds-dr-subnet-group-qa-test",
            "name_prefix": "",
            "subnet_ids": [
              "subnet-06a552e6e3be34f8f",
              "subnet-0b53076408312300e"
            ],
            "supported_network_types": [
              "IPV4"
            ],
            "tags": {
              "Environment": "test",
              "Name": "rds-dr-subnet-group-qa-test",
              "Project": "RDS-DR",
              "Suffix": "qa-test"
            },
            "tags_all": {
              "CostCenter": "Infrastructure",
              "Environment": "test",
              "ManagedBy": "Terraform",
              "Name": "rds-dr-subnet-group-qa-test",
              "Project": "RDS-DR",
              "Suffix": "qa-test"
            },
            "vpc_id": "vpc-07e410461ea9b05e8"
          },
          "sensitive_attributes": [],
          "private": "bnVsbA==",
          "dependencies": [
            "aws_subnet.dr_private_1",
            "aws_subnet.dr_private_2",
            "aws_vpc.dr",
            "data.aws_availability_zones.dr"
          ]
        }
      ]
    },
    {
      "mode": "managed",
      "type": "aws_db_subnet_group",
      "name": "primary",
      "provider": "provider[\"registry.terraform.io/hashicorp/aws\"]",
      "instances": [
        {
          "schema_version": 0,
          "attributes": {
            "arn": "arn:aws:rds:us-east-1:342597974367:subgrp:rds-primary-subnet-group-qa-test",
            "description": "Managed by Terraform",
            "id": "rds-primary-subnet-group-qa-test",
            "name": "rds-primary-subnet-group-qa-test",
            "name_prefix": "",
            "subnet_ids": [
              "subnet-02f7cf87432e66073",
              "subnet-0f7c9116ce9d40842"
            ],
            "supported_network_types": [
              "IPV4"
            ],
            "tags": {
              "Environment": "test",
              "Name": "rds-primary-subnet-group-qa-test",
              "Project": "RDS-DR",
              "Suffix": "qa-test"
            },
            "tags_all": {
              "CostCenter": "Infrastructure",
              "Environment": "test",
              "ManagedBy": "Terraform",
              "Name": "rds-primary-subnet-group-qa-test",
              "Project": "RDS-DR",
              "Suffix": "qa-test"
            },
            "vpc_id": "vpc-0263c30794a301df7"
          },
          "sensitive_attributes": [],
          "private": "bnVsbA==",
          "dependencies": [
            "aws_subnet.primary_private_1",
            "aws_subnet.primary_private_2",
            "aws_vpc.primary",
            "data.aws_availability_zones.primary"
          ]
        }
      ]
    },
    {
      "mode": "managed",
      "type": "aws_iam_role",
      "name": "lambda_failover",
      "provider": "provider[\"registry.terraform.io/hashicorp/aws\"]",
      "instances": [
        {
          "schema_version": 0,
          "attributes": {
            "arn": "arn:aws:iam::342597974367:role/lambda-rds-failover-qa-test",
            "assume_role_policy": "{\"Statement\":[{\"Action\":\"sts:AssumeRole\",\"Effect\":\"Allow\",\"Principal\":{\"Service\":\"lambda.amazonaws.com\"}}],\"Version\":\"2012-10-17\"}",
            "create_date": "2025-11-24T09:49:01Z",
            "description": "",
            "force_detach_policies": false,
            "id": "lambda-rds-failover-qa-test",
            "inline_policy": [
              {
                "name": "lambda-rds-failover-policy",
                "policy": "{\"Version\":\"2012-10-17\",\"Statement\":[{\"Action\":[\"rds:DescribeDBInstances\",\"rds:PromoteReadReplica\",\"rds:DescribeDBClusters\"],\"Effect\":\"Allow\",\"Resource\":\"*\"},{\"Action\":[\"cloudwatch:GetMetricStatistics\",\"cloudwatch:ListMetrics\",\"cloudwatch:PutMetricData\"],\"Effect\":\"Allow\",\"Resource\":\"*\"},{\"Action\":[\"logs:CreateLogGroup\",\"logs:CreateLogStream\",\"logs:PutLogEvents\"],\"Effect\":\"Allow\",\"Resource\":\"arn:aws:logs:*:*:*\"},{\"Action\":[\"secretsmanager:GetSecretValue\"],\"Effect\":\"Allow\",\"Resource\":[\"arn:aws:secretsmanager:us-east-1:342597974367:secret:rds-master-password-qa-test-AJeTGq\",\"arn:aws:secretsmanager:us-west-2:342597974367:secret:rds-master-password-qa-test-KYOWpy\"]}]}"
              }
            ],
            "managed_policy_arns": [],
            "max_session_duration": 3600,
            "name": "lambda-rds-failover-qa-test",
            "name_prefix": "",
            "path": "/",
            "permissions_boundary": "",
            "tags": {
              "Environment": "test",
              "Name": "lambda-rds-failover-qa-test",
              "Project": "RDS-DR",
              "Suffix": "qa-test"
            },
            "tags_all": {
              "CostCenter": "Infrastructure",
              "Environment": "test",
              "ManagedBy": "Terraform",
              "Name": "lambda-rds-failover-qa-test",
              "Project": "RDS-DR",
              "Suffix": "qa-test"
            },
            "unique_id": "AROAU7RDOHFP22XOFJ2JL"
          },
          "sensitive_attributes": [],
          "private": "bnVsbA=="
        }
      ]
    },
    {
      "mode": "managed",
      "type": "aws_iam_role_policy",
      "name": "lambda_failover",
      "provider": "provider[\"registry.terraform.io/hashicorp/aws\"]",
      "instances": [
        {
          "schema_version": 0,
          "attributes": {
            "id": "lambda-rds-failover-qa-test:lambda-rds-failover-policy",
            "name": "lambda-rds-failover-policy",
            "name_prefix": "",
            "policy": "{\"Version\":\"2012-10-17\",\"Statement\":[{\"Action\":[\"rds:DescribeDBInstances\",\"rds:PromoteReadReplica\",\"rds:DescribeDBClusters\"],\"Effect\":\"Allow\",\"Resource\":\"*\"},{\"Action\":[\"cloudwatch:GetMetricStatistics\",\"cloudwatch:ListMetrics\",\"cloudwatch:PutMetricData\"],\"Effect\":\"Allow\",\"Resource\":\"*\"},{\"Action\":[\"logs:CreateLogGroup\",\"logs:CreateLogStream\",\"logs:PutLogEvents\"],\"Effect\":\"Allow\",\"Resource\":\"arn:aws:logs:*:*:*\"},{\"Action\":[\"secretsmanager:GetSecretValue\"],\"Effect\":\"Allow\",\"Resource\":[\"arn:aws:secretsmanager:us-east-1:342597974367:secret:rds-master-password-qa-test-AJeTGq\",\"arn:aws:secretsmanager:us-west-2:342597974367:secret:rds-master-password-qa-test-KYOWpy\"]}]}",
            "role": "lambda-rds-failover-qa-test"
          },
          "sensitive_attributes": [],
          "private": "bnVsbA==",
          "dependencies": [
            "aws_iam_role.lambda_failover",
            "aws_secretsmanager_secret.db_password",
            "aws_secretsmanager_secret.db_password_dr"
          ]
        }
      ]
    },
    {
      "mode": "managed",
      "type": "aws_kms_alias",
      "name": "dr",
      "provider": "provider[\"registry.terraform.io/hashicorp/aws\"].us-west-2",
      "instances": [
        {
          "schema_version": 0,
          "attributes": {
            "arn": "arn:aws:kms:us-west-2:342597974367:alias/rds-dr-qa-test",
            "id": "alias/rds-dr-qa-test",
            "name": "alias/rds-dr-qa-test",
            "name_prefix": "",
            "target_key_arn": "arn:aws:kms:us-west-2:342597974367:key/921b03e1-cb56-4b8b-a601-64979c67976e",
            "target_key_id": "921b03e1-cb56-4b8b-a601-64979c67976e"
          },
          "sensitive_attributes": [],
          "private": "bnVsbA==",
          "dependencies": [
            "aws_kms_key.dr"
          ]
        }
      ]
    },
    {
      "mode": "managed",
      "type": "aws_kms_alias",
      "name": "primary",
      "provider": "provider[\"registry.terraform.io/hashicorp/aws\"]",
      "instances": [
        {
          "schema_version": 0,
          "attributes": {
            "arn": "arn:aws:kms:us-east-1:342597974367:alias/rds-primary-qa-test",
            "id": "alias/rds-primary-qa-test",
            "name": "alias/rds-primary-qa-test",
            "name_prefix": "",
            "target_key_arn": "arn:aws:kms:us-east-1:342597974367:key/04185e9b-ccfb-490a-be26-060e63d949b7",
            "target_key_id": "04185e9b-ccfb-490a-be26-060e63d949b7"
          },
          "sensitive_attributes": [],
          "private": "bnVsbA==",
          "dependencies": [
            "aws_kms_key.primary"
          ]
        }
      ]
    },
    {
      "mode": "managed",
      "type": "aws_kms_key",
      "name": "dr",
      "provider": "provider[\"registry.terraform.io/hashicorp/aws\"].us-west-2",
      "instances": [
        {
          "schema_version": 0,
          "attributes": {
            "arn": "arn:aws:kms:us-west-2:342597974367:key/921b03e1-cb56-4b8b-a601-64979c67976e",
            "bypass_policy_lockout_safety_check": false,
            "custom_key_store_id": "",
            "customer_master_key_spec": "SYMMETRIC_DEFAULT",
            "deletion_window_in_days": 10,
            "description": "KMS key for RDS encryption in DR region",
            "enable_key_rotation": true,
            "id": "921b03e1-cb56-4b8b-a601-64979c67976e",
            "is_enabled": true,
            "key_id": "921b03e1-cb56-4b8b-a601-64979c67976e",
            "key_usage": "ENCRYPT_DECRYPT",
            "multi_region": false,
            "policy": "{\"Id\":\"key-default-1\",\"Statement\":[{\"Action\":\"kms:*\",\"Effect\":\"Allow\",\"Principal\":{\"AWS\":\"arn:aws:iam::342597974367:root\"},\"Resource\":\"*\",\"Sid\":\"Enable IAM User Permissions\"}],\"Version\":\"2012-10-17\"}",
            "rotation_period_in_days": 365,
            "tags": {
              "Environment": "test",
              "Name": "rds-dr-kms-qa-test",
              "Project": "RDS-DR",
              "Suffix": "qa-test"
            },
            "tags_all": {
              "CostCenter": "Infrastructure",
              "Environment": "test",
              "ManagedBy": "Terraform",
              "Name": "rds-dr-kms-qa-test",
              "Project": "RDS-DR",
              "Suffix": "qa-test"
            },
            "timeouts": null,
            "xks_key_id": ""
          },
          "sensitive_attributes": [],
          "private": "eyJlMmJmYjczMC1lY2FhLTExZTYtOGY4OC0zNDM2M2JjN2M0YzAiOnsiY3JlYXRlIjoxMjAwMDAwMDAwMDB9fQ=="
        }
      ]
    },
    {
      "mode": "managed",
      "type": "aws_kms_key",
      "name": "primary",
      "provider": "provider[\"registry.terraform.io/hashicorp/aws\"]",
      "instances": [
        {
          "schema_version": 0,
          "attributes": {
            "arn": "arn:aws:kms:us-east-1:342597974367:key/04185e9b-ccfb-490a-be26-060e63d949b7",
            "bypass_policy_lockout_safety_check": false,
            "custom_key_store_id": "",
            "customer_master_key_spec": "SYMMETRIC_DEFAULT",
            "deletion_window_in_days": 10,
            "description": "KMS key for RDS encryption in primary region",
            "enable_key_rotation": true,
            "id": "04185e9b-ccfb-490a-be26-060e63d949b7",
            "is_enabled": true,
            "key_id": "04185e9b-ccfb-490a-be26-060e63d949b7",
            "key_usage": "ENCRYPT_DECRYPT",
            "multi_region": false,
            "policy": "{\"Id\":\"key-default-1\",\"Statement\":[{\"Action\":\"kms:*\",\"Effect\":\"Allow\",\"Principal\":{\"AWS\":\"arn:aws:iam::342597974367:root\"},\"Resource\":\"*\",\"Sid\":\"Enable IAM User Permissions\"}],\"Version\":\"2012-10-17\"}",
            "rotation_period_in_days": 365,
            "tags": {
              "Environment": "test",
              "Name": "rds-primary-kms-qa-test",
              "Project": "RDS-DR",
              "Suffix": "qa-test"
            },
            "tags_all": {
              "CostCenter": "Infrastructure",
              "Environment": "test",
              "ManagedBy": "Terraform",
              "Name": "rds-primary-kms-qa-test",
              "Project": "RDS-DR",
              "Suffix": "qa-test"
            },
            "timeouts": null,
            "xks_key_id": ""
          },
          "sensitive_attributes": [],
          "private": "eyJlMmJmYjczMC1lY2FhLTExZTYtOGY4OC0zNDM2M2JjN2M0YzAiOnsiY3JlYXRlIjoxMjAwMDAwMDAwMDB9fQ=="
        }
      ]
    },
    {
      "mode": "managed",
      "type": "aws_lambda_function",
      "name": "failover_monitor",
      "provider": "provider[\"registry.terraform.io/hashicorp/aws\"]",
      "instances": []
    },
    {
      "mode": "managed",
      "type": "aws_lambda_permission",
      "name": "allow_cloudwatch",
      "provider": "provider[\"registry.terraform.io/hashicorp/aws\"]",
      "instances": []
    },
    {
      "mode": "managed",
      "type": "aws_route",
      "name": "dr_to_primary",
      "provider": "provider[\"registry.terraform.io/hashicorp/aws\"].us-west-2",
      "instances": [
        {
          "schema_version": 0,
          "attributes": {
            "carrier_gateway_id": "",
            "core_network_arn": "",
            "destination_cidr_block": "10.0.0.0/16",
            "destination_ipv6_cidr_block": "",
            "destination_prefix_list_id": "",
            "egress_only_gateway_id": "",
            "gateway_id": "",
            "id": "r-rtb-054aff40efb7605bf179966490",
            "instance_id": "",
            "instance_owner_id": "",
            "local_gateway_id": "",
            "nat_gateway_id": "",
            "network_interface_id": "",
            "origin": "CreateRoute",
            "route_table_id": "rtb-054aff40efb7605bf",
            "state": "active",
            "timeouts": null,
            "transit_gateway_id": "",
            "vpc_endpoint_id": "",
            "vpc_peering_connection_id": "pcx-0a3f0966899646cc2"
          },
          "sensitive_attributes": [],
          "private": "eyJlMmJmYjczMC1lY2FhLTExZTYtOGY4OC0zNDM2M2JjN2M0YzAiOnsiY3JlYXRlIjozMDAwMDAwMDAwMDAsImRlbGV0ZSI6MzAwMDAwMDAwMDAwLCJ1cGRhdGUiOjEyMDAwMDAwMDAwMH19",
          "dependencies": [
            "aws_route_table.dr_private",
            "aws_vpc.dr",
            "aws_vpc.primary",
            "aws_vpc_peering_connection.primary_to_dr"
          ]
        }
      ]
    },
    {
      "mode": "managed",
      "type": "aws_route",
      "name": "primary_to_dr",
      "provider": "provider[\"registry.terraform.io/hashicorp/aws\"]",
      "instances": [
        {
          "schema_version": 0,
          "attributes": {
            "carrier_gateway_id": "",
            "core_network_arn": "",
            "destination_cidr_block": "10.1.0.0/16",
            "destination_ipv6_cidr_block": "",
            "destination_prefix_list_id": "",
            "egress_only_gateway_id": "",
            "gateway_id": "",
            "id": "r-rtb-0982c7ba5984742ff3322942084",
            "instance_id": "",
            "instance_owner_id": "",
            "local_gateway_id": "",
            "nat_gateway_id": "",
            "network_interface_id": "",
            "origin": "CreateRoute",
            "route_table_id": "rtb-0982c7ba5984742ff",
            "state": "active",
            "timeouts": null,
            "transit_gateway_id": "",
            "vpc_endpoint_id": "",
            "vpc_peering_connection_id": "pcx-0a3f0966899646cc2"
          },
          "sensitive_attributes": [],
          "private": "eyJlMmJmYjczMC1lY2FhLTExZTYtOGY4OC0zNDM2M2JjN2M0YzAiOnsiY3JlYXRlIjozMDAwMDAwMDAwMDAsImRlbGV0ZSI6MzAwMDAwMDAwMDAwLCJ1cGRhdGUiOjEyMDAwMDAwMDAwMH19",
          "dependencies": [
            "aws_route_table.primary_private",
            "aws_vpc.dr",
            "aws_vpc.primary",
            "aws_vpc_peering_connection.primary_to_dr"
          ]
        }
      ]
    },
    {
      "mode": "managed",
      "type": "aws_route_table",
      "name": "dr_private",
      "provider": "provider[\"registry.terraform.io/hashicorp/aws\"].us-west-2",
      "instances": [
        {
          "schema_version": 0,
          "attributes": {
            "arn": "arn:aws:ec2:us-west-2:342597974367:route-table/rtb-054aff40efb7605bf",
            "id": "rtb-054aff40efb7605bf",
            "owner_id": "342597974367",
            "propagating_vgws": [],
            "route": [
              {
                "carrier_gateway_id": "",
                "cidr_block": "10.0.0.0/16",
                "core_network_arn": "",
                "destination_prefix_list_id": "",
                "egress_only_gateway_id": "",
                "gateway_id": "",
                "ipv6_cidr_block": "",
                "local_gateway_id": "",
                "nat_gateway_id": "",
                "network_interface_id": "",
                "transit_gateway_id": "",
                "vpc_endpoint_id": "",
                "vpc_peering_connection_id": "pcx-0a3f0966899646cc2"
              }
            ],
            "tags": {
              "Environment": "test",
              "Name": "rds-dr-private-rt-qa-test",
              "Project": "RDS-DR",
              "Suffix": "qa-test"
            },
            "tags_all": {
              "CostCenter": "Infrastructure",
              "Environment": "test",
              "ManagedBy": "Terraform",
              "Name": "rds-dr-private-rt-qa-test",
              "Project": "RDS-DR",
              "Suffix": "qa-test"
            },
            "timeouts": null,
            "vpc_id": "vpc-07e410461ea9b05e8"
          },
          "sensitive_attributes": [],
          "private": "eyJlMmJmYjczMC1lY2FhLTExZTYtOGY4OC0zNDM2M2JjN2M0YzAiOnsiY3JlYXRlIjozMDAwMDAwMDAwMDAsImRlbGV0ZSI6MzAwMDAwMDAwMDAwLCJ1cGRhdGUiOjEyMDAwMDAwMDAwMH19",
          "dependencies": [
            "aws_vpc.dr"
          ]
        }
      ]
    },
    {
      "mode": "managed",
      "type": "aws_route_table",
      "name": "primary_private",
      "provider": "provider[\"registry.terraform.io/hashicorp/aws\"]",
      "instances": [
        {
          "schema_version": 0,
          "attributes": {
            "arn": "arn:aws:ec2:us-east-1:342597974367:route-table/rtb-0982c7ba5984742ff",
            "id": "rtb-0982c7ba5984742ff",
            "owner_id": "342597974367",
            "propagating_vgws": [],
            "route": [
              {
                "carrier_gateway_id": "",
                "cidr_block": "10.1.0.0/16",
                "core_network_arn": "",
                "destination_prefix_list_id": "",
                "egress_only_gateway_id": "",
                "gateway_id": "",
                "ipv6_cidr_block": "",
                "local_gateway_id": "",
                "nat_gateway_id": "",
                "network_interface_id": "",
                "transit_gateway_id": "",
                "vpc_endpoint_id": "",
                "vpc_peering_connection_id": "pcx-0a3f0966899646cc2"
              }
            ],
            "tags": {
              "Environment": "test",
              "Name": "rds-primary-private-rt-qa-test",
              "Project": "RDS-DR",
              "Suffix": "qa-test"
            },
            "tags_all": {
              "CostCenter": "Infrastructure",
              "Environment": "test",
              "ManagedBy": "Terraform",
              "Name": "rds-primary-private-rt-qa-test",
              "Project": "RDS-DR",
              "Suffix": "qa-test"
            },
            "timeouts": null,
            "vpc_id": "vpc-0263c30794a301df7"
          },
          "sensitive_attributes": [],
          "private": "eyJlMmJmYjczMC1lY2FhLTExZTYtOGY4OC0zNDM2M2JjN2M0YzAiOnsiY3JlYXRlIjozMDAwMDAwMDAwMDAsImRlbGV0ZSI6MzAwMDAwMDAwMDAwLCJ1cGRhdGUiOjEyMDAwMDAwMDAwMH19",
          "dependencies": [
            "aws_vpc.primary"
          ]
        }
      ]
    },
    {
      "mode": "managed",
      "type": "aws_route_table_association",
      "name": "dr_private_1",
      "provider": "provider[\"registry.terraform.io/hashicorp/aws\"].us-west-2",
      "instances": [
        {
          "schema_version": 0,
          "attributes": {
            "gateway_id": "",
            "id": "rtbassoc-0106d365d0daa4b51",
            "route_table_id": "rtb-054aff40efb7605bf",
            "subnet_id": "subnet-0b53076408312300e",
            "timeouts": null
          },
          "sensitive_attributes": [],
          "private": "eyJlMmJmYjczMC1lY2FhLTExZTYtOGY4OC0zNDM2M2JjN2M0YzAiOnsiY3JlYXRlIjozMDAwMDAwMDAwMDAsImRlbGV0ZSI6MzAwMDAwMDAwMDAwLCJ1cGRhdGUiOjEyMDAwMDAwMDAwMH19",
          "dependencies": [
            "aws_route_table.dr_private",
            "aws_subnet.dr_private_1",
            "aws_vpc.dr",
            "data.aws_availability_zones.dr"
          ]
        }
      ]
    },
    {
      "mode": "managed",
      "type": "aws_route_table_association",
      "name": "dr_private_2",
      "provider": "provider[\"registry.terraform.io/hashicorp/aws\"].us-west-2",
      "instances": [
        {
          "schema_version": 0,
          "attributes": {
            "gateway_id": "",
            "id": "rtbassoc-078ae31238fca7407",
            "route_table_id": "rtb-054aff40efb7605bf",
            "subnet_id": "subnet-06a552e6e3be34f8f",
            "timeouts": null
          },
          "sensitive_attributes": [],
          "private": "eyJlMmJmYjczMC1lY2FhLTExZTYtOGY4OC0zNDM2M2JjN2M0YzAiOnsiY3JlYXRlIjozMDAwMDAwMDAwMDAsImRlbGV0ZSI6MzAwMDAwMDAwMDAwLCJ1cGRhdGUiOjEyMDAwMDAwMDAwMH19",
          "dependencies": [
            "aws_route_table.dr_private",
            "aws_subnet.dr_private_2",
            "aws_vpc.dr",
            "data.aws_availability_zones.dr"
          ]
        }
      ]
    },
    {
      "mode": "managed",
      "type": "aws_route_table_association",
      "name": "primary_private_1",
      "provider": "provider[\"registry.terraform.io/hashicorp/aws\"]",
      "instances": [
        {
          "schema_version": 0,
          "attributes": {
            "gateway_id": "",
            "id": "rtbassoc-010d267fc3ec152d6",
            "route_table_id": "rtb-0982c7ba5984742ff",
            "subnet_id": "subnet-0f7c9116ce9d40842",
            "timeouts": null
          },
          "sensitive_attributes": [],
          "private": "eyJlMmJmYjczMC1lY2FhLTExZTYtOGY4OC0zNDM2M2JjN2M0YzAiOnsiY3JlYXRlIjozMDAwMDAwMDAwMDAsImRlbGV0ZSI6MzAwMDAwMDAwMDAwLCJ1cGRhdGUiOjEyMDAwMDAwMDAwMH19",
          "dependencies": [
            "aws_route_table.primary_private",
            "aws_subnet.primary_private_1",
            "aws_vpc.primary",
            "data.aws_availability_zones.primary"
          ]
        }
      ]
    },
    {
      "mode": "managed",
      "type": "aws_route_table_association",
      "name": "primary_private_2",
      "provider": "provider[\"registry.terraform.io/hashicorp/aws\"]",
      "instances": [
        {
          "schema_version": 0,
          "attributes": {
            "gateway_id": "",
            "id": "rtbassoc-0ea0c94411fd534f0",
            "route_table_id": "rtb-0982c7ba5984742ff",
            "subnet_id": "subnet-02f7cf87432e66073",
            "timeouts": null
          },
          "sensitive_attributes": [],
          "private": "eyJlMmJmYjczMC1lY2FhLTExZTYtOGY4OC0zNDM2M2JjN2M0YzAiOnsiY3JlYXRlIjozMDAwMDAwMDAwMDAsImRlbGV0ZSI6MzAwMDAwMDAwMDAwLCJ1cGRhdGUiOjEyMDAwMDAwMDAwMH19",
          "dependencies": [
            "aws_route_table.primary_private",
            "aws_subnet.primary_private_2",
            "aws_vpc.primary",
            "data.aws_availability_zones.primary"
          ]
        }
      ]
    },
    {
      "mode": "managed",
      "type": "aws_secretsmanager_secret",
      "name": "db_password",
      "provider": "provider[\"registry.terraform.io/hashicorp/aws\"]",
      "instances": [
        {
          "schema_version": 0,
          "attributes": {
            "arn": "arn:aws:secretsmanager:us-east-1:342597974367:secret:rds-master-password-qa-test-AJeTGq",
            "description": "RDS master password",
            "force_overwrite_replica_secret": false,
            "id": "arn:aws:secretsmanager:us-east-1:342597974367:secret:rds-master-password-qa-test-AJeTGq",
            "kms_key_id": "",
            "name": "rds-master-password-qa-test",
            "name_prefix": "",
            "policy": "",
            "recovery_window_in_days": 0,
            "replica": [],
            "tags": {
              "Environment": "test",
              "Name": "rds-master-password-qa-test",
              "Project": "RDS-DR",
              "Suffix": "qa-test"
            },
            "tags_all": {
              "CostCenter": "Infrastructure",
              "Environment": "test",
              "ManagedBy": "Terraform",
              "Name": "rds-master-password-qa-test",
              "Project": "RDS-DR",
              "Suffix": "qa-test"
            }
          },
          "sensitive_attributes": [],
          "private": "bnVsbA=="
        }
      ]
    },
    {
      "mode": "managed",
      "type": "aws_secretsmanager_secret",
      "name": "db_password_dr",
      "provider": "provider[\"registry.terraform.io/hashicorp/aws\"].us-west-2",
      "instances": [
        {
          "schema_version": 0,
          "attributes": {
            "arn": "arn:aws:secretsmanager:us-west-2:342597974367:secret:rds-master-password-qa-test-KYOWpy",
            "description": "RDS master password (DR replica)",
            "force_overwrite_replica_secret": false,
            "id": "arn:aws:secretsmanager:us-west-2:342597974367:secret:rds-master-password-qa-test-KYOWpy",
            "kms_key_id": "",
            "name": "rds-master-password-qa-test",
            "name_prefix": "",
            "policy": "",
            "recovery_window_in_days": 0,
            "replica": [],
            "tags": {
              "Environment": "test",
              "Name": "rds-master-password-qa-test",
              "Project": "RDS-DR",
              "Suffix": "qa-test"
            },
            "tags_all": {
              "CostCenter": "Infrastructure",
              "Environment": "test",
              "ManagedBy": "Terraform",
              "Name": "rds-master-password-qa-test",
              "Project": "RDS-DR",
              "Suffix": "qa-test"
            }
          },
          "sensitive_attributes": [],
          "private": "bnVsbA=="
        }
      ]
    },
    {
      "mode": "managed",
      "type": "aws_secretsmanager_secret_version",
      "name": "db_password",
      "provider": "provider[\"registry.terraform.io/hashicorp/aws\"]",
      "instances": [
        {
          "schema_version": 0,
          "attributes": {
            "arn": "arn:aws:secretsmanager:us-east-1:342597974367:secret:rds-master-password-qa-test-AJeTGq",
            "has_secret_string_wo": null,
            "id": "arn:aws:secretsmanager:us-east-1:342597974367:secret:rds-master-password-qa-test-AJeTGq|terraform-20251124094902645500000002",
            "secret_binary": "",
            "secret_id": "arn:aws:secretsmanager:us-east-1:342597974367:secret:rds-master-password-qa-test-AJeTGq",
            "secret_string": "{\"password\":\"8]ibsGHnljE(_suzCq=tNc!5_%JeYT8-\",\"username\":\"dbadmin\"}",
            "secret_string_wo": null,
            "secret_string_wo_version": null,
            "version_id": "terraform-20251124094902645500000002",
            "version_stages": [
              "AWSCURRENT"
            ]
          },
          "sensitive_attributes": [
            [
              {
                "type": "get_attr",
                "value": "secret_string"
              }
            ]
          ],
          "private": "bnVsbA==",
          "dependencies": [
            "aws_secretsmanager_secret.db_password",
            "random_password.db_password"
          ]
        }
      ]
    },
    {
      "mode": "managed",
      "type": "aws_secretsmanager_secret_version",
      "name": "db_password_dr",
      "provider": "provider[\"registry.terraform.io/hashicorp/aws\"].us-west-2",
      "instances": [
        {
          "schema_version": 0,
          "attributes": {
            "arn": "arn:aws:secretsmanager:us-west-2:342597974367:secret:rds-master-password-qa-test-KYOWpy",
            "has_secret_string_wo": null,
            "id": "arn:aws:secretsmanager:us-west-2:342597974367:secret:rds-master-password-qa-test-KYOWpy|terraform-20251124094902337600000002",
            "secret_binary": "",
            "secret_id": "arn:aws:secretsmanager:us-west-2:342597974367:secret:rds-master-password-qa-test-KYOWpy",
            "secret_string": "{\"password\":\"8]ibsGHnljE(_suzCq=tNc!5_%JeYT8-\",\"username\":\"dbadmin\"}",
            "secret_string_wo": null,
            "secret_string_wo_version": null,
            "version_id": "terraform-20251124094902337600000002",
            "version_stages": [
              "AWSCURRENT"
            ]
          },
          "sensitive_attributes": [
            [
              {
                "type": "get_attr",
                "value": "secret_string"
              }
            ]
          ],
          "private": "bnVsbA==",
          "dependencies": [
            "aws_secretsmanager_secret.db_password_dr",
            "random_password.db_password"
          ]
        }
      ]
    },
    {
      "mode": "managed",
      "type": "aws_security_group",
      "name": "dr_db",
      "provider": "provider[\"registry.terraform.io/hashicorp/aws\"].us-west-2",
      "instances": [
        {
          "schema_version": 1,
          "attributes": {
            "arn": "arn:aws:ec2:us-west-2:342597974367:security-group/sg-0d80845ef7249107e",
            "description": "Security group for DR RDS instance",
            "egress": [
              {
                "cidr_blocks": [
                  "0.0.0.0/0"
                ],
                "description": "Allow all outbound",
                "from_port": 0,
                "ipv6_cidr_blocks": [],
                "prefix_list_ids": [],
                "protocol": "-1",
                "security_groups": [],
                "self": false,
                "to_port": 0
              }
            ],
            "id": "sg-0d80845ef7249107e",
            "ingress": [
              {
                "cidr_blocks": [
                  "10.1.0.0/16",
                  "10.0.0.0/16"
                ],
                "description": "PostgreSQL access from VPCs",
                "from_port": 5432,
                "ipv6_cidr_blocks": [],
                "prefix_list_ids": [],
                "protocol": "tcp",
                "security_groups": [],
                "self": false,
                "to_port": 5432
              }
            ],
            "name": "rds-dr-sg-qa-test",
            "name_prefix": "",
            "owner_id": "342597974367",
            "revoke_rules_on_delete": false,
            "tags": {
              "Environment": "test",
              "Name": "rds-dr-sg-qa-test",
              "Project": "RDS-DR",
              "Suffix": "qa-test"
            },
            "tags_all": {
              "CostCenter": "Infrastructure",
              "Environment": "test",
              "ManagedBy": "Terraform",
              "Name": "rds-dr-sg-qa-test",
              "Project": "RDS-DR",
              "Suffix": "qa-test"
            },
            "timeouts": null,
            "vpc_id": "vpc-07e410461ea9b05e8"
          },
          "sensitive_attributes": [],
          "private": "eyJlMmJmYjczMC1lY2FhLTExZTYtOGY4OC0zNDM2M2JjN2M0YzAiOnsiY3JlYXRlIjo2MDAwMDAwMDAwMDAsImRlbGV0ZSI6OTAwMDAwMDAwMDAwfSwic2NoZW1hX3ZlcnNpb24iOiIxIn0=",
          "dependencies": [
            "aws_vpc.dr"
          ]
        }
      ]
    },
    {
      "mode": "managed",
      "type": "aws_security_group",
      "name": "primary_db",
      "provider": "provider[\"registry.terraform.io/hashicorp/aws\"]",
      "instances": [
        {
          "schema_version": 1,
          "attributes": {
            "arn": "arn:aws:ec2:us-east-1:342597974367:security-group/sg-0f8e9578911a60815",
            "description": "Security group for primary RDS instance",
            "egress": [
              {
                "cidr_blocks": [
                  "0.0.0.0/0"
                ],
                "description": "Allow all outbound",
                "from_port": 0,
                "ipv6_cidr_blocks": [],
                "prefix_list_ids": [],
                "protocol": "-1",
                "security_groups": [],
                "self": false,
                "to_port": 0
              }
            ],
            "id": "sg-0f8e9578911a60815",
            "ingress": [
              {
                "cidr_blocks": [
                  "10.0.0.0/16",
                  "10.1.0.0/16"
                ],
                "description": "PostgreSQL access from VPCs",
                "from_port": 5432,
                "ipv6_cidr_blocks": [],
                "prefix_list_ids": [],
                "protocol": "tcp",
                "security_groups": [],
                "self": false,
                "to_port": 5432
              }
            ],
            "name": "rds-primary-sg-qa-test",
            "name_prefix": "",
            "owner_id": "342597974367",
            "revoke_rules_on_delete": false,
            "tags": {
              "Environment": "test",
              "Name": "rds-primary-sg-qa-test",
              "Project": "RDS-DR",
              "Suffix": "qa-test"
            },
            "tags_all": {
              "CostCenter": "Infrastructure",
              "Environment": "test",
              "ManagedBy": "Terraform",
              "Name": "rds-primary-sg-qa-test",
              "Project": "RDS-DR",
              "Suffix": "qa-test"
            },
            "timeouts": null,
            "vpc_id": "vpc-0263c30794a301df7"
          },
          "sensitive_attributes": [],
          "private": "eyJlMmJmYjczMC1lY2FhLTExZTYtOGY4OC0zNDM2M2JjN2M0YzAiOnsiY3JlYXRlIjo2MDAwMDAwMDAwMDAsImRlbGV0ZSI6OTAwMDAwMDAwMDAwfSwic2NoZW1hX3ZlcnNpb24iOiIxIn0=",
          "dependencies": [
            "aws_vpc.primary"
          ]
        }
      ]
    },
    {
      "mode": "managed",
      "type": "aws_sns_topic",
      "name": "rds_alerts",
      "provider": "provider[\"registry.terraform.io/hashicorp/aws\"]",
      "instances": [
        {
          "schema_version": 0,
          "attributes": {
            "application_failure_feedback_role_arn": "",
            "application_success_feedback_role_arn": "",
            "application_success_feedback_sample_rate": 0,
            "archive_policy": "",
            "arn": "arn:aws:sns:us-east-1:342597974367:rds-alerts-qa-test",
            "beginning_archive_time": "",
            "content_based_deduplication": false,
            "delivery_policy": "",
            "display_name": "",
            "fifo_throughput_scope": "",
            "fifo_topic": false,
            "firehose_failure_feedback_role_arn": "",
            "firehose_success_feedback_role_arn": "",
            "firehose_success_feedback_sample_rate": 0,
            "http_failure_feedback_role_arn": "",
            "http_success_feedback_role_arn": "",
            "http_success_feedback_sample_rate": 0,
            "id": "arn:aws:sns:us-east-1:342597974367:rds-alerts-qa-test",
            "kms_master_key_id": "",
            "lambda_failure_feedback_role_arn": "",
            "lambda_success_feedback_role_arn": "",
            "lambda_success_feedback_sample_rate": 0,
            "name": "rds-alerts-qa-test",
            "name_prefix": "",
            "owner": "342597974367",
            "policy": "{\"Id\":\"__default_policy_ID\",\"Statement\":[{\"Action\":[\"SNS:GetTopicAttributes\",\"SNS:SetTopicAttributes\",\"SNS:AddPermission\",\"SNS:RemovePermission\",\"SNS:DeleteTopic\",\"SNS:Subscribe\",\"SNS:ListSubscriptionsByTopic\",\"SNS:Publish\"],\"Condition\":{\"StringEquals\":{\"AWS:SourceOwner\":\"342597974367\"}},\"Effect\":\"Allow\",\"Principal\":{\"AWS\":\"*\"},\"Resource\":\"arn:aws:sns:us-east-1:342597974367:rds-alerts-qa-test\",\"Sid\":\"__default_statement_ID\"}],\"Version\":\"2008-10-17\"}",
            "signature_version": 0,
            "sqs_failure_feedback_role_arn": "",
            "sqs_success_feedback_role_arn": "",
            "sqs_success_feedback_sample_rate": 0,
            "tags": {
              "Environment": "test",
              "Name": "rds-alerts-qa-test",
              "Project": "RDS-DR",
              "Suffix": "qa-test"
            },
            "tags_all": {
              "CostCenter": "Infrastructure",
              "Environment": "test",
              "ManagedBy": "Terraform",
              "Name": "rds-alerts-qa-test",
              "Project": "RDS-DR",
              "Suffix": "qa-test"
            },
            "tracing_config": ""
          },
          "sensitive_attributes": [],
          "private": "bnVsbA=="
        }
      ]
    },
    {
      "mode": "managed",
      "type": "aws_subnet",
      "name": "dr_private_1",
      "provider": "provider[\"registry.terraform.io/hashicorp/aws\"].us-west-2",
      "instances": [
        {
          "schema_version": 1,
          "attributes": {
            "arn": "arn:aws:ec2:us-west-2:342597974367:subnet/subnet-0b53076408312300e",
            "assign_ipv6_address_on_creation": false,
            "availability_zone": "us-west-2a",
            "availability_zone_id": "usw2-az2",
            "cidr_block": "10.1.1.0/24",
            "customer_owned_ipv4_pool": "",
            "enable_dns64": false,
            "enable_lni_at_device_index": 0,
            "enable_resource_name_dns_a_record_on_launch": false,
            "enable_resource_name_dns_aaaa_record_on_launch": false,
            "id": "subnet-0b53076408312300e",
            "ipv6_cidr_block": "",
            "ipv6_cidr_block_association_id": "",
            "ipv6_native": false,
            "map_customer_owned_ip_on_launch": false,
            "map_public_ip_on_launch": false,
            "outpost_arn": "",
            "owner_id": "342597974367",
            "private_dns_hostname_type_on_launch": "ip-name",
            "tags": {
              "Environment": "test",
              "Name": "rds-dr-private-1-qa-test",
              "Project": "RDS-DR",
              "Suffix": "qa-test"
            },
            "tags_all": {
              "CostCenter": "Infrastructure",
              "Environment": "test",
              "ManagedBy": "Terraform",
              "Name": "rds-dr-private-1-qa-test",
              "Project": "RDS-DR",
              "Suffix": "qa-test"
            },
            "timeouts": null,
            "vpc_id": "vpc-07e410461ea9b05e8"
          },
          "sensitive_attributes": [],
          "private": "eyJlMmJmYjczMC1lY2FhLTExZTYtOGY4OC0zNDM2M2JjN2M0YzAiOnsiY3JlYXRlIjo2MDAwMDAwMDAwMDAsImRlbGV0ZSI6MTIwMDAwMDAwMDAwMH0sInNjaGVtYV92ZXJzaW9uIjoiMSJ9",
          "dependencies": [
            "aws_vpc.dr",
            "data.aws_availability_zones.dr"
          ]
        }
      ]
    },
    {
      "mode": "managed",
      "type": "aws_subnet",
      "name": "dr_private_2",
      "provider": "provider[\"registry.terraform.io/hashicorp/aws\"].us-west-2",
      "instances": [
        {
          "schema_version": 1,
          "attributes": {
            "arn": "arn:aws:ec2:us-west-2:342597974367:subnet/subnet-06a552e6e3be34f8f",
            "assign_ipv6_address_on_creation": false,
            "availability_zone": "us-west-2b",
            "availability_zone_id": "usw2-az1",
            "cidr_block": "10.1.2.0/24",
            "customer_owned_ipv4_pool": "",
            "enable_dns64": false,
            "enable_lni_at_device_index": 0,
            "enable_resource_name_dns_a_record_on_launch": false,
            "enable_resource_name_dns_aaaa_record_on_launch": false,
            "id": "subnet-06a552e6e3be34f8f",
            "ipv6_cidr_block": "",
            "ipv6_cidr_block_association_id": "",
            "ipv6_native": false,
            "map_customer_owned_ip_on_launch": false,
            "map_public_ip_on_launch": false,
            "outpost_arn": "",
            "owner_id": "342597974367",
            "private_dns_hostname_type_on_launch": "ip-name",
            "tags": {
              "Environment": "test",
              "Name": "rds-dr-private-2-qa-test",
              "Project": "RDS-DR",
              "Suffix": "qa-test"
            },
            "tags_all": {
              "CostCenter": "Infrastructure",
              "Environment": "test",
              "ManagedBy": "Terraform",
              "Name": "rds-dr-private-2-qa-test",
              "Project": "RDS-DR",
              "Suffix": "qa-test"
            },
            "timeouts": null,
            "vpc_id": "vpc-07e410461ea9b05e8"
          },
          "sensitive_attributes": [],
          "private": "eyJlMmJmYjczMC1lY2FhLTExZTYtOGY4OC0zNDM2M2JjN2M0YzAiOnsiY3JlYXRlIjo2MDAwMDAwMDAwMDAsImRlbGV0ZSI6MTIwMDAwMDAwMDAwMH0sInNjaGVtYV92ZXJzaW9uIjoiMSJ9",
          "dependencies": [
            "aws_vpc.dr",
            "data.aws_availability_zones.dr"
          ]
        }
      ]
    },
    {
      "mode": "managed",
      "type": "aws_subnet",
      "name": "primary_private_1",
      "provider": "provider[\"registry.terraform.io/hashicorp/aws\"]",
      "instances": [
        {
          "schema_version": 1,
          "attributes": {
            "arn": "arn:aws:ec2:us-east-1:342597974367:subnet/subnet-0f7c9116ce9d40842",
            "assign_ipv6_address_on_creation": false,
            "availability_zone": "us-east-1a",
            "availability_zone_id": "use1-az1",
            "cidr_block": "10.0.1.0/24",
            "customer_owned_ipv4_pool": "",
            "enable_dns64": false,
            "enable_lni_at_device_index": 0,
            "enable_resource_name_dns_a_record_on_launch": false,
            "enable_resource_name_dns_aaaa_record_on_launch": false,
            "id": "subnet-0f7c9116ce9d40842",
            "ipv6_cidr_block": "",
            "ipv6_cidr_block_association_id": "",
            "ipv6_native": false,
            "map_customer_owned_ip_on_launch": false,
            "map_public_ip_on_launch": false,
            "outpost_arn": "",
            "owner_id": "342597974367",
            "private_dns_hostname_type_on_launch": "ip-name",
            "tags": {
              "Environment": "test",
              "Name": "rds-primary-private-1-qa-test",
              "Project": "RDS-DR",
              "Suffix": "qa-test"
            },
            "tags_all": {
              "CostCenter": "Infrastructure",
              "Environment": "test",
              "ManagedBy": "Terraform",
              "Name": "rds-primary-private-1-qa-test",
              "Project": "RDS-DR",
              "Suffix": "qa-test"
            },
            "timeouts": null,
            "vpc_id": "vpc-0263c30794a301df7"
          },
          "sensitive_attributes": [],
          "private": "eyJlMmJmYjczMC1lY2FhLTExZTYtOGY4OC0zNDM2M2JjN2M0YzAiOnsiY3JlYXRlIjo2MDAwMDAwMDAwMDAsImRlbGV0ZSI6MTIwMDAwMDAwMDAwMH0sInNjaGVtYV92ZXJzaW9uIjoiMSJ9",
          "dependencies": [
            "aws_vpc.primary",
            "data.aws_availability_zones.primary"
          ]
        }
      ]
    },
    {
      "mode": "managed",
      "type": "aws_subnet",
      "name": "primary_private_2",
      "provider": "provider[\"registry.terraform.io/hashicorp/aws\"]",
      "instances": [
        {
          "schema_version": 1,
          "attributes": {
            "arn": "arn:aws:ec2:us-east-1:342597974367:subnet/subnet-02f7cf87432e66073",
            "assign_ipv6_address_on_creation": false,
            "availability_zone": "us-east-1b",
            "availability_zone_id": "use1-az2",
            "cidr_block": "10.0.2.0/24",
            "customer_owned_ipv4_pool": "",
            "enable_dns64": false,
            "enable_lni_at_device_index": 0,
            "enable_resource_name_dns_a_record_on_launch": false,
            "enable_resource_name_dns_aaaa_record_on_launch": false,
            "id": "subnet-02f7cf87432e66073",
            "ipv6_cidr_block": "",
            "ipv6_cidr_block_association_id": "",
            "ipv6_native": false,
            "map_customer_owned_ip_on_launch": false,
            "map_public_ip_on_launch": false,
            "outpost_arn": "",
            "owner_id": "342597974367",
            "private_dns_hostname_type_on_launch": "ip-name",
            "tags": {
              "Environment": "test",
              "Name": "rds-primary-private-2-qa-test",
              "Project": "RDS-DR",
              "Suffix": "qa-test"
            },
            "tags_all": {
              "CostCenter": "Infrastructure",
              "Environment": "test",
              "ManagedBy": "Terraform",
              "Name": "rds-primary-private-2-qa-test",
              "Project": "RDS-DR",
              "Suffix": "qa-test"
            },
            "timeouts": null,
            "vpc_id": "vpc-0263c30794a301df7"
          },
          "sensitive_attributes": [],
          "private": "eyJlMmJmYjczMC1lY2FhLTExZTYtOGY4OC0zNDM2M2JjN2M0YzAiOnsiY3JlYXRlIjo2MDAwMDAwMDAwMDAsImRlbGV0ZSI6MTIwMDAwMDAwMDAwMH0sInNjaGVtYV92ZXJzaW9uIjoiMSJ9",
          "dependencies": [
            "aws_vpc.primary",
            "data.aws_availability_zones.primary"
          ]
        }
      ]
    },
    {
      "mode": "managed",
      "type": "aws_vpc",
      "name": "dr",
      "provider": "provider[\"registry.terraform.io/hashicorp/aws\"].us-west-2",
      "instances": [
        {
          "schema_version": 1,
          "attributes": {
            "arn": "arn:aws:ec2:us-west-2:342597974367:vpc/vpc-07e410461ea9b05e8",
            "assign_generated_ipv6_cidr_block": false,
            "cidr_block": "10.1.0.0/16",
            "default_network_acl_id": "acl-0ab87e635ba1afe88",
            "default_route_table_id": "rtb-050a8ace6d4b665bb",
            "default_security_group_id": "sg-01db529be20ef8168",
            "dhcp_options_id": "dopt-0b2631f0c84fa4ba5",
            "enable_dns_hostnames": true,
            "enable_dns_support": true,
            "enable_network_address_usage_metrics": false,
            "id": "vpc-07e410461ea9b05e8",
            "instance_tenancy": "default",
            "ipv4_ipam_pool_id": null,
            "ipv4_netmask_length": null,
            "ipv6_association_id": "",
            "ipv6_cidr_block": "",
            "ipv6_cidr_block_network_border_group": "",
            "ipv6_ipam_pool_id": "",
            "ipv6_netmask_length": 0,
            "main_route_table_id": "rtb-050a8ace6d4b665bb",
            "owner_id": "342597974367",
            "tags": {
              "Environment": "test",
              "Name": "rds-dr-vpc-qa-test",
              "Project": "RDS-DR",
              "Suffix": "qa-test"
            },
            "tags_all": {
              "CostCenter": "Infrastructure",
              "Environment": "test",
              "ManagedBy": "Terraform",
              "Name": "rds-dr-vpc-qa-test",
              "Project": "RDS-DR",
              "Suffix": "qa-test"
            }
          },
          "sensitive_attributes": [],
          "private": "eyJzY2hlbWFfdmVyc2lvbiI6IjEifQ=="
        }
      ]
    },
    {
      "mode": "managed",
      "type": "aws_vpc",
      "name": "primary",
      "provider": "provider[\"registry.terraform.io/hashicorp/aws\"]",
      "instances": [
        {
          "schema_version": 1,
          "attributes": {
            "arn": "arn:aws:ec2:us-east-1:342597974367:vpc/vpc-0263c30794a301df7",
            "assign_generated_ipv6_cidr_block": false,
            "cidr_block": "10.0.0.0/16",
            "default_network_acl_id": "acl-00886d16687c4cb0a",
            "default_route_table_id": "rtb-0f4984b2a96fbebe5",
            "default_security_group_id": "sg-07b9e7a44c34cc16b",
            "dhcp_options_id": "dopt-096ea572b45cebc14",
            "enable_dns_hostnames": true,
            "enable_dns_support": true,
            "enable_network_address_usage_metrics": false,
            "id": "vpc-0263c30794a301df7",
            "instance_tenancy": "default",
            "ipv4_ipam_pool_id": null,
            "ipv4_netmask_length": null,
            "ipv6_association_id": "",
            "ipv6_cidr_block": "",
            "ipv6_cidr_block_network_border_group": "",
            "ipv6_ipam_pool_id": "",
            "ipv6_netmask_length": 0,
            "main_route_table_id": "rtb-0f4984b2a96fbebe5",
            "owner_id": "342597974367",
            "tags": {
              "Environment": "test",
              "Name": "rds-primary-vpc-qa-test",
              "Project": "RDS-DR",
              "Suffix": "qa-test"
            },
            "tags_all": {
              "CostCenter": "Infrastructure",
              "Environment": "test",
              "ManagedBy": "Terraform",
              "Name": "rds-primary-vpc-qa-test",
              "Project": "RDS-DR",
              "Suffix": "qa-test"
            }
          },
          "sensitive_attributes": [],
          "private": "eyJzY2hlbWFfdmVyc2lvbiI6IjEifQ=="
        }
      ]
    },
    {
      "mode": "managed",
      "type": "aws_vpc_peering_connection",
      "name": "primary_to_dr",
      "provider": "provider[\"registry.terraform.io/hashicorp/aws\"]",
      "instances": [
        {
          "schema_version": 0,
          "attributes": {
            "accept_status": "active",
            "accepter": [
              {
                "allow_remote_vpc_dns_resolution": false
              }
            ],
            "auto_accept": false,
            "id": "pcx-0a3f0966899646cc2",
            "peer_owner_id": "342597974367",
            "peer_region": "us-west-2",
            "peer_vpc_id": "vpc-07e410461ea9b05e8",
            "requester": [
              {
                "allow_remote_vpc_dns_resolution": false
              }
            ],
            "tags": {
              "Environment": "test",
              "Name": "rds-vpc-peering-qa-test",
              "Project": "RDS-DR",
              "Suffix": "qa-test"
            },
            "tags_all": {
              "CostCenter": "Infrastructure",
              "Environment": "test",
              "ManagedBy": "Terraform",
              "Name": "rds-vpc-peering-qa-test",
              "Project": "RDS-DR",
              "Suffix": "qa-test"
            },
            "timeouts": null,
            "vpc_id": "vpc-0263c30794a301df7"
          },
          "sensitive_attributes": [],
          "private": "eyJlMmJmYjczMC1lY2FhLTExZTYtOGY4OC0zNDM2M2JjN2M0YzAiOnsiY3JlYXRlIjo2MDAwMDAwMDAwMCwiZGVsZXRlIjo2MDAwMDAwMDAwMCwidXBkYXRlIjo2MDAwMDAwMDAwMH19",
          "dependencies": [
            "aws_vpc.dr",
            "aws_vpc.primary"
          ]
        }
      ]
    },
    {
      "mode": "managed",
      "type": "aws_vpc_peering_connection_accepter",
      "name": "dr",
      "provider": "provider[\"registry.terraform.io/hashicorp/aws\"].us-west-2",
      "instances": [
        {
          "schema_version": 0,
          "attributes": {
            "accept_status": "active",
            "accepter": [
              {
                "allow_remote_vpc_dns_resolution": false
              }
            ],
            "auto_accept": true,
            "id": "pcx-0a3f0966899646cc2",
            "peer_owner_id": "342597974367",
            "peer_region": "us-west-2",
            "peer_vpc_id": "vpc-07e410461ea9b05e8",
            "requester": [
              {
                "allow_remote_vpc_dns_resolution": false
              }
            ],
            "tags": {
              "Environment": "test",
              "Name": "rds-vpc-peering-accepter-qa-test",
              "Project": "RDS-DR",
              "Suffix": "qa-test"
            },
            "tags_all": {
              "CostCenter": "Infrastructure",
              "Environment": "test",
              "ManagedBy": "Terraform",
              "Name": "rds-vpc-peering-accepter-qa-test",
              "Project": "RDS-DR",
              "Suffix": "qa-test"
            },
            "timeouts": null,
            "vpc_id": "vpc-0263c30794a301df7",
            "vpc_peering_connection_id": "pcx-0a3f0966899646cc2"
          },
          "sensitive_attributes": [],
          "private": "eyJlMmJmYjczMC1lY2FhLTExZTYtOGY4OC0zNDM2M2JjN2M0YzAiOnsiY3JlYXRlIjo2MDAwMDAwMDAwMCwidXBkYXRlIjo2MDAwMDAwMDAwMH19",
          "dependencies": [
            "aws_vpc.dr",
            "aws_vpc.primary",
            "aws_vpc_peering_connection.primary_to_dr"
          ]
        }
      ]
    },
    {
      "mode": "managed",
      "type": "random_password",
      "name": "db_password",
      "provider": "provider[\"registry.terraform.io/hashicorp/random\"]",
      "instances": [
        {
          "schema_version": 3,
          "attributes": {
            "bcrypt_hash": "$2a$10$qEW9PPFTTjF6EB0Dx4r60OZgS.XwF.jYLlmyB6TE.cAU2nKf6I6ne",
            "id": "none",
            "keepers": null,
            "length": 32,
            "lower": true,
            "min_lower": 0,
            "min_numeric": 0,
            "min_special": 0,
            "min_upper": 0,
            "number": true,
            "numeric": true,
            "override_special": null,
            "result": "8]ibsGHnljE(_suzCq=tNc!5_%JeYT8-",
            "special": true,
            "upper": true
          },
          "sensitive_attributes": []
        }
      ]
    }
  ],
  "check_results": null
}
