{
  "version": 4,
  "terraform_version": "1.9.0",
  "serial": 87,
  "lineage": "a35d9a9d-7204-6fdc-fb2d-80d6b336c662",
  "outputs": {
    "alb_dns_name": {
      "value": "alb-synth101912382-1167386365.us-east-1.elb.amazonaws.com",
      "type": "string"
    },
    "alb_zone_id": {
      "value": "Z35SXDOTRQ7X7K",
      "type": "string"
    },
    "blue_service_name": {
      "value": "trading-dashboard-blue-synth101912382",
      "type": "string"
    },
    "cloudwatch_log_group_blue": {
      "value": "/ecs/trading-dashboard-blue-synth101912382",
      "type": "string"
    },
    "cloudwatch_log_group_green": {
      "value": "/ecs/trading-dashboard-green-synth101912382",
      "type": "string"
    },
    "ecr_repository_url": {
      "value": "342597974367.dkr.ecr.us-east-1.amazonaws.com/trading-dashboard-synth101912382",
      "type": "string"
    },
    "ecs_cluster_arn": {
      "value": "arn:aws:ecs:us-east-1:342597974367:cluster/ecs-cluster-synth101912382",
      "type": "string"
    },
    "ecs_cluster_name": {
      "value": "ecs-cluster-synth101912382",
      "type": "string"
    },
    "green_service_name": {
      "value": "trading-dashboard-green-synth101912382",
      "type": "string"
    },
    "rds_cluster_endpoint": {
      "value": "trading-db-synth101912382.cluster-covy6ema0nuv.us-east-1.rds.amazonaws.com",
      "type": "string",
      "sensitive": true
    },
    "rds_reader_endpoint": {
      "value": "trading-db-synth101912382.cluster-ro-covy6ema0nuv.us-east-1.rds.amazonaws.com",
      "type": "string",
      "sensitive": true
    },
    "secrets_manager_arn": {
      "value": "arn:aws:secretsmanager:us-east-1:342597974367:secret:db-credentials-synth101912382-20251119132407564400000002-RpdIR5",
      "type": "string",
      "sensitive": true
    },
    "sns_topic_arn": {
      "value": "arn:aws:sns:us-east-1:342597974367:trading-dashboard-alerts-synth101912382",
      "type": "string"
    },
    "vpc_id": {
      "value": "vpc-0399b6cf3033489bb",
      "type": "string"
    },
    "waf_web_acl_arn": {
      "value": "arn:aws:wafv2:us-east-1:342597974367:regional/webacl/waf-acl-synth101912382/07628b16-abfc-438f-a156-c287f8ab4b8a",
      "type": "string"
    }
  },
  "resources": [
    {
      "mode": "data",
      "type": "archive_file",
      "name": "secrets_rotation",
      "provider": "provider[\"registry.terraform.io/hashicorp/archive\"]",
      "instances": [
        {
          "schema_version": 0,
          "attributes": {
            "exclude_symlink_directories": null,
            "excludes": null,
            "id": "b32968c4a21c85185fae2195fc954c06f8e1e30f",
            "output_base64sha256": "Jqap6OhAdejavtv/qIVaFn/+5sfQPZDaQzvHE8ZDmQk=",
            "output_base64sha512": "NUVU/5boWDhp+NMMUn9XUUcBC7cJ3NKmVphAm8gJZ+vZnv2r4fdvvA1na60nhl+EcleyD3hTONW9jioJtBniIQ==",
            "output_file_mode": null,
            "output_md5": "49ff6b8380df5cb0c24b33e44f6b5a8d",
            "output_path": "./lambda_rotation.zip",
            "output_sha": "b32968c4a21c85185fae2195fc954c06f8e1e30f",
            "output_sha256": "26a6a9e8e84075e8dabedbffa8855a167ffee6c7d03d90da433bc713c6439909",
            "output_sha512": "354554ff96e8583869f8d30c527f575147010bb709dcd2a65698409bc80967ebd99efdabe1f76fbc0d676bad27865f847257b20f785338d5bd8e2a09b419e221",
            "output_size": 842,
            "source": [
              {
                "content": "import json\nimport boto3\nimport os\n\ndef lambda_handler(event, context):\n    arn = event['SecretId']\n    token = event['ClientRequestToken']\n    step = event['Step']\n\n    service_client = boto3.client('secretsmanager')\n\n    metadata = service_client.describe_secret(SecretId=arn)\n    if not metadata['RotationEnabled']:\n        raise ValueError(\"Secret %s is not enabled for rotation\" % arn)\n    versions = metadata['VersionIdsToStages']\n    if token not in versions:\n        raise ValueError(\"Secret version %s has no stage for rotation of secret %s.\" % (token, arn))\n    if \"AWSCURRENT\" in versions[token]:\n        return\n    elif \"AWSPENDING\" not in versions[token]:\n        raise ValueError(\"Secret version %s not set as AWSPENDING for rotation of secret %s.\" % (token, arn))\n\n    if step == \"createSecret\":\n        create_secret(service_client, arn, token)\n    elif step == \"setSecret\":\n        set_secret(service_client, arn, token)\n    elif step == \"testSecret\":\n        test_secret(service_client, arn, token)\n    elif step == \"finishSecret\":\n        finish_secret(service_client, arn, token)\n    else:\n        raise ValueError(\"Invalid step parameter\")\n\ndef create_secret(service_client, arn, token):\n    service_client.get_secret_value(SecretId=arn, VersionStage=\"AWSCURRENT\")\n    try:\n        service_client.get_secret_value(SecretId=arn, VersionId=token, VersionStage=\"AWSPENDING\")\n    except service_client.exceptions.ResourceNotFoundException:\n        passwd = service_client.get_random_password(ExcludeCharacters='/@\"\\'\\\\ ', PasswordLength=32)\n        service_client.put_secret_value(SecretId=arn, ClientRequestToken=token, SecretString=passwd['RandomPassword'], VersionStages=['AWSPENDING'])\n\ndef set_secret(service_client, arn, token):\n    pass\n\ndef test_secret(service_client, arn, token):\n    pass\n\ndef finish_secret(service_client, arn, token):\n    metadata = service_client.describe_secret(SecretId=arn)\n    current_version = None\n    for version in metadata[\"VersionIdsToStages\"]:\n        if \"AWSCURRENT\" in metadata[\"VersionIdsToStages\"][version]:\n            if version == token:\n                return\n            current_version = version\n            break\n    service_client.update_secret_version_stage(SecretId=arn, VersionStage=\"AWSCURRENT\", MoveToVersionId=token, RemoveFromVersionId=current_version)\n",
                "filename": "index.py"
              }
            ],
            "source_content": null,
            "source_content_filename": null,
            "source_dir": null,
            "source_file": null,
            "type": "zip"
          },
          "sensitive_attributes": []
        }
      ]
    },
    {
      "mode": "data",
      "type": "aws_availability_zones",
      "name": "available",
      "provider": "provider[\"registry.terraform.io/hashicorp/aws\"]",
      "instances": [
        {
          "schema_version": 0,
          "attributes": {
            "all_availability_zones": null,
            "exclude_names": null,
            "exclude_zone_ids": null,
            "filter": null,
            "group_names": [
              "us-east-1-zg-1"
            ],
            "id": "us-east-1",
            "names": [
              "us-east-1a",
              "us-east-1b",
              "us-east-1c",
              "us-east-1d",
              "us-east-1e",
              "us-east-1f"
            ],
            "state": "available",
            "timeouts": null,
            "zone_ids": [
              "use1-az1",
              "use1-az2",
              "use1-az4",
              "use1-az6",
              "use1-az3",
              "use1-az5"
            ]
          },
          "sensitive_attributes": []
        }
      ]
    },
    {
      "mode": "data",
      "type": "aws_caller_identity",
      "name": "current",
      "provider": "provider[\"registry.terraform.io/hashicorp/aws\"]",
      "instances": [
        {
          "schema_version": 0,
          "attributes": {
            "account_id": "342597974367",
            "arn": "arn:aws:iam::342597974367:user/iac-synth-deploy",
            "id": "342597974367",
            "user_id": "AIDAU7RDOHFP6S4NLVPKQ"
          },
          "sensitive_attributes": []
        }
      ]
    },
    {
      "mode": "managed",
      "type": "aws_appautoscaling_policy",
      "name": "ecs_blue_cpu",
      "provider": "provider[\"registry.terraform.io/hashicorp/aws\"]",
      "instances": [
        {
          "schema_version": 0,
          "attributes": {
            "alarm_arns": [
              "arn:aws:cloudwatch:us-east-1:342597974367:alarm:TargetTracking-service/ecs-cluster-synth101912382/trading-dashboard-blue-synth101912382-AlarmHigh-ecd17c9d-ae7f-40ff-a475-d2645d721083",
              "arn:aws:cloudwatch:us-east-1:342597974367:alarm:TargetTracking-service/ecs-cluster-synth101912382/trading-dashboard-blue-synth101912382-AlarmLow-f8421d8e-a60a-4b29-9e3e-0843a06ac884"
            ],
            "arn": "arn:aws:autoscaling:us-east-1:342597974367:scalingPolicy:5e6c2222-c205-492f-aaf5-79612960f11a:resource/ecs/service/ecs-cluster-synth101912382/trading-dashboard-blue-synth101912382:policyName/ecs-blue-cpu-synth101912382",
            "id": "ecs-blue-cpu-synth101912382",
            "name": "ecs-blue-cpu-synth101912382",
            "policy_type": "TargetTrackingScaling",
            "resource_id": "service/ecs-cluster-synth101912382/trading-dashboard-blue-synth101912382",
            "scalable_dimension": "ecs:service:DesiredCount",
            "service_namespace": "ecs",
            "step_scaling_policy_configuration": [],
            "target_tracking_scaling_policy_configuration": [
              {
                "customized_metric_specification": [],
                "disable_scale_in": false,
                "predefined_metric_specification": [
                  {
                    "predefined_metric_type": "ECSServiceAverageCPUUtilization",
                    "resource_label": ""
                  }
                ],
                "scale_in_cooldown": 300,
                "scale_out_cooldown": 60,
                "target_value": 70
              }
            ]
          },
          "sensitive_attributes": [],
          "private": "bnVsbA==",
          "dependencies": [
            "aws_appautoscaling_target.ecs_blue",
            "aws_cloudwatch_log_group.ecs_blue",
            "aws_ecs_cluster.main",
            "aws_ecs_service.blue",
            "aws_ecs_task_definition.blue",
            "aws_iam_role.ecs_task",
            "aws_iam_role.ecs_task_execution",
            "aws_lb.main",
            "aws_lb_listener.http",
            "aws_lb_target_group.blue",
            "aws_lb_target_group.green",
            "aws_secretsmanager_secret.db_credentials",
            "aws_security_group.alb",
            "aws_security_group.ecs_tasks",
            "aws_subnet.private",
            "aws_subnet.public",
            "aws_vpc.main",
            "data.aws_availability_zones.available"
          ]
        }
      ]
    },
    {
      "mode": "managed",
      "type": "aws_appautoscaling_policy",
      "name": "ecs_blue_memory",
      "provider": "provider[\"registry.terraform.io/hashicorp/aws\"]",
      "instances": [
        {
          "schema_version": 0,
          "attributes": {
            "alarm_arns": [
              "arn:aws:cloudwatch:us-east-1:342597974367:alarm:TargetTracking-service/ecs-cluster-synth101912382/trading-dashboard-blue-synth101912382-AlarmHigh-ec10b160-5e67-421d-a545-2b1851efc70f",
              "arn:aws:cloudwatch:us-east-1:342597974367:alarm:TargetTracking-service/ecs-cluster-synth101912382/trading-dashboard-blue-synth101912382-AlarmLow-a365389b-a9e4-433e-a7fd-474393b1f9b2"
            ],
            "arn": "arn:aws:autoscaling:us-east-1:342597974367:scalingPolicy:5e6c2222-c205-492f-aaf5-79612960f11a:resource/ecs/service/ecs-cluster-synth101912382/trading-dashboard-blue-synth101912382:policyName/ecs-blue-memory-synth101912382",
            "id": "ecs-blue-memory-synth101912382",
            "name": "ecs-blue-memory-synth101912382",
            "policy_type": "TargetTrackingScaling",
            "resource_id": "service/ecs-cluster-synth101912382/trading-dashboard-blue-synth101912382",
            "scalable_dimension": "ecs:service:DesiredCount",
            "service_namespace": "ecs",
            "step_scaling_policy_configuration": [],
            "target_tracking_scaling_policy_configuration": [
              {
                "customized_metric_specification": [],
                "disable_scale_in": false,
                "predefined_metric_specification": [
                  {
                    "predefined_metric_type": "ECSServiceAverageMemoryUtilization",
                    "resource_label": ""
                  }
                ],
                "scale_in_cooldown": 300,
                "scale_out_cooldown": 60,
                "target_value": 80
              }
            ]
          },
          "sensitive_attributes": [],
          "private": "bnVsbA==",
          "dependencies": [
            "aws_appautoscaling_target.ecs_blue",
            "aws_cloudwatch_log_group.ecs_blue",
            "aws_ecs_cluster.main",
            "aws_ecs_service.blue",
            "aws_ecs_task_definition.blue",
            "aws_iam_role.ecs_task",
            "aws_iam_role.ecs_task_execution",
            "aws_lb.main",
            "aws_lb_listener.http",
            "aws_lb_target_group.blue",
            "aws_lb_target_group.green",
            "aws_secretsmanager_secret.db_credentials",
            "aws_security_group.alb",
            "aws_security_group.ecs_tasks",
            "aws_subnet.private",
            "aws_subnet.public",
            "aws_vpc.main",
            "data.aws_availability_zones.available"
          ]
        }
      ]
    },
    {
      "mode": "managed",
      "type": "aws_appautoscaling_policy",
      "name": "ecs_green_cpu",
      "provider": "provider[\"registry.terraform.io/hashicorp/aws\"]",
      "instances": [
        {
          "schema_version": 0,
          "attributes": {
            "alarm_arns": [
              "arn:aws:cloudwatch:us-east-1:342597974367:alarm:TargetTracking-service/ecs-cluster-synth101912382/trading-dashboard-green-synth101912382-AlarmHigh-99a33f91-6b44-40da-99ba-472b0a6d3dae",
              "arn:aws:cloudwatch:us-east-1:342597974367:alarm:TargetTracking-service/ecs-cluster-synth101912382/trading-dashboard-green-synth101912382-AlarmLow-c75019cb-6846-4ae0-a2b4-fe04e3cf45da"
            ],
            "arn": "arn:aws:autoscaling:us-east-1:342597974367:scalingPolicy:f26b94da-b2ca-4bb7-9359-7eb2e587f091:resource/ecs/service/ecs-cluster-synth101912382/trading-dashboard-green-synth101912382:policyName/ecs-green-cpu-synth101912382",
            "id": "ecs-green-cpu-synth101912382",
            "name": "ecs-green-cpu-synth101912382",
            "policy_type": "TargetTrackingScaling",
            "resource_id": "service/ecs-cluster-synth101912382/trading-dashboard-green-synth101912382",
            "scalable_dimension": "ecs:service:DesiredCount",
            "service_namespace": "ecs",
            "step_scaling_policy_configuration": [],
            "target_tracking_scaling_policy_configuration": [
              {
                "customized_metric_specification": [],
                "disable_scale_in": false,
                "predefined_metric_specification": [
                  {
                    "predefined_metric_type": "ECSServiceAverageCPUUtilization",
                    "resource_label": ""
                  }
                ],
                "scale_in_cooldown": 300,
                "scale_out_cooldown": 60,
                "target_value": 70
              }
            ]
          },
          "sensitive_attributes": [],
          "private": "bnVsbA==",
          "dependencies": [
            "aws_appautoscaling_target.ecs_green",
            "aws_cloudwatch_log_group.ecs_green",
            "aws_ecs_cluster.main",
            "aws_ecs_service.green",
            "aws_ecs_task_definition.green",
            "aws_iam_role.ecs_task",
            "aws_iam_role.ecs_task_execution",
            "aws_lb.main",
            "aws_lb_listener.http",
            "aws_lb_target_group.blue",
            "aws_lb_target_group.green",
            "aws_secretsmanager_secret.db_credentials",
            "aws_security_group.alb",
            "aws_security_group.ecs_tasks",
            "aws_subnet.private",
            "aws_subnet.public",
            "aws_vpc.main",
            "data.aws_availability_zones.available"
          ]
        }
      ]
    },
    {
      "mode": "managed",
      "type": "aws_appautoscaling_policy",
      "name": "ecs_green_memory",
      "provider": "provider[\"registry.terraform.io/hashicorp/aws\"]",
      "instances": [
        {
          "schema_version": 0,
          "attributes": {
            "alarm_arns": [
              "arn:aws:cloudwatch:us-east-1:342597974367:alarm:TargetTracking-service/ecs-cluster-synth101912382/trading-dashboard-green-synth101912382-AlarmHigh-aeaf1876-9728-41d8-b614-8458c9223bf4",
              "arn:aws:cloudwatch:us-east-1:342597974367:alarm:TargetTracking-service/ecs-cluster-synth101912382/trading-dashboard-green-synth101912382-AlarmLow-b306ab8c-a457-4f93-8269-ac20cab33194"
            ],
            "arn": "arn:aws:autoscaling:us-east-1:342597974367:scalingPolicy:f26b94da-b2ca-4bb7-9359-7eb2e587f091:resource/ecs/service/ecs-cluster-synth101912382/trading-dashboard-green-synth101912382:policyName/ecs-green-memory-synth101912382",
            "id": "ecs-green-memory-synth101912382",
            "name": "ecs-green-memory-synth101912382",
            "policy_type": "TargetTrackingScaling",
            "resource_id": "service/ecs-cluster-synth101912382/trading-dashboard-green-synth101912382",
            "scalable_dimension": "ecs:service:DesiredCount",
            "service_namespace": "ecs",
            "step_scaling_policy_configuration": [],
            "target_tracking_scaling_policy_configuration": [
              {
                "customized_metric_specification": [],
                "disable_scale_in": false,
                "predefined_metric_specification": [
                  {
                    "predefined_metric_type": "ECSServiceAverageMemoryUtilization",
                    "resource_label": ""
                  }
                ],
                "scale_in_cooldown": 300,
                "scale_out_cooldown": 60,
                "target_value": 80
              }
            ]
          },
          "sensitive_attributes": [],
          "private": "bnVsbA==",
          "dependencies": [
            "aws_appautoscaling_target.ecs_green",
            "aws_cloudwatch_log_group.ecs_green",
            "aws_ecs_cluster.main",
            "aws_ecs_service.green",
            "aws_ecs_task_definition.green",
            "aws_iam_role.ecs_task",
            "aws_iam_role.ecs_task_execution",
            "aws_lb.main",
            "aws_lb_listener.http",
            "aws_lb_target_group.blue",
            "aws_lb_target_group.green",
            "aws_secretsmanager_secret.db_credentials",
            "aws_security_group.alb",
            "aws_security_group.ecs_tasks",
            "aws_subnet.private",
            "aws_subnet.public",
            "aws_vpc.main",
            "data.aws_availability_zones.available"
          ]
        }
      ]
    },
    {
      "mode": "managed",
      "type": "aws_appautoscaling_target",
      "name": "ecs_blue",
      "provider": "provider[\"registry.terraform.io/hashicorp/aws\"]",
      "instances": [
        {
          "schema_version": 0,
          "attributes": {
            "arn": "arn:aws:application-autoscaling:us-east-1:342597974367:scalable-target/0ec55e6c2222c205492faaf579612960f11a",
            "id": "service/ecs-cluster-synth101912382/trading-dashboard-blue-synth101912382",
            "max_capacity": 2,
            "min_capacity": 1,
            "resource_id": "service/ecs-cluster-synth101912382/trading-dashboard-blue-synth101912382",
            "role_arn": "arn:aws:iam::342597974367:role/aws-service-role/ecs.application-autoscaling.amazonaws.com/AWSServiceRoleForApplicationAutoScaling_ECSService",
            "scalable_dimension": "ecs:service:DesiredCount",
            "service_namespace": "ecs",
            "suspended_state": [
              {
                "dynamic_scaling_in_suspended": false,
                "dynamic_scaling_out_suspended": false,
                "scheduled_scaling_suspended": false
              }
            ],
            "tags": {},
            "tags_all": {
              "Environment": "dev",
              "ManagedBy": "Terraform",
              "Owner": "iac-qa-team",
              "Project": "trading-dashboard"
            }
          },
          "sensitive_attributes": [],
          "private": "bnVsbA==",
          "dependencies": [
            "aws_cloudwatch_log_group.ecs_blue",
            "aws_ecs_cluster.main",
            "aws_ecs_service.blue",
            "aws_ecs_task_definition.blue",
            "aws_iam_role.ecs_task",
            "aws_iam_role.ecs_task_execution",
            "aws_lb.main",
            "aws_lb_listener.http",
            "aws_lb_target_group.blue",
            "aws_lb_target_group.green",
            "aws_secretsmanager_secret.db_credentials",
            "aws_security_group.alb",
            "aws_security_group.ecs_tasks",
            "aws_subnet.private",
            "aws_subnet.public",
            "aws_vpc.main",
            "data.aws_availability_zones.available"
          ]
        }
      ]
    },
    {
      "mode": "managed",
      "type": "aws_appautoscaling_target",
      "name": "ecs_green",
      "provider": "provider[\"registry.terraform.io/hashicorp/aws\"]",
      "instances": [
        {
          "schema_version": 0,
          "attributes": {
            "arn": "arn:aws:application-autoscaling:us-east-1:342597974367:scalable-target/0ec5f26b94dab2ca4bb793597eb2e587f091",
            "id": "service/ecs-cluster-synth101912382/trading-dashboard-green-synth101912382",
            "max_capacity": 2,
            "min_capacity": 1,
            "resource_id": "service/ecs-cluster-synth101912382/trading-dashboard-green-synth101912382",
            "role_arn": "arn:aws:iam::342597974367:role/aws-service-role/ecs.application-autoscaling.amazonaws.com/AWSServiceRoleForApplicationAutoScaling_ECSService",
            "scalable_dimension": "ecs:service:DesiredCount",
            "service_namespace": "ecs",
            "suspended_state": [
              {
                "dynamic_scaling_in_suspended": false,
                "dynamic_scaling_out_suspended": false,
                "scheduled_scaling_suspended": false
              }
            ],
            "tags": {},
            "tags_all": {
              "Environment": "dev",
              "ManagedBy": "Terraform",
              "Owner": "iac-qa-team",
              "Project": "trading-dashboard"
            }
          },
          "sensitive_attributes": [],
          "private": "bnVsbA==",
          "dependencies": [
            "aws_cloudwatch_log_group.ecs_green",
            "aws_ecs_cluster.main",
            "aws_ecs_service.green",
            "aws_ecs_task_definition.green",
            "aws_iam_role.ecs_task",
            "aws_iam_role.ecs_task_execution",
            "aws_lb.main",
            "aws_lb_listener.http",
            "aws_lb_target_group.blue",
            "aws_lb_target_group.green",
            "aws_secretsmanager_secret.db_credentials",
            "aws_security_group.alb",
            "aws_security_group.ecs_tasks",
            "aws_subnet.private",
            "aws_subnet.public",
            "aws_vpc.main",
            "data.aws_availability_zones.available"
          ]
        }
      ]
    },
    {
      "mode": "managed",
      "type": "aws_cloudwatch_log_group",
      "name": "ecs_blue",
      "provider": "provider[\"registry.terraform.io/hashicorp/aws\"]",
      "instances": [
        {
          "schema_version": 0,
          "attributes": {
            "arn": "arn:aws:logs:us-east-1:342597974367:log-group:/ecs/trading-dashboard-blue-synth101912382",
            "id": "/ecs/trading-dashboard-blue-synth101912382",
            "kms_key_id": "",
            "log_group_class": "STANDARD",
            "name": "/ecs/trading-dashboard-blue-synth101912382",
            "name_prefix": "",
            "retention_in_days": 7,
            "skip_destroy": false,
            "tags": {
              "Name": "ecs-blue-logs-synth101912382"
            },
            "tags_all": {
              "Environment": "dev",
              "ManagedBy": "Terraform",
              "Name": "ecs-blue-logs-synth101912382",
              "Owner": "iac-qa-team",
              "Project": "trading-dashboard"
            }
          },
          "sensitive_attributes": [],
          "private": "bnVsbA=="
        }
      ]
    },
    {
      "mode": "managed",
      "type": "aws_cloudwatch_log_group",
      "name": "ecs_green",
      "provider": "provider[\"registry.terraform.io/hashicorp/aws\"]",
      "instances": [
        {
          "schema_version": 0,
          "attributes": {
            "arn": "arn:aws:logs:us-east-1:342597974367:log-group:/ecs/trading-dashboard-green-synth101912382",
            "id": "/ecs/trading-dashboard-green-synth101912382",
            "kms_key_id": "",
            "log_group_class": "STANDARD",
            "name": "/ecs/trading-dashboard-green-synth101912382",
            "name_prefix": "",
            "retention_in_days": 7,
            "skip_destroy": false,
            "tags": {
              "Name": "ecs-green-logs-synth101912382"
            },
            "tags_all": {
              "Environment": "dev",
              "ManagedBy": "Terraform",
              "Name": "ecs-green-logs-synth101912382",
              "Owner": "iac-qa-team",
              "Project": "trading-dashboard"
            }
          },
          "sensitive_attributes": [],
          "private": "bnVsbA=="
        }
      ]
    },
    {
      "mode": "managed",
      "type": "aws_cloudwatch_metric_alarm",
      "name": "alb_5xx_errors",
      "provider": "provider[\"registry.terraform.io/hashicorp/aws\"]",
      "instances": [
        {
          "schema_version": 1,
          "attributes": {
            "actions_enabled": true,
            "alarm_actions": [
              "arn:aws:sns:us-east-1:342597974367:trading-dashboard-alerts-synth101912382"
            ],
            "alarm_description": "ALB is returning too many 5xx errors",
            "alarm_name": "alb-5xx-errors-synth101912382",
            "arn": "arn:aws:cloudwatch:us-east-1:342597974367:alarm:alb-5xx-errors-synth101912382",
            "comparison_operator": "GreaterThanThreshold",
            "datapoints_to_alarm": 0,
            "dimensions": {
              "LoadBalancer": "app/alb-synth101912382/c25762ccc3e5d128"
            },
            "evaluate_low_sample_count_percentiles": "",
            "evaluation_periods": 2,
            "extended_statistic": "",
            "id": "alb-5xx-errors-synth101912382",
            "insufficient_data_actions": [],
            "metric_name": "HTTPCode_Target_5XX_Count",
            "metric_query": [],
            "namespace": "AWS/ApplicationELB",
            "ok_actions": [],
            "period": 300,
            "statistic": "Sum",
            "tags": {
              "Name": "alb-5xx-alarm-synth101912382"
            },
            "tags_all": {
              "Environment": "dev",
              "ManagedBy": "Terraform",
              "Name": "alb-5xx-alarm-synth101912382",
              "Owner": "iac-qa-team",
              "Project": "trading-dashboard"
            },
            "threshold": 10,
            "threshold_metric_id": "",
            "treat_missing_data": "missing",
            "unit": ""
          },
          "sensitive_attributes": [],
          "private": "eyJzY2hlbWFfdmVyc2lvbiI6IjEifQ==",
          "dependencies": [
            "aws_lb.main",
            "aws_security_group.alb",
            "aws_sns_topic.alerts",
            "aws_subnet.public",
            "aws_vpc.main",
            "data.aws_availability_zones.available"
          ]
        }
      ]
    },
    {
      "mode": "managed",
      "type": "aws_cloudwatch_metric_alarm",
      "name": "alb_unhealthy_targets",
      "provider": "provider[\"registry.terraform.io/hashicorp/aws\"]",
      "instances": [
        {
          "schema_version": 1,
          "attributes": {
            "actions_enabled": true,
            "alarm_actions": [
              "arn:aws:sns:us-east-1:342597974367:trading-dashboard-alerts-synth101912382"
            ],
            "alarm_description": "ALB has unhealthy targets",
            "alarm_name": "alb-unhealthy-targets-synth101912382",
            "arn": "arn:aws:cloudwatch:us-east-1:342597974367:alarm:alb-unhealthy-targets-synth101912382",
            "comparison_operator": "GreaterThanThreshold",
            "datapoints_to_alarm": 0,
            "dimensions": {
              "LoadBalancer": "app/alb-synth101912382/c25762ccc3e5d128"
            },
            "evaluate_low_sample_count_percentiles": "",
            "evaluation_periods": 2,
            "extended_statistic": "",
            "id": "alb-unhealthy-targets-synth101912382",
            "insufficient_data_actions": [],
            "metric_name": "UnHealthyHostCount",
            "metric_query": [],
            "namespace": "AWS/ApplicationELB",
            "ok_actions": [],
            "period": 60,
            "statistic": "Average",
            "tags": {
              "Name": "alb-unhealthy-alarm-synth101912382"
            },
            "tags_all": {
              "Environment": "dev",
              "ManagedBy": "Terraform",
              "Name": "alb-unhealthy-alarm-synth101912382",
              "Owner": "iac-qa-team",
              "Project": "trading-dashboard"
            },
            "threshold": 0,
            "threshold_metric_id": "",
            "treat_missing_data": "missing",
            "unit": ""
          },
          "sensitive_attributes": [],
          "private": "eyJzY2hlbWFfdmVyc2lvbiI6IjEifQ==",
          "dependencies": [
            "aws_lb.main",
            "aws_security_group.alb",
            "aws_sns_topic.alerts",
            "aws_subnet.public",
            "aws_vpc.main",
            "data.aws_availability_zones.available"
          ]
        }
      ]
    },
    {
      "mode": "managed",
      "type": "aws_cloudwatch_metric_alarm",
      "name": "ecs_cpu_high_blue",
      "provider": "provider[\"registry.terraform.io/hashicorp/aws\"]",
      "instances": [
        {
          "schema_version": 1,
          "attributes": {
            "actions_enabled": true,
            "alarm_actions": [
              "arn:aws:sns:us-east-1:342597974367:trading-dashboard-alerts-synth101912382"
            ],
            "alarm_description": "ECS Blue service CPU utilization is too high",
            "alarm_name": "ecs-blue-cpu-high-synth101912382",
            "arn": "arn:aws:cloudwatch:us-east-1:342597974367:alarm:ecs-blue-cpu-high-synth101912382",
            "comparison_operator": "GreaterThanThreshold",
            "datapoints_to_alarm": 0,
            "dimensions": {
              "ClusterName": "ecs-cluster-synth101912382",
              "ServiceName": "trading-dashboard-blue-synth101912382"
            },
            "evaluate_low_sample_count_percentiles": "",
            "evaluation_periods": 2,
            "extended_statistic": "",
            "id": "ecs-blue-cpu-high-synth101912382",
            "insufficient_data_actions": [],
            "metric_name": "CPUUtilization",
            "metric_query": [],
            "namespace": "AWS/ECS",
            "ok_actions": [],
            "period": 300,
            "statistic": "Average",
            "tags": {
              "Name": "ecs-blue-cpu-alarm-synth101912382"
            },
            "tags_all": {
              "Environment": "dev",
              "ManagedBy": "Terraform",
              "Name": "ecs-blue-cpu-alarm-synth101912382",
              "Owner": "iac-qa-team",
              "Project": "trading-dashboard"
            },
            "threshold": 80,
            "threshold_metric_id": "",
            "treat_missing_data": "missing",
            "unit": ""
          },
          "sensitive_attributes": [],
          "private": "eyJzY2hlbWFfdmVyc2lvbiI6IjEifQ==",
          "dependencies": [
            "aws_cloudwatch_log_group.ecs_blue",
            "aws_ecs_cluster.main",
            "aws_ecs_service.blue",
            "aws_ecs_task_definition.blue",
            "aws_iam_role.ecs_task",
            "aws_iam_role.ecs_task_execution",
            "aws_lb.main",
            "aws_lb_listener.http",
            "aws_lb_target_group.blue",
            "aws_lb_target_group.green",
            "aws_secretsmanager_secret.db_credentials",
            "aws_security_group.alb",
            "aws_security_group.ecs_tasks",
            "aws_sns_topic.alerts",
            "aws_subnet.private",
            "aws_subnet.public",
            "aws_vpc.main",
            "data.aws_availability_zones.available"
          ]
        }
      ]
    },
    {
      "mode": "managed",
      "type": "aws_cloudwatch_metric_alarm",
      "name": "ecs_cpu_high_green",
      "provider": "provider[\"registry.terraform.io/hashicorp/aws\"]",
      "instances": [
        {
          "schema_version": 1,
          "attributes": {
            "actions_enabled": true,
            "alarm_actions": [
              "arn:aws:sns:us-east-1:342597974367:trading-dashboard-alerts-synth101912382"
            ],
            "alarm_description": "ECS Green service CPU utilization is too high",
            "alarm_name": "ecs-green-cpu-high-synth101912382",
            "arn": "arn:aws:cloudwatch:us-east-1:342597974367:alarm:ecs-green-cpu-high-synth101912382",
            "comparison_operator": "GreaterThanThreshold",
            "datapoints_to_alarm": 0,
            "dimensions": {
              "ClusterName": "ecs-cluster-synth101912382",
              "ServiceName": "trading-dashboard-green-synth101912382"
            },
            "evaluate_low_sample_count_percentiles": "",
            "evaluation_periods": 2,
            "extended_statistic": "",
            "id": "ecs-green-cpu-high-synth101912382",
            "insufficient_data_actions": [],
            "metric_name": "CPUUtilization",
            "metric_query": [],
            "namespace": "AWS/ECS",
            "ok_actions": [],
            "period": 300,
            "statistic": "Average",
            "tags": {
              "Name": "ecs-green-cpu-alarm-synth101912382"
            },
            "tags_all": {
              "Environment": "dev",
              "ManagedBy": "Terraform",
              "Name": "ecs-green-cpu-alarm-synth101912382",
              "Owner": "iac-qa-team",
              "Project": "trading-dashboard"
            },
            "threshold": 80,
            "threshold_metric_id": "",
            "treat_missing_data": "missing",
            "unit": ""
          },
          "sensitive_attributes": [],
          "private": "eyJzY2hlbWFfdmVyc2lvbiI6IjEifQ==",
          "dependencies": [
            "aws_cloudwatch_log_group.ecs_green",
            "aws_ecs_cluster.main",
            "aws_ecs_service.green",
            "aws_ecs_task_definition.green",
            "aws_iam_role.ecs_task",
            "aws_iam_role.ecs_task_execution",
            "aws_lb.main",
            "aws_lb_listener.http",
            "aws_lb_target_group.blue",
            "aws_lb_target_group.green",
            "aws_secretsmanager_secret.db_credentials",
            "aws_security_group.alb",
            "aws_security_group.ecs_tasks",
            "aws_sns_topic.alerts",
            "aws_subnet.private",
            "aws_subnet.public",
            "aws_vpc.main",
            "data.aws_availability_zones.available"
          ]
        }
      ]
    },
    {
      "mode": "managed",
      "type": "aws_cloudwatch_metric_alarm",
      "name": "ecs_memory_high_blue",
      "provider": "provider[\"registry.terraform.io/hashicorp/aws\"]",
      "instances": [
        {
          "schema_version": 1,
          "attributes": {
            "actions_enabled": true,
            "alarm_actions": [
              "arn:aws:sns:us-east-1:342597974367:trading-dashboard-alerts-synth101912382"
            ],
            "alarm_description": "ECS Blue service memory utilization is too high",
            "alarm_name": "ecs-blue-memory-high-synth101912382",
            "arn": "arn:aws:cloudwatch:us-east-1:342597974367:alarm:ecs-blue-memory-high-synth101912382",
            "comparison_operator": "GreaterThanThreshold",
            "datapoints_to_alarm": 0,
            "dimensions": {
              "ClusterName": "ecs-cluster-synth101912382",
              "ServiceName": "trading-dashboard-blue-synth101912382"
            },
            "evaluate_low_sample_count_percentiles": "",
            "evaluation_periods": 2,
            "extended_statistic": "",
            "id": "ecs-blue-memory-high-synth101912382",
            "insufficient_data_actions": [],
            "metric_name": "MemoryUtilization",
            "metric_query": [],
            "namespace": "AWS/ECS",
            "ok_actions": [],
            "period": 300,
            "statistic": "Average",
            "tags": {
              "Name": "ecs-blue-memory-alarm-synth101912382"
            },
            "tags_all": {
              "Environment": "dev",
              "ManagedBy": "Terraform",
              "Name": "ecs-blue-memory-alarm-synth101912382",
              "Owner": "iac-qa-team",
              "Project": "trading-dashboard"
            },
            "threshold": 85,
            "threshold_metric_id": "",
            "treat_missing_data": "missing",
            "unit": ""
          },
          "sensitive_attributes": [],
          "private": "eyJzY2hlbWFfdmVyc2lvbiI6IjEifQ==",
          "dependencies": [
            "aws_cloudwatch_log_group.ecs_blue",
            "aws_ecs_cluster.main",
            "aws_ecs_service.blue",
            "aws_ecs_task_definition.blue",
            "aws_iam_role.ecs_task",
            "aws_iam_role.ecs_task_execution",
            "aws_lb.main",
            "aws_lb_listener.http",
            "aws_lb_target_group.blue",
            "aws_lb_target_group.green",
            "aws_secretsmanager_secret.db_credentials",
            "aws_security_group.alb",
            "aws_security_group.ecs_tasks",
            "aws_sns_topic.alerts",
            "aws_subnet.private",
            "aws_subnet.public",
            "aws_vpc.main",
            "data.aws_availability_zones.available"
          ]
        }
      ]
    },
    {
      "mode": "managed",
      "type": "aws_cloudwatch_metric_alarm",
      "name": "ecs_memory_high_green",
      "provider": "provider[\"registry.terraform.io/hashicorp/aws\"]",
      "instances": [
        {
          "schema_version": 1,
          "attributes": {
            "actions_enabled": true,
            "alarm_actions": [
              "arn:aws:sns:us-east-1:342597974367:trading-dashboard-alerts-synth101912382"
            ],
            "alarm_description": "ECS Green service memory utilization is too high",
            "alarm_name": "ecs-green-memory-high-synth101912382",
            "arn": "arn:aws:cloudwatch:us-east-1:342597974367:alarm:ecs-green-memory-high-synth101912382",
            "comparison_operator": "GreaterThanThreshold",
            "datapoints_to_alarm": 0,
            "dimensions": {
              "ClusterName": "ecs-cluster-synth101912382",
              "ServiceName": "trading-dashboard-green-synth101912382"
            },
            "evaluate_low_sample_count_percentiles": "",
            "evaluation_periods": 2,
            "extended_statistic": "",
            "id": "ecs-green-memory-high-synth101912382",
            "insufficient_data_actions": [],
            "metric_name": "MemoryUtilization",
            "metric_query": [],
            "namespace": "AWS/ECS",
            "ok_actions": [],
            "period": 300,
            "statistic": "Average",
            "tags": {
              "Name": "ecs-green-memory-alarm-synth101912382"
            },
            "tags_all": {
              "Environment": "dev",
              "ManagedBy": "Terraform",
              "Name": "ecs-green-memory-alarm-synth101912382",
              "Owner": "iac-qa-team",
              "Project": "trading-dashboard"
            },
            "threshold": 85,
            "threshold_metric_id": "",
            "treat_missing_data": "missing",
            "unit": ""
          },
          "sensitive_attributes": [],
          "private": "eyJzY2hlbWFfdmVyc2lvbiI6IjEifQ==",
          "dependencies": [
            "aws_cloudwatch_log_group.ecs_green",
            "aws_ecs_cluster.main",
            "aws_ecs_service.green",
            "aws_ecs_task_definition.green",
            "aws_iam_role.ecs_task",
            "aws_iam_role.ecs_task_execution",
            "aws_lb.main",
            "aws_lb_listener.http",
            "aws_lb_target_group.blue",
            "aws_lb_target_group.green",
            "aws_secretsmanager_secret.db_credentials",
            "aws_security_group.alb",
            "aws_security_group.ecs_tasks",
            "aws_sns_topic.alerts",
            "aws_subnet.private",
            "aws_subnet.public",
            "aws_vpc.main",
            "data.aws_availability_zones.available"
          ]
        }
      ]
    },
    {
      "mode": "managed",
      "type": "aws_cloudwatch_metric_alarm",
      "name": "rds_connections_high",
      "provider": "provider[\"registry.terraform.io/hashicorp/aws\"]",
      "instances": [
        {
          "schema_version": 1,
          "attributes": {
            "actions_enabled": true,
            "alarm_actions": [
              "arn:aws:sns:us-east-1:342597974367:trading-dashboard-alerts-synth101912382"
            ],
            "alarm_description": "RDS has too many database connections",
            "alarm_name": "rds-connections-high-synth101912382",
            "arn": "arn:aws:cloudwatch:us-east-1:342597974367:alarm:rds-connections-high-synth101912382",
            "comparison_operator": "GreaterThanThreshold",
            "datapoints_to_alarm": 0,
            "dimensions": {
              "DBClusterIdentifier": "trading-db-synth101912382"
            },
            "evaluate_low_sample_count_percentiles": "",
            "evaluation_periods": 2,
            "extended_statistic": "",
            "id": "rds-connections-high-synth101912382",
            "insufficient_data_actions": null,
            "metric_name": "DatabaseConnections",
            "metric_query": [],
            "namespace": "AWS/RDS",
            "ok_actions": null,
            "period": 300,
            "statistic": "Average",
            "tags": {
              "Name": "rds-connections-alarm-synth101912382"
            },
            "tags_all": {
              "Environment": "dev",
              "ManagedBy": "Terraform",
              "Name": "rds-connections-alarm-synth101912382",
              "Owner": "iac-qa-team",
              "Project": "trading-dashboard"
            },
            "threshold": 80,
            "threshold_metric_id": "",
            "treat_missing_data": "missing",
            "unit": ""
          },
          "sensitive_attributes": [],
          "private": "eyJzY2hlbWFfdmVyc2lvbiI6IjEifQ==",
          "dependencies": [
            "aws_db_subnet_group.main",
            "aws_rds_cluster.main",
            "aws_rds_cluster_parameter_group.main",
            "aws_security_group.rds",
            "aws_sns_topic.alerts",
            "aws_subnet.database",
            "aws_vpc.main",
            "data.aws_availability_zones.available",
            "random_password.db_password"
          ]
        }
      ]
    },
    {
      "mode": "managed",
      "type": "aws_cloudwatch_metric_alarm",
      "name": "rds_cpu_high",
      "provider": "provider[\"registry.terraform.io/hashicorp/aws\"]",
      "instances": [
        {
          "schema_version": 1,
          "attributes": {
            "actions_enabled": true,
            "alarm_actions": [
              "arn:aws:sns:us-east-1:342597974367:trading-dashboard-alerts-synth101912382"
            ],
            "alarm_description": "RDS CPU utilization is too high",
            "alarm_name": "rds-cpu-high-synth101912382",
            "arn": "arn:aws:cloudwatch:us-east-1:342597974367:alarm:rds-cpu-high-synth101912382",
            "comparison_operator": "GreaterThanThreshold",
            "datapoints_to_alarm": 0,
            "dimensions": {
              "DBClusterIdentifier": "trading-db-synth101912382"
            },
            "evaluate_low_sample_count_percentiles": "",
            "evaluation_periods": 2,
            "extended_statistic": "",
            "id": "rds-cpu-high-synth101912382",
            "insufficient_data_actions": null,
            "metric_name": "CPUUtilization",
            "metric_query": [],
            "namespace": "AWS/RDS",
            "ok_actions": null,
            "period": 300,
            "statistic": "Average",
            "tags": {
              "Name": "rds-cpu-alarm-synth101912382"
            },
            "tags_all": {
              "Environment": "dev",
              "ManagedBy": "Terraform",
              "Name": "rds-cpu-alarm-synth101912382",
              "Owner": "iac-qa-team",
              "Project": "trading-dashboard"
            },
            "threshold": 80,
            "threshold_metric_id": "",
            "treat_missing_data": "missing",
            "unit": ""
          },
          "sensitive_attributes": [],
          "private": "eyJzY2hlbWFfdmVyc2lvbiI6IjEifQ==",
          "dependencies": [
            "aws_db_subnet_group.main",
            "aws_rds_cluster.main",
            "aws_rds_cluster_parameter_group.main",
            "aws_security_group.rds",
            "aws_sns_topic.alerts",
            "aws_subnet.database",
            "aws_vpc.main",
            "data.aws_availability_zones.available",
            "random_password.db_password"
          ]
        }
      ]
    },
    {
      "mode": "managed",
      "type": "aws_db_subnet_group",
      "name": "main",
      "provider": "provider[\"registry.terraform.io/hashicorp/aws\"]",
      "instances": [
        {
          "schema_version": 0,
          "attributes": {
            "arn": "arn:aws:rds:us-east-1:342597974367:subgrp:db-subnet-group-synth101912382-20251119132427853100000012",
            "description": "Managed by Terraform",
            "id": "db-subnet-group-synth101912382-20251119132427853100000012",
            "name": "db-subnet-group-synth101912382-20251119132427853100000012",
            "name_prefix": "db-subnet-group-synth101912382-",
            "subnet_ids": [
              "subnet-06d3e473e40a8a22b",
              "subnet-0f620ef41f2c1a024"
            ],
            "supported_network_types": [
              "IPV4"
            ],
            "tags": {
              "Name": "db-subnet-group-synth101912382"
            },
            "tags_all": {
              "Environment": "dev",
              "ManagedBy": "Terraform",
              "Name": "db-subnet-group-synth101912382",
              "Owner": "iac-qa-team",
              "Project": "trading-dashboard"
            },
            "vpc_id": "vpc-0399b6cf3033489bb"
          },
          "sensitive_attributes": [],
          "private": "bnVsbA==",
          "dependencies": [
            "aws_subnet.database",
            "aws_vpc.main",
            "data.aws_availability_zones.available"
          ]
        }
      ]
    },
    {
      "mode": "managed",
      "type": "aws_ecr_lifecycle_policy",
      "name": "app",
      "provider": "provider[\"registry.terraform.io/hashicorp/aws\"]",
      "instances": [
        {
          "schema_version": 0,
          "attributes": {
            "id": "trading-dashboard-synth101912382",
            "policy": "{\"rules\":[{\"action\":{\"type\":\"expire\"},\"description\":\"Keep last 10 images\",\"rulePriority\":1,\"selection\":{\"countNumber\":10,\"countType\":\"imageCountMoreThan\",\"tagStatus\":\"any\"}}]}",
            "registry_id": "342597974367",
            "repository": "trading-dashboard-synth101912382"
          },
          "sensitive_attributes": [],
          "private": "bnVsbA==",
          "dependencies": [
            "aws_ecr_repository.app"
          ]
        }
      ]
    },
    {
      "mode": "managed",
      "type": "aws_ecr_repository",
      "name": "app",
      "provider": "provider[\"registry.terraform.io/hashicorp/aws\"]",
      "instances": [
        {
          "schema_version": 0,
          "attributes": {
            "arn": "arn:aws:ecr:us-east-1:342597974367:repository/trading-dashboard-synth101912382",
            "encryption_configuration": [
              {
                "encryption_type": "AES256",
                "kms_key": ""
              }
            ],
            "force_delete": null,
            "id": "trading-dashboard-synth101912382",
            "image_scanning_configuration": [
              {
                "scan_on_push": true
              }
            ],
            "image_tag_mutability": "MUTABLE",
            "name": "trading-dashboard-synth101912382",
            "registry_id": "342597974367",
            "repository_url": "342597974367.dkr.ecr.us-east-1.amazonaws.com/trading-dashboard-synth101912382",
            "tags": {
              "Name": "ecr-repo-synth101912382"
            },
            "tags_all": {
              "Environment": "dev",
              "ManagedBy": "Terraform",
              "Name": "ecr-repo-synth101912382",
              "Owner": "iac-qa-team",
              "Project": "trading-dashboard"
            },
            "timeouts": null
          },
          "sensitive_attributes": [],
          "private": "eyJlMmJmYjczMC1lY2FhLTExZTYtOGY4OC0zNDM2M2JjN2M0YzAiOnsiZGVsZXRlIjoxMjAwMDAwMDAwMDAwfX0="
        }
      ]
    },
    {
      "mode": "managed",
      "type": "aws_ecs_cluster",
      "name": "main",
      "provider": "provider[\"registry.terraform.io/hashicorp/aws\"]",
      "instances": [
        {
          "schema_version": 0,
          "attributes": {
            "arn": "arn:aws:ecs:us-east-1:342597974367:cluster/ecs-cluster-synth101912382",
            "configuration": [],
            "id": "arn:aws:ecs:us-east-1:342597974367:cluster/ecs-cluster-synth101912382",
            "name": "ecs-cluster-synth101912382",
            "service_connect_defaults": [],
            "setting": [
              {
                "name": "containerInsights",
                "value": "enabled"
              }
            ],
            "tags": {
              "Name": "ecs-cluster-synth101912382"
            },
            "tags_all": {
              "Environment": "dev",
              "ManagedBy": "Terraform",
              "Name": "ecs-cluster-synth101912382",
              "Owner": "iac-qa-team",
              "Project": "trading-dashboard"
            }
          },
          "sensitive_attributes": [],
          "private": "bnVsbA=="
        }
      ]
    },
    {
      "mode": "managed",
      "type": "aws_ecs_cluster_capacity_providers",
      "name": "main",
      "provider": "provider[\"registry.terraform.io/hashicorp/aws\"]",
      "instances": [
        {
          "schema_version": 0,
          "attributes": {
            "capacity_providers": [
              "FARGATE",
              "FARGATE_SPOT"
            ],
            "cluster_name": "ecs-cluster-synth101912382",
            "default_capacity_provider_strategy": [
              {
                "base": 1,
                "capacity_provider": "FARGATE",
                "weight": 1
              }
            ],
            "id": "ecs-cluster-synth101912382"
          },
          "sensitive_attributes": [],
          "private": "bnVsbA==",
          "dependencies": [
            "aws_ecs_cluster.main"
          ]
        }
      ]
    },
    {
      "mode": "managed",
      "type": "aws_ecs_service",
      "name": "blue",
      "provider": "provider[\"registry.terraform.io/hashicorp/aws\"]",
      "instances": [
        {
          "schema_version": 1,
          "attributes": {
            "alarms": [],
            "availability_zone_rebalancing": "DISABLED",
            "capacity_provider_strategy": [],
            "cluster": "arn:aws:ecs:us-east-1:342597974367:cluster/ecs-cluster-synth101912382",
            "deployment_circuit_breaker": [
              {
                "enable": true,
                "rollback": true
              }
            ],
            "deployment_controller": [
              {
                "type": "ECS"
              }
            ],
            "deployment_maximum_percent": 200,
            "deployment_minimum_healthy_percent": 100,
            "desired_count": 1,
            "enable_ecs_managed_tags": false,
            "enable_execute_command": true,
            "force_delete": null,
            "force_new_deployment": null,
            "health_check_grace_period_seconds": 60,
            "iam_role": "/aws-service-role/ecs.amazonaws.com/AWSServiceRoleForECS",
            "id": "arn:aws:ecs:us-east-1:342597974367:service/ecs-cluster-synth101912382/trading-dashboard-blue-synth101912382",
            "launch_type": "FARGATE",
            "load_balancer": [
              {
                "container_name": "django-app",
                "container_port": 80,
                "elb_name": "",
                "target_group_arn": "arn:aws:elasticloadbalancing:us-east-1:342597974367:targetgroup/blue-2025111913242215850000000d/ff48f6ebf1cfb282"
              }
            ],
            "name": "trading-dashboard-blue-synth101912382",
            "network_configuration": [
              {
                "assign_public_ip": false,
                "security_groups": [
                  "sg-017afadb913b9a9ca"
                ],
                "subnets": [
                  "subnet-08a7353a4d74409c4",
                  "subnet-0cf3be27c006f0b8b"
                ]
              }
            ],
            "ordered_placement_strategy": [],
            "placement_constraints": [],
            "platform_version": "LATEST",
            "propagate_tags": "NONE",
            "scheduling_strategy": "REPLICA",
            "service_connect_configuration": [],
            "service_registries": [],
            "tags": {
              "Name": "ecs-service-blue-synth101912382"
            },
            "tags_all": {
              "Environment": "dev",
              "ManagedBy": "Terraform",
              "Name": "ecs-service-blue-synth101912382",
              "Owner": "iac-qa-team",
              "Project": "trading-dashboard"
            },
            "task_definition": "arn:aws:ecs:us-east-1:342597974367:task-definition/trading-dashboard-blue-synth101912382:1",
            "timeouts": null,
            "triggers": {},
            "volume_configuration": [],
            "vpc_lattice_configurations": [],
            "wait_for_steady_state": false
          },
          "sensitive_attributes": [],
          "private": "eyJlMmJmYjczMC1lY2FhLTExZTYtOGY4OC0zNDM2M2JjN2M0YzAiOnsiY3JlYXRlIjoxMjAwMDAwMDAwMDAwLCJkZWxldGUiOjEyMDAwMDAwMDAwMDAsInVwZGF0ZSI6MTIwMDAwMDAwMDAwMH0sInNjaGVtYV92ZXJzaW9uIjoiMSJ9",
          "dependencies": [
            "aws_cloudwatch_log_group.ecs_blue",
            "aws_ecs_cluster.main",
            "aws_ecs_task_definition.blue",
            "aws_iam_role.ecs_task",
            "aws_iam_role.ecs_task_execution",
            "aws_lb.main",
            "aws_lb_listener.http",
            "aws_lb_target_group.blue",
            "aws_lb_target_group.green",
            "aws_secretsmanager_secret.db_credentials",
            "aws_security_group.alb",
            "aws_security_group.ecs_tasks",
            "aws_subnet.private",
            "aws_subnet.public",
            "aws_vpc.main",
            "data.aws_availability_zones.available"
          ]
        }
      ]
    },
    {
      "mode": "managed",
      "type": "aws_ecs_service",
      "name": "green",
      "provider": "provider[\"registry.terraform.io/hashicorp/aws\"]",
      "instances": [
        {
          "schema_version": 1,
          "attributes": {
            "alarms": [],
            "availability_zone_rebalancing": "DISABLED",
            "capacity_provider_strategy": [],
            "cluster": "arn:aws:ecs:us-east-1:342597974367:cluster/ecs-cluster-synth101912382",
            "deployment_circuit_breaker": [
              {
                "enable": true,
                "rollback": true
              }
            ],
            "deployment_controller": [
              {
                "type": "ECS"
              }
            ],
            "deployment_maximum_percent": 200,
            "deployment_minimum_healthy_percent": 100,
            "desired_count": 0,
            "enable_ecs_managed_tags": false,
            "enable_execute_command": true,
            "force_delete": null,
            "force_new_deployment": null,
            "health_check_grace_period_seconds": 60,
            "iam_role": "/aws-service-role/ecs.amazonaws.com/AWSServiceRoleForECS",
            "id": "arn:aws:ecs:us-east-1:342597974367:service/ecs-cluster-synth101912382/trading-dashboard-green-synth101912382",
            "launch_type": "FARGATE",
            "load_balancer": [
              {
                "container_name": "django-app",
                "container_port": 80,
                "elb_name": "",
                "target_group_arn": "arn:aws:elasticloadbalancing:us-east-1:342597974367:targetgroup/green-2025111913242215930000000e/d212b8651c20361f"
              }
            ],
            "name": "trading-dashboard-green-synth101912382",
            "network_configuration": [
              {
                "assign_public_ip": false,
                "security_groups": [
                  "sg-017afadb913b9a9ca"
                ],
                "subnets": [
                  "subnet-08a7353a4d74409c4",
                  "subnet-0cf3be27c006f0b8b"
                ]
              }
            ],
            "ordered_placement_strategy": [],
            "placement_constraints": [],
            "platform_version": "LATEST",
            "propagate_tags": "NONE",
            "scheduling_strategy": "REPLICA",
            "service_connect_configuration": [],
            "service_registries": [],
            "tags": {
              "Name": "ecs-service-green-synth101912382"
            },
            "tags_all": {
              "Environment": "dev",
              "ManagedBy": "Terraform",
              "Name": "ecs-service-green-synth101912382",
              "Owner": "iac-qa-team",
              "Project": "trading-dashboard"
            },
            "task_definition": "arn:aws:ecs:us-east-1:342597974367:task-definition/trading-dashboard-green-synth101912382:1",
            "timeouts": null,
            "triggers": {},
            "volume_configuration": [],
            "vpc_lattice_configurations": [],
            "wait_for_steady_state": false
          },
          "sensitive_attributes": [],
          "private": "eyJlMmJmYjczMC1lY2FhLTExZTYtOGY4OC0zNDM2M2JjN2M0YzAiOnsiY3JlYXRlIjoxMjAwMDAwMDAwMDAwLCJkZWxldGUiOjEyMDAwMDAwMDAwMDAsInVwZGF0ZSI6MTIwMDAwMDAwMDAwMH0sInNjaGVtYV92ZXJzaW9uIjoiMSJ9",
          "dependencies": [
            "aws_cloudwatch_log_group.ecs_green",
            "aws_ecs_cluster.main",
            "aws_ecs_task_definition.green",
            "aws_iam_role.ecs_task",
            "aws_iam_role.ecs_task_execution",
            "aws_lb.main",
            "aws_lb_listener.http",
            "aws_lb_target_group.blue",
            "aws_lb_target_group.green",
            "aws_secretsmanager_secret.db_credentials",
            "aws_security_group.alb",
            "aws_security_group.ecs_tasks",
            "aws_subnet.private",
            "aws_subnet.public",
            "aws_vpc.main",
            "data.aws_availability_zones.available"
          ]
        }
      ]
    },
    {
      "mode": "managed",
      "type": "aws_ecs_task_definition",
      "name": "blue",
      "provider": "provider[\"registry.terraform.io/hashicorp/aws\"]",
      "instances": [
        {
          "schema_version": 1,
          "attributes": {
            "arn": "arn:aws:ecs:us-east-1:342597974367:task-definition/trading-dashboard-blue-synth101912382:1",
            "arn_without_revision": "arn:aws:ecs:us-east-1:342597974367:task-definition/trading-dashboard-blue-synth101912382",
            "container_definitions": "[{\"environment\":[{\"name\":\"AWS_REGION\",\"value\":\"us-east-1\"},{\"name\":\"ENVIRONMENT\",\"value\":\"blue\"}],\"essential\":true,\"healthCheck\":{\"command\":[\"CMD-SHELL\",\"curl -f http://localhost:80/health || exit 1\"],\"interval\":30,\"retries\":3,\"startPeriod\":60,\"timeout\":5},\"image\":\"nginx:latest\",\"logConfiguration\":{\"logDriver\":\"awslogs\",\"options\":{\"awslogs-group\":\"/ecs/trading-dashboard-blue-synth101912382\",\"awslogs-region\":\"us-east-1\",\"awslogs-stream-prefix\":\"ecs\"}},\"mountPoints\":[],\"name\":\"django-app\",\"portMappings\":[{\"containerPort\":80,\"hostPort\":80,\"protocol\":\"tcp\"}],\"secrets\":[{\"name\":\"DATABASE_URL\",\"valueFrom\":\"arn:aws:secretsmanager:us-east-1:342597974367:secret:db-credentials-synth101912382-20251119132407564400000002-RpdIR5\"}],\"systemControls\":[],\"volumesFrom\":[]}]",
            "cpu": "256",
            "enable_fault_injection": false,
            "ephemeral_storage": [],
            "execution_role_arn": "arn:aws:iam::342597974367:role/ecs-task-execution-synth101912382-20251119132407566400000004",
            "family": "trading-dashboard-blue-synth101912382",
            "id": "trading-dashboard-blue-synth101912382",
            "inference_accelerator": [],
            "ipc_mode": "",
            "memory": "512",
            "network_mode": "awsvpc",
            "pid_mode": "",
            "placement_constraints": [],
            "proxy_configuration": [],
            "requires_compatibilities": [
              "FARGATE"
            ],
            "revision": 1,
            "runtime_platform": [],
            "skip_destroy": false,
            "tags": {
              "Name": "ecs-task-def-blue-synth101912382"
            },
            "tags_all": {
              "Environment": "dev",
              "ManagedBy": "Terraform",
              "Name": "ecs-task-def-blue-synth101912382",
              "Owner": "iac-qa-team",
              "Project": "trading-dashboard"
            },
            "task_role_arn": "arn:aws:iam::342597974367:role/ecs-task-synth101912382-20251119132409203100000006",
            "track_latest": false,
            "volume": []
          },
          "sensitive_attributes": [],
          "private": "eyJzY2hlbWFfdmVyc2lvbiI6IjEifQ==",
          "dependencies": [
            "aws_cloudwatch_log_group.ecs_blue",
            "aws_iam_role.ecs_task",
            "aws_iam_role.ecs_task_execution",
            "aws_secretsmanager_secret.db_credentials"
          ]
        }
      ]
    },
    {
      "mode": "managed",
      "type": "aws_ecs_task_definition",
      "name": "green",
      "provider": "provider[\"registry.terraform.io/hashicorp/aws\"]",
      "instances": [
        {
          "schema_version": 1,
          "attributes": {
            "arn": "arn:aws:ecs:us-east-1:342597974367:task-definition/trading-dashboard-green-synth101912382:1",
            "arn_without_revision": "arn:aws:ecs:us-east-1:342597974367:task-definition/trading-dashboard-green-synth101912382",
            "container_definitions": "[{\"environment\":[{\"name\":\"AWS_REGION\",\"value\":\"us-east-1\"},{\"name\":\"ENVIRONMENT\",\"value\":\"green\"}],\"essential\":true,\"healthCheck\":{\"command\":[\"CMD-SHELL\",\"curl -f http://localhost:80/health || exit 1\"],\"interval\":30,\"retries\":3,\"startPeriod\":60,\"timeout\":5},\"image\":\"nginx:latest\",\"logConfiguration\":{\"logDriver\":\"awslogs\",\"options\":{\"awslogs-group\":\"/ecs/trading-dashboard-green-synth101912382\",\"awslogs-region\":\"us-east-1\",\"awslogs-stream-prefix\":\"ecs\"}},\"mountPoints\":[],\"name\":\"django-app\",\"portMappings\":[{\"containerPort\":80,\"hostPort\":80,\"protocol\":\"tcp\"}],\"secrets\":[{\"name\":\"DATABASE_URL\",\"valueFrom\":\"arn:aws:secretsmanager:us-east-1:342597974367:secret:db-credentials-synth101912382-20251119132407564400000002-RpdIR5\"}],\"systemControls\":[],\"volumesFrom\":[]}]",
            "cpu": "256",
            "enable_fault_injection": false,
            "ephemeral_storage": [],
            "execution_role_arn": "arn:aws:iam::342597974367:role/ecs-task-execution-synth101912382-20251119132407566400000004",
            "family": "trading-dashboard-green-synth101912382",
            "id": "trading-dashboard-green-synth101912382",
            "inference_accelerator": [],
            "ipc_mode": "",
            "memory": "512",
            "network_mode": "awsvpc",
            "pid_mode": "",
            "placement_constraints": [],
            "proxy_configuration": [],
            "requires_compatibilities": [
              "FARGATE"
            ],
            "revision": 1,
            "runtime_platform": [],
            "skip_destroy": false,
            "tags": {
              "Name": "ecs-task-def-green-synth101912382"
            },
            "tags_all": {
              "Environment": "dev",
              "ManagedBy": "Terraform",
              "Name": "ecs-task-def-green-synth101912382",
              "Owner": "iac-qa-team",
              "Project": "trading-dashboard"
            },
            "task_role_arn": "arn:aws:iam::342597974367:role/ecs-task-synth101912382-20251119132409203100000006",
            "track_latest": false,
            "volume": []
          },
          "sensitive_attributes": [],
          "private": "eyJzY2hlbWFfdmVyc2lvbiI6IjEifQ==",
          "dependencies": [
            "aws_cloudwatch_log_group.ecs_green",
            "aws_iam_role.ecs_task",
            "aws_iam_role.ecs_task_execution",
            "aws_secretsmanager_secret.db_credentials"
          ]
        }
      ]
    },
    {
      "mode": "managed",
      "type": "aws_eip",
      "name": "nat",
      "provider": "provider[\"registry.terraform.io/hashicorp/aws\"]",
      "instances": [
        {
          "index_key": 0,
          "schema_version": 0,
          "attributes": {
            "address": null,
            "allocation_id": "eipalloc-00cfcdcdccbb95372",
            "arn": "arn:aws:ec2:us-east-1:342597974367:elastic-ip/eipalloc-00cfcdcdccbb95372",
            "associate_with_private_ip": null,
            "association_id": "eipassoc-0af216fb489c5a398",
            "carrier_ip": "",
            "customer_owned_ip": "",
            "customer_owned_ipv4_pool": "",
            "domain": "vpc",
            "id": "eipalloc-00cfcdcdccbb95372",
            "instance": "",
            "ipam_pool_id": null,
            "network_border_group": "us-east-1",
            "network_interface": "eni-0d2002f1d02df4b9f",
            "private_dns": "ip-10-0-0-30.ec2.internal",
            "private_ip": "10.0.0.30",
            "ptr_record": "",
            "public_dns": "ec2-100-30-140-98.compute-1.amazonaws.com",
            "public_ip": "100.30.140.98",
            "public_ipv4_pool": "amazon",
            "tags": {
              "Name": "nat-eip-1-synth101912382"
            },
            "tags_all": {
              "Environment": "dev",
              "ManagedBy": "Terraform",
              "Name": "nat-eip-1-synth101912382",
              "Owner": "iac-qa-team",
              "Project": "trading-dashboard"
            },
            "timeouts": null,
            "vpc": true
          },
          "sensitive_attributes": [],
          "private": "eyJlMmJmYjczMC1lY2FhLTExZTYtOGY4OC0zNDM2M2JjN2M0YzAiOnsiZGVsZXRlIjoxODAwMDAwMDAwMDAsInJlYWQiOjkwMDAwMDAwMDAwMCwidXBkYXRlIjozMDAwMDAwMDAwMDB9fQ==",
          "dependencies": [
            "aws_internet_gateway.main",
            "aws_vpc.main"
          ]
        },
        {
          "index_key": 1,
          "schema_version": 0,
          "attributes": {
            "address": null,
            "allocation_id": "eipalloc-08b68a2ceab41b432",
            "arn": "arn:aws:ec2:us-east-1:342597974367:elastic-ip/eipalloc-08b68a2ceab41b432",
            "associate_with_private_ip": null,
            "association_id": "eipassoc-0d67e0a98d5c36393",
            "carrier_ip": "",
            "customer_owned_ip": "",
            "customer_owned_ipv4_pool": "",
            "domain": "vpc",
            "id": "eipalloc-08b68a2ceab41b432",
            "instance": "",
            "ipam_pool_id": null,
            "network_border_group": "us-east-1",
            "network_interface": "eni-016298f842238c825",
            "private_dns": "ip-10-0-1-251.ec2.internal",
            "private_ip": "10.0.1.251",
            "ptr_record": "",
            "public_dns": "ec2-3-230-44-68.compute-1.amazonaws.com",
            "public_ip": "3.230.44.68",
            "public_ipv4_pool": "amazon",
            "tags": {
              "Name": "nat-eip-2-synth101912382"
            },
            "tags_all": {
              "Environment": "dev",
              "ManagedBy": "Terraform",
              "Name": "nat-eip-2-synth101912382",
              "Owner": "iac-qa-team",
              "Project": "trading-dashboard"
            },
            "timeouts": null,
            "vpc": true
          },
          "sensitive_attributes": [],
          "private": "eyJlMmJmYjczMC1lY2FhLTExZTYtOGY4OC0zNDM2M2JjN2M0YzAiOnsiZGVsZXRlIjoxODAwMDAwMDAwMDAsInJlYWQiOjkwMDAwMDAwMDAwMCwidXBkYXRlIjozMDAwMDAwMDAwMDB9fQ==",
          "dependencies": [
            "aws_internet_gateway.main",
            "aws_vpc.main"
          ]
        }
      ]
    },
    {
      "mode": "managed",
      "type": "aws_iam_role",
      "name": "ecs_task",
      "provider": "provider[\"registry.terraform.io/hashicorp/aws\"]",
      "instances": [
        {
          "schema_version": 0,
          "attributes": {
            "arn": "arn:aws:iam::342597974367:role/ecs-task-synth101912382-20251119132409203100000006",
            "assume_role_policy": "{\"Statement\":[{\"Action\":\"sts:AssumeRole\",\"Effect\":\"Allow\",\"Principal\":{\"Service\":\"ecs-tasks.amazonaws.com\"}}],\"Version\":\"2012-10-17\"}",
            "create_date": "2025-11-19T13:24:16Z",
            "description": "",
            "force_detach_policies": false,
            "id": "ecs-task-synth101912382-20251119132409203100000006",
            "inline_policy": [],
            "managed_policy_arns": [],
            "max_session_duration": 3600,
            "name": "ecs-task-synth101912382-20251119132409203100000006",
            "name_prefix": "ecs-task-synth101912382-",
            "path": "/",
            "permissions_boundary": "",
            "tags": {
              "Name": "ecs-task-role-synth101912382"
            },
            "tags_all": {
              "Environment": "dev",
              "ManagedBy": "Terraform",
              "Name": "ecs-task-role-synth101912382",
              "Owner": "iac-qa-team",
              "Project": "trading-dashboard"
            },
            "unique_id": "AROAU7RDOHFP26WLGLUUZ"
          },
          "sensitive_attributes": [],
          "private": "bnVsbA=="
        }
      ]
    },
    {
      "mode": "managed",
      "type": "aws_iam_role",
      "name": "ecs_task_execution",
      "provider": "provider[\"registry.terraform.io/hashicorp/aws\"]",
      "instances": [
        {
          "schema_version": 0,
          "attributes": {
            "arn": "arn:aws:iam::342597974367:role/ecs-task-execution-synth101912382-20251119132407566400000004",
            "assume_role_policy": "{\"Statement\":[{\"Action\":\"sts:AssumeRole\",\"Effect\":\"Allow\",\"Principal\":{\"Service\":\"ecs-tasks.amazonaws.com\"}}],\"Version\":\"2012-10-17\"}",
            "create_date": "2025-11-19T13:24:15Z",
            "description": "",
            "force_detach_policies": false,
            "id": "ecs-task-execution-synth101912382-20251119132407566400000004",
            "inline_policy": [
              {
                "name": "ecs-secrets-synth101912382-20251119132409440100000007",
                "policy": "{\"Version\":\"2012-10-17\",\"Statement\":[{\"Action\":[\"secretsmanager:GetSecretValue\",\"kms:Decrypt\"],\"Effect\":\"Allow\",\"Resource\":[\"arn:aws:secretsmanager:us-east-1:342597974367:secret:db-credentials-synth101912382-20251119132407564400000002-RpdIR5\"]}]}"
              }
            ],
            "managed_policy_arns": [
              "arn:aws:iam::aws:policy/service-role/AmazonECSTaskExecutionRolePolicy"
            ],
            "max_session_duration": 3600,
            "name": "ecs-task-execution-synth101912382-20251119132407566400000004",
            "name_prefix": "ecs-task-execution-synth101912382-",
            "path": "/",
            "permissions_boundary": "",
            "tags": {
              "Name": "ecs-task-execution-role-synth101912382"
            },
            "tags_all": {
              "Environment": "dev",
              "ManagedBy": "Terraform",
              "Name": "ecs-task-execution-role-synth101912382",
              "Owner": "iac-qa-team",
              "Project": "trading-dashboard"
            },
            "unique_id": "AROAU7RDOHFPUO7UDIL73"
          },
          "sensitive_attributes": [],
          "private": "bnVsbA=="
        }
      ]
    },
    {
      "mode": "managed",
      "type": "aws_iam_role",
      "name": "lambda_secrets_rotation",
      "provider": "provider[\"registry.terraform.io/hashicorp/aws\"]",
      "instances": [
        {
          "schema_version": 0,
          "attributes": {
            "arn": "arn:aws:iam::342597974367:role/lambda-sec-rot-synth101912382-20251119132407547400000001",
            "assume_role_policy": "{\"Statement\":[{\"Action\":\"sts:AssumeRole\",\"Effect\":\"Allow\",\"Principal\":{\"Service\":\"lambda.amazonaws.com\"}}],\"Version\":\"2012-10-17\"}",
            "create_date": "2025-11-19T13:24:15Z",
            "description": "",
            "force_detach_policies": false,
            "id": "lambda-sec-rot-synth101912382-20251119132407547400000001",
            "inline_policy": [
              {
                "name": "lambda-secrets-synth101912382-2025111913241036800000000a",
                "policy": "{\"Version\":\"2012-10-17\",\"Statement\":[{\"Action\":[\"secretsmanager:DescribeSecret\",\"secretsmanager:GetSecretValue\",\"secretsmanager:PutSecretValue\",\"secretsmanager:UpdateSecretVersionStage\"],\"Effect\":\"Allow\",\"Resource\":\"arn:aws:secretsmanager:us-east-1:342597974367:secret:db-credentials-synth101912382-20251119132407564400000002-RpdIR5\"},{\"Action\":[\"secretsmanager:GetRandomPassword\"],\"Effect\":\"Allow\",\"Resource\":\"*\"}]}"
              }
            ],
            "managed_policy_arns": [
              "arn:aws:iam::aws:policy/service-role/AWSLambdaBasicExecutionRole",
              "arn:aws:iam::aws:policy/service-role/AWSLambdaVPCAccessExecutionRole"
            ],
            "max_session_duration": 3600,
            "name": "lambda-sec-rot-synth101912382-20251119132407547400000001",
            "name_prefix": "lambda-sec-rot-synth101912382-",
            "path": "/",
            "permissions_boundary": "",
            "tags": {
              "Name": "lambda-secrets-rotation-role-synth101912382"
            },
            "tags_all": {
              "Environment": "dev",
              "ManagedBy": "Terraform",
              "Name": "lambda-secrets-rotation-role-synth101912382",
              "Owner": "iac-qa-team",
              "Project": "trading-dashboard"
            },
            "unique_id": "AROAU7RDOHFPZ2DTHP77A"
          },
          "sensitive_attributes": [],
          "private": "bnVsbA=="
        }
      ]
    },
    {
      "mode": "managed",
      "type": "aws_iam_role_policy",
      "name": "ecs_task_execution_secrets",
      "provider": "provider[\"registry.terraform.io/hashicorp/aws\"]",
      "instances": [
        {
          "schema_version": 0,
          "attributes": {
            "id": "ecs-task-execution-synth101912382-20251119132407566400000004:ecs-secrets-synth101912382-20251119132409440100000007",
            "name": "ecs-secrets-synth101912382-20251119132409440100000007",
            "name_prefix": "ecs-secrets-synth101912382-",
            "policy": "{\"Version\":\"2012-10-17\",\"Statement\":[{\"Action\":[\"secretsmanager:GetSecretValue\",\"kms:Decrypt\"],\"Effect\":\"Allow\",\"Resource\":[\"arn:aws:secretsmanager:us-east-1:342597974367:secret:db-credentials-synth101912382-20251119132407564400000002-RpdIR5\"]}]}",
            "role": "ecs-task-execution-synth101912382-20251119132407566400000004"
          },
          "sensitive_attributes": [],
          "private": "bnVsbA==",
          "dependencies": [
            "aws_iam_role.ecs_task_execution",
            "aws_secretsmanager_secret.db_credentials"
          ]
        }
      ]
    },
    {
      "mode": "managed",
      "type": "aws_iam_role_policy",
      "name": "ecs_task_rds",
      "provider": "provider[\"registry.terraform.io/hashicorp/aws\"]",
      "instances": [
        {
          "schema_version": 0,
          "attributes": {
            "id": "ecs-task-synth101912382-20251119132409203100000006:ecs-task-rds-synth101912382-20251119133046173700000002",
            "name": "ecs-task-rds-synth101912382-20251119133046173700000002",
            "name_prefix": "ecs-task-rds-synth101912382-",
            "policy": "{\"Version\":\"2012-10-17\",\"Statement\":[{\"Action\":[\"rds-db:connect\"],\"Effect\":\"Allow\",\"Resource\":[\"arn:aws:rds-db:us-east-1:342597974367:dbuser:cluster-QUKABGVP4LWX5WY3QRGNHAYQJA/dbadmin\"]}]}",
            "role": "ecs-task-synth101912382-20251119132409203100000006"
          },
          "sensitive_attributes": [
            [
              {
                "type": "get_attr",
                "value": "policy"
              }
            ]
          ],
          "private": "bnVsbA==",
          "dependencies": [
            "aws_db_subnet_group.main",
            "aws_iam_role.ecs_task",
            "aws_rds_cluster.main",
            "aws_rds_cluster_parameter_group.main",
            "aws_security_group.rds",
            "aws_subnet.database",
            "aws_vpc.main",
            "data.aws_availability_zones.available",
            "data.aws_caller_identity.current",
            "random_password.db_password"
          ]
        }
      ]
    },
    {
      "mode": "managed",
      "type": "aws_iam_role_policy",
      "name": "lambda_secrets",
      "provider": "provider[\"registry.terraform.io/hashicorp/aws\"]",
      "instances": [
        {
          "schema_version": 0,
          "attributes": {
            "id": "lambda-sec-rot-synth101912382-20251119132407547400000001:lambda-secrets-synth101912382-2025111913241036800000000a",
            "name": "lambda-secrets-synth101912382-2025111913241036800000000a",
            "name_prefix": "lambda-secrets-synth101912382-",
            "policy": "{\"Version\":\"2012-10-17\",\"Statement\":[{\"Action\":[\"secretsmanager:DescribeSecret\",\"secretsmanager:GetSecretValue\",\"secretsmanager:PutSecretValue\",\"secretsmanager:UpdateSecretVersionStage\"],\"Effect\":\"Allow\",\"Resource\":\"arn:aws:secretsmanager:us-east-1:342597974367:secret:db-credentials-synth101912382-20251119132407564400000002-RpdIR5\"},{\"Action\":[\"secretsmanager:GetRandomPassword\"],\"Effect\":\"Allow\",\"Resource\":\"*\"}]}",
            "role": "lambda-sec-rot-synth101912382-20251119132407547400000001"
          },
          "sensitive_attributes": [],
          "private": "bnVsbA==",
          "dependencies": [
            "aws_iam_role.lambda_secrets_rotation",
            "aws_secretsmanager_secret.db_credentials"
          ]
        }
      ]
    },
    {
      "mode": "managed",
      "type": "aws_iam_role_policy_attachment",
      "name": "ecs_task_execution",
      "provider": "provider[\"registry.terraform.io/hashicorp/aws\"]",
      "instances": [
        {
          "schema_version": 0,
          "attributes": {
            "id": "ecs-task-execution-synth101912382-20251119132407566400000004-20251119132409895200000008",
            "policy_arn": "arn:aws:iam::aws:policy/service-role/AmazonECSTaskExecutionRolePolicy",
            "role": "ecs-task-execution-synth101912382-20251119132407566400000004"
          },
          "sensitive_attributes": [],
          "private": "bnVsbA==",
          "dependencies": [
            "aws_iam_role.ecs_task_execution"
          ]
        }
      ]
    },
    {
      "mode": "managed",
      "type": "aws_iam_role_policy_attachment",
      "name": "lambda_basic",
      "provider": "provider[\"registry.terraform.io/hashicorp/aws\"]",
      "instances": [
        {
          "schema_version": 0,
          "attributes": {
            "id": "lambda-sec-rot-synth101912382-20251119132407547400000001-20251119132410357500000009",
            "policy_arn": "arn:aws:iam::aws:policy/service-role/AWSLambdaBasicExecutionRole",
            "role": "lambda-sec-rot-synth101912382-20251119132407547400000001"
          },
          "sensitive_attributes": [],
          "private": "bnVsbA==",
          "dependencies": [
            "aws_iam_role.lambda_secrets_rotation"
          ]
        }
      ]
    },
    {
      "mode": "managed",
      "type": "aws_iam_role_policy_attachment",
      "name": "lambda_vpc",
      "provider": "provider[\"registry.terraform.io/hashicorp/aws\"]",
      "instances": [
        {
          "schema_version": 0,
          "attributes": {
            "id": "lambda-sec-rot-synth101912382-20251119132407547400000001-2025111913241046590000000b",
            "policy_arn": "arn:aws:iam::aws:policy/service-role/AWSLambdaVPCAccessExecutionRole",
            "role": "lambda-sec-rot-synth101912382-20251119132407547400000001"
          },
          "sensitive_attributes": [],
          "private": "bnVsbA==",
          "dependencies": [
            "aws_iam_role.lambda_secrets_rotation"
          ]
        }
      ]
    },
    {
      "mode": "managed",
      "type": "aws_internet_gateway",
      "name": "main",
      "provider": "provider[\"registry.terraform.io/hashicorp/aws\"]",
      "instances": [
        {
          "schema_version": 0,
          "attributes": {
            "arn": "arn:aws:ec2:us-east-1:342597974367:internet-gateway/igw-026646d1d87d1f5c1",
            "id": "igw-026646d1d87d1f5c1",
            "owner_id": "342597974367",
            "tags": {
              "Name": "igw-synth101912382"
            },
            "tags_all": {
              "Environment": "dev",
              "ManagedBy": "Terraform",
              "Name": "igw-synth101912382",
              "Owner": "iac-qa-team",
              "Project": "trading-dashboard"
            },
            "timeouts": null,
            "vpc_id": "vpc-0399b6cf3033489bb"
          },
          "sensitive_attributes": [],
          "private": "eyJlMmJmYjczMC1lY2FhLTExZTYtOGY4OC0zNDM2M2JjN2M0YzAiOnsiY3JlYXRlIjoxMjAwMDAwMDAwMDAwLCJkZWxldGUiOjEyMDAwMDAwMDAwMDAsInVwZGF0ZSI6MTIwMDAwMDAwMDAwMH19",
          "dependencies": [
            "aws_vpc.main"
          ]
        }
      ]
    },
    {
      "mode": "managed",
      "type": "aws_lambda_function",
      "name": "secrets_rotation",
      "provider": "provider[\"registry.terraform.io/hashicorp/aws\"]",
      "instances": [
        {
          "schema_version": 0,
          "attributes": {
            "architectures": [
              "x86_64"
            ],
            "arn": "arn:aws:lambda:us-east-1:342597974367:function:secrets-rotation-synth101912382",
            "code_sha256": "Jqap6OhAdejavtv/qIVaFn/+5sfQPZDaQzvHE8ZDmQk=",
            "code_signing_config_arn": "",
            "dead_letter_config": [],
            "description": "",
            "environment": [
              {
                "variables": {
                  "ENVIRONMENT_SUFFIX": "synth101912382"
                }
              }
            ],
            "ephemeral_storage": [
              {
                "size": 512
              }
            ],
            "file_system_config": [],
            "filename": "./lambda_rotation.zip",
            "function_name": "secrets-rotation-synth101912382",
            "handler": "index.lambda_handler",
            "id": "secrets-rotation-synth101912382",
            "image_config": [],
            "image_uri": "",
            "invoke_arn": "arn:aws:apigateway:us-east-1:lambda:path/2015-03-31/functions/arn:aws:lambda:us-east-1:342597974367:function:secrets-rotation-synth101912382/invocations",
            "kms_key_arn": "",
            "last_modified": "2025-11-19T13:24:36.839+0000",
            "layers": [],
            "logging_config": [
              {
                "application_log_level": "",
                "log_format": "Text",
                "log_group": "/aws/lambda/secrets-rotation-synth101912382",
                "system_log_level": ""
              }
            ],
            "memory_size": 128,
            "package_type": "Zip",
            "publish": false,
            "qualified_arn": "arn:aws:lambda:us-east-1:342597974367:function:secrets-rotation-synth101912382:$LATEST",
            "qualified_invoke_arn": "arn:aws:apigateway:us-east-1:lambda:path/2015-03-31/functions/arn:aws:lambda:us-east-1:342597974367:function:secrets-rotation-synth101912382:$LATEST/invocations",
            "replace_security_groups_on_destroy": null,
            "replacement_security_group_ids": null,
            "reserved_concurrent_executions": -1,
            "role": "arn:aws:iam::342597974367:role/lambda-sec-rot-synth101912382-20251119132407547400000001",
            "runtime": "python3.11",
            "s3_bucket": null,
            "s3_key": null,
            "s3_object_version": null,
            "signing_job_arn": "",
            "signing_profile_version_arn": "",
            "skip_destroy": false,
            "snap_start": [],
            "source_code_hash": "Jqap6OhAdejavtv/qIVaFn/+5sfQPZDaQzvHE8ZDmQk=",
            "source_code_size": 842,
            "tags": {
              "Name": "secrets-rotation-lambda-synth101912382"
            },
            "tags_all": {
              "Environment": "dev",
              "ManagedBy": "Terraform",
              "Name": "secrets-rotation-lambda-synth101912382",
              "Owner": "iac-qa-team",
              "Project": "trading-dashboard"
            },
            "timeout": 30,
            "timeouts": null,
            "tracing_config": [
              {
                "mode": "PassThrough"
              }
            ],
            "version": "$LATEST",
            "vpc_config": [
              {
                "ipv6_allowed_for_dual_stack": false,
                "security_group_ids": [
                  "sg-080185e698cea81f3"
                ],
                "subnet_ids": [
                  "subnet-08a7353a4d74409c4",
                  "subnet-0cf3be27c006f0b8b"
                ],
                "vpc_id": "vpc-0399b6cf3033489bb"
              }
            ]
          },
          "sensitive_attributes": [],
          "private": "eyJlMmJmYjczMC1lY2FhLTExZTYtOGY4OC0zNDM2M2JjN2M0YzAiOnsiY3JlYXRlIjo2MDAwMDAwMDAwMDAsImRlbGV0ZSI6NjAwMDAwMDAwMDAwLCJ1cGRhdGUiOjYwMDAwMDAwMDAwMH19",
          "dependencies": [
            "aws_iam_role.lambda_secrets_rotation",
            "aws_security_group.lambda_rotation",
            "aws_subnet.private",
            "aws_vpc.main",
            "data.archive_file.secrets_rotation",
            "data.aws_availability_zones.available"
          ]
        }
      ]
    },
    {
      "mode": "managed",
      "type": "aws_lambda_permission",
      "name": "secrets_manager",
      "provider": "provider[\"registry.terraform.io/hashicorp/aws\"]",
      "instances": [
        {
          "schema_version": 0,
          "attributes": {
            "action": "lambda:InvokeFunction",
            "event_source_token": null,
            "function_name": "secrets-rotation-synth101912382",
            "function_url_auth_type": null,
            "id": "AllowExecutionFromSecretsManager",
            "principal": "secretsmanager.amazonaws.com",
            "principal_org_id": null,
            "qualifier": "",
            "source_account": null,
            "source_arn": null,
            "statement_id": "AllowExecutionFromSecretsManager",
            "statement_id_prefix": ""
          },
          "sensitive_attributes": [],
          "private": "bnVsbA==",
          "dependencies": [
            "aws_iam_role.lambda_secrets_rotation",
            "aws_lambda_function.secrets_rotation",
            "aws_security_group.lambda_rotation",
            "aws_subnet.private",
            "aws_vpc.main",
            "data.archive_file.secrets_rotation",
            "data.aws_availability_zones.available"
          ]
        }
      ]
    },
    {
      "mode": "managed",
      "type": "aws_lb",
      "name": "main",
      "provider": "provider[\"registry.terraform.io/hashicorp/aws\"]",
      "instances": [
        {
          "schema_version": 0,
          "attributes": {
            "access_logs": [
              {
                "bucket": "",
                "enabled": false,
                "prefix": ""
              }
            ],
            "arn": "arn:aws:elasticloadbalancing:us-east-1:342597974367:loadbalancer/app/alb-synth101912382/c25762ccc3e5d128",
            "arn_suffix": "app/alb-synth101912382/c25762ccc3e5d128",
            "client_keep_alive": 3600,
            "connection_logs": [
              {
                "bucket": "",
                "enabled": false,
                "prefix": ""
              }
            ],
            "customer_owned_ipv4_pool": "",
            "desync_mitigation_mode": "defensive",
            "dns_name": "alb-synth101912382-1167386365.us-east-1.elb.amazonaws.com",
            "dns_record_client_routing_policy": null,
            "drop_invalid_header_fields": false,
            "enable_cross_zone_load_balancing": true,
            "enable_deletion_protection": false,
            "enable_http2": true,
            "enable_tls_version_and_cipher_suite_headers": false,
            "enable_waf_fail_open": false,
            "enable_xff_client_port": false,
            "enable_zonal_shift": false,
            "enforce_security_group_inbound_rules_on_private_link_traffic": "",
            "id": "arn:aws:elasticloadbalancing:us-east-1:342597974367:loadbalancer/app/alb-synth101912382/c25762ccc3e5d128",
            "idle_timeout": 60,
            "internal": false,
            "ip_address_type": "ipv4",
            "ipam_pools": [],
            "load_balancer_type": "application",
            "minimum_load_balancer_capacity": [],
            "name": "alb-synth101912382",
            "name_prefix": "",
            "preserve_host_header": false,
            "security_groups": [
              "sg-00d7d2062f40317c7"
            ],
            "subnet_mapping": [
              {
                "allocation_id": "",
                "ipv6_address": "",
                "outpost_id": "",
                "private_ipv4_address": "",
                "subnet_id": "subnet-020fd16bb20499480"
              },
              {
                "allocation_id": "",
                "ipv6_address": "",
                "outpost_id": "",
                "private_ipv4_address": "",
                "subnet_id": "subnet-023b66ae412e0e334"
              }
            ],
            "subnets": [
              "subnet-020fd16bb20499480",
              "subnet-023b66ae412e0e334"
            ],
            "tags": {
              "Name": "alb-synth101912382"
            },
            "tags_all": {
              "Environment": "dev",
              "ManagedBy": "Terraform",
              "Name": "alb-synth101912382",
              "Owner": "iac-qa-team",
              "Project": "trading-dashboard"
            },
            "timeouts": null,
            "vpc_id": "vpc-0399b6cf3033489bb",
            "xff_header_processing_mode": "append",
            "zone_id": "Z35SXDOTRQ7X7K"
          },
          "sensitive_attributes": [],
          "private": "eyJlMmJmYjczMC1lY2FhLTExZTYtOGY4OC0zNDM2M2JjN2M0YzAiOnsiY3JlYXRlIjo2MDAwMDAwMDAwMDAsImRlbGV0ZSI6NjAwMDAwMDAwMDAwLCJ1cGRhdGUiOjYwMDAwMDAwMDAwMH19",
          "dependencies": [
            "aws_security_group.alb",
            "aws_subnet.public",
            "aws_vpc.main",
            "data.aws_availability_zones.available"
          ]
        }
      ]
    },
    {
      "mode": "managed",
      "type": "aws_lb_listener",
      "name": "http",
      "provider": "provider[\"registry.terraform.io/hashicorp/aws\"]",
      "instances": [
        {
          "schema_version": 0,
          "attributes": {
            "alpn_policy": null,
            "arn": "arn:aws:elasticloadbalancing:us-east-1:342597974367:listener/app/alb-synth101912382/c25762ccc3e5d128/2d211ee0452e99e3",
            "certificate_arn": null,
            "default_action": [
              {
                "authenticate_cognito": [],
                "authenticate_oidc": [],
                "fixed_response": [],
                "forward": [
                  {
                    "stickiness": [
                      {
                        "duration": 3600,
                        "enabled": true
                      }
                    ],
                    "target_group": [
                      {
                        "arn": "arn:aws:elasticloadbalancing:us-east-1:342597974367:targetgroup/blue-2025111913242215850000000d/ff48f6ebf1cfb282",
                        "weight": 100
                      },
                      {
                        "arn": "arn:aws:elasticloadbalancing:us-east-1:342597974367:targetgroup/green-2025111913242215930000000e/d212b8651c20361f",
                        "weight": 0
                      }
                    ]
                  }
                ],
                "order": 1,
                "redirect": [],
                "target_group_arn": "",
                "type": "forward"
              }
            ],
            "id": "arn:aws:elasticloadbalancing:us-east-1:342597974367:listener/app/alb-synth101912382/c25762ccc3e5d128/2d211ee0452e99e3",
            "load_balancer_arn": "arn:aws:elasticloadbalancing:us-east-1:342597974367:loadbalancer/app/alb-synth101912382/c25762ccc3e5d128",
            "mutual_authentication": [],
            "port": 80,
            "protocol": "HTTP",
            "routing_http_request_x_amzn_mtls_clientcert_header_name": null,
            "routing_http_request_x_amzn_mtls_clientcert_issuer_header_name": null,
            "routing_http_request_x_amzn_mtls_clientcert_leaf_header_name": null,
            "routing_http_request_x_amzn_mtls_clientcert_serial_number_header_name": null,
            "routing_http_request_x_amzn_mtls_clientcert_subject_header_name": null,
            "routing_http_request_x_amzn_mtls_clientcert_validity_header_name": null,
            "routing_http_request_x_amzn_tls_cipher_suite_header_name": null,
            "routing_http_request_x_amzn_tls_version_header_name": null,
            "routing_http_response_access_control_allow_credentials_header_value": "",
            "routing_http_response_access_control_allow_headers_header_value": "",
            "routing_http_response_access_control_allow_methods_header_value": "",
            "routing_http_response_access_control_allow_origin_header_value": "",
            "routing_http_response_access_control_expose_headers_header_value": "",
            "routing_http_response_access_control_max_age_header_value": "",
            "routing_http_response_content_security_policy_header_value": "",
            "routing_http_response_server_enabled": true,
            "routing_http_response_strict_transport_security_header_value": "",
            "routing_http_response_x_content_type_options_header_value": "",
            "routing_http_response_x_frame_options_header_value": "",
            "ssl_policy": "",
            "tags": {},
            "tags_all": {
              "Environment": "dev",
              "ManagedBy": "Terraform",
              "Owner": "iac-qa-team",
              "Project": "trading-dashboard"
            },
            "tcp_idle_timeout_seconds": null,
            "timeouts": null
          },
          "sensitive_attributes": [],
          "private": "eyJlMmJmYjczMC1lY2FhLTExZTYtOGY4OC0zNDM2M2JjN2M0YzAiOnsiY3JlYXRlIjozMDAwMDAwMDAwMDAsInVwZGF0ZSI6MzAwMDAwMDAwMDAwfX0=",
          "dependencies": [
            "aws_lb.main",
            "aws_lb_target_group.blue",
            "aws_lb_target_group.green",
            "aws_security_group.alb",
            "aws_subnet.public",
            "aws_vpc.main",
            "data.aws_availability_zones.available"
          ]
        }
      ]
    },
    {
      "mode": "managed",
      "type": "aws_lb_listener_rule",
      "name": "api",
      "provider": "provider[\"registry.terraform.io/hashicorp/aws\"]",
      "instances": [
        {
          "schema_version": 0,
          "attributes": {
            "action": [
              {
                "authenticate_cognito": [],
                "authenticate_oidc": [],
                "fixed_response": [],
                "forward": [
                  {
                    "stickiness": [
                      {
                        "duration": 3600,
                        "enabled": true
                      }
                    ],
                    "target_group": [
                      {
                        "arn": "arn:aws:elasticloadbalancing:us-east-1:342597974367:targetgroup/blue-2025111913242215850000000d/ff48f6ebf1cfb282",
                        "weight": 100
                      },
                      {
                        "arn": "arn:aws:elasticloadbalancing:us-east-1:342597974367:targetgroup/green-2025111913242215930000000e/d212b8651c20361f",
                        "weight": 0
                      }
                    ]
                  }
                ],
                "order": 1,
                "redirect": [],
                "target_group_arn": "",
                "type": "forward"
              }
            ],
            "arn": "arn:aws:elasticloadbalancing:us-east-1:342597974367:listener-rule/app/alb-synth101912382/c25762ccc3e5d128/2d211ee0452e99e3/b80bbccd49c291dd",
            "condition": [
              {
                "host_header": [],
                "http_header": [],
                "http_request_method": [],
                "path_pattern": [
                  {
                    "values": [
                      "/api/*"
                    ]
                  }
                ],
                "query_string": [],
                "source_ip": []
              }
            ],
            "id": "arn:aws:elasticloadbalancing:us-east-1:342597974367:listener-rule/app/alb-synth101912382/c25762ccc3e5d128/2d211ee0452e99e3/b80bbccd49c291dd",
            "listener_arn": "arn:aws:elasticloadbalancing:us-east-1:342597974367:listener/app/alb-synth101912382/c25762ccc3e5d128/2d211ee0452e99e3",
            "priority": 100,
            "tags": {},
            "tags_all": {
              "Environment": "dev",
              "ManagedBy": "Terraform",
              "Owner": "iac-qa-team",
              "Project": "trading-dashboard"
            }
          },
          "sensitive_attributes": [],
          "private": "bnVsbA==",
          "dependencies": [
            "aws_lb.main",
            "aws_lb_listener.http",
            "aws_lb_target_group.blue",
            "aws_lb_target_group.green",
            "aws_security_group.alb",
            "aws_subnet.public",
            "aws_vpc.main",
            "data.aws_availability_zones.available"
          ]
        }
      ]
    },
    {
      "mode": "managed",
      "type": "aws_lb_target_group",
      "name": "blue",
      "provider": "provider[\"registry.terraform.io/hashicorp/aws\"]",
      "instances": [
        {
          "schema_version": 0,
          "attributes": {
            "arn": "arn:aws:elasticloadbalancing:us-east-1:342597974367:targetgroup/blue-2025111913242215850000000d/ff48f6ebf1cfb282",
            "arn_suffix": "targetgroup/blue-2025111913242215850000000d/ff48f6ebf1cfb282",
            "connection_termination": null,
            "deregistration_delay": "30",
            "health_check": [
              {
                "enabled": true,
                "healthy_threshold": 2,
                "interval": 30,
                "matcher": "200",
                "path": "/health",
                "port": "traffic-port",
                "protocol": "HTTP",
                "timeout": 5,
                "unhealthy_threshold": 3
              }
            ],
            "id": "arn:aws:elasticloadbalancing:us-east-1:342597974367:targetgroup/blue-2025111913242215850000000d/ff48f6ebf1cfb282",
            "ip_address_type": "ipv4",
            "lambda_multi_value_headers_enabled": false,
            "load_balancer_arns": [
              "arn:aws:elasticloadbalancing:us-east-1:342597974367:loadbalancer/app/alb-synth101912382/c25762ccc3e5d128"
            ],
            "load_balancing_algorithm_type": "round_robin",
            "load_balancing_anomaly_mitigation": "off",
            "load_balancing_cross_zone_enabled": "use_load_balancer_configuration",
            "name": "blue-2025111913242215850000000d",
            "name_prefix": "blue-",
            "port": 80,
            "preserve_client_ip": null,
            "protocol": "HTTP",
            "protocol_version": "HTTP1",
            "proxy_protocol_v2": false,
            "slow_start": 0,
            "stickiness": [
              {
                "cookie_duration": 86400,
                "cookie_name": "",
                "enabled": false,
                "type": "lb_cookie"
              }
            ],
            "tags": {
              "Name": "blue-tg-synth101912382"
            },
            "tags_all": {
              "Environment": "dev",
              "ManagedBy": "Terraform",
              "Name": "blue-tg-synth101912382",
              "Owner": "iac-qa-team",
              "Project": "trading-dashboard"
            },
            "target_failover": [
              {
                "on_deregistration": null,
                "on_unhealthy": null
              }
            ],
            "target_group_health": [
              {
                "dns_failover": [
                  {
                    "minimum_healthy_targets_count": "1",
                    "minimum_healthy_targets_percentage": "off"
                  }
                ],
                "unhealthy_state_routing": [
                  {
                    "minimum_healthy_targets_count": 1,
                    "minimum_healthy_targets_percentage": "off"
                  }
                ]
              }
            ],
            "target_health_state": [
              {
                "enable_unhealthy_connection_termination": null,
                "unhealthy_draining_interval": null
              }
            ],
            "target_type": "ip",
            "vpc_id": "vpc-0399b6cf3033489bb"
          },
          "sensitive_attributes": [],
          "private": "bnVsbA==",
          "dependencies": [
            "aws_vpc.main"
          ],
          "create_before_destroy": true
        }
      ]
    },
    {
      "mode": "managed",
      "type": "aws_lb_target_group",
      "name": "green",
      "provider": "provider[\"registry.terraform.io/hashicorp/aws\"]",
      "instances": [
        {
          "schema_version": 0,
          "attributes": {
            "arn": "arn:aws:elasticloadbalancing:us-east-1:342597974367:targetgroup/green-2025111913242215930000000e/d212b8651c20361f",
            "arn_suffix": "targetgroup/green-2025111913242215930000000e/d212b8651c20361f",
            "connection_termination": null,
            "deregistration_delay": "30",
            "health_check": [
              {
                "enabled": true,
                "healthy_threshold": 2,
                "interval": 30,
                "matcher": "200",
                "path": "/health",
                "port": "traffic-port",
                "protocol": "HTTP",
                "timeout": 5,
                "unhealthy_threshold": 3
              }
            ],
            "id": "arn:aws:elasticloadbalancing:us-east-1:342597974367:targetgroup/green-2025111913242215930000000e/d212b8651c20361f",
            "ip_address_type": "ipv4",
            "lambda_multi_value_headers_enabled": false,
            "load_balancer_arns": [
              "arn:aws:elasticloadbalancing:us-east-1:342597974367:loadbalancer/app/alb-synth101912382/c25762ccc3e5d128"
            ],
            "load_balancing_algorithm_type": "round_robin",
            "load_balancing_anomaly_mitigation": "off",
            "load_balancing_cross_zone_enabled": "use_load_balancer_configuration",
            "name": "green-2025111913242215930000000e",
            "name_prefix": "green-",
            "port": 80,
            "preserve_client_ip": null,
            "protocol": "HTTP",
            "protocol_version": "HTTP1",
            "proxy_protocol_v2": false,
            "slow_start": 0,
            "stickiness": [
              {
                "cookie_duration": 86400,
                "cookie_name": "",
                "enabled": false,
                "type": "lb_cookie"
              }
            ],
            "tags": {
              "Name": "green-tg-synth101912382"
            },
            "tags_all": {
              "Environment": "dev",
              "ManagedBy": "Terraform",
              "Name": "green-tg-synth101912382",
              "Owner": "iac-qa-team",
              "Project": "trading-dashboard"
            },
            "target_failover": [
              {
                "on_deregistration": null,
                "on_unhealthy": null
              }
            ],
            "target_group_health": [
              {
                "dns_failover": [
                  {
                    "minimum_healthy_targets_count": "1",
                    "minimum_healthy_targets_percentage": "off"
                  }
                ],
                "unhealthy_state_routing": [
                  {
                    "minimum_healthy_targets_count": 1,
                    "minimum_healthy_targets_percentage": "off"
                  }
                ]
              }
            ],
            "target_health_state": [
              {
                "enable_unhealthy_connection_termination": null,
                "unhealthy_draining_interval": null
              }
            ],
            "target_type": "ip",
            "vpc_id": "vpc-0399b6cf3033489bb"
          },
          "sensitive_attributes": [],
          "private": "bnVsbA==",
          "dependencies": [
            "aws_vpc.main"
          ],
          "create_before_destroy": true
        }
      ]
    },
    {
      "mode": "managed",
      "type": "aws_nat_gateway",
      "name": "main",
      "provider": "provider[\"registry.terraform.io/hashicorp/aws\"]",
      "instances": [
        {
          "index_key": 0,
          "schema_version": 0,
          "attributes": {
            "allocation_id": "eipalloc-00cfcdcdccbb95372",
            "association_id": "eipassoc-0af216fb489c5a398",
            "connectivity_type": "public",
            "id": "nat-08a98d6b3a44950e4",
            "network_interface_id": "eni-0d2002f1d02df4b9f",
            "private_ip": "10.0.0.30",
            "public_ip": "100.30.140.98",
            "secondary_allocation_ids": [],
            "secondary_private_ip_address_count": 0,
            "secondary_private_ip_addresses": [],
            "subnet_id": "subnet-023b66ae412e0e334",
            "tags": {
              "Name": "nat-gateway-1-synth101912382"
            },
            "tags_all": {
              "Environment": "dev",
              "ManagedBy": "Terraform",
              "Name": "nat-gateway-1-synth101912382",
              "Owner": "iac-qa-team",
              "Project": "trading-dashboard"
            },
            "timeouts": null
          },
          "sensitive_attributes": [],
          "private": "eyJlMmJmYjczMC1lY2FhLTExZTYtOGY4OC0zNDM2M2JjN2M0YzAiOnsiY3JlYXRlIjo2MDAwMDAwMDAwMDAsImRlbGV0ZSI6MTgwMDAwMDAwMDAwMCwidXBkYXRlIjo2MDAwMDAwMDAwMDB9fQ==",
          "dependencies": [
            "aws_eip.nat",
            "aws_internet_gateway.main",
            "aws_subnet.public",
            "aws_vpc.main",
            "data.aws_availability_zones.available"
          ]
        },
        {
          "index_key": 1,
          "schema_version": 0,
          "attributes": {
            "allocation_id": "eipalloc-08b68a2ceab41b432",
            "association_id": "eipassoc-0d67e0a98d5c36393",
            "connectivity_type": "public",
            "id": "nat-0093415e98cf119a5",
            "network_interface_id": "eni-016298f842238c825",
            "private_ip": "10.0.1.251",
            "public_ip": "3.230.44.68",
            "secondary_allocation_ids": [],
            "secondary_private_ip_address_count": 0,
            "secondary_private_ip_addresses": [],
            "subnet_id": "subnet-020fd16bb20499480",
            "tags": {
              "Name": "nat-gateway-2-synth101912382"
            },
            "tags_all": {
              "Environment": "dev",
              "ManagedBy": "Terraform",
              "Name": "nat-gateway-2-synth101912382",
              "Owner": "iac-qa-team",
              "Project": "trading-dashboard"
            },
            "timeouts": null
          },
          "sensitive_attributes": [],
          "private": "eyJlMmJmYjczMC1lY2FhLTExZTYtOGY4OC0zNDM2M2JjN2M0YzAiOnsiY3JlYXRlIjo2MDAwMDAwMDAwMDAsImRlbGV0ZSI6MTgwMDAwMDAwMDAwMCwidXBkYXRlIjo2MDAwMDAwMDAwMDB9fQ==",
          "dependencies": [
            "aws_eip.nat",
            "aws_internet_gateway.main",
            "aws_subnet.public",
            "aws_vpc.main",
            "data.aws_availability_zones.available"
          ]
        }
      ]
    },
    {
      "mode": "managed",
      "type": "aws_rds_cluster",
      "name": "main",
      "provider": "provider[\"registry.terraform.io/hashicorp/aws\"]",
      "instances": [
        {
          "schema_version": 1,
          "attributes": {
            "allocated_storage": 1,
            "allow_major_version_upgrade": null,
            "apply_immediately": null,
            "arn": "arn:aws:rds:us-east-1:342597974367:cluster:trading-db-synth101912382",
            "availability_zones": [
              "us-east-1a",
              "us-east-1b",
              "us-east-1d"
            ],
            "backtrack_window": 0,
            "backup_retention_period": 7,
            "ca_certificate_identifier": null,
            "ca_certificate_valid_till": null,
            "cluster_identifier": "trading-db-synth101912382",
            "cluster_identifier_prefix": "",
            "cluster_members": [],
            "cluster_resource_id": "cluster-QUKABGVP4LWX5WY3QRGNHAYQJA",
            "cluster_scalability_type": "",
            "copy_tags_to_snapshot": false,
            "database_insights_mode": "standard",
            "database_name": "tradingdb",
            "db_cluster_instance_class": "",
            "db_cluster_parameter_group_name": "aurora-postgres-params-synth101912382-20251119133010070200000001",
            "db_instance_parameter_group_name": null,
            "db_subnet_group_name": "db-subnet-group-synth101912382-20251119132427853100000012",
            "db_system_id": "",
            "delete_automated_backups": true,
            "deletion_protection": false,
            "domain": "",
            "domain_iam_role_name": "",
            "enable_global_write_forwarding": false,
            "enable_http_endpoint": false,
            "enable_local_write_forwarding": false,
            "enabled_cloudwatch_logs_exports": [
              "postgresql"
            ],
            "endpoint": "trading-db-synth101912382.cluster-covy6ema0nuv.us-east-1.rds.amazonaws.com",
            "engine": "aurora-postgresql",
            "engine_lifecycle_support": "open-source-rds-extended-support",
            "engine_mode": "provisioned",
            "engine_version": "14.6",
            "engine_version_actual": "14.6",
            "final_snapshot_identifier": null,
            "global_cluster_identifier": "",
            "hosted_zone_id": "Z2R2ITUGPM61AM",
            "iam_database_authentication_enabled": true,
            "iam_roles": [],
            "id": "trading-db-synth101912382",
            "iops": 0,
            "kms_key_id": "arn:aws:kms:us-east-1:342597974367:key/40d05e47-318d-483d-9419-aa3081089944",
            "manage_master_user_password": null,
            "master_password": "8sCpTvrj=xU9\u003c{BV1:k6+_JvV\u003es#\u0026DEF",
            "master_password_wo": null,
            "master_password_wo_version": null,
            "master_user_secret": [],
            "master_user_secret_kms_key_id": null,
            "master_username": "dbadmin",
            "monitoring_interval": 0,
            "monitoring_role_arn": "",
            "network_type": "IPV4",
            "performance_insights_enabled": false,
            "performance_insights_kms_key_id": "",
            "performance_insights_retention_period": 0,
            "port": 5432,
            "preferred_backup_window": "03:00-04:00",
            "preferred_maintenance_window": "thu:04:24-thu:04:54",
            "reader_endpoint": "trading-db-synth101912382.cluster-ro-covy6ema0nuv.us-east-1.rds.amazonaws.com",
            "replication_source_identifier": "",
            "restore_to_point_in_time": [],
            "s3_import": [],
            "scaling_configuration": [],
            "serverlessv2_scaling_configuration": [
              {
                "max_capacity": 2,
                "min_capacity": 0.5,
                "seconds_until_auto_pause": 0
              }
            ],
            "skip_final_snapshot": true,
            "snapshot_identifier": null,
            "source_region": null,
            "storage_encrypted": true,
            "storage_type": "",
            "tags": {
              "Name": "aurora-cluster-synth101912382"
            },
            "tags_all": {
              "Environment": "dev",
              "ManagedBy": "Terraform",
              "Name": "aurora-cluster-synth101912382",
              "Owner": "iac-qa-team",
              "Project": "trading-dashboard"
            },
            "timeouts": null,
            "vpc_security_group_ids": [
              "sg-0bf8bcf8667c96318"
            ]
          },
          "sensitive_attributes": [
            [
              {
                "type": "get_attr",
                "value": "master_password"
              }
            ],
            [
              {
                "type": "get_attr",
                "value": "master_username"
              }
            ],
            [
              {
                "type": "get_attr",
                "value": "master_password_wo"
              }
            ]
          ],
          "private": "eyJlMmJmYjczMC1lY2FhLTExZTYtOGY4OC0zNDM2M2JjN2M0YzAiOnsiY3JlYXRlIjo3MjAwMDAwMDAwMDAwLCJkZWxldGUiOjcyMDAwMDAwMDAwMDAsInVwZGF0ZSI6NzIwMDAwMDAwMDAwMH0sInNjaGVtYV92ZXJzaW9uIjoiMSJ9",
          "dependencies": [
            "aws_db_subnet_group.main",
            "aws_rds_cluster_parameter_group.main",
            "aws_security_group.rds",
            "aws_subnet.database",
            "aws_vpc.main",
            "data.aws_availability_zones.available",
            "random_password.db_password"
          ]
        }
      ]
    },
    {
      "mode": "managed",
      "type": "aws_rds_cluster_instance",
      "name": "main",
      "provider": "provider[\"registry.terraform.io/hashicorp/aws\"]",
      "instances": [
        {
          "index_key": 0,
          "schema_version": 0,
          "attributes": {
            "apply_immediately": null,
            "arn": "arn:aws:rds:us-east-1:342597974367:db:trading-db-instance-1-synth101912382",
            "auto_minor_version_upgrade": true,
            "availability_zone": "us-east-1b",
            "ca_cert_identifier": "rds-ca-rsa2048-g1",
            "cluster_identifier": "trading-db-synth101912382",
            "copy_tags_to_snapshot": false,
            "custom_iam_instance_profile": "",
            "db_parameter_group_name": "default.aurora-postgresql14",
            "db_subnet_group_name": "db-subnet-group-synth101912382-20251119132427853100000012",
            "dbi_resource_id": "db-H3WD4V4A3M2YROALC2UO6CIO6Q",
            "endpoint": "trading-db-instance-1-synth101912382.covy6ema0nuv.us-east-1.rds.amazonaws.com",
            "engine": "aurora-postgresql",
            "engine_version": "14.6",
            "engine_version_actual": "14.6",
            "force_destroy": false,
            "id": "trading-db-instance-1-synth101912382",
            "identifier": "trading-db-instance-1-synth101912382",
            "identifier_prefix": "",
            "instance_class": "db.serverless",
            "kms_key_id": "arn:aws:kms:us-east-1:342597974367:key/40d05e47-318d-483d-9419-aa3081089944",
            "monitoring_interval": 0,
            "monitoring_role_arn": "",
            "network_type": "IPV4",
            "performance_insights_enabled": true,
            "performance_insights_kms_key_id": "arn:aws:kms:us-east-1:342597974367:key/40d05e47-318d-483d-9419-aa3081089944",
            "performance_insights_retention_period": 7,
            "port": 5432,
            "preferred_backup_window": "03:00-04:00",
            "preferred_maintenance_window": "sun:06:51-sun:07:21",
            "promotion_tier": 0,
            "publicly_accessible": false,
            "storage_encrypted": true,
            "tags": {
              "Name": "aurora-instance-1-synth101912382"
            },
            "tags_all": {
              "Environment": "dev",
              "ManagedBy": "Terraform",
              "Name": "aurora-instance-1-synth101912382",
              "Owner": "iac-qa-team",
              "Project": "trading-dashboard"
            },
            "timeouts": null,
            "writer": false
          },
          "sensitive_attributes": [],
          "private": "eyJlMmJmYjczMC1lY2FhLTExZTYtOGY4OC0zNDM2M2JjN2M0YzAiOnsiY3JlYXRlIjo1NDAwMDAwMDAwMDAwLCJkZWxldGUiOjU0MDAwMDAwMDAwMDAsInVwZGF0ZSI6NTQwMDAwMDAwMDAwMH19",
          "dependencies": [
            "aws_db_subnet_group.main",
            "aws_rds_cluster.main",
            "aws_rds_cluster_parameter_group.main",
            "aws_security_group.rds",
            "aws_subnet.database",
            "aws_vpc.main",
            "data.aws_availability_zones.available",
            "random_password.db_password"
          ]
        },
        {
          "index_key": 1,
          "schema_version": 0,
          "attributes": {
            "apply_immediately": null,
            "arn": "arn:aws:rds:us-east-1:342597974367:db:trading-db-instance-2-synth101912382",
            "auto_minor_version_upgrade": true,
            "availability_zone": "us-east-1a",
            "ca_cert_identifier": "rds-ca-rsa2048-g1",
            "cluster_identifier": "trading-db-synth101912382",
            "copy_tags_to_snapshot": false,
            "custom_iam_instance_profile": "",
            "db_parameter_group_name": "default.aurora-postgresql14",
            "db_subnet_group_name": "db-subnet-group-synth101912382-20251119132427853100000012",
            "dbi_resource_id": "db-I7B34FV5RN2O6XH2JV5FY4Z6GY",
            "endpoint": "trading-db-instance-2-synth101912382.covy6ema0nuv.us-east-1.rds.amazonaws.com",
            "engine": "aurora-postgresql",
            "engine_version": "14.6",
            "engine_version_actual": "14.6",
            "force_destroy": false,
            "id": "trading-db-instance-2-synth101912382",
            "identifier": "trading-db-instance-2-synth101912382",
            "identifier_prefix": "",
            "instance_class": "db.serverless",
            "kms_key_id": "arn:aws:kms:us-east-1:342597974367:key/40d05e47-318d-483d-9419-aa3081089944",
            "monitoring_interval": 0,
            "monitoring_role_arn": "",
            "network_type": "IPV4",
            "performance_insights_enabled": true,
            "performance_insights_kms_key_id": "arn:aws:kms:us-east-1:342597974367:key/40d05e47-318d-483d-9419-aa3081089944",
            "performance_insights_retention_period": 7,
            "port": 5432,
            "preferred_backup_window": "03:00-04:00",
            "preferred_maintenance_window": "tue:09:21-tue:09:51",
            "promotion_tier": 0,
            "publicly_accessible": false,
            "storage_encrypted": true,
            "tags": {
              "Name": "aurora-instance-2-synth101912382"
            },
            "tags_all": {
              "Environment": "dev",
              "ManagedBy": "Terraform",
              "Name": "aurora-instance-2-synth101912382",
              "Owner": "iac-qa-team",
              "Project": "trading-dashboard"
            },
            "timeouts": null,
            "writer": true
          },
          "sensitive_attributes": [],
          "private": "eyJlMmJmYjczMC1lY2FhLTExZTYtOGY4OC0zNDM2M2JjN2M0YzAiOnsiY3JlYXRlIjo1NDAwMDAwMDAwMDAwLCJkZWxldGUiOjU0MDAwMDAwMDAwMDAsInVwZGF0ZSI6NTQwMDAwMDAwMDAwMH19",
          "dependencies": [
            "aws_db_subnet_group.main",
            "aws_rds_cluster.main",
            "aws_rds_cluster_parameter_group.main",
            "aws_security_group.rds",
            "aws_subnet.database",
            "aws_vpc.main",
            "data.aws_availability_zones.available",
            "random_password.db_password"
          ]
        }
      ]
    },
    {
      "mode": "managed",
      "type": "aws_rds_cluster_parameter_group",
      "name": "main",
      "provider": "provider[\"registry.terraform.io/hashicorp/aws\"]",
      "instances": [
        {
          "schema_version": 0,
          "attributes": {
            "arn": "arn:aws:rds:us-east-1:342597974367:cluster-pg:aurora-postgres-params-synth101912382-20251119133010070200000001",
            "description": "Aurora PostgreSQL cluster parameter group",
            "family": "aurora-postgresql14",
            "id": "aurora-postgres-params-synth101912382-20251119133010070200000001",
            "name": "aurora-postgres-params-synth101912382-20251119133010070200000001",
            "name_prefix": "aurora-postgres-params-synth101912382-",
            "parameter": [
              {
                "apply_method": "immediate",
                "name": "log_connections",
                "value": "1"
              },
              {
                "apply_method": "immediate",
                "name": "log_disconnections",
                "value": "1"
              },
              {
                "apply_method": "immediate",
                "name": "rds.force_ssl",
                "value": "1"
              }
            ],
            "tags": {
              "Name": "aurora-postgres-params-synth101912382"
            },
            "tags_all": {
              "Environment": "dev",
              "ManagedBy": "Terraform",
              "Name": "aurora-postgres-params-synth101912382",
              "Owner": "iac-qa-team",
              "Project": "trading-dashboard"
            }
          },
          "sensitive_attributes": [],
          "private": "bnVsbA==",
          "create_before_destroy": true
        }
      ]
    },
    {
      "mode": "managed",
      "type": "aws_route_table",
      "name": "private",
      "provider": "provider[\"registry.terraform.io/hashicorp/aws\"]",
      "instances": [
        {
          "index_key": 0,
          "schema_version": 0,
          "attributes": {
            "arn": "arn:aws:ec2:us-east-1:342597974367:route-table/rtb-071e4107a7b2802b1",
            "id": "rtb-071e4107a7b2802b1",
            "owner_id": "342597974367",
            "propagating_vgws": [],
            "route": [
              {
                "carrier_gateway_id": "",
                "cidr_block": "0.0.0.0/0",
                "core_network_arn": "",
                "destination_prefix_list_id": "",
                "egress_only_gateway_id": "",
                "gateway_id": "",
                "ipv6_cidr_block": "",
                "local_gateway_id": "",
                "nat_gateway_id": "nat-08a98d6b3a44950e4",
                "network_interface_id": "",
                "transit_gateway_id": "",
                "vpc_endpoint_id": "",
                "vpc_peering_connection_id": ""
              }
            ],
            "tags": {
              "Name": "private-rt-1-synth101912382"
            },
            "tags_all": {
              "Environment": "dev",
              "ManagedBy": "Terraform",
              "Name": "private-rt-1-synth101912382",
              "Owner": "iac-qa-team",
              "Project": "trading-dashboard"
            },
            "timeouts": null,
            "vpc_id": "vpc-0399b6cf3033489bb"
          },
          "sensitive_attributes": [],
          "private": "eyJlMmJmYjczMC1lY2FhLTExZTYtOGY4OC0zNDM2M2JjN2M0YzAiOnsiY3JlYXRlIjozMDAwMDAwMDAwMDAsImRlbGV0ZSI6MzAwMDAwMDAwMDAwLCJ1cGRhdGUiOjEyMDAwMDAwMDAwMH19",
          "dependencies": [
            "aws_eip.nat",
            "aws_internet_gateway.main",
            "aws_nat_gateway.main",
            "aws_subnet.public",
            "aws_vpc.main",
            "data.aws_availability_zones.available"
          ]
        },
        {
          "index_key": 1,
          "schema_version": 0,
          "attributes": {
            "arn": "arn:aws:ec2:us-east-1:342597974367:route-table/rtb-0d2f21856ac171262",
            "id": "rtb-0d2f21856ac171262",
            "owner_id": "342597974367",
            "propagating_vgws": [],
            "route": [
              {
                "carrier_gateway_id": "",
                "cidr_block": "0.0.0.0/0",
                "core_network_arn": "",
                "destination_prefix_list_id": "",
                "egress_only_gateway_id": "",
                "gateway_id": "",
                "ipv6_cidr_block": "",
                "local_gateway_id": "",
                "nat_gateway_id": "nat-0093415e98cf119a5",
                "network_interface_id": "",
                "transit_gateway_id": "",
                "vpc_endpoint_id": "",
                "vpc_peering_connection_id": ""
              }
            ],
            "tags": {
              "Name": "private-rt-2-synth101912382"
            },
            "tags_all": {
              "Environment": "dev",
              "ManagedBy": "Terraform",
              "Name": "private-rt-2-synth101912382",
              "Owner": "iac-qa-team",
              "Project": "trading-dashboard"
            },
            "timeouts": null,
            "vpc_id": "vpc-0399b6cf3033489bb"
          },
          "sensitive_attributes": [],
          "private": "eyJlMmJmYjczMC1lY2FhLTExZTYtOGY4OC0zNDM2M2JjN2M0YzAiOnsiY3JlYXRlIjozMDAwMDAwMDAwMDAsImRlbGV0ZSI6MzAwMDAwMDAwMDAwLCJ1cGRhdGUiOjEyMDAwMDAwMDAwMH19",
          "dependencies": [
            "aws_eip.nat",
            "aws_internet_gateway.main",
            "aws_nat_gateway.main",
            "aws_subnet.public",
            "aws_vpc.main",
            "data.aws_availability_zones.available"
          ]
        }
      ]
    },
    {
      "mode": "managed",
      "type": "aws_route_table",
      "name": "public",
      "provider": "provider[\"registry.terraform.io/hashicorp/aws\"]",
      "instances": [
        {
          "schema_version": 0,
          "attributes": {
            "arn": "arn:aws:ec2:us-east-1:342597974367:route-table/rtb-08d10fecdfb349202",
            "id": "rtb-08d10fecdfb349202",
            "owner_id": "342597974367",
            "propagating_vgws": [],
            "route": [
              {
                "carrier_gateway_id": "",
                "cidr_block": "0.0.0.0/0",
                "core_network_arn": "",
                "destination_prefix_list_id": "",
                "egress_only_gateway_id": "",
                "gateway_id": "igw-026646d1d87d1f5c1",
                "ipv6_cidr_block": "",
                "local_gateway_id": "",
                "nat_gateway_id": "",
                "network_interface_id": "",
                "transit_gateway_id": "",
                "vpc_endpoint_id": "",
                "vpc_peering_connection_id": ""
              }
            ],
            "tags": {
              "Name": "public-rt-synth101912382"
            },
            "tags_all": {
              "Environment": "dev",
              "ManagedBy": "Terraform",
              "Name": "public-rt-synth101912382",
              "Owner": "iac-qa-team",
              "Project": "trading-dashboard"
            },
            "timeouts": null,
            "vpc_id": "vpc-0399b6cf3033489bb"
          },
          "sensitive_attributes": [],
          "private": "eyJlMmJmYjczMC1lY2FhLTExZTYtOGY4OC0zNDM2M2JjN2M0YzAiOnsiY3JlYXRlIjozMDAwMDAwMDAwMDAsImRlbGV0ZSI6MzAwMDAwMDAwMDAwLCJ1cGRhdGUiOjEyMDAwMDAwMDAwMH19",
          "dependencies": [
            "aws_internet_gateway.main",
            "aws_vpc.main"
          ]
        }
      ]
    },
    {
      "mode": "managed",
      "type": "aws_route_table_association",
      "name": "private",
      "provider": "provider[\"registry.terraform.io/hashicorp/aws\"]",
      "instances": [
        {
          "index_key": 0,
          "schema_version": 0,
          "attributes": {
            "gateway_id": "",
            "id": "rtbassoc-07c1d65d4bccb721a",
            "route_table_id": "rtb-071e4107a7b2802b1",
            "subnet_id": "subnet-08a7353a4d74409c4",
            "timeouts": null
          },
          "sensitive_attributes": [],
          "private": "eyJlMmJmYjczMC1lY2FhLTExZTYtOGY4OC0zNDM2M2JjN2M0YzAiOnsiY3JlYXRlIjozMDAwMDAwMDAwMDAsImRlbGV0ZSI6MzAwMDAwMDAwMDAwLCJ1cGRhdGUiOjEyMDAwMDAwMDAwMH19",
          "dependencies": [
            "aws_eip.nat",
            "aws_internet_gateway.main",
            "aws_nat_gateway.main",
            "aws_route_table.private",
            "aws_subnet.private",
            "aws_subnet.public",
            "aws_vpc.main",
            "data.aws_availability_zones.available"
          ]
        },
        {
          "index_key": 1,
          "schema_version": 0,
          "attributes": {
            "gateway_id": "",
            "id": "rtbassoc-0c197d9a9d556127b",
            "route_table_id": "rtb-0d2f21856ac171262",
            "subnet_id": "subnet-0cf3be27c006f0b8b",
            "timeouts": null
          },
          "sensitive_attributes": [],
          "private": "eyJlMmJmYjczMC1lY2FhLTExZTYtOGY4OC0zNDM2M2JjN2M0YzAiOnsiY3JlYXRlIjozMDAwMDAwMDAwMDAsImRlbGV0ZSI6MzAwMDAwMDAwMDAwLCJ1cGRhdGUiOjEyMDAwMDAwMDAwMH19",
          "dependencies": [
            "aws_eip.nat",
            "aws_internet_gateway.main",
            "aws_nat_gateway.main",
            "aws_route_table.private",
            "aws_subnet.private",
            "aws_subnet.public",
            "aws_vpc.main",
            "data.aws_availability_zones.available"
          ]
        }
      ]
    },
    {
      "mode": "managed",
      "type": "aws_route_table_association",
      "name": "public",
      "provider": "provider[\"registry.terraform.io/hashicorp/aws\"]",
      "instances": [
        {
          "index_key": 0,
          "schema_version": 0,
          "attributes": {
            "gateway_id": "",
            "id": "rtbassoc-0da879d01e8f5d450",
            "route_table_id": "rtb-08d10fecdfb349202",
            "subnet_id": "subnet-023b66ae412e0e334",
            "timeouts": null
          },
          "sensitive_attributes": [],
          "private": "eyJlMmJmYjczMC1lY2FhLTExZTYtOGY4OC0zNDM2M2JjN2M0YzAiOnsiY3JlYXRlIjozMDAwMDAwMDAwMDAsImRlbGV0ZSI6MzAwMDAwMDAwMDAwLCJ1cGRhdGUiOjEyMDAwMDAwMDAwMH19",
          "dependencies": [
            "aws_internet_gateway.main",
            "aws_route_table.public",
            "aws_subnet.public",
            "aws_vpc.main",
            "data.aws_availability_zones.available"
          ]
        },
        {
          "index_key": 1,
          "schema_version": 0,
          "attributes": {
            "gateway_id": "",
            "id": "rtbassoc-04ebc44e48209bcf2",
            "route_table_id": "rtb-08d10fecdfb349202",
            "subnet_id": "subnet-020fd16bb20499480",
            "timeouts": null
          },
          "sensitive_attributes": [],
          "private": "eyJlMmJmYjczMC1lY2FhLTExZTYtOGY4OC0zNDM2M2JjN2M0YzAiOnsiY3JlYXRlIjozMDAwMDAwMDAwMDAsImRlbGV0ZSI6MzAwMDAwMDAwMDAwLCJ1cGRhdGUiOjEyMDAwMDAwMDAwMH19",
          "dependencies": [
            "aws_internet_gateway.main",
            "aws_route_table.public",
            "aws_subnet.public",
            "aws_vpc.main",
            "data.aws_availability_zones.available"
          ]
        }
      ]
    },
    {
      "mode": "managed",
      "type": "aws_secretsmanager_secret",
      "name": "db_credentials",
      "provider": "provider[\"registry.terraform.io/hashicorp/aws\"]",
      "instances": [
        {
          "schema_version": 0,
          "attributes": {
            "arn": "arn:aws:secretsmanager:us-east-1:342597974367:secret:db-credentials-synth101912382-20251119132407564400000002-RpdIR5",
            "description": "Database credentials for trading dashboard",
            "force_overwrite_replica_secret": false,
            "id": "arn:aws:secretsmanager:us-east-1:342597974367:secret:db-credentials-synth101912382-20251119132407564400000002-RpdIR5",
            "kms_key_id": "",
            "name": "db-credentials-synth101912382-20251119132407564400000002",
            "name_prefix": "db-credentials-synth101912382-",
            "policy": "",
            "recovery_window_in_days": 0,
            "replica": [],
            "tags": {
              "Name": "db-credentials-synth101912382"
            },
            "tags_all": {
              "Environment": "dev",
              "ManagedBy": "Terraform",
              "Name": "db-credentials-synth101912382",
              "Owner": "iac-qa-team",
              "Project": "trading-dashboard"
            }
          },
          "sensitive_attributes": [],
          "private": "bnVsbA=="
        }
      ]
    },
    {
      "mode": "managed",
      "type": "aws_secretsmanager_secret_rotation",
      "name": "db_credentials",
      "provider": "provider[\"registry.terraform.io/hashicorp/aws\"]",
      "instances": [
        {
          "schema_version": 1,
          "attributes": {
            "id": "arn:aws:secretsmanager:us-east-1:342597974367:secret:db-credentials-synth101912382-20251119132407564400000002-RpdIR5",
            "rotate_immediately": true,
            "rotation_enabled": true,
            "rotation_lambda_arn": "arn:aws:lambda:us-east-1:342597974367:function:secrets-rotation-synth101912382",
            "rotation_rules": [
              {
                "automatically_after_days": 30,
                "duration": "",
                "schedule_expression": ""
              }
            ],
            "secret_id": "arn:aws:secretsmanager:us-east-1:342597974367:secret:db-credentials-synth101912382-20251119132407564400000002-RpdIR5"
          },
          "sensitive_attributes": [],
          "private": "eyJzY2hlbWFfdmVyc2lvbiI6IjEifQ==",
          "dependencies": [
            "aws_iam_role.lambda_secrets_rotation",
            "aws_lambda_function.secrets_rotation",
            "aws_secretsmanager_secret.db_credentials",
            "aws_security_group.lambda_rotation",
            "aws_subnet.private",
            "aws_vpc.main",
            "data.archive_file.secrets_rotation",
            "data.aws_availability_zones.available"
          ]
        }
      ]
    },
    {
      "mode": "managed",
      "type": "aws_secretsmanager_secret_version",
      "name": "db_credentials",
      "provider": "provider[\"registry.terraform.io/hashicorp/aws\"]",
      "instances": [
        {
          "schema_version": 0,
          "attributes": {
            "arn": "arn:aws:secretsmanager:us-east-1:342597974367:secret:db-credentials-synth101912382-20251119132407564400000002-RpdIR5",
            "has_secret_string_wo": null,
            "id": "arn:aws:secretsmanager:us-east-1:342597974367:secret:db-credentials-synth101912382-20251119132407564400000002-RpdIR5|terraform-20251119133046178200000003",
            "secret_binary": "",
            "secret_id": "arn:aws:secretsmanager:us-east-1:342597974367:secret:db-credentials-synth101912382-20251119132407564400000002-RpdIR5",
            "secret_string": "{\"dbname\":\"tradingdb\",\"engine\":\"postgres\",\"host\":\"trading-db-synth101912382.cluster-covy6ema0nuv.us-east-1.rds.amazonaws.com\",\"password\":\"8sCpTvrj=xU9\\u003c{BV1:k6+_JvV\\u003es#\\u0026DEF\",\"port\":5432,\"username\":\"dbadmin\"}",
            "secret_string_wo": null,
            "secret_string_wo_version": null,
            "version_id": "terraform-20251119133046178200000003",
            "version_stages": [
              "AWSCURRENT"
            ]
          },
          "sensitive_attributes": [
            [
              {
                "type": "get_attr",
                "value": "secret_string"
              }
            ],
            [
              {
                "type": "get_attr",
                "value": "secret_string_wo"
              }
            ],
            [
              {
                "type": "get_attr",
                "value": "secret_binary"
              }
            ]
          ],
          "private": "bnVsbA==",
          "dependencies": [
            "aws_db_subnet_group.main",
            "aws_rds_cluster.main",
            "aws_rds_cluster_parameter_group.main",
            "aws_secretsmanager_secret.db_credentials",
            "aws_security_group.rds",
            "aws_subnet.database",
            "aws_vpc.main",
            "data.aws_availability_zones.available",
            "random_password.db_password"
          ]
        }
      ]
    },
    {
      "mode": "managed",
      "type": "aws_security_group",
      "name": "alb",
      "provider": "provider[\"registry.terraform.io/hashicorp/aws\"]",
      "instances": [
        {
          "schema_version": 1,
          "attributes": {
            "arn": "arn:aws:ec2:us-east-1:342597974367:security-group/sg-00d7d2062f40317c7",
            "description": "Security group for Application Load Balancer",
            "egress": [
              {
                "cidr_blocks": [
                  "10.0.0.0/16"
                ],
                "description": "All outbound traffic",
                "from_port": 0,
                "ipv6_cidr_blocks": [],
                "prefix_list_ids": [],
                "protocol": "tcp",
                "security_groups": [],
                "self": false,
                "to_port": 65535
              }
            ],
            "id": "sg-00d7d2062f40317c7",
            "ingress": [
              {
                "cidr_blocks": [
                  "0.0.0.0/0"
                ],
                "description": "HTTP from Internet",
                "from_port": 80,
                "ipv6_cidr_blocks": [],
                "prefix_list_ids": [],
                "protocol": "tcp",
                "security_groups": [],
                "self": false,
                "to_port": 80
              },
              {
                "cidr_blocks": [
                  "0.0.0.0/0"
                ],
                "description": "HTTPS from Internet",
                "from_port": 443,
                "ipv6_cidr_blocks": [],
                "prefix_list_ids": [],
                "protocol": "tcp",
                "security_groups": [],
                "self": false,
                "to_port": 443
              }
            ],
            "name": "alb-sg-synth101912382-20251119132424455100000010",
            "name_prefix": "alb-sg-synth101912382-",
            "owner_id": "342597974367",
            "revoke_rules_on_delete": false,
            "tags": {
              "Name": "alb-sg-synth101912382"
            },
            "tags_all": {
              "Environment": "dev",
              "ManagedBy": "Terraform",
              "Name": "alb-sg-synth101912382",
              "Owner": "iac-qa-team",
              "Project": "trading-dashboard"
            },
            "timeouts": null,
            "vpc_id": "vpc-0399b6cf3033489bb"
          },
          "sensitive_attributes": [],
          "private": "eyJlMmJmYjczMC1lY2FhLTExZTYtOGY4OC0zNDM2M2JjN2M0YzAiOnsiY3JlYXRlIjo2MDAwMDAwMDAwMDAsImRlbGV0ZSI6OTAwMDAwMDAwMDAwfSwic2NoZW1hX3ZlcnNpb24iOiIxIn0=",
          "dependencies": [
            "aws_vpc.main"
          ],
          "create_before_destroy": true
        }
      ]
    },
    {
      "mode": "managed",
      "type": "aws_security_group",
      "name": "ecs_tasks",
      "provider": "provider[\"registry.terraform.io/hashicorp/aws\"]",
      "instances": [
        {
          "schema_version": 1,
          "attributes": {
            "arn": "arn:aws:ec2:us-east-1:342597974367:security-group/sg-017afadb913b9a9ca",
            "description": "Security group for ECS tasks",
            "egress": [
              {
                "cidr_blocks": [
                  "0.0.0.0/0"
                ],
                "description": "HTTP to Internet",
                "from_port": 80,
                "ipv6_cidr_blocks": [],
                "prefix_list_ids": [],
                "protocol": "tcp",
                "security_groups": [],
                "self": false,
                "to_port": 80
              },
              {
                "cidr_blocks": [
                  "0.0.0.0/0"
                ],
                "description": "HTTPS to Internet",
                "from_port": 443,
                "ipv6_cidr_blocks": [],
                "prefix_list_ids": [],
                "protocol": "tcp",
                "security_groups": [],
                "self": false,
                "to_port": 443
              }
            ],
            "id": "sg-017afadb913b9a9ca",
            "ingress": [
              {
                "cidr_blocks": [],
                "description": "Traffic from ALB",
                "from_port": 80,
                "ipv6_cidr_blocks": [],
                "prefix_list_ids": [],
                "protocol": "tcp",
                "security_groups": [
                  "sg-00d7d2062f40317c7"
                ],
                "self": false,
                "to_port": 80
              }
            ],
            "name": "ecs-tasks-sg-synth101912382-20251119132428899900000013",
            "name_prefix": "ecs-tasks-sg-synth101912382-",
            "owner_id": "342597974367",
            "revoke_rules_on_delete": false,
            "tags": {
              "Name": "ecs-tasks-sg-synth101912382"
            },
            "tags_all": {
              "Environment": "dev",
              "ManagedBy": "Terraform",
              "Name": "ecs-tasks-sg-synth101912382",
              "Owner": "iac-qa-team",
              "Project": "trading-dashboard"
            },
            "timeouts": null,
            "vpc_id": "vpc-0399b6cf3033489bb"
          },
          "sensitive_attributes": [],
          "private": "eyJlMmJmYjczMC1lY2FhLTExZTYtOGY4OC0zNDM2M2JjN2M0YzAiOnsiY3JlYXRlIjo2MDAwMDAwMDAwMDAsImRlbGV0ZSI6OTAwMDAwMDAwMDAwfSwic2NoZW1hX3ZlcnNpb24iOiIxIn0=",
          "dependencies": [
            "aws_security_group.alb",
            "aws_vpc.main"
          ],
          "create_before_destroy": true
        }
      ]
    },
    {
      "mode": "managed",
      "type": "aws_security_group",
      "name": "lambda_rotation",
      "provider": "provider[\"registry.terraform.io/hashicorp/aws\"]",
      "instances": [
        {
          "schema_version": 1,
          "attributes": {
            "arn": "arn:aws:ec2:us-east-1:342597974367:security-group/sg-080185e698cea81f3",
            "description": "Security group for Lambda secrets rotation",
            "egress": [
              {
                "cidr_blocks": [
                  "0.0.0.0/0"
                ],
                "description": "HTTPS to Secrets Manager",
                "from_port": 443,
                "ipv6_cidr_blocks": [],
                "prefix_list_ids": [],
                "protocol": "tcp",
                "security_groups": [],
                "self": false,
                "to_port": 443
              }
            ],
            "id": "sg-080185e698cea81f3",
            "ingress": [],
            "name": "lambda-rotation-sg-synth101912382-2025111913242440230000000f",
            "name_prefix": "lambda-rotation-sg-synth101912382-",
            "owner_id": "342597974367",
            "revoke_rules_on_delete": false,
            "tags": {
              "Name": "lambda-rotation-sg-synth101912382"
            },
            "tags_all": {
              "Environment": "dev",
              "ManagedBy": "Terraform",
              "Name": "lambda-rotation-sg-synth101912382",
              "Owner": "iac-qa-team",
              "Project": "trading-dashboard"
            },
            "timeouts": null,
            "vpc_id": "vpc-0399b6cf3033489bb"
          },
          "sensitive_attributes": [],
          "private": "eyJlMmJmYjczMC1lY2FhLTExZTYtOGY4OC0zNDM2M2JjN2M0YzAiOnsiY3JlYXRlIjo2MDAwMDAwMDAwMDAsImRlbGV0ZSI6OTAwMDAwMDAwMDAwfSwic2NoZW1hX3ZlcnNpb24iOiIxIn0=",
          "dependencies": [
            "aws_vpc.main"
          ],
          "create_before_destroy": true
        }
      ]
    },
    {
      "mode": "managed",
      "type": "aws_security_group",
      "name": "rds",
      "provider": "provider[\"registry.terraform.io/hashicorp/aws\"]",
      "instances": [
        {
          "schema_version": 1,
          "attributes": {
            "arn": "arn:aws:ec2:us-east-1:342597974367:security-group/sg-0bf8bcf8667c96318",
            "description": "Security group for RDS Aurora PostgreSQL",
            "egress": [],
            "id": "sg-0bf8bcf8667c96318",
            "ingress": [
              {
                "cidr_blocks": [],
                "description": "PostgreSQL from ECS tasks",
                "from_port": 5432,
                "ipv6_cidr_blocks": [],
                "prefix_list_ids": [],
                "protocol": "tcp",
                "security_groups": [
                  "sg-017afadb913b9a9ca"
                ],
                "self": false,
                "to_port": 5432
              }
            ],
            "name": "rds-sg-synth101912382-2025111913242215750000000c",
            "name_prefix": "rds-sg-synth101912382-",
            "owner_id": "342597974367",
            "revoke_rules_on_delete": false,
            "tags": {
              "Name": "rds-sg-synth101912382"
            },
            "tags_all": {
              "Environment": "dev",
              "ManagedBy": "Terraform",
              "Name": "rds-sg-synth101912382",
              "Owner": "iac-qa-team",
              "Project": "trading-dashboard"
            },
            "timeouts": null,
            "vpc_id": "vpc-0399b6cf3033489bb"
          },
          "sensitive_attributes": [],
          "private": "eyJlMmJmYjczMC1lY2FhLTExZTYtOGY4OC0zNDM2M2JjN2M0YzAiOnsiY3JlYXRlIjo2MDAwMDAwMDAwMDAsImRlbGV0ZSI6OTAwMDAwMDAwMDAwfSwic2NoZW1hX3ZlcnNpb24iOiIxIn0=",
          "dependencies": [
            "aws_vpc.main"
          ],
          "create_before_destroy": true
        }
      ]
    },
    {
      "mode": "managed",
      "type": "aws_security_group_rule",
      "name": "ecs_to_rds",
      "provider": "provider[\"registry.terraform.io/hashicorp/aws\"]",
      "instances": [
        {
          "schema_version": 2,
          "attributes": {
            "cidr_blocks": null,
            "description": "PostgreSQL to RDS",
            "from_port": 5432,
            "id": "sgrule-3756167271",
            "ipv6_cidr_blocks": null,
            "prefix_list_ids": null,
            "protocol": "tcp",
            "security_group_id": "sg-017afadb913b9a9ca",
            "security_group_rule_id": "sgr-0b61e0a5e4f3b06a3",
            "self": false,
            "source_security_group_id": "sg-0bf8bcf8667c96318",
            "timeouts": null,
            "to_port": 5432,
            "type": "egress"
          },
          "sensitive_attributes": [],
          "private": "eyJlMmJmYjczMC1lY2FhLTExZTYtOGY4OC0zNDM2M2JjN2M0YzAiOnsiY3JlYXRlIjozMDAwMDAwMDAwMDB9LCJzY2hlbWFfdmVyc2lvbiI6IjIifQ==",
          "dependencies": [
            "aws_security_group.alb",
            "aws_security_group.ecs_tasks",
            "aws_security_group.rds",
            "aws_vpc.main"
          ]
        }
      ]
    },
    {
      "mode": "managed",
      "type": "aws_security_group_rule",
      "name": "rds_from_ecs",
      "provider": "provider[\"registry.terraform.io/hashicorp/aws\"]",
      "instances": [
        {
          "schema_version": 2,
          "attributes": {
            "cidr_blocks": null,
            "description": "PostgreSQL from ECS tasks",
            "from_port": 5432,
            "id": "sgrule-2691060051",
            "ipv6_cidr_blocks": null,
            "prefix_list_ids": null,
            "protocol": "tcp",
            "security_group_id": "sg-0bf8bcf8667c96318",
            "security_group_rule_id": "sgr-0d9e1893211215d4a",
            "self": false,
            "source_security_group_id": "sg-017afadb913b9a9ca",
            "timeouts": null,
            "to_port": 5432,
            "type": "ingress"
          },
          "sensitive_attributes": [],
          "private": "eyJlMmJmYjczMC1lY2FhLTExZTYtOGY4OC0zNDM2M2JjN2M0YzAiOnsiY3JlYXRlIjozMDAwMDAwMDAwMDB9LCJzY2hlbWFfdmVyc2lvbiI6IjIifQ==",
          "dependencies": [
            "aws_security_group.alb",
            "aws_security_group.ecs_tasks",
            "aws_security_group.rds",
            "aws_vpc.main"
          ]
        }
      ]
    },
    {
      "mode": "managed",
      "type": "aws_sns_topic",
      "name": "alerts",
      "provider": "provider[\"registry.terraform.io/hashicorp/aws\"]",
      "instances": [
        {
          "schema_version": 0,
          "attributes": {
            "application_failure_feedback_role_arn": "",
            "application_success_feedback_role_arn": "",
            "application_success_feedback_sample_rate": 0,
            "archive_policy": "",
            "arn": "arn:aws:sns:us-east-1:342597974367:trading-dashboard-alerts-synth101912382",
            "beginning_archive_time": "",
            "content_based_deduplication": false,
            "delivery_policy": "",
            "display_name": "",
            "fifo_throughput_scope": "",
            "fifo_topic": false,
            "firehose_failure_feedback_role_arn": "",
            "firehose_success_feedback_role_arn": "",
            "firehose_success_feedback_sample_rate": 0,
            "http_failure_feedback_role_arn": "",
            "http_success_feedback_role_arn": "",
            "http_success_feedback_sample_rate": 0,
            "id": "arn:aws:sns:us-east-1:342597974367:trading-dashboard-alerts-synth101912382",
            "kms_master_key_id": "",
            "lambda_failure_feedback_role_arn": "",
            "lambda_success_feedback_role_arn": "",
            "lambda_success_feedback_sample_rate": 0,
            "name": "trading-dashboard-alerts-synth101912382",
            "name_prefix": "",
            "owner": "342597974367",
            "policy": "{\"Id\":\"__default_policy_ID\",\"Statement\":[{\"Action\":[\"SNS:GetTopicAttributes\",\"SNS:SetTopicAttributes\",\"SNS:AddPermission\",\"SNS:RemovePermission\",\"SNS:DeleteTopic\",\"SNS:Subscribe\",\"SNS:ListSubscriptionsByTopic\",\"SNS:Publish\"],\"Condition\":{\"StringEquals\":{\"AWS:SourceOwner\":\"342597974367\"}},\"Effect\":\"Allow\",\"Principal\":{\"AWS\":\"*\"},\"Resource\":\"arn:aws:sns:us-east-1:342597974367:trading-dashboard-alerts-synth101912382\",\"Sid\":\"__default_statement_ID\"}],\"Version\":\"2008-10-17\"}",
            "signature_version": 0,
            "sqs_failure_feedback_role_arn": "",
            "sqs_success_feedback_role_arn": "",
            "sqs_success_feedback_sample_rate": 0,
            "tags": {
              "Name": "alerts-topic-synth101912382"
            },
            "tags_all": {
              "Environment": "dev",
              "ManagedBy": "Terraform",
              "Name": "alerts-topic-synth101912382",
              "Owner": "iac-qa-team",
              "Project": "trading-dashboard"
            },
            "tracing_config": ""
          },
          "sensitive_attributes": [],
          "private": "bnVsbA=="
        }
      ]
    },
    {
      "mode": "managed",
      "type": "aws_subnet",
      "name": "database",
      "provider": "provider[\"registry.terraform.io/hashicorp/aws\"]",
      "instances": [
        {
          "index_key": 0,
          "schema_version": 1,
          "attributes": {
            "arn": "arn:aws:ec2:us-east-1:342597974367:subnet/subnet-06d3e473e40a8a22b",
            "assign_ipv6_address_on_creation": false,
            "availability_zone": "us-east-1a",
            "availability_zone_id": "use1-az1",
            "cidr_block": "10.0.4.0/24",
            "customer_owned_ipv4_pool": "",
            "enable_dns64": false,
            "enable_lni_at_device_index": 0,
            "enable_resource_name_dns_a_record_on_launch": false,
            "enable_resource_name_dns_aaaa_record_on_launch": false,
            "id": "subnet-06d3e473e40a8a22b",
            "ipv6_cidr_block": "",
            "ipv6_cidr_block_association_id": "",
            "ipv6_native": false,
            "map_customer_owned_ip_on_launch": false,
            "map_public_ip_on_launch": false,
            "outpost_arn": "",
            "owner_id": "342597974367",
            "private_dns_hostname_type_on_launch": "ip-name",
            "tags": {
              "Name": "database-subnet-1-synth101912382",
              "Type": "database"
            },
            "tags_all": {
              "Environment": "dev",
              "ManagedBy": "Terraform",
              "Name": "database-subnet-1-synth101912382",
              "Owner": "iac-qa-team",
              "Project": "trading-dashboard",
              "Type": "database"
            },
            "timeouts": null,
            "vpc_id": "vpc-0399b6cf3033489bb"
          },
          "sensitive_attributes": [],
          "private": "eyJlMmJmYjczMC1lY2FhLTExZTYtOGY4OC0zNDM2M2JjN2M0YzAiOnsiY3JlYXRlIjo2MDAwMDAwMDAwMDAsImRlbGV0ZSI6MTIwMDAwMDAwMDAwMH0sInNjaGVtYV92ZXJzaW9uIjoiMSJ9",
          "dependencies": [
            "aws_vpc.main",
            "data.aws_availability_zones.available"
          ]
        },
        {
          "index_key": 1,
          "schema_version": 1,
          "attributes": {
            "arn": "arn:aws:ec2:us-east-1:342597974367:subnet/subnet-0f620ef41f2c1a024",
            "assign_ipv6_address_on_creation": false,
            "availability_zone": "us-east-1b",
            "availability_zone_id": "use1-az2",
            "cidr_block": "10.0.5.0/24",
            "customer_owned_ipv4_pool": "",
            "enable_dns64": false,
            "enable_lni_at_device_index": 0,
            "enable_resource_name_dns_a_record_on_launch": false,
            "enable_resource_name_dns_aaaa_record_on_launch": false,
            "id": "subnet-0f620ef41f2c1a024",
            "ipv6_cidr_block": "",
            "ipv6_cidr_block_association_id": "",
            "ipv6_native": false,
            "map_customer_owned_ip_on_launch": false,
            "map_public_ip_on_launch": false,
            "outpost_arn": "",
            "owner_id": "342597974367",
            "private_dns_hostname_type_on_launch": "ip-name",
            "tags": {
              "Name": "database-subnet-2-synth101912382",
              "Type": "database"
            },
            "tags_all": {
              "Environment": "dev",
              "ManagedBy": "Terraform",
              "Name": "database-subnet-2-synth101912382",
              "Owner": "iac-qa-team",
              "Project": "trading-dashboard",
              "Type": "database"
            },
            "timeouts": null,
            "vpc_id": "vpc-0399b6cf3033489bb"
          },
          "sensitive_attributes": [],
          "private": "eyJlMmJmYjczMC1lY2FhLTExZTYtOGY4OC0zNDM2M2JjN2M0YzAiOnsiY3JlYXRlIjo2MDAwMDAwMDAwMDAsImRlbGV0ZSI6MTIwMDAwMDAwMDAwMH0sInNjaGVtYV92ZXJzaW9uIjoiMSJ9",
          "dependencies": [
            "aws_vpc.main",
            "data.aws_availability_zones.available"
          ]
        }
      ]
    },
    {
      "mode": "managed",
      "type": "aws_subnet",
      "name": "private",
      "provider": "provider[\"registry.terraform.io/hashicorp/aws\"]",
      "instances": [
        {
          "index_key": 0,
          "schema_version": 1,
          "attributes": {
            "arn": "arn:aws:ec2:us-east-1:342597974367:subnet/subnet-08a7353a4d74409c4",
            "assign_ipv6_address_on_creation": false,
            "availability_zone": "us-east-1a",
            "availability_zone_id": "use1-az1",
            "cidr_block": "10.0.2.0/24",
            "customer_owned_ipv4_pool": "",
            "enable_dns64": false,
            "enable_lni_at_device_index": 0,
            "enable_resource_name_dns_a_record_on_launch": false,
            "enable_resource_name_dns_aaaa_record_on_launch": false,
            "id": "subnet-08a7353a4d74409c4",
            "ipv6_cidr_block": "",
            "ipv6_cidr_block_association_id": "",
            "ipv6_native": false,
            "map_customer_owned_ip_on_launch": false,
            "map_public_ip_on_launch": false,
            "outpost_arn": "",
            "owner_id": "342597974367",
            "private_dns_hostname_type_on_launch": "ip-name",
            "tags": {
              "Name": "private-subnet-1-synth101912382",
              "Type": "private"
            },
            "tags_all": {
              "Environment": "dev",
              "ManagedBy": "Terraform",
              "Name": "private-subnet-1-synth101912382",
              "Owner": "iac-qa-team",
              "Project": "trading-dashboard",
              "Type": "private"
            },
            "timeouts": null,
            "vpc_id": "vpc-0399b6cf3033489bb"
          },
          "sensitive_attributes": [],
          "private": "eyJlMmJmYjczMC1lY2FhLTExZTYtOGY4OC0zNDM2M2JjN2M0YzAiOnsiY3JlYXRlIjo2MDAwMDAwMDAwMDAsImRlbGV0ZSI6MTIwMDAwMDAwMDAwMH0sInNjaGVtYV92ZXJzaW9uIjoiMSJ9",
          "dependencies": [
            "aws_vpc.main",
            "data.aws_availability_zones.available"
          ]
        },
        {
          "index_key": 1,
          "schema_version": 1,
          "attributes": {
            "arn": "arn:aws:ec2:us-east-1:342597974367:subnet/subnet-0cf3be27c006f0b8b",
            "assign_ipv6_address_on_creation": false,
            "availability_zone": "us-east-1b",
            "availability_zone_id": "use1-az2",
            "cidr_block": "10.0.3.0/24",
            "customer_owned_ipv4_pool": "",
            "enable_dns64": false,
            "enable_lni_at_device_index": 0,
            "enable_resource_name_dns_a_record_on_launch": false,
            "enable_resource_name_dns_aaaa_record_on_launch": false,
            "id": "subnet-0cf3be27c006f0b8b",
            "ipv6_cidr_block": "",
            "ipv6_cidr_block_association_id": "",
            "ipv6_native": false,
            "map_customer_owned_ip_on_launch": false,
            "map_public_ip_on_launch": false,
            "outpost_arn": "",
            "owner_id": "342597974367",
            "private_dns_hostname_type_on_launch": "ip-name",
            "tags": {
              "Name": "private-subnet-2-synth101912382",
              "Type": "private"
            },
            "tags_all": {
              "Environment": "dev",
              "ManagedBy": "Terraform",
              "Name": "private-subnet-2-synth101912382",
              "Owner": "iac-qa-team",
              "Project": "trading-dashboard",
              "Type": "private"
            },
            "timeouts": null,
            "vpc_id": "vpc-0399b6cf3033489bb"
          },
          "sensitive_attributes": [],
          "private": "eyJlMmJmYjczMC1lY2FhLTExZTYtOGY4OC0zNDM2M2JjN2M0YzAiOnsiY3JlYXRlIjo2MDAwMDAwMDAwMDAsImRlbGV0ZSI6MTIwMDAwMDAwMDAwMH0sInNjaGVtYV92ZXJzaW9uIjoiMSJ9",
          "dependencies": [
            "aws_vpc.main",
            "data.aws_availability_zones.available"
          ]
        }
      ]
    },
    {
      "mode": "managed",
      "type": "aws_subnet",
      "name": "public",
      "provider": "provider[\"registry.terraform.io/hashicorp/aws\"]",
      "instances": [
        {
          "index_key": 0,
          "schema_version": 1,
          "attributes": {
            "arn": "arn:aws:ec2:us-east-1:342597974367:subnet/subnet-023b66ae412e0e334",
            "assign_ipv6_address_on_creation": false,
            "availability_zone": "us-east-1a",
            "availability_zone_id": "use1-az1",
            "cidr_block": "10.0.0.0/24",
            "customer_owned_ipv4_pool": "",
            "enable_dns64": false,
            "enable_lni_at_device_index": 0,
            "enable_resource_name_dns_a_record_on_launch": false,
            "enable_resource_name_dns_aaaa_record_on_launch": false,
            "id": "subnet-023b66ae412e0e334",
            "ipv6_cidr_block": "",
            "ipv6_cidr_block_association_id": "",
            "ipv6_native": false,
            "map_customer_owned_ip_on_launch": false,
            "map_public_ip_on_launch": true,
            "outpost_arn": "",
            "owner_id": "342597974367",
            "private_dns_hostname_type_on_launch": "ip-name",
            "tags": {
              "Name": "public-subnet-1-synth101912382",
              "Type": "public"
            },
            "tags_all": {
              "Environment": "dev",
              "ManagedBy": "Terraform",
              "Name": "public-subnet-1-synth101912382",
              "Owner": "iac-qa-team",
              "Project": "trading-dashboard",
              "Type": "public"
            },
            "timeouts": null,
            "vpc_id": "vpc-0399b6cf3033489bb"
          },
          "sensitive_attributes": [],
          "private": "eyJlMmJmYjczMC1lY2FhLTExZTYtOGY4OC0zNDM2M2JjN2M0YzAiOnsiY3JlYXRlIjo2MDAwMDAwMDAwMDAsImRlbGV0ZSI6MTIwMDAwMDAwMDAwMH0sInNjaGVtYV92ZXJzaW9uIjoiMSJ9",
          "dependencies": [
            "aws_vpc.main",
            "data.aws_availability_zones.available"
          ]
        },
        {
          "index_key": 1,
          "schema_version": 1,
          "attributes": {
            "arn": "arn:aws:ec2:us-east-1:342597974367:subnet/subnet-020fd16bb20499480",
            "assign_ipv6_address_on_creation": false,
            "availability_zone": "us-east-1b",
            "availability_zone_id": "use1-az2",
            "cidr_block": "10.0.1.0/24",
            "customer_owned_ipv4_pool": "",
            "enable_dns64": false,
            "enable_lni_at_device_index": 0,
            "enable_resource_name_dns_a_record_on_launch": false,
            "enable_resource_name_dns_aaaa_record_on_launch": false,
            "id": "subnet-020fd16bb20499480",
            "ipv6_cidr_block": "",
            "ipv6_cidr_block_association_id": "",
            "ipv6_native": false,
            "map_customer_owned_ip_on_launch": false,
            "map_public_ip_on_launch": true,
            "outpost_arn": "",
            "owner_id": "342597974367",
            "private_dns_hostname_type_on_launch": "ip-name",
            "tags": {
              "Name": "public-subnet-2-synth101912382",
              "Type": "public"
            },
            "tags_all": {
              "Environment": "dev",
              "ManagedBy": "Terraform",
              "Name": "public-subnet-2-synth101912382",
              "Owner": "iac-qa-team",
              "Project": "trading-dashboard",
              "Type": "public"
            },
            "timeouts": null,
            "vpc_id": "vpc-0399b6cf3033489bb"
          },
          "sensitive_attributes": [],
          "private": "eyJlMmJmYjczMC1lY2FhLTExZTYtOGY4OC0zNDM2M2JjN2M0YzAiOnsiY3JlYXRlIjo2MDAwMDAwMDAwMDAsImRlbGV0ZSI6MTIwMDAwMDAwMDAwMH0sInNjaGVtYV92ZXJzaW9uIjoiMSJ9",
          "dependencies": [
            "aws_vpc.main",
            "data.aws_availability_zones.available"
          ]
        }
      ]
    },
    {
      "mode": "managed",
      "type": "aws_vpc",
      "name": "main",
      "provider": "provider[\"registry.terraform.io/hashicorp/aws\"]",
      "instances": [
        {
          "schema_version": 1,
          "attributes": {
            "arn": "arn:aws:ec2:us-east-1:342597974367:vpc/vpc-0399b6cf3033489bb",
            "assign_generated_ipv6_cidr_block": false,
            "cidr_block": "10.0.0.0/16",
            "default_network_acl_id": "acl-0af753a3a8e288602",
            "default_route_table_id": "rtb-032873eb14b06a4c8",
            "default_security_group_id": "sg-0ea79bbd6ca5d5994",
            "dhcp_options_id": "dopt-096ea572b45cebc14",
            "enable_dns_hostnames": true,
            "enable_dns_support": true,
            "enable_network_address_usage_metrics": false,
            "id": "vpc-0399b6cf3033489bb",
            "instance_tenancy": "default",
            "ipv4_ipam_pool_id": null,
            "ipv4_netmask_length": null,
            "ipv6_association_id": "",
            "ipv6_cidr_block": "",
            "ipv6_cidr_block_network_border_group": "",
            "ipv6_ipam_pool_id": "",
            "ipv6_netmask_length": 0,
            "main_route_table_id": "rtb-032873eb14b06a4c8",
            "owner_id": "342597974367",
            "tags": {
              "Name": "vpc-synth101912382"
            },
            "tags_all": {
              "Environment": "dev",
              "ManagedBy": "Terraform",
              "Name": "vpc-synth101912382",
              "Owner": "iac-qa-team",
              "Project": "trading-dashboard"
            }
          },
          "sensitive_attributes": [],
          "private": "eyJzY2hlbWFfdmVyc2lvbiI6IjEifQ==",
          "create_before_destroy": true
        }
      ]
    },
    {
      "mode": "managed",
      "type": "aws_wafv2_web_acl",
      "name": "main",
      "provider": "provider[\"registry.terraform.io/hashicorp/aws\"]",
      "instances": [
        {
          "schema_version": 0,
          "attributes": {
            "application_integration_url": "",
            "arn": "arn:aws:wafv2:us-east-1:342597974367:regional/webacl/waf-acl-synth101912382/07628b16-abfc-438f-a156-c287f8ab4b8a",
            "association_config": [],
            "capacity": 402,
            "captcha_config": [],
            "challenge_config": [],
            "custom_response_body": [],
            "data_protection_config": [],
            "default_action": [
              {
                "allow": [
                  {
                    "custom_request_handling": []
                  }
                ],
                "block": []
              }
            ],
            "description": "",
            "id": "07628b16-abfc-438f-a156-c287f8ab4b8a",
            "lock_token": "3bf7d82c-46ad-4bfe-a667-49bb7dc3b2d8",
            "name": "waf-acl-synth101912382",
            "name_prefix": "",
            "rule": [
              {
                "action": [
                  {
                    "allow": [],
                    "block": [
                      {
                        "custom_response": []
                      }
                    ],
                    "captcha": [],
                    "challenge": [],
                    "count": []
                  }
                ],
                "captcha_config": [],
                "challenge_config": [],
                "name": "rate-limiting",
                "override_action": [],
                "priority": 3,
                "rule_label": [],
                "statement": [
                  {
                    "and_statement": [],
                    "asn_match_statement": [],
                    "byte_match_statement": [],
                    "geo_match_statement": [],
                    "ip_set_reference_statement": [],
                    "label_match_statement": [],
                    "managed_rule_group_statement": [],
                    "not_statement": [],
                    "or_statement": [],
                    "rate_based_statement": [
                      {
                        "aggregate_key_type": "IP",
                        "custom_key": [],
                        "evaluation_window_sec": 300,
                        "forwarded_ip_config": [],
                        "limit": 2000,
                        "scope_down_statement": []
                      }
                    ],
                    "regex_match_statement": [],
                    "regex_pattern_set_reference_statement": [],
                    "rule_group_reference_statement": [],
                    "size_constraint_statement": [],
                    "sqli_match_statement": [],
                    "xss_match_statement": []
                  }
                ],
                "visibility_config": [
                  {
                    "cloudwatch_metrics_enabled": true,
                    "metric_name": "rate-limiting-synth101912382",
                    "sampled_requests_enabled": true
                  }
                ]
              },
              {
                "action": [],
                "captcha_config": [],
                "challenge_config": [],
                "name": "sql-injection-protection",
                "override_action": [
                  {
                    "count": [],
                    "none": [
                      {}
                    ]
                  }
                ],
                "priority": 1,
                "rule_label": [],
                "statement": [
                  {
                    "and_statement": [],
                    "asn_match_statement": [],
                    "byte_match_statement": [],
                    "geo_match_statement": [],
                    "ip_set_reference_statement": [],
                    "label_match_statement": [],
                    "managed_rule_group_statement": [
                      {
                        "managed_rule_group_configs": [],
                        "name": "AWSManagedRulesSQLiRuleSet",
                        "rule_action_override": [],
                        "scope_down_statement": [],
                        "vendor_name": "AWS",
                        "version": ""
                      }
                    ],
                    "not_statement": [],
                    "or_statement": [],
                    "rate_based_statement": [],
                    "regex_match_statement": [],
                    "regex_pattern_set_reference_statement": [],
                    "rule_group_reference_statement": [],
                    "size_constraint_statement": [],
                    "sqli_match_statement": [],
                    "xss_match_statement": []
                  }
                ],
                "visibility_config": [
                  {
                    "cloudwatch_metrics_enabled": true,
                    "metric_name": "sql-injection-protection-synth101912382",
                    "sampled_requests_enabled": true
                  }
                ]
              },
              {
                "action": [],
                "captcha_config": [],
                "challenge_config": [],
                "name": "xss-protection",
                "override_action": [
                  {
                    "count": [],
                    "none": [
                      {}
                    ]
                  }
                ],
                "priority": 2,
                "rule_label": [],
                "statement": [
                  {
                    "and_statement": [],
                    "asn_match_statement": [],
                    "byte_match_statement": [],
                    "geo_match_statement": [],
                    "ip_set_reference_statement": [],
                    "label_match_statement": [],
                    "managed_rule_group_statement": [
                      {
                        "managed_rule_group_configs": [],
                        "name": "AWSManagedRulesKnownBadInputsRuleSet",
                        "rule_action_override": [],
                        "scope_down_statement": [],
                        "vendor_name": "AWS",
                        "version": ""
                      }
                    ],
                    "not_statement": [],
                    "or_statement": [],
                    "rate_based_statement": [],
                    "regex_match_statement": [],
                    "regex_pattern_set_reference_statement": [],
                    "rule_group_reference_statement": [],
                    "size_constraint_statement": [],
                    "sqli_match_statement": [],
                    "xss_match_statement": []
                  }
                ],
                "visibility_config": [
                  {
                    "cloudwatch_metrics_enabled": true,
                    "metric_name": "xss-protection-synth101912382",
                    "sampled_requests_enabled": true
                  }
                ]
              }
            ],
            "rule_json": null,
            "scope": "REGIONAL",
            "tags": {
              "Name": "waf-acl-synth101912382"
            },
            "tags_all": {
              "Environment": "dev",
              "ManagedBy": "Terraform",
              "Name": "waf-acl-synth101912382",
              "Owner": "iac-qa-team",
              "Project": "trading-dashboard"
            },
            "token_domains": [],
            "visibility_config": [
              {
                "cloudwatch_metrics_enabled": true,
                "metric_name": "waf-acl-synth101912382",
                "sampled_requests_enabled": true
              }
            ]
          },
          "sensitive_attributes": [],
          "private": "bnVsbA=="
        }
      ]
    },
    {
      "mode": "managed",
      "type": "aws_wafv2_web_acl_association",
      "name": "main",
      "provider": "provider[\"registry.terraform.io/hashicorp/aws\"]",
      "instances": [
        {
          "schema_version": 0,
          "attributes": {
            "id": "arn:aws:wafv2:us-east-1:342597974367:regional/webacl/waf-acl-synth101912382/07628b16-abfc-438f-a156-c287f8ab4b8a,arn:aws:elasticloadbalancing:us-east-1:342597974367:loadbalancer/app/alb-synth101912382/c25762ccc3e5d128",
            "resource_arn": "arn:aws:elasticloadbalancing:us-east-1:342597974367:loadbalancer/app/alb-synth101912382/c25762ccc3e5d128",
            "timeouts": null,
            "web_acl_arn": "arn:aws:wafv2:us-east-1:342597974367:regional/webacl/waf-acl-synth101912382/07628b16-abfc-438f-a156-c287f8ab4b8a"
          },
          "sensitive_attributes": [],
          "private": "eyJlMmJmYjczMC1lY2FhLTExZTYtOGY4OC0zNDM2M2JjN2M0YzAiOnsiY3JlYXRlIjo2MDAwMDAwMDAwMDB9fQ==",
          "dependencies": [
            "aws_lb.main",
            "aws_security_group.alb",
            "aws_subnet.public",
            "aws_vpc.main",
            "aws_wafv2_web_acl.main",
            "data.aws_availability_zones.available"
          ]
        }
      ]
    },
    {
      "mode": "managed",
      "type": "random_password",
      "name": "db_password",
      "provider": "provider[\"registry.terraform.io/hashicorp/random\"]",
      "instances": [
        {
          "schema_version": 3,
          "attributes": {
            "bcrypt_hash": "$2a$10$c7/WW70hIKzsSdnZgSN0XuNkSovvXC8kqzEUmbh33bsL72LnsE0Cm",
            "id": "none",
            "keepers": null,
            "length": 32,
            "lower": true,
            "min_lower": 0,
            "min_numeric": 0,
            "min_special": 0,
            "min_upper": 0,
            "number": true,
            "numeric": true,
            "override_special": null,
            "result": "8sCpTvrj=xU9\u003c{BV1:k6+_JvV\u003es#\u0026DEF",
            "special": true,
            "upper": true
          },
          "sensitive_attributes": [
            [
              {
                "type": "get_attr",
                "value": "result"
              }
            ],
            [
              {
                "type": "get_attr",
                "value": "bcrypt_hash"
              }
            ]
          ]
        }
      ]
    }
  ],
  "check_results": null
}
